
Microsoft Visual Studio Solution File, Format Version 12.00
# Visual Studio Version 17
VisualStudioVersion = 17.0.31903.59
MinimumVisualStudioVersion = 10.0.40219.1
Project("{2150E333-8FDC-42A3-9474-1A3956D46DE8}") = "apis", "apis", "{EBCF4DA7-582F-4E87-82B3-4EA3F8927AB2}"
EndProject
Project("{FAE04EC0-301F-11D3-BF4B-00C04F79EFBC}") = "Booking.Api", "apis\Booking.Api\Booking.Api.csproj", "{83BA5D2E-DFDD-4906-AC28-9BE87972770F}"
EndProject
Project("{2150E333-8FDC-42A3-9474-1A3956D46DE8}") = "shared", "shared", "{0931F267-89A9-4102-B05F-478FB9C40052}"
EndProject
Project("{FAE04EC0-301F-11D3-BF4B-00C04F79EFBC}") = "Booking.Shared", "shared\Booking.Shared\Booking.Shared.csproj", "{99401C68-8262-4853-B1DB-0410D62F8349}"
EndProject
Project("{FAE04EC0-301F-11D3-BF4B-00C04F79EFBC}") = "Enterprise.Shared", "..\shared\Enterprise.Shared\Enterprise.Shared.csproj", "{B531DDD6-9B70-47A0-A85A-E6BCA78412E4}"
EndProject
Project("{FAE04EC0-301F-11D3-BF4B-00C04F79EFBC}") = "Api.Shared", "..\shared\Api.Shared\Api.Shared.csproj", "{23784FB6-0B13-4BC0-967A-A1F69F3CE77A}"
EndProject
Project("{FAE04EC0-301F-11D3-BF4B-00C04F79EFBC}") = "Api.Shared.Services", "..\shared\Api.Shared.Services\Api.Shared.Services.csproj", "{619A326F-6EF5-49FA-9FA5-156E49685AA7}"
EndProject
Project("{FAE04EC0-301F-11D3-BF4B-00C04F79EFBC}") = "Api.Shared.Clients", "..\shared\Api.Shared.Clients\Api.Shared.Clients.csproj", "{EACB442D-941C-4832-A032-335124FFEC19}"
EndProject
Global
	GlobalSection(SolutionConfigurationPlatforms) = preSolution
		Debug|Any CPU = Debug|Any CPU
		Release|Any CPU = Release|Any CPU
	EndGlobalSection
	GlobalSection(SolutionProperties) = preSolution
		HideSolutionNode = FALSE
	EndGlobalSection
	GlobalSection(ProjectConfigurationPlatforms) = postSolution
		{83BA5D2E-DFDD-4906-AC28-9BE87972770F}.Debug|Any CPU.ActiveCfg = Debug|Any CPU
		{83BA5D2E-DFDD-4906-AC28-9BE87972770F}.Debug|Any CPU.Build.0 = Debug|Any CPU
		{83BA5D2E-DFDD-4906-AC28-9BE87972770F}.Release|Any CPU.ActiveCfg = Release|Any CPU
		{83BA5D2E-DFDD-4906-AC28-9BE87972770F}.Release|Any CPU.Build.0 = Release|Any CPU
		{99401C68-8262-4853-B1DB-0410D62F8349}.Debug|Any CPU.ActiveCfg = Debug|Any CPU
		{99401C68-8262-4853-B1DB-0410D62F8349}.Debug|Any CPU.Build.0 = Debug|Any CPU
		{99401C68-8262-4853-B1DB-0410D62F8349}.Release|Any CPU.ActiveCfg = Release|Any CPU
		{99401C68-8262-4853-B1DB-0410D62F8349}.Release|Any CPU.Build.0 = Release|Any CPU
		{B531DDD6-9B70-47A0-A85A-E6BCA78412E4}.Debug|Any CPU.ActiveCfg = Debug|Any CPU
		{B531DDD6-9B70-47A0-A85A-E6BCA78412E4}.Debug|Any CPU.Build.0 = Debug|Any CPU
		{B531DDD6-9B70-47A0-A85A-E6BCA78412E4}.Release|Any CPU.ActiveCfg = Release|Any CPU
		{B531DDD6-9B70-47A0-A85A-E6BCA78412E4}.Release|Any CPU.Build.0 = Release|Any CPU
		{23784FB6-0B13-4BC0-967A-A1F69F3CE77A}.Debug|Any CPU.ActiveCfg = Debug|Any CPU
		{23784FB6-0B13-4BC0-967A-A1F69F3CE77A}.Debug|Any CPU.Build.0 = Debug|Any CPU
		{23784FB6-0B13-4BC0-967A-A1F69F3CE77A}.Release|Any CPU.ActiveCfg = Release|Any CPU
		{23784FB6-0B13-4BC0-967A-A1F69F3CE77A}.Release|Any CPU.Build.0 = Release|Any CPU
		{619A326F-6EF5-49FA-9FA5-156E49685AA7}.Debug|Any CPU.ActiveCfg = Debug|Any CPU
		{619A326F-6EF5-49FA-9FA5-156E49685AA7}.Debug|Any CPU.Build.0 = Debug|Any CPU
		{619A326F-6EF5-49FA-9FA5-156E49685AA7}.Release|Any CPU.ActiveCfg = Release|Any CPU
		{619A326F-6EF5-49FA-9FA5-156E49685AA7}.Release|Any CPU.Build.0 = Release|Any CPU
		{EACB442D-941C-4832-A032-335124FFEC19}.Debug|Any CPU.ActiveCfg = Debug|Any CPU
		{EACB442D-941C-4832-A032-335124FFEC19}.Debug|Any CPU.Build.0 = Debug|Any CPU
		{EACB442D-941C-4832-A032-335124FFEC19}.Release|Any CPU.ActiveCfg = Release|Any CPU
		{EACB442D-941C-4832-A032-335124FFEC19}.Release|Any CPU.Build.0 = Release|Any CPU
	EndGlobalSection
	GlobalSection(NestedProjects) = preSolution
		{83BA5D2E-DFDD-4906-AC28-9BE87972770F} = {EBCF4DA7-582F-4E87-82B3-4EA3F8927AB2}
		{99401C68-8262-4853-B1DB-0410D62F8349} = {0931F267-89A9-4102-B05F-478FB9C40052}
	EndGlobalSection
EndGlobal
