{
  "version": 4,
  "terraform_version": "1.14.8",
  "serial": 2212,
  "lineage": "fd0ad230-8329-c31e-12d6-896fb200c6aa",
  "outputs": {},
  "resources": [
    {
      "module": "module.common_resources_staging.module.aws_oneoff.module.terraform_state_backend_aws_oneoff",
      "mode": "data",
      "type": "aws_iam_policy_document",
      "name": "prevent_unencrypted_uploads",
      "provider": "provider[\"registry.terraform.io/hashicorp/aws\"]",
      "instances": [
        {
          "index_key": 0,
          "schema_version": 0,
          "attributes": {
            "id": "3806585079",
            "json": "{\n  \"Version\": \"2012-10-17\",\n  \"Statement\": [\n    {\n      \"Sid\": \"DenyIncorrectEncryptionHeader\",\n      \"Effect\": \"Deny\",\n      \"Action\": \"s3:PutObject\",\n      \"Resource\": \"arn:aws:s3:::unityhub-production-aws-oneoff-terraform-state/*\",\n      \"Principal\": {\n        \"AWS\": \"*\"\n      },\n      \"Condition\": {\n        \"StringNotEquals\": {\n          \"s3:x-amz-server-side-encryption\": [\n            \"AES256\",\n            \"aws:kms\"\n          ]\n        }\n      }\n    },\n    {\n      \"Sid\": \"DenyUnEncryptedObjectUploads\",\n      \"Effect\": \"Deny\",\n      \"Action\": \"s3:PutObject\",\n      \"Resource\": \"arn:aws:s3:::unityhub-production-aws-oneoff-terraform-state/*\",\n      \"Principal\": {\n        \"AWS\": \"*\"\n      },\n      \"Condition\": {\n        \"Null\": {\n          \"s3:x-amz-server-side-encryption\": \"true\"\n        }\n      }\n    },\n    {\n      \"Sid\": \"EnforceTlsRequestsOnly\",\n      \"Effect\": \"Deny\",\n      \"Action\": \"s3:*\",\n      \"Resource\": [\n        \"arn:aws:s3:::unityhub-production-aws-oneoff-terraform-state/*\",\n        \"arn:aws:s3:::unityhub-production-aws-oneoff-terraform-state\"\n      ],\n      \"Principal\": {\n        \"AWS\": \"*\"\n      },\n      \"Condition\": {\n        \"Bool\": {\n          \"aws:SecureTransport\": \"false\"\n        }\n      }\n    }\n  ]\n}",
            "minified_json": "{\"Version\":\"2012-10-17\",\"Statement\":[{\"Sid\":\"DenyIncorrectEncryptionHeader\",\"Effect\":\"Deny\",\"Action\":\"s3:PutObject\",\"Resource\":\"arn:aws:s3:::unityhub-production-aws-oneoff-terraform-state/*\",\"Principal\":{\"AWS\":\"*\"},\"Condition\":{\"StringNotEquals\":{\"s3:x-amz-server-side-encryption\":[\"AES256\",\"aws:kms\"]}}},{\"Sid\":\"DenyUnEncryptedObjectUploads\",\"Effect\":\"Deny\",\"Action\":\"s3:PutObject\",\"Resource\":\"arn:aws:s3:::unityhub-production-aws-oneoff-terraform-state/*\",\"Principal\":{\"AWS\":\"*\"},\"Condition\":{\"Null\":{\"s3:x-amz-server-side-encryption\":\"true\"}}},{\"Sid\":\"EnforceTlsRequestsOnly\",\"Effect\":\"Deny\",\"Action\":\"s3:*\",\"Resource\":[\"arn:aws:s3:::unityhub-production-aws-oneoff-terraform-state/*\",\"arn:aws:s3:::unityhub-production-aws-oneoff-terraform-state\"],\"Principal\":{\"AWS\":\"*\"},\"Condition\":{\"Bool\":{\"aws:SecureTransport\":\"false\"}}}]}",
            "override_json": null,
            "override_policy_documents": null,
            "policy_id": null,
            "source_json": null,
            "source_policy_documents": null,
            "statement": [
              {
                "actions": [
                  "s3:PutObject"
                ],
                "condition": [
                  {
                    "test": "StringNotEquals",
                    "values": [
                      "AES256",
                      "aws:kms"
                    ],
                    "variable": "s3:x-amz-server-side-encryption"
                  }
                ],
                "effect": "Deny",
                "not_actions": [],
                "not_principals": [],
                "not_resources": [],
                "principals": [
                  {
                    "identifiers": [
                      "*"
                    ],
                    "type": "AWS"
                  }
                ],
                "resources": [
                  "arn:aws:s3:::unityhub-production-aws-oneoff-terraform-state/*"
                ],
                "sid": "DenyIncorrectEncryptionHeader"
              },
              {
                "actions": [
                  "s3:PutObject"
                ],
                "condition": [
                  {
                    "test": "Null",
                    "values": [
                      "true"
                    ],
                    "variable": "s3:x-amz-server-side-encryption"
                  }
                ],
                "effect": "Deny",
                "not_actions": [],
                "not_principals": [],
                "not_resources": [],
                "principals": [
                  {
                    "identifiers": [
                      "*"
                    ],
                    "type": "AWS"
                  }
                ],
                "resources": [
                  "arn:aws:s3:::unityhub-production-aws-oneoff-terraform-state/*"
                ],
                "sid": "DenyUnEncryptedObjectUploads"
              },
              {
                "actions": [
                  "s3:*"
                ],
                "condition": [
                  {
                    "test": "Bool",
                    "values": [
                      "false"
                    ],
                    "variable": "aws:SecureTransport"
                  }
                ],
                "effect": "Deny",
                "not_actions": [],
                "not_principals": [],
                "not_resources": [],
                "principals": [
                  {
                    "identifiers": [
                      "*"
                    ],
                    "type": "AWS"
                  }
                ],
                "resources": [
                  "arn:aws:s3:::unityhub-production-aws-oneoff-terraform-state",
                  "arn:aws:s3:::unityhub-production-aws-oneoff-terraform-state/*"
                ],
                "sid": "EnforceTlsRequestsOnly"
              }
            ],
            "version": "2012-10-17"
          },
          "sensitive_attributes": [],
          "identity_schema_version": 0
        }
      ]
    },
    {
      "module": "module.common_resources_staging.module.aws_oneoff.module.terraform_state_backend_aws_oneoff",
      "mode": "data",
      "type": "aws_region",
      "name": "current",
      "provider": "provider[\"registry.terraform.io/hashicorp/aws\"]",
      "instances": [
        {
          "schema_version": 0,
          "attributes": {
            "description": "US East (N. Virginia)",
            "endpoint": "ec2.us-east-1.amazonaws.com",
            "id": "us-east-1",
            "name": "us-east-1"
          },
          "sensitive_attributes": [],
          "identity_schema_version": 0
        }
      ]
    },
    {
      "module": "module.common_resources_staging.module.aws_oneoff.module.terraform_state_backend_aws_oneoff",
      "mode": "managed",
      "type": "aws_dynamodb_table",
      "name": "with_server_side_encryption",
      "provider": "provider[\"registry.terraform.io/hashicorp/aws\"]",
      "instances": [
        {
          "index_key": 0,
          "schema_version": 1,
          "attributes": {
            "arn": "arn:aws:dynamodb:us-east-1:514472330244:table/unityhub-production-aws-oneoff-terraform-state-lock",
            "attribute": [
              {
                "name": "LockID",
                "type": "S"
              }
            ],
            "billing_mode": "PAY_PER_REQUEST",
            "deletion_protection_enabled": false,
            "global_secondary_index": [],
            "hash_key": "LockID",
            "id": "unityhub-production-aws-oneoff-terraform-state-lock",
            "import_table": [],
            "local_secondary_index": [],
            "name": "unityhub-production-aws-oneoff-terraform-state-lock",
            "on_demand_throughput": [],
            "point_in_time_recovery": [
              {
                "enabled": true,
                "recovery_period_in_days": 35
              }
            ],
            "range_key": null,
            "read_capacity": 0,
            "replica": [],
            "restore_date_time": null,
            "restore_source_name": null,
            "restore_source_table_arn": null,
            "restore_to_latest_time": null,
            "server_side_encryption": [
              {
                "enabled": true,
                "kms_key_arn": ""
              }
            ],
            "stream_arn": "",
            "stream_enabled": false,
            "stream_label": "",
            "stream_view_type": "",
            "table_class": "STANDARD",
            "tags": {
              "Attributes": "terraform-state-lock",
              "Name": "unityhub-production-aws-oneoff-terraform-state-lock",
              "Namespace": "unityhub",
              "Stage": "production"
            },
            "tags_all": {
              "Attributes": "terraform-state-lock",
              "Name": "unityhub-production-aws-oneoff-terraform-state-lock",
              "Namespace": "unityhub",
              "Stage": "production"
            },
            "timeouts": null,
            "ttl": [
              {
                "attribute_name": "",
                "enabled": false
              }
            ],
            "write_capacity": 0
          },
          "sensitive_attributes": [],
          "identity_schema_version": 0,
          "private": "eyJlMmJmYjczMC1lY2FhLTExZTYtOGY4OC0zNDM2M2JjN2M0YzAiOnsiY3JlYXRlIjoxODAwMDAwMDAwMDAwLCJkZWxldGUiOjYwMDAwMDAwMDAwMCwidXBkYXRlIjozNjAwMDAwMDAwMDAwfSwic2NoZW1hX3ZlcnNpb24iOiIxIn0="
        }
      ]
    },
    {
      "module": "module.common_resources_staging.module.aws_oneoff.module.terraform_state_backend_aws_oneoff",
      "mode": "managed",
      "type": "aws_s3_bucket",
      "name": "default",
      "provider": "provider[\"registry.terraform.io/hashicorp/aws\"]",
      "instances": [
        {
          "index_key": 0,
          "schema_version": 0,
          "attributes": {
            "acceleration_status": "",
            "acl": null,
            "arn": "arn:aws:s3:::unityhub-production-aws-oneoff-terraform-state",
            "bucket": "unityhub-production-aws-oneoff-terraform-state",
            "bucket_domain_name": "unityhub-production-aws-oneoff-terraform-state.s3.amazonaws.com",
            "bucket_prefix": "",
            "bucket_regional_domain_name": "unityhub-production-aws-oneoff-terraform-state.s3.us-east-1.amazonaws.com",
            "cors_rule": [],
            "force_destroy": true,
            "grant": [
              {
                "id": "bea86176a486e69a83b4227063efa3be9eb4b243551739d81a6a4b41ec8b3461",
                "permissions": [
                  "FULL_CONTROL"
                ],
                "type": "CanonicalUser",
                "uri": ""
              }
            ],
            "hosted_zone_id": "Z3AQBSTGFYJSTF",
            "id": "unityhub-production-aws-oneoff-terraform-state",
            "lifecycle_rule": [],
            "logging": [],
            "object_lock_configuration": [],
            "object_lock_enabled": false,
            "policy": "{\"Statement\":[{\"Action\":\"s3:PutObject\",\"Condition\":{\"StringNotEquals\":{\"s3:x-amz-server-side-encryption\":[\"AES256\",\"aws:kms\"]}},\"Effect\":\"Deny\",\"Principal\":{\"AWS\":\"*\"},\"Resource\":\"arn:aws:s3:::unityhub-production-aws-oneoff-terraform-state/*\",\"Sid\":\"DenyIncorrectEncryptionHeader\"},{\"Action\":\"s3:PutObject\",\"Condition\":{\"Null\":{\"s3:x-amz-server-side-encryption\":\"true\"}},\"Effect\":\"Deny\",\"Principal\":{\"AWS\":\"*\"},\"Resource\":\"arn:aws:s3:::unityhub-production-aws-oneoff-terraform-state/*\",\"Sid\":\"DenyUnEncryptedObjectUploads\"},{\"Action\":\"s3:*\",\"Condition\":{\"Bool\":{\"aws:SecureTransport\":\"false\"}},\"Effect\":\"Deny\",\"Principal\":{\"AWS\":\"*\"},\"Resource\":[\"arn:aws:s3:::unityhub-production-aws-oneoff-terraform-state/*\",\"arn:aws:s3:::unityhub-production-aws-oneoff-terraform-state\"],\"Sid\":\"EnforceTlsRequestsOnly\"}],\"Version\":\"2012-10-17\"}",
            "region": "us-east-1",
            "replication_configuration": [],
            "request_payer": "BucketOwner",
            "server_side_encryption_configuration": [
              {
                "rule": [
                  {
                    "apply_server_side_encryption_by_default": [
                      {
                        "kms_master_key_id": "",
                        "sse_algorithm": "AES256"
                      }
                    ],
                    "bucket_key_enabled": false
                  }
                ]
              }
            ],
            "tags": {
              "Attributes": "terraform-state",
              "Name": "unityhub-production-aws-oneoff-terraform-state",
              "Namespace": "unityhub",
              "Stage": "production"
            },
            "tags_all": {
              "Attributes": "terraform-state",
              "Name": "unityhub-production-aws-oneoff-terraform-state",
              "Namespace": "unityhub",
              "Stage": "production"
            },
            "timeouts": null,
            "versioning": [
              {
                "enabled": true,
                "mfa_delete": false
              }
            ],
            "website": [],
            "website_domain": null,
            "website_endpoint": null
          },
          "sensitive_attributes": [],
          "identity_schema_version": 0,
          "private": "eyJlMmJmYjczMC1lY2FhLTExZTYtOGY4OC0zNDM2M2JjN2M0YzAiOnsiY3JlYXRlIjoxMjAwMDAwMDAwMDAwLCJkZWxldGUiOjM2MDAwMDAwMDAwMDAsInJlYWQiOjEyMDAwMDAwMDAwMDAsInVwZGF0ZSI6MTIwMDAwMDAwMDAwMH19"
        }
      ]
    },
    {
      "module": "module.common_resources_staging.module.aws_oneoff.module.terraform_state_backend_aws_oneoff",
      "mode": "managed",
      "type": "aws_s3_bucket_ownership_controls",
      "name": "default",
      "provider": "provider[\"registry.terraform.io/hashicorp/aws\"]",
      "instances": [
        {
          "index_key": 0,
          "schema_version": 0,
          "attributes": {
            "bucket": "unityhub-production-aws-oneoff-terraform-state",
            "id": "unityhub-production-aws-oneoff-terraform-state",
            "rule": [
              {
                "object_ownership": "BucketOwnerEnforced"
              }
            ]
          },
          "sensitive_attributes": [],
          "identity_schema_version": 0,
          "private": "bnVsbA==",
          "dependencies": [
            "module.common_resources_staging.module.aws_oneoff.module.terraform_state_backend_aws_oneoff.aws_s3_bucket.default"
          ]
        }
      ]
    },
    {
      "module": "module.common_resources_staging.module.aws_oneoff.module.terraform_state_backend_aws_oneoff",
      "mode": "managed",
      "type": "aws_s3_bucket_policy",
      "name": "default",
      "provider": "provider[\"registry.terraform.io/hashicorp/aws\"]",
      "instances": [
        {
          "index_key": 0,
          "schema_version": 0,
          "attributes": {
            "bucket": "unityhub-production-aws-oneoff-terraform-state",
            "id": "unityhub-production-aws-oneoff-terraform-state",
            "policy": "{\"Statement\":[{\"Action\":\"s3:PutObject\",\"Condition\":{\"StringNotEquals\":{\"s3:x-amz-server-side-encryption\":[\"AES256\",\"aws:kms\"]}},\"Effect\":\"Deny\",\"Principal\":{\"AWS\":\"*\"},\"Resource\":\"arn:aws:s3:::unityhub-production-aws-oneoff-terraform-state/*\",\"Sid\":\"DenyIncorrectEncryptionHeader\"},{\"Action\":\"s3:PutObject\",\"Condition\":{\"Null\":{\"s3:x-amz-server-side-encryption\":\"true\"}},\"Effect\":\"Deny\",\"Principal\":{\"AWS\":\"*\"},\"Resource\":\"arn:aws:s3:::unityhub-production-aws-oneoff-terraform-state/*\",\"Sid\":\"DenyUnEncryptedObjectUploads\"},{\"Action\":\"s3:*\",\"Condition\":{\"Bool\":{\"aws:SecureTransport\":\"false\"}},\"Effect\":\"Deny\",\"Principal\":{\"AWS\":\"*\"},\"Resource\":[\"arn:aws:s3:::unityhub-production-aws-oneoff-terraform-state/*\",\"arn:aws:s3:::unityhub-production-aws-oneoff-terraform-state\"],\"Sid\":\"EnforceTlsRequestsOnly\"}],\"Version\":\"2012-10-17\"}"
          },
          "sensitive_attributes": [],
          "identity_schema_version": 0,
          "private": "bnVsbA==",
          "dependencies": [
            "module.common_resources_staging.module.aws_oneoff.module.terraform_state_backend_aws_oneoff.aws_s3_bucket.default",
            "module.common_resources_staging.module.aws_oneoff.module.terraform_state_backend_aws_oneoff.data.aws_iam_policy_document.prevent_unencrypted_uploads"
          ]
        }
      ]
    },
    {
      "module": "module.common_resources_staging.module.aws_oneoff.module.terraform_state_backend_aws_oneoff",
      "mode": "managed",
      "type": "aws_s3_bucket_public_access_block",
      "name": "default",
      "provider": "provider[\"registry.terraform.io/hashicorp/aws\"]",
      "instances": [
        {
          "index_key": 0,
          "schema_version": 0,
          "attributes": {
            "block_public_acls": true,
            "block_public_policy": true,
            "bucket": "unityhub-production-aws-oneoff-terraform-state",
            "id": "unityhub-production-aws-oneoff-terraform-state",
            "ignore_public_acls": true,
            "restrict_public_buckets": true
          },
          "sensitive_attributes": [],
          "identity_schema_version": 0,
          "private": "bnVsbA==",
          "dependencies": [
            "module.common_resources_staging.module.aws_oneoff.module.terraform_state_backend_aws_oneoff.aws_s3_bucket.default"
          ]
        }
      ]
    },
    {
      "module": "module.common_resources_staging.module.aws_oneoff.module.terraform_state_backend_aws_oneoff",
      "mode": "managed",
      "type": "aws_s3_bucket_server_side_encryption_configuration",
      "name": "default",
      "provider": "provider[\"registry.terraform.io/hashicorp/aws\"]",
      "instances": [
        {
          "index_key": 0,
          "schema_version": 0,
          "attributes": {
            "bucket": "unityhub-production-aws-oneoff-terraform-state",
            "expected_bucket_owner": "",
            "id": "unityhub-production-aws-oneoff-terraform-state",
            "rule": [
              {
                "apply_server_side_encryption_by_default": [
                  {
                    "kms_master_key_id": "",
                    "sse_algorithm": "AES256"
                  }
                ],
                "bucket_key_enabled": false
              }
            ]
          },
          "sensitive_attributes": [],
          "identity_schema_version": 0,
          "private": "bnVsbA==",
          "dependencies": [
            "module.common_resources_staging.module.aws_oneoff.module.terraform_state_backend_aws_oneoff.aws_s3_bucket.default"
          ]
        }
      ]
    },
    {
      "module": "module.common_resources_staging.module.aws_oneoff.module.terraform_state_backend_aws_oneoff",
      "mode": "managed",
      "type": "aws_s3_bucket_versioning",
      "name": "default",
      "provider": "provider[\"registry.terraform.io/hashicorp/aws\"]",
      "instances": [
        {
          "index_key": 0,
          "schema_version": 0,
          "attributes": {
            "bucket": "unityhub-production-aws-oneoff-terraform-state",
            "expected_bucket_owner": "",
            "id": "unityhub-production-aws-oneoff-terraform-state",
            "mfa": null,
            "versioning_configuration": [
              {
                "mfa_delete": "Disabled",
                "status": "Enabled"
              }
            ]
          },
          "sensitive_attributes": [],
          "identity_schema_version": 0,
          "private": "bnVsbA==",
          "dependencies": [
            "module.common_resources_staging.module.aws_oneoff.module.terraform_state_backend_aws_oneoff.aws_s3_bucket.default"
          ]
        }
      ]
    },
    {
      "module": "module.common_resources_staging.module.aws_oneoff.module.terraform_state_backend_aws_oneoff",
      "mode": "managed",
      "type": "local_file",
      "name": "terraform_backend_config",
      "provider": "provider[\"registry.terraform.io/hashicorp/local\"]",
      "instances": [
        {
          "index_key": 0,
          "schema_version": 0,
          "attributes": {
            "content": "terraform {\n  required_version = \"\u003e= 1.0.0\"\n\n  backend \"s3\" {\n    region         = \"us-east-1\"\n    bucket         = \"unityhub-production-aws-oneoff-terraform-state\"\n    key            = \"terraform.tfstate\"\n    dynamodb_table = \"unityhub-production-aws-oneoff-terraform-state-lock\"\n    profile        = \"\"\n    role_arn       = \"\"\n    encrypt        = \"true\"\n  }\n}\n",
            "content_base64": null,
            "content_base64sha256": "vHZwAtRMj1+nYIQJZBtFjTyy0HpH4nXLnR2PKNcwj5o=",
            "content_base64sha512": "A2st93bT4Fg0sr7DsDBowEYs2AGE4ZdWt+ez9PW/SRFlamJ79q7n1E+vMI9IRr/OwiCKTIrIqHYN655TR/DYgA==",
            "content_md5": "6cfecaf2442ef77ddae4e91fabb49b6b",
            "content_sha1": "f6eb17de861c6f3353d61fd9266f65c7c5aca89d",
            "content_sha256": "bc767002d44c8f5fa7608409641b458d3cb2d07a47e275cb9d1d8f28d7308f9a",
            "content_sha512": "036b2df776d3e05834b2bec3b03068c0462cd80184e19756b7e7b3f4f5bf4911656a627bf6aee7d44faf308f4846bfcec2208a4c8ac8a8760deb9e5347f0d880",
            "directory_permission": "0777",
            "file_permission": "0644",
            "filename": "./backend/backend_aws_oneoff.tf",
            "id": "f6eb17de861c6f3353d61fd9266f65c7c5aca89d",
            "sensitive_content": null,
            "source": null
          },
          "sensitive_attributes": [
            [
              {
                "type": "get_attr",
                "value": "sensitive_content"
              }
            ]
          ],
          "identity_schema_version": 0,
          "dependencies": [
            "module.common_resources_staging.module.aws_oneoff.module.terraform_state_backend_aws_oneoff.aws_dynamodb_table.with_server_side_encryption",
            "module.common_resources_staging.module.aws_oneoff.module.terraform_state_backend_aws_oneoff.aws_s3_bucket.default",
            "module.common_resources_staging.module.aws_oneoff.module.terraform_state_backend_aws_oneoff.data.aws_region.current"
          ]
        }
      ]
    },
    {
      "module": "module.common_resources_staging.module.azure_oneoff.module.terraform_state_backend_azure_oneoff",
      "mode": "data",
      "type": "aws_iam_policy_document",
      "name": "prevent_unencrypted_uploads",
      "provider": "provider[\"registry.terraform.io/hashicorp/aws\"]",
      "instances": [
        {
          "index_key": 0,
          "schema_version": 0,
          "attributes": {
            "id": "553286163",
            "json": "{\n  \"Version\": \"2012-10-17\",\n  \"Statement\": [\n    {\n      \"Sid\": \"DenyIncorrectEncryptionHeader\",\n      \"Effect\": \"Deny\",\n      \"Action\": \"s3:PutObject\",\n      \"Resource\": \"arn:aws:s3:::unityhub-production-azure-oneoff-terraform-state/*\",\n      \"Principal\": {\n        \"AWS\": \"*\"\n      },\n      \"Condition\": {\n        \"StringNotEquals\": {\n          \"s3:x-amz-server-side-encryption\": [\n            \"AES256\",\n            \"aws:kms\"\n          ]\n        }\n      }\n    },\n    {\n      \"Sid\": \"DenyUnEncryptedObjectUploads\",\n      \"Effect\": \"Deny\",\n      \"Action\": \"s3:PutObject\",\n      \"Resource\": \"arn:aws:s3:::unityhub-production-azure-oneoff-terraform-state/*\",\n      \"Principal\": {\n        \"AWS\": \"*\"\n      },\n      \"Condition\": {\n        \"Null\": {\n          \"s3:x-amz-server-side-encryption\": \"true\"\n        }\n      }\n    },\n    {\n      \"Sid\": \"EnforceTlsRequestsOnly\",\n      \"Effect\": \"Deny\",\n      \"Action\": \"s3:*\",\n      \"Resource\": [\n        \"arn:aws:s3:::unityhub-production-azure-oneoff-terraform-state/*\",\n        \"arn:aws:s3:::unityhub-production-azure-oneoff-terraform-state\"\n      ],\n      \"Principal\": {\n        \"AWS\": \"*\"\n      },\n      \"Condition\": {\n        \"Bool\": {\n          \"aws:SecureTransport\": \"false\"\n        }\n      }\n    }\n  ]\n}",
            "minified_json": "{\"Version\":\"2012-10-17\",\"Statement\":[{\"Sid\":\"DenyIncorrectEncryptionHeader\",\"Effect\":\"Deny\",\"Action\":\"s3:PutObject\",\"Resource\":\"arn:aws:s3:::unityhub-production-azure-oneoff-terraform-state/*\",\"Principal\":{\"AWS\":\"*\"},\"Condition\":{\"StringNotEquals\":{\"s3:x-amz-server-side-encryption\":[\"AES256\",\"aws:kms\"]}}},{\"Sid\":\"DenyUnEncryptedObjectUploads\",\"Effect\":\"Deny\",\"Action\":\"s3:PutObject\",\"Resource\":\"arn:aws:s3:::unityhub-production-azure-oneoff-terraform-state/*\",\"Principal\":{\"AWS\":\"*\"},\"Condition\":{\"Null\":{\"s3:x-amz-server-side-encryption\":\"true\"}}},{\"Sid\":\"EnforceTlsRequestsOnly\",\"Effect\":\"Deny\",\"Action\":\"s3:*\",\"Resource\":[\"arn:aws:s3:::unityhub-production-azure-oneoff-terraform-state/*\",\"arn:aws:s3:::unityhub-production-azure-oneoff-terraform-state\"],\"Principal\":{\"AWS\":\"*\"},\"Condition\":{\"Bool\":{\"aws:SecureTransport\":\"false\"}}}]}",
            "override_json": null,
            "override_policy_documents": null,
            "policy_id": null,
            "source_json": null,
            "source_policy_documents": null,
            "statement": [
              {
                "actions": [
                  "s3:PutObject"
                ],
                "condition": [
                  {
                    "test": "StringNotEquals",
                    "values": [
                      "AES256",
                      "aws:kms"
                    ],
                    "variable": "s3:x-amz-server-side-encryption"
                  }
                ],
                "effect": "Deny",
                "not_actions": [],
                "not_principals": [],
                "not_resources": [],
                "principals": [
                  {
                    "identifiers": [
                      "*"
                    ],
                    "type": "AWS"
                  }
                ],
                "resources": [
                  "arn:aws:s3:::unityhub-production-azure-oneoff-terraform-state/*"
                ],
                "sid": "DenyIncorrectEncryptionHeader"
              },
              {
                "actions": [
                  "s3:PutObject"
                ],
                "condition": [
                  {
                    "test": "Null",
                    "values": [
                      "true"
                    ],
                    "variable": "s3:x-amz-server-side-encryption"
                  }
                ],
                "effect": "Deny",
                "not_actions": [],
                "not_principals": [],
                "not_resources": [],
                "principals": [
                  {
                    "identifiers": [
                      "*"
                    ],
                    "type": "AWS"
                  }
                ],
                "resources": [
                  "arn:aws:s3:::unityhub-production-azure-oneoff-terraform-state/*"
                ],
                "sid": "DenyUnEncryptedObjectUploads"
              },
              {
                "actions": [
                  "s3:*"
                ],
                "condition": [
                  {
                    "test": "Bool",
                    "values": [
                      "false"
                    ],
                    "variable": "aws:SecureTransport"
                  }
                ],
                "effect": "Deny",
                "not_actions": [],
                "not_principals": [],
                "not_resources": [],
                "principals": [
                  {
                    "identifiers": [
                      "*"
                    ],
                    "type": "AWS"
                  }
                ],
                "resources": [
                  "arn:aws:s3:::unityhub-production-azure-oneoff-terraform-state",
                  "arn:aws:s3:::unityhub-production-azure-oneoff-terraform-state/*"
                ],
                "sid": "EnforceTlsRequestsOnly"
              }
            ],
            "version": "2012-10-17"
          },
          "sensitive_attributes": [],
          "identity_schema_version": 0
        }
      ]
    },
    {
      "module": "module.common_resources_staging.module.azure_oneoff.module.terraform_state_backend_azure_oneoff",
      "mode": "data",
      "type": "aws_region",
      "name": "current",
      "provider": "provider[\"registry.terraform.io/hashicorp/aws\"]",
      "instances": [
        {
          "schema_version": 0,
          "attributes": {
            "description": "US East (N. Virginia)",
            "endpoint": "ec2.us-east-1.amazonaws.com",
            "id": "us-east-1",
            "name": "us-east-1"
          },
          "sensitive_attributes": [],
          "identity_schema_version": 0
        }
      ]
    },
    {
      "module": "module.common_resources_staging.module.azure_oneoff.module.terraform_state_backend_azure_oneoff",
      "mode": "managed",
      "type": "aws_dynamodb_table",
      "name": "with_server_side_encryption",
      "provider": "provider[\"registry.terraform.io/hashicorp/aws\"]",
      "instances": [
        {
          "index_key": 0,
          "schema_version": 1,
          "attributes": {
            "arn": "arn:aws:dynamodb:us-east-1:514472330244:table/unityhub-production-azure-oneoff-terraform-state-lock",
            "attribute": [
              {
                "name": "LockID",
                "type": "S"
              }
            ],
            "billing_mode": "PAY_PER_REQUEST",
            "deletion_protection_enabled": false,
            "global_secondary_index": [],
            "hash_key": "LockID",
            "id": "unityhub-production-azure-oneoff-terraform-state-lock",
            "import_table": [],
            "local_secondary_index": [],
            "name": "unityhub-production-azure-oneoff-terraform-state-lock",
            "on_demand_throughput": [],
            "point_in_time_recovery": [
              {
                "enabled": true,
                "recovery_period_in_days": 35
              }
            ],
            "range_key": null,
            "read_capacity": 0,
            "replica": [],
            "restore_date_time": null,
            "restore_source_name": null,
            "restore_source_table_arn": null,
            "restore_to_latest_time": null,
            "server_side_encryption": [
              {
                "enabled": true,
                "kms_key_arn": ""
              }
            ],
            "stream_arn": "",
            "stream_enabled": false,
            "stream_label": "",
            "stream_view_type": "",
            "table_class": "STANDARD",
            "tags": {
              "Attributes": "terraform-state-lock",
              "Name": "unityhub-production-azure-oneoff-terraform-state-lock",
              "Namespace": "unityhub",
              "Stage": "production"
            },
            "tags_all": {
              "Attributes": "terraform-state-lock",
              "Name": "unityhub-production-azure-oneoff-terraform-state-lock",
              "Namespace": "unityhub",
              "Stage": "production"
            },
            "timeouts": null,
            "ttl": [
              {
                "attribute_name": "",
                "enabled": false
              }
            ],
            "write_capacity": 0
          },
          "sensitive_attributes": [],
          "identity_schema_version": 0,
          "private": "eyJlMmJmYjczMC1lY2FhLTExZTYtOGY4OC0zNDM2M2JjN2M0YzAiOnsiY3JlYXRlIjoxODAwMDAwMDAwMDAwLCJkZWxldGUiOjYwMDAwMDAwMDAwMCwidXBkYXRlIjozNjAwMDAwMDAwMDAwfSwic2NoZW1hX3ZlcnNpb24iOiIxIn0="
        }
      ]
    },
    {
      "module": "module.common_resources_staging.module.azure_oneoff.module.terraform_state_backend_azure_oneoff",
      "mode": "managed",
      "type": "aws_s3_bucket",
      "name": "default",
      "provider": "provider[\"registry.terraform.io/hashicorp/aws\"]",
      "instances": [
        {
          "index_key": 0,
          "schema_version": 0,
          "attributes": {
            "acceleration_status": "",
            "acl": null,
            "arn": "arn:aws:s3:::unityhub-production-azure-oneoff-terraform-state",
            "bucket": "unityhub-production-azure-oneoff-terraform-state",
            "bucket_domain_name": "unityhub-production-azure-oneoff-terraform-state.s3.amazonaws.com",
            "bucket_prefix": "",
            "bucket_regional_domain_name": "unityhub-production-azure-oneoff-terraform-state.s3.us-east-1.amazonaws.com",
            "cors_rule": [],
            "force_destroy": true,
            "grant": [
              {
                "id": "bea86176a486e69a83b4227063efa3be9eb4b243551739d81a6a4b41ec8b3461",
                "permissions": [
                  "FULL_CONTROL"
                ],
                "type": "CanonicalUser",
                "uri": ""
              }
            ],
            "hosted_zone_id": "Z3AQBSTGFYJSTF",
            "id": "unityhub-production-azure-oneoff-terraform-state",
            "lifecycle_rule": [],
            "logging": [],
            "object_lock_configuration": [],
            "object_lock_enabled": false,
            "policy": "{\"Statement\":[{\"Action\":\"s3:PutObject\",\"Condition\":{\"StringNotEquals\":{\"s3:x-amz-server-side-encryption\":[\"AES256\",\"aws:kms\"]}},\"Effect\":\"Deny\",\"Principal\":{\"AWS\":\"*\"},\"Resource\":\"arn:aws:s3:::unityhub-production-azure-oneoff-terraform-state/*\",\"Sid\":\"DenyIncorrectEncryptionHeader\"},{\"Action\":\"s3:PutObject\",\"Condition\":{\"Null\":{\"s3:x-amz-server-side-encryption\":\"true\"}},\"Effect\":\"Deny\",\"Principal\":{\"AWS\":\"*\"},\"Resource\":\"arn:aws:s3:::unityhub-production-azure-oneoff-terraform-state/*\",\"Sid\":\"DenyUnEncryptedObjectUploads\"},{\"Action\":\"s3:*\",\"Condition\":{\"Bool\":{\"aws:SecureTransport\":\"false\"}},\"Effect\":\"Deny\",\"Principal\":{\"AWS\":\"*\"},\"Resource\":[\"arn:aws:s3:::unityhub-production-azure-oneoff-terraform-state/*\",\"arn:aws:s3:::unityhub-production-azure-oneoff-terraform-state\"],\"Sid\":\"EnforceTlsRequestsOnly\"}],\"Version\":\"2012-10-17\"}",
            "region": "us-east-1",
            "replication_configuration": [],
            "request_payer": "BucketOwner",
            "server_side_encryption_configuration": [
              {
                "rule": [
                  {
                    "apply_server_side_encryption_by_default": [
                      {
                        "kms_master_key_id": "",
                        "sse_algorithm": "AES256"
                      }
                    ],
                    "bucket_key_enabled": false
                  }
                ]
              }
            ],
            "tags": {
              "Attributes": "terraform-state",
              "Name": "unityhub-production-azure-oneoff-terraform-state",
              "Namespace": "unityhub",
              "Stage": "production"
            },
            "tags_all": {
              "Attributes": "terraform-state",
              "Name": "unityhub-production-azure-oneoff-terraform-state",
              "Namespace": "unityhub",
              "Stage": "production"
            },
            "timeouts": null,
            "versioning": [
              {
                "enabled": true,
                "mfa_delete": false
              }
            ],
            "website": [],
            "website_domain": null,
            "website_endpoint": null
          },
          "sensitive_attributes": [],
          "identity_schema_version": 0,
          "private": "eyJlMmJmYjczMC1lY2FhLTExZTYtOGY4OC0zNDM2M2JjN2M0YzAiOnsiY3JlYXRlIjoxMjAwMDAwMDAwMDAwLCJkZWxldGUiOjM2MDAwMDAwMDAwMDAsInJlYWQiOjEyMDAwMDAwMDAwMDAsInVwZGF0ZSI6MTIwMDAwMDAwMDAwMH19"
        }
      ]
    },
    {
      "module": "module.common_resources_staging.module.azure_oneoff.module.terraform_state_backend_azure_oneoff",
      "mode": "managed",
      "type": "aws_s3_bucket_ownership_controls",
      "name": "default",
      "provider": "provider[\"registry.terraform.io/hashicorp/aws\"]",
      "instances": [
        {
          "index_key": 0,
          "schema_version": 0,
          "attributes": {
            "bucket": "unityhub-production-azure-oneoff-terraform-state",
            "id": "unityhub-production-azure-oneoff-terraform-state",
            "rule": [
              {
                "object_ownership": "BucketOwnerEnforced"
              }
            ]
          },
          "sensitive_attributes": [],
          "identity_schema_version": 0,
          "private": "bnVsbA==",
          "dependencies": [
            "module.common_resources_staging.module.azure_oneoff.module.terraform_state_backend_azure_oneoff.aws_s3_bucket.default"
          ]
        }
      ]
    },
    {
      "module": "module.common_resources_staging.module.azure_oneoff.module.terraform_state_backend_azure_oneoff",
      "mode": "managed",
      "type": "aws_s3_bucket_policy",
      "name": "default",
      "provider": "provider[\"registry.terraform.io/hashicorp/aws\"]",
      "instances": [
        {
          "index_key": 0,
          "schema_version": 0,
          "attributes": {
            "bucket": "unityhub-production-azure-oneoff-terraform-state",
            "id": "unityhub-production-azure-oneoff-terraform-state",
            "policy": "{\"Statement\":[{\"Action\":\"s3:PutObject\",\"Condition\":{\"StringNotEquals\":{\"s3:x-amz-server-side-encryption\":[\"AES256\",\"aws:kms\"]}},\"Effect\":\"Deny\",\"Principal\":{\"AWS\":\"*\"},\"Resource\":\"arn:aws:s3:::unityhub-production-azure-oneoff-terraform-state/*\",\"Sid\":\"DenyIncorrectEncryptionHeader\"},{\"Action\":\"s3:PutObject\",\"Condition\":{\"Null\":{\"s3:x-amz-server-side-encryption\":\"true\"}},\"Effect\":\"Deny\",\"Principal\":{\"AWS\":\"*\"},\"Resource\":\"arn:aws:s3:::unityhub-production-azure-oneoff-terraform-state/*\",\"Sid\":\"DenyUnEncryptedObjectUploads\"},{\"Action\":\"s3:*\",\"Condition\":{\"Bool\":{\"aws:SecureTransport\":\"false\"}},\"Effect\":\"Deny\",\"Principal\":{\"AWS\":\"*\"},\"Resource\":[\"arn:aws:s3:::unityhub-production-azure-oneoff-terraform-state/*\",\"arn:aws:s3:::unityhub-production-azure-oneoff-terraform-state\"],\"Sid\":\"EnforceTlsRequestsOnly\"}],\"Version\":\"2012-10-17\"}"
          },
          "sensitive_attributes": [],
          "identity_schema_version": 0,
          "private": "bnVsbA==",
          "dependencies": [
            "module.common_resources_staging.module.azure_oneoff.module.terraform_state_backend_azure_oneoff.aws_s3_bucket.default",
            "module.common_resources_staging.module.azure_oneoff.module.terraform_state_backend_azure_oneoff.data.aws_iam_policy_document.prevent_unencrypted_uploads"
          ]
        }
      ]
    },
    {
      "module": "module.common_resources_staging.module.azure_oneoff.module.terraform_state_backend_azure_oneoff",
      "mode": "managed",
      "type": "aws_s3_bucket_public_access_block",
      "name": "default",
      "provider": "provider[\"registry.terraform.io/hashicorp/aws\"]",
      "instances": [
        {
          "index_key": 0,
          "schema_version": 0,
          "attributes": {
            "block_public_acls": true,
            "block_public_policy": true,
            "bucket": "unityhub-production-azure-oneoff-terraform-state",
            "id": "unityhub-production-azure-oneoff-terraform-state",
            "ignore_public_acls": true,
            "restrict_public_buckets": true
          },
          "sensitive_attributes": [],
          "identity_schema_version": 0,
          "private": "bnVsbA==",
          "dependencies": [
            "module.common_resources_staging.module.azure_oneoff.module.terraform_state_backend_azure_oneoff.aws_s3_bucket.default"
          ]
        }
      ]
    },
    {
      "module": "module.common_resources_staging.module.azure_oneoff.module.terraform_state_backend_azure_oneoff",
      "mode": "managed",
      "type": "aws_s3_bucket_server_side_encryption_configuration",
      "name": "default",
      "provider": "provider[\"registry.terraform.io/hashicorp/aws\"]",
      "instances": [
        {
          "index_key": 0,
          "schema_version": 0,
          "attributes": {
            "bucket": "unityhub-production-azure-oneoff-terraform-state",
            "expected_bucket_owner": "",
            "id": "unityhub-production-azure-oneoff-terraform-state",
            "rule": [
              {
                "apply_server_side_encryption_by_default": [
                  {
                    "kms_master_key_id": "",
                    "sse_algorithm": "AES256"
                  }
                ],
                "bucket_key_enabled": false
              }
            ]
          },
          "sensitive_attributes": [],
          "identity_schema_version": 0,
          "private": "bnVsbA==",
          "dependencies": [
            "module.common_resources_staging.module.azure_oneoff.module.terraform_state_backend_azure_oneoff.aws_s3_bucket.default"
          ]
        }
      ]
    },
    {
      "module": "module.common_resources_staging.module.azure_oneoff.module.terraform_state_backend_azure_oneoff",
      "mode": "managed",
      "type": "aws_s3_bucket_versioning",
      "name": "default",
      "provider": "provider[\"registry.terraform.io/hashicorp/aws\"]",
      "instances": [
        {
          "index_key": 0,
          "schema_version": 0,
          "attributes": {
            "bucket": "unityhub-production-azure-oneoff-terraform-state",
            "expected_bucket_owner": "",
            "id": "unityhub-production-azure-oneoff-terraform-state",
            "mfa": null,
            "versioning_configuration": [
              {
                "mfa_delete": "Disabled",
                "status": "Enabled"
              }
            ]
          },
          "sensitive_attributes": [],
          "identity_schema_version": 0,
          "private": "bnVsbA==",
          "dependencies": [
            "module.common_resources_staging.module.azure_oneoff.module.terraform_state_backend_azure_oneoff.aws_s3_bucket.default"
          ]
        }
      ]
    },
    {
      "module": "module.common_resources_staging.module.azure_oneoff.module.terraform_state_backend_azure_oneoff",
      "mode": "managed",
      "type": "local_file",
      "name": "terraform_backend_config",
      "provider": "provider[\"registry.terraform.io/hashicorp/local\"]",
      "instances": [
        {
          "index_key": 0,
          "schema_version": 0,
          "attributes": {
            "content": "terraform {\n  required_version = \"\u003e= 1.0.0\"\n\n  backend \"s3\" {\n    region         = \"us-east-1\"\n    bucket         = \"unityhub-production-azure-oneoff-terraform-state\"\n    key            = \"terraform.tfstate\"\n    dynamodb_table = \"unityhub-production-azure-oneoff-terraform-state-lock\"\n    profile        = \"\"\n    role_arn       = \"\"\n    encrypt        = \"true\"\n  }\n}\n",
            "content_base64": null,
            "content_base64sha256": "Xsyxj+UkSgomq9w0jxuKYKv++RAIUEB2jAKAgZetQcQ=",
            "content_base64sha512": "E+MHHQwHavsegXYK/ZscJbNzBJWH92eh7GebxGLDfTJPXm607n9QxHuRdxSeerNGhh0lq6TBc8rQOzI4AubbMQ==",
            "content_md5": "d041c94c0216017da4646b0190bfd7f6",
            "content_sha1": "90b3940049c0a1585b4d9166d7d63a2b3655cef4",
            "content_sha256": "5eccb18fe5244a0a26abdc348f1b8a60abfef910085040768c02808197ad41c4",
            "content_sha512": "13e3071d0c076afb1e81760afd9b1c25b373049587f767a1ec679bc462c37d324f5e6eb4ee7f50c47b9177149e7ab346861d25aba4c173cad03b323802e6db31",
            "directory_permission": "0777",
            "file_permission": "0644",
            "filename": "./backend/backend_azure_oneoff.tf",
            "id": "90b3940049c0a1585b4d9166d7d63a2b3655cef4",
            "sensitive_content": null,
            "source": null
          },
          "sensitive_attributes": [
            [
              {
                "type": "get_attr",
                "value": "sensitive_content"
              }
            ]
          ],
          "identity_schema_version": 0,
          "dependencies": [
            "module.common_resources_staging.module.azure_oneoff.module.terraform_state_backend_azure_oneoff.aws_dynamodb_table.with_server_side_encryption",
            "module.common_resources_staging.module.azure_oneoff.module.terraform_state_backend_azure_oneoff.aws_s3_bucket.default",
            "module.common_resources_staging.module.azure_oneoff.module.terraform_state_backend_azure_oneoff.data.aws_region.current"
          ]
        }
      ]
    },
    {
      "module": "module.common_resources_staging.module.booking.module.terraform_state_backend_booking_shared",
      "mode": "data",
      "type": "aws_iam_policy_document",
      "name": "prevent_unencrypted_uploads",
      "provider": "provider[\"registry.terraform.io/hashicorp/aws\"]",
      "instances": [
        {
          "index_key": 0,
          "schema_version": 0,
          "attributes": {
            "id": "2314636550",
            "json": "{\n  \"Version\": \"2012-10-17\",\n  \"Statement\": [\n    {\n      \"Sid\": \"DenyIncorrectEncryptionHeader\",\n      \"Effect\": \"Deny\",\n      \"Action\": \"s3:PutObject\",\n      \"Resource\": \"arn:aws:s3:::unityhub-production-booking-shared-terraform-state/*\",\n      \"Principal\": {\n        \"AWS\": \"*\"\n      },\n      \"Condition\": {\n        \"StringNotEquals\": {\n          \"s3:x-amz-server-side-encryption\": [\n            \"AES256\",\n            \"aws:kms\"\n          ]\n        }\n      }\n    },\n    {\n      \"Sid\": \"DenyUnEncryptedObjectUploads\",\n      \"Effect\": \"Deny\",\n      \"Action\": \"s3:PutObject\",\n      \"Resource\": \"arn:aws:s3:::unityhub-production-booking-shared-terraform-state/*\",\n      \"Principal\": {\n        \"AWS\": \"*\"\n      },\n      \"Condition\": {\n        \"Null\": {\n          \"s3:x-amz-server-side-encryption\": \"true\"\n        }\n      }\n    },\n    {\n      \"Sid\": \"EnforceTlsRequestsOnly\",\n      \"Effect\": \"Deny\",\n      \"Action\": \"s3:*\",\n      \"Resource\": [\n        \"arn:aws:s3:::unityhub-production-booking-shared-terraform-state/*\",\n        \"arn:aws:s3:::unityhub-production-booking-shared-terraform-state\"\n      ],\n      \"Principal\": {\n        \"AWS\": \"*\"\n      },\n      \"Condition\": {\n        \"Bool\": {\n          \"aws:SecureTransport\": \"false\"\n        }\n      }\n    }\n  ]\n}",
            "minified_json": "{\"Version\":\"2012-10-17\",\"Statement\":[{\"Sid\":\"DenyIncorrectEncryptionHeader\",\"Effect\":\"Deny\",\"Action\":\"s3:PutObject\",\"Resource\":\"arn:aws:s3:::unityhub-production-booking-shared-terraform-state/*\",\"Principal\":{\"AWS\":\"*\"},\"Condition\":{\"StringNotEquals\":{\"s3:x-amz-server-side-encryption\":[\"AES256\",\"aws:kms\"]}}},{\"Sid\":\"DenyUnEncryptedObjectUploads\",\"Effect\":\"Deny\",\"Action\":\"s3:PutObject\",\"Resource\":\"arn:aws:s3:::unityhub-production-booking-shared-terraform-state/*\",\"Principal\":{\"AWS\":\"*\"},\"Condition\":{\"Null\":{\"s3:x-amz-server-side-encryption\":\"true\"}}},{\"Sid\":\"EnforceTlsRequestsOnly\",\"Effect\":\"Deny\",\"Action\":\"s3:*\",\"Resource\":[\"arn:aws:s3:::unityhub-production-booking-shared-terraform-state/*\",\"arn:aws:s3:::unityhub-production-booking-shared-terraform-state\"],\"Principal\":{\"AWS\":\"*\"},\"Condition\":{\"Bool\":{\"aws:SecureTransport\":\"false\"}}}]}",
            "override_json": null,
            "override_policy_documents": null,
            "policy_id": null,
            "source_json": null,
            "source_policy_documents": null,
            "statement": [
              {
                "actions": [
                  "s3:PutObject"
                ],
                "condition": [
                  {
                    "test": "StringNotEquals",
                    "values": [
                      "AES256",
                      "aws:kms"
                    ],
                    "variable": "s3:x-amz-server-side-encryption"
                  }
                ],
                "effect": "Deny",
                "not_actions": [],
                "not_principals": [],
                "not_resources": [],
                "principals": [
                  {
                    "identifiers": [
                      "*"
                    ],
                    "type": "AWS"
                  }
                ],
                "resources": [
                  "arn:aws:s3:::unityhub-production-booking-shared-terraform-state/*"
                ],
                "sid": "DenyIncorrectEncryptionHeader"
              },
              {
                "actions": [
                  "s3:PutObject"
                ],
                "condition": [
                  {
                    "test": "Null",
                    "values": [
                      "true"
                    ],
                    "variable": "s3:x-amz-server-side-encryption"
                  }
                ],
                "effect": "Deny",
                "not_actions": [],
                "not_principals": [],
                "not_resources": [],
                "principals": [
                  {
                    "identifiers": [
                      "*"
                    ],
                    "type": "AWS"
                  }
                ],
                "resources": [
                  "arn:aws:s3:::unityhub-production-booking-shared-terraform-state/*"
                ],
                "sid": "DenyUnEncryptedObjectUploads"
              },
              {
                "actions": [
                  "s3:*"
                ],
                "condition": [
                  {
                    "test": "Bool",
                    "values": [
                      "false"
                    ],
                    "variable": "aws:SecureTransport"
                  }
                ],
                "effect": "Deny",
                "not_actions": [],
                "not_principals": [],
                "not_resources": [],
                "principals": [
                  {
                    "identifiers": [
                      "*"
                    ],
                    "type": "AWS"
                  }
                ],
                "resources": [
                  "arn:aws:s3:::unityhub-production-booking-shared-terraform-state",
                  "arn:aws:s3:::unityhub-production-booking-shared-terraform-state/*"
                ],
                "sid": "EnforceTlsRequestsOnly"
              }
            ],
            "version": "2012-10-17"
          },
          "sensitive_attributes": [],
          "identity_schema_version": 0
        }
      ]
    },
    {
      "module": "module.common_resources_staging.module.booking.module.terraform_state_backend_booking_shared",
      "mode": "data",
      "type": "aws_region",
      "name": "current",
      "provider": "provider[\"registry.terraform.io/hashicorp/aws\"]",
      "instances": [
        {
          "schema_version": 0,
          "attributes": {
            "description": "US East (N. Virginia)",
            "endpoint": "ec2.us-east-1.amazonaws.com",
            "id": "us-east-1",
            "name": "us-east-1"
          },
          "sensitive_attributes": [],
          "identity_schema_version": 0
        }
      ]
    },
    {
      "module": "module.common_resources_staging.module.booking.module.terraform_state_backend_booking_shared",
      "mode": "managed",
      "type": "aws_dynamodb_table",
      "name": "with_server_side_encryption",
      "provider": "provider[\"registry.terraform.io/hashicorp/aws\"]",
      "instances": [
        {
          "index_key": 0,
          "schema_version": 1,
          "attributes": {
            "arn": "arn:aws:dynamodb:us-east-1:514472330244:table/unityhub-production-booking-shared-terraform-state-lock",
            "attribute": [
              {
                "name": "LockID",
                "type": "S"
              }
            ],
            "billing_mode": "PAY_PER_REQUEST",
            "deletion_protection_enabled": false,
            "global_secondary_index": [],
            "hash_key": "LockID",
            "id": "unityhub-production-booking-shared-terraform-state-lock",
            "import_table": [],
            "local_secondary_index": [],
            "name": "unityhub-production-booking-shared-terraform-state-lock",
            "on_demand_throughput": [],
            "point_in_time_recovery": [
              {
                "enabled": true,
                "recovery_period_in_days": 35
              }
            ],
            "range_key": null,
            "read_capacity": 0,
            "replica": [],
            "restore_date_time": null,
            "restore_source_name": null,
            "restore_source_table_arn": null,
            "restore_to_latest_time": null,
            "server_side_encryption": [
              {
                "enabled": true,
                "kms_key_arn": ""
              }
            ],
            "stream_arn": "",
            "stream_enabled": false,
            "stream_label": "",
            "stream_view_type": "",
            "table_class": "STANDARD",
            "tags": {
              "Attributes": "terraform-state-lock",
              "Name": "unityhub-production-booking-shared-terraform-state-lock",
              "Namespace": "unityhub",
              "Stage": "production"
            },
            "tags_all": {
              "Attributes": "terraform-state-lock",
              "Name": "unityhub-production-booking-shared-terraform-state-lock",
              "Namespace": "unityhub",
              "Stage": "production"
            },
            "timeouts": null,
            "ttl": [
              {
                "attribute_name": "",
                "enabled": false
              }
            ],
            "write_capacity": 0
          },
          "sensitive_attributes": [],
          "identity_schema_version": 0,
          "private": "eyJlMmJmYjczMC1lY2FhLTExZTYtOGY4OC0zNDM2M2JjN2M0YzAiOnsiY3JlYXRlIjoxODAwMDAwMDAwMDAwLCJkZWxldGUiOjYwMDAwMDAwMDAwMCwidXBkYXRlIjozNjAwMDAwMDAwMDAwfSwic2NoZW1hX3ZlcnNpb24iOiIxIn0="
        }
      ]
    },
    {
      "module": "module.common_resources_staging.module.booking.module.terraform_state_backend_booking_shared",
      "mode": "managed",
      "type": "aws_s3_bucket",
      "name": "default",
      "provider": "provider[\"registry.terraform.io/hashicorp/aws\"]",
      "instances": [
        {
          "index_key": 0,
          "schema_version": 0,
          "attributes": {
            "acceleration_status": "",
            "acl": null,
            "arn": "arn:aws:s3:::unityhub-production-booking-shared-terraform-state",
            "bucket": "unityhub-production-booking-shared-terraform-state",
            "bucket_domain_name": "unityhub-production-booking-shared-terraform-state.s3.amazonaws.com",
            "bucket_prefix": "",
            "bucket_regional_domain_name": "unityhub-production-booking-shared-terraform-state.s3.us-east-1.amazonaws.com",
            "cors_rule": [],
            "force_destroy": true,
            "grant": [
              {
                "id": "bea86176a486e69a83b4227063efa3be9eb4b243551739d81a6a4b41ec8b3461",
                "permissions": [
                  "FULL_CONTROL"
                ],
                "type": "CanonicalUser",
                "uri": ""
              }
            ],
            "hosted_zone_id": "Z3AQBSTGFYJSTF",
            "id": "unityhub-production-booking-shared-terraform-state",
            "lifecycle_rule": [],
            "logging": [],
            "object_lock_configuration": [],
            "object_lock_enabled": false,
            "policy": "{\"Statement\":[{\"Action\":\"s3:PutObject\",\"Condition\":{\"StringNotEquals\":{\"s3:x-amz-server-side-encryption\":[\"AES256\",\"aws:kms\"]}},\"Effect\":\"Deny\",\"Principal\":{\"AWS\":\"*\"},\"Resource\":\"arn:aws:s3:::unityhub-production-booking-shared-terraform-state/*\",\"Sid\":\"DenyIncorrectEncryptionHeader\"},{\"Action\":\"s3:PutObject\",\"Condition\":{\"Null\":{\"s3:x-amz-server-side-encryption\":\"true\"}},\"Effect\":\"Deny\",\"Principal\":{\"AWS\":\"*\"},\"Resource\":\"arn:aws:s3:::unityhub-production-booking-shared-terraform-state/*\",\"Sid\":\"DenyUnEncryptedObjectUploads\"},{\"Action\":\"s3:*\",\"Condition\":{\"Bool\":{\"aws:SecureTransport\":\"false\"}},\"Effect\":\"Deny\",\"Principal\":{\"AWS\":\"*\"},\"Resource\":[\"arn:aws:s3:::unityhub-production-booking-shared-terraform-state/*\",\"arn:aws:s3:::unityhub-production-booking-shared-terraform-state\"],\"Sid\":\"EnforceTlsRequestsOnly\"}],\"Version\":\"2012-10-17\"}",
            "region": "us-east-1",
            "replication_configuration": [],
            "request_payer": "BucketOwner",
            "server_side_encryption_configuration": [
              {
                "rule": [
                  {
                    "apply_server_side_encryption_by_default": [
                      {
                        "kms_master_key_id": "",
                        "sse_algorithm": "AES256"
                      }
                    ],
                    "bucket_key_enabled": false
                  }
                ]
              }
            ],
            "tags": {
              "Attributes": "terraform-state",
              "Name": "unityhub-production-booking-shared-terraform-state",
              "Namespace": "unityhub",
              "Stage": "production"
            },
            "tags_all": {
              "Attributes": "terraform-state",
              "Name": "unityhub-production-booking-shared-terraform-state",
              "Namespace": "unityhub",
              "Stage": "production"
            },
            "timeouts": null,
            "versioning": [
              {
                "enabled": true,
                "mfa_delete": false
              }
            ],
            "website": [],
            "website_domain": null,
            "website_endpoint": null
          },
          "sensitive_attributes": [],
          "identity_schema_version": 0,
          "private": "eyJlMmJmYjczMC1lY2FhLTExZTYtOGY4OC0zNDM2M2JjN2M0YzAiOnsiY3JlYXRlIjoxMjAwMDAwMDAwMDAwLCJkZWxldGUiOjM2MDAwMDAwMDAwMDAsInJlYWQiOjEyMDAwMDAwMDAwMDAsInVwZGF0ZSI6MTIwMDAwMDAwMDAwMH19"
        }
      ]
    },
    {
      "module": "module.common_resources_staging.module.booking.module.terraform_state_backend_booking_shared",
      "mode": "managed",
      "type": "aws_s3_bucket_ownership_controls",
      "name": "default",
      "provider": "provider[\"registry.terraform.io/hashicorp/aws\"]",
      "instances": [
        {
          "index_key": 0,
          "schema_version": 0,
          "attributes": {
            "bucket": "unityhub-production-booking-shared-terraform-state",
            "id": "unityhub-production-booking-shared-terraform-state",
            "rule": [
              {
                "object_ownership": "BucketOwnerEnforced"
              }
            ]
          },
          "sensitive_attributes": [],
          "identity_schema_version": 0,
          "private": "bnVsbA==",
          "dependencies": [
            "module.common_resources_staging.module.booking.module.terraform_state_backend_booking_shared.aws_s3_bucket.default"
          ]
        }
      ]
    },
    {
      "module": "module.common_resources_staging.module.booking.module.terraform_state_backend_booking_shared",
      "mode": "managed",
      "type": "aws_s3_bucket_policy",
      "name": "default",
      "provider": "provider[\"registry.terraform.io/hashicorp/aws\"]",
      "instances": [
        {
          "index_key": 0,
          "schema_version": 0,
          "attributes": {
            "bucket": "unityhub-production-booking-shared-terraform-state",
            "id": "unityhub-production-booking-shared-terraform-state",
            "policy": "{\"Statement\":[{\"Action\":\"s3:PutObject\",\"Condition\":{\"StringNotEquals\":{\"s3:x-amz-server-side-encryption\":[\"AES256\",\"aws:kms\"]}},\"Effect\":\"Deny\",\"Principal\":{\"AWS\":\"*\"},\"Resource\":\"arn:aws:s3:::unityhub-production-booking-shared-terraform-state/*\",\"Sid\":\"DenyIncorrectEncryptionHeader\"},{\"Action\":\"s3:PutObject\",\"Condition\":{\"Null\":{\"s3:x-amz-server-side-encryption\":\"true\"}},\"Effect\":\"Deny\",\"Principal\":{\"AWS\":\"*\"},\"Resource\":\"arn:aws:s3:::unityhub-production-booking-shared-terraform-state/*\",\"Sid\":\"DenyUnEncryptedObjectUploads\"},{\"Action\":\"s3:*\",\"Condition\":{\"Bool\":{\"aws:SecureTransport\":\"false\"}},\"Effect\":\"Deny\",\"Principal\":{\"AWS\":\"*\"},\"Resource\":[\"arn:aws:s3:::unityhub-production-booking-shared-terraform-state/*\",\"arn:aws:s3:::unityhub-production-booking-shared-terraform-state\"],\"Sid\":\"EnforceTlsRequestsOnly\"}],\"Version\":\"2012-10-17\"}"
          },
          "sensitive_attributes": [],
          "identity_schema_version": 0,
          "private": "bnVsbA==",
          "dependencies": [
            "module.common_resources_staging.module.booking.module.terraform_state_backend_booking_shared.aws_s3_bucket.default",
            "module.common_resources_staging.module.booking.module.terraform_state_backend_booking_shared.data.aws_iam_policy_document.prevent_unencrypted_uploads"
          ]
        }
      ]
    },
    {
      "module": "module.common_resources_staging.module.booking.module.terraform_state_backend_booking_shared",
      "mode": "managed",
      "type": "aws_s3_bucket_public_access_block",
      "name": "default",
      "provider": "provider[\"registry.terraform.io/hashicorp/aws\"]",
      "instances": [
        {
          "index_key": 0,
          "schema_version": 0,
          "attributes": {
            "block_public_acls": true,
            "block_public_policy": true,
            "bucket": "unityhub-production-booking-shared-terraform-state",
            "id": "unityhub-production-booking-shared-terraform-state",
            "ignore_public_acls": true,
            "restrict_public_buckets": true
          },
          "sensitive_attributes": [],
          "identity_schema_version": 0,
          "private": "bnVsbA==",
          "dependencies": [
            "module.common_resources_staging.module.booking.module.terraform_state_backend_booking_shared.aws_s3_bucket.default"
          ]
        }
      ]
    },
    {
      "module": "module.common_resources_staging.module.booking.module.terraform_state_backend_booking_shared",
      "mode": "managed",
      "type": "aws_s3_bucket_server_side_encryption_configuration",
      "name": "default",
      "provider": "provider[\"registry.terraform.io/hashicorp/aws\"]",
      "instances": [
        {
          "index_key": 0,
          "schema_version": 0,
          "attributes": {
            "bucket": "unityhub-production-booking-shared-terraform-state",
            "expected_bucket_owner": "",
            "id": "unityhub-production-booking-shared-terraform-state",
            "rule": [
              {
                "apply_server_side_encryption_by_default": [
                  {
                    "kms_master_key_id": "",
                    "sse_algorithm": "AES256"
                  }
                ],
                "bucket_key_enabled": false
              }
            ]
          },
          "sensitive_attributes": [],
          "identity_schema_version": 0,
          "private": "bnVsbA==",
          "dependencies": [
            "module.common_resources_staging.module.booking.module.terraform_state_backend_booking_shared.aws_s3_bucket.default"
          ]
        }
      ]
    },
    {
      "module": "module.common_resources_staging.module.booking.module.terraform_state_backend_booking_shared",
      "mode": "managed",
      "type": "aws_s3_bucket_versioning",
      "name": "default",
      "provider": "provider[\"registry.terraform.io/hashicorp/aws\"]",
      "instances": [
        {
          "index_key": 0,
          "schema_version": 0,
          "attributes": {
            "bucket": "unityhub-production-booking-shared-terraform-state",
            "expected_bucket_owner": "",
            "id": "unityhub-production-booking-shared-terraform-state",
            "mfa": null,
            "versioning_configuration": [
              {
                "mfa_delete": "Disabled",
                "status": "Enabled"
              }
            ]
          },
          "sensitive_attributes": [],
          "identity_schema_version": 0,
          "private": "bnVsbA==",
          "dependencies": [
            "module.common_resources_staging.module.booking.module.terraform_state_backend_booking_shared.aws_s3_bucket.default"
          ]
        }
      ]
    },
    {
      "module": "module.common_resources_staging.module.booking.module.terraform_state_backend_booking_shared",
      "mode": "managed",
      "type": "local_file",
      "name": "terraform_backend_config",
      "provider": "provider[\"registry.terraform.io/hashicorp/local\"]",
      "instances": [
        {
          "index_key": 0,
          "schema_version": 0,
          "attributes": {
            "content": "terraform {\n  required_version = \"\u003e= 1.0.0\"\n\n  backend \"s3\" {\n    region         = \"us-east-1\"\n    bucket         = \"unityhub-production-booking-shared-terraform-state\"\n    key            = \"terraform.tfstate\"\n    dynamodb_table = \"unityhub-production-booking-shared-terraform-state-lock\"\n    profile        = \"\"\n    role_arn       = \"\"\n    encrypt        = \"true\"\n  }\n}\n",
            "content_base64": null,
            "content_base64sha256": "KKLqT8xjv9t6ynjzXF+aaUYhrYM6+bwkvVy/3mEl7L0=",
            "content_base64sha512": "tV+VVoQXAQVFvXCiSunJuAL6xrhEqQOBeVjcDkIJv7gZsVSuXIYJq4XXphmWoARsHD9BAWnznTZO0xbg9qKFFA==",
            "content_md5": "98eccb5375c9b36988c27f2c34cdd56d",
            "content_sha1": "b8bc804eabd075e8eadc5ec38c45b7eb30ba3744",
            "content_sha256": "28a2ea4fcc63bfdb7aca78f35c5f9a694621ad833af9bc24bd5cbfde6125ecbd",
            "content_sha512": "b55f95568417010545bd70a24ae9c9b802fac6b844a903817958dc0e4209bfb819b154ae5c8609ab85d7a61996a0046c1c3f410169f39d364ed316e0f6a28514",
            "directory_permission": "0777",
            "file_permission": "0644",
            "filename": "./backend/backend_booking_shared.tf",
            "id": "b8bc804eabd075e8eadc5ec38c45b7eb30ba3744",
            "sensitive_content": null,
            "source": null
          },
          "sensitive_attributes": [
            [
              {
                "type": "get_attr",
                "value": "sensitive_content"
              }
            ]
          ],
          "identity_schema_version": 0,
          "dependencies": [
            "module.common_resources_staging.module.booking.module.terraform_state_backend_booking_shared.aws_dynamodb_table.with_server_side_encryption",
            "module.common_resources_staging.module.booking.module.terraform_state_backend_booking_shared.aws_s3_bucket.default",
            "module.common_resources_staging.module.booking.module.terraform_state_backend_booking_shared.data.aws_region.current"
          ]
        }
      ]
    },
    {
      "module": "module.common_resources_staging.module.core.module.terraform_state_backend_core_shared",
      "mode": "data",
      "type": "aws_iam_policy_document",
      "name": "prevent_unencrypted_uploads",
      "provider": "provider[\"registry.terraform.io/hashicorp/aws\"]",
      "instances": [
        {
          "index_key": 0,
          "schema_version": 0,
          "attributes": {
            "id": "2947662628",
            "json": "{\n  \"Version\": \"2012-10-17\",\n  \"Statement\": [\n    {\n      \"Sid\": \"DenyIncorrectEncryptionHeader\",\n      \"Effect\": \"Deny\",\n      \"Action\": \"s3:PutObject\",\n      \"Resource\": \"arn:aws:s3:::unityhub-production-core-shared-terraform-state/*\",\n      \"Principal\": {\n        \"AWS\": \"*\"\n      },\n      \"Condition\": {\n        \"StringNotEquals\": {\n          \"s3:x-amz-server-side-encryption\": [\n            \"AES256\",\n            \"aws:kms\"\n          ]\n        }\n      }\n    },\n    {\n      \"Sid\": \"DenyUnEncryptedObjectUploads\",\n      \"Effect\": \"Deny\",\n      \"Action\": \"s3:PutObject\",\n      \"Resource\": \"arn:aws:s3:::unityhub-production-core-shared-terraform-state/*\",\n      \"Principal\": {\n        \"AWS\": \"*\"\n      },\n      \"Condition\": {\n        \"Null\": {\n          \"s3:x-amz-server-side-encryption\": \"true\"\n        }\n      }\n    },\n    {\n      \"Sid\": \"EnforceTlsRequestsOnly\",\n      \"Effect\": \"Deny\",\n      \"Action\": \"s3:*\",\n      \"Resource\": [\n        \"arn:aws:s3:::unityhub-production-core-shared-terraform-state/*\",\n        \"arn:aws:s3:::unityhub-production-core-shared-terraform-state\"\n      ],\n      \"Principal\": {\n        \"AWS\": \"*\"\n      },\n      \"Condition\": {\n        \"Bool\": {\n          \"aws:SecureTransport\": \"false\"\n        }\n      }\n    }\n  ]\n}",
            "minified_json": "{\"Version\":\"2012-10-17\",\"Statement\":[{\"Sid\":\"DenyIncorrectEncryptionHeader\",\"Effect\":\"Deny\",\"Action\":\"s3:PutObject\",\"Resource\":\"arn:aws:s3:::unityhub-production-core-shared-terraform-state/*\",\"Principal\":{\"AWS\":\"*\"},\"Condition\":{\"StringNotEquals\":{\"s3:x-amz-server-side-encryption\":[\"AES256\",\"aws:kms\"]}}},{\"Sid\":\"DenyUnEncryptedObjectUploads\",\"Effect\":\"Deny\",\"Action\":\"s3:PutObject\",\"Resource\":\"arn:aws:s3:::unityhub-production-core-shared-terraform-state/*\",\"Principal\":{\"AWS\":\"*\"},\"Condition\":{\"Null\":{\"s3:x-amz-server-side-encryption\":\"true\"}}},{\"Sid\":\"EnforceTlsRequestsOnly\",\"Effect\":\"Deny\",\"Action\":\"s3:*\",\"Resource\":[\"arn:aws:s3:::unityhub-production-core-shared-terraform-state/*\",\"arn:aws:s3:::unityhub-production-core-shared-terraform-state\"],\"Principal\":{\"AWS\":\"*\"},\"Condition\":{\"Bool\":{\"aws:SecureTransport\":\"false\"}}}]}",
            "override_json": null,
            "override_policy_documents": null,
            "policy_id": null,
            "source_json": null,
            "source_policy_documents": null,
            "statement": [
              {
                "actions": [
                  "s3:PutObject"
                ],
                "condition": [
                  {
                    "test": "StringNotEquals",
                    "values": [
                      "AES256",
                      "aws:kms"
                    ],
                    "variable": "s3:x-amz-server-side-encryption"
                  }
                ],
                "effect": "Deny",
                "not_actions": [],
                "not_principals": [],
                "not_resources": [],
                "principals": [
                  {
                    "identifiers": [
                      "*"
                    ],
                    "type": "AWS"
                  }
                ],
                "resources": [
                  "arn:aws:s3:::unityhub-production-core-shared-terraform-state/*"
                ],
                "sid": "DenyIncorrectEncryptionHeader"
              },
              {
                "actions": [
                  "s3:PutObject"
                ],
                "condition": [
                  {
                    "test": "Null",
                    "values": [
                      "true"
                    ],
                    "variable": "s3:x-amz-server-side-encryption"
                  }
                ],
                "effect": "Deny",
                "not_actions": [],
                "not_principals": [],
                "not_resources": [],
                "principals": [
                  {
                    "identifiers": [
                      "*"
                    ],
                    "type": "AWS"
                  }
                ],
                "resources": [
                  "arn:aws:s3:::unityhub-production-core-shared-terraform-state/*"
                ],
                "sid": "DenyUnEncryptedObjectUploads"
              },
              {
                "actions": [
                  "s3:*"
                ],
                "condition": [
                  {
                    "test": "Bool",
                    "values": [
                      "false"
                    ],
                    "variable": "aws:SecureTransport"
                  }
                ],
                "effect": "Deny",
                "not_actions": [],
                "not_principals": [],
                "not_resources": [],
                "principals": [
                  {
                    "identifiers": [
                      "*"
                    ],
                    "type": "AWS"
                  }
                ],
                "resources": [
                  "arn:aws:s3:::unityhub-production-core-shared-terraform-state",
                  "arn:aws:s3:::unityhub-production-core-shared-terraform-state/*"
                ],
                "sid": "EnforceTlsRequestsOnly"
              }
            ],
            "version": "2012-10-17"
          },
          "sensitive_attributes": [],
          "identity_schema_version": 0
        }
      ]
    },
    {
      "module": "module.common_resources_staging.module.core.module.terraform_state_backend_core_shared",
      "mode": "data",
      "type": "aws_region",
      "name": "current",
      "provider": "provider[\"registry.terraform.io/hashicorp/aws\"]",
      "instances": [
        {
          "schema_version": 0,
          "attributes": {
            "description": "US East (N. Virginia)",
            "endpoint": "ec2.us-east-1.amazonaws.com",
            "id": "us-east-1",
            "name": "us-east-1"
          },
          "sensitive_attributes": [],
          "identity_schema_version": 0
        }
      ]
    },
    {
      "module": "module.common_resources_staging.module.core.module.terraform_state_backend_core_shared",
      "mode": "managed",
      "type": "aws_dynamodb_table",
      "name": "with_server_side_encryption",
      "provider": "provider[\"registry.terraform.io/hashicorp/aws\"]",
      "instances": [
        {
          "index_key": 0,
          "schema_version": 1,
          "attributes": {
            "arn": "arn:aws:dynamodb:us-east-1:514472330244:table/unityhub-production-core-shared-terraform-state-lock",
            "attribute": [
              {
                "name": "LockID",
                "type": "S"
              }
            ],
            "billing_mode": "PAY_PER_REQUEST",
            "deletion_protection_enabled": false,
            "global_secondary_index": [],
            "hash_key": "LockID",
            "id": "unityhub-production-core-shared-terraform-state-lock",
            "import_table": [],
            "local_secondary_index": [],
            "name": "unityhub-production-core-shared-terraform-state-lock",
            "on_demand_throughput": [],
            "point_in_time_recovery": [
              {
                "enabled": true,
                "recovery_period_in_days": 35
              }
            ],
            "range_key": null,
            "read_capacity": 0,
            "replica": [],
            "restore_date_time": null,
            "restore_source_name": null,
            "restore_source_table_arn": null,
            "restore_to_latest_time": null,
            "server_side_encryption": [
              {
                "enabled": true,
                "kms_key_arn": ""
              }
            ],
            "stream_arn": "",
            "stream_enabled": false,
            "stream_label": "",
            "stream_view_type": "",
            "table_class": "STANDARD",
            "tags": {
              "Attributes": "terraform-state-lock",
              "Name": "unityhub-production-core-shared-terraform-state-lock",
              "Namespace": "unityhub",
              "Stage": "production"
            },
            "tags_all": {
              "Attributes": "terraform-state-lock",
              "Name": "unityhub-production-core-shared-terraform-state-lock",
              "Namespace": "unityhub",
              "Stage": "production"
            },
            "timeouts": null,
            "ttl": [
              {
                "attribute_name": "",
                "enabled": false
              }
            ],
            "write_capacity": 0
          },
          "sensitive_attributes": [],
          "identity_schema_version": 0,
          "private": "eyJlMmJmYjczMC1lY2FhLTExZTYtOGY4OC0zNDM2M2JjN2M0YzAiOnsiY3JlYXRlIjoxODAwMDAwMDAwMDAwLCJkZWxldGUiOjYwMDAwMDAwMDAwMCwidXBkYXRlIjozNjAwMDAwMDAwMDAwfSwic2NoZW1hX3ZlcnNpb24iOiIxIn0="
        }
      ]
    },
    {
      "module": "module.common_resources_staging.module.core.module.terraform_state_backend_core_shared",
      "mode": "managed",
      "type": "aws_s3_bucket",
      "name": "default",
      "provider": "provider[\"registry.terraform.io/hashicorp/aws\"]",
      "instances": [
        {
          "index_key": 0,
          "schema_version": 0,
          "attributes": {
            "acceleration_status": "",
            "acl": null,
            "arn": "arn:aws:s3:::unityhub-production-core-shared-terraform-state",
            "bucket": "unityhub-production-core-shared-terraform-state",
            "bucket_domain_name": "unityhub-production-core-shared-terraform-state.s3.amazonaws.com",
            "bucket_prefix": "",
            "bucket_regional_domain_name": "unityhub-production-core-shared-terraform-state.s3.us-east-1.amazonaws.com",
            "cors_rule": [],
            "force_destroy": true,
            "grant": [
              {
                "id": "bea86176a486e69a83b4227063efa3be9eb4b243551739d81a6a4b41ec8b3461",
                "permissions": [
                  "FULL_CONTROL"
                ],
                "type": "CanonicalUser",
                "uri": ""
              }
            ],
            "hosted_zone_id": "Z3AQBSTGFYJSTF",
            "id": "unityhub-production-core-shared-terraform-state",
            "lifecycle_rule": [],
            "logging": [],
            "object_lock_configuration": [],
            "object_lock_enabled": false,
            "policy": "{\"Statement\":[{\"Action\":\"s3:PutObject\",\"Condition\":{\"StringNotEquals\":{\"s3:x-amz-server-side-encryption\":[\"AES256\",\"aws:kms\"]}},\"Effect\":\"Deny\",\"Principal\":{\"AWS\":\"*\"},\"Resource\":\"arn:aws:s3:::unityhub-production-core-shared-terraform-state/*\",\"Sid\":\"DenyIncorrectEncryptionHeader\"},{\"Action\":\"s3:PutObject\",\"Condition\":{\"Null\":{\"s3:x-amz-server-side-encryption\":\"true\"}},\"Effect\":\"Deny\",\"Principal\":{\"AWS\":\"*\"},\"Resource\":\"arn:aws:s3:::unityhub-production-core-shared-terraform-state/*\",\"Sid\":\"DenyUnEncryptedObjectUploads\"},{\"Action\":\"s3:*\",\"Condition\":{\"Bool\":{\"aws:SecureTransport\":\"false\"}},\"Effect\":\"Deny\",\"Principal\":{\"AWS\":\"*\"},\"Resource\":[\"arn:aws:s3:::unityhub-production-core-shared-terraform-state/*\",\"arn:aws:s3:::unityhub-production-core-shared-terraform-state\"],\"Sid\":\"EnforceTlsRequestsOnly\"}],\"Version\":\"2012-10-17\"}",
            "region": "us-east-1",
            "replication_configuration": [],
            "request_payer": "BucketOwner",
            "server_side_encryption_configuration": [
              {
                "rule": [
                  {
                    "apply_server_side_encryption_by_default": [
                      {
                        "kms_master_key_id": "",
                        "sse_algorithm": "AES256"
                      }
                    ],
                    "bucket_key_enabled": false
                  }
                ]
              }
            ],
            "tags": {
              "Attributes": "terraform-state",
              "Name": "unityhub-production-core-shared-terraform-state",
              "Namespace": "unityhub",
              "Stage": "production"
            },
            "tags_all": {
              "Attributes": "terraform-state",
              "Name": "unityhub-production-core-shared-terraform-state",
              "Namespace": "unityhub",
              "Stage": "production"
            },
            "timeouts": null,
            "versioning": [
              {
                "enabled": true,
                "mfa_delete": false
              }
            ],
            "website": [],
            "website_domain": null,
            "website_endpoint": null
          },
          "sensitive_attributes": [],
          "identity_schema_version": 0,
          "private": "eyJlMmJmYjczMC1lY2FhLTExZTYtOGY4OC0zNDM2M2JjN2M0YzAiOnsiY3JlYXRlIjoxMjAwMDAwMDAwMDAwLCJkZWxldGUiOjM2MDAwMDAwMDAwMDAsInJlYWQiOjEyMDAwMDAwMDAwMDAsInVwZGF0ZSI6MTIwMDAwMDAwMDAwMH19"
        }
      ]
    },
    {
      "module": "module.common_resources_staging.module.core.module.terraform_state_backend_core_shared",
      "mode": "managed",
      "type": "aws_s3_bucket_ownership_controls",
      "name": "default",
      "provider": "provider[\"registry.terraform.io/hashicorp/aws\"]",
      "instances": [
        {
          "index_key": 0,
          "schema_version": 0,
          "attributes": {
            "bucket": "unityhub-production-core-shared-terraform-state",
            "id": "unityhub-production-core-shared-terraform-state",
            "rule": [
              {
                "object_ownership": "BucketOwnerEnforced"
              }
            ]
          },
          "sensitive_attributes": [],
          "identity_schema_version": 0,
          "private": "bnVsbA==",
          "dependencies": [
            "module.common_resources_staging.module.core.module.terraform_state_backend_core_shared.aws_s3_bucket.default"
          ]
        }
      ]
    },
    {
      "module": "module.common_resources_staging.module.core.module.terraform_state_backend_core_shared",
      "mode": "managed",
      "type": "aws_s3_bucket_policy",
      "name": "default",
      "provider": "provider[\"registry.terraform.io/hashicorp/aws\"]",
      "instances": [
        {
          "index_key": 0,
          "schema_version": 0,
          "attributes": {
            "bucket": "unityhub-production-core-shared-terraform-state",
            "id": "unityhub-production-core-shared-terraform-state",
            "policy": "{\"Statement\":[{\"Action\":\"s3:PutObject\",\"Condition\":{\"StringNotEquals\":{\"s3:x-amz-server-side-encryption\":[\"AES256\",\"aws:kms\"]}},\"Effect\":\"Deny\",\"Principal\":{\"AWS\":\"*\"},\"Resource\":\"arn:aws:s3:::unityhub-production-core-shared-terraform-state/*\",\"Sid\":\"DenyIncorrectEncryptionHeader\"},{\"Action\":\"s3:PutObject\",\"Condition\":{\"Null\":{\"s3:x-amz-server-side-encryption\":\"true\"}},\"Effect\":\"Deny\",\"Principal\":{\"AWS\":\"*\"},\"Resource\":\"arn:aws:s3:::unityhub-production-core-shared-terraform-state/*\",\"Sid\":\"DenyUnEncryptedObjectUploads\"},{\"Action\":\"s3:*\",\"Condition\":{\"Bool\":{\"aws:SecureTransport\":\"false\"}},\"Effect\":\"Deny\",\"Principal\":{\"AWS\":\"*\"},\"Resource\":[\"arn:aws:s3:::unityhub-production-core-shared-terraform-state/*\",\"arn:aws:s3:::unityhub-production-core-shared-terraform-state\"],\"Sid\":\"EnforceTlsRequestsOnly\"}],\"Version\":\"2012-10-17\"}"
          },
          "sensitive_attributes": [],
          "identity_schema_version": 0,
          "private": "bnVsbA==",
          "dependencies": [
            "module.common_resources_staging.module.core.module.terraform_state_backend_core_shared.aws_s3_bucket.default",
            "module.common_resources_staging.module.core.module.terraform_state_backend_core_shared.data.aws_iam_policy_document.prevent_unencrypted_uploads"
          ]
        }
      ]
    },
    {
      "module": "module.common_resources_staging.module.core.module.terraform_state_backend_core_shared",
      "mode": "managed",
      "type": "aws_s3_bucket_public_access_block",
      "name": "default",
      "provider": "provider[\"registry.terraform.io/hashicorp/aws\"]",
      "instances": [
        {
          "index_key": 0,
          "schema_version": 0,
          "attributes": {
            "block_public_acls": true,
            "block_public_policy": true,
            "bucket": "unityhub-production-core-shared-terraform-state",
            "id": "unityhub-production-core-shared-terraform-state",
            "ignore_public_acls": true,
            "restrict_public_buckets": true
          },
          "sensitive_attributes": [],
          "identity_schema_version": 0,
          "private": "bnVsbA==",
          "dependencies": [
            "module.common_resources_staging.module.core.module.terraform_state_backend_core_shared.aws_s3_bucket.default"
          ]
        }
      ]
    },
    {
      "module": "module.common_resources_staging.module.core.module.terraform_state_backend_core_shared",
      "mode": "managed",
      "type": "aws_s3_bucket_server_side_encryption_configuration",
      "name": "default",
      "provider": "provider[\"registry.terraform.io/hashicorp/aws\"]",
      "instances": [
        {
          "index_key": 0,
          "schema_version": 0,
          "attributes": {
            "bucket": "unityhub-production-core-shared-terraform-state",
            "expected_bucket_owner": "",
            "id": "unityhub-production-core-shared-terraform-state",
            "rule": [
              {
                "apply_server_side_encryption_by_default": [
                  {
                    "kms_master_key_id": "",
                    "sse_algorithm": "AES256"
                  }
                ],
                "bucket_key_enabled": false
              }
            ]
          },
          "sensitive_attributes": [],
          "identity_schema_version": 0,
          "private": "bnVsbA==",
          "dependencies": [
            "module.common_resources_staging.module.core.module.terraform_state_backend_core_shared.aws_s3_bucket.default"
          ]
        }
      ]
    },
    {
      "module": "module.common_resources_staging.module.core.module.terraform_state_backend_core_shared",
      "mode": "managed",
      "type": "aws_s3_bucket_versioning",
      "name": "default",
      "provider": "provider[\"registry.terraform.io/hashicorp/aws\"]",
      "instances": [
        {
          "index_key": 0,
          "schema_version": 0,
          "attributes": {
            "bucket": "unityhub-production-core-shared-terraform-state",
            "expected_bucket_owner": "",
            "id": "unityhub-production-core-shared-terraform-state",
            "mfa": null,
            "versioning_configuration": [
              {
                "mfa_delete": "Disabled",
                "status": "Enabled"
              }
            ]
          },
          "sensitive_attributes": [],
          "identity_schema_version": 0,
          "private": "bnVsbA==",
          "dependencies": [
            "module.common_resources_staging.module.core.module.terraform_state_backend_core_shared.aws_s3_bucket.default"
          ]
        }
      ]
    },
    {
      "module": "module.common_resources_staging.module.core.module.terraform_state_backend_core_shared",
      "mode": "managed",
      "type": "local_file",
      "name": "terraform_backend_config",
      "provider": "provider[\"registry.terraform.io/hashicorp/local\"]",
      "instances": [
        {
          "index_key": 0,
          "schema_version": 0,
          "attributes": {
            "content": "terraform {\n  required_version = \"\u003e= 1.0.0\"\n\n  backend \"s3\" {\n    region         = \"us-east-1\"\n    bucket         = \"unityhub-production-core-shared-terraform-state\"\n    key            = \"terraform.tfstate\"\n    dynamodb_table = \"unityhub-production-core-shared-terraform-state-lock\"\n    profile        = \"\"\n    role_arn       = \"\"\n    encrypt        = \"true\"\n  }\n}\n",
            "content_base64": null,
            "content_base64sha256": "UxbLlyGQRzqyXmXzakAmD7e4lJb5J7DX7pKBwByChis=",
            "content_base64sha512": "oIYtdN+Ieh5C9b6J97D0j78kem1dhLM8Zx6x5lkPQTC6oqw6mAGRqneT1xdrjcTw070uMnZhPuW/TWPbRnI7kw==",
            "content_md5": "52e83c9eca6ba3d2f485366cd9dfaa65",
            "content_sha1": "bbb2ad48d98f124f637e2af464dc318ef9e85e0f",
            "content_sha256": "5316cb972190473ab25e65f36a40260fb7b89496f927b0d7ee9281c01c82862b",
            "content_sha512": "a0862d74df887a1e42f5be89f7b0f48fbf247a6d5d84b33c671eb1e6590f4130baa2ac3a980191aa7793d7176b8dc4f0d3bd2e3276613ee5bf4d63db46723b93",
            "directory_permission": "0777",
            "file_permission": "0644",
            "filename": "./backend/backend_core_shared.tf",
            "id": "bbb2ad48d98f124f637e2af464dc318ef9e85e0f",
            "sensitive_content": null,
            "source": null
          },
          "sensitive_attributes": [
            [
              {
                "type": "get_attr",
                "value": "sensitive_content"
              }
            ]
          ],
          "identity_schema_version": 0,
          "dependencies": [
            "module.common_resources_staging.module.core.module.terraform_state_backend_core_shared.aws_dynamodb_table.with_server_side_encryption",
            "module.common_resources_staging.module.core.module.terraform_state_backend_core_shared.aws_s3_bucket.default",
            "module.common_resources_staging.module.core.module.terraform_state_backend_core_shared.data.aws_region.current"
          ]
        }
      ]
    },
    {
      "module": "module.common_resources_staging.module.customer.module.terraform_state_backend_customer_shared",
      "mode": "data",
      "type": "aws_iam_policy_document",
      "name": "prevent_unencrypted_uploads",
      "provider": "provider[\"registry.terraform.io/hashicorp/aws\"]",
      "instances": [
        {
          "index_key": 0,
          "schema_version": 0,
          "attributes": {
            "id": "2604591788",
            "json": "{\n  \"Version\": \"2012-10-17\",\n  \"Statement\": [\n    {\n      \"Sid\": \"DenyIncorrectEncryptionHeader\",\n      \"Effect\": \"Deny\",\n      \"Action\": \"s3:PutObject\",\n      \"Resource\": \"arn:aws:s3:::unityhub-production-customer-shared-terraform-state/*\",\n      \"Principal\": {\n        \"AWS\": \"*\"\n      },\n      \"Condition\": {\n        \"StringNotEquals\": {\n          \"s3:x-amz-server-side-encryption\": [\n            \"AES256\",\n            \"aws:kms\"\n          ]\n        }\n      }\n    },\n    {\n      \"Sid\": \"DenyUnEncryptedObjectUploads\",\n      \"Effect\": \"Deny\",\n      \"Action\": \"s3:PutObject\",\n      \"Resource\": \"arn:aws:s3:::unityhub-production-customer-shared-terraform-state/*\",\n      \"Principal\": {\n        \"AWS\": \"*\"\n      },\n      \"Condition\": {\n        \"Null\": {\n          \"s3:x-amz-server-side-encryption\": \"true\"\n        }\n      }\n    },\n    {\n      \"Sid\": \"EnforceTlsRequestsOnly\",\n      \"Effect\": \"Deny\",\n      \"Action\": \"s3:*\",\n      \"Resource\": [\n        \"arn:aws:s3:::unityhub-production-customer-shared-terraform-state/*\",\n        \"arn:aws:s3:::unityhub-production-customer-shared-terraform-state\"\n      ],\n      \"Principal\": {\n        \"AWS\": \"*\"\n      },\n      \"Condition\": {\n        \"Bool\": {\n          \"aws:SecureTransport\": \"false\"\n        }\n      }\n    }\n  ]\n}",
            "minified_json": "{\"Version\":\"2012-10-17\",\"Statement\":[{\"Sid\":\"DenyIncorrectEncryptionHeader\",\"Effect\":\"Deny\",\"Action\":\"s3:PutObject\",\"Resource\":\"arn:aws:s3:::unityhub-production-customer-shared-terraform-state/*\",\"Principal\":{\"AWS\":\"*\"},\"Condition\":{\"StringNotEquals\":{\"s3:x-amz-server-side-encryption\":[\"AES256\",\"aws:kms\"]}}},{\"Sid\":\"DenyUnEncryptedObjectUploads\",\"Effect\":\"Deny\",\"Action\":\"s3:PutObject\",\"Resource\":\"arn:aws:s3:::unityhub-production-customer-shared-terraform-state/*\",\"Principal\":{\"AWS\":\"*\"},\"Condition\":{\"Null\":{\"s3:x-amz-server-side-encryption\":\"true\"}}},{\"Sid\":\"EnforceTlsRequestsOnly\",\"Effect\":\"Deny\",\"Action\":\"s3:*\",\"Resource\":[\"arn:aws:s3:::unityhub-production-customer-shared-terraform-state/*\",\"arn:aws:s3:::unityhub-production-customer-shared-terraform-state\"],\"Principal\":{\"AWS\":\"*\"},\"Condition\":{\"Bool\":{\"aws:SecureTransport\":\"false\"}}}]}",
            "override_json": null,
            "override_policy_documents": null,
            "policy_id": null,
            "source_json": null,
            "source_policy_documents": null,
            "statement": [
              {
                "actions": [
                  "s3:PutObject"
                ],
                "condition": [
                  {
                    "test": "StringNotEquals",
                    "values": [
                      "AES256",
                      "aws:kms"
                    ],
                    "variable": "s3:x-amz-server-side-encryption"
                  }
                ],
                "effect": "Deny",
                "not_actions": [],
                "not_principals": [],
                "not_resources": [],
                "principals": [
                  {
                    "identifiers": [
                      "*"
                    ],
                    "type": "AWS"
                  }
                ],
                "resources": [
                  "arn:aws:s3:::unityhub-production-customer-shared-terraform-state/*"
                ],
                "sid": "DenyIncorrectEncryptionHeader"
              },
              {
                "actions": [
                  "s3:PutObject"
                ],
                "condition": [
                  {
                    "test": "Null",
                    "values": [
                      "true"
                    ],
                    "variable": "s3:x-amz-server-side-encryption"
                  }
                ],
                "effect": "Deny",
                "not_actions": [],
                "not_principals": [],
                "not_resources": [],
                "principals": [
                  {
                    "identifiers": [
                      "*"
                    ],
                    "type": "AWS"
                  }
                ],
                "resources": [
                  "arn:aws:s3:::unityhub-production-customer-shared-terraform-state/*"
                ],
                "sid": "DenyUnEncryptedObjectUploads"
              },
              {
                "actions": [
                  "s3:*"
                ],
                "condition": [
                  {
                    "test": "Bool",
                    "values": [
                      "false"
                    ],
                    "variable": "aws:SecureTransport"
                  }
                ],
                "effect": "Deny",
                "not_actions": [],
                "not_principals": [],
                "not_resources": [],
                "principals": [
                  {
                    "identifiers": [
                      "*"
                    ],
                    "type": "AWS"
                  }
                ],
                "resources": [
                  "arn:aws:s3:::unityhub-production-customer-shared-terraform-state",
                  "arn:aws:s3:::unityhub-production-customer-shared-terraform-state/*"
                ],
                "sid": "EnforceTlsRequestsOnly"
              }
            ],
            "version": "2012-10-17"
          },
          "sensitive_attributes": [],
          "identity_schema_version": 0
        }
      ]
    },
    {
      "module": "module.common_resources_staging.module.customer.module.terraform_state_backend_customer_shared",
      "mode": "data",
      "type": "aws_region",
      "name": "current",
      "provider": "provider[\"registry.terraform.io/hashicorp/aws\"]",
      "instances": [
        {
          "schema_version": 0,
          "attributes": {
            "description": "US East (N. Virginia)",
            "endpoint": "ec2.us-east-1.amazonaws.com",
            "id": "us-east-1",
            "name": "us-east-1"
          },
          "sensitive_attributes": [],
          "identity_schema_version": 0
        }
      ]
    },
    {
      "module": "module.common_resources_staging.module.customer.module.terraform_state_backend_customer_shared",
      "mode": "managed",
      "type": "aws_dynamodb_table",
      "name": "with_server_side_encryption",
      "provider": "provider[\"registry.terraform.io/hashicorp/aws\"]",
      "instances": [
        {
          "index_key": 0,
          "schema_version": 1,
          "attributes": {
            "arn": "arn:aws:dynamodb:us-east-1:514472330244:table/unityhub-production-customer-shared-terraform-state-lock",
            "attribute": [
              {
                "name": "LockID",
                "type": "S"
              }
            ],
            "billing_mode": "PAY_PER_REQUEST",
            "deletion_protection_enabled": false,
            "global_secondary_index": [],
            "hash_key": "LockID",
            "id": "unityhub-production-customer-shared-terraform-state-lock",
            "import_table": [],
            "local_secondary_index": [],
            "name": "unityhub-production-customer-shared-terraform-state-lock",
            "on_demand_throughput": [],
            "point_in_time_recovery": [
              {
                "enabled": true,
                "recovery_period_in_days": 35
              }
            ],
            "range_key": null,
            "read_capacity": 0,
            "replica": [],
            "restore_date_time": null,
            "restore_source_name": null,
            "restore_source_table_arn": null,
            "restore_to_latest_time": null,
            "server_side_encryption": [
              {
                "enabled": true,
                "kms_key_arn": ""
              }
            ],
            "stream_arn": "",
            "stream_enabled": false,
            "stream_label": "",
            "stream_view_type": "",
            "table_class": "STANDARD",
            "tags": {
              "Attributes": "terraform-state-lock",
              "Name": "unityhub-production-customer-shared-terraform-state-lock",
              "Namespace": "unityhub",
              "Stage": "production"
            },
            "tags_all": {
              "Attributes": "terraform-state-lock",
              "Name": "unityhub-production-customer-shared-terraform-state-lock",
              "Namespace": "unityhub",
              "Stage": "production"
            },
            "timeouts": null,
            "ttl": [
              {
                "attribute_name": "",
                "enabled": false
              }
            ],
            "write_capacity": 0
          },
          "sensitive_attributes": [],
          "identity_schema_version": 0,
          "private": "eyJlMmJmYjczMC1lY2FhLTExZTYtOGY4OC0zNDM2M2JjN2M0YzAiOnsiY3JlYXRlIjoxODAwMDAwMDAwMDAwLCJkZWxldGUiOjYwMDAwMDAwMDAwMCwidXBkYXRlIjozNjAwMDAwMDAwMDAwfSwic2NoZW1hX3ZlcnNpb24iOiIxIn0="
        }
      ]
    },
    {
      "module": "module.common_resources_staging.module.customer.module.terraform_state_backend_customer_shared",
      "mode": "managed",
      "type": "aws_s3_bucket",
      "name": "default",
      "provider": "provider[\"registry.terraform.io/hashicorp/aws\"]",
      "instances": [
        {
          "index_key": 0,
          "schema_version": 0,
          "attributes": {
            "acceleration_status": "",
            "acl": null,
            "arn": "arn:aws:s3:::unityhub-production-customer-shared-terraform-state",
            "bucket": "unityhub-production-customer-shared-terraform-state",
            "bucket_domain_name": "unityhub-production-customer-shared-terraform-state.s3.amazonaws.com",
            "bucket_prefix": "",
            "bucket_regional_domain_name": "unityhub-production-customer-shared-terraform-state.s3.us-east-1.amazonaws.com",
            "cors_rule": [],
            "force_destroy": true,
            "grant": [
              {
                "id": "bea86176a486e69a83b4227063efa3be9eb4b243551739d81a6a4b41ec8b3461",
                "permissions": [
                  "FULL_CONTROL"
                ],
                "type": "CanonicalUser",
                "uri": ""
              }
            ],
            "hosted_zone_id": "Z3AQBSTGFYJSTF",
            "id": "unityhub-production-customer-shared-terraform-state",
            "lifecycle_rule": [],
            "logging": [],
            "object_lock_configuration": [],
            "object_lock_enabled": false,
            "policy": "{\"Statement\":[{\"Action\":\"s3:PutObject\",\"Condition\":{\"StringNotEquals\":{\"s3:x-amz-server-side-encryption\":[\"AES256\",\"aws:kms\"]}},\"Effect\":\"Deny\",\"Principal\":{\"AWS\":\"*\"},\"Resource\":\"arn:aws:s3:::unityhub-production-customer-shared-terraform-state/*\",\"Sid\":\"DenyIncorrectEncryptionHeader\"},{\"Action\":\"s3:PutObject\",\"Condition\":{\"Null\":{\"s3:x-amz-server-side-encryption\":\"true\"}},\"Effect\":\"Deny\",\"Principal\":{\"AWS\":\"*\"},\"Resource\":\"arn:aws:s3:::unityhub-production-customer-shared-terraform-state/*\",\"Sid\":\"DenyUnEncryptedObjectUploads\"},{\"Action\":\"s3:*\",\"Condition\":{\"Bool\":{\"aws:SecureTransport\":\"false\"}},\"Effect\":\"Deny\",\"Principal\":{\"AWS\":\"*\"},\"Resource\":[\"arn:aws:s3:::unityhub-production-customer-shared-terraform-state/*\",\"arn:aws:s3:::unityhub-production-customer-shared-terraform-state\"],\"Sid\":\"EnforceTlsRequestsOnly\"}],\"Version\":\"2012-10-17\"}",
            "region": "us-east-1",
            "replication_configuration": [],
            "request_payer": "BucketOwner",
            "server_side_encryption_configuration": [
              {
                "rule": [
                  {
                    "apply_server_side_encryption_by_default": [
                      {
                        "kms_master_key_id": "",
                        "sse_algorithm": "AES256"
                      }
                    ],
                    "bucket_key_enabled": false
                  }
                ]
              }
            ],
            "tags": {
              "Attributes": "terraform-state",
              "Name": "unityhub-production-customer-shared-terraform-state",
              "Namespace": "unityhub",
              "Stage": "production"
            },
            "tags_all": {
              "Attributes": "terraform-state",
              "Name": "unityhub-production-customer-shared-terraform-state",
              "Namespace": "unityhub",
              "Stage": "production"
            },
            "timeouts": null,
            "versioning": [
              {
                "enabled": true,
                "mfa_delete": false
              }
            ],
            "website": [],
            "website_domain": null,
            "website_endpoint": null
          },
          "sensitive_attributes": [],
          "identity_schema_version": 0,
          "private": "eyJlMmJmYjczMC1lY2FhLTExZTYtOGY4OC0zNDM2M2JjN2M0YzAiOnsiY3JlYXRlIjoxMjAwMDAwMDAwMDAwLCJkZWxldGUiOjM2MDAwMDAwMDAwMDAsInJlYWQiOjEyMDAwMDAwMDAwMDAsInVwZGF0ZSI6MTIwMDAwMDAwMDAwMH19"
        }
      ]
    },
    {
      "module": "module.common_resources_staging.module.customer.module.terraform_state_backend_customer_shared",
      "mode": "managed",
      "type": "aws_s3_bucket_ownership_controls",
      "name": "default",
      "provider": "provider[\"registry.terraform.io/hashicorp/aws\"]",
      "instances": [
        {
          "index_key": 0,
          "schema_version": 0,
          "attributes": {
            "bucket": "unityhub-production-customer-shared-terraform-state",
            "id": "unityhub-production-customer-shared-terraform-state",
            "rule": [
              {
                "object_ownership": "BucketOwnerEnforced"
              }
            ]
          },
          "sensitive_attributes": [],
          "identity_schema_version": 0,
          "private": "bnVsbA==",
          "dependencies": [
            "module.common_resources_staging.module.customer.module.terraform_state_backend_customer_shared.aws_s3_bucket.default"
          ]
        }
      ]
    },
    {
      "module": "module.common_resources_staging.module.customer.module.terraform_state_backend_customer_shared",
      "mode": "managed",
      "type": "aws_s3_bucket_policy",
      "name": "default",
      "provider": "provider[\"registry.terraform.io/hashicorp/aws\"]",
      "instances": [
        {
          "index_key": 0,
          "schema_version": 0,
          "attributes": {
            "bucket": "unityhub-production-customer-shared-terraform-state",
            "id": "unityhub-production-customer-shared-terraform-state",
            "policy": "{\"Statement\":[{\"Action\":\"s3:PutObject\",\"Condition\":{\"StringNotEquals\":{\"s3:x-amz-server-side-encryption\":[\"AES256\",\"aws:kms\"]}},\"Effect\":\"Deny\",\"Principal\":{\"AWS\":\"*\"},\"Resource\":\"arn:aws:s3:::unityhub-production-customer-shared-terraform-state/*\",\"Sid\":\"DenyIncorrectEncryptionHeader\"},{\"Action\":\"s3:PutObject\",\"Condition\":{\"Null\":{\"s3:x-amz-server-side-encryption\":\"true\"}},\"Effect\":\"Deny\",\"Principal\":{\"AWS\":\"*\"},\"Resource\":\"arn:aws:s3:::unityhub-production-customer-shared-terraform-state/*\",\"Sid\":\"DenyUnEncryptedObjectUploads\"},{\"Action\":\"s3:*\",\"Condition\":{\"Bool\":{\"aws:SecureTransport\":\"false\"}},\"Effect\":\"Deny\",\"Principal\":{\"AWS\":\"*\"},\"Resource\":[\"arn:aws:s3:::unityhub-production-customer-shared-terraform-state/*\",\"arn:aws:s3:::unityhub-production-customer-shared-terraform-state\"],\"Sid\":\"EnforceTlsRequestsOnly\"}],\"Version\":\"2012-10-17\"}"
          },
          "sensitive_attributes": [],
          "identity_schema_version": 0,
          "private": "bnVsbA==",
          "dependencies": [
            "module.common_resources_staging.module.customer.module.terraform_state_backend_customer_shared.aws_s3_bucket.default",
            "module.common_resources_staging.module.customer.module.terraform_state_backend_customer_shared.data.aws_iam_policy_document.prevent_unencrypted_uploads"
          ]
        }
      ]
    },
    {
      "module": "module.common_resources_staging.module.customer.module.terraform_state_backend_customer_shared",
      "mode": "managed",
      "type": "aws_s3_bucket_public_access_block",
      "name": "default",
      "provider": "provider[\"registry.terraform.io/hashicorp/aws\"]",
      "instances": [
        {
          "index_key": 0,
          "schema_version": 0,
          "attributes": {
            "block_public_acls": true,
            "block_public_policy": true,
            "bucket": "unityhub-production-customer-shared-terraform-state",
            "id": "unityhub-production-customer-shared-terraform-state",
            "ignore_public_acls": true,
            "restrict_public_buckets": true
          },
          "sensitive_attributes": [],
          "identity_schema_version": 0,
          "private": "bnVsbA==",
          "dependencies": [
            "module.common_resources_staging.module.customer.module.terraform_state_backend_customer_shared.aws_s3_bucket.default"
          ]
        }
      ]
    },
    {
      "module": "module.common_resources_staging.module.customer.module.terraform_state_backend_customer_shared",
      "mode": "managed",
      "type": "aws_s3_bucket_server_side_encryption_configuration",
      "name": "default",
      "provider": "provider[\"registry.terraform.io/hashicorp/aws\"]",
      "instances": [
        {
          "index_key": 0,
          "schema_version": 0,
          "attributes": {
            "bucket": "unityhub-production-customer-shared-terraform-state",
            "expected_bucket_owner": "",
            "id": "unityhub-production-customer-shared-terraform-state",
            "rule": [
              {
                "apply_server_side_encryption_by_default": [
                  {
                    "kms_master_key_id": "",
                    "sse_algorithm": "AES256"
                  }
                ],
                "bucket_key_enabled": false
              }
            ]
          },
          "sensitive_attributes": [],
          "identity_schema_version": 0,
          "private": "bnVsbA==",
          "dependencies": [
            "module.common_resources_staging.module.customer.module.terraform_state_backend_customer_shared.aws_s3_bucket.default"
          ]
        }
      ]
    },
    {
      "module": "module.common_resources_staging.module.customer.module.terraform_state_backend_customer_shared",
      "mode": "managed",
      "type": "aws_s3_bucket_versioning",
      "name": "default",
      "provider": "provider[\"registry.terraform.io/hashicorp/aws\"]",
      "instances": [
        {
          "index_key": 0,
          "schema_version": 0,
          "attributes": {
            "bucket": "unityhub-production-customer-shared-terraform-state",
            "expected_bucket_owner": "",
            "id": "unityhub-production-customer-shared-terraform-state",
            "mfa": null,
            "versioning_configuration": [
              {
                "mfa_delete": "Disabled",
                "status": "Enabled"
              }
            ]
          },
          "sensitive_attributes": [],
          "identity_schema_version": 0,
          "private": "bnVsbA==",
          "dependencies": [
            "module.common_resources_staging.module.customer.module.terraform_state_backend_customer_shared.aws_s3_bucket.default"
          ]
        }
      ]
    },
    {
      "module": "module.common_resources_staging.module.customer.module.terraform_state_backend_customer_shared",
      "mode": "managed",
      "type": "local_file",
      "name": "terraform_backend_config",
      "provider": "provider[\"registry.terraform.io/hashicorp/local\"]",
      "instances": [
        {
          "index_key": 0,
          "schema_version": 0,
          "attributes": {
            "content": "terraform {\n  required_version = \"\u003e= 1.0.0\"\n\n  backend \"s3\" {\n    region         = \"us-east-1\"\n    bucket         = \"unityhub-production-customer-shared-terraform-state\"\n    key            = \"terraform.tfstate\"\n    dynamodb_table = \"unityhub-production-customer-shared-terraform-state-lock\"\n    profile        = \"\"\n    role_arn       = \"\"\n    encrypt        = \"true\"\n  }\n}\n",
            "content_base64": null,
            "content_base64sha256": "Qick+FmPqa9fpTjZK7pRs1kD4hqwQ76NCL2yHXW7IOk=",
            "content_base64sha512": "mLr/ABEjMNERfTI8k7KfaTFKONC1jI+SvLkT0lI+Wy7kt4gypkEXxVfWPSyP1dgfhEIZZ3ObnstYB2w7Mg7jxA==",
            "content_md5": "3558eeb319027003d774525cc2a61e12",
            "content_sha1": "eb800e220e5fd85f0345d17fa8726b1bd3a228b6",
            "content_sha256": "422724f8598fa9af5fa538d92bba51b35903e21ab043be8d08bdb21d75bb20e9",
            "content_sha512": "98baff00112330d1117d323c93b29f69314a38d0b58c8f92bcb913d2523e5b2ee4b78832a64117c557d63d2c8fd5d81f84421967739b9ecb58076c3b320ee3c4",
            "directory_permission": "0777",
            "file_permission": "0644",
            "filename": "./backend/backend_customer_shared.tf",
            "id": "eb800e220e5fd85f0345d17fa8726b1bd3a228b6",
            "sensitive_content": null,
            "source": null
          },
          "sensitive_attributes": [
            [
              {
                "type": "get_attr",
                "value": "sensitive_content"
              }
            ]
          ],
          "identity_schema_version": 0,
          "dependencies": [
            "module.common_resources_staging.module.customer.module.terraform_state_backend_customer_shared.aws_dynamodb_table.with_server_side_encryption",
            "module.common_resources_staging.module.customer.module.terraform_state_backend_customer_shared.aws_s3_bucket.default",
            "module.common_resources_staging.module.customer.module.terraform_state_backend_customer_shared.data.aws_region.current"
          ]
        }
      ]
    },
    {
      "module": "module.common_resources_staging.module.gcp_oneoff.module.terraform_state_backend_gcp_oneoff",
      "mode": "data",
      "type": "aws_iam_policy_document",
      "name": "prevent_unencrypted_uploads",
      "provider": "provider[\"registry.terraform.io/hashicorp/aws\"]",
      "instances": [
        {
          "index_key": 0,
          "schema_version": 0,
          "attributes": {
            "id": "1822776819",
            "json": "{\n  \"Version\": \"2012-10-17\",\n  \"Statement\": [\n    {\n      \"Sid\": \"DenyIncorrectEncryptionHeader\",\n      \"Effect\": \"Deny\",\n      \"Action\": \"s3:PutObject\",\n      \"Resource\": \"arn:aws:s3:::unityhub-production-gcp-oneoff-terraform-state/*\",\n      \"Principal\": {\n        \"AWS\": \"*\"\n      },\n      \"Condition\": {\n        \"StringNotEquals\": {\n          \"s3:x-amz-server-side-encryption\": [\n            \"AES256\",\n            \"aws:kms\"\n          ]\n        }\n      }\n    },\n    {\n      \"Sid\": \"DenyUnEncryptedObjectUploads\",\n      \"Effect\": \"Deny\",\n      \"Action\": \"s3:PutObject\",\n      \"Resource\": \"arn:aws:s3:::unityhub-production-gcp-oneoff-terraform-state/*\",\n      \"Principal\": {\n        \"AWS\": \"*\"\n      },\n      \"Condition\": {\n        \"Null\": {\n          \"s3:x-amz-server-side-encryption\": \"true\"\n        }\n      }\n    },\n    {\n      \"Sid\": \"EnforceTlsRequestsOnly\",\n      \"Effect\": \"Deny\",\n      \"Action\": \"s3:*\",\n      \"Resource\": [\n        \"arn:aws:s3:::unityhub-production-gcp-oneoff-terraform-state/*\",\n        \"arn:aws:s3:::unityhub-production-gcp-oneoff-terraform-state\"\n      ],\n      \"Principal\": {\n        \"AWS\": \"*\"\n      },\n      \"Condition\": {\n        \"Bool\": {\n          \"aws:SecureTransport\": \"false\"\n        }\n      }\n    }\n  ]\n}",
            "minified_json": "{\"Version\":\"2012-10-17\",\"Statement\":[{\"Sid\":\"DenyIncorrectEncryptionHeader\",\"Effect\":\"Deny\",\"Action\":\"s3:PutObject\",\"Resource\":\"arn:aws:s3:::unityhub-production-gcp-oneoff-terraform-state/*\",\"Principal\":{\"AWS\":\"*\"},\"Condition\":{\"StringNotEquals\":{\"s3:x-amz-server-side-encryption\":[\"AES256\",\"aws:kms\"]}}},{\"Sid\":\"DenyUnEncryptedObjectUploads\",\"Effect\":\"Deny\",\"Action\":\"s3:PutObject\",\"Resource\":\"arn:aws:s3:::unityhub-production-gcp-oneoff-terraform-state/*\",\"Principal\":{\"AWS\":\"*\"},\"Condition\":{\"Null\":{\"s3:x-amz-server-side-encryption\":\"true\"}}},{\"Sid\":\"EnforceTlsRequestsOnly\",\"Effect\":\"Deny\",\"Action\":\"s3:*\",\"Resource\":[\"arn:aws:s3:::unityhub-production-gcp-oneoff-terraform-state/*\",\"arn:aws:s3:::unityhub-production-gcp-oneoff-terraform-state\"],\"Principal\":{\"AWS\":\"*\"},\"Condition\":{\"Bool\":{\"aws:SecureTransport\":\"false\"}}}]}",
            "override_json": null,
            "override_policy_documents": null,
            "policy_id": null,
            "source_json": null,
            "source_policy_documents": null,
            "statement": [
              {
                "actions": [
                  "s3:PutObject"
                ],
                "condition": [
                  {
                    "test": "StringNotEquals",
                    "values": [
                      "AES256",
                      "aws:kms"
                    ],
                    "variable": "s3:x-amz-server-side-encryption"
                  }
                ],
                "effect": "Deny",
                "not_actions": [],
                "not_principals": [],
                "not_resources": [],
                "principals": [
                  {
                    "identifiers": [
                      "*"
                    ],
                    "type": "AWS"
                  }
                ],
                "resources": [
                  "arn:aws:s3:::unityhub-production-gcp-oneoff-terraform-state/*"
                ],
                "sid": "DenyIncorrectEncryptionHeader"
              },
              {
                "actions": [
                  "s3:PutObject"
                ],
                "condition": [
                  {
                    "test": "Null",
                    "values": [
                      "true"
                    ],
                    "variable": "s3:x-amz-server-side-encryption"
                  }
                ],
                "effect": "Deny",
                "not_actions": [],
                "not_principals": [],
                "not_resources": [],
                "principals": [
                  {
                    "identifiers": [
                      "*"
                    ],
                    "type": "AWS"
                  }
                ],
                "resources": [
                  "arn:aws:s3:::unityhub-production-gcp-oneoff-terraform-state/*"
                ],
                "sid": "DenyUnEncryptedObjectUploads"
              },
              {
                "actions": [
                  "s3:*"
                ],
                "condition": [
                  {
                    "test": "Bool",
                    "values": [
                      "false"
                    ],
                    "variable": "aws:SecureTransport"
                  }
                ],
                "effect": "Deny",
                "not_actions": [],
                "not_principals": [],
                "not_resources": [],
                "principals": [
                  {
                    "identifiers": [
                      "*"
                    ],
                    "type": "AWS"
                  }
                ],
                "resources": [
                  "arn:aws:s3:::unityhub-production-gcp-oneoff-terraform-state",
                  "arn:aws:s3:::unityhub-production-gcp-oneoff-terraform-state/*"
                ],
                "sid": "EnforceTlsRequestsOnly"
              }
            ],
            "version": "2012-10-17"
          },
          "sensitive_attributes": [],
          "identity_schema_version": 0
        }
      ]
    },
    {
      "module": "module.common_resources_staging.module.gcp_oneoff.module.terraform_state_backend_gcp_oneoff",
      "mode": "data",
      "type": "aws_region",
      "name": "current",
      "provider": "provider[\"registry.terraform.io/hashicorp/aws\"]",
      "instances": [
        {
          "schema_version": 0,
          "attributes": {
            "description": "US East (N. Virginia)",
            "endpoint": "ec2.us-east-1.amazonaws.com",
            "id": "us-east-1",
            "name": "us-east-1"
          },
          "sensitive_attributes": [],
          "identity_schema_version": 0
        }
      ]
    },
    {
      "module": "module.common_resources_staging.module.gcp_oneoff.module.terraform_state_backend_gcp_oneoff",
      "mode": "managed",
      "type": "aws_dynamodb_table",
      "name": "with_server_side_encryption",
      "provider": "provider[\"registry.terraform.io/hashicorp/aws\"]",
      "instances": [
        {
          "index_key": 0,
          "schema_version": 1,
          "attributes": {
            "arn": "arn:aws:dynamodb:us-east-1:514472330244:table/unityhub-production-gcp-oneoff-terraform-state-lock",
            "attribute": [
              {
                "name": "LockID",
                "type": "S"
              }
            ],
            "billing_mode": "PAY_PER_REQUEST",
            "deletion_protection_enabled": false,
            "global_secondary_index": [],
            "hash_key": "LockID",
            "id": "unityhub-production-gcp-oneoff-terraform-state-lock",
            "import_table": [],
            "local_secondary_index": [],
            "name": "unityhub-production-gcp-oneoff-terraform-state-lock",
            "on_demand_throughput": [],
            "point_in_time_recovery": [
              {
                "enabled": true,
                "recovery_period_in_days": 35
              }
            ],
            "range_key": null,
            "read_capacity": 0,
            "replica": [],
            "restore_date_time": null,
            "restore_source_name": null,
            "restore_source_table_arn": null,
            "restore_to_latest_time": null,
            "server_side_encryption": [
              {
                "enabled": true,
                "kms_key_arn": ""
              }
            ],
            "stream_arn": "",
            "stream_enabled": false,
            "stream_label": "",
            "stream_view_type": "",
            "table_class": "STANDARD",
            "tags": {
              "Attributes": "terraform-state-lock",
              "Name": "unityhub-production-gcp-oneoff-terraform-state-lock",
              "Namespace": "unityhub",
              "Stage": "production"
            },
            "tags_all": {
              "Attributes": "terraform-state-lock",
              "Name": "unityhub-production-gcp-oneoff-terraform-state-lock",
              "Namespace": "unityhub",
              "Stage": "production"
            },
            "timeouts": null,
            "ttl": [
              {
                "attribute_name": "",
                "enabled": false
              }
            ],
            "write_capacity": 0
          },
          "sensitive_attributes": [],
          "identity_schema_version": 0,
          "private": "eyJlMmJmYjczMC1lY2FhLTExZTYtOGY4OC0zNDM2M2JjN2M0YzAiOnsiY3JlYXRlIjoxODAwMDAwMDAwMDAwLCJkZWxldGUiOjYwMDAwMDAwMDAwMCwidXBkYXRlIjozNjAwMDAwMDAwMDAwfSwic2NoZW1hX3ZlcnNpb24iOiIxIn0="
        }
      ]
    },
    {
      "module": "module.common_resources_staging.module.gcp_oneoff.module.terraform_state_backend_gcp_oneoff",
      "mode": "managed",
      "type": "aws_s3_bucket",
      "name": "default",
      "provider": "provider[\"registry.terraform.io/hashicorp/aws\"]",
      "instances": [
        {
          "index_key": 0,
          "schema_version": 0,
          "attributes": {
            "acceleration_status": "",
            "acl": null,
            "arn": "arn:aws:s3:::unityhub-production-gcp-oneoff-terraform-state",
            "bucket": "unityhub-production-gcp-oneoff-terraform-state",
            "bucket_domain_name": "unityhub-production-gcp-oneoff-terraform-state.s3.amazonaws.com",
            "bucket_prefix": "",
            "bucket_regional_domain_name": "unityhub-production-gcp-oneoff-terraform-state.s3.us-east-1.amazonaws.com",
            "cors_rule": [],
            "force_destroy": true,
            "grant": [
              {
                "id": "bea86176a486e69a83b4227063efa3be9eb4b243551739d81a6a4b41ec8b3461",
                "permissions": [
                  "FULL_CONTROL"
                ],
                "type": "CanonicalUser",
                "uri": ""
              }
            ],
            "hosted_zone_id": "Z3AQBSTGFYJSTF",
            "id": "unityhub-production-gcp-oneoff-terraform-state",
            "lifecycle_rule": [],
            "logging": [],
            "object_lock_configuration": [],
            "object_lock_enabled": false,
            "policy": "{\"Statement\":[{\"Action\":\"s3:PutObject\",\"Condition\":{\"StringNotEquals\":{\"s3:x-amz-server-side-encryption\":[\"AES256\",\"aws:kms\"]}},\"Effect\":\"Deny\",\"Principal\":{\"AWS\":\"*\"},\"Resource\":\"arn:aws:s3:::unityhub-production-gcp-oneoff-terraform-state/*\",\"Sid\":\"DenyIncorrectEncryptionHeader\"},{\"Action\":\"s3:PutObject\",\"Condition\":{\"Null\":{\"s3:x-amz-server-side-encryption\":\"true\"}},\"Effect\":\"Deny\",\"Principal\":{\"AWS\":\"*\"},\"Resource\":\"arn:aws:s3:::unityhub-production-gcp-oneoff-terraform-state/*\",\"Sid\":\"DenyUnEncryptedObjectUploads\"},{\"Action\":\"s3:*\",\"Condition\":{\"Bool\":{\"aws:SecureTransport\":\"false\"}},\"Effect\":\"Deny\",\"Principal\":{\"AWS\":\"*\"},\"Resource\":[\"arn:aws:s3:::unityhub-production-gcp-oneoff-terraform-state/*\",\"arn:aws:s3:::unityhub-production-gcp-oneoff-terraform-state\"],\"Sid\":\"EnforceTlsRequestsOnly\"}],\"Version\":\"2012-10-17\"}",
            "region": "us-east-1",
            "replication_configuration": [],
            "request_payer": "BucketOwner",
            "server_side_encryption_configuration": [
              {
                "rule": [
                  {
                    "apply_server_side_encryption_by_default": [
                      {
                        "kms_master_key_id": "",
                        "sse_algorithm": "AES256"
                      }
                    ],
                    "bucket_key_enabled": false
                  }
                ]
              }
            ],
            "tags": {
              "Attributes": "terraform-state",
              "Name": "unityhub-production-gcp-oneoff-terraform-state",
              "Namespace": "unityhub",
              "Stage": "production"
            },
            "tags_all": {
              "Attributes": "terraform-state",
              "Name": "unityhub-production-gcp-oneoff-terraform-state",
              "Namespace": "unityhub",
              "Stage": "production"
            },
            "timeouts": null,
            "versioning": [
              {
                "enabled": true,
                "mfa_delete": false
              }
            ],
            "website": [],
            "website_domain": null,
            "website_endpoint": null
          },
          "sensitive_attributes": [],
          "identity_schema_version": 0,
          "private": "eyJlMmJmYjczMC1lY2FhLTExZTYtOGY4OC0zNDM2M2JjN2M0YzAiOnsiY3JlYXRlIjoxMjAwMDAwMDAwMDAwLCJkZWxldGUiOjM2MDAwMDAwMDAwMDAsInJlYWQiOjEyMDAwMDAwMDAwMDAsInVwZGF0ZSI6MTIwMDAwMDAwMDAwMH19"
        }
      ]
    },
    {
      "module": "module.common_resources_staging.module.gcp_oneoff.module.terraform_state_backend_gcp_oneoff",
      "mode": "managed",
      "type": "aws_s3_bucket_ownership_controls",
      "name": "default",
      "provider": "provider[\"registry.terraform.io/hashicorp/aws\"]",
      "instances": [
        {
          "index_key": 0,
          "schema_version": 0,
          "attributes": {
            "bucket": "unityhub-production-gcp-oneoff-terraform-state",
            "id": "unityhub-production-gcp-oneoff-terraform-state",
            "rule": [
              {
                "object_ownership": "BucketOwnerEnforced"
              }
            ]
          },
          "sensitive_attributes": [],
          "identity_schema_version": 0,
          "private": "bnVsbA==",
          "dependencies": [
            "module.common_resources_staging.module.gcp_oneoff.module.terraform_state_backend_gcp_oneoff.aws_s3_bucket.default"
          ]
        }
      ]
    },
    {
      "module": "module.common_resources_staging.module.gcp_oneoff.module.terraform_state_backend_gcp_oneoff",
      "mode": "managed",
      "type": "aws_s3_bucket_policy",
      "name": "default",
      "provider": "provider[\"registry.terraform.io/hashicorp/aws\"]",
      "instances": [
        {
          "index_key": 0,
          "schema_version": 0,
          "attributes": {
            "bucket": "unityhub-production-gcp-oneoff-terraform-state",
            "id": "unityhub-production-gcp-oneoff-terraform-state",
            "policy": "{\"Statement\":[{\"Action\":\"s3:PutObject\",\"Condition\":{\"StringNotEquals\":{\"s3:x-amz-server-side-encryption\":[\"AES256\",\"aws:kms\"]}},\"Effect\":\"Deny\",\"Principal\":{\"AWS\":\"*\"},\"Resource\":\"arn:aws:s3:::unityhub-production-gcp-oneoff-terraform-state/*\",\"Sid\":\"DenyIncorrectEncryptionHeader\"},{\"Action\":\"s3:PutObject\",\"Condition\":{\"Null\":{\"s3:x-amz-server-side-encryption\":\"true\"}},\"Effect\":\"Deny\",\"Principal\":{\"AWS\":\"*\"},\"Resource\":\"arn:aws:s3:::unityhub-production-gcp-oneoff-terraform-state/*\",\"Sid\":\"DenyUnEncryptedObjectUploads\"},{\"Action\":\"s3:*\",\"Condition\":{\"Bool\":{\"aws:SecureTransport\":\"false\"}},\"Effect\":\"Deny\",\"Principal\":{\"AWS\":\"*\"},\"Resource\":[\"arn:aws:s3:::unityhub-production-gcp-oneoff-terraform-state/*\",\"arn:aws:s3:::unityhub-production-gcp-oneoff-terraform-state\"],\"Sid\":\"EnforceTlsRequestsOnly\"}],\"Version\":\"2012-10-17\"}"
          },
          "sensitive_attributes": [],
          "identity_schema_version": 0,
          "private": "bnVsbA==",
          "dependencies": [
            "module.common_resources_staging.module.gcp_oneoff.module.terraform_state_backend_gcp_oneoff.aws_s3_bucket.default",
            "module.common_resources_staging.module.gcp_oneoff.module.terraform_state_backend_gcp_oneoff.data.aws_iam_policy_document.prevent_unencrypted_uploads"
          ]
        }
      ]
    },
    {
      "module": "module.common_resources_staging.module.gcp_oneoff.module.terraform_state_backend_gcp_oneoff",
      "mode": "managed",
      "type": "aws_s3_bucket_public_access_block",
      "name": "default",
      "provider": "provider[\"registry.terraform.io/hashicorp/aws\"]",
      "instances": [
        {
          "index_key": 0,
          "schema_version": 0,
          "attributes": {
            "block_public_acls": true,
            "block_public_policy": true,
            "bucket": "unityhub-production-gcp-oneoff-terraform-state",
            "id": "unityhub-production-gcp-oneoff-terraform-state",
            "ignore_public_acls": true,
            "restrict_public_buckets": true
          },
          "sensitive_attributes": [],
          "identity_schema_version": 0,
          "private": "bnVsbA==",
          "dependencies": [
            "module.common_resources_staging.module.gcp_oneoff.module.terraform_state_backend_gcp_oneoff.aws_s3_bucket.default"
          ]
        }
      ]
    },
    {
      "module": "module.common_resources_staging.module.gcp_oneoff.module.terraform_state_backend_gcp_oneoff",
      "mode": "managed",
      "type": "aws_s3_bucket_server_side_encryption_configuration",
      "name": "default",
      "provider": "provider[\"registry.terraform.io/hashicorp/aws\"]",
      "instances": [
        {
          "index_key": 0,
          "schema_version": 0,
          "attributes": {
            "bucket": "unityhub-production-gcp-oneoff-terraform-state",
            "expected_bucket_owner": "",
            "id": "unityhub-production-gcp-oneoff-terraform-state",
            "rule": [
              {
                "apply_server_side_encryption_by_default": [
                  {
                    "kms_master_key_id": "",
                    "sse_algorithm": "AES256"
                  }
                ],
                "bucket_key_enabled": false
              }
            ]
          },
          "sensitive_attributes": [],
          "identity_schema_version": 0,
          "private": "bnVsbA==",
          "dependencies": [
            "module.common_resources_staging.module.gcp_oneoff.module.terraform_state_backend_gcp_oneoff.aws_s3_bucket.default"
          ]
        }
      ]
    },
    {
      "module": "module.common_resources_staging.module.gcp_oneoff.module.terraform_state_backend_gcp_oneoff",
      "mode": "managed",
      "type": "aws_s3_bucket_versioning",
      "name": "default",
      "provider": "provider[\"registry.terraform.io/hashicorp/aws\"]",
      "instances": [
        {
          "index_key": 0,
          "schema_version": 0,
          "attributes": {
            "bucket": "unityhub-production-gcp-oneoff-terraform-state",
            "expected_bucket_owner": "",
            "id": "unityhub-production-gcp-oneoff-terraform-state",
            "mfa": null,
            "versioning_configuration": [
              {
                "mfa_delete": "Disabled",
                "status": "Enabled"
              }
            ]
          },
          "sensitive_attributes": [],
          "identity_schema_version": 0,
          "private": "bnVsbA==",
          "dependencies": [
            "module.common_resources_staging.module.gcp_oneoff.module.terraform_state_backend_gcp_oneoff.aws_s3_bucket.default"
          ]
        }
      ]
    },
    {
      "module": "module.common_resources_staging.module.gcp_oneoff.module.terraform_state_backend_gcp_oneoff",
      "mode": "managed",
      "type": "local_file",
      "name": "terraform_backend_config",
      "provider": "provider[\"registry.terraform.io/hashicorp/local\"]",
      "instances": [
        {
          "index_key": 0,
          "schema_version": 0,
          "attributes": {
            "content": "terraform {\n  required_version = \"\u003e= 1.0.0\"\n\n  backend \"s3\" {\n    region         = \"us-east-1\"\n    bucket         = \"unityhub-production-gcp-oneoff-terraform-state\"\n    key            = \"terraform.tfstate\"\n    dynamodb_table = \"unityhub-production-gcp-oneoff-terraform-state-lock\"\n    profile        = \"\"\n    role_arn       = \"\"\n    encrypt        = \"true\"\n  }\n}\n",
            "content_base64": null,
            "content_base64sha256": "uMx9egcN4NYLm+9gSePZQYdWLk/STax1RsNOwdtMiQQ=",
            "content_base64sha512": "WkWoAgvEW6+tt20WgpSCk6oHAxAcaZmvodIJdOUVR3bHqMoSdhhXCX0DNGIp8E7Vl/CtNbTzMYKeBeLGtWpRmA==",
            "content_md5": "88ad1e3ad106fc0e2b3083b4df8fb33f",
            "content_sha1": "cac2eb5a426e40d38f53967c24ba7cad62ba8601",
            "content_sha256": "b8cc7d7a070de0d60b9bef6049e3d94187562e4fd24dac7546c34ec1db4c8904",
            "content_sha512": "5a45a8020bc45bafadb76d1682948293aa0703101c6999afa1d20974e5154776c7a8ca12761857097d03346229f04ed597f0ad35b4f331829e05e2c6b56a5198",
            "directory_permission": "0777",
            "file_permission": "0644",
            "filename": "./backend/backend_gcp_oneoff.tf",
            "id": "cac2eb5a426e40d38f53967c24ba7cad62ba8601",
            "sensitive_content": null,
            "source": null
          },
          "sensitive_attributes": [
            [
              {
                "type": "get_attr",
                "value": "sensitive_content"
              }
            ]
          ],
          "identity_schema_version": 0,
          "dependencies": [
            "module.common_resources_staging.module.gcp_oneoff.module.terraform_state_backend_gcp_oneoff.aws_dynamodb_table.with_server_side_encryption",
            "module.common_resources_staging.module.gcp_oneoff.module.terraform_state_backend_gcp_oneoff.aws_s3_bucket.default",
            "module.common_resources_staging.module.gcp_oneoff.module.terraform_state_backend_gcp_oneoff.data.aws_region.current"
          ]
        }
      ]
    },
    {
      "module": "module.common_resources_staging.module.location.module.terraform_state_backend_location_shared",
      "mode": "data",
      "type": "aws_iam_policy_document",
      "name": "prevent_unencrypted_uploads",
      "provider": "provider[\"registry.terraform.io/hashicorp/aws\"]",
      "instances": [
        {
          "index_key": 0,
          "schema_version": 0,
          "attributes": {
            "id": "2421815740",
            "json": "{\n  \"Version\": \"2012-10-17\",\n  \"Statement\": [\n    {\n      \"Sid\": \"DenyIncorrectEncryptionHeader\",\n      \"Effect\": \"Deny\",\n      \"Action\": \"s3:PutObject\",\n      \"Resource\": \"arn:aws:s3:::unityhub-production-location-shared-terraform-state/*\",\n      \"Principal\": {\n        \"AWS\": \"*\"\n      },\n      \"Condition\": {\n        \"StringNotEquals\": {\n          \"s3:x-amz-server-side-encryption\": [\n            \"AES256\",\n            \"aws:kms\"\n          ]\n        }\n      }\n    },\n    {\n      \"Sid\": \"DenyUnEncryptedObjectUploads\",\n      \"Effect\": \"Deny\",\n      \"Action\": \"s3:PutObject\",\n      \"Resource\": \"arn:aws:s3:::unityhub-production-location-shared-terraform-state/*\",\n      \"Principal\": {\n        \"AWS\": \"*\"\n      },\n      \"Condition\": {\n        \"Null\": {\n          \"s3:x-amz-server-side-encryption\": \"true\"\n        }\n      }\n    },\n    {\n      \"Sid\": \"EnforceTlsRequestsOnly\",\n      \"Effect\": \"Deny\",\n      \"Action\": \"s3:*\",\n      \"Resource\": [\n        \"arn:aws:s3:::unityhub-production-location-shared-terraform-state/*\",\n        \"arn:aws:s3:::unityhub-production-location-shared-terraform-state\"\n      ],\n      \"Principal\": {\n        \"AWS\": \"*\"\n      },\n      \"Condition\": {\n        \"Bool\": {\n          \"aws:SecureTransport\": \"false\"\n        }\n      }\n    }\n  ]\n}",
            "minified_json": "{\"Version\":\"2012-10-17\",\"Statement\":[{\"Sid\":\"DenyIncorrectEncryptionHeader\",\"Effect\":\"Deny\",\"Action\":\"s3:PutObject\",\"Resource\":\"arn:aws:s3:::unityhub-production-location-shared-terraform-state/*\",\"Principal\":{\"AWS\":\"*\"},\"Condition\":{\"StringNotEquals\":{\"s3:x-amz-server-side-encryption\":[\"AES256\",\"aws:kms\"]}}},{\"Sid\":\"DenyUnEncryptedObjectUploads\",\"Effect\":\"Deny\",\"Action\":\"s3:PutObject\",\"Resource\":\"arn:aws:s3:::unityhub-production-location-shared-terraform-state/*\",\"Principal\":{\"AWS\":\"*\"},\"Condition\":{\"Null\":{\"s3:x-amz-server-side-encryption\":\"true\"}}},{\"Sid\":\"EnforceTlsRequestsOnly\",\"Effect\":\"Deny\",\"Action\":\"s3:*\",\"Resource\":[\"arn:aws:s3:::unityhub-production-location-shared-terraform-state/*\",\"arn:aws:s3:::unityhub-production-location-shared-terraform-state\"],\"Principal\":{\"AWS\":\"*\"},\"Condition\":{\"Bool\":{\"aws:SecureTransport\":\"false\"}}}]}",
            "override_json": null,
            "override_policy_documents": null,
            "policy_id": null,
            "source_json": null,
            "source_policy_documents": null,
            "statement": [
              {
                "actions": [
                  "s3:PutObject"
                ],
                "condition": [
                  {
                    "test": "StringNotEquals",
                    "values": [
                      "AES256",
                      "aws:kms"
                    ],
                    "variable": "s3:x-amz-server-side-encryption"
                  }
                ],
                "effect": "Deny",
                "not_actions": [],
                "not_principals": [],
                "not_resources": [],
                "principals": [
                  {
                    "identifiers": [
                      "*"
                    ],
                    "type": "AWS"
                  }
                ],
                "resources": [
                  "arn:aws:s3:::unityhub-production-location-shared-terraform-state/*"
                ],
                "sid": "DenyIncorrectEncryptionHeader"
              },
              {
                "actions": [
                  "s3:PutObject"
                ],
                "condition": [
                  {
                    "test": "Null",
                    "values": [
                      "true"
                    ],
                    "variable": "s3:x-amz-server-side-encryption"
                  }
                ],
                "effect": "Deny",
                "not_actions": [],
                "not_principals": [],
                "not_resources": [],
                "principals": [
                  {
                    "identifiers": [
                      "*"
                    ],
                    "type": "AWS"
                  }
                ],
                "resources": [
                  "arn:aws:s3:::unityhub-production-location-shared-terraform-state/*"
                ],
                "sid": "DenyUnEncryptedObjectUploads"
              },
              {
                "actions": [
                  "s3:*"
                ],
                "condition": [
                  {
                    "test": "Bool",
                    "values": [
                      "false"
                    ],
                    "variable": "aws:SecureTransport"
                  }
                ],
                "effect": "Deny",
                "not_actions": [],
                "not_principals": [],
                "not_resources": [],
                "principals": [
                  {
                    "identifiers": [
                      "*"
                    ],
                    "type": "AWS"
                  }
                ],
                "resources": [
                  "arn:aws:s3:::unityhub-production-location-shared-terraform-state",
                  "arn:aws:s3:::unityhub-production-location-shared-terraform-state/*"
                ],
                "sid": "EnforceTlsRequestsOnly"
              }
            ],
            "version": "2012-10-17"
          },
          "sensitive_attributes": [],
          "identity_schema_version": 0
        }
      ]
    },
    {
      "module": "module.common_resources_staging.module.location.module.terraform_state_backend_location_shared",
      "mode": "data",
      "type": "aws_region",
      "name": "current",
      "provider": "provider[\"registry.terraform.io/hashicorp/aws\"]",
      "instances": [
        {
          "schema_version": 0,
          "attributes": {
            "description": "US East (N. Virginia)",
            "endpoint": "ec2.us-east-1.amazonaws.com",
            "id": "us-east-1",
            "name": "us-east-1"
          },
          "sensitive_attributes": [],
          "identity_schema_version": 0
        }
      ]
    },
    {
      "module": "module.common_resources_staging.module.location.module.terraform_state_backend_location_shared",
      "mode": "managed",
      "type": "aws_dynamodb_table",
      "name": "with_server_side_encryption",
      "provider": "provider[\"registry.terraform.io/hashicorp/aws\"]",
      "instances": [
        {
          "index_key": 0,
          "schema_version": 1,
          "attributes": {
            "arn": "arn:aws:dynamodb:us-east-1:514472330244:table/unityhub-production-location-shared-terraform-state-lock",
            "attribute": [
              {
                "name": "LockID",
                "type": "S"
              }
            ],
            "billing_mode": "PAY_PER_REQUEST",
            "deletion_protection_enabled": false,
            "global_secondary_index": [],
            "hash_key": "LockID",
            "id": "unityhub-production-location-shared-terraform-state-lock",
            "import_table": [],
            "local_secondary_index": [],
            "name": "unityhub-production-location-shared-terraform-state-lock",
            "on_demand_throughput": [],
            "point_in_time_recovery": [
              {
                "enabled": true,
                "recovery_period_in_days": 35
              }
            ],
            "range_key": null,
            "read_capacity": 0,
            "replica": [],
            "restore_date_time": null,
            "restore_source_name": null,
            "restore_source_table_arn": null,
            "restore_to_latest_time": null,
            "server_side_encryption": [
              {
                "enabled": true,
                "kms_key_arn": ""
              }
            ],
            "stream_arn": "",
            "stream_enabled": false,
            "stream_label": "",
            "stream_view_type": "",
            "table_class": "STANDARD",
            "tags": {
              "Attributes": "terraform-state-lock",
              "Name": "unityhub-production-location-shared-terraform-state-lock",
              "Namespace": "unityhub",
              "Stage": "production"
            },
            "tags_all": {
              "Attributes": "terraform-state-lock",
              "Name": "unityhub-production-location-shared-terraform-state-lock",
              "Namespace": "unityhub",
              "Stage": "production"
            },
            "timeouts": null,
            "ttl": [
              {
                "attribute_name": "",
                "enabled": false
              }
            ],
            "write_capacity": 0
          },
          "sensitive_attributes": [],
          "identity_schema_version": 0,
          "private": "eyJlMmJmYjczMC1lY2FhLTExZTYtOGY4OC0zNDM2M2JjN2M0YzAiOnsiY3JlYXRlIjoxODAwMDAwMDAwMDAwLCJkZWxldGUiOjYwMDAwMDAwMDAwMCwidXBkYXRlIjozNjAwMDAwMDAwMDAwfSwic2NoZW1hX3ZlcnNpb24iOiIxIn0="
        }
      ]
    },
    {
      "module": "module.common_resources_staging.module.location.module.terraform_state_backend_location_shared",
      "mode": "managed",
      "type": "aws_s3_bucket",
      "name": "default",
      "provider": "provider[\"registry.terraform.io/hashicorp/aws\"]",
      "instances": [
        {
          "index_key": 0,
          "schema_version": 0,
          "attributes": {
            "acceleration_status": "",
            "acl": null,
            "arn": "arn:aws:s3:::unityhub-production-location-shared-terraform-state",
            "bucket": "unityhub-production-location-shared-terraform-state",
            "bucket_domain_name": "unityhub-production-location-shared-terraform-state.s3.amazonaws.com",
            "bucket_prefix": "",
            "bucket_regional_domain_name": "unityhub-production-location-shared-terraform-state.s3.us-east-1.amazonaws.com",
            "cors_rule": [],
            "force_destroy": true,
            "grant": [
              {
                "id": "bea86176a486e69a83b4227063efa3be9eb4b243551739d81a6a4b41ec8b3461",
                "permissions": [
                  "FULL_CONTROL"
                ],
                "type": "CanonicalUser",
                "uri": ""
              }
            ],
            "hosted_zone_id": "Z3AQBSTGFYJSTF",
            "id": "unityhub-production-location-shared-terraform-state",
            "lifecycle_rule": [],
            "logging": [],
            "object_lock_configuration": [],
            "object_lock_enabled": false,
            "policy": "{\"Statement\":[{\"Action\":\"s3:PutObject\",\"Condition\":{\"StringNotEquals\":{\"s3:x-amz-server-side-encryption\":[\"AES256\",\"aws:kms\"]}},\"Effect\":\"Deny\",\"Principal\":{\"AWS\":\"*\"},\"Resource\":\"arn:aws:s3:::unityhub-production-location-shared-terraform-state/*\",\"Sid\":\"DenyIncorrectEncryptionHeader\"},{\"Action\":\"s3:PutObject\",\"Condition\":{\"Null\":{\"s3:x-amz-server-side-encryption\":\"true\"}},\"Effect\":\"Deny\",\"Principal\":{\"AWS\":\"*\"},\"Resource\":\"arn:aws:s3:::unityhub-production-location-shared-terraform-state/*\",\"Sid\":\"DenyUnEncryptedObjectUploads\"},{\"Action\":\"s3:*\",\"Condition\":{\"Bool\":{\"aws:SecureTransport\":\"false\"}},\"Effect\":\"Deny\",\"Principal\":{\"AWS\":\"*\"},\"Resource\":[\"arn:aws:s3:::unityhub-production-location-shared-terraform-state/*\",\"arn:aws:s3:::unityhub-production-location-shared-terraform-state\"],\"Sid\":\"EnforceTlsRequestsOnly\"}],\"Version\":\"2012-10-17\"}",
            "region": "us-east-1",
            "replication_configuration": [],
            "request_payer": "BucketOwner",
            "server_side_encryption_configuration": [
              {
                "rule": [
                  {
                    "apply_server_side_encryption_by_default": [
                      {
                        "kms_master_key_id": "",
                        "sse_algorithm": "AES256"
                      }
                    ],
                    "bucket_key_enabled": false
                  }
                ]
              }
            ],
            "tags": {
              "Attributes": "terraform-state",
              "Name": "unityhub-production-location-shared-terraform-state",
              "Namespace": "unityhub",
              "Stage": "production"
            },
            "tags_all": {
              "Attributes": "terraform-state",
              "Name": "unityhub-production-location-shared-terraform-state",
              "Namespace": "unityhub",
              "Stage": "production"
            },
            "timeouts": null,
            "versioning": [
              {
                "enabled": true,
                "mfa_delete": false
              }
            ],
            "website": [],
            "website_domain": null,
            "website_endpoint": null
          },
          "sensitive_attributes": [],
          "identity_schema_version": 0,
          "private": "eyJlMmJmYjczMC1lY2FhLTExZTYtOGY4OC0zNDM2M2JjN2M0YzAiOnsiY3JlYXRlIjoxMjAwMDAwMDAwMDAwLCJkZWxldGUiOjM2MDAwMDAwMDAwMDAsInJlYWQiOjEyMDAwMDAwMDAwMDAsInVwZGF0ZSI6MTIwMDAwMDAwMDAwMH19"
        }
      ]
    },
    {
      "module": "module.common_resources_staging.module.location.module.terraform_state_backend_location_shared",
      "mode": "managed",
      "type": "aws_s3_bucket_ownership_controls",
      "name": "default",
      "provider": "provider[\"registry.terraform.io/hashicorp/aws\"]",
      "instances": [
        {
          "index_key": 0,
          "schema_version": 0,
          "attributes": {
            "bucket": "unityhub-production-location-shared-terraform-state",
            "id": "unityhub-production-location-shared-terraform-state",
            "rule": [
              {
                "object_ownership": "BucketOwnerEnforced"
              }
            ]
          },
          "sensitive_attributes": [],
          "identity_schema_version": 0,
          "private": "bnVsbA==",
          "dependencies": [
            "module.common_resources_staging.module.location.module.terraform_state_backend_location_shared.aws_s3_bucket.default"
          ]
        }
      ]
    },
    {
      "module": "module.common_resources_staging.module.location.module.terraform_state_backend_location_shared",
      "mode": "managed",
      "type": "aws_s3_bucket_policy",
      "name": "default",
      "provider": "provider[\"registry.terraform.io/hashicorp/aws\"]",
      "instances": [
        {
          "index_key": 0,
          "schema_version": 0,
          "attributes": {
            "bucket": "unityhub-production-location-shared-terraform-state",
            "id": "unityhub-production-location-shared-terraform-state",
            "policy": "{\"Statement\":[{\"Action\":\"s3:PutObject\",\"Condition\":{\"StringNotEquals\":{\"s3:x-amz-server-side-encryption\":[\"AES256\",\"aws:kms\"]}},\"Effect\":\"Deny\",\"Principal\":{\"AWS\":\"*\"},\"Resource\":\"arn:aws:s3:::unityhub-production-location-shared-terraform-state/*\",\"Sid\":\"DenyIncorrectEncryptionHeader\"},{\"Action\":\"s3:PutObject\",\"Condition\":{\"Null\":{\"s3:x-amz-server-side-encryption\":\"true\"}},\"Effect\":\"Deny\",\"Principal\":{\"AWS\":\"*\"},\"Resource\":\"arn:aws:s3:::unityhub-production-location-shared-terraform-state/*\",\"Sid\":\"DenyUnEncryptedObjectUploads\"},{\"Action\":\"s3:*\",\"Condition\":{\"Bool\":{\"aws:SecureTransport\":\"false\"}},\"Effect\":\"Deny\",\"Principal\":{\"AWS\":\"*\"},\"Resource\":[\"arn:aws:s3:::unityhub-production-location-shared-terraform-state/*\",\"arn:aws:s3:::unityhub-production-location-shared-terraform-state\"],\"Sid\":\"EnforceTlsRequestsOnly\"}],\"Version\":\"2012-10-17\"}"
          },
          "sensitive_attributes": [],
          "identity_schema_version": 0,
          "private": "bnVsbA==",
          "dependencies": [
            "module.common_resources_staging.module.location.module.terraform_state_backend_location_shared.aws_s3_bucket.default",
            "module.common_resources_staging.module.location.module.terraform_state_backend_location_shared.data.aws_iam_policy_document.prevent_unencrypted_uploads"
          ]
        }
      ]
    },
    {
      "module": "module.common_resources_staging.module.location.module.terraform_state_backend_location_shared",
      "mode": "managed",
      "type": "aws_s3_bucket_public_access_block",
      "name": "default",
      "provider": "provider[\"registry.terraform.io/hashicorp/aws\"]",
      "instances": [
        {
          "index_key": 0,
          "schema_version": 0,
          "attributes": {
            "block_public_acls": true,
            "block_public_policy": true,
            "bucket": "unityhub-production-location-shared-terraform-state",
            "id": "unityhub-production-location-shared-terraform-state",
            "ignore_public_acls": true,
            "restrict_public_buckets": true
          },
          "sensitive_attributes": [],
          "identity_schema_version": 0,
          "private": "bnVsbA==",
          "dependencies": [
            "module.common_resources_staging.module.location.module.terraform_state_backend_location_shared.aws_s3_bucket.default"
          ]
        }
      ]
    },
    {
      "module": "module.common_resources_staging.module.location.module.terraform_state_backend_location_shared",
      "mode": "managed",
      "type": "aws_s3_bucket_server_side_encryption_configuration",
      "name": "default",
      "provider": "provider[\"registry.terraform.io/hashicorp/aws\"]",
      "instances": [
        {
          "index_key": 0,
          "schema_version": 0,
          "attributes": {
            "bucket": "unityhub-production-location-shared-terraform-state",
            "expected_bucket_owner": "",
            "id": "unityhub-production-location-shared-terraform-state",
            "rule": [
              {
                "apply_server_side_encryption_by_default": [
                  {
                    "kms_master_key_id": "",
                    "sse_algorithm": "AES256"
                  }
                ],
                "bucket_key_enabled": false
              }
            ]
          },
          "sensitive_attributes": [],
          "identity_schema_version": 0,
          "private": "bnVsbA==",
          "dependencies": [
            "module.common_resources_staging.module.location.module.terraform_state_backend_location_shared.aws_s3_bucket.default"
          ]
        }
      ]
    },
    {
      "module": "module.common_resources_staging.module.location.module.terraform_state_backend_location_shared",
      "mode": "managed",
      "type": "aws_s3_bucket_versioning",
      "name": "default",
      "provider": "provider[\"registry.terraform.io/hashicorp/aws\"]",
      "instances": [
        {
          "index_key": 0,
          "schema_version": 0,
          "attributes": {
            "bucket": "unityhub-production-location-shared-terraform-state",
            "expected_bucket_owner": "",
            "id": "unityhub-production-location-shared-terraform-state",
            "mfa": null,
            "versioning_configuration": [
              {
                "mfa_delete": "Disabled",
                "status": "Enabled"
              }
            ]
          },
          "sensitive_attributes": [],
          "identity_schema_version": 0,
          "private": "bnVsbA==",
          "dependencies": [
            "module.common_resources_staging.module.location.module.terraform_state_backend_location_shared.aws_s3_bucket.default"
          ]
        }
      ]
    },
    {
      "module": "module.common_resources_staging.module.location.module.terraform_state_backend_location_shared",
      "mode": "managed",
      "type": "local_file",
      "name": "terraform_backend_config",
      "provider": "provider[\"registry.terraform.io/hashicorp/local\"]",
      "instances": [
        {
          "index_key": 0,
          "schema_version": 0,
          "attributes": {
            "content": "terraform {\n  required_version = \"\u003e= 1.0.0\"\n\n  backend \"s3\" {\n    region         = \"us-east-1\"\n    bucket         = \"unityhub-production-location-shared-terraform-state\"\n    key            = \"terraform.tfstate\"\n    dynamodb_table = \"unityhub-production-location-shared-terraform-state-lock\"\n    profile        = \"\"\n    role_arn       = \"\"\n    encrypt        = \"true\"\n  }\n}\n",
            "content_base64": null,
            "content_base64sha256": "EpZVSg4AZVhT+BQgYgC3s8b+yt1mHfqBlToa5BJy8TI=",
            "content_base64sha512": "41xPHoLngCE22CBFS1UAAaEM5m9JI5jWJ3QidwO6ko6Lo02tmKg8yOcsIFbzK6bS0l4CDyll9c5CWBV3OPtmGg==",
            "content_md5": "4cf2abe108dc1a51c15d04fe72416f88",
            "content_sha1": "61acb3a0f4f48f5b233f29441871aac665cb5a7c",
            "content_sha256": "1296554a0e00655853f814206200b7b3c6fecadd661dfa81953a1ae41272f132",
            "content_sha512": "e35c4f1e82e7802136d820454b550001a10ce66f492398d62774227703ba928e8ba34dad98a83cc8e72c2056f32ba6d2d25e020f2965f5ce4258157738fb661a",
            "directory_permission": "0777",
            "file_permission": "0644",
            "filename": "./backend/backend_location_shared.tf",
            "id": "61acb3a0f4f48f5b233f29441871aac665cb5a7c",
            "sensitive_content": null,
            "source": null
          },
          "sensitive_attributes": [
            [
              {
                "type": "get_attr",
                "value": "sensitive_content"
              }
            ]
          ],
          "identity_schema_version": 0,
          "dependencies": [
            "module.common_resources_staging.module.location.module.terraform_state_backend_location_shared.aws_dynamodb_table.with_server_side_encryption",
            "module.common_resources_staging.module.location.module.terraform_state_backend_location_shared.aws_s3_bucket.default",
            "module.common_resources_staging.module.location.module.terraform_state_backend_location_shared.data.aws_region.current"
          ]
        }
      ]
    },
    {
      "module": "module.common_resources_staging.module.marketplace.module.terraform_state_backend_marketplace_shared",
      "mode": "data",
      "type": "aws_iam_policy_document",
      "name": "prevent_unencrypted_uploads",
      "provider": "provider[\"registry.terraform.io/hashicorp/aws\"]",
      "instances": [
        {
          "index_key": 0,
          "schema_version": 0,
          "attributes": {
            "id": "3461691611",
            "json": "{\n  \"Version\": \"2012-10-17\",\n  \"Statement\": [\n    {\n      \"Sid\": \"DenyIncorrectEncryptionHeader\",\n      \"Effect\": \"Deny\",\n      \"Action\": \"s3:PutObject\",\n      \"Resource\": \"arn:aws:s3:::unityhub-production-marketplace-shared-terraform-state/*\",\n      \"Principal\": {\n        \"AWS\": \"*\"\n      },\n      \"Condition\": {\n        \"StringNotEquals\": {\n          \"s3:x-amz-server-side-encryption\": [\n            \"AES256\",\n            \"aws:kms\"\n          ]\n        }\n      }\n    },\n    {\n      \"Sid\": \"DenyUnEncryptedObjectUploads\",\n      \"Effect\": \"Deny\",\n      \"Action\": \"s3:PutObject\",\n      \"Resource\": \"arn:aws:s3:::unityhub-production-marketplace-shared-terraform-state/*\",\n      \"Principal\": {\n        \"AWS\": \"*\"\n      },\n      \"Condition\": {\n        \"Null\": {\n          \"s3:x-amz-server-side-encryption\": \"true\"\n        }\n      }\n    },\n    {\n      \"Sid\": \"EnforceTlsRequestsOnly\",\n      \"Effect\": \"Deny\",\n      \"Action\": \"s3:*\",\n      \"Resource\": [\n        \"arn:aws:s3:::unityhub-production-marketplace-shared-terraform-state/*\",\n        \"arn:aws:s3:::unityhub-production-marketplace-shared-terraform-state\"\n      ],\n      \"Principal\": {\n        \"AWS\": \"*\"\n      },\n      \"Condition\": {\n        \"Bool\": {\n          \"aws:SecureTransport\": \"false\"\n        }\n      }\n    }\n  ]\n}",
            "minified_json": "{\"Version\":\"2012-10-17\",\"Statement\":[{\"Sid\":\"DenyIncorrectEncryptionHeader\",\"Effect\":\"Deny\",\"Action\":\"s3:PutObject\",\"Resource\":\"arn:aws:s3:::unityhub-production-marketplace-shared-terraform-state/*\",\"Principal\":{\"AWS\":\"*\"},\"Condition\":{\"StringNotEquals\":{\"s3:x-amz-server-side-encryption\":[\"AES256\",\"aws:kms\"]}}},{\"Sid\":\"DenyUnEncryptedObjectUploads\",\"Effect\":\"Deny\",\"Action\":\"s3:PutObject\",\"Resource\":\"arn:aws:s3:::unityhub-production-marketplace-shared-terraform-state/*\",\"Principal\":{\"AWS\":\"*\"},\"Condition\":{\"Null\":{\"s3:x-amz-server-side-encryption\":\"true\"}}},{\"Sid\":\"EnforceTlsRequestsOnly\",\"Effect\":\"Deny\",\"Action\":\"s3:*\",\"Resource\":[\"arn:aws:s3:::unityhub-production-marketplace-shared-terraform-state/*\",\"arn:aws:s3:::unityhub-production-marketplace-shared-terraform-state\"],\"Principal\":{\"AWS\":\"*\"},\"Condition\":{\"Bool\":{\"aws:SecureTransport\":\"false\"}}}]}",
            "override_json": null,
            "override_policy_documents": null,
            "policy_id": null,
            "source_json": null,
            "source_policy_documents": null,
            "statement": [
              {
                "actions": [
                  "s3:PutObject"
                ],
                "condition": [
                  {
                    "test": "StringNotEquals",
                    "values": [
                      "AES256",
                      "aws:kms"
                    ],
                    "variable": "s3:x-amz-server-side-encryption"
                  }
                ],
                "effect": "Deny",
                "not_actions": [],
                "not_principals": [],
                "not_resources": [],
                "principals": [
                  {
                    "identifiers": [
                      "*"
                    ],
                    "type": "AWS"
                  }
                ],
                "resources": [
                  "arn:aws:s3:::unityhub-production-marketplace-shared-terraform-state/*"
                ],
                "sid": "DenyIncorrectEncryptionHeader"
              },
              {
                "actions": [
                  "s3:PutObject"
                ],
                "condition": [
                  {
                    "test": "Null",
                    "values": [
                      "true"
                    ],
                    "variable": "s3:x-amz-server-side-encryption"
                  }
                ],
                "effect": "Deny",
                "not_actions": [],
                "not_principals": [],
                "not_resources": [],
                "principals": [
                  {
                    "identifiers": [
                      "*"
                    ],
                    "type": "AWS"
                  }
                ],
                "resources": [
                  "arn:aws:s3:::unityhub-production-marketplace-shared-terraform-state/*"
                ],
                "sid": "DenyUnEncryptedObjectUploads"
              },
              {
                "actions": [
                  "s3:*"
                ],
                "condition": [
                  {
                    "test": "Bool",
                    "values": [
                      "false"
                    ],
                    "variable": "aws:SecureTransport"
                  }
                ],
                "effect": "Deny",
                "not_actions": [],
                "not_principals": [],
                "not_resources": [],
                "principals": [
                  {
                    "identifiers": [
                      "*"
                    ],
                    "type": "AWS"
                  }
                ],
                "resources": [
                  "arn:aws:s3:::unityhub-production-marketplace-shared-terraform-state",
                  "arn:aws:s3:::unityhub-production-marketplace-shared-terraform-state/*"
                ],
                "sid": "EnforceTlsRequestsOnly"
              }
            ],
            "version": "2012-10-17"
          },
          "sensitive_attributes": [],
          "identity_schema_version": 0
        }
      ]
    },
    {
      "module": "module.common_resources_staging.module.marketplace.module.terraform_state_backend_marketplace_shared",
      "mode": "data",
      "type": "aws_region",
      "name": "current",
      "provider": "provider[\"registry.terraform.io/hashicorp/aws\"]",
      "instances": [
        {
          "schema_version": 0,
          "attributes": {
            "description": "US East (N. Virginia)",
            "endpoint": "ec2.us-east-1.amazonaws.com",
            "id": "us-east-1",
            "name": "us-east-1"
          },
          "sensitive_attributes": [],
          "identity_schema_version": 0
        }
      ]
    },
    {
      "module": "module.common_resources_staging.module.marketplace.module.terraform_state_backend_marketplace_shared",
      "mode": "managed",
      "type": "aws_dynamodb_table",
      "name": "with_server_side_encryption",
      "provider": "provider[\"registry.terraform.io/hashicorp/aws\"]",
      "instances": [
        {
          "index_key": 0,
          "schema_version": 1,
          "attributes": {
            "arn": "arn:aws:dynamodb:us-east-1:514472330244:table/unityhub-production-marketplace-shared-terraform-state-lock",
            "attribute": [
              {
                "name": "LockID",
                "type": "S"
              }
            ],
            "billing_mode": "PAY_PER_REQUEST",
            "deletion_protection_enabled": false,
            "global_secondary_index": [],
            "hash_key": "LockID",
            "id": "unityhub-production-marketplace-shared-terraform-state-lock",
            "import_table": [],
            "local_secondary_index": [],
            "name": "unityhub-production-marketplace-shared-terraform-state-lock",
            "on_demand_throughput": [],
            "point_in_time_recovery": [
              {
                "enabled": true,
                "recovery_period_in_days": 35
              }
            ],
            "range_key": null,
            "read_capacity": 0,
            "replica": [],
            "restore_date_time": null,
            "restore_source_name": null,
            "restore_source_table_arn": null,
            "restore_to_latest_time": null,
            "server_side_encryption": [
              {
                "enabled": true,
                "kms_key_arn": ""
              }
            ],
            "stream_arn": "",
            "stream_enabled": false,
            "stream_label": "",
            "stream_view_type": "",
            "table_class": "STANDARD",
            "tags": {
              "Attributes": "terraform-state-lock",
              "Name": "unityhub-production-marketplace-shared-terraform-state-lock",
              "Namespace": "unityhub",
              "Stage": "production"
            },
            "tags_all": {
              "Attributes": "terraform-state-lock",
              "Name": "unityhub-production-marketplace-shared-terraform-state-lock",
              "Namespace": "unityhub",
              "Stage": "production"
            },
            "timeouts": null,
            "ttl": [
              {
                "attribute_name": "",
                "enabled": false
              }
            ],
            "write_capacity": 0
          },
          "sensitive_attributes": [],
          "identity_schema_version": 0,
          "private": "eyJlMmJmYjczMC1lY2FhLTExZTYtOGY4OC0zNDM2M2JjN2M0YzAiOnsiY3JlYXRlIjoxODAwMDAwMDAwMDAwLCJkZWxldGUiOjYwMDAwMDAwMDAwMCwidXBkYXRlIjozNjAwMDAwMDAwMDAwfSwic2NoZW1hX3ZlcnNpb24iOiIxIn0="
        }
      ]
    },
    {
      "module": "module.common_resources_staging.module.marketplace.module.terraform_state_backend_marketplace_shared",
      "mode": "managed",
      "type": "aws_s3_bucket",
      "name": "default",
      "provider": "provider[\"registry.terraform.io/hashicorp/aws\"]",
      "instances": [
        {
          "index_key": 0,
          "schema_version": 0,
          "attributes": {
            "acceleration_status": "",
            "acl": null,
            "arn": "arn:aws:s3:::unityhub-production-marketplace-shared-terraform-state",
            "bucket": "unityhub-production-marketplace-shared-terraform-state",
            "bucket_domain_name": "unityhub-production-marketplace-shared-terraform-state.s3.amazonaws.com",
            "bucket_prefix": "",
            "bucket_regional_domain_name": "unityhub-production-marketplace-shared-terraform-state.s3.us-east-1.amazonaws.com",
            "cors_rule": [],
            "force_destroy": true,
            "grant": [
              {
                "id": "bea86176a486e69a83b4227063efa3be9eb4b243551739d81a6a4b41ec8b3461",
                "permissions": [
                  "FULL_CONTROL"
                ],
                "type": "CanonicalUser",
                "uri": ""
              }
            ],
            "hosted_zone_id": "Z3AQBSTGFYJSTF",
            "id": "unityhub-production-marketplace-shared-terraform-state",
            "lifecycle_rule": [],
            "logging": [],
            "object_lock_configuration": [],
            "object_lock_enabled": false,
            "policy": "{\"Statement\":[{\"Action\":\"s3:PutObject\",\"Condition\":{\"StringNotEquals\":{\"s3:x-amz-server-side-encryption\":[\"AES256\",\"aws:kms\"]}},\"Effect\":\"Deny\",\"Principal\":{\"AWS\":\"*\"},\"Resource\":\"arn:aws:s3:::unityhub-production-marketplace-shared-terraform-state/*\",\"Sid\":\"DenyIncorrectEncryptionHeader\"},{\"Action\":\"s3:PutObject\",\"Condition\":{\"Null\":{\"s3:x-amz-server-side-encryption\":\"true\"}},\"Effect\":\"Deny\",\"Principal\":{\"AWS\":\"*\"},\"Resource\":\"arn:aws:s3:::unityhub-production-marketplace-shared-terraform-state/*\",\"Sid\":\"DenyUnEncryptedObjectUploads\"},{\"Action\":\"s3:*\",\"Condition\":{\"Bool\":{\"aws:SecureTransport\":\"false\"}},\"Effect\":\"Deny\",\"Principal\":{\"AWS\":\"*\"},\"Resource\":[\"arn:aws:s3:::unityhub-production-marketplace-shared-terraform-state/*\",\"arn:aws:s3:::unityhub-production-marketplace-shared-terraform-state\"],\"Sid\":\"EnforceTlsRequestsOnly\"}],\"Version\":\"2012-10-17\"}",
            "region": "us-east-1",
            "replication_configuration": [],
            "request_payer": "BucketOwner",
            "server_side_encryption_configuration": [
              {
                "rule": [
                  {
                    "apply_server_side_encryption_by_default": [
                      {
                        "kms_master_key_id": "",
                        "sse_algorithm": "AES256"
                      }
                    ],
                    "bucket_key_enabled": false
                  }
                ]
              }
            ],
            "tags": {
              "Attributes": "terraform-state",
              "Name": "unityhub-production-marketplace-shared-terraform-state",
              "Namespace": "unityhub",
              "Stage": "production"
            },
            "tags_all": {
              "Attributes": "terraform-state",
              "Name": "unityhub-production-marketplace-shared-terraform-state",
              "Namespace": "unityhub",
              "Stage": "production"
            },
            "timeouts": null,
            "versioning": [
              {
                "enabled": true,
                "mfa_delete": false
              }
            ],
            "website": [],
            "website_domain": null,
            "website_endpoint": null
          },
          "sensitive_attributes": [],
          "identity_schema_version": 0,
          "private": "eyJlMmJmYjczMC1lY2FhLTExZTYtOGY4OC0zNDM2M2JjN2M0YzAiOnsiY3JlYXRlIjoxMjAwMDAwMDAwMDAwLCJkZWxldGUiOjM2MDAwMDAwMDAwMDAsInJlYWQiOjEyMDAwMDAwMDAwMDAsInVwZGF0ZSI6MTIwMDAwMDAwMDAwMH19"
        }
      ]
    },
    {
      "module": "module.common_resources_staging.module.marketplace.module.terraform_state_backend_marketplace_shared",
      "mode": "managed",
      "type": "aws_s3_bucket_ownership_controls",
      "name": "default",
      "provider": "provider[\"registry.terraform.io/hashicorp/aws\"]",
      "instances": [
        {
          "index_key": 0,
          "schema_version": 0,
          "attributes": {
            "bucket": "unityhub-production-marketplace-shared-terraform-state",
            "id": "unityhub-production-marketplace-shared-terraform-state",
            "rule": [
              {
                "object_ownership": "BucketOwnerEnforced"
              }
            ]
          },
          "sensitive_attributes": [],
          "identity_schema_version": 0,
          "private": "bnVsbA==",
          "dependencies": [
            "module.common_resources_staging.module.marketplace.module.terraform_state_backend_marketplace_shared.aws_s3_bucket.default"
          ]
        }
      ]
    },
    {
      "module": "module.common_resources_staging.module.marketplace.module.terraform_state_backend_marketplace_shared",
      "mode": "managed",
      "type": "aws_s3_bucket_policy",
      "name": "default",
      "provider": "provider[\"registry.terraform.io/hashicorp/aws\"]",
      "instances": [
        {
          "index_key": 0,
          "schema_version": 0,
          "attributes": {
            "bucket": "unityhub-production-marketplace-shared-terraform-state",
            "id": "unityhub-production-marketplace-shared-terraform-state",
            "policy": "{\"Statement\":[{\"Action\":\"s3:PutObject\",\"Condition\":{\"StringNotEquals\":{\"s3:x-amz-server-side-encryption\":[\"AES256\",\"aws:kms\"]}},\"Effect\":\"Deny\",\"Principal\":{\"AWS\":\"*\"},\"Resource\":\"arn:aws:s3:::unityhub-production-marketplace-shared-terraform-state/*\",\"Sid\":\"DenyIncorrectEncryptionHeader\"},{\"Action\":\"s3:PutObject\",\"Condition\":{\"Null\":{\"s3:x-amz-server-side-encryption\":\"true\"}},\"Effect\":\"Deny\",\"Principal\":{\"AWS\":\"*\"},\"Resource\":\"arn:aws:s3:::unityhub-production-marketplace-shared-terraform-state/*\",\"Sid\":\"DenyUnEncryptedObjectUploads\"},{\"Action\":\"s3:*\",\"Condition\":{\"Bool\":{\"aws:SecureTransport\":\"false\"}},\"Effect\":\"Deny\",\"Principal\":{\"AWS\":\"*\"},\"Resource\":[\"arn:aws:s3:::unityhub-production-marketplace-shared-terraform-state/*\",\"arn:aws:s3:::unityhub-production-marketplace-shared-terraform-state\"],\"Sid\":\"EnforceTlsRequestsOnly\"}],\"Version\":\"2012-10-17\"}"
          },
          "sensitive_attributes": [],
          "identity_schema_version": 0,
          "private": "bnVsbA==",
          "dependencies": [
            "module.common_resources_staging.module.marketplace.module.terraform_state_backend_marketplace_shared.aws_s3_bucket.default",
            "module.common_resources_staging.module.marketplace.module.terraform_state_backend_marketplace_shared.data.aws_iam_policy_document.prevent_unencrypted_uploads"
          ]
        }
      ]
    },
    {
      "module": "module.common_resources_staging.module.marketplace.module.terraform_state_backend_marketplace_shared",
      "mode": "managed",
      "type": "aws_s3_bucket_public_access_block",
      "name": "default",
      "provider": "provider[\"registry.terraform.io/hashicorp/aws\"]",
      "instances": [
        {
          "index_key": 0,
          "schema_version": 0,
          "attributes": {
            "block_public_acls": true,
            "block_public_policy": true,
            "bucket": "unityhub-production-marketplace-shared-terraform-state",
            "id": "unityhub-production-marketplace-shared-terraform-state",
            "ignore_public_acls": true,
            "restrict_public_buckets": true
          },
          "sensitive_attributes": [],
          "identity_schema_version": 0,
          "private": "bnVsbA==",
          "dependencies": [
            "module.common_resources_staging.module.marketplace.module.terraform_state_backend_marketplace_shared.aws_s3_bucket.default"
          ]
        }
      ]
    },
    {
      "module": "module.common_resources_staging.module.marketplace.module.terraform_state_backend_marketplace_shared",
      "mode": "managed",
      "type": "aws_s3_bucket_server_side_encryption_configuration",
      "name": "default",
      "provider": "provider[\"registry.terraform.io/hashicorp/aws\"]",
      "instances": [
        {
          "index_key": 0,
          "schema_version": 0,
          "attributes": {
            "bucket": "unityhub-production-marketplace-shared-terraform-state",
            "expected_bucket_owner": "",
            "id": "unityhub-production-marketplace-shared-terraform-state",
            "rule": [
              {
                "apply_server_side_encryption_by_default": [
                  {
                    "kms_master_key_id": "",
                    "sse_algorithm": "AES256"
                  }
                ],
                "bucket_key_enabled": false
              }
            ]
          },
          "sensitive_attributes": [],
          "identity_schema_version": 0,
          "private": "bnVsbA==",
          "dependencies": [
            "module.common_resources_staging.module.marketplace.module.terraform_state_backend_marketplace_shared.aws_s3_bucket.default"
          ]
        }
      ]
    },
    {
      "module": "module.common_resources_staging.module.marketplace.module.terraform_state_backend_marketplace_shared",
      "mode": "managed",
      "type": "aws_s3_bucket_versioning",
      "name": "default",
      "provider": "provider[\"registry.terraform.io/hashicorp/aws\"]",
      "instances": [
        {
          "index_key": 0,
          "schema_version": 0,
          "attributes": {
            "bucket": "unityhub-production-marketplace-shared-terraform-state",
            "expected_bucket_owner": "",
            "id": "unityhub-production-marketplace-shared-terraform-state",
            "mfa": null,
            "versioning_configuration": [
              {
                "mfa_delete": "Disabled",
                "status": "Enabled"
              }
            ]
          },
          "sensitive_attributes": [],
          "identity_schema_version": 0,
          "private": "bnVsbA==",
          "dependencies": [
            "module.common_resources_staging.module.marketplace.module.terraform_state_backend_marketplace_shared.aws_s3_bucket.default"
          ]
        }
      ]
    },
    {
      "module": "module.common_resources_staging.module.marketplace.module.terraform_state_backend_marketplace_shared",
      "mode": "managed",
      "type": "local_file",
      "name": "terraform_backend_config",
      "provider": "provider[\"registry.terraform.io/hashicorp/local\"]",
      "instances": [
        {
          "index_key": 0,
          "schema_version": 0,
          "attributes": {
            "content": "terraform {\n  required_version = \"\u003e= 1.0.0\"\n\n  backend \"s3\" {\n    region         = \"us-east-1\"\n    bucket         = \"unityhub-production-marketplace-shared-terraform-state\"\n    key            = \"terraform.tfstate\"\n    dynamodb_table = \"unityhub-production-marketplace-shared-terraform-state-lock\"\n    profile        = \"\"\n    role_arn       = \"\"\n    encrypt        = \"true\"\n  }\n}\n",
            "content_base64": null,
            "content_base64sha256": "Dozs9NYA8ut8T1vBaCL+4CZ0jm7s5LqeDw2OI3V0Qe4=",
            "content_base64sha512": "LPec0FMRqSTDGVhGKFpv5IdG0Bh0KjjSz5RgZ6zhAUeLsq/Y728cqFYOPPJOj5MmbGfNEPK028q1XaqkniciSQ==",
            "content_md5": "9cc3b9223fbbf8506ac01e2d25b78c83",
            "content_sha1": "5187d49ce67f8a249ec112eb74e6a2d05e4c0b4c",
            "content_sha256": "0e8cecf4d600f2eb7c4f5bc16822fee026748e6eece4ba9e0f0d8e23757441ee",
            "content_sha512": "2cf79cd05311a924c3195846285a6fe48746d018742a38d2cf946067ace101478bb2afd8ef6f1ca8560e3cf24e8f93266c67cd10f2b4dbcab55daaa49e272249",
            "directory_permission": "0777",
            "file_permission": "0644",
            "filename": "./backend/backend_marketplace_shared.tf",
            "id": "5187d49ce67f8a249ec112eb74e6a2d05e4c0b4c",
            "sensitive_content": null,
            "source": null
          },
          "sensitive_attributes": [
            [
              {
                "type": "get_attr",
                "value": "sensitive_content"
              }
            ]
          ],
          "identity_schema_version": 0,
          "dependencies": [
            "module.common_resources_staging.module.marketplace.module.terraform_state_backend_marketplace_shared.aws_dynamodb_table.with_server_side_encryption",
            "module.common_resources_staging.module.marketplace.module.terraform_state_backend_marketplace_shared.aws_s3_bucket.default",
            "module.common_resources_staging.module.marketplace.module.terraform_state_backend_marketplace_shared.data.aws_region.current"
          ]
        }
      ]
    },
    {
      "module": "module.common_resources_staging.module.marketplacewebapp.module.terraform_state_backend_marketplacewebapp",
      "mode": "data",
      "type": "aws_iam_policy_document",
      "name": "prevent_unencrypted_uploads",
      "provider": "provider[\"registry.terraform.io/hashicorp/aws\"]",
      "instances": [
        {
          "index_key": 0,
          "schema_version": 0,
          "attributes": {
            "id": "559586620",
            "json": "{\n  \"Version\": \"2012-10-17\",\n  \"Statement\": [\n    {\n      \"Sid\": \"DenyIncorrectEncryptionHeader\",\n      \"Effect\": \"Deny\",\n      \"Action\": \"s3:PutObject\",\n      \"Resource\": \"arn:aws:s3:::unityhub-production-marketplacewebapp-terraform-state/*\",\n      \"Principal\": {\n        \"AWS\": \"*\"\n      },\n      \"Condition\": {\n        \"StringNotEquals\": {\n          \"s3:x-amz-server-side-encryption\": [\n            \"AES256\",\n            \"aws:kms\"\n          ]\n        }\n      }\n    },\n    {\n      \"Sid\": \"DenyUnEncryptedObjectUploads\",\n      \"Effect\": \"Deny\",\n      \"Action\": \"s3:PutObject\",\n      \"Resource\": \"arn:aws:s3:::unityhub-production-marketplacewebapp-terraform-state/*\",\n      \"Principal\": {\n        \"AWS\": \"*\"\n      },\n      \"Condition\": {\n        \"Null\": {\n          \"s3:x-amz-server-side-encryption\": \"true\"\n        }\n      }\n    },\n    {\n      \"Sid\": \"EnforceTlsRequestsOnly\",\n      \"Effect\": \"Deny\",\n      \"Action\": \"s3:*\",\n      \"Resource\": [\n        \"arn:aws:s3:::unityhub-production-marketplacewebapp-terraform-state/*\",\n        \"arn:aws:s3:::unityhub-production-marketplacewebapp-terraform-state\"\n      ],\n      \"Principal\": {\n        \"AWS\": \"*\"\n      },\n      \"Condition\": {\n        \"Bool\": {\n          \"aws:SecureTransport\": \"false\"\n        }\n      }\n    }\n  ]\n}",
            "minified_json": "{\"Version\":\"2012-10-17\",\"Statement\":[{\"Sid\":\"DenyIncorrectEncryptionHeader\",\"Effect\":\"Deny\",\"Action\":\"s3:PutObject\",\"Resource\":\"arn:aws:s3:::unityhub-production-marketplacewebapp-terraform-state/*\",\"Principal\":{\"AWS\":\"*\"},\"Condition\":{\"StringNotEquals\":{\"s3:x-amz-server-side-encryption\":[\"AES256\",\"aws:kms\"]}}},{\"Sid\":\"DenyUnEncryptedObjectUploads\",\"Effect\":\"Deny\",\"Action\":\"s3:PutObject\",\"Resource\":\"arn:aws:s3:::unityhub-production-marketplacewebapp-terraform-state/*\",\"Principal\":{\"AWS\":\"*\"},\"Condition\":{\"Null\":{\"s3:x-amz-server-side-encryption\":\"true\"}}},{\"Sid\":\"EnforceTlsRequestsOnly\",\"Effect\":\"Deny\",\"Action\":\"s3:*\",\"Resource\":[\"arn:aws:s3:::unityhub-production-marketplacewebapp-terraform-state/*\",\"arn:aws:s3:::unityhub-production-marketplacewebapp-terraform-state\"],\"Principal\":{\"AWS\":\"*\"},\"Condition\":{\"Bool\":{\"aws:SecureTransport\":\"false\"}}}]}",
            "override_json": null,
            "override_policy_documents": null,
            "policy_id": null,
            "source_json": null,
            "source_policy_documents": null,
            "statement": [
              {
                "actions": [
                  "s3:PutObject"
                ],
                "condition": [
                  {
                    "test": "StringNotEquals",
                    "values": [
                      "AES256",
                      "aws:kms"
                    ],
                    "variable": "s3:x-amz-server-side-encryption"
                  }
                ],
                "effect": "Deny",
                "not_actions": [],
                "not_principals": [],
                "not_resources": [],
                "principals": [
                  {
                    "identifiers": [
                      "*"
                    ],
                    "type": "AWS"
                  }
                ],
                "resources": [
                  "arn:aws:s3:::unityhub-production-marketplacewebapp-terraform-state/*"
                ],
                "sid": "DenyIncorrectEncryptionHeader"
              },
              {
                "actions": [
                  "s3:PutObject"
                ],
                "condition": [
                  {
                    "test": "Null",
                    "values": [
                      "true"
                    ],
                    "variable": "s3:x-amz-server-side-encryption"
                  }
                ],
                "effect": "Deny",
                "not_actions": [],
                "not_principals": [],
                "not_resources": [],
                "principals": [
                  {
                    "identifiers": [
                      "*"
                    ],
                    "type": "AWS"
                  }
                ],
                "resources": [
                  "arn:aws:s3:::unityhub-production-marketplacewebapp-terraform-state/*"
                ],
                "sid": "DenyUnEncryptedObjectUploads"
              },
              {
                "actions": [
                  "s3:*"
                ],
                "condition": [
                  {
                    "test": "Bool",
                    "values": [
                      "false"
                    ],
                    "variable": "aws:SecureTransport"
                  }
                ],
                "effect": "Deny",
                "not_actions": [],
                "not_principals": [],
                "not_resources": [],
                "principals": [
                  {
                    "identifiers": [
                      "*"
                    ],
                    "type": "AWS"
                  }
                ],
                "resources": [
                  "arn:aws:s3:::unityhub-production-marketplacewebapp-terraform-state",
                  "arn:aws:s3:::unityhub-production-marketplacewebapp-terraform-state/*"
                ],
                "sid": "EnforceTlsRequestsOnly"
              }
            ],
            "version": "2012-10-17"
          },
          "sensitive_attributes": [],
          "identity_schema_version": 0
        }
      ]
    },
    {
      "module": "module.common_resources_staging.module.marketplacewebapp.module.terraform_state_backend_marketplacewebapp",
      "mode": "data",
      "type": "aws_region",
      "name": "current",
      "provider": "provider[\"registry.terraform.io/hashicorp/aws\"]",
      "instances": [
        {
          "schema_version": 0,
          "attributes": {
            "description": "US East (N. Virginia)",
            "endpoint": "ec2.us-east-1.amazonaws.com",
            "id": "us-east-1",
            "name": "us-east-1"
          },
          "sensitive_attributes": [],
          "identity_schema_version": 0
        }
      ]
    },
    {
      "module": "module.common_resources_staging.module.marketplacewebapp.module.terraform_state_backend_marketplacewebapp",
      "mode": "managed",
      "type": "aws_dynamodb_table",
      "name": "with_server_side_encryption",
      "provider": "provider[\"registry.terraform.io/hashicorp/aws\"]",
      "instances": [
        {
          "index_key": 0,
          "schema_version": 1,
          "attributes": {
            "arn": "arn:aws:dynamodb:us-east-1:514472330244:table/unityhub-production-marketplacewebapp-terraform-state-lock",
            "attribute": [
              {
                "name": "LockID",
                "type": "S"
              }
            ],
            "billing_mode": "PAY_PER_REQUEST",
            "deletion_protection_enabled": false,
            "global_secondary_index": [],
            "hash_key": "LockID",
            "id": "unityhub-production-marketplacewebapp-terraform-state-lock",
            "import_table": [],
            "local_secondary_index": [],
            "name": "unityhub-production-marketplacewebapp-terraform-state-lock",
            "on_demand_throughput": [],
            "point_in_time_recovery": [
              {
                "enabled": true,
                "recovery_period_in_days": 35
              }
            ],
            "range_key": null,
            "read_capacity": 0,
            "replica": [],
            "restore_date_time": null,
            "restore_source_name": null,
            "restore_source_table_arn": null,
            "restore_to_latest_time": null,
            "server_side_encryption": [
              {
                "enabled": true,
                "kms_key_arn": ""
              }
            ],
            "stream_arn": "",
            "stream_enabled": false,
            "stream_label": "",
            "stream_view_type": "",
            "table_class": "STANDARD",
            "tags": {
              "Attributes": "terraform-state-lock",
              "Name": "unityhub-production-marketplacewebapp-terraform-state-lock",
              "Namespace": "unityhub",
              "Stage": "production"
            },
            "tags_all": {
              "Attributes": "terraform-state-lock",
              "Name": "unityhub-production-marketplacewebapp-terraform-state-lock",
              "Namespace": "unityhub",
              "Stage": "production"
            },
            "timeouts": null,
            "ttl": [
              {
                "attribute_name": "",
                "enabled": false
              }
            ],
            "write_capacity": 0
          },
          "sensitive_attributes": [],
          "identity_schema_version": 0,
          "private": "eyJlMmJmYjczMC1lY2FhLTExZTYtOGY4OC0zNDM2M2JjN2M0YzAiOnsiY3JlYXRlIjoxODAwMDAwMDAwMDAwLCJkZWxldGUiOjYwMDAwMDAwMDAwMCwidXBkYXRlIjozNjAwMDAwMDAwMDAwfSwic2NoZW1hX3ZlcnNpb24iOiIxIn0="
        }
      ]
    },
    {
      "module": "module.common_resources_staging.module.marketplacewebapp.module.terraform_state_backend_marketplacewebapp",
      "mode": "managed",
      "type": "aws_s3_bucket",
      "name": "default",
      "provider": "provider[\"registry.terraform.io/hashicorp/aws\"]",
      "instances": [
        {
          "index_key": 0,
          "schema_version": 0,
          "attributes": {
            "acceleration_status": "",
            "acl": null,
            "arn": "arn:aws:s3:::unityhub-production-marketplacewebapp-terraform-state",
            "bucket": "unityhub-production-marketplacewebapp-terraform-state",
            "bucket_domain_name": "unityhub-production-marketplacewebapp-terraform-state.s3.amazonaws.com",
            "bucket_prefix": "",
            "bucket_regional_domain_name": "unityhub-production-marketplacewebapp-terraform-state.s3.us-east-1.amazonaws.com",
            "cors_rule": [],
            "force_destroy": true,
            "grant": [
              {
                "id": "bea86176a486e69a83b4227063efa3be9eb4b243551739d81a6a4b41ec8b3461",
                "permissions": [
                  "FULL_CONTROL"
                ],
                "type": "CanonicalUser",
                "uri": ""
              }
            ],
            "hosted_zone_id": "Z3AQBSTGFYJSTF",
            "id": "unityhub-production-marketplacewebapp-terraform-state",
            "lifecycle_rule": [],
            "logging": [],
            "object_lock_configuration": [],
            "object_lock_enabled": false,
            "policy": "",
            "region": "us-east-1",
            "replication_configuration": [],
            "request_payer": "BucketOwner",
            "server_side_encryption_configuration": [
              {
                "rule": [
                  {
                    "apply_server_side_encryption_by_default": [
                      {
                        "kms_master_key_id": "",
                        "sse_algorithm": "AES256"
                      }
                    ],
                    "bucket_key_enabled": false
                  }
                ]
              }
            ],
            "tags": {
              "Attributes": "terraform-state",
              "Name": "unityhub-production-marketplacewebapp-terraform-state",
              "Namespace": "unityhub",
              "Stage": "production"
            },
            "tags_all": {
              "Attributes": "terraform-state",
              "Name": "unityhub-production-marketplacewebapp-terraform-state",
              "Namespace": "unityhub",
              "Stage": "production"
            },
            "timeouts": null,
            "versioning": [
              {
                "enabled": false,
                "mfa_delete": false
              }
            ],
            "website": [],
            "website_domain": null,
            "website_endpoint": null
          },
          "sensitive_attributes": [],
          "identity_schema_version": 0,
          "private": "eyJlMmJmYjczMC1lY2FhLTExZTYtOGY4OC0zNDM2M2JjN2M0YzAiOnsiY3JlYXRlIjoxMjAwMDAwMDAwMDAwLCJkZWxldGUiOjM2MDAwMDAwMDAwMDAsInJlYWQiOjEyMDAwMDAwMDAwMDAsInVwZGF0ZSI6MTIwMDAwMDAwMDAwMH19"
        }
      ]
    },
    {
      "module": "module.common_resources_staging.module.marketplacewebapp.module.terraform_state_backend_marketplacewebapp",
      "mode": "managed",
      "type": "aws_s3_bucket_ownership_controls",
      "name": "default",
      "provider": "provider[\"registry.terraform.io/hashicorp/aws\"]",
      "instances": [
        {
          "index_key": 0,
          "schema_version": 0,
          "attributes": {
            "bucket": "unityhub-production-marketplacewebapp-terraform-state",
            "id": "unityhub-production-marketplacewebapp-terraform-state",
            "rule": [
              {
                "object_ownership": "BucketOwnerEnforced"
              }
            ]
          },
          "sensitive_attributes": [],
          "identity_schema_version": 0,
          "private": "bnVsbA==",
          "dependencies": [
            "module.common_resources_staging.module.marketplacewebapp.module.terraform_state_backend_marketplacewebapp.aws_s3_bucket.default"
          ]
        }
      ]
    },
    {
      "module": "module.common_resources_staging.module.marketplacewebapp.module.terraform_state_backend_marketplacewebapp",
      "mode": "managed",
      "type": "aws_s3_bucket_policy",
      "name": "default",
      "provider": "provider[\"registry.terraform.io/hashicorp/aws\"]",
      "instances": [
        {
          "index_key": 0,
          "schema_version": 0,
          "attributes": {
            "bucket": "unityhub-production-marketplacewebapp-terraform-state",
            "id": "unityhub-production-marketplacewebapp-terraform-state",
            "policy": "{\"Statement\":[{\"Action\":\"s3:PutObject\",\"Condition\":{\"StringNotEquals\":{\"s3:x-amz-server-side-encryption\":[\"AES256\",\"aws:kms\"]}},\"Effect\":\"Deny\",\"Principal\":{\"AWS\":\"*\"},\"Resource\":\"arn:aws:s3:::unityhub-production-marketplacewebapp-terraform-state/*\",\"Sid\":\"DenyIncorrectEncryptionHeader\"},{\"Action\":\"s3:PutObject\",\"Condition\":{\"Null\":{\"s3:x-amz-server-side-encryption\":\"true\"}},\"Effect\":\"Deny\",\"Principal\":{\"AWS\":\"*\"},\"Resource\":\"arn:aws:s3:::unityhub-production-marketplacewebapp-terraform-state/*\",\"Sid\":\"DenyUnEncryptedObjectUploads\"},{\"Action\":\"s3:*\",\"Condition\":{\"Bool\":{\"aws:SecureTransport\":\"false\"}},\"Effect\":\"Deny\",\"Principal\":{\"AWS\":\"*\"},\"Resource\":[\"arn:aws:s3:::unityhub-production-marketplacewebapp-terraform-state/*\",\"arn:aws:s3:::unityhub-production-marketplacewebapp-terraform-state\"],\"Sid\":\"EnforceTlsRequestsOnly\"}],\"Version\":\"2012-10-17\"}"
          },
          "sensitive_attributes": [],
          "identity_schema_version": 0,
          "private": "bnVsbA==",
          "dependencies": [
            "module.common_resources_staging.module.marketplacewebapp.module.terraform_state_backend_marketplacewebapp.aws_s3_bucket.default",
            "module.common_resources_staging.module.marketplacewebapp.module.terraform_state_backend_marketplacewebapp.data.aws_iam_policy_document.prevent_unencrypted_uploads"
          ]
        }
      ]
    },
    {
      "module": "module.common_resources_staging.module.marketplacewebapp.module.terraform_state_backend_marketplacewebapp",
      "mode": "managed",
      "type": "aws_s3_bucket_public_access_block",
      "name": "default",
      "provider": "provider[\"registry.terraform.io/hashicorp/aws\"]",
      "instances": [
        {
          "index_key": 0,
          "schema_version": 0,
          "attributes": {
            "block_public_acls": true,
            "block_public_policy": true,
            "bucket": "unityhub-production-marketplacewebapp-terraform-state",
            "id": "unityhub-production-marketplacewebapp-terraform-state",
            "ignore_public_acls": true,
            "restrict_public_buckets": true
          },
          "sensitive_attributes": [],
          "identity_schema_version": 0,
          "private": "bnVsbA==",
          "dependencies": [
            "module.common_resources_staging.module.marketplacewebapp.module.terraform_state_backend_marketplacewebapp.aws_s3_bucket.default"
          ]
        }
      ]
    },
    {
      "module": "module.common_resources_staging.module.marketplacewebapp.module.terraform_state_backend_marketplacewebapp",
      "mode": "managed",
      "type": "aws_s3_bucket_server_side_encryption_configuration",
      "name": "default",
      "provider": "provider[\"registry.terraform.io/hashicorp/aws\"]",
      "instances": [
        {
          "index_key": 0,
          "schema_version": 0,
          "attributes": {
            "bucket": "unityhub-production-marketplacewebapp-terraform-state",
            "expected_bucket_owner": "",
            "id": "unityhub-production-marketplacewebapp-terraform-state",
            "rule": [
              {
                "apply_server_side_encryption_by_default": [
                  {
                    "kms_master_key_id": "",
                    "sse_algorithm": "AES256"
                  }
                ],
                "bucket_key_enabled": null
              }
            ]
          },
          "sensitive_attributes": [],
          "identity_schema_version": 0,
          "private": "bnVsbA==",
          "dependencies": [
            "module.common_resources_staging.module.marketplacewebapp.module.terraform_state_backend_marketplacewebapp.aws_s3_bucket.default"
          ]
        }
      ]
    },
    {
      "module": "module.common_resources_staging.module.marketplacewebapp.module.terraform_state_backend_marketplacewebapp",
      "mode": "managed",
      "type": "aws_s3_bucket_versioning",
      "name": "default",
      "provider": "provider[\"registry.terraform.io/hashicorp/aws\"]",
      "instances": [
        {
          "index_key": 0,
          "schema_version": 0,
          "attributes": {
            "bucket": "unityhub-production-marketplacewebapp-terraform-state",
            "expected_bucket_owner": "",
            "id": "unityhub-production-marketplacewebapp-terraform-state",
            "mfa": null,
            "versioning_configuration": [
              {
                "mfa_delete": "Disabled",
                "status": "Enabled"
              }
            ]
          },
          "sensitive_attributes": [],
          "identity_schema_version": 0,
          "private": "bnVsbA==",
          "dependencies": [
            "module.common_resources_staging.module.marketplacewebapp.module.terraform_state_backend_marketplacewebapp.aws_s3_bucket.default"
          ]
        }
      ]
    },
    {
      "module": "module.common_resources_staging.module.marketplacewebapp.module.terraform_state_backend_marketplacewebapp",
      "mode": "managed",
      "type": "local_file",
      "name": "terraform_backend_config",
      "provider": "provider[\"registry.terraform.io/hashicorp/local\"]",
      "instances": [
        {
          "index_key": 0,
          "schema_version": 0,
          "attributes": {
            "content": "terraform {\n  required_version = \"\u003e= 1.0.0\"\n\n  backend \"s3\" {\n    region         = \"us-east-1\"\n    bucket         = \"unityhub-production-marketplacewebapp-terraform-state\"\n    key            = \"terraform.tfstate\"\n    dynamodb_table = \"unityhub-production-marketplacewebapp-terraform-state-lock\"\n    profile        = \"\"\n    role_arn       = \"\"\n    encrypt        = \"true\"\n  }\n}\n",
            "content_base64": null,
            "content_base64sha256": "tcLQdBygfcrOXqxdMibruiou8qLCul5gYcspqNFl4iQ=",
            "content_base64sha512": "qTVhYiVBDvclozj1fkMuvFiSI72PGKYe88HK6QOe8xU0PslNHmglPav4z8rEvzzFuUN6Daos50+/NjgEEbez9Q==",
            "content_md5": "07cc52f867c7e9dc7f4924fe5c1b5a08",
            "content_sha1": "a9533a565f562aa920843a3cc124eabdc745a900",
            "content_sha256": "b5c2d0741ca07dcace5eac5d3226ebba2a2ef2a2c2ba5e6061cb29a8d165e224",
            "content_sha512": "a935616225410ef725a338f57e432ebc589223bd8f18a61ef3c1cae9039ef315343ec94d1e68253dabf8cfcac4bf3cc5b9437a0daa2ce74fbf36380411b7b3f5",
            "directory_permission": "0777",
            "file_permission": "0644",
            "filename": "./backend/backend_marketplacewebapp.tf",
            "id": "a9533a565f562aa920843a3cc124eabdc745a900",
            "sensitive_content": null,
            "source": null
          },
          "sensitive_attributes": [
            [
              {
                "type": "get_attr",
                "value": "sensitive_content"
              }
            ]
          ],
          "identity_schema_version": 0,
          "dependencies": [
            "module.common_resources_staging.module.marketplacewebapp.module.terraform_state_backend_marketplacewebapp.aws_dynamodb_table.with_server_side_encryption",
            "module.common_resources_staging.module.marketplacewebapp.module.terraform_state_backend_marketplacewebapp.aws_s3_bucket.default",
            "module.common_resources_staging.module.marketplacewebapp.module.terraform_state_backend_marketplacewebapp.data.aws_region.current"
          ]
        }
      ]
    },
    {
      "module": "module.common_resources_staging.module.marketplacewebapp.module.terraform_state_backend_marketplacewebapp_eventcatalog",
      "mode": "data",
      "type": "aws_iam_policy_document",
      "name": "prevent_unencrypted_uploads",
      "provider": "provider[\"registry.terraform.io/hashicorp/aws\"]",
      "instances": [
        {
          "index_key": 0,
          "schema_version": 0,
          "attributes": {
            "id": "98472945",
            "json": "{\n  \"Version\": \"2012-10-17\",\n  \"Statement\": [\n    {\n      \"Sid\": \"DenyIncorrectEncryptionHeader\",\n      \"Effect\": \"Deny\",\n      \"Action\": \"s3:PutObject\",\n      \"Resource\": \"arn:aws:s3:::unityhub-production-marketplacewebapp-eventcatalog-terraf-6f0f3/*\",\n      \"Principal\": {\n        \"AWS\": \"*\"\n      },\n      \"Condition\": {\n        \"StringNotEquals\": {\n          \"s3:x-amz-server-side-encryption\": [\n            \"AES256\",\n            \"aws:kms\"\n          ]\n        }\n      }\n    },\n    {\n      \"Sid\": \"DenyUnEncryptedObjectUploads\",\n      \"Effect\": \"Deny\",\n      \"Action\": \"s3:PutObject\",\n      \"Resource\": \"arn:aws:s3:::unityhub-production-marketplacewebapp-eventcatalog-terraf-6f0f3/*\",\n      \"Principal\": {\n        \"AWS\": \"*\"\n      },\n      \"Condition\": {\n        \"Null\": {\n          \"s3:x-amz-server-side-encryption\": \"true\"\n        }\n      }\n    },\n    {\n      \"Sid\": \"EnforceTlsRequestsOnly\",\n      \"Effect\": \"Deny\",\n      \"Action\": \"s3:*\",\n      \"Resource\": [\n        \"arn:aws:s3:::unityhub-production-marketplacewebapp-eventcatalog-terraf-6f0f3/*\",\n        \"arn:aws:s3:::unityhub-production-marketplacewebapp-eventcatalog-terraf-6f0f3\"\n      ],\n      \"Principal\": {\n        \"AWS\": \"*\"\n      },\n      \"Condition\": {\n        \"Bool\": {\n          \"aws:SecureTransport\": \"false\"\n        }\n      }\n    }\n  ]\n}",
            "minified_json": "{\"Version\":\"2012-10-17\",\"Statement\":[{\"Sid\":\"DenyIncorrectEncryptionHeader\",\"Effect\":\"Deny\",\"Action\":\"s3:PutObject\",\"Resource\":\"arn:aws:s3:::unityhub-production-marketplacewebapp-eventcatalog-terraf-6f0f3/*\",\"Principal\":{\"AWS\":\"*\"},\"Condition\":{\"StringNotEquals\":{\"s3:x-amz-server-side-encryption\":[\"AES256\",\"aws:kms\"]}}},{\"Sid\":\"DenyUnEncryptedObjectUploads\",\"Effect\":\"Deny\",\"Action\":\"s3:PutObject\",\"Resource\":\"arn:aws:s3:::unityhub-production-marketplacewebapp-eventcatalog-terraf-6f0f3/*\",\"Principal\":{\"AWS\":\"*\"},\"Condition\":{\"Null\":{\"s3:x-amz-server-side-encryption\":\"true\"}}},{\"Sid\":\"EnforceTlsRequestsOnly\",\"Effect\":\"Deny\",\"Action\":\"s3:*\",\"Resource\":[\"arn:aws:s3:::unityhub-production-marketplacewebapp-eventcatalog-terraf-6f0f3/*\",\"arn:aws:s3:::unityhub-production-marketplacewebapp-eventcatalog-terraf-6f0f3\"],\"Principal\":{\"AWS\":\"*\"},\"Condition\":{\"Bool\":{\"aws:SecureTransport\":\"false\"}}}]}",
            "override_json": null,
            "override_policy_documents": null,
            "policy_id": null,
            "source_json": null,
            "source_policy_documents": null,
            "statement": [
              {
                "actions": [
                  "s3:PutObject"
                ],
                "condition": [
                  {
                    "test": "StringNotEquals",
                    "values": [
                      "AES256",
                      "aws:kms"
                    ],
                    "variable": "s3:x-amz-server-side-encryption"
                  }
                ],
                "effect": "Deny",
                "not_actions": [],
                "not_principals": [],
                "not_resources": [],
                "principals": [
                  {
                    "identifiers": [
                      "*"
                    ],
                    "type": "AWS"
                  }
                ],
                "resources": [
                  "arn:aws:s3:::unityhub-production-marketplacewebapp-eventcatalog-terraf-6f0f3/*"
                ],
                "sid": "DenyIncorrectEncryptionHeader"
              },
              {
                "actions": [
                  "s3:PutObject"
                ],
                "condition": [
                  {
                    "test": "Null",
                    "values": [
                      "true"
                    ],
                    "variable": "s3:x-amz-server-side-encryption"
                  }
                ],
                "effect": "Deny",
                "not_actions": [],
                "not_principals": [],
                "not_resources": [],
                "principals": [
                  {
                    "identifiers": [
                      "*"
                    ],
                    "type": "AWS"
                  }
                ],
                "resources": [
                  "arn:aws:s3:::unityhub-production-marketplacewebapp-eventcatalog-terraf-6f0f3/*"
                ],
                "sid": "DenyUnEncryptedObjectUploads"
              },
              {
                "actions": [
                  "s3:*"
                ],
                "condition": [
                  {
                    "test": "Bool",
                    "values": [
                      "false"
                    ],
                    "variable": "aws:SecureTransport"
                  }
                ],
                "effect": "Deny",
                "not_actions": [],
                "not_principals": [],
                "not_resources": [],
                "principals": [
                  {
                    "identifiers": [
                      "*"
                    ],
                    "type": "AWS"
                  }
                ],
                "resources": [
                  "arn:aws:s3:::unityhub-production-marketplacewebapp-eventcatalog-terraf-6f0f3",
                  "arn:aws:s3:::unityhub-production-marketplacewebapp-eventcatalog-terraf-6f0f3/*"
                ],
                "sid": "EnforceTlsRequestsOnly"
              }
            ],
            "version": "2012-10-17"
          },
          "sensitive_attributes": [],
          "identity_schema_version": 0
        }
      ]
    },
    {
      "module": "module.common_resources_staging.module.marketplacewebapp.module.terraform_state_backend_marketplacewebapp_eventcatalog",
      "mode": "data",
      "type": "aws_region",
      "name": "current",
      "provider": "provider[\"registry.terraform.io/hashicorp/aws\"]",
      "instances": [
        {
          "schema_version": 0,
          "attributes": {
            "description": "US East (N. Virginia)",
            "endpoint": "ec2.us-east-1.amazonaws.com",
            "id": "us-east-1",
            "name": "us-east-1"
          },
          "sensitive_attributes": [],
          "identity_schema_version": 0
        }
      ]
    },
    {
      "module": "module.common_resources_staging.module.marketplacewebapp.module.terraform_state_backend_marketplacewebapp_eventcatalog",
      "mode": "managed",
      "type": "aws_dynamodb_table",
      "name": "with_server_side_encryption",
      "provider": "provider[\"registry.terraform.io/hashicorp/aws\"]",
      "instances": [
        {
          "index_key": 0,
          "schema_version": 1,
          "attributes": {
            "arn": "arn:aws:dynamodb:us-east-1:514472330244:table/unityhub-production-marketplacewebapp-eventcatalog-terraform-state-lock",
            "attribute": [
              {
                "name": "LockID",
                "type": "S"
              }
            ],
            "billing_mode": "PAY_PER_REQUEST",
            "deletion_protection_enabled": false,
            "global_secondary_index": [],
            "hash_key": "LockID",
            "id": "unityhub-production-marketplacewebapp-eventcatalog-terraform-state-lock",
            "import_table": [],
            "local_secondary_index": [],
            "name": "unityhub-production-marketplacewebapp-eventcatalog-terraform-state-lock",
            "on_demand_throughput": [],
            "point_in_time_recovery": [
              {
                "enabled": true,
                "recovery_period_in_days": 35
              }
            ],
            "range_key": null,
            "read_capacity": 0,
            "replica": [],
            "restore_date_time": null,
            "restore_source_name": null,
            "restore_source_table_arn": null,
            "restore_to_latest_time": null,
            "server_side_encryption": [
              {
                "enabled": true,
                "kms_key_arn": ""
              }
            ],
            "stream_arn": "",
            "stream_enabled": false,
            "stream_label": "",
            "stream_view_type": "",
            "table_class": "STANDARD",
            "tags": {
              "Attributes": "terraform-state-lock",
              "Name": "unityhub-production-marketplacewebapp-eventcatalog-terraform-state-lock",
              "Namespace": "unityhub",
              "Stage": "production"
            },
            "tags_all": {
              "Attributes": "terraform-state-lock",
              "Name": "unityhub-production-marketplacewebapp-eventcatalog-terraform-state-lock",
              "Namespace": "unityhub",
              "Stage": "production"
            },
            "timeouts": null,
            "ttl": [
              {
                "attribute_name": "",
                "enabled": false
              }
            ],
            "write_capacity": 0
          },
          "sensitive_attributes": [],
          "identity_schema_version": 0,
          "private": "eyJlMmJmYjczMC1lY2FhLTExZTYtOGY4OC0zNDM2M2JjN2M0YzAiOnsiY3JlYXRlIjoxODAwMDAwMDAwMDAwLCJkZWxldGUiOjYwMDAwMDAwMDAwMCwidXBkYXRlIjozNjAwMDAwMDAwMDAwfSwic2NoZW1hX3ZlcnNpb24iOiIxIn0="
        }
      ]
    },
    {
      "module": "module.common_resources_staging.module.marketplacewebapp.module.terraform_state_backend_marketplacewebapp_eventcatalog",
      "mode": "managed",
      "type": "aws_s3_bucket",
      "name": "default",
      "provider": "provider[\"registry.terraform.io/hashicorp/aws\"]",
      "instances": [
        {
          "index_key": 0,
          "schema_version": 0,
          "attributes": {
            "acceleration_status": "",
            "acl": null,
            "arn": "arn:aws:s3:::unityhub-production-marketplacewebapp-eventcatalog-terraf-6f0f3",
            "bucket": "unityhub-production-marketplacewebapp-eventcatalog-terraf-6f0f3",
            "bucket_domain_name": "unityhub-production-marketplacewebapp-eventcatalog-terraf-6f0f3.s3.amazonaws.com",
            "bucket_prefix": "",
            "bucket_regional_domain_name": "unityhub-production-marketplacewebapp-eventcatalog-terraf-6f0f3.s3.us-east-1.amazonaws.com",
            "cors_rule": [],
            "force_destroy": true,
            "grant": [
              {
                "id": "bea86176a486e69a83b4227063efa3be9eb4b243551739d81a6a4b41ec8b3461",
                "permissions": [
                  "FULL_CONTROL"
                ],
                "type": "CanonicalUser",
                "uri": ""
              }
            ],
            "hosted_zone_id": "Z3AQBSTGFYJSTF",
            "id": "unityhub-production-marketplacewebapp-eventcatalog-terraf-6f0f3",
            "lifecycle_rule": [],
            "logging": [],
            "object_lock_configuration": [],
            "object_lock_enabled": false,
            "policy": "",
            "region": "us-east-1",
            "replication_configuration": [],
            "request_payer": "BucketOwner",
            "server_side_encryption_configuration": [
              {
                "rule": [
                  {
                    "apply_server_side_encryption_by_default": [
                      {
                        "kms_master_key_id": "",
                        "sse_algorithm": "AES256"
                      }
                    ],
                    "bucket_key_enabled": false
                  }
                ]
              }
            ],
            "tags": {
              "Attributes": "terraform-state",
              "Name": "unityhub-production-marketplacewebapp-eventcatalog-terraform-state",
              "Namespace": "unityhub",
              "Stage": "production"
            },
            "tags_all": {
              "Attributes": "terraform-state",
              "Name": "unityhub-production-marketplacewebapp-eventcatalog-terraform-state",
              "Namespace": "unityhub",
              "Stage": "production"
            },
            "timeouts": null,
            "versioning": [
              {
                "enabled": false,
                "mfa_delete": false
              }
            ],
            "website": [],
            "website_domain": null,
            "website_endpoint": null
          },
          "sensitive_attributes": [],
          "identity_schema_version": 0,
          "private": "eyJlMmJmYjczMC1lY2FhLTExZTYtOGY4OC0zNDM2M2JjN2M0YzAiOnsiY3JlYXRlIjoxMjAwMDAwMDAwMDAwLCJkZWxldGUiOjM2MDAwMDAwMDAwMDAsInJlYWQiOjEyMDAwMDAwMDAwMDAsInVwZGF0ZSI6MTIwMDAwMDAwMDAwMH19"
        }
      ]
    },
    {
      "module": "module.common_resources_staging.module.marketplacewebapp.module.terraform_state_backend_marketplacewebapp_eventcatalog",
      "mode": "managed",
      "type": "aws_s3_bucket_ownership_controls",
      "name": "default",
      "provider": "provider[\"registry.terraform.io/hashicorp/aws\"]",
      "instances": [
        {
          "index_key": 0,
          "schema_version": 0,
          "attributes": {
            "bucket": "unityhub-production-marketplacewebapp-eventcatalog-terraf-6f0f3",
            "id": "unityhub-production-marketplacewebapp-eventcatalog-terraf-6f0f3",
            "rule": [
              {
                "object_ownership": "BucketOwnerEnforced"
              }
            ]
          },
          "sensitive_attributes": [],
          "identity_schema_version": 0,
          "private": "bnVsbA==",
          "dependencies": [
            "module.common_resources_staging.module.marketplacewebapp.module.terraform_state_backend_marketplacewebapp_eventcatalog.aws_s3_bucket.default"
          ]
        }
      ]
    },
    {
      "module": "module.common_resources_staging.module.marketplacewebapp.module.terraform_state_backend_marketplacewebapp_eventcatalog",
      "mode": "managed",
      "type": "aws_s3_bucket_policy",
      "name": "default",
      "provider": "provider[\"registry.terraform.io/hashicorp/aws\"]",
      "instances": [
        {
          "index_key": 0,
          "schema_version": 0,
          "attributes": {
            "bucket": "unityhub-production-marketplacewebapp-eventcatalog-terraf-6f0f3",
            "id": "unityhub-production-marketplacewebapp-eventcatalog-terraf-6f0f3",
            "policy": "{\"Statement\":[{\"Action\":\"s3:PutObject\",\"Condition\":{\"StringNotEquals\":{\"s3:x-amz-server-side-encryption\":[\"AES256\",\"aws:kms\"]}},\"Effect\":\"Deny\",\"Principal\":{\"AWS\":\"*\"},\"Resource\":\"arn:aws:s3:::unityhub-production-marketplacewebapp-eventcatalog-terraf-6f0f3/*\",\"Sid\":\"DenyIncorrectEncryptionHeader\"},{\"Action\":\"s3:PutObject\",\"Condition\":{\"Null\":{\"s3:x-amz-server-side-encryption\":\"true\"}},\"Effect\":\"Deny\",\"Principal\":{\"AWS\":\"*\"},\"Resource\":\"arn:aws:s3:::unityhub-production-marketplacewebapp-eventcatalog-terraf-6f0f3/*\",\"Sid\":\"DenyUnEncryptedObjectUploads\"},{\"Action\":\"s3:*\",\"Condition\":{\"Bool\":{\"aws:SecureTransport\":\"false\"}},\"Effect\":\"Deny\",\"Principal\":{\"AWS\":\"*\"},\"Resource\":[\"arn:aws:s3:::unityhub-production-marketplacewebapp-eventcatalog-terraf-6f0f3/*\",\"arn:aws:s3:::unityhub-production-marketplacewebapp-eventcatalog-terraf-6f0f3\"],\"Sid\":\"EnforceTlsRequestsOnly\"}],\"Version\":\"2012-10-17\"}"
          },
          "sensitive_attributes": [],
          "identity_schema_version": 0,
          "private": "bnVsbA==",
          "dependencies": [
            "module.common_resources_staging.module.marketplacewebapp.module.terraform_state_backend_marketplacewebapp_eventcatalog.aws_s3_bucket.default",
            "module.common_resources_staging.module.marketplacewebapp.module.terraform_state_backend_marketplacewebapp_eventcatalog.data.aws_iam_policy_document.prevent_unencrypted_uploads"
          ]
        }
      ]
    },
    {
      "module": "module.common_resources_staging.module.marketplacewebapp.module.terraform_state_backend_marketplacewebapp_eventcatalog",
      "mode": "managed",
      "type": "aws_s3_bucket_public_access_block",
      "name": "default",
      "provider": "provider[\"registry.terraform.io/hashicorp/aws\"]",
      "instances": [
        {
          "index_key": 0,
          "schema_version": 0,
          "attributes": {
            "block_public_acls": true,
            "block_public_policy": true,
            "bucket": "unityhub-production-marketplacewebapp-eventcatalog-terraf-6f0f3",
            "id": "unityhub-production-marketplacewebapp-eventcatalog-terraf-6f0f3",
            "ignore_public_acls": true,
            "restrict_public_buckets": true
          },
          "sensitive_attributes": [],
          "identity_schema_version": 0,
          "private": "bnVsbA==",
          "dependencies": [
            "module.common_resources_staging.module.marketplacewebapp.module.terraform_state_backend_marketplacewebapp_eventcatalog.aws_s3_bucket.default"
          ]
        }
      ]
    },
    {
      "module": "module.common_resources_staging.module.marketplacewebapp.module.terraform_state_backend_marketplacewebapp_eventcatalog",
      "mode": "managed",
      "type": "aws_s3_bucket_server_side_encryption_configuration",
      "name": "default",
      "provider": "provider[\"registry.terraform.io/hashicorp/aws\"]",
      "instances": [
        {
          "index_key": 0,
          "schema_version": 0,
          "attributes": {
            "bucket": "unityhub-production-marketplacewebapp-eventcatalog-terraf-6f0f3",
            "expected_bucket_owner": "",
            "id": "unityhub-production-marketplacewebapp-eventcatalog-terraf-6f0f3",
            "rule": [
              {
                "apply_server_side_encryption_by_default": [
                  {
                    "kms_master_key_id": "",
                    "sse_algorithm": "AES256"
                  }
                ],
                "bucket_key_enabled": null
              }
            ]
          },
          "sensitive_attributes": [],
          "identity_schema_version": 0,
          "private": "bnVsbA==",
          "dependencies": [
            "module.common_resources_staging.module.marketplacewebapp.module.terraform_state_backend_marketplacewebapp_eventcatalog.aws_s3_bucket.default"
          ]
        }
      ]
    },
    {
      "module": "module.common_resources_staging.module.marketplacewebapp.module.terraform_state_backend_marketplacewebapp_eventcatalog",
      "mode": "managed",
      "type": "aws_s3_bucket_versioning",
      "name": "default",
      "provider": "provider[\"registry.terraform.io/hashicorp/aws\"]",
      "instances": [
        {
          "index_key": 0,
          "schema_version": 0,
          "attributes": {
            "bucket": "unityhub-production-marketplacewebapp-eventcatalog-terraf-6f0f3",
            "expected_bucket_owner": "",
            "id": "unityhub-production-marketplacewebapp-eventcatalog-terraf-6f0f3",
            "mfa": null,
            "versioning_configuration": [
              {
                "mfa_delete": "Disabled",
                "status": "Enabled"
              }
            ]
          },
          "sensitive_attributes": [],
          "identity_schema_version": 0,
          "private": "bnVsbA==",
          "dependencies": [
            "module.common_resources_staging.module.marketplacewebapp.module.terraform_state_backend_marketplacewebapp_eventcatalog.aws_s3_bucket.default"
          ]
        }
      ]
    },
    {
      "module": "module.common_resources_staging.module.marketplacewebapp.module.terraform_state_backend_marketplacewebapp_eventcatalog",
      "mode": "managed",
      "type": "local_file",
      "name": "terraform_backend_config",
      "provider": "provider[\"registry.terraform.io/hashicorp/local\"]",
      "instances": [
        {
          "index_key": 0,
          "schema_version": 0,
          "attributes": {
            "content": "terraform {\n  required_version = \"\u003e= 1.0.0\"\n\n  backend \"s3\" {\n    region         = \"us-east-1\"\n    bucket         = \"unityhub-production-marketplacewebapp-eventcatalog-terraf-6f0f3\"\n    key            = \"terraform.tfstate\"\n    dynamodb_table = \"unityhub-production-marketplacewebapp-eventcatalog-terraform-state-lock\"\n    profile        = \"\"\n    role_arn       = \"\"\n    encrypt        = \"true\"\n  }\n}\n",
            "content_base64": null,
            "content_base64sha256": "nYCIZsXNJVVRnJq4/9DgOc4zWcwGuZUOnG96ot0H1Kk=",
            "content_base64sha512": "aOo9VtcV5L7DUdwI2GF4pYNHdyAS+M3PG2Uk758ESlYEOEKJnFn5grJyhmE04i6tKoDDkJ959Bqwbi1Uxv2HZw==",
            "content_md5": "bdfe9a19b3950d0563a062fcc6bfd148",
            "content_sha1": "257ec5441a3ef5de348a4a22867be8ba158a4d41",
            "content_sha256": "9d808866c5cd2555519c9ab8ffd0e039ce3359cc06b9950e9c6f7aa2dd07d4a9",
            "content_sha512": "68ea3d56d715e4bec351dc08d86178a58347772012f8cdcf1b6524ef9f044a56043842899c59f982b272866134e22ead2a80c3909f79f41ab06e2d54c6fd8767",
            "directory_permission": "0777",
            "file_permission": "0644",
            "filename": "./backend/backend_marketplacewebapp_eventcatalog.tf",
            "id": "257ec5441a3ef5de348a4a22867be8ba158a4d41",
            "sensitive_content": null,
            "source": null
          },
          "sensitive_attributes": [
            [
              {
                "type": "get_attr",
                "value": "sensitive_content"
              }
            ]
          ],
          "identity_schema_version": 0,
          "dependencies": [
            "module.common_resources_staging.module.marketplacewebapp.module.terraform_state_backend_marketplacewebapp_eventcatalog.aws_dynamodb_table.with_server_side_encryption",
            "module.common_resources_staging.module.marketplacewebapp.module.terraform_state_backend_marketplacewebapp_eventcatalog.aws_s3_bucket.default",
            "module.common_resources_staging.module.marketplacewebapp.module.terraform_state_backend_marketplacewebapp_eventcatalog.data.aws_region.current"
          ]
        }
      ]
    },
    {
      "module": "module.common_resources_staging.module.marketplacewebapp.module.terraform_state_backend_marketplacewebapp_help",
      "mode": "data",
      "type": "aws_iam_policy_document",
      "name": "prevent_unencrypted_uploads",
      "provider": "provider[\"registry.terraform.io/hashicorp/aws\"]",
      "instances": [
        {
          "index_key": 0,
          "schema_version": 0,
          "attributes": {
            "id": "907848677",
            "json": "{\n  \"Version\": \"2012-10-17\",\n  \"Statement\": [\n    {\n      \"Sid\": \"DenyIncorrectEncryptionHeader\",\n      \"Effect\": \"Deny\",\n      \"Action\": \"s3:PutObject\",\n      \"Resource\": \"arn:aws:s3:::unityhub-production-marketplacewebapp-help-terraform-state/*\",\n      \"Principal\": {\n        \"AWS\": \"*\"\n      },\n      \"Condition\": {\n        \"StringNotEquals\": {\n          \"s3:x-amz-server-side-encryption\": [\n            \"AES256\",\n            \"aws:kms\"\n          ]\n        }\n      }\n    },\n    {\n      \"Sid\": \"DenyUnEncryptedObjectUploads\",\n      \"Effect\": \"Deny\",\n      \"Action\": \"s3:PutObject\",\n      \"Resource\": \"arn:aws:s3:::unityhub-production-marketplacewebapp-help-terraform-state/*\",\n      \"Principal\": {\n        \"AWS\": \"*\"\n      },\n      \"Condition\": {\n        \"Null\": {\n          \"s3:x-amz-server-side-encryption\": \"true\"\n        }\n      }\n    },\n    {\n      \"Sid\": \"EnforceTlsRequestsOnly\",\n      \"Effect\": \"Deny\",\n      \"Action\": \"s3:*\",\n      \"Resource\": [\n        \"arn:aws:s3:::unityhub-production-marketplacewebapp-help-terraform-state/*\",\n        \"arn:aws:s3:::unityhub-production-marketplacewebapp-help-terraform-state\"\n      ],\n      \"Principal\": {\n        \"AWS\": \"*\"\n      },\n      \"Condition\": {\n        \"Bool\": {\n          \"aws:SecureTransport\": \"false\"\n        }\n      }\n    }\n  ]\n}",
            "minified_json": "{\"Version\":\"2012-10-17\",\"Statement\":[{\"Sid\":\"DenyIncorrectEncryptionHeader\",\"Effect\":\"Deny\",\"Action\":\"s3:PutObject\",\"Resource\":\"arn:aws:s3:::unityhub-production-marketplacewebapp-help-terraform-state/*\",\"Principal\":{\"AWS\":\"*\"},\"Condition\":{\"StringNotEquals\":{\"s3:x-amz-server-side-encryption\":[\"AES256\",\"aws:kms\"]}}},{\"Sid\":\"DenyUnEncryptedObjectUploads\",\"Effect\":\"Deny\",\"Action\":\"s3:PutObject\",\"Resource\":\"arn:aws:s3:::unityhub-production-marketplacewebapp-help-terraform-state/*\",\"Principal\":{\"AWS\":\"*\"},\"Condition\":{\"Null\":{\"s3:x-amz-server-side-encryption\":\"true\"}}},{\"Sid\":\"EnforceTlsRequestsOnly\",\"Effect\":\"Deny\",\"Action\":\"s3:*\",\"Resource\":[\"arn:aws:s3:::unityhub-production-marketplacewebapp-help-terraform-state/*\",\"arn:aws:s3:::unityhub-production-marketplacewebapp-help-terraform-state\"],\"Principal\":{\"AWS\":\"*\"},\"Condition\":{\"Bool\":{\"aws:SecureTransport\":\"false\"}}}]}",
            "override_json": null,
            "override_policy_documents": null,
            "policy_id": null,
            "source_json": null,
            "source_policy_documents": null,
            "statement": [
              {
                "actions": [
                  "s3:PutObject"
                ],
                "condition": [
                  {
                    "test": "StringNotEquals",
                    "values": [
                      "AES256",
                      "aws:kms"
                    ],
                    "variable": "s3:x-amz-server-side-encryption"
                  }
                ],
                "effect": "Deny",
                "not_actions": [],
                "not_principals": [],
                "not_resources": [],
                "principals": [
                  {
                    "identifiers": [
                      "*"
                    ],
                    "type": "AWS"
                  }
                ],
                "resources": [
                  "arn:aws:s3:::unityhub-production-marketplacewebapp-help-terraform-state/*"
                ],
                "sid": "DenyIncorrectEncryptionHeader"
              },
              {
                "actions": [
                  "s3:PutObject"
                ],
                "condition": [
                  {
                    "test": "Null",
                    "values": [
                      "true"
                    ],
                    "variable": "s3:x-amz-server-side-encryption"
                  }
                ],
                "effect": "Deny",
                "not_actions": [],
                "not_principals": [],
                "not_resources": [],
                "principals": [
                  {
                    "identifiers": [
                      "*"
                    ],
                    "type": "AWS"
                  }
                ],
                "resources": [
                  "arn:aws:s3:::unityhub-production-marketplacewebapp-help-terraform-state/*"
                ],
                "sid": "DenyUnEncryptedObjectUploads"
              },
              {
                "actions": [
                  "s3:*"
                ],
                "condition": [
                  {
                    "test": "Bool",
                    "values": [
                      "false"
                    ],
                    "variable": "aws:SecureTransport"
                  }
                ],
                "effect": "Deny",
                "not_actions": [],
                "not_principals": [],
                "not_resources": [],
                "principals": [
                  {
                    "identifiers": [
                      "*"
                    ],
                    "type": "AWS"
                  }
                ],
                "resources": [
                  "arn:aws:s3:::unityhub-production-marketplacewebapp-help-terraform-state",
                  "arn:aws:s3:::unityhub-production-marketplacewebapp-help-terraform-state/*"
                ],
                "sid": "EnforceTlsRequestsOnly"
              }
            ],
            "version": "2012-10-17"
          },
          "sensitive_attributes": [],
          "identity_schema_version": 0
        }
      ]
    },
    {
      "module": "module.common_resources_staging.module.marketplacewebapp.module.terraform_state_backend_marketplacewebapp_help",
      "mode": "data",
      "type": "aws_region",
      "name": "current",
      "provider": "provider[\"registry.terraform.io/hashicorp/aws\"]",
      "instances": [
        {
          "schema_version": 0,
          "attributes": {
            "description": "US East (N. Virginia)",
            "endpoint": "ec2.us-east-1.amazonaws.com",
            "id": "us-east-1",
            "name": "us-east-1"
          },
          "sensitive_attributes": [],
          "identity_schema_version": 0
        }
      ]
    },
    {
      "module": "module.common_resources_staging.module.marketplacewebapp.module.terraform_state_backend_marketplacewebapp_help",
      "mode": "managed",
      "type": "aws_dynamodb_table",
      "name": "with_server_side_encryption",
      "provider": "provider[\"registry.terraform.io/hashicorp/aws\"]",
      "instances": [
        {
          "index_key": 0,
          "schema_version": 1,
          "attributes": {
            "arn": "arn:aws:dynamodb:us-east-1:514472330244:table/unityhub-production-marketplacewebapp-help-terraform-state-lock",
            "attribute": [
              {
                "name": "LockID",
                "type": "S"
              }
            ],
            "billing_mode": "PAY_PER_REQUEST",
            "deletion_protection_enabled": false,
            "global_secondary_index": [],
            "hash_key": "LockID",
            "id": "unityhub-production-marketplacewebapp-help-terraform-state-lock",
            "import_table": [],
            "local_secondary_index": [],
            "name": "unityhub-production-marketplacewebapp-help-terraform-state-lock",
            "on_demand_throughput": [],
            "point_in_time_recovery": [
              {
                "enabled": true,
                "recovery_period_in_days": 35
              }
            ],
            "range_key": null,
            "read_capacity": 0,
            "replica": [],
            "restore_date_time": null,
            "restore_source_name": null,
            "restore_source_table_arn": null,
            "restore_to_latest_time": null,
            "server_side_encryption": [
              {
                "enabled": true,
                "kms_key_arn": ""
              }
            ],
            "stream_arn": "",
            "stream_enabled": false,
            "stream_label": "",
            "stream_view_type": "",
            "table_class": "STANDARD",
            "tags": {
              "Attributes": "terraform-state-lock",
              "Name": "unityhub-production-marketplacewebapp-help-terraform-state-lock",
              "Namespace": "unityhub",
              "Stage": "production"
            },
            "tags_all": {
              "Attributes": "terraform-state-lock",
              "Name": "unityhub-production-marketplacewebapp-help-terraform-state-lock",
              "Namespace": "unityhub",
              "Stage": "production"
            },
            "timeouts": null,
            "ttl": [
              {
                "attribute_name": "",
                "enabled": false
              }
            ],
            "write_capacity": 0
          },
          "sensitive_attributes": [],
          "identity_schema_version": 0,
          "private": "eyJlMmJmYjczMC1lY2FhLTExZTYtOGY4OC0zNDM2M2JjN2M0YzAiOnsiY3JlYXRlIjoxODAwMDAwMDAwMDAwLCJkZWxldGUiOjYwMDAwMDAwMDAwMCwidXBkYXRlIjozNjAwMDAwMDAwMDAwfSwic2NoZW1hX3ZlcnNpb24iOiIxIn0="
        }
      ]
    },
    {
      "module": "module.common_resources_staging.module.marketplacewebapp.module.terraform_state_backend_marketplacewebapp_help",
      "mode": "managed",
      "type": "aws_s3_bucket",
      "name": "default",
      "provider": "provider[\"registry.terraform.io/hashicorp/aws\"]",
      "instances": [
        {
          "index_key": 0,
          "schema_version": 0,
          "attributes": {
            "acceleration_status": "",
            "acl": null,
            "arn": "arn:aws:s3:::unityhub-production-marketplacewebapp-help-terraform-state",
            "bucket": "unityhub-production-marketplacewebapp-help-terraform-state",
            "bucket_domain_name": "unityhub-production-marketplacewebapp-help-terraform-state.s3.amazonaws.com",
            "bucket_prefix": "",
            "bucket_regional_domain_name": "unityhub-production-marketplacewebapp-help-terraform-state.s3.us-east-1.amazonaws.com",
            "cors_rule": [],
            "force_destroy": true,
            "grant": [
              {
                "id": "bea86176a486e69a83b4227063efa3be9eb4b243551739d81a6a4b41ec8b3461",
                "permissions": [
                  "FULL_CONTROL"
                ],
                "type": "CanonicalUser",
                "uri": ""
              }
            ],
            "hosted_zone_id": "Z3AQBSTGFYJSTF",
            "id": "unityhub-production-marketplacewebapp-help-terraform-state",
            "lifecycle_rule": [],
            "logging": [],
            "object_lock_configuration": [],
            "object_lock_enabled": false,
            "policy": "",
            "region": "us-east-1",
            "replication_configuration": [],
            "request_payer": "BucketOwner",
            "server_side_encryption_configuration": [
              {
                "rule": [
                  {
                    "apply_server_side_encryption_by_default": [
                      {
                        "kms_master_key_id": "",
                        "sse_algorithm": "AES256"
                      }
                    ],
                    "bucket_key_enabled": false
                  }
                ]
              }
            ],
            "tags": {
              "Attributes": "terraform-state",
              "Name": "unityhub-production-marketplacewebapp-help-terraform-state",
              "Namespace": "unityhub",
              "Stage": "production"
            },
            "tags_all": {
              "Attributes": "terraform-state",
              "Name": "unityhub-production-marketplacewebapp-help-terraform-state",
              "Namespace": "unityhub",
              "Stage": "production"
            },
            "timeouts": null,
            "versioning": [
              {
                "enabled": false,
                "mfa_delete": false
              }
            ],
            "website": [],
            "website_domain": null,
            "website_endpoint": null
          },
          "sensitive_attributes": [],
          "identity_schema_version": 0,
          "private": "eyJlMmJmYjczMC1lY2FhLTExZTYtOGY4OC0zNDM2M2JjN2M0YzAiOnsiY3JlYXRlIjoxMjAwMDAwMDAwMDAwLCJkZWxldGUiOjM2MDAwMDAwMDAwMDAsInJlYWQiOjEyMDAwMDAwMDAwMDAsInVwZGF0ZSI6MTIwMDAwMDAwMDAwMH19"
        }
      ]
    },
    {
      "module": "module.common_resources_staging.module.marketplacewebapp.module.terraform_state_backend_marketplacewebapp_help",
      "mode": "managed",
      "type": "aws_s3_bucket_ownership_controls",
      "name": "default",
      "provider": "provider[\"registry.terraform.io/hashicorp/aws\"]",
      "instances": [
        {
          "index_key": 0,
          "schema_version": 0,
          "attributes": {
            "bucket": "unityhub-production-marketplacewebapp-help-terraform-state",
            "id": "unityhub-production-marketplacewebapp-help-terraform-state",
            "rule": [
              {
                "object_ownership": "BucketOwnerEnforced"
              }
            ]
          },
          "sensitive_attributes": [],
          "identity_schema_version": 0,
          "private": "bnVsbA==",
          "dependencies": [
            "module.common_resources_staging.module.marketplacewebapp.module.terraform_state_backend_marketplacewebapp_help.aws_s3_bucket.default"
          ]
        }
      ]
    },
    {
      "module": "module.common_resources_staging.module.marketplacewebapp.module.terraform_state_backend_marketplacewebapp_help",
      "mode": "managed",
      "type": "aws_s3_bucket_policy",
      "name": "default",
      "provider": "provider[\"registry.terraform.io/hashicorp/aws\"]",
      "instances": [
        {
          "index_key": 0,
          "schema_version": 0,
          "attributes": {
            "bucket": "unityhub-production-marketplacewebapp-help-terraform-state",
            "id": "unityhub-production-marketplacewebapp-help-terraform-state",
            "policy": "{\"Statement\":[{\"Action\":\"s3:PutObject\",\"Condition\":{\"StringNotEquals\":{\"s3:x-amz-server-side-encryption\":[\"AES256\",\"aws:kms\"]}},\"Effect\":\"Deny\",\"Principal\":{\"AWS\":\"*\"},\"Resource\":\"arn:aws:s3:::unityhub-production-marketplacewebapp-help-terraform-state/*\",\"Sid\":\"DenyIncorrectEncryptionHeader\"},{\"Action\":\"s3:PutObject\",\"Condition\":{\"Null\":{\"s3:x-amz-server-side-encryption\":\"true\"}},\"Effect\":\"Deny\",\"Principal\":{\"AWS\":\"*\"},\"Resource\":\"arn:aws:s3:::unityhub-production-marketplacewebapp-help-terraform-state/*\",\"Sid\":\"DenyUnEncryptedObjectUploads\"},{\"Action\":\"s3:*\",\"Condition\":{\"Bool\":{\"aws:SecureTransport\":\"false\"}},\"Effect\":\"Deny\",\"Principal\":{\"AWS\":\"*\"},\"Resource\":[\"arn:aws:s3:::unityhub-production-marketplacewebapp-help-terraform-state/*\",\"arn:aws:s3:::unityhub-production-marketplacewebapp-help-terraform-state\"],\"Sid\":\"EnforceTlsRequestsOnly\"}],\"Version\":\"2012-10-17\"}"
          },
          "sensitive_attributes": [],
          "identity_schema_version": 0,
          "private": "bnVsbA==",
          "dependencies": [
            "module.common_resources_staging.module.marketplacewebapp.module.terraform_state_backend_marketplacewebapp_help.aws_s3_bucket.default",
            "module.common_resources_staging.module.marketplacewebapp.module.terraform_state_backend_marketplacewebapp_help.data.aws_iam_policy_document.prevent_unencrypted_uploads"
          ]
        }
      ]
    },
    {
      "module": "module.common_resources_staging.module.marketplacewebapp.module.terraform_state_backend_marketplacewebapp_help",
      "mode": "managed",
      "type": "aws_s3_bucket_public_access_block",
      "name": "default",
      "provider": "provider[\"registry.terraform.io/hashicorp/aws\"]",
      "instances": [
        {
          "index_key": 0,
          "schema_version": 0,
          "attributes": {
            "block_public_acls": true,
            "block_public_policy": true,
            "bucket": "unityhub-production-marketplacewebapp-help-terraform-state",
            "id": "unityhub-production-marketplacewebapp-help-terraform-state",
            "ignore_public_acls": true,
            "restrict_public_buckets": true
          },
          "sensitive_attributes": [],
          "identity_schema_version": 0,
          "private": "bnVsbA==",
          "dependencies": [
            "module.common_resources_staging.module.marketplacewebapp.module.terraform_state_backend_marketplacewebapp_help.aws_s3_bucket.default"
          ]
        }
      ]
    },
    {
      "module": "module.common_resources_staging.module.marketplacewebapp.module.terraform_state_backend_marketplacewebapp_help",
      "mode": "managed",
      "type": "aws_s3_bucket_server_side_encryption_configuration",
      "name": "default",
      "provider": "provider[\"registry.terraform.io/hashicorp/aws\"]",
      "instances": [
        {
          "index_key": 0,
          "schema_version": 0,
          "attributes": {
            "bucket": "unityhub-production-marketplacewebapp-help-terraform-state",
            "expected_bucket_owner": "",
            "id": "unityhub-production-marketplacewebapp-help-terraform-state",
            "rule": [
              {
                "apply_server_side_encryption_by_default": [
                  {
                    "kms_master_key_id": "",
                    "sse_algorithm": "AES256"
                  }
                ],
                "bucket_key_enabled": null
              }
            ]
          },
          "sensitive_attributes": [],
          "identity_schema_version": 0,
          "private": "bnVsbA==",
          "dependencies": [
            "module.common_resources_staging.module.marketplacewebapp.module.terraform_state_backend_marketplacewebapp_help.aws_s3_bucket.default"
          ]
        }
      ]
    },
    {
      "module": "module.common_resources_staging.module.marketplacewebapp.module.terraform_state_backend_marketplacewebapp_help",
      "mode": "managed",
      "type": "aws_s3_bucket_versioning",
      "name": "default",
      "provider": "provider[\"registry.terraform.io/hashicorp/aws\"]",
      "instances": [
        {
          "index_key": 0,
          "schema_version": 0,
          "attributes": {
            "bucket": "unityhub-production-marketplacewebapp-help-terraform-state",
            "expected_bucket_owner": "",
            "id": "unityhub-production-marketplacewebapp-help-terraform-state",
            "mfa": null,
            "versioning_configuration": [
              {
                "mfa_delete": "Disabled",
                "status": "Enabled"
              }
            ]
          },
          "sensitive_attributes": [],
          "identity_schema_version": 0,
          "private": "bnVsbA==",
          "dependencies": [
            "module.common_resources_staging.module.marketplacewebapp.module.terraform_state_backend_marketplacewebapp_help.aws_s3_bucket.default"
          ]
        }
      ]
    },
    {
      "module": "module.common_resources_staging.module.marketplacewebapp.module.terraform_state_backend_marketplacewebapp_help",
      "mode": "managed",
      "type": "local_file",
      "name": "terraform_backend_config",
      "provider": "provider[\"registry.terraform.io/hashicorp/local\"]",
      "instances": [
        {
          "index_key": 0,
          "schema_version": 0,
          "attributes": {
            "content": "terraform {\n  required_version = \"\u003e= 1.0.0\"\n\n  backend \"s3\" {\n    region         = \"us-east-1\"\n    bucket         = \"unityhub-production-marketplacewebapp-help-terraform-state\"\n    key            = \"terraform.tfstate\"\n    dynamodb_table = \"unityhub-production-marketplacewebapp-help-terraform-state-lock\"\n    profile        = \"\"\n    role_arn       = \"\"\n    encrypt        = \"true\"\n  }\n}\n",
            "content_base64": null,
            "content_base64sha256": "VLemnCgxjGo13k46EgJD4o3q/PTN4w2E481LOSQT414=",
            "content_base64sha512": "LakiELaeTpQubdZshhMOHnCyAKyyaEOtLPtL9XJWqxj7eT9Q2kS0kK1F13kN2WuotTSbPhPtT3p7ED3CiEHRbA==",
            "content_md5": "096ec4745a9435d557133aa16ae089f2",
            "content_sha1": "5b358979622f44a782b4c5deb379120c564b7396",
            "content_sha256": "54b7a69c28318c6a35de4e3a120243e28deafcf4cde30d84e3cd4b392413e35e",
            "content_sha512": "2da92210b69e4e942e6dd66c86130e1e70b200acb26843ad2cfb4bf57256ab18fb793f50da44b490ad45d7790dd96ba8b5349b3e13ed4f7a7b103dc28841d16c",
            "directory_permission": "0777",
            "file_permission": "0644",
            "filename": "./backend/backend_marketplacewebapp_help.tf",
            "id": "5b358979622f44a782b4c5deb379120c564b7396",
            "sensitive_content": null,
            "source": null
          },
          "sensitive_attributes": [
            [
              {
                "type": "get_attr",
                "value": "sensitive_content"
              }
            ]
          ],
          "identity_schema_version": 0,
          "dependencies": [
            "module.common_resources_staging.module.marketplacewebapp.module.terraform_state_backend_marketplacewebapp_help.aws_dynamodb_table.with_server_side_encryption",
            "module.common_resources_staging.module.marketplacewebapp.module.terraform_state_backend_marketplacewebapp_help.aws_s3_bucket.default",
            "module.common_resources_staging.module.marketplacewebapp.module.terraform_state_backend_marketplacewebapp_help.data.aws_region.current"
          ]
        }
      ]
    },
    {
      "module": "module.common_resources_staging.module.marketplacewebapp.module.terraform_state_backend_marketplacewebapp_msteams",
      "mode": "data",
      "type": "aws_iam_policy_document",
      "name": "prevent_unencrypted_uploads",
      "provider": "provider[\"registry.terraform.io/hashicorp/aws\"]",
      "instances": [
        {
          "index_key": 0,
          "schema_version": 0,
          "attributes": {
            "id": "4143473620",
            "json": "{\n  \"Version\": \"2012-10-17\",\n  \"Statement\": [\n    {\n      \"Sid\": \"DenyIncorrectEncryptionHeader\",\n      \"Effect\": \"Deny\",\n      \"Action\": \"s3:PutObject\",\n      \"Resource\": \"arn:aws:s3:::unityhub-production-marketplacewebapp-msteams-terraform-state/*\",\n      \"Principal\": {\n        \"AWS\": \"*\"\n      },\n      \"Condition\": {\n        \"StringNotEquals\": {\n          \"s3:x-amz-server-side-encryption\": [\n            \"AES256\",\n            \"aws:kms\"\n          ]\n        }\n      }\n    },\n    {\n      \"Sid\": \"DenyUnEncryptedObjectUploads\",\n      \"Effect\": \"Deny\",\n      \"Action\": \"s3:PutObject\",\n      \"Resource\": \"arn:aws:s3:::unityhub-production-marketplacewebapp-msteams-terraform-state/*\",\n      \"Principal\": {\n        \"AWS\": \"*\"\n      },\n      \"Condition\": {\n        \"Null\": {\n          \"s3:x-amz-server-side-encryption\": \"true\"\n        }\n      }\n    },\n    {\n      \"Sid\": \"EnforceTlsRequestsOnly\",\n      \"Effect\": \"Deny\",\n      \"Action\": \"s3:*\",\n      \"Resource\": [\n        \"arn:aws:s3:::unityhub-production-marketplacewebapp-msteams-terraform-state/*\",\n        \"arn:aws:s3:::unityhub-production-marketplacewebapp-msteams-terraform-state\"\n      ],\n      \"Principal\": {\n        \"AWS\": \"*\"\n      },\n      \"Condition\": {\n        \"Bool\": {\n          \"aws:SecureTransport\": \"false\"\n        }\n      }\n    }\n  ]\n}",
            "minified_json": "{\"Version\":\"2012-10-17\",\"Statement\":[{\"Sid\":\"DenyIncorrectEncryptionHeader\",\"Effect\":\"Deny\",\"Action\":\"s3:PutObject\",\"Resource\":\"arn:aws:s3:::unityhub-production-marketplacewebapp-msteams-terraform-state/*\",\"Principal\":{\"AWS\":\"*\"},\"Condition\":{\"StringNotEquals\":{\"s3:x-amz-server-side-encryption\":[\"AES256\",\"aws:kms\"]}}},{\"Sid\":\"DenyUnEncryptedObjectUploads\",\"Effect\":\"Deny\",\"Action\":\"s3:PutObject\",\"Resource\":\"arn:aws:s3:::unityhub-production-marketplacewebapp-msteams-terraform-state/*\",\"Principal\":{\"AWS\":\"*\"},\"Condition\":{\"Null\":{\"s3:x-amz-server-side-encryption\":\"true\"}}},{\"Sid\":\"EnforceTlsRequestsOnly\",\"Effect\":\"Deny\",\"Action\":\"s3:*\",\"Resource\":[\"arn:aws:s3:::unityhub-production-marketplacewebapp-msteams-terraform-state/*\",\"arn:aws:s3:::unityhub-production-marketplacewebapp-msteams-terraform-state\"],\"Principal\":{\"AWS\":\"*\"},\"Condition\":{\"Bool\":{\"aws:SecureTransport\":\"false\"}}}]}",
            "override_json": null,
            "override_policy_documents": null,
            "policy_id": null,
            "source_json": null,
            "source_policy_documents": null,
            "statement": [
              {
                "actions": [
                  "s3:PutObject"
                ],
                "condition": [
                  {
                    "test": "StringNotEquals",
                    "values": [
                      "AES256",
                      "aws:kms"
                    ],
                    "variable": "s3:x-amz-server-side-encryption"
                  }
                ],
                "effect": "Deny",
                "not_actions": [],
                "not_principals": [],
                "not_resources": [],
                "principals": [
                  {
                    "identifiers": [
                      "*"
                    ],
                    "type": "AWS"
                  }
                ],
                "resources": [
                  "arn:aws:s3:::unityhub-production-marketplacewebapp-msteams-terraform-state/*"
                ],
                "sid": "DenyIncorrectEncryptionHeader"
              },
              {
                "actions": [
                  "s3:PutObject"
                ],
                "condition": [
                  {
                    "test": "Null",
                    "values": [
                      "true"
                    ],
                    "variable": "s3:x-amz-server-side-encryption"
                  }
                ],
                "effect": "Deny",
                "not_actions": [],
                "not_principals": [],
                "not_resources": [],
                "principals": [
                  {
                    "identifiers": [
                      "*"
                    ],
                    "type": "AWS"
                  }
                ],
                "resources": [
                  "arn:aws:s3:::unityhub-production-marketplacewebapp-msteams-terraform-state/*"
                ],
                "sid": "DenyUnEncryptedObjectUploads"
              },
              {
                "actions": [
                  "s3:*"
                ],
                "condition": [
                  {
                    "test": "Bool",
                    "values": [
                      "false"
                    ],
                    "variable": "aws:SecureTransport"
                  }
                ],
                "effect": "Deny",
                "not_actions": [],
                "not_principals": [],
                "not_resources": [],
                "principals": [
                  {
                    "identifiers": [
                      "*"
                    ],
                    "type": "AWS"
                  }
                ],
                "resources": [
                  "arn:aws:s3:::unityhub-production-marketplacewebapp-msteams-terraform-state",
                  "arn:aws:s3:::unityhub-production-marketplacewebapp-msteams-terraform-state/*"
                ],
                "sid": "EnforceTlsRequestsOnly"
              }
            ],
            "version": "2012-10-17"
          },
          "sensitive_attributes": [],
          "identity_schema_version": 0
        }
      ]
    },
    {
      "module": "module.common_resources_staging.module.marketplacewebapp.module.terraform_state_backend_marketplacewebapp_msteams",
      "mode": "data",
      "type": "aws_region",
      "name": "current",
      "provider": "provider[\"registry.terraform.io/hashicorp/aws\"]",
      "instances": [
        {
          "schema_version": 0,
          "attributes": {
            "description": "US East (N. Virginia)",
            "endpoint": "ec2.us-east-1.amazonaws.com",
            "id": "us-east-1",
            "name": "us-east-1"
          },
          "sensitive_attributes": [],
          "identity_schema_version": 0
        }
      ]
    },
    {
      "module": "module.common_resources_staging.module.marketplacewebapp.module.terraform_state_backend_marketplacewebapp_msteams",
      "mode": "managed",
      "type": "aws_dynamodb_table",
      "name": "with_server_side_encryption",
      "provider": "provider[\"registry.terraform.io/hashicorp/aws\"]",
      "instances": [
        {
          "index_key": 0,
          "schema_version": 1,
          "attributes": {
            "arn": "arn:aws:dynamodb:us-east-1:514472330244:table/unityhub-production-marketplacewebapp-msteams-terraform-state-lock",
            "attribute": [
              {
                "name": "LockID",
                "type": "S"
              }
            ],
            "billing_mode": "PAY_PER_REQUEST",
            "deletion_protection_enabled": false,
            "global_secondary_index": [],
            "hash_key": "LockID",
            "id": "unityhub-production-marketplacewebapp-msteams-terraform-state-lock",
            "import_table": [],
            "local_secondary_index": [],
            "name": "unityhub-production-marketplacewebapp-msteams-terraform-state-lock",
            "on_demand_throughput": [],
            "point_in_time_recovery": [
              {
                "enabled": true,
                "recovery_period_in_days": 35
              }
            ],
            "range_key": null,
            "read_capacity": 0,
            "replica": [],
            "restore_date_time": null,
            "restore_source_name": null,
            "restore_source_table_arn": null,
            "restore_to_latest_time": null,
            "server_side_encryption": [
              {
                "enabled": true,
                "kms_key_arn": ""
              }
            ],
            "stream_arn": "",
            "stream_enabled": false,
            "stream_label": "",
            "stream_view_type": "",
            "table_class": "STANDARD",
            "tags": {
              "Attributes": "terraform-state-lock",
              "Name": "unityhub-production-marketplacewebapp-msteams-terraform-state-lock",
              "Namespace": "unityhub",
              "Stage": "production"
            },
            "tags_all": {
              "Attributes": "terraform-state-lock",
              "Name": "unityhub-production-marketplacewebapp-msteams-terraform-state-lock",
              "Namespace": "unityhub",
              "Stage": "production"
            },
            "timeouts": null,
            "ttl": [
              {
                "attribute_name": "",
                "enabled": false
              }
            ],
            "write_capacity": 0
          },
          "sensitive_attributes": [],
          "identity_schema_version": 0,
          "private": "eyJlMmJmYjczMC1lY2FhLTExZTYtOGY4OC0zNDM2M2JjN2M0YzAiOnsiY3JlYXRlIjoxODAwMDAwMDAwMDAwLCJkZWxldGUiOjYwMDAwMDAwMDAwMCwidXBkYXRlIjozNjAwMDAwMDAwMDAwfSwic2NoZW1hX3ZlcnNpb24iOiIxIn0="
        }
      ]
    },
    {
      "module": "module.common_resources_staging.module.marketplacewebapp.module.terraform_state_backend_marketplacewebapp_msteams",
      "mode": "managed",
      "type": "aws_s3_bucket",
      "name": "default",
      "provider": "provider[\"registry.terraform.io/hashicorp/aws\"]",
      "instances": [
        {
          "index_key": 0,
          "schema_version": 0,
          "attributes": {
            "acceleration_status": "",
            "acl": null,
            "arn": "arn:aws:s3:::unityhub-production-marketplacewebapp-msteams-terraform-state",
            "bucket": "unityhub-production-marketplacewebapp-msteams-terraform-state",
            "bucket_domain_name": "unityhub-production-marketplacewebapp-msteams-terraform-state.s3.amazonaws.com",
            "bucket_prefix": "",
            "bucket_regional_domain_name": "unityhub-production-marketplacewebapp-msteams-terraform-state.s3.us-east-1.amazonaws.com",
            "cors_rule": [],
            "force_destroy": true,
            "grant": [
              {
                "id": "bea86176a486e69a83b4227063efa3be9eb4b243551739d81a6a4b41ec8b3461",
                "permissions": [
                  "FULL_CONTROL"
                ],
                "type": "CanonicalUser",
                "uri": ""
              }
            ],
            "hosted_zone_id": "Z3AQBSTGFYJSTF",
            "id": "unityhub-production-marketplacewebapp-msteams-terraform-state",
            "lifecycle_rule": [],
            "logging": [],
            "object_lock_configuration": [],
            "object_lock_enabled": false,
            "policy": "",
            "region": "us-east-1",
            "replication_configuration": [],
            "request_payer": "BucketOwner",
            "server_side_encryption_configuration": [
              {
                "rule": [
                  {
                    "apply_server_side_encryption_by_default": [
                      {
                        "kms_master_key_id": "",
                        "sse_algorithm": "AES256"
                      }
                    ],
                    "bucket_key_enabled": false
                  }
                ]
              }
            ],
            "tags": {
              "Attributes": "terraform-state",
              "Name": "unityhub-production-marketplacewebapp-msteams-terraform-state",
              "Namespace": "unityhub",
              "Stage": "production"
            },
            "tags_all": {
              "Attributes": "terraform-state",
              "Name": "unityhub-production-marketplacewebapp-msteams-terraform-state",
              "Namespace": "unityhub",
              "Stage": "production"
            },
            "timeouts": null,
            "versioning": [
              {
                "enabled": false,
                "mfa_delete": false
              }
            ],
            "website": [],
            "website_domain": null,
            "website_endpoint": null
          },
          "sensitive_attributes": [],
          "identity_schema_version": 0,
          "private": "eyJlMmJmYjczMC1lY2FhLTExZTYtOGY4OC0zNDM2M2JjN2M0YzAiOnsiY3JlYXRlIjoxMjAwMDAwMDAwMDAwLCJkZWxldGUiOjM2MDAwMDAwMDAwMDAsInJlYWQiOjEyMDAwMDAwMDAwMDAsInVwZGF0ZSI6MTIwMDAwMDAwMDAwMH19"
        }
      ]
    },
    {
      "module": "module.common_resources_staging.module.marketplacewebapp.module.terraform_state_backend_marketplacewebapp_msteams",
      "mode": "managed",
      "type": "aws_s3_bucket_ownership_controls",
      "name": "default",
      "provider": "provider[\"registry.terraform.io/hashicorp/aws\"]",
      "instances": [
        {
          "index_key": 0,
          "schema_version": 0,
          "attributes": {
            "bucket": "unityhub-production-marketplacewebapp-msteams-terraform-state",
            "id": "unityhub-production-marketplacewebapp-msteams-terraform-state",
            "rule": [
              {
                "object_ownership": "BucketOwnerEnforced"
              }
            ]
          },
          "sensitive_attributes": [],
          "identity_schema_version": 0,
          "private": "bnVsbA==",
          "dependencies": [
            "module.common_resources_staging.module.marketplacewebapp.module.terraform_state_backend_marketplacewebapp_msteams.aws_s3_bucket.default"
          ]
        }
      ]
    },
    {
      "module": "module.common_resources_staging.module.marketplacewebapp.module.terraform_state_backend_marketplacewebapp_msteams",
      "mode": "managed",
      "type": "aws_s3_bucket_policy",
      "name": "default",
      "provider": "provider[\"registry.terraform.io/hashicorp/aws\"]",
      "instances": [
        {
          "index_key": 0,
          "schema_version": 0,
          "attributes": {
            "bucket": "unityhub-production-marketplacewebapp-msteams-terraform-state",
            "id": "unityhub-production-marketplacewebapp-msteams-terraform-state",
            "policy": "{\"Statement\":[{\"Action\":\"s3:PutObject\",\"Condition\":{\"StringNotEquals\":{\"s3:x-amz-server-side-encryption\":[\"AES256\",\"aws:kms\"]}},\"Effect\":\"Deny\",\"Principal\":{\"AWS\":\"*\"},\"Resource\":\"arn:aws:s3:::unityhub-production-marketplacewebapp-msteams-terraform-state/*\",\"Sid\":\"DenyIncorrectEncryptionHeader\"},{\"Action\":\"s3:PutObject\",\"Condition\":{\"Null\":{\"s3:x-amz-server-side-encryption\":\"true\"}},\"Effect\":\"Deny\",\"Principal\":{\"AWS\":\"*\"},\"Resource\":\"arn:aws:s3:::unityhub-production-marketplacewebapp-msteams-terraform-state/*\",\"Sid\":\"DenyUnEncryptedObjectUploads\"},{\"Action\":\"s3:*\",\"Condition\":{\"Bool\":{\"aws:SecureTransport\":\"false\"}},\"Effect\":\"Deny\",\"Principal\":{\"AWS\":\"*\"},\"Resource\":[\"arn:aws:s3:::unityhub-production-marketplacewebapp-msteams-terraform-state/*\",\"arn:aws:s3:::unityhub-production-marketplacewebapp-msteams-terraform-state\"],\"Sid\":\"EnforceTlsRequestsOnly\"}],\"Version\":\"2012-10-17\"}"
          },
          "sensitive_attributes": [],
          "identity_schema_version": 0,
          "private": "bnVsbA==",
          "dependencies": [
            "module.common_resources_staging.module.marketplacewebapp.module.terraform_state_backend_marketplacewebapp_msteams.aws_s3_bucket.default",
            "module.common_resources_staging.module.marketplacewebapp.module.terraform_state_backend_marketplacewebapp_msteams.data.aws_iam_policy_document.prevent_unencrypted_uploads"
          ]
        }
      ]
    },
    {
      "module": "module.common_resources_staging.module.marketplacewebapp.module.terraform_state_backend_marketplacewebapp_msteams",
      "mode": "managed",
      "type": "aws_s3_bucket_public_access_block",
      "name": "default",
      "provider": "provider[\"registry.terraform.io/hashicorp/aws\"]",
      "instances": [
        {
          "index_key": 0,
          "schema_version": 0,
          "attributes": {
            "block_public_acls": true,
            "block_public_policy": true,
            "bucket": "unityhub-production-marketplacewebapp-msteams-terraform-state",
            "id": "unityhub-production-marketplacewebapp-msteams-terraform-state",
            "ignore_public_acls": true,
            "restrict_public_buckets": true
          },
          "sensitive_attributes": [],
          "identity_schema_version": 0,
          "private": "bnVsbA==",
          "dependencies": [
            "module.common_resources_staging.module.marketplacewebapp.module.terraform_state_backend_marketplacewebapp_msteams.aws_s3_bucket.default"
          ]
        }
      ]
    },
    {
      "module": "module.common_resources_staging.module.marketplacewebapp.module.terraform_state_backend_marketplacewebapp_msteams",
      "mode": "managed",
      "type": "aws_s3_bucket_server_side_encryption_configuration",
      "name": "default",
      "provider": "provider[\"registry.terraform.io/hashicorp/aws\"]",
      "instances": [
        {
          "index_key": 0,
          "schema_version": 0,
          "attributes": {
            "bucket": "unityhub-production-marketplacewebapp-msteams-terraform-state",
            "expected_bucket_owner": "",
            "id": "unityhub-production-marketplacewebapp-msteams-terraform-state",
            "rule": [
              {
                "apply_server_side_encryption_by_default": [
                  {
                    "kms_master_key_id": "",
                    "sse_algorithm": "AES256"
                  }
                ],
                "bucket_key_enabled": null
              }
            ]
          },
          "sensitive_attributes": [],
          "identity_schema_version": 0,
          "private": "bnVsbA==",
          "dependencies": [
            "module.common_resources_staging.module.marketplacewebapp.module.terraform_state_backend_marketplacewebapp_msteams.aws_s3_bucket.default"
          ]
        }
      ]
    },
    {
      "module": "module.common_resources_staging.module.marketplacewebapp.module.terraform_state_backend_marketplacewebapp_msteams",
      "mode": "managed",
      "type": "aws_s3_bucket_versioning",
      "name": "default",
      "provider": "provider[\"registry.terraform.io/hashicorp/aws\"]",
      "instances": [
        {
          "index_key": 0,
          "schema_version": 0,
          "attributes": {
            "bucket": "unityhub-production-marketplacewebapp-msteams-terraform-state",
            "expected_bucket_owner": "",
            "id": "unityhub-production-marketplacewebapp-msteams-terraform-state",
            "mfa": null,
            "versioning_configuration": [
              {
                "mfa_delete": "Disabled",
                "status": "Enabled"
              }
            ]
          },
          "sensitive_attributes": [],
          "identity_schema_version": 0,
          "private": "bnVsbA==",
          "dependencies": [
            "module.common_resources_staging.module.marketplacewebapp.module.terraform_state_backend_marketplacewebapp_msteams.aws_s3_bucket.default"
          ]
        }
      ]
    },
    {
      "module": "module.common_resources_staging.module.marketplacewebapp.module.terraform_state_backend_marketplacewebapp_msteams",
      "mode": "managed",
      "type": "local_file",
      "name": "terraform_backend_config",
      "provider": "provider[\"registry.terraform.io/hashicorp/local\"]",
      "instances": [
        {
          "index_key": 0,
          "schema_version": 0,
          "attributes": {
            "content": "terraform {\n  required_version = \"\u003e= 1.0.0\"\n\n  backend \"s3\" {\n    region         = \"us-east-1\"\n    bucket         = \"unityhub-production-marketplacewebapp-msteams-terraform-state\"\n    key            = \"terraform.tfstate\"\n    dynamodb_table = \"unityhub-production-marketplacewebapp-msteams-terraform-state-lock\"\n    profile        = \"\"\n    role_arn       = \"\"\n    encrypt        = \"true\"\n  }\n}\n",
            "content_base64": null,
            "content_base64sha256": "yN3n/l++liGM9NPMFiShmjidVMAXE9n1ELWMsLW6ibU=",
            "content_base64sha512": "091KYZx0S2pCduilVTCbxyFan9UO/apJK2eK+pROEmrlILnCBu8h35WDOGwC44rDiTQigFLavZhZNQBI63yWPw==",
            "content_md5": "7a54e7bfa43921b33cc48a83114c9a27",
            "content_sha1": "1528f98bde1109f84688bef018a5aa764e78abdc",
            "content_sha256": "c8dde7fe5fbe96218cf4d3cc1624a19a389d54c01713d9f510b58cb0b5ba89b5",
            "content_sha512": "d3dd4a619c744b6a4276e8a555309bc7215a9fd50efdaa492b678afa944e126ae520b9c206ef21df9583386c02e38ac38934228052dabd9859350048eb7c963f",
            "directory_permission": "0777",
            "file_permission": "0644",
            "filename": "./backend/backend_marketplacewebapp_msteams.tf",
            "id": "1528f98bde1109f84688bef018a5aa764e78abdc",
            "sensitive_content": null,
            "source": null
          },
          "sensitive_attributes": [
            [
              {
                "type": "get_attr",
                "value": "sensitive_content"
              }
            ]
          ],
          "identity_schema_version": 0,
          "dependencies": [
            "module.common_resources_staging.module.marketplacewebapp.module.terraform_state_backend_marketplacewebapp_msteams.aws_dynamodb_table.with_server_side_encryption",
            "module.common_resources_staging.module.marketplacewebapp.module.terraform_state_backend_marketplacewebapp_msteams.aws_s3_bucket.default",
            "module.common_resources_staging.module.marketplacewebapp.module.terraform_state_backend_marketplacewebapp_msteams.data.aws_region.current"
          ]
        }
      ]
    },
    {
      "module": "module.common_resources_staging.module.marketplacewebapp.module.terraform_state_backend_marketplacewebapp_shared",
      "mode": "data",
      "type": "aws_iam_policy_document",
      "name": "prevent_unencrypted_uploads",
      "provider": "provider[\"registry.terraform.io/hashicorp/aws\"]",
      "instances": [
        {
          "index_key": 0,
          "schema_version": 0,
          "attributes": {
            "id": "806169669",
            "json": "{\n  \"Version\": \"2012-10-17\",\n  \"Statement\": [\n    {\n      \"Sid\": \"DenyIncorrectEncryptionHeader\",\n      \"Effect\": \"Deny\",\n      \"Action\": \"s3:PutObject\",\n      \"Resource\": \"arn:aws:s3:::unityhub-production-marketplacewebapp-shared-terraform-state/*\",\n      \"Principal\": {\n        \"AWS\": \"*\"\n      },\n      \"Condition\": {\n        \"StringNotEquals\": {\n          \"s3:x-amz-server-side-encryption\": [\n            \"AES256\",\n            \"aws:kms\"\n          ]\n        }\n      }\n    },\n    {\n      \"Sid\": \"DenyUnEncryptedObjectUploads\",\n      \"Effect\": \"Deny\",\n      \"Action\": \"s3:PutObject\",\n      \"Resource\": \"arn:aws:s3:::unityhub-production-marketplacewebapp-shared-terraform-state/*\",\n      \"Principal\": {\n        \"AWS\": \"*\"\n      },\n      \"Condition\": {\n        \"Null\": {\n          \"s3:x-amz-server-side-encryption\": \"true\"\n        }\n      }\n    },\n    {\n      \"Sid\": \"EnforceTlsRequestsOnly\",\n      \"Effect\": \"Deny\",\n      \"Action\": \"s3:*\",\n      \"Resource\": [\n        \"arn:aws:s3:::unityhub-production-marketplacewebapp-shared-terraform-state/*\",\n        \"arn:aws:s3:::unityhub-production-marketplacewebapp-shared-terraform-state\"\n      ],\n      \"Principal\": {\n        \"AWS\": \"*\"\n      },\n      \"Condition\": {\n        \"Bool\": {\n          \"aws:SecureTransport\": \"false\"\n        }\n      }\n    }\n  ]\n}",
            "minified_json": "{\"Version\":\"2012-10-17\",\"Statement\":[{\"Sid\":\"DenyIncorrectEncryptionHeader\",\"Effect\":\"Deny\",\"Action\":\"s3:PutObject\",\"Resource\":\"arn:aws:s3:::unityhub-production-marketplacewebapp-shared-terraform-state/*\",\"Principal\":{\"AWS\":\"*\"},\"Condition\":{\"StringNotEquals\":{\"s3:x-amz-server-side-encryption\":[\"AES256\",\"aws:kms\"]}}},{\"Sid\":\"DenyUnEncryptedObjectUploads\",\"Effect\":\"Deny\",\"Action\":\"s3:PutObject\",\"Resource\":\"arn:aws:s3:::unityhub-production-marketplacewebapp-shared-terraform-state/*\",\"Principal\":{\"AWS\":\"*\"},\"Condition\":{\"Null\":{\"s3:x-amz-server-side-encryption\":\"true\"}}},{\"Sid\":\"EnforceTlsRequestsOnly\",\"Effect\":\"Deny\",\"Action\":\"s3:*\",\"Resource\":[\"arn:aws:s3:::unityhub-production-marketplacewebapp-shared-terraform-state/*\",\"arn:aws:s3:::unityhub-production-marketplacewebapp-shared-terraform-state\"],\"Principal\":{\"AWS\":\"*\"},\"Condition\":{\"Bool\":{\"aws:SecureTransport\":\"false\"}}}]}",
            "override_json": null,
            "override_policy_documents": null,
            "policy_id": null,
            "source_json": null,
            "source_policy_documents": null,
            "statement": [
              {
                "actions": [
                  "s3:PutObject"
                ],
                "condition": [
                  {
                    "test": "StringNotEquals",
                    "values": [
                      "AES256",
                      "aws:kms"
                    ],
                    "variable": "s3:x-amz-server-side-encryption"
                  }
                ],
                "effect": "Deny",
                "not_actions": [],
                "not_principals": [],
                "not_resources": [],
                "principals": [
                  {
                    "identifiers": [
                      "*"
                    ],
                    "type": "AWS"
                  }
                ],
                "resources": [
                  "arn:aws:s3:::unityhub-production-marketplacewebapp-shared-terraform-state/*"
                ],
                "sid": "DenyIncorrectEncryptionHeader"
              },
              {
                "actions": [
                  "s3:PutObject"
                ],
                "condition": [
                  {
                    "test": "Null",
                    "values": [
                      "true"
                    ],
                    "variable": "s3:x-amz-server-side-encryption"
                  }
                ],
                "effect": "Deny",
                "not_actions": [],
                "not_principals": [],
                "not_resources": [],
                "principals": [
                  {
                    "identifiers": [
                      "*"
                    ],
                    "type": "AWS"
                  }
                ],
                "resources": [
                  "arn:aws:s3:::unityhub-production-marketplacewebapp-shared-terraform-state/*"
                ],
                "sid": "DenyUnEncryptedObjectUploads"
              },
              {
                "actions": [
                  "s3:*"
                ],
                "condition": [
                  {
                    "test": "Bool",
                    "values": [
                      "false"
                    ],
                    "variable": "aws:SecureTransport"
                  }
                ],
                "effect": "Deny",
                "not_actions": [],
                "not_principals": [],
                "not_resources": [],
                "principals": [
                  {
                    "identifiers": [
                      "*"
                    ],
                    "type": "AWS"
                  }
                ],
                "resources": [
                  "arn:aws:s3:::unityhub-production-marketplacewebapp-shared-terraform-state",
                  "arn:aws:s3:::unityhub-production-marketplacewebapp-shared-terraform-state/*"
                ],
                "sid": "EnforceTlsRequestsOnly"
              }
            ],
            "version": "2012-10-17"
          },
          "sensitive_attributes": [],
          "identity_schema_version": 0
        }
      ]
    },
    {
      "module": "module.common_resources_staging.module.marketplacewebapp.module.terraform_state_backend_marketplacewebapp_shared",
      "mode": "data",
      "type": "aws_region",
      "name": "current",
      "provider": "provider[\"registry.terraform.io/hashicorp/aws\"]",
      "instances": [
        {
          "schema_version": 0,
          "attributes": {
            "description": "US East (N. Virginia)",
            "endpoint": "ec2.us-east-1.amazonaws.com",
            "id": "us-east-1",
            "name": "us-east-1"
          },
          "sensitive_attributes": [],
          "identity_schema_version": 0
        }
      ]
    },
    {
      "module": "module.common_resources_staging.module.marketplacewebapp.module.terraform_state_backend_marketplacewebapp_shared",
      "mode": "managed",
      "type": "aws_dynamodb_table",
      "name": "with_server_side_encryption",
      "provider": "provider[\"registry.terraform.io/hashicorp/aws\"]",
      "instances": [
        {
          "index_key": 0,
          "schema_version": 1,
          "attributes": {
            "arn": "arn:aws:dynamodb:us-east-1:514472330244:table/unityhub-production-marketplacewebapp-shared-terraform-state-lock",
            "attribute": [
              {
                "name": "LockID",
                "type": "S"
              }
            ],
            "billing_mode": "PAY_PER_REQUEST",
            "deletion_protection_enabled": false,
            "global_secondary_index": [],
            "hash_key": "LockID",
            "id": "unityhub-production-marketplacewebapp-shared-terraform-state-lock",
            "import_table": [],
            "local_secondary_index": [],
            "name": "unityhub-production-marketplacewebapp-shared-terraform-state-lock",
            "on_demand_throughput": [],
            "point_in_time_recovery": [
              {
                "enabled": true,
                "recovery_period_in_days": 35
              }
            ],
            "range_key": null,
            "read_capacity": 0,
            "replica": [],
            "restore_date_time": null,
            "restore_source_name": null,
            "restore_source_table_arn": null,
            "restore_to_latest_time": null,
            "server_side_encryption": [
              {
                "enabled": true,
                "kms_key_arn": ""
              }
            ],
            "stream_arn": "",
            "stream_enabled": false,
            "stream_label": "",
            "stream_view_type": "",
            "table_class": "STANDARD",
            "tags": {
              "Attributes": "terraform-state-lock",
              "Name": "unityhub-production-marketplacewebapp-shared-terraform-state-lock",
              "Namespace": "unityhub",
              "Stage": "production"
            },
            "tags_all": {
              "Attributes": "terraform-state-lock",
              "Name": "unityhub-production-marketplacewebapp-shared-terraform-state-lock",
              "Namespace": "unityhub",
              "Stage": "production"
            },
            "timeouts": null,
            "ttl": [
              {
                "attribute_name": "",
                "enabled": false
              }
            ],
            "write_capacity": 0
          },
          "sensitive_attributes": [],
          "identity_schema_version": 0,
          "private": "eyJlMmJmYjczMC1lY2FhLTExZTYtOGY4OC0zNDM2M2JjN2M0YzAiOnsiY3JlYXRlIjoxODAwMDAwMDAwMDAwLCJkZWxldGUiOjYwMDAwMDAwMDAwMCwidXBkYXRlIjozNjAwMDAwMDAwMDAwfSwic2NoZW1hX3ZlcnNpb24iOiIxIn0="
        }
      ]
    },
    {
      "module": "module.common_resources_staging.module.marketplacewebapp.module.terraform_state_backend_marketplacewebapp_shared",
      "mode": "managed",
      "type": "aws_s3_bucket",
      "name": "default",
      "provider": "provider[\"registry.terraform.io/hashicorp/aws\"]",
      "instances": [
        {
          "index_key": 0,
          "schema_version": 0,
          "attributes": {
            "acceleration_status": "",
            "acl": null,
            "arn": "arn:aws:s3:::unityhub-production-marketplacewebapp-shared-terraform-state",
            "bucket": "unityhub-production-marketplacewebapp-shared-terraform-state",
            "bucket_domain_name": "unityhub-production-marketplacewebapp-shared-terraform-state.s3.amazonaws.com",
            "bucket_prefix": "",
            "bucket_regional_domain_name": "unityhub-production-marketplacewebapp-shared-terraform-state.s3.us-east-1.amazonaws.com",
            "cors_rule": [],
            "force_destroy": true,
            "grant": [
              {
                "id": "bea86176a486e69a83b4227063efa3be9eb4b243551739d81a6a4b41ec8b3461",
                "permissions": [
                  "FULL_CONTROL"
                ],
                "type": "CanonicalUser",
                "uri": ""
              }
            ],
            "hosted_zone_id": "Z3AQBSTGFYJSTF",
            "id": "unityhub-production-marketplacewebapp-shared-terraform-state",
            "lifecycle_rule": [],
            "logging": [],
            "object_lock_configuration": [],
            "object_lock_enabled": false,
            "policy": "",
            "region": "us-east-1",
            "replication_configuration": [],
            "request_payer": "BucketOwner",
            "server_side_encryption_configuration": [
              {
                "rule": [
                  {
                    "apply_server_side_encryption_by_default": [
                      {
                        "kms_master_key_id": "",
                        "sse_algorithm": "AES256"
                      }
                    ],
                    "bucket_key_enabled": false
                  }
                ]
              }
            ],
            "tags": {
              "Attributes": "terraform-state",
              "Name": "unityhub-production-marketplacewebapp-shared-terraform-state",
              "Namespace": "unityhub",
              "Stage": "production"
            },
            "tags_all": {
              "Attributes": "terraform-state",
              "Name": "unityhub-production-marketplacewebapp-shared-terraform-state",
              "Namespace": "unityhub",
              "Stage": "production"
            },
            "timeouts": null,
            "versioning": [
              {
                "enabled": false,
                "mfa_delete": false
              }
            ],
            "website": [],
            "website_domain": null,
            "website_endpoint": null
          },
          "sensitive_attributes": [],
          "identity_schema_version": 0,
          "private": "eyJlMmJmYjczMC1lY2FhLTExZTYtOGY4OC0zNDM2M2JjN2M0YzAiOnsiY3JlYXRlIjoxMjAwMDAwMDAwMDAwLCJkZWxldGUiOjM2MDAwMDAwMDAwMDAsInJlYWQiOjEyMDAwMDAwMDAwMDAsInVwZGF0ZSI6MTIwMDAwMDAwMDAwMH19"
        }
      ]
    },
    {
      "module": "module.common_resources_staging.module.marketplacewebapp.module.terraform_state_backend_marketplacewebapp_shared",
      "mode": "managed",
      "type": "aws_s3_bucket_ownership_controls",
      "name": "default",
      "provider": "provider[\"registry.terraform.io/hashicorp/aws\"]",
      "instances": [
        {
          "index_key": 0,
          "schema_version": 0,
          "attributes": {
            "bucket": "unityhub-production-marketplacewebapp-shared-terraform-state",
            "id": "unityhub-production-marketplacewebapp-shared-terraform-state",
            "rule": [
              {
                "object_ownership": "BucketOwnerEnforced"
              }
            ]
          },
          "sensitive_attributes": [],
          "identity_schema_version": 0,
          "private": "bnVsbA==",
          "dependencies": [
            "module.common_resources_staging.module.marketplacewebapp.module.terraform_state_backend_marketplacewebapp_shared.aws_s3_bucket.default"
          ]
        }
      ]
    },
    {
      "module": "module.common_resources_staging.module.marketplacewebapp.module.terraform_state_backend_marketplacewebapp_shared",
      "mode": "managed",
      "type": "aws_s3_bucket_policy",
      "name": "default",
      "provider": "provider[\"registry.terraform.io/hashicorp/aws\"]",
      "instances": [
        {
          "index_key": 0,
          "schema_version": 0,
          "attributes": {
            "bucket": "unityhub-production-marketplacewebapp-shared-terraform-state",
            "id": "unityhub-production-marketplacewebapp-shared-terraform-state",
            "policy": "{\"Statement\":[{\"Action\":\"s3:PutObject\",\"Condition\":{\"StringNotEquals\":{\"s3:x-amz-server-side-encryption\":[\"AES256\",\"aws:kms\"]}},\"Effect\":\"Deny\",\"Principal\":{\"AWS\":\"*\"},\"Resource\":\"arn:aws:s3:::unityhub-production-marketplacewebapp-shared-terraform-state/*\",\"Sid\":\"DenyIncorrectEncryptionHeader\"},{\"Action\":\"s3:PutObject\",\"Condition\":{\"Null\":{\"s3:x-amz-server-side-encryption\":\"true\"}},\"Effect\":\"Deny\",\"Principal\":{\"AWS\":\"*\"},\"Resource\":\"arn:aws:s3:::unityhub-production-marketplacewebapp-shared-terraform-state/*\",\"Sid\":\"DenyUnEncryptedObjectUploads\"},{\"Action\":\"s3:*\",\"Condition\":{\"Bool\":{\"aws:SecureTransport\":\"false\"}},\"Effect\":\"Deny\",\"Principal\":{\"AWS\":\"*\"},\"Resource\":[\"arn:aws:s3:::unityhub-production-marketplacewebapp-shared-terraform-state/*\",\"arn:aws:s3:::unityhub-production-marketplacewebapp-shared-terraform-state\"],\"Sid\":\"EnforceTlsRequestsOnly\"}],\"Version\":\"2012-10-17\"}"
          },
          "sensitive_attributes": [],
          "identity_schema_version": 0,
          "private": "bnVsbA==",
          "dependencies": [
            "module.common_resources_staging.module.marketplacewebapp.module.terraform_state_backend_marketplacewebapp_shared.aws_s3_bucket.default",
            "module.common_resources_staging.module.marketplacewebapp.module.terraform_state_backend_marketplacewebapp_shared.data.aws_iam_policy_document.prevent_unencrypted_uploads"
          ]
        }
      ]
    },
    {
      "module": "module.common_resources_staging.module.marketplacewebapp.module.terraform_state_backend_marketplacewebapp_shared",
      "mode": "managed",
      "type": "aws_s3_bucket_public_access_block",
      "name": "default",
      "provider": "provider[\"registry.terraform.io/hashicorp/aws\"]",
      "instances": [
        {
          "index_key": 0,
          "schema_version": 0,
          "attributes": {
            "block_public_acls": true,
            "block_public_policy": true,
            "bucket": "unityhub-production-marketplacewebapp-shared-terraform-state",
            "id": "unityhub-production-marketplacewebapp-shared-terraform-state",
            "ignore_public_acls": true,
            "restrict_public_buckets": true
          },
          "sensitive_attributes": [],
          "identity_schema_version": 0,
          "private": "bnVsbA==",
          "dependencies": [
            "module.common_resources_staging.module.marketplacewebapp.module.terraform_state_backend_marketplacewebapp_shared.aws_s3_bucket.default"
          ]
        }
      ]
    },
    {
      "module": "module.common_resources_staging.module.marketplacewebapp.module.terraform_state_backend_marketplacewebapp_shared",
      "mode": "managed",
      "type": "aws_s3_bucket_server_side_encryption_configuration",
      "name": "default",
      "provider": "provider[\"registry.terraform.io/hashicorp/aws\"]",
      "instances": [
        {
          "index_key": 0,
          "schema_version": 0,
          "attributes": {
            "bucket": "unityhub-production-marketplacewebapp-shared-terraform-state",
            "expected_bucket_owner": "",
            "id": "unityhub-production-marketplacewebapp-shared-terraform-state",
            "rule": [
              {
                "apply_server_side_encryption_by_default": [
                  {
                    "kms_master_key_id": "",
                    "sse_algorithm": "AES256"
                  }
                ],
                "bucket_key_enabled": null
              }
            ]
          },
          "sensitive_attributes": [],
          "identity_schema_version": 0,
          "private": "bnVsbA==",
          "dependencies": [
            "module.common_resources_staging.module.marketplacewebapp.module.terraform_state_backend_marketplacewebapp_shared.aws_s3_bucket.default"
          ]
        }
      ]
    },
    {
      "module": "module.common_resources_staging.module.marketplacewebapp.module.terraform_state_backend_marketplacewebapp_shared",
      "mode": "managed",
      "type": "aws_s3_bucket_versioning",
      "name": "default",
      "provider": "provider[\"registry.terraform.io/hashicorp/aws\"]",
      "instances": [
        {
          "index_key": 0,
          "schema_version": 0,
          "attributes": {
            "bucket": "unityhub-production-marketplacewebapp-shared-terraform-state",
            "expected_bucket_owner": "",
            "id": "unityhub-production-marketplacewebapp-shared-terraform-state",
            "mfa": null,
            "versioning_configuration": [
              {
                "mfa_delete": "Disabled",
                "status": "Enabled"
              }
            ]
          },
          "sensitive_attributes": [],
          "identity_schema_version": 0,
          "private": "bnVsbA==",
          "dependencies": [
            "module.common_resources_staging.module.marketplacewebapp.module.terraform_state_backend_marketplacewebapp_shared.aws_s3_bucket.default"
          ]
        }
      ]
    },
    {
      "module": "module.common_resources_staging.module.marketplacewebapp.module.terraform_state_backend_marketplacewebapp_shared",
      "mode": "managed",
      "type": "local_file",
      "name": "terraform_backend_config",
      "provider": "provider[\"registry.terraform.io/hashicorp/local\"]",
      "instances": [
        {
          "index_key": 0,
          "schema_version": 0,
          "attributes": {
            "content": "terraform {\n  required_version = \"\u003e= 1.0.0\"\n\n  backend \"s3\" {\n    region         = \"us-east-1\"\n    bucket         = \"unityhub-production-marketplacewebapp-shared-terraform-state\"\n    key            = \"terraform.tfstate\"\n    dynamodb_table = \"unityhub-production-marketplacewebapp-shared-terraform-state-lock\"\n    profile        = \"\"\n    role_arn       = \"\"\n    encrypt        = \"true\"\n  }\n}\n",
            "content_base64": null,
            "content_base64sha256": "S8eRvLja6FZlmCf9jTX/7fi+b5wCGW7JNMbtuHJYdaA=",
            "content_base64sha512": "j/mMYpyfVugQ9bc/8jbU6/DsK64RrKbsqJHyv0v9ccUvQ2oJ2JCdl81etr8TivnjQcB5UHT0wcZR0lneS++rLw==",
            "content_md5": "53d041bb9a9d46a6e52be08a5907da01",
            "content_sha1": "99664744ffbb470e8a38e731a2343959d3ee83a5",
            "content_sha256": "4bc791bcb8dae856659827fd8d35ffedf8be6f9c02196ec934c6edb8725875a0",
            "content_sha512": "8ff98c629c9f56e810f5b73ff236d4ebf0ec2bae11aca6eca891f2bf4bfd71c52f436a09d8909d97cd5eb6bf138af9e341c0795074f4c1c651d259de4befab2f",
            "directory_permission": "0777",
            "file_permission": "0644",
            "filename": "./backend/backend_marketplacewebapp_shared.tf",
            "id": "99664744ffbb470e8a38e731a2343959d3ee83a5",
            "sensitive_content": null,
            "source": null
          },
          "sensitive_attributes": [
            [
              {
                "type": "get_attr",
                "value": "sensitive_content"
              }
            ]
          ],
          "identity_schema_version": 0,
          "dependencies": [
            "module.common_resources_staging.module.marketplacewebapp.module.terraform_state_backend_marketplacewebapp_shared.aws_dynamodb_table.with_server_side_encryption",
            "module.common_resources_staging.module.marketplacewebapp.module.terraform_state_backend_marketplacewebapp_shared.aws_s3_bucket.default",
            "module.common_resources_staging.module.marketplacewebapp.module.terraform_state_backend_marketplacewebapp_shared.data.aws_region.current"
          ]
        }
      ]
    },
    {
      "module": "module.common_resources_staging.module.msteams.module.terraform_state_backend_msteams_shared",
      "mode": "data",
      "type": "aws_iam_policy_document",
      "name": "prevent_unencrypted_uploads",
      "provider": "provider[\"registry.terraform.io/hashicorp/aws\"]",
      "instances": [
        {
          "index_key": 0,
          "schema_version": 0,
          "attributes": {
            "id": "3857247047",
            "json": "{\n  \"Version\": \"2012-10-17\",\n  \"Statement\": [\n    {\n      \"Sid\": \"DenyIncorrectEncryptionHeader\",\n      \"Effect\": \"Deny\",\n      \"Action\": \"s3:PutObject\",\n      \"Resource\": \"arn:aws:s3:::unityhub-production-msteams-shared-terraform-state/*\",\n      \"Principal\": {\n        \"AWS\": \"*\"\n      },\n      \"Condition\": {\n        \"StringNotEquals\": {\n          \"s3:x-amz-server-side-encryption\": [\n            \"AES256\",\n            \"aws:kms\"\n          ]\n        }\n      }\n    },\n    {\n      \"Sid\": \"DenyUnEncryptedObjectUploads\",\n      \"Effect\": \"Deny\",\n      \"Action\": \"s3:PutObject\",\n      \"Resource\": \"arn:aws:s3:::unityhub-production-msteams-shared-terraform-state/*\",\n      \"Principal\": {\n        \"AWS\": \"*\"\n      },\n      \"Condition\": {\n        \"Null\": {\n          \"s3:x-amz-server-side-encryption\": \"true\"\n        }\n      }\n    },\n    {\n      \"Sid\": \"EnforceTlsRequestsOnly\",\n      \"Effect\": \"Deny\",\n      \"Action\": \"s3:*\",\n      \"Resource\": [\n        \"arn:aws:s3:::unityhub-production-msteams-shared-terraform-state/*\",\n        \"arn:aws:s3:::unityhub-production-msteams-shared-terraform-state\"\n      ],\n      \"Principal\": {\n        \"AWS\": \"*\"\n      },\n      \"Condition\": {\n        \"Bool\": {\n          \"aws:SecureTransport\": \"false\"\n        }\n      }\n    }\n  ]\n}",
            "minified_json": "{\"Version\":\"2012-10-17\",\"Statement\":[{\"Sid\":\"DenyIncorrectEncryptionHeader\",\"Effect\":\"Deny\",\"Action\":\"s3:PutObject\",\"Resource\":\"arn:aws:s3:::unityhub-production-msteams-shared-terraform-state/*\",\"Principal\":{\"AWS\":\"*\"},\"Condition\":{\"StringNotEquals\":{\"s3:x-amz-server-side-encryption\":[\"AES256\",\"aws:kms\"]}}},{\"Sid\":\"DenyUnEncryptedObjectUploads\",\"Effect\":\"Deny\",\"Action\":\"s3:PutObject\",\"Resource\":\"arn:aws:s3:::unityhub-production-msteams-shared-terraform-state/*\",\"Principal\":{\"AWS\":\"*\"},\"Condition\":{\"Null\":{\"s3:x-amz-server-side-encryption\":\"true\"}}},{\"Sid\":\"EnforceTlsRequestsOnly\",\"Effect\":\"Deny\",\"Action\":\"s3:*\",\"Resource\":[\"arn:aws:s3:::unityhub-production-msteams-shared-terraform-state/*\",\"arn:aws:s3:::unityhub-production-msteams-shared-terraform-state\"],\"Principal\":{\"AWS\":\"*\"},\"Condition\":{\"Bool\":{\"aws:SecureTransport\":\"false\"}}}]}",
            "override_json": null,
            "override_policy_documents": null,
            "policy_id": null,
            "source_json": null,
            "source_policy_documents": null,
            "statement": [
              {
                "actions": [
                  "s3:PutObject"
                ],
                "condition": [
                  {
                    "test": "StringNotEquals",
                    "values": [
                      "AES256",
                      "aws:kms"
                    ],
                    "variable": "s3:x-amz-server-side-encryption"
                  }
                ],
                "effect": "Deny",
                "not_actions": [],
                "not_principals": [],
                "not_resources": [],
                "principals": [
                  {
                    "identifiers": [
                      "*"
                    ],
                    "type": "AWS"
                  }
                ],
                "resources": [
                  "arn:aws:s3:::unityhub-production-msteams-shared-terraform-state/*"
                ],
                "sid": "DenyIncorrectEncryptionHeader"
              },
              {
                "actions": [
                  "s3:PutObject"
                ],
                "condition": [
                  {
                    "test": "Null",
                    "values": [
                      "true"
                    ],
                    "variable": "s3:x-amz-server-side-encryption"
                  }
                ],
                "effect": "Deny",
                "not_actions": [],
                "not_principals": [],
                "not_resources": [],
                "principals": [
                  {
                    "identifiers": [
                      "*"
                    ],
                    "type": "AWS"
                  }
                ],
                "resources": [
                  "arn:aws:s3:::unityhub-production-msteams-shared-terraform-state/*"
                ],
                "sid": "DenyUnEncryptedObjectUploads"
              },
              {
                "actions": [
                  "s3:*"
                ],
                "condition": [
                  {
                    "test": "Bool",
                    "values": [
                      "false"
                    ],
                    "variable": "aws:SecureTransport"
                  }
                ],
                "effect": "Deny",
                "not_actions": [],
                "not_principals": [],
                "not_resources": [],
                "principals": [
                  {
                    "identifiers": [
                      "*"
                    ],
                    "type": "AWS"
                  }
                ],
                "resources": [
                  "arn:aws:s3:::unityhub-production-msteams-shared-terraform-state",
                  "arn:aws:s3:::unityhub-production-msteams-shared-terraform-state/*"
                ],
                "sid": "EnforceTlsRequestsOnly"
              }
            ],
            "version": "2012-10-17"
          },
          "sensitive_attributes": [],
          "identity_schema_version": 0
        }
      ]
    },
    {
      "module": "module.common_resources_staging.module.msteams.module.terraform_state_backend_msteams_shared",
      "mode": "data",
      "type": "aws_region",
      "name": "current",
      "provider": "provider[\"registry.terraform.io/hashicorp/aws\"]",
      "instances": [
        {
          "schema_version": 0,
          "attributes": {
            "description": "US East (N. Virginia)",
            "endpoint": "ec2.us-east-1.amazonaws.com",
            "id": "us-east-1",
            "name": "us-east-1"
          },
          "sensitive_attributes": [],
          "identity_schema_version": 0
        }
      ]
    },
    {
      "module": "module.common_resources_staging.module.msteams.module.terraform_state_backend_msteams_shared",
      "mode": "managed",
      "type": "aws_dynamodb_table",
      "name": "with_server_side_encryption",
      "provider": "provider[\"registry.terraform.io/hashicorp/aws\"]",
      "instances": [
        {
          "index_key": 0,
          "schema_version": 1,
          "attributes": {
            "arn": "arn:aws:dynamodb:us-east-1:514472330244:table/unityhub-production-msteams-shared-terraform-state-lock",
            "attribute": [
              {
                "name": "LockID",
                "type": "S"
              }
            ],
            "billing_mode": "PAY_PER_REQUEST",
            "deletion_protection_enabled": false,
            "global_secondary_index": [],
            "hash_key": "LockID",
            "id": "unityhub-production-msteams-shared-terraform-state-lock",
            "import_table": [],
            "local_secondary_index": [],
            "name": "unityhub-production-msteams-shared-terraform-state-lock",
            "on_demand_throughput": [],
            "point_in_time_recovery": [
              {
                "enabled": true,
                "recovery_period_in_days": 35
              }
            ],
            "range_key": null,
            "read_capacity": 0,
            "replica": [],
            "restore_date_time": null,
            "restore_source_name": null,
            "restore_source_table_arn": null,
            "restore_to_latest_time": null,
            "server_side_encryption": [
              {
                "enabled": true,
                "kms_key_arn": ""
              }
            ],
            "stream_arn": "",
            "stream_enabled": false,
            "stream_label": "",
            "stream_view_type": "",
            "table_class": "STANDARD",
            "tags": {
              "Attributes": "terraform-state-lock",
              "Name": "unityhub-production-msteams-shared-terraform-state-lock",
              "Namespace": "unityhub",
              "Stage": "production"
            },
            "tags_all": {
              "Attributes": "terraform-state-lock",
              "Name": "unityhub-production-msteams-shared-terraform-state-lock",
              "Namespace": "unityhub",
              "Stage": "production"
            },
            "timeouts": null,
            "ttl": [
              {
                "attribute_name": "",
                "enabled": false
              }
            ],
            "write_capacity": 0
          },
          "sensitive_attributes": [],
          "identity_schema_version": 0,
          "private": "eyJlMmJmYjczMC1lY2FhLTExZTYtOGY4OC0zNDM2M2JjN2M0YzAiOnsiY3JlYXRlIjoxODAwMDAwMDAwMDAwLCJkZWxldGUiOjYwMDAwMDAwMDAwMCwidXBkYXRlIjozNjAwMDAwMDAwMDAwfSwic2NoZW1hX3ZlcnNpb24iOiIxIn0="
        }
      ]
    },
    {
      "module": "module.common_resources_staging.module.msteams.module.terraform_state_backend_msteams_shared",
      "mode": "managed",
      "type": "aws_s3_bucket",
      "name": "default",
      "provider": "provider[\"registry.terraform.io/hashicorp/aws\"]",
      "instances": [
        {
          "index_key": 0,
          "schema_version": 0,
          "attributes": {
            "acceleration_status": "",
            "acl": null,
            "arn": "arn:aws:s3:::unityhub-production-msteams-shared-terraform-state",
            "bucket": "unityhub-production-msteams-shared-terraform-state",
            "bucket_domain_name": "unityhub-production-msteams-shared-terraform-state.s3.amazonaws.com",
            "bucket_prefix": "",
            "bucket_regional_domain_name": "unityhub-production-msteams-shared-terraform-state.s3.us-east-1.amazonaws.com",
            "cors_rule": [],
            "force_destroy": true,
            "grant": [
              {
                "id": "bea86176a486e69a83b4227063efa3be9eb4b243551739d81a6a4b41ec8b3461",
                "permissions": [
                  "FULL_CONTROL"
                ],
                "type": "CanonicalUser",
                "uri": ""
              }
            ],
            "hosted_zone_id": "Z3AQBSTGFYJSTF",
            "id": "unityhub-production-msteams-shared-terraform-state",
            "lifecycle_rule": [],
            "logging": [],
            "object_lock_configuration": [],
            "object_lock_enabled": false,
            "policy": "{\"Statement\":[{\"Action\":\"s3:PutObject\",\"Condition\":{\"StringNotEquals\":{\"s3:x-amz-server-side-encryption\":[\"AES256\",\"aws:kms\"]}},\"Effect\":\"Deny\",\"Principal\":{\"AWS\":\"*\"},\"Resource\":\"arn:aws:s3:::unityhub-production-msteams-shared-terraform-state/*\",\"Sid\":\"DenyIncorrectEncryptionHeader\"},{\"Action\":\"s3:PutObject\",\"Condition\":{\"Null\":{\"s3:x-amz-server-side-encryption\":\"true\"}},\"Effect\":\"Deny\",\"Principal\":{\"AWS\":\"*\"},\"Resource\":\"arn:aws:s3:::unityhub-production-msteams-shared-terraform-state/*\",\"Sid\":\"DenyUnEncryptedObjectUploads\"},{\"Action\":\"s3:*\",\"Condition\":{\"Bool\":{\"aws:SecureTransport\":\"false\"}},\"Effect\":\"Deny\",\"Principal\":{\"AWS\":\"*\"},\"Resource\":[\"arn:aws:s3:::unityhub-production-msteams-shared-terraform-state/*\",\"arn:aws:s3:::unityhub-production-msteams-shared-terraform-state\"],\"Sid\":\"EnforceTlsRequestsOnly\"}],\"Version\":\"2012-10-17\"}",
            "region": "us-east-1",
            "replication_configuration": [],
            "request_payer": "BucketOwner",
            "server_side_encryption_configuration": [
              {
                "rule": [
                  {
                    "apply_server_side_encryption_by_default": [
                      {
                        "kms_master_key_id": "",
                        "sse_algorithm": "AES256"
                      }
                    ],
                    "bucket_key_enabled": false
                  }
                ]
              }
            ],
            "tags": {
              "Attributes": "terraform-state",
              "Name": "unityhub-production-msteams-shared-terraform-state",
              "Namespace": "unityhub",
              "Stage": "production"
            },
            "tags_all": {
              "Attributes": "terraform-state",
              "Name": "unityhub-production-msteams-shared-terraform-state",
              "Namespace": "unityhub",
              "Stage": "production"
            },
            "timeouts": null,
            "versioning": [
              {
                "enabled": true,
                "mfa_delete": false
              }
            ],
            "website": [],
            "website_domain": null,
            "website_endpoint": null
          },
          "sensitive_attributes": [],
          "identity_schema_version": 0,
          "private": "eyJlMmJmYjczMC1lY2FhLTExZTYtOGY4OC0zNDM2M2JjN2M0YzAiOnsiY3JlYXRlIjoxMjAwMDAwMDAwMDAwLCJkZWxldGUiOjM2MDAwMDAwMDAwMDAsInJlYWQiOjEyMDAwMDAwMDAwMDAsInVwZGF0ZSI6MTIwMDAwMDAwMDAwMH19"
        }
      ]
    },
    {
      "module": "module.common_resources_staging.module.msteams.module.terraform_state_backend_msteams_shared",
      "mode": "managed",
      "type": "aws_s3_bucket_ownership_controls",
      "name": "default",
      "provider": "provider[\"registry.terraform.io/hashicorp/aws\"]",
      "instances": [
        {
          "index_key": 0,
          "schema_version": 0,
          "attributes": {
            "bucket": "unityhub-production-msteams-shared-terraform-state",
            "id": "unityhub-production-msteams-shared-terraform-state",
            "rule": [
              {
                "object_ownership": "BucketOwnerEnforced"
              }
            ]
          },
          "sensitive_attributes": [],
          "identity_schema_version": 0,
          "private": "bnVsbA==",
          "dependencies": [
            "module.common_resources_staging.module.msteams.module.terraform_state_backend_msteams_shared.aws_s3_bucket.default"
          ]
        }
      ]
    },
    {
      "module": "module.common_resources_staging.module.msteams.module.terraform_state_backend_msteams_shared",
      "mode": "managed",
      "type": "aws_s3_bucket_policy",
      "name": "default",
      "provider": "provider[\"registry.terraform.io/hashicorp/aws\"]",
      "instances": [
        {
          "index_key": 0,
          "schema_version": 0,
          "attributes": {
            "bucket": "unityhub-production-msteams-shared-terraform-state",
            "id": "unityhub-production-msteams-shared-terraform-state",
            "policy": "{\"Statement\":[{\"Action\":\"s3:PutObject\",\"Condition\":{\"StringNotEquals\":{\"s3:x-amz-server-side-encryption\":[\"AES256\",\"aws:kms\"]}},\"Effect\":\"Deny\",\"Principal\":{\"AWS\":\"*\"},\"Resource\":\"arn:aws:s3:::unityhub-production-msteams-shared-terraform-state/*\",\"Sid\":\"DenyIncorrectEncryptionHeader\"},{\"Action\":\"s3:PutObject\",\"Condition\":{\"Null\":{\"s3:x-amz-server-side-encryption\":\"true\"}},\"Effect\":\"Deny\",\"Principal\":{\"AWS\":\"*\"},\"Resource\":\"arn:aws:s3:::unityhub-production-msteams-shared-terraform-state/*\",\"Sid\":\"DenyUnEncryptedObjectUploads\"},{\"Action\":\"s3:*\",\"Condition\":{\"Bool\":{\"aws:SecureTransport\":\"false\"}},\"Effect\":\"Deny\",\"Principal\":{\"AWS\":\"*\"},\"Resource\":[\"arn:aws:s3:::unityhub-production-msteams-shared-terraform-state/*\",\"arn:aws:s3:::unityhub-production-msteams-shared-terraform-state\"],\"Sid\":\"EnforceTlsRequestsOnly\"}],\"Version\":\"2012-10-17\"}"
          },
          "sensitive_attributes": [],
          "identity_schema_version": 0,
          "private": "bnVsbA==",
          "dependencies": [
            "module.common_resources_staging.module.msteams.module.terraform_state_backend_msteams_shared.aws_s3_bucket.default",
            "module.common_resources_staging.module.msteams.module.terraform_state_backend_msteams_shared.data.aws_iam_policy_document.prevent_unencrypted_uploads"
          ]
        }
      ]
    },
    {
      "module": "module.common_resources_staging.module.msteams.module.terraform_state_backend_msteams_shared",
      "mode": "managed",
      "type": "aws_s3_bucket_public_access_block",
      "name": "default",
      "provider": "provider[\"registry.terraform.io/hashicorp/aws\"]",
      "instances": [
        {
          "index_key": 0,
          "schema_version": 0,
          "attributes": {
            "block_public_acls": true,
            "block_public_policy": true,
            "bucket": "unityhub-production-msteams-shared-terraform-state",
            "id": "unityhub-production-msteams-shared-terraform-state",
            "ignore_public_acls": true,
            "restrict_public_buckets": true
          },
          "sensitive_attributes": [],
          "identity_schema_version": 0,
          "private": "bnVsbA==",
          "dependencies": [
            "module.common_resources_staging.module.msteams.module.terraform_state_backend_msteams_shared.aws_s3_bucket.default"
          ]
        }
      ]
    },
    {
      "module": "module.common_resources_staging.module.msteams.module.terraform_state_backend_msteams_shared",
      "mode": "managed",
      "type": "aws_s3_bucket_server_side_encryption_configuration",
      "name": "default",
      "provider": "provider[\"registry.terraform.io/hashicorp/aws\"]",
      "instances": [
        {
          "index_key": 0,
          "schema_version": 0,
          "attributes": {
            "bucket": "unityhub-production-msteams-shared-terraform-state",
            "expected_bucket_owner": "",
            "id": "unityhub-production-msteams-shared-terraform-state",
            "rule": [
              {
                "apply_server_side_encryption_by_default": [
                  {
                    "kms_master_key_id": "",
                    "sse_algorithm": "AES256"
                  }
                ],
                "bucket_key_enabled": false
              }
            ]
          },
          "sensitive_attributes": [],
          "identity_schema_version": 0,
          "private": "bnVsbA==",
          "dependencies": [
            "module.common_resources_staging.module.msteams.module.terraform_state_backend_msteams_shared.aws_s3_bucket.default"
          ]
        }
      ]
    },
    {
      "module": "module.common_resources_staging.module.msteams.module.terraform_state_backend_msteams_shared",
      "mode": "managed",
      "type": "aws_s3_bucket_versioning",
      "name": "default",
      "provider": "provider[\"registry.terraform.io/hashicorp/aws\"]",
      "instances": [
        {
          "index_key": 0,
          "schema_version": 0,
          "attributes": {
            "bucket": "unityhub-production-msteams-shared-terraform-state",
            "expected_bucket_owner": "",
            "id": "unityhub-production-msteams-shared-terraform-state",
            "mfa": null,
            "versioning_configuration": [
              {
                "mfa_delete": "Disabled",
                "status": "Enabled"
              }
            ]
          },
          "sensitive_attributes": [],
          "identity_schema_version": 0,
          "private": "bnVsbA==",
          "dependencies": [
            "module.common_resources_staging.module.msteams.module.terraform_state_backend_msteams_shared.aws_s3_bucket.default"
          ]
        }
      ]
    },
    {
      "module": "module.common_resources_staging.module.msteams.module.terraform_state_backend_msteams_shared",
      "mode": "managed",
      "type": "local_file",
      "name": "terraform_backend_config",
      "provider": "provider[\"registry.terraform.io/hashicorp/local\"]",
      "instances": [
        {
          "index_key": 0,
          "schema_version": 0,
          "attributes": {
            "content": "terraform {\n  required_version = \"\u003e= 1.0.0\"\n\n  backend \"s3\" {\n    region         = \"us-east-1\"\n    bucket         = \"unityhub-production-msteams-shared-terraform-state\"\n    key            = \"terraform.tfstate\"\n    dynamodb_table = \"unityhub-production-msteams-shared-terraform-state-lock\"\n    profile        = \"\"\n    role_arn       = \"\"\n    encrypt        = \"true\"\n  }\n}\n",
            "content_base64": null,
            "content_base64sha256": "7yXCKXlpRbfzEY/VwAXe5XUbVWN3Xx0Go6vzQdZH7n4=",
            "content_base64sha512": "MNeAtYnKaCo/HCV/l/L16MyHEODXXsL8iSToXnWSsLl/QRuUNHVBds2F4CVFACBOJ7z6Kbq4Oo8QcTK384wpwQ==",
            "content_md5": "eb390116d4df800dccc0ff9319b2450b",
            "content_sha1": "f4d0abcb2a4ab9dfb4c8a84c70c88a6231c5eca0",
            "content_sha256": "ef25c229796945b7f3118fd5c005dee5751b5563775f1d06a3abf341d647ee7e",
            "content_sha512": "30d780b589ca682a3f1c257f97f2f5e8cc8710e0d75ec2fc8924e85e7592b0b97f411b9434754176cd85e0254500204e27bcfa29bab83a8f107132b7f38c29c1",
            "directory_permission": "0777",
            "file_permission": "0644",
            "filename": "./backend/backend_msteams_shared.tf",
            "id": "f4d0abcb2a4ab9dfb4c8a84c70c88a6231c5eca0",
            "sensitive_content": null,
            "source": null
          },
          "sensitive_attributes": [
            [
              {
                "type": "get_attr",
                "value": "sensitive_content"
              }
            ]
          ],
          "identity_schema_version": 0,
          "dependencies": [
            "module.common_resources_staging.module.msteams.module.terraform_state_backend_msteams_shared.aws_dynamodb_table.with_server_side_encryption",
            "module.common_resources_staging.module.msteams.module.terraform_state_backend_msteams_shared.aws_s3_bucket.default",
            "module.common_resources_staging.module.msteams.module.terraform_state_backend_msteams_shared.data.aws_region.current"
          ]
        }
      ]
    },
    {
      "module": "module.common_resources_staging.module.organization.module.terraform_state_backend_organization_shared",
      "mode": "data",
      "type": "aws_iam_policy_document",
      "name": "prevent_unencrypted_uploads",
      "provider": "provider[\"registry.terraform.io/hashicorp/aws\"]",
      "instances": [
        {
          "index_key": 0,
          "schema_version": 0,
          "attributes": {
            "id": "1532799100",
            "json": "{\n  \"Version\": \"2012-10-17\",\n  \"Statement\": [\n    {\n      \"Sid\": \"DenyIncorrectEncryptionHeader\",\n      \"Effect\": \"Deny\",\n      \"Action\": \"s3:PutObject\",\n      \"Resource\": \"arn:aws:s3:::unityhub-production-organization-shared-terraform-state/*\",\n      \"Principal\": {\n        \"AWS\": \"*\"\n      },\n      \"Condition\": {\n        \"StringNotEquals\": {\n          \"s3:x-amz-server-side-encryption\": [\n            \"AES256\",\n            \"aws:kms\"\n          ]\n        }\n      }\n    },\n    {\n      \"Sid\": \"DenyUnEncryptedObjectUploads\",\n      \"Effect\": \"Deny\",\n      \"Action\": \"s3:PutObject\",\n      \"Resource\": \"arn:aws:s3:::unityhub-production-organization-shared-terraform-state/*\",\n      \"Principal\": {\n        \"AWS\": \"*\"\n      },\n      \"Condition\": {\n        \"Null\": {\n          \"s3:x-amz-server-side-encryption\": \"true\"\n        }\n      }\n    },\n    {\n      \"Sid\": \"EnforceTlsRequestsOnly\",\n      \"Effect\": \"Deny\",\n      \"Action\": \"s3:*\",\n      \"Resource\": [\n        \"arn:aws:s3:::unityhub-production-organization-shared-terraform-state/*\",\n        \"arn:aws:s3:::unityhub-production-organization-shared-terraform-state\"\n      ],\n      \"Principal\": {\n        \"AWS\": \"*\"\n      },\n      \"Condition\": {\n        \"Bool\": {\n          \"aws:SecureTransport\": \"false\"\n        }\n      }\n    }\n  ]\n}",
            "minified_json": "{\"Version\":\"2012-10-17\",\"Statement\":[{\"Sid\":\"DenyIncorrectEncryptionHeader\",\"Effect\":\"Deny\",\"Action\":\"s3:PutObject\",\"Resource\":\"arn:aws:s3:::unityhub-production-organization-shared-terraform-state/*\",\"Principal\":{\"AWS\":\"*\"},\"Condition\":{\"StringNotEquals\":{\"s3:x-amz-server-side-encryption\":[\"AES256\",\"aws:kms\"]}}},{\"Sid\":\"DenyUnEncryptedObjectUploads\",\"Effect\":\"Deny\",\"Action\":\"s3:PutObject\",\"Resource\":\"arn:aws:s3:::unityhub-production-organization-shared-terraform-state/*\",\"Principal\":{\"AWS\":\"*\"},\"Condition\":{\"Null\":{\"s3:x-amz-server-side-encryption\":\"true\"}}},{\"Sid\":\"EnforceTlsRequestsOnly\",\"Effect\":\"Deny\",\"Action\":\"s3:*\",\"Resource\":[\"arn:aws:s3:::unityhub-production-organization-shared-terraform-state/*\",\"arn:aws:s3:::unityhub-production-organization-shared-terraform-state\"],\"Principal\":{\"AWS\":\"*\"},\"Condition\":{\"Bool\":{\"aws:SecureTransport\":\"false\"}}}]}",
            "override_json": null,
            "override_policy_documents": null,
            "policy_id": null,
            "source_json": null,
            "source_policy_documents": null,
            "statement": [
              {
                "actions": [
                  "s3:PutObject"
                ],
                "condition": [
                  {
                    "test": "StringNotEquals",
                    "values": [
                      "AES256",
                      "aws:kms"
                    ],
                    "variable": "s3:x-amz-server-side-encryption"
                  }
                ],
                "effect": "Deny",
                "not_actions": [],
                "not_principals": [],
                "not_resources": [],
                "principals": [
                  {
                    "identifiers": [
                      "*"
                    ],
                    "type": "AWS"
                  }
                ],
                "resources": [
                  "arn:aws:s3:::unityhub-production-organization-shared-terraform-state/*"
                ],
                "sid": "DenyIncorrectEncryptionHeader"
              },
              {
                "actions": [
                  "s3:PutObject"
                ],
                "condition": [
                  {
                    "test": "Null",
                    "values": [
                      "true"
                    ],
                    "variable": "s3:x-amz-server-side-encryption"
                  }
                ],
                "effect": "Deny",
                "not_actions": [],
                "not_principals": [],
                "not_resources": [],
                "principals": [
                  {
                    "identifiers": [
                      "*"
                    ],
                    "type": "AWS"
                  }
                ],
                "resources": [
                  "arn:aws:s3:::unityhub-production-organization-shared-terraform-state/*"
                ],
                "sid": "DenyUnEncryptedObjectUploads"
              },
              {
                "actions": [
                  "s3:*"
                ],
                "condition": [
                  {
                    "test": "Bool",
                    "values": [
                      "false"
                    ],
                    "variable": "aws:SecureTransport"
                  }
                ],
                "effect": "Deny",
                "not_actions": [],
                "not_principals": [],
                "not_resources": [],
                "principals": [
                  {
                    "identifiers": [
                      "*"
                    ],
                    "type": "AWS"
                  }
                ],
                "resources": [
                  "arn:aws:s3:::unityhub-production-organization-shared-terraform-state",
                  "arn:aws:s3:::unityhub-production-organization-shared-terraform-state/*"
                ],
                "sid": "EnforceTlsRequestsOnly"
              }
            ],
            "version": "2012-10-17"
          },
          "sensitive_attributes": [],
          "identity_schema_version": 0
        }
      ]
    },
    {
      "module": "module.common_resources_staging.module.organization.module.terraform_state_backend_organization_shared",
      "mode": "data",
      "type": "aws_region",
      "name": "current",
      "provider": "provider[\"registry.terraform.io/hashicorp/aws\"]",
      "instances": [
        {
          "schema_version": 0,
          "attributes": {
            "description": "US East (N. Virginia)",
            "endpoint": "ec2.us-east-1.amazonaws.com",
            "id": "us-east-1",
            "name": "us-east-1"
          },
          "sensitive_attributes": [],
          "identity_schema_version": 0
        }
      ]
    },
    {
      "module": "module.common_resources_staging.module.organization.module.terraform_state_backend_organization_shared",
      "mode": "managed",
      "type": "aws_dynamodb_table",
      "name": "with_server_side_encryption",
      "provider": "provider[\"registry.terraform.io/hashicorp/aws\"]",
      "instances": [
        {
          "index_key": 0,
          "schema_version": 1,
          "attributes": {
            "arn": "arn:aws:dynamodb:us-east-1:514472330244:table/unityhub-production-organization-shared-terraform-state-lock",
            "attribute": [
              {
                "name": "LockID",
                "type": "S"
              }
            ],
            "billing_mode": "PAY_PER_REQUEST",
            "deletion_protection_enabled": false,
            "global_secondary_index": [],
            "hash_key": "LockID",
            "id": "unityhub-production-organization-shared-terraform-state-lock",
            "import_table": [],
            "local_secondary_index": [],
            "name": "unityhub-production-organization-shared-terraform-state-lock",
            "on_demand_throughput": [],
            "point_in_time_recovery": [
              {
                "enabled": true,
                "recovery_period_in_days": 35
              }
            ],
            "range_key": null,
            "read_capacity": 0,
            "replica": [],
            "restore_date_time": null,
            "restore_source_name": null,
            "restore_source_table_arn": null,
            "restore_to_latest_time": null,
            "server_side_encryption": [
              {
                "enabled": true,
                "kms_key_arn": ""
              }
            ],
            "stream_arn": "",
            "stream_enabled": false,
            "stream_label": "",
            "stream_view_type": "",
            "table_class": "STANDARD",
            "tags": {
              "Attributes": "terraform-state-lock",
              "Name": "unityhub-production-organization-shared-terraform-state-lock",
              "Namespace": "unityhub",
              "Stage": "production"
            },
            "tags_all": {
              "Attributes": "terraform-state-lock",
              "Name": "unityhub-production-organization-shared-terraform-state-lock",
              "Namespace": "unityhub",
              "Stage": "production"
            },
            "timeouts": null,
            "ttl": [
              {
                "attribute_name": "",
                "enabled": false
              }
            ],
            "write_capacity": 0
          },
          "sensitive_attributes": [],
          "identity_schema_version": 0,
          "private": "eyJlMmJmYjczMC1lY2FhLTExZTYtOGY4OC0zNDM2M2JjN2M0YzAiOnsiY3JlYXRlIjoxODAwMDAwMDAwMDAwLCJkZWxldGUiOjYwMDAwMDAwMDAwMCwidXBkYXRlIjozNjAwMDAwMDAwMDAwfSwic2NoZW1hX3ZlcnNpb24iOiIxIn0="
        }
      ]
    },
    {
      "module": "module.common_resources_staging.module.organization.module.terraform_state_backend_organization_shared",
      "mode": "managed",
      "type": "aws_s3_bucket",
      "name": "default",
      "provider": "provider[\"registry.terraform.io/hashicorp/aws\"]",
      "instances": [
        {
          "index_key": 0,
          "schema_version": 0,
          "attributes": {
            "acceleration_status": "",
            "acl": null,
            "arn": "arn:aws:s3:::unityhub-production-organization-shared-terraform-state",
            "bucket": "unityhub-production-organization-shared-terraform-state",
            "bucket_domain_name": "unityhub-production-organization-shared-terraform-state.s3.amazonaws.com",
            "bucket_prefix": "",
            "bucket_regional_domain_name": "unityhub-production-organization-shared-terraform-state.s3.us-east-1.amazonaws.com",
            "cors_rule": [],
            "force_destroy": true,
            "grant": [
              {
                "id": "bea86176a486e69a83b4227063efa3be9eb4b243551739d81a6a4b41ec8b3461",
                "permissions": [
                  "FULL_CONTROL"
                ],
                "type": "CanonicalUser",
                "uri": ""
              }
            ],
            "hosted_zone_id": "Z3AQBSTGFYJSTF",
            "id": "unityhub-production-organization-shared-terraform-state",
            "lifecycle_rule": [],
            "logging": [],
            "object_lock_configuration": [],
            "object_lock_enabled": false,
            "policy": "{\"Statement\":[{\"Action\":\"s3:PutObject\",\"Condition\":{\"StringNotEquals\":{\"s3:x-amz-server-side-encryption\":[\"AES256\",\"aws:kms\"]}},\"Effect\":\"Deny\",\"Principal\":{\"AWS\":\"*\"},\"Resource\":\"arn:aws:s3:::unityhub-production-organization-shared-terraform-state/*\",\"Sid\":\"DenyIncorrectEncryptionHeader\"},{\"Action\":\"s3:PutObject\",\"Condition\":{\"Null\":{\"s3:x-amz-server-side-encryption\":\"true\"}},\"Effect\":\"Deny\",\"Principal\":{\"AWS\":\"*\"},\"Resource\":\"arn:aws:s3:::unityhub-production-organization-shared-terraform-state/*\",\"Sid\":\"DenyUnEncryptedObjectUploads\"},{\"Action\":\"s3:*\",\"Condition\":{\"Bool\":{\"aws:SecureTransport\":\"false\"}},\"Effect\":\"Deny\",\"Principal\":{\"AWS\":\"*\"},\"Resource\":[\"arn:aws:s3:::unityhub-production-organization-shared-terraform-state/*\",\"arn:aws:s3:::unityhub-production-organization-shared-terraform-state\"],\"Sid\":\"EnforceTlsRequestsOnly\"}],\"Version\":\"2012-10-17\"}",
            "region": "us-east-1",
            "replication_configuration": [],
            "request_payer": "BucketOwner",
            "server_side_encryption_configuration": [
              {
                "rule": [
                  {
                    "apply_server_side_encryption_by_default": [
                      {
                        "kms_master_key_id": "",
                        "sse_algorithm": "AES256"
                      }
                    ],
                    "bucket_key_enabled": false
                  }
                ]
              }
            ],
            "tags": {
              "Attributes": "terraform-state",
              "Name": "unityhub-production-organization-shared-terraform-state",
              "Namespace": "unityhub",
              "Stage": "production"
            },
            "tags_all": {
              "Attributes": "terraform-state",
              "Name": "unityhub-production-organization-shared-terraform-state",
              "Namespace": "unityhub",
              "Stage": "production"
            },
            "timeouts": null,
            "versioning": [
              {
                "enabled": true,
                "mfa_delete": false
              }
            ],
            "website": [],
            "website_domain": null,
            "website_endpoint": null
          },
          "sensitive_attributes": [],
          "identity_schema_version": 0,
          "private": "eyJlMmJmYjczMC1lY2FhLTExZTYtOGY4OC0zNDM2M2JjN2M0YzAiOnsiY3JlYXRlIjoxMjAwMDAwMDAwMDAwLCJkZWxldGUiOjM2MDAwMDAwMDAwMDAsInJlYWQiOjEyMDAwMDAwMDAwMDAsInVwZGF0ZSI6MTIwMDAwMDAwMDAwMH19"
        }
      ]
    },
    {
      "module": "module.common_resources_staging.module.organization.module.terraform_state_backend_organization_shared",
      "mode": "managed",
      "type": "aws_s3_bucket_ownership_controls",
      "name": "default",
      "provider": "provider[\"registry.terraform.io/hashicorp/aws\"]",
      "instances": [
        {
          "index_key": 0,
          "schema_version": 0,
          "attributes": {
            "bucket": "unityhub-production-organization-shared-terraform-state",
            "id": "unityhub-production-organization-shared-terraform-state",
            "rule": [
              {
                "object_ownership": "BucketOwnerEnforced"
              }
            ]
          },
          "sensitive_attributes": [],
          "identity_schema_version": 0,
          "private": "bnVsbA==",
          "dependencies": [
            "module.common_resources_staging.module.organization.module.terraform_state_backend_organization_shared.aws_s3_bucket.default"
          ]
        }
      ]
    },
    {
      "module": "module.common_resources_staging.module.organization.module.terraform_state_backend_organization_shared",
      "mode": "managed",
      "type": "aws_s3_bucket_policy",
      "name": "default",
      "provider": "provider[\"registry.terraform.io/hashicorp/aws\"]",
      "instances": [
        {
          "index_key": 0,
          "schema_version": 0,
          "attributes": {
            "bucket": "unityhub-production-organization-shared-terraform-state",
            "id": "unityhub-production-organization-shared-terraform-state",
            "policy": "{\"Statement\":[{\"Action\":\"s3:PutObject\",\"Condition\":{\"StringNotEquals\":{\"s3:x-amz-server-side-encryption\":[\"AES256\",\"aws:kms\"]}},\"Effect\":\"Deny\",\"Principal\":{\"AWS\":\"*\"},\"Resource\":\"arn:aws:s3:::unityhub-production-organization-shared-terraform-state/*\",\"Sid\":\"DenyIncorrectEncryptionHeader\"},{\"Action\":\"s3:PutObject\",\"Condition\":{\"Null\":{\"s3:x-amz-server-side-encryption\":\"true\"}},\"Effect\":\"Deny\",\"Principal\":{\"AWS\":\"*\"},\"Resource\":\"arn:aws:s3:::unityhub-production-organization-shared-terraform-state/*\",\"Sid\":\"DenyUnEncryptedObjectUploads\"},{\"Action\":\"s3:*\",\"Condition\":{\"Bool\":{\"aws:SecureTransport\":\"false\"}},\"Effect\":\"Deny\",\"Principal\":{\"AWS\":\"*\"},\"Resource\":[\"arn:aws:s3:::unityhub-production-organization-shared-terraform-state/*\",\"arn:aws:s3:::unityhub-production-organization-shared-terraform-state\"],\"Sid\":\"EnforceTlsRequestsOnly\"}],\"Version\":\"2012-10-17\"}"
          },
          "sensitive_attributes": [],
          "identity_schema_version": 0,
          "private": "bnVsbA==",
          "dependencies": [
            "module.common_resources_staging.module.organization.module.terraform_state_backend_organization_shared.aws_s3_bucket.default",
            "module.common_resources_staging.module.organization.module.terraform_state_backend_organization_shared.data.aws_iam_policy_document.prevent_unencrypted_uploads"
          ]
        }
      ]
    },
    {
      "module": "module.common_resources_staging.module.organization.module.terraform_state_backend_organization_shared",
      "mode": "managed",
      "type": "aws_s3_bucket_public_access_block",
      "name": "default",
      "provider": "provider[\"registry.terraform.io/hashicorp/aws\"]",
      "instances": [
        {
          "index_key": 0,
          "schema_version": 0,
          "attributes": {
            "block_public_acls": true,
            "block_public_policy": true,
            "bucket": "unityhub-production-organization-shared-terraform-state",
            "id": "unityhub-production-organization-shared-terraform-state",
            "ignore_public_acls": true,
            "restrict_public_buckets": true
          },
          "sensitive_attributes": [],
          "identity_schema_version": 0,
          "private": "bnVsbA==",
          "dependencies": [
            "module.common_resources_staging.module.organization.module.terraform_state_backend_organization_shared.aws_s3_bucket.default"
          ]
        }
      ]
    },
    {
      "module": "module.common_resources_staging.module.organization.module.terraform_state_backend_organization_shared",
      "mode": "managed",
      "type": "aws_s3_bucket_server_side_encryption_configuration",
      "name": "default",
      "provider": "provider[\"registry.terraform.io/hashicorp/aws\"]",
      "instances": [
        {
          "index_key": 0,
          "schema_version": 0,
          "attributes": {
            "bucket": "unityhub-production-organization-shared-terraform-state",
            "expected_bucket_owner": "",
            "id": "unityhub-production-organization-shared-terraform-state",
            "rule": [
              {
                "apply_server_side_encryption_by_default": [
                  {
                    "kms_master_key_id": "",
                    "sse_algorithm": "AES256"
                  }
                ],
                "bucket_key_enabled": false
              }
            ]
          },
          "sensitive_attributes": [],
          "identity_schema_version": 0,
          "private": "bnVsbA==",
          "dependencies": [
            "module.common_resources_staging.module.organization.module.terraform_state_backend_organization_shared.aws_s3_bucket.default"
          ]
        }
      ]
    },
    {
      "module": "module.common_resources_staging.module.organization.module.terraform_state_backend_organization_shared",
      "mode": "managed",
      "type": "aws_s3_bucket_versioning",
      "name": "default",
      "provider": "provider[\"registry.terraform.io/hashicorp/aws\"]",
      "instances": [
        {
          "index_key": 0,
          "schema_version": 0,
          "attributes": {
            "bucket": "unityhub-production-organization-shared-terraform-state",
            "expected_bucket_owner": "",
            "id": "unityhub-production-organization-shared-terraform-state",
            "mfa": null,
            "versioning_configuration": [
              {
                "mfa_delete": "Disabled",
                "status": "Enabled"
              }
            ]
          },
          "sensitive_attributes": [],
          "identity_schema_version": 0,
          "private": "bnVsbA==",
          "dependencies": [
            "module.common_resources_staging.module.organization.module.terraform_state_backend_organization_shared.aws_s3_bucket.default"
          ]
        }
      ]
    },
    {
      "module": "module.common_resources_staging.module.organization.module.terraform_state_backend_organization_shared",
      "mode": "managed",
      "type": "local_file",
      "name": "terraform_backend_config",
      "provider": "provider[\"registry.terraform.io/hashicorp/local\"]",
      "instances": [
        {
          "index_key": 0,
          "schema_version": 0,
          "attributes": {
            "content": "terraform {\n  required_version = \"\u003e= 1.0.0\"\n\n  backend \"s3\" {\n    region         = \"us-east-1\"\n    bucket         = \"unityhub-production-organization-shared-terraform-state\"\n    key            = \"terraform.tfstate\"\n    dynamodb_table = \"unityhub-production-organization-shared-terraform-state-lock\"\n    profile        = \"\"\n    role_arn       = \"\"\n    encrypt        = \"true\"\n  }\n}\n",
            "content_base64": null,
            "content_base64sha256": "g+n7DnaLN/1dudbUlQaZPMVloL8CpLzvZdRZdaMqviQ=",
            "content_base64sha512": "DFU9QRfH4CpVuTxp9uY7IgEb/bmKvkw9C++2o3zHrDqVhoOLoe0XOzQ0qULoVRe5FH3RCrz32friVoAtQMSJdw==",
            "content_md5": "f314622c0221a93298a82f4036e04567",
            "content_sha1": "4c2584cb1e4ce86e590c01818b8ee8cf977d5b73",
            "content_sha256": "83e9fb0e768b37fd5db9d6d49506993cc565a0bf02a4bcef65d45975a32abe24",
            "content_sha512": "0c553d4117c7e02a55b93c69f6e63b22011bfdb98abe4c3d0befb6a37cc7ac3a9586838ba1ed173b3434a942e85517b9147dd10abcf7d9fae256802d40c48977",
            "directory_permission": "0777",
            "file_permission": "0644",
            "filename": "./backend/backend_organization_shared.tf",
            "id": "4c2584cb1e4ce86e590c01818b8ee8cf977d5b73",
            "sensitive_content": null,
            "source": null
          },
          "sensitive_attributes": [
            [
              {
                "type": "get_attr",
                "value": "sensitive_content"
              }
            ]
          ],
          "identity_schema_version": 0,
          "dependencies": [
            "module.common_resources_staging.module.organization.module.terraform_state_backend_organization_shared.aws_dynamodb_table.with_server_side_encryption",
            "module.common_resources_staging.module.organization.module.terraform_state_backend_organization_shared.aws_s3_bucket.default",
            "module.common_resources_staging.module.organization.module.terraform_state_backend_organization_shared.data.aws_region.current"
          ]
        }
      ]
    },
    {
      "module": "module.common_resources_staging.module.privatewebapp.module.terraform_state_backend_privatewebapp",
      "mode": "data",
      "type": "aws_iam_policy_document",
      "name": "prevent_unencrypted_uploads",
      "provider": "provider[\"registry.terraform.io/hashicorp/aws\"]",
      "instances": [
        {
          "index_key": 0,
          "schema_version": 0,
          "attributes": {
            "id": "812345040",
            "json": "{\n  \"Version\": \"2012-10-17\",\n  \"Statement\": [\n    {\n      \"Sid\": \"DenyIncorrectEncryptionHeader\",\n      \"Effect\": \"Deny\",\n      \"Action\": \"s3:PutObject\",\n      \"Resource\": \"arn:aws:s3:::unityhub-production-privatewebapp-terraform-state/*\",\n      \"Principal\": {\n        \"AWS\": \"*\"\n      },\n      \"Condition\": {\n        \"StringNotEquals\": {\n          \"s3:x-amz-server-side-encryption\": [\n            \"AES256\",\n            \"aws:kms\"\n          ]\n        }\n      }\n    },\n    {\n      \"Sid\": \"DenyUnEncryptedObjectUploads\",\n      \"Effect\": \"Deny\",\n      \"Action\": \"s3:PutObject\",\n      \"Resource\": \"arn:aws:s3:::unityhub-production-privatewebapp-terraform-state/*\",\n      \"Principal\": {\n        \"AWS\": \"*\"\n      },\n      \"Condition\": {\n        \"Null\": {\n          \"s3:x-amz-server-side-encryption\": \"true\"\n        }\n      }\n    },\n    {\n      \"Sid\": \"EnforceTlsRequestsOnly\",\n      \"Effect\": \"Deny\",\n      \"Action\": \"s3:*\",\n      \"Resource\": [\n        \"arn:aws:s3:::unityhub-production-privatewebapp-terraform-state/*\",\n        \"arn:aws:s3:::unityhub-production-privatewebapp-terraform-state\"\n      ],\n      \"Principal\": {\n        \"AWS\": \"*\"\n      },\n      \"Condition\": {\n        \"Bool\": {\n          \"aws:SecureTransport\": \"false\"\n        }\n      }\n    }\n  ]\n}",
            "minified_json": "{\"Version\":\"2012-10-17\",\"Statement\":[{\"Sid\":\"DenyIncorrectEncryptionHeader\",\"Effect\":\"Deny\",\"Action\":\"s3:PutObject\",\"Resource\":\"arn:aws:s3:::unityhub-production-privatewebapp-terraform-state/*\",\"Principal\":{\"AWS\":\"*\"},\"Condition\":{\"StringNotEquals\":{\"s3:x-amz-server-side-encryption\":[\"AES256\",\"aws:kms\"]}}},{\"Sid\":\"DenyUnEncryptedObjectUploads\",\"Effect\":\"Deny\",\"Action\":\"s3:PutObject\",\"Resource\":\"arn:aws:s3:::unityhub-production-privatewebapp-terraform-state/*\",\"Principal\":{\"AWS\":\"*\"},\"Condition\":{\"Null\":{\"s3:x-amz-server-side-encryption\":\"true\"}}},{\"Sid\":\"EnforceTlsRequestsOnly\",\"Effect\":\"Deny\",\"Action\":\"s3:*\",\"Resource\":[\"arn:aws:s3:::unityhub-production-privatewebapp-terraform-state/*\",\"arn:aws:s3:::unityhub-production-privatewebapp-terraform-state\"],\"Principal\":{\"AWS\":\"*\"},\"Condition\":{\"Bool\":{\"aws:SecureTransport\":\"false\"}}}]}",
            "override_json": null,
            "override_policy_documents": null,
            "policy_id": null,
            "source_json": null,
            "source_policy_documents": null,
            "statement": [
              {
                "actions": [
                  "s3:PutObject"
                ],
                "condition": [
                  {
                    "test": "StringNotEquals",
                    "values": [
                      "AES256",
                      "aws:kms"
                    ],
                    "variable": "s3:x-amz-server-side-encryption"
                  }
                ],
                "effect": "Deny",
                "not_actions": [],
                "not_principals": [],
                "not_resources": [],
                "principals": [
                  {
                    "identifiers": [
                      "*"
                    ],
                    "type": "AWS"
                  }
                ],
                "resources": [
                  "arn:aws:s3:::unityhub-production-privatewebapp-terraform-state/*"
                ],
                "sid": "DenyIncorrectEncryptionHeader"
              },
              {
                "actions": [
                  "s3:PutObject"
                ],
                "condition": [
                  {
                    "test": "Null",
                    "values": [
                      "true"
                    ],
                    "variable": "s3:x-amz-server-side-encryption"
                  }
                ],
                "effect": "Deny",
                "not_actions": [],
                "not_principals": [],
                "not_resources": [],
                "principals": [
                  {
                    "identifiers": [
                      "*"
                    ],
                    "type": "AWS"
                  }
                ],
                "resources": [
                  "arn:aws:s3:::unityhub-production-privatewebapp-terraform-state/*"
                ],
                "sid": "DenyUnEncryptedObjectUploads"
              },
              {
                "actions": [
                  "s3:*"
                ],
                "condition": [
                  {
                    "test": "Bool",
                    "values": [
                      "false"
                    ],
                    "variable": "aws:SecureTransport"
                  }
                ],
                "effect": "Deny",
                "not_actions": [],
                "not_principals": [],
                "not_resources": [],
                "principals": [
                  {
                    "identifiers": [
                      "*"
                    ],
                    "type": "AWS"
                  }
                ],
                "resources": [
                  "arn:aws:s3:::unityhub-production-privatewebapp-terraform-state",
                  "arn:aws:s3:::unityhub-production-privatewebapp-terraform-state/*"
                ],
                "sid": "EnforceTlsRequestsOnly"
              }
            ],
            "version": "2012-10-17"
          },
          "sensitive_attributes": [],
          "identity_schema_version": 0
        }
      ]
    },
    {
      "module": "module.common_resources_staging.module.privatewebapp.module.terraform_state_backend_privatewebapp",
      "mode": "data",
      "type": "aws_region",
      "name": "current",
      "provider": "provider[\"registry.terraform.io/hashicorp/aws\"]",
      "instances": [
        {
          "schema_version": 0,
          "attributes": {
            "description": "US East (N. Virginia)",
            "endpoint": "ec2.us-east-1.amazonaws.com",
            "id": "us-east-1",
            "name": "us-east-1"
          },
          "sensitive_attributes": [],
          "identity_schema_version": 0
        }
      ]
    },
    {
      "module": "module.common_resources_staging.module.privatewebapp.module.terraform_state_backend_privatewebapp",
      "mode": "managed",
      "type": "aws_dynamodb_table",
      "name": "with_server_side_encryption",
      "provider": "provider[\"registry.terraform.io/hashicorp/aws\"]",
      "instances": [
        {
          "index_key": 0,
          "schema_version": 1,
          "attributes": {
            "arn": "arn:aws:dynamodb:us-east-1:514472330244:table/unityhub-production-privatewebapp-terraform-state-lock",
            "attribute": [
              {
                "name": "LockID",
                "type": "S"
              }
            ],
            "billing_mode": "PAY_PER_REQUEST",
            "deletion_protection_enabled": false,
            "global_secondary_index": [],
            "hash_key": "LockID",
            "id": "unityhub-production-privatewebapp-terraform-state-lock",
            "import_table": [],
            "local_secondary_index": [],
            "name": "unityhub-production-privatewebapp-terraform-state-lock",
            "on_demand_throughput": [],
            "point_in_time_recovery": [
              {
                "enabled": true,
                "recovery_period_in_days": 35
              }
            ],
            "range_key": null,
            "read_capacity": 0,
            "replica": [],
            "restore_date_time": null,
            "restore_source_name": null,
            "restore_source_table_arn": null,
            "restore_to_latest_time": null,
            "server_side_encryption": [
              {
                "enabled": true,
                "kms_key_arn": ""
              }
            ],
            "stream_arn": "",
            "stream_enabled": false,
            "stream_label": "",
            "stream_view_type": "",
            "table_class": "STANDARD",
            "tags": {
              "Attributes": "terraform-state-lock",
              "Name": "unityhub-production-privatewebapp-terraform-state-lock",
              "Namespace": "unityhub",
              "Stage": "production"
            },
            "tags_all": {
              "Attributes": "terraform-state-lock",
              "Name": "unityhub-production-privatewebapp-terraform-state-lock",
              "Namespace": "unityhub",
              "Stage": "production"
            },
            "timeouts": null,
            "ttl": [
              {
                "attribute_name": "",
                "enabled": false
              }
            ],
            "write_capacity": 0
          },
          "sensitive_attributes": [],
          "identity_schema_version": 0,
          "private": "eyJlMmJmYjczMC1lY2FhLTExZTYtOGY4OC0zNDM2M2JjN2M0YzAiOnsiY3JlYXRlIjoxODAwMDAwMDAwMDAwLCJkZWxldGUiOjYwMDAwMDAwMDAwMCwidXBkYXRlIjozNjAwMDAwMDAwMDAwfSwic2NoZW1hX3ZlcnNpb24iOiIxIn0="
        }
      ]
    },
    {
      "module": "module.common_resources_staging.module.privatewebapp.module.terraform_state_backend_privatewebapp",
      "mode": "managed",
      "type": "aws_s3_bucket",
      "name": "default",
      "provider": "provider[\"registry.terraform.io/hashicorp/aws\"]",
      "instances": [
        {
          "index_key": 0,
          "schema_version": 0,
          "attributes": {
            "acceleration_status": "",
            "acl": null,
            "arn": "arn:aws:s3:::unityhub-production-privatewebapp-terraform-state",
            "bucket": "unityhub-production-privatewebapp-terraform-state",
            "bucket_domain_name": "unityhub-production-privatewebapp-terraform-state.s3.amazonaws.com",
            "bucket_prefix": "",
            "bucket_regional_domain_name": "unityhub-production-privatewebapp-terraform-state.s3.us-east-1.amazonaws.com",
            "cors_rule": [],
            "force_destroy": true,
            "grant": [
              {
                "id": "bea86176a486e69a83b4227063efa3be9eb4b243551739d81a6a4b41ec8b3461",
                "permissions": [
                  "FULL_CONTROL"
                ],
                "type": "CanonicalUser",
                "uri": ""
              }
            ],
            "hosted_zone_id": "Z3AQBSTGFYJSTF",
            "id": "unityhub-production-privatewebapp-terraform-state",
            "lifecycle_rule": [],
            "logging": [],
            "object_lock_configuration": [],
            "object_lock_enabled": false,
            "policy": "",
            "region": "us-east-1",
            "replication_configuration": [],
            "request_payer": "BucketOwner",
            "server_side_encryption_configuration": [
              {
                "rule": [
                  {
                    "apply_server_side_encryption_by_default": [
                      {
                        "kms_master_key_id": "",
                        "sse_algorithm": "AES256"
                      }
                    ],
                    "bucket_key_enabled": false
                  }
                ]
              }
            ],
            "tags": {
              "Attributes": "terraform-state",
              "Name": "unityhub-production-privatewebapp-terraform-state",
              "Namespace": "unityhub",
              "Stage": "production"
            },
            "tags_all": {
              "Attributes": "terraform-state",
              "Name": "unityhub-production-privatewebapp-terraform-state",
              "Namespace": "unityhub",
              "Stage": "production"
            },
            "timeouts": null,
            "versioning": [
              {
                "enabled": false,
                "mfa_delete": false
              }
            ],
            "website": [],
            "website_domain": null,
            "website_endpoint": null
          },
          "sensitive_attributes": [],
          "identity_schema_version": 0,
          "private": "eyJlMmJmYjczMC1lY2FhLTExZTYtOGY4OC0zNDM2M2JjN2M0YzAiOnsiY3JlYXRlIjoxMjAwMDAwMDAwMDAwLCJkZWxldGUiOjM2MDAwMDAwMDAwMDAsInJlYWQiOjEyMDAwMDAwMDAwMDAsInVwZGF0ZSI6MTIwMDAwMDAwMDAwMH19"
        }
      ]
    },
    {
      "module": "module.common_resources_staging.module.privatewebapp.module.terraform_state_backend_privatewebapp",
      "mode": "managed",
      "type": "aws_s3_bucket_ownership_controls",
      "name": "default",
      "provider": "provider[\"registry.terraform.io/hashicorp/aws\"]",
      "instances": [
        {
          "index_key": 0,
          "schema_version": 0,
          "attributes": {
            "bucket": "unityhub-production-privatewebapp-terraform-state",
            "id": "unityhub-production-privatewebapp-terraform-state",
            "rule": [
              {
                "object_ownership": "BucketOwnerEnforced"
              }
            ]
          },
          "sensitive_attributes": [],
          "identity_schema_version": 0,
          "private": "bnVsbA==",
          "dependencies": [
            "module.common_resources_staging.module.privatewebapp.module.terraform_state_backend_privatewebapp.aws_s3_bucket.default"
          ]
        }
      ]
    },
    {
      "module": "module.common_resources_staging.module.privatewebapp.module.terraform_state_backend_privatewebapp",
      "mode": "managed",
      "type": "aws_s3_bucket_policy",
      "name": "default",
      "provider": "provider[\"registry.terraform.io/hashicorp/aws\"]",
      "instances": [
        {
          "index_key": 0,
          "schema_version": 0,
          "attributes": {
            "bucket": "unityhub-production-privatewebapp-terraform-state",
            "id": "unityhub-production-privatewebapp-terraform-state",
            "policy": "{\"Statement\":[{\"Action\":\"s3:PutObject\",\"Condition\":{\"StringNotEquals\":{\"s3:x-amz-server-side-encryption\":[\"AES256\",\"aws:kms\"]}},\"Effect\":\"Deny\",\"Principal\":{\"AWS\":\"*\"},\"Resource\":\"arn:aws:s3:::unityhub-production-privatewebapp-terraform-state/*\",\"Sid\":\"DenyIncorrectEncryptionHeader\"},{\"Action\":\"s3:PutObject\",\"Condition\":{\"Null\":{\"s3:x-amz-server-side-encryption\":\"true\"}},\"Effect\":\"Deny\",\"Principal\":{\"AWS\":\"*\"},\"Resource\":\"arn:aws:s3:::unityhub-production-privatewebapp-terraform-state/*\",\"Sid\":\"DenyUnEncryptedObjectUploads\"},{\"Action\":\"s3:*\",\"Condition\":{\"Bool\":{\"aws:SecureTransport\":\"false\"}},\"Effect\":\"Deny\",\"Principal\":{\"AWS\":\"*\"},\"Resource\":[\"arn:aws:s3:::unityhub-production-privatewebapp-terraform-state/*\",\"arn:aws:s3:::unityhub-production-privatewebapp-terraform-state\"],\"Sid\":\"EnforceTlsRequestsOnly\"}],\"Version\":\"2012-10-17\"}"
          },
          "sensitive_attributes": [],
          "identity_schema_version": 0,
          "private": "bnVsbA==",
          "dependencies": [
            "module.common_resources_staging.module.privatewebapp.module.terraform_state_backend_privatewebapp.aws_s3_bucket.default",
            "module.common_resources_staging.module.privatewebapp.module.terraform_state_backend_privatewebapp.data.aws_iam_policy_document.prevent_unencrypted_uploads"
          ]
        }
      ]
    },
    {
      "module": "module.common_resources_staging.module.privatewebapp.module.terraform_state_backend_privatewebapp",
      "mode": "managed",
      "type": "aws_s3_bucket_public_access_block",
      "name": "default",
      "provider": "provider[\"registry.terraform.io/hashicorp/aws\"]",
      "instances": [
        {
          "index_key": 0,
          "schema_version": 0,
          "attributes": {
            "block_public_acls": true,
            "block_public_policy": true,
            "bucket": "unityhub-production-privatewebapp-terraform-state",
            "id": "unityhub-production-privatewebapp-terraform-state",
            "ignore_public_acls": true,
            "restrict_public_buckets": true
          },
          "sensitive_attributes": [],
          "identity_schema_version": 0,
          "private": "bnVsbA==",
          "dependencies": [
            "module.common_resources_staging.module.privatewebapp.module.terraform_state_backend_privatewebapp.aws_s3_bucket.default"
          ]
        }
      ]
    },
    {
      "module": "module.common_resources_staging.module.privatewebapp.module.terraform_state_backend_privatewebapp",
      "mode": "managed",
      "type": "aws_s3_bucket_server_side_encryption_configuration",
      "name": "default",
      "provider": "provider[\"registry.terraform.io/hashicorp/aws\"]",
      "instances": [
        {
          "index_key": 0,
          "schema_version": 0,
          "attributes": {
            "bucket": "unityhub-production-privatewebapp-terraform-state",
            "expected_bucket_owner": "",
            "id": "unityhub-production-privatewebapp-terraform-state",
            "rule": [
              {
                "apply_server_side_encryption_by_default": [
                  {
                    "kms_master_key_id": "",
                    "sse_algorithm": "AES256"
                  }
                ],
                "bucket_key_enabled": null
              }
            ]
          },
          "sensitive_attributes": [],
          "identity_schema_version": 0,
          "private": "bnVsbA==",
          "dependencies": [
            "module.common_resources_staging.module.privatewebapp.module.terraform_state_backend_privatewebapp.aws_s3_bucket.default"
          ]
        }
      ]
    },
    {
      "module": "module.common_resources_staging.module.privatewebapp.module.terraform_state_backend_privatewebapp",
      "mode": "managed",
      "type": "aws_s3_bucket_versioning",
      "name": "default",
      "provider": "provider[\"registry.terraform.io/hashicorp/aws\"]",
      "instances": [
        {
          "index_key": 0,
          "schema_version": 0,
          "attributes": {
            "bucket": "unityhub-production-privatewebapp-terraform-state",
            "expected_bucket_owner": "",
            "id": "unityhub-production-privatewebapp-terraform-state",
            "mfa": null,
            "versioning_configuration": [
              {
                "mfa_delete": "Disabled",
                "status": "Enabled"
              }
            ]
          },
          "sensitive_attributes": [],
          "identity_schema_version": 0,
          "private": "bnVsbA==",
          "dependencies": [
            "module.common_resources_staging.module.privatewebapp.module.terraform_state_backend_privatewebapp.aws_s3_bucket.default"
          ]
        }
      ]
    },
    {
      "module": "module.common_resources_staging.module.privatewebapp.module.terraform_state_backend_privatewebapp",
      "mode": "managed",
      "type": "local_file",
      "name": "terraform_backend_config",
      "provider": "provider[\"registry.terraform.io/hashicorp/local\"]",
      "instances": [
        {
          "index_key": 0,
          "schema_version": 0,
          "attributes": {
            "content": "terraform {\n  required_version = \"\u003e= 1.0.0\"\n\n  backend \"s3\" {\n    region         = \"us-east-1\"\n    bucket         = \"unityhub-production-privatewebapp-terraform-state\"\n    key            = \"terraform.tfstate\"\n    dynamodb_table = \"unityhub-production-privatewebapp-terraform-state-lock\"\n    profile        = \"\"\n    role_arn       = \"\"\n    encrypt        = \"true\"\n  }\n}\n",
            "content_base64": null,
            "content_base64sha256": "2/w0V80kSwR5r4aYt6JyzcbjzWVIKPtcnT7gDznFflU=",
            "content_base64sha512": "uv8CbZy5F29GFeV3nAktlp2F88UVqo4b1hsZ3fv4z4V0puD7DpVOSrZY993TpeagFzyBsgnLe+vBRha7BHm5Rw==",
            "content_md5": "af8ed2815976d1614059e76452ce78df",
            "content_sha1": "83d15d4cd3aa4c2ae3de97ed80f088aee2d8f2a0",
            "content_sha256": "dbfc3457cd244b0479af8698b7a272cdc6e3cd654828fb5c9d3ee00f39c57e55",
            "content_sha512": "baff026d9cb9176f4615e5779c092d969d85f3c515aa8e1bd61b19ddfbf8cf8574a6e0fb0e954e4ab658f7ddd3a5e6a0173c81b209cb7bebc14616bb0479b947",
            "directory_permission": "0777",
            "file_permission": "0644",
            "filename": "./backend/backend_privatewebapp.tf",
            "id": "83d15d4cd3aa4c2ae3de97ed80f088aee2d8f2a0",
            "sensitive_content": null,
            "source": null
          },
          "sensitive_attributes": [
            [
              {
                "type": "get_attr",
                "value": "sensitive_content"
              }
            ]
          ],
          "identity_schema_version": 0,
          "dependencies": [
            "module.common_resources_staging.module.privatewebapp.module.terraform_state_backend_privatewebapp.aws_dynamodb_table.with_server_side_encryption",
            "module.common_resources_staging.module.privatewebapp.module.terraform_state_backend_privatewebapp.aws_s3_bucket.default",
            "module.common_resources_staging.module.privatewebapp.module.terraform_state_backend_privatewebapp.data.aws_region.current"
          ]
        }
      ]
    },
    {
      "module": "module.common_resources_staging.module.privatewebapp.module.terraform_state_backend_privatewebapp_eventcatalog",
      "mode": "data",
      "type": "aws_iam_policy_document",
      "name": "prevent_unencrypted_uploads",
      "provider": "provider[\"registry.terraform.io/hashicorp/aws\"]",
      "instances": [
        {
          "index_key": 0,
          "schema_version": 0,
          "attributes": {
            "id": "14611102",
            "json": "{\n  \"Version\": \"2012-10-17\",\n  \"Statement\": [\n    {\n      \"Sid\": \"DenyIncorrectEncryptionHeader\",\n      \"Effect\": \"Deny\",\n      \"Action\": \"s3:PutObject\",\n      \"Resource\": \"arn:aws:s3:::unityhub-production-privatewebapp-eventcatalog-terraform-state/*\",\n      \"Principal\": {\n        \"AWS\": \"*\"\n      },\n      \"Condition\": {\n        \"StringNotEquals\": {\n          \"s3:x-amz-server-side-encryption\": [\n            \"AES256\",\n            \"aws:kms\"\n          ]\n        }\n      }\n    },\n    {\n      \"Sid\": \"DenyUnEncryptedObjectUploads\",\n      \"Effect\": \"Deny\",\n      \"Action\": \"s3:PutObject\",\n      \"Resource\": \"arn:aws:s3:::unityhub-production-privatewebapp-eventcatalog-terraform-state/*\",\n      \"Principal\": {\n        \"AWS\": \"*\"\n      },\n      \"Condition\": {\n        \"Null\": {\n          \"s3:x-amz-server-side-encryption\": \"true\"\n        }\n      }\n    },\n    {\n      \"Sid\": \"EnforceTlsRequestsOnly\",\n      \"Effect\": \"Deny\",\n      \"Action\": \"s3:*\",\n      \"Resource\": [\n        \"arn:aws:s3:::unityhub-production-privatewebapp-eventcatalog-terraform-state/*\",\n        \"arn:aws:s3:::unityhub-production-privatewebapp-eventcatalog-terraform-state\"\n      ],\n      \"Principal\": {\n        \"AWS\": \"*\"\n      },\n      \"Condition\": {\n        \"Bool\": {\n          \"aws:SecureTransport\": \"false\"\n        }\n      }\n    }\n  ]\n}",
            "minified_json": "{\"Version\":\"2012-10-17\",\"Statement\":[{\"Sid\":\"DenyIncorrectEncryptionHeader\",\"Effect\":\"Deny\",\"Action\":\"s3:PutObject\",\"Resource\":\"arn:aws:s3:::unityhub-production-privatewebapp-eventcatalog-terraform-state/*\",\"Principal\":{\"AWS\":\"*\"},\"Condition\":{\"StringNotEquals\":{\"s3:x-amz-server-side-encryption\":[\"AES256\",\"aws:kms\"]}}},{\"Sid\":\"DenyUnEncryptedObjectUploads\",\"Effect\":\"Deny\",\"Action\":\"s3:PutObject\",\"Resource\":\"arn:aws:s3:::unityhub-production-privatewebapp-eventcatalog-terraform-state/*\",\"Principal\":{\"AWS\":\"*\"},\"Condition\":{\"Null\":{\"s3:x-amz-server-side-encryption\":\"true\"}}},{\"Sid\":\"EnforceTlsRequestsOnly\",\"Effect\":\"Deny\",\"Action\":\"s3:*\",\"Resource\":[\"arn:aws:s3:::unityhub-production-privatewebapp-eventcatalog-terraform-state/*\",\"arn:aws:s3:::unityhub-production-privatewebapp-eventcatalog-terraform-state\"],\"Principal\":{\"AWS\":\"*\"},\"Condition\":{\"Bool\":{\"aws:SecureTransport\":\"false\"}}}]}",
            "override_json": null,
            "override_policy_documents": null,
            "policy_id": null,
            "source_json": null,
            "source_policy_documents": null,
            "statement": [
              {
                "actions": [
                  "s3:PutObject"
                ],
                "condition": [
                  {
                    "test": "StringNotEquals",
                    "values": [
                      "AES256",
                      "aws:kms"
                    ],
                    "variable": "s3:x-amz-server-side-encryption"
                  }
                ],
                "effect": "Deny",
                "not_actions": [],
                "not_principals": [],
                "not_resources": [],
                "principals": [
                  {
                    "identifiers": [
                      "*"
                    ],
                    "type": "AWS"
                  }
                ],
                "resources": [
                  "arn:aws:s3:::unityhub-production-privatewebapp-eventcatalog-terraform-state/*"
                ],
                "sid": "DenyIncorrectEncryptionHeader"
              },
              {
                "actions": [
                  "s3:PutObject"
                ],
                "condition": [
                  {
                    "test": "Null",
                    "values": [
                      "true"
                    ],
                    "variable": "s3:x-amz-server-side-encryption"
                  }
                ],
                "effect": "Deny",
                "not_actions": [],
                "not_principals": [],
                "not_resources": [],
                "principals": [
                  {
                    "identifiers": [
                      "*"
                    ],
                    "type": "AWS"
                  }
                ],
                "resources": [
                  "arn:aws:s3:::unityhub-production-privatewebapp-eventcatalog-terraform-state/*"
                ],
                "sid": "DenyUnEncryptedObjectUploads"
              },
              {
                "actions": [
                  "s3:*"
                ],
                "condition": [
                  {
                    "test": "Bool",
                    "values": [
                      "false"
                    ],
                    "variable": "aws:SecureTransport"
                  }
                ],
                "effect": "Deny",
                "not_actions": [],
                "not_principals": [],
                "not_resources": [],
                "principals": [
                  {
                    "identifiers": [
                      "*"
                    ],
                    "type": "AWS"
                  }
                ],
                "resources": [
                  "arn:aws:s3:::unityhub-production-privatewebapp-eventcatalog-terraform-state",
                  "arn:aws:s3:::unityhub-production-privatewebapp-eventcatalog-terraform-state/*"
                ],
                "sid": "EnforceTlsRequestsOnly"
              }
            ],
            "version": "2012-10-17"
          },
          "sensitive_attributes": [],
          "identity_schema_version": 0
        }
      ]
    },
    {
      "module": "module.common_resources_staging.module.privatewebapp.module.terraform_state_backend_privatewebapp_eventcatalog",
      "mode": "data",
      "type": "aws_region",
      "name": "current",
      "provider": "provider[\"registry.terraform.io/hashicorp/aws\"]",
      "instances": [
        {
          "schema_version": 0,
          "attributes": {
            "description": "US East (N. Virginia)",
            "endpoint": "ec2.us-east-1.amazonaws.com",
            "id": "us-east-1",
            "name": "us-east-1"
          },
          "sensitive_attributes": [],
          "identity_schema_version": 0
        }
      ]
    },
    {
      "module": "module.common_resources_staging.module.privatewebapp.module.terraform_state_backend_privatewebapp_eventcatalog",
      "mode": "managed",
      "type": "aws_dynamodb_table",
      "name": "with_server_side_encryption",
      "provider": "provider[\"registry.terraform.io/hashicorp/aws\"]",
      "instances": [
        {
          "index_key": 0,
          "schema_version": 1,
          "attributes": {
            "arn": "arn:aws:dynamodb:us-east-1:514472330244:table/unityhub-production-privatewebapp-eventcatalog-terraform-state-lock",
            "attribute": [
              {
                "name": "LockID",
                "type": "S"
              }
            ],
            "billing_mode": "PAY_PER_REQUEST",
            "deletion_protection_enabled": false,
            "global_secondary_index": [],
            "hash_key": "LockID",
            "id": "unityhub-production-privatewebapp-eventcatalog-terraform-state-lock",
            "import_table": [],
            "local_secondary_index": [],
            "name": "unityhub-production-privatewebapp-eventcatalog-terraform-state-lock",
            "on_demand_throughput": [],
            "point_in_time_recovery": [
              {
                "enabled": true,
                "recovery_period_in_days": 35
              }
            ],
            "range_key": null,
            "read_capacity": 0,
            "replica": [],
            "restore_date_time": null,
            "restore_source_name": null,
            "restore_source_table_arn": null,
            "restore_to_latest_time": null,
            "server_side_encryption": [
              {
                "enabled": true,
                "kms_key_arn": ""
              }
            ],
            "stream_arn": "",
            "stream_enabled": false,
            "stream_label": "",
            "stream_view_type": "",
            "table_class": "STANDARD",
            "tags": {
              "Attributes": "terraform-state-lock",
              "Name": "unityhub-production-privatewebapp-eventcatalog-terraform-state-lock",
              "Namespace": "unityhub",
              "Stage": "production"
            },
            "tags_all": {
              "Attributes": "terraform-state-lock",
              "Name": "unityhub-production-privatewebapp-eventcatalog-terraform-state-lock",
              "Namespace": "unityhub",
              "Stage": "production"
            },
            "timeouts": null,
            "ttl": [
              {
                "attribute_name": "",
                "enabled": false
              }
            ],
            "write_capacity": 0
          },
          "sensitive_attributes": [],
          "identity_schema_version": 0,
          "private": "eyJlMmJmYjczMC1lY2FhLTExZTYtOGY4OC0zNDM2M2JjN2M0YzAiOnsiY3JlYXRlIjoxODAwMDAwMDAwMDAwLCJkZWxldGUiOjYwMDAwMDAwMDAwMCwidXBkYXRlIjozNjAwMDAwMDAwMDAwfSwic2NoZW1hX3ZlcnNpb24iOiIxIn0="
        }
      ]
    },
    {
      "module": "module.common_resources_staging.module.privatewebapp.module.terraform_state_backend_privatewebapp_eventcatalog",
      "mode": "managed",
      "type": "aws_s3_bucket",
      "name": "default",
      "provider": "provider[\"registry.terraform.io/hashicorp/aws\"]",
      "instances": [
        {
          "index_key": 0,
          "schema_version": 0,
          "attributes": {
            "acceleration_status": "",
            "acl": null,
            "arn": "arn:aws:s3:::unityhub-production-privatewebapp-eventcatalog-terraform-state",
            "bucket": "unityhub-production-privatewebapp-eventcatalog-terraform-state",
            "bucket_domain_name": "unityhub-production-privatewebapp-eventcatalog-terraform-state.s3.amazonaws.com",
            "bucket_prefix": "",
            "bucket_regional_domain_name": "unityhub-production-privatewebapp-eventcatalog-terraform-state.s3.us-east-1.amazonaws.com",
            "cors_rule": [],
            "force_destroy": true,
            "grant": [
              {
                "id": "bea86176a486e69a83b4227063efa3be9eb4b243551739d81a6a4b41ec8b3461",
                "permissions": [
                  "FULL_CONTROL"
                ],
                "type": "CanonicalUser",
                "uri": ""
              }
            ],
            "hosted_zone_id": "Z3AQBSTGFYJSTF",
            "id": "unityhub-production-privatewebapp-eventcatalog-terraform-state",
            "lifecycle_rule": [],
            "logging": [],
            "object_lock_configuration": [],
            "object_lock_enabled": false,
            "policy": "",
            "region": "us-east-1",
            "replication_configuration": [],
            "request_payer": "BucketOwner",
            "server_side_encryption_configuration": [
              {
                "rule": [
                  {
                    "apply_server_side_encryption_by_default": [
                      {
                        "kms_master_key_id": "",
                        "sse_algorithm": "AES256"
                      }
                    ],
                    "bucket_key_enabled": false
                  }
                ]
              }
            ],
            "tags": {
              "Attributes": "terraform-state",
              "Name": "unityhub-production-privatewebapp-eventcatalog-terraform-state",
              "Namespace": "unityhub",
              "Stage": "production"
            },
            "tags_all": {
              "Attributes": "terraform-state",
              "Name": "unityhub-production-privatewebapp-eventcatalog-terraform-state",
              "Namespace": "unityhub",
              "Stage": "production"
            },
            "timeouts": null,
            "versioning": [
              {
                "enabled": false,
                "mfa_delete": false
              }
            ],
            "website": [],
            "website_domain": null,
            "website_endpoint": null
          },
          "sensitive_attributes": [],
          "identity_schema_version": 0,
          "private": "eyJlMmJmYjczMC1lY2FhLTExZTYtOGY4OC0zNDM2M2JjN2M0YzAiOnsiY3JlYXRlIjoxMjAwMDAwMDAwMDAwLCJkZWxldGUiOjM2MDAwMDAwMDAwMDAsInJlYWQiOjEyMDAwMDAwMDAwMDAsInVwZGF0ZSI6MTIwMDAwMDAwMDAwMH19"
        }
      ]
    },
    {
      "module": "module.common_resources_staging.module.privatewebapp.module.terraform_state_backend_privatewebapp_eventcatalog",
      "mode": "managed",
      "type": "aws_s3_bucket_ownership_controls",
      "name": "default",
      "provider": "provider[\"registry.terraform.io/hashicorp/aws\"]",
      "instances": [
        {
          "index_key": 0,
          "schema_version": 0,
          "attributes": {
            "bucket": "unityhub-production-privatewebapp-eventcatalog-terraform-state",
            "id": "unityhub-production-privatewebapp-eventcatalog-terraform-state",
            "rule": [
              {
                "object_ownership": "BucketOwnerEnforced"
              }
            ]
          },
          "sensitive_attributes": [],
          "identity_schema_version": 0,
          "private": "bnVsbA==",
          "dependencies": [
            "module.common_resources_staging.module.privatewebapp.module.terraform_state_backend_privatewebapp_eventcatalog.aws_s3_bucket.default"
          ]
        }
      ]
    },
    {
      "module": "module.common_resources_staging.module.privatewebapp.module.terraform_state_backend_privatewebapp_eventcatalog",
      "mode": "managed",
      "type": "aws_s3_bucket_policy",
      "name": "default",
      "provider": "provider[\"registry.terraform.io/hashicorp/aws\"]",
      "instances": [
        {
          "index_key": 0,
          "schema_version": 0,
          "attributes": {
            "bucket": "unityhub-production-privatewebapp-eventcatalog-terraform-state",
            "id": "unityhub-production-privatewebapp-eventcatalog-terraform-state",
            "policy": "{\"Statement\":[{\"Action\":\"s3:PutObject\",\"Condition\":{\"StringNotEquals\":{\"s3:x-amz-server-side-encryption\":[\"AES256\",\"aws:kms\"]}},\"Effect\":\"Deny\",\"Principal\":{\"AWS\":\"*\"},\"Resource\":\"arn:aws:s3:::unityhub-production-privatewebapp-eventcatalog-terraform-state/*\",\"Sid\":\"DenyIncorrectEncryptionHeader\"},{\"Action\":\"s3:PutObject\",\"Condition\":{\"Null\":{\"s3:x-amz-server-side-encryption\":\"true\"}},\"Effect\":\"Deny\",\"Principal\":{\"AWS\":\"*\"},\"Resource\":\"arn:aws:s3:::unityhub-production-privatewebapp-eventcatalog-terraform-state/*\",\"Sid\":\"DenyUnEncryptedObjectUploads\"},{\"Action\":\"s3:*\",\"Condition\":{\"Bool\":{\"aws:SecureTransport\":\"false\"}},\"Effect\":\"Deny\",\"Principal\":{\"AWS\":\"*\"},\"Resource\":[\"arn:aws:s3:::unityhub-production-privatewebapp-eventcatalog-terraform-state/*\",\"arn:aws:s3:::unityhub-production-privatewebapp-eventcatalog-terraform-state\"],\"Sid\":\"EnforceTlsRequestsOnly\"}],\"Version\":\"2012-10-17\"}"
          },
          "sensitive_attributes": [],
          "identity_schema_version": 0,
          "private": "bnVsbA==",
          "dependencies": [
            "module.common_resources_staging.module.privatewebapp.module.terraform_state_backend_privatewebapp_eventcatalog.aws_s3_bucket.default",
            "module.common_resources_staging.module.privatewebapp.module.terraform_state_backend_privatewebapp_eventcatalog.data.aws_iam_policy_document.prevent_unencrypted_uploads"
          ]
        }
      ]
    },
    {
      "module": "module.common_resources_staging.module.privatewebapp.module.terraform_state_backend_privatewebapp_eventcatalog",
      "mode": "managed",
      "type": "aws_s3_bucket_public_access_block",
      "name": "default",
      "provider": "provider[\"registry.terraform.io/hashicorp/aws\"]",
      "instances": [
        {
          "index_key": 0,
          "schema_version": 0,
          "attributes": {
            "block_public_acls": true,
            "block_public_policy": true,
            "bucket": "unityhub-production-privatewebapp-eventcatalog-terraform-state",
            "id": "unityhub-production-privatewebapp-eventcatalog-terraform-state",
            "ignore_public_acls": true,
            "restrict_public_buckets": true
          },
          "sensitive_attributes": [],
          "identity_schema_version": 0,
          "private": "bnVsbA==",
          "dependencies": [
            "module.common_resources_staging.module.privatewebapp.module.terraform_state_backend_privatewebapp_eventcatalog.aws_s3_bucket.default"
          ]
        }
      ]
    },
    {
      "module": "module.common_resources_staging.module.privatewebapp.module.terraform_state_backend_privatewebapp_eventcatalog",
      "mode": "managed",
      "type": "aws_s3_bucket_server_side_encryption_configuration",
      "name": "default",
      "provider": "provider[\"registry.terraform.io/hashicorp/aws\"]",
      "instances": [
        {
          "index_key": 0,
          "schema_version": 0,
          "attributes": {
            "bucket": "unityhub-production-privatewebapp-eventcatalog-terraform-state",
            "expected_bucket_owner": "",
            "id": "unityhub-production-privatewebapp-eventcatalog-terraform-state",
            "rule": [
              {
                "apply_server_side_encryption_by_default": [
                  {
                    "kms_master_key_id": "",
                    "sse_algorithm": "AES256"
                  }
                ],
                "bucket_key_enabled": null
              }
            ]
          },
          "sensitive_attributes": [],
          "identity_schema_version": 0,
          "private": "bnVsbA==",
          "dependencies": [
            "module.common_resources_staging.module.privatewebapp.module.terraform_state_backend_privatewebapp_eventcatalog.aws_s3_bucket.default"
          ]
        }
      ]
    },
    {
      "module": "module.common_resources_staging.module.privatewebapp.module.terraform_state_backend_privatewebapp_eventcatalog",
      "mode": "managed",
      "type": "aws_s3_bucket_versioning",
      "name": "default",
      "provider": "provider[\"registry.terraform.io/hashicorp/aws\"]",
      "instances": [
        {
          "index_key": 0,
          "schema_version": 0,
          "attributes": {
            "bucket": "unityhub-production-privatewebapp-eventcatalog-terraform-state",
            "expected_bucket_owner": "",
            "id": "unityhub-production-privatewebapp-eventcatalog-terraform-state",
            "mfa": null,
            "versioning_configuration": [
              {
                "mfa_delete": "Disabled",
                "status": "Enabled"
              }
            ]
          },
          "sensitive_attributes": [],
          "identity_schema_version": 0,
          "private": "bnVsbA==",
          "dependencies": [
            "module.common_resources_staging.module.privatewebapp.module.terraform_state_backend_privatewebapp_eventcatalog.aws_s3_bucket.default"
          ]
        }
      ]
    },
    {
      "module": "module.common_resources_staging.module.privatewebapp.module.terraform_state_backend_privatewebapp_eventcatalog",
      "mode": "managed",
      "type": "local_file",
      "name": "terraform_backend_config",
      "provider": "provider[\"registry.terraform.io/hashicorp/local\"]",
      "instances": [
        {
          "index_key": 0,
          "schema_version": 0,
          "attributes": {
            "content": "terraform {\n  required_version = \"\u003e= 1.0.0\"\n\n  backend \"s3\" {\n    region         = \"us-east-1\"\n    bucket         = \"unityhub-production-privatewebapp-eventcatalog-terraform-state\"\n    key            = \"terraform.tfstate\"\n    dynamodb_table = \"unityhub-production-privatewebapp-eventcatalog-terraform-state-lock\"\n    profile        = \"\"\n    role_arn       = \"\"\n    encrypt        = \"true\"\n  }\n}\n",
            "content_base64": null,
            "content_base64sha256": "14XDm2B+W7uaYq5uIV+AXEHjmRhEG2UUJX/UtWlrA1U=",
            "content_base64sha512": "0tq6BISJ1w4dqUgGPrmR7p5ERc7ccZINR7vb4Jc0RHC21UUR2yE401p2gaLGEaBFCKz1N0M1fsT3/2/9iToHsg==",
            "content_md5": "ce0dc15f6b43f0f7ad844b6d28d5c5a1",
            "content_sha1": "21ddae9e0196030132af7dc9c72f92b73f171b77",
            "content_sha256": "d785c39b607e5bbb9a62ae6e215f805c41e39918441b6514257fd4b5696b0355",
            "content_sha512": "d2daba048489d70e1da948063eb991ee9e4445cedc71920d47bbdbe097344470b6d54511db2138d35a7681a2c611a04508acf53743357ec4f7ff6ffd893a07b2",
            "directory_permission": "0777",
            "file_permission": "0644",
            "filename": "./backend/backend_privatewebapp_eventcatalog.tf",
            "id": "21ddae9e0196030132af7dc9c72f92b73f171b77",
            "sensitive_content": null,
            "source": null
          },
          "sensitive_attributes": [
            [
              {
                "type": "get_attr",
                "value": "sensitive_content"
              }
            ]
          ],
          "identity_schema_version": 0,
          "dependencies": [
            "module.common_resources_staging.module.privatewebapp.module.terraform_state_backend_privatewebapp_eventcatalog.aws_dynamodb_table.with_server_side_encryption",
            "module.common_resources_staging.module.privatewebapp.module.terraform_state_backend_privatewebapp_eventcatalog.aws_s3_bucket.default",
            "module.common_resources_staging.module.privatewebapp.module.terraform_state_backend_privatewebapp_eventcatalog.data.aws_region.current"
          ]
        }
      ]
    },
    {
      "module": "module.common_resources_staging.module.privatewebapp.module.terraform_state_backend_privatewebapp_help",
      "mode": "data",
      "type": "aws_iam_policy_document",
      "name": "prevent_unencrypted_uploads",
      "provider": "provider[\"registry.terraform.io/hashicorp/aws\"]",
      "instances": [
        {
          "index_key": 0,
          "schema_version": 0,
          "attributes": {
            "id": "1432085032",
            "json": "{\n  \"Version\": \"2012-10-17\",\n  \"Statement\": [\n    {\n      \"Sid\": \"DenyIncorrectEncryptionHeader\",\n      \"Effect\": \"Deny\",\n      \"Action\": \"s3:PutObject\",\n      \"Resource\": \"arn:aws:s3:::unityhub-production-privatewebapp-help-terraform-state/*\",\n      \"Principal\": {\n        \"AWS\": \"*\"\n      },\n      \"Condition\": {\n        \"StringNotEquals\": {\n          \"s3:x-amz-server-side-encryption\": [\n            \"AES256\",\n            \"aws:kms\"\n          ]\n        }\n      }\n    },\n    {\n      \"Sid\": \"DenyUnEncryptedObjectUploads\",\n      \"Effect\": \"Deny\",\n      \"Action\": \"s3:PutObject\",\n      \"Resource\": \"arn:aws:s3:::unityhub-production-privatewebapp-help-terraform-state/*\",\n      \"Principal\": {\n        \"AWS\": \"*\"\n      },\n      \"Condition\": {\n        \"Null\": {\n          \"s3:x-amz-server-side-encryption\": \"true\"\n        }\n      }\n    },\n    {\n      \"Sid\": \"EnforceTlsRequestsOnly\",\n      \"Effect\": \"Deny\",\n      \"Action\": \"s3:*\",\n      \"Resource\": [\n        \"arn:aws:s3:::unityhub-production-privatewebapp-help-terraform-state/*\",\n        \"arn:aws:s3:::unityhub-production-privatewebapp-help-terraform-state\"\n      ],\n      \"Principal\": {\n        \"AWS\": \"*\"\n      },\n      \"Condition\": {\n        \"Bool\": {\n          \"aws:SecureTransport\": \"false\"\n        }\n      }\n    }\n  ]\n}",
            "minified_json": "{\"Version\":\"2012-10-17\",\"Statement\":[{\"Sid\":\"DenyIncorrectEncryptionHeader\",\"Effect\":\"Deny\",\"Action\":\"s3:PutObject\",\"Resource\":\"arn:aws:s3:::unityhub-production-privatewebapp-help-terraform-state/*\",\"Principal\":{\"AWS\":\"*\"},\"Condition\":{\"StringNotEquals\":{\"s3:x-amz-server-side-encryption\":[\"AES256\",\"aws:kms\"]}}},{\"Sid\":\"DenyUnEncryptedObjectUploads\",\"Effect\":\"Deny\",\"Action\":\"s3:PutObject\",\"Resource\":\"arn:aws:s3:::unityhub-production-privatewebapp-help-terraform-state/*\",\"Principal\":{\"AWS\":\"*\"},\"Condition\":{\"Null\":{\"s3:x-amz-server-side-encryption\":\"true\"}}},{\"Sid\":\"EnforceTlsRequestsOnly\",\"Effect\":\"Deny\",\"Action\":\"s3:*\",\"Resource\":[\"arn:aws:s3:::unityhub-production-privatewebapp-help-terraform-state/*\",\"arn:aws:s3:::unityhub-production-privatewebapp-help-terraform-state\"],\"Principal\":{\"AWS\":\"*\"},\"Condition\":{\"Bool\":{\"aws:SecureTransport\":\"false\"}}}]}",
            "override_json": null,
            "override_policy_documents": null,
            "policy_id": null,
            "source_json": null,
            "source_policy_documents": null,
            "statement": [
              {
                "actions": [
                  "s3:PutObject"
                ],
                "condition": [
                  {
                    "test": "StringNotEquals",
                    "values": [
                      "AES256",
                      "aws:kms"
                    ],
                    "variable": "s3:x-amz-server-side-encryption"
                  }
                ],
                "effect": "Deny",
                "not_actions": [],
                "not_principals": [],
                "not_resources": [],
                "principals": [
                  {
                    "identifiers": [
                      "*"
                    ],
                    "type": "AWS"
                  }
                ],
                "resources": [
                  "arn:aws:s3:::unityhub-production-privatewebapp-help-terraform-state/*"
                ],
                "sid": "DenyIncorrectEncryptionHeader"
              },
              {
                "actions": [
                  "s3:PutObject"
                ],
                "condition": [
                  {
                    "test": "Null",
                    "values": [
                      "true"
                    ],
                    "variable": "s3:x-amz-server-side-encryption"
                  }
                ],
                "effect": "Deny",
                "not_actions": [],
                "not_principals": [],
                "not_resources": [],
                "principals": [
                  {
                    "identifiers": [
                      "*"
                    ],
                    "type": "AWS"
                  }
                ],
                "resources": [
                  "arn:aws:s3:::unityhub-production-privatewebapp-help-terraform-state/*"
                ],
                "sid": "DenyUnEncryptedObjectUploads"
              },
              {
                "actions": [
                  "s3:*"
                ],
                "condition": [
                  {
                    "test": "Bool",
                    "values": [
                      "false"
                    ],
                    "variable": "aws:SecureTransport"
                  }
                ],
                "effect": "Deny",
                "not_actions": [],
                "not_principals": [],
                "not_resources": [],
                "principals": [
                  {
                    "identifiers": [
                      "*"
                    ],
                    "type": "AWS"
                  }
                ],
                "resources": [
                  "arn:aws:s3:::unityhub-production-privatewebapp-help-terraform-state",
                  "arn:aws:s3:::unityhub-production-privatewebapp-help-terraform-state/*"
                ],
                "sid": "EnforceTlsRequestsOnly"
              }
            ],
            "version": "2012-10-17"
          },
          "sensitive_attributes": [],
          "identity_schema_version": 0
        }
      ]
    },
    {
      "module": "module.common_resources_staging.module.privatewebapp.module.terraform_state_backend_privatewebapp_help",
      "mode": "data",
      "type": "aws_region",
      "name": "current",
      "provider": "provider[\"registry.terraform.io/hashicorp/aws\"]",
      "instances": [
        {
          "schema_version": 0,
          "attributes": {
            "description": "US East (N. Virginia)",
            "endpoint": "ec2.us-east-1.amazonaws.com",
            "id": "us-east-1",
            "name": "us-east-1"
          },
          "sensitive_attributes": [],
          "identity_schema_version": 0
        }
      ]
    },
    {
      "module": "module.common_resources_staging.module.privatewebapp.module.terraform_state_backend_privatewebapp_help",
      "mode": "managed",
      "type": "aws_dynamodb_table",
      "name": "with_server_side_encryption",
      "provider": "provider[\"registry.terraform.io/hashicorp/aws\"]",
      "instances": [
        {
          "index_key": 0,
          "schema_version": 1,
          "attributes": {
            "arn": "arn:aws:dynamodb:us-east-1:514472330244:table/unityhub-production-privatewebapp-help-terraform-state-lock",
            "attribute": [
              {
                "name": "LockID",
                "type": "S"
              }
            ],
            "billing_mode": "PAY_PER_REQUEST",
            "deletion_protection_enabled": false,
            "global_secondary_index": [],
            "hash_key": "LockID",
            "id": "unityhub-production-privatewebapp-help-terraform-state-lock",
            "import_table": [],
            "local_secondary_index": [],
            "name": "unityhub-production-privatewebapp-help-terraform-state-lock",
            "on_demand_throughput": [],
            "point_in_time_recovery": [
              {
                "enabled": true,
                "recovery_period_in_days": 35
              }
            ],
            "range_key": null,
            "read_capacity": 0,
            "replica": [],
            "restore_date_time": null,
            "restore_source_name": null,
            "restore_source_table_arn": null,
            "restore_to_latest_time": null,
            "server_side_encryption": [
              {
                "enabled": true,
                "kms_key_arn": ""
              }
            ],
            "stream_arn": "",
            "stream_enabled": false,
            "stream_label": "",
            "stream_view_type": "",
            "table_class": "STANDARD",
            "tags": {
              "Attributes": "terraform-state-lock",
              "Name": "unityhub-production-privatewebapp-help-terraform-state-lock",
              "Namespace": "unityhub",
              "Stage": "production"
            },
            "tags_all": {
              "Attributes": "terraform-state-lock",
              "Name": "unityhub-production-privatewebapp-help-terraform-state-lock",
              "Namespace": "unityhub",
              "Stage": "production"
            },
            "timeouts": null,
            "ttl": [
              {
                "attribute_name": "",
                "enabled": false
              }
            ],
            "write_capacity": 0
          },
          "sensitive_attributes": [],
          "identity_schema_version": 0,
          "private": "eyJlMmJmYjczMC1lY2FhLTExZTYtOGY4OC0zNDM2M2JjN2M0YzAiOnsiY3JlYXRlIjoxODAwMDAwMDAwMDAwLCJkZWxldGUiOjYwMDAwMDAwMDAwMCwidXBkYXRlIjozNjAwMDAwMDAwMDAwfSwic2NoZW1hX3ZlcnNpb24iOiIxIn0="
        }
      ]
    },
    {
      "module": "module.common_resources_staging.module.privatewebapp.module.terraform_state_backend_privatewebapp_help",
      "mode": "managed",
      "type": "aws_s3_bucket",
      "name": "default",
      "provider": "provider[\"registry.terraform.io/hashicorp/aws\"]",
      "instances": [
        {
          "index_key": 0,
          "schema_version": 0,
          "attributes": {
            "acceleration_status": "",
            "acl": null,
            "arn": "arn:aws:s3:::unityhub-production-privatewebapp-help-terraform-state",
            "bucket": "unityhub-production-privatewebapp-help-terraform-state",
            "bucket_domain_name": "unityhub-production-privatewebapp-help-terraform-state.s3.amazonaws.com",
            "bucket_prefix": "",
            "bucket_regional_domain_name": "unityhub-production-privatewebapp-help-terraform-state.s3.us-east-1.amazonaws.com",
            "cors_rule": [],
            "force_destroy": true,
            "grant": [
              {
                "id": "bea86176a486e69a83b4227063efa3be9eb4b243551739d81a6a4b41ec8b3461",
                "permissions": [
                  "FULL_CONTROL"
                ],
                "type": "CanonicalUser",
                "uri": ""
              }
            ],
            "hosted_zone_id": "Z3AQBSTGFYJSTF",
            "id": "unityhub-production-privatewebapp-help-terraform-state",
            "lifecycle_rule": [],
            "logging": [],
            "object_lock_configuration": [],
            "object_lock_enabled": false,
            "policy": "",
            "region": "us-east-1",
            "replication_configuration": [],
            "request_payer": "BucketOwner",
            "server_side_encryption_configuration": [
              {
                "rule": [
                  {
                    "apply_server_side_encryption_by_default": [
                      {
                        "kms_master_key_id": "",
                        "sse_algorithm": "AES256"
                      }
                    ],
                    "bucket_key_enabled": false
                  }
                ]
              }
            ],
            "tags": {
              "Attributes": "terraform-state",
              "Name": "unityhub-production-privatewebapp-help-terraform-state",
              "Namespace": "unityhub",
              "Stage": "production"
            },
            "tags_all": {
              "Attributes": "terraform-state",
              "Name": "unityhub-production-privatewebapp-help-terraform-state",
              "Namespace": "unityhub",
              "Stage": "production"
            },
            "timeouts": null,
            "versioning": [
              {
                "enabled": false,
                "mfa_delete": false
              }
            ],
            "website": [],
            "website_domain": null,
            "website_endpoint": null
          },
          "sensitive_attributes": [],
          "identity_schema_version": 0,
          "private": "eyJlMmJmYjczMC1lY2FhLTExZTYtOGY4OC0zNDM2M2JjN2M0YzAiOnsiY3JlYXRlIjoxMjAwMDAwMDAwMDAwLCJkZWxldGUiOjM2MDAwMDAwMDAwMDAsInJlYWQiOjEyMDAwMDAwMDAwMDAsInVwZGF0ZSI6MTIwMDAwMDAwMDAwMH19"
        }
      ]
    },
    {
      "module": "module.common_resources_staging.module.privatewebapp.module.terraform_state_backend_privatewebapp_help",
      "mode": "managed",
      "type": "aws_s3_bucket_ownership_controls",
      "name": "default",
      "provider": "provider[\"registry.terraform.io/hashicorp/aws\"]",
      "instances": [
        {
          "index_key": 0,
          "schema_version": 0,
          "attributes": {
            "bucket": "unityhub-production-privatewebapp-help-terraform-state",
            "id": "unityhub-production-privatewebapp-help-terraform-state",
            "rule": [
              {
                "object_ownership": "BucketOwnerEnforced"
              }
            ]
          },
          "sensitive_attributes": [],
          "identity_schema_version": 0,
          "private": "bnVsbA==",
          "dependencies": [
            "module.common_resources_staging.module.privatewebapp.module.terraform_state_backend_privatewebapp_help.aws_s3_bucket.default"
          ]
        }
      ]
    },
    {
      "module": "module.common_resources_staging.module.privatewebapp.module.terraform_state_backend_privatewebapp_help",
      "mode": "managed",
      "type": "aws_s3_bucket_policy",
      "name": "default",
      "provider": "provider[\"registry.terraform.io/hashicorp/aws\"]",
      "instances": [
        {
          "index_key": 0,
          "schema_version": 0,
          "attributes": {
            "bucket": "unityhub-production-privatewebapp-help-terraform-state",
            "id": "unityhub-production-privatewebapp-help-terraform-state",
            "policy": "{\"Statement\":[{\"Action\":\"s3:PutObject\",\"Condition\":{\"StringNotEquals\":{\"s3:x-amz-server-side-encryption\":[\"AES256\",\"aws:kms\"]}},\"Effect\":\"Deny\",\"Principal\":{\"AWS\":\"*\"},\"Resource\":\"arn:aws:s3:::unityhub-production-privatewebapp-help-terraform-state/*\",\"Sid\":\"DenyIncorrectEncryptionHeader\"},{\"Action\":\"s3:PutObject\",\"Condition\":{\"Null\":{\"s3:x-amz-server-side-encryption\":\"true\"}},\"Effect\":\"Deny\",\"Principal\":{\"AWS\":\"*\"},\"Resource\":\"arn:aws:s3:::unityhub-production-privatewebapp-help-terraform-state/*\",\"Sid\":\"DenyUnEncryptedObjectUploads\"},{\"Action\":\"s3:*\",\"Condition\":{\"Bool\":{\"aws:SecureTransport\":\"false\"}},\"Effect\":\"Deny\",\"Principal\":{\"AWS\":\"*\"},\"Resource\":[\"arn:aws:s3:::unityhub-production-privatewebapp-help-terraform-state/*\",\"arn:aws:s3:::unityhub-production-privatewebapp-help-terraform-state\"],\"Sid\":\"EnforceTlsRequestsOnly\"}],\"Version\":\"2012-10-17\"}"
          },
          "sensitive_attributes": [],
          "identity_schema_version": 0,
          "private": "bnVsbA==",
          "dependencies": [
            "module.common_resources_staging.module.privatewebapp.module.terraform_state_backend_privatewebapp_help.aws_s3_bucket.default",
            "module.common_resources_staging.module.privatewebapp.module.terraform_state_backend_privatewebapp_help.data.aws_iam_policy_document.prevent_unencrypted_uploads"
          ]
        }
      ]
    },
    {
      "module": "module.common_resources_staging.module.privatewebapp.module.terraform_state_backend_privatewebapp_help",
      "mode": "managed",
      "type": "aws_s3_bucket_public_access_block",
      "name": "default",
      "provider": "provider[\"registry.terraform.io/hashicorp/aws\"]",
      "instances": [
        {
          "index_key": 0,
          "schema_version": 0,
          "attributes": {
            "block_public_acls": true,
            "block_public_policy": true,
            "bucket": "unityhub-production-privatewebapp-help-terraform-state",
            "id": "unityhub-production-privatewebapp-help-terraform-state",
            "ignore_public_acls": true,
            "restrict_public_buckets": true
          },
          "sensitive_attributes": [],
          "identity_schema_version": 0,
          "private": "bnVsbA==",
          "dependencies": [
            "module.common_resources_staging.module.privatewebapp.module.terraform_state_backend_privatewebapp_help.aws_s3_bucket.default"
          ]
        }
      ]
    },
    {
      "module": "module.common_resources_staging.module.privatewebapp.module.terraform_state_backend_privatewebapp_help",
      "mode": "managed",
      "type": "aws_s3_bucket_server_side_encryption_configuration",
      "name": "default",
      "provider": "provider[\"registry.terraform.io/hashicorp/aws\"]",
      "instances": [
        {
          "index_key": 0,
          "schema_version": 0,
          "attributes": {
            "bucket": "unityhub-production-privatewebapp-help-terraform-state",
            "expected_bucket_owner": "",
            "id": "unityhub-production-privatewebapp-help-terraform-state",
            "rule": [
              {
                "apply_server_side_encryption_by_default": [
                  {
                    "kms_master_key_id": "",
                    "sse_algorithm": "AES256"
                  }
                ],
                "bucket_key_enabled": null
              }
            ]
          },
          "sensitive_attributes": [],
          "identity_schema_version": 0,
          "private": "bnVsbA==",
          "dependencies": [
            "module.common_resources_staging.module.privatewebapp.module.terraform_state_backend_privatewebapp_help.aws_s3_bucket.default"
          ]
        }
      ]
    },
    {
      "module": "module.common_resources_staging.module.privatewebapp.module.terraform_state_backend_privatewebapp_help",
      "mode": "managed",
      "type": "aws_s3_bucket_versioning",
      "name": "default",
      "provider": "provider[\"registry.terraform.io/hashicorp/aws\"]",
      "instances": [
        {
          "index_key": 0,
          "schema_version": 0,
          "attributes": {
            "bucket": "unityhub-production-privatewebapp-help-terraform-state",
            "expected_bucket_owner": "",
            "id": "unityhub-production-privatewebapp-help-terraform-state",
            "mfa": null,
            "versioning_configuration": [
              {
                "mfa_delete": "Disabled",
                "status": "Enabled"
              }
            ]
          },
          "sensitive_attributes": [],
          "identity_schema_version": 0,
          "private": "bnVsbA==",
          "dependencies": [
            "module.common_resources_staging.module.privatewebapp.module.terraform_state_backend_privatewebapp_help.aws_s3_bucket.default"
          ]
        }
      ]
    },
    {
      "module": "module.common_resources_staging.module.privatewebapp.module.terraform_state_backend_privatewebapp_help",
      "mode": "managed",
      "type": "local_file",
      "name": "terraform_backend_config",
      "provider": "provider[\"registry.terraform.io/hashicorp/local\"]",
      "instances": [
        {
          "index_key": 0,
          "schema_version": 0,
          "attributes": {
            "content": "terraform {\n  required_version = \"\u003e= 1.0.0\"\n\n  backend \"s3\" {\n    region         = \"us-east-1\"\n    bucket         = \"unityhub-production-privatewebapp-help-terraform-state\"\n    key            = \"terraform.tfstate\"\n    dynamodb_table = \"unityhub-production-privatewebapp-help-terraform-state-lock\"\n    profile        = \"\"\n    role_arn       = \"\"\n    encrypt        = \"true\"\n  }\n}\n",
            "content_base64": null,
            "content_base64sha256": "MdzZ1GD/4da6CASsgEpNetjwyzquoL6WIbbzR4a8/Zk=",
            "content_base64sha512": "oBsII5YrLZAh/wHBGNI5Q76ZxQhjE8328qXbt4Z6jvtr8Kn4hJqB2kR+c9ajizsfbh39wOY4PWs5JkgBfpkS6g==",
            "content_md5": "c18d85cee9140cc06a280a8e0ecba781",
            "content_sha1": "81ddcb201e4a1f6d62198d50b386c01b4190b419",
            "content_sha256": "31dcd9d460ffe1d6ba0804ac804a4d7ad8f0cb3aaea0be9621b6f34786bcfd99",
            "content_sha512": "a01b0823962b2d9021ff01c118d23943be99c5086313cdf6f2a5dbb7867a8efb6bf0a9f8849a81da447e73d6a38b3b1f6e1dfdc0e6383d6b392648017e9912ea",
            "directory_permission": "0777",
            "file_permission": "0644",
            "filename": "./backend/backend_privatewebapp_help.tf",
            "id": "81ddcb201e4a1f6d62198d50b386c01b4190b419",
            "sensitive_content": null,
            "source": null
          },
          "sensitive_attributes": [
            [
              {
                "type": "get_attr",
                "value": "sensitive_content"
              }
            ]
          ],
          "identity_schema_version": 0,
          "dependencies": [
            "module.common_resources_staging.module.privatewebapp.module.terraform_state_backend_privatewebapp_help.aws_dynamodb_table.with_server_side_encryption",
            "module.common_resources_staging.module.privatewebapp.module.terraform_state_backend_privatewebapp_help.aws_s3_bucket.default",
            "module.common_resources_staging.module.privatewebapp.module.terraform_state_backend_privatewebapp_help.data.aws_region.current"
          ]
        }
      ]
    },
    {
      "module": "module.common_resources_staging.module.privatewebapp.module.terraform_state_backend_privatewebapp_msteams",
      "mode": "data",
      "type": "aws_iam_policy_document",
      "name": "prevent_unencrypted_uploads",
      "provider": "provider[\"registry.terraform.io/hashicorp/aws\"]",
      "instances": [
        {
          "index_key": 0,
          "schema_version": 0,
          "attributes": {
            "id": "4248075826",
            "json": "{\n  \"Version\": \"2012-10-17\",\n  \"Statement\": [\n    {\n      \"Sid\": \"DenyIncorrectEncryptionHeader\",\n      \"Effect\": \"Deny\",\n      \"Action\": \"s3:PutObject\",\n      \"Resource\": \"arn:aws:s3:::unityhub-production-privatewebapp-msteams-terraform-state/*\",\n      \"Principal\": {\n        \"AWS\": \"*\"\n      },\n      \"Condition\": {\n        \"StringNotEquals\": {\n          \"s3:x-amz-server-side-encryption\": [\n            \"AES256\",\n            \"aws:kms\"\n          ]\n        }\n      }\n    },\n    {\n      \"Sid\": \"DenyUnEncryptedObjectUploads\",\n      \"Effect\": \"Deny\",\n      \"Action\": \"s3:PutObject\",\n      \"Resource\": \"arn:aws:s3:::unityhub-production-privatewebapp-msteams-terraform-state/*\",\n      \"Principal\": {\n        \"AWS\": \"*\"\n      },\n      \"Condition\": {\n        \"Null\": {\n          \"s3:x-amz-server-side-encryption\": \"true\"\n        }\n      }\n    },\n    {\n      \"Sid\": \"EnforceTlsRequestsOnly\",\n      \"Effect\": \"Deny\",\n      \"Action\": \"s3:*\",\n      \"Resource\": [\n        \"arn:aws:s3:::unityhub-production-privatewebapp-msteams-terraform-state/*\",\n        \"arn:aws:s3:::unityhub-production-privatewebapp-msteams-terraform-state\"\n      ],\n      \"Principal\": {\n        \"AWS\": \"*\"\n      },\n      \"Condition\": {\n        \"Bool\": {\n          \"aws:SecureTransport\": \"false\"\n        }\n      }\n    }\n  ]\n}",
            "minified_json": "{\"Version\":\"2012-10-17\",\"Statement\":[{\"Sid\":\"DenyIncorrectEncryptionHeader\",\"Effect\":\"Deny\",\"Action\":\"s3:PutObject\",\"Resource\":\"arn:aws:s3:::unityhub-production-privatewebapp-msteams-terraform-state/*\",\"Principal\":{\"AWS\":\"*\"},\"Condition\":{\"StringNotEquals\":{\"s3:x-amz-server-side-encryption\":[\"AES256\",\"aws:kms\"]}}},{\"Sid\":\"DenyUnEncryptedObjectUploads\",\"Effect\":\"Deny\",\"Action\":\"s3:PutObject\",\"Resource\":\"arn:aws:s3:::unityhub-production-privatewebapp-msteams-terraform-state/*\",\"Principal\":{\"AWS\":\"*\"},\"Condition\":{\"Null\":{\"s3:x-amz-server-side-encryption\":\"true\"}}},{\"Sid\":\"EnforceTlsRequestsOnly\",\"Effect\":\"Deny\",\"Action\":\"s3:*\",\"Resource\":[\"arn:aws:s3:::unityhub-production-privatewebapp-msteams-terraform-state/*\",\"arn:aws:s3:::unityhub-production-privatewebapp-msteams-terraform-state\"],\"Principal\":{\"AWS\":\"*\"},\"Condition\":{\"Bool\":{\"aws:SecureTransport\":\"false\"}}}]}",
            "override_json": null,
            "override_policy_documents": null,
            "policy_id": null,
            "source_json": null,
            "source_policy_documents": null,
            "statement": [
              {
                "actions": [
                  "s3:PutObject"
                ],
                "condition": [
                  {
                    "test": "StringNotEquals",
                    "values": [
                      "AES256",
                      "aws:kms"
                    ],
                    "variable": "s3:x-amz-server-side-encryption"
                  }
                ],
                "effect": "Deny",
                "not_actions": [],
                "not_principals": [],
                "not_resources": [],
                "principals": [
                  {
                    "identifiers": [
                      "*"
                    ],
                    "type": "AWS"
                  }
                ],
                "resources": [
                  "arn:aws:s3:::unityhub-production-privatewebapp-msteams-terraform-state/*"
                ],
                "sid": "DenyIncorrectEncryptionHeader"
              },
              {
                "actions": [
                  "s3:PutObject"
                ],
                "condition": [
                  {
                    "test": "Null",
                    "values": [
                      "true"
                    ],
                    "variable": "s3:x-amz-server-side-encryption"
                  }
                ],
                "effect": "Deny",
                "not_actions": [],
                "not_principals": [],
                "not_resources": [],
                "principals": [
                  {
                    "identifiers": [
                      "*"
                    ],
                    "type": "AWS"
                  }
                ],
                "resources": [
                  "arn:aws:s3:::unityhub-production-privatewebapp-msteams-terraform-state/*"
                ],
                "sid": "DenyUnEncryptedObjectUploads"
              },
              {
                "actions": [
                  "s3:*"
                ],
                "condition": [
                  {
                    "test": "Bool",
                    "values": [
                      "false"
                    ],
                    "variable": "aws:SecureTransport"
                  }
                ],
                "effect": "Deny",
                "not_actions": [],
                "not_principals": [],
                "not_resources": [],
                "principals": [
                  {
                    "identifiers": [
                      "*"
                    ],
                    "type": "AWS"
                  }
                ],
                "resources": [
                  "arn:aws:s3:::unityhub-production-privatewebapp-msteams-terraform-state",
                  "arn:aws:s3:::unityhub-production-privatewebapp-msteams-terraform-state/*"
                ],
                "sid": "EnforceTlsRequestsOnly"
              }
            ],
            "version": "2012-10-17"
          },
          "sensitive_attributes": [],
          "identity_schema_version": 0
        }
      ]
    },
    {
      "module": "module.common_resources_staging.module.privatewebapp.module.terraform_state_backend_privatewebapp_msteams",
      "mode": "data",
      "type": "aws_region",
      "name": "current",
      "provider": "provider[\"registry.terraform.io/hashicorp/aws\"]",
      "instances": [
        {
          "schema_version": 0,
          "attributes": {
            "description": "US East (N. Virginia)",
            "endpoint": "ec2.us-east-1.amazonaws.com",
            "id": "us-east-1",
            "name": "us-east-1"
          },
          "sensitive_attributes": [],
          "identity_schema_version": 0
        }
      ]
    },
    {
      "module": "module.common_resources_staging.module.privatewebapp.module.terraform_state_backend_privatewebapp_msteams",
      "mode": "managed",
      "type": "aws_dynamodb_table",
      "name": "with_server_side_encryption",
      "provider": "provider[\"registry.terraform.io/hashicorp/aws\"]",
      "instances": [
        {
          "index_key": 0,
          "schema_version": 1,
          "attributes": {
            "arn": "arn:aws:dynamodb:us-east-1:514472330244:table/unityhub-production-privatewebapp-msteams-terraform-state-lock",
            "attribute": [
              {
                "name": "LockID",
                "type": "S"
              }
            ],
            "billing_mode": "PAY_PER_REQUEST",
            "deletion_protection_enabled": false,
            "global_secondary_index": [],
            "hash_key": "LockID",
            "id": "unityhub-production-privatewebapp-msteams-terraform-state-lock",
            "import_table": [],
            "local_secondary_index": [],
            "name": "unityhub-production-privatewebapp-msteams-terraform-state-lock",
            "on_demand_throughput": [],
            "point_in_time_recovery": [
              {
                "enabled": true,
                "recovery_period_in_days": 35
              }
            ],
            "range_key": null,
            "read_capacity": 0,
            "replica": [],
            "restore_date_time": null,
            "restore_source_name": null,
            "restore_source_table_arn": null,
            "restore_to_latest_time": null,
            "server_side_encryption": [
              {
                "enabled": true,
                "kms_key_arn": ""
              }
            ],
            "stream_arn": "",
            "stream_enabled": false,
            "stream_label": "",
            "stream_view_type": "",
            "table_class": "STANDARD",
            "tags": {
              "Attributes": "terraform-state-lock",
              "Name": "unityhub-production-privatewebapp-msteams-terraform-state-lock",
              "Namespace": "unityhub",
              "Stage": "production"
            },
            "tags_all": {
              "Attributes": "terraform-state-lock",
              "Name": "unityhub-production-privatewebapp-msteams-terraform-state-lock",
              "Namespace": "unityhub",
              "Stage": "production"
            },
            "timeouts": null,
            "ttl": [
              {
                "attribute_name": "",
                "enabled": false
              }
            ],
            "write_capacity": 0
          },
          "sensitive_attributes": [],
          "identity_schema_version": 0,
          "private": "eyJlMmJmYjczMC1lY2FhLTExZTYtOGY4OC0zNDM2M2JjN2M0YzAiOnsiY3JlYXRlIjoxODAwMDAwMDAwMDAwLCJkZWxldGUiOjYwMDAwMDAwMDAwMCwidXBkYXRlIjozNjAwMDAwMDAwMDAwfSwic2NoZW1hX3ZlcnNpb24iOiIxIn0="
        }
      ]
    },
    {
      "module": "module.common_resources_staging.module.privatewebapp.module.terraform_state_backend_privatewebapp_msteams",
      "mode": "managed",
      "type": "aws_s3_bucket",
      "name": "default",
      "provider": "provider[\"registry.terraform.io/hashicorp/aws\"]",
      "instances": [
        {
          "index_key": 0,
          "schema_version": 0,
          "attributes": {
            "acceleration_status": "",
            "acl": null,
            "arn": "arn:aws:s3:::unityhub-production-privatewebapp-msteams-terraform-state",
            "bucket": "unityhub-production-privatewebapp-msteams-terraform-state",
            "bucket_domain_name": "unityhub-production-privatewebapp-msteams-terraform-state.s3.amazonaws.com",
            "bucket_prefix": "",
            "bucket_regional_domain_name": "unityhub-production-privatewebapp-msteams-terraform-state.s3.us-east-1.amazonaws.com",
            "cors_rule": [],
            "force_destroy": true,
            "grant": [
              {
                "id": "bea86176a486e69a83b4227063efa3be9eb4b243551739d81a6a4b41ec8b3461",
                "permissions": [
                  "FULL_CONTROL"
                ],
                "type": "CanonicalUser",
                "uri": ""
              }
            ],
            "hosted_zone_id": "Z3AQBSTGFYJSTF",
            "id": "unityhub-production-privatewebapp-msteams-terraform-state",
            "lifecycle_rule": [],
            "logging": [],
            "object_lock_configuration": [],
            "object_lock_enabled": false,
            "policy": "",
            "region": "us-east-1",
            "replication_configuration": [],
            "request_payer": "BucketOwner",
            "server_side_encryption_configuration": [
              {
                "rule": [
                  {
                    "apply_server_side_encryption_by_default": [
                      {
                        "kms_master_key_id": "",
                        "sse_algorithm": "AES256"
                      }
                    ],
                    "bucket_key_enabled": false
                  }
                ]
              }
            ],
            "tags": {
              "Attributes": "terraform-state",
              "Name": "unityhub-production-privatewebapp-msteams-terraform-state",
              "Namespace": "unityhub",
              "Stage": "production"
            },
            "tags_all": {
              "Attributes": "terraform-state",
              "Name": "unityhub-production-privatewebapp-msteams-terraform-state",
              "Namespace": "unityhub",
              "Stage": "production"
            },
            "timeouts": null,
            "versioning": [
              {
                "enabled": false,
                "mfa_delete": false
              }
            ],
            "website": [],
            "website_domain": null,
            "website_endpoint": null
          },
          "sensitive_attributes": [],
          "identity_schema_version": 0,
          "private": "eyJlMmJmYjczMC1lY2FhLTExZTYtOGY4OC0zNDM2M2JjN2M0YzAiOnsiY3JlYXRlIjoxMjAwMDAwMDAwMDAwLCJkZWxldGUiOjM2MDAwMDAwMDAwMDAsInJlYWQiOjEyMDAwMDAwMDAwMDAsInVwZGF0ZSI6MTIwMDAwMDAwMDAwMH19"
        }
      ]
    },
    {
      "module": "module.common_resources_staging.module.privatewebapp.module.terraform_state_backend_privatewebapp_msteams",
      "mode": "managed",
      "type": "aws_s3_bucket_ownership_controls",
      "name": "default",
      "provider": "provider[\"registry.terraform.io/hashicorp/aws\"]",
      "instances": [
        {
          "index_key": 0,
          "schema_version": 0,
          "attributes": {
            "bucket": "unityhub-production-privatewebapp-msteams-terraform-state",
            "id": "unityhub-production-privatewebapp-msteams-terraform-state",
            "rule": [
              {
                "object_ownership": "BucketOwnerEnforced"
              }
            ]
          },
          "sensitive_attributes": [],
          "identity_schema_version": 0,
          "private": "bnVsbA==",
          "dependencies": [
            "module.common_resources_staging.module.privatewebapp.module.terraform_state_backend_privatewebapp_msteams.aws_s3_bucket.default"
          ]
        }
      ]
    },
    {
      "module": "module.common_resources_staging.module.privatewebapp.module.terraform_state_backend_privatewebapp_msteams",
      "mode": "managed",
      "type": "aws_s3_bucket_policy",
      "name": "default",
      "provider": "provider[\"registry.terraform.io/hashicorp/aws\"]",
      "instances": [
        {
          "index_key": 0,
          "schema_version": 0,
          "attributes": {
            "bucket": "unityhub-production-privatewebapp-msteams-terraform-state",
            "id": "unityhub-production-privatewebapp-msteams-terraform-state",
            "policy": "{\"Statement\":[{\"Action\":\"s3:PutObject\",\"Condition\":{\"StringNotEquals\":{\"s3:x-amz-server-side-encryption\":[\"AES256\",\"aws:kms\"]}},\"Effect\":\"Deny\",\"Principal\":{\"AWS\":\"*\"},\"Resource\":\"arn:aws:s3:::unityhub-production-privatewebapp-msteams-terraform-state/*\",\"Sid\":\"DenyIncorrectEncryptionHeader\"},{\"Action\":\"s3:PutObject\",\"Condition\":{\"Null\":{\"s3:x-amz-server-side-encryption\":\"true\"}},\"Effect\":\"Deny\",\"Principal\":{\"AWS\":\"*\"},\"Resource\":\"arn:aws:s3:::unityhub-production-privatewebapp-msteams-terraform-state/*\",\"Sid\":\"DenyUnEncryptedObjectUploads\"},{\"Action\":\"s3:*\",\"Condition\":{\"Bool\":{\"aws:SecureTransport\":\"false\"}},\"Effect\":\"Deny\",\"Principal\":{\"AWS\":\"*\"},\"Resource\":[\"arn:aws:s3:::unityhub-production-privatewebapp-msteams-terraform-state/*\",\"arn:aws:s3:::unityhub-production-privatewebapp-msteams-terraform-state\"],\"Sid\":\"EnforceTlsRequestsOnly\"}],\"Version\":\"2012-10-17\"}"
          },
          "sensitive_attributes": [],
          "identity_schema_version": 0,
          "private": "bnVsbA==",
          "dependencies": [
            "module.common_resources_staging.module.privatewebapp.module.terraform_state_backend_privatewebapp_msteams.aws_s3_bucket.default",
            "module.common_resources_staging.module.privatewebapp.module.terraform_state_backend_privatewebapp_msteams.data.aws_iam_policy_document.prevent_unencrypted_uploads"
          ]
        }
      ]
    },
    {
      "module": "module.common_resources_staging.module.privatewebapp.module.terraform_state_backend_privatewebapp_msteams",
      "mode": "managed",
      "type": "aws_s3_bucket_public_access_block",
      "name": "default",
      "provider": "provider[\"registry.terraform.io/hashicorp/aws\"]",
      "instances": [
        {
          "index_key": 0,
          "schema_version": 0,
          "attributes": {
            "block_public_acls": true,
            "block_public_policy": true,
            "bucket": "unityhub-production-privatewebapp-msteams-terraform-state",
            "id": "unityhub-production-privatewebapp-msteams-terraform-state",
            "ignore_public_acls": true,
            "restrict_public_buckets": true
          },
          "sensitive_attributes": [],
          "identity_schema_version": 0,
          "private": "bnVsbA==",
          "dependencies": [
            "module.common_resources_staging.module.privatewebapp.module.terraform_state_backend_privatewebapp_msteams.aws_s3_bucket.default"
          ]
        }
      ]
    },
    {
      "module": "module.common_resources_staging.module.privatewebapp.module.terraform_state_backend_privatewebapp_msteams",
      "mode": "managed",
      "type": "aws_s3_bucket_server_side_encryption_configuration",
      "name": "default",
      "provider": "provider[\"registry.terraform.io/hashicorp/aws\"]",
      "instances": [
        {
          "index_key": 0,
          "schema_version": 0,
          "attributes": {
            "bucket": "unityhub-production-privatewebapp-msteams-terraform-state",
            "expected_bucket_owner": "",
            "id": "unityhub-production-privatewebapp-msteams-terraform-state",
            "rule": [
              {
                "apply_server_side_encryption_by_default": [
                  {
                    "kms_master_key_id": "",
                    "sse_algorithm": "AES256"
                  }
                ],
                "bucket_key_enabled": null
              }
            ]
          },
          "sensitive_attributes": [],
          "identity_schema_version": 0,
          "private": "bnVsbA==",
          "dependencies": [
            "module.common_resources_staging.module.privatewebapp.module.terraform_state_backend_privatewebapp_msteams.aws_s3_bucket.default"
          ]
        }
      ]
    },
    {
      "module": "module.common_resources_staging.module.privatewebapp.module.terraform_state_backend_privatewebapp_msteams",
      "mode": "managed",
      "type": "aws_s3_bucket_versioning",
      "name": "default",
      "provider": "provider[\"registry.terraform.io/hashicorp/aws\"]",
      "instances": [
        {
          "index_key": 0,
          "schema_version": 0,
          "attributes": {
            "bucket": "unityhub-production-privatewebapp-msteams-terraform-state",
            "expected_bucket_owner": "",
            "id": "unityhub-production-privatewebapp-msteams-terraform-state",
            "mfa": null,
            "versioning_configuration": [
              {
                "mfa_delete": "Disabled",
                "status": "Enabled"
              }
            ]
          },
          "sensitive_attributes": [],
          "identity_schema_version": 0,
          "private": "bnVsbA==",
          "dependencies": [
            "module.common_resources_staging.module.privatewebapp.module.terraform_state_backend_privatewebapp_msteams.aws_s3_bucket.default"
          ]
        }
      ]
    },
    {
      "module": "module.common_resources_staging.module.privatewebapp.module.terraform_state_backend_privatewebapp_msteams",
      "mode": "managed",
      "type": "local_file",
      "name": "terraform_backend_config",
      "provider": "provider[\"registry.terraform.io/hashicorp/local\"]",
      "instances": [
        {
          "index_key": 0,
          "schema_version": 0,
          "attributes": {
            "content": "terraform {\n  required_version = \"\u003e= 1.0.0\"\n\n  backend \"s3\" {\n    region         = \"us-east-1\"\n    bucket         = \"unityhub-production-privatewebapp-msteams-terraform-state\"\n    key            = \"terraform.tfstate\"\n    dynamodb_table = \"unityhub-production-privatewebapp-msteams-terraform-state-lock\"\n    profile        = \"\"\n    role_arn       = \"\"\n    encrypt        = \"true\"\n  }\n}\n",
            "content_base64": null,
            "content_base64sha256": "N+X+SByOs5pIKKG9oK9K22X0gTXSvvwIEfhN0Eqgysk=",
            "content_base64sha512": "CRdZSCYur0CKRArDyHDt3vkJTrDXnnbm+22ZQ5RnyEdK19Xr4Uv0mES8LjngisIo5BgDdpJIDLN9JN/7adk4Yg==",
            "content_md5": "a722b1c32cb4b376c332da023879967a",
            "content_sha1": "47e897d833deb177515d832f11bda480771611a6",
            "content_sha256": "37e5fe481c8eb39a4828a1bda0af4adb65f48135d2befc0811f84dd04aa0cac9",
            "content_sha512": "09175948262eaf408a440ac3c870eddef9094eb0d79e76e6fb6d99439467c8474ad7d5ebe14bf49844bc2e39e08ac228e418037692480cb37d24dffb69d93862",
            "directory_permission": "0777",
            "file_permission": "0644",
            "filename": "./backend/backend_privatewebapp_msteams.tf",
            "id": "47e897d833deb177515d832f11bda480771611a6",
            "sensitive_content": null,
            "source": null
          },
          "sensitive_attributes": [
            [
              {
                "type": "get_attr",
                "value": "sensitive_content"
              }
            ]
          ],
          "identity_schema_version": 0,
          "dependencies": [
            "module.common_resources_staging.module.privatewebapp.module.terraform_state_backend_privatewebapp_msteams.aws_dynamodb_table.with_server_side_encryption",
            "module.common_resources_staging.module.privatewebapp.module.terraform_state_backend_privatewebapp_msteams.aws_s3_bucket.default",
            "module.common_resources_staging.module.privatewebapp.module.terraform_state_backend_privatewebapp_msteams.data.aws_region.current"
          ]
        }
      ]
    },
    {
      "module": "module.common_resources_staging.module.privatewebapp.module.terraform_state_backend_privatewebapp_shared",
      "mode": "data",
      "type": "aws_iam_policy_document",
      "name": "prevent_unencrypted_uploads",
      "provider": "provider[\"registry.terraform.io/hashicorp/aws\"]",
      "instances": [
        {
          "index_key": 0,
          "schema_version": 0,
          "attributes": {
            "id": "3699748656",
            "json": "{\n  \"Version\": \"2012-10-17\",\n  \"Statement\": [\n    {\n      \"Sid\": \"DenyIncorrectEncryptionHeader\",\n      \"Effect\": \"Deny\",\n      \"Action\": \"s3:PutObject\",\n      \"Resource\": \"arn:aws:s3:::unityhub-production-privatewebapp-shared-terraform-state/*\",\n      \"Principal\": {\n        \"AWS\": \"*\"\n      },\n      \"Condition\": {\n        \"StringNotEquals\": {\n          \"s3:x-amz-server-side-encryption\": [\n            \"AES256\",\n            \"aws:kms\"\n          ]\n        }\n      }\n    },\n    {\n      \"Sid\": \"DenyUnEncryptedObjectUploads\",\n      \"Effect\": \"Deny\",\n      \"Action\": \"s3:PutObject\",\n      \"Resource\": \"arn:aws:s3:::unityhub-production-privatewebapp-shared-terraform-state/*\",\n      \"Principal\": {\n        \"AWS\": \"*\"\n      },\n      \"Condition\": {\n        \"Null\": {\n          \"s3:x-amz-server-side-encryption\": \"true\"\n        }\n      }\n    },\n    {\n      \"Sid\": \"EnforceTlsRequestsOnly\",\n      \"Effect\": \"Deny\",\n      \"Action\": \"s3:*\",\n      \"Resource\": [\n        \"arn:aws:s3:::unityhub-production-privatewebapp-shared-terraform-state/*\",\n        \"arn:aws:s3:::unityhub-production-privatewebapp-shared-terraform-state\"\n      ],\n      \"Principal\": {\n        \"AWS\": \"*\"\n      },\n      \"Condition\": {\n        \"Bool\": {\n          \"aws:SecureTransport\": \"false\"\n        }\n      }\n    }\n  ]\n}",
            "minified_json": "{\"Version\":\"2012-10-17\",\"Statement\":[{\"Sid\":\"DenyIncorrectEncryptionHeader\",\"Effect\":\"Deny\",\"Action\":\"s3:PutObject\",\"Resource\":\"arn:aws:s3:::unityhub-production-privatewebapp-shared-terraform-state/*\",\"Principal\":{\"AWS\":\"*\"},\"Condition\":{\"StringNotEquals\":{\"s3:x-amz-server-side-encryption\":[\"AES256\",\"aws:kms\"]}}},{\"Sid\":\"DenyUnEncryptedObjectUploads\",\"Effect\":\"Deny\",\"Action\":\"s3:PutObject\",\"Resource\":\"arn:aws:s3:::unityhub-production-privatewebapp-shared-terraform-state/*\",\"Principal\":{\"AWS\":\"*\"},\"Condition\":{\"Null\":{\"s3:x-amz-server-side-encryption\":\"true\"}}},{\"Sid\":\"EnforceTlsRequestsOnly\",\"Effect\":\"Deny\",\"Action\":\"s3:*\",\"Resource\":[\"arn:aws:s3:::unityhub-production-privatewebapp-shared-terraform-state/*\",\"arn:aws:s3:::unityhub-production-privatewebapp-shared-terraform-state\"],\"Principal\":{\"AWS\":\"*\"},\"Condition\":{\"Bool\":{\"aws:SecureTransport\":\"false\"}}}]}",
            "override_json": null,
            "override_policy_documents": null,
            "policy_id": null,
            "source_json": null,
            "source_policy_documents": null,
            "statement": [
              {
                "actions": [
                  "s3:PutObject"
                ],
                "condition": [
                  {
                    "test": "StringNotEquals",
                    "values": [
                      "AES256",
                      "aws:kms"
                    ],
                    "variable": "s3:x-amz-server-side-encryption"
                  }
                ],
                "effect": "Deny",
                "not_actions": [],
                "not_principals": [],
                "not_resources": [],
                "principals": [
                  {
                    "identifiers": [
                      "*"
                    ],
                    "type": "AWS"
                  }
                ],
                "resources": [
                  "arn:aws:s3:::unityhub-production-privatewebapp-shared-terraform-state/*"
                ],
                "sid": "DenyIncorrectEncryptionHeader"
              },
              {
                "actions": [
                  "s3:PutObject"
                ],
                "condition": [
                  {
                    "test": "Null",
                    "values": [
                      "true"
                    ],
                    "variable": "s3:x-amz-server-side-encryption"
                  }
                ],
                "effect": "Deny",
                "not_actions": [],
                "not_principals": [],
                "not_resources": [],
                "principals": [
                  {
                    "identifiers": [
                      "*"
                    ],
                    "type": "AWS"
                  }
                ],
                "resources": [
                  "arn:aws:s3:::unityhub-production-privatewebapp-shared-terraform-state/*"
                ],
                "sid": "DenyUnEncryptedObjectUploads"
              },
              {
                "actions": [
                  "s3:*"
                ],
                "condition": [
                  {
                    "test": "Bool",
                    "values": [
                      "false"
                    ],
                    "variable": "aws:SecureTransport"
                  }
                ],
                "effect": "Deny",
                "not_actions": [],
                "not_principals": [],
                "not_resources": [],
                "principals": [
                  {
                    "identifiers": [
                      "*"
                    ],
                    "type": "AWS"
                  }
                ],
                "resources": [
                  "arn:aws:s3:::unityhub-production-privatewebapp-shared-terraform-state",
                  "arn:aws:s3:::unityhub-production-privatewebapp-shared-terraform-state/*"
                ],
                "sid": "EnforceTlsRequestsOnly"
              }
            ],
            "version": "2012-10-17"
          },
          "sensitive_attributes": [],
          "identity_schema_version": 0
        }
      ]
    },
    {
      "module": "module.common_resources_staging.module.privatewebapp.module.terraform_state_backend_privatewebapp_shared",
      "mode": "data",
      "type": "aws_region",
      "name": "current",
      "provider": "provider[\"registry.terraform.io/hashicorp/aws\"]",
      "instances": [
        {
          "schema_version": 0,
          "attributes": {
            "description": "US East (N. Virginia)",
            "endpoint": "ec2.us-east-1.amazonaws.com",
            "id": "us-east-1",
            "name": "us-east-1"
          },
          "sensitive_attributes": [],
          "identity_schema_version": 0
        }
      ]
    },
    {
      "module": "module.common_resources_staging.module.privatewebapp.module.terraform_state_backend_privatewebapp_shared",
      "mode": "managed",
      "type": "aws_dynamodb_table",
      "name": "with_server_side_encryption",
      "provider": "provider[\"registry.terraform.io/hashicorp/aws\"]",
      "instances": [
        {
          "index_key": 0,
          "schema_version": 1,
          "attributes": {
            "arn": "arn:aws:dynamodb:us-east-1:514472330244:table/unityhub-production-privatewebapp-shared-terraform-state-lock",
            "attribute": [
              {
                "name": "LockID",
                "type": "S"
              }
            ],
            "billing_mode": "PAY_PER_REQUEST",
            "deletion_protection_enabled": false,
            "global_secondary_index": [],
            "hash_key": "LockID",
            "id": "unityhub-production-privatewebapp-shared-terraform-state-lock",
            "import_table": [],
            "local_secondary_index": [],
            "name": "unityhub-production-privatewebapp-shared-terraform-state-lock",
            "on_demand_throughput": [],
            "point_in_time_recovery": [
              {
                "enabled": true,
                "recovery_period_in_days": 35
              }
            ],
            "range_key": null,
            "read_capacity": 0,
            "replica": [],
            "restore_date_time": null,
            "restore_source_name": null,
            "restore_source_table_arn": null,
            "restore_to_latest_time": null,
            "server_side_encryption": [
              {
                "enabled": true,
                "kms_key_arn": ""
              }
            ],
            "stream_arn": "",
            "stream_enabled": false,
            "stream_label": "",
            "stream_view_type": "",
            "table_class": "STANDARD",
            "tags": {
              "Attributes": "terraform-state-lock",
              "Name": "unityhub-production-privatewebapp-shared-terraform-state-lock",
              "Namespace": "unityhub",
              "Stage": "production"
            },
            "tags_all": {
              "Attributes": "terraform-state-lock",
              "Name": "unityhub-production-privatewebapp-shared-terraform-state-lock",
              "Namespace": "unityhub",
              "Stage": "production"
            },
            "timeouts": null,
            "ttl": [
              {
                "attribute_name": "",
                "enabled": false
              }
            ],
            "write_capacity": 0
          },
          "sensitive_attributes": [],
          "identity_schema_version": 0,
          "private": "eyJlMmJmYjczMC1lY2FhLTExZTYtOGY4OC0zNDM2M2JjN2M0YzAiOnsiY3JlYXRlIjoxODAwMDAwMDAwMDAwLCJkZWxldGUiOjYwMDAwMDAwMDAwMCwidXBkYXRlIjozNjAwMDAwMDAwMDAwfSwic2NoZW1hX3ZlcnNpb24iOiIxIn0="
        }
      ]
    },
    {
      "module": "module.common_resources_staging.module.privatewebapp.module.terraform_state_backend_privatewebapp_shared",
      "mode": "managed",
      "type": "aws_s3_bucket",
      "name": "default",
      "provider": "provider[\"registry.terraform.io/hashicorp/aws\"]",
      "instances": [
        {
          "index_key": 0,
          "schema_version": 0,
          "attributes": {
            "acceleration_status": "",
            "acl": null,
            "arn": "arn:aws:s3:::unityhub-production-privatewebapp-shared-terraform-state",
            "bucket": "unityhub-production-privatewebapp-shared-terraform-state",
            "bucket_domain_name": "unityhub-production-privatewebapp-shared-terraform-state.s3.amazonaws.com",
            "bucket_prefix": "",
            "bucket_regional_domain_name": "unityhub-production-privatewebapp-shared-terraform-state.s3.us-east-1.amazonaws.com",
            "cors_rule": [],
            "force_destroy": true,
            "grant": [
              {
                "id": "bea86176a486e69a83b4227063efa3be9eb4b243551739d81a6a4b41ec8b3461",
                "permissions": [
                  "FULL_CONTROL"
                ],
                "type": "CanonicalUser",
                "uri": ""
              }
            ],
            "hosted_zone_id": "Z3AQBSTGFYJSTF",
            "id": "unityhub-production-privatewebapp-shared-terraform-state",
            "lifecycle_rule": [],
            "logging": [],
            "object_lock_configuration": [],
            "object_lock_enabled": false,
            "policy": "",
            "region": "us-east-1",
            "replication_configuration": [],
            "request_payer": "BucketOwner",
            "server_side_encryption_configuration": [
              {
                "rule": [
                  {
                    "apply_server_side_encryption_by_default": [
                      {
                        "kms_master_key_id": "",
                        "sse_algorithm": "AES256"
                      }
                    ],
                    "bucket_key_enabled": false
                  }
                ]
              }
            ],
            "tags": {
              "Attributes": "terraform-state",
              "Name": "unityhub-production-privatewebapp-shared-terraform-state",
              "Namespace": "unityhub",
              "Stage": "production"
            },
            "tags_all": {
              "Attributes": "terraform-state",
              "Name": "unityhub-production-privatewebapp-shared-terraform-state",
              "Namespace": "unityhub",
              "Stage": "production"
            },
            "timeouts": null,
            "versioning": [
              {
                "enabled": false,
                "mfa_delete": false
              }
            ],
            "website": [],
            "website_domain": null,
            "website_endpoint": null
          },
          "sensitive_attributes": [],
          "identity_schema_version": 0,
          "private": "eyJlMmJmYjczMC1lY2FhLTExZTYtOGY4OC0zNDM2M2JjN2M0YzAiOnsiY3JlYXRlIjoxMjAwMDAwMDAwMDAwLCJkZWxldGUiOjM2MDAwMDAwMDAwMDAsInJlYWQiOjEyMDAwMDAwMDAwMDAsInVwZGF0ZSI6MTIwMDAwMDAwMDAwMH19"
        }
      ]
    },
    {
      "module": "module.common_resources_staging.module.privatewebapp.module.terraform_state_backend_privatewebapp_shared",
      "mode": "managed",
      "type": "aws_s3_bucket_ownership_controls",
      "name": "default",
      "provider": "provider[\"registry.terraform.io/hashicorp/aws\"]",
      "instances": [
        {
          "index_key": 0,
          "schema_version": 0,
          "attributes": {
            "bucket": "unityhub-production-privatewebapp-shared-terraform-state",
            "id": "unityhub-production-privatewebapp-shared-terraform-state",
            "rule": [
              {
                "object_ownership": "BucketOwnerEnforced"
              }
            ]
          },
          "sensitive_attributes": [],
          "identity_schema_version": 0,
          "private": "bnVsbA==",
          "dependencies": [
            "module.common_resources_staging.module.privatewebapp.module.terraform_state_backend_privatewebapp_shared.aws_s3_bucket.default"
          ]
        }
      ]
    },
    {
      "module": "module.common_resources_staging.module.privatewebapp.module.terraform_state_backend_privatewebapp_shared",
      "mode": "managed",
      "type": "aws_s3_bucket_policy",
      "name": "default",
      "provider": "provider[\"registry.terraform.io/hashicorp/aws\"]",
      "instances": [
        {
          "index_key": 0,
          "schema_version": 0,
          "attributes": {
            "bucket": "unityhub-production-privatewebapp-shared-terraform-state",
            "id": "unityhub-production-privatewebapp-shared-terraform-state",
            "policy": "{\"Statement\":[{\"Action\":\"s3:PutObject\",\"Condition\":{\"StringNotEquals\":{\"s3:x-amz-server-side-encryption\":[\"AES256\",\"aws:kms\"]}},\"Effect\":\"Deny\",\"Principal\":{\"AWS\":\"*\"},\"Resource\":\"arn:aws:s3:::unityhub-production-privatewebapp-shared-terraform-state/*\",\"Sid\":\"DenyIncorrectEncryptionHeader\"},{\"Action\":\"s3:PutObject\",\"Condition\":{\"Null\":{\"s3:x-amz-server-side-encryption\":\"true\"}},\"Effect\":\"Deny\",\"Principal\":{\"AWS\":\"*\"},\"Resource\":\"arn:aws:s3:::unityhub-production-privatewebapp-shared-terraform-state/*\",\"Sid\":\"DenyUnEncryptedObjectUploads\"},{\"Action\":\"s3:*\",\"Condition\":{\"Bool\":{\"aws:SecureTransport\":\"false\"}},\"Effect\":\"Deny\",\"Principal\":{\"AWS\":\"*\"},\"Resource\":[\"arn:aws:s3:::unityhub-production-privatewebapp-shared-terraform-state/*\",\"arn:aws:s3:::unityhub-production-privatewebapp-shared-terraform-state\"],\"Sid\":\"EnforceTlsRequestsOnly\"}],\"Version\":\"2012-10-17\"}"
          },
          "sensitive_attributes": [],
          "identity_schema_version": 0,
          "private": "bnVsbA==",
          "dependencies": [
            "module.common_resources_staging.module.privatewebapp.module.terraform_state_backend_privatewebapp_shared.aws_s3_bucket.default",
            "module.common_resources_staging.module.privatewebapp.module.terraform_state_backend_privatewebapp_shared.data.aws_iam_policy_document.prevent_unencrypted_uploads"
          ]
        }
      ]
    },
    {
      "module": "module.common_resources_staging.module.privatewebapp.module.terraform_state_backend_privatewebapp_shared",
      "mode": "managed",
      "type": "aws_s3_bucket_public_access_block",
      "name": "default",
      "provider": "provider[\"registry.terraform.io/hashicorp/aws\"]",
      "instances": [
        {
          "index_key": 0,
          "schema_version": 0,
          "attributes": {
            "block_public_acls": true,
            "block_public_policy": true,
            "bucket": "unityhub-production-privatewebapp-shared-terraform-state",
            "id": "unityhub-production-privatewebapp-shared-terraform-state",
            "ignore_public_acls": true,
            "restrict_public_buckets": true
          },
          "sensitive_attributes": [],
          "identity_schema_version": 0,
          "private": "bnVsbA==",
          "dependencies": [
            "module.common_resources_staging.module.privatewebapp.module.terraform_state_backend_privatewebapp_shared.aws_s3_bucket.default"
          ]
        }
      ]
    },
    {
      "module": "module.common_resources_staging.module.privatewebapp.module.terraform_state_backend_privatewebapp_shared",
      "mode": "managed",
      "type": "aws_s3_bucket_server_side_encryption_configuration",
      "name": "default",
      "provider": "provider[\"registry.terraform.io/hashicorp/aws\"]",
      "instances": [
        {
          "index_key": 0,
          "schema_version": 0,
          "attributes": {
            "bucket": "unityhub-production-privatewebapp-shared-terraform-state",
            "expected_bucket_owner": "",
            "id": "unityhub-production-privatewebapp-shared-terraform-state",
            "rule": [
              {
                "apply_server_side_encryption_by_default": [
                  {
                    "kms_master_key_id": "",
                    "sse_algorithm": "AES256"
                  }
                ],
                "bucket_key_enabled": null
              }
            ]
          },
          "sensitive_attributes": [],
          "identity_schema_version": 0,
          "private": "bnVsbA==",
          "dependencies": [
            "module.common_resources_staging.module.privatewebapp.module.terraform_state_backend_privatewebapp_shared.aws_s3_bucket.default"
          ]
        }
      ]
    },
    {
      "module": "module.common_resources_staging.module.privatewebapp.module.terraform_state_backend_privatewebapp_shared",
      "mode": "managed",
      "type": "aws_s3_bucket_versioning",
      "name": "default",
      "provider": "provider[\"registry.terraform.io/hashicorp/aws\"]",
      "instances": [
        {
          "index_key": 0,
          "schema_version": 0,
          "attributes": {
            "bucket": "unityhub-production-privatewebapp-shared-terraform-state",
            "expected_bucket_owner": "",
            "id": "unityhub-production-privatewebapp-shared-terraform-state",
            "mfa": null,
            "versioning_configuration": [
              {
                "mfa_delete": "Disabled",
                "status": "Enabled"
              }
            ]
          },
          "sensitive_attributes": [],
          "identity_schema_version": 0,
          "private": "bnVsbA==",
          "dependencies": [
            "module.common_resources_staging.module.privatewebapp.module.terraform_state_backend_privatewebapp_shared.aws_s3_bucket.default"
          ]
        }
      ]
    },
    {
      "module": "module.common_resources_staging.module.privatewebapp.module.terraform_state_backend_privatewebapp_shared",
      "mode": "managed",
      "type": "local_file",
      "name": "terraform_backend_config",
      "provider": "provider[\"registry.terraform.io/hashicorp/local\"]",
      "instances": [
        {
          "index_key": 0,
          "schema_version": 0,
          "attributes": {
            "content": "terraform {\n  required_version = \"\u003e= 1.0.0\"\n\n  backend \"s3\" {\n    region         = \"us-east-1\"\n    bucket         = \"unityhub-production-privatewebapp-shared-terraform-state\"\n    key            = \"terraform.tfstate\"\n    dynamodb_table = \"unityhub-production-privatewebapp-shared-terraform-state-lock\"\n    profile        = \"\"\n    role_arn       = \"\"\n    encrypt        = \"true\"\n  }\n}\n",
            "content_base64": null,
            "content_base64sha256": "1WzU5BEpSRPB+cPfBWnVdoOj8wqZsxo5z9b9PR259UM=",
            "content_base64sha512": "kxhVYYUQjPrbSiBXtqWKGg10py133TvabJFN2heUaj//nuB8WambG6CuK9jecUd98DOfwMzRCQH88jbsi37BAw==",
            "content_md5": "c1a4bee01591d16881dd68e1b6adc8b8",
            "content_sha1": "7cd8ba18eb709e2ebc68e2b232bb3a51f32760d9",
            "content_sha256": "d56cd4e411294913c1f9c3df0569d57683a3f30a99b31a39cfd6fd3d1db9f543",
            "content_sha512": "9318556185108cfadb4a2057b6a58a1a0d74a72d77dd3bda6c914dda17946a3fff9ee07c59a99b1ba0ae2bd8de71477df0339fc0ccd10901fcf236ec8b7ec103",
            "directory_permission": "0777",
            "file_permission": "0644",
            "filename": "./backend/backend_privatewebapp_shared.tf",
            "id": "7cd8ba18eb709e2ebc68e2b232bb3a51f32760d9",
            "sensitive_content": null,
            "source": null
          },
          "sensitive_attributes": [
            [
              {
                "type": "get_attr",
                "value": "sensitive_content"
              }
            ]
          ],
          "identity_schema_version": 0,
          "dependencies": [
            "module.common_resources_staging.module.privatewebapp.module.terraform_state_backend_privatewebapp_shared.aws_dynamodb_table.with_server_side_encryption",
            "module.common_resources_staging.module.privatewebapp.module.terraform_state_backend_privatewebapp_shared.aws_s3_bucket.default",
            "module.common_resources_staging.module.privatewebapp.module.terraform_state_backend_privatewebapp_shared.data.aws_region.current"
          ]
        }
      ]
    },
    {
      "module": "module.common_resources_staging.module.shared.module.terraform_state_backend_shared",
      "mode": "data",
      "type": "aws_iam_policy_document",
      "name": "prevent_unencrypted_uploads",
      "provider": "provider[\"registry.terraform.io/hashicorp/aws\"]",
      "instances": [
        {
          "index_key": 0,
          "schema_version": 0,
          "attributes": {
            "id": "4181396135",
            "json": "{\n  \"Version\": \"2012-10-17\",\n  \"Statement\": [\n    {\n      \"Sid\": \"DenyIncorrectEncryptionHeader\",\n      \"Effect\": \"Deny\",\n      \"Action\": \"s3:PutObject\",\n      \"Resource\": \"arn:aws:s3:::unityhub-production-shared-terraform-state/*\",\n      \"Principal\": {\n        \"AWS\": \"*\"\n      },\n      \"Condition\": {\n        \"StringNotEquals\": {\n          \"s3:x-amz-server-side-encryption\": [\n            \"AES256\",\n            \"aws:kms\"\n          ]\n        }\n      }\n    },\n    {\n      \"Sid\": \"DenyUnEncryptedObjectUploads\",\n      \"Effect\": \"Deny\",\n      \"Action\": \"s3:PutObject\",\n      \"Resource\": \"arn:aws:s3:::unityhub-production-shared-terraform-state/*\",\n      \"Principal\": {\n        \"AWS\": \"*\"\n      },\n      \"Condition\": {\n        \"Null\": {\n          \"s3:x-amz-server-side-encryption\": \"true\"\n        }\n      }\n    },\n    {\n      \"Sid\": \"EnforceTlsRequestsOnly\",\n      \"Effect\": \"Deny\",\n      \"Action\": \"s3:*\",\n      \"Resource\": [\n        \"arn:aws:s3:::unityhub-production-shared-terraform-state/*\",\n        \"arn:aws:s3:::unityhub-production-shared-terraform-state\"\n      ],\n      \"Principal\": {\n        \"AWS\": \"*\"\n      },\n      \"Condition\": {\n        \"Bool\": {\n          \"aws:SecureTransport\": \"false\"\n        }\n      }\n    }\n  ]\n}",
            "minified_json": "{\"Version\":\"2012-10-17\",\"Statement\":[{\"Sid\":\"DenyIncorrectEncryptionHeader\",\"Effect\":\"Deny\",\"Action\":\"s3:PutObject\",\"Resource\":\"arn:aws:s3:::unityhub-production-shared-terraform-state/*\",\"Principal\":{\"AWS\":\"*\"},\"Condition\":{\"StringNotEquals\":{\"s3:x-amz-server-side-encryption\":[\"AES256\",\"aws:kms\"]}}},{\"Sid\":\"DenyUnEncryptedObjectUploads\",\"Effect\":\"Deny\",\"Action\":\"s3:PutObject\",\"Resource\":\"arn:aws:s3:::unityhub-production-shared-terraform-state/*\",\"Principal\":{\"AWS\":\"*\"},\"Condition\":{\"Null\":{\"s3:x-amz-server-side-encryption\":\"true\"}}},{\"Sid\":\"EnforceTlsRequestsOnly\",\"Effect\":\"Deny\",\"Action\":\"s3:*\",\"Resource\":[\"arn:aws:s3:::unityhub-production-shared-terraform-state/*\",\"arn:aws:s3:::unityhub-production-shared-terraform-state\"],\"Principal\":{\"AWS\":\"*\"},\"Condition\":{\"Bool\":{\"aws:SecureTransport\":\"false\"}}}]}",
            "override_json": null,
            "override_policy_documents": null,
            "policy_id": null,
            "source_json": null,
            "source_policy_documents": null,
            "statement": [
              {
                "actions": [
                  "s3:PutObject"
                ],
                "condition": [
                  {
                    "test": "StringNotEquals",
                    "values": [
                      "AES256",
                      "aws:kms"
                    ],
                    "variable": "s3:x-amz-server-side-encryption"
                  }
                ],
                "effect": "Deny",
                "not_actions": [],
                "not_principals": [],
                "not_resources": [],
                "principals": [
                  {
                    "identifiers": [
                      "*"
                    ],
                    "type": "AWS"
                  }
                ],
                "resources": [
                  "arn:aws:s3:::unityhub-production-shared-terraform-state/*"
                ],
                "sid": "DenyIncorrectEncryptionHeader"
              },
              {
                "actions": [
                  "s3:PutObject"
                ],
                "condition": [
                  {
                    "test": "Null",
                    "values": [
                      "true"
                    ],
                    "variable": "s3:x-amz-server-side-encryption"
                  }
                ],
                "effect": "Deny",
                "not_actions": [],
                "not_principals": [],
                "not_resources": [],
                "principals": [
                  {
                    "identifiers": [
                      "*"
                    ],
                    "type": "AWS"
                  }
                ],
                "resources": [
                  "arn:aws:s3:::unityhub-production-shared-terraform-state/*"
                ],
                "sid": "DenyUnEncryptedObjectUploads"
              },
              {
                "actions": [
                  "s3:*"
                ],
                "condition": [
                  {
                    "test": "Bool",
                    "values": [
                      "false"
                    ],
                    "variable": "aws:SecureTransport"
                  }
                ],
                "effect": "Deny",
                "not_actions": [],
                "not_principals": [],
                "not_resources": [],
                "principals": [
                  {
                    "identifiers": [
                      "*"
                    ],
                    "type": "AWS"
                  }
                ],
                "resources": [
                  "arn:aws:s3:::unityhub-production-shared-terraform-state",
                  "arn:aws:s3:::unityhub-production-shared-terraform-state/*"
                ],
                "sid": "EnforceTlsRequestsOnly"
              }
            ],
            "version": "2012-10-17"
          },
          "sensitive_attributes": [],
          "identity_schema_version": 0
        }
      ]
    },
    {
      "module": "module.common_resources_staging.module.shared.module.terraform_state_backend_shared",
      "mode": "data",
      "type": "aws_region",
      "name": "current",
      "provider": "provider[\"registry.terraform.io/hashicorp/aws\"]",
      "instances": [
        {
          "schema_version": 0,
          "attributes": {
            "description": "US East (N. Virginia)",
            "endpoint": "ec2.us-east-1.amazonaws.com",
            "id": "us-east-1",
            "name": "us-east-1"
          },
          "sensitive_attributes": [],
          "identity_schema_version": 0
        }
      ]
    },
    {
      "module": "module.common_resources_staging.module.shared.module.terraform_state_backend_shared",
      "mode": "managed",
      "type": "aws_dynamodb_table",
      "name": "with_server_side_encryption",
      "provider": "provider[\"registry.terraform.io/hashicorp/aws\"]",
      "instances": [
        {
          "index_key": 0,
          "schema_version": 1,
          "attributes": {
            "arn": "arn:aws:dynamodb:us-east-1:514472330244:table/unityhub-production-shared-terraform-state-lock",
            "attribute": [
              {
                "name": "LockID",
                "type": "S"
              }
            ],
            "billing_mode": "PAY_PER_REQUEST",
            "deletion_protection_enabled": false,
            "global_secondary_index": [],
            "hash_key": "LockID",
            "id": "unityhub-production-shared-terraform-state-lock",
            "import_table": [],
            "local_secondary_index": [],
            "name": "unityhub-production-shared-terraform-state-lock",
            "on_demand_throughput": [],
            "point_in_time_recovery": [
              {
                "enabled": true,
                "recovery_period_in_days": 35
              }
            ],
            "range_key": null,
            "read_capacity": 0,
            "replica": [],
            "restore_date_time": null,
            "restore_source_name": null,
            "restore_source_table_arn": null,
            "restore_to_latest_time": null,
            "server_side_encryption": [
              {
                "enabled": true,
                "kms_key_arn": ""
              }
            ],
            "stream_arn": "",
            "stream_enabled": false,
            "stream_label": "",
            "stream_view_type": "",
            "table_class": "STANDARD",
            "tags": {
              "Attributes": "terraform-state-lock",
              "Name": "unityhub-production-shared-terraform-state-lock",
              "Namespace": "unityhub",
              "Stage": "production"
            },
            "tags_all": {
              "Attributes": "terraform-state-lock",
              "Name": "unityhub-production-shared-terraform-state-lock",
              "Namespace": "unityhub",
              "Stage": "production"
            },
            "timeouts": null,
            "ttl": [
              {
                "attribute_name": "",
                "enabled": false
              }
            ],
            "write_capacity": 0
          },
          "sensitive_attributes": [],
          "identity_schema_version": 0,
          "private": "eyJlMmJmYjczMC1lY2FhLTExZTYtOGY4OC0zNDM2M2JjN2M0YzAiOnsiY3JlYXRlIjoxODAwMDAwMDAwMDAwLCJkZWxldGUiOjYwMDAwMDAwMDAwMCwidXBkYXRlIjozNjAwMDAwMDAwMDAwfSwic2NoZW1hX3ZlcnNpb24iOiIxIn0="
        }
      ]
    },
    {
      "module": "module.common_resources_staging.module.shared.module.terraform_state_backend_shared",
      "mode": "managed",
      "type": "aws_s3_bucket",
      "name": "default",
      "provider": "provider[\"registry.terraform.io/hashicorp/aws\"]",
      "instances": [
        {
          "index_key": 0,
          "schema_version": 0,
          "attributes": {
            "acceleration_status": "",
            "acl": null,
            "arn": "arn:aws:s3:::unityhub-production-shared-terraform-state",
            "bucket": "unityhub-production-shared-terraform-state",
            "bucket_domain_name": "unityhub-production-shared-terraform-state.s3.amazonaws.com",
            "bucket_prefix": "",
            "bucket_regional_domain_name": "unityhub-production-shared-terraform-state.s3.us-east-1.amazonaws.com",
            "cors_rule": [],
            "force_destroy": true,
            "grant": [
              {
                "id": "bea86176a486e69a83b4227063efa3be9eb4b243551739d81a6a4b41ec8b3461",
                "permissions": [
                  "FULL_CONTROL"
                ],
                "type": "CanonicalUser",
                "uri": ""
              }
            ],
            "hosted_zone_id": "Z3AQBSTGFYJSTF",
            "id": "unityhub-production-shared-terraform-state",
            "lifecycle_rule": [],
            "logging": [],
            "object_lock_configuration": [],
            "object_lock_enabled": false,
            "policy": "{\"Statement\":[{\"Action\":\"s3:PutObject\",\"Condition\":{\"StringNotEquals\":{\"s3:x-amz-server-side-encryption\":[\"AES256\",\"aws:kms\"]}},\"Effect\":\"Deny\",\"Principal\":{\"AWS\":\"*\"},\"Resource\":\"arn:aws:s3:::unityhub-production-shared-terraform-state/*\",\"Sid\":\"DenyIncorrectEncryptionHeader\"},{\"Action\":\"s3:PutObject\",\"Condition\":{\"Null\":{\"s3:x-amz-server-side-encryption\":\"true\"}},\"Effect\":\"Deny\",\"Principal\":{\"AWS\":\"*\"},\"Resource\":\"arn:aws:s3:::unityhub-production-shared-terraform-state/*\",\"Sid\":\"DenyUnEncryptedObjectUploads\"},{\"Action\":\"s3:*\",\"Condition\":{\"Bool\":{\"aws:SecureTransport\":\"false\"}},\"Effect\":\"Deny\",\"Principal\":{\"AWS\":\"*\"},\"Resource\":[\"arn:aws:s3:::unityhub-production-shared-terraform-state/*\",\"arn:aws:s3:::unityhub-production-shared-terraform-state\"],\"Sid\":\"EnforceTlsRequestsOnly\"}],\"Version\":\"2012-10-17\"}",
            "region": "us-east-1",
            "replication_configuration": [],
            "request_payer": "BucketOwner",
            "server_side_encryption_configuration": [
              {
                "rule": [
                  {
                    "apply_server_side_encryption_by_default": [
                      {
                        "kms_master_key_id": "",
                        "sse_algorithm": "AES256"
                      }
                    ],
                    "bucket_key_enabled": false
                  }
                ]
              }
            ],
            "tags": {
              "Attributes": "terraform-state",
              "Name": "unityhub-production-shared-terraform-state",
              "Namespace": "unityhub",
              "Stage": "production"
            },
            "tags_all": {
              "Attributes": "terraform-state",
              "Name": "unityhub-production-shared-terraform-state",
              "Namespace": "unityhub",
              "Stage": "production"
            },
            "timeouts": null,
            "versioning": [
              {
                "enabled": true,
                "mfa_delete": false
              }
            ],
            "website": [],
            "website_domain": null,
            "website_endpoint": null
          },
          "sensitive_attributes": [],
          "identity_schema_version": 0,
          "private": "eyJlMmJmYjczMC1lY2FhLTExZTYtOGY4OC0zNDM2M2JjN2M0YzAiOnsiY3JlYXRlIjoxMjAwMDAwMDAwMDAwLCJkZWxldGUiOjM2MDAwMDAwMDAwMDAsInJlYWQiOjEyMDAwMDAwMDAwMDAsInVwZGF0ZSI6MTIwMDAwMDAwMDAwMH19"
        }
      ]
    },
    {
      "module": "module.common_resources_staging.module.shared.module.terraform_state_backend_shared",
      "mode": "managed",
      "type": "aws_s3_bucket_ownership_controls",
      "name": "default",
      "provider": "provider[\"registry.terraform.io/hashicorp/aws\"]",
      "instances": [
        {
          "index_key": 0,
          "schema_version": 0,
          "attributes": {
            "bucket": "unityhub-production-shared-terraform-state",
            "id": "unityhub-production-shared-terraform-state",
            "rule": [
              {
                "object_ownership": "BucketOwnerEnforced"
              }
            ]
          },
          "sensitive_attributes": [],
          "identity_schema_version": 0,
          "private": "bnVsbA==",
          "dependencies": [
            "module.common_resources_staging.module.shared.module.terraform_state_backend_shared.aws_s3_bucket.default"
          ]
        }
      ]
    },
    {
      "module": "module.common_resources_staging.module.shared.module.terraform_state_backend_shared",
      "mode": "managed",
      "type": "aws_s3_bucket_policy",
      "name": "default",
      "provider": "provider[\"registry.terraform.io/hashicorp/aws\"]",
      "instances": [
        {
          "index_key": 0,
          "schema_version": 0,
          "attributes": {
            "bucket": "unityhub-production-shared-terraform-state",
            "id": "unityhub-production-shared-terraform-state",
            "policy": "{\"Statement\":[{\"Action\":\"s3:PutObject\",\"Condition\":{\"StringNotEquals\":{\"s3:x-amz-server-side-encryption\":[\"AES256\",\"aws:kms\"]}},\"Effect\":\"Deny\",\"Principal\":{\"AWS\":\"*\"},\"Resource\":\"arn:aws:s3:::unityhub-production-shared-terraform-state/*\",\"Sid\":\"DenyIncorrectEncryptionHeader\"},{\"Action\":\"s3:PutObject\",\"Condition\":{\"Null\":{\"s3:x-amz-server-side-encryption\":\"true\"}},\"Effect\":\"Deny\",\"Principal\":{\"AWS\":\"*\"},\"Resource\":\"arn:aws:s3:::unityhub-production-shared-terraform-state/*\",\"Sid\":\"DenyUnEncryptedObjectUploads\"},{\"Action\":\"s3:*\",\"Condition\":{\"Bool\":{\"aws:SecureTransport\":\"false\"}},\"Effect\":\"Deny\",\"Principal\":{\"AWS\":\"*\"},\"Resource\":[\"arn:aws:s3:::unityhub-production-shared-terraform-state/*\",\"arn:aws:s3:::unityhub-production-shared-terraform-state\"],\"Sid\":\"EnforceTlsRequestsOnly\"}],\"Version\":\"2012-10-17\"}"
          },
          "sensitive_attributes": [],
          "identity_schema_version": 0,
          "private": "bnVsbA==",
          "dependencies": [
            "module.common_resources_staging.module.shared.module.terraform_state_backend_shared.aws_s3_bucket.default",
            "module.common_resources_staging.module.shared.module.terraform_state_backend_shared.data.aws_iam_policy_document.prevent_unencrypted_uploads"
          ]
        }
      ]
    },
    {
      "module": "module.common_resources_staging.module.shared.module.terraform_state_backend_shared",
      "mode": "managed",
      "type": "aws_s3_bucket_public_access_block",
      "name": "default",
      "provider": "provider[\"registry.terraform.io/hashicorp/aws\"]",
      "instances": [
        {
          "index_key": 0,
          "schema_version": 0,
          "attributes": {
            "block_public_acls": true,
            "block_public_policy": true,
            "bucket": "unityhub-production-shared-terraform-state",
            "id": "unityhub-production-shared-terraform-state",
            "ignore_public_acls": true,
            "restrict_public_buckets": true
          },
          "sensitive_attributes": [],
          "identity_schema_version": 0,
          "private": "bnVsbA==",
          "dependencies": [
            "module.common_resources_staging.module.shared.module.terraform_state_backend_shared.aws_s3_bucket.default"
          ]
        }
      ]
    },
    {
      "module": "module.common_resources_staging.module.shared.module.terraform_state_backend_shared",
      "mode": "managed",
      "type": "aws_s3_bucket_server_side_encryption_configuration",
      "name": "default",
      "provider": "provider[\"registry.terraform.io/hashicorp/aws\"]",
      "instances": [
        {
          "index_key": 0,
          "schema_version": 0,
          "attributes": {
            "bucket": "unityhub-production-shared-terraform-state",
            "expected_bucket_owner": "",
            "id": "unityhub-production-shared-terraform-state",
            "rule": [
              {
                "apply_server_side_encryption_by_default": [
                  {
                    "kms_master_key_id": "",
                    "sse_algorithm": "AES256"
                  }
                ],
                "bucket_key_enabled": false
              }
            ]
          },
          "sensitive_attributes": [],
          "identity_schema_version": 0,
          "private": "bnVsbA==",
          "dependencies": [
            "module.common_resources_staging.module.shared.module.terraform_state_backend_shared.aws_s3_bucket.default"
          ]
        }
      ]
    },
    {
      "module": "module.common_resources_staging.module.shared.module.terraform_state_backend_shared",
      "mode": "managed",
      "type": "aws_s3_bucket_versioning",
      "name": "default",
      "provider": "provider[\"registry.terraform.io/hashicorp/aws\"]",
      "instances": [
        {
          "index_key": 0,
          "schema_version": 0,
          "attributes": {
            "bucket": "unityhub-production-shared-terraform-state",
            "expected_bucket_owner": "",
            "id": "unityhub-production-shared-terraform-state",
            "mfa": null,
            "versioning_configuration": [
              {
                "mfa_delete": "Disabled",
                "status": "Enabled"
              }
            ]
          },
          "sensitive_attributes": [],
          "identity_schema_version": 0,
          "private": "bnVsbA==",
          "dependencies": [
            "module.common_resources_staging.module.shared.module.terraform_state_backend_shared.aws_s3_bucket.default"
          ]
        }
      ]
    },
    {
      "module": "module.common_resources_staging.module.shared.module.terraform_state_backend_shared",
      "mode": "managed",
      "type": "local_file",
      "name": "terraform_backend_config",
      "provider": "provider[\"registry.terraform.io/hashicorp/local\"]",
      "instances": [
        {
          "index_key": 0,
          "schema_version": 0,
          "attributes": {
            "content": "terraform {\n  required_version = \"\u003e= 1.0.0\"\n\n  backend \"s3\" {\n    region         = \"us-east-1\"\n    bucket         = \"unityhub-production-shared-terraform-state\"\n    key            = \"terraform.tfstate\"\n    dynamodb_table = \"unityhub-production-shared-terraform-state-lock\"\n    profile        = \"\"\n    role_arn       = \"\"\n    encrypt        = \"true\"\n  }\n}\n",
            "content_base64": null,
            "content_base64sha256": "plvnApNKREWIyohu1sSV9cqajDOrWEG5RaQd06U2TfM=",
            "content_base64sha512": "qCkpc8Qpik9iLiATm2EUgcYXMiu+8qEvd2wgFyNPJM/AL3d6qEFSpkWbOn1tWX7tq7NKNoWvXpBtMsVgfdZzMA==",
            "content_md5": "97353ad035332268a530e956cdcb02e6",
            "content_sha1": "cd5ed598c9752a31c732ef8fd5ee25079b3a4354",
            "content_sha256": "a65be702934a444588ca886ed6c495f5ca9a8c33ab5841b945a41dd3a5364df3",
            "content_sha512": "a8292973c4298a4f622e20139b611481c617322bbef2a12f776c2017234f24cfc02f777aa84152a6459b3a7d6d597eedabb34a3685af5e906d32c5607dd67330",
            "directory_permission": "0777",
            "file_permission": "0644",
            "filename": "./backend/backend_shared.tf",
            "id": "cd5ed598c9752a31c732ef8fd5ee25079b3a4354",
            "sensitive_content": null,
            "source": null
          },
          "sensitive_attributes": [
            [
              {
                "type": "get_attr",
                "value": "sensitive_content"
              }
            ]
          ],
          "identity_schema_version": 0,
          "dependencies": [
            "module.common_resources_staging.module.shared.module.terraform_state_backend_shared.aws_dynamodb_table.with_server_side_encryption",
            "module.common_resources_staging.module.shared.module.terraform_state_backend_shared.aws_s3_bucket.default",
            "module.common_resources_staging.module.shared.module.terraform_state_backend_shared.data.aws_region.current"
          ]
        }
      ]
    },
    {
      "module": "module.common_resources_staging.module.shared.module.terraform_state_backend_shared_azure_entra",
      "mode": "data",
      "type": "aws_iam_policy_document",
      "name": "prevent_unencrypted_uploads",
      "provider": "provider[\"registry.terraform.io/hashicorp/aws\"]",
      "instances": [
        {
          "index_key": 0,
          "schema_version": 0,
          "attributes": {
            "id": "4183642458",
            "json": "{\n  \"Version\": \"2012-10-17\",\n  \"Statement\": [\n    {\n      \"Sid\": \"DenyIncorrectEncryptionHeader\",\n      \"Effect\": \"Deny\",\n      \"Action\": \"s3:PutObject\",\n      \"Resource\": \"arn:aws:s3:::unityhub-production-sharedazureentra-terraform-state/*\",\n      \"Principal\": {\n        \"AWS\": \"*\"\n      },\n      \"Condition\": {\n        \"StringNotEquals\": {\n          \"s3:x-amz-server-side-encryption\": [\n            \"AES256\",\n            \"aws:kms\"\n          ]\n        }\n      }\n    },\n    {\n      \"Sid\": \"DenyUnEncryptedObjectUploads\",\n      \"Effect\": \"Deny\",\n      \"Action\": \"s3:PutObject\",\n      \"Resource\": \"arn:aws:s3:::unityhub-production-sharedazureentra-terraform-state/*\",\n      \"Principal\": {\n        \"AWS\": \"*\"\n      },\n      \"Condition\": {\n        \"Null\": {\n          \"s3:x-amz-server-side-encryption\": \"true\"\n        }\n      }\n    },\n    {\n      \"Sid\": \"EnforceTlsRequestsOnly\",\n      \"Effect\": \"Deny\",\n      \"Action\": \"s3:*\",\n      \"Resource\": [\n        \"arn:aws:s3:::unityhub-production-sharedazureentra-terraform-state/*\",\n        \"arn:aws:s3:::unityhub-production-sharedazureentra-terraform-state\"\n      ],\n      \"Principal\": {\n        \"AWS\": \"*\"\n      },\n      \"Condition\": {\n        \"Bool\": {\n          \"aws:SecureTransport\": \"false\"\n        }\n      }\n    }\n  ]\n}",
            "minified_json": "{\"Version\":\"2012-10-17\",\"Statement\":[{\"Sid\":\"DenyIncorrectEncryptionHeader\",\"Effect\":\"Deny\",\"Action\":\"s3:PutObject\",\"Resource\":\"arn:aws:s3:::unityhub-production-sharedazureentra-terraform-state/*\",\"Principal\":{\"AWS\":\"*\"},\"Condition\":{\"StringNotEquals\":{\"s3:x-amz-server-side-encryption\":[\"AES256\",\"aws:kms\"]}}},{\"Sid\":\"DenyUnEncryptedObjectUploads\",\"Effect\":\"Deny\",\"Action\":\"s3:PutObject\",\"Resource\":\"arn:aws:s3:::unityhub-production-sharedazureentra-terraform-state/*\",\"Principal\":{\"AWS\":\"*\"},\"Condition\":{\"Null\":{\"s3:x-amz-server-side-encryption\":\"true\"}}},{\"Sid\":\"EnforceTlsRequestsOnly\",\"Effect\":\"Deny\",\"Action\":\"s3:*\",\"Resource\":[\"arn:aws:s3:::unityhub-production-sharedazureentra-terraform-state/*\",\"arn:aws:s3:::unityhub-production-sharedazureentra-terraform-state\"],\"Principal\":{\"AWS\":\"*\"},\"Condition\":{\"Bool\":{\"aws:SecureTransport\":\"false\"}}}]}",
            "override_json": null,
            "override_policy_documents": null,
            "policy_id": null,
            "source_json": null,
            "source_policy_documents": null,
            "statement": [
              {
                "actions": [
                  "s3:PutObject"
                ],
                "condition": [
                  {
                    "test": "StringNotEquals",
                    "values": [
                      "AES256",
                      "aws:kms"
                    ],
                    "variable": "s3:x-amz-server-side-encryption"
                  }
                ],
                "effect": "Deny",
                "not_actions": [],
                "not_principals": [],
                "not_resources": [],
                "principals": [
                  {
                    "identifiers": [
                      "*"
                    ],
                    "type": "AWS"
                  }
                ],
                "resources": [
                  "arn:aws:s3:::unityhub-production-sharedazureentra-terraform-state/*"
                ],
                "sid": "DenyIncorrectEncryptionHeader"
              },
              {
                "actions": [
                  "s3:PutObject"
                ],
                "condition": [
                  {
                    "test": "Null",
                    "values": [
                      "true"
                    ],
                    "variable": "s3:x-amz-server-side-encryption"
                  }
                ],
                "effect": "Deny",
                "not_actions": [],
                "not_principals": [],
                "not_resources": [],
                "principals": [
                  {
                    "identifiers": [
                      "*"
                    ],
                    "type": "AWS"
                  }
                ],
                "resources": [
                  "arn:aws:s3:::unityhub-production-sharedazureentra-terraform-state/*"
                ],
                "sid": "DenyUnEncryptedObjectUploads"
              },
              {
                "actions": [
                  "s3:*"
                ],
                "condition": [
                  {
                    "test": "Bool",
                    "values": [
                      "false"
                    ],
                    "variable": "aws:SecureTransport"
                  }
                ],
                "effect": "Deny",
                "not_actions": [],
                "not_principals": [],
                "not_resources": [],
                "principals": [
                  {
                    "identifiers": [
                      "*"
                    ],
                    "type": "AWS"
                  }
                ],
                "resources": [
                  "arn:aws:s3:::unityhub-production-sharedazureentra-terraform-state",
                  "arn:aws:s3:::unityhub-production-sharedazureentra-terraform-state/*"
                ],
                "sid": "EnforceTlsRequestsOnly"
              }
            ],
            "version": "2012-10-17"
          },
          "sensitive_attributes": [],
          "identity_schema_version": 0
        }
      ]
    },
    {
      "module": "module.common_resources_staging.module.shared.module.terraform_state_backend_shared_azure_entra",
      "mode": "data",
      "type": "aws_region",
      "name": "current",
      "provider": "provider[\"registry.terraform.io/hashicorp/aws\"]",
      "instances": [
        {
          "schema_version": 0,
          "attributes": {
            "description": "US East (N. Virginia)",
            "endpoint": "ec2.us-east-1.amazonaws.com",
            "id": "us-east-1",
            "name": "us-east-1"
          },
          "sensitive_attributes": [],
          "identity_schema_version": 0
        }
      ]
    },
    {
      "module": "module.common_resources_staging.module.shared.module.terraform_state_backend_shared_azure_entra",
      "mode": "managed",
      "type": "aws_dynamodb_table",
      "name": "with_server_side_encryption",
      "provider": "provider[\"registry.terraform.io/hashicorp/aws\"]",
      "instances": [
        {
          "index_key": 0,
          "schema_version": 1,
          "attributes": {
            "arn": "arn:aws:dynamodb:us-east-1:514472330244:table/unityhub-production-sharedazureentra-terraform-state-lock",
            "attribute": [
              {
                "name": "LockID",
                "type": "S"
              }
            ],
            "billing_mode": "PAY_PER_REQUEST",
            "deletion_protection_enabled": false,
            "global_secondary_index": [],
            "hash_key": "LockID",
            "id": "unityhub-production-sharedazureentra-terraform-state-lock",
            "import_table": [],
            "local_secondary_index": [],
            "name": "unityhub-production-sharedazureentra-terraform-state-lock",
            "on_demand_throughput": [],
            "point_in_time_recovery": [
              {
                "enabled": true,
                "recovery_period_in_days": 35
              }
            ],
            "range_key": null,
            "read_capacity": 0,
            "replica": [],
            "restore_date_time": null,
            "restore_source_name": null,
            "restore_source_table_arn": null,
            "restore_to_latest_time": null,
            "server_side_encryption": [
              {
                "enabled": true,
                "kms_key_arn": ""
              }
            ],
            "stream_arn": "",
            "stream_enabled": false,
            "stream_label": "",
            "stream_view_type": "",
            "table_class": "STANDARD",
            "tags": {
              "Attributes": "terraform-state-lock",
              "Name": "unityhub-production-sharedazureentra-terraform-state-lock",
              "Namespace": "unityhub",
              "Stage": "production"
            },
            "tags_all": {
              "Attributes": "terraform-state-lock",
              "Name": "unityhub-production-sharedazureentra-terraform-state-lock",
              "Namespace": "unityhub",
              "Stage": "production"
            },
            "timeouts": null,
            "ttl": [
              {
                "attribute_name": "",
                "enabled": false
              }
            ],
            "write_capacity": 0
          },
          "sensitive_attributes": [],
          "identity_schema_version": 0,
          "private": "eyJlMmJmYjczMC1lY2FhLTExZTYtOGY4OC0zNDM2M2JjN2M0YzAiOnsiY3JlYXRlIjoxODAwMDAwMDAwMDAwLCJkZWxldGUiOjYwMDAwMDAwMDAwMCwidXBkYXRlIjozNjAwMDAwMDAwMDAwfSwic2NoZW1hX3ZlcnNpb24iOiIxIn0="
        }
      ]
    },
    {
      "module": "module.common_resources_staging.module.shared.module.terraform_state_backend_shared_azure_entra",
      "mode": "managed",
      "type": "aws_s3_bucket",
      "name": "default",
      "provider": "provider[\"registry.terraform.io/hashicorp/aws\"]",
      "instances": [
        {
          "index_key": 0,
          "schema_version": 0,
          "attributes": {
            "acceleration_status": "",
            "acl": null,
            "arn": "arn:aws:s3:::unityhub-production-sharedazureentra-terraform-state",
            "bucket": "unityhub-production-sharedazureentra-terraform-state",
            "bucket_domain_name": "unityhub-production-sharedazureentra-terraform-state.s3.amazonaws.com",
            "bucket_prefix": "",
            "bucket_regional_domain_name": "unityhub-production-sharedazureentra-terraform-state.s3.us-east-1.amazonaws.com",
            "cors_rule": [],
            "force_destroy": true,
            "grant": [
              {
                "id": "bea86176a486e69a83b4227063efa3be9eb4b243551739d81a6a4b41ec8b3461",
                "permissions": [
                  "FULL_CONTROL"
                ],
                "type": "CanonicalUser",
                "uri": ""
              }
            ],
            "hosted_zone_id": "Z3AQBSTGFYJSTF",
            "id": "unityhub-production-sharedazureentra-terraform-state",
            "lifecycle_rule": [],
            "logging": [],
            "object_lock_configuration": [],
            "object_lock_enabled": false,
            "policy": "{\"Statement\":[{\"Action\":\"s3:PutObject\",\"Condition\":{\"StringNotEquals\":{\"s3:x-amz-server-side-encryption\":[\"AES256\",\"aws:kms\"]}},\"Effect\":\"Deny\",\"Principal\":{\"AWS\":\"*\"},\"Resource\":\"arn:aws:s3:::unityhub-production-sharedazureentra-terraform-state/*\",\"Sid\":\"DenyIncorrectEncryptionHeader\"},{\"Action\":\"s3:PutObject\",\"Condition\":{\"Null\":{\"s3:x-amz-server-side-encryption\":\"true\"}},\"Effect\":\"Deny\",\"Principal\":{\"AWS\":\"*\"},\"Resource\":\"arn:aws:s3:::unityhub-production-sharedazureentra-terraform-state/*\",\"Sid\":\"DenyUnEncryptedObjectUploads\"},{\"Action\":\"s3:*\",\"Condition\":{\"Bool\":{\"aws:SecureTransport\":\"false\"}},\"Effect\":\"Deny\",\"Principal\":{\"AWS\":\"*\"},\"Resource\":[\"arn:aws:s3:::unityhub-production-sharedazureentra-terraform-state/*\",\"arn:aws:s3:::unityhub-production-sharedazureentra-terraform-state\"],\"Sid\":\"EnforceTlsRequestsOnly\"}],\"Version\":\"2012-10-17\"}",
            "region": "us-east-1",
            "replication_configuration": [],
            "request_payer": "BucketOwner",
            "server_side_encryption_configuration": [
              {
                "rule": [
                  {
                    "apply_server_side_encryption_by_default": [
                      {
                        "kms_master_key_id": "",
                        "sse_algorithm": "AES256"
                      }
                    ],
                    "bucket_key_enabled": false
                  }
                ]
              }
            ],
            "tags": {
              "Attributes": "terraform-state",
              "Name": "unityhub-production-sharedazureentra-terraform-state",
              "Namespace": "unityhub",
              "Stage": "production"
            },
            "tags_all": {
              "Attributes": "terraform-state",
              "Name": "unityhub-production-sharedazureentra-terraform-state",
              "Namespace": "unityhub",
              "Stage": "production"
            },
            "timeouts": null,
            "versioning": [
              {
                "enabled": true,
                "mfa_delete": false
              }
            ],
            "website": [],
            "website_domain": null,
            "website_endpoint": null
          },
          "sensitive_attributes": [],
          "identity_schema_version": 0,
          "private": "eyJlMmJmYjczMC1lY2FhLTExZTYtOGY4OC0zNDM2M2JjN2M0YzAiOnsiY3JlYXRlIjoxMjAwMDAwMDAwMDAwLCJkZWxldGUiOjM2MDAwMDAwMDAwMDAsInJlYWQiOjEyMDAwMDAwMDAwMDAsInVwZGF0ZSI6MTIwMDAwMDAwMDAwMH19"
        }
      ]
    },
    {
      "module": "module.common_resources_staging.module.shared.module.terraform_state_backend_shared_azure_entra",
      "mode": "managed",
      "type": "aws_s3_bucket_ownership_controls",
      "name": "default",
      "provider": "provider[\"registry.terraform.io/hashicorp/aws\"]",
      "instances": [
        {
          "index_key": 0,
          "schema_version": 0,
          "attributes": {
            "bucket": "unityhub-production-sharedazureentra-terraform-state",
            "id": "unityhub-production-sharedazureentra-terraform-state",
            "rule": [
              {
                "object_ownership": "BucketOwnerEnforced"
              }
            ]
          },
          "sensitive_attributes": [],
          "identity_schema_version": 0,
          "private": "bnVsbA==",
          "dependencies": [
            "module.common_resources_staging.module.shared.module.terraform_state_backend_shared_azure_entra.aws_s3_bucket.default"
          ]
        }
      ]
    },
    {
      "module": "module.common_resources_staging.module.shared.module.terraform_state_backend_shared_azure_entra",
      "mode": "managed",
      "type": "aws_s3_bucket_policy",
      "name": "default",
      "provider": "provider[\"registry.terraform.io/hashicorp/aws\"]",
      "instances": [
        {
          "index_key": 0,
          "schema_version": 0,
          "attributes": {
            "bucket": "unityhub-production-sharedazureentra-terraform-state",
            "id": "unityhub-production-sharedazureentra-terraform-state",
            "policy": "{\"Statement\":[{\"Action\":\"s3:PutObject\",\"Condition\":{\"StringNotEquals\":{\"s3:x-amz-server-side-encryption\":[\"AES256\",\"aws:kms\"]}},\"Effect\":\"Deny\",\"Principal\":{\"AWS\":\"*\"},\"Resource\":\"arn:aws:s3:::unityhub-production-sharedazureentra-terraform-state/*\",\"Sid\":\"DenyIncorrectEncryptionHeader\"},{\"Action\":\"s3:PutObject\",\"Condition\":{\"Null\":{\"s3:x-amz-server-side-encryption\":\"true\"}},\"Effect\":\"Deny\",\"Principal\":{\"AWS\":\"*\"},\"Resource\":\"arn:aws:s3:::unityhub-production-sharedazureentra-terraform-state/*\",\"Sid\":\"DenyUnEncryptedObjectUploads\"},{\"Action\":\"s3:*\",\"Condition\":{\"Bool\":{\"aws:SecureTransport\":\"false\"}},\"Effect\":\"Deny\",\"Principal\":{\"AWS\":\"*\"},\"Resource\":[\"arn:aws:s3:::unityhub-production-sharedazureentra-terraform-state/*\",\"arn:aws:s3:::unityhub-production-sharedazureentra-terraform-state\"],\"Sid\":\"EnforceTlsRequestsOnly\"}],\"Version\":\"2012-10-17\"}"
          },
          "sensitive_attributes": [],
          "identity_schema_version": 0,
          "private": "bnVsbA==",
          "dependencies": [
            "module.common_resources_staging.module.shared.module.terraform_state_backend_shared_azure_entra.aws_s3_bucket.default",
            "module.common_resources_staging.module.shared.module.terraform_state_backend_shared_azure_entra.data.aws_iam_policy_document.prevent_unencrypted_uploads"
          ]
        }
      ]
    },
    {
      "module": "module.common_resources_staging.module.shared.module.terraform_state_backend_shared_azure_entra",
      "mode": "managed",
      "type": "aws_s3_bucket_public_access_block",
      "name": "default",
      "provider": "provider[\"registry.terraform.io/hashicorp/aws\"]",
      "instances": [
        {
          "index_key": 0,
          "schema_version": 0,
          "attributes": {
            "block_public_acls": true,
            "block_public_policy": true,
            "bucket": "unityhub-production-sharedazureentra-terraform-state",
            "id": "unityhub-production-sharedazureentra-terraform-state",
            "ignore_public_acls": true,
            "restrict_public_buckets": true
          },
          "sensitive_attributes": [],
          "identity_schema_version": 0,
          "private": "bnVsbA==",
          "dependencies": [
            "module.common_resources_staging.module.shared.module.terraform_state_backend_shared_azure_entra.aws_s3_bucket.default"
          ]
        }
      ]
    },
    {
      "module": "module.common_resources_staging.module.shared.module.terraform_state_backend_shared_azure_entra",
      "mode": "managed",
      "type": "aws_s3_bucket_server_side_encryption_configuration",
      "name": "default",
      "provider": "provider[\"registry.terraform.io/hashicorp/aws\"]",
      "instances": [
        {
          "index_key": 0,
          "schema_version": 0,
          "attributes": {
            "bucket": "unityhub-production-sharedazureentra-terraform-state",
            "expected_bucket_owner": "",
            "id": "unityhub-production-sharedazureentra-terraform-state",
            "rule": [
              {
                "apply_server_side_encryption_by_default": [
                  {
                    "kms_master_key_id": "",
                    "sse_algorithm": "AES256"
                  }
                ],
                "bucket_key_enabled": false
              }
            ]
          },
          "sensitive_attributes": [],
          "identity_schema_version": 0,
          "private": "bnVsbA==",
          "dependencies": [
            "module.common_resources_staging.module.shared.module.terraform_state_backend_shared_azure_entra.aws_s3_bucket.default"
          ]
        }
      ]
    },
    {
      "module": "module.common_resources_staging.module.shared.module.terraform_state_backend_shared_azure_entra",
      "mode": "managed",
      "type": "aws_s3_bucket_versioning",
      "name": "default",
      "provider": "provider[\"registry.terraform.io/hashicorp/aws\"]",
      "instances": [
        {
          "index_key": 0,
          "schema_version": 0,
          "attributes": {
            "bucket": "unityhub-production-sharedazureentra-terraform-state",
            "expected_bucket_owner": "",
            "id": "unityhub-production-sharedazureentra-terraform-state",
            "mfa": null,
            "versioning_configuration": [
              {
                "mfa_delete": "Disabled",
                "status": "Enabled"
              }
            ]
          },
          "sensitive_attributes": [],
          "identity_schema_version": 0,
          "private": "bnVsbA==",
          "dependencies": [
            "module.common_resources_staging.module.shared.module.terraform_state_backend_shared_azure_entra.aws_s3_bucket.default"
          ]
        }
      ]
    },
    {
      "module": "module.common_resources_staging.module.shared.module.terraform_state_backend_shared_azure_entra",
      "mode": "managed",
      "type": "local_file",
      "name": "terraform_backend_config",
      "provider": "provider[\"registry.terraform.io/hashicorp/local\"]",
      "instances": [
        {
          "index_key": 0,
          "schema_version": 0,
          "attributes": {
            "content": "terraform {\n  required_version = \"\u003e= 1.0.0\"\n\n  backend \"s3\" {\n    region         = \"us-east-1\"\n    bucket         = \"unityhub-production-sharedazureentra-terraform-state\"\n    key            = \"terraform.tfstate\"\n    dynamodb_table = \"unityhub-production-sharedazureentra-terraform-state-lock\"\n    profile        = \"\"\n    role_arn       = \"\"\n    encrypt        = \"true\"\n  }\n}\n",
            "content_base64": null,
            "content_base64sha256": "2N0hDn6ZZ53DgkJECkeClH9RxMrco5hrVGeSau7QX/Q=",
            "content_base64sha512": "Stm3LBJYmb8A5JnMiA8SH+Y5dGIcn7HsDK6ZGIioME6pSMpI0fuIGrvnVIL97n5ahSm36jOmzzzJLyq3gKlFxQ==",
            "content_md5": "529b80909d0579947bf3894c2900d967",
            "content_sha1": "be9d9653772186a9a904bcd1f7ea0f77e8741bf0",
            "content_sha256": "d8dd210e7e99679dc38242440a4782947f51c4cadca3986b5467926aeed05ff4",
            "content_sha512": "4ad9b72c125899bf00e499cc880f121fe63974621c9fb1ec0cae991888a8304ea948ca48d1fb881abbe75482fdee7e5a8529b7ea33a6cf3cc92f2ab780a945c5",
            "directory_permission": "0777",
            "file_permission": "0644",
            "filename": "./backend/backend_shared_azure_entra.tf",
            "id": "be9d9653772186a9a904bcd1f7ea0f77e8741bf0",
            "sensitive_content": null,
            "source": null
          },
          "sensitive_attributes": [
            [
              {
                "type": "get_attr",
                "value": "sensitive_content"
              }
            ]
          ],
          "identity_schema_version": 0,
          "dependencies": [
            "module.common_resources_staging.module.shared.module.terraform_state_backend_shared_azure_entra.aws_dynamodb_table.with_server_side_encryption",
            "module.common_resources_staging.module.shared.module.terraform_state_backend_shared_azure_entra.aws_s3_bucket.default",
            "module.common_resources_staging.module.shared.module.terraform_state_backend_shared_azure_entra.data.aws_region.current"
          ]
        }
      ]
    },
    {
      "module": "module.common_resources_staging.module.slack.module.terraform_state_backend_slack_shared",
      "mode": "data",
      "type": "aws_iam_policy_document",
      "name": "prevent_unencrypted_uploads",
      "provider": "provider[\"registry.terraform.io/hashicorp/aws\"]",
      "instances": [
        {
          "index_key": 0,
          "schema_version": 0,
          "attributes": {
            "id": "463642869",
            "json": "{\n  \"Version\": \"2012-10-17\",\n  \"Statement\": [\n    {\n      \"Sid\": \"DenyIncorrectEncryptionHeader\",\n      \"Effect\": \"Deny\",\n      \"Action\": \"s3:PutObject\",\n      \"Resource\": \"arn:aws:s3:::unityhub-production-slack-shared-terraform-state/*\",\n      \"Principal\": {\n        \"AWS\": \"*\"\n      },\n      \"Condition\": {\n        \"StringNotEquals\": {\n          \"s3:x-amz-server-side-encryption\": [\n            \"AES256\",\n            \"aws:kms\"\n          ]\n        }\n      }\n    },\n    {\n      \"Sid\": \"DenyUnEncryptedObjectUploads\",\n      \"Effect\": \"Deny\",\n      \"Action\": \"s3:PutObject\",\n      \"Resource\": \"arn:aws:s3:::unityhub-production-slack-shared-terraform-state/*\",\n      \"Principal\": {\n        \"AWS\": \"*\"\n      },\n      \"Condition\": {\n        \"Null\": {\n          \"s3:x-amz-server-side-encryption\": \"true\"\n        }\n      }\n    },\n    {\n      \"Sid\": \"EnforceTlsRequestsOnly\",\n      \"Effect\": \"Deny\",\n      \"Action\": \"s3:*\",\n      \"Resource\": [\n        \"arn:aws:s3:::unityhub-production-slack-shared-terraform-state/*\",\n        \"arn:aws:s3:::unityhub-production-slack-shared-terraform-state\"\n      ],\n      \"Principal\": {\n        \"AWS\": \"*\"\n      },\n      \"Condition\": {\n        \"Bool\": {\n          \"aws:SecureTransport\": \"false\"\n        }\n      }\n    }\n  ]\n}",
            "minified_json": "{\"Version\":\"2012-10-17\",\"Statement\":[{\"Sid\":\"DenyIncorrectEncryptionHeader\",\"Effect\":\"Deny\",\"Action\":\"s3:PutObject\",\"Resource\":\"arn:aws:s3:::unityhub-production-slack-shared-terraform-state/*\",\"Principal\":{\"AWS\":\"*\"},\"Condition\":{\"StringNotEquals\":{\"s3:x-amz-server-side-encryption\":[\"AES256\",\"aws:kms\"]}}},{\"Sid\":\"DenyUnEncryptedObjectUploads\",\"Effect\":\"Deny\",\"Action\":\"s3:PutObject\",\"Resource\":\"arn:aws:s3:::unityhub-production-slack-shared-terraform-state/*\",\"Principal\":{\"AWS\":\"*\"},\"Condition\":{\"Null\":{\"s3:x-amz-server-side-encryption\":\"true\"}}},{\"Sid\":\"EnforceTlsRequestsOnly\",\"Effect\":\"Deny\",\"Action\":\"s3:*\",\"Resource\":[\"arn:aws:s3:::unityhub-production-slack-shared-terraform-state/*\",\"arn:aws:s3:::unityhub-production-slack-shared-terraform-state\"],\"Principal\":{\"AWS\":\"*\"},\"Condition\":{\"Bool\":{\"aws:SecureTransport\":\"false\"}}}]}",
            "override_json": null,
            "override_policy_documents": null,
            "policy_id": null,
            "source_json": null,
            "source_policy_documents": null,
            "statement": [
              {
                "actions": [
                  "s3:PutObject"
                ],
                "condition": [
                  {
                    "test": "StringNotEquals",
                    "values": [
                      "AES256",
                      "aws:kms"
                    ],
                    "variable": "s3:x-amz-server-side-encryption"
                  }
                ],
                "effect": "Deny",
                "not_actions": [],
                "not_principals": [],
                "not_resources": [],
                "principals": [
                  {
                    "identifiers": [
                      "*"
                    ],
                    "type": "AWS"
                  }
                ],
                "resources": [
                  "arn:aws:s3:::unityhub-production-slack-shared-terraform-state/*"
                ],
                "sid": "DenyIncorrectEncryptionHeader"
              },
              {
                "actions": [
                  "s3:PutObject"
                ],
                "condition": [
                  {
                    "test": "Null",
                    "values": [
                      "true"
                    ],
                    "variable": "s3:x-amz-server-side-encryption"
                  }
                ],
                "effect": "Deny",
                "not_actions": [],
                "not_principals": [],
                "not_resources": [],
                "principals": [
                  {
                    "identifiers": [
                      "*"
                    ],
                    "type": "AWS"
                  }
                ],
                "resources": [
                  "arn:aws:s3:::unityhub-production-slack-shared-terraform-state/*"
                ],
                "sid": "DenyUnEncryptedObjectUploads"
              },
              {
                "actions": [
                  "s3:*"
                ],
                "condition": [
                  {
                    "test": "Bool",
                    "values": [
                      "false"
                    ],
                    "variable": "aws:SecureTransport"
                  }
                ],
                "effect": "Deny",
                "not_actions": [],
                "not_principals": [],
                "not_resources": [],
                "principals": [
                  {
                    "identifiers": [
                      "*"
                    ],
                    "type": "AWS"
                  }
                ],
                "resources": [
                  "arn:aws:s3:::unityhub-production-slack-shared-terraform-state",
                  "arn:aws:s3:::unityhub-production-slack-shared-terraform-state/*"
                ],
                "sid": "EnforceTlsRequestsOnly"
              }
            ],
            "version": "2012-10-17"
          },
          "sensitive_attributes": [],
          "identity_schema_version": 0
        }
      ]
    },
    {
      "module": "module.common_resources_staging.module.slack.module.terraform_state_backend_slack_shared",
      "mode": "data",
      "type": "aws_region",
      "name": "current",
      "provider": "provider[\"registry.terraform.io/hashicorp/aws\"]",
      "instances": [
        {
          "schema_version": 0,
          "attributes": {
            "description": "US East (N. Virginia)",
            "endpoint": "ec2.us-east-1.amazonaws.com",
            "id": "us-east-1",
            "name": "us-east-1"
          },
          "sensitive_attributes": [],
          "identity_schema_version": 0
        }
      ]
    },
    {
      "module": "module.common_resources_staging.module.slack.module.terraform_state_backend_slack_shared",
      "mode": "managed",
      "type": "aws_dynamodb_table",
      "name": "with_server_side_encryption",
      "provider": "provider[\"registry.terraform.io/hashicorp/aws\"]",
      "instances": [
        {
          "index_key": 0,
          "schema_version": 1,
          "attributes": {
            "arn": "arn:aws:dynamodb:us-east-1:514472330244:table/unityhub-production-slack-shared-terraform-state-lock",
            "attribute": [
              {
                "name": "LockID",
                "type": "S"
              }
            ],
            "billing_mode": "PAY_PER_REQUEST",
            "deletion_protection_enabled": false,
            "global_secondary_index": [],
            "hash_key": "LockID",
            "id": "unityhub-production-slack-shared-terraform-state-lock",
            "import_table": [],
            "local_secondary_index": [],
            "name": "unityhub-production-slack-shared-terraform-state-lock",
            "on_demand_throughput": [],
            "point_in_time_recovery": [
              {
                "enabled": true,
                "recovery_period_in_days": 35
              }
            ],
            "range_key": null,
            "read_capacity": 0,
            "replica": [],
            "restore_date_time": null,
            "restore_source_name": null,
            "restore_source_table_arn": null,
            "restore_to_latest_time": null,
            "server_side_encryption": [
              {
                "enabled": true,
                "kms_key_arn": ""
              }
            ],
            "stream_arn": "",
            "stream_enabled": false,
            "stream_label": "",
            "stream_view_type": "",
            "table_class": "STANDARD",
            "tags": {
              "Attributes": "terraform-state-lock",
              "Name": "unityhub-production-slack-shared-terraform-state-lock",
              "Namespace": "unityhub",
              "Stage": "production"
            },
            "tags_all": {
              "Attributes": "terraform-state-lock",
              "Name": "unityhub-production-slack-shared-terraform-state-lock",
              "Namespace": "unityhub",
              "Stage": "production"
            },
            "timeouts": null,
            "ttl": [
              {
                "attribute_name": "",
                "enabled": false
              }
            ],
            "write_capacity": 0
          },
          "sensitive_attributes": [],
          "identity_schema_version": 0,
          "private": "eyJlMmJmYjczMC1lY2FhLTExZTYtOGY4OC0zNDM2M2JjN2M0YzAiOnsiY3JlYXRlIjoxODAwMDAwMDAwMDAwLCJkZWxldGUiOjYwMDAwMDAwMDAwMCwidXBkYXRlIjozNjAwMDAwMDAwMDAwfSwic2NoZW1hX3ZlcnNpb24iOiIxIn0="
        }
      ]
    },
    {
      "module": "module.common_resources_staging.module.slack.module.terraform_state_backend_slack_shared",
      "mode": "managed",
      "type": "aws_s3_bucket",
      "name": "default",
      "provider": "provider[\"registry.terraform.io/hashicorp/aws\"]",
      "instances": [
        {
          "index_key": 0,
          "schema_version": 0,
          "attributes": {
            "acceleration_status": "",
            "acl": null,
            "arn": "arn:aws:s3:::unityhub-production-slack-shared-terraform-state",
            "bucket": "unityhub-production-slack-shared-terraform-state",
            "bucket_domain_name": "unityhub-production-slack-shared-terraform-state.s3.amazonaws.com",
            "bucket_prefix": "",
            "bucket_regional_domain_name": "unityhub-production-slack-shared-terraform-state.s3.us-east-1.amazonaws.com",
            "cors_rule": [],
            "force_destroy": true,
            "grant": [
              {
                "id": "bea86176a486e69a83b4227063efa3be9eb4b243551739d81a6a4b41ec8b3461",
                "permissions": [
                  "FULL_CONTROL"
                ],
                "type": "CanonicalUser",
                "uri": ""
              }
            ],
            "hosted_zone_id": "Z3AQBSTGFYJSTF",
            "id": "unityhub-production-slack-shared-terraform-state",
            "lifecycle_rule": [],
            "logging": [],
            "object_lock_configuration": [],
            "object_lock_enabled": false,
            "policy": "{\"Statement\":[{\"Action\":\"s3:PutObject\",\"Condition\":{\"StringNotEquals\":{\"s3:x-amz-server-side-encryption\":[\"AES256\",\"aws:kms\"]}},\"Effect\":\"Deny\",\"Principal\":{\"AWS\":\"*\"},\"Resource\":\"arn:aws:s3:::unityhub-production-slack-shared-terraform-state/*\",\"Sid\":\"DenyIncorrectEncryptionHeader\"},{\"Action\":\"s3:PutObject\",\"Condition\":{\"Null\":{\"s3:x-amz-server-side-encryption\":\"true\"}},\"Effect\":\"Deny\",\"Principal\":{\"AWS\":\"*\"},\"Resource\":\"arn:aws:s3:::unityhub-production-slack-shared-terraform-state/*\",\"Sid\":\"DenyUnEncryptedObjectUploads\"},{\"Action\":\"s3:*\",\"Condition\":{\"Bool\":{\"aws:SecureTransport\":\"false\"}},\"Effect\":\"Deny\",\"Principal\":{\"AWS\":\"*\"},\"Resource\":[\"arn:aws:s3:::unityhub-production-slack-shared-terraform-state/*\",\"arn:aws:s3:::unityhub-production-slack-shared-terraform-state\"],\"Sid\":\"EnforceTlsRequestsOnly\"}],\"Version\":\"2012-10-17\"}",
            "region": "us-east-1",
            "replication_configuration": [],
            "request_payer": "BucketOwner",
            "server_side_encryption_configuration": [
              {
                "rule": [
                  {
                    "apply_server_side_encryption_by_default": [
                      {
                        "kms_master_key_id": "",
                        "sse_algorithm": "AES256"
                      }
                    ],
                    "bucket_key_enabled": false
                  }
                ]
              }
            ],
            "tags": {
              "Attributes": "terraform-state",
              "Name": "unityhub-production-slack-shared-terraform-state",
              "Namespace": "unityhub",
              "Stage": "production"
            },
            "tags_all": {
              "Attributes": "terraform-state",
              "Name": "unityhub-production-slack-shared-terraform-state",
              "Namespace": "unityhub",
              "Stage": "production"
            },
            "timeouts": null,
            "versioning": [
              {
                "enabled": true,
                "mfa_delete": false
              }
            ],
            "website": [],
            "website_domain": null,
            "website_endpoint": null
          },
          "sensitive_attributes": [],
          "identity_schema_version": 0,
          "private": "eyJlMmJmYjczMC1lY2FhLTExZTYtOGY4OC0zNDM2M2JjN2M0YzAiOnsiY3JlYXRlIjoxMjAwMDAwMDAwMDAwLCJkZWxldGUiOjM2MDAwMDAwMDAwMDAsInJlYWQiOjEyMDAwMDAwMDAwMDAsInVwZGF0ZSI6MTIwMDAwMDAwMDAwMH19"
        }
      ]
    },
    {
      "module": "module.common_resources_staging.module.slack.module.terraform_state_backend_slack_shared",
      "mode": "managed",
      "type": "aws_s3_bucket_ownership_controls",
      "name": "default",
      "provider": "provider[\"registry.terraform.io/hashicorp/aws\"]",
      "instances": [
        {
          "index_key": 0,
          "schema_version": 0,
          "attributes": {
            "bucket": "unityhub-production-slack-shared-terraform-state",
            "id": "unityhub-production-slack-shared-terraform-state",
            "rule": [
              {
                "object_ownership": "BucketOwnerEnforced"
              }
            ]
          },
          "sensitive_attributes": [],
          "identity_schema_version": 0,
          "private": "bnVsbA==",
          "dependencies": [
            "module.common_resources_staging.module.slack.module.terraform_state_backend_slack_shared.aws_s3_bucket.default"
          ]
        }
      ]
    },
    {
      "module": "module.common_resources_staging.module.slack.module.terraform_state_backend_slack_shared",
      "mode": "managed",
      "type": "aws_s3_bucket_policy",
      "name": "default",
      "provider": "provider[\"registry.terraform.io/hashicorp/aws\"]",
      "instances": [
        {
          "index_key": 0,
          "schema_version": 0,
          "attributes": {
            "bucket": "unityhub-production-slack-shared-terraform-state",
            "id": "unityhub-production-slack-shared-terraform-state",
            "policy": "{\"Statement\":[{\"Action\":\"s3:PutObject\",\"Condition\":{\"StringNotEquals\":{\"s3:x-amz-server-side-encryption\":[\"AES256\",\"aws:kms\"]}},\"Effect\":\"Deny\",\"Principal\":{\"AWS\":\"*\"},\"Resource\":\"arn:aws:s3:::unityhub-production-slack-shared-terraform-state/*\",\"Sid\":\"DenyIncorrectEncryptionHeader\"},{\"Action\":\"s3:PutObject\",\"Condition\":{\"Null\":{\"s3:x-amz-server-side-encryption\":\"true\"}},\"Effect\":\"Deny\",\"Principal\":{\"AWS\":\"*\"},\"Resource\":\"arn:aws:s3:::unityhub-production-slack-shared-terraform-state/*\",\"Sid\":\"DenyUnEncryptedObjectUploads\"},{\"Action\":\"s3:*\",\"Condition\":{\"Bool\":{\"aws:SecureTransport\":\"false\"}},\"Effect\":\"Deny\",\"Principal\":{\"AWS\":\"*\"},\"Resource\":[\"arn:aws:s3:::unityhub-production-slack-shared-terraform-state/*\",\"arn:aws:s3:::unityhub-production-slack-shared-terraform-state\"],\"Sid\":\"EnforceTlsRequestsOnly\"}],\"Version\":\"2012-10-17\"}"
          },
          "sensitive_attributes": [],
          "identity_schema_version": 0,
          "private": "bnVsbA==",
          "dependencies": [
            "module.common_resources_staging.module.slack.module.terraform_state_backend_slack_shared.aws_s3_bucket.default",
            "module.common_resources_staging.module.slack.module.terraform_state_backend_slack_shared.data.aws_iam_policy_document.prevent_unencrypted_uploads"
          ]
        }
      ]
    },
    {
      "module": "module.common_resources_staging.module.slack.module.terraform_state_backend_slack_shared",
      "mode": "managed",
      "type": "aws_s3_bucket_public_access_block",
      "name": "default",
      "provider": "provider[\"registry.terraform.io/hashicorp/aws\"]",
      "instances": [
        {
          "index_key": 0,
          "schema_version": 0,
          "attributes": {
            "block_public_acls": true,
            "block_public_policy": true,
            "bucket": "unityhub-production-slack-shared-terraform-state",
            "id": "unityhub-production-slack-shared-terraform-state",
            "ignore_public_acls": true,
            "restrict_public_buckets": true
          },
          "sensitive_attributes": [],
          "identity_schema_version": 0,
          "private": "bnVsbA==",
          "dependencies": [
            "module.common_resources_staging.module.slack.module.terraform_state_backend_slack_shared.aws_s3_bucket.default"
          ]
        }
      ]
    },
    {
      "module": "module.common_resources_staging.module.slack.module.terraform_state_backend_slack_shared",
      "mode": "managed",
      "type": "aws_s3_bucket_server_side_encryption_configuration",
      "name": "default",
      "provider": "provider[\"registry.terraform.io/hashicorp/aws\"]",
      "instances": [
        {
          "index_key": 0,
          "schema_version": 0,
          "attributes": {
            "bucket": "unityhub-production-slack-shared-terraform-state",
            "expected_bucket_owner": "",
            "id": "unityhub-production-slack-shared-terraform-state",
            "rule": [
              {
                "apply_server_side_encryption_by_default": [
                  {
                    "kms_master_key_id": "",
                    "sse_algorithm": "AES256"
                  }
                ],
                "bucket_key_enabled": false
              }
            ]
          },
          "sensitive_attributes": [],
          "identity_schema_version": 0,
          "private": "bnVsbA==",
          "dependencies": [
            "module.common_resources_staging.module.slack.module.terraform_state_backend_slack_shared.aws_s3_bucket.default"
          ]
        }
      ]
    },
    {
      "module": "module.common_resources_staging.module.slack.module.terraform_state_backend_slack_shared",
      "mode": "managed",
      "type": "aws_s3_bucket_versioning",
      "name": "default",
      "provider": "provider[\"registry.terraform.io/hashicorp/aws\"]",
      "instances": [
        {
          "index_key": 0,
          "schema_version": 0,
          "attributes": {
            "bucket": "unityhub-production-slack-shared-terraform-state",
            "expected_bucket_owner": "",
            "id": "unityhub-production-slack-shared-terraform-state",
            "mfa": null,
            "versioning_configuration": [
              {
                "mfa_delete": "Disabled",
                "status": "Enabled"
              }
            ]
          },
          "sensitive_attributes": [],
          "identity_schema_version": 0,
          "private": "bnVsbA==",
          "dependencies": [
            "module.common_resources_staging.module.slack.module.terraform_state_backend_slack_shared.aws_s3_bucket.default"
          ]
        }
      ]
    },
    {
      "module": "module.common_resources_staging.module.slack.module.terraform_state_backend_slack_shared",
      "mode": "managed",
      "type": "local_file",
      "name": "terraform_backend_config",
      "provider": "provider[\"registry.terraform.io/hashicorp/local\"]",
      "instances": [
        {
          "index_key": 0,
          "schema_version": 0,
          "attributes": {
            "content": "terraform {\n  required_version = \"\u003e= 1.0.0\"\n\n  backend \"s3\" {\n    region         = \"us-east-1\"\n    bucket         = \"unityhub-production-slack-shared-terraform-state\"\n    key            = \"terraform.tfstate\"\n    dynamodb_table = \"unityhub-production-slack-shared-terraform-state-lock\"\n    profile        = \"\"\n    role_arn       = \"\"\n    encrypt        = \"true\"\n  }\n}\n",
            "content_base64": null,
            "content_base64sha256": "xWcG29GYpPFf1Q83ghJfrhM84xS+W1KCM44yFLUwM6s=",
            "content_base64sha512": "yPM3CZdG0vgBI9Hcb/v2m4ZxcQNyYTdI71wfMW5Kpd1tbIl5pDCzvifxwWe6QaH1F8QeEbAhRgHQ2qlqcvvRgQ==",
            "content_md5": "e65a9b58cd3fb95a9575a096b25837f9",
            "content_sha1": "4e6d8c1dd83d7e6f9abe89c6496ab89e47116f25",
            "content_sha256": "c56706dbd198a4f15fd50f3782125fae133ce314be5b5282338e3214b53033ab",
            "content_sha512": "c8f337099746d2f80123d1dc6ffbf69b8671710372613748ef5c1f316e4aa5dd6d6c8979a430b3be27f1c167ba41a1f517c41e11b0214601d0daa96a72fbd181",
            "directory_permission": "0777",
            "file_permission": "0644",
            "filename": "./backend/backend_slack_shared.tf",
            "id": "4e6d8c1dd83d7e6f9abe89c6496ab89e47116f25",
            "sensitive_content": null,
            "source": null
          },
          "sensitive_attributes": [
            [
              {
                "type": "get_attr",
                "value": "sensitive_content"
              }
            ]
          ],
          "identity_schema_version": 0,
          "dependencies": [
            "module.common_resources_staging.module.slack.module.terraform_state_backend_slack_shared.aws_dynamodb_table.with_server_side_encryption",
            "module.common_resources_staging.module.slack.module.terraform_state_backend_slack_shared.aws_s3_bucket.default",
            "module.common_resources_staging.module.slack.module.terraform_state_backend_slack_shared.data.aws_region.current"
          ]
        }
      ]
    },
    {
      "module": "module.common_resources_staging.module.team.module.terraform_state_backend_team_shared",
      "mode": "data",
      "type": "aws_iam_policy_document",
      "name": "prevent_unencrypted_uploads",
      "provider": "provider[\"registry.terraform.io/hashicorp/aws\"]",
      "instances": [
        {
          "index_key": 0,
          "schema_version": 0,
          "attributes": {
            "id": "3933970038",
            "json": "{\n  \"Version\": \"2012-10-17\",\n  \"Statement\": [\n    {\n      \"Sid\": \"DenyIncorrectEncryptionHeader\",\n      \"Effect\": \"Deny\",\n      \"Action\": \"s3:PutObject\",\n      \"Resource\": \"arn:aws:s3:::unityhub-production-team-shared-terraform-state/*\",\n      \"Principal\": {\n        \"AWS\": \"*\"\n      },\n      \"Condition\": {\n        \"StringNotEquals\": {\n          \"s3:x-amz-server-side-encryption\": [\n            \"AES256\",\n            \"aws:kms\"\n          ]\n        }\n      }\n    },\n    {\n      \"Sid\": \"DenyUnEncryptedObjectUploads\",\n      \"Effect\": \"Deny\",\n      \"Action\": \"s3:PutObject\",\n      \"Resource\": \"arn:aws:s3:::unityhub-production-team-shared-terraform-state/*\",\n      \"Principal\": {\n        \"AWS\": \"*\"\n      },\n      \"Condition\": {\n        \"Null\": {\n          \"s3:x-amz-server-side-encryption\": \"true\"\n        }\n      }\n    },\n    {\n      \"Sid\": \"EnforceTlsRequestsOnly\",\n      \"Effect\": \"Deny\",\n      \"Action\": \"s3:*\",\n      \"Resource\": [\n        \"arn:aws:s3:::unityhub-production-team-shared-terraform-state/*\",\n        \"arn:aws:s3:::unityhub-production-team-shared-terraform-state\"\n      ],\n      \"Principal\": {\n        \"AWS\": \"*\"\n      },\n      \"Condition\": {\n        \"Bool\": {\n          \"aws:SecureTransport\": \"false\"\n        }\n      }\n    }\n  ]\n}",
            "minified_json": "{\"Version\":\"2012-10-17\",\"Statement\":[{\"Sid\":\"DenyIncorrectEncryptionHeader\",\"Effect\":\"Deny\",\"Action\":\"s3:PutObject\",\"Resource\":\"arn:aws:s3:::unityhub-production-team-shared-terraform-state/*\",\"Principal\":{\"AWS\":\"*\"},\"Condition\":{\"StringNotEquals\":{\"s3:x-amz-server-side-encryption\":[\"AES256\",\"aws:kms\"]}}},{\"Sid\":\"DenyUnEncryptedObjectUploads\",\"Effect\":\"Deny\",\"Action\":\"s3:PutObject\",\"Resource\":\"arn:aws:s3:::unityhub-production-team-shared-terraform-state/*\",\"Principal\":{\"AWS\":\"*\"},\"Condition\":{\"Null\":{\"s3:x-amz-server-side-encryption\":\"true\"}}},{\"Sid\":\"EnforceTlsRequestsOnly\",\"Effect\":\"Deny\",\"Action\":\"s3:*\",\"Resource\":[\"arn:aws:s3:::unityhub-production-team-shared-terraform-state/*\",\"arn:aws:s3:::unityhub-production-team-shared-terraform-state\"],\"Principal\":{\"AWS\":\"*\"},\"Condition\":{\"Bool\":{\"aws:SecureTransport\":\"false\"}}}]}",
            "override_json": null,
            "override_policy_documents": null,
            "policy_id": null,
            "source_json": null,
            "source_policy_documents": null,
            "statement": [
              {
                "actions": [
                  "s3:PutObject"
                ],
                "condition": [
                  {
                    "test": "StringNotEquals",
                    "values": [
                      "AES256",
                      "aws:kms"
                    ],
                    "variable": "s3:x-amz-server-side-encryption"
                  }
                ],
                "effect": "Deny",
                "not_actions": [],
                "not_principals": [],
                "not_resources": [],
                "principals": [
                  {
                    "identifiers": [
                      "*"
                    ],
                    "type": "AWS"
                  }
                ],
                "resources": [
                  "arn:aws:s3:::unityhub-production-team-shared-terraform-state/*"
                ],
                "sid": "DenyIncorrectEncryptionHeader"
              },
              {
                "actions": [
                  "s3:PutObject"
                ],
                "condition": [
                  {
                    "test": "Null",
                    "values": [
                      "true"
                    ],
                    "variable": "s3:x-amz-server-side-encryption"
                  }
                ],
                "effect": "Deny",
                "not_actions": [],
                "not_principals": [],
                "not_resources": [],
                "principals": [
                  {
                    "identifiers": [
                      "*"
                    ],
                    "type": "AWS"
                  }
                ],
                "resources": [
                  "arn:aws:s3:::unityhub-production-team-shared-terraform-state/*"
                ],
                "sid": "DenyUnEncryptedObjectUploads"
              },
              {
                "actions": [
                  "s3:*"
                ],
                "condition": [
                  {
                    "test": "Bool",
                    "values": [
                      "false"
                    ],
                    "variable": "aws:SecureTransport"
                  }
                ],
                "effect": "Deny",
                "not_actions": [],
                "not_principals": [],
                "not_resources": [],
                "principals": [
                  {
                    "identifiers": [
                      "*"
                    ],
                    "type": "AWS"
                  }
                ],
                "resources": [
                  "arn:aws:s3:::unityhub-production-team-shared-terraform-state",
                  "arn:aws:s3:::unityhub-production-team-shared-terraform-state/*"
                ],
                "sid": "EnforceTlsRequestsOnly"
              }
            ],
            "version": "2012-10-17"
          },
          "sensitive_attributes": [],
          "identity_schema_version": 0
        }
      ]
    },
    {
      "module": "module.common_resources_staging.module.team.module.terraform_state_backend_team_shared",
      "mode": "data",
      "type": "aws_region",
      "name": "current",
      "provider": "provider[\"registry.terraform.io/hashicorp/aws\"]",
      "instances": [
        {
          "schema_version": 0,
          "attributes": {
            "description": "US East (N. Virginia)",
            "endpoint": "ec2.us-east-1.amazonaws.com",
            "id": "us-east-1",
            "name": "us-east-1"
          },
          "sensitive_attributes": [],
          "identity_schema_version": 0
        }
      ]
    },
    {
      "module": "module.common_resources_staging.module.team.module.terraform_state_backend_team_shared",
      "mode": "managed",
      "type": "aws_dynamodb_table",
      "name": "with_server_side_encryption",
      "provider": "provider[\"registry.terraform.io/hashicorp/aws\"]",
      "instances": [
        {
          "index_key": 0,
          "schema_version": 1,
          "attributes": {
            "arn": "arn:aws:dynamodb:us-east-1:514472330244:table/unityhub-production-team-shared-terraform-state-lock",
            "attribute": [
              {
                "name": "LockID",
                "type": "S"
              }
            ],
            "billing_mode": "PAY_PER_REQUEST",
            "deletion_protection_enabled": false,
            "global_secondary_index": [],
            "hash_key": "LockID",
            "id": "unityhub-production-team-shared-terraform-state-lock",
            "import_table": [],
            "local_secondary_index": [],
            "name": "unityhub-production-team-shared-terraform-state-lock",
            "on_demand_throughput": [],
            "point_in_time_recovery": [
              {
                "enabled": true,
                "recovery_period_in_days": 35
              }
            ],
            "range_key": null,
            "read_capacity": 0,
            "replica": [],
            "restore_date_time": null,
            "restore_source_name": null,
            "restore_source_table_arn": null,
            "restore_to_latest_time": null,
            "server_side_encryption": [
              {
                "enabled": true,
                "kms_key_arn": ""
              }
            ],
            "stream_arn": "",
            "stream_enabled": false,
            "stream_label": "",
            "stream_view_type": "",
            "table_class": "STANDARD",
            "tags": {
              "Attributes": "terraform-state-lock",
              "Name": "unityhub-production-team-shared-terraform-state-lock",
              "Namespace": "unityhub",
              "Stage": "production"
            },
            "tags_all": {
              "Attributes": "terraform-state-lock",
              "Name": "unityhub-production-team-shared-terraform-state-lock",
              "Namespace": "unityhub",
              "Stage": "production"
            },
            "timeouts": null,
            "ttl": [
              {
                "attribute_name": "",
                "enabled": false
              }
            ],
            "write_capacity": 0
          },
          "sensitive_attributes": [],
          "identity_schema_version": 0,
          "private": "eyJlMmJmYjczMC1lY2FhLTExZTYtOGY4OC0zNDM2M2JjN2M0YzAiOnsiY3JlYXRlIjoxODAwMDAwMDAwMDAwLCJkZWxldGUiOjYwMDAwMDAwMDAwMCwidXBkYXRlIjozNjAwMDAwMDAwMDAwfSwic2NoZW1hX3ZlcnNpb24iOiIxIn0="
        }
      ]
    },
    {
      "module": "module.common_resources_staging.module.team.module.terraform_state_backend_team_shared",
      "mode": "managed",
      "type": "aws_s3_bucket",
      "name": "default",
      "provider": "provider[\"registry.terraform.io/hashicorp/aws\"]",
      "instances": [
        {
          "index_key": 0,
          "schema_version": 0,
          "attributes": {
            "acceleration_status": "",
            "acl": null,
            "arn": "arn:aws:s3:::unityhub-production-team-shared-terraform-state",
            "bucket": "unityhub-production-team-shared-terraform-state",
            "bucket_domain_name": "unityhub-production-team-shared-terraform-state.s3.amazonaws.com",
            "bucket_prefix": "",
            "bucket_regional_domain_name": "unityhub-production-team-shared-terraform-state.s3.us-east-1.amazonaws.com",
            "cors_rule": [],
            "force_destroy": true,
            "grant": [
              {
                "id": "bea86176a486e69a83b4227063efa3be9eb4b243551739d81a6a4b41ec8b3461",
                "permissions": [
                  "FULL_CONTROL"
                ],
                "type": "CanonicalUser",
                "uri": ""
              }
            ],
            "hosted_zone_id": "Z3AQBSTGFYJSTF",
            "id": "unityhub-production-team-shared-terraform-state",
            "lifecycle_rule": [],
            "logging": [],
            "object_lock_configuration": [],
            "object_lock_enabled": false,
            "policy": "{\"Statement\":[{\"Action\":\"s3:PutObject\",\"Condition\":{\"StringNotEquals\":{\"s3:x-amz-server-side-encryption\":[\"AES256\",\"aws:kms\"]}},\"Effect\":\"Deny\",\"Principal\":{\"AWS\":\"*\"},\"Resource\":\"arn:aws:s3:::unityhub-production-team-shared-terraform-state/*\",\"Sid\":\"DenyIncorrectEncryptionHeader\"},{\"Action\":\"s3:PutObject\",\"Condition\":{\"Null\":{\"s3:x-amz-server-side-encryption\":\"true\"}},\"Effect\":\"Deny\",\"Principal\":{\"AWS\":\"*\"},\"Resource\":\"arn:aws:s3:::unityhub-production-team-shared-terraform-state/*\",\"Sid\":\"DenyUnEncryptedObjectUploads\"},{\"Action\":\"s3:*\",\"Condition\":{\"Bool\":{\"aws:SecureTransport\":\"false\"}},\"Effect\":\"Deny\",\"Principal\":{\"AWS\":\"*\"},\"Resource\":[\"arn:aws:s3:::unityhub-production-team-shared-terraform-state/*\",\"arn:aws:s3:::unityhub-production-team-shared-terraform-state\"],\"Sid\":\"EnforceTlsRequestsOnly\"}],\"Version\":\"2012-10-17\"}",
            "region": "us-east-1",
            "replication_configuration": [],
            "request_payer": "BucketOwner",
            "server_side_encryption_configuration": [
              {
                "rule": [
                  {
                    "apply_server_side_encryption_by_default": [
                      {
                        "kms_master_key_id": "",
                        "sse_algorithm": "AES256"
                      }
                    ],
                    "bucket_key_enabled": false
                  }
                ]
              }
            ],
            "tags": {
              "Attributes": "terraform-state",
              "Name": "unityhub-production-team-shared-terraform-state",
              "Namespace": "unityhub",
              "Stage": "production"
            },
            "tags_all": {
              "Attributes": "terraform-state",
              "Name": "unityhub-production-team-shared-terraform-state",
              "Namespace": "unityhub",
              "Stage": "production"
            },
            "timeouts": null,
            "versioning": [
              {
                "enabled": true,
                "mfa_delete": false
              }
            ],
            "website": [],
            "website_domain": null,
            "website_endpoint": null
          },
          "sensitive_attributes": [],
          "identity_schema_version": 0,
          "private": "eyJlMmJmYjczMC1lY2FhLTExZTYtOGY4OC0zNDM2M2JjN2M0YzAiOnsiY3JlYXRlIjoxMjAwMDAwMDAwMDAwLCJkZWxldGUiOjM2MDAwMDAwMDAwMDAsInJlYWQiOjEyMDAwMDAwMDAwMDAsInVwZGF0ZSI6MTIwMDAwMDAwMDAwMH19"
        }
      ]
    },
    {
      "module": "module.common_resources_staging.module.team.module.terraform_state_backend_team_shared",
      "mode": "managed",
      "type": "aws_s3_bucket_ownership_controls",
      "name": "default",
      "provider": "provider[\"registry.terraform.io/hashicorp/aws\"]",
      "instances": [
        {
          "index_key": 0,
          "schema_version": 0,
          "attributes": {
            "bucket": "unityhub-production-team-shared-terraform-state",
            "id": "unityhub-production-team-shared-terraform-state",
            "rule": [
              {
                "object_ownership": "BucketOwnerEnforced"
              }
            ]
          },
          "sensitive_attributes": [],
          "identity_schema_version": 0,
          "private": "bnVsbA==",
          "dependencies": [
            "module.common_resources_staging.module.team.module.terraform_state_backend_team_shared.aws_s3_bucket.default"
          ]
        }
      ]
    },
    {
      "module": "module.common_resources_staging.module.team.module.terraform_state_backend_team_shared",
      "mode": "managed",
      "type": "aws_s3_bucket_policy",
      "name": "default",
      "provider": "provider[\"registry.terraform.io/hashicorp/aws\"]",
      "instances": [
        {
          "index_key": 0,
          "schema_version": 0,
          "attributes": {
            "bucket": "unityhub-production-team-shared-terraform-state",
            "id": "unityhub-production-team-shared-terraform-state",
            "policy": "{\"Statement\":[{\"Action\":\"s3:PutObject\",\"Condition\":{\"StringNotEquals\":{\"s3:x-amz-server-side-encryption\":[\"AES256\",\"aws:kms\"]}},\"Effect\":\"Deny\",\"Principal\":{\"AWS\":\"*\"},\"Resource\":\"arn:aws:s3:::unityhub-production-team-shared-terraform-state/*\",\"Sid\":\"DenyIncorrectEncryptionHeader\"},{\"Action\":\"s3:PutObject\",\"Condition\":{\"Null\":{\"s3:x-amz-server-side-encryption\":\"true\"}},\"Effect\":\"Deny\",\"Principal\":{\"AWS\":\"*\"},\"Resource\":\"arn:aws:s3:::unityhub-production-team-shared-terraform-state/*\",\"Sid\":\"DenyUnEncryptedObjectUploads\"},{\"Action\":\"s3:*\",\"Condition\":{\"Bool\":{\"aws:SecureTransport\":\"false\"}},\"Effect\":\"Deny\",\"Principal\":{\"AWS\":\"*\"},\"Resource\":[\"arn:aws:s3:::unityhub-production-team-shared-terraform-state/*\",\"arn:aws:s3:::unityhub-production-team-shared-terraform-state\"],\"Sid\":\"EnforceTlsRequestsOnly\"}],\"Version\":\"2012-10-17\"}"
          },
          "sensitive_attributes": [],
          "identity_schema_version": 0,
          "private": "bnVsbA==",
          "dependencies": [
            "module.common_resources_staging.module.team.module.terraform_state_backend_team_shared.aws_s3_bucket.default",
            "module.common_resources_staging.module.team.module.terraform_state_backend_team_shared.data.aws_iam_policy_document.prevent_unencrypted_uploads"
          ]
        }
      ]
    },
    {
      "module": "module.common_resources_staging.module.team.module.terraform_state_backend_team_shared",
      "mode": "managed",
      "type": "aws_s3_bucket_public_access_block",
      "name": "default",
      "provider": "provider[\"registry.terraform.io/hashicorp/aws\"]",
      "instances": [
        {
          "index_key": 0,
          "schema_version": 0,
          "attributes": {
            "block_public_acls": true,
            "block_public_policy": true,
            "bucket": "unityhub-production-team-shared-terraform-state",
            "id": "unityhub-production-team-shared-terraform-state",
            "ignore_public_acls": true,
            "restrict_public_buckets": true
          },
          "sensitive_attributes": [],
          "identity_schema_version": 0,
          "private": "bnVsbA==",
          "dependencies": [
            "module.common_resources_staging.module.team.module.terraform_state_backend_team_shared.aws_s3_bucket.default"
          ]
        }
      ]
    },
    {
      "module": "module.common_resources_staging.module.team.module.terraform_state_backend_team_shared",
      "mode": "managed",
      "type": "aws_s3_bucket_server_side_encryption_configuration",
      "name": "default",
      "provider": "provider[\"registry.terraform.io/hashicorp/aws\"]",
      "instances": [
        {
          "index_key": 0,
          "schema_version": 0,
          "attributes": {
            "bucket": "unityhub-production-team-shared-terraform-state",
            "expected_bucket_owner": "",
            "id": "unityhub-production-team-shared-terraform-state",
            "rule": [
              {
                "apply_server_side_encryption_by_default": [
                  {
                    "kms_master_key_id": "",
                    "sse_algorithm": "AES256"
                  }
                ],
                "bucket_key_enabled": false
              }
            ]
          },
          "sensitive_attributes": [],
          "identity_schema_version": 0,
          "private": "bnVsbA==",
          "dependencies": [
            "module.common_resources_staging.module.team.module.terraform_state_backend_team_shared.aws_s3_bucket.default"
          ]
        }
      ]
    },
    {
      "module": "module.common_resources_staging.module.team.module.terraform_state_backend_team_shared",
      "mode": "managed",
      "type": "aws_s3_bucket_versioning",
      "name": "default",
      "provider": "provider[\"registry.terraform.io/hashicorp/aws\"]",
      "instances": [
        {
          "index_key": 0,
          "schema_version": 0,
          "attributes": {
            "bucket": "unityhub-production-team-shared-terraform-state",
            "expected_bucket_owner": "",
            "id": "unityhub-production-team-shared-terraform-state",
            "mfa": null,
            "versioning_configuration": [
              {
                "mfa_delete": "Disabled",
                "status": "Enabled"
              }
            ]
          },
          "sensitive_attributes": [],
          "identity_schema_version": 0,
          "private": "bnVsbA==",
          "dependencies": [
            "module.common_resources_staging.module.team.module.terraform_state_backend_team_shared.aws_s3_bucket.default"
          ]
        }
      ]
    },
    {
      "module": "module.common_resources_staging.module.team.module.terraform_state_backend_team_shared",
      "mode": "managed",
      "type": "local_file",
      "name": "terraform_backend_config",
      "provider": "provider[\"registry.terraform.io/hashicorp/local\"]",
      "instances": [
        {
          "index_key": 0,
          "schema_version": 0,
          "attributes": {
            "content": "terraform {\n  required_version = \"\u003e= 1.0.0\"\n\n  backend \"s3\" {\n    region         = \"us-east-1\"\n    bucket         = \"unityhub-production-team-shared-terraform-state\"\n    key            = \"terraform.tfstate\"\n    dynamodb_table = \"unityhub-production-team-shared-terraform-state-lock\"\n    profile        = \"\"\n    role_arn       = \"\"\n    encrypt        = \"true\"\n  }\n}\n",
            "content_base64": null,
            "content_base64sha256": "bL+YOqOCbL4xdRUFCWOlan8oFL46Ia0Ubf93aT8pBiQ=",
            "content_base64sha512": "A5hCc5TGl3ySQZyhyXKDgvhs1wiaFgVcGok42hh/IRaqDwacqC6tHCQpDrku1mtwsGpmCkXPtv0TVghB9p9ujA==",
            "content_md5": "ef6d2c17d48314a7dfe972d586528d6b",
            "content_sha1": "0ab579eca431e542453394058a163bf28bcd4c7a",
            "content_sha256": "6cbf983aa3826cbe317515050963a56a7f2814be3a21ad146dff77693f290624",
            "content_sha512": "0398427394c6977c92419ca1c9728382f86cd7089a16055c1a8938da187f2116aa0f069ca82ead1c24290eb92ed66b70b06a660a45cfb6fd13560841f69f6e8c",
            "directory_permission": "0777",
            "file_permission": "0644",
            "filename": "./backend/backend_team_shared.tf",
            "id": "0ab579eca431e542453394058a163bf28bcd4c7a",
            "sensitive_content": null,
            "source": null
          },
          "sensitive_attributes": [
            [
              {
                "type": "get_attr",
                "value": "sensitive_content"
              }
            ]
          ],
          "identity_schema_version": 0,
          "dependencies": [
            "module.common_resources_staging.module.team.module.terraform_state_backend_team_shared.aws_dynamodb_table.with_server_side_encryption",
            "module.common_resources_staging.module.team.module.terraform_state_backend_team_shared.aws_s3_bucket.default",
            "module.common_resources_staging.module.team.module.terraform_state_backend_team_shared.data.aws_region.current"
          ]
        }
      ]
    },
    {
      "module": "module.common_resources_staging.module.webapp.module.terraform_state_backend_webapp",
      "mode": "data",
      "type": "aws_iam_policy_document",
      "name": "prevent_unencrypted_uploads",
      "provider": "provider[\"registry.terraform.io/hashicorp/aws\"]",
      "instances": [
        {
          "index_key": 0,
          "schema_version": 0,
          "attributes": {
            "id": "928482668",
            "json": "{\n  \"Version\": \"2012-10-17\",\n  \"Statement\": [\n    {\n      \"Sid\": \"DenyIncorrectEncryptionHeader\",\n      \"Effect\": \"Deny\",\n      \"Action\": \"s3:PutObject\",\n      \"Resource\": \"arn:aws:s3:::unityhub-production-webapp-terraform-state/*\",\n      \"Principal\": {\n        \"AWS\": \"*\"\n      },\n      \"Condition\": {\n        \"StringNotEquals\": {\n          \"s3:x-amz-server-side-encryption\": [\n            \"AES256\",\n            \"aws:kms\"\n          ]\n        }\n      }\n    },\n    {\n      \"Sid\": \"DenyUnEncryptedObjectUploads\",\n      \"Effect\": \"Deny\",\n      \"Action\": \"s3:PutObject\",\n      \"Resource\": \"arn:aws:s3:::unityhub-production-webapp-terraform-state/*\",\n      \"Principal\": {\n        \"AWS\": \"*\"\n      },\n      \"Condition\": {\n        \"Null\": {\n          \"s3:x-amz-server-side-encryption\": \"true\"\n        }\n      }\n    },\n    {\n      \"Sid\": \"EnforceTlsRequestsOnly\",\n      \"Effect\": \"Deny\",\n      \"Action\": \"s3:*\",\n      \"Resource\": [\n        \"arn:aws:s3:::unityhub-production-webapp-terraform-state/*\",\n        \"arn:aws:s3:::unityhub-production-webapp-terraform-state\"\n      ],\n      \"Principal\": {\n        \"AWS\": \"*\"\n      },\n      \"Condition\": {\n        \"Bool\": {\n          \"aws:SecureTransport\": \"false\"\n        }\n      }\n    }\n  ]\n}",
            "minified_json": "{\"Version\":\"2012-10-17\",\"Statement\":[{\"Sid\":\"DenyIncorrectEncryptionHeader\",\"Effect\":\"Deny\",\"Action\":\"s3:PutObject\",\"Resource\":\"arn:aws:s3:::unityhub-production-webapp-terraform-state/*\",\"Principal\":{\"AWS\":\"*\"},\"Condition\":{\"StringNotEquals\":{\"s3:x-amz-server-side-encryption\":[\"AES256\",\"aws:kms\"]}}},{\"Sid\":\"DenyUnEncryptedObjectUploads\",\"Effect\":\"Deny\",\"Action\":\"s3:PutObject\",\"Resource\":\"arn:aws:s3:::unityhub-production-webapp-terraform-state/*\",\"Principal\":{\"AWS\":\"*\"},\"Condition\":{\"Null\":{\"s3:x-amz-server-side-encryption\":\"true\"}}},{\"Sid\":\"EnforceTlsRequestsOnly\",\"Effect\":\"Deny\",\"Action\":\"s3:*\",\"Resource\":[\"arn:aws:s3:::unityhub-production-webapp-terraform-state/*\",\"arn:aws:s3:::unityhub-production-webapp-terraform-state\"],\"Principal\":{\"AWS\":\"*\"},\"Condition\":{\"Bool\":{\"aws:SecureTransport\":\"false\"}}}]}",
            "override_json": null,
            "override_policy_documents": null,
            "policy_id": null,
            "source_json": null,
            "source_policy_documents": null,
            "statement": [
              {
                "actions": [
                  "s3:PutObject"
                ],
                "condition": [
                  {
                    "test": "StringNotEquals",
                    "values": [
                      "AES256",
                      "aws:kms"
                    ],
                    "variable": "s3:x-amz-server-side-encryption"
                  }
                ],
                "effect": "Deny",
                "not_actions": [],
                "not_principals": [],
                "not_resources": [],
                "principals": [
                  {
                    "identifiers": [
                      "*"
                    ],
                    "type": "AWS"
                  }
                ],
                "resources": [
                  "arn:aws:s3:::unityhub-production-webapp-terraform-state/*"
                ],
                "sid": "DenyIncorrectEncryptionHeader"
              },
              {
                "actions": [
                  "s3:PutObject"
                ],
                "condition": [
                  {
                    "test": "Null",
                    "values": [
                      "true"
                    ],
                    "variable": "s3:x-amz-server-side-encryption"
                  }
                ],
                "effect": "Deny",
                "not_actions": [],
                "not_principals": [],
                "not_resources": [],
                "principals": [
                  {
                    "identifiers": [
                      "*"
                    ],
                    "type": "AWS"
                  }
                ],
                "resources": [
                  "arn:aws:s3:::unityhub-production-webapp-terraform-state/*"
                ],
                "sid": "DenyUnEncryptedObjectUploads"
              },
              {
                "actions": [
                  "s3:*"
                ],
                "condition": [
                  {
                    "test": "Bool",
                    "values": [
                      "false"
                    ],
                    "variable": "aws:SecureTransport"
                  }
                ],
                "effect": "Deny",
                "not_actions": [],
                "not_principals": [],
                "not_resources": [],
                "principals": [
                  {
                    "identifiers": [
                      "*"
                    ],
                    "type": "AWS"
                  }
                ],
                "resources": [
                  "arn:aws:s3:::unityhub-production-webapp-terraform-state",
                  "arn:aws:s3:::unityhub-production-webapp-terraform-state/*"
                ],
                "sid": "EnforceTlsRequestsOnly"
              }
            ],
            "version": "2012-10-17"
          },
          "sensitive_attributes": [],
          "identity_schema_version": 0
        }
      ]
    },
    {
      "module": "module.common_resources_staging.module.webapp.module.terraform_state_backend_webapp",
      "mode": "data",
      "type": "aws_region",
      "name": "current",
      "provider": "provider[\"registry.terraform.io/hashicorp/aws\"]",
      "instances": [
        {
          "schema_version": 0,
          "attributes": {
            "description": "US East (N. Virginia)",
            "endpoint": "ec2.us-east-1.amazonaws.com",
            "id": "us-east-1",
            "name": "us-east-1"
          },
          "sensitive_attributes": [],
          "identity_schema_version": 0
        }
      ]
    },
    {
      "module": "module.common_resources_staging.module.webapp.module.terraform_state_backend_webapp",
      "mode": "managed",
      "type": "aws_dynamodb_table",
      "name": "with_server_side_encryption",
      "provider": "provider[\"registry.terraform.io/hashicorp/aws\"]",
      "instances": [
        {
          "index_key": 0,
          "schema_version": 1,
          "attributes": {
            "arn": "arn:aws:dynamodb:us-east-1:514472330244:table/unityhub-production-webapp-terraform-state-lock",
            "attribute": [
              {
                "name": "LockID",
                "type": "S"
              }
            ],
            "billing_mode": "PAY_PER_REQUEST",
            "deletion_protection_enabled": false,
            "global_secondary_index": [],
            "hash_key": "LockID",
            "id": "unityhub-production-webapp-terraform-state-lock",
            "import_table": [],
            "local_secondary_index": [],
            "name": "unityhub-production-webapp-terraform-state-lock",
            "on_demand_throughput": [],
            "point_in_time_recovery": [
              {
                "enabled": true,
                "recovery_period_in_days": 35
              }
            ],
            "range_key": null,
            "read_capacity": 0,
            "replica": [],
            "restore_date_time": null,
            "restore_source_name": null,
            "restore_source_table_arn": null,
            "restore_to_latest_time": null,
            "server_side_encryption": [
              {
                "enabled": true,
                "kms_key_arn": ""
              }
            ],
            "stream_arn": "",
            "stream_enabled": false,
            "stream_label": "",
            "stream_view_type": "",
            "table_class": "STANDARD",
            "tags": {
              "Attributes": "terraform-state-lock",
              "Name": "unityhub-production-webapp-terraform-state-lock",
              "Namespace": "unityhub",
              "Stage": "production"
            },
            "tags_all": {
              "Attributes": "terraform-state-lock",
              "Name": "unityhub-production-webapp-terraform-state-lock",
              "Namespace": "unityhub",
              "Stage": "production"
            },
            "timeouts": null,
            "ttl": [
              {
                "attribute_name": "",
                "enabled": false
              }
            ],
            "write_capacity": 0
          },
          "sensitive_attributes": [],
          "identity_schema_version": 0,
          "private": "eyJlMmJmYjczMC1lY2FhLTExZTYtOGY4OC0zNDM2M2JjN2M0YzAiOnsiY3JlYXRlIjoxODAwMDAwMDAwMDAwLCJkZWxldGUiOjYwMDAwMDAwMDAwMCwidXBkYXRlIjozNjAwMDAwMDAwMDAwfSwic2NoZW1hX3ZlcnNpb24iOiIxIn0="
        }
      ]
    },
    {
      "module": "module.common_resources_staging.module.webapp.module.terraform_state_backend_webapp",
      "mode": "managed",
      "type": "aws_s3_bucket",
      "name": "default",
      "provider": "provider[\"registry.terraform.io/hashicorp/aws\"]",
      "instances": [
        {
          "index_key": 0,
          "schema_version": 0,
          "attributes": {
            "acceleration_status": "",
            "acl": null,
            "arn": "arn:aws:s3:::unityhub-production-webapp-terraform-state",
            "bucket": "unityhub-production-webapp-terraform-state",
            "bucket_domain_name": "unityhub-production-webapp-terraform-state.s3.amazonaws.com",
            "bucket_prefix": "",
            "bucket_regional_domain_name": "unityhub-production-webapp-terraform-state.s3.us-east-1.amazonaws.com",
            "cors_rule": [],
            "force_destroy": true,
            "grant": [
              {
                "id": "bea86176a486e69a83b4227063efa3be9eb4b243551739d81a6a4b41ec8b3461",
                "permissions": [
                  "FULL_CONTROL"
                ],
                "type": "CanonicalUser",
                "uri": ""
              }
            ],
            "hosted_zone_id": "Z3AQBSTGFYJSTF",
            "id": "unityhub-production-webapp-terraform-state",
            "lifecycle_rule": [],
            "logging": [],
            "object_lock_configuration": [],
            "object_lock_enabled": false,
            "policy": "{\"Statement\":[{\"Action\":\"s3:PutObject\",\"Condition\":{\"StringNotEquals\":{\"s3:x-amz-server-side-encryption\":[\"AES256\",\"aws:kms\"]}},\"Effect\":\"Deny\",\"Principal\":{\"AWS\":\"*\"},\"Resource\":\"arn:aws:s3:::unityhub-production-webapp-terraform-state/*\",\"Sid\":\"DenyIncorrectEncryptionHeader\"},{\"Action\":\"s3:PutObject\",\"Condition\":{\"Null\":{\"s3:x-amz-server-side-encryption\":\"true\"}},\"Effect\":\"Deny\",\"Principal\":{\"AWS\":\"*\"},\"Resource\":\"arn:aws:s3:::unityhub-production-webapp-terraform-state/*\",\"Sid\":\"DenyUnEncryptedObjectUploads\"},{\"Action\":\"s3:*\",\"Condition\":{\"Bool\":{\"aws:SecureTransport\":\"false\"}},\"Effect\":\"Deny\",\"Principal\":{\"AWS\":\"*\"},\"Resource\":[\"arn:aws:s3:::unityhub-production-webapp-terraform-state/*\",\"arn:aws:s3:::unityhub-production-webapp-terraform-state\"],\"Sid\":\"EnforceTlsRequestsOnly\"}],\"Version\":\"2012-10-17\"}",
            "region": "us-east-1",
            "replication_configuration": [],
            "request_payer": "BucketOwner",
            "server_side_encryption_configuration": [
              {
                "rule": [
                  {
                    "apply_server_side_encryption_by_default": [
                      {
                        "kms_master_key_id": "",
                        "sse_algorithm": "AES256"
                      }
                    ],
                    "bucket_key_enabled": false
                  }
                ]
              }
            ],
            "tags": {
              "Attributes": "terraform-state",
              "Name": "unityhub-production-webapp-terraform-state",
              "Namespace": "unityhub",
              "Stage": "production"
            },
            "tags_all": {
              "Attributes": "terraform-state",
              "Name": "unityhub-production-webapp-terraform-state",
              "Namespace": "unityhub",
              "Stage": "production"
            },
            "timeouts": null,
            "versioning": [
              {
                "enabled": true,
                "mfa_delete": false
              }
            ],
            "website": [],
            "website_domain": null,
            "website_endpoint": null
          },
          "sensitive_attributes": [],
          "identity_schema_version": 0,
          "private": "eyJlMmJmYjczMC1lY2FhLTExZTYtOGY4OC0zNDM2M2JjN2M0YzAiOnsiY3JlYXRlIjoxMjAwMDAwMDAwMDAwLCJkZWxldGUiOjM2MDAwMDAwMDAwMDAsInJlYWQiOjEyMDAwMDAwMDAwMDAsInVwZGF0ZSI6MTIwMDAwMDAwMDAwMH19"
        }
      ]
    },
    {
      "module": "module.common_resources_staging.module.webapp.module.terraform_state_backend_webapp",
      "mode": "managed",
      "type": "aws_s3_bucket_ownership_controls",
      "name": "default",
      "provider": "provider[\"registry.terraform.io/hashicorp/aws\"]",
      "instances": [
        {
          "index_key": 0,
          "schema_version": 0,
          "attributes": {
            "bucket": "unityhub-production-webapp-terraform-state",
            "id": "unityhub-production-webapp-terraform-state",
            "rule": [
              {
                "object_ownership": "BucketOwnerEnforced"
              }
            ]
          },
          "sensitive_attributes": [],
          "identity_schema_version": 0,
          "private": "bnVsbA==",
          "dependencies": [
            "module.common_resources_staging.module.webapp.module.terraform_state_backend_webapp.aws_s3_bucket.default"
          ]
        }
      ]
    },
    {
      "module": "module.common_resources_staging.module.webapp.module.terraform_state_backend_webapp",
      "mode": "managed",
      "type": "aws_s3_bucket_policy",
      "name": "default",
      "provider": "provider[\"registry.terraform.io/hashicorp/aws\"]",
      "instances": [
        {
          "index_key": 0,
          "schema_version": 0,
          "attributes": {
            "bucket": "unityhub-production-webapp-terraform-state",
            "id": "unityhub-production-webapp-terraform-state",
            "policy": "{\"Statement\":[{\"Action\":\"s3:PutObject\",\"Condition\":{\"StringNotEquals\":{\"s3:x-amz-server-side-encryption\":[\"AES256\",\"aws:kms\"]}},\"Effect\":\"Deny\",\"Principal\":{\"AWS\":\"*\"},\"Resource\":\"arn:aws:s3:::unityhub-production-webapp-terraform-state/*\",\"Sid\":\"DenyIncorrectEncryptionHeader\"},{\"Action\":\"s3:PutObject\",\"Condition\":{\"Null\":{\"s3:x-amz-server-side-encryption\":\"true\"}},\"Effect\":\"Deny\",\"Principal\":{\"AWS\":\"*\"},\"Resource\":\"arn:aws:s3:::unityhub-production-webapp-terraform-state/*\",\"Sid\":\"DenyUnEncryptedObjectUploads\"},{\"Action\":\"s3:*\",\"Condition\":{\"Bool\":{\"aws:SecureTransport\":\"false\"}},\"Effect\":\"Deny\",\"Principal\":{\"AWS\":\"*\"},\"Resource\":[\"arn:aws:s3:::unityhub-production-webapp-terraform-state/*\",\"arn:aws:s3:::unityhub-production-webapp-terraform-state\"],\"Sid\":\"EnforceTlsRequestsOnly\"}],\"Version\":\"2012-10-17\"}"
          },
          "sensitive_attributes": [],
          "identity_schema_version": 0,
          "private": "bnVsbA==",
          "dependencies": [
            "module.common_resources_staging.module.webapp.module.terraform_state_backend_webapp.aws_s3_bucket.default",
            "module.common_resources_staging.module.webapp.module.terraform_state_backend_webapp.data.aws_iam_policy_document.prevent_unencrypted_uploads"
          ]
        }
      ]
    },
    {
      "module": "module.common_resources_staging.module.webapp.module.terraform_state_backend_webapp",
      "mode": "managed",
      "type": "aws_s3_bucket_public_access_block",
      "name": "default",
      "provider": "provider[\"registry.terraform.io/hashicorp/aws\"]",
      "instances": [
        {
          "index_key": 0,
          "schema_version": 0,
          "attributes": {
            "block_public_acls": true,
            "block_public_policy": true,
            "bucket": "unityhub-production-webapp-terraform-state",
            "id": "unityhub-production-webapp-terraform-state",
            "ignore_public_acls": true,
            "restrict_public_buckets": true
          },
          "sensitive_attributes": [],
          "identity_schema_version": 0,
          "private": "bnVsbA==",
          "dependencies": [
            "module.common_resources_staging.module.webapp.module.terraform_state_backend_webapp.aws_s3_bucket.default"
          ]
        }
      ]
    },
    {
      "module": "module.common_resources_staging.module.webapp.module.terraform_state_backend_webapp",
      "mode": "managed",
      "type": "aws_s3_bucket_server_side_encryption_configuration",
      "name": "default",
      "provider": "provider[\"registry.terraform.io/hashicorp/aws\"]",
      "instances": [
        {
          "index_key": 0,
          "schema_version": 0,
          "attributes": {
            "bucket": "unityhub-production-webapp-terraform-state",
            "expected_bucket_owner": "",
            "id": "unityhub-production-webapp-terraform-state",
            "rule": [
              {
                "apply_server_side_encryption_by_default": [
                  {
                    "kms_master_key_id": "",
                    "sse_algorithm": "AES256"
                  }
                ],
                "bucket_key_enabled": false
              }
            ]
          },
          "sensitive_attributes": [],
          "identity_schema_version": 0,
          "private": "bnVsbA==",
          "dependencies": [
            "module.common_resources_staging.module.webapp.module.terraform_state_backend_webapp.aws_s3_bucket.default"
          ]
        }
      ]
    },
    {
      "module": "module.common_resources_staging.module.webapp.module.terraform_state_backend_webapp",
      "mode": "managed",
      "type": "aws_s3_bucket_versioning",
      "name": "default",
      "provider": "provider[\"registry.terraform.io/hashicorp/aws\"]",
      "instances": [
        {
          "index_key": 0,
          "schema_version": 0,
          "attributes": {
            "bucket": "unityhub-production-webapp-terraform-state",
            "expected_bucket_owner": "",
            "id": "unityhub-production-webapp-terraform-state",
            "mfa": null,
            "versioning_configuration": [
              {
                "mfa_delete": "Disabled",
                "status": "Enabled"
              }
            ]
          },
          "sensitive_attributes": [],
          "identity_schema_version": 0,
          "private": "bnVsbA==",
          "dependencies": [
            "module.common_resources_staging.module.webapp.module.terraform_state_backend_webapp.aws_s3_bucket.default"
          ]
        }
      ]
    },
    {
      "module": "module.common_resources_staging.module.webapp.module.terraform_state_backend_webapp",
      "mode": "managed",
      "type": "local_file",
      "name": "terraform_backend_config",
      "provider": "provider[\"registry.terraform.io/hashicorp/local\"]",
      "instances": [
        {
          "index_key": 0,
          "schema_version": 0,
          "attributes": {
            "content": "terraform {\n  required_version = \"\u003e= 1.0.0\"\n\n  backend \"s3\" {\n    region         = \"us-east-1\"\n    bucket         = \"unityhub-production-webapp-terraform-state\"\n    key            = \"terraform.tfstate\"\n    dynamodb_table = \"unityhub-production-webapp-terraform-state-lock\"\n    profile        = \"\"\n    role_arn       = \"\"\n    encrypt        = \"true\"\n  }\n}\n",
            "content_base64": null,
            "content_base64sha256": "MTYu0Wiszn3zTunlz/sQeHM2O8LlxfmLpW+KvZR1nhQ=",
            "content_base64sha512": "RhJCbVMSHFCA5b5thK11x7wHGX/x3fq6hApSpYRI9lPhSkNfLQkzX868FepPDqGqI/C0dCoFyQ7QExt+Y+CMZw==",
            "content_md5": "9c62020ab794c65189a83c7900a29ad3",
            "content_sha1": "5f9a07602f81f614d73d0b35e6640bdd4d9fd9f1",
            "content_sha256": "31362ed168acce7df34ee9e5cffb107873363bc2e5c5f98ba56f8abd94759e14",
            "content_sha512": "4612426d53121c5080e5be6d84ad75c7bc07197ff1ddfaba840a52a58448f653e14a435f2d09335fcebc15ea4f0ea1aa23f0b4742a05c90ed0131b7e63e08c67",
            "directory_permission": "0777",
            "file_permission": "0644",
            "filename": "./backend/backend_webapp.tf",
            "id": "5f9a07602f81f614d73d0b35e6640bdd4d9fd9f1",
            "sensitive_content": null,
            "source": null
          },
          "sensitive_attributes": [
            [
              {
                "type": "get_attr",
                "value": "sensitive_content"
              }
            ]
          ],
          "identity_schema_version": 0,
          "dependencies": [
            "module.common_resources_staging.module.webapp.module.terraform_state_backend_webapp.aws_dynamodb_table.with_server_side_encryption",
            "module.common_resources_staging.module.webapp.module.terraform_state_backend_webapp.aws_s3_bucket.default",
            "module.common_resources_staging.module.webapp.module.terraform_state_backend_webapp.data.aws_region.current"
          ]
        }
      ]
    },
    {
      "module": "module.common_resources_staging.module.webapp.module.terraform_state_backend_webapp_eventcatalog",
      "mode": "data",
      "type": "aws_iam_policy_document",
      "name": "prevent_unencrypted_uploads",
      "provider": "provider[\"registry.terraform.io/hashicorp/aws\"]",
      "instances": [
        {
          "index_key": 0,
          "schema_version": 0,
          "attributes": {
            "id": "3375992315",
            "json": "{\n  \"Version\": \"2012-10-17\",\n  \"Statement\": [\n    {\n      \"Sid\": \"DenyIncorrectEncryptionHeader\",\n      \"Effect\": \"Deny\",\n      \"Action\": \"s3:PutObject\",\n      \"Resource\": \"arn:aws:s3:::unityhub-production-webapp-eventcatalog-terraform-state/*\",\n      \"Principal\": {\n        \"AWS\": \"*\"\n      },\n      \"Condition\": {\n        \"StringNotEquals\": {\n          \"s3:x-amz-server-side-encryption\": [\n            \"AES256\",\n            \"aws:kms\"\n          ]\n        }\n      }\n    },\n    {\n      \"Sid\": \"DenyUnEncryptedObjectUploads\",\n      \"Effect\": \"Deny\",\n      \"Action\": \"s3:PutObject\",\n      \"Resource\": \"arn:aws:s3:::unityhub-production-webapp-eventcatalog-terraform-state/*\",\n      \"Principal\": {\n        \"AWS\": \"*\"\n      },\n      \"Condition\": {\n        \"Null\": {\n          \"s3:x-amz-server-side-encryption\": \"true\"\n        }\n      }\n    },\n    {\n      \"Sid\": \"EnforceTlsRequestsOnly\",\n      \"Effect\": \"Deny\",\n      \"Action\": \"s3:*\",\n      \"Resource\": [\n        \"arn:aws:s3:::unityhub-production-webapp-eventcatalog-terraform-state/*\",\n        \"arn:aws:s3:::unityhub-production-webapp-eventcatalog-terraform-state\"\n      ],\n      \"Principal\": {\n        \"AWS\": \"*\"\n      },\n      \"Condition\": {\n        \"Bool\": {\n          \"aws:SecureTransport\": \"false\"\n        }\n      }\n    }\n  ]\n}",
            "minified_json": "{\"Version\":\"2012-10-17\",\"Statement\":[{\"Sid\":\"DenyIncorrectEncryptionHeader\",\"Effect\":\"Deny\",\"Action\":\"s3:PutObject\",\"Resource\":\"arn:aws:s3:::unityhub-production-webapp-eventcatalog-terraform-state/*\",\"Principal\":{\"AWS\":\"*\"},\"Condition\":{\"StringNotEquals\":{\"s3:x-amz-server-side-encryption\":[\"AES256\",\"aws:kms\"]}}},{\"Sid\":\"DenyUnEncryptedObjectUploads\",\"Effect\":\"Deny\",\"Action\":\"s3:PutObject\",\"Resource\":\"arn:aws:s3:::unityhub-production-webapp-eventcatalog-terraform-state/*\",\"Principal\":{\"AWS\":\"*\"},\"Condition\":{\"Null\":{\"s3:x-amz-server-side-encryption\":\"true\"}}},{\"Sid\":\"EnforceTlsRequestsOnly\",\"Effect\":\"Deny\",\"Action\":\"s3:*\",\"Resource\":[\"arn:aws:s3:::unityhub-production-webapp-eventcatalog-terraform-state/*\",\"arn:aws:s3:::unityhub-production-webapp-eventcatalog-terraform-state\"],\"Principal\":{\"AWS\":\"*\"},\"Condition\":{\"Bool\":{\"aws:SecureTransport\":\"false\"}}}]}",
            "override_json": null,
            "override_policy_documents": null,
            "policy_id": null,
            "source_json": null,
            "source_policy_documents": null,
            "statement": [
              {
                "actions": [
                  "s3:PutObject"
                ],
                "condition": [
                  {
                    "test": "StringNotEquals",
                    "values": [
                      "AES256",
                      "aws:kms"
                    ],
                    "variable": "s3:x-amz-server-side-encryption"
                  }
                ],
                "effect": "Deny",
                "not_actions": [],
                "not_principals": [],
                "not_resources": [],
                "principals": [
                  {
                    "identifiers": [
                      "*"
                    ],
                    "type": "AWS"
                  }
                ],
                "resources": [
                  "arn:aws:s3:::unityhub-production-webapp-eventcatalog-terraform-state/*"
                ],
                "sid": "DenyIncorrectEncryptionHeader"
              },
              {
                "actions": [
                  "s3:PutObject"
                ],
                "condition": [
                  {
                    "test": "Null",
                    "values": [
                      "true"
                    ],
                    "variable": "s3:x-amz-server-side-encryption"
                  }
                ],
                "effect": "Deny",
                "not_actions": [],
                "not_principals": [],
                "not_resources": [],
                "principals": [
                  {
                    "identifiers": [
                      "*"
                    ],
                    "type": "AWS"
                  }
                ],
                "resources": [
                  "arn:aws:s3:::unityhub-production-webapp-eventcatalog-terraform-state/*"
                ],
                "sid": "DenyUnEncryptedObjectUploads"
              },
              {
                "actions": [
                  "s3:*"
                ],
                "condition": [
                  {
                    "test": "Bool",
                    "values": [
                      "false"
                    ],
                    "variable": "aws:SecureTransport"
                  }
                ],
                "effect": "Deny",
                "not_actions": [],
                "not_principals": [],
                "not_resources": [],
                "principals": [
                  {
                    "identifiers": [
                      "*"
                    ],
                    "type": "AWS"
                  }
                ],
                "resources": [
                  "arn:aws:s3:::unityhub-production-webapp-eventcatalog-terraform-state",
                  "arn:aws:s3:::unityhub-production-webapp-eventcatalog-terraform-state/*"
                ],
                "sid": "EnforceTlsRequestsOnly"
              }
            ],
            "version": "2012-10-17"
          },
          "sensitive_attributes": [],
          "identity_schema_version": 0
        }
      ]
    },
    {
      "module": "module.common_resources_staging.module.webapp.module.terraform_state_backend_webapp_eventcatalog",
      "mode": "data",
      "type": "aws_region",
      "name": "current",
      "provider": "provider[\"registry.terraform.io/hashicorp/aws\"]",
      "instances": [
        {
          "schema_version": 0,
          "attributes": {
            "description": "US East (N. Virginia)",
            "endpoint": "ec2.us-east-1.amazonaws.com",
            "id": "us-east-1",
            "name": "us-east-1"
          },
          "sensitive_attributes": [],
          "identity_schema_version": 0
        }
      ]
    },
    {
      "module": "module.common_resources_staging.module.webapp.module.terraform_state_backend_webapp_eventcatalog",
      "mode": "managed",
      "type": "aws_dynamodb_table",
      "name": "with_server_side_encryption",
      "provider": "provider[\"registry.terraform.io/hashicorp/aws\"]",
      "instances": [
        {
          "index_key": 0,
          "schema_version": 1,
          "attributes": {
            "arn": "arn:aws:dynamodb:us-east-1:514472330244:table/unityhub-production-webapp-eventcatalog-terraform-state-lock",
            "attribute": [
              {
                "name": "LockID",
                "type": "S"
              }
            ],
            "billing_mode": "PAY_PER_REQUEST",
            "deletion_protection_enabled": false,
            "global_secondary_index": [],
            "hash_key": "LockID",
            "id": "unityhub-production-webapp-eventcatalog-terraform-state-lock",
            "import_table": [],
            "local_secondary_index": [],
            "name": "unityhub-production-webapp-eventcatalog-terraform-state-lock",
            "on_demand_throughput": [],
            "point_in_time_recovery": [
              {
                "enabled": true,
                "recovery_period_in_days": 35
              }
            ],
            "range_key": null,
            "read_capacity": 0,
            "replica": [],
            "restore_date_time": null,
            "restore_source_name": null,
            "restore_source_table_arn": null,
            "restore_to_latest_time": null,
            "server_side_encryption": [
              {
                "enabled": true,
                "kms_key_arn": ""
              }
            ],
            "stream_arn": "",
            "stream_enabled": false,
            "stream_label": "",
            "stream_view_type": "",
            "table_class": "STANDARD",
            "tags": {
              "Attributes": "terraform-state-lock",
              "Name": "unityhub-production-webapp-eventcatalog-terraform-state-lock",
              "Namespace": "unityhub",
              "Stage": "production"
            },
            "tags_all": {
              "Attributes": "terraform-state-lock",
              "Name": "unityhub-production-webapp-eventcatalog-terraform-state-lock",
              "Namespace": "unityhub",
              "Stage": "production"
            },
            "timeouts": null,
            "ttl": [
              {
                "attribute_name": "",
                "enabled": false
              }
            ],
            "write_capacity": 0
          },
          "sensitive_attributes": [],
          "identity_schema_version": 0,
          "private": "eyJlMmJmYjczMC1lY2FhLTExZTYtOGY4OC0zNDM2M2JjN2M0YzAiOnsiY3JlYXRlIjoxODAwMDAwMDAwMDAwLCJkZWxldGUiOjYwMDAwMDAwMDAwMCwidXBkYXRlIjozNjAwMDAwMDAwMDAwfSwic2NoZW1hX3ZlcnNpb24iOiIxIn0="
        }
      ]
    },
    {
      "module": "module.common_resources_staging.module.webapp.module.terraform_state_backend_webapp_eventcatalog",
      "mode": "managed",
      "type": "aws_s3_bucket",
      "name": "default",
      "provider": "provider[\"registry.terraform.io/hashicorp/aws\"]",
      "instances": [
        {
          "index_key": 0,
          "schema_version": 0,
          "attributes": {
            "acceleration_status": "",
            "acl": null,
            "arn": "arn:aws:s3:::unityhub-production-webapp-eventcatalog-terraform-state",
            "bucket": "unityhub-production-webapp-eventcatalog-terraform-state",
            "bucket_domain_name": "unityhub-production-webapp-eventcatalog-terraform-state.s3.amazonaws.com",
            "bucket_prefix": "",
            "bucket_regional_domain_name": "unityhub-production-webapp-eventcatalog-terraform-state.s3.us-east-1.amazonaws.com",
            "cors_rule": [],
            "force_destroy": true,
            "grant": [
              {
                "id": "bea86176a486e69a83b4227063efa3be9eb4b243551739d81a6a4b41ec8b3461",
                "permissions": [
                  "FULL_CONTROL"
                ],
                "type": "CanonicalUser",
                "uri": ""
              }
            ],
            "hosted_zone_id": "Z3AQBSTGFYJSTF",
            "id": "unityhub-production-webapp-eventcatalog-terraform-state",
            "lifecycle_rule": [],
            "logging": [],
            "object_lock_configuration": [],
            "object_lock_enabled": false,
            "policy": "{\"Statement\":[{\"Action\":\"s3:PutObject\",\"Condition\":{\"StringNotEquals\":{\"s3:x-amz-server-side-encryption\":[\"AES256\",\"aws:kms\"]}},\"Effect\":\"Deny\",\"Principal\":{\"AWS\":\"*\"},\"Resource\":\"arn:aws:s3:::unityhub-production-webapp-eventcatalog-terraform-state/*\",\"Sid\":\"DenyIncorrectEncryptionHeader\"},{\"Action\":\"s3:PutObject\",\"Condition\":{\"Null\":{\"s3:x-amz-server-side-encryption\":\"true\"}},\"Effect\":\"Deny\",\"Principal\":{\"AWS\":\"*\"},\"Resource\":\"arn:aws:s3:::unityhub-production-webapp-eventcatalog-terraform-state/*\",\"Sid\":\"DenyUnEncryptedObjectUploads\"},{\"Action\":\"s3:*\",\"Condition\":{\"Bool\":{\"aws:SecureTransport\":\"false\"}},\"Effect\":\"Deny\",\"Principal\":{\"AWS\":\"*\"},\"Resource\":[\"arn:aws:s3:::unityhub-production-webapp-eventcatalog-terraform-state/*\",\"arn:aws:s3:::unityhub-production-webapp-eventcatalog-terraform-state\"],\"Sid\":\"EnforceTlsRequestsOnly\"}],\"Version\":\"2012-10-17\"}",
            "region": "us-east-1",
            "replication_configuration": [],
            "request_payer": "BucketOwner",
            "server_side_encryption_configuration": [
              {
                "rule": [
                  {
                    "apply_server_side_encryption_by_default": [
                      {
                        "kms_master_key_id": "",
                        "sse_algorithm": "AES256"
                      }
                    ],
                    "bucket_key_enabled": false
                  }
                ]
              }
            ],
            "tags": {
              "Attributes": "terraform-state",
              "Name": "unityhub-production-webapp-eventcatalog-terraform-state",
              "Namespace": "unityhub",
              "Stage": "production"
            },
            "tags_all": {
              "Attributes": "terraform-state",
              "Name": "unityhub-production-webapp-eventcatalog-terraform-state",
              "Namespace": "unityhub",
              "Stage": "production"
            },
            "timeouts": null,
            "versioning": [
              {
                "enabled": true,
                "mfa_delete": false
              }
            ],
            "website": [],
            "website_domain": null,
            "website_endpoint": null
          },
          "sensitive_attributes": [],
          "identity_schema_version": 0,
          "private": "eyJlMmJmYjczMC1lY2FhLTExZTYtOGY4OC0zNDM2M2JjN2M0YzAiOnsiY3JlYXRlIjoxMjAwMDAwMDAwMDAwLCJkZWxldGUiOjM2MDAwMDAwMDAwMDAsInJlYWQiOjEyMDAwMDAwMDAwMDAsInVwZGF0ZSI6MTIwMDAwMDAwMDAwMH19"
        }
      ]
    },
    {
      "module": "module.common_resources_staging.module.webapp.module.terraform_state_backend_webapp_eventcatalog",
      "mode": "managed",
      "type": "aws_s3_bucket_ownership_controls",
      "name": "default",
      "provider": "provider[\"registry.terraform.io/hashicorp/aws\"]",
      "instances": [
        {
          "index_key": 0,
          "schema_version": 0,
          "attributes": {
            "bucket": "unityhub-production-webapp-eventcatalog-terraform-state",
            "id": "unityhub-production-webapp-eventcatalog-terraform-state",
            "rule": [
              {
                "object_ownership": "BucketOwnerEnforced"
              }
            ]
          },
          "sensitive_attributes": [],
          "identity_schema_version": 0,
          "private": "bnVsbA==",
          "dependencies": [
            "module.common_resources_staging.module.webapp.module.terraform_state_backend_webapp_eventcatalog.aws_s3_bucket.default"
          ]
        }
      ]
    },
    {
      "module": "module.common_resources_staging.module.webapp.module.terraform_state_backend_webapp_eventcatalog",
      "mode": "managed",
      "type": "aws_s3_bucket_policy",
      "name": "default",
      "provider": "provider[\"registry.terraform.io/hashicorp/aws\"]",
      "instances": [
        {
          "index_key": 0,
          "schema_version": 0,
          "attributes": {
            "bucket": "unityhub-production-webapp-eventcatalog-terraform-state",
            "id": "unityhub-production-webapp-eventcatalog-terraform-state",
            "policy": "{\"Statement\":[{\"Action\":\"s3:PutObject\",\"Condition\":{\"StringNotEquals\":{\"s3:x-amz-server-side-encryption\":[\"AES256\",\"aws:kms\"]}},\"Effect\":\"Deny\",\"Principal\":{\"AWS\":\"*\"},\"Resource\":\"arn:aws:s3:::unityhub-production-webapp-eventcatalog-terraform-state/*\",\"Sid\":\"DenyIncorrectEncryptionHeader\"},{\"Action\":\"s3:PutObject\",\"Condition\":{\"Null\":{\"s3:x-amz-server-side-encryption\":\"true\"}},\"Effect\":\"Deny\",\"Principal\":{\"AWS\":\"*\"},\"Resource\":\"arn:aws:s3:::unityhub-production-webapp-eventcatalog-terraform-state/*\",\"Sid\":\"DenyUnEncryptedObjectUploads\"},{\"Action\":\"s3:*\",\"Condition\":{\"Bool\":{\"aws:SecureTransport\":\"false\"}},\"Effect\":\"Deny\",\"Principal\":{\"AWS\":\"*\"},\"Resource\":[\"arn:aws:s3:::unityhub-production-webapp-eventcatalog-terraform-state/*\",\"arn:aws:s3:::unityhub-production-webapp-eventcatalog-terraform-state\"],\"Sid\":\"EnforceTlsRequestsOnly\"}],\"Version\":\"2012-10-17\"}"
          },
          "sensitive_attributes": [],
          "identity_schema_version": 0,
          "private": "bnVsbA==",
          "dependencies": [
            "module.common_resources_staging.module.webapp.module.terraform_state_backend_webapp_eventcatalog.aws_s3_bucket.default",
            "module.common_resources_staging.module.webapp.module.terraform_state_backend_webapp_eventcatalog.data.aws_iam_policy_document.prevent_unencrypted_uploads"
          ]
        }
      ]
    },
    {
      "module": "module.common_resources_staging.module.webapp.module.terraform_state_backend_webapp_eventcatalog",
      "mode": "managed",
      "type": "aws_s3_bucket_public_access_block",
      "name": "default",
      "provider": "provider[\"registry.terraform.io/hashicorp/aws\"]",
      "instances": [
        {
          "index_key": 0,
          "schema_version": 0,
          "attributes": {
            "block_public_acls": true,
            "block_public_policy": true,
            "bucket": "unityhub-production-webapp-eventcatalog-terraform-state",
            "id": "unityhub-production-webapp-eventcatalog-terraform-state",
            "ignore_public_acls": true,
            "restrict_public_buckets": true
          },
          "sensitive_attributes": [],
          "identity_schema_version": 0,
          "private": "bnVsbA==",
          "dependencies": [
            "module.common_resources_staging.module.webapp.module.terraform_state_backend_webapp_eventcatalog.aws_s3_bucket.default"
          ]
        }
      ]
    },
    {
      "module": "module.common_resources_staging.module.webapp.module.terraform_state_backend_webapp_eventcatalog",
      "mode": "managed",
      "type": "aws_s3_bucket_server_side_encryption_configuration",
      "name": "default",
      "provider": "provider[\"registry.terraform.io/hashicorp/aws\"]",
      "instances": [
        {
          "index_key": 0,
          "schema_version": 0,
          "attributes": {
            "bucket": "unityhub-production-webapp-eventcatalog-terraform-state",
            "expected_bucket_owner": "",
            "id": "unityhub-production-webapp-eventcatalog-terraform-state",
            "rule": [
              {
                "apply_server_side_encryption_by_default": [
                  {
                    "kms_master_key_id": "",
                    "sse_algorithm": "AES256"
                  }
                ],
                "bucket_key_enabled": false
              }
            ]
          },
          "sensitive_attributes": [],
          "identity_schema_version": 0,
          "private": "bnVsbA==",
          "dependencies": [
            "module.common_resources_staging.module.webapp.module.terraform_state_backend_webapp_eventcatalog.aws_s3_bucket.default"
          ]
        }
      ]
    },
    {
      "module": "module.common_resources_staging.module.webapp.module.terraform_state_backend_webapp_eventcatalog",
      "mode": "managed",
      "type": "aws_s3_bucket_versioning",
      "name": "default",
      "provider": "provider[\"registry.terraform.io/hashicorp/aws\"]",
      "instances": [
        {
          "index_key": 0,
          "schema_version": 0,
          "attributes": {
            "bucket": "unityhub-production-webapp-eventcatalog-terraform-state",
            "expected_bucket_owner": "",
            "id": "unityhub-production-webapp-eventcatalog-terraform-state",
            "mfa": null,
            "versioning_configuration": [
              {
                "mfa_delete": "Disabled",
                "status": "Enabled"
              }
            ]
          },
          "sensitive_attributes": [],
          "identity_schema_version": 0,
          "private": "bnVsbA==",
          "dependencies": [
            "module.common_resources_staging.module.webapp.module.terraform_state_backend_webapp_eventcatalog.aws_s3_bucket.default"
          ]
        }
      ]
    },
    {
      "module": "module.common_resources_staging.module.webapp.module.terraform_state_backend_webapp_eventcatalog",
      "mode": "managed",
      "type": "local_file",
      "name": "terraform_backend_config",
      "provider": "provider[\"registry.terraform.io/hashicorp/local\"]",
      "instances": [
        {
          "index_key": 0,
          "schema_version": 0,
          "attributes": {
            "content": "terraform {\n  required_version = \"\u003e= 1.0.0\"\n\n  backend \"s3\" {\n    region         = \"us-east-1\"\n    bucket         = \"unityhub-production-webapp-eventcatalog-terraform-state\"\n    key            = \"terraform.tfstate\"\n    dynamodb_table = \"unityhub-production-webapp-eventcatalog-terraform-state-lock\"\n    profile        = \"\"\n    role_arn       = \"\"\n    encrypt        = \"true\"\n  }\n}\n",
            "content_base64": null,
            "content_base64sha256": "P/vGJAahyx2vZIeX/WjAYOcdJthQTkRsCgJqeP1wEb4=",
            "content_base64sha512": "sy/BZYCrnO00MgahoPrxDJof9l30+7yjUYLmlEcUjszi501+5CLTRGAgRwNielTqv7Rv6Fuwe1OvXPfSDHd4Ag==",
            "content_md5": "e86fda88a013950fdf9c76dbf2a4a8a1",
            "content_sha1": "ed59aa01f268f6bc7177b3a6acfb8170f6944550",
            "content_sha256": "3ffbc62406a1cb1daf648797fd68c060e71d26d8504e446c0a026a78fd7011be",
            "content_sha512": "b32fc16580ab9ced343206a1a0faf10c9a1ff65df4fbbca35182e69447148ecce2e74d7ee422d34460204703627a54eabfb46fe85bb07b53af5cf7d20c777802",
            "directory_permission": "0777",
            "file_permission": "0644",
            "filename": "./backend/backend_webapp_eventcatalog.tf",
            "id": "ed59aa01f268f6bc7177b3a6acfb8170f6944550",
            "sensitive_content": null,
            "source": null
          },
          "sensitive_attributes": [
            [
              {
                "type": "get_attr",
                "value": "sensitive_content"
              }
            ]
          ],
          "identity_schema_version": 0,
          "dependencies": [
            "module.common_resources_staging.module.webapp.module.terraform_state_backend_webapp_eventcatalog.aws_dynamodb_table.with_server_side_encryption",
            "module.common_resources_staging.module.webapp.module.terraform_state_backend_webapp_eventcatalog.aws_s3_bucket.default",
            "module.common_resources_staging.module.webapp.module.terraform_state_backend_webapp_eventcatalog.data.aws_region.current"
          ]
        }
      ]
    },
    {
      "module": "module.common_resources_staging.module.webapp.module.terraform_state_backend_webapp_help",
      "mode": "data",
      "type": "aws_iam_policy_document",
      "name": "prevent_unencrypted_uploads",
      "provider": "provider[\"registry.terraform.io/hashicorp/aws\"]",
      "instances": [
        {
          "index_key": 0,
          "schema_version": 0,
          "attributes": {
            "id": "2868221618",
            "json": "{\n  \"Version\": \"2012-10-17\",\n  \"Statement\": [\n    {\n      \"Sid\": \"DenyIncorrectEncryptionHeader\",\n      \"Effect\": \"Deny\",\n      \"Action\": \"s3:PutObject\",\n      \"Resource\": \"arn:aws:s3:::unityhub-production-webapp-help-terraform-state/*\",\n      \"Principal\": {\n        \"AWS\": \"*\"\n      },\n      \"Condition\": {\n        \"StringNotEquals\": {\n          \"s3:x-amz-server-side-encryption\": [\n            \"AES256\",\n            \"aws:kms\"\n          ]\n        }\n      }\n    },\n    {\n      \"Sid\": \"DenyUnEncryptedObjectUploads\",\n      \"Effect\": \"Deny\",\n      \"Action\": \"s3:PutObject\",\n      \"Resource\": \"arn:aws:s3:::unityhub-production-webapp-help-terraform-state/*\",\n      \"Principal\": {\n        \"AWS\": \"*\"\n      },\n      \"Condition\": {\n        \"Null\": {\n          \"s3:x-amz-server-side-encryption\": \"true\"\n        }\n      }\n    },\n    {\n      \"Sid\": \"EnforceTlsRequestsOnly\",\n      \"Effect\": \"Deny\",\n      \"Action\": \"s3:*\",\n      \"Resource\": [\n        \"arn:aws:s3:::unityhub-production-webapp-help-terraform-state/*\",\n        \"arn:aws:s3:::unityhub-production-webapp-help-terraform-state\"\n      ],\n      \"Principal\": {\n        \"AWS\": \"*\"\n      },\n      \"Condition\": {\n        \"Bool\": {\n          \"aws:SecureTransport\": \"false\"\n        }\n      }\n    }\n  ]\n}",
            "minified_json": "{\"Version\":\"2012-10-17\",\"Statement\":[{\"Sid\":\"DenyIncorrectEncryptionHeader\",\"Effect\":\"Deny\",\"Action\":\"s3:PutObject\",\"Resource\":\"arn:aws:s3:::unityhub-production-webapp-help-terraform-state/*\",\"Principal\":{\"AWS\":\"*\"},\"Condition\":{\"StringNotEquals\":{\"s3:x-amz-server-side-encryption\":[\"AES256\",\"aws:kms\"]}}},{\"Sid\":\"DenyUnEncryptedObjectUploads\",\"Effect\":\"Deny\",\"Action\":\"s3:PutObject\",\"Resource\":\"arn:aws:s3:::unityhub-production-webapp-help-terraform-state/*\",\"Principal\":{\"AWS\":\"*\"},\"Condition\":{\"Null\":{\"s3:x-amz-server-side-encryption\":\"true\"}}},{\"Sid\":\"EnforceTlsRequestsOnly\",\"Effect\":\"Deny\",\"Action\":\"s3:*\",\"Resource\":[\"arn:aws:s3:::unityhub-production-webapp-help-terraform-state/*\",\"arn:aws:s3:::unityhub-production-webapp-help-terraform-state\"],\"Principal\":{\"AWS\":\"*\"},\"Condition\":{\"Bool\":{\"aws:SecureTransport\":\"false\"}}}]}",
            "override_json": null,
            "override_policy_documents": null,
            "policy_id": null,
            "source_json": null,
            "source_policy_documents": null,
            "statement": [
              {
                "actions": [
                  "s3:PutObject"
                ],
                "condition": [
                  {
                    "test": "StringNotEquals",
                    "values": [
                      "AES256",
                      "aws:kms"
                    ],
                    "variable": "s3:x-amz-server-side-encryption"
                  }
                ],
                "effect": "Deny",
                "not_actions": [],
                "not_principals": [],
                "not_resources": [],
                "principals": [
                  {
                    "identifiers": [
                      "*"
                    ],
                    "type": "AWS"
                  }
                ],
                "resources": [
                  "arn:aws:s3:::unityhub-production-webapp-help-terraform-state/*"
                ],
                "sid": "DenyIncorrectEncryptionHeader"
              },
              {
                "actions": [
                  "s3:PutObject"
                ],
                "condition": [
                  {
                    "test": "Null",
                    "values": [
                      "true"
                    ],
                    "variable": "s3:x-amz-server-side-encryption"
                  }
                ],
                "effect": "Deny",
                "not_actions": [],
                "not_principals": [],
                "not_resources": [],
                "principals": [
                  {
                    "identifiers": [
                      "*"
                    ],
                    "type": "AWS"
                  }
                ],
                "resources": [
                  "arn:aws:s3:::unityhub-production-webapp-help-terraform-state/*"
                ],
                "sid": "DenyUnEncryptedObjectUploads"
              },
              {
                "actions": [
                  "s3:*"
                ],
                "condition": [
                  {
                    "test": "Bool",
                    "values": [
                      "false"
                    ],
                    "variable": "aws:SecureTransport"
                  }
                ],
                "effect": "Deny",
                "not_actions": [],
                "not_principals": [],
                "not_resources": [],
                "principals": [
                  {
                    "identifiers": [
                      "*"
                    ],
                    "type": "AWS"
                  }
                ],
                "resources": [
                  "arn:aws:s3:::unityhub-production-webapp-help-terraform-state",
                  "arn:aws:s3:::unityhub-production-webapp-help-terraform-state/*"
                ],
                "sid": "EnforceTlsRequestsOnly"
              }
            ],
            "version": "2012-10-17"
          },
          "sensitive_attributes": [],
          "identity_schema_version": 0
        }
      ]
    },
    {
      "module": "module.common_resources_staging.module.webapp.module.terraform_state_backend_webapp_help",
      "mode": "data",
      "type": "aws_region",
      "name": "current",
      "provider": "provider[\"registry.terraform.io/hashicorp/aws\"]",
      "instances": [
        {
          "schema_version": 0,
          "attributes": {
            "description": "US East (N. Virginia)",
            "endpoint": "ec2.us-east-1.amazonaws.com",
            "id": "us-east-1",
            "name": "us-east-1"
          },
          "sensitive_attributes": [],
          "identity_schema_version": 0
        }
      ]
    },
    {
      "module": "module.common_resources_staging.module.webapp.module.terraform_state_backend_webapp_help",
      "mode": "managed",
      "type": "aws_dynamodb_table",
      "name": "with_server_side_encryption",
      "provider": "provider[\"registry.terraform.io/hashicorp/aws\"]",
      "instances": [
        {
          "index_key": 0,
          "schema_version": 1,
          "attributes": {
            "arn": "arn:aws:dynamodb:us-east-1:514472330244:table/unityhub-production-webapp-help-terraform-state-lock",
            "attribute": [
              {
                "name": "LockID",
                "type": "S"
              }
            ],
            "billing_mode": "PAY_PER_REQUEST",
            "deletion_protection_enabled": false,
            "global_secondary_index": [],
            "hash_key": "LockID",
            "id": "unityhub-production-webapp-help-terraform-state-lock",
            "import_table": [],
            "local_secondary_index": [],
            "name": "unityhub-production-webapp-help-terraform-state-lock",
            "on_demand_throughput": [],
            "point_in_time_recovery": [
              {
                "enabled": true,
                "recovery_period_in_days": 35
              }
            ],
            "range_key": null,
            "read_capacity": 0,
            "replica": [],
            "restore_date_time": null,
            "restore_source_name": null,
            "restore_source_table_arn": null,
            "restore_to_latest_time": null,
            "server_side_encryption": [
              {
                "enabled": true,
                "kms_key_arn": ""
              }
            ],
            "stream_arn": "",
            "stream_enabled": false,
            "stream_label": "",
            "stream_view_type": "",
            "table_class": "STANDARD",
            "tags": {
              "Attributes": "terraform-state-lock",
              "Name": "unityhub-production-webapp-help-terraform-state-lock",
              "Namespace": "unityhub",
              "Stage": "production"
            },
            "tags_all": {
              "Attributes": "terraform-state-lock",
              "Name": "unityhub-production-webapp-help-terraform-state-lock",
              "Namespace": "unityhub",
              "Stage": "production"
            },
            "timeouts": null,
            "ttl": [
              {
                "attribute_name": "",
                "enabled": false
              }
            ],
            "write_capacity": 0
          },
          "sensitive_attributes": [],
          "identity_schema_version": 0,
          "private": "eyJlMmJmYjczMC1lY2FhLTExZTYtOGY4OC0zNDM2M2JjN2M0YzAiOnsiY3JlYXRlIjoxODAwMDAwMDAwMDAwLCJkZWxldGUiOjYwMDAwMDAwMDAwMCwidXBkYXRlIjozNjAwMDAwMDAwMDAwfSwic2NoZW1hX3ZlcnNpb24iOiIxIn0="
        }
      ]
    },
    {
      "module": "module.common_resources_staging.module.webapp.module.terraform_state_backend_webapp_help",
      "mode": "managed",
      "type": "aws_s3_bucket",
      "name": "default",
      "provider": "provider[\"registry.terraform.io/hashicorp/aws\"]",
      "instances": [
        {
          "index_key": 0,
          "schema_version": 0,
          "attributes": {
            "acceleration_status": "",
            "acl": null,
            "arn": "arn:aws:s3:::unityhub-production-webapp-help-terraform-state",
            "bucket": "unityhub-production-webapp-help-terraform-state",
            "bucket_domain_name": "unityhub-production-webapp-help-terraform-state.s3.amazonaws.com",
            "bucket_prefix": "",
            "bucket_regional_domain_name": "unityhub-production-webapp-help-terraform-state.s3.us-east-1.amazonaws.com",
            "cors_rule": [],
            "force_destroy": true,
            "grant": [
              {
                "id": "bea86176a486e69a83b4227063efa3be9eb4b243551739d81a6a4b41ec8b3461",
                "permissions": [
                  "FULL_CONTROL"
                ],
                "type": "CanonicalUser",
                "uri": ""
              }
            ],
            "hosted_zone_id": "Z3AQBSTGFYJSTF",
            "id": "unityhub-production-webapp-help-terraform-state",
            "lifecycle_rule": [],
            "logging": [],
            "object_lock_configuration": [],
            "object_lock_enabled": false,
            "policy": "{\"Statement\":[{\"Action\":\"s3:PutObject\",\"Condition\":{\"StringNotEquals\":{\"s3:x-amz-server-side-encryption\":[\"AES256\",\"aws:kms\"]}},\"Effect\":\"Deny\",\"Principal\":{\"AWS\":\"*\"},\"Resource\":\"arn:aws:s3:::unityhub-production-webapp-help-terraform-state/*\",\"Sid\":\"DenyIncorrectEncryptionHeader\"},{\"Action\":\"s3:PutObject\",\"Condition\":{\"Null\":{\"s3:x-amz-server-side-encryption\":\"true\"}},\"Effect\":\"Deny\",\"Principal\":{\"AWS\":\"*\"},\"Resource\":\"arn:aws:s3:::unityhub-production-webapp-help-terraform-state/*\",\"Sid\":\"DenyUnEncryptedObjectUploads\"},{\"Action\":\"s3:*\",\"Condition\":{\"Bool\":{\"aws:SecureTransport\":\"false\"}},\"Effect\":\"Deny\",\"Principal\":{\"AWS\":\"*\"},\"Resource\":[\"arn:aws:s3:::unityhub-production-webapp-help-terraform-state/*\",\"arn:aws:s3:::unityhub-production-webapp-help-terraform-state\"],\"Sid\":\"EnforceTlsRequestsOnly\"}],\"Version\":\"2012-10-17\"}",
            "region": "us-east-1",
            "replication_configuration": [],
            "request_payer": "BucketOwner",
            "server_side_encryption_configuration": [
              {
                "rule": [
                  {
                    "apply_server_side_encryption_by_default": [
                      {
                        "kms_master_key_id": "",
                        "sse_algorithm": "AES256"
                      }
                    ],
                    "bucket_key_enabled": false
                  }
                ]
              }
            ],
            "tags": {
              "Attributes": "terraform-state",
              "Name": "unityhub-production-webapp-help-terraform-state",
              "Namespace": "unityhub",
              "Stage": "production"
            },
            "tags_all": {
              "Attributes": "terraform-state",
              "Name": "unityhub-production-webapp-help-terraform-state",
              "Namespace": "unityhub",
              "Stage": "production"
            },
            "timeouts": null,
            "versioning": [
              {
                "enabled": true,
                "mfa_delete": false
              }
            ],
            "website": [],
            "website_domain": null,
            "website_endpoint": null
          },
          "sensitive_attributes": [],
          "identity_schema_version": 0,
          "private": "eyJlMmJmYjczMC1lY2FhLTExZTYtOGY4OC0zNDM2M2JjN2M0YzAiOnsiY3JlYXRlIjoxMjAwMDAwMDAwMDAwLCJkZWxldGUiOjM2MDAwMDAwMDAwMDAsInJlYWQiOjEyMDAwMDAwMDAwMDAsInVwZGF0ZSI6MTIwMDAwMDAwMDAwMH19"
        }
      ]
    },
    {
      "module": "module.common_resources_staging.module.webapp.module.terraform_state_backend_webapp_help",
      "mode": "managed",
      "type": "aws_s3_bucket_ownership_controls",
      "name": "default",
      "provider": "provider[\"registry.terraform.io/hashicorp/aws\"]",
      "instances": [
        {
          "index_key": 0,
          "schema_version": 0,
          "attributes": {
            "bucket": "unityhub-production-webapp-help-terraform-state",
            "id": "unityhub-production-webapp-help-terraform-state",
            "rule": [
              {
                "object_ownership": "BucketOwnerEnforced"
              }
            ]
          },
          "sensitive_attributes": [],
          "identity_schema_version": 0,
          "private": "bnVsbA==",
          "dependencies": [
            "module.common_resources_staging.module.webapp.module.terraform_state_backend_webapp_help.aws_s3_bucket.default"
          ]
        }
      ]
    },
    {
      "module": "module.common_resources_staging.module.webapp.module.terraform_state_backend_webapp_help",
      "mode": "managed",
      "type": "aws_s3_bucket_policy",
      "name": "default",
      "provider": "provider[\"registry.terraform.io/hashicorp/aws\"]",
      "instances": [
        {
          "index_key": 0,
          "schema_version": 0,
          "attributes": {
            "bucket": "unityhub-production-webapp-help-terraform-state",
            "id": "unityhub-production-webapp-help-terraform-state",
            "policy": "{\"Statement\":[{\"Action\":\"s3:PutObject\",\"Condition\":{\"StringNotEquals\":{\"s3:x-amz-server-side-encryption\":[\"AES256\",\"aws:kms\"]}},\"Effect\":\"Deny\",\"Principal\":{\"AWS\":\"*\"},\"Resource\":\"arn:aws:s3:::unityhub-production-webapp-help-terraform-state/*\",\"Sid\":\"DenyIncorrectEncryptionHeader\"},{\"Action\":\"s3:PutObject\",\"Condition\":{\"Null\":{\"s3:x-amz-server-side-encryption\":\"true\"}},\"Effect\":\"Deny\",\"Principal\":{\"AWS\":\"*\"},\"Resource\":\"arn:aws:s3:::unityhub-production-webapp-help-terraform-state/*\",\"Sid\":\"DenyUnEncryptedObjectUploads\"},{\"Action\":\"s3:*\",\"Condition\":{\"Bool\":{\"aws:SecureTransport\":\"false\"}},\"Effect\":\"Deny\",\"Principal\":{\"AWS\":\"*\"},\"Resource\":[\"arn:aws:s3:::unityhub-production-webapp-help-terraform-state/*\",\"arn:aws:s3:::unityhub-production-webapp-help-terraform-state\"],\"Sid\":\"EnforceTlsRequestsOnly\"}],\"Version\":\"2012-10-17\"}"
          },
          "sensitive_attributes": [],
          "identity_schema_version": 0,
          "private": "bnVsbA==",
          "dependencies": [
            "module.common_resources_staging.module.webapp.module.terraform_state_backend_webapp_help.aws_s3_bucket.default",
            "module.common_resources_staging.module.webapp.module.terraform_state_backend_webapp_help.data.aws_iam_policy_document.prevent_unencrypted_uploads"
          ]
        }
      ]
    },
    {
      "module": "module.common_resources_staging.module.webapp.module.terraform_state_backend_webapp_help",
      "mode": "managed",
      "type": "aws_s3_bucket_public_access_block",
      "name": "default",
      "provider": "provider[\"registry.terraform.io/hashicorp/aws\"]",
      "instances": [
        {
          "index_key": 0,
          "schema_version": 0,
          "attributes": {
            "block_public_acls": true,
            "block_public_policy": true,
            "bucket": "unityhub-production-webapp-help-terraform-state",
            "id": "unityhub-production-webapp-help-terraform-state",
            "ignore_public_acls": true,
            "restrict_public_buckets": true
          },
          "sensitive_attributes": [],
          "identity_schema_version": 0,
          "private": "bnVsbA==",
          "dependencies": [
            "module.common_resources_staging.module.webapp.module.terraform_state_backend_webapp_help.aws_s3_bucket.default"
          ]
        }
      ]
    },
    {
      "module": "module.common_resources_staging.module.webapp.module.terraform_state_backend_webapp_help",
      "mode": "managed",
      "type": "aws_s3_bucket_server_side_encryption_configuration",
      "name": "default",
      "provider": "provider[\"registry.terraform.io/hashicorp/aws\"]",
      "instances": [
        {
          "index_key": 0,
          "schema_version": 0,
          "attributes": {
            "bucket": "unityhub-production-webapp-help-terraform-state",
            "expected_bucket_owner": "",
            "id": "unityhub-production-webapp-help-terraform-state",
            "rule": [
              {
                "apply_server_side_encryption_by_default": [
                  {
                    "kms_master_key_id": "",
                    "sse_algorithm": "AES256"
                  }
                ],
                "bucket_key_enabled": false
              }
            ]
          },
          "sensitive_attributes": [],
          "identity_schema_version": 0,
          "private": "bnVsbA==",
          "dependencies": [
            "module.common_resources_staging.module.webapp.module.terraform_state_backend_webapp_help.aws_s3_bucket.default"
          ]
        }
      ]
    },
    {
      "module": "module.common_resources_staging.module.webapp.module.terraform_state_backend_webapp_help",
      "mode": "managed",
      "type": "aws_s3_bucket_versioning",
      "name": "default",
      "provider": "provider[\"registry.terraform.io/hashicorp/aws\"]",
      "instances": [
        {
          "index_key": 0,
          "schema_version": 0,
          "attributes": {
            "bucket": "unityhub-production-webapp-help-terraform-state",
            "expected_bucket_owner": "",
            "id": "unityhub-production-webapp-help-terraform-state",
            "mfa": null,
            "versioning_configuration": [
              {
                "mfa_delete": "Disabled",
                "status": "Enabled"
              }
            ]
          },
          "sensitive_attributes": [],
          "identity_schema_version": 0,
          "private": "bnVsbA==",
          "dependencies": [
            "module.common_resources_staging.module.webapp.module.terraform_state_backend_webapp_help.aws_s3_bucket.default"
          ]
        }
      ]
    },
    {
      "module": "module.common_resources_staging.module.webapp.module.terraform_state_backend_webapp_help",
      "mode": "managed",
      "type": "local_file",
      "name": "terraform_backend_config",
      "provider": "provider[\"registry.terraform.io/hashicorp/local\"]",
      "instances": [
        {
          "index_key": 0,
          "schema_version": 0,
          "attributes": {
            "content": "terraform {\n  required_version = \"\u003e= 1.0.0\"\n\n  backend \"s3\" {\n    region         = \"us-east-1\"\n    bucket         = \"unityhub-production-webapp-help-terraform-state\"\n    key            = \"terraform.tfstate\"\n    dynamodb_table = \"unityhub-production-webapp-help-terraform-state-lock\"\n    profile        = \"\"\n    role_arn       = \"\"\n    encrypt        = \"true\"\n  }\n}\n",
            "content_base64": null,
            "content_base64sha256": "bz8prK68KLZ5BvjQN1VSEi6A9e+4dA8JodEADcG5l+w=",
            "content_base64sha512": "eDSk2fohyBDHKSJ+Lf8V1Cfg8MZQ7MFXouPtas/Mli/ovLkB49xS3jUFwsBr75p0ubor0vJAFjwIRXDcHfqf1Q==",
            "content_md5": "9bd30cc5f01bf645a1ff71b778c9cc49",
            "content_sha1": "a0a6f84276dd1aece73544697d63fd38f90e4837",
            "content_sha256": "6f3f29acaebc28b67906f8d0375552122e80f5efb8740f09a1d1000dc1b997ec",
            "content_sha512": "7834a4d9fa21c810c729227e2dff15d427e0f0c650ecc157a2e3ed6acfcc962fe8bcb901e3dc52de3505c2c06bef9a74b9ba2bd2f240163c084570dc1dfa9fd5",
            "directory_permission": "0777",
            "file_permission": "0644",
            "filename": "./backend/backend_webapp_help.tf",
            "id": "a0a6f84276dd1aece73544697d63fd38f90e4837",
            "sensitive_content": null,
            "source": null
          },
          "sensitive_attributes": [
            [
              {
                "type": "get_attr",
                "value": "sensitive_content"
              }
            ]
          ],
          "identity_schema_version": 0,
          "dependencies": [
            "module.common_resources_staging.module.webapp.module.terraform_state_backend_webapp_help.aws_dynamodb_table.with_server_side_encryption",
            "module.common_resources_staging.module.webapp.module.terraform_state_backend_webapp_help.aws_s3_bucket.default",
            "module.common_resources_staging.module.webapp.module.terraform_state_backend_webapp_help.data.aws_region.current"
          ]
        }
      ]
    },
    {
      "module": "module.common_resources_staging.module.webapp.module.terraform_state_backend_webapp_msteams",
      "mode": "data",
      "type": "aws_iam_policy_document",
      "name": "prevent_unencrypted_uploads",
      "provider": "provider[\"registry.terraform.io/hashicorp/aws\"]",
      "instances": [
        {
          "index_key": 0,
          "schema_version": 0,
          "attributes": {
            "id": "1479537724",
            "json": "{\n  \"Version\": \"2012-10-17\",\n  \"Statement\": [\n    {\n      \"Sid\": \"DenyIncorrectEncryptionHeader\",\n      \"Effect\": \"Deny\",\n      \"Action\": \"s3:PutObject\",\n      \"Resource\": \"arn:aws:s3:::unityhub-production-webapp-msteams-terraform-state/*\",\n      \"Principal\": {\n        \"AWS\": \"*\"\n      },\n      \"Condition\": {\n        \"StringNotEquals\": {\n          \"s3:x-amz-server-side-encryption\": [\n            \"AES256\",\n            \"aws:kms\"\n          ]\n        }\n      }\n    },\n    {\n      \"Sid\": \"DenyUnEncryptedObjectUploads\",\n      \"Effect\": \"Deny\",\n      \"Action\": \"s3:PutObject\",\n      \"Resource\": \"arn:aws:s3:::unityhub-production-webapp-msteams-terraform-state/*\",\n      \"Principal\": {\n        \"AWS\": \"*\"\n      },\n      \"Condition\": {\n        \"Null\": {\n          \"s3:x-amz-server-side-encryption\": \"true\"\n        }\n      }\n    },\n    {\n      \"Sid\": \"EnforceTlsRequestsOnly\",\n      \"Effect\": \"Deny\",\n      \"Action\": \"s3:*\",\n      \"Resource\": [\n        \"arn:aws:s3:::unityhub-production-webapp-msteams-terraform-state/*\",\n        \"arn:aws:s3:::unityhub-production-webapp-msteams-terraform-state\"\n      ],\n      \"Principal\": {\n        \"AWS\": \"*\"\n      },\n      \"Condition\": {\n        \"Bool\": {\n          \"aws:SecureTransport\": \"false\"\n        }\n      }\n    }\n  ]\n}",
            "minified_json": "{\"Version\":\"2012-10-17\",\"Statement\":[{\"Sid\":\"DenyIncorrectEncryptionHeader\",\"Effect\":\"Deny\",\"Action\":\"s3:PutObject\",\"Resource\":\"arn:aws:s3:::unityhub-production-webapp-msteams-terraform-state/*\",\"Principal\":{\"AWS\":\"*\"},\"Condition\":{\"StringNotEquals\":{\"s3:x-amz-server-side-encryption\":[\"AES256\",\"aws:kms\"]}}},{\"Sid\":\"DenyUnEncryptedObjectUploads\",\"Effect\":\"Deny\",\"Action\":\"s3:PutObject\",\"Resource\":\"arn:aws:s3:::unityhub-production-webapp-msteams-terraform-state/*\",\"Principal\":{\"AWS\":\"*\"},\"Condition\":{\"Null\":{\"s3:x-amz-server-side-encryption\":\"true\"}}},{\"Sid\":\"EnforceTlsRequestsOnly\",\"Effect\":\"Deny\",\"Action\":\"s3:*\",\"Resource\":[\"arn:aws:s3:::unityhub-production-webapp-msteams-terraform-state/*\",\"arn:aws:s3:::unityhub-production-webapp-msteams-terraform-state\"],\"Principal\":{\"AWS\":\"*\"},\"Condition\":{\"Bool\":{\"aws:SecureTransport\":\"false\"}}}]}",
            "override_json": null,
            "override_policy_documents": null,
            "policy_id": null,
            "source_json": null,
            "source_policy_documents": null,
            "statement": [
              {
                "actions": [
                  "s3:PutObject"
                ],
                "condition": [
                  {
                    "test": "StringNotEquals",
                    "values": [
                      "AES256",
                      "aws:kms"
                    ],
                    "variable": "s3:x-amz-server-side-encryption"
                  }
                ],
                "effect": "Deny",
                "not_actions": [],
                "not_principals": [],
                "not_resources": [],
                "principals": [
                  {
                    "identifiers": [
                      "*"
                    ],
                    "type": "AWS"
                  }
                ],
                "resources": [
                  "arn:aws:s3:::unityhub-production-webapp-msteams-terraform-state/*"
                ],
                "sid": "DenyIncorrectEncryptionHeader"
              },
              {
                "actions": [
                  "s3:PutObject"
                ],
                "condition": [
                  {
                    "test": "Null",
                    "values": [
                      "true"
                    ],
                    "variable": "s3:x-amz-server-side-encryption"
                  }
                ],
                "effect": "Deny",
                "not_actions": [],
                "not_principals": [],
                "not_resources": [],
                "principals": [
                  {
                    "identifiers": [
                      "*"
                    ],
                    "type": "AWS"
                  }
                ],
                "resources": [
                  "arn:aws:s3:::unityhub-production-webapp-msteams-terraform-state/*"
                ],
                "sid": "DenyUnEncryptedObjectUploads"
              },
              {
                "actions": [
                  "s3:*"
                ],
                "condition": [
                  {
                    "test": "Bool",
                    "values": [
                      "false"
                    ],
                    "variable": "aws:SecureTransport"
                  }
                ],
                "effect": "Deny",
                "not_actions": [],
                "not_principals": [],
                "not_resources": [],
                "principals": [
                  {
                    "identifiers": [
                      "*"
                    ],
                    "type": "AWS"
                  }
                ],
                "resources": [
                  "arn:aws:s3:::unityhub-production-webapp-msteams-terraform-state",
                  "arn:aws:s3:::unityhub-production-webapp-msteams-terraform-state/*"
                ],
                "sid": "EnforceTlsRequestsOnly"
              }
            ],
            "version": "2012-10-17"
          },
          "sensitive_attributes": [],
          "identity_schema_version": 0
        }
      ]
    },
    {
      "module": "module.common_resources_staging.module.webapp.module.terraform_state_backend_webapp_msteams",
      "mode": "data",
      "type": "aws_region",
      "name": "current",
      "provider": "provider[\"registry.terraform.io/hashicorp/aws\"]",
      "instances": [
        {
          "schema_version": 0,
          "attributes": {
            "description": "US East (N. Virginia)",
            "endpoint": "ec2.us-east-1.amazonaws.com",
            "id": "us-east-1",
            "name": "us-east-1"
          },
          "sensitive_attributes": [],
          "identity_schema_version": 0
        }
      ]
    },
    {
      "module": "module.common_resources_staging.module.webapp.module.terraform_state_backend_webapp_msteams",
      "mode": "managed",
      "type": "aws_dynamodb_table",
      "name": "with_server_side_encryption",
      "provider": "provider[\"registry.terraform.io/hashicorp/aws\"]",
      "instances": [
        {
          "index_key": 0,
          "schema_version": 1,
          "attributes": {
            "arn": "arn:aws:dynamodb:us-east-1:514472330244:table/unityhub-production-webapp-msteams-terraform-state-lock",
            "attribute": [
              {
                "name": "LockID",
                "type": "S"
              }
            ],
            "billing_mode": "PAY_PER_REQUEST",
            "deletion_protection_enabled": false,
            "global_secondary_index": [],
            "hash_key": "LockID",
            "id": "unityhub-production-webapp-msteams-terraform-state-lock",
            "import_table": [],
            "local_secondary_index": [],
            "name": "unityhub-production-webapp-msteams-terraform-state-lock",
            "on_demand_throughput": [],
            "point_in_time_recovery": [
              {
                "enabled": true,
                "recovery_period_in_days": 35
              }
            ],
            "range_key": null,
            "read_capacity": 0,
            "replica": [],
            "restore_date_time": null,
            "restore_source_name": null,
            "restore_source_table_arn": null,
            "restore_to_latest_time": null,
            "server_side_encryption": [
              {
                "enabled": true,
                "kms_key_arn": ""
              }
            ],
            "stream_arn": "",
            "stream_enabled": false,
            "stream_label": "",
            "stream_view_type": "",
            "table_class": "STANDARD",
            "tags": {
              "Attributes": "terraform-state-lock",
              "Name": "unityhub-production-webapp-msteams-terraform-state-lock",
              "Namespace": "unityhub",
              "Stage": "production"
            },
            "tags_all": {
              "Attributes": "terraform-state-lock",
              "Name": "unityhub-production-webapp-msteams-terraform-state-lock",
              "Namespace": "unityhub",
              "Stage": "production"
            },
            "timeouts": null,
            "ttl": [
              {
                "attribute_name": "",
                "enabled": false
              }
            ],
            "write_capacity": 0
          },
          "sensitive_attributes": [],
          "identity_schema_version": 0,
          "private": "eyJlMmJmYjczMC1lY2FhLTExZTYtOGY4OC0zNDM2M2JjN2M0YzAiOnsiY3JlYXRlIjoxODAwMDAwMDAwMDAwLCJkZWxldGUiOjYwMDAwMDAwMDAwMCwidXBkYXRlIjozNjAwMDAwMDAwMDAwfSwic2NoZW1hX3ZlcnNpb24iOiIxIn0="
        }
      ]
    },
    {
      "module": "module.common_resources_staging.module.webapp.module.terraform_state_backend_webapp_msteams",
      "mode": "managed",
      "type": "aws_s3_bucket",
      "name": "default",
      "provider": "provider[\"registry.terraform.io/hashicorp/aws\"]",
      "instances": [
        {
          "index_key": 0,
          "schema_version": 0,
          "attributes": {
            "acceleration_status": "",
            "acl": null,
            "arn": "arn:aws:s3:::unityhub-production-webapp-msteams-terraform-state",
            "bucket": "unityhub-production-webapp-msteams-terraform-state",
            "bucket_domain_name": "unityhub-production-webapp-msteams-terraform-state.s3.amazonaws.com",
            "bucket_prefix": "",
            "bucket_regional_domain_name": "unityhub-production-webapp-msteams-terraform-state.s3.us-east-1.amazonaws.com",
            "cors_rule": [],
            "force_destroy": true,
            "grant": [
              {
                "id": "bea86176a486e69a83b4227063efa3be9eb4b243551739d81a6a4b41ec8b3461",
                "permissions": [
                  "FULL_CONTROL"
                ],
                "type": "CanonicalUser",
                "uri": ""
              }
            ],
            "hosted_zone_id": "Z3AQBSTGFYJSTF",
            "id": "unityhub-production-webapp-msteams-terraform-state",
            "lifecycle_rule": [],
            "logging": [],
            "object_lock_configuration": [],
            "object_lock_enabled": false,
            "policy": "{\"Statement\":[{\"Action\":\"s3:PutObject\",\"Condition\":{\"StringNotEquals\":{\"s3:x-amz-server-side-encryption\":[\"AES256\",\"aws:kms\"]}},\"Effect\":\"Deny\",\"Principal\":{\"AWS\":\"*\"},\"Resource\":\"arn:aws:s3:::unityhub-production-webapp-msteams-terraform-state/*\",\"Sid\":\"DenyIncorrectEncryptionHeader\"},{\"Action\":\"s3:PutObject\",\"Condition\":{\"Null\":{\"s3:x-amz-server-side-encryption\":\"true\"}},\"Effect\":\"Deny\",\"Principal\":{\"AWS\":\"*\"},\"Resource\":\"arn:aws:s3:::unityhub-production-webapp-msteams-terraform-state/*\",\"Sid\":\"DenyUnEncryptedObjectUploads\"},{\"Action\":\"s3:*\",\"Condition\":{\"Bool\":{\"aws:SecureTransport\":\"false\"}},\"Effect\":\"Deny\",\"Principal\":{\"AWS\":\"*\"},\"Resource\":[\"arn:aws:s3:::unityhub-production-webapp-msteams-terraform-state/*\",\"arn:aws:s3:::unityhub-production-webapp-msteams-terraform-state\"],\"Sid\":\"EnforceTlsRequestsOnly\"}],\"Version\":\"2012-10-17\"}",
            "region": "us-east-1",
            "replication_configuration": [],
            "request_payer": "BucketOwner",
            "server_side_encryption_configuration": [
              {
                "rule": [
                  {
                    "apply_server_side_encryption_by_default": [
                      {
                        "kms_master_key_id": "",
                        "sse_algorithm": "AES256"
                      }
                    ],
                    "bucket_key_enabled": false
                  }
                ]
              }
            ],
            "tags": {
              "Attributes": "terraform-state",
              "Name": "unityhub-production-webapp-msteams-terraform-state",
              "Namespace": "unityhub",
              "Stage": "production"
            },
            "tags_all": {
              "Attributes": "terraform-state",
              "Name": "unityhub-production-webapp-msteams-terraform-state",
              "Namespace": "unityhub",
              "Stage": "production"
            },
            "timeouts": null,
            "versioning": [
              {
                "enabled": true,
                "mfa_delete": false
              }
            ],
            "website": [],
            "website_domain": null,
            "website_endpoint": null
          },
          "sensitive_attributes": [],
          "identity_schema_version": 0,
          "private": "eyJlMmJmYjczMC1lY2FhLTExZTYtOGY4OC0zNDM2M2JjN2M0YzAiOnsiY3JlYXRlIjoxMjAwMDAwMDAwMDAwLCJkZWxldGUiOjM2MDAwMDAwMDAwMDAsInJlYWQiOjEyMDAwMDAwMDAwMDAsInVwZGF0ZSI6MTIwMDAwMDAwMDAwMH19"
        }
      ]
    },
    {
      "module": "module.common_resources_staging.module.webapp.module.terraform_state_backend_webapp_msteams",
      "mode": "managed",
      "type": "aws_s3_bucket_ownership_controls",
      "name": "default",
      "provider": "provider[\"registry.terraform.io/hashicorp/aws\"]",
      "instances": [
        {
          "index_key": 0,
          "schema_version": 0,
          "attributes": {
            "bucket": "unityhub-production-webapp-msteams-terraform-state",
            "id": "unityhub-production-webapp-msteams-terraform-state",
            "rule": [
              {
                "object_ownership": "BucketOwnerEnforced"
              }
            ]
          },
          "sensitive_attributes": [],
          "identity_schema_version": 0,
          "private": "bnVsbA==",
          "dependencies": [
            "module.common_resources_staging.module.webapp.module.terraform_state_backend_webapp_msteams.aws_s3_bucket.default"
          ]
        }
      ]
    },
    {
      "module": "module.common_resources_staging.module.webapp.module.terraform_state_backend_webapp_msteams",
      "mode": "managed",
      "type": "aws_s3_bucket_policy",
      "name": "default",
      "provider": "provider[\"registry.terraform.io/hashicorp/aws\"]",
      "instances": [
        {
          "index_key": 0,
          "schema_version": 0,
          "attributes": {
            "bucket": "unityhub-production-webapp-msteams-terraform-state",
            "id": "unityhub-production-webapp-msteams-terraform-state",
            "policy": "{\"Statement\":[{\"Action\":\"s3:PutObject\",\"Condition\":{\"StringNotEquals\":{\"s3:x-amz-server-side-encryption\":[\"AES256\",\"aws:kms\"]}},\"Effect\":\"Deny\",\"Principal\":{\"AWS\":\"*\"},\"Resource\":\"arn:aws:s3:::unityhub-production-webapp-msteams-terraform-state/*\",\"Sid\":\"DenyIncorrectEncryptionHeader\"},{\"Action\":\"s3:PutObject\",\"Condition\":{\"Null\":{\"s3:x-amz-server-side-encryption\":\"true\"}},\"Effect\":\"Deny\",\"Principal\":{\"AWS\":\"*\"},\"Resource\":\"arn:aws:s3:::unityhub-production-webapp-msteams-terraform-state/*\",\"Sid\":\"DenyUnEncryptedObjectUploads\"},{\"Action\":\"s3:*\",\"Condition\":{\"Bool\":{\"aws:SecureTransport\":\"false\"}},\"Effect\":\"Deny\",\"Principal\":{\"AWS\":\"*\"},\"Resource\":[\"arn:aws:s3:::unityhub-production-webapp-msteams-terraform-state/*\",\"arn:aws:s3:::unityhub-production-webapp-msteams-terraform-state\"],\"Sid\":\"EnforceTlsRequestsOnly\"}],\"Version\":\"2012-10-17\"}"
          },
          "sensitive_attributes": [],
          "identity_schema_version": 0,
          "private": "bnVsbA==",
          "dependencies": [
            "module.common_resources_staging.module.webapp.module.terraform_state_backend_webapp_msteams.aws_s3_bucket.default",
            "module.common_resources_staging.module.webapp.module.terraform_state_backend_webapp_msteams.data.aws_iam_policy_document.prevent_unencrypted_uploads"
          ]
        }
      ]
    },
    {
      "module": "module.common_resources_staging.module.webapp.module.terraform_state_backend_webapp_msteams",
      "mode": "managed",
      "type": "aws_s3_bucket_public_access_block",
      "name": "default",
      "provider": "provider[\"registry.terraform.io/hashicorp/aws\"]",
      "instances": [
        {
          "index_key": 0,
          "schema_version": 0,
          "attributes": {
            "block_public_acls": true,
            "block_public_policy": true,
            "bucket": "unityhub-production-webapp-msteams-terraform-state",
            "id": "unityhub-production-webapp-msteams-terraform-state",
            "ignore_public_acls": true,
            "restrict_public_buckets": true
          },
          "sensitive_attributes": [],
          "identity_schema_version": 0,
          "private": "bnVsbA==",
          "dependencies": [
            "module.common_resources_staging.module.webapp.module.terraform_state_backend_webapp_msteams.aws_s3_bucket.default"
          ]
        }
      ]
    },
    {
      "module": "module.common_resources_staging.module.webapp.module.terraform_state_backend_webapp_msteams",
      "mode": "managed",
      "type": "aws_s3_bucket_server_side_encryption_configuration",
      "name": "default",
      "provider": "provider[\"registry.terraform.io/hashicorp/aws\"]",
      "instances": [
        {
          "index_key": 0,
          "schema_version": 0,
          "attributes": {
            "bucket": "unityhub-production-webapp-msteams-terraform-state",
            "expected_bucket_owner": "",
            "id": "unityhub-production-webapp-msteams-terraform-state",
            "rule": [
              {
                "apply_server_side_encryption_by_default": [
                  {
                    "kms_master_key_id": "",
                    "sse_algorithm": "AES256"
                  }
                ],
                "bucket_key_enabled": false
              }
            ]
          },
          "sensitive_attributes": [],
          "identity_schema_version": 0,
          "private": "bnVsbA==",
          "dependencies": [
            "module.common_resources_staging.module.webapp.module.terraform_state_backend_webapp_msteams.aws_s3_bucket.default"
          ]
        }
      ]
    },
    {
      "module": "module.common_resources_staging.module.webapp.module.terraform_state_backend_webapp_msteams",
      "mode": "managed",
      "type": "aws_s3_bucket_versioning",
      "name": "default",
      "provider": "provider[\"registry.terraform.io/hashicorp/aws\"]",
      "instances": [
        {
          "index_key": 0,
          "schema_version": 0,
          "attributes": {
            "bucket": "unityhub-production-webapp-msteams-terraform-state",
            "expected_bucket_owner": "",
            "id": "unityhub-production-webapp-msteams-terraform-state",
            "mfa": null,
            "versioning_configuration": [
              {
                "mfa_delete": "Disabled",
                "status": "Enabled"
              }
            ]
          },
          "sensitive_attributes": [],
          "identity_schema_version": 0,
          "private": "bnVsbA==",
          "dependencies": [
            "module.common_resources_staging.module.webapp.module.terraform_state_backend_webapp_msteams.aws_s3_bucket.default"
          ]
        }
      ]
    },
    {
      "module": "module.common_resources_staging.module.webapp.module.terraform_state_backend_webapp_msteams",
      "mode": "managed",
      "type": "local_file",
      "name": "terraform_backend_config",
      "provider": "provider[\"registry.terraform.io/hashicorp/local\"]",
      "instances": [
        {
          "index_key": 0,
          "schema_version": 0,
          "attributes": {
            "content": "terraform {\n  required_version = \"\u003e= 1.0.0\"\n\n  backend \"s3\" {\n    region         = \"us-east-1\"\n    bucket         = \"unityhub-production-webapp-msteams-terraform-state\"\n    key            = \"terraform.tfstate\"\n    dynamodb_table = \"unityhub-production-webapp-msteams-terraform-state-lock\"\n    profile        = \"\"\n    role_arn       = \"\"\n    encrypt        = \"true\"\n  }\n}\n",
            "content_base64": null,
            "content_base64sha256": "99VpTM1Nzy39/NZ3OsAaC3w0U1U4n20ol1Otq5B61aY=",
            "content_base64sha512": "tVsFCgtKmlcmjwwoz/hMVdGyPvGvJG7u17cc5FRTPnxw+wxyHxlaaGgmEfehDm+YR7sG+quAbVOo6rpLyVRcqg==",
            "content_md5": "025c4215a2638cd5bfdca1bbee6edfa0",
            "content_sha1": "1f08797532630962c949419a6d69b22ffa3958f2",
            "content_sha256": "f7d5694ccd4dcf2dfdfcd6773ac01a0b7c345355389f6d289753adab907ad5a6",
            "content_sha512": "b55b050a0b4a9a57268f0c28cff84c55d1b23ef1af246eeed7b71ce454533e7c70fb0c721f195a68682611f7a10e6f9847bb06faab806d53a8eaba4bc9545caa",
            "directory_permission": "0777",
            "file_permission": "0644",
            "filename": "./backend/backend_webapp_msteams.tf",
            "id": "1f08797532630962c949419a6d69b22ffa3958f2",
            "sensitive_content": null,
            "source": null
          },
          "sensitive_attributes": [
            [
              {
                "type": "get_attr",
                "value": "sensitive_content"
              }
            ]
          ],
          "identity_schema_version": 0,
          "dependencies": [
            "module.common_resources_staging.module.webapp.module.terraform_state_backend_webapp_msteams.aws_dynamodb_table.with_server_side_encryption",
            "module.common_resources_staging.module.webapp.module.terraform_state_backend_webapp_msteams.aws_s3_bucket.default",
            "module.common_resources_staging.module.webapp.module.terraform_state_backend_webapp_msteams.data.aws_region.current"
          ]
        }
      ]
    },
    {
      "module": "module.common_resources_staging.module.webapp.module.terraform_state_backend_webapp_shared",
      "mode": "data",
      "type": "aws_iam_policy_document",
      "name": "prevent_unencrypted_uploads",
      "provider": "provider[\"registry.terraform.io/hashicorp/aws\"]",
      "instances": [
        {
          "index_key": 0,
          "schema_version": 0,
          "attributes": {
            "id": "3089283394",
            "json": "{\n  \"Version\": \"2012-10-17\",\n  \"Statement\": [\n    {\n      \"Sid\": \"DenyIncorrectEncryptionHeader\",\n      \"Effect\": \"Deny\",\n      \"Action\": \"s3:PutObject\",\n      \"Resource\": \"arn:aws:s3:::unityhub-production-webapp-shared-terraform-state/*\",\n      \"Principal\": {\n        \"AWS\": \"*\"\n      },\n      \"Condition\": {\n        \"StringNotEquals\": {\n          \"s3:x-amz-server-side-encryption\": [\n            \"AES256\",\n            \"aws:kms\"\n          ]\n        }\n      }\n    },\n    {\n      \"Sid\": \"DenyUnEncryptedObjectUploads\",\n      \"Effect\": \"Deny\",\n      \"Action\": \"s3:PutObject\",\n      \"Resource\": \"arn:aws:s3:::unityhub-production-webapp-shared-terraform-state/*\",\n      \"Principal\": {\n        \"AWS\": \"*\"\n      },\n      \"Condition\": {\n        \"Null\": {\n          \"s3:x-amz-server-side-encryption\": \"true\"\n        }\n      }\n    },\n    {\n      \"Sid\": \"EnforceTlsRequestsOnly\",\n      \"Effect\": \"Deny\",\n      \"Action\": \"s3:*\",\n      \"Resource\": [\n        \"arn:aws:s3:::unityhub-production-webapp-shared-terraform-state/*\",\n        \"arn:aws:s3:::unityhub-production-webapp-shared-terraform-state\"\n      ],\n      \"Principal\": {\n        \"AWS\": \"*\"\n      },\n      \"Condition\": {\n        \"Bool\": {\n          \"aws:SecureTransport\": \"false\"\n        }\n      }\n    }\n  ]\n}",
            "minified_json": "{\"Version\":\"2012-10-17\",\"Statement\":[{\"Sid\":\"DenyIncorrectEncryptionHeader\",\"Effect\":\"Deny\",\"Action\":\"s3:PutObject\",\"Resource\":\"arn:aws:s3:::unityhub-production-webapp-shared-terraform-state/*\",\"Principal\":{\"AWS\":\"*\"},\"Condition\":{\"StringNotEquals\":{\"s3:x-amz-server-side-encryption\":[\"AES256\",\"aws:kms\"]}}},{\"Sid\":\"DenyUnEncryptedObjectUploads\",\"Effect\":\"Deny\",\"Action\":\"s3:PutObject\",\"Resource\":\"arn:aws:s3:::unityhub-production-webapp-shared-terraform-state/*\",\"Principal\":{\"AWS\":\"*\"},\"Condition\":{\"Null\":{\"s3:x-amz-server-side-encryption\":\"true\"}}},{\"Sid\":\"EnforceTlsRequestsOnly\",\"Effect\":\"Deny\",\"Action\":\"s3:*\",\"Resource\":[\"arn:aws:s3:::unityhub-production-webapp-shared-terraform-state/*\",\"arn:aws:s3:::unityhub-production-webapp-shared-terraform-state\"],\"Principal\":{\"AWS\":\"*\"},\"Condition\":{\"Bool\":{\"aws:SecureTransport\":\"false\"}}}]}",
            "override_json": null,
            "override_policy_documents": null,
            "policy_id": null,
            "source_json": null,
            "source_policy_documents": null,
            "statement": [
              {
                "actions": [
                  "s3:PutObject"
                ],
                "condition": [
                  {
                    "test": "StringNotEquals",
                    "values": [
                      "AES256",
                      "aws:kms"
                    ],
                    "variable": "s3:x-amz-server-side-encryption"
                  }
                ],
                "effect": "Deny",
                "not_actions": [],
                "not_principals": [],
                "not_resources": [],
                "principals": [
                  {
                    "identifiers": [
                      "*"
                    ],
                    "type": "AWS"
                  }
                ],
                "resources": [
                  "arn:aws:s3:::unityhub-production-webapp-shared-terraform-state/*"
                ],
                "sid": "DenyIncorrectEncryptionHeader"
              },
              {
                "actions": [
                  "s3:PutObject"
                ],
                "condition": [
                  {
                    "test": "Null",
                    "values": [
                      "true"
                    ],
                    "variable": "s3:x-amz-server-side-encryption"
                  }
                ],
                "effect": "Deny",
                "not_actions": [],
                "not_principals": [],
                "not_resources": [],
                "principals": [
                  {
                    "identifiers": [
                      "*"
                    ],
                    "type": "AWS"
                  }
                ],
                "resources": [
                  "arn:aws:s3:::unityhub-production-webapp-shared-terraform-state/*"
                ],
                "sid": "DenyUnEncryptedObjectUploads"
              },
              {
                "actions": [
                  "s3:*"
                ],
                "condition": [
                  {
                    "test": "Bool",
                    "values": [
                      "false"
                    ],
                    "variable": "aws:SecureTransport"
                  }
                ],
                "effect": "Deny",
                "not_actions": [],
                "not_principals": [],
                "not_resources": [],
                "principals": [
                  {
                    "identifiers": [
                      "*"
                    ],
                    "type": "AWS"
                  }
                ],
                "resources": [
                  "arn:aws:s3:::unityhub-production-webapp-shared-terraform-state",
                  "arn:aws:s3:::unityhub-production-webapp-shared-terraform-state/*"
                ],
                "sid": "EnforceTlsRequestsOnly"
              }
            ],
            "version": "2012-10-17"
          },
          "sensitive_attributes": [],
          "identity_schema_version": 0
        }
      ]
    },
    {
      "module": "module.common_resources_staging.module.webapp.module.terraform_state_backend_webapp_shared",
      "mode": "data",
      "type": "aws_region",
      "name": "current",
      "provider": "provider[\"registry.terraform.io/hashicorp/aws\"]",
      "instances": [
        {
          "schema_version": 0,
          "attributes": {
            "description": "US East (N. Virginia)",
            "endpoint": "ec2.us-east-1.amazonaws.com",
            "id": "us-east-1",
            "name": "us-east-1"
          },
          "sensitive_attributes": [],
          "identity_schema_version": 0
        }
      ]
    },
    {
      "module": "module.common_resources_staging.module.webapp.module.terraform_state_backend_webapp_shared",
      "mode": "managed",
      "type": "aws_dynamodb_table",
      "name": "with_server_side_encryption",
      "provider": "provider[\"registry.terraform.io/hashicorp/aws\"]",
      "instances": [
        {
          "index_key": 0,
          "schema_version": 1,
          "attributes": {
            "arn": "arn:aws:dynamodb:us-east-1:514472330244:table/unityhub-production-webapp-shared-terraform-state-lock",
            "attribute": [
              {
                "name": "LockID",
                "type": "S"
              }
            ],
            "billing_mode": "PAY_PER_REQUEST",
            "deletion_protection_enabled": false,
            "global_secondary_index": [],
            "hash_key": "LockID",
            "id": "unityhub-production-webapp-shared-terraform-state-lock",
            "import_table": [],
            "local_secondary_index": [],
            "name": "unityhub-production-webapp-shared-terraform-state-lock",
            "on_demand_throughput": [],
            "point_in_time_recovery": [
              {
                "enabled": true,
                "recovery_period_in_days": 35
              }
            ],
            "range_key": null,
            "read_capacity": 0,
            "replica": [],
            "restore_date_time": null,
            "restore_source_name": null,
            "restore_source_table_arn": null,
            "restore_to_latest_time": null,
            "server_side_encryption": [
              {
                "enabled": true,
                "kms_key_arn": ""
              }
            ],
            "stream_arn": "",
            "stream_enabled": false,
            "stream_label": "",
            "stream_view_type": "",
            "table_class": "STANDARD",
            "tags": {
              "Attributes": "terraform-state-lock",
              "Name": "unityhub-production-webapp-shared-terraform-state-lock",
              "Namespace": "unityhub",
              "Stage": "production"
            },
            "tags_all": {
              "Attributes": "terraform-state-lock",
              "Name": "unityhub-production-webapp-shared-terraform-state-lock",
              "Namespace": "unityhub",
              "Stage": "production"
            },
            "timeouts": null,
            "ttl": [
              {
                "attribute_name": "",
                "enabled": false
              }
            ],
            "write_capacity": 0
          },
          "sensitive_attributes": [],
          "identity_schema_version": 0,
          "private": "eyJlMmJmYjczMC1lY2FhLTExZTYtOGY4OC0zNDM2M2JjN2M0YzAiOnsiY3JlYXRlIjoxODAwMDAwMDAwMDAwLCJkZWxldGUiOjYwMDAwMDAwMDAwMCwidXBkYXRlIjozNjAwMDAwMDAwMDAwfSwic2NoZW1hX3ZlcnNpb24iOiIxIn0="
        }
      ]
    },
    {
      "module": "module.common_resources_staging.module.webapp.module.terraform_state_backend_webapp_shared",
      "mode": "managed",
      "type": "aws_s3_bucket",
      "name": "default",
      "provider": "provider[\"registry.terraform.io/hashicorp/aws\"]",
      "instances": [
        {
          "index_key": 0,
          "schema_version": 0,
          "attributes": {
            "acceleration_status": "",
            "acl": null,
            "arn": "arn:aws:s3:::unityhub-production-webapp-shared-terraform-state",
            "bucket": "unityhub-production-webapp-shared-terraform-state",
            "bucket_domain_name": "unityhub-production-webapp-shared-terraform-state.s3.amazonaws.com",
            "bucket_prefix": "",
            "bucket_regional_domain_name": "unityhub-production-webapp-shared-terraform-state.s3.us-east-1.amazonaws.com",
            "cors_rule": [],
            "force_destroy": true,
            "grant": [
              {
                "id": "bea86176a486e69a83b4227063efa3be9eb4b243551739d81a6a4b41ec8b3461",
                "permissions": [
                  "FULL_CONTROL"
                ],
                "type": "CanonicalUser",
                "uri": ""
              }
            ],
            "hosted_zone_id": "Z3AQBSTGFYJSTF",
            "id": "unityhub-production-webapp-shared-terraform-state",
            "lifecycle_rule": [],
            "logging": [],
            "object_lock_configuration": [],
            "object_lock_enabled": false,
            "policy": "{\"Statement\":[{\"Action\":\"s3:PutObject\",\"Condition\":{\"StringNotEquals\":{\"s3:x-amz-server-side-encryption\":[\"AES256\",\"aws:kms\"]}},\"Effect\":\"Deny\",\"Principal\":{\"AWS\":\"*\"},\"Resource\":\"arn:aws:s3:::unityhub-production-webapp-shared-terraform-state/*\",\"Sid\":\"DenyIncorrectEncryptionHeader\"},{\"Action\":\"s3:PutObject\",\"Condition\":{\"Null\":{\"s3:x-amz-server-side-encryption\":\"true\"}},\"Effect\":\"Deny\",\"Principal\":{\"AWS\":\"*\"},\"Resource\":\"arn:aws:s3:::unityhub-production-webapp-shared-terraform-state/*\",\"Sid\":\"DenyUnEncryptedObjectUploads\"},{\"Action\":\"s3:*\",\"Condition\":{\"Bool\":{\"aws:SecureTransport\":\"false\"}},\"Effect\":\"Deny\",\"Principal\":{\"AWS\":\"*\"},\"Resource\":[\"arn:aws:s3:::unityhub-production-webapp-shared-terraform-state/*\",\"arn:aws:s3:::unityhub-production-webapp-shared-terraform-state\"],\"Sid\":\"EnforceTlsRequestsOnly\"}],\"Version\":\"2012-10-17\"}",
            "region": "us-east-1",
            "replication_configuration": [],
            "request_payer": "BucketOwner",
            "server_side_encryption_configuration": [
              {
                "rule": [
                  {
                    "apply_server_side_encryption_by_default": [
                      {
                        "kms_master_key_id": "",
                        "sse_algorithm": "AES256"
                      }
                    ],
                    "bucket_key_enabled": false
                  }
                ]
              }
            ],
            "tags": {
              "Attributes": "terraform-state",
              "Name": "unityhub-production-webapp-shared-terraform-state",
              "Namespace": "unityhub",
              "Stage": "production"
            },
            "tags_all": {
              "Attributes": "terraform-state",
              "Name": "unityhub-production-webapp-shared-terraform-state",
              "Namespace": "unityhub",
              "Stage": "production"
            },
            "timeouts": null,
            "versioning": [
              {
                "enabled": true,
                "mfa_delete": false
              }
            ],
            "website": [],
            "website_domain": null,
            "website_endpoint": null
          },
          "sensitive_attributes": [],
          "identity_schema_version": 0,
          "private": "eyJlMmJmYjczMC1lY2FhLTExZTYtOGY4OC0zNDM2M2JjN2M0YzAiOnsiY3JlYXRlIjoxMjAwMDAwMDAwMDAwLCJkZWxldGUiOjM2MDAwMDAwMDAwMDAsInJlYWQiOjEyMDAwMDAwMDAwMDAsInVwZGF0ZSI6MTIwMDAwMDAwMDAwMH19"
        }
      ]
    },
    {
      "module": "module.common_resources_staging.module.webapp.module.terraform_state_backend_webapp_shared",
      "mode": "managed",
      "type": "aws_s3_bucket_ownership_controls",
      "name": "default",
      "provider": "provider[\"registry.terraform.io/hashicorp/aws\"]",
      "instances": [
        {
          "index_key": 0,
          "schema_version": 0,
          "attributes": {
            "bucket": "unityhub-production-webapp-shared-terraform-state",
            "id": "unityhub-production-webapp-shared-terraform-state",
            "rule": [
              {
                "object_ownership": "BucketOwnerEnforced"
              }
            ]
          },
          "sensitive_attributes": [],
          "identity_schema_version": 0,
          "private": "bnVsbA==",
          "dependencies": [
            "module.common_resources_staging.module.webapp.module.terraform_state_backend_webapp_shared.aws_s3_bucket.default"
          ]
        }
      ]
    },
    {
      "module": "module.common_resources_staging.module.webapp.module.terraform_state_backend_webapp_shared",
      "mode": "managed",
      "type": "aws_s3_bucket_policy",
      "name": "default",
      "provider": "provider[\"registry.terraform.io/hashicorp/aws\"]",
      "instances": [
        {
          "index_key": 0,
          "schema_version": 0,
          "attributes": {
            "bucket": "unityhub-production-webapp-shared-terraform-state",
            "id": "unityhub-production-webapp-shared-terraform-state",
            "policy": "{\"Statement\":[{\"Action\":\"s3:PutObject\",\"Condition\":{\"StringNotEquals\":{\"s3:x-amz-server-side-encryption\":[\"AES256\",\"aws:kms\"]}},\"Effect\":\"Deny\",\"Principal\":{\"AWS\":\"*\"},\"Resource\":\"arn:aws:s3:::unityhub-production-webapp-shared-terraform-state/*\",\"Sid\":\"DenyIncorrectEncryptionHeader\"},{\"Action\":\"s3:PutObject\",\"Condition\":{\"Null\":{\"s3:x-amz-server-side-encryption\":\"true\"}},\"Effect\":\"Deny\",\"Principal\":{\"AWS\":\"*\"},\"Resource\":\"arn:aws:s3:::unityhub-production-webapp-shared-terraform-state/*\",\"Sid\":\"DenyUnEncryptedObjectUploads\"},{\"Action\":\"s3:*\",\"Condition\":{\"Bool\":{\"aws:SecureTransport\":\"false\"}},\"Effect\":\"Deny\",\"Principal\":{\"AWS\":\"*\"},\"Resource\":[\"arn:aws:s3:::unityhub-production-webapp-shared-terraform-state/*\",\"arn:aws:s3:::unityhub-production-webapp-shared-terraform-state\"],\"Sid\":\"EnforceTlsRequestsOnly\"}],\"Version\":\"2012-10-17\"}"
          },
          "sensitive_attributes": [],
          "identity_schema_version": 0,
          "private": "bnVsbA==",
          "dependencies": [
            "module.common_resources_staging.module.webapp.module.terraform_state_backend_webapp_shared.aws_s3_bucket.default",
            "module.common_resources_staging.module.webapp.module.terraform_state_backend_webapp_shared.data.aws_iam_policy_document.prevent_unencrypted_uploads"
          ]
        }
      ]
    },
    {
      "module": "module.common_resources_staging.module.webapp.module.terraform_state_backend_webapp_shared",
      "mode": "managed",
      "type": "aws_s3_bucket_public_access_block",
      "name": "default",
      "provider": "provider[\"registry.terraform.io/hashicorp/aws\"]",
      "instances": [
        {
          "index_key": 0,
          "schema_version": 0,
          "attributes": {
            "block_public_acls": true,
            "block_public_policy": true,
            "bucket": "unityhub-production-webapp-shared-terraform-state",
            "id": "unityhub-production-webapp-shared-terraform-state",
            "ignore_public_acls": true,
            "restrict_public_buckets": true
          },
          "sensitive_attributes": [],
          "identity_schema_version": 0,
          "private": "bnVsbA==",
          "dependencies": [
            "module.common_resources_staging.module.webapp.module.terraform_state_backend_webapp_shared.aws_s3_bucket.default"
          ]
        }
      ]
    },
    {
      "module": "module.common_resources_staging.module.webapp.module.terraform_state_backend_webapp_shared",
      "mode": "managed",
      "type": "aws_s3_bucket_server_side_encryption_configuration",
      "name": "default",
      "provider": "provider[\"registry.terraform.io/hashicorp/aws\"]",
      "instances": [
        {
          "index_key": 0,
          "schema_version": 0,
          "attributes": {
            "bucket": "unityhub-production-webapp-shared-terraform-state",
            "expected_bucket_owner": "",
            "id": "unityhub-production-webapp-shared-terraform-state",
            "rule": [
              {
                "apply_server_side_encryption_by_default": [
                  {
                    "kms_master_key_id": "",
                    "sse_algorithm": "AES256"
                  }
                ],
                "bucket_key_enabled": false
              }
            ]
          },
          "sensitive_attributes": [],
          "identity_schema_version": 0,
          "private": "bnVsbA==",
          "dependencies": [
            "module.common_resources_staging.module.webapp.module.terraform_state_backend_webapp_shared.aws_s3_bucket.default"
          ]
        }
      ]
    },
    {
      "module": "module.common_resources_staging.module.webapp.module.terraform_state_backend_webapp_shared",
      "mode": "managed",
      "type": "aws_s3_bucket_versioning",
      "name": "default",
      "provider": "provider[\"registry.terraform.io/hashicorp/aws\"]",
      "instances": [
        {
          "index_key": 0,
          "schema_version": 0,
          "attributes": {
            "bucket": "unityhub-production-webapp-shared-terraform-state",
            "expected_bucket_owner": "",
            "id": "unityhub-production-webapp-shared-terraform-state",
            "mfa": null,
            "versioning_configuration": [
              {
                "mfa_delete": "Disabled",
                "status": "Enabled"
              }
            ]
          },
          "sensitive_attributes": [],
          "identity_schema_version": 0,
          "private": "bnVsbA==",
          "dependencies": [
            "module.common_resources_staging.module.webapp.module.terraform_state_backend_webapp_shared.aws_s3_bucket.default"
          ]
        }
      ]
    },
    {
      "module": "module.common_resources_staging.module.webapp.module.terraform_state_backend_webapp_shared",
      "mode": "managed",
      "type": "local_file",
      "name": "terraform_backend_config",
      "provider": "provider[\"registry.terraform.io/hashicorp/local\"]",
      "instances": [
        {
          "index_key": 0,
          "schema_version": 0,
          "attributes": {
            "content": "terraform {\n  required_version = \"\u003e= 1.0.0\"\n\n  backend \"s3\" {\n    region         = \"us-east-1\"\n    bucket         = \"unityhub-production-webapp-shared-terraform-state\"\n    key            = \"terraform.tfstate\"\n    dynamodb_table = \"unityhub-production-webapp-shared-terraform-state-lock\"\n    profile        = \"\"\n    role_arn       = \"\"\n    encrypt        = \"true\"\n  }\n}\n",
            "content_base64": null,
            "content_base64sha256": "3JPbJPPru/+5U7vqu7ZkM7Ry7vw3NPLgkE+BLHcwgqg=",
            "content_base64sha512": "mY0zJBW1JjV2kCFKYoPD9ysPpj/fg2sUJUPI6v5v5K2f7OUNSGt0+X6OIaiCignjKnMjXqel11GWao16tMdV5w==",
            "content_md5": "ec0d56573c2b4089dad9ff27cbc79124",
            "content_sha1": "55158d89fb5aa2b320a27f025f44d30bc9dd72fa",
            "content_sha256": "dc93db24f3ebbbffb953bbeabbb66433b472eefc3734f2e0904f812c773082a8",
            "content_sha512": "998d332415b526357690214a6283c3f72b0fa63fdf836b142543c8eafe6fe4ad9fece50d486b74f97e8e21a8828a09e32a73235ea7a5d751966a8d7ab4c755e7",
            "directory_permission": "0777",
            "file_permission": "0644",
            "filename": "./backend/backend_webapp_shared.tf",
            "id": "55158d89fb5aa2b320a27f025f44d30bc9dd72fa",
            "sensitive_content": null,
            "source": null
          },
          "sensitive_attributes": [
            [
              {
                "type": "get_attr",
                "value": "sensitive_content"
              }
            ]
          ],
          "identity_schema_version": 0,
          "dependencies": [
            "module.common_resources_staging.module.webapp.module.terraform_state_backend_webapp_shared.aws_dynamodb_table.with_server_side_encryption",
            "module.common_resources_staging.module.webapp.module.terraform_state_backend_webapp_shared.aws_s3_bucket.default",
            "module.common_resources_staging.module.webapp.module.terraform_state_backend_webapp_shared.data.aws_region.current"
          ]
        }
      ]
    }
  ],
  "check_results": [
    {
      "object_kind": "var",
      "config_addr": "module.common_resources_staging.module.booking.module.terraform_state_backend_booking_shared.module.this.var.label_value_case",
      "status": "pass",
      "objects": [
        {
          "object_addr": "module.common_resources_staging.module.booking.module.terraform_state_backend_booking_shared.module.this.var.label_value_case",
          "status": "pass"
        }
      ]
    },
    {
      "object_kind": "var",
      "config_addr": "module.common_resources_staging.module.aws_oneoff.module.terraform_state_backend_aws_oneoff.module.dynamodb_table_label.var.label_key_case",
      "status": "pass",
      "objects": [
        {
          "object_addr": "module.common_resources_staging.module.aws_oneoff.module.terraform_state_backend_aws_oneoff.module.dynamodb_table_label.var.label_key_case",
          "status": "pass"
        }
      ]
    },
    {
      "object_kind": "var",
      "config_addr": "module.common_resources_staging.module.marketplacewebapp.module.terraform_state_backend_marketplacewebapp.module.replication_label.var.label_key_case",
      "status": "pass",
      "objects": [
        {
          "object_addr": "module.common_resources_staging.module.marketplacewebapp.module.terraform_state_backend_marketplacewebapp.module.replication_label.var.label_key_case",
          "status": "pass"
        }
      ]
    },
    {
      "object_kind": "var",
      "config_addr": "module.common_resources_staging.module.aws_oneoff.module.terraform_state_backend_aws_oneoff.module.this.var.id_length_limit",
      "status": "pass",
      "objects": [
        {
          "object_addr": "module.common_resources_staging.module.aws_oneoff.module.terraform_state_backend_aws_oneoff.module.this.var.id_length_limit",
          "status": "pass"
        }
      ]
    },
    {
      "object_kind": "var",
      "config_addr": "module.common_resources_staging.module.marketplacewebapp.module.terraform_state_backend_marketplacewebapp.var.label_key_case",
      "status": "pass",
      "objects": [
        {
          "object_addr": "module.common_resources_staging.module.marketplacewebapp.module.terraform_state_backend_marketplacewebapp.var.label_key_case",
          "status": "pass"
        }
      ]
    },
    {
      "object_kind": "var",
      "config_addr": "module.common_resources_staging.module.privatewebapp.module.terraform_state_backend_privatewebapp_shared.var.s3_bucket_name",
      "status": "pass",
      "objects": [
        {
          "object_addr": "module.common_resources_staging.module.privatewebapp.module.terraform_state_backend_privatewebapp_shared.var.s3_bucket_name",
          "status": "pass"
        }
      ]
    },
    {
      "object_kind": "var",
      "config_addr": "module.common_resources_staging.module.customer.module.terraform_state_backend_customer_shared.module.this.var.label_key_case",
      "status": "pass",
      "objects": [
        {
          "object_addr": "module.common_resources_staging.module.customer.module.terraform_state_backend_customer_shared.module.this.var.label_key_case",
          "status": "pass"
        }
      ]
    },
    {
      "object_kind": "var",
      "config_addr": "module.common_resources_staging.module.privatewebapp.module.terraform_state_backend_privatewebapp_help.var.context",
      "status": "pass",
      "objects": [
        {
          "object_addr": "module.common_resources_staging.module.privatewebapp.module.terraform_state_backend_privatewebapp_help.var.context",
          "status": "pass"
        }
      ]
    },
    {
      "object_kind": "var",
      "config_addr": "module.common_resources_staging.module.webapp.module.terraform_state_backend_webapp_eventcatalog.module.bucket_label.var.label_value_case",
      "status": "pass",
      "objects": [
        {
          "object_addr": "module.common_resources_staging.module.webapp.module.terraform_state_backend_webapp_eventcatalog.module.bucket_label.var.label_value_case",
          "status": "pass"
        }
      ]
    },
    {
      "object_kind": "var",
      "config_addr": "module.common_resources_staging.module.organization.module.terraform_state_backend_organization_shared.var.label_value_case",
      "status": "pass",
      "objects": [
        {
          "object_addr": "module.common_resources_staging.module.organization.module.terraform_state_backend_organization_shared.var.label_value_case",
          "status": "pass"
        }
      ]
    },
    {
      "object_kind": "var",
      "config_addr": "module.common_resources_staging.module.team.module.terraform_state_backend_team_shared.module.replication_label.var.id_length_limit",
      "status": "pass",
      "objects": [
        {
          "object_addr": "module.common_resources_staging.module.team.module.terraform_state_backend_team_shared.module.replication_label.var.id_length_limit",
          "status": "pass"
        }
      ]
    },
    {
      "object_kind": "var",
      "config_addr": "module.common_resources_staging.module.marketplacewebapp.module.terraform_state_backend_marketplacewebapp_eventcatalog.var.label_key_case",
      "status": "pass",
      "objects": [
        {
          "object_addr": "module.common_resources_staging.module.marketplacewebapp.module.terraform_state_backend_marketplacewebapp_eventcatalog.var.label_key_case",
          "status": "pass"
        }
      ]
    },
    {
      "object_kind": "var",
      "config_addr": "module.common_resources_staging.module.aws_oneoff.module.terraform_state_backend_aws_oneoff.var.s3_bucket_name",
      "status": "pass",
      "objects": [
        {
          "object_addr": "module.common_resources_staging.module.aws_oneoff.module.terraform_state_backend_aws_oneoff.var.s3_bucket_name",
          "status": "pass"
        }
      ]
    },
    {
      "object_kind": "var",
      "config_addr": "module.common_resources_staging.module.core.module.terraform_state_backend_core_shared.var.context",
      "status": "pass",
      "objects": [
        {
          "object_addr": "module.common_resources_staging.module.core.module.terraform_state_backend_core_shared.var.context",
          "status": "pass"
        }
      ]
    },
    {
      "object_kind": "var",
      "config_addr": "module.common_resources_staging.module.shared.module.terraform_state_backend_shared_azure_entra.module.replication_label.var.context",
      "status": "pass",
      "objects": [
        {
          "object_addr": "module.common_resources_staging.module.shared.module.terraform_state_backend_shared_azure_entra.module.replication_label.var.context",
          "status": "pass"
        }
      ]
    },
    {
      "object_kind": "var",
      "config_addr": "module.common_resources_staging.module.marketplace.module.terraform_state_backend_marketplace_shared.module.dynamodb_table_label.var.label_value_case",
      "status": "pass",
      "objects": [
        {
          "object_addr": "module.common_resources_staging.module.marketplace.module.terraform_state_backend_marketplace_shared.module.dynamodb_table_label.var.label_value_case",
          "status": "pass"
        }
      ]
    },
    {
      "object_kind": "var",
      "config_addr": "module.common_resources_staging.module.marketplacewebapp.module.terraform_state_backend_marketplacewebapp.module.dynamodb_table_label.var.label_value_case",
      "status": "pass",
      "objects": [
        {
          "object_addr": "module.common_resources_staging.module.marketplacewebapp.module.terraform_state_backend_marketplacewebapp.module.dynamodb_table_label.var.label_value_case",
          "status": "pass"
        }
      ]
    },
    {
      "object_kind": "var",
      "config_addr": "module.common_resources_staging.module.marketplacewebapp.module.terraform_state_backend_marketplacewebapp_msteams.var.label_key_case",
      "status": "pass",
      "objects": [
        {
          "object_addr": "module.common_resources_staging.module.marketplacewebapp.module.terraform_state_backend_marketplacewebapp_msteams.var.label_key_case",
          "status": "pass"
        }
      ]
    },
    {
      "object_kind": "var",
      "config_addr": "module.common_resources_staging.module.azure_oneoff.module.terraform_state_backend_azure_oneoff.module.bucket_label.var.context",
      "status": "pass",
      "objects": [
        {
          "object_addr": "module.common_resources_staging.module.azure_oneoff.module.terraform_state_backend_azure_oneoff.module.bucket_label.var.context",
          "status": "pass"
        }
      ]
    },
    {
      "object_kind": "var",
      "config_addr": "module.common_resources_staging.module.organization.module.terraform_state_backend_organization_shared.var.s3_bucket_name",
      "status": "pass",
      "objects": [
        {
          "object_addr": "module.common_resources_staging.module.organization.module.terraform_state_backend_organization_shared.var.s3_bucket_name",
          "status": "pass"
        }
      ]
    },
    {
      "object_kind": "var",
      "config_addr": "module.common_resources_staging.module.team.module.terraform_state_backend_team_shared.module.this.var.label_value_case",
      "status": "pass",
      "objects": [
        {
          "object_addr": "module.common_resources_staging.module.team.module.terraform_state_backend_team_shared.module.this.var.label_value_case",
          "status": "pass"
        }
      ]
    },
    {
      "object_kind": "var",
      "config_addr": "module.common_resources_staging.module.organization.module.terraform_state_backend_organization_shared.var.context",
      "status": "pass",
      "objects": [
        {
          "object_addr": "module.common_resources_staging.module.organization.module.terraform_state_backend_organization_shared.var.context",
          "status": "pass"
        }
      ]
    },
    {
      "object_kind": "var",
      "config_addr": "module.common_resources_staging.module.team.module.terraform_state_backend_team_shared.module.bucket_label.var.label_key_case",
      "status": "pass",
      "objects": [
        {
          "object_addr": "module.common_resources_staging.module.team.module.terraform_state_backend_team_shared.module.bucket_label.var.label_key_case",
          "status": "pass"
        }
      ]
    },
    {
      "object_kind": "var",
      "config_addr": "module.common_resources_staging.module.marketplacewebapp.module.terraform_state_backend_marketplacewebapp_shared.var.context",
      "status": "pass",
      "objects": [
        {
          "object_addr": "module.common_resources_staging.module.marketplacewebapp.module.terraform_state_backend_marketplacewebapp_shared.var.context",
          "status": "pass"
        }
      ]
    },
    {
      "object_kind": "var",
      "config_addr": "module.common_resources_staging.module.aws_oneoff.module.terraform_state_backend_aws_oneoff.module.bucket_label.var.id_length_limit",
      "status": "pass",
      "objects": [
        {
          "object_addr": "module.common_resources_staging.module.aws_oneoff.module.terraform_state_backend_aws_oneoff.module.bucket_label.var.id_length_limit",
          "status": "pass"
        }
      ]
    },
    {
      "object_kind": "var",
      "config_addr": "module.common_resources_staging.module.webapp.module.terraform_state_backend_webapp_eventcatalog.module.dynamodb_table_label.var.id_length_limit",
      "status": "pass",
      "objects": [
        {
          "object_addr": "module.common_resources_staging.module.webapp.module.terraform_state_backend_webapp_eventcatalog.module.dynamodb_table_label.var.id_length_limit",
          "status": "pass"
        }
      ]
    },
    {
      "object_kind": "var",
      "config_addr": "module.common_resources_staging.module.privatewebapp.module.terraform_state_backend_privatewebapp_help.module.bucket_label.var.id_length_limit",
      "status": "pass",
      "objects": [
        {
          "object_addr": "module.common_resources_staging.module.privatewebapp.module.terraform_state_backend_privatewebapp_help.module.bucket_label.var.id_length_limit",
          "status": "pass"
        }
      ]
    },
    {
      "object_kind": "var",
      "config_addr": "module.common_resources_staging.module.marketplacewebapp.module.terraform_state_backend_marketplacewebapp_help.module.this.var.label_value_case",
      "status": "pass",
      "objects": [
        {
          "object_addr": "module.common_resources_staging.module.marketplacewebapp.module.terraform_state_backend_marketplacewebapp_help.module.this.var.label_value_case",
          "status": "pass"
        }
      ]
    },
    {
      "object_kind": "var",
      "config_addr": "module.common_resources_staging.module.privatewebapp.module.terraform_state_backend_privatewebapp_help.var.label_key_case",
      "status": "pass",
      "objects": [
        {
          "object_addr": "module.common_resources_staging.module.privatewebapp.module.terraform_state_backend_privatewebapp_help.var.label_key_case",
          "status": "pass"
        }
      ]
    },
    {
      "object_kind": "var",
      "config_addr": "module.common_resources_staging.module.marketplacewebapp.module.terraform_state_backend_marketplacewebapp.module.dynamodb_table_label.var.id_length_limit",
      "status": "pass",
      "objects": [
        {
          "object_addr": "module.common_resources_staging.module.marketplacewebapp.module.terraform_state_backend_marketplacewebapp.module.dynamodb_table_label.var.id_length_limit",
          "status": "pass"
        }
      ]
    },
    {
      "object_kind": "var",
      "config_addr": "module.common_resources_staging.module.webapp.module.terraform_state_backend_webapp_shared.module.this.var.label_key_case",
      "status": "pass",
      "objects": [
        {
          "object_addr": "module.common_resources_staging.module.webapp.module.terraform_state_backend_webapp_shared.module.this.var.label_key_case",
          "status": "pass"
        }
      ]
    },
    {
      "object_kind": "var",
      "config_addr": "module.common_resources_staging.module.privatewebapp.module.terraform_state_backend_privatewebapp_msteams.module.this.var.id_length_limit",
      "status": "pass",
      "objects": [
        {
          "object_addr": "module.common_resources_staging.module.privatewebapp.module.terraform_state_backend_privatewebapp_msteams.module.this.var.id_length_limit",
          "status": "pass"
        }
      ]
    },
    {
      "object_kind": "var",
      "config_addr": "module.common_resources_staging.module.slack.module.terraform_state_backend_slack_shared.module.replication_label.var.label_value_case",
      "status": "pass",
      "objects": [
        {
          "object_addr": "module.common_resources_staging.module.slack.module.terraform_state_backend_slack_shared.module.replication_label.var.label_value_case",
          "status": "pass"
        }
      ]
    },
    {
      "object_kind": "var",
      "config_addr": "module.common_resources_staging.module.privatewebapp.module.terraform_state_backend_privatewebapp_shared.module.dynamodb_table_label.var.id_length_limit",
      "status": "pass",
      "objects": [
        {
          "object_addr": "module.common_resources_staging.module.privatewebapp.module.terraform_state_backend_privatewebapp_shared.module.dynamodb_table_label.var.id_length_limit",
          "status": "pass"
        }
      ]
    },
    {
      "object_kind": "var",
      "config_addr": "module.common_resources_staging.module.webapp.module.terraform_state_backend_webapp_msteams.var.logging",
      "status": "pass",
      "objects": [
        {
          "object_addr": "module.common_resources_staging.module.webapp.module.terraform_state_backend_webapp_msteams.var.logging",
          "status": "pass"
        }
      ]
    },
    {
      "object_kind": "var",
      "config_addr": "module.common_resources_staging.module.privatewebapp.module.terraform_state_backend_privatewebapp_msteams.module.replication_label.var.id_length_limit",
      "status": "pass",
      "objects": [
        {
          "object_addr": "module.common_resources_staging.module.privatewebapp.module.terraform_state_backend_privatewebapp_msteams.module.replication_label.var.id_length_limit",
          "status": "pass"
        }
      ]
    },
    {
      "object_kind": "var",
      "config_addr": "module.common_resources_staging.module.marketplacewebapp.module.terraform_state_backend_marketplacewebapp_shared.module.replication_label.var.label_value_case",
      "status": "pass",
      "objects": [
        {
          "object_addr": "module.common_resources_staging.module.marketplacewebapp.module.terraform_state_backend_marketplacewebapp_shared.module.replication_label.var.label_value_case",
          "status": "pass"
        }
      ]
    },
    {
      "object_kind": "var",
      "config_addr": "module.common_resources_staging.module.privatewebapp.module.terraform_state_backend_privatewebapp_shared.module.bucket_label.var.id_length_limit",
      "status": "pass",
      "objects": [
        {
          "object_addr": "module.common_resources_staging.module.privatewebapp.module.terraform_state_backend_privatewebapp_shared.module.bucket_label.var.id_length_limit",
          "status": "pass"
        }
      ]
    },
    {
      "object_kind": "var",
      "config_addr": "module.common_resources_staging.module.slack.module.terraform_state_backend_slack_shared.module.bucket_label.var.context",
      "status": "pass",
      "objects": [
        {
          "object_addr": "module.common_resources_staging.module.slack.module.terraform_state_backend_slack_shared.module.bucket_label.var.context",
          "status": "pass"
        }
      ]
    },
    {
      "object_kind": "var",
      "config_addr": "module.common_resources_staging.module.marketplace.module.terraform_state_backend_marketplace_shared.module.dynamodb_table_label.var.id_length_limit",
      "status": "pass",
      "objects": [
        {
          "object_addr": "module.common_resources_staging.module.marketplace.module.terraform_state_backend_marketplace_shared.module.dynamodb_table_label.var.id_length_limit",
          "status": "pass"
        }
      ]
    },
    {
      "object_kind": "var",
      "config_addr": "module.common_resources_staging.module.webapp.module.terraform_state_backend_webapp_msteams.var.context",
      "status": "pass",
      "objects": [
        {
          "object_addr": "module.common_resources_staging.module.webapp.module.terraform_state_backend_webapp_msteams.var.context",
          "status": "pass"
        }
      ]
    },
    {
      "object_kind": "var",
      "config_addr": "module.common_resources_staging.module.marketplace.module.terraform_state_backend_marketplace_shared.module.dynamodb_table_label.var.label_key_case",
      "status": "pass",
      "objects": [
        {
          "object_addr": "module.common_resources_staging.module.marketplace.module.terraform_state_backend_marketplace_shared.module.dynamodb_table_label.var.label_key_case",
          "status": "pass"
        }
      ]
    },
    {
      "object_kind": "var",
      "config_addr": "module.common_resources_staging.module.shared.module.terraform_state_backend_shared_azure_entra.var.context",
      "status": "pass",
      "objects": [
        {
          "object_addr": "module.common_resources_staging.module.shared.module.terraform_state_backend_shared_azure_entra.var.context",
          "status": "pass"
        }
      ]
    },
    {
      "object_kind": "var",
      "config_addr": "module.common_resources_staging.module.privatewebapp.module.terraform_state_backend_privatewebapp_shared.var.id_length_limit",
      "status": "pass",
      "objects": [
        {
          "object_addr": "module.common_resources_staging.module.privatewebapp.module.terraform_state_backend_privatewebapp_shared.var.id_length_limit",
          "status": "pass"
        }
      ]
    },
    {
      "object_kind": "var",
      "config_addr": "module.common_resources_staging.module.slack.module.terraform_state_backend_slack_shared.var.s3_bucket_name",
      "status": "pass",
      "objects": [
        {
          "object_addr": "module.common_resources_staging.module.slack.module.terraform_state_backend_slack_shared.var.s3_bucket_name",
          "status": "pass"
        }
      ]
    },
    {
      "object_kind": "var",
      "config_addr": "module.common_resources_staging.module.webapp.module.terraform_state_backend_webapp_eventcatalog.module.replication_label.var.label_value_case",
      "status": "pass",
      "objects": [
        {
          "object_addr": "module.common_resources_staging.module.webapp.module.terraform_state_backend_webapp_eventcatalog.module.replication_label.var.label_value_case",
          "status": "pass"
        }
      ]
    },
    {
      "object_kind": "var",
      "config_addr": "module.common_resources_staging.module.privatewebapp.module.terraform_state_backend_privatewebapp_eventcatalog.module.this.var.id_length_limit",
      "status": "pass",
      "objects": [
        {
          "object_addr": "module.common_resources_staging.module.privatewebapp.module.terraform_state_backend_privatewebapp_eventcatalog.module.this.var.id_length_limit",
          "status": "pass"
        }
      ]
    },
    {
      "object_kind": "var",
      "config_addr": "module.common_resources_staging.module.privatewebapp.module.terraform_state_backend_privatewebapp_help.module.this.var.label_value_case",
      "status": "pass",
      "objects": [
        {
          "object_addr": "module.common_resources_staging.module.privatewebapp.module.terraform_state_backend_privatewebapp_help.module.this.var.label_value_case",
          "status": "pass"
        }
      ]
    },
    {
      "object_kind": "var",
      "config_addr": "module.common_resources_staging.module.core.module.terraform_state_backend_core_shared.module.this.var.context",
      "status": "pass",
      "objects": [
        {
          "object_addr": "module.common_resources_staging.module.core.module.terraform_state_backend_core_shared.module.this.var.context",
          "status": "pass"
        }
      ]
    },
    {
      "object_kind": "var",
      "config_addr": "module.common_resources_staging.module.webapp.module.terraform_state_backend_webapp_msteams.module.replication_label.var.label_value_case",
      "status": "pass",
      "objects": [
        {
          "object_addr": "module.common_resources_staging.module.webapp.module.terraform_state_backend_webapp_msteams.module.replication_label.var.label_value_case",
          "status": "pass"
        }
      ]
    },
    {
      "object_kind": "var",
      "config_addr": "module.common_resources_staging.module.organization.module.terraform_state_backend_organization_shared.module.dynamodb_table_label.var.label_key_case",
      "status": "pass",
      "objects": [
        {
          "object_addr": "module.common_resources_staging.module.organization.module.terraform_state_backend_organization_shared.module.dynamodb_table_label.var.label_key_case",
          "status": "pass"
        }
      ]
    },
    {
      "object_kind": "var",
      "config_addr": "module.common_resources_staging.module.core.module.terraform_state_backend_core_shared.var.label_value_case",
      "status": "pass",
      "objects": [
        {
          "object_addr": "module.common_resources_staging.module.core.module.terraform_state_backend_core_shared.var.label_value_case",
          "status": "pass"
        }
      ]
    },
    {
      "object_kind": "var",
      "config_addr": "module.common_resources_staging.module.webapp.module.terraform_state_backend_webapp.module.dynamodb_table_label.var.label_value_case",
      "status": "pass",
      "objects": [
        {
          "object_addr": "module.common_resources_staging.module.webapp.module.terraform_state_backend_webapp.module.dynamodb_table_label.var.label_value_case",
          "status": "pass"
        }
      ]
    },
    {
      "object_kind": "var",
      "config_addr": "module.common_resources_staging.module.azure_oneoff.module.terraform_state_backend_azure_oneoff.module.dynamodb_table_label.var.label_value_case",
      "status": "pass",
      "objects": [
        {
          "object_addr": "module.common_resources_staging.module.azure_oneoff.module.terraform_state_backend_azure_oneoff.module.dynamodb_table_label.var.label_value_case",
          "status": "pass"
        }
      ]
    },
    {
      "object_kind": "var",
      "config_addr": "module.common_resources_staging.module.team.module.terraform_state_backend_team_shared.module.this.var.label_key_case",
      "status": "pass",
      "objects": [
        {
          "object_addr": "module.common_resources_staging.module.team.module.terraform_state_backend_team_shared.module.this.var.label_key_case",
          "status": "pass"
        }
      ]
    },
    {
      "object_kind": "var",
      "config_addr": "module.common_resources_staging.module.webapp.module.terraform_state_backend_webapp_shared.module.this.var.context",
      "status": "pass",
      "objects": [
        {
          "object_addr": "module.common_resources_staging.module.webapp.module.terraform_state_backend_webapp_shared.module.this.var.context",
          "status": "pass"
        }
      ]
    },
    {
      "object_kind": "var",
      "config_addr": "module.common_resources_staging.module.shared.module.terraform_state_backend_shared.module.bucket_label.var.context",
      "status": "pass",
      "objects": [
        {
          "object_addr": "module.common_resources_staging.module.shared.module.terraform_state_backend_shared.module.bucket_label.var.context",
          "status": "pass"
        }
      ]
    },
    {
      "object_kind": "var",
      "config_addr": "module.common_resources_staging.module.slack.module.terraform_state_backend_slack_shared.module.bucket_label.var.label_value_case",
      "status": "pass",
      "objects": [
        {
          "object_addr": "module.common_resources_staging.module.slack.module.terraform_state_backend_slack_shared.module.bucket_label.var.label_value_case",
          "status": "pass"
        }
      ]
    },
    {
      "object_kind": "var",
      "config_addr": "module.common_resources_staging.module.shared.module.terraform_state_backend_shared_azure_entra.module.this.var.context",
      "status": "pass",
      "objects": [
        {
          "object_addr": "module.common_resources_staging.module.shared.module.terraform_state_backend_shared_azure_entra.module.this.var.context",
          "status": "pass"
        }
      ]
    },
    {
      "object_kind": "var",
      "config_addr": "module.common_resources_staging.module.customer.module.terraform_state_backend_customer_shared.module.bucket_label.var.label_key_case",
      "status": "pass",
      "objects": [
        {
          "object_addr": "module.common_resources_staging.module.customer.module.terraform_state_backend_customer_shared.module.bucket_label.var.label_key_case",
          "status": "pass"
        }
      ]
    },
    {
      "object_kind": "var",
      "config_addr": "module.common_resources_staging.module.webapp.module.terraform_state_backend_webapp_help.module.this.var.label_value_case",
      "status": "pass",
      "objects": [
        {
          "object_addr": "module.common_resources_staging.module.webapp.module.terraform_state_backend_webapp_help.module.this.var.label_value_case",
          "status": "pass"
        }
      ]
    },
    {
      "object_kind": "var",
      "config_addr": "module.common_resources_staging.module.privatewebapp.module.terraform_state_backend_privatewebapp_shared.module.dynamodb_table_label.var.label_value_case",
      "status": "pass",
      "objects": [
        {
          "object_addr": "module.common_resources_staging.module.privatewebapp.module.terraform_state_backend_privatewebapp_shared.module.dynamodb_table_label.var.label_value_case",
          "status": "pass"
        }
      ]
    },
    {
      "object_kind": "var",
      "config_addr": "module.common_resources_staging.module.marketplacewebapp.module.terraform_state_backend_marketplacewebapp.module.replication_label.var.label_value_case",
      "status": "pass",
      "objects": [
        {
          "object_addr": "module.common_resources_staging.module.marketplacewebapp.module.terraform_state_backend_marketplacewebapp.module.replication_label.var.label_value_case",
          "status": "pass"
        }
      ]
    },
    {
      "object_kind": "var",
      "config_addr": "module.common_resources_staging.module.shared.module.terraform_state_backend_shared.module.bucket_label.var.label_key_case",
      "status": "pass",
      "objects": [
        {
          "object_addr": "module.common_resources_staging.module.shared.module.terraform_state_backend_shared.module.bucket_label.var.label_key_case",
          "status": "pass"
        }
      ]
    },
    {
      "object_kind": "var",
      "config_addr": "module.common_resources_staging.module.marketplacewebapp.module.terraform_state_backend_marketplacewebapp.module.replication_label.var.context",
      "status": "pass",
      "objects": [
        {
          "object_addr": "module.common_resources_staging.module.marketplacewebapp.module.terraform_state_backend_marketplacewebapp.module.replication_label.var.context",
          "status": "pass"
        }
      ]
    },
    {
      "object_kind": "var",
      "config_addr": "module.common_resources_staging.module.shared.module.terraform_state_backend_shared_azure_entra.var.id_length_limit",
      "status": "pass",
      "objects": [
        {
          "object_addr": "module.common_resources_staging.module.shared.module.terraform_state_backend_shared_azure_entra.var.id_length_limit",
          "status": "pass"
        }
      ]
    },
    {
      "object_kind": "var",
      "config_addr": "module.common_resources_staging.module.marketplacewebapp.module.terraform_state_backend_marketplacewebapp_msteams.var.logging",
      "status": "pass",
      "objects": [
        {
          "object_addr": "module.common_resources_staging.module.marketplacewebapp.module.terraform_state_backend_marketplacewebapp_msteams.var.logging",
          "status": "pass"
        }
      ]
    },
    {
      "object_kind": "var",
      "config_addr": "module.common_resources_staging.module.webapp.module.terraform_state_backend_webapp_shared.module.replication_label.var.label_key_case",
      "status": "pass",
      "objects": [
        {
          "object_addr": "module.common_resources_staging.module.webapp.module.terraform_state_backend_webapp_shared.module.replication_label.var.label_key_case",
          "status": "pass"
        }
      ]
    },
    {
      "object_kind": "var",
      "config_addr": "module.common_resources_staging.module.marketplace.module.terraform_state_backend_marketplace_shared.module.bucket_label.var.id_length_limit",
      "status": "pass",
      "objects": [
        {
          "object_addr": "module.common_resources_staging.module.marketplace.module.terraform_state_backend_marketplace_shared.module.bucket_label.var.id_length_limit",
          "status": "pass"
        }
      ]
    },
    {
      "object_kind": "var",
      "config_addr": "module.common_resources_staging.module.msteams.module.terraform_state_backend_msteams_shared.var.id_length_limit",
      "status": "pass",
      "objects": [
        {
          "object_addr": "module.common_resources_staging.module.msteams.module.terraform_state_backend_msteams_shared.var.id_length_limit",
          "status": "pass"
        }
      ]
    },
    {
      "object_kind": "var",
      "config_addr": "module.common_resources_staging.module.webapp.module.terraform_state_backend_webapp_eventcatalog.module.this.var.label_key_case",
      "status": "pass",
      "objects": [
        {
          "object_addr": "module.common_resources_staging.module.webapp.module.terraform_state_backend_webapp_eventcatalog.module.this.var.label_key_case",
          "status": "pass"
        }
      ]
    },
    {
      "object_kind": "var",
      "config_addr": "module.common_resources_staging.module.slack.module.terraform_state_backend_slack_shared.module.replication_label.var.context",
      "status": "pass",
      "objects": [
        {
          "object_addr": "module.common_resources_staging.module.slack.module.terraform_state_backend_slack_shared.module.replication_label.var.context",
          "status": "pass"
        }
      ]
    },
    {
      "object_kind": "var",
      "config_addr": "module.common_resources_staging.module.msteams.module.terraform_state_backend_msteams_shared.module.replication_label.var.label_value_case",
      "status": "pass",
      "objects": [
        {
          "object_addr": "module.common_resources_staging.module.msteams.module.terraform_state_backend_msteams_shared.module.replication_label.var.label_value_case",
          "status": "pass"
        }
      ]
    },
    {
      "object_kind": "var",
      "config_addr": "module.common_resources_staging.module.privatewebapp.module.terraform_state_backend_privatewebapp.module.replication_label.var.label_key_case",
      "status": "pass",
      "objects": [
        {
          "object_addr": "module.common_resources_staging.module.privatewebapp.module.terraform_state_backend_privatewebapp.module.replication_label.var.label_key_case",
          "status": "pass"
        }
      ]
    },
    {
      "object_kind": "var",
      "config_addr": "module.common_resources_staging.module.privatewebapp.module.terraform_state_backend_privatewebapp_eventcatalog.module.this.var.label_value_case",
      "status": "pass",
      "objects": [
        {
          "object_addr": "module.common_resources_staging.module.privatewebapp.module.terraform_state_backend_privatewebapp_eventcatalog.module.this.var.label_value_case",
          "status": "pass"
        }
      ]
    },
    {
      "object_kind": "var",
      "config_addr": "module.common_resources_staging.module.marketplace.module.terraform_state_backend_marketplace_shared.module.dynamodb_table_label.var.context",
      "status": "pass",
      "objects": [
        {
          "object_addr": "module.common_resources_staging.module.marketplace.module.terraform_state_backend_marketplace_shared.module.dynamodb_table_label.var.context",
          "status": "pass"
        }
      ]
    },
    {
      "object_kind": "var",
      "config_addr": "module.common_resources_staging.module.azure_oneoff.module.terraform_state_backend_azure_oneoff.var.label_key_case",
      "status": "pass",
      "objects": [
        {
          "object_addr": "module.common_resources_staging.module.azure_oneoff.module.terraform_state_backend_azure_oneoff.var.label_key_case",
          "status": "pass"
        }
      ]
    },
    {
      "object_kind": "var",
      "config_addr": "module.common_resources_staging.module.webapp.module.terraform_state_backend_webapp_help.var.context",
      "status": "pass",
      "objects": [
        {
          "object_addr": "module.common_resources_staging.module.webapp.module.terraform_state_backend_webapp_help.var.context",
          "status": "pass"
        }
      ]
    },
    {
      "object_kind": "var",
      "config_addr": "module.common_resources_staging.module.azure_oneoff.module.terraform_state_backend_azure_oneoff.module.this.var.id_length_limit",
      "status": "pass",
      "objects": [
        {
          "object_addr": "module.common_resources_staging.module.azure_oneoff.module.terraform_state_backend_azure_oneoff.module.this.var.id_length_limit",
          "status": "pass"
        }
      ]
    },
    {
      "object_kind": "var",
      "config_addr": "module.common_resources_staging.module.marketplacewebapp.module.terraform_state_backend_marketplacewebapp_msteams.module.dynamodb_table_label.var.label_value_case",
      "status": "pass",
      "objects": [
        {
          "object_addr": "module.common_resources_staging.module.marketplacewebapp.module.terraform_state_backend_marketplacewebapp_msteams.module.dynamodb_table_label.var.label_value_case",
          "status": "pass"
        }
      ]
    },
    {
      "object_kind": "var",
      "config_addr": "module.common_resources_staging.module.webapp.module.terraform_state_backend_webapp.module.this.var.label_value_case",
      "status": "pass",
      "objects": [
        {
          "object_addr": "module.common_resources_staging.module.webapp.module.terraform_state_backend_webapp.module.this.var.label_value_case",
          "status": "pass"
        }
      ]
    },
    {
      "object_kind": "var",
      "config_addr": "module.common_resources_staging.module.azure_oneoff.module.terraform_state_backend_azure_oneoff.module.this.var.label_key_case",
      "status": "pass",
      "objects": [
        {
          "object_addr": "module.common_resources_staging.module.azure_oneoff.module.terraform_state_backend_azure_oneoff.module.this.var.label_key_case",
          "status": "pass"
        }
      ]
    },
    {
      "object_kind": "var",
      "config_addr": "module.common_resources_staging.module.webapp.module.terraform_state_backend_webapp.module.this.var.id_length_limit",
      "status": "pass",
      "objects": [
        {
          "object_addr": "module.common_resources_staging.module.webapp.module.terraform_state_backend_webapp.module.this.var.id_length_limit",
          "status": "pass"
        }
      ]
    },
    {
      "object_kind": "var",
      "config_addr": "module.common_resources_staging.module.marketplacewebapp.module.terraform_state_backend_marketplacewebapp_eventcatalog.var.s3_bucket_name",
      "status": "pass",
      "objects": [
        {
          "object_addr": "module.common_resources_staging.module.marketplacewebapp.module.terraform_state_backend_marketplacewebapp_eventcatalog.var.s3_bucket_name",
          "status": "pass"
        }
      ]
    },
    {
      "object_kind": "var",
      "config_addr": "module.common_resources_staging.module.privatewebapp.module.terraform_state_backend_privatewebapp_eventcatalog.var.context",
      "status": "pass",
      "objects": [
        {
          "object_addr": "module.common_resources_staging.module.privatewebapp.module.terraform_state_backend_privatewebapp_eventcatalog.var.context",
          "status": "pass"
        }
      ]
    },
    {
      "object_kind": "var",
      "config_addr": "module.common_resources_staging.module.marketplacewebapp.module.terraform_state_backend_marketplacewebapp_shared.module.this.var.label_key_case",
      "status": "pass",
      "objects": [
        {
          "object_addr": "module.common_resources_staging.module.marketplacewebapp.module.terraform_state_backend_marketplacewebapp_shared.module.this.var.label_key_case",
          "status": "pass"
        }
      ]
    },
    {
      "object_kind": "var",
      "config_addr": "module.common_resources_staging.module.shared.module.terraform_state_backend_shared.module.this.var.label_key_case",
      "status": "pass",
      "objects": [
        {
          "object_addr": "module.common_resources_staging.module.shared.module.terraform_state_backend_shared.module.this.var.label_key_case",
          "status": "pass"
        }
      ]
    },
    {
      "object_kind": "var",
      "config_addr": "module.common_resources_staging.module.marketplacewebapp.module.terraform_state_backend_marketplacewebapp_msteams.module.this.var.context",
      "status": "pass",
      "objects": [
        {
          "object_addr": "module.common_resources_staging.module.marketplacewebapp.module.terraform_state_backend_marketplacewebapp_msteams.module.this.var.context",
          "status": "pass"
        }
      ]
    },
    {
      "object_kind": "var",
      "config_addr": "module.common_resources_staging.module.location.module.terraform_state_backend_location_shared.var.s3_bucket_name",
      "status": "pass",
      "objects": [
        {
          "object_addr": "module.common_resources_staging.module.location.module.terraform_state_backend_location_shared.var.s3_bucket_name",
          "status": "pass"
        }
      ]
    },
    {
      "object_kind": "var",
      "config_addr": "module.common_resources_staging.module.shared.module.terraform_state_backend_shared.module.replication_label.var.label_value_case",
      "status": "pass",
      "objects": [
        {
          "object_addr": "module.common_resources_staging.module.shared.module.terraform_state_backend_shared.module.replication_label.var.label_value_case",
          "status": "pass"
        }
      ]
    },
    {
      "object_kind": "var",
      "config_addr": "module.common_resources_staging.module.shared.module.terraform_state_backend_shared_azure_entra.module.this.var.id_length_limit",
      "status": "pass",
      "objects": [
        {
          "object_addr": "module.common_resources_staging.module.shared.module.terraform_state_backend_shared_azure_entra.module.this.var.id_length_limit",
          "status": "pass"
        }
      ]
    },
    {
      "object_kind": "var",
      "config_addr": "module.common_resources_staging.module.team.module.terraform_state_backend_team_shared.module.replication_label.var.label_value_case",
      "status": "pass",
      "objects": [
        {
          "object_addr": "module.common_resources_staging.module.team.module.terraform_state_backend_team_shared.module.replication_label.var.label_value_case",
          "status": "pass"
        }
      ]
    },
    {
      "object_kind": "var",
      "config_addr": "module.common_resources_staging.module.gcp_oneoff.module.terraform_state_backend_gcp_oneoff.module.bucket_label.var.label_value_case",
      "status": "pass",
      "objects": [
        {
          "object_addr": "module.common_resources_staging.module.gcp_oneoff.module.terraform_state_backend_gcp_oneoff.module.bucket_label.var.label_value_case",
          "status": "pass"
        }
      ]
    },
    {
      "object_kind": "var",
      "config_addr": "module.common_resources_staging.module.webapp.module.terraform_state_backend_webapp_eventcatalog.module.replication_label.var.context",
      "status": "pass",
      "objects": [
        {
          "object_addr": "module.common_resources_staging.module.webapp.module.terraform_state_backend_webapp_eventcatalog.module.replication_label.var.context",
          "status": "pass"
        }
      ]
    },
    {
      "object_kind": "var",
      "config_addr": "module.common_resources_staging.module.azure_oneoff.module.terraform_state_backend_azure_oneoff.module.dynamodb_table_label.var.label_key_case",
      "status": "pass",
      "objects": [
        {
          "object_addr": "module.common_resources_staging.module.azure_oneoff.module.terraform_state_backend_azure_oneoff.module.dynamodb_table_label.var.label_key_case",
          "status": "pass"
        }
      ]
    },
    {
      "object_kind": "var",
      "config_addr": "module.common_resources_staging.module.team.module.terraform_state_backend_team_shared.var.label_key_case",
      "status": "pass",
      "objects": [
        {
          "object_addr": "module.common_resources_staging.module.team.module.terraform_state_backend_team_shared.var.label_key_case",
          "status": "pass"
        }
      ]
    },
    {
      "object_kind": "var",
      "config_addr": "module.common_resources_staging.module.core.module.terraform_state_backend_core_shared.module.replication_label.var.id_length_limit",
      "status": "pass",
      "objects": [
        {
          "object_addr": "module.common_resources_staging.module.core.module.terraform_state_backend_core_shared.module.replication_label.var.id_length_limit",
          "status": "pass"
        }
      ]
    },
    {
      "object_kind": "var",
      "config_addr": "module.common_resources_staging.module.webapp.module.terraform_state_backend_webapp.var.logging",
      "status": "pass",
      "objects": [
        {
          "object_addr": "module.common_resources_staging.module.webapp.module.terraform_state_backend_webapp.var.logging",
          "status": "pass"
        }
      ]
    },
    {
      "object_kind": "var",
      "config_addr": "module.common_resources_staging.module.booking.module.terraform_state_backend_booking_shared.var.label_value_case",
      "status": "pass",
      "objects": [
        {
          "object_addr": "module.common_resources_staging.module.booking.module.terraform_state_backend_booking_shared.var.label_value_case",
          "status": "pass"
        }
      ]
    },
    {
      "object_kind": "var",
      "config_addr": "module.common_resources_staging.module.team.module.terraform_state_backend_team_shared.var.id_length_limit",
      "status": "pass",
      "objects": [
        {
          "object_addr": "module.common_resources_staging.module.team.module.terraform_state_backend_team_shared.var.id_length_limit",
          "status": "pass"
        }
      ]
    },
    {
      "object_kind": "var",
      "config_addr": "module.common_resources_staging.module.aws_oneoff.module.terraform_state_backend_aws_oneoff.module.this.var.context",
      "status": "pass",
      "objects": [
        {
          "object_addr": "module.common_resources_staging.module.aws_oneoff.module.terraform_state_backend_aws_oneoff.module.this.var.context",
          "status": "pass"
        }
      ]
    },
    {
      "object_kind": "var",
      "config_addr": "module.common_resources_staging.module.privatewebapp.module.terraform_state_backend_privatewebapp_msteams.module.bucket_label.var.label_key_case",
      "status": "pass",
      "objects": [
        {
          "object_addr": "module.common_resources_staging.module.privatewebapp.module.terraform_state_backend_privatewebapp_msteams.module.bucket_label.var.label_key_case",
          "status": "pass"
        }
      ]
    },
    {
      "object_kind": "var",
      "config_addr": "module.common_resources_staging.module.privatewebapp.module.terraform_state_backend_privatewebapp_help.module.bucket_label.var.label_key_case",
      "status": "pass",
      "objects": [
        {
          "object_addr": "module.common_resources_staging.module.privatewebapp.module.terraform_state_backend_privatewebapp_help.module.bucket_label.var.label_key_case",
          "status": "pass"
        }
      ]
    },
    {
      "object_kind": "var",
      "config_addr": "module.common_resources_staging.module.marketplacewebapp.module.terraform_state_backend_marketplacewebapp.var.logging",
      "status": "pass",
      "objects": [
        {
          "object_addr": "module.common_resources_staging.module.marketplacewebapp.module.terraform_state_backend_marketplacewebapp.var.logging",
          "status": "pass"
        }
      ]
    },
    {
      "object_kind": "var",
      "config_addr": "module.common_resources_staging.module.webapp.module.terraform_state_backend_webapp.var.s3_bucket_name",
      "status": "pass",
      "objects": [
        {
          "object_addr": "module.common_resources_staging.module.webapp.module.terraform_state_backend_webapp.var.s3_bucket_name",
          "status": "pass"
        }
      ]
    },
    {
      "object_kind": "var",
      "config_addr": "module.common_resources_staging.module.marketplace.module.terraform_state_backend_marketplace_shared.module.this.var.label_value_case",
      "status": "pass",
      "objects": [
        {
          "object_addr": "module.common_resources_staging.module.marketplace.module.terraform_state_backend_marketplace_shared.module.this.var.label_value_case",
          "status": "pass"
        }
      ]
    },
    {
      "object_kind": "var",
      "config_addr": "module.common_resources_staging.module.booking.module.terraform_state_backend_booking_shared.module.this.var.id_length_limit",
      "status": "pass",
      "objects": [
        {
          "object_addr": "module.common_resources_staging.module.booking.module.terraform_state_backend_booking_shared.module.this.var.id_length_limit",
          "status": "pass"
        }
      ]
    },
    {
      "object_kind": "var",
      "config_addr": "module.common_resources_staging.module.slack.module.terraform_state_backend_slack_shared.module.bucket_label.var.label_key_case",
      "status": "pass",
      "objects": [
        {
          "object_addr": "module.common_resources_staging.module.slack.module.terraform_state_backend_slack_shared.module.bucket_label.var.label_key_case",
          "status": "pass"
        }
      ]
    },
    {
      "object_kind": "var",
      "config_addr": "module.common_resources_staging.module.privatewebapp.module.terraform_state_backend_privatewebapp_help.module.dynamodb_table_label.var.context",
      "status": "pass",
      "objects": [
        {
          "object_addr": "module.common_resources_staging.module.privatewebapp.module.terraform_state_backend_privatewebapp_help.module.dynamodb_table_label.var.context",
          "status": "pass"
        }
      ]
    },
    {
      "object_kind": "var",
      "config_addr": "module.common_resources_staging.module.webapp.module.terraform_state_backend_webapp_eventcatalog.module.dynamodb_table_label.var.context",
      "status": "pass",
      "objects": [
        {
          "object_addr": "module.common_resources_staging.module.webapp.module.terraform_state_backend_webapp_eventcatalog.module.dynamodb_table_label.var.context",
          "status": "pass"
        }
      ]
    },
    {
      "object_kind": "var",
      "config_addr": "module.common_resources_staging.module.gcp_oneoff.module.terraform_state_backend_gcp_oneoff.var.label_value_case",
      "status": "pass",
      "objects": [
        {
          "object_addr": "module.common_resources_staging.module.gcp_oneoff.module.terraform_state_backend_gcp_oneoff.var.label_value_case",
          "status": "pass"
        }
      ]
    },
    {
      "object_kind": "var",
      "config_addr": "module.common_resources_staging.module.privatewebapp.module.terraform_state_backend_privatewebapp_shared.module.this.var.context",
      "status": "pass",
      "objects": [
        {
          "object_addr": "module.common_resources_staging.module.privatewebapp.module.terraform_state_backend_privatewebapp_shared.module.this.var.context",
          "status": "pass"
        }
      ]
    },
    {
      "object_kind": "var",
      "config_addr": "module.common_resources_staging.module.privatewebapp.module.terraform_state_backend_privatewebapp_shared.module.dynamodb_table_label.var.label_key_case",
      "status": "pass",
      "objects": [
        {
          "object_addr": "module.common_resources_staging.module.privatewebapp.module.terraform_state_backend_privatewebapp_shared.module.dynamodb_table_label.var.label_key_case",
          "status": "pass"
        }
      ]
    },
    {
      "object_kind": "var",
      "config_addr": "module.common_resources_staging.module.gcp_oneoff.module.terraform_state_backend_gcp_oneoff.module.replication_label.var.id_length_limit",
      "status": "pass",
      "objects": [
        {
          "object_addr": "module.common_resources_staging.module.gcp_oneoff.module.terraform_state_backend_gcp_oneoff.module.replication_label.var.id_length_limit",
          "status": "pass"
        }
      ]
    },
    {
      "object_kind": "var",
      "config_addr": "module.common_resources_staging.module.marketplacewebapp.module.terraform_state_backend_marketplacewebapp.var.id_length_limit",
      "status": "pass",
      "objects": [
        {
          "object_addr": "module.common_resources_staging.module.marketplacewebapp.module.terraform_state_backend_marketplacewebapp.var.id_length_limit",
          "status": "pass"
        }
      ]
    },
    {
      "object_kind": "var",
      "config_addr": "module.common_resources_staging.module.privatewebapp.module.terraform_state_backend_privatewebapp_help.module.this.var.label_key_case",
      "status": "pass",
      "objects": [
        {
          "object_addr": "module.common_resources_staging.module.privatewebapp.module.terraform_state_backend_privatewebapp_help.module.this.var.label_key_case",
          "status": "pass"
        }
      ]
    },
    {
      "object_kind": "var",
      "config_addr": "module.common_resources_staging.module.slack.module.terraform_state_backend_slack_shared.var.label_value_case",
      "status": "pass",
      "objects": [
        {
          "object_addr": "module.common_resources_staging.module.slack.module.terraform_state_backend_slack_shared.var.label_value_case",
          "status": "pass"
        }
      ]
    },
    {
      "object_kind": "var",
      "config_addr": "module.common_resources_staging.module.webapp.module.terraform_state_backend_webapp_shared.var.context",
      "status": "pass",
      "objects": [
        {
          "object_addr": "module.common_resources_staging.module.webapp.module.terraform_state_backend_webapp_shared.var.context",
          "status": "pass"
        }
      ]
    },
    {
      "object_kind": "var",
      "config_addr": "module.common_resources_staging.module.privatewebapp.module.terraform_state_backend_privatewebapp_shared.module.bucket_label.var.label_key_case",
      "status": "pass",
      "objects": [
        {
          "object_addr": "module.common_resources_staging.module.privatewebapp.module.terraform_state_backend_privatewebapp_shared.module.bucket_label.var.label_key_case",
          "status": "pass"
        }
      ]
    },
    {
      "object_kind": "var",
      "config_addr": "module.common_resources_staging.module.privatewebapp.module.terraform_state_backend_privatewebapp_shared.module.replication_label.var.label_key_case",
      "status": "pass",
      "objects": [
        {
          "object_addr": "module.common_resources_staging.module.privatewebapp.module.terraform_state_backend_privatewebapp_shared.module.replication_label.var.label_key_case",
          "status": "pass"
        }
      ]
    },
    {
      "object_kind": "var",
      "config_addr": "module.common_resources_staging.module.team.module.terraform_state_backend_team_shared.var.logging",
      "status": "pass",
      "objects": [
        {
          "object_addr": "module.common_resources_staging.module.team.module.terraform_state_backend_team_shared.var.logging",
          "status": "pass"
        }
      ]
    },
    {
      "object_kind": "var",
      "config_addr": "module.common_resources_staging.module.privatewebapp.module.terraform_state_backend_privatewebapp_eventcatalog.module.this.var.label_key_case",
      "status": "pass",
      "objects": [
        {
          "object_addr": "module.common_resources_staging.module.privatewebapp.module.terraform_state_backend_privatewebapp_eventcatalog.module.this.var.label_key_case",
          "status": "pass"
        }
      ]
    },
    {
      "object_kind": "var",
      "config_addr": "module.common_resources_staging.module.organization.module.terraform_state_backend_organization_shared.var.logging",
      "status": "pass",
      "objects": [
        {
          "object_addr": "module.common_resources_staging.module.organization.module.terraform_state_backend_organization_shared.var.logging",
          "status": "pass"
        }
      ]
    },
    {
      "object_kind": "var",
      "config_addr": "module.common_resources_staging.module.privatewebapp.module.terraform_state_backend_privatewebapp_shared.module.this.var.label_key_case",
      "status": "pass",
      "objects": [
        {
          "object_addr": "module.common_resources_staging.module.privatewebapp.module.terraform_state_backend_privatewebapp_shared.module.this.var.label_key_case",
          "status": "pass"
        }
      ]
    },
    {
      "object_kind": "var",
      "config_addr": "module.common_resources_staging.module.shared.module.terraform_state_backend_shared_azure_entra.module.bucket_label.var.context",
      "status": "pass",
      "objects": [
        {
          "object_addr": "module.common_resources_staging.module.shared.module.terraform_state_backend_shared_azure_entra.module.bucket_label.var.context",
          "status": "pass"
        }
      ]
    },
    {
      "object_kind": "var",
      "config_addr": "module.common_resources_staging.module.team.module.terraform_state_backend_team_shared.module.dynamodb_table_label.var.id_length_limit",
      "status": "pass",
      "objects": [
        {
          "object_addr": "module.common_resources_staging.module.team.module.terraform_state_backend_team_shared.module.dynamodb_table_label.var.id_length_limit",
          "status": "pass"
        }
      ]
    },
    {
      "object_kind": "var",
      "config_addr": "module.common_resources_staging.module.privatewebapp.module.terraform_state_backend_privatewebapp_msteams.module.this.var.label_value_case",
      "status": "pass",
      "objects": [
        {
          "object_addr": "module.common_resources_staging.module.privatewebapp.module.terraform_state_backend_privatewebapp_msteams.module.this.var.label_value_case",
          "status": "pass"
        }
      ]
    },
    {
      "object_kind": "var",
      "config_addr": "module.common_resources_staging.module.webapp.module.terraform_state_backend_webapp_msteams.module.this.var.label_value_case",
      "status": "pass",
      "objects": [
        {
          "object_addr": "module.common_resources_staging.module.webapp.module.terraform_state_backend_webapp_msteams.module.this.var.label_value_case",
          "status": "pass"
        }
      ]
    },
    {
      "object_kind": "var",
      "config_addr": "module.common_resources_staging.module.privatewebapp.module.terraform_state_backend_privatewebapp_msteams.module.bucket_label.var.context",
      "status": "pass",
      "objects": [
        {
          "object_addr": "module.common_resources_staging.module.privatewebapp.module.terraform_state_backend_privatewebapp_msteams.module.bucket_label.var.context",
          "status": "pass"
        }
      ]
    },
    {
      "object_kind": "var",
      "config_addr": "module.common_resources_staging.module.privatewebapp.module.terraform_state_backend_privatewebapp_eventcatalog.module.replication_label.var.label_key_case",
      "status": "pass",
      "objects": [
        {
          "object_addr": "module.common_resources_staging.module.privatewebapp.module.terraform_state_backend_privatewebapp_eventcatalog.module.replication_label.var.label_key_case",
          "status": "pass"
        }
      ]
    },
    {
      "object_kind": "var",
      "config_addr": "module.common_resources_staging.module.marketplace.module.terraform_state_backend_marketplace_shared.module.this.var.id_length_limit",
      "status": "pass",
      "objects": [
        {
          "object_addr": "module.common_resources_staging.module.marketplace.module.terraform_state_backend_marketplace_shared.module.this.var.id_length_limit",
          "status": "pass"
        }
      ]
    },
    {
      "object_kind": "var",
      "config_addr": "module.common_resources_staging.module.webapp.module.terraform_state_backend_webapp_msteams.var.s3_bucket_name",
      "status": "pass",
      "objects": [
        {
          "object_addr": "module.common_resources_staging.module.webapp.module.terraform_state_backend_webapp_msteams.var.s3_bucket_name",
          "status": "pass"
        }
      ]
    },
    {
      "object_kind": "var",
      "config_addr": "module.common_resources_staging.module.customer.module.terraform_state_backend_customer_shared.module.this.var.context",
      "status": "pass",
      "objects": [
        {
          "object_addr": "module.common_resources_staging.module.customer.module.terraform_state_backend_customer_shared.module.this.var.context",
          "status": "pass"
        }
      ]
    },
    {
      "object_kind": "var",
      "config_addr": "module.common_resources_staging.module.marketplacewebapp.module.terraform_state_backend_marketplacewebapp_eventcatalog.var.id_length_limit",
      "status": "pass",
      "objects": [
        {
          "object_addr": "module.common_resources_staging.module.marketplacewebapp.module.terraform_state_backend_marketplacewebapp_eventcatalog.var.id_length_limit",
          "status": "pass"
        }
      ]
    },
    {
      "object_kind": "var",
      "config_addr": "module.common_resources_staging.module.marketplacewebapp.module.terraform_state_backend_marketplacewebapp_eventcatalog.module.bucket_label.var.id_length_limit",
      "status": "pass",
      "objects": [
        {
          "object_addr": "module.common_resources_staging.module.marketplacewebapp.module.terraform_state_backend_marketplacewebapp_eventcatalog.module.bucket_label.var.id_length_limit",
          "status": "pass"
        }
      ]
    },
    {
      "object_kind": "var",
      "config_addr": "module.common_resources_staging.module.webapp.module.terraform_state_backend_webapp.var.context",
      "status": "pass",
      "objects": [
        {
          "object_addr": "module.common_resources_staging.module.webapp.module.terraform_state_backend_webapp.var.context",
          "status": "pass"
        }
      ]
    },
    {
      "object_kind": "var",
      "config_addr": "module.common_resources_staging.module.customer.module.terraform_state_backend_customer_shared.module.this.var.id_length_limit",
      "status": "pass",
      "objects": [
        {
          "object_addr": "module.common_resources_staging.module.customer.module.terraform_state_backend_customer_shared.module.this.var.id_length_limit",
          "status": "pass"
        }
      ]
    },
    {
      "object_kind": "var",
      "config_addr": "module.common_resources_staging.module.marketplacewebapp.module.terraform_state_backend_marketplacewebapp_msteams.module.bucket_label.var.context",
      "status": "pass",
      "objects": [
        {
          "object_addr": "module.common_resources_staging.module.marketplacewebapp.module.terraform_state_backend_marketplacewebapp_msteams.module.bucket_label.var.context",
          "status": "pass"
        }
      ]
    },
    {
      "object_kind": "var",
      "config_addr": "module.common_resources_staging.module.webapp.module.terraform_state_backend_webapp_eventcatalog.var.context",
      "status": "pass",
      "objects": [
        {
          "object_addr": "module.common_resources_staging.module.webapp.module.terraform_state_backend_webapp_eventcatalog.var.context",
          "status": "pass"
        }
      ]
    },
    {
      "object_kind": "var",
      "config_addr": "module.common_resources_staging.module.booking.module.terraform_state_backend_booking_shared.var.logging",
      "status": "pass",
      "objects": [
        {
          "object_addr": "module.common_resources_staging.module.booking.module.terraform_state_backend_booking_shared.var.logging",
          "status": "pass"
        }
      ]
    },
    {
      "object_kind": "var",
      "config_addr": "module.common_resources_staging.module.webapp.module.terraform_state_backend_webapp.var.label_key_case",
      "status": "pass",
      "objects": [
        {
          "object_addr": "module.common_resources_staging.module.webapp.module.terraform_state_backend_webapp.var.label_key_case",
          "status": "pass"
        }
      ]
    },
    {
      "object_kind": "var",
      "config_addr": "module.common_resources_staging.module.privatewebapp.module.terraform_state_backend_privatewebapp.module.bucket_label.var.context",
      "status": "pass",
      "objects": [
        {
          "object_addr": "module.common_resources_staging.module.privatewebapp.module.terraform_state_backend_privatewebapp.module.bucket_label.var.context",
          "status": "pass"
        }
      ]
    },
    {
      "object_kind": "var",
      "config_addr": "module.common_resources_staging.module.privatewebapp.module.terraform_state_backend_privatewebapp_shared.module.bucket_label.var.label_value_case",
      "status": "pass",
      "objects": [
        {
          "object_addr": "module.common_resources_staging.module.privatewebapp.module.terraform_state_backend_privatewebapp_shared.module.bucket_label.var.label_value_case",
          "status": "pass"
        }
      ]
    },
    {
      "object_kind": "var",
      "config_addr": "module.common_resources_staging.module.privatewebapp.module.terraform_state_backend_privatewebapp_eventcatalog.var.label_key_case",
      "status": "pass",
      "objects": [
        {
          "object_addr": "module.common_resources_staging.module.privatewebapp.module.terraform_state_backend_privatewebapp_eventcatalog.var.label_key_case",
          "status": "pass"
        }
      ]
    },
    {
      "object_kind": "var",
      "config_addr": "module.common_resources_staging.module.gcp_oneoff.module.terraform_state_backend_gcp_oneoff.module.dynamodb_table_label.var.label_value_case",
      "status": "pass",
      "objects": [
        {
          "object_addr": "module.common_resources_staging.module.gcp_oneoff.module.terraform_state_backend_gcp_oneoff.module.dynamodb_table_label.var.label_value_case",
          "status": "pass"
        }
      ]
    },
    {
      "object_kind": "var",
      "config_addr": "module.common_resources_staging.module.marketplacewebapp.module.terraform_state_backend_marketplacewebapp_eventcatalog.module.dynamodb_table_label.var.id_length_limit",
      "status": "pass",
      "objects": [
        {
          "object_addr": "module.common_resources_staging.module.marketplacewebapp.module.terraform_state_backend_marketplacewebapp_eventcatalog.module.dynamodb_table_label.var.id_length_limit",
          "status": "pass"
        }
      ]
    },
    {
      "object_kind": "var",
      "config_addr": "module.common_resources_staging.module.webapp.module.terraform_state_backend_webapp_shared.var.id_length_limit",
      "status": "pass",
      "objects": [
        {
          "object_addr": "module.common_resources_staging.module.webapp.module.terraform_state_backend_webapp_shared.var.id_length_limit",
          "status": "pass"
        }
      ]
    },
    {
      "object_kind": "var",
      "config_addr": "module.common_resources_staging.module.webapp.module.terraform_state_backend_webapp_help.module.dynamodb_table_label.var.id_length_limit",
      "status": "pass",
      "objects": [
        {
          "object_addr": "module.common_resources_staging.module.webapp.module.terraform_state_backend_webapp_help.module.dynamodb_table_label.var.id_length_limit",
          "status": "pass"
        }
      ]
    },
    {
      "object_kind": "var",
      "config_addr": "module.common_resources_staging.module.msteams.module.terraform_state_backend_msteams_shared.var.label_value_case",
      "status": "pass",
      "objects": [
        {
          "object_addr": "module.common_resources_staging.module.msteams.module.terraform_state_backend_msteams_shared.var.label_value_case",
          "status": "pass"
        }
      ]
    },
    {
      "object_kind": "var",
      "config_addr": "module.common_resources_staging.module.privatewebapp.module.terraform_state_backend_privatewebapp_help.module.replication_label.var.label_key_case",
      "status": "pass",
      "objects": [
        {
          "object_addr": "module.common_resources_staging.module.privatewebapp.module.terraform_state_backend_privatewebapp_help.module.replication_label.var.label_key_case",
          "status": "pass"
        }
      ]
    },
    {
      "object_kind": "var",
      "config_addr": "module.common_resources_staging.module.marketplacewebapp.module.terraform_state_backend_marketplacewebapp_eventcatalog.module.dynamodb_table_label.var.context",
      "status": "pass",
      "objects": [
        {
          "object_addr": "module.common_resources_staging.module.marketplacewebapp.module.terraform_state_backend_marketplacewebapp_eventcatalog.module.dynamodb_table_label.var.context",
          "status": "pass"
        }
      ]
    },
    {
      "object_kind": "var",
      "config_addr": "module.common_resources_staging.module.gcp_oneoff.module.terraform_state_backend_gcp_oneoff.module.dynamodb_table_label.var.id_length_limit",
      "status": "pass",
      "objects": [
        {
          "object_addr": "module.common_resources_staging.module.gcp_oneoff.module.terraform_state_backend_gcp_oneoff.module.dynamodb_table_label.var.id_length_limit",
          "status": "pass"
        }
      ]
    },
    {
      "object_kind": "var",
      "config_addr": "module.common_resources_staging.module.marketplace.module.terraform_state_backend_marketplace_shared.var.s3_bucket_name",
      "status": "pass",
      "objects": [
        {
          "object_addr": "module.common_resources_staging.module.marketplace.module.terraform_state_backend_marketplace_shared.var.s3_bucket_name",
          "status": "pass"
        }
      ]
    },
    {
      "object_kind": "var",
      "config_addr": "module.common_resources_staging.module.location.module.terraform_state_backend_location_shared.module.dynamodb_table_label.var.label_key_case",
      "status": "pass",
      "objects": [
        {
          "object_addr": "module.common_resources_staging.module.location.module.terraform_state_backend_location_shared.module.dynamodb_table_label.var.label_key_case",
          "status": "pass"
        }
      ]
    },
    {
      "object_kind": "var",
      "config_addr": "module.common_resources_staging.module.marketplacewebapp.module.terraform_state_backend_marketplacewebapp.module.this.var.id_length_limit",
      "status": "pass",
      "objects": [
        {
          "object_addr": "module.common_resources_staging.module.marketplacewebapp.module.terraform_state_backend_marketplacewebapp.module.this.var.id_length_limit",
          "status": "pass"
        }
      ]
    },
    {
      "object_kind": "var",
      "config_addr": "module.common_resources_staging.module.webapp.module.terraform_state_backend_webapp_shared.module.bucket_label.var.context",
      "status": "pass",
      "objects": [
        {
          "object_addr": "module.common_resources_staging.module.webapp.module.terraform_state_backend_webapp_shared.module.bucket_label.var.context",
          "status": "pass"
        }
      ]
    },
    {
      "object_kind": "var",
      "config_addr": "module.common_resources_staging.module.marketplacewebapp.module.terraform_state_backend_marketplacewebapp_help.var.label_value_case",
      "status": "pass",
      "objects": [
        {
          "object_addr": "module.common_resources_staging.module.marketplacewebapp.module.terraform_state_backend_marketplacewebapp_help.var.label_value_case",
          "status": "pass"
        }
      ]
    },
    {
      "object_kind": "var",
      "config_addr": "module.common_resources_staging.module.marketplacewebapp.module.terraform_state_backend_marketplacewebapp.module.dynamodb_table_label.var.context",
      "status": "pass",
      "objects": [
        {
          "object_addr": "module.common_resources_staging.module.marketplacewebapp.module.terraform_state_backend_marketplacewebapp.module.dynamodb_table_label.var.context",
          "status": "pass"
        }
      ]
    },
    {
      "object_kind": "var",
      "config_addr": "module.common_resources_staging.module.marketplacewebapp.module.terraform_state_backend_marketplacewebapp_eventcatalog.module.replication_label.var.label_value_case",
      "status": "pass",
      "objects": [
        {
          "object_addr": "module.common_resources_staging.module.marketplacewebapp.module.terraform_state_backend_marketplacewebapp_eventcatalog.module.replication_label.var.label_value_case",
          "status": "pass"
        }
      ]
    },
    {
      "object_kind": "var",
      "config_addr": "module.common_resources_staging.module.core.module.terraform_state_backend_core_shared.module.replication_label.var.label_value_case",
      "status": "pass",
      "objects": [
        {
          "object_addr": "module.common_resources_staging.module.core.module.terraform_state_backend_core_shared.module.replication_label.var.label_value_case",
          "status": "pass"
        }
      ]
    },
    {
      "object_kind": "var",
      "config_addr": "module.common_resources_staging.module.shared.module.terraform_state_backend_shared_azure_entra.module.dynamodb_table_label.var.label_value_case",
      "status": "pass",
      "objects": [
        {
          "object_addr": "module.common_resources_staging.module.shared.module.terraform_state_backend_shared_azure_entra.module.dynamodb_table_label.var.label_value_case",
          "status": "pass"
        }
      ]
    },
    {
      "object_kind": "var",
      "config_addr": "module.common_resources_staging.module.marketplacewebapp.module.terraform_state_backend_marketplacewebapp_eventcatalog.module.this.var.context",
      "status": "pass",
      "objects": [
        {
          "object_addr": "module.common_resources_staging.module.marketplacewebapp.module.terraform_state_backend_marketplacewebapp_eventcatalog.module.this.var.context",
          "status": "pass"
        }
      ]
    },
    {
      "object_kind": "var",
      "config_addr": "module.common_resources_staging.module.marketplacewebapp.module.terraform_state_backend_marketplacewebapp_help.module.dynamodb_table_label.var.id_length_limit",
      "status": "pass",
      "objects": [
        {
          "object_addr": "module.common_resources_staging.module.marketplacewebapp.module.terraform_state_backend_marketplacewebapp_help.module.dynamodb_table_label.var.id_length_limit",
          "status": "pass"
        }
      ]
    },
    {
      "object_kind": "var",
      "config_addr": "module.common_resources_staging.module.webapp.module.terraform_state_backend_webapp_help.var.s3_bucket_name",
      "status": "pass",
      "objects": [
        {
          "object_addr": "module.common_resources_staging.module.webapp.module.terraform_state_backend_webapp_help.var.s3_bucket_name",
          "status": "pass"
        }
      ]
    },
    {
      "object_kind": "var",
      "config_addr": "module.common_resources_staging.module.webapp.module.terraform_state_backend_webapp_eventcatalog.module.this.var.context",
      "status": "pass",
      "objects": [
        {
          "object_addr": "module.common_resources_staging.module.webapp.module.terraform_state_backend_webapp_eventcatalog.module.this.var.context",
          "status": "pass"
        }
      ]
    },
    {
      "object_kind": "var",
      "config_addr": "module.common_resources_staging.module.customer.module.terraform_state_backend_customer_shared.module.replication_label.var.label_key_case",
      "status": "pass",
      "objects": [
        {
          "object_addr": "module.common_resources_staging.module.customer.module.terraform_state_backend_customer_shared.module.replication_label.var.label_key_case",
          "status": "pass"
        }
      ]
    },
    {
      "object_kind": "var",
      "config_addr": "module.common_resources_staging.module.privatewebapp.module.terraform_state_backend_privatewebapp_msteams.var.id_length_limit",
      "status": "pass",
      "objects": [
        {
          "object_addr": "module.common_resources_staging.module.privatewebapp.module.terraform_state_backend_privatewebapp_msteams.var.id_length_limit",
          "status": "pass"
        }
      ]
    },
    {
      "object_kind": "var",
      "config_addr": "module.common_resources_staging.module.marketplace.module.terraform_state_backend_marketplace_shared.module.this.var.label_key_case",
      "status": "pass",
      "objects": [
        {
          "object_addr": "module.common_resources_staging.module.marketplace.module.terraform_state_backend_marketplace_shared.module.this.var.label_key_case",
          "status": "pass"
        }
      ]
    },
    {
      "object_kind": "var",
      "config_addr": "module.common_resources_staging.module.marketplacewebapp.module.terraform_state_backend_marketplacewebapp_shared.module.bucket_label.var.label_key_case",
      "status": "pass",
      "objects": [
        {
          "object_addr": "module.common_resources_staging.module.marketplacewebapp.module.terraform_state_backend_marketplacewebapp_shared.module.bucket_label.var.label_key_case",
          "status": "pass"
        }
      ]
    },
    {
      "object_kind": "var",
      "config_addr": "module.common_resources_staging.module.marketplace.module.terraform_state_backend_marketplace_shared.module.bucket_label.var.label_key_case",
      "status": "pass",
      "objects": [
        {
          "object_addr": "module.common_resources_staging.module.marketplace.module.terraform_state_backend_marketplace_shared.module.bucket_label.var.label_key_case",
          "status": "pass"
        }
      ]
    },
    {
      "object_kind": "var",
      "config_addr": "module.common_resources_staging.module.privatewebapp.module.terraform_state_backend_privatewebapp.module.replication_label.var.label_value_case",
      "status": "pass",
      "objects": [
        {
          "object_addr": "module.common_resources_staging.module.privatewebapp.module.terraform_state_backend_privatewebapp.module.replication_label.var.label_value_case",
          "status": "pass"
        }
      ]
    },
    {
      "object_kind": "var",
      "config_addr": "module.common_resources_staging.module.marketplace.module.terraform_state_backend_marketplace_shared.var.label_value_case",
      "status": "pass",
      "objects": [
        {
          "object_addr": "module.common_resources_staging.module.marketplace.module.terraform_state_backend_marketplace_shared.var.label_value_case",
          "status": "pass"
        }
      ]
    },
    {
      "object_kind": "var",
      "config_addr": "module.common_resources_staging.module.shared.module.terraform_state_backend_shared_azure_entra.var.s3_bucket_name",
      "status": "pass",
      "objects": [
        {
          "object_addr": "module.common_resources_staging.module.shared.module.terraform_state_backend_shared_azure_entra.var.s3_bucket_name",
          "status": "pass"
        }
      ]
    },
    {
      "object_kind": "var",
      "config_addr": "module.common_resources_staging.module.aws_oneoff.module.terraform_state_backend_aws_oneoff.var.label_key_case",
      "status": "pass",
      "objects": [
        {
          "object_addr": "module.common_resources_staging.module.aws_oneoff.module.terraform_state_backend_aws_oneoff.var.label_key_case",
          "status": "pass"
        }
      ]
    },
    {
      "object_kind": "var",
      "config_addr": "module.common_resources_staging.module.aws_oneoff.module.terraform_state_backend_aws_oneoff.var.label_value_case",
      "status": "pass",
      "objects": [
        {
          "object_addr": "module.common_resources_staging.module.aws_oneoff.module.terraform_state_backend_aws_oneoff.var.label_value_case",
          "status": "pass"
        }
      ]
    },
    {
      "object_kind": "var",
      "config_addr": "module.common_resources_staging.module.azure_oneoff.module.terraform_state_backend_azure_oneoff.module.this.var.label_value_case",
      "status": "pass",
      "objects": [
        {
          "object_addr": "module.common_resources_staging.module.azure_oneoff.module.terraform_state_backend_azure_oneoff.module.this.var.label_value_case",
          "status": "pass"
        }
      ]
    },
    {
      "object_kind": "var",
      "config_addr": "module.common_resources_staging.module.marketplace.module.terraform_state_backend_marketplace_shared.module.replication_label.var.label_key_case",
      "status": "pass",
      "objects": [
        {
          "object_addr": "module.common_resources_staging.module.marketplace.module.terraform_state_backend_marketplace_shared.module.replication_label.var.label_key_case",
          "status": "pass"
        }
      ]
    },
    {
      "object_kind": "var",
      "config_addr": "module.common_resources_staging.module.organization.module.terraform_state_backend_organization_shared.module.replication_label.var.label_value_case",
      "status": "pass",
      "objects": [
        {
          "object_addr": "module.common_resources_staging.module.organization.module.terraform_state_backend_organization_shared.module.replication_label.var.label_value_case",
          "status": "pass"
        }
      ]
    },
    {
      "object_kind": "var",
      "config_addr": "module.common_resources_staging.module.shared.module.terraform_state_backend_shared_azure_entra.module.this.var.label_value_case",
      "status": "pass",
      "objects": [
        {
          "object_addr": "module.common_resources_staging.module.shared.module.terraform_state_backend_shared_azure_entra.module.this.var.label_value_case",
          "status": "pass"
        }
      ]
    },
    {
      "object_kind": "var",
      "config_addr": "module.common_resources_staging.module.core.module.terraform_state_backend_core_shared.module.dynamodb_table_label.var.context",
      "status": "pass",
      "objects": [
        {
          "object_addr": "module.common_resources_staging.module.core.module.terraform_state_backend_core_shared.module.dynamodb_table_label.var.context",
          "status": "pass"
        }
      ]
    },
    {
      "object_kind": "var",
      "config_addr": "module.common_resources_staging.module.core.module.terraform_state_backend_core_shared.var.id_length_limit",
      "status": "pass",
      "objects": [
        {
          "object_addr": "module.common_resources_staging.module.core.module.terraform_state_backend_core_shared.var.id_length_limit",
          "status": "pass"
        }
      ]
    },
    {
      "object_kind": "var",
      "config_addr": "module.common_resources_staging.module.marketplacewebapp.module.terraform_state_backend_marketplacewebapp_msteams.module.replication_label.var.id_length_limit",
      "status": "pass",
      "objects": [
        {
          "object_addr": "module.common_resources_staging.module.marketplacewebapp.module.terraform_state_backend_marketplacewebapp_msteams.module.replication_label.var.id_length_limit",
          "status": "pass"
        }
      ]
    },
    {
      "object_kind": "var",
      "config_addr": "module.common_resources_staging.module.aws_oneoff.module.terraform_state_backend_aws_oneoff.module.bucket_label.var.context",
      "status": "pass",
      "objects": [
        {
          "object_addr": "module.common_resources_staging.module.aws_oneoff.module.terraform_state_backend_aws_oneoff.module.bucket_label.var.context",
          "status": "pass"
        }
      ]
    },
    {
      "object_kind": "var",
      "config_addr": "module.common_resources_staging.module.organization.module.terraform_state_backend_organization_shared.module.bucket_label.var.label_key_case",
      "status": "pass",
      "objects": [
        {
          "object_addr": "module.common_resources_staging.module.organization.module.terraform_state_backend_organization_shared.module.bucket_label.var.label_key_case",
          "status": "pass"
        }
      ]
    },
    {
      "object_kind": "var",
      "config_addr": "module.common_resources_staging.module.team.module.terraform_state_backend_team_shared.module.bucket_label.var.id_length_limit",
      "status": "pass",
      "objects": [
        {
          "object_addr": "module.common_resources_staging.module.team.module.terraform_state_backend_team_shared.module.bucket_label.var.id_length_limit",
          "status": "pass"
        }
      ]
    },
    {
      "object_kind": "var",
      "config_addr": "module.common_resources_staging.module.privatewebapp.module.terraform_state_backend_privatewebapp_help.module.dynamodb_table_label.var.label_value_case",
      "status": "pass",
      "objects": [
        {
          "object_addr": "module.common_resources_staging.module.privatewebapp.module.terraform_state_backend_privatewebapp_help.module.dynamodb_table_label.var.label_value_case",
          "status": "pass"
        }
      ]
    },
    {
      "object_kind": "var",
      "config_addr": "module.common_resources_staging.module.marketplacewebapp.module.terraform_state_backend_marketplacewebapp_help.var.label_key_case",
      "status": "pass",
      "objects": [
        {
          "object_addr": "module.common_resources_staging.module.marketplacewebapp.module.terraform_state_backend_marketplacewebapp_help.var.label_key_case",
          "status": "pass"
        }
      ]
    },
    {
      "object_kind": "var",
      "config_addr": "module.common_resources_staging.module.privatewebapp.module.terraform_state_backend_privatewebapp_help.module.bucket_label.var.context",
      "status": "pass",
      "objects": [
        {
          "object_addr": "module.common_resources_staging.module.privatewebapp.module.terraform_state_backend_privatewebapp_help.module.bucket_label.var.context",
          "status": "pass"
        }
      ]
    },
    {
      "object_kind": "var",
      "config_addr": "module.common_resources_staging.module.core.module.terraform_state_backend_core_shared.var.s3_bucket_name",
      "status": "pass",
      "objects": [
        {
          "object_addr": "module.common_resources_staging.module.core.module.terraform_state_backend_core_shared.var.s3_bucket_name",
          "status": "pass"
        }
      ]
    },
    {
      "object_kind": "var",
      "config_addr": "module.common_resources_staging.module.slack.module.terraform_state_backend_slack_shared.module.bucket_label.var.id_length_limit",
      "status": "pass",
      "objects": [
        {
          "object_addr": "module.common_resources_staging.module.slack.module.terraform_state_backend_slack_shared.module.bucket_label.var.id_length_limit",
          "status": "pass"
        }
      ]
    },
    {
      "object_kind": "var",
      "config_addr": "module.common_resources_staging.module.team.module.terraform_state_backend_team_shared.module.dynamodb_table_label.var.label_key_case",
      "status": "pass",
      "objects": [
        {
          "object_addr": "module.common_resources_staging.module.team.module.terraform_state_backend_team_shared.module.dynamodb_table_label.var.label_key_case",
          "status": "pass"
        }
      ]
    },
    {
      "object_kind": "var",
      "config_addr": "module.common_resources_staging.module.privatewebapp.module.terraform_state_backend_privatewebapp_help.module.dynamodb_table_label.var.id_length_limit",
      "status": "pass",
      "objects": [
        {
          "object_addr": "module.common_resources_staging.module.privatewebapp.module.terraform_state_backend_privatewebapp_help.module.dynamodb_table_label.var.id_length_limit",
          "status": "pass"
        }
      ]
    },
    {
      "object_kind": "var",
      "config_addr": "module.common_resources_staging.module.marketplacewebapp.module.terraform_state_backend_marketplacewebapp_help.module.replication_label.var.label_value_case",
      "status": "pass",
      "objects": [
        {
          "object_addr": "module.common_resources_staging.module.marketplacewebapp.module.terraform_state_backend_marketplacewebapp_help.module.replication_label.var.label_value_case",
          "status": "pass"
        }
      ]
    },
    {
      "object_kind": "var",
      "config_addr": "module.common_resources_staging.module.customer.module.terraform_state_backend_customer_shared.var.label_value_case",
      "status": "pass",
      "objects": [
        {
          "object_addr": "module.common_resources_staging.module.customer.module.terraform_state_backend_customer_shared.var.label_value_case",
          "status": "pass"
        }
      ]
    },
    {
      "object_kind": "var",
      "config_addr": "module.common_resources_staging.module.webapp.module.terraform_state_backend_webapp_help.module.bucket_label.var.id_length_limit",
      "status": "pass",
      "objects": [
        {
          "object_addr": "module.common_resources_staging.module.webapp.module.terraform_state_backend_webapp_help.module.bucket_label.var.id_length_limit",
          "status": "pass"
        }
      ]
    },
    {
      "object_kind": "var",
      "config_addr": "module.common_resources_staging.module.webapp.module.terraform_state_backend_webapp_shared.module.dynamodb_table_label.var.context",
      "status": "pass",
      "objects": [
        {
          "object_addr": "module.common_resources_staging.module.webapp.module.terraform_state_backend_webapp_shared.module.dynamodb_table_label.var.context",
          "status": "pass"
        }
      ]
    },
    {
      "object_kind": "var",
      "config_addr": "module.common_resources_staging.module.privatewebapp.module.terraform_state_backend_privatewebapp_shared.module.this.var.id_length_limit",
      "status": "pass",
      "objects": [
        {
          "object_addr": "module.common_resources_staging.module.privatewebapp.module.terraform_state_backend_privatewebapp_shared.module.this.var.id_length_limit",
          "status": "pass"
        }
      ]
    },
    {
      "object_kind": "var",
      "config_addr": "module.common_resources_staging.module.booking.module.terraform_state_backend_booking_shared.module.bucket_label.var.context",
      "status": "pass",
      "objects": [
        {
          "object_addr": "module.common_resources_staging.module.booking.module.terraform_state_backend_booking_shared.module.bucket_label.var.context",
          "status": "pass"
        }
      ]
    },
    {
      "object_kind": "var",
      "config_addr": "module.common_resources_staging.module.customer.module.terraform_state_backend_customer_shared.module.dynamodb_table_label.var.context",
      "status": "pass",
      "objects": [
        {
          "object_addr": "module.common_resources_staging.module.customer.module.terraform_state_backend_customer_shared.module.dynamodb_table_label.var.context",
          "status": "pass"
        }
      ]
    },
    {
      "object_kind": "var",
      "config_addr": "module.common_resources_staging.module.booking.module.terraform_state_backend_booking_shared.module.replication_label.var.label_value_case",
      "status": "pass",
      "objects": [
        {
          "object_addr": "module.common_resources_staging.module.booking.module.terraform_state_backend_booking_shared.module.replication_label.var.label_value_case",
          "status": "pass"
        }
      ]
    },
    {
      "object_kind": "var",
      "config_addr": "module.common_resources_staging.module.marketplacewebapp.module.terraform_state_backend_marketplacewebapp.module.this.var.label_key_case",
      "status": "pass",
      "objects": [
        {
          "object_addr": "module.common_resources_staging.module.marketplacewebapp.module.terraform_state_backend_marketplacewebapp.module.this.var.label_key_case",
          "status": "pass"
        }
      ]
    },
    {
      "object_kind": "var",
      "config_addr": "module.common_resources_staging.module.marketplacewebapp.module.terraform_state_backend_marketplacewebapp_shared.module.bucket_label.var.id_length_limit",
      "status": "pass",
      "objects": [
        {
          "object_addr": "module.common_resources_staging.module.marketplacewebapp.module.terraform_state_backend_marketplacewebapp_shared.module.bucket_label.var.id_length_limit",
          "status": "pass"
        }
      ]
    },
    {
      "object_kind": "var",
      "config_addr": "module.common_resources_staging.module.shared.module.terraform_state_backend_shared_azure_entra.module.this.var.label_key_case",
      "status": "pass",
      "objects": [
        {
          "object_addr": "module.common_resources_staging.module.shared.module.terraform_state_backend_shared_azure_entra.module.this.var.label_key_case",
          "status": "pass"
        }
      ]
    },
    {
      "object_kind": "var",
      "config_addr": "module.common_resources_staging.module.marketplacewebapp.module.terraform_state_backend_marketplacewebapp_eventcatalog.module.this.var.label_key_case",
      "status": "pass",
      "objects": [
        {
          "object_addr": "module.common_resources_staging.module.marketplacewebapp.module.terraform_state_backend_marketplacewebapp_eventcatalog.module.this.var.label_key_case",
          "status": "pass"
        }
      ]
    },
    {
      "object_kind": "var",
      "config_addr": "module.common_resources_staging.module.privatewebapp.module.terraform_state_backend_privatewebapp_msteams.module.replication_label.var.label_key_case",
      "status": "pass",
      "objects": [
        {
          "object_addr": "module.common_resources_staging.module.privatewebapp.module.terraform_state_backend_privatewebapp_msteams.module.replication_label.var.label_key_case",
          "status": "pass"
        }
      ]
    },
    {
      "object_kind": "var",
      "config_addr": "module.common_resources_staging.module.privatewebapp.module.terraform_state_backend_privatewebapp.module.this.var.id_length_limit",
      "status": "pass",
      "objects": [
        {
          "object_addr": "module.common_resources_staging.module.privatewebapp.module.terraform_state_backend_privatewebapp.module.this.var.id_length_limit",
          "status": "pass"
        }
      ]
    },
    {
      "object_kind": "var",
      "config_addr": "module.common_resources_staging.module.webapp.module.terraform_state_backend_webapp_eventcatalog.module.bucket_label.var.id_length_limit",
      "status": "pass",
      "objects": [
        {
          "object_addr": "module.common_resources_staging.module.webapp.module.terraform_state_backend_webapp_eventcatalog.module.bucket_label.var.id_length_limit",
          "status": "pass"
        }
      ]
    },
    {
      "object_kind": "var",
      "config_addr": "module.common_resources_staging.module.marketplacewebapp.module.terraform_state_backend_marketplacewebapp_eventcatalog.module.bucket_label.var.context",
      "status": "pass",
      "objects": [
        {
          "object_addr": "module.common_resources_staging.module.marketplacewebapp.module.terraform_state_backend_marketplacewebapp_eventcatalog.module.bucket_label.var.context",
          "status": "pass"
        }
      ]
    },
    {
      "object_kind": "var",
      "config_addr": "module.common_resources_staging.module.privatewebapp.module.terraform_state_backend_privatewebapp.var.logging",
      "status": "pass",
      "objects": [
        {
          "object_addr": "module.common_resources_staging.module.privatewebapp.module.terraform_state_backend_privatewebapp.var.logging",
          "status": "pass"
        }
      ]
    },
    {
      "object_kind": "var",
      "config_addr": "module.common_resources_staging.module.location.module.terraform_state_backend_location_shared.module.bucket_label.var.label_value_case",
      "status": "pass",
      "objects": [
        {
          "object_addr": "module.common_resources_staging.module.location.module.terraform_state_backend_location_shared.module.bucket_label.var.label_value_case",
          "status": "pass"
        }
      ]
    },
    {
      "object_kind": "var",
      "config_addr": "module.common_resources_staging.module.webapp.module.terraform_state_backend_webapp.module.bucket_label.var.label_key_case",
      "status": "pass",
      "objects": [
        {
          "object_addr": "module.common_resources_staging.module.webapp.module.terraform_state_backend_webapp.module.bucket_label.var.label_key_case",
          "status": "pass"
        }
      ]
    },
    {
      "object_kind": "var",
      "config_addr": "module.common_resources_staging.module.shared.module.terraform_state_backend_shared_azure_entra.var.logging",
      "status": "pass",
      "objects": [
        {
          "object_addr": "module.common_resources_staging.module.shared.module.terraform_state_backend_shared_azure_entra.var.logging",
          "status": "pass"
        }
      ]
    },
    {
      "object_kind": "var",
      "config_addr": "module.common_resources_staging.module.core.module.terraform_state_backend_core_shared.module.bucket_label.var.context",
      "status": "pass",
      "objects": [
        {
          "object_addr": "module.common_resources_staging.module.core.module.terraform_state_backend_core_shared.module.bucket_label.var.context",
          "status": "pass"
        }
      ]
    },
    {
      "object_kind": "var",
      "config_addr": "module.common_resources_staging.module.privatewebapp.module.terraform_state_backend_privatewebapp_msteams.var.label_key_case",
      "status": "pass",
      "objects": [
        {
          "object_addr": "module.common_resources_staging.module.privatewebapp.module.terraform_state_backend_privatewebapp_msteams.var.label_key_case",
          "status": "pass"
        }
      ]
    },
    {
      "object_kind": "var",
      "config_addr": "module.common_resources_staging.module.core.module.terraform_state_backend_core_shared.module.this.var.label_key_case",
      "status": "pass",
      "objects": [
        {
          "object_addr": "module.common_resources_staging.module.core.module.terraform_state_backend_core_shared.module.this.var.label_key_case",
          "status": "pass"
        }
      ]
    },
    {
      "object_kind": "var",
      "config_addr": "module.common_resources_staging.module.marketplacewebapp.module.terraform_state_backend_marketplacewebapp_shared.module.dynamodb_table_label.var.label_value_case",
      "status": "pass",
      "objects": [
        {
          "object_addr": "module.common_resources_staging.module.marketplacewebapp.module.terraform_state_backend_marketplacewebapp_shared.module.dynamodb_table_label.var.label_value_case",
          "status": "pass"
        }
      ]
    },
    {
      "object_kind": "var",
      "config_addr": "module.common_resources_staging.module.privatewebapp.module.terraform_state_backend_privatewebapp_help.var.id_length_limit",
      "status": "pass",
      "objects": [
        {
          "object_addr": "module.common_resources_staging.module.privatewebapp.module.terraform_state_backend_privatewebapp_help.var.id_length_limit",
          "status": "pass"
        }
      ]
    },
    {
      "object_kind": "var",
      "config_addr": "module.common_resources_staging.module.aws_oneoff.module.terraform_state_backend_aws_oneoff.module.bucket_label.var.label_key_case",
      "status": "pass",
      "objects": [
        {
          "object_addr": "module.common_resources_staging.module.aws_oneoff.module.terraform_state_backend_aws_oneoff.module.bucket_label.var.label_key_case",
          "status": "pass"
        }
      ]
    },
    {
      "object_kind": "var",
      "config_addr": "module.common_resources_staging.module.customer.module.terraform_state_backend_customer_shared.var.id_length_limit",
      "status": "pass",
      "objects": [
        {
          "object_addr": "module.common_resources_staging.module.customer.module.terraform_state_backend_customer_shared.var.id_length_limit",
          "status": "pass"
        }
      ]
    },
    {
      "object_kind": "var",
      "config_addr": "module.common_resources_staging.module.privatewebapp.module.terraform_state_backend_privatewebapp_shared.module.bucket_label.var.context",
      "status": "pass",
      "objects": [
        {
          "object_addr": "module.common_resources_staging.module.privatewebapp.module.terraform_state_backend_privatewebapp_shared.module.bucket_label.var.context",
          "status": "pass"
        }
      ]
    },
    {
      "object_kind": "var",
      "config_addr": "module.common_resources_staging.module.aws_oneoff.module.terraform_state_backend_aws_oneoff.var.id_length_limit",
      "status": "pass",
      "objects": [
        {
          "object_addr": "module.common_resources_staging.module.aws_oneoff.module.terraform_state_backend_aws_oneoff.var.id_length_limit",
          "status": "pass"
        }
      ]
    },
    {
      "object_kind": "var",
      "config_addr": "module.common_resources_staging.module.shared.module.terraform_state_backend_shared.module.this.var.context",
      "status": "pass",
      "objects": [
        {
          "object_addr": "module.common_resources_staging.module.shared.module.terraform_state_backend_shared.module.this.var.context",
          "status": "pass"
        }
      ]
    },
    {
      "object_kind": "var",
      "config_addr": "module.common_resources_staging.module.marketplacewebapp.module.terraform_state_backend_marketplacewebapp_shared.module.this.var.id_length_limit",
      "status": "pass",
      "objects": [
        {
          "object_addr": "module.common_resources_staging.module.marketplacewebapp.module.terraform_state_backend_marketplacewebapp_shared.module.this.var.id_length_limit",
          "status": "pass"
        }
      ]
    },
    {
      "object_kind": "var",
      "config_addr": "module.common_resources_staging.module.msteams.module.terraform_state_backend_msteams_shared.module.dynamodb_table_label.var.context",
      "status": "pass",
      "objects": [
        {
          "object_addr": "module.common_resources_staging.module.msteams.module.terraform_state_backend_msteams_shared.module.dynamodb_table_label.var.context",
          "status": "pass"
        }
      ]
    },
    {
      "object_kind": "var",
      "config_addr": "module.common_resources_staging.module.marketplacewebapp.module.terraform_state_backend_marketplacewebapp_eventcatalog.var.logging",
      "status": "pass",
      "objects": [
        {
          "object_addr": "module.common_resources_staging.module.marketplacewebapp.module.terraform_state_backend_marketplacewebapp_eventcatalog.var.logging",
          "status": "pass"
        }
      ]
    },
    {
      "object_kind": "var",
      "config_addr": "module.common_resources_staging.module.location.module.terraform_state_backend_location_shared.module.dynamodb_table_label.var.context",
      "status": "pass",
      "objects": [
        {
          "object_addr": "module.common_resources_staging.module.location.module.terraform_state_backend_location_shared.module.dynamodb_table_label.var.context",
          "status": "pass"
        }
      ]
    },
    {
      "object_kind": "var",
      "config_addr": "module.common_resources_staging.module.privatewebapp.module.terraform_state_backend_privatewebapp.module.bucket_label.var.label_key_case",
      "status": "pass",
      "objects": [
        {
          "object_addr": "module.common_resources_staging.module.privatewebapp.module.terraform_state_backend_privatewebapp.module.bucket_label.var.label_key_case",
          "status": "pass"
        }
      ]
    },
    {
      "object_kind": "var",
      "config_addr": "module.common_resources_staging.module.booking.module.terraform_state_backend_booking_shared.module.dynamodb_table_label.var.label_key_case",
      "status": "pass",
      "objects": [
        {
          "object_addr": "module.common_resources_staging.module.booking.module.terraform_state_backend_booking_shared.module.dynamodb_table_label.var.label_key_case",
          "status": "pass"
        }
      ]
    },
    {
      "object_kind": "var",
      "config_addr": "module.common_resources_staging.module.marketplace.module.terraform_state_backend_marketplace_shared.module.this.var.context",
      "status": "pass",
      "objects": [
        {
          "object_addr": "module.common_resources_staging.module.marketplace.module.terraform_state_backend_marketplace_shared.module.this.var.context",
          "status": "pass"
        }
      ]
    },
    {
      "object_kind": "var",
      "config_addr": "module.common_resources_staging.module.webapp.module.terraform_state_backend_webapp_help.module.dynamodb_table_label.var.label_key_case",
      "status": "pass",
      "objects": [
        {
          "object_addr": "module.common_resources_staging.module.webapp.module.terraform_state_backend_webapp_help.module.dynamodb_table_label.var.label_key_case",
          "status": "pass"
        }
      ]
    },
    {
      "object_kind": "var",
      "config_addr": "module.common_resources_staging.module.privatewebapp.module.terraform_state_backend_privatewebapp.module.replication_label.var.id_length_limit",
      "status": "pass",
      "objects": [
        {
          "object_addr": "module.common_resources_staging.module.privatewebapp.module.terraform_state_backend_privatewebapp.module.replication_label.var.id_length_limit",
          "status": "pass"
        }
      ]
    },
    {
      "object_kind": "var",
      "config_addr": "module.common_resources_staging.module.privatewebapp.module.terraform_state_backend_privatewebapp_eventcatalog.module.bucket_label.var.context",
      "status": "pass",
      "objects": [
        {
          "object_addr": "module.common_resources_staging.module.privatewebapp.module.terraform_state_backend_privatewebapp_eventcatalog.module.bucket_label.var.context",
          "status": "pass"
        }
      ]
    },
    {
      "object_kind": "var",
      "config_addr": "module.common_resources_staging.module.privatewebapp.module.terraform_state_backend_privatewebapp_eventcatalog.module.bucket_label.var.id_length_limit",
      "status": "pass",
      "objects": [
        {
          "object_addr": "module.common_resources_staging.module.privatewebapp.module.terraform_state_backend_privatewebapp_eventcatalog.module.bucket_label.var.id_length_limit",
          "status": "pass"
        }
      ]
    },
    {
      "object_kind": "var",
      "config_addr": "module.common_resources_staging.module.privatewebapp.module.terraform_state_backend_privatewebapp_eventcatalog.var.id_length_limit",
      "status": "pass",
      "objects": [
        {
          "object_addr": "module.common_resources_staging.module.privatewebapp.module.terraform_state_backend_privatewebapp_eventcatalog.var.id_length_limit",
          "status": "pass"
        }
      ]
    },
    {
      "object_kind": "var",
      "config_addr": "module.common_resources_staging.module.marketplacewebapp.module.terraform_state_backend_marketplacewebapp_shared.module.replication_label.var.id_length_limit",
      "status": "pass",
      "objects": [
        {
          "object_addr": "module.common_resources_staging.module.marketplacewebapp.module.terraform_state_backend_marketplacewebapp_shared.module.replication_label.var.id_length_limit",
          "status": "pass"
        }
      ]
    },
    {
      "object_kind": "var",
      "config_addr": "module.common_resources_staging.module.privatewebapp.module.terraform_state_backend_privatewebapp_shared.module.replication_label.var.context",
      "status": "pass",
      "objects": [
        {
          "object_addr": "module.common_resources_staging.module.privatewebapp.module.terraform_state_backend_privatewebapp_shared.module.replication_label.var.context",
          "status": "pass"
        }
      ]
    },
    {
      "object_kind": "var",
      "config_addr": "module.common_resources_staging.module.webapp.module.terraform_state_backend_webapp_msteams.module.dynamodb_table_label.var.label_key_case",
      "status": "pass",
      "objects": [
        {
          "object_addr": "module.common_resources_staging.module.webapp.module.terraform_state_backend_webapp_msteams.module.dynamodb_table_label.var.label_key_case",
          "status": "pass"
        }
      ]
    },
    {
      "object_kind": "var",
      "config_addr": "module.common_resources_staging.module.team.module.terraform_state_backend_team_shared.var.context",
      "status": "pass",
      "objects": [
        {
          "object_addr": "module.common_resources_staging.module.team.module.terraform_state_backend_team_shared.var.context",
          "status": "pass"
        }
      ]
    },
    {
      "object_kind": "var",
      "config_addr": "module.common_resources_staging.module.marketplacewebapp.module.terraform_state_backend_marketplacewebapp.module.bucket_label.var.context",
      "status": "pass",
      "objects": [
        {
          "object_addr": "module.common_resources_staging.module.marketplacewebapp.module.terraform_state_backend_marketplacewebapp.module.bucket_label.var.context",
          "status": "pass"
        }
      ]
    },
    {
      "object_kind": "var",
      "config_addr": "module.common_resources_staging.module.privatewebapp.module.terraform_state_backend_privatewebapp_msteams.module.dynamodb_table_label.var.label_key_case",
      "status": "pass",
      "objects": [
        {
          "object_addr": "module.common_resources_staging.module.privatewebapp.module.terraform_state_backend_privatewebapp_msteams.module.dynamodb_table_label.var.label_key_case",
          "status": "pass"
        }
      ]
    },
    {
      "object_kind": "var",
      "config_addr": "module.common_resources_staging.module.slack.module.terraform_state_backend_slack_shared.module.this.var.context",
      "status": "pass",
      "objects": [
        {
          "object_addr": "module.common_resources_staging.module.slack.module.terraform_state_backend_slack_shared.module.this.var.context",
          "status": "pass"
        }
      ]
    },
    {
      "object_kind": "var",
      "config_addr": "module.common_resources_staging.module.msteams.module.terraform_state_backend_msteams_shared.module.replication_label.var.context",
      "status": "pass",
      "objects": [
        {
          "object_addr": "module.common_resources_staging.module.msteams.module.terraform_state_backend_msteams_shared.module.replication_label.var.context",
          "status": "pass"
        }
      ]
    },
    {
      "object_kind": "var",
      "config_addr": "module.common_resources_staging.module.webapp.module.terraform_state_backend_webapp.module.replication_label.var.context",
      "status": "pass",
      "objects": [
        {
          "object_addr": "module.common_resources_staging.module.webapp.module.terraform_state_backend_webapp.module.replication_label.var.context",
          "status": "pass"
        }
      ]
    },
    {
      "object_kind": "var",
      "config_addr": "module.common_resources_staging.module.marketplacewebapp.module.terraform_state_backend_marketplacewebapp_shared.module.replication_label.var.label_key_case",
      "status": "pass",
      "objects": [
        {
          "object_addr": "module.common_resources_staging.module.marketplacewebapp.module.terraform_state_backend_marketplacewebapp_shared.module.replication_label.var.label_key_case",
          "status": "pass"
        }
      ]
    },
    {
      "object_kind": "var",
      "config_addr": "module.common_resources_staging.module.privatewebapp.module.terraform_state_backend_privatewebapp_eventcatalog.module.dynamodb_table_label.var.id_length_limit",
      "status": "pass",
      "objects": [
        {
          "object_addr": "module.common_resources_staging.module.privatewebapp.module.terraform_state_backend_privatewebapp_eventcatalog.module.dynamodb_table_label.var.id_length_limit",
          "status": "pass"
        }
      ]
    },
    {
      "object_kind": "var",
      "config_addr": "module.common_resources_staging.module.privatewebapp.module.terraform_state_backend_privatewebapp_shared.var.label_key_case",
      "status": "pass",
      "objects": [
        {
          "object_addr": "module.common_resources_staging.module.privatewebapp.module.terraform_state_backend_privatewebapp_shared.var.label_key_case",
          "status": "pass"
        }
      ]
    },
    {
      "object_kind": "var",
      "config_addr": "module.common_resources_staging.module.privatewebapp.module.terraform_state_backend_privatewebapp_eventcatalog.module.dynamodb_table_label.var.label_value_case",
      "status": "pass",
      "objects": [
        {
          "object_addr": "module.common_resources_staging.module.privatewebapp.module.terraform_state_backend_privatewebapp_eventcatalog.module.dynamodb_table_label.var.label_value_case",
          "status": "pass"
        }
      ]
    },
    {
      "object_kind": "var",
      "config_addr": "module.common_resources_staging.module.webapp.module.terraform_state_backend_webapp_shared.module.dynamodb_table_label.var.label_key_case",
      "status": "pass",
      "objects": [
        {
          "object_addr": "module.common_resources_staging.module.webapp.module.terraform_state_backend_webapp_shared.module.dynamodb_table_label.var.label_key_case",
          "status": "pass"
        }
      ]
    },
    {
      "object_kind": "var",
      "config_addr": "module.common_resources_staging.module.location.module.terraform_state_backend_location_shared.module.dynamodb_table_label.var.id_length_limit",
      "status": "pass",
      "objects": [
        {
          "object_addr": "module.common_resources_staging.module.location.module.terraform_state_backend_location_shared.module.dynamodb_table_label.var.id_length_limit",
          "status": "pass"
        }
      ]
    },
    {
      "object_kind": "var",
      "config_addr": "module.common_resources_staging.module.privatewebapp.module.terraform_state_backend_privatewebapp_help.module.replication_label.var.id_length_limit",
      "status": "pass",
      "objects": [
        {
          "object_addr": "module.common_resources_staging.module.privatewebapp.module.terraform_state_backend_privatewebapp_help.module.replication_label.var.id_length_limit",
          "status": "pass"
        }
      ]
    },
    {
      "object_kind": "var",
      "config_addr": "module.common_resources_staging.module.location.module.terraform_state_backend_location_shared.var.context",
      "status": "pass",
      "objects": [
        {
          "object_addr": "module.common_resources_staging.module.location.module.terraform_state_backend_location_shared.var.context",
          "status": "pass"
        }
      ]
    },
    {
      "object_kind": "var",
      "config_addr": "module.common_resources_staging.module.location.module.terraform_state_backend_location_shared.module.bucket_label.var.context",
      "status": "pass",
      "objects": [
        {
          "object_addr": "module.common_resources_staging.module.location.module.terraform_state_backend_location_shared.module.bucket_label.var.context",
          "status": "pass"
        }
      ]
    },
    {
      "object_kind": "var",
      "config_addr": "module.common_resources_staging.module.privatewebapp.module.terraform_state_backend_privatewebapp.module.replication_label.var.context",
      "status": "pass",
      "objects": [
        {
          "object_addr": "module.common_resources_staging.module.privatewebapp.module.terraform_state_backend_privatewebapp.module.replication_label.var.context",
          "status": "pass"
        }
      ]
    },
    {
      "object_kind": "var",
      "config_addr": "module.common_resources_staging.module.msteams.module.terraform_state_backend_msteams_shared.module.dynamodb_table_label.var.id_length_limit",
      "status": "pass",
      "objects": [
        {
          "object_addr": "module.common_resources_staging.module.msteams.module.terraform_state_backend_msteams_shared.module.dynamodb_table_label.var.id_length_limit",
          "status": "pass"
        }
      ]
    },
    {
      "object_kind": "var",
      "config_addr": "module.common_resources_staging.module.organization.module.terraform_state_backend_organization_shared.module.this.var.label_value_case",
      "status": "pass",
      "objects": [
        {
          "object_addr": "module.common_resources_staging.module.organization.module.terraform_state_backend_organization_shared.module.this.var.label_value_case",
          "status": "pass"
        }
      ]
    },
    {
      "object_kind": "var",
      "config_addr": "module.common_resources_staging.module.marketplacewebapp.module.terraform_state_backend_marketplacewebapp.var.s3_bucket_name",
      "status": "pass",
      "objects": [
        {
          "object_addr": "module.common_resources_staging.module.marketplacewebapp.module.terraform_state_backend_marketplacewebapp.var.s3_bucket_name",
          "status": "pass"
        }
      ]
    },
    {
      "object_kind": "var",
      "config_addr": "module.common_resources_staging.module.webapp.module.terraform_state_backend_webapp.module.replication_label.var.label_value_case",
      "status": "pass",
      "objects": [
        {
          "object_addr": "module.common_resources_staging.module.webapp.module.terraform_state_backend_webapp.module.replication_label.var.label_value_case",
          "status": "pass"
        }
      ]
    },
    {
      "object_kind": "var",
      "config_addr": "module.common_resources_staging.module.shared.module.terraform_state_backend_shared_azure_entra.module.replication_label.var.label_key_case",
      "status": "pass",
      "objects": [
        {
          "object_addr": "module.common_resources_staging.module.shared.module.terraform_state_backend_shared_azure_entra.module.replication_label.var.label_key_case",
          "status": "pass"
        }
      ]
    },
    {
      "object_kind": "var",
      "config_addr": "module.common_resources_staging.module.privatewebapp.module.terraform_state_backend_privatewebapp_msteams.module.this.var.context",
      "status": "pass",
      "objects": [
        {
          "object_addr": "module.common_resources_staging.module.privatewebapp.module.terraform_state_backend_privatewebapp_msteams.module.this.var.context",
          "status": "pass"
        }
      ]
    },
    {
      "object_kind": "var",
      "config_addr": "module.common_resources_staging.module.location.module.terraform_state_backend_location_shared.module.replication_label.var.context",
      "status": "pass",
      "objects": [
        {
          "object_addr": "module.common_resources_staging.module.location.module.terraform_state_backend_location_shared.module.replication_label.var.context",
          "status": "pass"
        }
      ]
    },
    {
      "object_kind": "var",
      "config_addr": "module.common_resources_staging.module.marketplacewebapp.module.terraform_state_backend_marketplacewebapp_msteams.module.this.var.label_key_case",
      "status": "pass",
      "objects": [
        {
          "object_addr": "module.common_resources_staging.module.marketplacewebapp.module.terraform_state_backend_marketplacewebapp_msteams.module.this.var.label_key_case",
          "status": "pass"
        }
      ]
    },
    {
      "object_kind": "var",
      "config_addr": "module.common_resources_staging.module.azure_oneoff.module.terraform_state_backend_azure_oneoff.module.replication_label.var.context",
      "status": "pass",
      "objects": [
        {
          "object_addr": "module.common_resources_staging.module.azure_oneoff.module.terraform_state_backend_azure_oneoff.module.replication_label.var.context",
          "status": "pass"
        }
      ]
    },
    {
      "object_kind": "var",
      "config_addr": "module.common_resources_staging.module.team.module.terraform_state_backend_team_shared.module.bucket_label.var.label_value_case",
      "status": "pass",
      "objects": [
        {
          "object_addr": "module.common_resources_staging.module.team.module.terraform_state_backend_team_shared.module.bucket_label.var.label_value_case",
          "status": "pass"
        }
      ]
    },
    {
      "object_kind": "var",
      "config_addr": "module.common_resources_staging.module.privatewebapp.module.terraform_state_backend_privatewebapp_eventcatalog.module.bucket_label.var.label_value_case",
      "status": "pass",
      "objects": [
        {
          "object_addr": "module.common_resources_staging.module.privatewebapp.module.terraform_state_backend_privatewebapp_eventcatalog.module.bucket_label.var.label_value_case",
          "status": "pass"
        }
      ]
    },
    {
      "object_kind": "var",
      "config_addr": "module.common_resources_staging.module.customer.module.terraform_state_backend_customer_shared.module.replication_label.var.label_value_case",
      "status": "pass",
      "objects": [
        {
          "object_addr": "module.common_resources_staging.module.customer.module.terraform_state_backend_customer_shared.module.replication_label.var.label_value_case",
          "status": "pass"
        }
      ]
    },
    {
      "object_kind": "var",
      "config_addr": "module.common_resources_staging.module.azure_oneoff.module.terraform_state_backend_azure_oneoff.module.replication_label.var.label_value_case",
      "status": "pass",
      "objects": [
        {
          "object_addr": "module.common_resources_staging.module.azure_oneoff.module.terraform_state_backend_azure_oneoff.module.replication_label.var.label_value_case",
          "status": "pass"
        }
      ]
    },
    {
      "object_kind": "var",
      "config_addr": "module.common_resources_staging.module.webapp.module.terraform_state_backend_webapp_help.module.bucket_label.var.context",
      "status": "pass",
      "objects": [
        {
          "object_addr": "module.common_resources_staging.module.webapp.module.terraform_state_backend_webapp_help.module.bucket_label.var.context",
          "status": "pass"
        }
      ]
    },
    {
      "object_kind": "var",
      "config_addr": "module.common_resources_staging.module.privatewebapp.module.terraform_state_backend_privatewebapp_eventcatalog.var.label_value_case",
      "status": "pass",
      "objects": [
        {
          "object_addr": "module.common_resources_staging.module.privatewebapp.module.terraform_state_backend_privatewebapp_eventcatalog.var.label_value_case",
          "status": "pass"
        }
      ]
    },
    {
      "object_kind": "var",
      "config_addr": "module.common_resources_staging.module.privatewebapp.module.terraform_state_backend_privatewebapp.var.id_length_limit",
      "status": "pass",
      "objects": [
        {
          "object_addr": "module.common_resources_staging.module.privatewebapp.module.terraform_state_backend_privatewebapp.var.id_length_limit",
          "status": "pass"
        }
      ]
    },
    {
      "object_kind": "var",
      "config_addr": "module.common_resources_staging.module.booking.module.terraform_state_backend_booking_shared.var.label_key_case",
      "status": "pass",
      "objects": [
        {
          "object_addr": "module.common_resources_staging.module.booking.module.terraform_state_backend_booking_shared.var.label_key_case",
          "status": "pass"
        }
      ]
    },
    {
      "object_kind": "var",
      "config_addr": "module.common_resources_staging.module.webapp.module.terraform_state_backend_webapp.module.bucket_label.var.context",
      "status": "pass",
      "objects": [
        {
          "object_addr": "module.common_resources_staging.module.webapp.module.terraform_state_backend_webapp.module.bucket_label.var.context",
          "status": "pass"
        }
      ]
    },
    {
      "object_kind": "var",
      "config_addr": "module.common_resources_staging.module.gcp_oneoff.module.terraform_state_backend_gcp_oneoff.module.replication_label.var.label_value_case",
      "status": "pass",
      "objects": [
        {
          "object_addr": "module.common_resources_staging.module.gcp_oneoff.module.terraform_state_backend_gcp_oneoff.module.replication_label.var.label_value_case",
          "status": "pass"
        }
      ]
    },
    {
      "object_kind": "var",
      "config_addr": "module.common_resources_staging.module.webapp.module.terraform_state_backend_webapp_eventcatalog.var.id_length_limit",
      "status": "pass",
      "objects": [
        {
          "object_addr": "module.common_resources_staging.module.webapp.module.terraform_state_backend_webapp_eventcatalog.var.id_length_limit",
          "status": "pass"
        }
      ]
    },
    {
      "object_kind": "var",
      "config_addr": "module.common_resources_staging.module.team.module.terraform_state_backend_team_shared.module.dynamodb_table_label.var.label_value_case",
      "status": "pass",
      "objects": [
        {
          "object_addr": "module.common_resources_staging.module.team.module.terraform_state_backend_team_shared.module.dynamodb_table_label.var.label_value_case",
          "status": "pass"
        }
      ]
    },
    {
      "object_kind": "var",
      "config_addr": "module.common_resources_staging.module.privatewebapp.module.terraform_state_backend_privatewebapp_help.module.this.var.id_length_limit",
      "status": "pass",
      "objects": [
        {
          "object_addr": "module.common_resources_staging.module.privatewebapp.module.terraform_state_backend_privatewebapp_help.module.this.var.id_length_limit",
          "status": "pass"
        }
      ]
    },
    {
      "object_kind": "var",
      "config_addr": "module.common_resources_staging.module.location.module.terraform_state_backend_location_shared.var.label_value_case",
      "status": "pass",
      "objects": [
        {
          "object_addr": "module.common_resources_staging.module.location.module.terraform_state_backend_location_shared.var.label_value_case",
          "status": "pass"
        }
      ]
    },
    {
      "object_kind": "var",
      "config_addr": "module.common_resources_staging.module.location.module.terraform_state_backend_location_shared.var.label_key_case",
      "status": "pass",
      "objects": [
        {
          "object_addr": "module.common_resources_staging.module.location.module.terraform_state_backend_location_shared.var.label_key_case",
          "status": "pass"
        }
      ]
    },
    {
      "object_kind": "var",
      "config_addr": "module.common_resources_staging.module.privatewebapp.module.terraform_state_backend_privatewebapp_shared.module.replication_label.var.id_length_limit",
      "status": "pass",
      "objects": [
        {
          "object_addr": "module.common_resources_staging.module.privatewebapp.module.terraform_state_backend_privatewebapp_shared.module.replication_label.var.id_length_limit",
          "status": "pass"
        }
      ]
    },
    {
      "object_kind": "var",
      "config_addr": "module.common_resources_staging.module.webapp.module.terraform_state_backend_webapp_eventcatalog.var.label_key_case",
      "status": "pass",
      "objects": [
        {
          "object_addr": "module.common_resources_staging.module.webapp.module.terraform_state_backend_webapp_eventcatalog.var.label_key_case",
          "status": "pass"
        }
      ]
    },
    {
      "object_kind": "var",
      "config_addr": "module.common_resources_staging.module.webapp.module.terraform_state_backend_webapp_msteams.var.label_key_case",
      "status": "pass",
      "objects": [
        {
          "object_addr": "module.common_resources_staging.module.webapp.module.terraform_state_backend_webapp_msteams.var.label_key_case",
          "status": "pass"
        }
      ]
    },
    {
      "object_kind": "var",
      "config_addr": "module.common_resources_staging.module.webapp.module.terraform_state_backend_webapp_help.module.bucket_label.var.label_key_case",
      "status": "pass",
      "objects": [
        {
          "object_addr": "module.common_resources_staging.module.webapp.module.terraform_state_backend_webapp_help.module.bucket_label.var.label_key_case",
          "status": "pass"
        }
      ]
    },
    {
      "object_kind": "var",
      "config_addr": "module.common_resources_staging.module.azure_oneoff.module.terraform_state_backend_azure_oneoff.module.dynamodb_table_label.var.id_length_limit",
      "status": "pass",
      "objects": [
        {
          "object_addr": "module.common_resources_staging.module.azure_oneoff.module.terraform_state_backend_azure_oneoff.module.dynamodb_table_label.var.id_length_limit",
          "status": "pass"
        }
      ]
    },
    {
      "object_kind": "var",
      "config_addr": "module.common_resources_staging.module.gcp_oneoff.module.terraform_state_backend_gcp_oneoff.var.id_length_limit",
      "status": "pass",
      "objects": [
        {
          "object_addr": "module.common_resources_staging.module.gcp_oneoff.module.terraform_state_backend_gcp_oneoff.var.id_length_limit",
          "status": "pass"
        }
      ]
    },
    {
      "object_kind": "var",
      "config_addr": "module.common_resources_staging.module.privatewebapp.module.terraform_state_backend_privatewebapp_msteams.module.dynamodb_table_label.var.label_value_case",
      "status": "pass",
      "objects": [
        {
          "object_addr": "module.common_resources_staging.module.privatewebapp.module.terraform_state_backend_privatewebapp_msteams.module.dynamodb_table_label.var.label_value_case",
          "status": "pass"
        }
      ]
    },
    {
      "object_kind": "var",
      "config_addr": "module.common_resources_staging.module.marketplacewebapp.module.terraform_state_backend_marketplacewebapp_help.module.bucket_label.var.id_length_limit",
      "status": "pass",
      "objects": [
        {
          "object_addr": "module.common_resources_staging.module.marketplacewebapp.module.terraform_state_backend_marketplacewebapp_help.module.bucket_label.var.id_length_limit",
          "status": "pass"
        }
      ]
    },
    {
      "object_kind": "var",
      "config_addr": "module.common_resources_staging.module.marketplacewebapp.module.terraform_state_backend_marketplacewebapp_shared.module.this.var.context",
      "status": "pass",
      "objects": [
        {
          "object_addr": "module.common_resources_staging.module.marketplacewebapp.module.terraform_state_backend_marketplacewebapp_shared.module.this.var.context",
          "status": "pass"
        }
      ]
    },
    {
      "object_kind": "var",
      "config_addr": "module.common_resources_staging.module.location.module.terraform_state_backend_location_shared.module.replication_label.var.label_value_case",
      "status": "pass",
      "objects": [
        {
          "object_addr": "module.common_resources_staging.module.location.module.terraform_state_backend_location_shared.module.replication_label.var.label_value_case",
          "status": "pass"
        }
      ]
    },
    {
      "object_kind": "var",
      "config_addr": "module.common_resources_staging.module.core.module.terraform_state_backend_core_shared.module.replication_label.var.label_key_case",
      "status": "pass",
      "objects": [
        {
          "object_addr": "module.common_resources_staging.module.core.module.terraform_state_backend_core_shared.module.replication_label.var.label_key_case",
          "status": "pass"
        }
      ]
    },
    {
      "object_kind": "var",
      "config_addr": "module.common_resources_staging.module.webapp.module.terraform_state_backend_webapp_shared.var.s3_bucket_name",
      "status": "pass",
      "objects": [
        {
          "object_addr": "module.common_resources_staging.module.webapp.module.terraform_state_backend_webapp_shared.var.s3_bucket_name",
          "status": "pass"
        }
      ]
    },
    {
      "object_kind": "var",
      "config_addr": "module.common_resources_staging.module.core.module.terraform_state_backend_core_shared.module.dynamodb_table_label.var.label_key_case",
      "status": "pass",
      "objects": [
        {
          "object_addr": "module.common_resources_staging.module.core.module.terraform_state_backend_core_shared.module.dynamodb_table_label.var.label_key_case",
          "status": "pass"
        }
      ]
    },
    {
      "object_kind": "var",
      "config_addr": "module.common_resources_staging.module.privatewebapp.module.terraform_state_backend_privatewebapp_help.var.label_value_case",
      "status": "pass",
      "objects": [
        {
          "object_addr": "module.common_resources_staging.module.privatewebapp.module.terraform_state_backend_privatewebapp_help.var.label_value_case",
          "status": "pass"
        }
      ]
    },
    {
      "object_kind": "var",
      "config_addr": "module.common_resources_staging.module.webapp.module.terraform_state_backend_webapp_shared.module.bucket_label.var.label_key_case",
      "status": "pass",
      "objects": [
        {
          "object_addr": "module.common_resources_staging.module.webapp.module.terraform_state_backend_webapp_shared.module.bucket_label.var.label_key_case",
          "status": "pass"
        }
      ]
    },
    {
      "object_kind": "var",
      "config_addr": "module.common_resources_staging.module.marketplacewebapp.module.terraform_state_backend_marketplacewebapp.var.context",
      "status": "pass",
      "objects": [
        {
          "object_addr": "module.common_resources_staging.module.marketplacewebapp.module.terraform_state_backend_marketplacewebapp.var.context",
          "status": "pass"
        }
      ]
    },
    {
      "object_kind": "var",
      "config_addr": "module.common_resources_staging.module.msteams.module.terraform_state_backend_msteams_shared.module.this.var.context",
      "status": "pass",
      "objects": [
        {
          "object_addr": "module.common_resources_staging.module.msteams.module.terraform_state_backend_msteams_shared.module.this.var.context",
          "status": "pass"
        }
      ]
    },
    {
      "object_kind": "var",
      "config_addr": "module.common_resources_staging.module.privatewebapp.module.terraform_state_backend_privatewebapp.module.dynamodb_table_label.var.label_value_case",
      "status": "pass",
      "objects": [
        {
          "object_addr": "module.common_resources_staging.module.privatewebapp.module.terraform_state_backend_privatewebapp.module.dynamodb_table_label.var.label_value_case",
          "status": "pass"
        }
      ]
    },
    {
      "object_kind": "var",
      "config_addr": "module.common_resources_staging.module.location.module.terraform_state_backend_location_shared.module.bucket_label.var.id_length_limit",
      "status": "pass",
      "objects": [
        {
          "object_addr": "module.common_resources_staging.module.location.module.terraform_state_backend_location_shared.module.bucket_label.var.id_length_limit",
          "status": "pass"
        }
      ]
    },
    {
      "object_kind": "var",
      "config_addr": "module.common_resources_staging.module.customer.module.terraform_state_backend_customer_shared.module.this.var.label_value_case",
      "status": "pass",
      "objects": [
        {
          "object_addr": "module.common_resources_staging.module.customer.module.terraform_state_backend_customer_shared.module.this.var.label_value_case",
          "status": "pass"
        }
      ]
    },
    {
      "object_kind": "var",
      "config_addr": "module.common_resources_staging.module.webapp.module.terraform_state_backend_webapp_msteams.module.bucket_label.var.context",
      "status": "pass",
      "objects": [
        {
          "object_addr": "module.common_resources_staging.module.webapp.module.terraform_state_backend_webapp_msteams.module.bucket_label.var.context",
          "status": "pass"
        }
      ]
    },
    {
      "object_kind": "var",
      "config_addr": "module.common_resources_staging.module.booking.module.terraform_state_backend_booking_shared.var.context",
      "status": "pass",
      "objects": [
        {
          "object_addr": "module.common_resources_staging.module.booking.module.terraform_state_backend_booking_shared.var.context",
          "status": "pass"
        }
      ]
    },
    {
      "object_kind": "var",
      "config_addr": "module.common_resources_staging.module.booking.module.terraform_state_backend_booking_shared.module.replication_label.var.label_key_case",
      "status": "pass",
      "objects": [
        {
          "object_addr": "module.common_resources_staging.module.booking.module.terraform_state_backend_booking_shared.module.replication_label.var.label_key_case",
          "status": "pass"
        }
      ]
    },
    {
      "object_kind": "var",
      "config_addr": "module.common_resources_staging.module.marketplacewebapp.module.terraform_state_backend_marketplacewebapp_msteams.var.s3_bucket_name",
      "status": "pass",
      "objects": [
        {
          "object_addr": "module.common_resources_staging.module.marketplacewebapp.module.terraform_state_backend_marketplacewebapp_msteams.var.s3_bucket_name",
          "status": "pass"
        }
      ]
    },
    {
      "object_kind": "var",
      "config_addr": "module.common_resources_staging.module.privatewebapp.module.terraform_state_backend_privatewebapp_eventcatalog.module.replication_label.var.label_value_case",
      "status": "pass",
      "objects": [
        {
          "object_addr": "module.common_resources_staging.module.privatewebapp.module.terraform_state_backend_privatewebapp_eventcatalog.module.replication_label.var.label_value_case",
          "status": "pass"
        }
      ]
    },
    {
      "object_kind": "var",
      "config_addr": "module.common_resources_staging.module.customer.module.terraform_state_backend_customer_shared.module.replication_label.var.id_length_limit",
      "status": "pass",
      "objects": [
        {
          "object_addr": "module.common_resources_staging.module.customer.module.terraform_state_backend_customer_shared.module.replication_label.var.id_length_limit",
          "status": "pass"
        }
      ]
    },
    {
      "object_kind": "var",
      "config_addr": "module.common_resources_staging.module.marketplacewebapp.module.terraform_state_backend_marketplacewebapp_help.module.bucket_label.var.label_key_case",
      "status": "pass",
      "objects": [
        {
          "object_addr": "module.common_resources_staging.module.marketplacewebapp.module.terraform_state_backend_marketplacewebapp_help.module.bucket_label.var.label_key_case",
          "status": "pass"
        }
      ]
    },
    {
      "object_kind": "var",
      "config_addr": "module.common_resources_staging.module.marketplacewebapp.module.terraform_state_backend_marketplacewebapp_shared.var.label_value_case",
      "status": "pass",
      "objects": [
        {
          "object_addr": "module.common_resources_staging.module.marketplacewebapp.module.terraform_state_backend_marketplacewebapp_shared.var.label_value_case",
          "status": "pass"
        }
      ]
    },
    {
      "object_kind": "var",
      "config_addr": "module.common_resources_staging.module.marketplace.module.terraform_state_backend_marketplace_shared.var.label_key_case",
      "status": "pass",
      "objects": [
        {
          "object_addr": "module.common_resources_staging.module.marketplace.module.terraform_state_backend_marketplace_shared.var.label_key_case",
          "status": "pass"
        }
      ]
    },
    {
      "object_kind": "var",
      "config_addr": "module.common_resources_staging.module.shared.module.terraform_state_backend_shared.module.dynamodb_table_label.var.label_value_case",
      "status": "pass",
      "objects": [
        {
          "object_addr": "module.common_resources_staging.module.shared.module.terraform_state_backend_shared.module.dynamodb_table_label.var.label_value_case",
          "status": "pass"
        }
      ]
    },
    {
      "object_kind": "var",
      "config_addr": "module.common_resources_staging.module.webapp.module.terraform_state_backend_webapp_eventcatalog.module.bucket_label.var.label_key_case",
      "status": "pass",
      "objects": [
        {
          "object_addr": "module.common_resources_staging.module.webapp.module.terraform_state_backend_webapp_eventcatalog.module.bucket_label.var.label_key_case",
          "status": "pass"
        }
      ]
    },
    {
      "object_kind": "var",
      "config_addr": "module.common_resources_staging.module.privatewebapp.module.terraform_state_backend_privatewebapp_eventcatalog.var.logging",
      "status": "pass",
      "objects": [
        {
          "object_addr": "module.common_resources_staging.module.privatewebapp.module.terraform_state_backend_privatewebapp_eventcatalog.var.logging",
          "status": "pass"
        }
      ]
    },
    {
      "object_kind": "var",
      "config_addr": "module.common_resources_staging.module.team.module.terraform_state_backend_team_shared.module.this.var.id_length_limit",
      "status": "pass",
      "objects": [
        {
          "object_addr": "module.common_resources_staging.module.team.module.terraform_state_backend_team_shared.module.this.var.id_length_limit",
          "status": "pass"
        }
      ]
    },
    {
      "object_kind": "var",
      "config_addr": "module.common_resources_staging.module.organization.module.terraform_state_backend_organization_shared.module.dynamodb_table_label.var.label_value_case",
      "status": "pass",
      "objects": [
        {
          "object_addr": "module.common_resources_staging.module.organization.module.terraform_state_backend_organization_shared.module.dynamodb_table_label.var.label_value_case",
          "status": "pass"
        }
      ]
    },
    {
      "object_kind": "var",
      "config_addr": "module.common_resources_staging.module.slack.module.terraform_state_backend_slack_shared.var.id_length_limit",
      "status": "pass",
      "objects": [
        {
          "object_addr": "module.common_resources_staging.module.slack.module.terraform_state_backend_slack_shared.var.id_length_limit",
          "status": "pass"
        }
      ]
    },
    {
      "object_kind": "var",
      "config_addr": "module.common_resources_staging.module.webapp.module.terraform_state_backend_webapp_eventcatalog.var.s3_bucket_name",
      "status": "pass",
      "objects": [
        {
          "object_addr": "module.common_resources_staging.module.webapp.module.terraform_state_backend_webapp_eventcatalog.var.s3_bucket_name",
          "status": "pass"
        }
      ]
    },
    {
      "object_kind": "var",
      "config_addr": "module.common_resources_staging.module.privatewebapp.module.terraform_state_backend_privatewebapp.var.context",
      "status": "pass",
      "objects": [
        {
          "object_addr": "module.common_resources_staging.module.privatewebapp.module.terraform_state_backend_privatewebapp.var.context",
          "status": "pass"
        }
      ]
    },
    {
      "object_kind": "var",
      "config_addr": "module.common_resources_staging.module.core.module.terraform_state_backend_core_shared.module.bucket_label.var.label_value_case",
      "status": "pass",
      "objects": [
        {
          "object_addr": "module.common_resources_staging.module.core.module.terraform_state_backend_core_shared.module.bucket_label.var.label_value_case",
          "status": "pass"
        }
      ]
    },
    {
      "object_kind": "var",
      "config_addr": "module.common_resources_staging.module.msteams.module.terraform_state_backend_msteams_shared.var.logging",
      "status": "pass",
      "objects": [
        {
          "object_addr": "module.common_resources_staging.module.msteams.module.terraform_state_backend_msteams_shared.var.logging",
          "status": "pass"
        }
      ]
    },
    {
      "object_kind": "var",
      "config_addr": "module.common_resources_staging.module.webapp.module.terraform_state_backend_webapp_eventcatalog.module.replication_label.var.label_key_case",
      "status": "pass",
      "objects": [
        {
          "object_addr": "module.common_resources_staging.module.webapp.module.terraform_state_backend_webapp_eventcatalog.module.replication_label.var.label_key_case",
          "status": "pass"
        }
      ]
    },
    {
      "object_kind": "var",
      "config_addr": "module.common_resources_staging.module.shared.module.terraform_state_backend_shared_azure_entra.module.bucket_label.var.label_value_case",
      "status": "pass",
      "objects": [
        {
          "object_addr": "module.common_resources_staging.module.shared.module.terraform_state_backend_shared_azure_entra.module.bucket_label.var.label_value_case",
          "status": "pass"
        }
      ]
    },
    {
      "object_kind": "var",
      "config_addr": "module.common_resources_staging.module.shared.module.terraform_state_backend_shared.var.s3_bucket_name",
      "status": "pass",
      "objects": [
        {
          "object_addr": "module.common_resources_staging.module.shared.module.terraform_state_backend_shared.var.s3_bucket_name",
          "status": "pass"
        }
      ]
    },
    {
      "object_kind": "var",
      "config_addr": "module.common_resources_staging.module.marketplacewebapp.module.terraform_state_backend_marketplacewebapp_help.module.this.var.context",
      "status": "pass",
      "objects": [
        {
          "object_addr": "module.common_resources_staging.module.marketplacewebapp.module.terraform_state_backend_marketplacewebapp_help.module.this.var.context",
          "status": "pass"
        }
      ]
    },
    {
      "object_kind": "var",
      "config_addr": "module.common_resources_staging.module.marketplacewebapp.module.terraform_state_backend_marketplacewebapp_msteams.module.replication_label.var.label_value_case",
      "status": "pass",
      "objects": [
        {
          "object_addr": "module.common_resources_staging.module.marketplacewebapp.module.terraform_state_backend_marketplacewebapp_msteams.module.replication_label.var.label_value_case",
          "status": "pass"
        }
      ]
    },
    {
      "object_kind": "var",
      "config_addr": "module.common_resources_staging.module.marketplacewebapp.module.terraform_state_backend_marketplacewebapp.module.replication_label.var.id_length_limit",
      "status": "pass",
      "objects": [
        {
          "object_addr": "module.common_resources_staging.module.marketplacewebapp.module.terraform_state_backend_marketplacewebapp.module.replication_label.var.id_length_limit",
          "status": "pass"
        }
      ]
    },
    {
      "object_kind": "var",
      "config_addr": "module.common_resources_staging.module.organization.module.terraform_state_backend_organization_shared.module.replication_label.var.label_key_case",
      "status": "pass",
      "objects": [
        {
          "object_addr": "module.common_resources_staging.module.organization.module.terraform_state_backend_organization_shared.module.replication_label.var.label_key_case",
          "status": "pass"
        }
      ]
    },
    {
      "object_kind": "var",
      "config_addr": "module.common_resources_staging.module.booking.module.terraform_state_backend_booking_shared.module.replication_label.var.context",
      "status": "pass",
      "objects": [
        {
          "object_addr": "module.common_resources_staging.module.booking.module.terraform_state_backend_booking_shared.module.replication_label.var.context",
          "status": "pass"
        }
      ]
    },
    {
      "object_kind": "var",
      "config_addr": "module.common_resources_staging.module.azure_oneoff.module.terraform_state_backend_azure_oneoff.var.label_value_case",
      "status": "pass",
      "objects": [
        {
          "object_addr": "module.common_resources_staging.module.azure_oneoff.module.terraform_state_backend_azure_oneoff.var.label_value_case",
          "status": "pass"
        }
      ]
    },
    {
      "object_kind": "var",
      "config_addr": "module.common_resources_staging.module.webapp.module.terraform_state_backend_webapp_eventcatalog.var.logging",
      "status": "pass",
      "objects": [
        {
          "object_addr": "module.common_resources_staging.module.webapp.module.terraform_state_backend_webapp_eventcatalog.var.logging",
          "status": "pass"
        }
      ]
    },
    {
      "object_kind": "var",
      "config_addr": "module.common_resources_staging.module.msteams.module.terraform_state_backend_msteams_shared.module.dynamodb_table_label.var.label_value_case",
      "status": "pass",
      "objects": [
        {
          "object_addr": "module.common_resources_staging.module.msteams.module.terraform_state_backend_msteams_shared.module.dynamodb_table_label.var.label_value_case",
          "status": "pass"
        }
      ]
    },
    {
      "object_kind": "var",
      "config_addr": "module.common_resources_staging.module.marketplacewebapp.module.terraform_state_backend_marketplacewebapp_msteams.var.label_value_case",
      "status": "pass",
      "objects": [
        {
          "object_addr": "module.common_resources_staging.module.marketplacewebapp.module.terraform_state_backend_marketplacewebapp_msteams.var.label_value_case",
          "status": "pass"
        }
      ]
    },
    {
      "object_kind": "var",
      "config_addr": "module.common_resources_staging.module.privatewebapp.module.terraform_state_backend_privatewebapp_msteams.module.dynamodb_table_label.var.context",
      "status": "pass",
      "objects": [
        {
          "object_addr": "module.common_resources_staging.module.privatewebapp.module.terraform_state_backend_privatewebapp_msteams.module.dynamodb_table_label.var.context",
          "status": "pass"
        }
      ]
    },
    {
      "object_kind": "var",
      "config_addr": "module.common_resources_staging.module.gcp_oneoff.module.terraform_state_backend_gcp_oneoff.module.bucket_label.var.id_length_limit",
      "status": "pass",
      "objects": [
        {
          "object_addr": "module.common_resources_staging.module.gcp_oneoff.module.terraform_state_backend_gcp_oneoff.module.bucket_label.var.id_length_limit",
          "status": "pass"
        }
      ]
    },
    {
      "object_kind": "var",
      "config_addr": "module.common_resources_staging.module.slack.module.terraform_state_backend_slack_shared.module.this.var.id_length_limit",
      "status": "pass",
      "objects": [
        {
          "object_addr": "module.common_resources_staging.module.slack.module.terraform_state_backend_slack_shared.module.this.var.id_length_limit",
          "status": "pass"
        }
      ]
    },
    {
      "object_kind": "var",
      "config_addr": "module.common_resources_staging.module.customer.module.terraform_state_backend_customer_shared.module.dynamodb_table_label.var.label_value_case",
      "status": "pass",
      "objects": [
        {
          "object_addr": "module.common_resources_staging.module.customer.module.terraform_state_backend_customer_shared.module.dynamodb_table_label.var.label_value_case",
          "status": "pass"
        }
      ]
    },
    {
      "object_kind": "var",
      "config_addr": "module.common_resources_staging.module.webapp.module.terraform_state_backend_webapp.var.label_value_case",
      "status": "pass",
      "objects": [
        {
          "object_addr": "module.common_resources_staging.module.webapp.module.terraform_state_backend_webapp.var.label_value_case",
          "status": "pass"
        }
      ]
    },
    {
      "object_kind": "var",
      "config_addr": "module.common_resources_staging.module.aws_oneoff.module.terraform_state_backend_aws_oneoff.module.replication_label.var.context",
      "status": "pass",
      "objects": [
        {
          "object_addr": "module.common_resources_staging.module.aws_oneoff.module.terraform_state_backend_aws_oneoff.module.replication_label.var.context",
          "status": "pass"
        }
      ]
    },
    {
      "object_kind": "var",
      "config_addr": "module.common_resources_staging.module.webapp.module.terraform_state_backend_webapp_eventcatalog.module.dynamodb_table_label.var.label_key_case",
      "status": "pass",
      "objects": [
        {
          "object_addr": "module.common_resources_staging.module.webapp.module.terraform_state_backend_webapp_eventcatalog.module.dynamodb_table_label.var.label_key_case",
          "status": "pass"
        }
      ]
    },
    {
      "object_kind": "var",
      "config_addr": "module.common_resources_staging.module.shared.module.terraform_state_backend_shared_azure_entra.module.dynamodb_table_label.var.context",
      "status": "pass",
      "objects": [
        {
          "object_addr": "module.common_resources_staging.module.shared.module.terraform_state_backend_shared_azure_entra.module.dynamodb_table_label.var.context",
          "status": "pass"
        }
      ]
    },
    {
      "object_kind": "var",
      "config_addr": "module.common_resources_staging.module.webapp.module.terraform_state_backend_webapp_eventcatalog.module.replication_label.var.id_length_limit",
      "status": "pass",
      "objects": [
        {
          "object_addr": "module.common_resources_staging.module.webapp.module.terraform_state_backend_webapp_eventcatalog.module.replication_label.var.id_length_limit",
          "status": "pass"
        }
      ]
    },
    {
      "object_kind": "var",
      "config_addr": "module.common_resources_staging.module.marketplacewebapp.module.terraform_state_backend_marketplacewebapp_eventcatalog.var.label_value_case",
      "status": "pass",
      "objects": [
        {
          "object_addr": "module.common_resources_staging.module.marketplacewebapp.module.terraform_state_backend_marketplacewebapp_eventcatalog.var.label_value_case",
          "status": "pass"
        }
      ]
    },
    {
      "object_kind": "var",
      "config_addr": "module.common_resources_staging.module.webapp.module.terraform_state_backend_webapp_eventcatalog.module.this.var.label_value_case",
      "status": "pass",
      "objects": [
        {
          "object_addr": "module.common_resources_staging.module.webapp.module.terraform_state_backend_webapp_eventcatalog.module.this.var.label_value_case",
          "status": "pass"
        }
      ]
    },
    {
      "object_kind": "var",
      "config_addr": "module.common_resources_staging.module.webapp.module.terraform_state_backend_webapp_shared.module.replication_label.var.id_length_limit",
      "status": "pass",
      "objects": [
        {
          "object_addr": "module.common_resources_staging.module.webapp.module.terraform_state_backend_webapp_shared.module.replication_label.var.id_length_limit",
          "status": "pass"
        }
      ]
    },
    {
      "object_kind": "var",
      "config_addr": "module.common_resources_staging.module.privatewebapp.module.terraform_state_backend_privatewebapp_msteams.var.logging",
      "status": "pass",
      "objects": [
        {
          "object_addr": "module.common_resources_staging.module.privatewebapp.module.terraform_state_backend_privatewebapp_msteams.var.logging",
          "status": "pass"
        }
      ]
    },
    {
      "object_kind": "var",
      "config_addr": "module.common_resources_staging.module.location.module.terraform_state_backend_location_shared.module.this.var.label_key_case",
      "status": "pass",
      "objects": [
        {
          "object_addr": "module.common_resources_staging.module.location.module.terraform_state_backend_location_shared.module.this.var.label_key_case",
          "status": "pass"
        }
      ]
    },
    {
      "object_kind": "var",
      "config_addr": "module.common_resources_staging.module.shared.module.terraform_state_backend_shared.module.this.var.label_value_case",
      "status": "pass",
      "objects": [
        {
          "object_addr": "module.common_resources_staging.module.shared.module.terraform_state_backend_shared.module.this.var.label_value_case",
          "status": "pass"
        }
      ]
    },
    {
      "object_kind": "var",
      "config_addr": "module.common_resources_staging.module.webapp.module.terraform_state_backend_webapp_help.module.replication_label.var.id_length_limit",
      "status": "pass",
      "objects": [
        {
          "object_addr": "module.common_resources_staging.module.webapp.module.terraform_state_backend_webapp_help.module.replication_label.var.id_length_limit",
          "status": "pass"
        }
      ]
    },
    {
      "object_kind": "var",
      "config_addr": "module.common_resources_staging.module.marketplacewebapp.module.terraform_state_backend_marketplacewebapp_msteams.module.bucket_label.var.id_length_limit",
      "status": "pass",
      "objects": [
        {
          "object_addr": "module.common_resources_staging.module.marketplacewebapp.module.terraform_state_backend_marketplacewebapp_msteams.module.bucket_label.var.id_length_limit",
          "status": "pass"
        }
      ]
    },
    {
      "object_kind": "var",
      "config_addr": "module.common_resources_staging.module.marketplace.module.terraform_state_backend_marketplace_shared.module.bucket_label.var.label_value_case",
      "status": "pass",
      "objects": [
        {
          "object_addr": "module.common_resources_staging.module.marketplace.module.terraform_state_backend_marketplace_shared.module.bucket_label.var.label_value_case",
          "status": "pass"
        }
      ]
    },
    {
      "object_kind": "var",
      "config_addr": "module.common_resources_staging.module.marketplacewebapp.module.terraform_state_backend_marketplacewebapp_shared.module.dynamodb_table_label.var.id_length_limit",
      "status": "pass",
      "objects": [
        {
          "object_addr": "module.common_resources_staging.module.marketplacewebapp.module.terraform_state_backend_marketplacewebapp_shared.module.dynamodb_table_label.var.id_length_limit",
          "status": "pass"
        }
      ]
    },
    {
      "object_kind": "var",
      "config_addr": "module.common_resources_staging.module.organization.module.terraform_state_backend_organization_shared.var.id_length_limit",
      "status": "pass",
      "objects": [
        {
          "object_addr": "module.common_resources_staging.module.organization.module.terraform_state_backend_organization_shared.var.id_length_limit",
          "status": "pass"
        }
      ]
    },
    {
      "object_kind": "var",
      "config_addr": "module.common_resources_staging.module.privatewebapp.module.terraform_state_backend_privatewebapp_msteams.module.bucket_label.var.label_value_case",
      "status": "pass",
      "objects": [
        {
          "object_addr": "module.common_resources_staging.module.privatewebapp.module.terraform_state_backend_privatewebapp_msteams.module.bucket_label.var.label_value_case",
          "status": "pass"
        }
      ]
    },
    {
      "object_kind": "var",
      "config_addr": "module.common_resources_staging.module.marketplacewebapp.module.terraform_state_backend_marketplacewebapp_msteams.module.dynamodb_table_label.var.label_key_case",
      "status": "pass",
      "objects": [
        {
          "object_addr": "module.common_resources_staging.module.marketplacewebapp.module.terraform_state_backend_marketplacewebapp_msteams.module.dynamodb_table_label.var.label_key_case",
          "status": "pass"
        }
      ]
    },
    {
      "object_kind": "var",
      "config_addr": "module.common_resources_staging.module.shared.module.terraform_state_backend_shared.var.id_length_limit",
      "status": "pass",
      "objects": [
        {
          "object_addr": "module.common_resources_staging.module.shared.module.terraform_state_backend_shared.var.id_length_limit",
          "status": "pass"
        }
      ]
    },
    {
      "object_kind": "var",
      "config_addr": "module.common_resources_staging.module.marketplacewebapp.module.terraform_state_backend_marketplacewebapp_shared.var.label_key_case",
      "status": "pass",
      "objects": [
        {
          "object_addr": "module.common_resources_staging.module.marketplacewebapp.module.terraform_state_backend_marketplacewebapp_shared.var.label_key_case",
          "status": "pass"
        }
      ]
    },
    {
      "object_kind": "var",
      "config_addr": "module.common_resources_staging.module.webapp.module.terraform_state_backend_webapp_shared.module.replication_label.var.context",
      "status": "pass",
      "objects": [
        {
          "object_addr": "module.common_resources_staging.module.webapp.module.terraform_state_backend_webapp_shared.module.replication_label.var.context",
          "status": "pass"
        }
      ]
    },
    {
      "object_kind": "var",
      "config_addr": "module.common_resources_staging.module.webapp.module.terraform_state_backend_webapp_help.module.bucket_label.var.label_value_case",
      "status": "pass",
      "objects": [
        {
          "object_addr": "module.common_resources_staging.module.webapp.module.terraform_state_backend_webapp_help.module.bucket_label.var.label_value_case",
          "status": "pass"
        }
      ]
    },
    {
      "object_kind": "var",
      "config_addr": "module.common_resources_staging.module.core.module.terraform_state_backend_core_shared.var.label_key_case",
      "status": "pass",
      "objects": [
        {
          "object_addr": "module.common_resources_staging.module.core.module.terraform_state_backend_core_shared.var.label_key_case",
          "status": "pass"
        }
      ]
    },
    {
      "object_kind": "var",
      "config_addr": "module.common_resources_staging.module.marketplacewebapp.module.terraform_state_backend_marketplacewebapp_eventcatalog.module.this.var.id_length_limit",
      "status": "pass",
      "objects": [
        {
          "object_addr": "module.common_resources_staging.module.marketplacewebapp.module.terraform_state_backend_marketplacewebapp_eventcatalog.module.this.var.id_length_limit",
          "status": "pass"
        }
      ]
    },
    {
      "object_kind": "var",
      "config_addr": "module.common_resources_staging.module.slack.module.terraform_state_backend_slack_shared.var.label_key_case",
      "status": "pass",
      "objects": [
        {
          "object_addr": "module.common_resources_staging.module.slack.module.terraform_state_backend_slack_shared.var.label_key_case",
          "status": "pass"
        }
      ]
    },
    {
      "object_kind": "var",
      "config_addr": "module.common_resources_staging.module.marketplacewebapp.module.terraform_state_backend_marketplacewebapp.module.bucket_label.var.label_value_case",
      "status": "pass",
      "objects": [
        {
          "object_addr": "module.common_resources_staging.module.marketplacewebapp.module.terraform_state_backend_marketplacewebapp.module.bucket_label.var.label_value_case",
          "status": "pass"
        }
      ]
    },
    {
      "object_kind": "var",
      "config_addr": "module.common_resources_staging.module.privatewebapp.module.terraform_state_backend_privatewebapp_eventcatalog.module.bucket_label.var.label_key_case",
      "status": "pass",
      "objects": [
        {
          "object_addr": "module.common_resources_staging.module.privatewebapp.module.terraform_state_backend_privatewebapp_eventcatalog.module.bucket_label.var.label_key_case",
          "status": "pass"
        }
      ]
    },
    {
      "object_kind": "var",
      "config_addr": "module.common_resources_staging.module.team.module.terraform_state_backend_team_shared.var.label_value_case",
      "status": "pass",
      "objects": [
        {
          "object_addr": "module.common_resources_staging.module.team.module.terraform_state_backend_team_shared.var.label_value_case",
          "status": "pass"
        }
      ]
    },
    {
      "object_kind": "var",
      "config_addr": "module.common_resources_staging.module.msteams.module.terraform_state_backend_msteams_shared.module.this.var.label_value_case",
      "status": "pass",
      "objects": [
        {
          "object_addr": "module.common_resources_staging.module.msteams.module.terraform_state_backend_msteams_shared.module.this.var.label_value_case",
          "status": "pass"
        }
      ]
    },
    {
      "object_kind": "var",
      "config_addr": "module.common_resources_staging.module.shared.module.terraform_state_backend_shared_azure_entra.module.bucket_label.var.label_key_case",
      "status": "pass",
      "objects": [
        {
          "object_addr": "module.common_resources_staging.module.shared.module.terraform_state_backend_shared_azure_entra.module.bucket_label.var.label_key_case",
          "status": "pass"
        }
      ]
    },
    {
      "object_kind": "var",
      "config_addr": "module.common_resources_staging.module.core.module.terraform_state_backend_core_shared.module.this.var.id_length_limit",
      "status": "pass",
      "objects": [
        {
          "object_addr": "module.common_resources_staging.module.core.module.terraform_state_backend_core_shared.module.this.var.id_length_limit",
          "status": "pass"
        }
      ]
    },
    {
      "object_kind": "var",
      "config_addr": "module.common_resources_staging.module.webapp.module.terraform_state_backend_webapp_eventcatalog.module.bucket_label.var.context",
      "status": "pass",
      "objects": [
        {
          "object_addr": "module.common_resources_staging.module.webapp.module.terraform_state_backend_webapp_eventcatalog.module.bucket_label.var.context",
          "status": "pass"
        }
      ]
    },
    {
      "object_kind": "var",
      "config_addr": "module.common_resources_staging.module.shared.module.terraform_state_backend_shared.module.dynamodb_table_label.var.label_key_case",
      "status": "pass",
      "objects": [
        {
          "object_addr": "module.common_resources_staging.module.shared.module.terraform_state_backend_shared.module.dynamodb_table_label.var.label_key_case",
          "status": "pass"
        }
      ]
    },
    {
      "object_kind": "var",
      "config_addr": "module.common_resources_staging.module.location.module.terraform_state_backend_location_shared.module.replication_label.var.id_length_limit",
      "status": "pass",
      "objects": [
        {
          "object_addr": "module.common_resources_staging.module.location.module.terraform_state_backend_location_shared.module.replication_label.var.id_length_limit",
          "status": "pass"
        }
      ]
    },
    {
      "object_kind": "var",
      "config_addr": "module.common_resources_staging.module.webapp.module.terraform_state_backend_webapp_msteams.module.replication_label.var.id_length_limit",
      "status": "pass",
      "objects": [
        {
          "object_addr": "module.common_resources_staging.module.webapp.module.terraform_state_backend_webapp_msteams.module.replication_label.var.id_length_limit",
          "status": "pass"
        }
      ]
    },
    {
      "object_kind": "var",
      "config_addr": "module.common_resources_staging.module.webapp.module.terraform_state_backend_webapp_help.module.dynamodb_table_label.var.label_value_case",
      "status": "pass",
      "objects": [
        {
          "object_addr": "module.common_resources_staging.module.webapp.module.terraform_state_backend_webapp_help.module.dynamodb_table_label.var.label_value_case",
          "status": "pass"
        }
      ]
    },
    {
      "object_kind": "var",
      "config_addr": "module.common_resources_staging.module.azure_oneoff.module.terraform_state_backend_azure_oneoff.var.context",
      "status": "pass",
      "objects": [
        {
          "object_addr": "module.common_resources_staging.module.azure_oneoff.module.terraform_state_backend_azure_oneoff.var.context",
          "status": "pass"
        }
      ]
    },
    {
      "object_kind": "var",
      "config_addr": "module.common_resources_staging.module.privatewebapp.module.terraform_state_backend_privatewebapp_msteams.module.bucket_label.var.id_length_limit",
      "status": "pass",
      "objects": [
        {
          "object_addr": "module.common_resources_staging.module.privatewebapp.module.terraform_state_backend_privatewebapp_msteams.module.bucket_label.var.id_length_limit",
          "status": "pass"
        }
      ]
    },
    {
      "object_kind": "var",
      "config_addr": "module.common_resources_staging.module.aws_oneoff.module.terraform_state_backend_aws_oneoff.module.dynamodb_table_label.var.context",
      "status": "pass",
      "objects": [
        {
          "object_addr": "module.common_resources_staging.module.aws_oneoff.module.terraform_state_backend_aws_oneoff.module.dynamodb_table_label.var.context",
          "status": "pass"
        }
      ]
    },
    {
      "object_kind": "var",
      "config_addr": "module.common_resources_staging.module.booking.module.terraform_state_backend_booking_shared.module.this.var.label_key_case",
      "status": "pass",
      "objects": [
        {
          "object_addr": "module.common_resources_staging.module.booking.module.terraform_state_backend_booking_shared.module.this.var.label_key_case",
          "status": "pass"
        }
      ]
    },
    {
      "object_kind": "var",
      "config_addr": "module.common_resources_staging.module.webapp.module.terraform_state_backend_webapp_eventcatalog.var.label_value_case",
      "status": "pass",
      "objects": [
        {
          "object_addr": "module.common_resources_staging.module.webapp.module.terraform_state_backend_webapp_eventcatalog.var.label_value_case",
          "status": "pass"
        }
      ]
    },
    {
      "object_kind": "var",
      "config_addr": "module.common_resources_staging.module.marketplacewebapp.module.terraform_state_backend_marketplacewebapp_eventcatalog.var.context",
      "status": "pass",
      "objects": [
        {
          "object_addr": "module.common_resources_staging.module.marketplacewebapp.module.terraform_state_backend_marketplacewebapp_eventcatalog.var.context",
          "status": "pass"
        }
      ]
    },
    {
      "object_kind": "var",
      "config_addr": "module.common_resources_staging.module.marketplacewebapp.module.terraform_state_backend_marketplacewebapp_msteams.module.bucket_label.var.label_value_case",
      "status": "pass",
      "objects": [
        {
          "object_addr": "module.common_resources_staging.module.marketplacewebapp.module.terraform_state_backend_marketplacewebapp_msteams.module.bucket_label.var.label_value_case",
          "status": "pass"
        }
      ]
    },
    {
      "object_kind": "var",
      "config_addr": "module.common_resources_staging.module.webapp.module.terraform_state_backend_webapp_shared.module.replication_label.var.label_value_case",
      "status": "pass",
      "objects": [
        {
          "object_addr": "module.common_resources_staging.module.webapp.module.terraform_state_backend_webapp_shared.module.replication_label.var.label_value_case",
          "status": "pass"
        }
      ]
    },
    {
      "object_kind": "var",
      "config_addr": "module.common_resources_staging.module.marketplacewebapp.module.terraform_state_backend_marketplacewebapp_shared.module.dynamodb_table_label.var.context",
      "status": "pass",
      "objects": [
        {
          "object_addr": "module.common_resources_staging.module.marketplacewebapp.module.terraform_state_backend_marketplacewebapp_shared.module.dynamodb_table_label.var.context",
          "status": "pass"
        }
      ]
    },
    {
      "object_kind": "var",
      "config_addr": "module.common_resources_staging.module.marketplacewebapp.module.terraform_state_backend_marketplacewebapp_shared.var.id_length_limit",
      "status": "pass",
      "objects": [
        {
          "object_addr": "module.common_resources_staging.module.marketplacewebapp.module.terraform_state_backend_marketplacewebapp_shared.var.id_length_limit",
          "status": "pass"
        }
      ]
    },
    {
      "object_kind": "var",
      "config_addr": "module.common_resources_staging.module.marketplacewebapp.module.terraform_state_backend_marketplacewebapp_help.module.bucket_label.var.context",
      "status": "pass",
      "objects": [
        {
          "object_addr": "module.common_resources_staging.module.marketplacewebapp.module.terraform_state_backend_marketplacewebapp_help.module.bucket_label.var.context",
          "status": "pass"
        }
      ]
    },
    {
      "object_kind": "var",
      "config_addr": "module.common_resources_staging.module.shared.module.terraform_state_backend_shared.var.label_key_case",
      "status": "pass",
      "objects": [
        {
          "object_addr": "module.common_resources_staging.module.shared.module.terraform_state_backend_shared.var.label_key_case",
          "status": "pass"
        }
      ]
    },
    {
      "object_kind": "var",
      "config_addr": "module.common_resources_staging.module.marketplacewebapp.module.terraform_state_backend_marketplacewebapp_shared.module.dynamodb_table_label.var.label_key_case",
      "status": "pass",
      "objects": [
        {
          "object_addr": "module.common_resources_staging.module.marketplacewebapp.module.terraform_state_backend_marketplacewebapp_shared.module.dynamodb_table_label.var.label_key_case",
          "status": "pass"
        }
      ]
    },
    {
      "object_kind": "var",
      "config_addr": "module.common_resources_staging.module.marketplacewebapp.module.terraform_state_backend_marketplacewebapp_help.module.this.var.id_length_limit",
      "status": "pass",
      "objects": [
        {
          "object_addr": "module.common_resources_staging.module.marketplacewebapp.module.terraform_state_backend_marketplacewebapp_help.module.this.var.id_length_limit",
          "status": "pass"
        }
      ]
    },
    {
      "object_kind": "var",
      "config_addr": "module.common_resources_staging.module.privatewebapp.module.terraform_state_backend_privatewebapp_help.module.this.var.context",
      "status": "pass",
      "objects": [
        {
          "object_addr": "module.common_resources_staging.module.privatewebapp.module.terraform_state_backend_privatewebapp_help.module.this.var.context",
          "status": "pass"
        }
      ]
    },
    {
      "object_kind": "var",
      "config_addr": "module.common_resources_staging.module.webapp.module.terraform_state_backend_webapp_msteams.module.this.var.id_length_limit",
      "status": "pass",
      "objects": [
        {
          "object_addr": "module.common_resources_staging.module.webapp.module.terraform_state_backend_webapp_msteams.module.this.var.id_length_limit",
          "status": "pass"
        }
      ]
    },
    {
      "object_kind": "var",
      "config_addr": "module.common_resources_staging.module.msteams.module.terraform_state_backend_msteams_shared.module.this.var.label_key_case",
      "status": "pass",
      "objects": [
        {
          "object_addr": "module.common_resources_staging.module.msteams.module.terraform_state_backend_msteams_shared.module.this.var.label_key_case",
          "status": "pass"
        }
      ]
    },
    {
      "object_kind": "var",
      "config_addr": "module.common_resources_staging.module.webapp.module.terraform_state_backend_webapp_msteams.module.bucket_label.var.label_key_case",
      "status": "pass",
      "objects": [
        {
          "object_addr": "module.common_resources_staging.module.webapp.module.terraform_state_backend_webapp_msteams.module.bucket_label.var.label_key_case",
          "status": "pass"
        }
      ]
    },
    {
      "object_kind": "var",
      "config_addr": "module.common_resources_staging.module.marketplacewebapp.module.terraform_state_backend_marketplacewebapp.module.bucket_label.var.label_key_case",
      "status": "pass",
      "objects": [
        {
          "object_addr": "module.common_resources_staging.module.marketplacewebapp.module.terraform_state_backend_marketplacewebapp.module.bucket_label.var.label_key_case",
          "status": "pass"
        }
      ]
    },
    {
      "object_kind": "var",
      "config_addr": "module.common_resources_staging.module.gcp_oneoff.module.terraform_state_backend_gcp_oneoff.module.this.var.id_length_limit",
      "status": "pass",
      "objects": [
        {
          "object_addr": "module.common_resources_staging.module.gcp_oneoff.module.terraform_state_backend_gcp_oneoff.module.this.var.id_length_limit",
          "status": "pass"
        }
      ]
    },
    {
      "object_kind": "var",
      "config_addr": "module.common_resources_staging.module.organization.module.terraform_state_backend_organization_shared.module.replication_label.var.context",
      "status": "pass",
      "objects": [
        {
          "object_addr": "module.common_resources_staging.module.organization.module.terraform_state_backend_organization_shared.module.replication_label.var.context",
          "status": "pass"
        }
      ]
    },
    {
      "object_kind": "var",
      "config_addr": "module.common_resources_staging.module.location.module.terraform_state_backend_location_shared.module.bucket_label.var.label_key_case",
      "status": "pass",
      "objects": [
        {
          "object_addr": "module.common_resources_staging.module.location.module.terraform_state_backend_location_shared.module.bucket_label.var.label_key_case",
          "status": "pass"
        }
      ]
    },
    {
      "object_kind": "var",
      "config_addr": "module.common_resources_staging.module.marketplacewebapp.module.terraform_state_backend_marketplacewebapp_help.var.logging",
      "status": "pass",
      "objects": [
        {
          "object_addr": "module.common_resources_staging.module.marketplacewebapp.module.terraform_state_backend_marketplacewebapp_help.var.logging",
          "status": "pass"
        }
      ]
    },
    {
      "object_kind": "var",
      "config_addr": "module.common_resources_staging.module.aws_oneoff.module.terraform_state_backend_aws_oneoff.var.context",
      "status": "pass",
      "objects": [
        {
          "object_addr": "module.common_resources_staging.module.aws_oneoff.module.terraform_state_backend_aws_oneoff.var.context",
          "status": "pass"
        }
      ]
    },
    {
      "object_kind": "var",
      "config_addr": "module.common_resources_staging.module.privatewebapp.module.terraform_state_backend_privatewebapp_help.module.replication_label.var.context",
      "status": "pass",
      "objects": [
        {
          "object_addr": "module.common_resources_staging.module.privatewebapp.module.terraform_state_backend_privatewebapp_help.module.replication_label.var.context",
          "status": "pass"
        }
      ]
    },
    {
      "object_kind": "var",
      "config_addr": "module.common_resources_staging.module.gcp_oneoff.module.terraform_state_backend_gcp_oneoff.module.dynamodb_table_label.var.context",
      "status": "pass",
      "objects": [
        {
          "object_addr": "module.common_resources_staging.module.gcp_oneoff.module.terraform_state_backend_gcp_oneoff.module.dynamodb_table_label.var.context",
          "status": "pass"
        }
      ]
    },
    {
      "object_kind": "var",
      "config_addr": "module.common_resources_staging.module.team.module.terraform_state_backend_team_shared.module.bucket_label.var.context",
      "status": "pass",
      "objects": [
        {
          "object_addr": "module.common_resources_staging.module.team.module.terraform_state_backend_team_shared.module.bucket_label.var.context",
          "status": "pass"
        }
      ]
    },
    {
      "object_kind": "var",
      "config_addr": "module.common_resources_staging.module.webapp.module.terraform_state_backend_webapp_msteams.module.replication_label.var.context",
      "status": "pass",
      "objects": [
        {
          "object_addr": "module.common_resources_staging.module.webapp.module.terraform_state_backend_webapp_msteams.module.replication_label.var.context",
          "status": "pass"
        }
      ]
    },
    {
      "object_kind": "var",
      "config_addr": "module.common_resources_staging.module.azure_oneoff.module.terraform_state_backend_azure_oneoff.module.this.var.context",
      "status": "pass",
      "objects": [
        {
          "object_addr": "module.common_resources_staging.module.azure_oneoff.module.terraform_state_backend_azure_oneoff.module.this.var.context",
          "status": "pass"
        }
      ]
    },
    {
      "object_kind": "var",
      "config_addr": "module.common_resources_staging.module.core.module.terraform_state_backend_core_shared.module.this.var.label_value_case",
      "status": "pass",
      "objects": [
        {
          "object_addr": "module.common_resources_staging.module.core.module.terraform_state_backend_core_shared.module.this.var.label_value_case",
          "status": "pass"
        }
      ]
    },
    {
      "object_kind": "var",
      "config_addr": "module.common_resources_staging.module.shared.module.terraform_state_backend_shared.module.replication_label.var.context",
      "status": "pass",
      "objects": [
        {
          "object_addr": "module.common_resources_staging.module.shared.module.terraform_state_backend_shared.module.replication_label.var.context",
          "status": "pass"
        }
      ]
    },
    {
      "object_kind": "var",
      "config_addr": "module.common_resources_staging.module.team.module.terraform_state_backend_team_shared.module.replication_label.var.context",
      "status": "pass",
      "objects": [
        {
          "object_addr": "module.common_resources_staging.module.team.module.terraform_state_backend_team_shared.module.replication_label.var.context",
          "status": "pass"
        }
      ]
    },
    {
      "object_kind": "var",
      "config_addr": "module.common_resources_staging.module.webapp.module.terraform_state_backend_webapp_help.module.this.var.label_key_case",
      "status": "pass",
      "objects": [
        {
          "object_addr": "module.common_resources_staging.module.webapp.module.terraform_state_backend_webapp_help.module.this.var.label_key_case",
          "status": "pass"
        }
      ]
    },
    {
      "object_kind": "var",
      "config_addr": "module.common_resources_staging.module.team.module.terraform_state_backend_team_shared.var.s3_bucket_name",
      "status": "pass",
      "objects": [
        {
          "object_addr": "module.common_resources_staging.module.team.module.terraform_state_backend_team_shared.var.s3_bucket_name",
          "status": "pass"
        }
      ]
    },
    {
      "object_kind": "var",
      "config_addr": "module.common_resources_staging.module.marketplacewebapp.module.terraform_state_backend_marketplacewebapp.var.label_value_case",
      "status": "pass",
      "objects": [
        {
          "object_addr": "module.common_resources_staging.module.marketplacewebapp.module.terraform_state_backend_marketplacewebapp.var.label_value_case",
          "status": "pass"
        }
      ]
    },
    {
      "object_kind": "var",
      "config_addr": "module.common_resources_staging.module.marketplacewebapp.module.terraform_state_backend_marketplacewebapp_msteams.module.dynamodb_table_label.var.id_length_limit",
      "status": "pass",
      "objects": [
        {
          "object_addr": "module.common_resources_staging.module.marketplacewebapp.module.terraform_state_backend_marketplacewebapp_msteams.module.dynamodb_table_label.var.id_length_limit",
          "status": "pass"
        }
      ]
    },
    {
      "object_kind": "var",
      "config_addr": "module.common_resources_staging.module.marketplacewebapp.module.terraform_state_backend_marketplacewebapp.module.dynamodb_table_label.var.label_key_case",
      "status": "pass",
      "objects": [
        {
          "object_addr": "module.common_resources_staging.module.marketplacewebapp.module.terraform_state_backend_marketplacewebapp.module.dynamodb_table_label.var.label_key_case",
          "status": "pass"
        }
      ]
    },
    {
      "object_kind": "var",
      "config_addr": "module.common_resources_staging.module.shared.module.terraform_state_backend_shared_azure_entra.module.dynamodb_table_label.var.label_key_case",
      "status": "pass",
      "objects": [
        {
          "object_addr": "module.common_resources_staging.module.shared.module.terraform_state_backend_shared_azure_entra.module.dynamodb_table_label.var.label_key_case",
          "status": "pass"
        }
      ]
    },
    {
      "object_kind": "var",
      "config_addr": "module.common_resources_staging.module.webapp.module.terraform_state_backend_webapp_eventcatalog.module.this.var.id_length_limit",
      "status": "pass",
      "objects": [
        {
          "object_addr": "module.common_resources_staging.module.webapp.module.terraform_state_backend_webapp_eventcatalog.module.this.var.id_length_limit",
          "status": "pass"
        }
      ]
    },
    {
      "object_kind": "var",
      "config_addr": "module.common_resources_staging.module.slack.module.terraform_state_backend_slack_shared.var.logging",
      "status": "pass",
      "objects": [
        {
          "object_addr": "module.common_resources_staging.module.slack.module.terraform_state_backend_slack_shared.var.logging",
          "status": "pass"
        }
      ]
    },
    {
      "object_kind": "var",
      "config_addr": "module.common_resources_staging.module.customer.module.terraform_state_backend_customer_shared.module.bucket_label.var.label_value_case",
      "status": "pass",
      "objects": [
        {
          "object_addr": "module.common_resources_staging.module.customer.module.terraform_state_backend_customer_shared.module.bucket_label.var.label_value_case",
          "status": "pass"
        }
      ]
    },
    {
      "object_kind": "var",
      "config_addr": "module.common_resources_staging.module.webapp.module.terraform_state_backend_webapp_shared.var.label_value_case",
      "status": "pass",
      "objects": [
        {
          "object_addr": "module.common_resources_staging.module.webapp.module.terraform_state_backend_webapp_shared.var.label_value_case",
          "status": "pass"
        }
      ]
    },
    {
      "object_kind": "var",
      "config_addr": "module.common_resources_staging.module.location.module.terraform_state_backend_location_shared.module.dynamodb_table_label.var.label_value_case",
      "status": "pass",
      "objects": [
        {
          "object_addr": "module.common_resources_staging.module.location.module.terraform_state_backend_location_shared.module.dynamodb_table_label.var.label_value_case",
          "status": "pass"
        }
      ]
    },
    {
      "object_kind": "var",
      "config_addr": "module.common_resources_staging.module.webapp.module.terraform_state_backend_webapp_shared.module.bucket_label.var.label_value_case",
      "status": "pass",
      "objects": [
        {
          "object_addr": "module.common_resources_staging.module.webapp.module.terraform_state_backend_webapp_shared.module.bucket_label.var.label_value_case",
          "status": "pass"
        }
      ]
    },
    {
      "object_kind": "var",
      "config_addr": "module.common_resources_staging.module.gcp_oneoff.module.terraform_state_backend_gcp_oneoff.module.bucket_label.var.label_key_case",
      "status": "pass",
      "objects": [
        {
          "object_addr": "module.common_resources_staging.module.gcp_oneoff.module.terraform_state_backend_gcp_oneoff.module.bucket_label.var.label_key_case",
          "status": "pass"
        }
      ]
    },
    {
      "object_kind": "var",
      "config_addr": "module.common_resources_staging.module.webapp.module.terraform_state_backend_webapp_shared.var.label_key_case",
      "status": "pass",
      "objects": [
        {
          "object_addr": "module.common_resources_staging.module.webapp.module.terraform_state_backend_webapp_shared.var.label_key_case",
          "status": "pass"
        }
      ]
    },
    {
      "object_kind": "var",
      "config_addr": "module.common_resources_staging.module.marketplacewebapp.module.terraform_state_backend_marketplacewebapp.module.bucket_label.var.id_length_limit",
      "status": "pass",
      "objects": [
        {
          "object_addr": "module.common_resources_staging.module.marketplacewebapp.module.terraform_state_backend_marketplacewebapp.module.bucket_label.var.id_length_limit",
          "status": "pass"
        }
      ]
    },
    {
      "object_kind": "var",
      "config_addr": "module.common_resources_staging.module.customer.module.terraform_state_backend_customer_shared.var.logging",
      "status": "pass",
      "objects": [
        {
          "object_addr": "module.common_resources_staging.module.customer.module.terraform_state_backend_customer_shared.var.logging",
          "status": "pass"
        }
      ]
    },
    {
      "object_kind": "var",
      "config_addr": "module.common_resources_staging.module.webapp.module.terraform_state_backend_webapp_shared.module.bucket_label.var.id_length_limit",
      "status": "pass",
      "objects": [
        {
          "object_addr": "module.common_resources_staging.module.webapp.module.terraform_state_backend_webapp_shared.module.bucket_label.var.id_length_limit",
          "status": "pass"
        }
      ]
    },
    {
      "object_kind": "var",
      "config_addr": "module.common_resources_staging.module.webapp.module.terraform_state_backend_webapp_help.module.replication_label.var.label_key_case",
      "status": "pass",
      "objects": [
        {
          "object_addr": "module.common_resources_staging.module.webapp.module.terraform_state_backend_webapp_help.module.replication_label.var.label_key_case",
          "status": "pass"
        }
      ]
    },
    {
      "object_kind": "var",
      "config_addr": "module.common_resources_staging.module.webapp.module.terraform_state_backend_webapp_shared.module.dynamodb_table_label.var.id_length_limit",
      "status": "pass",
      "objects": [
        {
          "object_addr": "module.common_resources_staging.module.webapp.module.terraform_state_backend_webapp_shared.module.dynamodb_table_label.var.id_length_limit",
          "status": "pass"
        }
      ]
    },
    {
      "object_kind": "var",
      "config_addr": "module.common_resources_staging.module.webapp.module.terraform_state_backend_webapp_help.var.label_key_case",
      "status": "pass",
      "objects": [
        {
          "object_addr": "module.common_resources_staging.module.webapp.module.terraform_state_backend_webapp_help.var.label_key_case",
          "status": "pass"
        }
      ]
    },
    {
      "object_kind": "var",
      "config_addr": "module.common_resources_staging.module.marketplacewebapp.module.terraform_state_backend_marketplacewebapp_help.module.dynamodb_table_label.var.context",
      "status": "pass",
      "objects": [
        {
          "object_addr": "module.common_resources_staging.module.marketplacewebapp.module.terraform_state_backend_marketplacewebapp_help.module.dynamodb_table_label.var.context",
          "status": "pass"
        }
      ]
    },
    {
      "object_kind": "var",
      "config_addr": "module.common_resources_staging.module.webapp.module.terraform_state_backend_webapp_msteams.module.bucket_label.var.label_value_case",
      "status": "pass",
      "objects": [
        {
          "object_addr": "module.common_resources_staging.module.webapp.module.terraform_state_backend_webapp_msteams.module.bucket_label.var.label_value_case",
          "status": "pass"
        }
      ]
    },
    {
      "object_kind": "var",
      "config_addr": "module.common_resources_staging.module.marketplace.module.terraform_state_backend_marketplace_shared.var.context",
      "status": "pass",
      "objects": [
        {
          "object_addr": "module.common_resources_staging.module.marketplace.module.terraform_state_backend_marketplace_shared.var.context",
          "status": "pass"
        }
      ]
    },
    {
      "object_kind": "var",
      "config_addr": "module.common_resources_staging.module.customer.module.terraform_state_backend_customer_shared.module.bucket_label.var.id_length_limit",
      "status": "pass",
      "objects": [
        {
          "object_addr": "module.common_resources_staging.module.customer.module.terraform_state_backend_customer_shared.module.bucket_label.var.id_length_limit",
          "status": "pass"
        }
      ]
    },
    {
      "object_kind": "var",
      "config_addr": "module.common_resources_staging.module.marketplace.module.terraform_state_backend_marketplace_shared.var.logging",
      "status": "pass",
      "objects": [
        {
          "object_addr": "module.common_resources_staging.module.marketplace.module.terraform_state_backend_marketplace_shared.var.logging",
          "status": "pass"
        }
      ]
    },
    {
      "object_kind": "var",
      "config_addr": "module.common_resources_staging.module.marketplacewebapp.module.terraform_state_backend_marketplacewebapp_shared.module.this.var.label_value_case",
      "status": "pass",
      "objects": [
        {
          "object_addr": "module.common_resources_staging.module.marketplacewebapp.module.terraform_state_backend_marketplacewebapp_shared.module.this.var.label_value_case",
          "status": "pass"
        }
      ]
    },
    {
      "object_kind": "var",
      "config_addr": "module.common_resources_staging.module.aws_oneoff.module.terraform_state_backend_aws_oneoff.module.bucket_label.var.label_value_case",
      "status": "pass",
      "objects": [
        {
          "object_addr": "module.common_resources_staging.module.aws_oneoff.module.terraform_state_backend_aws_oneoff.module.bucket_label.var.label_value_case",
          "status": "pass"
        }
      ]
    },
    {
      "object_kind": "var",
      "config_addr": "module.common_resources_staging.module.customer.module.terraform_state_backend_customer_shared.module.dynamodb_table_label.var.id_length_limit",
      "status": "pass",
      "objects": [
        {
          "object_addr": "module.common_resources_staging.module.customer.module.terraform_state_backend_customer_shared.module.dynamodb_table_label.var.id_length_limit",
          "status": "pass"
        }
      ]
    },
    {
      "object_kind": "var",
      "config_addr": "module.common_resources_staging.module.marketplacewebapp.module.terraform_state_backend_marketplacewebapp_eventcatalog.module.replication_label.var.label_key_case",
      "status": "pass",
      "objects": [
        {
          "object_addr": "module.common_resources_staging.module.marketplacewebapp.module.terraform_state_backend_marketplacewebapp_eventcatalog.module.replication_label.var.label_key_case",
          "status": "pass"
        }
      ]
    },
    {
      "object_kind": "var",
      "config_addr": "module.common_resources_staging.module.marketplacewebapp.module.terraform_state_backend_marketplacewebapp_help.module.dynamodb_table_label.var.label_key_case",
      "status": "pass",
      "objects": [
        {
          "object_addr": "module.common_resources_staging.module.marketplacewebapp.module.terraform_state_backend_marketplacewebapp_help.module.dynamodb_table_label.var.label_key_case",
          "status": "pass"
        }
      ]
    },
    {
      "object_kind": "var",
      "config_addr": "module.common_resources_staging.module.slack.module.terraform_state_backend_slack_shared.module.replication_label.var.label_key_case",
      "status": "pass",
      "objects": [
        {
          "object_addr": "module.common_resources_staging.module.slack.module.terraform_state_backend_slack_shared.module.replication_label.var.label_key_case",
          "status": "pass"
        }
      ]
    },
    {
      "object_kind": "var",
      "config_addr": "module.common_resources_staging.module.webapp.module.terraform_state_backend_webapp_shared.var.logging",
      "status": "pass",
      "objects": [
        {
          "object_addr": "module.common_resources_staging.module.webapp.module.terraform_state_backend_webapp_shared.var.logging",
          "status": "pass"
        }
      ]
    },
    {
      "object_kind": "var",
      "config_addr": "module.common_resources_staging.module.slack.module.terraform_state_backend_slack_shared.module.dynamodb_table_label.var.label_value_case",
      "status": "pass",
      "objects": [
        {
          "object_addr": "module.common_resources_staging.module.slack.module.terraform_state_backend_slack_shared.module.dynamodb_table_label.var.label_value_case",
          "status": "pass"
        }
      ]
    },
    {
      "object_kind": "var",
      "config_addr": "module.common_resources_staging.module.marketplacewebapp.module.terraform_state_backend_marketplacewebapp_msteams.module.replication_label.var.label_key_case",
      "status": "pass",
      "objects": [
        {
          "object_addr": "module.common_resources_staging.module.marketplacewebapp.module.terraform_state_backend_marketplacewebapp_msteams.module.replication_label.var.label_key_case",
          "status": "pass"
        }
      ]
    },
    {
      "object_kind": "var",
      "config_addr": "module.common_resources_staging.module.booking.module.terraform_state_backend_booking_shared.var.id_length_limit",
      "status": "pass",
      "objects": [
        {
          "object_addr": "module.common_resources_staging.module.booking.module.terraform_state_backend_booking_shared.var.id_length_limit",
          "status": "pass"
        }
      ]
    },
    {
      "object_kind": "var",
      "config_addr": "module.common_resources_staging.module.privatewebapp.module.terraform_state_backend_privatewebapp.module.this.var.label_key_case",
      "status": "pass",
      "objects": [
        {
          "object_addr": "module.common_resources_staging.module.privatewebapp.module.terraform_state_backend_privatewebapp.module.this.var.label_key_case",
          "status": "pass"
        }
      ]
    },
    {
      "object_kind": "var",
      "config_addr": "module.common_resources_staging.module.customer.module.terraform_state_backend_customer_shared.module.replication_label.var.context",
      "status": "pass",
      "objects": [
        {
          "object_addr": "module.common_resources_staging.module.customer.module.terraform_state_backend_customer_shared.module.replication_label.var.context",
          "status": "pass"
        }
      ]
    },
    {
      "object_kind": "var",
      "config_addr": "module.common_resources_staging.module.aws_oneoff.module.terraform_state_backend_aws_oneoff.module.dynamodb_table_label.var.label_value_case",
      "status": "pass",
      "objects": [
        {
          "object_addr": "module.common_resources_staging.module.aws_oneoff.module.terraform_state_backend_aws_oneoff.module.dynamodb_table_label.var.label_value_case",
          "status": "pass"
        }
      ]
    },
    {
      "object_kind": "var",
      "config_addr": "module.common_resources_staging.module.privatewebapp.module.terraform_state_backend_privatewebapp.module.dynamodb_table_label.var.context",
      "status": "pass",
      "objects": [
        {
          "object_addr": "module.common_resources_staging.module.privatewebapp.module.terraform_state_backend_privatewebapp.module.dynamodb_table_label.var.context",
          "status": "pass"
        }
      ]
    },
    {
      "object_kind": "var",
      "config_addr": "module.common_resources_staging.module.privatewebapp.module.terraform_state_backend_privatewebapp_help.var.logging",
      "status": "pass",
      "objects": [
        {
          "object_addr": "module.common_resources_staging.module.privatewebapp.module.terraform_state_backend_privatewebapp_help.var.logging",
          "status": "pass"
        }
      ]
    },
    {
      "object_kind": "var",
      "config_addr": "module.common_resources_staging.module.privatewebapp.module.terraform_state_backend_privatewebapp.var.label_key_case",
      "status": "pass",
      "objects": [
        {
          "object_addr": "module.common_resources_staging.module.privatewebapp.module.terraform_state_backend_privatewebapp.var.label_key_case",
          "status": "pass"
        }
      ]
    },
    {
      "object_kind": "var",
      "config_addr": "module.common_resources_staging.module.shared.module.terraform_state_backend_shared_azure_entra.module.replication_label.var.id_length_limit",
      "status": "pass",
      "objects": [
        {
          "object_addr": "module.common_resources_staging.module.shared.module.terraform_state_backend_shared_azure_entra.module.replication_label.var.id_length_limit",
          "status": "pass"
        }
      ]
    },
    {
      "object_kind": "var",
      "config_addr": "module.common_resources_staging.module.msteams.module.terraform_state_backend_msteams_shared.module.replication_label.var.label_key_case",
      "status": "pass",
      "objects": [
        {
          "object_addr": "module.common_resources_staging.module.msteams.module.terraform_state_backend_msteams_shared.module.replication_label.var.label_key_case",
          "status": "pass"
        }
      ]
    },
    {
      "object_kind": "var",
      "config_addr": "module.common_resources_staging.module.privatewebapp.module.terraform_state_backend_privatewebapp.module.bucket_label.var.id_length_limit",
      "status": "pass",
      "objects": [
        {
          "object_addr": "module.common_resources_staging.module.privatewebapp.module.terraform_state_backend_privatewebapp.module.bucket_label.var.id_length_limit",
          "status": "pass"
        }
      ]
    },
    {
      "object_kind": "var",
      "config_addr": "module.common_resources_staging.module.webapp.module.terraform_state_backend_webapp.module.dynamodb_table_label.var.label_key_case",
      "status": "pass",
      "objects": [
        {
          "object_addr": "module.common_resources_staging.module.webapp.module.terraform_state_backend_webapp.module.dynamodb_table_label.var.label_key_case",
          "status": "pass"
        }
      ]
    },
    {
      "object_kind": "var",
      "config_addr": "module.common_resources_staging.module.privatewebapp.module.terraform_state_backend_privatewebapp_shared.module.replication_label.var.label_value_case",
      "status": "pass",
      "objects": [
        {
          "object_addr": "module.common_resources_staging.module.privatewebapp.module.terraform_state_backend_privatewebapp_shared.module.replication_label.var.label_value_case",
          "status": "pass"
        }
      ]
    },
    {
      "object_kind": "var",
      "config_addr": "module.common_resources_staging.module.shared.module.terraform_state_backend_shared.module.dynamodb_table_label.var.id_length_limit",
      "status": "pass",
      "objects": [
        {
          "object_addr": "module.common_resources_staging.module.shared.module.terraform_state_backend_shared.module.dynamodb_table_label.var.id_length_limit",
          "status": "pass"
        }
      ]
    },
    {
      "object_kind": "var",
      "config_addr": "module.common_resources_staging.module.webapp.module.terraform_state_backend_webapp_shared.module.this.var.id_length_limit",
      "status": "pass",
      "objects": [
        {
          "object_addr": "module.common_resources_staging.module.webapp.module.terraform_state_backend_webapp_shared.module.this.var.id_length_limit",
          "status": "pass"
        }
      ]
    },
    {
      "object_kind": "var",
      "config_addr": "module.common_resources_staging.module.gcp_oneoff.module.terraform_state_backend_gcp_oneoff.var.label_key_case",
      "status": "pass",
      "objects": [
        {
          "object_addr": "module.common_resources_staging.module.gcp_oneoff.module.terraform_state_backend_gcp_oneoff.var.label_key_case",
          "status": "pass"
        }
      ]
    },
    {
      "object_kind": "var",
      "config_addr": "module.common_resources_staging.module.privatewebapp.module.terraform_state_backend_privatewebapp_help.module.bucket_label.var.label_value_case",
      "status": "pass",
      "objects": [
        {
          "object_addr": "module.common_resources_staging.module.privatewebapp.module.terraform_state_backend_privatewebapp_help.module.bucket_label.var.label_value_case",
          "status": "pass"
        }
      ]
    },
    {
      "object_kind": "var",
      "config_addr": "module.common_resources_staging.module.booking.module.terraform_state_backend_booking_shared.module.bucket_label.var.label_key_case",
      "status": "pass",
      "objects": [
        {
          "object_addr": "module.common_resources_staging.module.booking.module.terraform_state_backend_booking_shared.module.bucket_label.var.label_key_case",
          "status": "pass"
        }
      ]
    },
    {
      "object_kind": "var",
      "config_addr": "module.common_resources_staging.module.azure_oneoff.module.terraform_state_backend_azure_oneoff.module.replication_label.var.id_length_limit",
      "status": "pass",
      "objects": [
        {
          "object_addr": "module.common_resources_staging.module.azure_oneoff.module.terraform_state_backend_azure_oneoff.module.replication_label.var.id_length_limit",
          "status": "pass"
        }
      ]
    },
    {
      "object_kind": "var",
      "config_addr": "module.common_resources_staging.module.booking.module.terraform_state_backend_booking_shared.module.this.var.context",
      "status": "pass",
      "objects": [
        {
          "object_addr": "module.common_resources_staging.module.booking.module.terraform_state_backend_booking_shared.module.this.var.context",
          "status": "pass"
        }
      ]
    },
    {
      "object_kind": "var",
      "config_addr": "module.common_resources_staging.module.marketplace.module.terraform_state_backend_marketplace_shared.var.id_length_limit",
      "status": "pass",
      "objects": [
        {
          "object_addr": "module.common_resources_staging.module.marketplace.module.terraform_state_backend_marketplace_shared.var.id_length_limit",
          "status": "pass"
        }
      ]
    },
    {
      "object_kind": "var",
      "config_addr": "module.common_resources_staging.module.core.module.terraform_state_backend_core_shared.module.dynamodb_table_label.var.label_value_case",
      "status": "pass",
      "objects": [
        {
          "object_addr": "module.common_resources_staging.module.core.module.terraform_state_backend_core_shared.module.dynamodb_table_label.var.label_value_case",
          "status": "pass"
        }
      ]
    },
    {
      "object_kind": "var",
      "config_addr": "module.common_resources_staging.module.team.module.terraform_state_backend_team_shared.module.replication_label.var.label_key_case",
      "status": "pass",
      "objects": [
        {
          "object_addr": "module.common_resources_staging.module.team.module.terraform_state_backend_team_shared.module.replication_label.var.label_key_case",
          "status": "pass"
        }
      ]
    },
    {
      "object_kind": "var",
      "config_addr": "module.common_resources_staging.module.privatewebapp.module.terraform_state_backend_privatewebapp_shared.var.logging",
      "status": "pass",
      "objects": [
        {
          "object_addr": "module.common_resources_staging.module.privatewebapp.module.terraform_state_backend_privatewebapp_shared.var.logging",
          "status": "pass"
        }
      ]
    },
    {
      "object_kind": "var",
      "config_addr": "module.common_resources_staging.module.privatewebapp.module.terraform_state_backend_privatewebapp.module.bucket_label.var.label_value_case",
      "status": "pass",
      "objects": [
        {
          "object_addr": "module.common_resources_staging.module.privatewebapp.module.terraform_state_backend_privatewebapp.module.bucket_label.var.label_value_case",
          "status": "pass"
        }
      ]
    },
    {
      "object_kind": "var",
      "config_addr": "module.common_resources_staging.module.aws_oneoff.module.terraform_state_backend_aws_oneoff.module.dynamodb_table_label.var.id_length_limit",
      "status": "pass",
      "objects": [
        {
          "object_addr": "module.common_resources_staging.module.aws_oneoff.module.terraform_state_backend_aws_oneoff.module.dynamodb_table_label.var.id_length_limit",
          "status": "pass"
        }
      ]
    },
    {
      "object_kind": "var",
      "config_addr": "module.common_resources_staging.module.msteams.module.terraform_state_backend_msteams_shared.module.bucket_label.var.id_length_limit",
      "status": "pass",
      "objects": [
        {
          "object_addr": "module.common_resources_staging.module.msteams.module.terraform_state_backend_msteams_shared.module.bucket_label.var.id_length_limit",
          "status": "pass"
        }
      ]
    },
    {
      "object_kind": "var",
      "config_addr": "module.common_resources_staging.module.privatewebapp.module.terraform_state_backend_privatewebapp_msteams.var.label_value_case",
      "status": "pass",
      "objects": [
        {
          "object_addr": "module.common_resources_staging.module.privatewebapp.module.terraform_state_backend_privatewebapp_msteams.var.label_value_case",
          "status": "pass"
        }
      ]
    },
    {
      "object_kind": "var",
      "config_addr": "module.common_resources_staging.module.marketplacewebapp.module.terraform_state_backend_marketplacewebapp_msteams.module.this.var.label_value_case",
      "status": "pass",
      "objects": [
        {
          "object_addr": "module.common_resources_staging.module.marketplacewebapp.module.terraform_state_backend_marketplacewebapp_msteams.module.this.var.label_value_case",
          "status": "pass"
        }
      ]
    },
    {
      "object_kind": "var",
      "config_addr": "module.common_resources_staging.module.marketplacewebapp.module.terraform_state_backend_marketplacewebapp_help.var.context",
      "status": "pass",
      "objects": [
        {
          "object_addr": "module.common_resources_staging.module.marketplacewebapp.module.terraform_state_backend_marketplacewebapp_help.var.context",
          "status": "pass"
        }
      ]
    },
    {
      "object_kind": "var",
      "config_addr": "module.common_resources_staging.module.privatewebapp.module.terraform_state_backend_privatewebapp.module.this.var.label_value_case",
      "status": "pass",
      "objects": [
        {
          "object_addr": "module.common_resources_staging.module.privatewebapp.module.terraform_state_backend_privatewebapp.module.this.var.label_value_case",
          "status": "pass"
        }
      ]
    },
    {
      "object_kind": "var",
      "config_addr": "module.common_resources_staging.module.marketplacewebapp.module.terraform_state_backend_marketplacewebapp_help.var.s3_bucket_name",
      "status": "pass",
      "objects": [
        {
          "object_addr": "module.common_resources_staging.module.marketplacewebapp.module.terraform_state_backend_marketplacewebapp_help.var.s3_bucket_name",
          "status": "pass"
        }
      ]
    },
    {
      "object_kind": "var",
      "config_addr": "module.common_resources_staging.module.organization.module.terraform_state_backend_organization_shared.module.this.var.label_key_case",
      "status": "pass",
      "objects": [
        {
          "object_addr": "module.common_resources_staging.module.organization.module.terraform_state_backend_organization_shared.module.this.var.label_key_case",
          "status": "pass"
        }
      ]
    },
    {
      "object_kind": "var",
      "config_addr": "module.common_resources_staging.module.booking.module.terraform_state_backend_booking_shared.module.bucket_label.var.id_length_limit",
      "status": "pass",
      "objects": [
        {
          "object_addr": "module.common_resources_staging.module.booking.module.terraform_state_backend_booking_shared.module.bucket_label.var.id_length_limit",
          "status": "pass"
        }
      ]
    },
    {
      "object_kind": "var",
      "config_addr": "module.common_resources_staging.module.azure_oneoff.module.terraform_state_backend_azure_oneoff.module.bucket_label.var.label_key_case",
      "status": "pass",
      "objects": [
        {
          "object_addr": "module.common_resources_staging.module.azure_oneoff.module.terraform_state_backend_azure_oneoff.module.bucket_label.var.label_key_case",
          "status": "pass"
        }
      ]
    },
    {
      "object_kind": "var",
      "config_addr": "module.common_resources_staging.module.booking.module.terraform_state_backend_booking_shared.var.s3_bucket_name",
      "status": "pass",
      "objects": [
        {
          "object_addr": "module.common_resources_staging.module.booking.module.terraform_state_backend_booking_shared.var.s3_bucket_name",
          "status": "pass"
        }
      ]
    },
    {
      "object_kind": "var",
      "config_addr": "module.common_resources_staging.module.webapp.module.terraform_state_backend_webapp_help.module.this.var.id_length_limit",
      "status": "pass",
      "objects": [
        {
          "object_addr": "module.common_resources_staging.module.webapp.module.terraform_state_backend_webapp_help.module.this.var.id_length_limit",
          "status": "pass"
        }
      ]
    },
    {
      "object_kind": "var",
      "config_addr": "module.common_resources_staging.module.core.module.terraform_state_backend_core_shared.module.replication_label.var.context",
      "status": "pass",
      "objects": [
        {
          "object_addr": "module.common_resources_staging.module.core.module.terraform_state_backend_core_shared.module.replication_label.var.context",
          "status": "pass"
        }
      ]
    },
    {
      "object_kind": "var",
      "config_addr": "module.common_resources_staging.module.organization.module.terraform_state_backend_organization_shared.module.bucket_label.var.id_length_limit",
      "status": "pass",
      "objects": [
        {
          "object_addr": "module.common_resources_staging.module.organization.module.terraform_state_backend_organization_shared.module.bucket_label.var.id_length_limit",
          "status": "pass"
        }
      ]
    },
    {
      "object_kind": "var",
      "config_addr": "module.common_resources_staging.module.webapp.module.terraform_state_backend_webapp_msteams.module.bucket_label.var.id_length_limit",
      "status": "pass",
      "objects": [
        {
          "object_addr": "module.common_resources_staging.module.webapp.module.terraform_state_backend_webapp_msteams.module.bucket_label.var.id_length_limit",
          "status": "pass"
        }
      ]
    },
    {
      "object_kind": "var",
      "config_addr": "module.common_resources_staging.module.webapp.module.terraform_state_backend_webapp_help.module.replication_label.var.context",
      "status": "pass",
      "objects": [
        {
          "object_addr": "module.common_resources_staging.module.webapp.module.terraform_state_backend_webapp_help.module.replication_label.var.context",
          "status": "pass"
        }
      ]
    },
    {
      "object_kind": "var",
      "config_addr": "module.common_resources_staging.module.azure_oneoff.module.terraform_state_backend_azure_oneoff.var.s3_bucket_name",
      "status": "pass",
      "objects": [
        {
          "object_addr": "module.common_resources_staging.module.azure_oneoff.module.terraform_state_backend_azure_oneoff.var.s3_bucket_name",
          "status": "pass"
        }
      ]
    },
    {
      "object_kind": "var",
      "config_addr": "module.common_resources_staging.module.customer.module.terraform_state_backend_customer_shared.var.s3_bucket_name",
      "status": "pass",
      "objects": [
        {
          "object_addr": "module.common_resources_staging.module.customer.module.terraform_state_backend_customer_shared.var.s3_bucket_name",
          "status": "pass"
        }
      ]
    },
    {
      "object_kind": "var",
      "config_addr": "module.common_resources_staging.module.location.module.terraform_state_backend_location_shared.module.this.var.context",
      "status": "pass",
      "objects": [
        {
          "object_addr": "module.common_resources_staging.module.location.module.terraform_state_backend_location_shared.module.this.var.context",
          "status": "pass"
        }
      ]
    },
    {
      "object_kind": "var",
      "config_addr": "module.common_resources_staging.module.aws_oneoff.module.terraform_state_backend_aws_oneoff.module.replication_label.var.label_value_case",
      "status": "pass",
      "objects": [
        {
          "object_addr": "module.common_resources_staging.module.aws_oneoff.module.terraform_state_backend_aws_oneoff.module.replication_label.var.label_value_case",
          "status": "pass"
        }
      ]
    },
    {
      "object_kind": "var",
      "config_addr": "module.common_resources_staging.module.organization.module.terraform_state_backend_organization_shared.module.this.var.context",
      "status": "pass",
      "objects": [
        {
          "object_addr": "module.common_resources_staging.module.organization.module.terraform_state_backend_organization_shared.module.this.var.context",
          "status": "pass"
        }
      ]
    },
    {
      "object_kind": "var",
      "config_addr": "module.common_resources_staging.module.msteams.module.terraform_state_backend_msteams_shared.var.context",
      "status": "pass",
      "objects": [
        {
          "object_addr": "module.common_resources_staging.module.msteams.module.terraform_state_backend_msteams_shared.var.context",
          "status": "pass"
        }
      ]
    },
    {
      "object_kind": "var",
      "config_addr": "module.common_resources_staging.module.shared.module.terraform_state_backend_shared_azure_entra.module.dynamodb_table_label.var.id_length_limit",
      "status": "pass",
      "objects": [
        {
          "object_addr": "module.common_resources_staging.module.shared.module.terraform_state_backend_shared_azure_entra.module.dynamodb_table_label.var.id_length_limit",
          "status": "pass"
        }
      ]
    },
    {
      "object_kind": "var",
      "config_addr": "module.common_resources_staging.module.privatewebapp.module.terraform_state_backend_privatewebapp.var.label_value_case",
      "status": "pass",
      "objects": [
        {
          "object_addr": "module.common_resources_staging.module.privatewebapp.module.terraform_state_backend_privatewebapp.var.label_value_case",
          "status": "pass"
        }
      ]
    },
    {
      "object_kind": "var",
      "config_addr": "module.common_resources_staging.module.booking.module.terraform_state_backend_booking_shared.module.bucket_label.var.label_value_case",
      "status": "pass",
      "objects": [
        {
          "object_addr": "module.common_resources_staging.module.booking.module.terraform_state_backend_booking_shared.module.bucket_label.var.label_value_case",
          "status": "pass"
        }
      ]
    },
    {
      "object_kind": "var",
      "config_addr": "module.common_resources_staging.module.marketplacewebapp.module.terraform_state_backend_marketplacewebapp_eventcatalog.module.dynamodb_table_label.var.label_value_case",
      "status": "pass",
      "objects": [
        {
          "object_addr": "module.common_resources_staging.module.marketplacewebapp.module.terraform_state_backend_marketplacewebapp_eventcatalog.module.dynamodb_table_label.var.label_value_case",
          "status": "pass"
        }
      ]
    },
    {
      "object_kind": "var",
      "config_addr": "module.common_resources_staging.module.webapp.module.terraform_state_backend_webapp.module.this.var.label_key_case",
      "status": "pass",
      "objects": [
        {
          "object_addr": "module.common_resources_staging.module.webapp.module.terraform_state_backend_webapp.module.this.var.label_key_case",
          "status": "pass"
        }
      ]
    },
    {
      "object_kind": "var",
      "config_addr": "module.common_resources_staging.module.marketplacewebapp.module.terraform_state_backend_marketplacewebapp_msteams.module.replication_label.var.context",
      "status": "pass",
      "objects": [
        {
          "object_addr": "module.common_resources_staging.module.marketplacewebapp.module.terraform_state_backend_marketplacewebapp_msteams.module.replication_label.var.context",
          "status": "pass"
        }
      ]
    },
    {
      "object_kind": "var",
      "config_addr": "module.common_resources_staging.module.organization.module.terraform_state_backend_organization_shared.module.bucket_label.var.context",
      "status": "pass",
      "objects": [
        {
          "object_addr": "module.common_resources_staging.module.organization.module.terraform_state_backend_organization_shared.module.bucket_label.var.context",
          "status": "pass"
        }
      ]
    },
    {
      "object_kind": "var",
      "config_addr": "module.common_resources_staging.module.slack.module.terraform_state_backend_slack_shared.module.this.var.label_value_case",
      "status": "pass",
      "objects": [
        {
          "object_addr": "module.common_resources_staging.module.slack.module.terraform_state_backend_slack_shared.module.this.var.label_value_case",
          "status": "pass"
        }
      ]
    },
    {
      "object_kind": "var",
      "config_addr": "module.common_resources_staging.module.azure_oneoff.module.terraform_state_backend_azure_oneoff.var.logging",
      "status": "pass",
      "objects": [
        {
          "object_addr": "module.common_resources_staging.module.azure_oneoff.module.terraform_state_backend_azure_oneoff.var.logging",
          "status": "pass"
        }
      ]
    },
    {
      "object_kind": "var",
      "config_addr": "module.common_resources_staging.module.webapp.module.terraform_state_backend_webapp_shared.module.this.var.label_value_case",
      "status": "pass",
      "objects": [
        {
          "object_addr": "module.common_resources_staging.module.webapp.module.terraform_state_backend_webapp_shared.module.this.var.label_value_case",
          "status": "pass"
        }
      ]
    },
    {
      "object_kind": "var",
      "config_addr": "module.common_resources_staging.module.privatewebapp.module.terraform_state_backend_privatewebapp_shared.module.dynamodb_table_label.var.context",
      "status": "pass",
      "objects": [
        {
          "object_addr": "module.common_resources_staging.module.privatewebapp.module.terraform_state_backend_privatewebapp_shared.module.dynamodb_table_label.var.context",
          "status": "pass"
        }
      ]
    },
    {
      "object_kind": "var",
      "config_addr": "module.common_resources_staging.module.booking.module.terraform_state_backend_booking_shared.module.dynamodb_table_label.var.label_value_case",
      "status": "pass",
      "objects": [
        {
          "object_addr": "module.common_resources_staging.module.booking.module.terraform_state_backend_booking_shared.module.dynamodb_table_label.var.label_value_case",
          "status": "pass"
        }
      ]
    },
    {
      "object_kind": "var",
      "config_addr": "module.common_resources_staging.module.location.module.terraform_state_backend_location_shared.module.this.var.label_value_case",
      "status": "pass",
      "objects": [
        {
          "object_addr": "module.common_resources_staging.module.location.module.terraform_state_backend_location_shared.module.this.var.label_value_case",
          "status": "pass"
        }
      ]
    },
    {
      "object_kind": "var",
      "config_addr": "module.common_resources_staging.module.webapp.module.terraform_state_backend_webapp.module.dynamodb_table_label.var.context",
      "status": "pass",
      "objects": [
        {
          "object_addr": "module.common_resources_staging.module.webapp.module.terraform_state_backend_webapp.module.dynamodb_table_label.var.context",
          "status": "pass"
        }
      ]
    },
    {
      "object_kind": "var",
      "config_addr": "module.common_resources_staging.module.webapp.module.terraform_state_backend_webapp_msteams.var.id_length_limit",
      "status": "pass",
      "objects": [
        {
          "object_addr": "module.common_resources_staging.module.webapp.module.terraform_state_backend_webapp_msteams.var.id_length_limit",
          "status": "pass"
        }
      ]
    },
    {
      "object_kind": "var",
      "config_addr": "module.common_resources_staging.module.aws_oneoff.module.terraform_state_backend_aws_oneoff.var.logging",
      "status": "pass",
      "objects": [
        {
          "object_addr": "module.common_resources_staging.module.aws_oneoff.module.terraform_state_backend_aws_oneoff.var.logging",
          "status": "pass"
        }
      ]
    },
    {
      "object_kind": "var",
      "config_addr": "module.common_resources_staging.module.marketplacewebapp.module.terraform_state_backend_marketplacewebapp_shared.var.s3_bucket_name",
      "status": "pass",
      "objects": [
        {
          "object_addr": "module.common_resources_staging.module.marketplacewebapp.module.terraform_state_backend_marketplacewebapp_shared.var.s3_bucket_name",
          "status": "pass"
        }
      ]
    },
    {
      "object_kind": "var",
      "config_addr": "module.common_resources_staging.module.slack.module.terraform_state_backend_slack_shared.var.context",
      "status": "pass",
      "objects": [
        {
          "object_addr": "module.common_resources_staging.module.slack.module.terraform_state_backend_slack_shared.var.context",
          "status": "pass"
        }
      ]
    },
    {
      "object_kind": "var",
      "config_addr": "module.common_resources_staging.module.marketplacewebapp.module.terraform_state_backend_marketplacewebapp_eventcatalog.module.bucket_label.var.label_value_case",
      "status": "pass",
      "objects": [
        {
          "object_addr": "module.common_resources_staging.module.marketplacewebapp.module.terraform_state_backend_marketplacewebapp_eventcatalog.module.bucket_label.var.label_value_case",
          "status": "pass"
        }
      ]
    },
    {
      "object_kind": "var",
      "config_addr": "module.common_resources_staging.module.aws_oneoff.module.terraform_state_backend_aws_oneoff.module.replication_label.var.id_length_limit",
      "status": "pass",
      "objects": [
        {
          "object_addr": "module.common_resources_staging.module.aws_oneoff.module.terraform_state_backend_aws_oneoff.module.replication_label.var.id_length_limit",
          "status": "pass"
        }
      ]
    },
    {
      "object_kind": "var",
      "config_addr": "module.common_resources_staging.module.webapp.module.terraform_state_backend_webapp_help.var.id_length_limit",
      "status": "pass",
      "objects": [
        {
          "object_addr": "module.common_resources_staging.module.webapp.module.terraform_state_backend_webapp_help.var.id_length_limit",
          "status": "pass"
        }
      ]
    },
    {
      "object_kind": "var",
      "config_addr": "module.common_resources_staging.module.privatewebapp.module.terraform_state_backend_privatewebapp_shared.module.this.var.label_value_case",
      "status": "pass",
      "objects": [
        {
          "object_addr": "module.common_resources_staging.module.privatewebapp.module.terraform_state_backend_privatewebapp_shared.module.this.var.label_value_case",
          "status": "pass"
        }
      ]
    },
    {
      "object_kind": "var",
      "config_addr": "module.common_resources_staging.module.privatewebapp.module.terraform_state_backend_privatewebapp.var.s3_bucket_name",
      "status": "pass",
      "objects": [
        {
          "object_addr": "module.common_resources_staging.module.privatewebapp.module.terraform_state_backend_privatewebapp.var.s3_bucket_name",
          "status": "pass"
        }
      ]
    },
    {
      "object_kind": "var",
      "config_addr": "module.common_resources_staging.module.aws_oneoff.module.terraform_state_backend_aws_oneoff.module.this.var.label_key_case",
      "status": "pass",
      "objects": [
        {
          "object_addr": "module.common_resources_staging.module.aws_oneoff.module.terraform_state_backend_aws_oneoff.module.this.var.label_key_case",
          "status": "pass"
        }
      ]
    },
    {
      "object_kind": "var",
      "config_addr": "module.common_resources_staging.module.marketplacewebapp.module.terraform_state_backend_marketplacewebapp_msteams.module.bucket_label.var.label_key_case",
      "status": "pass",
      "objects": [
        {
          "object_addr": "module.common_resources_staging.module.marketplacewebapp.module.terraform_state_backend_marketplacewebapp_msteams.module.bucket_label.var.label_key_case",
          "status": "pass"
        }
      ]
    },
    {
      "object_kind": "var",
      "config_addr": "module.common_resources_staging.module.msteams.module.terraform_state_backend_msteams_shared.var.s3_bucket_name",
      "status": "pass",
      "objects": [
        {
          "object_addr": "module.common_resources_staging.module.msteams.module.terraform_state_backend_msteams_shared.var.s3_bucket_name",
          "status": "pass"
        }
      ]
    },
    {
      "object_kind": "var",
      "config_addr": "module.common_resources_staging.module.marketplacewebapp.module.terraform_state_backend_marketplacewebapp_msteams.var.context",
      "status": "pass",
      "objects": [
        {
          "object_addr": "module.common_resources_staging.module.marketplacewebapp.module.terraform_state_backend_marketplacewebapp_msteams.var.context",
          "status": "pass"
        }
      ]
    },
    {
      "object_kind": "var",
      "config_addr": "module.common_resources_staging.module.webapp.module.terraform_state_backend_webapp_eventcatalog.module.dynamodb_table_label.var.label_value_case",
      "status": "pass",
      "objects": [
        {
          "object_addr": "module.common_resources_staging.module.webapp.module.terraform_state_backend_webapp_eventcatalog.module.dynamodb_table_label.var.label_value_case",
          "status": "pass"
        }
      ]
    },
    {
      "object_kind": "var",
      "config_addr": "module.common_resources_staging.module.webapp.module.terraform_state_backend_webapp.module.replication_label.var.label_key_case",
      "status": "pass",
      "objects": [
        {
          "object_addr": "module.common_resources_staging.module.webapp.module.terraform_state_backend_webapp.module.replication_label.var.label_key_case",
          "status": "pass"
        }
      ]
    },
    {
      "object_kind": "var",
      "config_addr": "module.common_resources_staging.module.shared.module.terraform_state_backend_shared.module.replication_label.var.id_length_limit",
      "status": "pass",
      "objects": [
        {
          "object_addr": "module.common_resources_staging.module.shared.module.terraform_state_backend_shared.module.replication_label.var.id_length_limit",
          "status": "pass"
        }
      ]
    },
    {
      "object_kind": "var",
      "config_addr": "module.common_resources_staging.module.shared.module.terraform_state_backend_shared.module.replication_label.var.label_key_case",
      "status": "pass",
      "objects": [
        {
          "object_addr": "module.common_resources_staging.module.shared.module.terraform_state_backend_shared.module.replication_label.var.label_key_case",
          "status": "pass"
        }
      ]
    },
    {
      "object_kind": "var",
      "config_addr": "module.common_resources_staging.module.marketplace.module.terraform_state_backend_marketplace_shared.module.replication_label.var.label_value_case",
      "status": "pass",
      "objects": [
        {
          "object_addr": "module.common_resources_staging.module.marketplace.module.terraform_state_backend_marketplace_shared.module.replication_label.var.label_value_case",
          "status": "pass"
        }
      ]
    },
    {
      "object_kind": "var",
      "config_addr": "module.common_resources_staging.module.shared.module.terraform_state_backend_shared.var.logging",
      "status": "pass",
      "objects": [
        {
          "object_addr": "module.common_resources_staging.module.shared.module.terraform_state_backend_shared.var.logging",
          "status": "pass"
        }
      ]
    },
    {
      "object_kind": "var",
      "config_addr": "module.common_resources_staging.module.webapp.module.terraform_state_backend_webapp.module.bucket_label.var.id_length_limit",
      "status": "pass",
      "objects": [
        {
          "object_addr": "module.common_resources_staging.module.webapp.module.terraform_state_backend_webapp.module.bucket_label.var.id_length_limit",
          "status": "pass"
        }
      ]
    },
    {
      "object_kind": "var",
      "config_addr": "module.common_resources_staging.module.marketplace.module.terraform_state_backend_marketplace_shared.module.replication_label.var.context",
      "status": "pass",
      "objects": [
        {
          "object_addr": "module.common_resources_staging.module.marketplace.module.terraform_state_backend_marketplace_shared.module.replication_label.var.context",
          "status": "pass"
        }
      ]
    },
    {
      "object_kind": "var",
      "config_addr": "module.common_resources_staging.module.privatewebapp.module.terraform_state_backend_privatewebapp_eventcatalog.module.dynamodb_table_label.var.context",
      "status": "pass",
      "objects": [
        {
          "object_addr": "module.common_resources_staging.module.privatewebapp.module.terraform_state_backend_privatewebapp_eventcatalog.module.dynamodb_table_label.var.context",
          "status": "pass"
        }
      ]
    },
    {
      "object_kind": "var",
      "config_addr": "module.common_resources_staging.module.shared.module.terraform_state_backend_shared.var.label_value_case",
      "status": "pass",
      "objects": [
        {
          "object_addr": "module.common_resources_staging.module.shared.module.terraform_state_backend_shared.var.label_value_case",
          "status": "pass"
        }
      ]
    },
    {
      "object_kind": "var",
      "config_addr": "module.common_resources_staging.module.gcp_oneoff.module.terraform_state_backend_gcp_oneoff.module.bucket_label.var.context",
      "status": "pass",
      "objects": [
        {
          "object_addr": "module.common_resources_staging.module.gcp_oneoff.module.terraform_state_backend_gcp_oneoff.module.bucket_label.var.context",
          "status": "pass"
        }
      ]
    },
    {
      "object_kind": "var",
      "config_addr": "module.common_resources_staging.module.shared.module.terraform_state_backend_shared.module.bucket_label.var.label_value_case",
      "status": "pass",
      "objects": [
        {
          "object_addr": "module.common_resources_staging.module.shared.module.terraform_state_backend_shared.module.bucket_label.var.label_value_case",
          "status": "pass"
        }
      ]
    },
    {
      "object_kind": "var",
      "config_addr": "module.common_resources_staging.module.marketplacewebapp.module.terraform_state_backend_marketplacewebapp_shared.module.bucket_label.var.context",
      "status": "pass",
      "objects": [
        {
          "object_addr": "module.common_resources_staging.module.marketplacewebapp.module.terraform_state_backend_marketplacewebapp_shared.module.bucket_label.var.context",
          "status": "pass"
        }
      ]
    },
    {
      "object_kind": "var",
      "config_addr": "module.common_resources_staging.module.shared.module.terraform_state_backend_shared.var.context",
      "status": "pass",
      "objects": [
        {
          "object_addr": "module.common_resources_staging.module.shared.module.terraform_state_backend_shared.var.context",
          "status": "pass"
        }
      ]
    },
    {
      "object_kind": "var",
      "config_addr": "module.common_resources_staging.module.msteams.module.terraform_state_backend_msteams_shared.module.bucket_label.var.label_value_case",
      "status": "pass",
      "objects": [
        {
          "object_addr": "module.common_resources_staging.module.msteams.module.terraform_state_backend_msteams_shared.module.bucket_label.var.label_value_case",
          "status": "pass"
        }
      ]
    },
    {
      "object_kind": "var",
      "config_addr": "module.common_resources_staging.module.webapp.module.terraform_state_backend_webapp_msteams.var.label_value_case",
      "status": "pass",
      "objects": [
        {
          "object_addr": "module.common_resources_staging.module.webapp.module.terraform_state_backend_webapp_msteams.var.label_value_case",
          "status": "pass"
        }
      ]
    },
    {
      "object_kind": "var",
      "config_addr": "module.common_resources_staging.module.core.module.terraform_state_backend_core_shared.module.bucket_label.var.id_length_limit",
      "status": "pass",
      "objects": [
        {
          "object_addr": "module.common_resources_staging.module.core.module.terraform_state_backend_core_shared.module.bucket_label.var.id_length_limit",
          "status": "pass"
        }
      ]
    },
    {
      "object_kind": "var",
      "config_addr": "module.common_resources_staging.module.privatewebapp.module.terraform_state_backend_privatewebapp_eventcatalog.var.s3_bucket_name",
      "status": "pass",
      "objects": [
        {
          "object_addr": "module.common_resources_staging.module.privatewebapp.module.terraform_state_backend_privatewebapp_eventcatalog.var.s3_bucket_name",
          "status": "pass"
        }
      ]
    },
    {
      "object_kind": "var",
      "config_addr": "module.common_resources_staging.module.aws_oneoff.module.terraform_state_backend_aws_oneoff.module.replication_label.var.label_key_case",
      "status": "pass",
      "objects": [
        {
          "object_addr": "module.common_resources_staging.module.aws_oneoff.module.terraform_state_backend_aws_oneoff.module.replication_label.var.label_key_case",
          "status": "pass"
        }
      ]
    },
    {
      "object_kind": "var",
      "config_addr": "module.common_resources_staging.module.gcp_oneoff.module.terraform_state_backend_gcp_oneoff.module.replication_label.var.context",
      "status": "pass",
      "objects": [
        {
          "object_addr": "module.common_resources_staging.module.gcp_oneoff.module.terraform_state_backend_gcp_oneoff.module.replication_label.var.context",
          "status": "pass"
        }
      ]
    },
    {
      "object_kind": "var",
      "config_addr": "module.common_resources_staging.module.gcp_oneoff.module.terraform_state_backend_gcp_oneoff.var.s3_bucket_name",
      "status": "pass",
      "objects": [
        {
          "object_addr": "module.common_resources_staging.module.gcp_oneoff.module.terraform_state_backend_gcp_oneoff.var.s3_bucket_name",
          "status": "pass"
        }
      ]
    },
    {
      "object_kind": "var",
      "config_addr": "module.common_resources_staging.module.gcp_oneoff.module.terraform_state_backend_gcp_oneoff.var.logging",
      "status": "pass",
      "objects": [
        {
          "object_addr": "module.common_resources_staging.module.gcp_oneoff.module.terraform_state_backend_gcp_oneoff.var.logging",
          "status": "pass"
        }
      ]
    },
    {
      "object_kind": "var",
      "config_addr": "module.common_resources_staging.module.gcp_oneoff.module.terraform_state_backend_gcp_oneoff.module.this.var.context",
      "status": "pass",
      "objects": [
        {
          "object_addr": "module.common_resources_staging.module.gcp_oneoff.module.terraform_state_backend_gcp_oneoff.module.this.var.context",
          "status": "pass"
        }
      ]
    },
    {
      "object_kind": "var",
      "config_addr": "module.common_resources_staging.module.marketplacewebapp.module.terraform_state_backend_marketplacewebapp_shared.var.logging",
      "status": "pass",
      "objects": [
        {
          "object_addr": "module.common_resources_staging.module.marketplacewebapp.module.terraform_state_backend_marketplacewebapp_shared.var.logging",
          "status": "pass"
        }
      ]
    },
    {
      "object_kind": "var",
      "config_addr": "module.common_resources_staging.module.organization.module.terraform_state_backend_organization_shared.module.dynamodb_table_label.var.context",
      "status": "pass",
      "objects": [
        {
          "object_addr": "module.common_resources_staging.module.organization.module.terraform_state_backend_organization_shared.module.dynamodb_table_label.var.context",
          "status": "pass"
        }
      ]
    },
    {
      "object_kind": "var",
      "config_addr": "module.common_resources_staging.module.webapp.module.terraform_state_backend_webapp.module.dynamodb_table_label.var.id_length_limit",
      "status": "pass",
      "objects": [
        {
          "object_addr": "module.common_resources_staging.module.webapp.module.terraform_state_backend_webapp.module.dynamodb_table_label.var.id_length_limit",
          "status": "pass"
        }
      ]
    },
    {
      "object_kind": "var",
      "config_addr": "module.common_resources_staging.module.shared.module.terraform_state_backend_shared.module.bucket_label.var.id_length_limit",
      "status": "pass",
      "objects": [
        {
          "object_addr": "module.common_resources_staging.module.shared.module.terraform_state_backend_shared.module.bucket_label.var.id_length_limit",
          "status": "pass"
        }
      ]
    },
    {
      "object_kind": "var",
      "config_addr": "module.common_resources_staging.module.marketplacewebapp.module.terraform_state_backend_marketplacewebapp_eventcatalog.module.bucket_label.var.label_key_case",
      "status": "pass",
      "objects": [
        {
          "object_addr": "module.common_resources_staging.module.marketplacewebapp.module.terraform_state_backend_marketplacewebapp_eventcatalog.module.bucket_label.var.label_key_case",
          "status": "pass"
        }
      ]
    },
    {
      "object_kind": "var",
      "config_addr": "module.common_resources_staging.module.marketplacewebapp.module.terraform_state_backend_marketplacewebapp_help.module.this.var.label_key_case",
      "status": "pass",
      "objects": [
        {
          "object_addr": "module.common_resources_staging.module.marketplacewebapp.module.terraform_state_backend_marketplacewebapp_help.module.this.var.label_key_case",
          "status": "pass"
        }
      ]
    },
    {
      "object_kind": "var",
      "config_addr": "module.common_resources_staging.module.webapp.module.terraform_state_backend_webapp.module.this.var.context",
      "status": "pass",
      "objects": [
        {
          "object_addr": "module.common_resources_staging.module.webapp.module.terraform_state_backend_webapp.module.this.var.context",
          "status": "pass"
        }
      ]
    },
    {
      "object_kind": "var",
      "config_addr": "module.common_resources_staging.module.organization.module.terraform_state_backend_organization_shared.var.label_key_case",
      "status": "pass",
      "objects": [
        {
          "object_addr": "module.common_resources_staging.module.organization.module.terraform_state_backend_organization_shared.var.label_key_case",
          "status": "pass"
        }
      ]
    },
    {
      "object_kind": "var",
      "config_addr": "module.common_resources_staging.module.slack.module.terraform_state_backend_slack_shared.module.dynamodb_table_label.var.id_length_limit",
      "status": "pass",
      "objects": [
        {
          "object_addr": "module.common_resources_staging.module.slack.module.terraform_state_backend_slack_shared.module.dynamodb_table_label.var.id_length_limit",
          "status": "pass"
        }
      ]
    },
    {
      "object_kind": "var",
      "config_addr": "module.common_resources_staging.module.customer.module.terraform_state_backend_customer_shared.module.bucket_label.var.context",
      "status": "pass",
      "objects": [
        {
          "object_addr": "module.common_resources_staging.module.customer.module.terraform_state_backend_customer_shared.module.bucket_label.var.context",
          "status": "pass"
        }
      ]
    },
    {
      "object_kind": "var",
      "config_addr": "module.common_resources_staging.module.gcp_oneoff.module.terraform_state_backend_gcp_oneoff.module.dynamodb_table_label.var.label_key_case",
      "status": "pass",
      "objects": [
        {
          "object_addr": "module.common_resources_staging.module.gcp_oneoff.module.terraform_state_backend_gcp_oneoff.module.dynamodb_table_label.var.label_key_case",
          "status": "pass"
        }
      ]
    },
    {
      "object_kind": "var",
      "config_addr": "module.common_resources_staging.module.azure_oneoff.module.terraform_state_backend_azure_oneoff.module.bucket_label.var.label_value_case",
      "status": "pass",
      "objects": [
        {
          "object_addr": "module.common_resources_staging.module.azure_oneoff.module.terraform_state_backend_azure_oneoff.module.bucket_label.var.label_value_case",
          "status": "pass"
        }
      ]
    },
    {
      "object_kind": "var",
      "config_addr": "module.common_resources_staging.module.webapp.module.terraform_state_backend_webapp_help.module.this.var.context",
      "status": "pass",
      "objects": [
        {
          "object_addr": "module.common_resources_staging.module.webapp.module.terraform_state_backend_webapp_help.module.this.var.context",
          "status": "pass"
        }
      ]
    },
    {
      "object_kind": "var",
      "config_addr": "module.common_resources_staging.module.webapp.module.terraform_state_backend_webapp_help.module.dynamodb_table_label.var.context",
      "status": "pass",
      "objects": [
        {
          "object_addr": "module.common_resources_staging.module.webapp.module.terraform_state_backend_webapp_help.module.dynamodb_table_label.var.context",
          "status": "pass"
        }
      ]
    },
    {
      "object_kind": "var",
      "config_addr": "module.common_resources_staging.module.marketplacewebapp.module.terraform_state_backend_marketplacewebapp_help.module.replication_label.var.label_key_case",
      "status": "pass",
      "objects": [
        {
          "object_addr": "module.common_resources_staging.module.marketplacewebapp.module.terraform_state_backend_marketplacewebapp_help.module.replication_label.var.label_key_case",
          "status": "pass"
        }
      ]
    },
    {
      "object_kind": "var",
      "config_addr": "module.common_resources_staging.module.marketplace.module.terraform_state_backend_marketplace_shared.module.replication_label.var.id_length_limit",
      "status": "pass",
      "objects": [
        {
          "object_addr": "module.common_resources_staging.module.marketplace.module.terraform_state_backend_marketplace_shared.module.replication_label.var.id_length_limit",
          "status": "pass"
        }
      ]
    },
    {
      "object_kind": "var",
      "config_addr": "module.common_resources_staging.module.privatewebapp.module.terraform_state_backend_privatewebapp_eventcatalog.module.this.var.context",
      "status": "pass",
      "objects": [
        {
          "object_addr": "module.common_resources_staging.module.privatewebapp.module.terraform_state_backend_privatewebapp_eventcatalog.module.this.var.context",
          "status": "pass"
        }
      ]
    },
    {
      "object_kind": "var",
      "config_addr": "module.common_resources_staging.module.msteams.module.terraform_state_backend_msteams_shared.module.bucket_label.var.context",
      "status": "pass",
      "objects": [
        {
          "object_addr": "module.common_resources_staging.module.msteams.module.terraform_state_backend_msteams_shared.module.bucket_label.var.context",
          "status": "pass"
        }
      ]
    },
    {
      "object_kind": "var",
      "config_addr": "module.common_resources_staging.module.marketplacewebapp.module.terraform_state_backend_marketplacewebapp.module.this.var.context",
      "status": "pass",
      "objects": [
        {
          "object_addr": "module.common_resources_staging.module.marketplacewebapp.module.terraform_state_backend_marketplacewebapp.module.this.var.context",
          "status": "pass"
        }
      ]
    },
    {
      "object_kind": "var",
      "config_addr": "module.common_resources_staging.module.privatewebapp.module.terraform_state_backend_privatewebapp.module.dynamodb_table_label.var.id_length_limit",
      "status": "pass",
      "objects": [
        {
          "object_addr": "module.common_resources_staging.module.privatewebapp.module.terraform_state_backend_privatewebapp.module.dynamodb_table_label.var.id_length_limit",
          "status": "pass"
        }
      ]
    },
    {
      "object_kind": "var",
      "config_addr": "module.common_resources_staging.module.booking.module.terraform_state_backend_booking_shared.module.dynamodb_table_label.var.context",
      "status": "pass",
      "objects": [
        {
          "object_addr": "module.common_resources_staging.module.booking.module.terraform_state_backend_booking_shared.module.dynamodb_table_label.var.context",
          "status": "pass"
        }
      ]
    },
    {
      "object_kind": "var",
      "config_addr": "module.common_resources_staging.module.webapp.module.terraform_state_backend_webapp_shared.module.dynamodb_table_label.var.label_value_case",
      "status": "pass",
      "objects": [
        {
          "object_addr": "module.common_resources_staging.module.webapp.module.terraform_state_backend_webapp_shared.module.dynamodb_table_label.var.label_value_case",
          "status": "pass"
        }
      ]
    },
    {
      "object_kind": "var",
      "config_addr": "module.common_resources_staging.module.gcp_oneoff.module.terraform_state_backend_gcp_oneoff.var.context",
      "status": "pass",
      "objects": [
        {
          "object_addr": "module.common_resources_staging.module.gcp_oneoff.module.terraform_state_backend_gcp_oneoff.var.context",
          "status": "pass"
        }
      ]
    },
    {
      "object_kind": "var",
      "config_addr": "module.common_resources_staging.module.webapp.module.terraform_state_backend_webapp_msteams.module.dynamodb_table_label.var.context",
      "status": "pass",
      "objects": [
        {
          "object_addr": "module.common_resources_staging.module.webapp.module.terraform_state_backend_webapp_msteams.module.dynamodb_table_label.var.context",
          "status": "pass"
        }
      ]
    },
    {
      "object_kind": "var",
      "config_addr": "module.common_resources_staging.module.marketplacewebapp.module.terraform_state_backend_marketplacewebapp_msteams.var.id_length_limit",
      "status": "pass",
      "objects": [
        {
          "object_addr": "module.common_resources_staging.module.marketplacewebapp.module.terraform_state_backend_marketplacewebapp_msteams.var.id_length_limit",
          "status": "pass"
        }
      ]
    },
    {
      "object_kind": "var",
      "config_addr": "module.common_resources_staging.module.slack.module.terraform_state_backend_slack_shared.module.replication_label.var.id_length_limit",
      "status": "pass",
      "objects": [
        {
          "object_addr": "module.common_resources_staging.module.slack.module.terraform_state_backend_slack_shared.module.replication_label.var.id_length_limit",
          "status": "pass"
        }
      ]
    },
    {
      "object_kind": "var",
      "config_addr": "module.common_resources_staging.module.location.module.terraform_state_backend_location_shared.var.id_length_limit",
      "status": "pass",
      "objects": [
        {
          "object_addr": "module.common_resources_staging.module.location.module.terraform_state_backend_location_shared.var.id_length_limit",
          "status": "pass"
        }
      ]
    },
    {
      "object_kind": "var",
      "config_addr": "module.common_resources_staging.module.marketplacewebapp.module.terraform_state_backend_marketplacewebapp.module.this.var.label_value_case",
      "status": "pass",
      "objects": [
        {
          "object_addr": "module.common_resources_staging.module.marketplacewebapp.module.terraform_state_backend_marketplacewebapp.module.this.var.label_value_case",
          "status": "pass"
        }
      ]
    },
    {
      "object_kind": "var",
      "config_addr": "module.common_resources_staging.module.webapp.module.terraform_state_backend_webapp_msteams.module.replication_label.var.label_key_case",
      "status": "pass",
      "objects": [
        {
          "object_addr": "module.common_resources_staging.module.webapp.module.terraform_state_backend_webapp_msteams.module.replication_label.var.label_key_case",
          "status": "pass"
        }
      ]
    },
    {
      "object_kind": "var",
      "config_addr": "module.common_resources_staging.module.customer.module.terraform_state_backend_customer_shared.var.label_key_case",
      "status": "pass",
      "objects": [
        {
          "object_addr": "module.common_resources_staging.module.customer.module.terraform_state_backend_customer_shared.var.label_key_case",
          "status": "pass"
        }
      ]
    },
    {
      "object_kind": "var",
      "config_addr": "module.common_resources_staging.module.privatewebapp.module.terraform_state_backend_privatewebapp_msteams.module.replication_label.var.label_value_case",
      "status": "pass",
      "objects": [
        {
          "object_addr": "module.common_resources_staging.module.privatewebapp.module.terraform_state_backend_privatewebapp_msteams.module.replication_label.var.label_value_case",
          "status": "pass"
        }
      ]
    },
    {
      "object_kind": "var",
      "config_addr": "module.common_resources_staging.module.marketplacewebapp.module.terraform_state_backend_marketplacewebapp_eventcatalog.module.dynamodb_table_label.var.label_key_case",
      "status": "pass",
      "objects": [
        {
          "object_addr": "module.common_resources_staging.module.marketplacewebapp.module.terraform_state_backend_marketplacewebapp_eventcatalog.module.dynamodb_table_label.var.label_key_case",
          "status": "pass"
        }
      ]
    },
    {
      "object_kind": "var",
      "config_addr": "module.common_resources_staging.module.customer.module.terraform_state_backend_customer_shared.var.context",
      "status": "pass",
      "objects": [
        {
          "object_addr": "module.common_resources_staging.module.customer.module.terraform_state_backend_customer_shared.var.context",
          "status": "pass"
        }
      ]
    },
    {
      "object_kind": "var",
      "config_addr": "module.common_resources_staging.module.booking.module.terraform_state_backend_booking_shared.module.dynamodb_table_label.var.id_length_limit",
      "status": "pass",
      "objects": [
        {
          "object_addr": "module.common_resources_staging.module.booking.module.terraform_state_backend_booking_shared.module.dynamodb_table_label.var.id_length_limit",
          "status": "pass"
        }
      ]
    },
    {
      "object_kind": "var",
      "config_addr": "module.common_resources_staging.module.shared.module.terraform_state_backend_shared_azure_entra.var.label_key_case",
      "status": "pass",
      "objects": [
        {
          "object_addr": "module.common_resources_staging.module.shared.module.terraform_state_backend_shared_azure_entra.var.label_key_case",
          "status": "pass"
        }
      ]
    },
    {
      "object_kind": "var",
      "config_addr": "module.common_resources_staging.module.webapp.module.terraform_state_backend_webapp_msteams.module.dynamodb_table_label.var.id_length_limit",
      "status": "pass",
      "objects": [
        {
          "object_addr": "module.common_resources_staging.module.webapp.module.terraform_state_backend_webapp_msteams.module.dynamodb_table_label.var.id_length_limit",
          "status": "pass"
        }
      ]
    },
    {
      "object_kind": "var",
      "config_addr": "module.common_resources_staging.module.webapp.module.terraform_state_backend_webapp_help.var.logging",
      "status": "pass",
      "objects": [
        {
          "object_addr": "module.common_resources_staging.module.webapp.module.terraform_state_backend_webapp_help.var.logging",
          "status": "pass"
        }
      ]
    },
    {
      "object_kind": "var",
      "config_addr": "module.common_resources_staging.module.webapp.module.terraform_state_backend_webapp_msteams.module.this.var.context",
      "status": "pass",
      "objects": [
        {
          "object_addr": "module.common_resources_staging.module.webapp.module.terraform_state_backend_webapp_msteams.module.this.var.context",
          "status": "pass"
        }
      ]
    },
    {
      "object_kind": "var",
      "config_addr": "module.common_resources_staging.module.msteams.module.terraform_state_backend_msteams_shared.module.dynamodb_table_label.var.label_key_case",
      "status": "pass",
      "objects": [
        {
          "object_addr": "module.common_resources_staging.module.msteams.module.terraform_state_backend_msteams_shared.module.dynamodb_table_label.var.label_key_case",
          "status": "pass"
        }
      ]
    },
    {
      "object_kind": "var",
      "config_addr": "module.common_resources_staging.module.privatewebapp.module.terraform_state_backend_privatewebapp_help.module.replication_label.var.label_value_case",
      "status": "pass",
      "objects": [
        {
          "object_addr": "module.common_resources_staging.module.privatewebapp.module.terraform_state_backend_privatewebapp_help.module.replication_label.var.label_value_case",
          "status": "pass"
        }
      ]
    },
    {
      "object_kind": "var",
      "config_addr": "module.common_resources_staging.module.aws_oneoff.module.terraform_state_backend_aws_oneoff.module.this.var.label_value_case",
      "status": "pass",
      "objects": [
        {
          "object_addr": "module.common_resources_staging.module.aws_oneoff.module.terraform_state_backend_aws_oneoff.module.this.var.label_value_case",
          "status": "pass"
        }
      ]
    },
    {
      "object_kind": "var",
      "config_addr": "module.common_resources_staging.module.shared.module.terraform_state_backend_shared_azure_entra.module.bucket_label.var.id_length_limit",
      "status": "pass",
      "objects": [
        {
          "object_addr": "module.common_resources_staging.module.shared.module.terraform_state_backend_shared_azure_entra.module.bucket_label.var.id_length_limit",
          "status": "pass"
        }
      ]
    },
    {
      "object_kind": "var",
      "config_addr": "module.common_resources_staging.module.organization.module.terraform_state_backend_organization_shared.module.dynamodb_table_label.var.id_length_limit",
      "status": "pass",
      "objects": [
        {
          "object_addr": "module.common_resources_staging.module.organization.module.terraform_state_backend_organization_shared.module.dynamodb_table_label.var.id_length_limit",
          "status": "pass"
        }
      ]
    },
    {
      "object_kind": "var",
      "config_addr": "module.common_resources_staging.module.msteams.module.terraform_state_backend_msteams_shared.var.label_key_case",
      "status": "pass",
      "objects": [
        {
          "object_addr": "module.common_resources_staging.module.msteams.module.terraform_state_backend_msteams_shared.var.label_key_case",
          "status": "pass"
        }
      ]
    },
    {
      "object_kind": "var",
      "config_addr": "module.common_resources_staging.module.webapp.module.terraform_state_backend_webapp.module.bucket_label.var.label_value_case",
      "status": "pass",
      "objects": [
        {
          "object_addr": "module.common_resources_staging.module.webapp.module.terraform_state_backend_webapp.module.bucket_label.var.label_value_case",
          "status": "pass"
        }
      ]
    },
    {
      "object_kind": "var",
      "config_addr": "module.common_resources_staging.module.core.module.terraform_state_backend_core_shared.var.logging",
      "status": "pass",
      "objects": [
        {
          "object_addr": "module.common_resources_staging.module.core.module.terraform_state_backend_core_shared.var.logging",
          "status": "pass"
        }
      ]
    },
    {
      "object_kind": "var",
      "config_addr": "module.common_resources_staging.module.marketplacewebapp.module.terraform_state_backend_marketplacewebapp_shared.module.bucket_label.var.label_value_case",
      "status": "pass",
      "objects": [
        {
          "object_addr": "module.common_resources_staging.module.marketplacewebapp.module.terraform_state_backend_marketplacewebapp_shared.module.bucket_label.var.label_value_case",
          "status": "pass"
        }
      ]
    },
    {
      "object_kind": "var",
      "config_addr": "module.common_resources_staging.module.organization.module.terraform_state_backend_organization_shared.module.bucket_label.var.label_value_case",
      "status": "pass",
      "objects": [
        {
          "object_addr": "module.common_resources_staging.module.organization.module.terraform_state_backend_organization_shared.module.bucket_label.var.label_value_case",
          "status": "pass"
        }
      ]
    },
    {
      "object_kind": "var",
      "config_addr": "module.common_resources_staging.module.azure_oneoff.module.terraform_state_backend_azure_oneoff.module.dynamodb_table_label.var.context",
      "status": "pass",
      "objects": [
        {
          "object_addr": "module.common_resources_staging.module.azure_oneoff.module.terraform_state_backend_azure_oneoff.module.dynamodb_table_label.var.context",
          "status": "pass"
        }
      ]
    },
    {
      "object_kind": "var",
      "config_addr": "module.common_resources_staging.module.marketplacewebapp.module.terraform_state_backend_marketplacewebapp_msteams.module.this.var.id_length_limit",
      "status": "pass",
      "objects": [
        {
          "object_addr": "module.common_resources_staging.module.marketplacewebapp.module.terraform_state_backend_marketplacewebapp_msteams.module.this.var.id_length_limit",
          "status": "pass"
        }
      ]
    },
    {
      "object_kind": "var",
      "config_addr": "module.common_resources_staging.module.marketplacewebapp.module.terraform_state_backend_marketplacewebapp_shared.module.replication_label.var.context",
      "status": "pass",
      "objects": [
        {
          "object_addr": "module.common_resources_staging.module.marketplacewebapp.module.terraform_state_backend_marketplacewebapp_shared.module.replication_label.var.context",
          "status": "pass"
        }
      ]
    },
    {
      "object_kind": "var",
      "config_addr": "module.common_resources_staging.module.core.module.terraform_state_backend_core_shared.module.bucket_label.var.label_key_case",
      "status": "pass",
      "objects": [
        {
          "object_addr": "module.common_resources_staging.module.core.module.terraform_state_backend_core_shared.module.bucket_label.var.label_key_case",
          "status": "pass"
        }
      ]
    },
    {
      "object_kind": "var",
      "config_addr": "module.common_resources_staging.module.marketplacewebapp.module.terraform_state_backend_marketplacewebapp_help.var.id_length_limit",
      "status": "pass",
      "objects": [
        {
          "object_addr": "module.common_resources_staging.module.marketplacewebapp.module.terraform_state_backend_marketplacewebapp_help.var.id_length_limit",
          "status": "pass"
        }
      ]
    },
    {
      "object_kind": "var",
      "config_addr": "module.common_resources_staging.module.organization.module.terraform_state_backend_organization_shared.module.this.var.id_length_limit",
      "status": "pass",
      "objects": [
        {
          "object_addr": "module.common_resources_staging.module.organization.module.terraform_state_backend_organization_shared.module.this.var.id_length_limit",
          "status": "pass"
        }
      ]
    },
    {
      "object_kind": "var",
      "config_addr": "module.common_resources_staging.module.azure_oneoff.module.terraform_state_backend_azure_oneoff.module.bucket_label.var.id_length_limit",
      "status": "pass",
      "objects": [
        {
          "object_addr": "module.common_resources_staging.module.azure_oneoff.module.terraform_state_backend_azure_oneoff.module.bucket_label.var.id_length_limit",
          "status": "pass"
        }
      ]
    },
    {
      "object_kind": "var",
      "config_addr": "module.common_resources_staging.module.booking.module.terraform_state_backend_booking_shared.module.replication_label.var.id_length_limit",
      "status": "pass",
      "objects": [
        {
          "object_addr": "module.common_resources_staging.module.booking.module.terraform_state_backend_booking_shared.module.replication_label.var.id_length_limit",
          "status": "pass"
        }
      ]
    },
    {
      "object_kind": "var",
      "config_addr": "module.common_resources_staging.module.privatewebapp.module.terraform_state_backend_privatewebapp_eventcatalog.module.replication_label.var.context",
      "status": "pass",
      "objects": [
        {
          "object_addr": "module.common_resources_staging.module.privatewebapp.module.terraform_state_backend_privatewebapp_eventcatalog.module.replication_label.var.context",
          "status": "pass"
        }
      ]
    },
    {
      "object_kind": "var",
      "config_addr": "module.common_resources_staging.module.customer.module.terraform_state_backend_customer_shared.module.dynamodb_table_label.var.label_key_case",
      "status": "pass",
      "objects": [
        {
          "object_addr": "module.common_resources_staging.module.customer.module.terraform_state_backend_customer_shared.module.dynamodb_table_label.var.label_key_case",
          "status": "pass"
        }
      ]
    },
    {
      "object_kind": "var",
      "config_addr": "module.common_resources_staging.module.privatewebapp.module.terraform_state_backend_privatewebapp_msteams.var.context",
      "status": "pass",
      "objects": [
        {
          "object_addr": "module.common_resources_staging.module.privatewebapp.module.terraform_state_backend_privatewebapp_msteams.var.context",
          "status": "pass"
        }
      ]
    },
    {
      "object_kind": "var",
      "config_addr": "module.common_resources_staging.module.privatewebapp.module.terraform_state_backend_privatewebapp_eventcatalog.module.dynamodb_table_label.var.label_key_case",
      "status": "pass",
      "objects": [
        {
          "object_addr": "module.common_resources_staging.module.privatewebapp.module.terraform_state_backend_privatewebapp_eventcatalog.module.dynamodb_table_label.var.label_key_case",
          "status": "pass"
        }
      ]
    },
    {
      "object_kind": "var",
      "config_addr": "module.common_resources_staging.module.slack.module.terraform_state_backend_slack_shared.module.dynamodb_table_label.var.context",
      "status": "pass",
      "objects": [
        {
          "object_addr": "module.common_resources_staging.module.slack.module.terraform_state_backend_slack_shared.module.dynamodb_table_label.var.context",
          "status": "pass"
        }
      ]
    },
    {
      "object_kind": "var",
      "config_addr": "module.common_resources_staging.module.marketplacewebapp.module.terraform_state_backend_marketplacewebapp_eventcatalog.module.replication_label.var.id_length_limit",
      "status": "pass",
      "objects": [
        {
          "object_addr": "module.common_resources_staging.module.marketplacewebapp.module.terraform_state_backend_marketplacewebapp_eventcatalog.module.replication_label.var.id_length_limit",
          "status": "pass"
        }
      ]
    },
    {
      "object_kind": "var",
      "config_addr": "module.common_resources_staging.module.msteams.module.terraform_state_backend_msteams_shared.module.replication_label.var.id_length_limit",
      "status": "pass",
      "objects": [
        {
          "object_addr": "module.common_resources_staging.module.msteams.module.terraform_state_backend_msteams_shared.module.replication_label.var.id_length_limit",
          "status": "pass"
        }
      ]
    },
    {
      "object_kind": "var",
      "config_addr": "module.common_resources_staging.module.gcp_oneoff.module.terraform_state_backend_gcp_oneoff.module.this.var.label_value_case",
      "status": "pass",
      "objects": [
        {
          "object_addr": "module.common_resources_staging.module.gcp_oneoff.module.terraform_state_backend_gcp_oneoff.module.this.var.label_value_case",
          "status": "pass"
        }
      ]
    },
    {
      "object_kind": "var",
      "config_addr": "module.common_resources_staging.module.msteams.module.terraform_state_backend_msteams_shared.module.bucket_label.var.label_key_case",
      "status": "pass",
      "objects": [
        {
          "object_addr": "module.common_resources_staging.module.msteams.module.terraform_state_backend_msteams_shared.module.bucket_label.var.label_key_case",
          "status": "pass"
        }
      ]
    },
    {
      "object_kind": "var",
      "config_addr": "module.common_resources_staging.module.slack.module.terraform_state_backend_slack_shared.module.this.var.label_key_case",
      "status": "pass",
      "objects": [
        {
          "object_addr": "module.common_resources_staging.module.slack.module.terraform_state_backend_slack_shared.module.this.var.label_key_case",
          "status": "pass"
        }
      ]
    },
    {
      "object_kind": "var",
      "config_addr": "module.common_resources_staging.module.privatewebapp.module.terraform_state_backend_privatewebapp_shared.var.context",
      "status": "pass",
      "objects": [
        {
          "object_addr": "module.common_resources_staging.module.privatewebapp.module.terraform_state_backend_privatewebapp_shared.var.context",
          "status": "pass"
        }
      ]
    },
    {
      "object_kind": "var",
      "config_addr": "module.common_resources_staging.module.organization.module.terraform_state_backend_organization_shared.module.replication_label.var.id_length_limit",
      "status": "pass",
      "objects": [
        {
          "object_addr": "module.common_resources_staging.module.organization.module.terraform_state_backend_organization_shared.module.replication_label.var.id_length_limit",
          "status": "pass"
        }
      ]
    },
    {
      "object_kind": "var",
      "config_addr": "module.common_resources_staging.module.marketplacewebapp.module.terraform_state_backend_marketplacewebapp_help.module.replication_label.var.id_length_limit",
      "status": "pass",
      "objects": [
        {
          "object_addr": "module.common_resources_staging.module.marketplacewebapp.module.terraform_state_backend_marketplacewebapp_help.module.replication_label.var.id_length_limit",
          "status": "pass"
        }
      ]
    },
    {
      "object_kind": "var",
      "config_addr": "module.common_resources_staging.module.azure_oneoff.module.terraform_state_backend_azure_oneoff.module.replication_label.var.label_key_case",
      "status": "pass",
      "objects": [
        {
          "object_addr": "module.common_resources_staging.module.azure_oneoff.module.terraform_state_backend_azure_oneoff.module.replication_label.var.label_key_case",
          "status": "pass"
        }
      ]
    },
    {
      "object_kind": "var",
      "config_addr": "module.common_resources_staging.module.marketplacewebapp.module.terraform_state_backend_marketplacewebapp_eventcatalog.module.this.var.label_value_case",
      "status": "pass",
      "objects": [
        {
          "object_addr": "module.common_resources_staging.module.marketplacewebapp.module.terraform_state_backend_marketplacewebapp_eventcatalog.module.this.var.label_value_case",
          "status": "pass"
        }
      ]
    },
    {
      "object_kind": "var",
      "config_addr": "module.common_resources_staging.module.privatewebapp.module.terraform_state_backend_privatewebapp_msteams.module.replication_label.var.context",
      "status": "pass",
      "objects": [
        {
          "object_addr": "module.common_resources_staging.module.privatewebapp.module.terraform_state_backend_privatewebapp_msteams.module.replication_label.var.context",
          "status": "pass"
        }
      ]
    },
    {
      "object_kind": "var",
      "config_addr": "module.common_resources_staging.module.shared.module.terraform_state_backend_shared.module.dynamodb_table_label.var.context",
      "status": "pass",
      "objects": [
        {
          "object_addr": "module.common_resources_staging.module.shared.module.terraform_state_backend_shared.module.dynamodb_table_label.var.context",
          "status": "pass"
        }
      ]
    },
    {
      "object_kind": "var",
      "config_addr": "module.common_resources_staging.module.team.module.terraform_state_backend_team_shared.module.dynamodb_table_label.var.context",
      "status": "pass",
      "objects": [
        {
          "object_addr": "module.common_resources_staging.module.team.module.terraform_state_backend_team_shared.module.dynamodb_table_label.var.context",
          "status": "pass"
        }
      ]
    },
    {
      "object_kind": "var",
      "config_addr": "module.common_resources_staging.module.webapp.module.terraform_state_backend_webapp.var.id_length_limit",
      "status": "pass",
      "objects": [
        {
          "object_addr": "module.common_resources_staging.module.webapp.module.terraform_state_backend_webapp.var.id_length_limit",
          "status": "pass"
        }
      ]
    },
    {
      "object_kind": "var",
      "config_addr": "module.common_resources_staging.module.webapp.module.terraform_state_backend_webapp_msteams.module.dynamodb_table_label.var.label_value_case",
      "status": "pass",
      "objects": [
        {
          "object_addr": "module.common_resources_staging.module.webapp.module.terraform_state_backend_webapp_msteams.module.dynamodb_table_label.var.label_value_case",
          "status": "pass"
        }
      ]
    },
    {
      "object_kind": "var",
      "config_addr": "module.common_resources_staging.module.marketplacewebapp.module.terraform_state_backend_marketplacewebapp_help.module.bucket_label.var.label_value_case",
      "status": "pass",
      "objects": [
        {
          "object_addr": "module.common_resources_staging.module.marketplacewebapp.module.terraform_state_backend_marketplacewebapp_help.module.bucket_label.var.label_value_case",
          "status": "pass"
        }
      ]
    },
    {
      "object_kind": "var",
      "config_addr": "module.common_resources_staging.module.marketplacewebapp.module.terraform_state_backend_marketplacewebapp_msteams.module.dynamodb_table_label.var.context",
      "status": "pass",
      "objects": [
        {
          "object_addr": "module.common_resources_staging.module.marketplacewebapp.module.terraform_state_backend_marketplacewebapp_msteams.module.dynamodb_table_label.var.context",
          "status": "pass"
        }
      ]
    },
    {
      "object_kind": "var",
      "config_addr": "module.common_resources_staging.module.team.module.terraform_state_backend_team_shared.module.this.var.context",
      "status": "pass",
      "objects": [
        {
          "object_addr": "module.common_resources_staging.module.team.module.terraform_state_backend_team_shared.module.this.var.context",
          "status": "pass"
        }
      ]
    },
    {
      "object_kind": "var",
      "config_addr": "module.common_resources_staging.module.privatewebapp.module.terraform_state_backend_privatewebapp_shared.var.label_value_case",
      "status": "pass",
      "objects": [
        {
          "object_addr": "module.common_resources_staging.module.privatewebapp.module.terraform_state_backend_privatewebapp_shared.var.label_value_case",
          "status": "pass"
        }
      ]
    },
    {
      "object_kind": "var",
      "config_addr": "module.common_resources_staging.module.location.module.terraform_state_backend_location_shared.module.this.var.id_length_limit",
      "status": "pass",
      "objects": [
        {
          "object_addr": "module.common_resources_staging.module.location.module.terraform_state_backend_location_shared.module.this.var.id_length_limit",
          "status": "pass"
        }
      ]
    },
    {
      "object_kind": "var",
      "config_addr": "module.common_resources_staging.module.shared.module.terraform_state_backend_shared_azure_entra.module.replication_label.var.label_value_case",
      "status": "pass",
      "objects": [
        {
          "object_addr": "module.common_resources_staging.module.shared.module.terraform_state_backend_shared_azure_entra.module.replication_label.var.label_value_case",
          "status": "pass"
        }
      ]
    },
    {
      "object_kind": "var",
      "config_addr": "module.common_resources_staging.module.gcp_oneoff.module.terraform_state_backend_gcp_oneoff.module.replication_label.var.label_key_case",
      "status": "pass",
      "objects": [
        {
          "object_addr": "module.common_resources_staging.module.gcp_oneoff.module.terraform_state_backend_gcp_oneoff.module.replication_label.var.label_key_case",
          "status": "pass"
        }
      ]
    },
    {
      "object_kind": "var",
      "config_addr": "module.common_resources_staging.module.privatewebapp.module.terraform_state_backend_privatewebapp_msteams.module.dynamodb_table_label.var.id_length_limit",
      "status": "pass",
      "objects": [
        {
          "object_addr": "module.common_resources_staging.module.privatewebapp.module.terraform_state_backend_privatewebapp_msteams.module.dynamodb_table_label.var.id_length_limit",
          "status": "pass"
        }
      ]
    },
    {
      "object_kind": "var",
      "config_addr": "module.common_resources_staging.module.privatewebapp.module.terraform_state_backend_privatewebapp_help.var.s3_bucket_name",
      "status": "pass",
      "objects": [
        {
          "object_addr": "module.common_resources_staging.module.privatewebapp.module.terraform_state_backend_privatewebapp_help.var.s3_bucket_name",
          "status": "pass"
        }
      ]
    },
    {
      "object_kind": "var",
      "config_addr": "module.common_resources_staging.module.privatewebapp.module.terraform_state_backend_privatewebapp_msteams.module.this.var.label_key_case",
      "status": "pass",
      "objects": [
        {
          "object_addr": "module.common_resources_staging.module.privatewebapp.module.terraform_state_backend_privatewebapp_msteams.module.this.var.label_key_case",
          "status": "pass"
        }
      ]
    },
    {
      "object_kind": "var",
      "config_addr": "module.common_resources_staging.module.gcp_oneoff.module.terraform_state_backend_gcp_oneoff.module.this.var.label_key_case",
      "status": "pass",
      "objects": [
        {
          "object_addr": "module.common_resources_staging.module.gcp_oneoff.module.terraform_state_backend_gcp_oneoff.module.this.var.label_key_case",
          "status": "pass"
        }
      ]
    },
    {
      "object_kind": "var",
      "config_addr": "module.common_resources_staging.module.shared.module.terraform_state_backend_shared.module.this.var.id_length_limit",
      "status": "pass",
      "objects": [
        {
          "object_addr": "module.common_resources_staging.module.shared.module.terraform_state_backend_shared.module.this.var.id_length_limit",
          "status": "pass"
        }
      ]
    },
    {
      "object_kind": "var",
      "config_addr": "module.common_resources_staging.module.azure_oneoff.module.terraform_state_backend_azure_oneoff.var.id_length_limit",
      "status": "pass",
      "objects": [
        {
          "object_addr": "module.common_resources_staging.module.azure_oneoff.module.terraform_state_backend_azure_oneoff.var.id_length_limit",
          "status": "pass"
        }
      ]
    },
    {
      "object_kind": "var",
      "config_addr": "module.common_resources_staging.module.webapp.module.terraform_state_backend_webapp.module.replication_label.var.id_length_limit",
      "status": "pass",
      "objects": [
        {
          "object_addr": "module.common_resources_staging.module.webapp.module.terraform_state_backend_webapp.module.replication_label.var.id_length_limit",
          "status": "pass"
        }
      ]
    },
    {
      "object_kind": "var",
      "config_addr": "module.common_resources_staging.module.marketplace.module.terraform_state_backend_marketplace_shared.module.bucket_label.var.context",
      "status": "pass",
      "objects": [
        {
          "object_addr": "module.common_resources_staging.module.marketplace.module.terraform_state_backend_marketplace_shared.module.bucket_label.var.context",
          "status": "pass"
        }
      ]
    },
    {
      "object_kind": "var",
      "config_addr": "module.common_resources_staging.module.shared.module.terraform_state_backend_shared_azure_entra.var.label_value_case",
      "status": "pass",
      "objects": [
        {
          "object_addr": "module.common_resources_staging.module.shared.module.terraform_state_backend_shared_azure_entra.var.label_value_case",
          "status": "pass"
        }
      ]
    },
    {
      "object_kind": "var",
      "config_addr": "module.common_resources_staging.module.marketplacewebapp.module.terraform_state_backend_marketplacewebapp_help.module.dynamodb_table_label.var.label_value_case",
      "status": "pass",
      "objects": [
        {
          "object_addr": "module.common_resources_staging.module.marketplacewebapp.module.terraform_state_backend_marketplacewebapp_help.module.dynamodb_table_label.var.label_value_case",
          "status": "pass"
        }
      ]
    },
    {
      "object_kind": "var",
      "config_addr": "module.common_resources_staging.module.slack.module.terraform_state_backend_slack_shared.module.dynamodb_table_label.var.label_key_case",
      "status": "pass",
      "objects": [
        {
          "object_addr": "module.common_resources_staging.module.slack.module.terraform_state_backend_slack_shared.module.dynamodb_table_label.var.label_key_case",
          "status": "pass"
        }
      ]
    },
    {
      "object_kind": "var",
      "config_addr": "module.common_resources_staging.module.msteams.module.terraform_state_backend_msteams_shared.module.this.var.id_length_limit",
      "status": "pass",
      "objects": [
        {
          "object_addr": "module.common_resources_staging.module.msteams.module.terraform_state_backend_msteams_shared.module.this.var.id_length_limit",
          "status": "pass"
        }
      ]
    },
    {
      "object_kind": "var",
      "config_addr": "module.common_resources_staging.module.privatewebapp.module.terraform_state_backend_privatewebapp_msteams.var.s3_bucket_name",
      "status": "pass",
      "objects": [
        {
          "object_addr": "module.common_resources_staging.module.privatewebapp.module.terraform_state_backend_privatewebapp_msteams.var.s3_bucket_name",
          "status": "pass"
        }
      ]
    },
    {
      "object_kind": "var",
      "config_addr": "module.common_resources_staging.module.privatewebapp.module.terraform_state_backend_privatewebapp_eventcatalog.module.replication_label.var.id_length_limit",
      "status": "pass",
      "objects": [
        {
          "object_addr": "module.common_resources_staging.module.privatewebapp.module.terraform_state_backend_privatewebapp_eventcatalog.module.replication_label.var.id_length_limit",
          "status": "pass"
        }
      ]
    },
    {
      "object_kind": "var",
      "config_addr": "module.common_resources_staging.module.webapp.module.terraform_state_backend_webapp_msteams.module.this.var.label_key_case",
      "status": "pass",
      "objects": [
        {
          "object_addr": "module.common_resources_staging.module.webapp.module.terraform_state_backend_webapp_msteams.module.this.var.label_key_case",
          "status": "pass"
        }
      ]
    },
    {
      "object_kind": "var",
      "config_addr": "module.common_resources_staging.module.marketplacewebapp.module.terraform_state_backend_marketplacewebapp_eventcatalog.module.replication_label.var.context",
      "status": "pass",
      "objects": [
        {
          "object_addr": "module.common_resources_staging.module.marketplacewebapp.module.terraform_state_backend_marketplacewebapp_eventcatalog.module.replication_label.var.context",
          "status": "pass"
        }
      ]
    },
    {
      "object_kind": "var",
      "config_addr": "module.common_resources_staging.module.webapp.module.terraform_state_backend_webapp_help.var.label_value_case",
      "status": "pass",
      "objects": [
        {
          "object_addr": "module.common_resources_staging.module.webapp.module.terraform_state_backend_webapp_help.var.label_value_case",
          "status": "pass"
        }
      ]
    },
    {
      "object_kind": "var",
      "config_addr": "module.common_resources_staging.module.core.module.terraform_state_backend_core_shared.module.dynamodb_table_label.var.id_length_limit",
      "status": "pass",
      "objects": [
        {
          "object_addr": "module.common_resources_staging.module.core.module.terraform_state_backend_core_shared.module.dynamodb_table_label.var.id_length_limit",
          "status": "pass"
        }
      ]
    },
    {
      "object_kind": "var",
      "config_addr": "module.common_resources_staging.module.privatewebapp.module.terraform_state_backend_privatewebapp.module.this.var.context",
      "status": "pass",
      "objects": [
        {
          "object_addr": "module.common_resources_staging.module.privatewebapp.module.terraform_state_backend_privatewebapp.module.this.var.context",
          "status": "pass"
        }
      ]
    },
    {
      "object_kind": "var",
      "config_addr": "module.common_resources_staging.module.privatewebapp.module.terraform_state_backend_privatewebapp.module.dynamodb_table_label.var.label_key_case",
      "status": "pass",
      "objects": [
        {
          "object_addr": "module.common_resources_staging.module.privatewebapp.module.terraform_state_backend_privatewebapp.module.dynamodb_table_label.var.label_key_case",
          "status": "pass"
        }
      ]
    },
    {
      "object_kind": "var",
      "config_addr": "module.common_resources_staging.module.location.module.terraform_state_backend_location_shared.var.logging",
      "status": "pass",
      "objects": [
        {
          "object_addr": "module.common_resources_staging.module.location.module.terraform_state_backend_location_shared.var.logging",
          "status": "pass"
        }
      ]
    },
    {
      "object_kind": "var",
      "config_addr": "module.common_resources_staging.module.location.module.terraform_state_backend_location_shared.module.replication_label.var.label_key_case",
      "status": "pass",
      "objects": [
        {
          "object_addr": "module.common_resources_staging.module.location.module.terraform_state_backend_location_shared.module.replication_label.var.label_key_case",
          "status": "pass"
        }
      ]
    },
    {
      "object_kind": "var",
      "config_addr": "module.common_resources_staging.module.privatewebapp.module.terraform_state_backend_privatewebapp_help.module.dynamodb_table_label.var.label_key_case",
      "status": "pass",
      "objects": [
        {
          "object_addr": "module.common_resources_staging.module.privatewebapp.module.terraform_state_backend_privatewebapp_help.module.dynamodb_table_label.var.label_key_case",
          "status": "pass"
        }
      ]
    },
    {
      "object_kind": "var",
      "config_addr": "module.common_resources_staging.module.marketplacewebapp.module.terraform_state_backend_marketplacewebapp_help.module.replication_label.var.context",
      "status": "pass",
      "objects": [
        {
          "object_addr": "module.common_resources_staging.module.marketplacewebapp.module.terraform_state_backend_marketplacewebapp_help.module.replication_label.var.context",
          "status": "pass"
        }
      ]
    },
    {
      "object_kind": "var",
      "config_addr": "module.common_resources_staging.module.webapp.module.terraform_state_backend_webapp_help.module.replication_label.var.label_value_case",
      "status": "pass",
      "objects": [
        {
          "object_addr": "module.common_resources_staging.module.webapp.module.terraform_state_backend_webapp_help.module.replication_label.var.label_value_case",
          "status": "pass"
        }
      ]
    }
  ]
}
