{
  "version": 4,
  "terraform_version": "1.9.5",
  "serial": 2055,
  "lineage": "fd0ad230-8329-c31e-12d6-896fb200c6aa",
  "outputs": {},
  "resources": [
    {
      "module": "module.common_resources_staging.module.aws_oneoff.module.terraform_state_backend_aws_oneoff",
      "mode": "data",
      "type": "aws_iam_policy_document",
      "name": "prevent_unencrypted_uploads",
      "provider": "provider[\"registry.terraform.io/hashicorp/aws\"]",
      "instances": [
        {
          "index_key": 0,
          "schema_version": 0,
          "attributes": {
            "id": "3806585079",
            "json": "{\n  \"Version\": \"2012-10-17\",\n  \"Statement\": [\n    {\n      \"Sid\": \"DenyIncorrectEncryptionHeader\",\n      \"Effect\": \"Deny\",\n      \"Action\": \"s3:PutObject\",\n      \"Resource\": \"arn:aws:s3:::unityhub-production-aws-oneoff-terraform-state/*\",\n      \"Principal\": {\n        \"AWS\": \"*\"\n      },\n      \"Condition\": {\n        \"StringNotEquals\": {\n          \"s3:x-amz-server-side-encryption\": [\n            \"AES256\",\n            \"aws:kms\"\n          ]\n        }\n      }\n    },\n    {\n      \"Sid\": \"DenyUnEncryptedObjectUploads\",\n      \"Effect\": \"Deny\",\n      \"Action\": \"s3:PutObject\",\n      \"Resource\": \"arn:aws:s3:::unityhub-production-aws-oneoff-terraform-state/*\",\n      \"Principal\": {\n        \"AWS\": \"*\"\n      },\n      \"Condition\": {\n        \"Null\": {\n          \"s3:x-amz-server-side-encryption\": \"true\"\n        }\n      }\n    },\n    {\n      \"Sid\": \"EnforceTlsRequestsOnly\",\n      \"Effect\": \"Deny\",\n      \"Action\": \"s3:*\",\n      \"Resource\": [\n        \"arn:aws:s3:::unityhub-production-aws-oneoff-terraform-state/*\",\n        \"arn:aws:s3:::unityhub-production-aws-oneoff-terraform-state\"\n      ],\n      \"Principal\": {\n        \"AWS\": \"*\"\n      },\n      \"Condition\": {\n        \"Bool\": {\n          \"aws:SecureTransport\": \"false\"\n        }\n      }\n    }\n  ]\n}",
            "minified_json": "{\"Version\":\"2012-10-17\",\"Statement\":[{\"Sid\":\"DenyIncorrectEncryptionHeader\",\"Effect\":\"Deny\",\"Action\":\"s3:PutObject\",\"Resource\":\"arn:aws:s3:::unityhub-production-aws-oneoff-terraform-state/*\",\"Principal\":{\"AWS\":\"*\"},\"Condition\":{\"StringNotEquals\":{\"s3:x-amz-server-side-encryption\":[\"AES256\",\"aws:kms\"]}}},{\"Sid\":\"DenyUnEncryptedObjectUploads\",\"Effect\":\"Deny\",\"Action\":\"s3:PutObject\",\"Resource\":\"arn:aws:s3:::unityhub-production-aws-oneoff-terraform-state/*\",\"Principal\":{\"AWS\":\"*\"},\"Condition\":{\"Null\":{\"s3:x-amz-server-side-encryption\":\"true\"}}},{\"Sid\":\"EnforceTlsRequestsOnly\",\"Effect\":\"Deny\",\"Action\":\"s3:*\",\"Resource\":[\"arn:aws:s3:::unityhub-production-aws-oneoff-terraform-state/*\",\"arn:aws:s3:::unityhub-production-aws-oneoff-terraform-state\"],\"Principal\":{\"AWS\":\"*\"},\"Condition\":{\"Bool\":{\"aws:SecureTransport\":\"false\"}}}]}",
            "override_json": null,
            "override_policy_documents": null,
            "policy_id": null,
            "source_json": null,
            "source_policy_documents": null,
            "statement": [
              {
                "actions": [
                  "s3:PutObject"
                ],
                "condition": [
                  {
                    "test": "StringNotEquals",
                    "values": [
                      "AES256",
                      "aws:kms"
                    ],
                    "variable": "s3:x-amz-server-side-encryption"
                  }
                ],
                "effect": "Deny",
                "not_actions": [],
                "not_principals": [],
                "not_resources": [],
                "principals": [
                  {
                    "identifiers": [
                      "*"
                    ],
                    "type": "AWS"
                  }
                ],
                "resources": [
                  "arn:aws:s3:::unityhub-production-aws-oneoff-terraform-state/*"
                ],
                "sid": "DenyIncorrectEncryptionHeader"
              },
              {
                "actions": [
                  "s3:PutObject"
                ],
                "condition": [
                  {
                    "test": "Null",
                    "values": [
                      "true"
                    ],
                    "variable": "s3:x-amz-server-side-encryption"
                  }
                ],
                "effect": "Deny",
                "not_actions": [],
                "not_principals": [],
                "not_resources": [],
                "principals": [
                  {
                    "identifiers": [
                      "*"
                    ],
                    "type": "AWS"
                  }
                ],
                "resources": [
                  "arn:aws:s3:::unityhub-production-aws-oneoff-terraform-state/*"
                ],
                "sid": "DenyUnEncryptedObjectUploads"
              },
              {
                "actions": [
                  "s3:*"
                ],
                "condition": [
                  {
                    "test": "Bool",
                    "values": [
                      "false"
                    ],
                    "variable": "aws:SecureTransport"
                  }
                ],
                "effect": "Deny",
                "not_actions": [],
                "not_principals": [],
                "not_resources": [],
                "principals": [
                  {
                    "identifiers": [
                      "*"
                    ],
                    "type": "AWS"
                  }
                ],
                "resources": [
                  "arn:aws:s3:::unityhub-production-aws-oneoff-terraform-state",
                  "arn:aws:s3:::unityhub-production-aws-oneoff-terraform-state/*"
                ],
                "sid": "EnforceTlsRequestsOnly"
              }
            ],
            "version": "2012-10-17"
          },
          "sensitive_attributes": []
        }
      ]
    },
    {
      "module": "module.common_resources_staging.module.aws_oneoff.module.terraform_state_backend_aws_oneoff",
      "mode": "data",
      "type": "aws_region",
      "name": "current",
      "provider": "provider[\"registry.terraform.io/hashicorp/aws\"]",
      "instances": [
        {
          "schema_version": 0,
          "attributes": {
            "description": "US East (N. Virginia)",
            "endpoint": "ec2.us-east-1.amazonaws.com",
            "id": "us-east-1",
            "name": "us-east-1"
          },
          "sensitive_attributes": []
        }
      ]
    },
    {
      "module": "module.common_resources_staging.module.aws_oneoff.module.terraform_state_backend_aws_oneoff",
      "mode": "managed",
      "type": "aws_dynamodb_table",
      "name": "with_server_side_encryption",
      "provider": "provider[\"registry.terraform.io/hashicorp/aws\"]",
      "instances": [
        {
          "index_key": 0,
          "schema_version": 1,
          "attributes": {
            "arn": "arn:aws:dynamodb:us-east-1:514472330244:table/unityhub-production-aws-oneoff-terraform-state-lock",
            "attribute": [
              {
                "name": "LockID",
                "type": "S"
              }
            ],
            "billing_mode": "PAY_PER_REQUEST",
            "deletion_protection_enabled": false,
            "global_secondary_index": [],
            "hash_key": "LockID",
            "id": "unityhub-production-aws-oneoff-terraform-state-lock",
            "import_table": [],
            "local_secondary_index": [],
            "name": "unityhub-production-aws-oneoff-terraform-state-lock",
            "point_in_time_recovery": [
              {
                "enabled": true
              }
            ],
            "range_key": null,
            "read_capacity": 0,
            "replica": [],
            "restore_date_time": null,
            "restore_source_name": null,
            "restore_source_table_arn": null,
            "restore_to_latest_time": null,
            "server_side_encryption": [
              {
                "enabled": true,
                "kms_key_arn": ""
              }
            ],
            "stream_arn": "",
            "stream_enabled": false,
            "stream_label": "",
            "stream_view_type": "",
            "table_class": "STANDARD",
            "tags": {
              "Attributes": "terraform-state-lock",
              "Name": "unityhub-production-aws-oneoff-terraform-state-lock",
              "Namespace": "unityhub",
              "Stage": "production"
            },
            "tags_all": {
              "Attributes": "terraform-state-lock",
              "Name": "unityhub-production-aws-oneoff-terraform-state-lock",
              "Namespace": "unityhub",
              "Stage": "production"
            },
            "timeouts": null,
            "ttl": [
              {
                "attribute_name": "",
                "enabled": false
              }
            ],
            "write_capacity": 0
          },
          "sensitive_attributes": [],
          "private": "eyJlMmJmYjczMC1lY2FhLTExZTYtOGY4OC0zNDM2M2JjN2M0YzAiOnsiY3JlYXRlIjoxODAwMDAwMDAwMDAwLCJkZWxldGUiOjYwMDAwMDAwMDAwMCwidXBkYXRlIjozNjAwMDAwMDAwMDAwfSwic2NoZW1hX3ZlcnNpb24iOiIxIn0="
        }
      ]
    },
    {
      "module": "module.common_resources_staging.module.aws_oneoff.module.terraform_state_backend_aws_oneoff",
      "mode": "managed",
      "type": "aws_s3_bucket",
      "name": "default",
      "provider": "provider[\"registry.terraform.io/hashicorp/aws\"]",
      "instances": [
        {
          "index_key": 0,
          "schema_version": 0,
          "attributes": {
            "acceleration_status": "",
            "acl": null,
            "arn": "arn:aws:s3:::unityhub-production-aws-oneoff-terraform-state",
            "bucket": "unityhub-production-aws-oneoff-terraform-state",
            "bucket_domain_name": "unityhub-production-aws-oneoff-terraform-state.s3.amazonaws.com",
            "bucket_prefix": "",
            "bucket_regional_domain_name": "unityhub-production-aws-oneoff-terraform-state.s3.us-east-1.amazonaws.com",
            "cors_rule": [],
            "force_destroy": true,
            "grant": [
              {
                "id": "bea86176a486e69a83b4227063efa3be9eb4b243551739d81a6a4b41ec8b3461",
                "permissions": [
                  "FULL_CONTROL"
                ],
                "type": "CanonicalUser",
                "uri": ""
              }
            ],
            "hosted_zone_id": "Z3AQBSTGFYJSTF",
            "id": "unityhub-production-aws-oneoff-terraform-state",
            "lifecycle_rule": [],
            "logging": [],
            "object_lock_configuration": [],
            "object_lock_enabled": false,
            "policy": "{\"Statement\":[{\"Action\":\"s3:PutObject\",\"Condition\":{\"StringNotEquals\":{\"s3:x-amz-server-side-encryption\":[\"AES256\",\"aws:kms\"]}},\"Effect\":\"Deny\",\"Principal\":{\"AWS\":\"*\"},\"Resource\":\"arn:aws:s3:::unityhub-production-aws-oneoff-terraform-state/*\",\"Sid\":\"DenyIncorrectEncryptionHeader\"},{\"Action\":\"s3:PutObject\",\"Condition\":{\"Null\":{\"s3:x-amz-server-side-encryption\":\"true\"}},\"Effect\":\"Deny\",\"Principal\":{\"AWS\":\"*\"},\"Resource\":\"arn:aws:s3:::unityhub-production-aws-oneoff-terraform-state/*\",\"Sid\":\"DenyUnEncryptedObjectUploads\"},{\"Action\":\"s3:*\",\"Condition\":{\"Bool\":{\"aws:SecureTransport\":\"false\"}},\"Effect\":\"Deny\",\"Principal\":{\"AWS\":\"*\"},\"Resource\":[\"arn:aws:s3:::unityhub-production-aws-oneoff-terraform-state/*\",\"arn:aws:s3:::unityhub-production-aws-oneoff-terraform-state\"],\"Sid\":\"EnforceTlsRequestsOnly\"}],\"Version\":\"2012-10-17\"}",
            "region": "us-east-1",
            "replication_configuration": [],
            "request_payer": "BucketOwner",
            "server_side_encryption_configuration": [
              {
                "rule": [
                  {
                    "apply_server_side_encryption_by_default": [
                      {
                        "kms_master_key_id": "",
                        "sse_algorithm": "AES256"
                      }
                    ],
                    "bucket_key_enabled": false
                  }
                ]
              }
            ],
            "tags": {
              "Attributes": "terraform-state",
              "Name": "unityhub-production-aws-oneoff-terraform-state",
              "Namespace": "unityhub",
              "Stage": "production"
            },
            "tags_all": {
              "Attributes": "terraform-state",
              "Name": "unityhub-production-aws-oneoff-terraform-state",
              "Namespace": "unityhub",
              "Stage": "production"
            },
            "timeouts": null,
            "versioning": [
              {
                "enabled": true,
                "mfa_delete": false
              }
            ],
            "website": [],
            "website_domain": null,
            "website_endpoint": null
          },
          "sensitive_attributes": [],
          "private": "eyJlMmJmYjczMC1lY2FhLTExZTYtOGY4OC0zNDM2M2JjN2M0YzAiOnsiY3JlYXRlIjoxMjAwMDAwMDAwMDAwLCJkZWxldGUiOjM2MDAwMDAwMDAwMDAsInJlYWQiOjEyMDAwMDAwMDAwMDAsInVwZGF0ZSI6MTIwMDAwMDAwMDAwMH19"
        }
      ]
    },
    {
      "module": "module.common_resources_staging.module.aws_oneoff.module.terraform_state_backend_aws_oneoff",
      "mode": "managed",
      "type": "aws_s3_bucket_ownership_controls",
      "name": "default",
      "provider": "provider[\"registry.terraform.io/hashicorp/aws\"]",
      "instances": [
        {
          "index_key": 0,
          "schema_version": 0,
          "attributes": {
            "bucket": "unityhub-production-aws-oneoff-terraform-state",
            "id": "unityhub-production-aws-oneoff-terraform-state",
            "rule": [
              {
                "object_ownership": "BucketOwnerEnforced"
              }
            ]
          },
          "sensitive_attributes": [],
          "private": "bnVsbA==",
          "dependencies": [
            "module.common_resources_staging.module.aws_oneoff.module.terraform_state_backend_aws_oneoff.aws_s3_bucket.default"
          ]
        }
      ]
    },
    {
      "module": "module.common_resources_staging.module.aws_oneoff.module.terraform_state_backend_aws_oneoff",
      "mode": "managed",
      "type": "aws_s3_bucket_policy",
      "name": "default",
      "provider": "provider[\"registry.terraform.io/hashicorp/aws\"]",
      "instances": [
        {
          "index_key": 0,
          "schema_version": 0,
          "attributes": {
            "bucket": "unityhub-production-aws-oneoff-terraform-state",
            "id": "unityhub-production-aws-oneoff-terraform-state",
            "policy": "{\"Statement\":[{\"Action\":\"s3:PutObject\",\"Condition\":{\"StringNotEquals\":{\"s3:x-amz-server-side-encryption\":[\"AES256\",\"aws:kms\"]}},\"Effect\":\"Deny\",\"Principal\":{\"AWS\":\"*\"},\"Resource\":\"arn:aws:s3:::unityhub-production-aws-oneoff-terraform-state/*\",\"Sid\":\"DenyIncorrectEncryptionHeader\"},{\"Action\":\"s3:PutObject\",\"Condition\":{\"Null\":{\"s3:x-amz-server-side-encryption\":\"true\"}},\"Effect\":\"Deny\",\"Principal\":{\"AWS\":\"*\"},\"Resource\":\"arn:aws:s3:::unityhub-production-aws-oneoff-terraform-state/*\",\"Sid\":\"DenyUnEncryptedObjectUploads\"},{\"Action\":\"s3:*\",\"Condition\":{\"Bool\":{\"aws:SecureTransport\":\"false\"}},\"Effect\":\"Deny\",\"Principal\":{\"AWS\":\"*\"},\"Resource\":[\"arn:aws:s3:::unityhub-production-aws-oneoff-terraform-state/*\",\"arn:aws:s3:::unityhub-production-aws-oneoff-terraform-state\"],\"Sid\":\"EnforceTlsRequestsOnly\"}],\"Version\":\"2012-10-17\"}"
          },
          "sensitive_attributes": [],
          "private": "bnVsbA==",
          "dependencies": [
            "module.common_resources_staging.module.aws_oneoff.module.terraform_state_backend_aws_oneoff.aws_s3_bucket.default",
            "module.common_resources_staging.module.aws_oneoff.module.terraform_state_backend_aws_oneoff.data.aws_iam_policy_document.prevent_unencrypted_uploads"
          ]
        }
      ]
    },
    {
      "module": "module.common_resources_staging.module.aws_oneoff.module.terraform_state_backend_aws_oneoff",
      "mode": "managed",
      "type": "aws_s3_bucket_public_access_block",
      "name": "default",
      "provider": "provider[\"registry.terraform.io/hashicorp/aws\"]",
      "instances": [
        {
          "index_key": 0,
          "schema_version": 0,
          "attributes": {
            "block_public_acls": true,
            "block_public_policy": true,
            "bucket": "unityhub-production-aws-oneoff-terraform-state",
            "id": "unityhub-production-aws-oneoff-terraform-state",
            "ignore_public_acls": true,
            "restrict_public_buckets": true
          },
          "sensitive_attributes": [],
          "private": "bnVsbA==",
          "dependencies": [
            "module.common_resources_staging.module.aws_oneoff.module.terraform_state_backend_aws_oneoff.aws_s3_bucket.default"
          ]
        }
      ]
    },
    {
      "module": "module.common_resources_staging.module.aws_oneoff.module.terraform_state_backend_aws_oneoff",
      "mode": "managed",
      "type": "aws_s3_bucket_server_side_encryption_configuration",
      "name": "default",
      "provider": "provider[\"registry.terraform.io/hashicorp/aws\"]",
      "instances": [
        {
          "index_key": 0,
          "schema_version": 0,
          "attributes": {
            "bucket": "unityhub-production-aws-oneoff-terraform-state",
            "expected_bucket_owner": "",
            "id": "unityhub-production-aws-oneoff-terraform-state",
            "rule": [
              {
                "apply_server_side_encryption_by_default": [
                  {
                    "kms_master_key_id": "",
                    "sse_algorithm": "AES256"
                  }
                ],
                "bucket_key_enabled": false
              }
            ]
          },
          "sensitive_attributes": [],
          "private": "bnVsbA==",
          "dependencies": [
            "module.common_resources_staging.module.aws_oneoff.module.terraform_state_backend_aws_oneoff.aws_s3_bucket.default"
          ]
        }
      ]
    },
    {
      "module": "module.common_resources_staging.module.aws_oneoff.module.terraform_state_backend_aws_oneoff",
      "mode": "managed",
      "type": "aws_s3_bucket_versioning",
      "name": "default",
      "provider": "provider[\"registry.terraform.io/hashicorp/aws\"]",
      "instances": [
        {
          "index_key": 0,
          "schema_version": 0,
          "attributes": {
            "bucket": "unityhub-production-aws-oneoff-terraform-state",
            "expected_bucket_owner": "",
            "id": "unityhub-production-aws-oneoff-terraform-state",
            "mfa": null,
            "versioning_configuration": [
              {
                "mfa_delete": "Disabled",
                "status": "Enabled"
              }
            ]
          },
          "sensitive_attributes": [],
          "private": "bnVsbA==",
          "dependencies": [
            "module.common_resources_staging.module.aws_oneoff.module.terraform_state_backend_aws_oneoff.aws_s3_bucket.default"
          ]
        }
      ]
    },
    {
      "module": "module.common_resources_staging.module.aws_oneoff.module.terraform_state_backend_aws_oneoff",
      "mode": "managed",
      "type": "local_file",
      "name": "terraform_backend_config",
      "provider": "provider[\"registry.terraform.io/hashicorp/local\"]",
      "instances": [
        {
          "index_key": 0,
          "schema_version": 0,
          "attributes": {
            "content": "terraform {\n  required_version = \"\u003e= 1.0.0\"\n\n  backend \"s3\" {\n    region         = \"us-east-1\"\n    bucket         = \"unityhub-production-aws-oneoff-terraform-state\"\n    key            = \"terraform.tfstate\"\n    dynamodb_table = \"unityhub-production-aws-oneoff-terraform-state-lock\"\n    profile        = \"\"\n    role_arn       = \"\"\n    encrypt        = \"true\"\n  }\n}\n",
            "content_base64": null,
            "content_base64sha256": "vHZwAtRMj1+nYIQJZBtFjTyy0HpH4nXLnR2PKNcwj5o=",
            "content_base64sha512": "A2st93bT4Fg0sr7DsDBowEYs2AGE4ZdWt+ez9PW/SRFlamJ79q7n1E+vMI9IRr/OwiCKTIrIqHYN655TR/DYgA==",
            "content_md5": "6cfecaf2442ef77ddae4e91fabb49b6b",
            "content_sha1": "f6eb17de861c6f3353d61fd9266f65c7c5aca89d",
            "content_sha256": "bc767002d44c8f5fa7608409641b458d3cb2d07a47e275cb9d1d8f28d7308f9a",
            "content_sha512": "036b2df776d3e05834b2bec3b03068c0462cd80184e19756b7e7b3f4f5bf4911656a627bf6aee7d44faf308f4846bfcec2208a4c8ac8a8760deb9e5347f0d880",
            "directory_permission": "0777",
            "file_permission": "0644",
            "filename": "./backend/backend_aws_oneoff.tf",
            "id": "f6eb17de861c6f3353d61fd9266f65c7c5aca89d",
            "sensitive_content": null,
            "source": null
          },
          "sensitive_attributes": [
            [
              {
                "type": "get_attr",
                "value": "sensitive_content"
              }
            ]
          ],
          "dependencies": [
            "module.common_resources_staging.module.aws_oneoff.module.terraform_state_backend_aws_oneoff.aws_dynamodb_table.with_server_side_encryption",
            "module.common_resources_staging.module.aws_oneoff.module.terraform_state_backend_aws_oneoff.aws_s3_bucket.default",
            "module.common_resources_staging.module.aws_oneoff.module.terraform_state_backend_aws_oneoff.data.aws_region.current"
          ]
        }
      ]
    },
    {
      "module": "module.common_resources_staging.module.azure_oneoff.module.terraform_state_backend_azure_oneoff",
      "mode": "data",
      "type": "aws_iam_policy_document",
      "name": "prevent_unencrypted_uploads",
      "provider": "provider[\"registry.terraform.io/hashicorp/aws\"]",
      "instances": [
        {
          "index_key": 0,
          "schema_version": 0,
          "attributes": {
            "id": "553286163",
            "json": "{\n  \"Version\": \"2012-10-17\",\n  \"Statement\": [\n    {\n      \"Sid\": \"DenyIncorrectEncryptionHeader\",\n      \"Effect\": \"Deny\",\n      \"Action\": \"s3:PutObject\",\n      \"Resource\": \"arn:aws:s3:::unityhub-production-azure-oneoff-terraform-state/*\",\n      \"Principal\": {\n        \"AWS\": \"*\"\n      },\n      \"Condition\": {\n        \"StringNotEquals\": {\n          \"s3:x-amz-server-side-encryption\": [\n            \"AES256\",\n            \"aws:kms\"\n          ]\n        }\n      }\n    },\n    {\n      \"Sid\": \"DenyUnEncryptedObjectUploads\",\n      \"Effect\": \"Deny\",\n      \"Action\": \"s3:PutObject\",\n      \"Resource\": \"arn:aws:s3:::unityhub-production-azure-oneoff-terraform-state/*\",\n      \"Principal\": {\n        \"AWS\": \"*\"\n      },\n      \"Condition\": {\n        \"Null\": {\n          \"s3:x-amz-server-side-encryption\": \"true\"\n        }\n      }\n    },\n    {\n      \"Sid\": \"EnforceTlsRequestsOnly\",\n      \"Effect\": \"Deny\",\n      \"Action\": \"s3:*\",\n      \"Resource\": [\n        \"arn:aws:s3:::unityhub-production-azure-oneoff-terraform-state/*\",\n        \"arn:aws:s3:::unityhub-production-azure-oneoff-terraform-state\"\n      ],\n      \"Principal\": {\n        \"AWS\": \"*\"\n      },\n      \"Condition\": {\n        \"Bool\": {\n          \"aws:SecureTransport\": \"false\"\n        }\n      }\n    }\n  ]\n}",
            "minified_json": "{\"Version\":\"2012-10-17\",\"Statement\":[{\"Sid\":\"DenyIncorrectEncryptionHeader\",\"Effect\":\"Deny\",\"Action\":\"s3:PutObject\",\"Resource\":\"arn:aws:s3:::unityhub-production-azure-oneoff-terraform-state/*\",\"Principal\":{\"AWS\":\"*\"},\"Condition\":{\"StringNotEquals\":{\"s3:x-amz-server-side-encryption\":[\"AES256\",\"aws:kms\"]}}},{\"Sid\":\"DenyUnEncryptedObjectUploads\",\"Effect\":\"Deny\",\"Action\":\"s3:PutObject\",\"Resource\":\"arn:aws:s3:::unityhub-production-azure-oneoff-terraform-state/*\",\"Principal\":{\"AWS\":\"*\"},\"Condition\":{\"Null\":{\"s3:x-amz-server-side-encryption\":\"true\"}}},{\"Sid\":\"EnforceTlsRequestsOnly\",\"Effect\":\"Deny\",\"Action\":\"s3:*\",\"Resource\":[\"arn:aws:s3:::unityhub-production-azure-oneoff-terraform-state/*\",\"arn:aws:s3:::unityhub-production-azure-oneoff-terraform-state\"],\"Principal\":{\"AWS\":\"*\"},\"Condition\":{\"Bool\":{\"aws:SecureTransport\":\"false\"}}}]}",
            "override_json": null,
            "override_policy_documents": null,
            "policy_id": null,
            "source_json": null,
            "source_policy_documents": null,
            "statement": [
              {
                "actions": [
                  "s3:PutObject"
                ],
                "condition": [
                  {
                    "test": "StringNotEquals",
                    "values": [
                      "AES256",
                      "aws:kms"
                    ],
                    "variable": "s3:x-amz-server-side-encryption"
                  }
                ],
                "effect": "Deny",
                "not_actions": [],
                "not_principals": [],
                "not_resources": [],
                "principals": [
                  {
                    "identifiers": [
                      "*"
                    ],
                    "type": "AWS"
                  }
                ],
                "resources": [
                  "arn:aws:s3:::unityhub-production-azure-oneoff-terraform-state/*"
                ],
                "sid": "DenyIncorrectEncryptionHeader"
              },
              {
                "actions": [
                  "s3:PutObject"
                ],
                "condition": [
                  {
                    "test": "Null",
                    "values": [
                      "true"
                    ],
                    "variable": "s3:x-amz-server-side-encryption"
                  }
                ],
                "effect": "Deny",
                "not_actions": [],
                "not_principals": [],
                "not_resources": [],
                "principals": [
                  {
                    "identifiers": [
                      "*"
                    ],
                    "type": "AWS"
                  }
                ],
                "resources": [
                  "arn:aws:s3:::unityhub-production-azure-oneoff-terraform-state/*"
                ],
                "sid": "DenyUnEncryptedObjectUploads"
              },
              {
                "actions": [
                  "s3:*"
                ],
                "condition": [
                  {
                    "test": "Bool",
                    "values": [
                      "false"
                    ],
                    "variable": "aws:SecureTransport"
                  }
                ],
                "effect": "Deny",
                "not_actions": [],
                "not_principals": [],
                "not_resources": [],
                "principals": [
                  {
                    "identifiers": [
                      "*"
                    ],
                    "type": "AWS"
                  }
                ],
                "resources": [
                  "arn:aws:s3:::unityhub-production-azure-oneoff-terraform-state",
                  "arn:aws:s3:::unityhub-production-azure-oneoff-terraform-state/*"
                ],
                "sid": "EnforceTlsRequestsOnly"
              }
            ],
            "version": "2012-10-17"
          },
          "sensitive_attributes": []
        }
      ]
    },
    {
      "module": "module.common_resources_staging.module.azure_oneoff.module.terraform_state_backend_azure_oneoff",
      "mode": "data",
      "type": "aws_region",
      "name": "current",
      "provider": "provider[\"registry.terraform.io/hashicorp/aws\"]",
      "instances": [
        {
          "schema_version": 0,
          "attributes": {
            "description": "US East (N. Virginia)",
            "endpoint": "ec2.us-east-1.amazonaws.com",
            "id": "us-east-1",
            "name": "us-east-1"
          },
          "sensitive_attributes": []
        }
      ]
    },
    {
      "module": "module.common_resources_staging.module.azure_oneoff.module.terraform_state_backend_azure_oneoff",
      "mode": "managed",
      "type": "aws_dynamodb_table",
      "name": "with_server_side_encryption",
      "provider": "provider[\"registry.terraform.io/hashicorp/aws\"]",
      "instances": [
        {
          "index_key": 0,
          "schema_version": 1,
          "attributes": {
            "arn": "arn:aws:dynamodb:us-east-1:514472330244:table/unityhub-production-azure-oneoff-terraform-state-lock",
            "attribute": [
              {
                "name": "LockID",
                "type": "S"
              }
            ],
            "billing_mode": "PAY_PER_REQUEST",
            "deletion_protection_enabled": false,
            "global_secondary_index": [],
            "hash_key": "LockID",
            "id": "unityhub-production-azure-oneoff-terraform-state-lock",
            "import_table": [],
            "local_secondary_index": [],
            "name": "unityhub-production-azure-oneoff-terraform-state-lock",
            "point_in_time_recovery": [
              {
                "enabled": true
              }
            ],
            "range_key": null,
            "read_capacity": 0,
            "replica": [],
            "restore_date_time": null,
            "restore_source_name": null,
            "restore_source_table_arn": null,
            "restore_to_latest_time": null,
            "server_side_encryption": [
              {
                "enabled": true,
                "kms_key_arn": ""
              }
            ],
            "stream_arn": "",
            "stream_enabled": false,
            "stream_label": "",
            "stream_view_type": "",
            "table_class": "STANDARD",
            "tags": {
              "Attributes": "terraform-state-lock",
              "Name": "unityhub-production-azure-oneoff-terraform-state-lock",
              "Namespace": "unityhub",
              "Stage": "production"
            },
            "tags_all": {
              "Attributes": "terraform-state-lock",
              "Name": "unityhub-production-azure-oneoff-terraform-state-lock",
              "Namespace": "unityhub",
              "Stage": "production"
            },
            "timeouts": null,
            "ttl": [
              {
                "attribute_name": "",
                "enabled": false
              }
            ],
            "write_capacity": 0
          },
          "sensitive_attributes": [],
          "private": "eyJlMmJmYjczMC1lY2FhLTExZTYtOGY4OC0zNDM2M2JjN2M0YzAiOnsiY3JlYXRlIjoxODAwMDAwMDAwMDAwLCJkZWxldGUiOjYwMDAwMDAwMDAwMCwidXBkYXRlIjozNjAwMDAwMDAwMDAwfSwic2NoZW1hX3ZlcnNpb24iOiIxIn0="
        }
      ]
    },
    {
      "module": "module.common_resources_staging.module.azure_oneoff.module.terraform_state_backend_azure_oneoff",
      "mode": "managed",
      "type": "aws_s3_bucket",
      "name": "default",
      "provider": "provider[\"registry.terraform.io/hashicorp/aws\"]",
      "instances": [
        {
          "index_key": 0,
          "schema_version": 0,
          "attributes": {
            "acceleration_status": "",
            "acl": null,
            "arn": "arn:aws:s3:::unityhub-production-azure-oneoff-terraform-state",
            "bucket": "unityhub-production-azure-oneoff-terraform-state",
            "bucket_domain_name": "unityhub-production-azure-oneoff-terraform-state.s3.amazonaws.com",
            "bucket_prefix": "",
            "bucket_regional_domain_name": "unityhub-production-azure-oneoff-terraform-state.s3.us-east-1.amazonaws.com",
            "cors_rule": [],
            "force_destroy": true,
            "grant": [
              {
                "id": "bea86176a486e69a83b4227063efa3be9eb4b243551739d81a6a4b41ec8b3461",
                "permissions": [
                  "FULL_CONTROL"
                ],
                "type": "CanonicalUser",
                "uri": ""
              }
            ],
            "hosted_zone_id": "Z3AQBSTGFYJSTF",
            "id": "unityhub-production-azure-oneoff-terraform-state",
            "lifecycle_rule": [],
            "logging": [],
            "object_lock_configuration": [],
            "object_lock_enabled": false,
            "policy": "{\"Statement\":[{\"Action\":\"s3:PutObject\",\"Condition\":{\"StringNotEquals\":{\"s3:x-amz-server-side-encryption\":[\"AES256\",\"aws:kms\"]}},\"Effect\":\"Deny\",\"Principal\":{\"AWS\":\"*\"},\"Resource\":\"arn:aws:s3:::unityhub-production-azure-oneoff-terraform-state/*\",\"Sid\":\"DenyIncorrectEncryptionHeader\"},{\"Action\":\"s3:PutObject\",\"Condition\":{\"Null\":{\"s3:x-amz-server-side-encryption\":\"true\"}},\"Effect\":\"Deny\",\"Principal\":{\"AWS\":\"*\"},\"Resource\":\"arn:aws:s3:::unityhub-production-azure-oneoff-terraform-state/*\",\"Sid\":\"DenyUnEncryptedObjectUploads\"},{\"Action\":\"s3:*\",\"Condition\":{\"Bool\":{\"aws:SecureTransport\":\"false\"}},\"Effect\":\"Deny\",\"Principal\":{\"AWS\":\"*\"},\"Resource\":[\"arn:aws:s3:::unityhub-production-azure-oneoff-terraform-state/*\",\"arn:aws:s3:::unityhub-production-azure-oneoff-terraform-state\"],\"Sid\":\"EnforceTlsRequestsOnly\"}],\"Version\":\"2012-10-17\"}",
            "region": "us-east-1",
            "replication_configuration": [],
            "request_payer": "BucketOwner",
            "server_side_encryption_configuration": [
              {
                "rule": [
                  {
                    "apply_server_side_encryption_by_default": [
                      {
                        "kms_master_key_id": "",
                        "sse_algorithm": "AES256"
                      }
                    ],
                    "bucket_key_enabled": false
                  }
                ]
              }
            ],
            "tags": {
              "Attributes": "terraform-state",
              "Name": "unityhub-production-azure-oneoff-terraform-state",
              "Namespace": "unityhub",
              "Stage": "production"
            },
            "tags_all": {
              "Attributes": "terraform-state",
              "Name": "unityhub-production-azure-oneoff-terraform-state",
              "Namespace": "unityhub",
              "Stage": "production"
            },
            "timeouts": null,
            "versioning": [
              {
                "enabled": true,
                "mfa_delete": false
              }
            ],
            "website": [],
            "website_domain": null,
            "website_endpoint": null
          },
          "sensitive_attributes": [],
          "private": "eyJlMmJmYjczMC1lY2FhLTExZTYtOGY4OC0zNDM2M2JjN2M0YzAiOnsiY3JlYXRlIjoxMjAwMDAwMDAwMDAwLCJkZWxldGUiOjM2MDAwMDAwMDAwMDAsInJlYWQiOjEyMDAwMDAwMDAwMDAsInVwZGF0ZSI6MTIwMDAwMDAwMDAwMH19"
        }
      ]
    },
    {
      "module": "module.common_resources_staging.module.azure_oneoff.module.terraform_state_backend_azure_oneoff",
      "mode": "managed",
      "type": "aws_s3_bucket_ownership_controls",
      "name": "default",
      "provider": "provider[\"registry.terraform.io/hashicorp/aws\"]",
      "instances": [
        {
          "index_key": 0,
          "schema_version": 0,
          "attributes": {
            "bucket": "unityhub-production-azure-oneoff-terraform-state",
            "id": "unityhub-production-azure-oneoff-terraform-state",
            "rule": [
              {
                "object_ownership": "BucketOwnerEnforced"
              }
            ]
          },
          "sensitive_attributes": [],
          "private": "bnVsbA==",
          "dependencies": [
            "module.common_resources_staging.module.azure_oneoff.module.terraform_state_backend_azure_oneoff.aws_s3_bucket.default"
          ]
        }
      ]
    },
    {
      "module": "module.common_resources_staging.module.azure_oneoff.module.terraform_state_backend_azure_oneoff",
      "mode": "managed",
      "type": "aws_s3_bucket_policy",
      "name": "default",
      "provider": "provider[\"registry.terraform.io/hashicorp/aws\"]",
      "instances": [
        {
          "index_key": 0,
          "schema_version": 0,
          "attributes": {
            "bucket": "unityhub-production-azure-oneoff-terraform-state",
            "id": "unityhub-production-azure-oneoff-terraform-state",
            "policy": "{\"Statement\":[{\"Action\":\"s3:PutObject\",\"Condition\":{\"StringNotEquals\":{\"s3:x-amz-server-side-encryption\":[\"AES256\",\"aws:kms\"]}},\"Effect\":\"Deny\",\"Principal\":{\"AWS\":\"*\"},\"Resource\":\"arn:aws:s3:::unityhub-production-azure-oneoff-terraform-state/*\",\"Sid\":\"DenyIncorrectEncryptionHeader\"},{\"Action\":\"s3:PutObject\",\"Condition\":{\"Null\":{\"s3:x-amz-server-side-encryption\":\"true\"}},\"Effect\":\"Deny\",\"Principal\":{\"AWS\":\"*\"},\"Resource\":\"arn:aws:s3:::unityhub-production-azure-oneoff-terraform-state/*\",\"Sid\":\"DenyUnEncryptedObjectUploads\"},{\"Action\":\"s3:*\",\"Condition\":{\"Bool\":{\"aws:SecureTransport\":\"false\"}},\"Effect\":\"Deny\",\"Principal\":{\"AWS\":\"*\"},\"Resource\":[\"arn:aws:s3:::unityhub-production-azure-oneoff-terraform-state/*\",\"arn:aws:s3:::unityhub-production-azure-oneoff-terraform-state\"],\"Sid\":\"EnforceTlsRequestsOnly\"}],\"Version\":\"2012-10-17\"}"
          },
          "sensitive_attributes": [],
          "private": "bnVsbA==",
          "dependencies": [
            "module.common_resources_staging.module.azure_oneoff.module.terraform_state_backend_azure_oneoff.aws_s3_bucket.default",
            "module.common_resources_staging.module.azure_oneoff.module.terraform_state_backend_azure_oneoff.data.aws_iam_policy_document.prevent_unencrypted_uploads"
          ]
        }
      ]
    },
    {
      "module": "module.common_resources_staging.module.azure_oneoff.module.terraform_state_backend_azure_oneoff",
      "mode": "managed",
      "type": "aws_s3_bucket_public_access_block",
      "name": "default",
      "provider": "provider[\"registry.terraform.io/hashicorp/aws\"]",
      "instances": [
        {
          "index_key": 0,
          "schema_version": 0,
          "attributes": {
            "block_public_acls": true,
            "block_public_policy": true,
            "bucket": "unityhub-production-azure-oneoff-terraform-state",
            "id": "unityhub-production-azure-oneoff-terraform-state",
            "ignore_public_acls": true,
            "restrict_public_buckets": true
          },
          "sensitive_attributes": [],
          "private": "bnVsbA==",
          "dependencies": [
            "module.common_resources_staging.module.azure_oneoff.module.terraform_state_backend_azure_oneoff.aws_s3_bucket.default"
          ]
        }
      ]
    },
    {
      "module": "module.common_resources_staging.module.azure_oneoff.module.terraform_state_backend_azure_oneoff",
      "mode": "managed",
      "type": "aws_s3_bucket_server_side_encryption_configuration",
      "name": "default",
      "provider": "provider[\"registry.terraform.io/hashicorp/aws\"]",
      "instances": [
        {
          "index_key": 0,
          "schema_version": 0,
          "attributes": {
            "bucket": "unityhub-production-azure-oneoff-terraform-state",
            "expected_bucket_owner": "",
            "id": "unityhub-production-azure-oneoff-terraform-state",
            "rule": [
              {
                "apply_server_side_encryption_by_default": [
                  {
                    "kms_master_key_id": "",
                    "sse_algorithm": "AES256"
                  }
                ],
                "bucket_key_enabled": false
              }
            ]
          },
          "sensitive_attributes": [],
          "private": "bnVsbA==",
          "dependencies": [
            "module.common_resources_staging.module.azure_oneoff.module.terraform_state_backend_azure_oneoff.aws_s3_bucket.default"
          ]
        }
      ]
    },
    {
      "module": "module.common_resources_staging.module.azure_oneoff.module.terraform_state_backend_azure_oneoff",
      "mode": "managed",
      "type": "aws_s3_bucket_versioning",
      "name": "default",
      "provider": "provider[\"registry.terraform.io/hashicorp/aws\"]",
      "instances": [
        {
          "index_key": 0,
          "schema_version": 0,
          "attributes": {
            "bucket": "unityhub-production-azure-oneoff-terraform-state",
            "expected_bucket_owner": "",
            "id": "unityhub-production-azure-oneoff-terraform-state",
            "mfa": null,
            "versioning_configuration": [
              {
                "mfa_delete": "Disabled",
                "status": "Enabled"
              }
            ]
          },
          "sensitive_attributes": [],
          "private": "bnVsbA==",
          "dependencies": [
            "module.common_resources_staging.module.azure_oneoff.module.terraform_state_backend_azure_oneoff.aws_s3_bucket.default"
          ]
        }
      ]
    },
    {
      "module": "module.common_resources_staging.module.azure_oneoff.module.terraform_state_backend_azure_oneoff",
      "mode": "managed",
      "type": "local_file",
      "name": "terraform_backend_config",
      "provider": "provider[\"registry.terraform.io/hashicorp/local\"]",
      "instances": [
        {
          "index_key": 0,
          "schema_version": 0,
          "attributes": {
            "content": "terraform {\n  required_version = \"\u003e= 1.0.0\"\n\n  backend \"s3\" {\n    region         = \"us-east-1\"\n    bucket         = \"unityhub-production-azure-oneoff-terraform-state\"\n    key            = \"terraform.tfstate\"\n    dynamodb_table = \"unityhub-production-azure-oneoff-terraform-state-lock\"\n    profile        = \"\"\n    role_arn       = \"\"\n    encrypt        = \"true\"\n  }\n}\n",
            "content_base64": null,
            "content_base64sha256": "Xsyxj+UkSgomq9w0jxuKYKv++RAIUEB2jAKAgZetQcQ=",
            "content_base64sha512": "E+MHHQwHavsegXYK/ZscJbNzBJWH92eh7GebxGLDfTJPXm607n9QxHuRdxSeerNGhh0lq6TBc8rQOzI4AubbMQ==",
            "content_md5": "d041c94c0216017da4646b0190bfd7f6",
            "content_sha1": "90b3940049c0a1585b4d9166d7d63a2b3655cef4",
            "content_sha256": "5eccb18fe5244a0a26abdc348f1b8a60abfef910085040768c02808197ad41c4",
            "content_sha512": "13e3071d0c076afb1e81760afd9b1c25b373049587f767a1ec679bc462c37d324f5e6eb4ee7f50c47b9177149e7ab346861d25aba4c173cad03b323802e6db31",
            "directory_permission": "0777",
            "file_permission": "0644",
            "filename": "./backend/backend_azure_oneoff.tf",
            "id": "90b3940049c0a1585b4d9166d7d63a2b3655cef4",
            "sensitive_content": null,
            "source": null
          },
          "sensitive_attributes": [
            [
              {
                "type": "get_attr",
                "value": "sensitive_content"
              }
            ]
          ],
          "dependencies": [
            "module.common_resources_staging.module.azure_oneoff.module.terraform_state_backend_azure_oneoff.aws_dynamodb_table.with_server_side_encryption",
            "module.common_resources_staging.module.azure_oneoff.module.terraform_state_backend_azure_oneoff.aws_s3_bucket.default",
            "module.common_resources_staging.module.azure_oneoff.module.terraform_state_backend_azure_oneoff.data.aws_region.current"
          ]
        }
      ]
    },
    {
      "module": "module.common_resources_staging.module.customer.module.terraform_state_backend_customer_shared",
      "mode": "data",
      "type": "aws_iam_policy_document",
      "name": "prevent_unencrypted_uploads",
      "provider": "provider[\"registry.terraform.io/hashicorp/aws\"]",
      "instances": [
        {
          "index_key": 0,
          "schema_version": 0,
          "attributes": {
            "id": "2604591788",
            "json": "{\n  \"Version\": \"2012-10-17\",\n  \"Statement\": [\n    {\n      \"Sid\": \"DenyIncorrectEncryptionHeader\",\n      \"Effect\": \"Deny\",\n      \"Action\": \"s3:PutObject\",\n      \"Resource\": \"arn:aws:s3:::unityhub-production-customer-shared-terraform-state/*\",\n      \"Principal\": {\n        \"AWS\": \"*\"\n      },\n      \"Condition\": {\n        \"StringNotEquals\": {\n          \"s3:x-amz-server-side-encryption\": [\n            \"AES256\",\n            \"aws:kms\"\n          ]\n        }\n      }\n    },\n    {\n      \"Sid\": \"DenyUnEncryptedObjectUploads\",\n      \"Effect\": \"Deny\",\n      \"Action\": \"s3:PutObject\",\n      \"Resource\": \"arn:aws:s3:::unityhub-production-customer-shared-terraform-state/*\",\n      \"Principal\": {\n        \"AWS\": \"*\"\n      },\n      \"Condition\": {\n        \"Null\": {\n          \"s3:x-amz-server-side-encryption\": \"true\"\n        }\n      }\n    },\n    {\n      \"Sid\": \"EnforceTlsRequestsOnly\",\n      \"Effect\": \"Deny\",\n      \"Action\": \"s3:*\",\n      \"Resource\": [\n        \"arn:aws:s3:::unityhub-production-customer-shared-terraform-state/*\",\n        \"arn:aws:s3:::unityhub-production-customer-shared-terraform-state\"\n      ],\n      \"Principal\": {\n        \"AWS\": \"*\"\n      },\n      \"Condition\": {\n        \"Bool\": {\n          \"aws:SecureTransport\": \"false\"\n        }\n      }\n    }\n  ]\n}",
            "minified_json": "{\"Version\":\"2012-10-17\",\"Statement\":[{\"Sid\":\"DenyIncorrectEncryptionHeader\",\"Effect\":\"Deny\",\"Action\":\"s3:PutObject\",\"Resource\":\"arn:aws:s3:::unityhub-production-customer-shared-terraform-state/*\",\"Principal\":{\"AWS\":\"*\"},\"Condition\":{\"StringNotEquals\":{\"s3:x-amz-server-side-encryption\":[\"AES256\",\"aws:kms\"]}}},{\"Sid\":\"DenyUnEncryptedObjectUploads\",\"Effect\":\"Deny\",\"Action\":\"s3:PutObject\",\"Resource\":\"arn:aws:s3:::unityhub-production-customer-shared-terraform-state/*\",\"Principal\":{\"AWS\":\"*\"},\"Condition\":{\"Null\":{\"s3:x-amz-server-side-encryption\":\"true\"}}},{\"Sid\":\"EnforceTlsRequestsOnly\",\"Effect\":\"Deny\",\"Action\":\"s3:*\",\"Resource\":[\"arn:aws:s3:::unityhub-production-customer-shared-terraform-state/*\",\"arn:aws:s3:::unityhub-production-customer-shared-terraform-state\"],\"Principal\":{\"AWS\":\"*\"},\"Condition\":{\"Bool\":{\"aws:SecureTransport\":\"false\"}}}]}",
            "override_json": null,
            "override_policy_documents": null,
            "policy_id": null,
            "source_json": null,
            "source_policy_documents": null,
            "statement": [
              {
                "actions": [
                  "s3:PutObject"
                ],
                "condition": [
                  {
                    "test": "StringNotEquals",
                    "values": [
                      "AES256",
                      "aws:kms"
                    ],
                    "variable": "s3:x-amz-server-side-encryption"
                  }
                ],
                "effect": "Deny",
                "not_actions": [],
                "not_principals": [],
                "not_resources": [],
                "principals": [
                  {
                    "identifiers": [
                      "*"
                    ],
                    "type": "AWS"
                  }
                ],
                "resources": [
                  "arn:aws:s3:::unityhub-production-customer-shared-terraform-state/*"
                ],
                "sid": "DenyIncorrectEncryptionHeader"
              },
              {
                "actions": [
                  "s3:PutObject"
                ],
                "condition": [
                  {
                    "test": "Null",
                    "values": [
                      "true"
                    ],
                    "variable": "s3:x-amz-server-side-encryption"
                  }
                ],
                "effect": "Deny",
                "not_actions": [],
                "not_principals": [],
                "not_resources": [],
                "principals": [
                  {
                    "identifiers": [
                      "*"
                    ],
                    "type": "AWS"
                  }
                ],
                "resources": [
                  "arn:aws:s3:::unityhub-production-customer-shared-terraform-state/*"
                ],
                "sid": "DenyUnEncryptedObjectUploads"
              },
              {
                "actions": [
                  "s3:*"
                ],
                "condition": [
                  {
                    "test": "Bool",
                    "values": [
                      "false"
                    ],
                    "variable": "aws:SecureTransport"
                  }
                ],
                "effect": "Deny",
                "not_actions": [],
                "not_principals": [],
                "not_resources": [],
                "principals": [
                  {
                    "identifiers": [
                      "*"
                    ],
                    "type": "AWS"
                  }
                ],
                "resources": [
                  "arn:aws:s3:::unityhub-production-customer-shared-terraform-state",
                  "arn:aws:s3:::unityhub-production-customer-shared-terraform-state/*"
                ],
                "sid": "EnforceTlsRequestsOnly"
              }
            ],
            "version": "2012-10-17"
          },
          "sensitive_attributes": []
        }
      ]
    },
    {
      "module": "module.common_resources_staging.module.customer.module.terraform_state_backend_customer_shared",
      "mode": "data",
      "type": "aws_region",
      "name": "current",
      "provider": "provider[\"registry.terraform.io/hashicorp/aws\"]",
      "instances": [
        {
          "schema_version": 0,
          "attributes": {
            "description": "US East (N. Virginia)",
            "endpoint": "ec2.us-east-1.amazonaws.com",
            "id": "us-east-1",
            "name": "us-east-1"
          },
          "sensitive_attributes": []
        }
      ]
    },
    {
      "module": "module.common_resources_staging.module.customer.module.terraform_state_backend_customer_shared",
      "mode": "managed",
      "type": "aws_dynamodb_table",
      "name": "with_server_side_encryption",
      "provider": "provider[\"registry.terraform.io/hashicorp/aws\"]",
      "instances": [
        {
          "index_key": 0,
          "schema_version": 1,
          "attributes": {
            "arn": "arn:aws:dynamodb:us-east-1:514472330244:table/unityhub-production-customer-shared-terraform-state-lock",
            "attribute": [
              {
                "name": "LockID",
                "type": "S"
              }
            ],
            "billing_mode": "PAY_PER_REQUEST",
            "deletion_protection_enabled": false,
            "global_secondary_index": [],
            "hash_key": "LockID",
            "id": "unityhub-production-customer-shared-terraform-state-lock",
            "import_table": [],
            "local_secondary_index": [],
            "name": "unityhub-production-customer-shared-terraform-state-lock",
            "point_in_time_recovery": [
              {
                "enabled": true
              }
            ],
            "range_key": null,
            "read_capacity": 0,
            "replica": [],
            "restore_date_time": null,
            "restore_source_name": null,
            "restore_source_table_arn": null,
            "restore_to_latest_time": null,
            "server_side_encryption": [
              {
                "enabled": true,
                "kms_key_arn": ""
              }
            ],
            "stream_arn": "",
            "stream_enabled": false,
            "stream_label": "",
            "stream_view_type": "",
            "table_class": "STANDARD",
            "tags": {
              "Attributes": "terraform-state-lock",
              "Name": "unityhub-production-customer-shared-terraform-state-lock",
              "Namespace": "unityhub",
              "Stage": "production"
            },
            "tags_all": {
              "Attributes": "terraform-state-lock",
              "Name": "unityhub-production-customer-shared-terraform-state-lock",
              "Namespace": "unityhub",
              "Stage": "production"
            },
            "timeouts": null,
            "ttl": [
              {
                "attribute_name": "",
                "enabled": false
              }
            ],
            "write_capacity": 0
          },
          "sensitive_attributes": [],
          "private": "eyJlMmJmYjczMC1lY2FhLTExZTYtOGY4OC0zNDM2M2JjN2M0YzAiOnsiY3JlYXRlIjoxODAwMDAwMDAwMDAwLCJkZWxldGUiOjYwMDAwMDAwMDAwMCwidXBkYXRlIjozNjAwMDAwMDAwMDAwfSwic2NoZW1hX3ZlcnNpb24iOiIxIn0="
        }
      ]
    },
    {
      "module": "module.common_resources_staging.module.customer.module.terraform_state_backend_customer_shared",
      "mode": "managed",
      "type": "aws_s3_bucket",
      "name": "default",
      "provider": "provider[\"registry.terraform.io/hashicorp/aws\"]",
      "instances": [
        {
          "index_key": 0,
          "schema_version": 0,
          "attributes": {
            "acceleration_status": "",
            "acl": null,
            "arn": "arn:aws:s3:::unityhub-production-customer-shared-terraform-state",
            "bucket": "unityhub-production-customer-shared-terraform-state",
            "bucket_domain_name": "unityhub-production-customer-shared-terraform-state.s3.amazonaws.com",
            "bucket_prefix": "",
            "bucket_regional_domain_name": "unityhub-production-customer-shared-terraform-state.s3.us-east-1.amazonaws.com",
            "cors_rule": [],
            "force_destroy": true,
            "grant": [
              {
                "id": "bea86176a486e69a83b4227063efa3be9eb4b243551739d81a6a4b41ec8b3461",
                "permissions": [
                  "FULL_CONTROL"
                ],
                "type": "CanonicalUser",
                "uri": ""
              }
            ],
            "hosted_zone_id": "Z3AQBSTGFYJSTF",
            "id": "unityhub-production-customer-shared-terraform-state",
            "lifecycle_rule": [],
            "logging": [],
            "object_lock_configuration": [],
            "object_lock_enabled": false,
            "policy": "{\"Statement\":[{\"Action\":\"s3:PutObject\",\"Condition\":{\"StringNotEquals\":{\"s3:x-amz-server-side-encryption\":[\"AES256\",\"aws:kms\"]}},\"Effect\":\"Deny\",\"Principal\":{\"AWS\":\"*\"},\"Resource\":\"arn:aws:s3:::unityhub-production-customer-shared-terraform-state/*\",\"Sid\":\"DenyIncorrectEncryptionHeader\"},{\"Action\":\"s3:PutObject\",\"Condition\":{\"Null\":{\"s3:x-amz-server-side-encryption\":\"true\"}},\"Effect\":\"Deny\",\"Principal\":{\"AWS\":\"*\"},\"Resource\":\"arn:aws:s3:::unityhub-production-customer-shared-terraform-state/*\",\"Sid\":\"DenyUnEncryptedObjectUploads\"},{\"Action\":\"s3:*\",\"Condition\":{\"Bool\":{\"aws:SecureTransport\":\"false\"}},\"Effect\":\"Deny\",\"Principal\":{\"AWS\":\"*\"},\"Resource\":[\"arn:aws:s3:::unityhub-production-customer-shared-terraform-state/*\",\"arn:aws:s3:::unityhub-production-customer-shared-terraform-state\"],\"Sid\":\"EnforceTlsRequestsOnly\"}],\"Version\":\"2012-10-17\"}",
            "region": "us-east-1",
            "replication_configuration": [],
            "request_payer": "BucketOwner",
            "server_side_encryption_configuration": [
              {
                "rule": [
                  {
                    "apply_server_side_encryption_by_default": [
                      {
                        "kms_master_key_id": "",
                        "sse_algorithm": "AES256"
                      }
                    ],
                    "bucket_key_enabled": false
                  }
                ]
              }
            ],
            "tags": {
              "Attributes": "terraform-state",
              "Name": "unityhub-production-customer-shared-terraform-state",
              "Namespace": "unityhub",
              "Stage": "production"
            },
            "tags_all": {
              "Attributes": "terraform-state",
              "Name": "unityhub-production-customer-shared-terraform-state",
              "Namespace": "unityhub",
              "Stage": "production"
            },
            "timeouts": null,
            "versioning": [
              {
                "enabled": true,
                "mfa_delete": false
              }
            ],
            "website": [],
            "website_domain": null,
            "website_endpoint": null
          },
          "sensitive_attributes": [],
          "private": "eyJlMmJmYjczMC1lY2FhLTExZTYtOGY4OC0zNDM2M2JjN2M0YzAiOnsiY3JlYXRlIjoxMjAwMDAwMDAwMDAwLCJkZWxldGUiOjM2MDAwMDAwMDAwMDAsInJlYWQiOjEyMDAwMDAwMDAwMDAsInVwZGF0ZSI6MTIwMDAwMDAwMDAwMH19"
        }
      ]
    },
    {
      "module": "module.common_resources_staging.module.customer.module.terraform_state_backend_customer_shared",
      "mode": "managed",
      "type": "aws_s3_bucket_ownership_controls",
      "name": "default",
      "provider": "provider[\"registry.terraform.io/hashicorp/aws\"]",
      "instances": [
        {
          "index_key": 0,
          "schema_version": 0,
          "attributes": {
            "bucket": "unityhub-production-customer-shared-terraform-state",
            "id": "unityhub-production-customer-shared-terraform-state",
            "rule": [
              {
                "object_ownership": "BucketOwnerEnforced"
              }
            ]
          },
          "sensitive_attributes": [],
          "private": "bnVsbA==",
          "dependencies": [
            "module.common_resources_staging.module.customer.module.terraform_state_backend_customer_shared.aws_s3_bucket.default"
          ]
        }
      ]
    },
    {
      "module": "module.common_resources_staging.module.customer.module.terraform_state_backend_customer_shared",
      "mode": "managed",
      "type": "aws_s3_bucket_policy",
      "name": "default",
      "provider": "provider[\"registry.terraform.io/hashicorp/aws\"]",
      "instances": [
        {
          "index_key": 0,
          "schema_version": 0,
          "attributes": {
            "bucket": "unityhub-production-customer-shared-terraform-state",
            "id": "unityhub-production-customer-shared-terraform-state",
            "policy": "{\"Statement\":[{\"Action\":\"s3:PutObject\",\"Condition\":{\"StringNotEquals\":{\"s3:x-amz-server-side-encryption\":[\"AES256\",\"aws:kms\"]}},\"Effect\":\"Deny\",\"Principal\":{\"AWS\":\"*\"},\"Resource\":\"arn:aws:s3:::unityhub-production-customer-shared-terraform-state/*\",\"Sid\":\"DenyIncorrectEncryptionHeader\"},{\"Action\":\"s3:PutObject\",\"Condition\":{\"Null\":{\"s3:x-amz-server-side-encryption\":\"true\"}},\"Effect\":\"Deny\",\"Principal\":{\"AWS\":\"*\"},\"Resource\":\"arn:aws:s3:::unityhub-production-customer-shared-terraform-state/*\",\"Sid\":\"DenyUnEncryptedObjectUploads\"},{\"Action\":\"s3:*\",\"Condition\":{\"Bool\":{\"aws:SecureTransport\":\"false\"}},\"Effect\":\"Deny\",\"Principal\":{\"AWS\":\"*\"},\"Resource\":[\"arn:aws:s3:::unityhub-production-customer-shared-terraform-state/*\",\"arn:aws:s3:::unityhub-production-customer-shared-terraform-state\"],\"Sid\":\"EnforceTlsRequestsOnly\"}],\"Version\":\"2012-10-17\"}"
          },
          "sensitive_attributes": [],
          "private": "bnVsbA==",
          "dependencies": [
            "module.common_resources_staging.module.customer.module.terraform_state_backend_customer_shared.aws_s3_bucket.default",
            "module.common_resources_staging.module.customer.module.terraform_state_backend_customer_shared.data.aws_iam_policy_document.prevent_unencrypted_uploads"
          ]
        }
      ]
    },
    {
      "module": "module.common_resources_staging.module.customer.module.terraform_state_backend_customer_shared",
      "mode": "managed",
      "type": "aws_s3_bucket_public_access_block",
      "name": "default",
      "provider": "provider[\"registry.terraform.io/hashicorp/aws\"]",
      "instances": [
        {
          "index_key": 0,
          "schema_version": 0,
          "attributes": {
            "block_public_acls": true,
            "block_public_policy": true,
            "bucket": "unityhub-production-customer-shared-terraform-state",
            "id": "unityhub-production-customer-shared-terraform-state",
            "ignore_public_acls": true,
            "restrict_public_buckets": true
          },
          "sensitive_attributes": [],
          "private": "bnVsbA==",
          "dependencies": [
            "module.common_resources_staging.module.customer.module.terraform_state_backend_customer_shared.aws_s3_bucket.default"
          ]
        }
      ]
    },
    {
      "module": "module.common_resources_staging.module.customer.module.terraform_state_backend_customer_shared",
      "mode": "managed",
      "type": "aws_s3_bucket_server_side_encryption_configuration",
      "name": "default",
      "provider": "provider[\"registry.terraform.io/hashicorp/aws\"]",
      "instances": [
        {
          "index_key": 0,
          "schema_version": 0,
          "attributes": {
            "bucket": "unityhub-production-customer-shared-terraform-state",
            "expected_bucket_owner": "",
            "id": "unityhub-production-customer-shared-terraform-state",
            "rule": [
              {
                "apply_server_side_encryption_by_default": [
                  {
                    "kms_master_key_id": "",
                    "sse_algorithm": "AES256"
                  }
                ],
                "bucket_key_enabled": false
              }
            ]
          },
          "sensitive_attributes": [],
          "private": "bnVsbA==",
          "dependencies": [
            "module.common_resources_staging.module.customer.module.terraform_state_backend_customer_shared.aws_s3_bucket.default"
          ]
        }
      ]
    },
    {
      "module": "module.common_resources_staging.module.customer.module.terraform_state_backend_customer_shared",
      "mode": "managed",
      "type": "aws_s3_bucket_versioning",
      "name": "default",
      "provider": "provider[\"registry.terraform.io/hashicorp/aws\"]",
      "instances": [
        {
          "index_key": 0,
          "schema_version": 0,
          "attributes": {
            "bucket": "unityhub-production-customer-shared-terraform-state",
            "expected_bucket_owner": "",
            "id": "unityhub-production-customer-shared-terraform-state",
            "mfa": null,
            "versioning_configuration": [
              {
                "mfa_delete": "Disabled",
                "status": "Enabled"
              }
            ]
          },
          "sensitive_attributes": [],
          "private": "bnVsbA==",
          "dependencies": [
            "module.common_resources_staging.module.customer.module.terraform_state_backend_customer_shared.aws_s3_bucket.default"
          ]
        }
      ]
    },
    {
      "module": "module.common_resources_staging.module.customer.module.terraform_state_backend_customer_shared",
      "mode": "managed",
      "type": "local_file",
      "name": "terraform_backend_config",
      "provider": "provider[\"registry.terraform.io/hashicorp/local\"]",
      "instances": [
        {
          "index_key": 0,
          "schema_version": 0,
          "attributes": {
            "content": "terraform {\n  required_version = \"\u003e= 1.0.0\"\n\n  backend \"s3\" {\n    region         = \"us-east-1\"\n    bucket         = \"unityhub-production-customer-shared-terraform-state\"\n    key            = \"terraform.tfstate\"\n    dynamodb_table = \"unityhub-production-customer-shared-terraform-state-lock\"\n    profile        = \"\"\n    role_arn       = \"\"\n    encrypt        = \"true\"\n  }\n}\n",
            "content_base64": null,
            "content_base64sha256": "Qick+FmPqa9fpTjZK7pRs1kD4hqwQ76NCL2yHXW7IOk=",
            "content_base64sha512": "mLr/ABEjMNERfTI8k7KfaTFKONC1jI+SvLkT0lI+Wy7kt4gypkEXxVfWPSyP1dgfhEIZZ3ObnstYB2w7Mg7jxA==",
            "content_md5": "3558eeb319027003d774525cc2a61e12",
            "content_sha1": "eb800e220e5fd85f0345d17fa8726b1bd3a228b6",
            "content_sha256": "422724f8598fa9af5fa538d92bba51b35903e21ab043be8d08bdb21d75bb20e9",
            "content_sha512": "98baff00112330d1117d323c93b29f69314a38d0b58c8f92bcb913d2523e5b2ee4b78832a64117c557d63d2c8fd5d81f84421967739b9ecb58076c3b320ee3c4",
            "directory_permission": "0777",
            "file_permission": "0644",
            "filename": "./backend/backend_customer_shared.tf",
            "id": "eb800e220e5fd85f0345d17fa8726b1bd3a228b6",
            "sensitive_content": null,
            "source": null
          },
          "sensitive_attributes": [
            [
              {
                "type": "get_attr",
                "value": "sensitive_content"
              }
            ]
          ],
          "dependencies": [
            "module.common_resources_staging.module.customer.module.terraform_state_backend_customer_shared.aws_dynamodb_table.with_server_side_encryption",
            "module.common_resources_staging.module.customer.module.terraform_state_backend_customer_shared.aws_s3_bucket.default",
            "module.common_resources_staging.module.customer.module.terraform_state_backend_customer_shared.data.aws_region.current"
          ]
        }
      ]
    },
    {
      "module": "module.common_resources_staging.module.gcp_oneoff.module.terraform_state_backend_gcp_oneoff",
      "mode": "data",
      "type": "aws_iam_policy_document",
      "name": "prevent_unencrypted_uploads",
      "provider": "provider[\"registry.terraform.io/hashicorp/aws\"]",
      "instances": [
        {
          "index_key": 0,
          "schema_version": 0,
          "attributes": {
            "id": "1822776819",
            "json": "{\n  \"Version\": \"2012-10-17\",\n  \"Statement\": [\n    {\n      \"Sid\": \"DenyIncorrectEncryptionHeader\",\n      \"Effect\": \"Deny\",\n      \"Action\": \"s3:PutObject\",\n      \"Resource\": \"arn:aws:s3:::unityhub-production-gcp-oneoff-terraform-state/*\",\n      \"Principal\": {\n        \"AWS\": \"*\"\n      },\n      \"Condition\": {\n        \"StringNotEquals\": {\n          \"s3:x-amz-server-side-encryption\": [\n            \"AES256\",\n            \"aws:kms\"\n          ]\n        }\n      }\n    },\n    {\n      \"Sid\": \"DenyUnEncryptedObjectUploads\",\n      \"Effect\": \"Deny\",\n      \"Action\": \"s3:PutObject\",\n      \"Resource\": \"arn:aws:s3:::unityhub-production-gcp-oneoff-terraform-state/*\",\n      \"Principal\": {\n        \"AWS\": \"*\"\n      },\n      \"Condition\": {\n        \"Null\": {\n          \"s3:x-amz-server-side-encryption\": \"true\"\n        }\n      }\n    },\n    {\n      \"Sid\": \"EnforceTlsRequestsOnly\",\n      \"Effect\": \"Deny\",\n      \"Action\": \"s3:*\",\n      \"Resource\": [\n        \"arn:aws:s3:::unityhub-production-gcp-oneoff-terraform-state/*\",\n        \"arn:aws:s3:::unityhub-production-gcp-oneoff-terraform-state\"\n      ],\n      \"Principal\": {\n        \"AWS\": \"*\"\n      },\n      \"Condition\": {\n        \"Bool\": {\n          \"aws:SecureTransport\": \"false\"\n        }\n      }\n    }\n  ]\n}",
            "minified_json": "{\"Version\":\"2012-10-17\",\"Statement\":[{\"Sid\":\"DenyIncorrectEncryptionHeader\",\"Effect\":\"Deny\",\"Action\":\"s3:PutObject\",\"Resource\":\"arn:aws:s3:::unityhub-production-gcp-oneoff-terraform-state/*\",\"Principal\":{\"AWS\":\"*\"},\"Condition\":{\"StringNotEquals\":{\"s3:x-amz-server-side-encryption\":[\"AES256\",\"aws:kms\"]}}},{\"Sid\":\"DenyUnEncryptedObjectUploads\",\"Effect\":\"Deny\",\"Action\":\"s3:PutObject\",\"Resource\":\"arn:aws:s3:::unityhub-production-gcp-oneoff-terraform-state/*\",\"Principal\":{\"AWS\":\"*\"},\"Condition\":{\"Null\":{\"s3:x-amz-server-side-encryption\":\"true\"}}},{\"Sid\":\"EnforceTlsRequestsOnly\",\"Effect\":\"Deny\",\"Action\":\"s3:*\",\"Resource\":[\"arn:aws:s3:::unityhub-production-gcp-oneoff-terraform-state/*\",\"arn:aws:s3:::unityhub-production-gcp-oneoff-terraform-state\"],\"Principal\":{\"AWS\":\"*\"},\"Condition\":{\"Bool\":{\"aws:SecureTransport\":\"false\"}}}]}",
            "override_json": null,
            "override_policy_documents": null,
            "policy_id": null,
            "source_json": null,
            "source_policy_documents": null,
            "statement": [
              {
                "actions": [
                  "s3:PutObject"
                ],
                "condition": [
                  {
                    "test": "StringNotEquals",
                    "values": [
                      "AES256",
                      "aws:kms"
                    ],
                    "variable": "s3:x-amz-server-side-encryption"
                  }
                ],
                "effect": "Deny",
                "not_actions": [],
                "not_principals": [],
                "not_resources": [],
                "principals": [
                  {
                    "identifiers": [
                      "*"
                    ],
                    "type": "AWS"
                  }
                ],
                "resources": [
                  "arn:aws:s3:::unityhub-production-gcp-oneoff-terraform-state/*"
                ],
                "sid": "DenyIncorrectEncryptionHeader"
              },
              {
                "actions": [
                  "s3:PutObject"
                ],
                "condition": [
                  {
                    "test": "Null",
                    "values": [
                      "true"
                    ],
                    "variable": "s3:x-amz-server-side-encryption"
                  }
                ],
                "effect": "Deny",
                "not_actions": [],
                "not_principals": [],
                "not_resources": [],
                "principals": [
                  {
                    "identifiers": [
                      "*"
                    ],
                    "type": "AWS"
                  }
                ],
                "resources": [
                  "arn:aws:s3:::unityhub-production-gcp-oneoff-terraform-state/*"
                ],
                "sid": "DenyUnEncryptedObjectUploads"
              },
              {
                "actions": [
                  "s3:*"
                ],
                "condition": [
                  {
                    "test": "Bool",
                    "values": [
                      "false"
                    ],
                    "variable": "aws:SecureTransport"
                  }
                ],
                "effect": "Deny",
                "not_actions": [],
                "not_principals": [],
                "not_resources": [],
                "principals": [
                  {
                    "identifiers": [
                      "*"
                    ],
                    "type": "AWS"
                  }
                ],
                "resources": [
                  "arn:aws:s3:::unityhub-production-gcp-oneoff-terraform-state",
                  "arn:aws:s3:::unityhub-production-gcp-oneoff-terraform-state/*"
                ],
                "sid": "EnforceTlsRequestsOnly"
              }
            ],
            "version": "2012-10-17"
          },
          "sensitive_attributes": []
        }
      ]
    },
    {
      "module": "module.common_resources_staging.module.gcp_oneoff.module.terraform_state_backend_gcp_oneoff",
      "mode": "data",
      "type": "aws_region",
      "name": "current",
      "provider": "provider[\"registry.terraform.io/hashicorp/aws\"]",
      "instances": [
        {
          "schema_version": 0,
          "attributes": {
            "description": "US East (N. Virginia)",
            "endpoint": "ec2.us-east-1.amazonaws.com",
            "id": "us-east-1",
            "name": "us-east-1"
          },
          "sensitive_attributes": []
        }
      ]
    },
    {
      "module": "module.common_resources_staging.module.gcp_oneoff.module.terraform_state_backend_gcp_oneoff",
      "mode": "managed",
      "type": "aws_dynamodb_table",
      "name": "with_server_side_encryption",
      "provider": "provider[\"registry.terraform.io/hashicorp/aws\"]",
      "instances": [
        {
          "index_key": 0,
          "schema_version": 1,
          "attributes": {
            "arn": "arn:aws:dynamodb:us-east-1:514472330244:table/unityhub-production-gcp-oneoff-terraform-state-lock",
            "attribute": [
              {
                "name": "LockID",
                "type": "S"
              }
            ],
            "billing_mode": "PAY_PER_REQUEST",
            "deletion_protection_enabled": false,
            "global_secondary_index": [],
            "hash_key": "LockID",
            "id": "unityhub-production-gcp-oneoff-terraform-state-lock",
            "import_table": [],
            "local_secondary_index": [],
            "name": "unityhub-production-gcp-oneoff-terraform-state-lock",
            "point_in_time_recovery": [
              {
                "enabled": true
              }
            ],
            "range_key": null,
            "read_capacity": 0,
            "replica": [],
            "restore_date_time": null,
            "restore_source_name": null,
            "restore_source_table_arn": null,
            "restore_to_latest_time": null,
            "server_side_encryption": [
              {
                "enabled": true,
                "kms_key_arn": ""
              }
            ],
            "stream_arn": "",
            "stream_enabled": false,
            "stream_label": "",
            "stream_view_type": "",
            "table_class": "STANDARD",
            "tags": {
              "Attributes": "terraform-state-lock",
              "Name": "unityhub-production-gcp-oneoff-terraform-state-lock",
              "Namespace": "unityhub",
              "Stage": "production"
            },
            "tags_all": {
              "Attributes": "terraform-state-lock",
              "Name": "unityhub-production-gcp-oneoff-terraform-state-lock",
              "Namespace": "unityhub",
              "Stage": "production"
            },
            "timeouts": null,
            "ttl": [
              {
                "attribute_name": "",
                "enabled": false
              }
            ],
            "write_capacity": 0
          },
          "sensitive_attributes": [],
          "private": "eyJlMmJmYjczMC1lY2FhLTExZTYtOGY4OC0zNDM2M2JjN2M0YzAiOnsiY3JlYXRlIjoxODAwMDAwMDAwMDAwLCJkZWxldGUiOjYwMDAwMDAwMDAwMCwidXBkYXRlIjozNjAwMDAwMDAwMDAwfSwic2NoZW1hX3ZlcnNpb24iOiIxIn0="
        }
      ]
    },
    {
      "module": "module.common_resources_staging.module.gcp_oneoff.module.terraform_state_backend_gcp_oneoff",
      "mode": "managed",
      "type": "aws_s3_bucket",
      "name": "default",
      "provider": "provider[\"registry.terraform.io/hashicorp/aws\"]",
      "instances": [
        {
          "index_key": 0,
          "schema_version": 0,
          "attributes": {
            "acceleration_status": "",
            "acl": null,
            "arn": "arn:aws:s3:::unityhub-production-gcp-oneoff-terraform-state",
            "bucket": "unityhub-production-gcp-oneoff-terraform-state",
            "bucket_domain_name": "unityhub-production-gcp-oneoff-terraform-state.s3.amazonaws.com",
            "bucket_prefix": "",
            "bucket_regional_domain_name": "unityhub-production-gcp-oneoff-terraform-state.s3.us-east-1.amazonaws.com",
            "cors_rule": [],
            "force_destroy": true,
            "grant": [
              {
                "id": "bea86176a486e69a83b4227063efa3be9eb4b243551739d81a6a4b41ec8b3461",
                "permissions": [
                  "FULL_CONTROL"
                ],
                "type": "CanonicalUser",
                "uri": ""
              }
            ],
            "hosted_zone_id": "Z3AQBSTGFYJSTF",
            "id": "unityhub-production-gcp-oneoff-terraform-state",
            "lifecycle_rule": [],
            "logging": [],
            "object_lock_configuration": [],
            "object_lock_enabled": false,
            "policy": "{\"Statement\":[{\"Action\":\"s3:PutObject\",\"Condition\":{\"StringNotEquals\":{\"s3:x-amz-server-side-encryption\":[\"AES256\",\"aws:kms\"]}},\"Effect\":\"Deny\",\"Principal\":{\"AWS\":\"*\"},\"Resource\":\"arn:aws:s3:::unityhub-production-gcp-oneoff-terraform-state/*\",\"Sid\":\"DenyIncorrectEncryptionHeader\"},{\"Action\":\"s3:PutObject\",\"Condition\":{\"Null\":{\"s3:x-amz-server-side-encryption\":\"true\"}},\"Effect\":\"Deny\",\"Principal\":{\"AWS\":\"*\"},\"Resource\":\"arn:aws:s3:::unityhub-production-gcp-oneoff-terraform-state/*\",\"Sid\":\"DenyUnEncryptedObjectUploads\"},{\"Action\":\"s3:*\",\"Condition\":{\"Bool\":{\"aws:SecureTransport\":\"false\"}},\"Effect\":\"Deny\",\"Principal\":{\"AWS\":\"*\"},\"Resource\":[\"arn:aws:s3:::unityhub-production-gcp-oneoff-terraform-state/*\",\"arn:aws:s3:::unityhub-production-gcp-oneoff-terraform-state\"],\"Sid\":\"EnforceTlsRequestsOnly\"}],\"Version\":\"2012-10-17\"}",
            "region": "us-east-1",
            "replication_configuration": [],
            "request_payer": "BucketOwner",
            "server_side_encryption_configuration": [
              {
                "rule": [
                  {
                    "apply_server_side_encryption_by_default": [
                      {
                        "kms_master_key_id": "",
                        "sse_algorithm": "AES256"
                      }
                    ],
                    "bucket_key_enabled": false
                  }
                ]
              }
            ],
            "tags": {
              "Attributes": "terraform-state",
              "Name": "unityhub-production-gcp-oneoff-terraform-state",
              "Namespace": "unityhub",
              "Stage": "production"
            },
            "tags_all": {
              "Attributes": "terraform-state",
              "Name": "unityhub-production-gcp-oneoff-terraform-state",
              "Namespace": "unityhub",
              "Stage": "production"
            },
            "timeouts": null,
            "versioning": [
              {
                "enabled": true,
                "mfa_delete": false
              }
            ],
            "website": [],
            "website_domain": null,
            "website_endpoint": null
          },
          "sensitive_attributes": [],
          "private": "eyJlMmJmYjczMC1lY2FhLTExZTYtOGY4OC0zNDM2M2JjN2M0YzAiOnsiY3JlYXRlIjoxMjAwMDAwMDAwMDAwLCJkZWxldGUiOjM2MDAwMDAwMDAwMDAsInJlYWQiOjEyMDAwMDAwMDAwMDAsInVwZGF0ZSI6MTIwMDAwMDAwMDAwMH19"
        }
      ]
    },
    {
      "module": "module.common_resources_staging.module.gcp_oneoff.module.terraform_state_backend_gcp_oneoff",
      "mode": "managed",
      "type": "aws_s3_bucket_ownership_controls",
      "name": "default",
      "provider": "provider[\"registry.terraform.io/hashicorp/aws\"]",
      "instances": [
        {
          "index_key": 0,
          "schema_version": 0,
          "attributes": {
            "bucket": "unityhub-production-gcp-oneoff-terraform-state",
            "id": "unityhub-production-gcp-oneoff-terraform-state",
            "rule": [
              {
                "object_ownership": "BucketOwnerEnforced"
              }
            ]
          },
          "sensitive_attributes": [],
          "private": "bnVsbA==",
          "dependencies": [
            "module.common_resources_staging.module.gcp_oneoff.module.terraform_state_backend_gcp_oneoff.aws_s3_bucket.default"
          ]
        }
      ]
    },
    {
      "module": "module.common_resources_staging.module.gcp_oneoff.module.terraform_state_backend_gcp_oneoff",
      "mode": "managed",
      "type": "aws_s3_bucket_policy",
      "name": "default",
      "provider": "provider[\"registry.terraform.io/hashicorp/aws\"]",
      "instances": [
        {
          "index_key": 0,
          "schema_version": 0,
          "attributes": {
            "bucket": "unityhub-production-gcp-oneoff-terraform-state",
            "id": "unityhub-production-gcp-oneoff-terraform-state",
            "policy": "{\"Statement\":[{\"Action\":\"s3:PutObject\",\"Condition\":{\"StringNotEquals\":{\"s3:x-amz-server-side-encryption\":[\"AES256\",\"aws:kms\"]}},\"Effect\":\"Deny\",\"Principal\":{\"AWS\":\"*\"},\"Resource\":\"arn:aws:s3:::unityhub-production-gcp-oneoff-terraform-state/*\",\"Sid\":\"DenyIncorrectEncryptionHeader\"},{\"Action\":\"s3:PutObject\",\"Condition\":{\"Null\":{\"s3:x-amz-server-side-encryption\":\"true\"}},\"Effect\":\"Deny\",\"Principal\":{\"AWS\":\"*\"},\"Resource\":\"arn:aws:s3:::unityhub-production-gcp-oneoff-terraform-state/*\",\"Sid\":\"DenyUnEncryptedObjectUploads\"},{\"Action\":\"s3:*\",\"Condition\":{\"Bool\":{\"aws:SecureTransport\":\"false\"}},\"Effect\":\"Deny\",\"Principal\":{\"AWS\":\"*\"},\"Resource\":[\"arn:aws:s3:::unityhub-production-gcp-oneoff-terraform-state/*\",\"arn:aws:s3:::unityhub-production-gcp-oneoff-terraform-state\"],\"Sid\":\"EnforceTlsRequestsOnly\"}],\"Version\":\"2012-10-17\"}"
          },
          "sensitive_attributes": [],
          "private": "bnVsbA==",
          "dependencies": [
            "module.common_resources_staging.module.gcp_oneoff.module.terraform_state_backend_gcp_oneoff.aws_s3_bucket.default",
            "module.common_resources_staging.module.gcp_oneoff.module.terraform_state_backend_gcp_oneoff.data.aws_iam_policy_document.prevent_unencrypted_uploads"
          ]
        }
      ]
    },
    {
      "module": "module.common_resources_staging.module.gcp_oneoff.module.terraform_state_backend_gcp_oneoff",
      "mode": "managed",
      "type": "aws_s3_bucket_public_access_block",
      "name": "default",
      "provider": "provider[\"registry.terraform.io/hashicorp/aws\"]",
      "instances": [
        {
          "index_key": 0,
          "schema_version": 0,
          "attributes": {
            "block_public_acls": true,
            "block_public_policy": true,
            "bucket": "unityhub-production-gcp-oneoff-terraform-state",
            "id": "unityhub-production-gcp-oneoff-terraform-state",
            "ignore_public_acls": true,
            "restrict_public_buckets": true
          },
          "sensitive_attributes": [],
          "private": "bnVsbA==",
          "dependencies": [
            "module.common_resources_staging.module.gcp_oneoff.module.terraform_state_backend_gcp_oneoff.aws_s3_bucket.default"
          ]
        }
      ]
    },
    {
      "module": "module.common_resources_staging.module.gcp_oneoff.module.terraform_state_backend_gcp_oneoff",
      "mode": "managed",
      "type": "aws_s3_bucket_server_side_encryption_configuration",
      "name": "default",
      "provider": "provider[\"registry.terraform.io/hashicorp/aws\"]",
      "instances": [
        {
          "index_key": 0,
          "schema_version": 0,
          "attributes": {
            "bucket": "unityhub-production-gcp-oneoff-terraform-state",
            "expected_bucket_owner": "",
            "id": "unityhub-production-gcp-oneoff-terraform-state",
            "rule": [
              {
                "apply_server_side_encryption_by_default": [
                  {
                    "kms_master_key_id": "",
                    "sse_algorithm": "AES256"
                  }
                ],
                "bucket_key_enabled": false
              }
            ]
          },
          "sensitive_attributes": [],
          "private": "bnVsbA==",
          "dependencies": [
            "module.common_resources_staging.module.gcp_oneoff.module.terraform_state_backend_gcp_oneoff.aws_s3_bucket.default"
          ]
        }
      ]
    },
    {
      "module": "module.common_resources_staging.module.gcp_oneoff.module.terraform_state_backend_gcp_oneoff",
      "mode": "managed",
      "type": "aws_s3_bucket_versioning",
      "name": "default",
      "provider": "provider[\"registry.terraform.io/hashicorp/aws\"]",
      "instances": [
        {
          "index_key": 0,
          "schema_version": 0,
          "attributes": {
            "bucket": "unityhub-production-gcp-oneoff-terraform-state",
            "expected_bucket_owner": "",
            "id": "unityhub-production-gcp-oneoff-terraform-state",
            "mfa": null,
            "versioning_configuration": [
              {
                "mfa_delete": "Disabled",
                "status": "Enabled"
              }
            ]
          },
          "sensitive_attributes": [],
          "private": "bnVsbA==",
          "dependencies": [
            "module.common_resources_staging.module.gcp_oneoff.module.terraform_state_backend_gcp_oneoff.aws_s3_bucket.default"
          ]
        }
      ]
    },
    {
      "module": "module.common_resources_staging.module.gcp_oneoff.module.terraform_state_backend_gcp_oneoff",
      "mode": "managed",
      "type": "local_file",
      "name": "terraform_backend_config",
      "provider": "provider[\"registry.terraform.io/hashicorp/local\"]",
      "instances": [
        {
          "index_key": 0,
          "schema_version": 0,
          "attributes": {
            "content": "terraform {\n  required_version = \"\u003e= 1.0.0\"\n\n  backend \"s3\" {\n    region         = \"us-east-1\"\n    bucket         = \"unityhub-production-gcp-oneoff-terraform-state\"\n    key            = \"terraform.tfstate\"\n    dynamodb_table = \"unityhub-production-gcp-oneoff-terraform-state-lock\"\n    profile        = \"\"\n    role_arn       = \"\"\n    encrypt        = \"true\"\n  }\n}\n",
            "content_base64": null,
            "content_base64sha256": "uMx9egcN4NYLm+9gSePZQYdWLk/STax1RsNOwdtMiQQ=",
            "content_base64sha512": "WkWoAgvEW6+tt20WgpSCk6oHAxAcaZmvodIJdOUVR3bHqMoSdhhXCX0DNGIp8E7Vl/CtNbTzMYKeBeLGtWpRmA==",
            "content_md5": "88ad1e3ad106fc0e2b3083b4df8fb33f",
            "content_sha1": "cac2eb5a426e40d38f53967c24ba7cad62ba8601",
            "content_sha256": "b8cc7d7a070de0d60b9bef6049e3d94187562e4fd24dac7546c34ec1db4c8904",
            "content_sha512": "5a45a8020bc45bafadb76d1682948293aa0703101c6999afa1d20974e5154776c7a8ca12761857097d03346229f04ed597f0ad35b4f331829e05e2c6b56a5198",
            "directory_permission": "0777",
            "file_permission": "0644",
            "filename": "./backend/backend_gcp_oneoff.tf",
            "id": "cac2eb5a426e40d38f53967c24ba7cad62ba8601",
            "sensitive_content": null,
            "source": null
          },
          "sensitive_attributes": [
            [
              {
                "type": "get_attr",
                "value": "sensitive_content"
              }
            ]
          ],
          "dependencies": [
            "module.common_resources_staging.module.gcp_oneoff.module.terraform_state_backend_gcp_oneoff.aws_dynamodb_table.with_server_side_encryption",
            "module.common_resources_staging.module.gcp_oneoff.module.terraform_state_backend_gcp_oneoff.aws_s3_bucket.default",
            "module.common_resources_staging.module.gcp_oneoff.module.terraform_state_backend_gcp_oneoff.data.aws_region.current"
          ]
        }
      ]
    },
    {
      "module": "module.common_resources_staging.module.location.module.terraform_state_backend_location_shared",
      "mode": "data",
      "type": "aws_iam_policy_document",
      "name": "prevent_unencrypted_uploads",
      "provider": "provider[\"registry.terraform.io/hashicorp/aws\"]",
      "instances": [
        {
          "index_key": 0,
          "schema_version": 0,
          "attributes": {
            "id": "2421815740",
            "json": "{\n  \"Version\": \"2012-10-17\",\n  \"Statement\": [\n    {\n      \"Sid\": \"DenyIncorrectEncryptionHeader\",\n      \"Effect\": \"Deny\",\n      \"Action\": \"s3:PutObject\",\n      \"Resource\": \"arn:aws:s3:::unityhub-production-location-shared-terraform-state/*\",\n      \"Principal\": {\n        \"AWS\": \"*\"\n      },\n      \"Condition\": {\n        \"StringNotEquals\": {\n          \"s3:x-amz-server-side-encryption\": [\n            \"AES256\",\n            \"aws:kms\"\n          ]\n        }\n      }\n    },\n    {\n      \"Sid\": \"DenyUnEncryptedObjectUploads\",\n      \"Effect\": \"Deny\",\n      \"Action\": \"s3:PutObject\",\n      \"Resource\": \"arn:aws:s3:::unityhub-production-location-shared-terraform-state/*\",\n      \"Principal\": {\n        \"AWS\": \"*\"\n      },\n      \"Condition\": {\n        \"Null\": {\n          \"s3:x-amz-server-side-encryption\": \"true\"\n        }\n      }\n    },\n    {\n      \"Sid\": \"EnforceTlsRequestsOnly\",\n      \"Effect\": \"Deny\",\n      \"Action\": \"s3:*\",\n      \"Resource\": [\n        \"arn:aws:s3:::unityhub-production-location-shared-terraform-state/*\",\n        \"arn:aws:s3:::unityhub-production-location-shared-terraform-state\"\n      ],\n      \"Principal\": {\n        \"AWS\": \"*\"\n      },\n      \"Condition\": {\n        \"Bool\": {\n          \"aws:SecureTransport\": \"false\"\n        }\n      }\n    }\n  ]\n}",
            "minified_json": "{\"Version\":\"2012-10-17\",\"Statement\":[{\"Sid\":\"DenyIncorrectEncryptionHeader\",\"Effect\":\"Deny\",\"Action\":\"s3:PutObject\",\"Resource\":\"arn:aws:s3:::unityhub-production-location-shared-terraform-state/*\",\"Principal\":{\"AWS\":\"*\"},\"Condition\":{\"StringNotEquals\":{\"s3:x-amz-server-side-encryption\":[\"AES256\",\"aws:kms\"]}}},{\"Sid\":\"DenyUnEncryptedObjectUploads\",\"Effect\":\"Deny\",\"Action\":\"s3:PutObject\",\"Resource\":\"arn:aws:s3:::unityhub-production-location-shared-terraform-state/*\",\"Principal\":{\"AWS\":\"*\"},\"Condition\":{\"Null\":{\"s3:x-amz-server-side-encryption\":\"true\"}}},{\"Sid\":\"EnforceTlsRequestsOnly\",\"Effect\":\"Deny\",\"Action\":\"s3:*\",\"Resource\":[\"arn:aws:s3:::unityhub-production-location-shared-terraform-state/*\",\"arn:aws:s3:::unityhub-production-location-shared-terraform-state\"],\"Principal\":{\"AWS\":\"*\"},\"Condition\":{\"Bool\":{\"aws:SecureTransport\":\"false\"}}}]}",
            "override_json": null,
            "override_policy_documents": null,
            "policy_id": null,
            "source_json": null,
            "source_policy_documents": null,
            "statement": [
              {
                "actions": [
                  "s3:PutObject"
                ],
                "condition": [
                  {
                    "test": "StringNotEquals",
                    "values": [
                      "AES256",
                      "aws:kms"
                    ],
                    "variable": "s3:x-amz-server-side-encryption"
                  }
                ],
                "effect": "Deny",
                "not_actions": [],
                "not_principals": [],
                "not_resources": [],
                "principals": [
                  {
                    "identifiers": [
                      "*"
                    ],
                    "type": "AWS"
                  }
                ],
                "resources": [
                  "arn:aws:s3:::unityhub-production-location-shared-terraform-state/*"
                ],
                "sid": "DenyIncorrectEncryptionHeader"
              },
              {
                "actions": [
                  "s3:PutObject"
                ],
                "condition": [
                  {
                    "test": "Null",
                    "values": [
                      "true"
                    ],
                    "variable": "s3:x-amz-server-side-encryption"
                  }
                ],
                "effect": "Deny",
                "not_actions": [],
                "not_principals": [],
                "not_resources": [],
                "principals": [
                  {
                    "identifiers": [
                      "*"
                    ],
                    "type": "AWS"
                  }
                ],
                "resources": [
                  "arn:aws:s3:::unityhub-production-location-shared-terraform-state/*"
                ],
                "sid": "DenyUnEncryptedObjectUploads"
              },
              {
                "actions": [
                  "s3:*"
                ],
                "condition": [
                  {
                    "test": "Bool",
                    "values": [
                      "false"
                    ],
                    "variable": "aws:SecureTransport"
                  }
                ],
                "effect": "Deny",
                "not_actions": [],
                "not_principals": [],
                "not_resources": [],
                "principals": [
                  {
                    "identifiers": [
                      "*"
                    ],
                    "type": "AWS"
                  }
                ],
                "resources": [
                  "arn:aws:s3:::unityhub-production-location-shared-terraform-state",
                  "arn:aws:s3:::unityhub-production-location-shared-terraform-state/*"
                ],
                "sid": "EnforceTlsRequestsOnly"
              }
            ],
            "version": "2012-10-17"
          },
          "sensitive_attributes": []
        }
      ]
    },
    {
      "module": "module.common_resources_staging.module.location.module.terraform_state_backend_location_shared",
      "mode": "data",
      "type": "aws_region",
      "name": "current",
      "provider": "provider[\"registry.terraform.io/hashicorp/aws\"]",
      "instances": [
        {
          "schema_version": 0,
          "attributes": {
            "description": "US East (N. Virginia)",
            "endpoint": "ec2.us-east-1.amazonaws.com",
            "id": "us-east-1",
            "name": "us-east-1"
          },
          "sensitive_attributes": []
        }
      ]
    },
    {
      "module": "module.common_resources_staging.module.location.module.terraform_state_backend_location_shared",
      "mode": "managed",
      "type": "aws_dynamodb_table",
      "name": "with_server_side_encryption",
      "provider": "provider[\"registry.terraform.io/hashicorp/aws\"]",
      "instances": [
        {
          "index_key": 0,
          "schema_version": 1,
          "attributes": {
            "arn": "arn:aws:dynamodb:us-east-1:514472330244:table/unityhub-production-location-shared-terraform-state-lock",
            "attribute": [
              {
                "name": "LockID",
                "type": "S"
              }
            ],
            "billing_mode": "PAY_PER_REQUEST",
            "deletion_protection_enabled": false,
            "global_secondary_index": [],
            "hash_key": "LockID",
            "id": "unityhub-production-location-shared-terraform-state-lock",
            "import_table": [],
            "local_secondary_index": [],
            "name": "unityhub-production-location-shared-terraform-state-lock",
            "point_in_time_recovery": [
              {
                "enabled": true
              }
            ],
            "range_key": null,
            "read_capacity": 0,
            "replica": [],
            "restore_date_time": null,
            "restore_source_name": null,
            "restore_source_table_arn": null,
            "restore_to_latest_time": null,
            "server_side_encryption": [
              {
                "enabled": true,
                "kms_key_arn": ""
              }
            ],
            "stream_arn": "",
            "stream_enabled": false,
            "stream_label": "",
            "stream_view_type": "",
            "table_class": "STANDARD",
            "tags": {
              "Attributes": "terraform-state-lock",
              "Name": "unityhub-production-location-shared-terraform-state-lock",
              "Namespace": "unityhub",
              "Stage": "production"
            },
            "tags_all": {
              "Attributes": "terraform-state-lock",
              "Name": "unityhub-production-location-shared-terraform-state-lock",
              "Namespace": "unityhub",
              "Stage": "production"
            },
            "timeouts": null,
            "ttl": [
              {
                "attribute_name": "",
                "enabled": false
              }
            ],
            "write_capacity": 0
          },
          "sensitive_attributes": [],
          "private": "eyJlMmJmYjczMC1lY2FhLTExZTYtOGY4OC0zNDM2M2JjN2M0YzAiOnsiY3JlYXRlIjoxODAwMDAwMDAwMDAwLCJkZWxldGUiOjYwMDAwMDAwMDAwMCwidXBkYXRlIjozNjAwMDAwMDAwMDAwfSwic2NoZW1hX3ZlcnNpb24iOiIxIn0="
        }
      ]
    },
    {
      "module": "module.common_resources_staging.module.location.module.terraform_state_backend_location_shared",
      "mode": "managed",
      "type": "aws_s3_bucket",
      "name": "default",
      "provider": "provider[\"registry.terraform.io/hashicorp/aws\"]",
      "instances": [
        {
          "index_key": 0,
          "schema_version": 0,
          "attributes": {
            "acceleration_status": "",
            "acl": null,
            "arn": "arn:aws:s3:::unityhub-production-location-shared-terraform-state",
            "bucket": "unityhub-production-location-shared-terraform-state",
            "bucket_domain_name": "unityhub-production-location-shared-terraform-state.s3.amazonaws.com",
            "bucket_prefix": "",
            "bucket_regional_domain_name": "unityhub-production-location-shared-terraform-state.s3.us-east-1.amazonaws.com",
            "cors_rule": [],
            "force_destroy": true,
            "grant": [
              {
                "id": "bea86176a486e69a83b4227063efa3be9eb4b243551739d81a6a4b41ec8b3461",
                "permissions": [
                  "FULL_CONTROL"
                ],
                "type": "CanonicalUser",
                "uri": ""
              }
            ],
            "hosted_zone_id": "Z3AQBSTGFYJSTF",
            "id": "unityhub-production-location-shared-terraform-state",
            "lifecycle_rule": [],
            "logging": [],
            "object_lock_configuration": [],
            "object_lock_enabled": false,
            "policy": "{\"Statement\":[{\"Action\":\"s3:PutObject\",\"Condition\":{\"StringNotEquals\":{\"s3:x-amz-server-side-encryption\":[\"AES256\",\"aws:kms\"]}},\"Effect\":\"Deny\",\"Principal\":{\"AWS\":\"*\"},\"Resource\":\"arn:aws:s3:::unityhub-production-location-shared-terraform-state/*\",\"Sid\":\"DenyIncorrectEncryptionHeader\"},{\"Action\":\"s3:PutObject\",\"Condition\":{\"Null\":{\"s3:x-amz-server-side-encryption\":\"true\"}},\"Effect\":\"Deny\",\"Principal\":{\"AWS\":\"*\"},\"Resource\":\"arn:aws:s3:::unityhub-production-location-shared-terraform-state/*\",\"Sid\":\"DenyUnEncryptedObjectUploads\"},{\"Action\":\"s3:*\",\"Condition\":{\"Bool\":{\"aws:SecureTransport\":\"false\"}},\"Effect\":\"Deny\",\"Principal\":{\"AWS\":\"*\"},\"Resource\":[\"arn:aws:s3:::unityhub-production-location-shared-terraform-state/*\",\"arn:aws:s3:::unityhub-production-location-shared-terraform-state\"],\"Sid\":\"EnforceTlsRequestsOnly\"}],\"Version\":\"2012-10-17\"}",
            "region": "us-east-1",
            "replication_configuration": [],
            "request_payer": "BucketOwner",
            "server_side_encryption_configuration": [
              {
                "rule": [
                  {
                    "apply_server_side_encryption_by_default": [
                      {
                        "kms_master_key_id": "",
                        "sse_algorithm": "AES256"
                      }
                    ],
                    "bucket_key_enabled": false
                  }
                ]
              }
            ],
            "tags": {
              "Attributes": "terraform-state",
              "Name": "unityhub-production-location-shared-terraform-state",
              "Namespace": "unityhub",
              "Stage": "production"
            },
            "tags_all": {
              "Attributes": "terraform-state",
              "Name": "unityhub-production-location-shared-terraform-state",
              "Namespace": "unityhub",
              "Stage": "production"
            },
            "timeouts": null,
            "versioning": [
              {
                "enabled": true,
                "mfa_delete": false
              }
            ],
            "website": [],
            "website_domain": null,
            "website_endpoint": null
          },
          "sensitive_attributes": [],
          "private": "eyJlMmJmYjczMC1lY2FhLTExZTYtOGY4OC0zNDM2M2JjN2M0YzAiOnsiY3JlYXRlIjoxMjAwMDAwMDAwMDAwLCJkZWxldGUiOjM2MDAwMDAwMDAwMDAsInJlYWQiOjEyMDAwMDAwMDAwMDAsInVwZGF0ZSI6MTIwMDAwMDAwMDAwMH19"
        }
      ]
    },
    {
      "module": "module.common_resources_staging.module.location.module.terraform_state_backend_location_shared",
      "mode": "managed",
      "type": "aws_s3_bucket_ownership_controls",
      "name": "default",
      "provider": "provider[\"registry.terraform.io/hashicorp/aws\"]",
      "instances": [
        {
          "index_key": 0,
          "schema_version": 0,
          "attributes": {
            "bucket": "unityhub-production-location-shared-terraform-state",
            "id": "unityhub-production-location-shared-terraform-state",
            "rule": [
              {
                "object_ownership": "BucketOwnerEnforced"
              }
            ]
          },
          "sensitive_attributes": [],
          "private": "bnVsbA==",
          "dependencies": [
            "module.common_resources_staging.module.location.module.terraform_state_backend_location_shared.aws_s3_bucket.default"
          ]
        }
      ]
    },
    {
      "module": "module.common_resources_staging.module.location.module.terraform_state_backend_location_shared",
      "mode": "managed",
      "type": "aws_s3_bucket_policy",
      "name": "default",
      "provider": "provider[\"registry.terraform.io/hashicorp/aws\"]",
      "instances": [
        {
          "index_key": 0,
          "schema_version": 0,
          "attributes": {
            "bucket": "unityhub-production-location-shared-terraform-state",
            "id": "unityhub-production-location-shared-terraform-state",
            "policy": "{\"Statement\":[{\"Action\":\"s3:PutObject\",\"Condition\":{\"StringNotEquals\":{\"s3:x-amz-server-side-encryption\":[\"AES256\",\"aws:kms\"]}},\"Effect\":\"Deny\",\"Principal\":{\"AWS\":\"*\"},\"Resource\":\"arn:aws:s3:::unityhub-production-location-shared-terraform-state/*\",\"Sid\":\"DenyIncorrectEncryptionHeader\"},{\"Action\":\"s3:PutObject\",\"Condition\":{\"Null\":{\"s3:x-amz-server-side-encryption\":\"true\"}},\"Effect\":\"Deny\",\"Principal\":{\"AWS\":\"*\"},\"Resource\":\"arn:aws:s3:::unityhub-production-location-shared-terraform-state/*\",\"Sid\":\"DenyUnEncryptedObjectUploads\"},{\"Action\":\"s3:*\",\"Condition\":{\"Bool\":{\"aws:SecureTransport\":\"false\"}},\"Effect\":\"Deny\",\"Principal\":{\"AWS\":\"*\"},\"Resource\":[\"arn:aws:s3:::unityhub-production-location-shared-terraform-state/*\",\"arn:aws:s3:::unityhub-production-location-shared-terraform-state\"],\"Sid\":\"EnforceTlsRequestsOnly\"}],\"Version\":\"2012-10-17\"}"
          },
          "sensitive_attributes": [],
          "private": "bnVsbA==",
          "dependencies": [
            "module.common_resources_staging.module.location.module.terraform_state_backend_location_shared.aws_s3_bucket.default",
            "module.common_resources_staging.module.location.module.terraform_state_backend_location_shared.data.aws_iam_policy_document.prevent_unencrypted_uploads"
          ]
        }
      ]
    },
    {
      "module": "module.common_resources_staging.module.location.module.terraform_state_backend_location_shared",
      "mode": "managed",
      "type": "aws_s3_bucket_public_access_block",
      "name": "default",
      "provider": "provider[\"registry.terraform.io/hashicorp/aws\"]",
      "instances": [
        {
          "index_key": 0,
          "schema_version": 0,
          "attributes": {
            "block_public_acls": true,
            "block_public_policy": true,
            "bucket": "unityhub-production-location-shared-terraform-state",
            "id": "unityhub-production-location-shared-terraform-state",
            "ignore_public_acls": true,
            "restrict_public_buckets": true
          },
          "sensitive_attributes": [],
          "private": "bnVsbA==",
          "dependencies": [
            "module.common_resources_staging.module.location.module.terraform_state_backend_location_shared.aws_s3_bucket.default"
          ]
        }
      ]
    },
    {
      "module": "module.common_resources_staging.module.location.module.terraform_state_backend_location_shared",
      "mode": "managed",
      "type": "aws_s3_bucket_server_side_encryption_configuration",
      "name": "default",
      "provider": "provider[\"registry.terraform.io/hashicorp/aws\"]",
      "instances": [
        {
          "index_key": 0,
          "schema_version": 0,
          "attributes": {
            "bucket": "unityhub-production-location-shared-terraform-state",
            "expected_bucket_owner": "",
            "id": "unityhub-production-location-shared-terraform-state",
            "rule": [
              {
                "apply_server_side_encryption_by_default": [
                  {
                    "kms_master_key_id": "",
                    "sse_algorithm": "AES256"
                  }
                ],
                "bucket_key_enabled": false
              }
            ]
          },
          "sensitive_attributes": [],
          "private": "bnVsbA==",
          "dependencies": [
            "module.common_resources_staging.module.location.module.terraform_state_backend_location_shared.aws_s3_bucket.default"
          ]
        }
      ]
    },
    {
      "module": "module.common_resources_staging.module.location.module.terraform_state_backend_location_shared",
      "mode": "managed",
      "type": "aws_s3_bucket_versioning",
      "name": "default",
      "provider": "provider[\"registry.terraform.io/hashicorp/aws\"]",
      "instances": [
        {
          "index_key": 0,
          "schema_version": 0,
          "attributes": {
            "bucket": "unityhub-production-location-shared-terraform-state",
            "expected_bucket_owner": "",
            "id": "unityhub-production-location-shared-terraform-state",
            "mfa": null,
            "versioning_configuration": [
              {
                "mfa_delete": "Disabled",
                "status": "Enabled"
              }
            ]
          },
          "sensitive_attributes": [],
          "private": "bnVsbA==",
          "dependencies": [
            "module.common_resources_staging.module.location.module.terraform_state_backend_location_shared.aws_s3_bucket.default"
          ]
        }
      ]
    },
    {
      "module": "module.common_resources_staging.module.location.module.terraform_state_backend_location_shared",
      "mode": "managed",
      "type": "local_file",
      "name": "terraform_backend_config",
      "provider": "provider[\"registry.terraform.io/hashicorp/local\"]",
      "instances": [
        {
          "index_key": 0,
          "schema_version": 0,
          "attributes": {
            "content": "terraform {\n  required_version = \"\u003e= 1.0.0\"\n\n  backend \"s3\" {\n    region         = \"us-east-1\"\n    bucket         = \"unityhub-production-location-shared-terraform-state\"\n    key            = \"terraform.tfstate\"\n    dynamodb_table = \"unityhub-production-location-shared-terraform-state-lock\"\n    profile        = \"\"\n    role_arn       = \"\"\n    encrypt        = \"true\"\n  }\n}\n",
            "content_base64": null,
            "content_base64sha256": "EpZVSg4AZVhT+BQgYgC3s8b+yt1mHfqBlToa5BJy8TI=",
            "content_base64sha512": "41xPHoLngCE22CBFS1UAAaEM5m9JI5jWJ3QidwO6ko6Lo02tmKg8yOcsIFbzK6bS0l4CDyll9c5CWBV3OPtmGg==",
            "content_md5": "4cf2abe108dc1a51c15d04fe72416f88",
            "content_sha1": "61acb3a0f4f48f5b233f29441871aac665cb5a7c",
            "content_sha256": "1296554a0e00655853f814206200b7b3c6fecadd661dfa81953a1ae41272f132",
            "content_sha512": "e35c4f1e82e7802136d820454b550001a10ce66f492398d62774227703ba928e8ba34dad98a83cc8e72c2056f32ba6d2d25e020f2965f5ce4258157738fb661a",
            "directory_permission": "0777",
            "file_permission": "0644",
            "filename": "./backend/backend_location_shared.tf",
            "id": "61acb3a0f4f48f5b233f29441871aac665cb5a7c",
            "sensitive_content": null,
            "source": null
          },
          "sensitive_attributes": [
            [
              {
                "type": "get_attr",
                "value": "sensitive_content"
              }
            ]
          ],
          "dependencies": [
            "module.common_resources_staging.module.location.module.terraform_state_backend_location_shared.aws_dynamodb_table.with_server_side_encryption",
            "module.common_resources_staging.module.location.module.terraform_state_backend_location_shared.aws_s3_bucket.default",
            "module.common_resources_staging.module.location.module.terraform_state_backend_location_shared.data.aws_region.current"
          ]
        }
      ]
    },
    {
      "module": "module.common_resources_staging.module.msteams.module.terraform_state_backend_msteams_shared",
      "mode": "data",
      "type": "aws_iam_policy_document",
      "name": "prevent_unencrypted_uploads",
      "provider": "provider[\"registry.terraform.io/hashicorp/aws\"]",
      "instances": [
        {
          "index_key": 0,
          "schema_version": 0,
          "attributes": {
            "id": "3857247047",
            "json": "{\n  \"Version\": \"2012-10-17\",\n  \"Statement\": [\n    {\n      \"Sid\": \"DenyIncorrectEncryptionHeader\",\n      \"Effect\": \"Deny\",\n      \"Action\": \"s3:PutObject\",\n      \"Resource\": \"arn:aws:s3:::unityhub-production-msteams-shared-terraform-state/*\",\n      \"Principal\": {\n        \"AWS\": \"*\"\n      },\n      \"Condition\": {\n        \"StringNotEquals\": {\n          \"s3:x-amz-server-side-encryption\": [\n            \"AES256\",\n            \"aws:kms\"\n          ]\n        }\n      }\n    },\n    {\n      \"Sid\": \"DenyUnEncryptedObjectUploads\",\n      \"Effect\": \"Deny\",\n      \"Action\": \"s3:PutObject\",\n      \"Resource\": \"arn:aws:s3:::unityhub-production-msteams-shared-terraform-state/*\",\n      \"Principal\": {\n        \"AWS\": \"*\"\n      },\n      \"Condition\": {\n        \"Null\": {\n          \"s3:x-amz-server-side-encryption\": \"true\"\n        }\n      }\n    },\n    {\n      \"Sid\": \"EnforceTlsRequestsOnly\",\n      \"Effect\": \"Deny\",\n      \"Action\": \"s3:*\",\n      \"Resource\": [\n        \"arn:aws:s3:::unityhub-production-msteams-shared-terraform-state/*\",\n        \"arn:aws:s3:::unityhub-production-msteams-shared-terraform-state\"\n      ],\n      \"Principal\": {\n        \"AWS\": \"*\"\n      },\n      \"Condition\": {\n        \"Bool\": {\n          \"aws:SecureTransport\": \"false\"\n        }\n      }\n    }\n  ]\n}",
            "minified_json": "{\"Version\":\"2012-10-17\",\"Statement\":[{\"Sid\":\"DenyIncorrectEncryptionHeader\",\"Effect\":\"Deny\",\"Action\":\"s3:PutObject\",\"Resource\":\"arn:aws:s3:::unityhub-production-msteams-shared-terraform-state/*\",\"Principal\":{\"AWS\":\"*\"},\"Condition\":{\"StringNotEquals\":{\"s3:x-amz-server-side-encryption\":[\"AES256\",\"aws:kms\"]}}},{\"Sid\":\"DenyUnEncryptedObjectUploads\",\"Effect\":\"Deny\",\"Action\":\"s3:PutObject\",\"Resource\":\"arn:aws:s3:::unityhub-production-msteams-shared-terraform-state/*\",\"Principal\":{\"AWS\":\"*\"},\"Condition\":{\"Null\":{\"s3:x-amz-server-side-encryption\":\"true\"}}},{\"Sid\":\"EnforceTlsRequestsOnly\",\"Effect\":\"Deny\",\"Action\":\"s3:*\",\"Resource\":[\"arn:aws:s3:::unityhub-production-msteams-shared-terraform-state/*\",\"arn:aws:s3:::unityhub-production-msteams-shared-terraform-state\"],\"Principal\":{\"AWS\":\"*\"},\"Condition\":{\"Bool\":{\"aws:SecureTransport\":\"false\"}}}]}",
            "override_json": null,
            "override_policy_documents": null,
            "policy_id": null,
            "source_json": null,
            "source_policy_documents": null,
            "statement": [
              {
                "actions": [
                  "s3:PutObject"
                ],
                "condition": [
                  {
                    "test": "StringNotEquals",
                    "values": [
                      "AES256",
                      "aws:kms"
                    ],
                    "variable": "s3:x-amz-server-side-encryption"
                  }
                ],
                "effect": "Deny",
                "not_actions": [],
                "not_principals": [],
                "not_resources": [],
                "principals": [
                  {
                    "identifiers": [
                      "*"
                    ],
                    "type": "AWS"
                  }
                ],
                "resources": [
                  "arn:aws:s3:::unityhub-production-msteams-shared-terraform-state/*"
                ],
                "sid": "DenyIncorrectEncryptionHeader"
              },
              {
                "actions": [
                  "s3:PutObject"
                ],
                "condition": [
                  {
                    "test": "Null",
                    "values": [
                      "true"
                    ],
                    "variable": "s3:x-amz-server-side-encryption"
                  }
                ],
                "effect": "Deny",
                "not_actions": [],
                "not_principals": [],
                "not_resources": [],
                "principals": [
                  {
                    "identifiers": [
                      "*"
                    ],
                    "type": "AWS"
                  }
                ],
                "resources": [
                  "arn:aws:s3:::unityhub-production-msteams-shared-terraform-state/*"
                ],
                "sid": "DenyUnEncryptedObjectUploads"
              },
              {
                "actions": [
                  "s3:*"
                ],
                "condition": [
                  {
                    "test": "Bool",
                    "values": [
                      "false"
                    ],
                    "variable": "aws:SecureTransport"
                  }
                ],
                "effect": "Deny",
                "not_actions": [],
                "not_principals": [],
                "not_resources": [],
                "principals": [
                  {
                    "identifiers": [
                      "*"
                    ],
                    "type": "AWS"
                  }
                ],
                "resources": [
                  "arn:aws:s3:::unityhub-production-msteams-shared-terraform-state",
                  "arn:aws:s3:::unityhub-production-msteams-shared-terraform-state/*"
                ],
                "sid": "EnforceTlsRequestsOnly"
              }
            ],
            "version": "2012-10-17"
          },
          "sensitive_attributes": []
        }
      ]
    },
    {
      "module": "module.common_resources_staging.module.msteams.module.terraform_state_backend_msteams_shared",
      "mode": "data",
      "type": "aws_region",
      "name": "current",
      "provider": "provider[\"registry.terraform.io/hashicorp/aws\"]",
      "instances": [
        {
          "schema_version": 0,
          "attributes": {
            "description": "US East (N. Virginia)",
            "endpoint": "ec2.us-east-1.amazonaws.com",
            "id": "us-east-1",
            "name": "us-east-1"
          },
          "sensitive_attributes": []
        }
      ]
    },
    {
      "module": "module.common_resources_staging.module.msteams.module.terraform_state_backend_msteams_shared",
      "mode": "managed",
      "type": "aws_dynamodb_table",
      "name": "with_server_side_encryption",
      "provider": "provider[\"registry.terraform.io/hashicorp/aws\"]",
      "instances": [
        {
          "index_key": 0,
          "schema_version": 1,
          "attributes": {
            "arn": "arn:aws:dynamodb:us-east-1:514472330244:table/unityhub-production-msteams-shared-terraform-state-lock",
            "attribute": [
              {
                "name": "LockID",
                "type": "S"
              }
            ],
            "billing_mode": "PAY_PER_REQUEST",
            "deletion_protection_enabled": false,
            "global_secondary_index": [],
            "hash_key": "LockID",
            "id": "unityhub-production-msteams-shared-terraform-state-lock",
            "import_table": [],
            "local_secondary_index": [],
            "name": "unityhub-production-msteams-shared-terraform-state-lock",
            "point_in_time_recovery": [
              {
                "enabled": true
              }
            ],
            "range_key": null,
            "read_capacity": 0,
            "replica": [],
            "restore_date_time": null,
            "restore_source_name": null,
            "restore_source_table_arn": null,
            "restore_to_latest_time": null,
            "server_side_encryption": [
              {
                "enabled": true,
                "kms_key_arn": ""
              }
            ],
            "stream_arn": "",
            "stream_enabled": false,
            "stream_label": "",
            "stream_view_type": "",
            "table_class": "STANDARD",
            "tags": {
              "Attributes": "terraform-state-lock",
              "Name": "unityhub-production-msteams-shared-terraform-state-lock",
              "Namespace": "unityhub",
              "Stage": "production"
            },
            "tags_all": {
              "Attributes": "terraform-state-lock",
              "Name": "unityhub-production-msteams-shared-terraform-state-lock",
              "Namespace": "unityhub",
              "Stage": "production"
            },
            "timeouts": null,
            "ttl": [
              {
                "attribute_name": "",
                "enabled": false
              }
            ],
            "write_capacity": 0
          },
          "sensitive_attributes": [],
          "private": "eyJlMmJmYjczMC1lY2FhLTExZTYtOGY4OC0zNDM2M2JjN2M0YzAiOnsiY3JlYXRlIjoxODAwMDAwMDAwMDAwLCJkZWxldGUiOjYwMDAwMDAwMDAwMCwidXBkYXRlIjozNjAwMDAwMDAwMDAwfSwic2NoZW1hX3ZlcnNpb24iOiIxIn0="
        }
      ]
    },
    {
      "module": "module.common_resources_staging.module.msteams.module.terraform_state_backend_msteams_shared",
      "mode": "managed",
      "type": "aws_s3_bucket",
      "name": "default",
      "provider": "provider[\"registry.terraform.io/hashicorp/aws\"]",
      "instances": [
        {
          "index_key": 0,
          "schema_version": 0,
          "attributes": {
            "acceleration_status": "",
            "acl": null,
            "arn": "arn:aws:s3:::unityhub-production-msteams-shared-terraform-state",
            "bucket": "unityhub-production-msteams-shared-terraform-state",
            "bucket_domain_name": "unityhub-production-msteams-shared-terraform-state.s3.amazonaws.com",
            "bucket_prefix": "",
            "bucket_regional_domain_name": "unityhub-production-msteams-shared-terraform-state.s3.us-east-1.amazonaws.com",
            "cors_rule": [],
            "force_destroy": true,
            "grant": [
              {
                "id": "bea86176a486e69a83b4227063efa3be9eb4b243551739d81a6a4b41ec8b3461",
                "permissions": [
                  "FULL_CONTROL"
                ],
                "type": "CanonicalUser",
                "uri": ""
              }
            ],
            "hosted_zone_id": "Z3AQBSTGFYJSTF",
            "id": "unityhub-production-msteams-shared-terraform-state",
            "lifecycle_rule": [],
            "logging": [],
            "object_lock_configuration": [],
            "object_lock_enabled": false,
            "policy": "",
            "region": "us-east-1",
            "replication_configuration": [],
            "request_payer": "BucketOwner",
            "server_side_encryption_configuration": [
              {
                "rule": [
                  {
                    "apply_server_side_encryption_by_default": [
                      {
                        "kms_master_key_id": "",
                        "sse_algorithm": "AES256"
                      }
                    ],
                    "bucket_key_enabled": false
                  }
                ]
              }
            ],
            "tags": {
              "Attributes": "terraform-state",
              "Name": "unityhub-production-msteams-shared-terraform-state",
              "Namespace": "unityhub",
              "Stage": "production"
            },
            "tags_all": {
              "Attributes": "terraform-state",
              "Name": "unityhub-production-msteams-shared-terraform-state",
              "Namespace": "unityhub",
              "Stage": "production"
            },
            "timeouts": null,
            "versioning": [
              {
                "enabled": false,
                "mfa_delete": false
              }
            ],
            "website": [],
            "website_domain": null,
            "website_endpoint": null
          },
          "sensitive_attributes": [],
          "private": "eyJlMmJmYjczMC1lY2FhLTExZTYtOGY4OC0zNDM2M2JjN2M0YzAiOnsiY3JlYXRlIjoxMjAwMDAwMDAwMDAwLCJkZWxldGUiOjM2MDAwMDAwMDAwMDAsInJlYWQiOjEyMDAwMDAwMDAwMDAsInVwZGF0ZSI6MTIwMDAwMDAwMDAwMH19"
        }
      ]
    },
    {
      "module": "module.common_resources_staging.module.msteams.module.terraform_state_backend_msteams_shared",
      "mode": "managed",
      "type": "aws_s3_bucket_ownership_controls",
      "name": "default",
      "provider": "provider[\"registry.terraform.io/hashicorp/aws\"]",
      "instances": [
        {
          "index_key": 0,
          "schema_version": 0,
          "attributes": {
            "bucket": "unityhub-production-msteams-shared-terraform-state",
            "id": "unityhub-production-msteams-shared-terraform-state",
            "rule": [
              {
                "object_ownership": "BucketOwnerEnforced"
              }
            ]
          },
          "sensitive_attributes": [],
          "private": "bnVsbA==",
          "dependencies": [
            "module.common_resources_staging.module.msteams.module.terraform_state_backend_msteams_shared.aws_s3_bucket.default"
          ]
        }
      ]
    },
    {
      "module": "module.common_resources_staging.module.msteams.module.terraform_state_backend_msteams_shared",
      "mode": "managed",
      "type": "aws_s3_bucket_policy",
      "name": "default",
      "provider": "provider[\"registry.terraform.io/hashicorp/aws\"]",
      "instances": [
        {
          "index_key": 0,
          "schema_version": 0,
          "attributes": {
            "bucket": "unityhub-production-msteams-shared-terraform-state",
            "id": "unityhub-production-msteams-shared-terraform-state",
            "policy": "{\"Statement\":[{\"Action\":\"s3:PutObject\",\"Condition\":{\"StringNotEquals\":{\"s3:x-amz-server-side-encryption\":[\"AES256\",\"aws:kms\"]}},\"Effect\":\"Deny\",\"Principal\":{\"AWS\":\"*\"},\"Resource\":\"arn:aws:s3:::unityhub-production-msteams-shared-terraform-state/*\",\"Sid\":\"DenyIncorrectEncryptionHeader\"},{\"Action\":\"s3:PutObject\",\"Condition\":{\"Null\":{\"s3:x-amz-server-side-encryption\":\"true\"}},\"Effect\":\"Deny\",\"Principal\":{\"AWS\":\"*\"},\"Resource\":\"arn:aws:s3:::unityhub-production-msteams-shared-terraform-state/*\",\"Sid\":\"DenyUnEncryptedObjectUploads\"},{\"Action\":\"s3:*\",\"Condition\":{\"Bool\":{\"aws:SecureTransport\":\"false\"}},\"Effect\":\"Deny\",\"Principal\":{\"AWS\":\"*\"},\"Resource\":[\"arn:aws:s3:::unityhub-production-msteams-shared-terraform-state/*\",\"arn:aws:s3:::unityhub-production-msteams-shared-terraform-state\"],\"Sid\":\"EnforceTlsRequestsOnly\"}],\"Version\":\"2012-10-17\"}"
          },
          "sensitive_attributes": [],
          "private": "bnVsbA==",
          "dependencies": [
            "module.common_resources_staging.module.msteams.module.terraform_state_backend_msteams_shared.aws_s3_bucket.default",
            "module.common_resources_staging.module.msteams.module.terraform_state_backend_msteams_shared.data.aws_iam_policy_document.prevent_unencrypted_uploads"
          ]
        }
      ]
    },
    {
      "module": "module.common_resources_staging.module.msteams.module.terraform_state_backend_msteams_shared",
      "mode": "managed",
      "type": "aws_s3_bucket_public_access_block",
      "name": "default",
      "provider": "provider[\"registry.terraform.io/hashicorp/aws\"]",
      "instances": [
        {
          "index_key": 0,
          "schema_version": 0,
          "attributes": {
            "block_public_acls": true,
            "block_public_policy": true,
            "bucket": "unityhub-production-msteams-shared-terraform-state",
            "id": "unityhub-production-msteams-shared-terraform-state",
            "ignore_public_acls": true,
            "restrict_public_buckets": true
          },
          "sensitive_attributes": [],
          "private": "bnVsbA==",
          "dependencies": [
            "module.common_resources_staging.module.msteams.module.terraform_state_backend_msteams_shared.aws_s3_bucket.default"
          ]
        }
      ]
    },
    {
      "module": "module.common_resources_staging.module.msteams.module.terraform_state_backend_msteams_shared",
      "mode": "managed",
      "type": "aws_s3_bucket_server_side_encryption_configuration",
      "name": "default",
      "provider": "provider[\"registry.terraform.io/hashicorp/aws\"]",
      "instances": [
        {
          "index_key": 0,
          "schema_version": 0,
          "attributes": {
            "bucket": "unityhub-production-msteams-shared-terraform-state",
            "expected_bucket_owner": "",
            "id": "unityhub-production-msteams-shared-terraform-state",
            "rule": [
              {
                "apply_server_side_encryption_by_default": [
                  {
                    "kms_master_key_id": "",
                    "sse_algorithm": "AES256"
                  }
                ],
                "bucket_key_enabled": null
              }
            ]
          },
          "sensitive_attributes": [],
          "private": "bnVsbA==",
          "dependencies": [
            "module.common_resources_staging.module.msteams.module.terraform_state_backend_msteams_shared.aws_s3_bucket.default"
          ]
        }
      ]
    },
    {
      "module": "module.common_resources_staging.module.msteams.module.terraform_state_backend_msteams_shared",
      "mode": "managed",
      "type": "aws_s3_bucket_versioning",
      "name": "default",
      "provider": "provider[\"registry.terraform.io/hashicorp/aws\"]",
      "instances": [
        {
          "index_key": 0,
          "schema_version": 0,
          "attributes": {
            "bucket": "unityhub-production-msteams-shared-terraform-state",
            "expected_bucket_owner": "",
            "id": "unityhub-production-msteams-shared-terraform-state",
            "mfa": null,
            "versioning_configuration": [
              {
                "mfa_delete": "Disabled",
                "status": "Enabled"
              }
            ]
          },
          "sensitive_attributes": [],
          "private": "bnVsbA==",
          "dependencies": [
            "module.common_resources_staging.module.msteams.module.terraform_state_backend_msteams_shared.aws_s3_bucket.default"
          ]
        }
      ]
    },
    {
      "module": "module.common_resources_staging.module.msteams.module.terraform_state_backend_msteams_shared",
      "mode": "managed",
      "type": "local_file",
      "name": "terraform_backend_config",
      "provider": "provider[\"registry.terraform.io/hashicorp/local\"]",
      "instances": [
        {
          "index_key": 0,
          "schema_version": 0,
          "attributes": {
            "content": "terraform {\n  required_version = \"\u003e= 1.0.0\"\n\n  backend \"s3\" {\n    region         = \"us-east-1\"\n    bucket         = \"unityhub-production-msteams-shared-terraform-state\"\n    key            = \"terraform.tfstate\"\n    dynamodb_table = \"unityhub-production-msteams-shared-terraform-state-lock\"\n    profile        = \"\"\n    role_arn       = \"\"\n    encrypt        = \"true\"\n  }\n}\n",
            "content_base64": null,
            "content_base64sha256": "7yXCKXlpRbfzEY/VwAXe5XUbVWN3Xx0Go6vzQdZH7n4=",
            "content_base64sha512": "MNeAtYnKaCo/HCV/l/L16MyHEODXXsL8iSToXnWSsLl/QRuUNHVBds2F4CVFACBOJ7z6Kbq4Oo8QcTK384wpwQ==",
            "content_md5": "eb390116d4df800dccc0ff9319b2450b",
            "content_sha1": "f4d0abcb2a4ab9dfb4c8a84c70c88a6231c5eca0",
            "content_sha256": "ef25c229796945b7f3118fd5c005dee5751b5563775f1d06a3abf341d647ee7e",
            "content_sha512": "30d780b589ca682a3f1c257f97f2f5e8cc8710e0d75ec2fc8924e85e7592b0b97f411b9434754176cd85e0254500204e27bcfa29bab83a8f107132b7f38c29c1",
            "directory_permission": "0777",
            "file_permission": "0644",
            "filename": "./backend/backend_msteams_shared.tf",
            "id": "f4d0abcb2a4ab9dfb4c8a84c70c88a6231c5eca0",
            "sensitive_content": null,
            "source": null
          },
          "sensitive_attributes": [
            [
              {
                "type": "get_attr",
                "value": "sensitive_content"
              }
            ]
          ],
          "dependencies": [
            "module.common_resources_staging.module.msteams.module.terraform_state_backend_msteams_shared.aws_dynamodb_table.with_server_side_encryption",
            "module.common_resources_staging.module.msteams.module.terraform_state_backend_msteams_shared.aws_s3_bucket.default",
            "module.common_resources_staging.module.msteams.module.terraform_state_backend_msteams_shared.data.aws_region.current"
          ]
        }
      ]
    },
    {
      "module": "module.common_resources_staging.module.notification.module.terraform_state_backend_notification_processor",
      "mode": "data",
      "type": "aws_iam_policy_document",
      "name": "prevent_unencrypted_uploads",
      "provider": "provider[\"registry.terraform.io/hashicorp/aws\"]",
      "instances": [
        {
          "index_key": 0,
          "schema_version": 0,
          "attributes": {
            "id": "883833538",
            "json": "{\n  \"Version\": \"2012-10-17\",\n  \"Statement\": [\n    {\n      \"Sid\": \"DenyIncorrectEncryptionHeader\",\n      \"Effect\": \"Deny\",\n      \"Action\": \"s3:PutObject\",\n      \"Resource\": \"arn:aws:s3:::unityhub-production-notification-processor-terraform-state/*\",\n      \"Principal\": {\n        \"AWS\": \"*\"\n      },\n      \"Condition\": {\n        \"StringNotEquals\": {\n          \"s3:x-amz-server-side-encryption\": [\n            \"AES256\",\n            \"aws:kms\"\n          ]\n        }\n      }\n    },\n    {\n      \"Sid\": \"DenyUnEncryptedObjectUploads\",\n      \"Effect\": \"Deny\",\n      \"Action\": \"s3:PutObject\",\n      \"Resource\": \"arn:aws:s3:::unityhub-production-notification-processor-terraform-state/*\",\n      \"Principal\": {\n        \"AWS\": \"*\"\n      },\n      \"Condition\": {\n        \"Null\": {\n          \"s3:x-amz-server-side-encryption\": \"true\"\n        }\n      }\n    },\n    {\n      \"Sid\": \"EnforceTlsRequestsOnly\",\n      \"Effect\": \"Deny\",\n      \"Action\": \"s3:*\",\n      \"Resource\": [\n        \"arn:aws:s3:::unityhub-production-notification-processor-terraform-state/*\",\n        \"arn:aws:s3:::unityhub-production-notification-processor-terraform-state\"\n      ],\n      \"Principal\": {\n        \"AWS\": \"*\"\n      },\n      \"Condition\": {\n        \"Bool\": {\n          \"aws:SecureTransport\": \"false\"\n        }\n      }\n    }\n  ]\n}",
            "minified_json": "{\"Version\":\"2012-10-17\",\"Statement\":[{\"Sid\":\"DenyIncorrectEncryptionHeader\",\"Effect\":\"Deny\",\"Action\":\"s3:PutObject\",\"Resource\":\"arn:aws:s3:::unityhub-production-notification-processor-terraform-state/*\",\"Principal\":{\"AWS\":\"*\"},\"Condition\":{\"StringNotEquals\":{\"s3:x-amz-server-side-encryption\":[\"AES256\",\"aws:kms\"]}}},{\"Sid\":\"DenyUnEncryptedObjectUploads\",\"Effect\":\"Deny\",\"Action\":\"s3:PutObject\",\"Resource\":\"arn:aws:s3:::unityhub-production-notification-processor-terraform-state/*\",\"Principal\":{\"AWS\":\"*\"},\"Condition\":{\"Null\":{\"s3:x-amz-server-side-encryption\":\"true\"}}},{\"Sid\":\"EnforceTlsRequestsOnly\",\"Effect\":\"Deny\",\"Action\":\"s3:*\",\"Resource\":[\"arn:aws:s3:::unityhub-production-notification-processor-terraform-state/*\",\"arn:aws:s3:::unityhub-production-notification-processor-terraform-state\"],\"Principal\":{\"AWS\":\"*\"},\"Condition\":{\"Bool\":{\"aws:SecureTransport\":\"false\"}}}]}",
            "override_json": null,
            "override_policy_documents": null,
            "policy_id": null,
            "source_json": null,
            "source_policy_documents": null,
            "statement": [
              {
                "actions": [
                  "s3:PutObject"
                ],
                "condition": [
                  {
                    "test": "StringNotEquals",
                    "values": [
                      "AES256",
                      "aws:kms"
                    ],
                    "variable": "s3:x-amz-server-side-encryption"
                  }
                ],
                "effect": "Deny",
                "not_actions": [],
                "not_principals": [],
                "not_resources": [],
                "principals": [
                  {
                    "identifiers": [
                      "*"
                    ],
                    "type": "AWS"
                  }
                ],
                "resources": [
                  "arn:aws:s3:::unityhub-production-notification-processor-terraform-state/*"
                ],
                "sid": "DenyIncorrectEncryptionHeader"
              },
              {
                "actions": [
                  "s3:PutObject"
                ],
                "condition": [
                  {
                    "test": "Null",
                    "values": [
                      "true"
                    ],
                    "variable": "s3:x-amz-server-side-encryption"
                  }
                ],
                "effect": "Deny",
                "not_actions": [],
                "not_principals": [],
                "not_resources": [],
                "principals": [
                  {
                    "identifiers": [
                      "*"
                    ],
                    "type": "AWS"
                  }
                ],
                "resources": [
                  "arn:aws:s3:::unityhub-production-notification-processor-terraform-state/*"
                ],
                "sid": "DenyUnEncryptedObjectUploads"
              },
              {
                "actions": [
                  "s3:*"
                ],
                "condition": [
                  {
                    "test": "Bool",
                    "values": [
                      "false"
                    ],
                    "variable": "aws:SecureTransport"
                  }
                ],
                "effect": "Deny",
                "not_actions": [],
                "not_principals": [],
                "not_resources": [],
                "principals": [
                  {
                    "identifiers": [
                      "*"
                    ],
                    "type": "AWS"
                  }
                ],
                "resources": [
                  "arn:aws:s3:::unityhub-production-notification-processor-terraform-state",
                  "arn:aws:s3:::unityhub-production-notification-processor-terraform-state/*"
                ],
                "sid": "EnforceTlsRequestsOnly"
              }
            ],
            "version": "2012-10-17"
          },
          "sensitive_attributes": []
        }
      ]
    },
    {
      "module": "module.common_resources_staging.module.notification.module.terraform_state_backend_notification_processor",
      "mode": "data",
      "type": "aws_region",
      "name": "current",
      "provider": "provider[\"registry.terraform.io/hashicorp/aws\"]",
      "instances": [
        {
          "schema_version": 0,
          "attributes": {
            "description": "US East (N. Virginia)",
            "endpoint": "ec2.us-east-1.amazonaws.com",
            "id": "us-east-1",
            "name": "us-east-1"
          },
          "sensitive_attributes": []
        }
      ]
    },
    {
      "module": "module.common_resources_staging.module.notification.module.terraform_state_backend_notification_processor",
      "mode": "managed",
      "type": "aws_dynamodb_table",
      "name": "with_server_side_encryption",
      "provider": "provider[\"registry.terraform.io/hashicorp/aws\"]",
      "instances": [
        {
          "index_key": 0,
          "schema_version": 1,
          "attributes": {
            "arn": "arn:aws:dynamodb:us-east-1:514472330244:table/unityhub-production-notification-processor-terraform-state-lock",
            "attribute": [
              {
                "name": "LockID",
                "type": "S"
              }
            ],
            "billing_mode": "PAY_PER_REQUEST",
            "deletion_protection_enabled": false,
            "global_secondary_index": [],
            "hash_key": "LockID",
            "id": "unityhub-production-notification-processor-terraform-state-lock",
            "import_table": [],
            "local_secondary_index": [],
            "name": "unityhub-production-notification-processor-terraform-state-lock",
            "point_in_time_recovery": [
              {
                "enabled": true
              }
            ],
            "range_key": null,
            "read_capacity": 0,
            "replica": [],
            "restore_date_time": null,
            "restore_source_name": null,
            "restore_source_table_arn": null,
            "restore_to_latest_time": null,
            "server_side_encryption": [
              {
                "enabled": true,
                "kms_key_arn": ""
              }
            ],
            "stream_arn": "",
            "stream_enabled": false,
            "stream_label": "",
            "stream_view_type": "",
            "table_class": "STANDARD",
            "tags": {
              "Attributes": "terraform-state-lock",
              "Name": "unityhub-production-notification-processor-terraform-state-lock",
              "Namespace": "unityhub",
              "Stage": "production"
            },
            "tags_all": {
              "Attributes": "terraform-state-lock",
              "Name": "unityhub-production-notification-processor-terraform-state-lock",
              "Namespace": "unityhub",
              "Stage": "production"
            },
            "timeouts": null,
            "ttl": [
              {
                "attribute_name": "",
                "enabled": false
              }
            ],
            "write_capacity": 0
          },
          "sensitive_attributes": [],
          "private": "eyJlMmJmYjczMC1lY2FhLTExZTYtOGY4OC0zNDM2M2JjN2M0YzAiOnsiY3JlYXRlIjoxODAwMDAwMDAwMDAwLCJkZWxldGUiOjYwMDAwMDAwMDAwMCwidXBkYXRlIjozNjAwMDAwMDAwMDAwfSwic2NoZW1hX3ZlcnNpb24iOiIxIn0="
        }
      ]
    },
    {
      "module": "module.common_resources_staging.module.notification.module.terraform_state_backend_notification_processor",
      "mode": "managed",
      "type": "aws_s3_bucket",
      "name": "default",
      "provider": "provider[\"registry.terraform.io/hashicorp/aws\"]",
      "instances": [
        {
          "index_key": 0,
          "schema_version": 0,
          "attributes": {
            "acceleration_status": "",
            "acl": null,
            "arn": "arn:aws:s3:::unityhub-production-notification-processor-terraform-state",
            "bucket": "unityhub-production-notification-processor-terraform-state",
            "bucket_domain_name": "unityhub-production-notification-processor-terraform-state.s3.amazonaws.com",
            "bucket_prefix": "",
            "bucket_regional_domain_name": "unityhub-production-notification-processor-terraform-state.s3.us-east-1.amazonaws.com",
            "cors_rule": [],
            "force_destroy": true,
            "grant": [
              {
                "id": "bea86176a486e69a83b4227063efa3be9eb4b243551739d81a6a4b41ec8b3461",
                "permissions": [
                  "FULL_CONTROL"
                ],
                "type": "CanonicalUser",
                "uri": ""
              }
            ],
            "hosted_zone_id": "Z3AQBSTGFYJSTF",
            "id": "unityhub-production-notification-processor-terraform-state",
            "lifecycle_rule": [],
            "logging": [],
            "object_lock_configuration": [],
            "object_lock_enabled": false,
            "policy": "{\"Statement\":[{\"Action\":\"s3:PutObject\",\"Condition\":{\"StringNotEquals\":{\"s3:x-amz-server-side-encryption\":[\"AES256\",\"aws:kms\"]}},\"Effect\":\"Deny\",\"Principal\":{\"AWS\":\"*\"},\"Resource\":\"arn:aws:s3:::unityhub-production-notification-processor-terraform-state/*\",\"Sid\":\"DenyIncorrectEncryptionHeader\"},{\"Action\":\"s3:PutObject\",\"Condition\":{\"Null\":{\"s3:x-amz-server-side-encryption\":\"true\"}},\"Effect\":\"Deny\",\"Principal\":{\"AWS\":\"*\"},\"Resource\":\"arn:aws:s3:::unityhub-production-notification-processor-terraform-state/*\",\"Sid\":\"DenyUnEncryptedObjectUploads\"},{\"Action\":\"s3:*\",\"Condition\":{\"Bool\":{\"aws:SecureTransport\":\"false\"}},\"Effect\":\"Deny\",\"Principal\":{\"AWS\":\"*\"},\"Resource\":[\"arn:aws:s3:::unityhub-production-notification-processor-terraform-state/*\",\"arn:aws:s3:::unityhub-production-notification-processor-terraform-state\"],\"Sid\":\"EnforceTlsRequestsOnly\"}],\"Version\":\"2012-10-17\"}",
            "region": "us-east-1",
            "replication_configuration": [],
            "request_payer": "BucketOwner",
            "server_side_encryption_configuration": [
              {
                "rule": [
                  {
                    "apply_server_side_encryption_by_default": [
                      {
                        "kms_master_key_id": "",
                        "sse_algorithm": "AES256"
                      }
                    ],
                    "bucket_key_enabled": false
                  }
                ]
              }
            ],
            "tags": {
              "Attributes": "terraform-state",
              "Name": "unityhub-production-notification-processor-terraform-state",
              "Namespace": "unityhub",
              "Stage": "production"
            },
            "tags_all": {
              "Attributes": "terraform-state",
              "Name": "unityhub-production-notification-processor-terraform-state",
              "Namespace": "unityhub",
              "Stage": "production"
            },
            "timeouts": null,
            "versioning": [
              {
                "enabled": true,
                "mfa_delete": false
              }
            ],
            "website": [],
            "website_domain": null,
            "website_endpoint": null
          },
          "sensitive_attributes": [],
          "private": "eyJlMmJmYjczMC1lY2FhLTExZTYtOGY4OC0zNDM2M2JjN2M0YzAiOnsiY3JlYXRlIjoxMjAwMDAwMDAwMDAwLCJkZWxldGUiOjM2MDAwMDAwMDAwMDAsInJlYWQiOjEyMDAwMDAwMDAwMDAsInVwZGF0ZSI6MTIwMDAwMDAwMDAwMH19"
        }
      ]
    },
    {
      "module": "module.common_resources_staging.module.notification.module.terraform_state_backend_notification_processor",
      "mode": "managed",
      "type": "aws_s3_bucket_ownership_controls",
      "name": "default",
      "provider": "provider[\"registry.terraform.io/hashicorp/aws\"]",
      "instances": [
        {
          "index_key": 0,
          "schema_version": 0,
          "attributes": {
            "bucket": "unityhub-production-notification-processor-terraform-state",
            "id": "unityhub-production-notification-processor-terraform-state",
            "rule": [
              {
                "object_ownership": "BucketOwnerEnforced"
              }
            ]
          },
          "sensitive_attributes": [],
          "private": "bnVsbA==",
          "dependencies": [
            "module.common_resources_staging.module.notification.module.terraform_state_backend_notification_processor.aws_s3_bucket.default"
          ]
        }
      ]
    },
    {
      "module": "module.common_resources_staging.module.notification.module.terraform_state_backend_notification_processor",
      "mode": "managed",
      "type": "aws_s3_bucket_policy",
      "name": "default",
      "provider": "provider[\"registry.terraform.io/hashicorp/aws\"]",
      "instances": [
        {
          "index_key": 0,
          "schema_version": 0,
          "attributes": {
            "bucket": "unityhub-production-notification-processor-terraform-state",
            "id": "unityhub-production-notification-processor-terraform-state",
            "policy": "{\"Statement\":[{\"Action\":\"s3:PutObject\",\"Condition\":{\"StringNotEquals\":{\"s3:x-amz-server-side-encryption\":[\"AES256\",\"aws:kms\"]}},\"Effect\":\"Deny\",\"Principal\":{\"AWS\":\"*\"},\"Resource\":\"arn:aws:s3:::unityhub-production-notification-processor-terraform-state/*\",\"Sid\":\"DenyIncorrectEncryptionHeader\"},{\"Action\":\"s3:PutObject\",\"Condition\":{\"Null\":{\"s3:x-amz-server-side-encryption\":\"true\"}},\"Effect\":\"Deny\",\"Principal\":{\"AWS\":\"*\"},\"Resource\":\"arn:aws:s3:::unityhub-production-notification-processor-terraform-state/*\",\"Sid\":\"DenyUnEncryptedObjectUploads\"},{\"Action\":\"s3:*\",\"Condition\":{\"Bool\":{\"aws:SecureTransport\":\"false\"}},\"Effect\":\"Deny\",\"Principal\":{\"AWS\":\"*\"},\"Resource\":[\"arn:aws:s3:::unityhub-production-notification-processor-terraform-state/*\",\"arn:aws:s3:::unityhub-production-notification-processor-terraform-state\"],\"Sid\":\"EnforceTlsRequestsOnly\"}],\"Version\":\"2012-10-17\"}"
          },
          "sensitive_attributes": [],
          "private": "bnVsbA==",
          "dependencies": [
            "module.common_resources_staging.module.notification.module.terraform_state_backend_notification_processor.aws_s3_bucket.default",
            "module.common_resources_staging.module.notification.module.terraform_state_backend_notification_processor.data.aws_iam_policy_document.prevent_unencrypted_uploads"
          ]
        }
      ]
    },
    {
      "module": "module.common_resources_staging.module.notification.module.terraform_state_backend_notification_processor",
      "mode": "managed",
      "type": "aws_s3_bucket_public_access_block",
      "name": "default",
      "provider": "provider[\"registry.terraform.io/hashicorp/aws\"]",
      "instances": [
        {
          "index_key": 0,
          "schema_version": 0,
          "attributes": {
            "block_public_acls": true,
            "block_public_policy": true,
            "bucket": "unityhub-production-notification-processor-terraform-state",
            "id": "unityhub-production-notification-processor-terraform-state",
            "ignore_public_acls": true,
            "restrict_public_buckets": true
          },
          "sensitive_attributes": [],
          "private": "bnVsbA==",
          "dependencies": [
            "module.common_resources_staging.module.notification.module.terraform_state_backend_notification_processor.aws_s3_bucket.default"
          ]
        }
      ]
    },
    {
      "module": "module.common_resources_staging.module.notification.module.terraform_state_backend_notification_processor",
      "mode": "managed",
      "type": "aws_s3_bucket_server_side_encryption_configuration",
      "name": "default",
      "provider": "provider[\"registry.terraform.io/hashicorp/aws\"]",
      "instances": [
        {
          "index_key": 0,
          "schema_version": 0,
          "attributes": {
            "bucket": "unityhub-production-notification-processor-terraform-state",
            "expected_bucket_owner": "",
            "id": "unityhub-production-notification-processor-terraform-state",
            "rule": [
              {
                "apply_server_side_encryption_by_default": [
                  {
                    "kms_master_key_id": "",
                    "sse_algorithm": "AES256"
                  }
                ],
                "bucket_key_enabled": false
              }
            ]
          },
          "sensitive_attributes": [],
          "private": "bnVsbA==",
          "dependencies": [
            "module.common_resources_staging.module.notification.module.terraform_state_backend_notification_processor.aws_s3_bucket.default"
          ]
        }
      ]
    },
    {
      "module": "module.common_resources_staging.module.notification.module.terraform_state_backend_notification_processor",
      "mode": "managed",
      "type": "aws_s3_bucket_versioning",
      "name": "default",
      "provider": "provider[\"registry.terraform.io/hashicorp/aws\"]",
      "instances": [
        {
          "index_key": 0,
          "schema_version": 0,
          "attributes": {
            "bucket": "unityhub-production-notification-processor-terraform-state",
            "expected_bucket_owner": "",
            "id": "unityhub-production-notification-processor-terraform-state",
            "mfa": null,
            "versioning_configuration": [
              {
                "mfa_delete": "Disabled",
                "status": "Enabled"
              }
            ]
          },
          "sensitive_attributes": [],
          "private": "bnVsbA==",
          "dependencies": [
            "module.common_resources_staging.module.notification.module.terraform_state_backend_notification_processor.aws_s3_bucket.default"
          ]
        }
      ]
    },
    {
      "module": "module.common_resources_staging.module.notification.module.terraform_state_backend_notification_processor",
      "mode": "managed",
      "type": "local_file",
      "name": "terraform_backend_config",
      "provider": "provider[\"registry.terraform.io/hashicorp/local\"]",
      "instances": [
        {
          "index_key": 0,
          "schema_version": 0,
          "attributes": {
            "content": "terraform {\n  required_version = \"\u003e= 1.0.0\"\n\n  backend \"s3\" {\n    region         = \"us-east-1\"\n    bucket         = \"unityhub-production-notification-processor-terraform-state\"\n    key            = \"terraform.tfstate\"\n    dynamodb_table = \"unityhub-production-notification-processor-terraform-state-lock\"\n    profile        = \"\"\n    role_arn       = \"\"\n    encrypt        = \"true\"\n  }\n}\n",
            "content_base64": null,
            "content_base64sha256": "mHRJiIe5dt+Am3JeaphSAXumcDxCyJopnBGHAs0jeBk=",
            "content_base64sha512": "MdfaQaoY5amrcycNQJnzpk8M4c6xAxKQS9cRz8V0SrwFx+gLTBIaZj29wMpYiG7BYsg41zysUGuMuALy5fpOhw==",
            "content_md5": "f0c588b2e5ac9ff77abbd859db8e3a79",
            "content_sha1": "3042223fa7eb07b3df35e3d1b9b1fed190df1ac7",
            "content_sha256": "9874498887b976df809b725e6a9852017ba6703c42c89a299c118702cd237819",
            "content_sha512": "31d7da41aa18e5a9ab73270d4099f3a64f0ce1ceb10312904bd711cfc5744abc05c7e80b4c121a663dbdc0ca58886ec162c838d73cac506b8cb802f2e5fa4e87",
            "directory_permission": "0777",
            "file_permission": "0644",
            "filename": "./backend/backend_notification_processor.tf",
            "id": "3042223fa7eb07b3df35e3d1b9b1fed190df1ac7",
            "sensitive_content": null,
            "source": null
          },
          "sensitive_attributes": [
            [
              {
                "type": "get_attr",
                "value": "sensitive_content"
              }
            ]
          ],
          "dependencies": [
            "module.common_resources_staging.module.notification.module.terraform_state_backend_notification_processor.aws_dynamodb_table.with_server_side_encryption",
            "module.common_resources_staging.module.notification.module.terraform_state_backend_notification_processor.aws_s3_bucket.default",
            "module.common_resources_staging.module.notification.module.terraform_state_backend_notification_processor.data.aws_region.current"
          ]
        }
      ]
    },
    {
      "module": "module.common_resources_staging.module.organization.module.terraform_state_backend_organization_shared",
      "mode": "data",
      "type": "aws_iam_policy_document",
      "name": "prevent_unencrypted_uploads",
      "provider": "provider[\"registry.terraform.io/hashicorp/aws\"]",
      "instances": [
        {
          "index_key": 0,
          "schema_version": 0,
          "attributes": {
            "id": "1532799100",
            "json": "{\n  \"Version\": \"2012-10-17\",\n  \"Statement\": [\n    {\n      \"Sid\": \"DenyIncorrectEncryptionHeader\",\n      \"Effect\": \"Deny\",\n      \"Action\": \"s3:PutObject\",\n      \"Resource\": \"arn:aws:s3:::unityhub-production-organization-shared-terraform-state/*\",\n      \"Principal\": {\n        \"AWS\": \"*\"\n      },\n      \"Condition\": {\n        \"StringNotEquals\": {\n          \"s3:x-amz-server-side-encryption\": [\n            \"AES256\",\n            \"aws:kms\"\n          ]\n        }\n      }\n    },\n    {\n      \"Sid\": \"DenyUnEncryptedObjectUploads\",\n      \"Effect\": \"Deny\",\n      \"Action\": \"s3:PutObject\",\n      \"Resource\": \"arn:aws:s3:::unityhub-production-organization-shared-terraform-state/*\",\n      \"Principal\": {\n        \"AWS\": \"*\"\n      },\n      \"Condition\": {\n        \"Null\": {\n          \"s3:x-amz-server-side-encryption\": \"true\"\n        }\n      }\n    },\n    {\n      \"Sid\": \"EnforceTlsRequestsOnly\",\n      \"Effect\": \"Deny\",\n      \"Action\": \"s3:*\",\n      \"Resource\": [\n        \"arn:aws:s3:::unityhub-production-organization-shared-terraform-state/*\",\n        \"arn:aws:s3:::unityhub-production-organization-shared-terraform-state\"\n      ],\n      \"Principal\": {\n        \"AWS\": \"*\"\n      },\n      \"Condition\": {\n        \"Bool\": {\n          \"aws:SecureTransport\": \"false\"\n        }\n      }\n    }\n  ]\n}",
            "minified_json": "{\"Version\":\"2012-10-17\",\"Statement\":[{\"Sid\":\"DenyIncorrectEncryptionHeader\",\"Effect\":\"Deny\",\"Action\":\"s3:PutObject\",\"Resource\":\"arn:aws:s3:::unityhub-production-organization-shared-terraform-state/*\",\"Principal\":{\"AWS\":\"*\"},\"Condition\":{\"StringNotEquals\":{\"s3:x-amz-server-side-encryption\":[\"AES256\",\"aws:kms\"]}}},{\"Sid\":\"DenyUnEncryptedObjectUploads\",\"Effect\":\"Deny\",\"Action\":\"s3:PutObject\",\"Resource\":\"arn:aws:s3:::unityhub-production-organization-shared-terraform-state/*\",\"Principal\":{\"AWS\":\"*\"},\"Condition\":{\"Null\":{\"s3:x-amz-server-side-encryption\":\"true\"}}},{\"Sid\":\"EnforceTlsRequestsOnly\",\"Effect\":\"Deny\",\"Action\":\"s3:*\",\"Resource\":[\"arn:aws:s3:::unityhub-production-organization-shared-terraform-state/*\",\"arn:aws:s3:::unityhub-production-organization-shared-terraform-state\"],\"Principal\":{\"AWS\":\"*\"},\"Condition\":{\"Bool\":{\"aws:SecureTransport\":\"false\"}}}]}",
            "override_json": null,
            "override_policy_documents": null,
            "policy_id": null,
            "source_json": null,
            "source_policy_documents": null,
            "statement": [
              {
                "actions": [
                  "s3:PutObject"
                ],
                "condition": [
                  {
                    "test": "StringNotEquals",
                    "values": [
                      "AES256",
                      "aws:kms"
                    ],
                    "variable": "s3:x-amz-server-side-encryption"
                  }
                ],
                "effect": "Deny",
                "not_actions": [],
                "not_principals": [],
                "not_resources": [],
                "principals": [
                  {
                    "identifiers": [
                      "*"
                    ],
                    "type": "AWS"
                  }
                ],
                "resources": [
                  "arn:aws:s3:::unityhub-production-organization-shared-terraform-state/*"
                ],
                "sid": "DenyIncorrectEncryptionHeader"
              },
              {
                "actions": [
                  "s3:PutObject"
                ],
                "condition": [
                  {
                    "test": "Null",
                    "values": [
                      "true"
                    ],
                    "variable": "s3:x-amz-server-side-encryption"
                  }
                ],
                "effect": "Deny",
                "not_actions": [],
                "not_principals": [],
                "not_resources": [],
                "principals": [
                  {
                    "identifiers": [
                      "*"
                    ],
                    "type": "AWS"
                  }
                ],
                "resources": [
                  "arn:aws:s3:::unityhub-production-organization-shared-terraform-state/*"
                ],
                "sid": "DenyUnEncryptedObjectUploads"
              },
              {
                "actions": [
                  "s3:*"
                ],
                "condition": [
                  {
                    "test": "Bool",
                    "values": [
                      "false"
                    ],
                    "variable": "aws:SecureTransport"
                  }
                ],
                "effect": "Deny",
                "not_actions": [],
                "not_principals": [],
                "not_resources": [],
                "principals": [
                  {
                    "identifiers": [
                      "*"
                    ],
                    "type": "AWS"
                  }
                ],
                "resources": [
                  "arn:aws:s3:::unityhub-production-organization-shared-terraform-state",
                  "arn:aws:s3:::unityhub-production-organization-shared-terraform-state/*"
                ],
                "sid": "EnforceTlsRequestsOnly"
              }
            ],
            "version": "2012-10-17"
          },
          "sensitive_attributes": []
        }
      ]
    },
    {
      "module": "module.common_resources_staging.module.organization.module.terraform_state_backend_organization_shared",
      "mode": "data",
      "type": "aws_region",
      "name": "current",
      "provider": "provider[\"registry.terraform.io/hashicorp/aws\"]",
      "instances": [
        {
          "schema_version": 0,
          "attributes": {
            "description": "US East (N. Virginia)",
            "endpoint": "ec2.us-east-1.amazonaws.com",
            "id": "us-east-1",
            "name": "us-east-1"
          },
          "sensitive_attributes": []
        }
      ]
    },
    {
      "module": "module.common_resources_staging.module.organization.module.terraform_state_backend_organization_shared",
      "mode": "managed",
      "type": "aws_dynamodb_table",
      "name": "with_server_side_encryption",
      "provider": "provider[\"registry.terraform.io/hashicorp/aws\"]",
      "instances": [
        {
          "index_key": 0,
          "schema_version": 1,
          "attributes": {
            "arn": "arn:aws:dynamodb:us-east-1:514472330244:table/unityhub-production-organization-shared-terraform-state-lock",
            "attribute": [
              {
                "name": "LockID",
                "type": "S"
              }
            ],
            "billing_mode": "PAY_PER_REQUEST",
            "deletion_protection_enabled": false,
            "global_secondary_index": [],
            "hash_key": "LockID",
            "id": "unityhub-production-organization-shared-terraform-state-lock",
            "import_table": [],
            "local_secondary_index": [],
            "name": "unityhub-production-organization-shared-terraform-state-lock",
            "point_in_time_recovery": [
              {
                "enabled": true
              }
            ],
            "range_key": null,
            "read_capacity": 0,
            "replica": [],
            "restore_date_time": null,
            "restore_source_name": null,
            "restore_source_table_arn": null,
            "restore_to_latest_time": null,
            "server_side_encryption": [
              {
                "enabled": true,
                "kms_key_arn": ""
              }
            ],
            "stream_arn": "",
            "stream_enabled": false,
            "stream_label": "",
            "stream_view_type": "",
            "table_class": "STANDARD",
            "tags": {
              "Attributes": "terraform-state-lock",
              "Name": "unityhub-production-organization-shared-terraform-state-lock",
              "Namespace": "unityhub",
              "Stage": "production"
            },
            "tags_all": {
              "Attributes": "terraform-state-lock",
              "Name": "unityhub-production-organization-shared-terraform-state-lock",
              "Namespace": "unityhub",
              "Stage": "production"
            },
            "timeouts": null,
            "ttl": [
              {
                "attribute_name": "",
                "enabled": false
              }
            ],
            "write_capacity": 0
          },
          "sensitive_attributes": [],
          "private": "eyJlMmJmYjczMC1lY2FhLTExZTYtOGY4OC0zNDM2M2JjN2M0YzAiOnsiY3JlYXRlIjoxODAwMDAwMDAwMDAwLCJkZWxldGUiOjYwMDAwMDAwMDAwMCwidXBkYXRlIjozNjAwMDAwMDAwMDAwfSwic2NoZW1hX3ZlcnNpb24iOiIxIn0="
        }
      ]
    },
    {
      "module": "module.common_resources_staging.module.organization.module.terraform_state_backend_organization_shared",
      "mode": "managed",
      "type": "aws_s3_bucket",
      "name": "default",
      "provider": "provider[\"registry.terraform.io/hashicorp/aws\"]",
      "instances": [
        {
          "index_key": 0,
          "schema_version": 0,
          "attributes": {
            "acceleration_status": "",
            "acl": null,
            "arn": "arn:aws:s3:::unityhub-production-organization-shared-terraform-state",
            "bucket": "unityhub-production-organization-shared-terraform-state",
            "bucket_domain_name": "unityhub-production-organization-shared-terraform-state.s3.amazonaws.com",
            "bucket_prefix": "",
            "bucket_regional_domain_name": "unityhub-production-organization-shared-terraform-state.s3.us-east-1.amazonaws.com",
            "cors_rule": [],
            "force_destroy": true,
            "grant": [
              {
                "id": "bea86176a486e69a83b4227063efa3be9eb4b243551739d81a6a4b41ec8b3461",
                "permissions": [
                  "FULL_CONTROL"
                ],
                "type": "CanonicalUser",
                "uri": ""
              }
            ],
            "hosted_zone_id": "Z3AQBSTGFYJSTF",
            "id": "unityhub-production-organization-shared-terraform-state",
            "lifecycle_rule": [],
            "logging": [],
            "object_lock_configuration": [],
            "object_lock_enabled": false,
            "policy": "{\"Statement\":[{\"Action\":\"s3:PutObject\",\"Condition\":{\"StringNotEquals\":{\"s3:x-amz-server-side-encryption\":[\"AES256\",\"aws:kms\"]}},\"Effect\":\"Deny\",\"Principal\":{\"AWS\":\"*\"},\"Resource\":\"arn:aws:s3:::unityhub-production-organization-shared-terraform-state/*\",\"Sid\":\"DenyIncorrectEncryptionHeader\"},{\"Action\":\"s3:PutObject\",\"Condition\":{\"Null\":{\"s3:x-amz-server-side-encryption\":\"true\"}},\"Effect\":\"Deny\",\"Principal\":{\"AWS\":\"*\"},\"Resource\":\"arn:aws:s3:::unityhub-production-organization-shared-terraform-state/*\",\"Sid\":\"DenyUnEncryptedObjectUploads\"},{\"Action\":\"s3:*\",\"Condition\":{\"Bool\":{\"aws:SecureTransport\":\"false\"}},\"Effect\":\"Deny\",\"Principal\":{\"AWS\":\"*\"},\"Resource\":[\"arn:aws:s3:::unityhub-production-organization-shared-terraform-state/*\",\"arn:aws:s3:::unityhub-production-organization-shared-terraform-state\"],\"Sid\":\"EnforceTlsRequestsOnly\"}],\"Version\":\"2012-10-17\"}",
            "region": "us-east-1",
            "replication_configuration": [],
            "request_payer": "BucketOwner",
            "server_side_encryption_configuration": [
              {
                "rule": [
                  {
                    "apply_server_side_encryption_by_default": [
                      {
                        "kms_master_key_id": "",
                        "sse_algorithm": "AES256"
                      }
                    ],
                    "bucket_key_enabled": false
                  }
                ]
              }
            ],
            "tags": {
              "Attributes": "terraform-state",
              "Name": "unityhub-production-organization-shared-terraform-state",
              "Namespace": "unityhub",
              "Stage": "production"
            },
            "tags_all": {
              "Attributes": "terraform-state",
              "Name": "unityhub-production-organization-shared-terraform-state",
              "Namespace": "unityhub",
              "Stage": "production"
            },
            "timeouts": null,
            "versioning": [
              {
                "enabled": true,
                "mfa_delete": false
              }
            ],
            "website": [],
            "website_domain": null,
            "website_endpoint": null
          },
          "sensitive_attributes": [],
          "private": "eyJlMmJmYjczMC1lY2FhLTExZTYtOGY4OC0zNDM2M2JjN2M0YzAiOnsiY3JlYXRlIjoxMjAwMDAwMDAwMDAwLCJkZWxldGUiOjM2MDAwMDAwMDAwMDAsInJlYWQiOjEyMDAwMDAwMDAwMDAsInVwZGF0ZSI6MTIwMDAwMDAwMDAwMH19"
        }
      ]
    },
    {
      "module": "module.common_resources_staging.module.organization.module.terraform_state_backend_organization_shared",
      "mode": "managed",
      "type": "aws_s3_bucket_ownership_controls",
      "name": "default",
      "provider": "provider[\"registry.terraform.io/hashicorp/aws\"]",
      "instances": [
        {
          "index_key": 0,
          "schema_version": 0,
          "attributes": {
            "bucket": "unityhub-production-organization-shared-terraform-state",
            "id": "unityhub-production-organization-shared-terraform-state",
            "rule": [
              {
                "object_ownership": "BucketOwnerEnforced"
              }
            ]
          },
          "sensitive_attributes": [],
          "private": "bnVsbA==",
          "dependencies": [
            "module.common_resources_staging.module.organization.module.terraform_state_backend_organization_shared.aws_s3_bucket.default"
          ]
        }
      ]
    },
    {
      "module": "module.common_resources_staging.module.organization.module.terraform_state_backend_organization_shared",
      "mode": "managed",
      "type": "aws_s3_bucket_policy",
      "name": "default",
      "provider": "provider[\"registry.terraform.io/hashicorp/aws\"]",
      "instances": [
        {
          "index_key": 0,
          "schema_version": 0,
          "attributes": {
            "bucket": "unityhub-production-organization-shared-terraform-state",
            "id": "unityhub-production-organization-shared-terraform-state",
            "policy": "{\"Statement\":[{\"Action\":\"s3:PutObject\",\"Condition\":{\"StringNotEquals\":{\"s3:x-amz-server-side-encryption\":[\"AES256\",\"aws:kms\"]}},\"Effect\":\"Deny\",\"Principal\":{\"AWS\":\"*\"},\"Resource\":\"arn:aws:s3:::unityhub-production-organization-shared-terraform-state/*\",\"Sid\":\"DenyIncorrectEncryptionHeader\"},{\"Action\":\"s3:PutObject\",\"Condition\":{\"Null\":{\"s3:x-amz-server-side-encryption\":\"true\"}},\"Effect\":\"Deny\",\"Principal\":{\"AWS\":\"*\"},\"Resource\":\"arn:aws:s3:::unityhub-production-organization-shared-terraform-state/*\",\"Sid\":\"DenyUnEncryptedObjectUploads\"},{\"Action\":\"s3:*\",\"Condition\":{\"Bool\":{\"aws:SecureTransport\":\"false\"}},\"Effect\":\"Deny\",\"Principal\":{\"AWS\":\"*\"},\"Resource\":[\"arn:aws:s3:::unityhub-production-organization-shared-terraform-state/*\",\"arn:aws:s3:::unityhub-production-organization-shared-terraform-state\"],\"Sid\":\"EnforceTlsRequestsOnly\"}],\"Version\":\"2012-10-17\"}"
          },
          "sensitive_attributes": [],
          "private": "bnVsbA==",
          "dependencies": [
            "module.common_resources_staging.module.organization.module.terraform_state_backend_organization_shared.aws_s3_bucket.default",
            "module.common_resources_staging.module.organization.module.terraform_state_backend_organization_shared.data.aws_iam_policy_document.prevent_unencrypted_uploads"
          ]
        }
      ]
    },
    {
      "module": "module.common_resources_staging.module.organization.module.terraform_state_backend_organization_shared",
      "mode": "managed",
      "type": "aws_s3_bucket_public_access_block",
      "name": "default",
      "provider": "provider[\"registry.terraform.io/hashicorp/aws\"]",
      "instances": [
        {
          "index_key": 0,
          "schema_version": 0,
          "attributes": {
            "block_public_acls": true,
            "block_public_policy": true,
            "bucket": "unityhub-production-organization-shared-terraform-state",
            "id": "unityhub-production-organization-shared-terraform-state",
            "ignore_public_acls": true,
            "restrict_public_buckets": true
          },
          "sensitive_attributes": [],
          "private": "bnVsbA==",
          "dependencies": [
            "module.common_resources_staging.module.organization.module.terraform_state_backend_organization_shared.aws_s3_bucket.default"
          ]
        }
      ]
    },
    {
      "module": "module.common_resources_staging.module.organization.module.terraform_state_backend_organization_shared",
      "mode": "managed",
      "type": "aws_s3_bucket_server_side_encryption_configuration",
      "name": "default",
      "provider": "provider[\"registry.terraform.io/hashicorp/aws\"]",
      "instances": [
        {
          "index_key": 0,
          "schema_version": 0,
          "attributes": {
            "bucket": "unityhub-production-organization-shared-terraform-state",
            "expected_bucket_owner": "",
            "id": "unityhub-production-organization-shared-terraform-state",
            "rule": [
              {
                "apply_server_side_encryption_by_default": [
                  {
                    "kms_master_key_id": "",
                    "sse_algorithm": "AES256"
                  }
                ],
                "bucket_key_enabled": false
              }
            ]
          },
          "sensitive_attributes": [],
          "private": "bnVsbA==",
          "dependencies": [
            "module.common_resources_staging.module.organization.module.terraform_state_backend_organization_shared.aws_s3_bucket.default"
          ]
        }
      ]
    },
    {
      "module": "module.common_resources_staging.module.organization.module.terraform_state_backend_organization_shared",
      "mode": "managed",
      "type": "aws_s3_bucket_versioning",
      "name": "default",
      "provider": "provider[\"registry.terraform.io/hashicorp/aws\"]",
      "instances": [
        {
          "index_key": 0,
          "schema_version": 0,
          "attributes": {
            "bucket": "unityhub-production-organization-shared-terraform-state",
            "expected_bucket_owner": "",
            "id": "unityhub-production-organization-shared-terraform-state",
            "mfa": null,
            "versioning_configuration": [
              {
                "mfa_delete": "Disabled",
                "status": "Enabled"
              }
            ]
          },
          "sensitive_attributes": [],
          "private": "bnVsbA==",
          "dependencies": [
            "module.common_resources_staging.module.organization.module.terraform_state_backend_organization_shared.aws_s3_bucket.default"
          ]
        }
      ]
    },
    {
      "module": "module.common_resources_staging.module.organization.module.terraform_state_backend_organization_shared",
      "mode": "managed",
      "type": "local_file",
      "name": "terraform_backend_config",
      "provider": "provider[\"registry.terraform.io/hashicorp/local\"]",
      "instances": [
        {
          "index_key": 0,
          "schema_version": 0,
          "attributes": {
            "content": "terraform {\n  required_version = \"\u003e= 1.0.0\"\n\n  backend \"s3\" {\n    region         = \"us-east-1\"\n    bucket         = \"unityhub-production-organization-shared-terraform-state\"\n    key            = \"terraform.tfstate\"\n    dynamodb_table = \"unityhub-production-organization-shared-terraform-state-lock\"\n    profile        = \"\"\n    role_arn       = \"\"\n    encrypt        = \"true\"\n  }\n}\n",
            "content_base64": null,
            "content_base64sha256": "g+n7DnaLN/1dudbUlQaZPMVloL8CpLzvZdRZdaMqviQ=",
            "content_base64sha512": "DFU9QRfH4CpVuTxp9uY7IgEb/bmKvkw9C++2o3zHrDqVhoOLoe0XOzQ0qULoVRe5FH3RCrz32friVoAtQMSJdw==",
            "content_md5": "f314622c0221a93298a82f4036e04567",
            "content_sha1": "4c2584cb1e4ce86e590c01818b8ee8cf977d5b73",
            "content_sha256": "83e9fb0e768b37fd5db9d6d49506993cc565a0bf02a4bcef65d45975a32abe24",
            "content_sha512": "0c553d4117c7e02a55b93c69f6e63b22011bfdb98abe4c3d0befb6a37cc7ac3a9586838ba1ed173b3434a942e85517b9147dd10abcf7d9fae256802d40c48977",
            "directory_permission": "0777",
            "file_permission": "0644",
            "filename": "./backend/backend_organization_shared.tf",
            "id": "4c2584cb1e4ce86e590c01818b8ee8cf977d5b73",
            "sensitive_content": null,
            "source": null
          },
          "sensitive_attributes": [
            [
              {
                "type": "get_attr",
                "value": "sensitive_content"
              }
            ]
          ],
          "dependencies": [
            "module.common_resources_staging.module.organization.module.terraform_state_backend_organization_shared.aws_dynamodb_table.with_server_side_encryption",
            "module.common_resources_staging.module.organization.module.terraform_state_backend_organization_shared.aws_s3_bucket.default",
            "module.common_resources_staging.module.organization.module.terraform_state_backend_organization_shared.data.aws_region.current"
          ]
        }
      ]
    },
    {
      "module": "module.common_resources_staging.module.shared.module.terraform_state_backend_shared",
      "mode": "data",
      "type": "aws_iam_policy_document",
      "name": "prevent_unencrypted_uploads",
      "provider": "provider[\"registry.terraform.io/hashicorp/aws\"]",
      "instances": [
        {
          "index_key": 0,
          "schema_version": 0,
          "attributes": {
            "id": "4181396135",
            "json": "{\n  \"Version\": \"2012-10-17\",\n  \"Statement\": [\n    {\n      \"Sid\": \"DenyIncorrectEncryptionHeader\",\n      \"Effect\": \"Deny\",\n      \"Action\": \"s3:PutObject\",\n      \"Resource\": \"arn:aws:s3:::unityhub-production-shared-terraform-state/*\",\n      \"Principal\": {\n        \"AWS\": \"*\"\n      },\n      \"Condition\": {\n        \"StringNotEquals\": {\n          \"s3:x-amz-server-side-encryption\": [\n            \"AES256\",\n            \"aws:kms\"\n          ]\n        }\n      }\n    },\n    {\n      \"Sid\": \"DenyUnEncryptedObjectUploads\",\n      \"Effect\": \"Deny\",\n      \"Action\": \"s3:PutObject\",\n      \"Resource\": \"arn:aws:s3:::unityhub-production-shared-terraform-state/*\",\n      \"Principal\": {\n        \"AWS\": \"*\"\n      },\n      \"Condition\": {\n        \"Null\": {\n          \"s3:x-amz-server-side-encryption\": \"true\"\n        }\n      }\n    },\n    {\n      \"Sid\": \"EnforceTlsRequestsOnly\",\n      \"Effect\": \"Deny\",\n      \"Action\": \"s3:*\",\n      \"Resource\": [\n        \"arn:aws:s3:::unityhub-production-shared-terraform-state/*\",\n        \"arn:aws:s3:::unityhub-production-shared-terraform-state\"\n      ],\n      \"Principal\": {\n        \"AWS\": \"*\"\n      },\n      \"Condition\": {\n        \"Bool\": {\n          \"aws:SecureTransport\": \"false\"\n        }\n      }\n    }\n  ]\n}",
            "minified_json": "{\"Version\":\"2012-10-17\",\"Statement\":[{\"Sid\":\"DenyIncorrectEncryptionHeader\",\"Effect\":\"Deny\",\"Action\":\"s3:PutObject\",\"Resource\":\"arn:aws:s3:::unityhub-production-shared-terraform-state/*\",\"Principal\":{\"AWS\":\"*\"},\"Condition\":{\"StringNotEquals\":{\"s3:x-amz-server-side-encryption\":[\"AES256\",\"aws:kms\"]}}},{\"Sid\":\"DenyUnEncryptedObjectUploads\",\"Effect\":\"Deny\",\"Action\":\"s3:PutObject\",\"Resource\":\"arn:aws:s3:::unityhub-production-shared-terraform-state/*\",\"Principal\":{\"AWS\":\"*\"},\"Condition\":{\"Null\":{\"s3:x-amz-server-side-encryption\":\"true\"}}},{\"Sid\":\"EnforceTlsRequestsOnly\",\"Effect\":\"Deny\",\"Action\":\"s3:*\",\"Resource\":[\"arn:aws:s3:::unityhub-production-shared-terraform-state/*\",\"arn:aws:s3:::unityhub-production-shared-terraform-state\"],\"Principal\":{\"AWS\":\"*\"},\"Condition\":{\"Bool\":{\"aws:SecureTransport\":\"false\"}}}]}",
            "override_json": null,
            "override_policy_documents": null,
            "policy_id": null,
            "source_json": null,
            "source_policy_documents": null,
            "statement": [
              {
                "actions": [
                  "s3:PutObject"
                ],
                "condition": [
                  {
                    "test": "StringNotEquals",
                    "values": [
                      "AES256",
                      "aws:kms"
                    ],
                    "variable": "s3:x-amz-server-side-encryption"
                  }
                ],
                "effect": "Deny",
                "not_actions": [],
                "not_principals": [],
                "not_resources": [],
                "principals": [
                  {
                    "identifiers": [
                      "*"
                    ],
                    "type": "AWS"
                  }
                ],
                "resources": [
                  "arn:aws:s3:::unityhub-production-shared-terraform-state/*"
                ],
                "sid": "DenyIncorrectEncryptionHeader"
              },
              {
                "actions": [
                  "s3:PutObject"
                ],
                "condition": [
                  {
                    "test": "Null",
                    "values": [
                      "true"
                    ],
                    "variable": "s3:x-amz-server-side-encryption"
                  }
                ],
                "effect": "Deny",
                "not_actions": [],
                "not_principals": [],
                "not_resources": [],
                "principals": [
                  {
                    "identifiers": [
                      "*"
                    ],
                    "type": "AWS"
                  }
                ],
                "resources": [
                  "arn:aws:s3:::unityhub-production-shared-terraform-state/*"
                ],
                "sid": "DenyUnEncryptedObjectUploads"
              },
              {
                "actions": [
                  "s3:*"
                ],
                "condition": [
                  {
                    "test": "Bool",
                    "values": [
                      "false"
                    ],
                    "variable": "aws:SecureTransport"
                  }
                ],
                "effect": "Deny",
                "not_actions": [],
                "not_principals": [],
                "not_resources": [],
                "principals": [
                  {
                    "identifiers": [
                      "*"
                    ],
                    "type": "AWS"
                  }
                ],
                "resources": [
                  "arn:aws:s3:::unityhub-production-shared-terraform-state",
                  "arn:aws:s3:::unityhub-production-shared-terraform-state/*"
                ],
                "sid": "EnforceTlsRequestsOnly"
              }
            ],
            "version": "2012-10-17"
          },
          "sensitive_attributes": []
        }
      ]
    },
    {
      "module": "module.common_resources_staging.module.shared.module.terraform_state_backend_shared",
      "mode": "data",
      "type": "aws_region",
      "name": "current",
      "provider": "provider[\"registry.terraform.io/hashicorp/aws\"]",
      "instances": [
        {
          "schema_version": 0,
          "attributes": {
            "description": "US East (N. Virginia)",
            "endpoint": "ec2.us-east-1.amazonaws.com",
            "id": "us-east-1",
            "name": "us-east-1"
          },
          "sensitive_attributes": []
        }
      ]
    },
    {
      "module": "module.common_resources_staging.module.shared.module.terraform_state_backend_shared",
      "mode": "managed",
      "type": "aws_dynamodb_table",
      "name": "with_server_side_encryption",
      "provider": "provider[\"registry.terraform.io/hashicorp/aws\"]",
      "instances": [
        {
          "index_key": 0,
          "schema_version": 1,
          "attributes": {
            "arn": "arn:aws:dynamodb:us-east-1:514472330244:table/unityhub-production-shared-terraform-state-lock",
            "attribute": [
              {
                "name": "LockID",
                "type": "S"
              }
            ],
            "billing_mode": "PAY_PER_REQUEST",
            "deletion_protection_enabled": false,
            "global_secondary_index": [],
            "hash_key": "LockID",
            "id": "unityhub-production-shared-terraform-state-lock",
            "import_table": [],
            "local_secondary_index": [],
            "name": "unityhub-production-shared-terraform-state-lock",
            "point_in_time_recovery": [
              {
                "enabled": true
              }
            ],
            "range_key": null,
            "read_capacity": 0,
            "replica": [],
            "restore_date_time": null,
            "restore_source_name": null,
            "restore_source_table_arn": null,
            "restore_to_latest_time": null,
            "server_side_encryption": [
              {
                "enabled": true,
                "kms_key_arn": ""
              }
            ],
            "stream_arn": "",
            "stream_enabled": false,
            "stream_label": "",
            "stream_view_type": "",
            "table_class": "STANDARD",
            "tags": {
              "Attributes": "terraform-state-lock",
              "Name": "unityhub-production-shared-terraform-state-lock",
              "Namespace": "unityhub",
              "Stage": "production"
            },
            "tags_all": {
              "Attributes": "terraform-state-lock",
              "Name": "unityhub-production-shared-terraform-state-lock",
              "Namespace": "unityhub",
              "Stage": "production"
            },
            "timeouts": null,
            "ttl": [
              {
                "attribute_name": "",
                "enabled": false
              }
            ],
            "write_capacity": 0
          },
          "sensitive_attributes": [],
          "private": "eyJlMmJmYjczMC1lY2FhLTExZTYtOGY4OC0zNDM2M2JjN2M0YzAiOnsiY3JlYXRlIjoxODAwMDAwMDAwMDAwLCJkZWxldGUiOjYwMDAwMDAwMDAwMCwidXBkYXRlIjozNjAwMDAwMDAwMDAwfSwic2NoZW1hX3ZlcnNpb24iOiIxIn0="
        }
      ]
    },
    {
      "module": "module.common_resources_staging.module.shared.module.terraform_state_backend_shared",
      "mode": "managed",
      "type": "aws_s3_bucket",
      "name": "default",
      "provider": "provider[\"registry.terraform.io/hashicorp/aws\"]",
      "instances": [
        {
          "index_key": 0,
          "schema_version": 0,
          "attributes": {
            "acceleration_status": "",
            "acl": null,
            "arn": "arn:aws:s3:::unityhub-production-shared-terraform-state",
            "bucket": "unityhub-production-shared-terraform-state",
            "bucket_domain_name": "unityhub-production-shared-terraform-state.s3.amazonaws.com",
            "bucket_prefix": "",
            "bucket_regional_domain_name": "unityhub-production-shared-terraform-state.s3.us-east-1.amazonaws.com",
            "cors_rule": [],
            "force_destroy": true,
            "grant": [
              {
                "id": "bea86176a486e69a83b4227063efa3be9eb4b243551739d81a6a4b41ec8b3461",
                "permissions": [
                  "FULL_CONTROL"
                ],
                "type": "CanonicalUser",
                "uri": ""
              }
            ],
            "hosted_zone_id": "Z3AQBSTGFYJSTF",
            "id": "unityhub-production-shared-terraform-state",
            "lifecycle_rule": [],
            "logging": [],
            "object_lock_configuration": [],
            "object_lock_enabled": false,
            "policy": "{\"Statement\":[{\"Action\":\"s3:PutObject\",\"Condition\":{\"StringNotEquals\":{\"s3:x-amz-server-side-encryption\":[\"AES256\",\"aws:kms\"]}},\"Effect\":\"Deny\",\"Principal\":{\"AWS\":\"*\"},\"Resource\":\"arn:aws:s3:::unityhub-production-shared-terraform-state/*\",\"Sid\":\"DenyIncorrectEncryptionHeader\"},{\"Action\":\"s3:PutObject\",\"Condition\":{\"Null\":{\"s3:x-amz-server-side-encryption\":\"true\"}},\"Effect\":\"Deny\",\"Principal\":{\"AWS\":\"*\"},\"Resource\":\"arn:aws:s3:::unityhub-production-shared-terraform-state/*\",\"Sid\":\"DenyUnEncryptedObjectUploads\"},{\"Action\":\"s3:*\",\"Condition\":{\"Bool\":{\"aws:SecureTransport\":\"false\"}},\"Effect\":\"Deny\",\"Principal\":{\"AWS\":\"*\"},\"Resource\":[\"arn:aws:s3:::unityhub-production-shared-terraform-state/*\",\"arn:aws:s3:::unityhub-production-shared-terraform-state\"],\"Sid\":\"EnforceTlsRequestsOnly\"}],\"Version\":\"2012-10-17\"}",
            "region": "us-east-1",
            "replication_configuration": [],
            "request_payer": "BucketOwner",
            "server_side_encryption_configuration": [
              {
                "rule": [
                  {
                    "apply_server_side_encryption_by_default": [
                      {
                        "kms_master_key_id": "",
                        "sse_algorithm": "AES256"
                      }
                    ],
                    "bucket_key_enabled": false
                  }
                ]
              }
            ],
            "tags": {
              "Attributes": "terraform-state",
              "Name": "unityhub-production-shared-terraform-state",
              "Namespace": "unityhub",
              "Stage": "production"
            },
            "tags_all": {
              "Attributes": "terraform-state",
              "Name": "unityhub-production-shared-terraform-state",
              "Namespace": "unityhub",
              "Stage": "production"
            },
            "timeouts": null,
            "versioning": [
              {
                "enabled": true,
                "mfa_delete": false
              }
            ],
            "website": [],
            "website_domain": null,
            "website_endpoint": null
          },
          "sensitive_attributes": [],
          "private": "eyJlMmJmYjczMC1lY2FhLTExZTYtOGY4OC0zNDM2M2JjN2M0YzAiOnsiY3JlYXRlIjoxMjAwMDAwMDAwMDAwLCJkZWxldGUiOjM2MDAwMDAwMDAwMDAsInJlYWQiOjEyMDAwMDAwMDAwMDAsInVwZGF0ZSI6MTIwMDAwMDAwMDAwMH19"
        }
      ]
    },
    {
      "module": "module.common_resources_staging.module.shared.module.terraform_state_backend_shared",
      "mode": "managed",
      "type": "aws_s3_bucket_ownership_controls",
      "name": "default",
      "provider": "provider[\"registry.terraform.io/hashicorp/aws\"]",
      "instances": [
        {
          "index_key": 0,
          "schema_version": 0,
          "attributes": {
            "bucket": "unityhub-production-shared-terraform-state",
            "id": "unityhub-production-shared-terraform-state",
            "rule": [
              {
                "object_ownership": "BucketOwnerEnforced"
              }
            ]
          },
          "sensitive_attributes": [],
          "private": "bnVsbA==",
          "dependencies": [
            "module.common_resources_staging.module.shared.module.terraform_state_backend_shared.aws_s3_bucket.default"
          ]
        }
      ]
    },
    {
      "module": "module.common_resources_staging.module.shared.module.terraform_state_backend_shared",
      "mode": "managed",
      "type": "aws_s3_bucket_policy",
      "name": "default",
      "provider": "provider[\"registry.terraform.io/hashicorp/aws\"]",
      "instances": [
        {
          "index_key": 0,
          "schema_version": 0,
          "attributes": {
            "bucket": "unityhub-production-shared-terraform-state",
            "id": "unityhub-production-shared-terraform-state",
            "policy": "{\"Statement\":[{\"Action\":\"s3:PutObject\",\"Condition\":{\"StringNotEquals\":{\"s3:x-amz-server-side-encryption\":[\"AES256\",\"aws:kms\"]}},\"Effect\":\"Deny\",\"Principal\":{\"AWS\":\"*\"},\"Resource\":\"arn:aws:s3:::unityhub-production-shared-terraform-state/*\",\"Sid\":\"DenyIncorrectEncryptionHeader\"},{\"Action\":\"s3:PutObject\",\"Condition\":{\"Null\":{\"s3:x-amz-server-side-encryption\":\"true\"}},\"Effect\":\"Deny\",\"Principal\":{\"AWS\":\"*\"},\"Resource\":\"arn:aws:s3:::unityhub-production-shared-terraform-state/*\",\"Sid\":\"DenyUnEncryptedObjectUploads\"},{\"Action\":\"s3:*\",\"Condition\":{\"Bool\":{\"aws:SecureTransport\":\"false\"}},\"Effect\":\"Deny\",\"Principal\":{\"AWS\":\"*\"},\"Resource\":[\"arn:aws:s3:::unityhub-production-shared-terraform-state/*\",\"arn:aws:s3:::unityhub-production-shared-terraform-state\"],\"Sid\":\"EnforceTlsRequestsOnly\"}],\"Version\":\"2012-10-17\"}"
          },
          "sensitive_attributes": [],
          "private": "bnVsbA==",
          "dependencies": [
            "module.common_resources_staging.module.shared.module.terraform_state_backend_shared.aws_s3_bucket.default",
            "module.common_resources_staging.module.shared.module.terraform_state_backend_shared.data.aws_iam_policy_document.prevent_unencrypted_uploads"
          ]
        }
      ]
    },
    {
      "module": "module.common_resources_staging.module.shared.module.terraform_state_backend_shared",
      "mode": "managed",
      "type": "aws_s3_bucket_public_access_block",
      "name": "default",
      "provider": "provider[\"registry.terraform.io/hashicorp/aws\"]",
      "instances": [
        {
          "index_key": 0,
          "schema_version": 0,
          "attributes": {
            "block_public_acls": true,
            "block_public_policy": true,
            "bucket": "unityhub-production-shared-terraform-state",
            "id": "unityhub-production-shared-terraform-state",
            "ignore_public_acls": true,
            "restrict_public_buckets": true
          },
          "sensitive_attributes": [],
          "private": "bnVsbA==",
          "dependencies": [
            "module.common_resources_staging.module.shared.module.terraform_state_backend_shared.aws_s3_bucket.default"
          ]
        }
      ]
    },
    {
      "module": "module.common_resources_staging.module.shared.module.terraform_state_backend_shared",
      "mode": "managed",
      "type": "aws_s3_bucket_server_side_encryption_configuration",
      "name": "default",
      "provider": "provider[\"registry.terraform.io/hashicorp/aws\"]",
      "instances": [
        {
          "index_key": 0,
          "schema_version": 0,
          "attributes": {
            "bucket": "unityhub-production-shared-terraform-state",
            "expected_bucket_owner": "",
            "id": "unityhub-production-shared-terraform-state",
            "rule": [
              {
                "apply_server_side_encryption_by_default": [
                  {
                    "kms_master_key_id": "",
                    "sse_algorithm": "AES256"
                  }
                ],
                "bucket_key_enabled": false
              }
            ]
          },
          "sensitive_attributes": [],
          "private": "bnVsbA==",
          "dependencies": [
            "module.common_resources_staging.module.shared.module.terraform_state_backend_shared.aws_s3_bucket.default"
          ]
        }
      ]
    },
    {
      "module": "module.common_resources_staging.module.shared.module.terraform_state_backend_shared",
      "mode": "managed",
      "type": "aws_s3_bucket_versioning",
      "name": "default",
      "provider": "provider[\"registry.terraform.io/hashicorp/aws\"]",
      "instances": [
        {
          "index_key": 0,
          "schema_version": 0,
          "attributes": {
            "bucket": "unityhub-production-shared-terraform-state",
            "expected_bucket_owner": "",
            "id": "unityhub-production-shared-terraform-state",
            "mfa": null,
            "versioning_configuration": [
              {
                "mfa_delete": "Disabled",
                "status": "Enabled"
              }
            ]
          },
          "sensitive_attributes": [],
          "private": "bnVsbA==",
          "dependencies": [
            "module.common_resources_staging.module.shared.module.terraform_state_backend_shared.aws_s3_bucket.default"
          ]
        }
      ]
    },
    {
      "module": "module.common_resources_staging.module.shared.module.terraform_state_backend_shared",
      "mode": "managed",
      "type": "local_file",
      "name": "terraform_backend_config",
      "provider": "provider[\"registry.terraform.io/hashicorp/local\"]",
      "instances": [
        {
          "index_key": 0,
          "schema_version": 0,
          "attributes": {
            "content": "terraform {\n  required_version = \"\u003e= 1.0.0\"\n\n  backend \"s3\" {\n    region         = \"us-east-1\"\n    bucket         = \"unityhub-production-shared-terraform-state\"\n    key            = \"terraform.tfstate\"\n    dynamodb_table = \"unityhub-production-shared-terraform-state-lock\"\n    profile        = \"\"\n    role_arn       = \"\"\n    encrypt        = \"true\"\n  }\n}\n",
            "content_base64": null,
            "content_base64sha256": "plvnApNKREWIyohu1sSV9cqajDOrWEG5RaQd06U2TfM=",
            "content_base64sha512": "qCkpc8Qpik9iLiATm2EUgcYXMiu+8qEvd2wgFyNPJM/AL3d6qEFSpkWbOn1tWX7tq7NKNoWvXpBtMsVgfdZzMA==",
            "content_md5": "97353ad035332268a530e956cdcb02e6",
            "content_sha1": "cd5ed598c9752a31c732ef8fd5ee25079b3a4354",
            "content_sha256": "a65be702934a444588ca886ed6c495f5ca9a8c33ab5841b945a41dd3a5364df3",
            "content_sha512": "a8292973c4298a4f622e20139b611481c617322bbef2a12f776c2017234f24cfc02f777aa84152a6459b3a7d6d597eedabb34a3685af5e906d32c5607dd67330",
            "directory_permission": "0777",
            "file_permission": "0644",
            "filename": "./backend/backend_shared.tf",
            "id": "cd5ed598c9752a31c732ef8fd5ee25079b3a4354",
            "sensitive_content": null,
            "source": null
          },
          "sensitive_attributes": [
            [
              {
                "type": "get_attr",
                "value": "sensitive_content"
              }
            ]
          ],
          "dependencies": [
            "module.common_resources_staging.module.shared.module.terraform_state_backend_shared.aws_dynamodb_table.with_server_side_encryption",
            "module.common_resources_staging.module.shared.module.terraform_state_backend_shared.aws_s3_bucket.default",
            "module.common_resources_staging.module.shared.module.terraform_state_backend_shared.data.aws_region.current"
          ]
        }
      ]
    },
    {
      "module": "module.common_resources_staging.module.slack.module.terraform_state_backend_slack_shared",
      "mode": "data",
      "type": "aws_iam_policy_document",
      "name": "prevent_unencrypted_uploads",
      "provider": "provider[\"registry.terraform.io/hashicorp/aws\"]",
      "instances": [
        {
          "index_key": 0,
          "schema_version": 0,
          "attributes": {
            "id": "463642869",
            "json": "{\n  \"Version\": \"2012-10-17\",\n  \"Statement\": [\n    {\n      \"Sid\": \"DenyIncorrectEncryptionHeader\",\n      \"Effect\": \"Deny\",\n      \"Action\": \"s3:PutObject\",\n      \"Resource\": \"arn:aws:s3:::unityhub-production-slack-shared-terraform-state/*\",\n      \"Principal\": {\n        \"AWS\": \"*\"\n      },\n      \"Condition\": {\n        \"StringNotEquals\": {\n          \"s3:x-amz-server-side-encryption\": [\n            \"AES256\",\n            \"aws:kms\"\n          ]\n        }\n      }\n    },\n    {\n      \"Sid\": \"DenyUnEncryptedObjectUploads\",\n      \"Effect\": \"Deny\",\n      \"Action\": \"s3:PutObject\",\n      \"Resource\": \"arn:aws:s3:::unityhub-production-slack-shared-terraform-state/*\",\n      \"Principal\": {\n        \"AWS\": \"*\"\n      },\n      \"Condition\": {\n        \"Null\": {\n          \"s3:x-amz-server-side-encryption\": \"true\"\n        }\n      }\n    },\n    {\n      \"Sid\": \"EnforceTlsRequestsOnly\",\n      \"Effect\": \"Deny\",\n      \"Action\": \"s3:*\",\n      \"Resource\": [\n        \"arn:aws:s3:::unityhub-production-slack-shared-terraform-state/*\",\n        \"arn:aws:s3:::unityhub-production-slack-shared-terraform-state\"\n      ],\n      \"Principal\": {\n        \"AWS\": \"*\"\n      },\n      \"Condition\": {\n        \"Bool\": {\n          \"aws:SecureTransport\": \"false\"\n        }\n      }\n    }\n  ]\n}",
            "minified_json": "{\"Version\":\"2012-10-17\",\"Statement\":[{\"Sid\":\"DenyIncorrectEncryptionHeader\",\"Effect\":\"Deny\",\"Action\":\"s3:PutObject\",\"Resource\":\"arn:aws:s3:::unityhub-production-slack-shared-terraform-state/*\",\"Principal\":{\"AWS\":\"*\"},\"Condition\":{\"StringNotEquals\":{\"s3:x-amz-server-side-encryption\":[\"AES256\",\"aws:kms\"]}}},{\"Sid\":\"DenyUnEncryptedObjectUploads\",\"Effect\":\"Deny\",\"Action\":\"s3:PutObject\",\"Resource\":\"arn:aws:s3:::unityhub-production-slack-shared-terraform-state/*\",\"Principal\":{\"AWS\":\"*\"},\"Condition\":{\"Null\":{\"s3:x-amz-server-side-encryption\":\"true\"}}},{\"Sid\":\"EnforceTlsRequestsOnly\",\"Effect\":\"Deny\",\"Action\":\"s3:*\",\"Resource\":[\"arn:aws:s3:::unityhub-production-slack-shared-terraform-state/*\",\"arn:aws:s3:::unityhub-production-slack-shared-terraform-state\"],\"Principal\":{\"AWS\":\"*\"},\"Condition\":{\"Bool\":{\"aws:SecureTransport\":\"false\"}}}]}",
            "override_json": null,
            "override_policy_documents": null,
            "policy_id": null,
            "source_json": null,
            "source_policy_documents": null,
            "statement": [
              {
                "actions": [
                  "s3:PutObject"
                ],
                "condition": [
                  {
                    "test": "StringNotEquals",
                    "values": [
                      "AES256",
                      "aws:kms"
                    ],
                    "variable": "s3:x-amz-server-side-encryption"
                  }
                ],
                "effect": "Deny",
                "not_actions": [],
                "not_principals": [],
                "not_resources": [],
                "principals": [
                  {
                    "identifiers": [
                      "*"
                    ],
                    "type": "AWS"
                  }
                ],
                "resources": [
                  "arn:aws:s3:::unityhub-production-slack-shared-terraform-state/*"
                ],
                "sid": "DenyIncorrectEncryptionHeader"
              },
              {
                "actions": [
                  "s3:PutObject"
                ],
                "condition": [
                  {
                    "test": "Null",
                    "values": [
                      "true"
                    ],
                    "variable": "s3:x-amz-server-side-encryption"
                  }
                ],
                "effect": "Deny",
                "not_actions": [],
                "not_principals": [],
                "not_resources": [],
                "principals": [
                  {
                    "identifiers": [
                      "*"
                    ],
                    "type": "AWS"
                  }
                ],
                "resources": [
                  "arn:aws:s3:::unityhub-production-slack-shared-terraform-state/*"
                ],
                "sid": "DenyUnEncryptedObjectUploads"
              },
              {
                "actions": [
                  "s3:*"
                ],
                "condition": [
                  {
                    "test": "Bool",
                    "values": [
                      "false"
                    ],
                    "variable": "aws:SecureTransport"
                  }
                ],
                "effect": "Deny",
                "not_actions": [],
                "not_principals": [],
                "not_resources": [],
                "principals": [
                  {
                    "identifiers": [
                      "*"
                    ],
                    "type": "AWS"
                  }
                ],
                "resources": [
                  "arn:aws:s3:::unityhub-production-slack-shared-terraform-state",
                  "arn:aws:s3:::unityhub-production-slack-shared-terraform-state/*"
                ],
                "sid": "EnforceTlsRequestsOnly"
              }
            ],
            "version": "2012-10-17"
          },
          "sensitive_attributes": []
        }
      ]
    },
    {
      "module": "module.common_resources_staging.module.slack.module.terraform_state_backend_slack_shared",
      "mode": "data",
      "type": "aws_region",
      "name": "current",
      "provider": "provider[\"registry.terraform.io/hashicorp/aws\"]",
      "instances": [
        {
          "schema_version": 0,
          "attributes": {
            "description": "US East (N. Virginia)",
            "endpoint": "ec2.us-east-1.amazonaws.com",
            "id": "us-east-1",
            "name": "us-east-1"
          },
          "sensitive_attributes": []
        }
      ]
    },
    {
      "module": "module.common_resources_staging.module.slack.module.terraform_state_backend_slack_shared",
      "mode": "managed",
      "type": "aws_dynamodb_table",
      "name": "with_server_side_encryption",
      "provider": "provider[\"registry.terraform.io/hashicorp/aws\"]",
      "instances": [
        {
          "index_key": 0,
          "schema_version": 1,
          "attributes": {
            "arn": "arn:aws:dynamodb:us-east-1:514472330244:table/unityhub-production-slack-shared-terraform-state-lock",
            "attribute": [
              {
                "name": "LockID",
                "type": "S"
              }
            ],
            "billing_mode": "PAY_PER_REQUEST",
            "deletion_protection_enabled": false,
            "global_secondary_index": [],
            "hash_key": "LockID",
            "id": "unityhub-production-slack-shared-terraform-state-lock",
            "import_table": [],
            "local_secondary_index": [],
            "name": "unityhub-production-slack-shared-terraform-state-lock",
            "point_in_time_recovery": [
              {
                "enabled": true
              }
            ],
            "range_key": null,
            "read_capacity": 0,
            "replica": [],
            "restore_date_time": null,
            "restore_source_name": null,
            "restore_source_table_arn": null,
            "restore_to_latest_time": null,
            "server_side_encryption": [
              {
                "enabled": true,
                "kms_key_arn": ""
              }
            ],
            "stream_arn": "",
            "stream_enabled": false,
            "stream_label": "",
            "stream_view_type": "",
            "table_class": "STANDARD",
            "tags": {
              "Attributes": "terraform-state-lock",
              "Name": "unityhub-production-slack-shared-terraform-state-lock",
              "Namespace": "unityhub",
              "Stage": "production"
            },
            "tags_all": {
              "Attributes": "terraform-state-lock",
              "Name": "unityhub-production-slack-shared-terraform-state-lock",
              "Namespace": "unityhub",
              "Stage": "production"
            },
            "timeouts": null,
            "ttl": [
              {
                "attribute_name": "",
                "enabled": false
              }
            ],
            "write_capacity": 0
          },
          "sensitive_attributes": [],
          "private": "eyJlMmJmYjczMC1lY2FhLTExZTYtOGY4OC0zNDM2M2JjN2M0YzAiOnsiY3JlYXRlIjoxODAwMDAwMDAwMDAwLCJkZWxldGUiOjYwMDAwMDAwMDAwMCwidXBkYXRlIjozNjAwMDAwMDAwMDAwfSwic2NoZW1hX3ZlcnNpb24iOiIxIn0="
        }
      ]
    },
    {
      "module": "module.common_resources_staging.module.slack.module.terraform_state_backend_slack_shared",
      "mode": "managed",
      "type": "aws_s3_bucket",
      "name": "default",
      "provider": "provider[\"registry.terraform.io/hashicorp/aws\"]",
      "instances": [
        {
          "index_key": 0,
          "schema_version": 0,
          "attributes": {
            "acceleration_status": "",
            "acl": null,
            "arn": "arn:aws:s3:::unityhub-production-slack-shared-terraform-state",
            "bucket": "unityhub-production-slack-shared-terraform-state",
            "bucket_domain_name": "unityhub-production-slack-shared-terraform-state.s3.amazonaws.com",
            "bucket_prefix": "",
            "bucket_regional_domain_name": "unityhub-production-slack-shared-terraform-state.s3.us-east-1.amazonaws.com",
            "cors_rule": [],
            "force_destroy": true,
            "grant": [
              {
                "id": "bea86176a486e69a83b4227063efa3be9eb4b243551739d81a6a4b41ec8b3461",
                "permissions": [
                  "FULL_CONTROL"
                ],
                "type": "CanonicalUser",
                "uri": ""
              }
            ],
            "hosted_zone_id": "Z3AQBSTGFYJSTF",
            "id": "unityhub-production-slack-shared-terraform-state",
            "lifecycle_rule": [],
            "logging": [],
            "object_lock_configuration": [],
            "object_lock_enabled": false,
            "policy": "{\"Statement\":[{\"Action\":\"s3:PutObject\",\"Condition\":{\"StringNotEquals\":{\"s3:x-amz-server-side-encryption\":[\"AES256\",\"aws:kms\"]}},\"Effect\":\"Deny\",\"Principal\":{\"AWS\":\"*\"},\"Resource\":\"arn:aws:s3:::unityhub-production-slack-shared-terraform-state/*\",\"Sid\":\"DenyIncorrectEncryptionHeader\"},{\"Action\":\"s3:PutObject\",\"Condition\":{\"Null\":{\"s3:x-amz-server-side-encryption\":\"true\"}},\"Effect\":\"Deny\",\"Principal\":{\"AWS\":\"*\"},\"Resource\":\"arn:aws:s3:::unityhub-production-slack-shared-terraform-state/*\",\"Sid\":\"DenyUnEncryptedObjectUploads\"},{\"Action\":\"s3:*\",\"Condition\":{\"Bool\":{\"aws:SecureTransport\":\"false\"}},\"Effect\":\"Deny\",\"Principal\":{\"AWS\":\"*\"},\"Resource\":[\"arn:aws:s3:::unityhub-production-slack-shared-terraform-state/*\",\"arn:aws:s3:::unityhub-production-slack-shared-terraform-state\"],\"Sid\":\"EnforceTlsRequestsOnly\"}],\"Version\":\"2012-10-17\"}",
            "region": "us-east-1",
            "replication_configuration": [],
            "request_payer": "BucketOwner",
            "server_side_encryption_configuration": [
              {
                "rule": [
                  {
                    "apply_server_side_encryption_by_default": [
                      {
                        "kms_master_key_id": "",
                        "sse_algorithm": "AES256"
                      }
                    ],
                    "bucket_key_enabled": false
                  }
                ]
              }
            ],
            "tags": {
              "Attributes": "terraform-state",
              "Name": "unityhub-production-slack-shared-terraform-state",
              "Namespace": "unityhub",
              "Stage": "production"
            },
            "tags_all": {
              "Attributes": "terraform-state",
              "Name": "unityhub-production-slack-shared-terraform-state",
              "Namespace": "unityhub",
              "Stage": "production"
            },
            "timeouts": null,
            "versioning": [
              {
                "enabled": true,
                "mfa_delete": false
              }
            ],
            "website": [],
            "website_domain": null,
            "website_endpoint": null
          },
          "sensitive_attributes": [],
          "private": "eyJlMmJmYjczMC1lY2FhLTExZTYtOGY4OC0zNDM2M2JjN2M0YzAiOnsiY3JlYXRlIjoxMjAwMDAwMDAwMDAwLCJkZWxldGUiOjM2MDAwMDAwMDAwMDAsInJlYWQiOjEyMDAwMDAwMDAwMDAsInVwZGF0ZSI6MTIwMDAwMDAwMDAwMH19"
        }
      ]
    },
    {
      "module": "module.common_resources_staging.module.slack.module.terraform_state_backend_slack_shared",
      "mode": "managed",
      "type": "aws_s3_bucket_ownership_controls",
      "name": "default",
      "provider": "provider[\"registry.terraform.io/hashicorp/aws\"]",
      "instances": [
        {
          "index_key": 0,
          "schema_version": 0,
          "attributes": {
            "bucket": "unityhub-production-slack-shared-terraform-state",
            "id": "unityhub-production-slack-shared-terraform-state",
            "rule": [
              {
                "object_ownership": "BucketOwnerEnforced"
              }
            ]
          },
          "sensitive_attributes": [],
          "private": "bnVsbA==",
          "dependencies": [
            "module.common_resources_staging.module.slack.module.terraform_state_backend_slack_shared.aws_s3_bucket.default"
          ]
        }
      ]
    },
    {
      "module": "module.common_resources_staging.module.slack.module.terraform_state_backend_slack_shared",
      "mode": "managed",
      "type": "aws_s3_bucket_policy",
      "name": "default",
      "provider": "provider[\"registry.terraform.io/hashicorp/aws\"]",
      "instances": [
        {
          "index_key": 0,
          "schema_version": 0,
          "attributes": {
            "bucket": "unityhub-production-slack-shared-terraform-state",
            "id": "unityhub-production-slack-shared-terraform-state",
            "policy": "{\"Statement\":[{\"Action\":\"s3:PutObject\",\"Condition\":{\"StringNotEquals\":{\"s3:x-amz-server-side-encryption\":[\"AES256\",\"aws:kms\"]}},\"Effect\":\"Deny\",\"Principal\":{\"AWS\":\"*\"},\"Resource\":\"arn:aws:s3:::unityhub-production-slack-shared-terraform-state/*\",\"Sid\":\"DenyIncorrectEncryptionHeader\"},{\"Action\":\"s3:PutObject\",\"Condition\":{\"Null\":{\"s3:x-amz-server-side-encryption\":\"true\"}},\"Effect\":\"Deny\",\"Principal\":{\"AWS\":\"*\"},\"Resource\":\"arn:aws:s3:::unityhub-production-slack-shared-terraform-state/*\",\"Sid\":\"DenyUnEncryptedObjectUploads\"},{\"Action\":\"s3:*\",\"Condition\":{\"Bool\":{\"aws:SecureTransport\":\"false\"}},\"Effect\":\"Deny\",\"Principal\":{\"AWS\":\"*\"},\"Resource\":[\"arn:aws:s3:::unityhub-production-slack-shared-terraform-state/*\",\"arn:aws:s3:::unityhub-production-slack-shared-terraform-state\"],\"Sid\":\"EnforceTlsRequestsOnly\"}],\"Version\":\"2012-10-17\"}"
          },
          "sensitive_attributes": [],
          "private": "bnVsbA==",
          "dependencies": [
            "module.common_resources_staging.module.slack.module.terraform_state_backend_slack_shared.aws_s3_bucket.default",
            "module.common_resources_staging.module.slack.module.terraform_state_backend_slack_shared.data.aws_iam_policy_document.prevent_unencrypted_uploads"
          ]
        }
      ]
    },
    {
      "module": "module.common_resources_staging.module.slack.module.terraform_state_backend_slack_shared",
      "mode": "managed",
      "type": "aws_s3_bucket_public_access_block",
      "name": "default",
      "provider": "provider[\"registry.terraform.io/hashicorp/aws\"]",
      "instances": [
        {
          "index_key": 0,
          "schema_version": 0,
          "attributes": {
            "block_public_acls": true,
            "block_public_policy": true,
            "bucket": "unityhub-production-slack-shared-terraform-state",
            "id": "unityhub-production-slack-shared-terraform-state",
            "ignore_public_acls": true,
            "restrict_public_buckets": true
          },
          "sensitive_attributes": [],
          "private": "bnVsbA==",
          "dependencies": [
            "module.common_resources_staging.module.slack.module.terraform_state_backend_slack_shared.aws_s3_bucket.default"
          ]
        }
      ]
    },
    {
      "module": "module.common_resources_staging.module.slack.module.terraform_state_backend_slack_shared",
      "mode": "managed",
      "type": "aws_s3_bucket_server_side_encryption_configuration",
      "name": "default",
      "provider": "provider[\"registry.terraform.io/hashicorp/aws\"]",
      "instances": [
        {
          "index_key": 0,
          "schema_version": 0,
          "attributes": {
            "bucket": "unityhub-production-slack-shared-terraform-state",
            "expected_bucket_owner": "",
            "id": "unityhub-production-slack-shared-terraform-state",
            "rule": [
              {
                "apply_server_side_encryption_by_default": [
                  {
                    "kms_master_key_id": "",
                    "sse_algorithm": "AES256"
                  }
                ],
                "bucket_key_enabled": false
              }
            ]
          },
          "sensitive_attributes": [],
          "private": "bnVsbA==",
          "dependencies": [
            "module.common_resources_staging.module.slack.module.terraform_state_backend_slack_shared.aws_s3_bucket.default"
          ]
        }
      ]
    },
    {
      "module": "module.common_resources_staging.module.slack.module.terraform_state_backend_slack_shared",
      "mode": "managed",
      "type": "aws_s3_bucket_versioning",
      "name": "default",
      "provider": "provider[\"registry.terraform.io/hashicorp/aws\"]",
      "instances": [
        {
          "index_key": 0,
          "schema_version": 0,
          "attributes": {
            "bucket": "unityhub-production-slack-shared-terraform-state",
            "expected_bucket_owner": "",
            "id": "unityhub-production-slack-shared-terraform-state",
            "mfa": null,
            "versioning_configuration": [
              {
                "mfa_delete": "Disabled",
                "status": "Enabled"
              }
            ]
          },
          "sensitive_attributes": [],
          "private": "bnVsbA==",
          "dependencies": [
            "module.common_resources_staging.module.slack.module.terraform_state_backend_slack_shared.aws_s3_bucket.default"
          ]
        }
      ]
    },
    {
      "module": "module.common_resources_staging.module.slack.module.terraform_state_backend_slack_shared",
      "mode": "managed",
      "type": "local_file",
      "name": "terraform_backend_config",
      "provider": "provider[\"registry.terraform.io/hashicorp/local\"]",
      "instances": [
        {
          "index_key": 0,
          "schema_version": 0,
          "attributes": {
            "content": "terraform {\n  required_version = \"\u003e= 1.0.0\"\n\n  backend \"s3\" {\n    region         = \"us-east-1\"\n    bucket         = \"unityhub-production-slack-shared-terraform-state\"\n    key            = \"terraform.tfstate\"\n    dynamodb_table = \"unityhub-production-slack-shared-terraform-state-lock\"\n    profile        = \"\"\n    role_arn       = \"\"\n    encrypt        = \"true\"\n  }\n}\n",
            "content_base64": null,
            "content_base64sha256": "xWcG29GYpPFf1Q83ghJfrhM84xS+W1KCM44yFLUwM6s=",
            "content_base64sha512": "yPM3CZdG0vgBI9Hcb/v2m4ZxcQNyYTdI71wfMW5Kpd1tbIl5pDCzvifxwWe6QaH1F8QeEbAhRgHQ2qlqcvvRgQ==",
            "content_md5": "e65a9b58cd3fb95a9575a096b25837f9",
            "content_sha1": "4e6d8c1dd83d7e6f9abe89c6496ab89e47116f25",
            "content_sha256": "c56706dbd198a4f15fd50f3782125fae133ce314be5b5282338e3214b53033ab",
            "content_sha512": "c8f337099746d2f80123d1dc6ffbf69b8671710372613748ef5c1f316e4aa5dd6d6c8979a430b3be27f1c167ba41a1f517c41e11b0214601d0daa96a72fbd181",
            "directory_permission": "0777",
            "file_permission": "0644",
            "filename": "./backend/backend_slack_shared.tf",
            "id": "4e6d8c1dd83d7e6f9abe89c6496ab89e47116f25",
            "sensitive_content": null,
            "source": null
          },
          "sensitive_attributes": [
            [
              {
                "type": "get_attr",
                "value": "sensitive_content"
              }
            ]
          ],
          "dependencies": [
            "module.common_resources_staging.module.slack.module.terraform_state_backend_slack_shared.aws_dynamodb_table.with_server_side_encryption",
            "module.common_resources_staging.module.slack.module.terraform_state_backend_slack_shared.aws_s3_bucket.default",
            "module.common_resources_staging.module.slack.module.terraform_state_backend_slack_shared.data.aws_region.current"
          ]
        }
      ]
    },
    {
      "module": "module.common_resources_staging.module.team.module.terraform_state_backend_team_shared",
      "mode": "data",
      "type": "aws_iam_policy_document",
      "name": "prevent_unencrypted_uploads",
      "provider": "provider[\"registry.terraform.io/hashicorp/aws\"]",
      "instances": [
        {
          "index_key": 0,
          "schema_version": 0,
          "attributes": {
            "id": "3933970038",
            "json": "{\n  \"Version\": \"2012-10-17\",\n  \"Statement\": [\n    {\n      \"Sid\": \"DenyIncorrectEncryptionHeader\",\n      \"Effect\": \"Deny\",\n      \"Action\": \"s3:PutObject\",\n      \"Resource\": \"arn:aws:s3:::unityhub-production-team-shared-terraform-state/*\",\n      \"Principal\": {\n        \"AWS\": \"*\"\n      },\n      \"Condition\": {\n        \"StringNotEquals\": {\n          \"s3:x-amz-server-side-encryption\": [\n            \"AES256\",\n            \"aws:kms\"\n          ]\n        }\n      }\n    },\n    {\n      \"Sid\": \"DenyUnEncryptedObjectUploads\",\n      \"Effect\": \"Deny\",\n      \"Action\": \"s3:PutObject\",\n      \"Resource\": \"arn:aws:s3:::unityhub-production-team-shared-terraform-state/*\",\n      \"Principal\": {\n        \"AWS\": \"*\"\n      },\n      \"Condition\": {\n        \"Null\": {\n          \"s3:x-amz-server-side-encryption\": \"true\"\n        }\n      }\n    },\n    {\n      \"Sid\": \"EnforceTlsRequestsOnly\",\n      \"Effect\": \"Deny\",\n      \"Action\": \"s3:*\",\n      \"Resource\": [\n        \"arn:aws:s3:::unityhub-production-team-shared-terraform-state/*\",\n        \"arn:aws:s3:::unityhub-production-team-shared-terraform-state\"\n      ],\n      \"Principal\": {\n        \"AWS\": \"*\"\n      },\n      \"Condition\": {\n        \"Bool\": {\n          \"aws:SecureTransport\": \"false\"\n        }\n      }\n    }\n  ]\n}",
            "minified_json": "{\"Version\":\"2012-10-17\",\"Statement\":[{\"Sid\":\"DenyIncorrectEncryptionHeader\",\"Effect\":\"Deny\",\"Action\":\"s3:PutObject\",\"Resource\":\"arn:aws:s3:::unityhub-production-team-shared-terraform-state/*\",\"Principal\":{\"AWS\":\"*\"},\"Condition\":{\"StringNotEquals\":{\"s3:x-amz-server-side-encryption\":[\"AES256\",\"aws:kms\"]}}},{\"Sid\":\"DenyUnEncryptedObjectUploads\",\"Effect\":\"Deny\",\"Action\":\"s3:PutObject\",\"Resource\":\"arn:aws:s3:::unityhub-production-team-shared-terraform-state/*\",\"Principal\":{\"AWS\":\"*\"},\"Condition\":{\"Null\":{\"s3:x-amz-server-side-encryption\":\"true\"}}},{\"Sid\":\"EnforceTlsRequestsOnly\",\"Effect\":\"Deny\",\"Action\":\"s3:*\",\"Resource\":[\"arn:aws:s3:::unityhub-production-team-shared-terraform-state/*\",\"arn:aws:s3:::unityhub-production-team-shared-terraform-state\"],\"Principal\":{\"AWS\":\"*\"},\"Condition\":{\"Bool\":{\"aws:SecureTransport\":\"false\"}}}]}",
            "override_json": null,
            "override_policy_documents": null,
            "policy_id": null,
            "source_json": null,
            "source_policy_documents": null,
            "statement": [
              {
                "actions": [
                  "s3:PutObject"
                ],
                "condition": [
                  {
                    "test": "StringNotEquals",
                    "values": [
                      "AES256",
                      "aws:kms"
                    ],
                    "variable": "s3:x-amz-server-side-encryption"
                  }
                ],
                "effect": "Deny",
                "not_actions": [],
                "not_principals": [],
                "not_resources": [],
                "principals": [
                  {
                    "identifiers": [
                      "*"
                    ],
                    "type": "AWS"
                  }
                ],
                "resources": [
                  "arn:aws:s3:::unityhub-production-team-shared-terraform-state/*"
                ],
                "sid": "DenyIncorrectEncryptionHeader"
              },
              {
                "actions": [
                  "s3:PutObject"
                ],
                "condition": [
                  {
                    "test": "Null",
                    "values": [
                      "true"
                    ],
                    "variable": "s3:x-amz-server-side-encryption"
                  }
                ],
                "effect": "Deny",
                "not_actions": [],
                "not_principals": [],
                "not_resources": [],
                "principals": [
                  {
                    "identifiers": [
                      "*"
                    ],
                    "type": "AWS"
                  }
                ],
                "resources": [
                  "arn:aws:s3:::unityhub-production-team-shared-terraform-state/*"
                ],
                "sid": "DenyUnEncryptedObjectUploads"
              },
              {
                "actions": [
                  "s3:*"
                ],
                "condition": [
                  {
                    "test": "Bool",
                    "values": [
                      "false"
                    ],
                    "variable": "aws:SecureTransport"
                  }
                ],
                "effect": "Deny",
                "not_actions": [],
                "not_principals": [],
                "not_resources": [],
                "principals": [
                  {
                    "identifiers": [
                      "*"
                    ],
                    "type": "AWS"
                  }
                ],
                "resources": [
                  "arn:aws:s3:::unityhub-production-team-shared-terraform-state",
                  "arn:aws:s3:::unityhub-production-team-shared-terraform-state/*"
                ],
                "sid": "EnforceTlsRequestsOnly"
              }
            ],
            "version": "2012-10-17"
          },
          "sensitive_attributes": []
        }
      ]
    },
    {
      "module": "module.common_resources_staging.module.team.module.terraform_state_backend_team_shared",
      "mode": "data",
      "type": "aws_region",
      "name": "current",
      "provider": "provider[\"registry.terraform.io/hashicorp/aws\"]",
      "instances": [
        {
          "schema_version": 0,
          "attributes": {
            "description": "US East (N. Virginia)",
            "endpoint": "ec2.us-east-1.amazonaws.com",
            "id": "us-east-1",
            "name": "us-east-1"
          },
          "sensitive_attributes": []
        }
      ]
    },
    {
      "module": "module.common_resources_staging.module.team.module.terraform_state_backend_team_shared",
      "mode": "managed",
      "type": "aws_dynamodb_table",
      "name": "with_server_side_encryption",
      "provider": "provider[\"registry.terraform.io/hashicorp/aws\"]",
      "instances": [
        {
          "index_key": 0,
          "schema_version": 1,
          "attributes": {
            "arn": "arn:aws:dynamodb:us-east-1:514472330244:table/unityhub-production-team-shared-terraform-state-lock",
            "attribute": [
              {
                "name": "LockID",
                "type": "S"
              }
            ],
            "billing_mode": "PAY_PER_REQUEST",
            "deletion_protection_enabled": false,
            "global_secondary_index": [],
            "hash_key": "LockID",
            "id": "unityhub-production-team-shared-terraform-state-lock",
            "import_table": [],
            "local_secondary_index": [],
            "name": "unityhub-production-team-shared-terraform-state-lock",
            "point_in_time_recovery": [
              {
                "enabled": true
              }
            ],
            "range_key": null,
            "read_capacity": 0,
            "replica": [],
            "restore_date_time": null,
            "restore_source_name": null,
            "restore_source_table_arn": null,
            "restore_to_latest_time": null,
            "server_side_encryption": [
              {
                "enabled": true,
                "kms_key_arn": ""
              }
            ],
            "stream_arn": "",
            "stream_enabled": false,
            "stream_label": "",
            "stream_view_type": "",
            "table_class": "STANDARD",
            "tags": {
              "Attributes": "terraform-state-lock",
              "Name": "unityhub-production-team-shared-terraform-state-lock",
              "Namespace": "unityhub",
              "Stage": "production"
            },
            "tags_all": {
              "Attributes": "terraform-state-lock",
              "Name": "unityhub-production-team-shared-terraform-state-lock",
              "Namespace": "unityhub",
              "Stage": "production"
            },
            "timeouts": null,
            "ttl": [
              {
                "attribute_name": "",
                "enabled": false
              }
            ],
            "write_capacity": 0
          },
          "sensitive_attributes": [],
          "private": "eyJlMmJmYjczMC1lY2FhLTExZTYtOGY4OC0zNDM2M2JjN2M0YzAiOnsiY3JlYXRlIjoxODAwMDAwMDAwMDAwLCJkZWxldGUiOjYwMDAwMDAwMDAwMCwidXBkYXRlIjozNjAwMDAwMDAwMDAwfSwic2NoZW1hX3ZlcnNpb24iOiIxIn0="
        }
      ]
    },
    {
      "module": "module.common_resources_staging.module.team.module.terraform_state_backend_team_shared",
      "mode": "managed",
      "type": "aws_s3_bucket",
      "name": "default",
      "provider": "provider[\"registry.terraform.io/hashicorp/aws\"]",
      "instances": [
        {
          "index_key": 0,
          "schema_version": 0,
          "attributes": {
            "acceleration_status": "",
            "acl": null,
            "arn": "arn:aws:s3:::unityhub-production-team-shared-terraform-state",
            "bucket": "unityhub-production-team-shared-terraform-state",
            "bucket_domain_name": "unityhub-production-team-shared-terraform-state.s3.amazonaws.com",
            "bucket_prefix": "",
            "bucket_regional_domain_name": "unityhub-production-team-shared-terraform-state.s3.us-east-1.amazonaws.com",
            "cors_rule": [],
            "force_destroy": true,
            "grant": [
              {
                "id": "bea86176a486e69a83b4227063efa3be9eb4b243551739d81a6a4b41ec8b3461",
                "permissions": [
                  "FULL_CONTROL"
                ],
                "type": "CanonicalUser",
                "uri": ""
              }
            ],
            "hosted_zone_id": "Z3AQBSTGFYJSTF",
            "id": "unityhub-production-team-shared-terraform-state",
            "lifecycle_rule": [],
            "logging": [],
            "object_lock_configuration": [],
            "object_lock_enabled": false,
            "policy": "{\"Statement\":[{\"Action\":\"s3:PutObject\",\"Condition\":{\"StringNotEquals\":{\"s3:x-amz-server-side-encryption\":[\"AES256\",\"aws:kms\"]}},\"Effect\":\"Deny\",\"Principal\":{\"AWS\":\"*\"},\"Resource\":\"arn:aws:s3:::unityhub-production-team-shared-terraform-state/*\",\"Sid\":\"DenyIncorrectEncryptionHeader\"},{\"Action\":\"s3:PutObject\",\"Condition\":{\"Null\":{\"s3:x-amz-server-side-encryption\":\"true\"}},\"Effect\":\"Deny\",\"Principal\":{\"AWS\":\"*\"},\"Resource\":\"arn:aws:s3:::unityhub-production-team-shared-terraform-state/*\",\"Sid\":\"DenyUnEncryptedObjectUploads\"},{\"Action\":\"s3:*\",\"Condition\":{\"Bool\":{\"aws:SecureTransport\":\"false\"}},\"Effect\":\"Deny\",\"Principal\":{\"AWS\":\"*\"},\"Resource\":[\"arn:aws:s3:::unityhub-production-team-shared-terraform-state/*\",\"arn:aws:s3:::unityhub-production-team-shared-terraform-state\"],\"Sid\":\"EnforceTlsRequestsOnly\"}],\"Version\":\"2012-10-17\"}",
            "region": "us-east-1",
            "replication_configuration": [],
            "request_payer": "BucketOwner",
            "server_side_encryption_configuration": [
              {
                "rule": [
                  {
                    "apply_server_side_encryption_by_default": [
                      {
                        "kms_master_key_id": "",
                        "sse_algorithm": "AES256"
                      }
                    ],
                    "bucket_key_enabled": false
                  }
                ]
              }
            ],
            "tags": {
              "Attributes": "terraform-state",
              "Name": "unityhub-production-team-shared-terraform-state",
              "Namespace": "unityhub",
              "Stage": "production"
            },
            "tags_all": {
              "Attributes": "terraform-state",
              "Name": "unityhub-production-team-shared-terraform-state",
              "Namespace": "unityhub",
              "Stage": "production"
            },
            "timeouts": null,
            "versioning": [
              {
                "enabled": true,
                "mfa_delete": false
              }
            ],
            "website": [],
            "website_domain": null,
            "website_endpoint": null
          },
          "sensitive_attributes": [],
          "private": "eyJlMmJmYjczMC1lY2FhLTExZTYtOGY4OC0zNDM2M2JjN2M0YzAiOnsiY3JlYXRlIjoxMjAwMDAwMDAwMDAwLCJkZWxldGUiOjM2MDAwMDAwMDAwMDAsInJlYWQiOjEyMDAwMDAwMDAwMDAsInVwZGF0ZSI6MTIwMDAwMDAwMDAwMH19"
        }
      ]
    },
    {
      "module": "module.common_resources_staging.module.team.module.terraform_state_backend_team_shared",
      "mode": "managed",
      "type": "aws_s3_bucket_ownership_controls",
      "name": "default",
      "provider": "provider[\"registry.terraform.io/hashicorp/aws\"]",
      "instances": [
        {
          "index_key": 0,
          "schema_version": 0,
          "attributes": {
            "bucket": "unityhub-production-team-shared-terraform-state",
            "id": "unityhub-production-team-shared-terraform-state",
            "rule": [
              {
                "object_ownership": "BucketOwnerEnforced"
              }
            ]
          },
          "sensitive_attributes": [],
          "private": "bnVsbA==",
          "dependencies": [
            "module.common_resources_staging.module.team.module.terraform_state_backend_team_shared.aws_s3_bucket.default"
          ]
        }
      ]
    },
    {
      "module": "module.common_resources_staging.module.team.module.terraform_state_backend_team_shared",
      "mode": "managed",
      "type": "aws_s3_bucket_policy",
      "name": "default",
      "provider": "provider[\"registry.terraform.io/hashicorp/aws\"]",
      "instances": [
        {
          "index_key": 0,
          "schema_version": 0,
          "attributes": {
            "bucket": "unityhub-production-team-shared-terraform-state",
            "id": "unityhub-production-team-shared-terraform-state",
            "policy": "{\"Statement\":[{\"Action\":\"s3:PutObject\",\"Condition\":{\"StringNotEquals\":{\"s3:x-amz-server-side-encryption\":[\"AES256\",\"aws:kms\"]}},\"Effect\":\"Deny\",\"Principal\":{\"AWS\":\"*\"},\"Resource\":\"arn:aws:s3:::unityhub-production-team-shared-terraform-state/*\",\"Sid\":\"DenyIncorrectEncryptionHeader\"},{\"Action\":\"s3:PutObject\",\"Condition\":{\"Null\":{\"s3:x-amz-server-side-encryption\":\"true\"}},\"Effect\":\"Deny\",\"Principal\":{\"AWS\":\"*\"},\"Resource\":\"arn:aws:s3:::unityhub-production-team-shared-terraform-state/*\",\"Sid\":\"DenyUnEncryptedObjectUploads\"},{\"Action\":\"s3:*\",\"Condition\":{\"Bool\":{\"aws:SecureTransport\":\"false\"}},\"Effect\":\"Deny\",\"Principal\":{\"AWS\":\"*\"},\"Resource\":[\"arn:aws:s3:::unityhub-production-team-shared-terraform-state/*\",\"arn:aws:s3:::unityhub-production-team-shared-terraform-state\"],\"Sid\":\"EnforceTlsRequestsOnly\"}],\"Version\":\"2012-10-17\"}"
          },
          "sensitive_attributes": [],
          "private": "bnVsbA==",
          "dependencies": [
            "module.common_resources_staging.module.team.module.terraform_state_backend_team_shared.aws_s3_bucket.default",
            "module.common_resources_staging.module.team.module.terraform_state_backend_team_shared.data.aws_iam_policy_document.prevent_unencrypted_uploads"
          ]
        }
      ]
    },
    {
      "module": "module.common_resources_staging.module.team.module.terraform_state_backend_team_shared",
      "mode": "managed",
      "type": "aws_s3_bucket_public_access_block",
      "name": "default",
      "provider": "provider[\"registry.terraform.io/hashicorp/aws\"]",
      "instances": [
        {
          "index_key": 0,
          "schema_version": 0,
          "attributes": {
            "block_public_acls": true,
            "block_public_policy": true,
            "bucket": "unityhub-production-team-shared-terraform-state",
            "id": "unityhub-production-team-shared-terraform-state",
            "ignore_public_acls": true,
            "restrict_public_buckets": true
          },
          "sensitive_attributes": [],
          "private": "bnVsbA==",
          "dependencies": [
            "module.common_resources_staging.module.team.module.terraform_state_backend_team_shared.aws_s3_bucket.default"
          ]
        }
      ]
    },
    {
      "module": "module.common_resources_staging.module.team.module.terraform_state_backend_team_shared",
      "mode": "managed",
      "type": "aws_s3_bucket_server_side_encryption_configuration",
      "name": "default",
      "provider": "provider[\"registry.terraform.io/hashicorp/aws\"]",
      "instances": [
        {
          "index_key": 0,
          "schema_version": 0,
          "attributes": {
            "bucket": "unityhub-production-team-shared-terraform-state",
            "expected_bucket_owner": "",
            "id": "unityhub-production-team-shared-terraform-state",
            "rule": [
              {
                "apply_server_side_encryption_by_default": [
                  {
                    "kms_master_key_id": "",
                    "sse_algorithm": "AES256"
                  }
                ],
                "bucket_key_enabled": false
              }
            ]
          },
          "sensitive_attributes": [],
          "private": "bnVsbA==",
          "dependencies": [
            "module.common_resources_staging.module.team.module.terraform_state_backend_team_shared.aws_s3_bucket.default"
          ]
        }
      ]
    },
    {
      "module": "module.common_resources_staging.module.team.module.terraform_state_backend_team_shared",
      "mode": "managed",
      "type": "aws_s3_bucket_versioning",
      "name": "default",
      "provider": "provider[\"registry.terraform.io/hashicorp/aws\"]",
      "instances": [
        {
          "index_key": 0,
          "schema_version": 0,
          "attributes": {
            "bucket": "unityhub-production-team-shared-terraform-state",
            "expected_bucket_owner": "",
            "id": "unityhub-production-team-shared-terraform-state",
            "mfa": null,
            "versioning_configuration": [
              {
                "mfa_delete": "Disabled",
                "status": "Enabled"
              }
            ]
          },
          "sensitive_attributes": [],
          "private": "bnVsbA==",
          "dependencies": [
            "module.common_resources_staging.module.team.module.terraform_state_backend_team_shared.aws_s3_bucket.default"
          ]
        }
      ]
    },
    {
      "module": "module.common_resources_staging.module.team.module.terraform_state_backend_team_shared",
      "mode": "managed",
      "type": "local_file",
      "name": "terraform_backend_config",
      "provider": "provider[\"registry.terraform.io/hashicorp/local\"]",
      "instances": [
        {
          "index_key": 0,
          "schema_version": 0,
          "attributes": {
            "content": "terraform {\n  required_version = \"\u003e= 1.0.0\"\n\n  backend \"s3\" {\n    region         = \"us-east-1\"\n    bucket         = \"unityhub-production-team-shared-terraform-state\"\n    key            = \"terraform.tfstate\"\n    dynamodb_table = \"unityhub-production-team-shared-terraform-state-lock\"\n    profile        = \"\"\n    role_arn       = \"\"\n    encrypt        = \"true\"\n  }\n}\n",
            "content_base64": null,
            "content_base64sha256": "bL+YOqOCbL4xdRUFCWOlan8oFL46Ia0Ubf93aT8pBiQ=",
            "content_base64sha512": "A5hCc5TGl3ySQZyhyXKDgvhs1wiaFgVcGok42hh/IRaqDwacqC6tHCQpDrku1mtwsGpmCkXPtv0TVghB9p9ujA==",
            "content_md5": "ef6d2c17d48314a7dfe972d586528d6b",
            "content_sha1": "0ab579eca431e542453394058a163bf28bcd4c7a",
            "content_sha256": "6cbf983aa3826cbe317515050963a56a7f2814be3a21ad146dff77693f290624",
            "content_sha512": "0398427394c6977c92419ca1c9728382f86cd7089a16055c1a8938da187f2116aa0f069ca82ead1c24290eb92ed66b70b06a660a45cfb6fd13560841f69f6e8c",
            "directory_permission": "0777",
            "file_permission": "0644",
            "filename": "./backend/backend_team_shared.tf",
            "id": "0ab579eca431e542453394058a163bf28bcd4c7a",
            "sensitive_content": null,
            "source": null
          },
          "sensitive_attributes": [
            [
              {
                "type": "get_attr",
                "value": "sensitive_content"
              }
            ]
          ],
          "dependencies": [
            "module.common_resources_staging.module.team.module.terraform_state_backend_team_shared.aws_dynamodb_table.with_server_side_encryption",
            "module.common_resources_staging.module.team.module.terraform_state_backend_team_shared.aws_s3_bucket.default",
            "module.common_resources_staging.module.team.module.terraform_state_backend_team_shared.data.aws_region.current"
          ]
        }
      ]
    },
    {
      "module": "module.common_resources_staging.module.webapp.module.terraform_state_backend_webapp",
      "mode": "data",
      "type": "aws_iam_policy_document",
      "name": "prevent_unencrypted_uploads",
      "provider": "provider[\"registry.terraform.io/hashicorp/aws\"]",
      "instances": [
        {
          "index_key": 0,
          "schema_version": 0,
          "attributes": {
            "id": "928482668",
            "json": "{\n  \"Version\": \"2012-10-17\",\n  \"Statement\": [\n    {\n      \"Sid\": \"DenyIncorrectEncryptionHeader\",\n      \"Effect\": \"Deny\",\n      \"Action\": \"s3:PutObject\",\n      \"Resource\": \"arn:aws:s3:::unityhub-production-webapp-terraform-state/*\",\n      \"Principal\": {\n        \"AWS\": \"*\"\n      },\n      \"Condition\": {\n        \"StringNotEquals\": {\n          \"s3:x-amz-server-side-encryption\": [\n            \"AES256\",\n            \"aws:kms\"\n          ]\n        }\n      }\n    },\n    {\n      \"Sid\": \"DenyUnEncryptedObjectUploads\",\n      \"Effect\": \"Deny\",\n      \"Action\": \"s3:PutObject\",\n      \"Resource\": \"arn:aws:s3:::unityhub-production-webapp-terraform-state/*\",\n      \"Principal\": {\n        \"AWS\": \"*\"\n      },\n      \"Condition\": {\n        \"Null\": {\n          \"s3:x-amz-server-side-encryption\": \"true\"\n        }\n      }\n    },\n    {\n      \"Sid\": \"EnforceTlsRequestsOnly\",\n      \"Effect\": \"Deny\",\n      \"Action\": \"s3:*\",\n      \"Resource\": [\n        \"arn:aws:s3:::unityhub-production-webapp-terraform-state/*\",\n        \"arn:aws:s3:::unityhub-production-webapp-terraform-state\"\n      ],\n      \"Principal\": {\n        \"AWS\": \"*\"\n      },\n      \"Condition\": {\n        \"Bool\": {\n          \"aws:SecureTransport\": \"false\"\n        }\n      }\n    }\n  ]\n}",
            "minified_json": "{\"Version\":\"2012-10-17\",\"Statement\":[{\"Sid\":\"DenyIncorrectEncryptionHeader\",\"Effect\":\"Deny\",\"Action\":\"s3:PutObject\",\"Resource\":\"arn:aws:s3:::unityhub-production-webapp-terraform-state/*\",\"Principal\":{\"AWS\":\"*\"},\"Condition\":{\"StringNotEquals\":{\"s3:x-amz-server-side-encryption\":[\"AES256\",\"aws:kms\"]}}},{\"Sid\":\"DenyUnEncryptedObjectUploads\",\"Effect\":\"Deny\",\"Action\":\"s3:PutObject\",\"Resource\":\"arn:aws:s3:::unityhub-production-webapp-terraform-state/*\",\"Principal\":{\"AWS\":\"*\"},\"Condition\":{\"Null\":{\"s3:x-amz-server-side-encryption\":\"true\"}}},{\"Sid\":\"EnforceTlsRequestsOnly\",\"Effect\":\"Deny\",\"Action\":\"s3:*\",\"Resource\":[\"arn:aws:s3:::unityhub-production-webapp-terraform-state/*\",\"arn:aws:s3:::unityhub-production-webapp-terraform-state\"],\"Principal\":{\"AWS\":\"*\"},\"Condition\":{\"Bool\":{\"aws:SecureTransport\":\"false\"}}}]}",
            "override_json": null,
            "override_policy_documents": null,
            "policy_id": null,
            "source_json": null,
            "source_policy_documents": null,
            "statement": [
              {
                "actions": [
                  "s3:PutObject"
                ],
                "condition": [
                  {
                    "test": "StringNotEquals",
                    "values": [
                      "AES256",
                      "aws:kms"
                    ],
                    "variable": "s3:x-amz-server-side-encryption"
                  }
                ],
                "effect": "Deny",
                "not_actions": [],
                "not_principals": [],
                "not_resources": [],
                "principals": [
                  {
                    "identifiers": [
                      "*"
                    ],
                    "type": "AWS"
                  }
                ],
                "resources": [
                  "arn:aws:s3:::unityhub-production-webapp-terraform-state/*"
                ],
                "sid": "DenyIncorrectEncryptionHeader"
              },
              {
                "actions": [
                  "s3:PutObject"
                ],
                "condition": [
                  {
                    "test": "Null",
                    "values": [
                      "true"
                    ],
                    "variable": "s3:x-amz-server-side-encryption"
                  }
                ],
                "effect": "Deny",
                "not_actions": [],
                "not_principals": [],
                "not_resources": [],
                "principals": [
                  {
                    "identifiers": [
                      "*"
                    ],
                    "type": "AWS"
                  }
                ],
                "resources": [
                  "arn:aws:s3:::unityhub-production-webapp-terraform-state/*"
                ],
                "sid": "DenyUnEncryptedObjectUploads"
              },
              {
                "actions": [
                  "s3:*"
                ],
                "condition": [
                  {
                    "test": "Bool",
                    "values": [
                      "false"
                    ],
                    "variable": "aws:SecureTransport"
                  }
                ],
                "effect": "Deny",
                "not_actions": [],
                "not_principals": [],
                "not_resources": [],
                "principals": [
                  {
                    "identifiers": [
                      "*"
                    ],
                    "type": "AWS"
                  }
                ],
                "resources": [
                  "arn:aws:s3:::unityhub-production-webapp-terraform-state",
                  "arn:aws:s3:::unityhub-production-webapp-terraform-state/*"
                ],
                "sid": "EnforceTlsRequestsOnly"
              }
            ],
            "version": "2012-10-17"
          },
          "sensitive_attributes": []
        }
      ]
    },
    {
      "module": "module.common_resources_staging.module.webapp.module.terraform_state_backend_webapp",
      "mode": "data",
      "type": "aws_region",
      "name": "current",
      "provider": "provider[\"registry.terraform.io/hashicorp/aws\"]",
      "instances": [
        {
          "schema_version": 0,
          "attributes": {
            "description": "US East (N. Virginia)",
            "endpoint": "ec2.us-east-1.amazonaws.com",
            "id": "us-east-1",
            "name": "us-east-1"
          },
          "sensitive_attributes": []
        }
      ]
    },
    {
      "module": "module.common_resources_staging.module.webapp.module.terraform_state_backend_webapp",
      "mode": "managed",
      "type": "aws_dynamodb_table",
      "name": "with_server_side_encryption",
      "provider": "provider[\"registry.terraform.io/hashicorp/aws\"]",
      "instances": [
        {
          "index_key": 0,
          "schema_version": 1,
          "attributes": {
            "arn": "arn:aws:dynamodb:us-east-1:514472330244:table/unityhub-production-webapp-terraform-state-lock",
            "attribute": [
              {
                "name": "LockID",
                "type": "S"
              }
            ],
            "billing_mode": "PAY_PER_REQUEST",
            "deletion_protection_enabled": false,
            "global_secondary_index": [],
            "hash_key": "LockID",
            "id": "unityhub-production-webapp-terraform-state-lock",
            "import_table": [],
            "local_secondary_index": [],
            "name": "unityhub-production-webapp-terraform-state-lock",
            "point_in_time_recovery": [
              {
                "enabled": true
              }
            ],
            "range_key": null,
            "read_capacity": 0,
            "replica": [],
            "restore_date_time": null,
            "restore_source_name": null,
            "restore_source_table_arn": null,
            "restore_to_latest_time": null,
            "server_side_encryption": [
              {
                "enabled": true,
                "kms_key_arn": ""
              }
            ],
            "stream_arn": "",
            "stream_enabled": false,
            "stream_label": "",
            "stream_view_type": "",
            "table_class": "STANDARD",
            "tags": {
              "Attributes": "terraform-state-lock",
              "Name": "unityhub-production-webapp-terraform-state-lock",
              "Namespace": "unityhub",
              "Stage": "production"
            },
            "tags_all": {
              "Attributes": "terraform-state-lock",
              "Name": "unityhub-production-webapp-terraform-state-lock",
              "Namespace": "unityhub",
              "Stage": "production"
            },
            "timeouts": null,
            "ttl": [
              {
                "attribute_name": "",
                "enabled": false
              }
            ],
            "write_capacity": 0
          },
          "sensitive_attributes": [],
          "private": "eyJlMmJmYjczMC1lY2FhLTExZTYtOGY4OC0zNDM2M2JjN2M0YzAiOnsiY3JlYXRlIjoxODAwMDAwMDAwMDAwLCJkZWxldGUiOjYwMDAwMDAwMDAwMCwidXBkYXRlIjozNjAwMDAwMDAwMDAwfSwic2NoZW1hX3ZlcnNpb24iOiIxIn0="
        }
      ]
    },
    {
      "module": "module.common_resources_staging.module.webapp.module.terraform_state_backend_webapp",
      "mode": "managed",
      "type": "aws_s3_bucket",
      "name": "default",
      "provider": "provider[\"registry.terraform.io/hashicorp/aws\"]",
      "instances": [
        {
          "index_key": 0,
          "schema_version": 0,
          "attributes": {
            "acceleration_status": "",
            "acl": null,
            "arn": "arn:aws:s3:::unityhub-production-webapp-terraform-state",
            "bucket": "unityhub-production-webapp-terraform-state",
            "bucket_domain_name": "unityhub-production-webapp-terraform-state.s3.amazonaws.com",
            "bucket_prefix": "",
            "bucket_regional_domain_name": "unityhub-production-webapp-terraform-state.s3.us-east-1.amazonaws.com",
            "cors_rule": [],
            "force_destroy": true,
            "grant": [
              {
                "id": "bea86176a486e69a83b4227063efa3be9eb4b243551739d81a6a4b41ec8b3461",
                "permissions": [
                  "FULL_CONTROL"
                ],
                "type": "CanonicalUser",
                "uri": ""
              }
            ],
            "hosted_zone_id": "Z3AQBSTGFYJSTF",
            "id": "unityhub-production-webapp-terraform-state",
            "lifecycle_rule": [],
            "logging": [],
            "object_lock_configuration": [],
            "object_lock_enabled": false,
            "policy": "{\"Statement\":[{\"Action\":\"s3:PutObject\",\"Condition\":{\"StringNotEquals\":{\"s3:x-amz-server-side-encryption\":[\"AES256\",\"aws:kms\"]}},\"Effect\":\"Deny\",\"Principal\":{\"AWS\":\"*\"},\"Resource\":\"arn:aws:s3:::unityhub-production-webapp-terraform-state/*\",\"Sid\":\"DenyIncorrectEncryptionHeader\"},{\"Action\":\"s3:PutObject\",\"Condition\":{\"Null\":{\"s3:x-amz-server-side-encryption\":\"true\"}},\"Effect\":\"Deny\",\"Principal\":{\"AWS\":\"*\"},\"Resource\":\"arn:aws:s3:::unityhub-production-webapp-terraform-state/*\",\"Sid\":\"DenyUnEncryptedObjectUploads\"},{\"Action\":\"s3:*\",\"Condition\":{\"Bool\":{\"aws:SecureTransport\":\"false\"}},\"Effect\":\"Deny\",\"Principal\":{\"AWS\":\"*\"},\"Resource\":[\"arn:aws:s3:::unityhub-production-webapp-terraform-state/*\",\"arn:aws:s3:::unityhub-production-webapp-terraform-state\"],\"Sid\":\"EnforceTlsRequestsOnly\"}],\"Version\":\"2012-10-17\"}",
            "region": "us-east-1",
            "replication_configuration": [],
            "request_payer": "BucketOwner",
            "server_side_encryption_configuration": [
              {
                "rule": [
                  {
                    "apply_server_side_encryption_by_default": [
                      {
                        "kms_master_key_id": "",
                        "sse_algorithm": "AES256"
                      }
                    ],
                    "bucket_key_enabled": false
                  }
                ]
              }
            ],
            "tags": {
              "Attributes": "terraform-state",
              "Name": "unityhub-production-webapp-terraform-state",
              "Namespace": "unityhub",
              "Stage": "production"
            },
            "tags_all": {
              "Attributes": "terraform-state",
              "Name": "unityhub-production-webapp-terraform-state",
              "Namespace": "unityhub",
              "Stage": "production"
            },
            "timeouts": null,
            "versioning": [
              {
                "enabled": true,
                "mfa_delete": false
              }
            ],
            "website": [],
            "website_domain": null,
            "website_endpoint": null
          },
          "sensitive_attributes": [],
          "private": "eyJlMmJmYjczMC1lY2FhLTExZTYtOGY4OC0zNDM2M2JjN2M0YzAiOnsiY3JlYXRlIjoxMjAwMDAwMDAwMDAwLCJkZWxldGUiOjM2MDAwMDAwMDAwMDAsInJlYWQiOjEyMDAwMDAwMDAwMDAsInVwZGF0ZSI6MTIwMDAwMDAwMDAwMH19"
        }
      ]
    },
    {
      "module": "module.common_resources_staging.module.webapp.module.terraform_state_backend_webapp",
      "mode": "managed",
      "type": "aws_s3_bucket_ownership_controls",
      "name": "default",
      "provider": "provider[\"registry.terraform.io/hashicorp/aws\"]",
      "instances": [
        {
          "index_key": 0,
          "schema_version": 0,
          "attributes": {
            "bucket": "unityhub-production-webapp-terraform-state",
            "id": "unityhub-production-webapp-terraform-state",
            "rule": [
              {
                "object_ownership": "BucketOwnerEnforced"
              }
            ]
          },
          "sensitive_attributes": [],
          "private": "bnVsbA==",
          "dependencies": [
            "module.common_resources_staging.module.webapp.module.terraform_state_backend_webapp.aws_s3_bucket.default"
          ]
        }
      ]
    },
    {
      "module": "module.common_resources_staging.module.webapp.module.terraform_state_backend_webapp",
      "mode": "managed",
      "type": "aws_s3_bucket_policy",
      "name": "default",
      "provider": "provider[\"registry.terraform.io/hashicorp/aws\"]",
      "instances": [
        {
          "index_key": 0,
          "schema_version": 0,
          "attributes": {
            "bucket": "unityhub-production-webapp-terraform-state",
            "id": "unityhub-production-webapp-terraform-state",
            "policy": "{\"Statement\":[{\"Action\":\"s3:PutObject\",\"Condition\":{\"StringNotEquals\":{\"s3:x-amz-server-side-encryption\":[\"AES256\",\"aws:kms\"]}},\"Effect\":\"Deny\",\"Principal\":{\"AWS\":\"*\"},\"Resource\":\"arn:aws:s3:::unityhub-production-webapp-terraform-state/*\",\"Sid\":\"DenyIncorrectEncryptionHeader\"},{\"Action\":\"s3:PutObject\",\"Condition\":{\"Null\":{\"s3:x-amz-server-side-encryption\":\"true\"}},\"Effect\":\"Deny\",\"Principal\":{\"AWS\":\"*\"},\"Resource\":\"arn:aws:s3:::unityhub-production-webapp-terraform-state/*\",\"Sid\":\"DenyUnEncryptedObjectUploads\"},{\"Action\":\"s3:*\",\"Condition\":{\"Bool\":{\"aws:SecureTransport\":\"false\"}},\"Effect\":\"Deny\",\"Principal\":{\"AWS\":\"*\"},\"Resource\":[\"arn:aws:s3:::unityhub-production-webapp-terraform-state/*\",\"arn:aws:s3:::unityhub-production-webapp-terraform-state\"],\"Sid\":\"EnforceTlsRequestsOnly\"}],\"Version\":\"2012-10-17\"}"
          },
          "sensitive_attributes": [],
          "private": "bnVsbA==",
          "dependencies": [
            "module.common_resources_staging.module.webapp.module.terraform_state_backend_webapp.aws_s3_bucket.default",
            "module.common_resources_staging.module.webapp.module.terraform_state_backend_webapp.data.aws_iam_policy_document.prevent_unencrypted_uploads"
          ]
        }
      ]
    },
    {
      "module": "module.common_resources_staging.module.webapp.module.terraform_state_backend_webapp",
      "mode": "managed",
      "type": "aws_s3_bucket_public_access_block",
      "name": "default",
      "provider": "provider[\"registry.terraform.io/hashicorp/aws\"]",
      "instances": [
        {
          "index_key": 0,
          "schema_version": 0,
          "attributes": {
            "block_public_acls": true,
            "block_public_policy": true,
            "bucket": "unityhub-production-webapp-terraform-state",
            "id": "unityhub-production-webapp-terraform-state",
            "ignore_public_acls": true,
            "restrict_public_buckets": true
          },
          "sensitive_attributes": [],
          "private": "bnVsbA==",
          "dependencies": [
            "module.common_resources_staging.module.webapp.module.terraform_state_backend_webapp.aws_s3_bucket.default"
          ]
        }
      ]
    },
    {
      "module": "module.common_resources_staging.module.webapp.module.terraform_state_backend_webapp",
      "mode": "managed",
      "type": "aws_s3_bucket_server_side_encryption_configuration",
      "name": "default",
      "provider": "provider[\"registry.terraform.io/hashicorp/aws\"]",
      "instances": [
        {
          "index_key": 0,
          "schema_version": 0,
          "attributes": {
            "bucket": "unityhub-production-webapp-terraform-state",
            "expected_bucket_owner": "",
            "id": "unityhub-production-webapp-terraform-state",
            "rule": [
              {
                "apply_server_side_encryption_by_default": [
                  {
                    "kms_master_key_id": "",
                    "sse_algorithm": "AES256"
                  }
                ],
                "bucket_key_enabled": false
              }
            ]
          },
          "sensitive_attributes": [],
          "private": "bnVsbA==",
          "dependencies": [
            "module.common_resources_staging.module.webapp.module.terraform_state_backend_webapp.aws_s3_bucket.default"
          ]
        }
      ]
    },
    {
      "module": "module.common_resources_staging.module.webapp.module.terraform_state_backend_webapp",
      "mode": "managed",
      "type": "aws_s3_bucket_versioning",
      "name": "default",
      "provider": "provider[\"registry.terraform.io/hashicorp/aws\"]",
      "instances": [
        {
          "index_key": 0,
          "schema_version": 0,
          "attributes": {
            "bucket": "unityhub-production-webapp-terraform-state",
            "expected_bucket_owner": "",
            "id": "unityhub-production-webapp-terraform-state",
            "mfa": null,
            "versioning_configuration": [
              {
                "mfa_delete": "Disabled",
                "status": "Enabled"
              }
            ]
          },
          "sensitive_attributes": [],
          "private": "bnVsbA==",
          "dependencies": [
            "module.common_resources_staging.module.webapp.module.terraform_state_backend_webapp.aws_s3_bucket.default"
          ]
        }
      ]
    },
    {
      "module": "module.common_resources_staging.module.webapp.module.terraform_state_backend_webapp",
      "mode": "managed",
      "type": "local_file",
      "name": "terraform_backend_config",
      "provider": "provider[\"registry.terraform.io/hashicorp/local\"]",
      "instances": [
        {
          "index_key": 0,
          "schema_version": 0,
          "attributes": {
            "content": "terraform {\n  required_version = \"\u003e= 1.0.0\"\n\n  backend \"s3\" {\n    region         = \"us-east-1\"\n    bucket         = \"unityhub-production-webapp-terraform-state\"\n    key            = \"terraform.tfstate\"\n    dynamodb_table = \"unityhub-production-webapp-terraform-state-lock\"\n    profile        = \"\"\n    role_arn       = \"\"\n    encrypt        = \"true\"\n  }\n}\n",
            "content_base64": null,
            "content_base64sha256": "MTYu0Wiszn3zTunlz/sQeHM2O8LlxfmLpW+KvZR1nhQ=",
            "content_base64sha512": "RhJCbVMSHFCA5b5thK11x7wHGX/x3fq6hApSpYRI9lPhSkNfLQkzX868FepPDqGqI/C0dCoFyQ7QExt+Y+CMZw==",
            "content_md5": "9c62020ab794c65189a83c7900a29ad3",
            "content_sha1": "5f9a07602f81f614d73d0b35e6640bdd4d9fd9f1",
            "content_sha256": "31362ed168acce7df34ee9e5cffb107873363bc2e5c5f98ba56f8abd94759e14",
            "content_sha512": "4612426d53121c5080e5be6d84ad75c7bc07197ff1ddfaba840a52a58448f653e14a435f2d09335fcebc15ea4f0ea1aa23f0b4742a05c90ed0131b7e63e08c67",
            "directory_permission": "0777",
            "file_permission": "0644",
            "filename": "./backend/backend_webapp.tf",
            "id": "5f9a07602f81f614d73d0b35e6640bdd4d9fd9f1",
            "sensitive_content": null,
            "source": null
          },
          "sensitive_attributes": [
            [
              {
                "type": "get_attr",
                "value": "sensitive_content"
              }
            ]
          ],
          "dependencies": [
            "module.common_resources_staging.module.webapp.module.terraform_state_backend_webapp.aws_dynamodb_table.with_server_side_encryption",
            "module.common_resources_staging.module.webapp.module.terraform_state_backend_webapp.aws_s3_bucket.default",
            "module.common_resources_staging.module.webapp.module.terraform_state_backend_webapp.data.aws_region.current"
          ]
        }
      ]
    },
    {
      "module": "module.common_resources_staging.module.webapp.module.terraform_state_backend_webapp_eventcatalog",
      "mode": "data",
      "type": "aws_iam_policy_document",
      "name": "prevent_unencrypted_uploads",
      "provider": "provider[\"registry.terraform.io/hashicorp/aws\"]",
      "instances": [
        {
          "index_key": 0,
          "schema_version": 0,
          "attributes": {
            "id": "3375992315",
            "json": "{\n  \"Version\": \"2012-10-17\",\n  \"Statement\": [\n    {\n      \"Sid\": \"DenyIncorrectEncryptionHeader\",\n      \"Effect\": \"Deny\",\n      \"Action\": \"s3:PutObject\",\n      \"Resource\": \"arn:aws:s3:::unityhub-production-webapp-eventcatalog-terraform-state/*\",\n      \"Principal\": {\n        \"AWS\": \"*\"\n      },\n      \"Condition\": {\n        \"StringNotEquals\": {\n          \"s3:x-amz-server-side-encryption\": [\n            \"AES256\",\n            \"aws:kms\"\n          ]\n        }\n      }\n    },\n    {\n      \"Sid\": \"DenyUnEncryptedObjectUploads\",\n      \"Effect\": \"Deny\",\n      \"Action\": \"s3:PutObject\",\n      \"Resource\": \"arn:aws:s3:::unityhub-production-webapp-eventcatalog-terraform-state/*\",\n      \"Principal\": {\n        \"AWS\": \"*\"\n      },\n      \"Condition\": {\n        \"Null\": {\n          \"s3:x-amz-server-side-encryption\": \"true\"\n        }\n      }\n    },\n    {\n      \"Sid\": \"EnforceTlsRequestsOnly\",\n      \"Effect\": \"Deny\",\n      \"Action\": \"s3:*\",\n      \"Resource\": [\n        \"arn:aws:s3:::unityhub-production-webapp-eventcatalog-terraform-state/*\",\n        \"arn:aws:s3:::unityhub-production-webapp-eventcatalog-terraform-state\"\n      ],\n      \"Principal\": {\n        \"AWS\": \"*\"\n      },\n      \"Condition\": {\n        \"Bool\": {\n          \"aws:SecureTransport\": \"false\"\n        }\n      }\n    }\n  ]\n}",
            "minified_json": "{\"Version\":\"2012-10-17\",\"Statement\":[{\"Sid\":\"DenyIncorrectEncryptionHeader\",\"Effect\":\"Deny\",\"Action\":\"s3:PutObject\",\"Resource\":\"arn:aws:s3:::unityhub-production-webapp-eventcatalog-terraform-state/*\",\"Principal\":{\"AWS\":\"*\"},\"Condition\":{\"StringNotEquals\":{\"s3:x-amz-server-side-encryption\":[\"AES256\",\"aws:kms\"]}}},{\"Sid\":\"DenyUnEncryptedObjectUploads\",\"Effect\":\"Deny\",\"Action\":\"s3:PutObject\",\"Resource\":\"arn:aws:s3:::unityhub-production-webapp-eventcatalog-terraform-state/*\",\"Principal\":{\"AWS\":\"*\"},\"Condition\":{\"Null\":{\"s3:x-amz-server-side-encryption\":\"true\"}}},{\"Sid\":\"EnforceTlsRequestsOnly\",\"Effect\":\"Deny\",\"Action\":\"s3:*\",\"Resource\":[\"arn:aws:s3:::unityhub-production-webapp-eventcatalog-terraform-state/*\",\"arn:aws:s3:::unityhub-production-webapp-eventcatalog-terraform-state\"],\"Principal\":{\"AWS\":\"*\"},\"Condition\":{\"Bool\":{\"aws:SecureTransport\":\"false\"}}}]}",
            "override_json": null,
            "override_policy_documents": null,
            "policy_id": null,
            "source_json": null,
            "source_policy_documents": null,
            "statement": [
              {
                "actions": [
                  "s3:PutObject"
                ],
                "condition": [
                  {
                    "test": "StringNotEquals",
                    "values": [
                      "AES256",
                      "aws:kms"
                    ],
                    "variable": "s3:x-amz-server-side-encryption"
                  }
                ],
                "effect": "Deny",
                "not_actions": [],
                "not_principals": [],
                "not_resources": [],
                "principals": [
                  {
                    "identifiers": [
                      "*"
                    ],
                    "type": "AWS"
                  }
                ],
                "resources": [
                  "arn:aws:s3:::unityhub-production-webapp-eventcatalog-terraform-state/*"
                ],
                "sid": "DenyIncorrectEncryptionHeader"
              },
              {
                "actions": [
                  "s3:PutObject"
                ],
                "condition": [
                  {
                    "test": "Null",
                    "values": [
                      "true"
                    ],
                    "variable": "s3:x-amz-server-side-encryption"
                  }
                ],
                "effect": "Deny",
                "not_actions": [],
                "not_principals": [],
                "not_resources": [],
                "principals": [
                  {
                    "identifiers": [
                      "*"
                    ],
                    "type": "AWS"
                  }
                ],
                "resources": [
                  "arn:aws:s3:::unityhub-production-webapp-eventcatalog-terraform-state/*"
                ],
                "sid": "DenyUnEncryptedObjectUploads"
              },
              {
                "actions": [
                  "s3:*"
                ],
                "condition": [
                  {
                    "test": "Bool",
                    "values": [
                      "false"
                    ],
                    "variable": "aws:SecureTransport"
                  }
                ],
                "effect": "Deny",
                "not_actions": [],
                "not_principals": [],
                "not_resources": [],
                "principals": [
                  {
                    "identifiers": [
                      "*"
                    ],
                    "type": "AWS"
                  }
                ],
                "resources": [
                  "arn:aws:s3:::unityhub-production-webapp-eventcatalog-terraform-state",
                  "arn:aws:s3:::unityhub-production-webapp-eventcatalog-terraform-state/*"
                ],
                "sid": "EnforceTlsRequestsOnly"
              }
            ],
            "version": "2012-10-17"
          },
          "sensitive_attributes": []
        }
      ]
    },
    {
      "module": "module.common_resources_staging.module.webapp.module.terraform_state_backend_webapp_eventcatalog",
      "mode": "data",
      "type": "aws_region",
      "name": "current",
      "provider": "provider[\"registry.terraform.io/hashicorp/aws\"]",
      "instances": [
        {
          "schema_version": 0,
          "attributes": {
            "description": "US East (N. Virginia)",
            "endpoint": "ec2.us-east-1.amazonaws.com",
            "id": "us-east-1",
            "name": "us-east-1"
          },
          "sensitive_attributes": []
        }
      ]
    },
    {
      "module": "module.common_resources_staging.module.webapp.module.terraform_state_backend_webapp_eventcatalog",
      "mode": "managed",
      "type": "aws_dynamodb_table",
      "name": "with_server_side_encryption",
      "provider": "provider[\"registry.terraform.io/hashicorp/aws\"]",
      "instances": [
        {
          "index_key": 0,
          "schema_version": 1,
          "attributes": {
            "arn": "arn:aws:dynamodb:us-east-1:514472330244:table/unityhub-production-webapp-eventcatalog-terraform-state-lock",
            "attribute": [
              {
                "name": "LockID",
                "type": "S"
              }
            ],
            "billing_mode": "PAY_PER_REQUEST",
            "deletion_protection_enabled": false,
            "global_secondary_index": [],
            "hash_key": "LockID",
            "id": "unityhub-production-webapp-eventcatalog-terraform-state-lock",
            "import_table": [],
            "local_secondary_index": [],
            "name": "unityhub-production-webapp-eventcatalog-terraform-state-lock",
            "point_in_time_recovery": [
              {
                "enabled": true
              }
            ],
            "range_key": null,
            "read_capacity": 0,
            "replica": [],
            "restore_date_time": null,
            "restore_source_name": null,
            "restore_source_table_arn": null,
            "restore_to_latest_time": null,
            "server_side_encryption": [
              {
                "enabled": true,
                "kms_key_arn": ""
              }
            ],
            "stream_arn": "",
            "stream_enabled": false,
            "stream_label": "",
            "stream_view_type": "",
            "table_class": "STANDARD",
            "tags": {
              "Attributes": "terraform-state-lock",
              "Name": "unityhub-production-webapp-eventcatalog-terraform-state-lock",
              "Namespace": "unityhub",
              "Stage": "production"
            },
            "tags_all": {
              "Attributes": "terraform-state-lock",
              "Name": "unityhub-production-webapp-eventcatalog-terraform-state-lock",
              "Namespace": "unityhub",
              "Stage": "production"
            },
            "timeouts": null,
            "ttl": [
              {
                "attribute_name": "",
                "enabled": false
              }
            ],
            "write_capacity": 0
          },
          "sensitive_attributes": [],
          "private": "eyJlMmJmYjczMC1lY2FhLTExZTYtOGY4OC0zNDM2M2JjN2M0YzAiOnsiY3JlYXRlIjoxODAwMDAwMDAwMDAwLCJkZWxldGUiOjYwMDAwMDAwMDAwMCwidXBkYXRlIjozNjAwMDAwMDAwMDAwfSwic2NoZW1hX3ZlcnNpb24iOiIxIn0="
        }
      ]
    },
    {
      "module": "module.common_resources_staging.module.webapp.module.terraform_state_backend_webapp_eventcatalog",
      "mode": "managed",
      "type": "aws_s3_bucket",
      "name": "default",
      "provider": "provider[\"registry.terraform.io/hashicorp/aws\"]",
      "instances": [
        {
          "index_key": 0,
          "schema_version": 0,
          "attributes": {
            "acceleration_status": "",
            "acl": null,
            "arn": "arn:aws:s3:::unityhub-production-webapp-eventcatalog-terraform-state",
            "bucket": "unityhub-production-webapp-eventcatalog-terraform-state",
            "bucket_domain_name": "unityhub-production-webapp-eventcatalog-terraform-state.s3.amazonaws.com",
            "bucket_prefix": "",
            "bucket_regional_domain_name": "unityhub-production-webapp-eventcatalog-terraform-state.s3.us-east-1.amazonaws.com",
            "cors_rule": [],
            "force_destroy": true,
            "grant": [
              {
                "id": "bea86176a486e69a83b4227063efa3be9eb4b243551739d81a6a4b41ec8b3461",
                "permissions": [
                  "FULL_CONTROL"
                ],
                "type": "CanonicalUser",
                "uri": ""
              }
            ],
            "hosted_zone_id": "Z3AQBSTGFYJSTF",
            "id": "unityhub-production-webapp-eventcatalog-terraform-state",
            "lifecycle_rule": [],
            "logging": [],
            "object_lock_configuration": [],
            "object_lock_enabled": false,
            "policy": "",
            "region": "us-east-1",
            "replication_configuration": [],
            "request_payer": "BucketOwner",
            "server_side_encryption_configuration": [
              {
                "rule": [
                  {
                    "apply_server_side_encryption_by_default": [
                      {
                        "kms_master_key_id": "",
                        "sse_algorithm": "AES256"
                      }
                    ],
                    "bucket_key_enabled": false
                  }
                ]
              }
            ],
            "tags": {
              "Attributes": "terraform-state",
              "Name": "unityhub-production-webapp-eventcatalog-terraform-state",
              "Namespace": "unityhub",
              "Stage": "production"
            },
            "tags_all": {
              "Attributes": "terraform-state",
              "Name": "unityhub-production-webapp-eventcatalog-terraform-state",
              "Namespace": "unityhub",
              "Stage": "production"
            },
            "timeouts": null,
            "versioning": [
              {
                "enabled": false,
                "mfa_delete": false
              }
            ],
            "website": [],
            "website_domain": null,
            "website_endpoint": null
          },
          "sensitive_attributes": [],
          "private": "eyJlMmJmYjczMC1lY2FhLTExZTYtOGY4OC0zNDM2M2JjN2M0YzAiOnsiY3JlYXRlIjoxMjAwMDAwMDAwMDAwLCJkZWxldGUiOjM2MDAwMDAwMDAwMDAsInJlYWQiOjEyMDAwMDAwMDAwMDAsInVwZGF0ZSI6MTIwMDAwMDAwMDAwMH19"
        }
      ]
    },
    {
      "module": "module.common_resources_staging.module.webapp.module.terraform_state_backend_webapp_eventcatalog",
      "mode": "managed",
      "type": "aws_s3_bucket_ownership_controls",
      "name": "default",
      "provider": "provider[\"registry.terraform.io/hashicorp/aws\"]",
      "instances": [
        {
          "index_key": 0,
          "schema_version": 0,
          "attributes": {
            "bucket": "unityhub-production-webapp-eventcatalog-terraform-state",
            "id": "unityhub-production-webapp-eventcatalog-terraform-state",
            "rule": [
              {
                "object_ownership": "BucketOwnerEnforced"
              }
            ]
          },
          "sensitive_attributes": [],
          "private": "bnVsbA==",
          "dependencies": [
            "module.common_resources_staging.module.webapp.module.terraform_state_backend_webapp_eventcatalog.aws_s3_bucket.default"
          ]
        }
      ]
    },
    {
      "module": "module.common_resources_staging.module.webapp.module.terraform_state_backend_webapp_eventcatalog",
      "mode": "managed",
      "type": "aws_s3_bucket_policy",
      "name": "default",
      "provider": "provider[\"registry.terraform.io/hashicorp/aws\"]",
      "instances": [
        {
          "index_key": 0,
          "schema_version": 0,
          "attributes": {
            "bucket": "unityhub-production-webapp-eventcatalog-terraform-state",
            "id": "unityhub-production-webapp-eventcatalog-terraform-state",
            "policy": "{\"Statement\":[{\"Action\":\"s3:PutObject\",\"Condition\":{\"StringNotEquals\":{\"s3:x-amz-server-side-encryption\":[\"AES256\",\"aws:kms\"]}},\"Effect\":\"Deny\",\"Principal\":{\"AWS\":\"*\"},\"Resource\":\"arn:aws:s3:::unityhub-production-webapp-eventcatalog-terraform-state/*\",\"Sid\":\"DenyIncorrectEncryptionHeader\"},{\"Action\":\"s3:PutObject\",\"Condition\":{\"Null\":{\"s3:x-amz-server-side-encryption\":\"true\"}},\"Effect\":\"Deny\",\"Principal\":{\"AWS\":\"*\"},\"Resource\":\"arn:aws:s3:::unityhub-production-webapp-eventcatalog-terraform-state/*\",\"Sid\":\"DenyUnEncryptedObjectUploads\"},{\"Action\":\"s3:*\",\"Condition\":{\"Bool\":{\"aws:SecureTransport\":\"false\"}},\"Effect\":\"Deny\",\"Principal\":{\"AWS\":\"*\"},\"Resource\":[\"arn:aws:s3:::unityhub-production-webapp-eventcatalog-terraform-state/*\",\"arn:aws:s3:::unityhub-production-webapp-eventcatalog-terraform-state\"],\"Sid\":\"EnforceTlsRequestsOnly\"}],\"Version\":\"2012-10-17\"}"
          },
          "sensitive_attributes": [],
          "private": "bnVsbA==",
          "dependencies": [
            "module.common_resources_staging.module.webapp.module.terraform_state_backend_webapp_eventcatalog.aws_s3_bucket.default",
            "module.common_resources_staging.module.webapp.module.terraform_state_backend_webapp_eventcatalog.data.aws_iam_policy_document.prevent_unencrypted_uploads"
          ]
        }
      ]
    },
    {
      "module": "module.common_resources_staging.module.webapp.module.terraform_state_backend_webapp_eventcatalog",
      "mode": "managed",
      "type": "aws_s3_bucket_public_access_block",
      "name": "default",
      "provider": "provider[\"registry.terraform.io/hashicorp/aws\"]",
      "instances": [
        {
          "index_key": 0,
          "schema_version": 0,
          "attributes": {
            "block_public_acls": true,
            "block_public_policy": true,
            "bucket": "unityhub-production-webapp-eventcatalog-terraform-state",
            "id": "unityhub-production-webapp-eventcatalog-terraform-state",
            "ignore_public_acls": true,
            "restrict_public_buckets": true
          },
          "sensitive_attributes": [],
          "private": "bnVsbA==",
          "dependencies": [
            "module.common_resources_staging.module.webapp.module.terraform_state_backend_webapp_eventcatalog.aws_s3_bucket.default"
          ]
        }
      ]
    },
    {
      "module": "module.common_resources_staging.module.webapp.module.terraform_state_backend_webapp_eventcatalog",
      "mode": "managed",
      "type": "aws_s3_bucket_server_side_encryption_configuration",
      "name": "default",
      "provider": "provider[\"registry.terraform.io/hashicorp/aws\"]",
      "instances": [
        {
          "index_key": 0,
          "schema_version": 0,
          "attributes": {
            "bucket": "unityhub-production-webapp-eventcatalog-terraform-state",
            "expected_bucket_owner": "",
            "id": "unityhub-production-webapp-eventcatalog-terraform-state",
            "rule": [
              {
                "apply_server_side_encryption_by_default": [
                  {
                    "kms_master_key_id": "",
                    "sse_algorithm": "AES256"
                  }
                ],
                "bucket_key_enabled": null
              }
            ]
          },
          "sensitive_attributes": [],
          "private": "bnVsbA==",
          "dependencies": [
            "module.common_resources_staging.module.webapp.module.terraform_state_backend_webapp_eventcatalog.aws_s3_bucket.default"
          ]
        }
      ]
    },
    {
      "module": "module.common_resources_staging.module.webapp.module.terraform_state_backend_webapp_eventcatalog",
      "mode": "managed",
      "type": "aws_s3_bucket_versioning",
      "name": "default",
      "provider": "provider[\"registry.terraform.io/hashicorp/aws\"]",
      "instances": [
        {
          "index_key": 0,
          "schema_version": 0,
          "attributes": {
            "bucket": "unityhub-production-webapp-eventcatalog-terraform-state",
            "expected_bucket_owner": "",
            "id": "unityhub-production-webapp-eventcatalog-terraform-state",
            "mfa": null,
            "versioning_configuration": [
              {
                "mfa_delete": "Disabled",
                "status": "Enabled"
              }
            ]
          },
          "sensitive_attributes": [],
          "private": "bnVsbA==",
          "dependencies": [
            "module.common_resources_staging.module.webapp.module.terraform_state_backend_webapp_eventcatalog.aws_s3_bucket.default"
          ]
        }
      ]
    },
    {
      "module": "module.common_resources_staging.module.webapp.module.terraform_state_backend_webapp_eventcatalog",
      "mode": "managed",
      "type": "local_file",
      "name": "terraform_backend_config",
      "provider": "provider[\"registry.terraform.io/hashicorp/local\"]",
      "instances": [
        {
          "index_key": 0,
          "schema_version": 0,
          "attributes": {
            "content": "terraform {\n  required_version = \"\u003e= 1.0.0\"\n\n  backend \"s3\" {\n    region         = \"us-east-1\"\n    bucket         = \"unityhub-production-webapp-eventcatalog-terraform-state\"\n    key            = \"terraform.tfstate\"\n    dynamodb_table = \"unityhub-production-webapp-eventcatalog-terraform-state-lock\"\n    profile        = \"\"\n    role_arn       = \"\"\n    encrypt        = \"true\"\n  }\n}\n",
            "content_base64": null,
            "content_base64sha256": "P/vGJAahyx2vZIeX/WjAYOcdJthQTkRsCgJqeP1wEb4=",
            "content_base64sha512": "sy/BZYCrnO00MgahoPrxDJof9l30+7yjUYLmlEcUjszi501+5CLTRGAgRwNielTqv7Rv6Fuwe1OvXPfSDHd4Ag==",
            "content_md5": "e86fda88a013950fdf9c76dbf2a4a8a1",
            "content_sha1": "ed59aa01f268f6bc7177b3a6acfb8170f6944550",
            "content_sha256": "3ffbc62406a1cb1daf648797fd68c060e71d26d8504e446c0a026a78fd7011be",
            "content_sha512": "b32fc16580ab9ced343206a1a0faf10c9a1ff65df4fbbca35182e69447148ecce2e74d7ee422d34460204703627a54eabfb46fe85bb07b53af5cf7d20c777802",
            "directory_permission": "0777",
            "file_permission": "0644",
            "filename": "./backend/backend_webapp_eventcatalog.tf",
            "id": "ed59aa01f268f6bc7177b3a6acfb8170f6944550",
            "sensitive_content": null,
            "source": null
          },
          "sensitive_attributes": [
            [
              {
                "type": "get_attr",
                "value": "sensitive_content"
              }
            ]
          ],
          "dependencies": [
            "module.common_resources_staging.module.webapp.module.terraform_state_backend_webapp_eventcatalog.aws_dynamodb_table.with_server_side_encryption",
            "module.common_resources_staging.module.webapp.module.terraform_state_backend_webapp_eventcatalog.aws_s3_bucket.default",
            "module.common_resources_staging.module.webapp.module.terraform_state_backend_webapp_eventcatalog.data.aws_region.current"
          ]
        }
      ]
    },
    {
      "module": "module.common_resources_staging.module.webapp.module.terraform_state_backend_webapp_msteams",
      "mode": "data",
      "type": "aws_iam_policy_document",
      "name": "prevent_unencrypted_uploads",
      "provider": "provider[\"registry.terraform.io/hashicorp/aws\"]",
      "instances": [
        {
          "index_key": 0,
          "schema_version": 0,
          "attributes": {
            "id": "1479537724",
            "json": "{\n  \"Version\": \"2012-10-17\",\n  \"Statement\": [\n    {\n      \"Sid\": \"DenyIncorrectEncryptionHeader\",\n      \"Effect\": \"Deny\",\n      \"Action\": \"s3:PutObject\",\n      \"Resource\": \"arn:aws:s3:::unityhub-production-webapp-msteams-terraform-state/*\",\n      \"Principal\": {\n        \"AWS\": \"*\"\n      },\n      \"Condition\": {\n        \"StringNotEquals\": {\n          \"s3:x-amz-server-side-encryption\": [\n            \"AES256\",\n            \"aws:kms\"\n          ]\n        }\n      }\n    },\n    {\n      \"Sid\": \"DenyUnEncryptedObjectUploads\",\n      \"Effect\": \"Deny\",\n      \"Action\": \"s3:PutObject\",\n      \"Resource\": \"arn:aws:s3:::unityhub-production-webapp-msteams-terraform-state/*\",\n      \"Principal\": {\n        \"AWS\": \"*\"\n      },\n      \"Condition\": {\n        \"Null\": {\n          \"s3:x-amz-server-side-encryption\": \"true\"\n        }\n      }\n    },\n    {\n      \"Sid\": \"EnforceTlsRequestsOnly\",\n      \"Effect\": \"Deny\",\n      \"Action\": \"s3:*\",\n      \"Resource\": [\n        \"arn:aws:s3:::unityhub-production-webapp-msteams-terraform-state/*\",\n        \"arn:aws:s3:::unityhub-production-webapp-msteams-terraform-state\"\n      ],\n      \"Principal\": {\n        \"AWS\": \"*\"\n      },\n      \"Condition\": {\n        \"Bool\": {\n          \"aws:SecureTransport\": \"false\"\n        }\n      }\n    }\n  ]\n}",
            "minified_json": "{\"Version\":\"2012-10-17\",\"Statement\":[{\"Sid\":\"DenyIncorrectEncryptionHeader\",\"Effect\":\"Deny\",\"Action\":\"s3:PutObject\",\"Resource\":\"arn:aws:s3:::unityhub-production-webapp-msteams-terraform-state/*\",\"Principal\":{\"AWS\":\"*\"},\"Condition\":{\"StringNotEquals\":{\"s3:x-amz-server-side-encryption\":[\"AES256\",\"aws:kms\"]}}},{\"Sid\":\"DenyUnEncryptedObjectUploads\",\"Effect\":\"Deny\",\"Action\":\"s3:PutObject\",\"Resource\":\"arn:aws:s3:::unityhub-production-webapp-msteams-terraform-state/*\",\"Principal\":{\"AWS\":\"*\"},\"Condition\":{\"Null\":{\"s3:x-amz-server-side-encryption\":\"true\"}}},{\"Sid\":\"EnforceTlsRequestsOnly\",\"Effect\":\"Deny\",\"Action\":\"s3:*\",\"Resource\":[\"arn:aws:s3:::unityhub-production-webapp-msteams-terraform-state/*\",\"arn:aws:s3:::unityhub-production-webapp-msteams-terraform-state\"],\"Principal\":{\"AWS\":\"*\"},\"Condition\":{\"Bool\":{\"aws:SecureTransport\":\"false\"}}}]}",
            "override_json": null,
            "override_policy_documents": null,
            "policy_id": null,
            "source_json": null,
            "source_policy_documents": null,
            "statement": [
              {
                "actions": [
                  "s3:PutObject"
                ],
                "condition": [
                  {
                    "test": "StringNotEquals",
                    "values": [
                      "AES256",
                      "aws:kms"
                    ],
                    "variable": "s3:x-amz-server-side-encryption"
                  }
                ],
                "effect": "Deny",
                "not_actions": [],
                "not_principals": [],
                "not_resources": [],
                "principals": [
                  {
                    "identifiers": [
                      "*"
                    ],
                    "type": "AWS"
                  }
                ],
                "resources": [
                  "arn:aws:s3:::unityhub-production-webapp-msteams-terraform-state/*"
                ],
                "sid": "DenyIncorrectEncryptionHeader"
              },
              {
                "actions": [
                  "s3:PutObject"
                ],
                "condition": [
                  {
                    "test": "Null",
                    "values": [
                      "true"
                    ],
                    "variable": "s3:x-amz-server-side-encryption"
                  }
                ],
                "effect": "Deny",
                "not_actions": [],
                "not_principals": [],
                "not_resources": [],
                "principals": [
                  {
                    "identifiers": [
                      "*"
                    ],
                    "type": "AWS"
                  }
                ],
                "resources": [
                  "arn:aws:s3:::unityhub-production-webapp-msteams-terraform-state/*"
                ],
                "sid": "DenyUnEncryptedObjectUploads"
              },
              {
                "actions": [
                  "s3:*"
                ],
                "condition": [
                  {
                    "test": "Bool",
                    "values": [
                      "false"
                    ],
                    "variable": "aws:SecureTransport"
                  }
                ],
                "effect": "Deny",
                "not_actions": [],
                "not_principals": [],
                "not_resources": [],
                "principals": [
                  {
                    "identifiers": [
                      "*"
                    ],
                    "type": "AWS"
                  }
                ],
                "resources": [
                  "arn:aws:s3:::unityhub-production-webapp-msteams-terraform-state",
                  "arn:aws:s3:::unityhub-production-webapp-msteams-terraform-state/*"
                ],
                "sid": "EnforceTlsRequestsOnly"
              }
            ],
            "version": "2012-10-17"
          },
          "sensitive_attributes": []
        }
      ]
    },
    {
      "module": "module.common_resources_staging.module.webapp.module.terraform_state_backend_webapp_msteams",
      "mode": "data",
      "type": "aws_region",
      "name": "current",
      "provider": "provider[\"registry.terraform.io/hashicorp/aws\"]",
      "instances": [
        {
          "schema_version": 0,
          "attributes": {
            "description": "US East (N. Virginia)",
            "endpoint": "ec2.us-east-1.amazonaws.com",
            "id": "us-east-1",
            "name": "us-east-1"
          },
          "sensitive_attributes": []
        }
      ]
    },
    {
      "module": "module.common_resources_staging.module.webapp.module.terraform_state_backend_webapp_msteams",
      "mode": "managed",
      "type": "aws_dynamodb_table",
      "name": "with_server_side_encryption",
      "provider": "provider[\"registry.terraform.io/hashicorp/aws\"]",
      "instances": [
        {
          "index_key": 0,
          "schema_version": 1,
          "attributes": {
            "arn": "arn:aws:dynamodb:us-east-1:514472330244:table/unityhub-production-webapp-msteams-terraform-state-lock",
            "attribute": [
              {
                "name": "LockID",
                "type": "S"
              }
            ],
            "billing_mode": "PAY_PER_REQUEST",
            "deletion_protection_enabled": false,
            "global_secondary_index": [],
            "hash_key": "LockID",
            "id": "unityhub-production-webapp-msteams-terraform-state-lock",
            "import_table": [],
            "local_secondary_index": [],
            "name": "unityhub-production-webapp-msteams-terraform-state-lock",
            "point_in_time_recovery": [
              {
                "enabled": true
              }
            ],
            "range_key": null,
            "read_capacity": 0,
            "replica": [],
            "restore_date_time": null,
            "restore_source_name": null,
            "restore_source_table_arn": null,
            "restore_to_latest_time": null,
            "server_side_encryption": [
              {
                "enabled": true,
                "kms_key_arn": ""
              }
            ],
            "stream_arn": "",
            "stream_enabled": false,
            "stream_label": "",
            "stream_view_type": "",
            "table_class": "STANDARD",
            "tags": {
              "Attributes": "terraform-state-lock",
              "Name": "unityhub-production-webapp-msteams-terraform-state-lock",
              "Namespace": "unityhub",
              "Stage": "production"
            },
            "tags_all": {
              "Attributes": "terraform-state-lock",
              "Name": "unityhub-production-webapp-msteams-terraform-state-lock",
              "Namespace": "unityhub",
              "Stage": "production"
            },
            "timeouts": null,
            "ttl": [
              {
                "attribute_name": "",
                "enabled": false
              }
            ],
            "write_capacity": 0
          },
          "sensitive_attributes": [],
          "private": "eyJlMmJmYjczMC1lY2FhLTExZTYtOGY4OC0zNDM2M2JjN2M0YzAiOnsiY3JlYXRlIjoxODAwMDAwMDAwMDAwLCJkZWxldGUiOjYwMDAwMDAwMDAwMCwidXBkYXRlIjozNjAwMDAwMDAwMDAwfSwic2NoZW1hX3ZlcnNpb24iOiIxIn0="
        }
      ]
    },
    {
      "module": "module.common_resources_staging.module.webapp.module.terraform_state_backend_webapp_msteams",
      "mode": "managed",
      "type": "aws_s3_bucket",
      "name": "default",
      "provider": "provider[\"registry.terraform.io/hashicorp/aws\"]",
      "instances": [
        {
          "index_key": 0,
          "schema_version": 0,
          "attributes": {
            "acceleration_status": "",
            "acl": null,
            "arn": "arn:aws:s3:::unityhub-production-webapp-msteams-terraform-state",
            "bucket": "unityhub-production-webapp-msteams-terraform-state",
            "bucket_domain_name": "unityhub-production-webapp-msteams-terraform-state.s3.amazonaws.com",
            "bucket_prefix": "",
            "bucket_regional_domain_name": "unityhub-production-webapp-msteams-terraform-state.s3.us-east-1.amazonaws.com",
            "cors_rule": [],
            "force_destroy": true,
            "grant": [
              {
                "id": "bea86176a486e69a83b4227063efa3be9eb4b243551739d81a6a4b41ec8b3461",
                "permissions": [
                  "FULL_CONTROL"
                ],
                "type": "CanonicalUser",
                "uri": ""
              }
            ],
            "hosted_zone_id": "Z3AQBSTGFYJSTF",
            "id": "unityhub-production-webapp-msteams-terraform-state",
            "lifecycle_rule": [],
            "logging": [],
            "object_lock_configuration": [],
            "object_lock_enabled": false,
            "policy": "",
            "region": "us-east-1",
            "replication_configuration": [],
            "request_payer": "BucketOwner",
            "server_side_encryption_configuration": [
              {
                "rule": [
                  {
                    "apply_server_side_encryption_by_default": [
                      {
                        "kms_master_key_id": "",
                        "sse_algorithm": "AES256"
                      }
                    ],
                    "bucket_key_enabled": false
                  }
                ]
              }
            ],
            "tags": {
              "Attributes": "terraform-state",
              "Name": "unityhub-production-webapp-msteams-terraform-state",
              "Namespace": "unityhub",
              "Stage": "production"
            },
            "tags_all": {
              "Attributes": "terraform-state",
              "Name": "unityhub-production-webapp-msteams-terraform-state",
              "Namespace": "unityhub",
              "Stage": "production"
            },
            "timeouts": null,
            "versioning": [
              {
                "enabled": false,
                "mfa_delete": false
              }
            ],
            "website": [],
            "website_domain": null,
            "website_endpoint": null
          },
          "sensitive_attributes": [],
          "private": "eyJlMmJmYjczMC1lY2FhLTExZTYtOGY4OC0zNDM2M2JjN2M0YzAiOnsiY3JlYXRlIjoxMjAwMDAwMDAwMDAwLCJkZWxldGUiOjM2MDAwMDAwMDAwMDAsInJlYWQiOjEyMDAwMDAwMDAwMDAsInVwZGF0ZSI6MTIwMDAwMDAwMDAwMH19"
        }
      ]
    },
    {
      "module": "module.common_resources_staging.module.webapp.module.terraform_state_backend_webapp_msteams",
      "mode": "managed",
      "type": "aws_s3_bucket_ownership_controls",
      "name": "default",
      "provider": "provider[\"registry.terraform.io/hashicorp/aws\"]",
      "instances": [
        {
          "index_key": 0,
          "schema_version": 0,
          "attributes": {
            "bucket": "unityhub-production-webapp-msteams-terraform-state",
            "id": "unityhub-production-webapp-msteams-terraform-state",
            "rule": [
              {
                "object_ownership": "BucketOwnerEnforced"
              }
            ]
          },
          "sensitive_attributes": [],
          "private": "bnVsbA==",
          "dependencies": [
            "module.common_resources_staging.module.webapp.module.terraform_state_backend_webapp_msteams.aws_s3_bucket.default"
          ]
        }
      ]
    },
    {
      "module": "module.common_resources_staging.module.webapp.module.terraform_state_backend_webapp_msteams",
      "mode": "managed",
      "type": "aws_s3_bucket_policy",
      "name": "default",
      "provider": "provider[\"registry.terraform.io/hashicorp/aws\"]",
      "instances": [
        {
          "index_key": 0,
          "schema_version": 0,
          "attributes": {
            "bucket": "unityhub-production-webapp-msteams-terraform-state",
            "id": "unityhub-production-webapp-msteams-terraform-state",
            "policy": "{\"Statement\":[{\"Action\":\"s3:PutObject\",\"Condition\":{\"StringNotEquals\":{\"s3:x-amz-server-side-encryption\":[\"AES256\",\"aws:kms\"]}},\"Effect\":\"Deny\",\"Principal\":{\"AWS\":\"*\"},\"Resource\":\"arn:aws:s3:::unityhub-production-webapp-msteams-terraform-state/*\",\"Sid\":\"DenyIncorrectEncryptionHeader\"},{\"Action\":\"s3:PutObject\",\"Condition\":{\"Null\":{\"s3:x-amz-server-side-encryption\":\"true\"}},\"Effect\":\"Deny\",\"Principal\":{\"AWS\":\"*\"},\"Resource\":\"arn:aws:s3:::unityhub-production-webapp-msteams-terraform-state/*\",\"Sid\":\"DenyUnEncryptedObjectUploads\"},{\"Action\":\"s3:*\",\"Condition\":{\"Bool\":{\"aws:SecureTransport\":\"false\"}},\"Effect\":\"Deny\",\"Principal\":{\"AWS\":\"*\"},\"Resource\":[\"arn:aws:s3:::unityhub-production-webapp-msteams-terraform-state/*\",\"arn:aws:s3:::unityhub-production-webapp-msteams-terraform-state\"],\"Sid\":\"EnforceTlsRequestsOnly\"}],\"Version\":\"2012-10-17\"}"
          },
          "sensitive_attributes": [],
          "private": "bnVsbA==",
          "dependencies": [
            "module.common_resources_staging.module.webapp.module.terraform_state_backend_webapp_msteams.aws_s3_bucket.default",
            "module.common_resources_staging.module.webapp.module.terraform_state_backend_webapp_msteams.data.aws_iam_policy_document.prevent_unencrypted_uploads"
          ]
        }
      ]
    },
    {
      "module": "module.common_resources_staging.module.webapp.module.terraform_state_backend_webapp_msteams",
      "mode": "managed",
      "type": "aws_s3_bucket_public_access_block",
      "name": "default",
      "provider": "provider[\"registry.terraform.io/hashicorp/aws\"]",
      "instances": [
        {
          "index_key": 0,
          "schema_version": 0,
          "attributes": {
            "block_public_acls": true,
            "block_public_policy": true,
            "bucket": "unityhub-production-webapp-msteams-terraform-state",
            "id": "unityhub-production-webapp-msteams-terraform-state",
            "ignore_public_acls": true,
            "restrict_public_buckets": true
          },
          "sensitive_attributes": [],
          "private": "bnVsbA==",
          "dependencies": [
            "module.common_resources_staging.module.webapp.module.terraform_state_backend_webapp_msteams.aws_s3_bucket.default"
          ]
        }
      ]
    },
    {
      "module": "module.common_resources_staging.module.webapp.module.terraform_state_backend_webapp_msteams",
      "mode": "managed",
      "type": "aws_s3_bucket_server_side_encryption_configuration",
      "name": "default",
      "provider": "provider[\"registry.terraform.io/hashicorp/aws\"]",
      "instances": [
        {
          "index_key": 0,
          "schema_version": 0,
          "attributes": {
            "bucket": "unityhub-production-webapp-msteams-terraform-state",
            "expected_bucket_owner": "",
            "id": "unityhub-production-webapp-msteams-terraform-state",
            "rule": [
              {
                "apply_server_side_encryption_by_default": [
                  {
                    "kms_master_key_id": "",
                    "sse_algorithm": "AES256"
                  }
                ],
                "bucket_key_enabled": null
              }
            ]
          },
          "sensitive_attributes": [],
          "private": "bnVsbA==",
          "dependencies": [
            "module.common_resources_staging.module.webapp.module.terraform_state_backend_webapp_msteams.aws_s3_bucket.default"
          ]
        }
      ]
    },
    {
      "module": "module.common_resources_staging.module.webapp.module.terraform_state_backend_webapp_msteams",
      "mode": "managed",
      "type": "aws_s3_bucket_versioning",
      "name": "default",
      "provider": "provider[\"registry.terraform.io/hashicorp/aws\"]",
      "instances": [
        {
          "index_key": 0,
          "schema_version": 0,
          "attributes": {
            "bucket": "unityhub-production-webapp-msteams-terraform-state",
            "expected_bucket_owner": "",
            "id": "unityhub-production-webapp-msteams-terraform-state",
            "mfa": null,
            "versioning_configuration": [
              {
                "mfa_delete": "Disabled",
                "status": "Enabled"
              }
            ]
          },
          "sensitive_attributes": [],
          "private": "bnVsbA==",
          "dependencies": [
            "module.common_resources_staging.module.webapp.module.terraform_state_backend_webapp_msteams.aws_s3_bucket.default"
          ]
        }
      ]
    },
    {
      "module": "module.common_resources_staging.module.webapp.module.terraform_state_backend_webapp_msteams",
      "mode": "managed",
      "type": "local_file",
      "name": "terraform_backend_config",
      "provider": "provider[\"registry.terraform.io/hashicorp/local\"]",
      "instances": [
        {
          "index_key": 0,
          "schema_version": 0,
          "attributes": {
            "content": "terraform {\n  required_version = \"\u003e= 1.0.0\"\n\n  backend \"s3\" {\n    region         = \"us-east-1\"\n    bucket         = \"unityhub-production-webapp-msteams-terraform-state\"\n    key            = \"terraform.tfstate\"\n    dynamodb_table = \"unityhub-production-webapp-msteams-terraform-state-lock\"\n    profile        = \"\"\n    role_arn       = \"\"\n    encrypt        = \"true\"\n  }\n}\n",
            "content_base64": null,
            "content_base64sha256": "99VpTM1Nzy39/NZ3OsAaC3w0U1U4n20ol1Otq5B61aY=",
            "content_base64sha512": "tVsFCgtKmlcmjwwoz/hMVdGyPvGvJG7u17cc5FRTPnxw+wxyHxlaaGgmEfehDm+YR7sG+quAbVOo6rpLyVRcqg==",
            "content_md5": "025c4215a2638cd5bfdca1bbee6edfa0",
            "content_sha1": "1f08797532630962c949419a6d69b22ffa3958f2",
            "content_sha256": "f7d5694ccd4dcf2dfdfcd6773ac01a0b7c345355389f6d289753adab907ad5a6",
            "content_sha512": "b55b050a0b4a9a57268f0c28cff84c55d1b23ef1af246eeed7b71ce454533e7c70fb0c721f195a68682611f7a10e6f9847bb06faab806d53a8eaba4bc9545caa",
            "directory_permission": "0777",
            "file_permission": "0644",
            "filename": "./backend/backend_webapp_msteams.tf",
            "id": "1f08797532630962c949419a6d69b22ffa3958f2",
            "sensitive_content": null,
            "source": null
          },
          "sensitive_attributes": [
            [
              {
                "type": "get_attr",
                "value": "sensitive_content"
              }
            ]
          ],
          "dependencies": [
            "module.common_resources_staging.module.webapp.module.terraform_state_backend_webapp_msteams.aws_dynamodb_table.with_server_side_encryption",
            "module.common_resources_staging.module.webapp.module.terraform_state_backend_webapp_msteams.aws_s3_bucket.default",
            "module.common_resources_staging.module.webapp.module.terraform_state_backend_webapp_msteams.data.aws_region.current"
          ]
        }
      ]
    },
    {
      "module": "module.common_resources_staging.module.webapp.module.terraform_state_backend_webapp_shared",
      "mode": "data",
      "type": "aws_iam_policy_document",
      "name": "prevent_unencrypted_uploads",
      "provider": "provider[\"registry.terraform.io/hashicorp/aws\"]",
      "instances": [
        {
          "index_key": 0,
          "schema_version": 0,
          "attributes": {
            "id": "3089283394",
            "json": "{\n  \"Version\": \"2012-10-17\",\n  \"Statement\": [\n    {\n      \"Sid\": \"DenyIncorrectEncryptionHeader\",\n      \"Effect\": \"Deny\",\n      \"Action\": \"s3:PutObject\",\n      \"Resource\": \"arn:aws:s3:::unityhub-production-webapp-shared-terraform-state/*\",\n      \"Principal\": {\n        \"AWS\": \"*\"\n      },\n      \"Condition\": {\n        \"StringNotEquals\": {\n          \"s3:x-amz-server-side-encryption\": [\n            \"AES256\",\n            \"aws:kms\"\n          ]\n        }\n      }\n    },\n    {\n      \"Sid\": \"DenyUnEncryptedObjectUploads\",\n      \"Effect\": \"Deny\",\n      \"Action\": \"s3:PutObject\",\n      \"Resource\": \"arn:aws:s3:::unityhub-production-webapp-shared-terraform-state/*\",\n      \"Principal\": {\n        \"AWS\": \"*\"\n      },\n      \"Condition\": {\n        \"Null\": {\n          \"s3:x-amz-server-side-encryption\": \"true\"\n        }\n      }\n    },\n    {\n      \"Sid\": \"EnforceTlsRequestsOnly\",\n      \"Effect\": \"Deny\",\n      \"Action\": \"s3:*\",\n      \"Resource\": [\n        \"arn:aws:s3:::unityhub-production-webapp-shared-terraform-state/*\",\n        \"arn:aws:s3:::unityhub-production-webapp-shared-terraform-state\"\n      ],\n      \"Principal\": {\n        \"AWS\": \"*\"\n      },\n      \"Condition\": {\n        \"Bool\": {\n          \"aws:SecureTransport\": \"false\"\n        }\n      }\n    }\n  ]\n}",
            "minified_json": "{\"Version\":\"2012-10-17\",\"Statement\":[{\"Sid\":\"DenyIncorrectEncryptionHeader\",\"Effect\":\"Deny\",\"Action\":\"s3:PutObject\",\"Resource\":\"arn:aws:s3:::unityhub-production-webapp-shared-terraform-state/*\",\"Principal\":{\"AWS\":\"*\"},\"Condition\":{\"StringNotEquals\":{\"s3:x-amz-server-side-encryption\":[\"AES256\",\"aws:kms\"]}}},{\"Sid\":\"DenyUnEncryptedObjectUploads\",\"Effect\":\"Deny\",\"Action\":\"s3:PutObject\",\"Resource\":\"arn:aws:s3:::unityhub-production-webapp-shared-terraform-state/*\",\"Principal\":{\"AWS\":\"*\"},\"Condition\":{\"Null\":{\"s3:x-amz-server-side-encryption\":\"true\"}}},{\"Sid\":\"EnforceTlsRequestsOnly\",\"Effect\":\"Deny\",\"Action\":\"s3:*\",\"Resource\":[\"arn:aws:s3:::unityhub-production-webapp-shared-terraform-state/*\",\"arn:aws:s3:::unityhub-production-webapp-shared-terraform-state\"],\"Principal\":{\"AWS\":\"*\"},\"Condition\":{\"Bool\":{\"aws:SecureTransport\":\"false\"}}}]}",
            "override_json": null,
            "override_policy_documents": null,
            "policy_id": null,
            "source_json": null,
            "source_policy_documents": null,
            "statement": [
              {
                "actions": [
                  "s3:PutObject"
                ],
                "condition": [
                  {
                    "test": "StringNotEquals",
                    "values": [
                      "AES256",
                      "aws:kms"
                    ],
                    "variable": "s3:x-amz-server-side-encryption"
                  }
                ],
                "effect": "Deny",
                "not_actions": [],
                "not_principals": [],
                "not_resources": [],
                "principals": [
                  {
                    "identifiers": [
                      "*"
                    ],
                    "type": "AWS"
                  }
                ],
                "resources": [
                  "arn:aws:s3:::unityhub-production-webapp-shared-terraform-state/*"
                ],
                "sid": "DenyIncorrectEncryptionHeader"
              },
              {
                "actions": [
                  "s3:PutObject"
                ],
                "condition": [
                  {
                    "test": "Null",
                    "values": [
                      "true"
                    ],
                    "variable": "s3:x-amz-server-side-encryption"
                  }
                ],
                "effect": "Deny",
                "not_actions": [],
                "not_principals": [],
                "not_resources": [],
                "principals": [
                  {
                    "identifiers": [
                      "*"
                    ],
                    "type": "AWS"
                  }
                ],
                "resources": [
                  "arn:aws:s3:::unityhub-production-webapp-shared-terraform-state/*"
                ],
                "sid": "DenyUnEncryptedObjectUploads"
              },
              {
                "actions": [
                  "s3:*"
                ],
                "condition": [
                  {
                    "test": "Bool",
                    "values": [
                      "false"
                    ],
                    "variable": "aws:SecureTransport"
                  }
                ],
                "effect": "Deny",
                "not_actions": [],
                "not_principals": [],
                "not_resources": [],
                "principals": [
                  {
                    "identifiers": [
                      "*"
                    ],
                    "type": "AWS"
                  }
                ],
                "resources": [
                  "arn:aws:s3:::unityhub-production-webapp-shared-terraform-state",
                  "arn:aws:s3:::unityhub-production-webapp-shared-terraform-state/*"
                ],
                "sid": "EnforceTlsRequestsOnly"
              }
            ],
            "version": "2012-10-17"
          },
          "sensitive_attributes": []
        }
      ]
    },
    {
      "module": "module.common_resources_staging.module.webapp.module.terraform_state_backend_webapp_shared",
      "mode": "data",
      "type": "aws_region",
      "name": "current",
      "provider": "provider[\"registry.terraform.io/hashicorp/aws\"]",
      "instances": [
        {
          "schema_version": 0,
          "attributes": {
            "description": "US East (N. Virginia)",
            "endpoint": "ec2.us-east-1.amazonaws.com",
            "id": "us-east-1",
            "name": "us-east-1"
          },
          "sensitive_attributes": []
        }
      ]
    },
    {
      "module": "module.common_resources_staging.module.webapp.module.terraform_state_backend_webapp_shared",
      "mode": "managed",
      "type": "aws_dynamodb_table",
      "name": "with_server_side_encryption",
      "provider": "provider[\"registry.terraform.io/hashicorp/aws\"]",
      "instances": [
        {
          "index_key": 0,
          "schema_version": 1,
          "attributes": {
            "arn": "arn:aws:dynamodb:us-east-1:514472330244:table/unityhub-production-webapp-shared-terraform-state-lock",
            "attribute": [
              {
                "name": "LockID",
                "type": "S"
              }
            ],
            "billing_mode": "PAY_PER_REQUEST",
            "deletion_protection_enabled": false,
            "global_secondary_index": [],
            "hash_key": "LockID",
            "id": "unityhub-production-webapp-shared-terraform-state-lock",
            "import_table": [],
            "local_secondary_index": [],
            "name": "unityhub-production-webapp-shared-terraform-state-lock",
            "point_in_time_recovery": [
              {
                "enabled": true
              }
            ],
            "range_key": null,
            "read_capacity": 0,
            "replica": [],
            "restore_date_time": null,
            "restore_source_name": null,
            "restore_source_table_arn": null,
            "restore_to_latest_time": null,
            "server_side_encryption": [
              {
                "enabled": true,
                "kms_key_arn": ""
              }
            ],
            "stream_arn": "",
            "stream_enabled": false,
            "stream_label": "",
            "stream_view_type": "",
            "table_class": "STANDARD",
            "tags": {
              "Attributes": "terraform-state-lock",
              "Name": "unityhub-production-webapp-shared-terraform-state-lock",
              "Namespace": "unityhub",
              "Stage": "production"
            },
            "tags_all": {
              "Attributes": "terraform-state-lock",
              "Name": "unityhub-production-webapp-shared-terraform-state-lock",
              "Namespace": "unityhub",
              "Stage": "production"
            },
            "timeouts": null,
            "ttl": [
              {
                "attribute_name": "",
                "enabled": false
              }
            ],
            "write_capacity": 0
          },
          "sensitive_attributes": [],
          "private": "eyJlMmJmYjczMC1lY2FhLTExZTYtOGY4OC0zNDM2M2JjN2M0YzAiOnsiY3JlYXRlIjoxODAwMDAwMDAwMDAwLCJkZWxldGUiOjYwMDAwMDAwMDAwMCwidXBkYXRlIjozNjAwMDAwMDAwMDAwfSwic2NoZW1hX3ZlcnNpb24iOiIxIn0="
        }
      ]
    },
    {
      "module": "module.common_resources_staging.module.webapp.module.terraform_state_backend_webapp_shared",
      "mode": "managed",
      "type": "aws_s3_bucket",
      "name": "default",
      "provider": "provider[\"registry.terraform.io/hashicorp/aws\"]",
      "instances": [
        {
          "index_key": 0,
          "schema_version": 0,
          "attributes": {
            "acceleration_status": "",
            "acl": null,
            "arn": "arn:aws:s3:::unityhub-production-webapp-shared-terraform-state",
            "bucket": "unityhub-production-webapp-shared-terraform-state",
            "bucket_domain_name": "unityhub-production-webapp-shared-terraform-state.s3.amazonaws.com",
            "bucket_prefix": "",
            "bucket_regional_domain_name": "unityhub-production-webapp-shared-terraform-state.s3.us-east-1.amazonaws.com",
            "cors_rule": [],
            "force_destroy": true,
            "grant": [
              {
                "id": "bea86176a486e69a83b4227063efa3be9eb4b243551739d81a6a4b41ec8b3461",
                "permissions": [
                  "FULL_CONTROL"
                ],
                "type": "CanonicalUser",
                "uri": ""
              }
            ],
            "hosted_zone_id": "Z3AQBSTGFYJSTF",
            "id": "unityhub-production-webapp-shared-terraform-state",
            "lifecycle_rule": [],
            "logging": [],
            "object_lock_configuration": [],
            "object_lock_enabled": false,
            "policy": "",
            "region": "us-east-1",
            "replication_configuration": [],
            "request_payer": "BucketOwner",
            "server_side_encryption_configuration": [
              {
                "rule": [
                  {
                    "apply_server_side_encryption_by_default": [
                      {
                        "kms_master_key_id": "",
                        "sse_algorithm": "AES256"
                      }
                    ],
                    "bucket_key_enabled": false
                  }
                ]
              }
            ],
            "tags": {
              "Attributes": "terraform-state",
              "Name": "unityhub-production-webapp-shared-terraform-state",
              "Namespace": "unityhub",
              "Stage": "production"
            },
            "tags_all": {
              "Attributes": "terraform-state",
              "Name": "unityhub-production-webapp-shared-terraform-state",
              "Namespace": "unityhub",
              "Stage": "production"
            },
            "timeouts": null,
            "versioning": [
              {
                "enabled": false,
                "mfa_delete": false
              }
            ],
            "website": [],
            "website_domain": null,
            "website_endpoint": null
          },
          "sensitive_attributes": [],
          "private": "eyJlMmJmYjczMC1lY2FhLTExZTYtOGY4OC0zNDM2M2JjN2M0YzAiOnsiY3JlYXRlIjoxMjAwMDAwMDAwMDAwLCJkZWxldGUiOjM2MDAwMDAwMDAwMDAsInJlYWQiOjEyMDAwMDAwMDAwMDAsInVwZGF0ZSI6MTIwMDAwMDAwMDAwMH19"
        }
      ]
    },
    {
      "module": "module.common_resources_staging.module.webapp.module.terraform_state_backend_webapp_shared",
      "mode": "managed",
      "type": "aws_s3_bucket_ownership_controls",
      "name": "default",
      "provider": "provider[\"registry.terraform.io/hashicorp/aws\"]",
      "instances": [
        {
          "index_key": 0,
          "schema_version": 0,
          "attributes": {
            "bucket": "unityhub-production-webapp-shared-terraform-state",
            "id": "unityhub-production-webapp-shared-terraform-state",
            "rule": [
              {
                "object_ownership": "BucketOwnerEnforced"
              }
            ]
          },
          "sensitive_attributes": [],
          "private": "bnVsbA==",
          "dependencies": [
            "module.common_resources_staging.module.webapp.module.terraform_state_backend_webapp_shared.aws_s3_bucket.default"
          ]
        }
      ]
    },
    {
      "module": "module.common_resources_staging.module.webapp.module.terraform_state_backend_webapp_shared",
      "mode": "managed",
      "type": "aws_s3_bucket_policy",
      "name": "default",
      "provider": "provider[\"registry.terraform.io/hashicorp/aws\"]",
      "instances": [
        {
          "index_key": 0,
          "schema_version": 0,
          "attributes": {
            "bucket": "unityhub-production-webapp-shared-terraform-state",
            "id": "unityhub-production-webapp-shared-terraform-state",
            "policy": "{\"Statement\":[{\"Action\":\"s3:PutObject\",\"Condition\":{\"StringNotEquals\":{\"s3:x-amz-server-side-encryption\":[\"AES256\",\"aws:kms\"]}},\"Effect\":\"Deny\",\"Principal\":{\"AWS\":\"*\"},\"Resource\":\"arn:aws:s3:::unityhub-production-webapp-shared-terraform-state/*\",\"Sid\":\"DenyIncorrectEncryptionHeader\"},{\"Action\":\"s3:PutObject\",\"Condition\":{\"Null\":{\"s3:x-amz-server-side-encryption\":\"true\"}},\"Effect\":\"Deny\",\"Principal\":{\"AWS\":\"*\"},\"Resource\":\"arn:aws:s3:::unityhub-production-webapp-shared-terraform-state/*\",\"Sid\":\"DenyUnEncryptedObjectUploads\"},{\"Action\":\"s3:*\",\"Condition\":{\"Bool\":{\"aws:SecureTransport\":\"false\"}},\"Effect\":\"Deny\",\"Principal\":{\"AWS\":\"*\"},\"Resource\":[\"arn:aws:s3:::unityhub-production-webapp-shared-terraform-state/*\",\"arn:aws:s3:::unityhub-production-webapp-shared-terraform-state\"],\"Sid\":\"EnforceTlsRequestsOnly\"}],\"Version\":\"2012-10-17\"}"
          },
          "sensitive_attributes": [],
          "private": "bnVsbA==",
          "dependencies": [
            "module.common_resources_staging.module.webapp.module.terraform_state_backend_webapp_shared.aws_s3_bucket.default",
            "module.common_resources_staging.module.webapp.module.terraform_state_backend_webapp_shared.data.aws_iam_policy_document.prevent_unencrypted_uploads"
          ]
        }
      ]
    },
    {
      "module": "module.common_resources_staging.module.webapp.module.terraform_state_backend_webapp_shared",
      "mode": "managed",
      "type": "aws_s3_bucket_public_access_block",
      "name": "default",
      "provider": "provider[\"registry.terraform.io/hashicorp/aws\"]",
      "instances": [
        {
          "index_key": 0,
          "schema_version": 0,
          "attributes": {
            "block_public_acls": true,
            "block_public_policy": true,
            "bucket": "unityhub-production-webapp-shared-terraform-state",
            "id": "unityhub-production-webapp-shared-terraform-state",
            "ignore_public_acls": true,
            "restrict_public_buckets": true
          },
          "sensitive_attributes": [],
          "private": "bnVsbA==",
          "dependencies": [
            "module.common_resources_staging.module.webapp.module.terraform_state_backend_webapp_shared.aws_s3_bucket.default"
          ]
        }
      ]
    },
    {
      "module": "module.common_resources_staging.module.webapp.module.terraform_state_backend_webapp_shared",
      "mode": "managed",
      "type": "aws_s3_bucket_server_side_encryption_configuration",
      "name": "default",
      "provider": "provider[\"registry.terraform.io/hashicorp/aws\"]",
      "instances": [
        {
          "index_key": 0,
          "schema_version": 0,
          "attributes": {
            "bucket": "unityhub-production-webapp-shared-terraform-state",
            "expected_bucket_owner": "",
            "id": "unityhub-production-webapp-shared-terraform-state",
            "rule": [
              {
                "apply_server_side_encryption_by_default": [
                  {
                    "kms_master_key_id": "",
                    "sse_algorithm": "AES256"
                  }
                ],
                "bucket_key_enabled": null
              }
            ]
          },
          "sensitive_attributes": [],
          "private": "bnVsbA==",
          "dependencies": [
            "module.common_resources_staging.module.webapp.module.terraform_state_backend_webapp_shared.aws_s3_bucket.default"
          ]
        }
      ]
    },
    {
      "module": "module.common_resources_staging.module.webapp.module.terraform_state_backend_webapp_shared",
      "mode": "managed",
      "type": "aws_s3_bucket_versioning",
      "name": "default",
      "provider": "provider[\"registry.terraform.io/hashicorp/aws\"]",
      "instances": [
        {
          "index_key": 0,
          "schema_version": 0,
          "attributes": {
            "bucket": "unityhub-production-webapp-shared-terraform-state",
            "expected_bucket_owner": "",
            "id": "unityhub-production-webapp-shared-terraform-state",
            "mfa": null,
            "versioning_configuration": [
              {
                "mfa_delete": "Disabled",
                "status": "Enabled"
              }
            ]
          },
          "sensitive_attributes": [],
          "private": "bnVsbA==",
          "dependencies": [
            "module.common_resources_staging.module.webapp.module.terraform_state_backend_webapp_shared.aws_s3_bucket.default"
          ]
        }
      ]
    },
    {
      "module": "module.common_resources_staging.module.webapp.module.terraform_state_backend_webapp_shared",
      "mode": "managed",
      "type": "local_file",
      "name": "terraform_backend_config",
      "provider": "provider[\"registry.terraform.io/hashicorp/local\"]",
      "instances": [
        {
          "index_key": 0,
          "schema_version": 0,
          "attributes": {
            "content": "terraform {\n  required_version = \"\u003e= 1.0.0\"\n\n  backend \"s3\" {\n    region         = \"us-east-1\"\n    bucket         = \"unityhub-production-webapp-shared-terraform-state\"\n    key            = \"terraform.tfstate\"\n    dynamodb_table = \"unityhub-production-webapp-shared-terraform-state-lock\"\n    profile        = \"\"\n    role_arn       = \"\"\n    encrypt        = \"true\"\n  }\n}\n",
            "content_base64": null,
            "content_base64sha256": "3JPbJPPru/+5U7vqu7ZkM7Ry7vw3NPLgkE+BLHcwgqg=",
            "content_base64sha512": "mY0zJBW1JjV2kCFKYoPD9ysPpj/fg2sUJUPI6v5v5K2f7OUNSGt0+X6OIaiCignjKnMjXqel11GWao16tMdV5w==",
            "content_md5": "ec0d56573c2b4089dad9ff27cbc79124",
            "content_sha1": "55158d89fb5aa2b320a27f025f44d30bc9dd72fa",
            "content_sha256": "dc93db24f3ebbbffb953bbeabbb66433b472eefc3734f2e0904f812c773082a8",
            "content_sha512": "998d332415b526357690214a6283c3f72b0fa63fdf836b142543c8eafe6fe4ad9fece50d486b74f97e8e21a8828a09e32a73235ea7a5d751966a8d7ab4c755e7",
            "directory_permission": "0777",
            "file_permission": "0644",
            "filename": "./backend/backend_webapp_shared.tf",
            "id": "55158d89fb5aa2b320a27f025f44d30bc9dd72fa",
            "sensitive_content": null,
            "source": null
          },
          "sensitive_attributes": [
            [
              {
                "type": "get_attr",
                "value": "sensitive_content"
              }
            ]
          ],
          "dependencies": [
            "module.common_resources_staging.module.webapp.module.terraform_state_backend_webapp_shared.aws_dynamodb_table.with_server_side_encryption",
            "module.common_resources_staging.module.webapp.module.terraform_state_backend_webapp_shared.aws_s3_bucket.default",
            "module.common_resources_staging.module.webapp.module.terraform_state_backend_webapp_shared.data.aws_region.current"
          ]
        }
      ]
    }
  ],
  "check_results": [
    {
      "object_kind": "var",
      "config_addr": "module.common_resources_staging.module.customer.module.terraform_state_backend_customer_shared.var.s3_bucket_name",
      "status": "unknown",
      "objects": [
        {
          "object_addr": "module.common_resources_staging.module.customer.module.terraform_state_backend_customer_shared.var.s3_bucket_name",
          "status": "unknown"
        }
      ]
    },
    {
      "object_kind": "var",
      "config_addr": "module.common_resources_staging.module.aws_oneoff.module.terraform_state_backend_aws_oneoff.module.bucket_label.var.id_length_limit",
      "status": "unknown",
      "objects": [
        {
          "object_addr": "module.common_resources_staging.module.aws_oneoff.module.terraform_state_backend_aws_oneoff.module.bucket_label.var.id_length_limit",
          "status": "unknown"
        }
      ]
    },
    {
      "object_kind": "var",
      "config_addr": "module.common_resources_staging.module.webapp.module.terraform_state_backend_webapp_eventcatalog.module.dynamodb_table_label.var.context",
      "status": "pass",
      "objects": [
        {
          "object_addr": "module.common_resources_staging.module.webapp.module.terraform_state_backend_webapp_eventcatalog.module.dynamodb_table_label.var.context",
          "status": "pass"
        }
      ]
    },
    {
      "object_kind": "var",
      "config_addr": "module.common_resources_staging.module.organization.module.terraform_state_backend_organization_shared.module.this.var.label_key_case",
      "status": "unknown",
      "objects": [
        {
          "object_addr": "module.common_resources_staging.module.organization.module.terraform_state_backend_organization_shared.module.this.var.label_key_case",
          "status": "unknown"
        }
      ]
    },
    {
      "object_kind": "var",
      "config_addr": "module.common_resources_staging.module.gcp_oneoff.module.terraform_state_backend_gcp_oneoff.module.replication_label.var.id_length_limit",
      "status": "unknown",
      "objects": [
        {
          "object_addr": "module.common_resources_staging.module.gcp_oneoff.module.terraform_state_backend_gcp_oneoff.module.replication_label.var.id_length_limit",
          "status": "unknown"
        }
      ]
    },
    {
      "object_kind": "var",
      "config_addr": "module.common_resources_staging.module.location.module.terraform_state_backend_location_shared.module.dynamodb_table_label.var.label_key_case",
      "status": "unknown",
      "objects": [
        {
          "object_addr": "module.common_resources_staging.module.location.module.terraform_state_backend_location_shared.module.dynamodb_table_label.var.label_key_case",
          "status": "unknown"
        }
      ]
    },
    {
      "object_kind": "var",
      "config_addr": "module.common_resources_staging.module.msteams.module.terraform_state_backend_msteams_shared.module.this.var.label_value_case",
      "status": "pass",
      "objects": [
        {
          "object_addr": "module.common_resources_staging.module.msteams.module.terraform_state_backend_msteams_shared.module.this.var.label_value_case",
          "status": "pass"
        }
      ]
    },
    {
      "object_kind": "var",
      "config_addr": "module.common_resources_staging.module.shared.module.terraform_state_backend_shared.module.dynamodb_table_label.var.label_key_case",
      "status": "unknown",
      "objects": [
        {
          "object_addr": "module.common_resources_staging.module.shared.module.terraform_state_backend_shared.module.dynamodb_table_label.var.label_key_case",
          "status": "unknown"
        }
      ]
    },
    {
      "object_kind": "var",
      "config_addr": "module.common_resources_staging.module.slack.module.terraform_state_backend_slack_shared.var.id_length_limit",
      "status": "unknown",
      "objects": [
        {
          "object_addr": "module.common_resources_staging.module.slack.module.terraform_state_backend_slack_shared.var.id_length_limit",
          "status": "unknown"
        }
      ]
    },
    {
      "object_kind": "var",
      "config_addr": "module.common_resources_staging.module.webapp.module.terraform_state_backend_webapp_msteams.module.this.var.id_length_limit",
      "status": "pass",
      "objects": [
        {
          "object_addr": "module.common_resources_staging.module.webapp.module.terraform_state_backend_webapp_msteams.module.this.var.id_length_limit",
          "status": "pass"
        }
      ]
    },
    {
      "object_kind": "var",
      "config_addr": "module.common_resources_staging.module.webapp.module.terraform_state_backend_webapp.module.replication_label.var.context",
      "status": "unknown",
      "objects": [
        {
          "object_addr": "module.common_resources_staging.module.webapp.module.terraform_state_backend_webapp.module.replication_label.var.context",
          "status": "unknown"
        }
      ]
    },
    {
      "object_kind": "var",
      "config_addr": "module.common_resources_staging.module.webapp.module.terraform_state_backend_webapp.module.replication_label.var.id_length_limit",
      "status": "unknown",
      "objects": [
        {
          "object_addr": "module.common_resources_staging.module.webapp.module.terraform_state_backend_webapp.module.replication_label.var.id_length_limit",
          "status": "unknown"
        }
      ]
    },
    {
      "object_kind": "var",
      "config_addr": "module.common_resources_staging.module.webapp.module.terraform_state_backend_webapp_eventcatalog.var.label_key_case",
      "status": "pass",
      "objects": [
        {
          "object_addr": "module.common_resources_staging.module.webapp.module.terraform_state_backend_webapp_eventcatalog.var.label_key_case",
          "status": "pass"
        }
      ]
    },
    {
      "object_kind": "var",
      "config_addr": "module.common_resources_staging.module.webapp.module.terraform_state_backend_webapp_msteams.module.replication_label.var.label_value_case",
      "status": "unknown",
      "objects": [
        {
          "object_addr": "module.common_resources_staging.module.webapp.module.terraform_state_backend_webapp_msteams.module.replication_label.var.label_value_case",
          "status": "unknown"
        }
      ]
    },
    {
      "object_kind": "var",
      "config_addr": "module.common_resources_staging.module.msteams.module.terraform_state_backend_msteams_shared.module.this.var.label_key_case",
      "status": "pass",
      "objects": [
        {
          "object_addr": "module.common_resources_staging.module.msteams.module.terraform_state_backend_msteams_shared.module.this.var.label_key_case",
          "status": "pass"
        }
      ]
    },
    {
      "object_kind": "var",
      "config_addr": "module.common_resources_staging.module.location.module.terraform_state_backend_location_shared.module.dynamodb_table_label.var.id_length_limit",
      "status": "unknown",
      "objects": [
        {
          "object_addr": "module.common_resources_staging.module.location.module.terraform_state_backend_location_shared.module.dynamodb_table_label.var.id_length_limit",
          "status": "unknown"
        }
      ]
    },
    {
      "object_kind": "var",
      "config_addr": "module.common_resources_staging.module.gcp_oneoff.module.terraform_state_backend_gcp_oneoff.var.logging",
      "status": "unknown",
      "objects": [
        {
          "object_addr": "module.common_resources_staging.module.gcp_oneoff.module.terraform_state_backend_gcp_oneoff.var.logging",
          "status": "unknown"
        }
      ]
    },
    {
      "object_kind": "var",
      "config_addr": "module.common_resources_staging.module.location.module.terraform_state_backend_location_shared.var.s3_bucket_name",
      "status": "unknown",
      "objects": [
        {
          "object_addr": "module.common_resources_staging.module.location.module.terraform_state_backend_location_shared.var.s3_bucket_name",
          "status": "unknown"
        }
      ]
    },
    {
      "object_kind": "var",
      "config_addr": "module.common_resources_staging.module.customer.module.terraform_state_backend_customer_shared.module.dynamodb_table_label.var.label_key_case",
      "status": "unknown",
      "objects": [
        {
          "object_addr": "module.common_resources_staging.module.customer.module.terraform_state_backend_customer_shared.module.dynamodb_table_label.var.label_key_case",
          "status": "unknown"
        }
      ]
    },
    {
      "object_kind": "var",
      "config_addr": "module.common_resources_staging.module.location.module.terraform_state_backend_location_shared.module.this.var.label_value_case",
      "status": "unknown",
      "objects": [
        {
          "object_addr": "module.common_resources_staging.module.location.module.terraform_state_backend_location_shared.module.this.var.label_value_case",
          "status": "unknown"
        }
      ]
    },
    {
      "object_kind": "var",
      "config_addr": "module.common_resources_staging.module.customer.module.terraform_state_backend_customer_shared.var.id_length_limit",
      "status": "unknown",
      "objects": [
        {
          "object_addr": "module.common_resources_staging.module.customer.module.terraform_state_backend_customer_shared.var.id_length_limit",
          "status": "unknown"
        }
      ]
    },
    {
      "object_kind": "var",
      "config_addr": "module.common_resources_staging.module.msteams.module.terraform_state_backend_msteams_shared.var.label_key_case",
      "status": "pass",
      "objects": [
        {
          "object_addr": "module.common_resources_staging.module.msteams.module.terraform_state_backend_msteams_shared.var.label_key_case",
          "status": "pass"
        }
      ]
    },
    {
      "object_kind": "var",
      "config_addr": "module.common_resources_staging.module.msteams.module.terraform_state_backend_msteams_shared.module.dynamodb_table_label.var.label_value_case",
      "status": "pass",
      "objects": [
        {
          "object_addr": "module.common_resources_staging.module.msteams.module.terraform_state_backend_msteams_shared.module.dynamodb_table_label.var.label_value_case",
          "status": "pass"
        }
      ]
    },
    {
      "object_kind": "var",
      "config_addr": "module.common_resources_staging.module.azure_oneoff.module.terraform_state_backend_azure_oneoff.var.s3_bucket_name",
      "status": "unknown",
      "objects": [
        {
          "object_addr": "module.common_resources_staging.module.azure_oneoff.module.terraform_state_backend_azure_oneoff.var.s3_bucket_name",
          "status": "unknown"
        }
      ]
    },
    {
      "object_kind": "var",
      "config_addr": "module.common_resources_staging.module.azure_oneoff.module.terraform_state_backend_azure_oneoff.module.bucket_label.var.id_length_limit",
      "status": "unknown",
      "objects": [
        {
          "object_addr": "module.common_resources_staging.module.azure_oneoff.module.terraform_state_backend_azure_oneoff.module.bucket_label.var.id_length_limit",
          "status": "unknown"
        }
      ]
    },
    {
      "object_kind": "var",
      "config_addr": "module.common_resources_staging.module.customer.module.terraform_state_backend_customer_shared.module.replication_label.var.label_key_case",
      "status": "unknown",
      "objects": [
        {
          "object_addr": "module.common_resources_staging.module.customer.module.terraform_state_backend_customer_shared.module.replication_label.var.label_key_case",
          "status": "unknown"
        }
      ]
    },
    {
      "object_kind": "var",
      "config_addr": "module.common_resources_staging.module.webapp.module.terraform_state_backend_webapp_eventcatalog.module.bucket_label.var.label_value_case",
      "status": "pass",
      "objects": [
        {
          "object_addr": "module.common_resources_staging.module.webapp.module.terraform_state_backend_webapp_eventcatalog.module.bucket_label.var.label_value_case",
          "status": "pass"
        }
      ]
    },
    {
      "object_kind": "var",
      "config_addr": "module.common_resources_staging.module.shared.module.terraform_state_backend_shared.module.dynamodb_table_label.var.context",
      "status": "unknown",
      "objects": [
        {
          "object_addr": "module.common_resources_staging.module.shared.module.terraform_state_backend_shared.module.dynamodb_table_label.var.context",
          "status": "unknown"
        }
      ]
    },
    {
      "object_kind": "var",
      "config_addr": "module.common_resources_staging.module.webapp.module.terraform_state_backend_webapp_shared.module.dynamodb_table_label.var.id_length_limit",
      "status": "pass",
      "objects": [
        {
          "object_addr": "module.common_resources_staging.module.webapp.module.terraform_state_backend_webapp_shared.module.dynamodb_table_label.var.id_length_limit",
          "status": "pass"
        }
      ]
    },
    {
      "object_kind": "var",
      "config_addr": "module.common_resources_staging.module.customer.module.terraform_state_backend_customer_shared.module.bucket_label.var.id_length_limit",
      "status": "unknown",
      "objects": [
        {
          "object_addr": "module.common_resources_staging.module.customer.module.terraform_state_backend_customer_shared.module.bucket_label.var.id_length_limit",
          "status": "unknown"
        }
      ]
    },
    {
      "object_kind": "var",
      "config_addr": "module.common_resources_staging.module.gcp_oneoff.module.terraform_state_backend_gcp_oneoff.module.bucket_label.var.context",
      "status": "unknown",
      "objects": [
        {
          "object_addr": "module.common_resources_staging.module.gcp_oneoff.module.terraform_state_backend_gcp_oneoff.module.bucket_label.var.context",
          "status": "unknown"
        }
      ]
    },
    {
      "object_kind": "var",
      "config_addr": "module.common_resources_staging.module.webapp.module.terraform_state_backend_webapp_msteams.module.dynamodb_table_label.var.context",
      "status": "pass",
      "objects": [
        {
          "object_addr": "module.common_resources_staging.module.webapp.module.terraform_state_backend_webapp_msteams.module.dynamodb_table_label.var.context",
          "status": "pass"
        }
      ]
    },
    {
      "object_kind": "var",
      "config_addr": "module.common_resources_staging.module.webapp.module.terraform_state_backend_webapp.module.bucket_label.var.label_value_case",
      "status": "unknown",
      "objects": [
        {
          "object_addr": "module.common_resources_staging.module.webapp.module.terraform_state_backend_webapp.module.bucket_label.var.label_value_case",
          "status": "unknown"
        }
      ]
    },
    {
      "object_kind": "var",
      "config_addr": "module.common_resources_staging.module.aws_oneoff.module.terraform_state_backend_aws_oneoff.var.logging",
      "status": "unknown",
      "objects": [
        {
          "object_addr": "module.common_resources_staging.module.aws_oneoff.module.terraform_state_backend_aws_oneoff.var.logging",
          "status": "unknown"
        }
      ]
    },
    {
      "object_kind": "var",
      "config_addr": "module.common_resources_staging.module.aws_oneoff.module.terraform_state_backend_aws_oneoff.module.dynamodb_table_label.var.label_key_case",
      "status": "unknown",
      "objects": [
        {
          "object_addr": "module.common_resources_staging.module.aws_oneoff.module.terraform_state_backend_aws_oneoff.module.dynamodb_table_label.var.label_key_case",
          "status": "unknown"
        }
      ]
    },
    {
      "object_kind": "var",
      "config_addr": "module.common_resources_staging.module.organization.module.terraform_state_backend_organization_shared.module.dynamodb_table_label.var.label_key_case",
      "status": "unknown",
      "objects": [
        {
          "object_addr": "module.common_resources_staging.module.organization.module.terraform_state_backend_organization_shared.module.dynamodb_table_label.var.label_key_case",
          "status": "unknown"
        }
      ]
    },
    {
      "object_kind": "var",
      "config_addr": "module.common_resources_staging.module.gcp_oneoff.module.terraform_state_backend_gcp_oneoff.var.label_key_case",
      "status": "unknown",
      "objects": [
        {
          "object_addr": "module.common_resources_staging.module.gcp_oneoff.module.terraform_state_backend_gcp_oneoff.var.label_key_case",
          "status": "unknown"
        }
      ]
    },
    {
      "object_kind": "var",
      "config_addr": "module.common_resources_staging.module.webapp.module.terraform_state_backend_webapp_msteams.module.bucket_label.var.label_value_case",
      "status": "pass",
      "objects": [
        {
          "object_addr": "module.common_resources_staging.module.webapp.module.terraform_state_backend_webapp_msteams.module.bucket_label.var.label_value_case",
          "status": "pass"
        }
      ]
    },
    {
      "object_kind": "var",
      "config_addr": "module.common_resources_staging.module.notification.module.terraform_state_backend_notification_processor.module.bucket_label.var.context",
      "status": "unknown",
      "objects": [
        {
          "object_addr": "module.common_resources_staging.module.notification.module.terraform_state_backend_notification_processor.module.bucket_label.var.context",
          "status": "unknown"
        }
      ]
    },
    {
      "object_kind": "var",
      "config_addr": "module.common_resources_staging.module.slack.module.terraform_state_backend_slack_shared.module.dynamodb_table_label.var.label_value_case",
      "status": "unknown",
      "objects": [
        {
          "object_addr": "module.common_resources_staging.module.slack.module.terraform_state_backend_slack_shared.module.dynamodb_table_label.var.label_value_case",
          "status": "unknown"
        }
      ]
    },
    {
      "object_kind": "var",
      "config_addr": "module.common_resources_staging.module.webapp.module.terraform_state_backend_webapp.var.label_key_case",
      "status": "unknown",
      "objects": [
        {
          "object_addr": "module.common_resources_staging.module.webapp.module.terraform_state_backend_webapp.var.label_key_case",
          "status": "unknown"
        }
      ]
    },
    {
      "object_kind": "var",
      "config_addr": "module.common_resources_staging.module.aws_oneoff.module.terraform_state_backend_aws_oneoff.module.this.var.context",
      "status": "unknown",
      "objects": [
        {
          "object_addr": "module.common_resources_staging.module.aws_oneoff.module.terraform_state_backend_aws_oneoff.module.this.var.context",
          "status": "unknown"
        }
      ]
    },
    {
      "object_kind": "var",
      "config_addr": "module.common_resources_staging.module.webapp.module.terraform_state_backend_webapp_msteams.var.context",
      "status": "pass",
      "objects": [
        {
          "object_addr": "module.common_resources_staging.module.webapp.module.terraform_state_backend_webapp_msteams.var.context",
          "status": "pass"
        }
      ]
    },
    {
      "object_kind": "var",
      "config_addr": "module.common_resources_staging.module.notification.module.terraform_state_backend_notification_processor.module.this.var.context",
      "status": "unknown",
      "objects": [
        {
          "object_addr": "module.common_resources_staging.module.notification.module.terraform_state_backend_notification_processor.module.this.var.context",
          "status": "unknown"
        }
      ]
    },
    {
      "object_kind": "var",
      "config_addr": "module.common_resources_staging.module.webapp.module.terraform_state_backend_webapp_msteams.var.s3_bucket_name",
      "status": "pass",
      "objects": [
        {
          "object_addr": "module.common_resources_staging.module.webapp.module.terraform_state_backend_webapp_msteams.var.s3_bucket_name",
          "status": "pass"
        }
      ]
    },
    {
      "object_kind": "var",
      "config_addr": "module.common_resources_staging.module.location.module.terraform_state_backend_location_shared.module.bucket_label.var.label_value_case",
      "status": "unknown",
      "objects": [
        {
          "object_addr": "module.common_resources_staging.module.location.module.terraform_state_backend_location_shared.module.bucket_label.var.label_value_case",
          "status": "unknown"
        }
      ]
    },
    {
      "object_kind": "var",
      "config_addr": "module.common_resources_staging.module.customer.module.terraform_state_backend_customer_shared.module.bucket_label.var.label_value_case",
      "status": "unknown",
      "objects": [
        {
          "object_addr": "module.common_resources_staging.module.customer.module.terraform_state_backend_customer_shared.module.bucket_label.var.label_value_case",
          "status": "unknown"
        }
      ]
    },
    {
      "object_kind": "var",
      "config_addr": "module.common_resources_staging.module.webapp.module.terraform_state_backend_webapp_eventcatalog.module.replication_label.var.label_key_case",
      "status": "unknown",
      "objects": [
        {
          "object_addr": "module.common_resources_staging.module.webapp.module.terraform_state_backend_webapp_eventcatalog.module.replication_label.var.label_key_case",
          "status": "unknown"
        }
      ]
    },
    {
      "object_kind": "var",
      "config_addr": "module.common_resources_staging.module.slack.module.terraform_state_backend_slack_shared.module.this.var.context",
      "status": "unknown",
      "objects": [
        {
          "object_addr": "module.common_resources_staging.module.slack.module.terraform_state_backend_slack_shared.module.this.var.context",
          "status": "unknown"
        }
      ]
    },
    {
      "object_kind": "var",
      "config_addr": "module.common_resources_staging.module.shared.module.terraform_state_backend_shared.module.dynamodb_table_label.var.label_value_case",
      "status": "unknown",
      "objects": [
        {
          "object_addr": "module.common_resources_staging.module.shared.module.terraform_state_backend_shared.module.dynamodb_table_label.var.label_value_case",
          "status": "unknown"
        }
      ]
    },
    {
      "object_kind": "var",
      "config_addr": "module.common_resources_staging.module.location.module.terraform_state_backend_location_shared.module.replication_label.var.context",
      "status": "unknown",
      "objects": [
        {
          "object_addr": "module.common_resources_staging.module.location.module.terraform_state_backend_location_shared.module.replication_label.var.context",
          "status": "unknown"
        }
      ]
    },
    {
      "object_kind": "var",
      "config_addr": "module.common_resources_staging.module.msteams.module.terraform_state_backend_msteams_shared.module.replication_label.var.context",
      "status": "unknown",
      "objects": [
        {
          "object_addr": "module.common_resources_staging.module.msteams.module.terraform_state_backend_msteams_shared.module.replication_label.var.context",
          "status": "unknown"
        }
      ]
    },
    {
      "object_kind": "var",
      "config_addr": "module.common_resources_staging.module.team.module.terraform_state_backend_team_shared.module.bucket_label.var.id_length_limit",
      "status": "unknown",
      "objects": [
        {
          "object_addr": "module.common_resources_staging.module.team.module.terraform_state_backend_team_shared.module.bucket_label.var.id_length_limit",
          "status": "unknown"
        }
      ]
    },
    {
      "object_kind": "var",
      "config_addr": "module.common_resources_staging.module.organization.module.terraform_state_backend_organization_shared.var.label_key_case",
      "status": "unknown",
      "objects": [
        {
          "object_addr": "module.common_resources_staging.module.organization.module.terraform_state_backend_organization_shared.var.label_key_case",
          "status": "unknown"
        }
      ]
    },
    {
      "object_kind": "var",
      "config_addr": "module.common_resources_staging.module.notification.module.terraform_state_backend_notification_processor.var.label_value_case",
      "status": "unknown",
      "objects": [
        {
          "object_addr": "module.common_resources_staging.module.notification.module.terraform_state_backend_notification_processor.var.label_value_case",
          "status": "unknown"
        }
      ]
    },
    {
      "object_kind": "var",
      "config_addr": "module.common_resources_staging.module.aws_oneoff.module.terraform_state_backend_aws_oneoff.module.bucket_label.var.label_value_case",
      "status": "unknown",
      "objects": [
        {
          "object_addr": "module.common_resources_staging.module.aws_oneoff.module.terraform_state_backend_aws_oneoff.module.bucket_label.var.label_value_case",
          "status": "unknown"
        }
      ]
    },
    {
      "object_kind": "var",
      "config_addr": "module.common_resources_staging.module.webapp.module.terraform_state_backend_webapp.module.dynamodb_table_label.var.label_value_case",
      "status": "unknown",
      "objects": [
        {
          "object_addr": "module.common_resources_staging.module.webapp.module.terraform_state_backend_webapp.module.dynamodb_table_label.var.label_value_case",
          "status": "unknown"
        }
      ]
    },
    {
      "object_kind": "var",
      "config_addr": "module.common_resources_staging.module.organization.module.terraform_state_backend_organization_shared.var.id_length_limit",
      "status": "unknown",
      "objects": [
        {
          "object_addr": "module.common_resources_staging.module.organization.module.terraform_state_backend_organization_shared.var.id_length_limit",
          "status": "unknown"
        }
      ]
    },
    {
      "object_kind": "var",
      "config_addr": "module.common_resources_staging.module.msteams.module.terraform_state_backend_msteams_shared.module.bucket_label.var.label_value_case",
      "status": "pass",
      "objects": [
        {
          "object_addr": "module.common_resources_staging.module.msteams.module.terraform_state_backend_msteams_shared.module.bucket_label.var.label_value_case",
          "status": "pass"
        }
      ]
    },
    {
      "object_kind": "var",
      "config_addr": "module.common_resources_staging.module.azure_oneoff.module.terraform_state_backend_azure_oneoff.module.dynamodb_table_label.var.label_key_case",
      "status": "unknown",
      "objects": [
        {
          "object_addr": "module.common_resources_staging.module.azure_oneoff.module.terraform_state_backend_azure_oneoff.module.dynamodb_table_label.var.label_key_case",
          "status": "unknown"
        }
      ]
    },
    {
      "object_kind": "var",
      "config_addr": "module.common_resources_staging.module.gcp_oneoff.module.terraform_state_backend_gcp_oneoff.var.s3_bucket_name",
      "status": "unknown",
      "objects": [
        {
          "object_addr": "module.common_resources_staging.module.gcp_oneoff.module.terraform_state_backend_gcp_oneoff.var.s3_bucket_name",
          "status": "unknown"
        }
      ]
    },
    {
      "object_kind": "var",
      "config_addr": "module.common_resources_staging.module.gcp_oneoff.module.terraform_state_backend_gcp_oneoff.module.this.var.label_value_case",
      "status": "unknown",
      "objects": [
        {
          "object_addr": "module.common_resources_staging.module.gcp_oneoff.module.terraform_state_backend_gcp_oneoff.module.this.var.label_value_case",
          "status": "unknown"
        }
      ]
    },
    {
      "object_kind": "var",
      "config_addr": "module.common_resources_staging.module.webapp.module.terraform_state_backend_webapp_shared.module.bucket_label.var.id_length_limit",
      "status": "pass",
      "objects": [
        {
          "object_addr": "module.common_resources_staging.module.webapp.module.terraform_state_backend_webapp_shared.module.bucket_label.var.id_length_limit",
          "status": "pass"
        }
      ]
    },
    {
      "object_kind": "var",
      "config_addr": "module.common_resources_staging.module.gcp_oneoff.module.terraform_state_backend_gcp_oneoff.module.this.var.context",
      "status": "unknown",
      "objects": [
        {
          "object_addr": "module.common_resources_staging.module.gcp_oneoff.module.terraform_state_backend_gcp_oneoff.module.this.var.context",
          "status": "unknown"
        }
      ]
    },
    {
      "object_kind": "var",
      "config_addr": "module.common_resources_staging.module.msteams.module.terraform_state_backend_msteams_shared.module.bucket_label.var.label_key_case",
      "status": "pass",
      "objects": [
        {
          "object_addr": "module.common_resources_staging.module.msteams.module.terraform_state_backend_msteams_shared.module.bucket_label.var.label_key_case",
          "status": "pass"
        }
      ]
    },
    {
      "object_kind": "var",
      "config_addr": "module.common_resources_staging.module.organization.module.terraform_state_backend_organization_shared.module.this.var.context",
      "status": "unknown",
      "objects": [
        {
          "object_addr": "module.common_resources_staging.module.organization.module.terraform_state_backend_organization_shared.module.this.var.context",
          "status": "unknown"
        }
      ]
    },
    {
      "object_kind": "var",
      "config_addr": "module.common_resources_staging.module.customer.module.terraform_state_backend_customer_shared.module.this.var.label_value_case",
      "status": "unknown",
      "objects": [
        {
          "object_addr": "module.common_resources_staging.module.customer.module.terraform_state_backend_customer_shared.module.this.var.label_value_case",
          "status": "unknown"
        }
      ]
    },
    {
      "object_kind": "var",
      "config_addr": "module.common_resources_staging.module.slack.module.terraform_state_backend_slack_shared.module.this.var.label_key_case",
      "status": "unknown",
      "objects": [
        {
          "object_addr": "module.common_resources_staging.module.slack.module.terraform_state_backend_slack_shared.module.this.var.label_key_case",
          "status": "unknown"
        }
      ]
    },
    {
      "object_kind": "var",
      "config_addr": "module.common_resources_staging.module.notification.module.terraform_state_backend_notification_processor.module.dynamodb_table_label.var.label_key_case",
      "status": "unknown",
      "objects": [
        {
          "object_addr": "module.common_resources_staging.module.notification.module.terraform_state_backend_notification_processor.module.dynamodb_table_label.var.label_key_case",
          "status": "unknown"
        }
      ]
    },
    {
      "object_kind": "var",
      "config_addr": "module.common_resources_staging.module.shared.module.terraform_state_backend_shared.var.context",
      "status": "unknown",
      "objects": [
        {
          "object_addr": "module.common_resources_staging.module.shared.module.terraform_state_backend_shared.var.context",
          "status": "unknown"
        }
      ]
    },
    {
      "object_kind": "var",
      "config_addr": "module.common_resources_staging.module.aws_oneoff.module.terraform_state_backend_aws_oneoff.var.label_value_case",
      "status": "unknown",
      "objects": [
        {
          "object_addr": "module.common_resources_staging.module.aws_oneoff.module.terraform_state_backend_aws_oneoff.var.label_value_case",
          "status": "unknown"
        }
      ]
    },
    {
      "object_kind": "var",
      "config_addr": "module.common_resources_staging.module.customer.module.terraform_state_backend_customer_shared.module.bucket_label.var.label_key_case",
      "status": "unknown",
      "objects": [
        {
          "object_addr": "module.common_resources_staging.module.customer.module.terraform_state_backend_customer_shared.module.bucket_label.var.label_key_case",
          "status": "unknown"
        }
      ]
    },
    {
      "object_kind": "var",
      "config_addr": "module.common_resources_staging.module.webapp.module.terraform_state_backend_webapp_msteams.module.this.var.context",
      "status": "pass",
      "objects": [
        {
          "object_addr": "module.common_resources_staging.module.webapp.module.terraform_state_backend_webapp_msteams.module.this.var.context",
          "status": "pass"
        }
      ]
    },
    {
      "object_kind": "var",
      "config_addr": "module.common_resources_staging.module.shared.module.terraform_state_backend_shared.module.replication_label.var.label_key_case",
      "status": "unknown",
      "objects": [
        {
          "object_addr": "module.common_resources_staging.module.shared.module.terraform_state_backend_shared.module.replication_label.var.label_key_case",
          "status": "unknown"
        }
      ]
    },
    {
      "object_kind": "var",
      "config_addr": "module.common_resources_staging.module.webapp.module.terraform_state_backend_webapp.var.s3_bucket_name",
      "status": "unknown",
      "objects": [
        {
          "object_addr": "module.common_resources_staging.module.webapp.module.terraform_state_backend_webapp.var.s3_bucket_name",
          "status": "unknown"
        }
      ]
    },
    {
      "object_kind": "var",
      "config_addr": "module.common_resources_staging.module.notification.module.terraform_state_backend_notification_processor.var.label_key_case",
      "status": "unknown",
      "objects": [
        {
          "object_addr": "module.common_resources_staging.module.notification.module.terraform_state_backend_notification_processor.var.label_key_case",
          "status": "unknown"
        }
      ]
    },
    {
      "object_kind": "var",
      "config_addr": "module.common_resources_staging.module.gcp_oneoff.module.terraform_state_backend_gcp_oneoff.module.replication_label.var.context",
      "status": "unknown",
      "objects": [
        {
          "object_addr": "module.common_resources_staging.module.gcp_oneoff.module.terraform_state_backend_gcp_oneoff.module.replication_label.var.context",
          "status": "unknown"
        }
      ]
    },
    {
      "object_kind": "var",
      "config_addr": "module.common_resources_staging.module.webapp.module.terraform_state_backend_webapp.module.dynamodb_table_label.var.context",
      "status": "unknown",
      "objects": [
        {
          "object_addr": "module.common_resources_staging.module.webapp.module.terraform_state_backend_webapp.module.dynamodb_table_label.var.context",
          "status": "unknown"
        }
      ]
    },
    {
      "object_kind": "var",
      "config_addr": "module.common_resources_staging.module.notification.module.terraform_state_backend_notification_processor.var.logging",
      "status": "unknown",
      "objects": [
        {
          "object_addr": "module.common_resources_staging.module.notification.module.terraform_state_backend_notification_processor.var.logging",
          "status": "unknown"
        }
      ]
    },
    {
      "object_kind": "var",
      "config_addr": "module.common_resources_staging.module.webapp.module.terraform_state_backend_webapp_shared.var.context",
      "status": "pass",
      "objects": [
        {
          "object_addr": "module.common_resources_staging.module.webapp.module.terraform_state_backend_webapp_shared.var.context",
          "status": "pass"
        }
      ]
    },
    {
      "object_kind": "var",
      "config_addr": "module.common_resources_staging.module.team.module.terraform_state_backend_team_shared.module.replication_label.var.label_value_case",
      "status": "unknown",
      "objects": [
        {
          "object_addr": "module.common_resources_staging.module.team.module.terraform_state_backend_team_shared.module.replication_label.var.label_value_case",
          "status": "unknown"
        }
      ]
    },
    {
      "object_kind": "var",
      "config_addr": "module.common_resources_staging.module.gcp_oneoff.module.terraform_state_backend_gcp_oneoff.module.bucket_label.var.id_length_limit",
      "status": "unknown",
      "objects": [
        {
          "object_addr": "module.common_resources_staging.module.gcp_oneoff.module.terraform_state_backend_gcp_oneoff.module.bucket_label.var.id_length_limit",
          "status": "unknown"
        }
      ]
    },
    {
      "object_kind": "var",
      "config_addr": "module.common_resources_staging.module.team.module.terraform_state_backend_team_shared.module.bucket_label.var.context",
      "status": "unknown",
      "objects": [
        {
          "object_addr": "module.common_resources_staging.module.team.module.terraform_state_backend_team_shared.module.bucket_label.var.context",
          "status": "unknown"
        }
      ]
    },
    {
      "object_kind": "var",
      "config_addr": "module.common_resources_staging.module.location.module.terraform_state_backend_location_shared.var.id_length_limit",
      "status": "unknown",
      "objects": [
        {
          "object_addr": "module.common_resources_staging.module.location.module.terraform_state_backend_location_shared.var.id_length_limit",
          "status": "unknown"
        }
      ]
    },
    {
      "object_kind": "var",
      "config_addr": "module.common_resources_staging.module.webapp.module.terraform_state_backend_webapp_shared.module.replication_label.var.id_length_limit",
      "status": "unknown",
      "objects": [
        {
          "object_addr": "module.common_resources_staging.module.webapp.module.terraform_state_backend_webapp_shared.module.replication_label.var.id_length_limit",
          "status": "unknown"
        }
      ]
    },
    {
      "object_kind": "var",
      "config_addr": "module.common_resources_staging.module.team.module.terraform_state_backend_team_shared.module.bucket_label.var.label_key_case",
      "status": "unknown",
      "objects": [
        {
          "object_addr": "module.common_resources_staging.module.team.module.terraform_state_backend_team_shared.module.bucket_label.var.label_key_case",
          "status": "unknown"
        }
      ]
    },
    {
      "object_kind": "var",
      "config_addr": "module.common_resources_staging.module.gcp_oneoff.module.terraform_state_backend_gcp_oneoff.module.this.var.id_length_limit",
      "status": "unknown",
      "objects": [
        {
          "object_addr": "module.common_resources_staging.module.gcp_oneoff.module.terraform_state_backend_gcp_oneoff.module.this.var.id_length_limit",
          "status": "unknown"
        }
      ]
    },
    {
      "object_kind": "var",
      "config_addr": "module.common_resources_staging.module.webapp.module.terraform_state_backend_webapp_shared.module.this.var.label_value_case",
      "status": "pass",
      "objects": [
        {
          "object_addr": "module.common_resources_staging.module.webapp.module.terraform_state_backend_webapp_shared.module.this.var.label_value_case",
          "status": "pass"
        }
      ]
    },
    {
      "object_kind": "var",
      "config_addr": "module.common_resources_staging.module.msteams.module.terraform_state_backend_msteams_shared.module.bucket_label.var.context",
      "status": "pass",
      "objects": [
        {
          "object_addr": "module.common_resources_staging.module.msteams.module.terraform_state_backend_msteams_shared.module.bucket_label.var.context",
          "status": "pass"
        }
      ]
    },
    {
      "object_kind": "var",
      "config_addr": "module.common_resources_staging.module.azure_oneoff.module.terraform_state_backend_azure_oneoff.module.this.var.label_value_case",
      "status": "unknown",
      "objects": [
        {
          "object_addr": "module.common_resources_staging.module.azure_oneoff.module.terraform_state_backend_azure_oneoff.module.this.var.label_value_case",
          "status": "unknown"
        }
      ]
    },
    {
      "object_kind": "var",
      "config_addr": "module.common_resources_staging.module.shared.module.terraform_state_backend_shared.module.replication_label.var.label_value_case",
      "status": "unknown",
      "objects": [
        {
          "object_addr": "module.common_resources_staging.module.shared.module.terraform_state_backend_shared.module.replication_label.var.label_value_case",
          "status": "unknown"
        }
      ]
    },
    {
      "object_kind": "var",
      "config_addr": "module.common_resources_staging.module.webapp.module.terraform_state_backend_webapp_eventcatalog.module.bucket_label.var.context",
      "status": "pass",
      "objects": [
        {
          "object_addr": "module.common_resources_staging.module.webapp.module.terraform_state_backend_webapp_eventcatalog.module.bucket_label.var.context",
          "status": "pass"
        }
      ]
    },
    {
      "object_kind": "var",
      "config_addr": "module.common_resources_staging.module.team.module.terraform_state_backend_team_shared.module.this.var.label_value_case",
      "status": "unknown",
      "objects": [
        {
          "object_addr": "module.common_resources_staging.module.team.module.terraform_state_backend_team_shared.module.this.var.label_value_case",
          "status": "unknown"
        }
      ]
    },
    {
      "object_kind": "var",
      "config_addr": "module.common_resources_staging.module.slack.module.terraform_state_backend_slack_shared.var.s3_bucket_name",
      "status": "unknown",
      "objects": [
        {
          "object_addr": "module.common_resources_staging.module.slack.module.terraform_state_backend_slack_shared.var.s3_bucket_name",
          "status": "unknown"
        }
      ]
    },
    {
      "object_kind": "var",
      "config_addr": "module.common_resources_staging.module.webapp.module.terraform_state_backend_webapp_eventcatalog.module.replication_label.var.id_length_limit",
      "status": "unknown",
      "objects": [
        {
          "object_addr": "module.common_resources_staging.module.webapp.module.terraform_state_backend_webapp_eventcatalog.module.replication_label.var.id_length_limit",
          "status": "unknown"
        }
      ]
    },
    {
      "object_kind": "var",
      "config_addr": "module.common_resources_staging.module.msteams.module.terraform_state_backend_msteams_shared.var.s3_bucket_name",
      "status": "pass",
      "objects": [
        {
          "object_addr": "module.common_resources_staging.module.msteams.module.terraform_state_backend_msteams_shared.var.s3_bucket_name",
          "status": "pass"
        }
      ]
    },
    {
      "object_kind": "var",
      "config_addr": "module.common_resources_staging.module.location.module.terraform_state_backend_location_shared.module.this.var.id_length_limit",
      "status": "unknown",
      "objects": [
        {
          "object_addr": "module.common_resources_staging.module.location.module.terraform_state_backend_location_shared.module.this.var.id_length_limit",
          "status": "unknown"
        }
      ]
    },
    {
      "object_kind": "var",
      "config_addr": "module.common_resources_staging.module.webapp.module.terraform_state_backend_webapp_eventcatalog.var.label_value_case",
      "status": "pass",
      "objects": [
        {
          "object_addr": "module.common_resources_staging.module.webapp.module.terraform_state_backend_webapp_eventcatalog.var.label_value_case",
          "status": "pass"
        }
      ]
    },
    {
      "object_kind": "var",
      "config_addr": "module.common_resources_staging.module.msteams.module.terraform_state_backend_msteams_shared.var.id_length_limit",
      "status": "pass",
      "objects": [
        {
          "object_addr": "module.common_resources_staging.module.msteams.module.terraform_state_backend_msteams_shared.var.id_length_limit",
          "status": "pass"
        }
      ]
    },
    {
      "object_kind": "var",
      "config_addr": "module.common_resources_staging.module.notification.module.terraform_state_backend_notification_processor.module.replication_label.var.id_length_limit",
      "status": "unknown",
      "objects": [
        {
          "object_addr": "module.common_resources_staging.module.notification.module.terraform_state_backend_notification_processor.module.replication_label.var.id_length_limit",
          "status": "unknown"
        }
      ]
    },
    {
      "object_kind": "var",
      "config_addr": "module.common_resources_staging.module.webapp.module.terraform_state_backend_webapp_msteams.var.label_key_case",
      "status": "pass",
      "objects": [
        {
          "object_addr": "module.common_resources_staging.module.webapp.module.terraform_state_backend_webapp_msteams.var.label_key_case",
          "status": "pass"
        }
      ]
    },
    {
      "object_kind": "var",
      "config_addr": "module.common_resources_staging.module.notification.module.terraform_state_backend_notification_processor.var.context",
      "status": "unknown",
      "objects": [
        {
          "object_addr": "module.common_resources_staging.module.notification.module.terraform_state_backend_notification_processor.var.context",
          "status": "unknown"
        }
      ]
    },
    {
      "object_kind": "var",
      "config_addr": "module.common_resources_staging.module.organization.module.terraform_state_backend_organization_shared.module.dynamodb_table_label.var.context",
      "status": "unknown",
      "objects": [
        {
          "object_addr": "module.common_resources_staging.module.organization.module.terraform_state_backend_organization_shared.module.dynamodb_table_label.var.context",
          "status": "unknown"
        }
      ]
    },
    {
      "object_kind": "var",
      "config_addr": "module.common_resources_staging.module.webapp.module.terraform_state_backend_webapp_shared.module.this.var.id_length_limit",
      "status": "pass",
      "objects": [
        {
          "object_addr": "module.common_resources_staging.module.webapp.module.terraform_state_backend_webapp_shared.module.this.var.id_length_limit",
          "status": "pass"
        }
      ]
    },
    {
      "object_kind": "var",
      "config_addr": "module.common_resources_staging.module.customer.module.terraform_state_backend_customer_shared.module.this.var.context",
      "status": "unknown",
      "objects": [
        {
          "object_addr": "module.common_resources_staging.module.customer.module.terraform_state_backend_customer_shared.module.this.var.context",
          "status": "unknown"
        }
      ]
    },
    {
      "object_kind": "var",
      "config_addr": "module.common_resources_staging.module.webapp.module.terraform_state_backend_webapp.module.replication_label.var.label_key_case",
      "status": "unknown",
      "objects": [
        {
          "object_addr": "module.common_resources_staging.module.webapp.module.terraform_state_backend_webapp.module.replication_label.var.label_key_case",
          "status": "unknown"
        }
      ]
    },
    {
      "object_kind": "var",
      "config_addr": "module.common_resources_staging.module.webapp.module.terraform_state_backend_webapp_msteams.module.replication_label.var.context",
      "status": "unknown",
      "objects": [
        {
          "object_addr": "module.common_resources_staging.module.webapp.module.terraform_state_backend_webapp_msteams.module.replication_label.var.context",
          "status": "unknown"
        }
      ]
    },
    {
      "object_kind": "var",
      "config_addr": "module.common_resources_staging.module.msteams.module.terraform_state_backend_msteams_shared.module.dynamodb_table_label.var.label_key_case",
      "status": "pass",
      "objects": [
        {
          "object_addr": "module.common_resources_staging.module.msteams.module.terraform_state_backend_msteams_shared.module.dynamodb_table_label.var.label_key_case",
          "status": "pass"
        }
      ]
    },
    {
      "object_kind": "var",
      "config_addr": "module.common_resources_staging.module.azure_oneoff.module.terraform_state_backend_azure_oneoff.module.replication_label.var.label_key_case",
      "status": "unknown",
      "objects": [
        {
          "object_addr": "module.common_resources_staging.module.azure_oneoff.module.terraform_state_backend_azure_oneoff.module.replication_label.var.label_key_case",
          "status": "unknown"
        }
      ]
    },
    {
      "object_kind": "var",
      "config_addr": "module.common_resources_staging.module.slack.module.terraform_state_backend_slack_shared.module.dynamodb_table_label.var.id_length_limit",
      "status": "unknown",
      "objects": [
        {
          "object_addr": "module.common_resources_staging.module.slack.module.terraform_state_backend_slack_shared.module.dynamodb_table_label.var.id_length_limit",
          "status": "unknown"
        }
      ]
    },
    {
      "object_kind": "var",
      "config_addr": "module.common_resources_staging.module.webapp.module.terraform_state_backend_webapp_msteams.var.label_value_case",
      "status": "pass",
      "objects": [
        {
          "object_addr": "module.common_resources_staging.module.webapp.module.terraform_state_backend_webapp_msteams.var.label_value_case",
          "status": "pass"
        }
      ]
    },
    {
      "object_kind": "var",
      "config_addr": "module.common_resources_staging.module.aws_oneoff.module.terraform_state_backend_aws_oneoff.module.this.var.label_value_case",
      "status": "unknown",
      "objects": [
        {
          "object_addr": "module.common_resources_staging.module.aws_oneoff.module.terraform_state_backend_aws_oneoff.module.this.var.label_value_case",
          "status": "unknown"
        }
      ]
    },
    {
      "object_kind": "var",
      "config_addr": "module.common_resources_staging.module.webapp.module.terraform_state_backend_webapp_msteams.var.id_length_limit",
      "status": "pass",
      "objects": [
        {
          "object_addr": "module.common_resources_staging.module.webapp.module.terraform_state_backend_webapp_msteams.var.id_length_limit",
          "status": "pass"
        }
      ]
    },
    {
      "object_kind": "var",
      "config_addr": "module.common_resources_staging.module.webapp.module.terraform_state_backend_webapp_shared.module.dynamodb_table_label.var.label_value_case",
      "status": "pass",
      "objects": [
        {
          "object_addr": "module.common_resources_staging.module.webapp.module.terraform_state_backend_webapp_shared.module.dynamodb_table_label.var.label_value_case",
          "status": "pass"
        }
      ]
    },
    {
      "object_kind": "var",
      "config_addr": "module.common_resources_staging.module.shared.module.terraform_state_backend_shared.var.id_length_limit",
      "status": "unknown",
      "objects": [
        {
          "object_addr": "module.common_resources_staging.module.shared.module.terraform_state_backend_shared.var.id_length_limit",
          "status": "unknown"
        }
      ]
    },
    {
      "object_kind": "var",
      "config_addr": "module.common_resources_staging.module.team.module.terraform_state_backend_team_shared.var.s3_bucket_name",
      "status": "unknown",
      "objects": [
        {
          "object_addr": "module.common_resources_staging.module.team.module.terraform_state_backend_team_shared.var.s3_bucket_name",
          "status": "unknown"
        }
      ]
    },
    {
      "object_kind": "var",
      "config_addr": "module.common_resources_staging.module.shared.module.terraform_state_backend_shared.module.bucket_label.var.context",
      "status": "unknown",
      "objects": [
        {
          "object_addr": "module.common_resources_staging.module.shared.module.terraform_state_backend_shared.module.bucket_label.var.context",
          "status": "unknown"
        }
      ]
    },
    {
      "object_kind": "var",
      "config_addr": "module.common_resources_staging.module.gcp_oneoff.module.terraform_state_backend_gcp_oneoff.module.this.var.label_key_case",
      "status": "unknown",
      "objects": [
        {
          "object_addr": "module.common_resources_staging.module.gcp_oneoff.module.terraform_state_backend_gcp_oneoff.module.this.var.label_key_case",
          "status": "unknown"
        }
      ]
    },
    {
      "object_kind": "var",
      "config_addr": "module.common_resources_staging.module.customer.module.terraform_state_backend_customer_shared.module.replication_label.var.label_value_case",
      "status": "unknown",
      "objects": [
        {
          "object_addr": "module.common_resources_staging.module.customer.module.terraform_state_backend_customer_shared.module.replication_label.var.label_value_case",
          "status": "unknown"
        }
      ]
    },
    {
      "object_kind": "var",
      "config_addr": "module.common_resources_staging.module.webapp.module.terraform_state_backend_webapp.module.bucket_label.var.id_length_limit",
      "status": "unknown",
      "objects": [
        {
          "object_addr": "module.common_resources_staging.module.webapp.module.terraform_state_backend_webapp.module.bucket_label.var.id_length_limit",
          "status": "unknown"
        }
      ]
    },
    {
      "object_kind": "var",
      "config_addr": "module.common_resources_staging.module.organization.module.terraform_state_backend_organization_shared.module.bucket_label.var.label_value_case",
      "status": "unknown",
      "objects": [
        {
          "object_addr": "module.common_resources_staging.module.organization.module.terraform_state_backend_organization_shared.module.bucket_label.var.label_value_case",
          "status": "unknown"
        }
      ]
    },
    {
      "object_kind": "var",
      "config_addr": "module.common_resources_staging.module.azure_oneoff.module.terraform_state_backend_azure_oneoff.module.replication_label.var.id_length_limit",
      "status": "unknown",
      "objects": [
        {
          "object_addr": "module.common_resources_staging.module.azure_oneoff.module.terraform_state_backend_azure_oneoff.module.replication_label.var.id_length_limit",
          "status": "unknown"
        }
      ]
    },
    {
      "object_kind": "var",
      "config_addr": "module.common_resources_staging.module.azure_oneoff.module.terraform_state_backend_azure_oneoff.var.context",
      "status": "unknown",
      "objects": [
        {
          "object_addr": "module.common_resources_staging.module.azure_oneoff.module.terraform_state_backend_azure_oneoff.var.context",
          "status": "unknown"
        }
      ]
    },
    {
      "object_kind": "var",
      "config_addr": "module.common_resources_staging.module.webapp.module.terraform_state_backend_webapp_eventcatalog.module.replication_label.var.context",
      "status": "unknown",
      "objects": [
        {
          "object_addr": "module.common_resources_staging.module.webapp.module.terraform_state_backend_webapp_eventcatalog.module.replication_label.var.context",
          "status": "unknown"
        }
      ]
    },
    {
      "object_kind": "var",
      "config_addr": "module.common_resources_staging.module.team.module.terraform_state_backend_team_shared.var.id_length_limit",
      "status": "unknown",
      "objects": [
        {
          "object_addr": "module.common_resources_staging.module.team.module.terraform_state_backend_team_shared.var.id_length_limit",
          "status": "unknown"
        }
      ]
    },
    {
      "object_kind": "var",
      "config_addr": "module.common_resources_staging.module.shared.module.terraform_state_backend_shared.var.s3_bucket_name",
      "status": "unknown",
      "objects": [
        {
          "object_addr": "module.common_resources_staging.module.shared.module.terraform_state_backend_shared.var.s3_bucket_name",
          "status": "unknown"
        }
      ]
    },
    {
      "object_kind": "var",
      "config_addr": "module.common_resources_staging.module.location.module.terraform_state_backend_location_shared.module.replication_label.var.label_value_case",
      "status": "unknown",
      "objects": [
        {
          "object_addr": "module.common_resources_staging.module.location.module.terraform_state_backend_location_shared.module.replication_label.var.label_value_case",
          "status": "unknown"
        }
      ]
    },
    {
      "object_kind": "var",
      "config_addr": "module.common_resources_staging.module.notification.module.terraform_state_backend_notification_processor.module.this.var.id_length_limit",
      "status": "unknown",
      "objects": [
        {
          "object_addr": "module.common_resources_staging.module.notification.module.terraform_state_backend_notification_processor.module.this.var.id_length_limit",
          "status": "unknown"
        }
      ]
    },
    {
      "object_kind": "var",
      "config_addr": "module.common_resources_staging.module.slack.module.terraform_state_backend_slack_shared.module.replication_label.var.label_key_case",
      "status": "unknown",
      "objects": [
        {
          "object_addr": "module.common_resources_staging.module.slack.module.terraform_state_backend_slack_shared.module.replication_label.var.label_key_case",
          "status": "unknown"
        }
      ]
    },
    {
      "object_kind": "var",
      "config_addr": "module.common_resources_staging.module.organization.module.terraform_state_backend_organization_shared.module.replication_label.var.label_key_case",
      "status": "unknown",
      "objects": [
        {
          "object_addr": "module.common_resources_staging.module.organization.module.terraform_state_backend_organization_shared.module.replication_label.var.label_key_case",
          "status": "unknown"
        }
      ]
    },
    {
      "object_kind": "var",
      "config_addr": "module.common_resources_staging.module.notification.module.terraform_state_backend_notification_processor.module.bucket_label.var.id_length_limit",
      "status": "unknown",
      "objects": [
        {
          "object_addr": "module.common_resources_staging.module.notification.module.terraform_state_backend_notification_processor.module.bucket_label.var.id_length_limit",
          "status": "unknown"
        }
      ]
    },
    {
      "object_kind": "var",
      "config_addr": "module.common_resources_staging.module.organization.module.terraform_state_backend_organization_shared.var.label_value_case",
      "status": "unknown",
      "objects": [
        {
          "object_addr": "module.common_resources_staging.module.organization.module.terraform_state_backend_organization_shared.var.label_value_case",
          "status": "unknown"
        }
      ]
    },
    {
      "object_kind": "var",
      "config_addr": "module.common_resources_staging.module.slack.module.terraform_state_backend_slack_shared.module.this.var.id_length_limit",
      "status": "unknown",
      "objects": [
        {
          "object_addr": "module.common_resources_staging.module.slack.module.terraform_state_backend_slack_shared.module.this.var.id_length_limit",
          "status": "unknown"
        }
      ]
    },
    {
      "object_kind": "var",
      "config_addr": "module.common_resources_staging.module.slack.module.terraform_state_backend_slack_shared.module.bucket_label.var.label_value_case",
      "status": "unknown",
      "objects": [
        {
          "object_addr": "module.common_resources_staging.module.slack.module.terraform_state_backend_slack_shared.module.bucket_label.var.label_value_case",
          "status": "unknown"
        }
      ]
    },
    {
      "object_kind": "var",
      "config_addr": "module.common_resources_staging.module.organization.module.terraform_state_backend_organization_shared.module.this.var.label_value_case",
      "status": "unknown",
      "objects": [
        {
          "object_addr": "module.common_resources_staging.module.organization.module.terraform_state_backend_organization_shared.module.this.var.label_value_case",
          "status": "unknown"
        }
      ]
    },
    {
      "object_kind": "var",
      "config_addr": "module.common_resources_staging.module.webapp.module.terraform_state_backend_webapp.module.replication_label.var.label_value_case",
      "status": "unknown",
      "objects": [
        {
          "object_addr": "module.common_resources_staging.module.webapp.module.terraform_state_backend_webapp.module.replication_label.var.label_value_case",
          "status": "unknown"
        }
      ]
    },
    {
      "object_kind": "var",
      "config_addr": "module.common_resources_staging.module.location.module.terraform_state_backend_location_shared.var.logging",
      "status": "unknown",
      "objects": [
        {
          "object_addr": "module.common_resources_staging.module.location.module.terraform_state_backend_location_shared.var.logging",
          "status": "unknown"
        }
      ]
    },
    {
      "object_kind": "var",
      "config_addr": "module.common_resources_staging.module.webapp.module.terraform_state_backend_webapp_msteams.var.logging",
      "status": "unknown",
      "objects": [
        {
          "object_addr": "module.common_resources_staging.module.webapp.module.terraform_state_backend_webapp_msteams.var.logging",
          "status": "unknown"
        }
      ]
    },
    {
      "object_kind": "var",
      "config_addr": "module.common_resources_staging.module.notification.module.terraform_state_backend_notification_processor.module.replication_label.var.label_key_case",
      "status": "unknown",
      "objects": [
        {
          "object_addr": "module.common_resources_staging.module.notification.module.terraform_state_backend_notification_processor.module.replication_label.var.label_key_case",
          "status": "unknown"
        }
      ]
    },
    {
      "object_kind": "var",
      "config_addr": "module.common_resources_staging.module.shared.module.terraform_state_backend_shared.module.replication_label.var.context",
      "status": "unknown",
      "objects": [
        {
          "object_addr": "module.common_resources_staging.module.shared.module.terraform_state_backend_shared.module.replication_label.var.context",
          "status": "unknown"
        }
      ]
    },
    {
      "object_kind": "var",
      "config_addr": "module.common_resources_staging.module.location.module.terraform_state_backend_location_shared.var.label_value_case",
      "status": "unknown",
      "objects": [
        {
          "object_addr": "module.common_resources_staging.module.location.module.terraform_state_backend_location_shared.var.label_value_case",
          "status": "unknown"
        }
      ]
    },
    {
      "object_kind": "var",
      "config_addr": "module.common_resources_staging.module.azure_oneoff.module.terraform_state_backend_azure_oneoff.module.bucket_label.var.label_key_case",
      "status": "unknown",
      "objects": [
        {
          "object_addr": "module.common_resources_staging.module.azure_oneoff.module.terraform_state_backend_azure_oneoff.module.bucket_label.var.label_key_case",
          "status": "unknown"
        }
      ]
    },
    {
      "object_kind": "var",
      "config_addr": "module.common_resources_staging.module.shared.module.terraform_state_backend_shared.module.bucket_label.var.id_length_limit",
      "status": "unknown",
      "objects": [
        {
          "object_addr": "module.common_resources_staging.module.shared.module.terraform_state_backend_shared.module.bucket_label.var.id_length_limit",
          "status": "unknown"
        }
      ]
    },
    {
      "object_kind": "var",
      "config_addr": "module.common_resources_staging.module.webapp.module.terraform_state_backend_webapp.module.this.var.label_value_case",
      "status": "unknown",
      "objects": [
        {
          "object_addr": "module.common_resources_staging.module.webapp.module.terraform_state_backend_webapp.module.this.var.label_value_case",
          "status": "unknown"
        }
      ]
    },
    {
      "object_kind": "var",
      "config_addr": "module.common_resources_staging.module.webapp.module.terraform_state_backend_webapp_msteams.module.this.var.label_key_case",
      "status": "pass",
      "objects": [
        {
          "object_addr": "module.common_resources_staging.module.webapp.module.terraform_state_backend_webapp_msteams.module.this.var.label_key_case",
          "status": "pass"
        }
      ]
    },
    {
      "object_kind": "var",
      "config_addr": "module.common_resources_staging.module.webapp.module.terraform_state_backend_webapp_eventcatalog.module.this.var.label_value_case",
      "status": "pass",
      "objects": [
        {
          "object_addr": "module.common_resources_staging.module.webapp.module.terraform_state_backend_webapp_eventcatalog.module.this.var.label_value_case",
          "status": "pass"
        }
      ]
    },
    {
      "object_kind": "var",
      "config_addr": "module.common_resources_staging.module.webapp.module.terraform_state_backend_webapp_eventcatalog.var.s3_bucket_name",
      "status": "pass",
      "objects": [
        {
          "object_addr": "module.common_resources_staging.module.webapp.module.terraform_state_backend_webapp_eventcatalog.var.s3_bucket_name",
          "status": "pass"
        }
      ]
    },
    {
      "object_kind": "var",
      "config_addr": "module.common_resources_staging.module.shared.module.terraform_state_backend_shared.module.replication_label.var.id_length_limit",
      "status": "unknown",
      "objects": [
        {
          "object_addr": "module.common_resources_staging.module.shared.module.terraform_state_backend_shared.module.replication_label.var.id_length_limit",
          "status": "unknown"
        }
      ]
    },
    {
      "object_kind": "var",
      "config_addr": "module.common_resources_staging.module.msteams.module.terraform_state_backend_msteams_shared.module.replication_label.var.label_key_case",
      "status": "unknown",
      "objects": [
        {
          "object_addr": "module.common_resources_staging.module.msteams.module.terraform_state_backend_msteams_shared.module.replication_label.var.label_key_case",
          "status": "unknown"
        }
      ]
    },
    {
      "object_kind": "var",
      "config_addr": "module.common_resources_staging.module.webapp.module.terraform_state_backend_webapp_msteams.module.dynamodb_table_label.var.id_length_limit",
      "status": "pass",
      "objects": [
        {
          "object_addr": "module.common_resources_staging.module.webapp.module.terraform_state_backend_webapp_msteams.module.dynamodb_table_label.var.id_length_limit",
          "status": "pass"
        }
      ]
    },
    {
      "object_kind": "var",
      "config_addr": "module.common_resources_staging.module.team.module.terraform_state_backend_team_shared.var.logging",
      "status": "unknown",
      "objects": [
        {
          "object_addr": "module.common_resources_staging.module.team.module.terraform_state_backend_team_shared.var.logging",
          "status": "unknown"
        }
      ]
    },
    {
      "object_kind": "var",
      "config_addr": "module.common_resources_staging.module.webapp.module.terraform_state_backend_webapp.var.label_value_case",
      "status": "unknown",
      "objects": [
        {
          "object_addr": "module.common_resources_staging.module.webapp.module.terraform_state_backend_webapp.var.label_value_case",
          "status": "unknown"
        }
      ]
    },
    {
      "object_kind": "var",
      "config_addr": "module.common_resources_staging.module.notification.module.terraform_state_backend_notification_processor.module.bucket_label.var.label_value_case",
      "status": "unknown",
      "objects": [
        {
          "object_addr": "module.common_resources_staging.module.notification.module.terraform_state_backend_notification_processor.module.bucket_label.var.label_value_case",
          "status": "unknown"
        }
      ]
    },
    {
      "object_kind": "var",
      "config_addr": "module.common_resources_staging.module.customer.module.terraform_state_backend_customer_shared.module.dynamodb_table_label.var.context",
      "status": "unknown",
      "objects": [
        {
          "object_addr": "module.common_resources_staging.module.customer.module.terraform_state_backend_customer_shared.module.dynamodb_table_label.var.context",
          "status": "unknown"
        }
      ]
    },
    {
      "object_kind": "var",
      "config_addr": "module.common_resources_staging.module.team.module.terraform_state_backend_team_shared.module.bucket_label.var.label_value_case",
      "status": "unknown",
      "objects": [
        {
          "object_addr": "module.common_resources_staging.module.team.module.terraform_state_backend_team_shared.module.bucket_label.var.label_value_case",
          "status": "unknown"
        }
      ]
    },
    {
      "object_kind": "var",
      "config_addr": "module.common_resources_staging.module.shared.module.terraform_state_backend_shared.var.label_key_case",
      "status": "unknown",
      "objects": [
        {
          "object_addr": "module.common_resources_staging.module.shared.module.terraform_state_backend_shared.var.label_key_case",
          "status": "unknown"
        }
      ]
    },
    {
      "object_kind": "var",
      "config_addr": "module.common_resources_staging.module.azure_oneoff.module.terraform_state_backend_azure_oneoff.var.label_value_case",
      "status": "unknown",
      "objects": [
        {
          "object_addr": "module.common_resources_staging.module.azure_oneoff.module.terraform_state_backend_azure_oneoff.var.label_value_case",
          "status": "unknown"
        }
      ]
    },
    {
      "object_kind": "var",
      "config_addr": "module.common_resources_staging.module.webapp.module.terraform_state_backend_webapp_eventcatalog.module.replication_label.var.label_value_case",
      "status": "unknown",
      "objects": [
        {
          "object_addr": "module.common_resources_staging.module.webapp.module.terraform_state_backend_webapp_eventcatalog.module.replication_label.var.label_value_case",
          "status": "unknown"
        }
      ]
    },
    {
      "object_kind": "var",
      "config_addr": "module.common_resources_staging.module.location.module.terraform_state_backend_location_shared.var.context",
      "status": "unknown",
      "objects": [
        {
          "object_addr": "module.common_resources_staging.module.location.module.terraform_state_backend_location_shared.var.context",
          "status": "unknown"
        }
      ]
    },
    {
      "object_kind": "var",
      "config_addr": "module.common_resources_staging.module.organization.module.terraform_state_backend_organization_shared.module.dynamodb_table_label.var.label_value_case",
      "status": "unknown",
      "objects": [
        {
          "object_addr": "module.common_resources_staging.module.organization.module.terraform_state_backend_organization_shared.module.dynamodb_table_label.var.label_value_case",
          "status": "unknown"
        }
      ]
    },
    {
      "object_kind": "var",
      "config_addr": "module.common_resources_staging.module.gcp_oneoff.module.terraform_state_backend_gcp_oneoff.var.context",
      "status": "unknown",
      "objects": [
        {
          "object_addr": "module.common_resources_staging.module.gcp_oneoff.module.terraform_state_backend_gcp_oneoff.var.context",
          "status": "unknown"
        }
      ]
    },
    {
      "object_kind": "var",
      "config_addr": "module.common_resources_staging.module.organization.module.terraform_state_backend_organization_shared.module.this.var.id_length_limit",
      "status": "unknown",
      "objects": [
        {
          "object_addr": "module.common_resources_staging.module.organization.module.terraform_state_backend_organization_shared.module.this.var.id_length_limit",
          "status": "unknown"
        }
      ]
    },
    {
      "object_kind": "var",
      "config_addr": "module.common_resources_staging.module.webapp.module.terraform_state_backend_webapp_shared.module.bucket_label.var.context",
      "status": "pass",
      "objects": [
        {
          "object_addr": "module.common_resources_staging.module.webapp.module.terraform_state_backend_webapp_shared.module.bucket_label.var.context",
          "status": "pass"
        }
      ]
    },
    {
      "object_kind": "var",
      "config_addr": "module.common_resources_staging.module.azure_oneoff.module.terraform_state_backend_azure_oneoff.module.bucket_label.var.context",
      "status": "unknown",
      "objects": [
        {
          "object_addr": "module.common_resources_staging.module.azure_oneoff.module.terraform_state_backend_azure_oneoff.module.bucket_label.var.context",
          "status": "unknown"
        }
      ]
    },
    {
      "object_kind": "var",
      "config_addr": "module.common_resources_staging.module.webapp.module.terraform_state_backend_webapp_msteams.module.bucket_label.var.label_key_case",
      "status": "pass",
      "objects": [
        {
          "object_addr": "module.common_resources_staging.module.webapp.module.terraform_state_backend_webapp_msteams.module.bucket_label.var.label_key_case",
          "status": "pass"
        }
      ]
    },
    {
      "object_kind": "var",
      "config_addr": "module.common_resources_staging.module.customer.module.terraform_state_backend_customer_shared.module.this.var.label_key_case",
      "status": "unknown",
      "objects": [
        {
          "object_addr": "module.common_resources_staging.module.customer.module.terraform_state_backend_customer_shared.module.this.var.label_key_case",
          "status": "unknown"
        }
      ]
    },
    {
      "object_kind": "var",
      "config_addr": "module.common_resources_staging.module.webapp.module.terraform_state_backend_webapp_eventcatalog.module.dynamodb_table_label.var.id_length_limit",
      "status": "pass",
      "objects": [
        {
          "object_addr": "module.common_resources_staging.module.webapp.module.terraform_state_backend_webapp_eventcatalog.module.dynamodb_table_label.var.id_length_limit",
          "status": "pass"
        }
      ]
    },
    {
      "object_kind": "var",
      "config_addr": "module.common_resources_staging.module.shared.module.terraform_state_backend_shared.var.logging",
      "status": "unknown",
      "objects": [
        {
          "object_addr": "module.common_resources_staging.module.shared.module.terraform_state_backend_shared.var.logging",
          "status": "unknown"
        }
      ]
    },
    {
      "object_kind": "var",
      "config_addr": "module.common_resources_staging.module.team.module.terraform_state_backend_team_shared.module.replication_label.var.context",
      "status": "unknown",
      "objects": [
        {
          "object_addr": "module.common_resources_staging.module.team.module.terraform_state_backend_team_shared.module.replication_label.var.context",
          "status": "unknown"
        }
      ]
    },
    {
      "object_kind": "var",
      "config_addr": "module.common_resources_staging.module.notification.module.terraform_state_backend_notification_processor.module.replication_label.var.context",
      "status": "unknown",
      "objects": [
        {
          "object_addr": "module.common_resources_staging.module.notification.module.terraform_state_backend_notification_processor.module.replication_label.var.context",
          "status": "unknown"
        }
      ]
    },
    {
      "object_kind": "var",
      "config_addr": "module.common_resources_staging.module.notification.module.terraform_state_backend_notification_processor.var.s3_bucket_name",
      "status": "unknown",
      "objects": [
        {
          "object_addr": "module.common_resources_staging.module.notification.module.terraform_state_backend_notification_processor.var.s3_bucket_name",
          "status": "unknown"
        }
      ]
    },
    {
      "object_kind": "var",
      "config_addr": "module.common_resources_staging.module.azure_oneoff.module.terraform_state_backend_azure_oneoff.module.dynamodb_table_label.var.id_length_limit",
      "status": "unknown",
      "objects": [
        {
          "object_addr": "module.common_resources_staging.module.azure_oneoff.module.terraform_state_backend_azure_oneoff.module.dynamodb_table_label.var.id_length_limit",
          "status": "unknown"
        }
      ]
    },
    {
      "object_kind": "var",
      "config_addr": "module.common_resources_staging.module.slack.module.terraform_state_backend_slack_shared.var.label_value_case",
      "status": "unknown",
      "objects": [
        {
          "object_addr": "module.common_resources_staging.module.slack.module.terraform_state_backend_slack_shared.var.label_value_case",
          "status": "unknown"
        }
      ]
    },
    {
      "object_kind": "var",
      "config_addr": "module.common_resources_staging.module.webapp.module.terraform_state_backend_webapp.module.this.var.id_length_limit",
      "status": "unknown",
      "objects": [
        {
          "object_addr": "module.common_resources_staging.module.webapp.module.terraform_state_backend_webapp.module.this.var.id_length_limit",
          "status": "unknown"
        }
      ]
    },
    {
      "object_kind": "var",
      "config_addr": "module.common_resources_staging.module.slack.module.terraform_state_backend_slack_shared.var.logging",
      "status": "unknown",
      "objects": [
        {
          "object_addr": "module.common_resources_staging.module.slack.module.terraform_state_backend_slack_shared.var.logging",
          "status": "unknown"
        }
      ]
    },
    {
      "object_kind": "var",
      "config_addr": "module.common_resources_staging.module.organization.module.terraform_state_backend_organization_shared.var.s3_bucket_name",
      "status": "unknown",
      "objects": [
        {
          "object_addr": "module.common_resources_staging.module.organization.module.terraform_state_backend_organization_shared.var.s3_bucket_name",
          "status": "unknown"
        }
      ]
    },
    {
      "object_kind": "var",
      "config_addr": "module.common_resources_staging.module.organization.module.terraform_state_backend_organization_shared.module.replication_label.var.label_value_case",
      "status": "unknown",
      "objects": [
        {
          "object_addr": "module.common_resources_staging.module.organization.module.terraform_state_backend_organization_shared.module.replication_label.var.label_value_case",
          "status": "unknown"
        }
      ]
    },
    {
      "object_kind": "var",
      "config_addr": "module.common_resources_staging.module.aws_oneoff.module.terraform_state_backend_aws_oneoff.module.dynamodb_table_label.var.context",
      "status": "unknown",
      "objects": [
        {
          "object_addr": "module.common_resources_staging.module.aws_oneoff.module.terraform_state_backend_aws_oneoff.module.dynamodb_table_label.var.context",
          "status": "unknown"
        }
      ]
    },
    {
      "object_kind": "var",
      "config_addr": "module.common_resources_staging.module.msteams.module.terraform_state_backend_msteams_shared.module.this.var.id_length_limit",
      "status": "pass",
      "objects": [
        {
          "object_addr": "module.common_resources_staging.module.msteams.module.terraform_state_backend_msteams_shared.module.this.var.id_length_limit",
          "status": "pass"
        }
      ]
    },
    {
      "object_kind": "var",
      "config_addr": "module.common_resources_staging.module.webapp.module.terraform_state_backend_webapp_msteams.module.this.var.label_value_case",
      "status": "pass",
      "objects": [
        {
          "object_addr": "module.common_resources_staging.module.webapp.module.terraform_state_backend_webapp_msteams.module.this.var.label_value_case",
          "status": "pass"
        }
      ]
    },
    {
      "object_kind": "var",
      "config_addr": "module.common_resources_staging.module.webapp.module.terraform_state_backend_webapp_eventcatalog.module.dynamodb_table_label.var.label_value_case",
      "status": "pass",
      "objects": [
        {
          "object_addr": "module.common_resources_staging.module.webapp.module.terraform_state_backend_webapp_eventcatalog.module.dynamodb_table_label.var.label_value_case",
          "status": "pass"
        }
      ]
    },
    {
      "object_kind": "var",
      "config_addr": "module.common_resources_staging.module.customer.module.terraform_state_backend_customer_shared.module.this.var.id_length_limit",
      "status": "unknown",
      "objects": [
        {
          "object_addr": "module.common_resources_staging.module.customer.module.terraform_state_backend_customer_shared.module.this.var.id_length_limit",
          "status": "unknown"
        }
      ]
    },
    {
      "object_kind": "var",
      "config_addr": "module.common_resources_staging.module.azure_oneoff.module.terraform_state_backend_azure_oneoff.module.dynamodb_table_label.var.context",
      "status": "unknown",
      "objects": [
        {
          "object_addr": "module.common_resources_staging.module.azure_oneoff.module.terraform_state_backend_azure_oneoff.module.dynamodb_table_label.var.context",
          "status": "unknown"
        }
      ]
    },
    {
      "object_kind": "var",
      "config_addr": "module.common_resources_staging.module.gcp_oneoff.module.terraform_state_backend_gcp_oneoff.module.dynamodb_table_label.var.id_length_limit",
      "status": "unknown",
      "objects": [
        {
          "object_addr": "module.common_resources_staging.module.gcp_oneoff.module.terraform_state_backend_gcp_oneoff.module.dynamodb_table_label.var.id_length_limit",
          "status": "unknown"
        }
      ]
    },
    {
      "object_kind": "var",
      "config_addr": "module.common_resources_staging.module.team.module.terraform_state_backend_team_shared.var.label_key_case",
      "status": "unknown",
      "objects": [
        {
          "object_addr": "module.common_resources_staging.module.team.module.terraform_state_backend_team_shared.var.label_key_case",
          "status": "unknown"
        }
      ]
    },
    {
      "object_kind": "var",
      "config_addr": "module.common_resources_staging.module.webapp.module.terraform_state_backend_webapp.module.bucket_label.var.label_key_case",
      "status": "unknown",
      "objects": [
        {
          "object_addr": "module.common_resources_staging.module.webapp.module.terraform_state_backend_webapp.module.bucket_label.var.label_key_case",
          "status": "unknown"
        }
      ]
    },
    {
      "object_kind": "var",
      "config_addr": "module.common_resources_staging.module.aws_oneoff.module.terraform_state_backend_aws_oneoff.module.dynamodb_table_label.var.id_length_limit",
      "status": "unknown",
      "objects": [
        {
          "object_addr": "module.common_resources_staging.module.aws_oneoff.module.terraform_state_backend_aws_oneoff.module.dynamodb_table_label.var.id_length_limit",
          "status": "unknown"
        }
      ]
    },
    {
      "object_kind": "var",
      "config_addr": "module.common_resources_staging.module.slack.module.terraform_state_backend_slack_shared.var.context",
      "status": "unknown",
      "objects": [
        {
          "object_addr": "module.common_resources_staging.module.slack.module.terraform_state_backend_slack_shared.var.context",
          "status": "unknown"
        }
      ]
    },
    {
      "object_kind": "var",
      "config_addr": "module.common_resources_staging.module.webapp.module.terraform_state_backend_webapp_msteams.module.dynamodb_table_label.var.label_key_case",
      "status": "pass",
      "objects": [
        {
          "object_addr": "module.common_resources_staging.module.webapp.module.terraform_state_backend_webapp_msteams.module.dynamodb_table_label.var.label_key_case",
          "status": "pass"
        }
      ]
    },
    {
      "object_kind": "var",
      "config_addr": "module.common_resources_staging.module.organization.module.terraform_state_backend_organization_shared.var.context",
      "status": "unknown",
      "objects": [
        {
          "object_addr": "module.common_resources_staging.module.organization.module.terraform_state_backend_organization_shared.var.context",
          "status": "unknown"
        }
      ]
    },
    {
      "object_kind": "var",
      "config_addr": "module.common_resources_staging.module.webapp.module.terraform_state_backend_webapp_shared.module.this.var.context",
      "status": "pass",
      "objects": [
        {
          "object_addr": "module.common_resources_staging.module.webapp.module.terraform_state_backend_webapp_shared.module.this.var.context",
          "status": "pass"
        }
      ]
    },
    {
      "object_kind": "var",
      "config_addr": "module.common_resources_staging.module.webapp.module.terraform_state_backend_webapp_shared.var.label_value_case",
      "status": "pass",
      "objects": [
        {
          "object_addr": "module.common_resources_staging.module.webapp.module.terraform_state_backend_webapp_shared.var.label_value_case",
          "status": "pass"
        }
      ]
    },
    {
      "object_kind": "var",
      "config_addr": "module.common_resources_staging.module.azure_oneoff.module.terraform_state_backend_azure_oneoff.module.this.var.label_key_case",
      "status": "unknown",
      "objects": [
        {
          "object_addr": "module.common_resources_staging.module.azure_oneoff.module.terraform_state_backend_azure_oneoff.module.this.var.label_key_case",
          "status": "unknown"
        }
      ]
    },
    {
      "object_kind": "var",
      "config_addr": "module.common_resources_staging.module.webapp.module.terraform_state_backend_webapp.module.this.var.label_key_case",
      "status": "unknown",
      "objects": [
        {
          "object_addr": "module.common_resources_staging.module.webapp.module.terraform_state_backend_webapp.module.this.var.label_key_case",
          "status": "unknown"
        }
      ]
    },
    {
      "object_kind": "var",
      "config_addr": "module.common_resources_staging.module.gcp_oneoff.module.terraform_state_backend_gcp_oneoff.var.label_value_case",
      "status": "unknown",
      "objects": [
        {
          "object_addr": "module.common_resources_staging.module.gcp_oneoff.module.terraform_state_backend_gcp_oneoff.var.label_value_case",
          "status": "unknown"
        }
      ]
    },
    {
      "object_kind": "var",
      "config_addr": "module.common_resources_staging.module.customer.module.terraform_state_backend_customer_shared.var.logging",
      "status": "unknown",
      "objects": [
        {
          "object_addr": "module.common_resources_staging.module.customer.module.terraform_state_backend_customer_shared.var.logging",
          "status": "unknown"
        }
      ]
    },
    {
      "object_kind": "var",
      "config_addr": "module.common_resources_staging.module.slack.module.terraform_state_backend_slack_shared.module.bucket_label.var.label_key_case",
      "status": "unknown",
      "objects": [
        {
          "object_addr": "module.common_resources_staging.module.slack.module.terraform_state_backend_slack_shared.module.bucket_label.var.label_key_case",
          "status": "unknown"
        }
      ]
    },
    {
      "object_kind": "var",
      "config_addr": "module.common_resources_staging.module.webapp.module.terraform_state_backend_webapp_msteams.module.dynamodb_table_label.var.label_value_case",
      "status": "pass",
      "objects": [
        {
          "object_addr": "module.common_resources_staging.module.webapp.module.terraform_state_backend_webapp_msteams.module.dynamodb_table_label.var.label_value_case",
          "status": "pass"
        }
      ]
    },
    {
      "object_kind": "var",
      "config_addr": "module.common_resources_staging.module.slack.module.terraform_state_backend_slack_shared.module.bucket_label.var.context",
      "status": "unknown",
      "objects": [
        {
          "object_addr": "module.common_resources_staging.module.slack.module.terraform_state_backend_slack_shared.module.bucket_label.var.context",
          "status": "unknown"
        }
      ]
    },
    {
      "object_kind": "var",
      "config_addr": "module.common_resources_staging.module.gcp_oneoff.module.terraform_state_backend_gcp_oneoff.var.id_length_limit",
      "status": "unknown",
      "objects": [
        {
          "object_addr": "module.common_resources_staging.module.gcp_oneoff.module.terraform_state_backend_gcp_oneoff.var.id_length_limit",
          "status": "unknown"
        }
      ]
    },
    {
      "object_kind": "var",
      "config_addr": "module.common_resources_staging.module.webapp.module.terraform_state_backend_webapp_shared.module.dynamodb_table_label.var.context",
      "status": "pass",
      "objects": [
        {
          "object_addr": "module.common_resources_staging.module.webapp.module.terraform_state_backend_webapp_shared.module.dynamodb_table_label.var.context",
          "status": "pass"
        }
      ]
    },
    {
      "object_kind": "var",
      "config_addr": "module.common_resources_staging.module.slack.module.terraform_state_backend_slack_shared.module.dynamodb_table_label.var.context",
      "status": "unknown",
      "objects": [
        {
          "object_addr": "module.common_resources_staging.module.slack.module.terraform_state_backend_slack_shared.module.dynamodb_table_label.var.context",
          "status": "unknown"
        }
      ]
    },
    {
      "object_kind": "var",
      "config_addr": "module.common_resources_staging.module.team.module.terraform_state_backend_team_shared.var.context",
      "status": "unknown",
      "objects": [
        {
          "object_addr": "module.common_resources_staging.module.team.module.terraform_state_backend_team_shared.var.context",
          "status": "unknown"
        }
      ]
    },
    {
      "object_kind": "var",
      "config_addr": "module.common_resources_staging.module.location.module.terraform_state_backend_location_shared.module.bucket_label.var.id_length_limit",
      "status": "unknown",
      "objects": [
        {
          "object_addr": "module.common_resources_staging.module.location.module.terraform_state_backend_location_shared.module.bucket_label.var.id_length_limit",
          "status": "unknown"
        }
      ]
    },
    {
      "object_kind": "var",
      "config_addr": "module.common_resources_staging.module.organization.module.terraform_state_backend_organization_shared.module.replication_label.var.context",
      "status": "unknown",
      "objects": [
        {
          "object_addr": "module.common_resources_staging.module.organization.module.terraform_state_backend_organization_shared.module.replication_label.var.context",
          "status": "unknown"
        }
      ]
    },
    {
      "object_kind": "var",
      "config_addr": "module.common_resources_staging.module.slack.module.terraform_state_backend_slack_shared.module.dynamodb_table_label.var.label_key_case",
      "status": "unknown",
      "objects": [
        {
          "object_addr": "module.common_resources_staging.module.slack.module.terraform_state_backend_slack_shared.module.dynamodb_table_label.var.label_key_case",
          "status": "unknown"
        }
      ]
    },
    {
      "object_kind": "var",
      "config_addr": "module.common_resources_staging.module.team.module.terraform_state_backend_team_shared.module.this.var.context",
      "status": "unknown",
      "objects": [
        {
          "object_addr": "module.common_resources_staging.module.team.module.terraform_state_backend_team_shared.module.this.var.context",
          "status": "unknown"
        }
      ]
    },
    {
      "object_kind": "var",
      "config_addr": "module.common_resources_staging.module.gcp_oneoff.module.terraform_state_backend_gcp_oneoff.module.dynamodb_table_label.var.label_key_case",
      "status": "unknown",
      "objects": [
        {
          "object_addr": "module.common_resources_staging.module.gcp_oneoff.module.terraform_state_backend_gcp_oneoff.module.dynamodb_table_label.var.label_key_case",
          "status": "unknown"
        }
      ]
    },
    {
      "object_kind": "var",
      "config_addr": "module.common_resources_staging.module.customer.module.terraform_state_backend_customer_shared.module.replication_label.var.context",
      "status": "unknown",
      "objects": [
        {
          "object_addr": "module.common_resources_staging.module.customer.module.terraform_state_backend_customer_shared.module.replication_label.var.context",
          "status": "unknown"
        }
      ]
    },
    {
      "object_kind": "var",
      "config_addr": "module.common_resources_staging.module.aws_oneoff.module.terraform_state_backend_aws_oneoff.module.replication_label.var.id_length_limit",
      "status": "unknown",
      "objects": [
        {
          "object_addr": "module.common_resources_staging.module.aws_oneoff.module.terraform_state_backend_aws_oneoff.module.replication_label.var.id_length_limit",
          "status": "unknown"
        }
      ]
    },
    {
      "object_kind": "var",
      "config_addr": "module.common_resources_staging.module.webapp.module.terraform_state_backend_webapp_msteams.module.bucket_label.var.id_length_limit",
      "status": "pass",
      "objects": [
        {
          "object_addr": "module.common_resources_staging.module.webapp.module.terraform_state_backend_webapp_msteams.module.bucket_label.var.id_length_limit",
          "status": "pass"
        }
      ]
    },
    {
      "object_kind": "var",
      "config_addr": "module.common_resources_staging.module.customer.module.terraform_state_backend_customer_shared.module.dynamodb_table_label.var.label_value_case",
      "status": "unknown",
      "objects": [
        {
          "object_addr": "module.common_resources_staging.module.customer.module.terraform_state_backend_customer_shared.module.dynamodb_table_label.var.label_value_case",
          "status": "unknown"
        }
      ]
    },
    {
      "object_kind": "var",
      "config_addr": "module.common_resources_staging.module.team.module.terraform_state_backend_team_shared.module.dynamodb_table_label.var.id_length_limit",
      "status": "unknown",
      "objects": [
        {
          "object_addr": "module.common_resources_staging.module.team.module.terraform_state_backend_team_shared.module.dynamodb_table_label.var.id_length_limit",
          "status": "unknown"
        }
      ]
    },
    {
      "object_kind": "var",
      "config_addr": "module.common_resources_staging.module.azure_oneoff.module.terraform_state_backend_azure_oneoff.var.logging",
      "status": "unknown",
      "objects": [
        {
          "object_addr": "module.common_resources_staging.module.azure_oneoff.module.terraform_state_backend_azure_oneoff.var.logging",
          "status": "unknown"
        }
      ]
    },
    {
      "object_kind": "var",
      "config_addr": "module.common_resources_staging.module.webapp.module.terraform_state_backend_webapp_shared.module.bucket_label.var.label_key_case",
      "status": "pass",
      "objects": [
        {
          "object_addr": "module.common_resources_staging.module.webapp.module.terraform_state_backend_webapp_shared.module.bucket_label.var.label_key_case",
          "status": "pass"
        }
      ]
    },
    {
      "object_kind": "var",
      "config_addr": "module.common_resources_staging.module.slack.module.terraform_state_backend_slack_shared.var.label_key_case",
      "status": "unknown",
      "objects": [
        {
          "object_addr": "module.common_resources_staging.module.slack.module.terraform_state_backend_slack_shared.var.label_key_case",
          "status": "unknown"
        }
      ]
    },
    {
      "object_kind": "var",
      "config_addr": "module.common_resources_staging.module.webapp.module.terraform_state_backend_webapp_eventcatalog.var.context",
      "status": "pass",
      "objects": [
        {
          "object_addr": "module.common_resources_staging.module.webapp.module.terraform_state_backend_webapp_eventcatalog.var.context",
          "status": "pass"
        }
      ]
    },
    {
      "object_kind": "var",
      "config_addr": "module.common_resources_staging.module.gcp_oneoff.module.terraform_state_backend_gcp_oneoff.module.replication_label.var.label_value_case",
      "status": "unknown",
      "objects": [
        {
          "object_addr": "module.common_resources_staging.module.gcp_oneoff.module.terraform_state_backend_gcp_oneoff.module.replication_label.var.label_value_case",
          "status": "unknown"
        }
      ]
    },
    {
      "object_kind": "var",
      "config_addr": "module.common_resources_staging.module.aws_oneoff.module.terraform_state_backend_aws_oneoff.module.replication_label.var.label_key_case",
      "status": "unknown",
      "objects": [
        {
          "object_addr": "module.common_resources_staging.module.aws_oneoff.module.terraform_state_backend_aws_oneoff.module.replication_label.var.label_key_case",
          "status": "unknown"
        }
      ]
    },
    {
      "object_kind": "var",
      "config_addr": "module.common_resources_staging.module.webapp.module.terraform_state_backend_webapp.module.bucket_label.var.context",
      "status": "unknown",
      "objects": [
        {
          "object_addr": "module.common_resources_staging.module.webapp.module.terraform_state_backend_webapp.module.bucket_label.var.context",
          "status": "unknown"
        }
      ]
    },
    {
      "object_kind": "var",
      "config_addr": "module.common_resources_staging.module.azure_oneoff.module.terraform_state_backend_azure_oneoff.module.replication_label.var.label_value_case",
      "status": "unknown",
      "objects": [
        {
          "object_addr": "module.common_resources_staging.module.azure_oneoff.module.terraform_state_backend_azure_oneoff.module.replication_label.var.label_value_case",
          "status": "unknown"
        }
      ]
    },
    {
      "object_kind": "var",
      "config_addr": "module.common_resources_staging.module.aws_oneoff.module.terraform_state_backend_aws_oneoff.module.this.var.id_length_limit",
      "status": "unknown",
      "objects": [
        {
          "object_addr": "module.common_resources_staging.module.aws_oneoff.module.terraform_state_backend_aws_oneoff.module.this.var.id_length_limit",
          "status": "unknown"
        }
      ]
    },
    {
      "object_kind": "var",
      "config_addr": "module.common_resources_staging.module.team.module.terraform_state_backend_team_shared.module.replication_label.var.label_key_case",
      "status": "unknown",
      "objects": [
        {
          "object_addr": "module.common_resources_staging.module.team.module.terraform_state_backend_team_shared.module.replication_label.var.label_key_case",
          "status": "unknown"
        }
      ]
    },
    {
      "object_kind": "var",
      "config_addr": "module.common_resources_staging.module.shared.module.terraform_state_backend_shared.module.this.var.label_value_case",
      "status": "unknown",
      "objects": [
        {
          "object_addr": "module.common_resources_staging.module.shared.module.terraform_state_backend_shared.module.this.var.label_value_case",
          "status": "unknown"
        }
      ]
    },
    {
      "object_kind": "var",
      "config_addr": "module.common_resources_staging.module.customer.module.terraform_state_backend_customer_shared.var.label_value_case",
      "status": "unknown",
      "objects": [
        {
          "object_addr": "module.common_resources_staging.module.customer.module.terraform_state_backend_customer_shared.var.label_value_case",
          "status": "unknown"
        }
      ]
    },
    {
      "object_kind": "var",
      "config_addr": "module.common_resources_staging.module.msteams.module.terraform_state_backend_msteams_shared.module.replication_label.var.label_value_case",
      "status": "unknown",
      "objects": [
        {
          "object_addr": "module.common_resources_staging.module.msteams.module.terraform_state_backend_msteams_shared.module.replication_label.var.label_value_case",
          "status": "unknown"
        }
      ]
    },
    {
      "object_kind": "var",
      "config_addr": "module.common_resources_staging.module.aws_oneoff.module.terraform_state_backend_aws_oneoff.var.context",
      "status": "unknown",
      "objects": [
        {
          "object_addr": "module.common_resources_staging.module.aws_oneoff.module.terraform_state_backend_aws_oneoff.var.context",
          "status": "unknown"
        }
      ]
    },
    {
      "object_kind": "var",
      "config_addr": "module.common_resources_staging.module.slack.module.terraform_state_backend_slack_shared.module.replication_label.var.context",
      "status": "unknown",
      "objects": [
        {
          "object_addr": "module.common_resources_staging.module.slack.module.terraform_state_backend_slack_shared.module.replication_label.var.context",
          "status": "unknown"
        }
      ]
    },
    {
      "object_kind": "var",
      "config_addr": "module.common_resources_staging.module.notification.module.terraform_state_backend_notification_processor.module.dynamodb_table_label.var.label_value_case",
      "status": "unknown",
      "objects": [
        {
          "object_addr": "module.common_resources_staging.module.notification.module.terraform_state_backend_notification_processor.module.dynamodb_table_label.var.label_value_case",
          "status": "unknown"
        }
      ]
    },
    {
      "object_kind": "var",
      "config_addr": "module.common_resources_staging.module.msteams.module.terraform_state_backend_msteams_shared.module.this.var.context",
      "status": "pass",
      "objects": [
        {
          "object_addr": "module.common_resources_staging.module.msteams.module.terraform_state_backend_msteams_shared.module.this.var.context",
          "status": "pass"
        }
      ]
    },
    {
      "object_kind": "var",
      "config_addr": "module.common_resources_staging.module.aws_oneoff.module.terraform_state_backend_aws_oneoff.module.bucket_label.var.label_key_case",
      "status": "unknown",
      "objects": [
        {
          "object_addr": "module.common_resources_staging.module.aws_oneoff.module.terraform_state_backend_aws_oneoff.module.bucket_label.var.label_key_case",
          "status": "unknown"
        }
      ]
    },
    {
      "object_kind": "var",
      "config_addr": "module.common_resources_staging.module.customer.module.terraform_state_backend_customer_shared.module.bucket_label.var.context",
      "status": "unknown",
      "objects": [
        {
          "object_addr": "module.common_resources_staging.module.customer.module.terraform_state_backend_customer_shared.module.bucket_label.var.context",
          "status": "unknown"
        }
      ]
    },
    {
      "object_kind": "var",
      "config_addr": "module.common_resources_staging.module.notification.module.terraform_state_backend_notification_processor.module.dynamodb_table_label.var.context",
      "status": "unknown",
      "objects": [
        {
          "object_addr": "module.common_resources_staging.module.notification.module.terraform_state_backend_notification_processor.module.dynamodb_table_label.var.context",
          "status": "unknown"
        }
      ]
    },
    {
      "object_kind": "var",
      "config_addr": "module.common_resources_staging.module.aws_oneoff.module.terraform_state_backend_aws_oneoff.module.replication_label.var.context",
      "status": "unknown",
      "objects": [
        {
          "object_addr": "module.common_resources_staging.module.aws_oneoff.module.terraform_state_backend_aws_oneoff.module.replication_label.var.context",
          "status": "unknown"
        }
      ]
    },
    {
      "object_kind": "var",
      "config_addr": "module.common_resources_staging.module.aws_oneoff.module.terraform_state_backend_aws_oneoff.module.bucket_label.var.context",
      "status": "unknown",
      "objects": [
        {
          "object_addr": "module.common_resources_staging.module.aws_oneoff.module.terraform_state_backend_aws_oneoff.module.bucket_label.var.context",
          "status": "unknown"
        }
      ]
    },
    {
      "object_kind": "var",
      "config_addr": "module.common_resources_staging.module.location.module.terraform_state_backend_location_shared.module.replication_label.var.id_length_limit",
      "status": "unknown",
      "objects": [
        {
          "object_addr": "module.common_resources_staging.module.location.module.terraform_state_backend_location_shared.module.replication_label.var.id_length_limit",
          "status": "unknown"
        }
      ]
    },
    {
      "object_kind": "var",
      "config_addr": "module.common_resources_staging.module.msteams.module.terraform_state_backend_msteams_shared.module.bucket_label.var.id_length_limit",
      "status": "pass",
      "objects": [
        {
          "object_addr": "module.common_resources_staging.module.msteams.module.terraform_state_backend_msteams_shared.module.bucket_label.var.id_length_limit",
          "status": "pass"
        }
      ]
    },
    {
      "object_kind": "var",
      "config_addr": "module.common_resources_staging.module.location.module.terraform_state_backend_location_shared.module.this.var.label_key_case",
      "status": "unknown",
      "objects": [
        {
          "object_addr": "module.common_resources_staging.module.location.module.terraform_state_backend_location_shared.module.this.var.label_key_case",
          "status": "unknown"
        }
      ]
    },
    {
      "object_kind": "var",
      "config_addr": "module.common_resources_staging.module.msteams.module.terraform_state_backend_msteams_shared.module.replication_label.var.id_length_limit",
      "status": "unknown",
      "objects": [
        {
          "object_addr": "module.common_resources_staging.module.msteams.module.terraform_state_backend_msteams_shared.module.replication_label.var.id_length_limit",
          "status": "unknown"
        }
      ]
    },
    {
      "object_kind": "var",
      "config_addr": "module.common_resources_staging.module.azure_oneoff.module.terraform_state_backend_azure_oneoff.module.this.var.id_length_limit",
      "status": "unknown",
      "objects": [
        {
          "object_addr": "module.common_resources_staging.module.azure_oneoff.module.terraform_state_backend_azure_oneoff.module.this.var.id_length_limit",
          "status": "unknown"
        }
      ]
    },
    {
      "object_kind": "var",
      "config_addr": "module.common_resources_staging.module.webapp.module.terraform_state_backend_webapp_eventcatalog.var.id_length_limit",
      "status": "pass",
      "objects": [
        {
          "object_addr": "module.common_resources_staging.module.webapp.module.terraform_state_backend_webapp_eventcatalog.var.id_length_limit",
          "status": "pass"
        }
      ]
    },
    {
      "object_kind": "var",
      "config_addr": "module.common_resources_staging.module.notification.module.terraform_state_backend_notification_processor.module.this.var.label_value_case",
      "status": "unknown",
      "objects": [
        {
          "object_addr": "module.common_resources_staging.module.notification.module.terraform_state_backend_notification_processor.module.this.var.label_value_case",
          "status": "unknown"
        }
      ]
    },
    {
      "object_kind": "var",
      "config_addr": "module.common_resources_staging.module.organization.module.terraform_state_backend_organization_shared.module.dynamodb_table_label.var.id_length_limit",
      "status": "unknown",
      "objects": [
        {
          "object_addr": "module.common_resources_staging.module.organization.module.terraform_state_backend_organization_shared.module.dynamodb_table_label.var.id_length_limit",
          "status": "unknown"
        }
      ]
    },
    {
      "object_kind": "var",
      "config_addr": "module.common_resources_staging.module.webapp.module.terraform_state_backend_webapp_msteams.module.replication_label.var.id_length_limit",
      "status": "unknown",
      "objects": [
        {
          "object_addr": "module.common_resources_staging.module.webapp.module.terraform_state_backend_webapp_msteams.module.replication_label.var.id_length_limit",
          "status": "unknown"
        }
      ]
    },
    {
      "object_kind": "var",
      "config_addr": "module.common_resources_staging.module.webapp.module.terraform_state_backend_webapp_shared.module.replication_label.var.label_key_case",
      "status": "unknown",
      "objects": [
        {
          "object_addr": "module.common_resources_staging.module.webapp.module.terraform_state_backend_webapp_shared.module.replication_label.var.label_key_case",
          "status": "unknown"
        }
      ]
    },
    {
      "object_kind": "var",
      "config_addr": "module.common_resources_staging.module.webapp.module.terraform_state_backend_webapp_msteams.module.replication_label.var.label_key_case",
      "status": "unknown",
      "objects": [
        {
          "object_addr": "module.common_resources_staging.module.webapp.module.terraform_state_backend_webapp_msteams.module.replication_label.var.label_key_case",
          "status": "unknown"
        }
      ]
    },
    {
      "object_kind": "var",
      "config_addr": "module.common_resources_staging.module.team.module.terraform_state_backend_team_shared.module.this.var.id_length_limit",
      "status": "unknown",
      "objects": [
        {
          "object_addr": "module.common_resources_staging.module.team.module.terraform_state_backend_team_shared.module.this.var.id_length_limit",
          "status": "unknown"
        }
      ]
    },
    {
      "object_kind": "var",
      "config_addr": "module.common_resources_staging.module.slack.module.terraform_state_backend_slack_shared.module.replication_label.var.id_length_limit",
      "status": "unknown",
      "objects": [
        {
          "object_addr": "module.common_resources_staging.module.slack.module.terraform_state_backend_slack_shared.module.replication_label.var.id_length_limit",
          "status": "unknown"
        }
      ]
    },
    {
      "object_kind": "var",
      "config_addr": "module.common_resources_staging.module.msteams.module.terraform_state_backend_msteams_shared.var.label_value_case",
      "status": "pass",
      "objects": [
        {
          "object_addr": "module.common_resources_staging.module.msteams.module.terraform_state_backend_msteams_shared.var.label_value_case",
          "status": "pass"
        }
      ]
    },
    {
      "object_kind": "var",
      "config_addr": "module.common_resources_staging.module.webapp.module.terraform_state_backend_webapp_eventcatalog.module.this.var.label_key_case",
      "status": "pass",
      "objects": [
        {
          "object_addr": "module.common_resources_staging.module.webapp.module.terraform_state_backend_webapp_eventcatalog.module.this.var.label_key_case",
          "status": "pass"
        }
      ]
    },
    {
      "object_kind": "var",
      "config_addr": "module.common_resources_staging.module.azure_oneoff.module.terraform_state_backend_azure_oneoff.module.dynamodb_table_label.var.label_value_case",
      "status": "unknown",
      "objects": [
        {
          "object_addr": "module.common_resources_staging.module.azure_oneoff.module.terraform_state_backend_azure_oneoff.module.dynamodb_table_label.var.label_value_case",
          "status": "unknown"
        }
      ]
    },
    {
      "object_kind": "var",
      "config_addr": "module.common_resources_staging.module.msteams.module.terraform_state_backend_msteams_shared.var.context",
      "status": "pass",
      "objects": [
        {
          "object_addr": "module.common_resources_staging.module.msteams.module.terraform_state_backend_msteams_shared.var.context",
          "status": "pass"
        }
      ]
    },
    {
      "object_kind": "var",
      "config_addr": "module.common_resources_staging.module.aws_oneoff.module.terraform_state_backend_aws_oneoff.module.replication_label.var.label_value_case",
      "status": "unknown",
      "objects": [
        {
          "object_addr": "module.common_resources_staging.module.aws_oneoff.module.terraform_state_backend_aws_oneoff.module.replication_label.var.label_value_case",
          "status": "unknown"
        }
      ]
    },
    {
      "object_kind": "var",
      "config_addr": "module.common_resources_staging.module.organization.module.terraform_state_backend_organization_shared.module.bucket_label.var.id_length_limit",
      "status": "unknown",
      "objects": [
        {
          "object_addr": "module.common_resources_staging.module.organization.module.terraform_state_backend_organization_shared.module.bucket_label.var.id_length_limit",
          "status": "unknown"
        }
      ]
    },
    {
      "object_kind": "var",
      "config_addr": "module.common_resources_staging.module.webapp.module.terraform_state_backend_webapp_shared.module.dynamodb_table_label.var.label_key_case",
      "status": "pass",
      "objects": [
        {
          "object_addr": "module.common_resources_staging.module.webapp.module.terraform_state_backend_webapp_shared.module.dynamodb_table_label.var.label_key_case",
          "status": "pass"
        }
      ]
    },
    {
      "object_kind": "var",
      "config_addr": "module.common_resources_staging.module.shared.module.terraform_state_backend_shared.module.this.var.id_length_limit",
      "status": "unknown",
      "objects": [
        {
          "object_addr": "module.common_resources_staging.module.shared.module.terraform_state_backend_shared.module.this.var.id_length_limit",
          "status": "unknown"
        }
      ]
    },
    {
      "object_kind": "var",
      "config_addr": "module.common_resources_staging.module.msteams.module.terraform_state_backend_msteams_shared.var.logging",
      "status": "unknown",
      "objects": [
        {
          "object_addr": "module.common_resources_staging.module.msteams.module.terraform_state_backend_msteams_shared.var.logging",
          "status": "unknown"
        }
      ]
    },
    {
      "object_kind": "var",
      "config_addr": "module.common_resources_staging.module.customer.module.terraform_state_backend_customer_shared.var.label_key_case",
      "status": "unknown",
      "objects": [
        {
          "object_addr": "module.common_resources_staging.module.customer.module.terraform_state_backend_customer_shared.var.label_key_case",
          "status": "unknown"
        }
      ]
    },
    {
      "object_kind": "var",
      "config_addr": "module.common_resources_staging.module.webapp.module.terraform_state_backend_webapp_eventcatalog.module.this.var.context",
      "status": "pass",
      "objects": [
        {
          "object_addr": "module.common_resources_staging.module.webapp.module.terraform_state_backend_webapp_eventcatalog.module.this.var.context",
          "status": "pass"
        }
      ]
    },
    {
      "object_kind": "var",
      "config_addr": "module.common_resources_staging.module.webapp.module.terraform_state_backend_webapp.var.logging",
      "status": "unknown",
      "objects": [
        {
          "object_addr": "module.common_resources_staging.module.webapp.module.terraform_state_backend_webapp.var.logging",
          "status": "unknown"
        }
      ]
    },
    {
      "object_kind": "var",
      "config_addr": "module.common_resources_staging.module.organization.module.terraform_state_backend_organization_shared.module.bucket_label.var.label_key_case",
      "status": "unknown",
      "objects": [
        {
          "object_addr": "module.common_resources_staging.module.organization.module.terraform_state_backend_organization_shared.module.bucket_label.var.label_key_case",
          "status": "unknown"
        }
      ]
    },
    {
      "object_kind": "var",
      "config_addr": "module.common_resources_staging.module.notification.module.terraform_state_backend_notification_processor.module.this.var.label_key_case",
      "status": "unknown",
      "objects": [
        {
          "object_addr": "module.common_resources_staging.module.notification.module.terraform_state_backend_notification_processor.module.this.var.label_key_case",
          "status": "unknown"
        }
      ]
    },
    {
      "object_kind": "var",
      "config_addr": "module.common_resources_staging.module.shared.module.terraform_state_backend_shared.module.bucket_label.var.label_key_case",
      "status": "unknown",
      "objects": [
        {
          "object_addr": "module.common_resources_staging.module.shared.module.terraform_state_backend_shared.module.bucket_label.var.label_key_case",
          "status": "unknown"
        }
      ]
    },
    {
      "object_kind": "var",
      "config_addr": "module.common_resources_staging.module.webapp.module.terraform_state_backend_webapp_shared.var.logging",
      "status": "unknown",
      "objects": [
        {
          "object_addr": "module.common_resources_staging.module.webapp.module.terraform_state_backend_webapp_shared.var.logging",
          "status": "unknown"
        }
      ]
    },
    {
      "object_kind": "var",
      "config_addr": "module.common_resources_staging.module.organization.module.terraform_state_backend_organization_shared.module.bucket_label.var.context",
      "status": "unknown",
      "objects": [
        {
          "object_addr": "module.common_resources_staging.module.organization.module.terraform_state_backend_organization_shared.module.bucket_label.var.context",
          "status": "unknown"
        }
      ]
    },
    {
      "object_kind": "var",
      "config_addr": "module.common_resources_staging.module.notification.module.terraform_state_backend_notification_processor.module.bucket_label.var.label_key_case",
      "status": "unknown",
      "objects": [
        {
          "object_addr": "module.common_resources_staging.module.notification.module.terraform_state_backend_notification_processor.module.bucket_label.var.label_key_case",
          "status": "unknown"
        }
      ]
    },
    {
      "object_kind": "var",
      "config_addr": "module.common_resources_staging.module.gcp_oneoff.module.terraform_state_backend_gcp_oneoff.module.dynamodb_table_label.var.context",
      "status": "unknown",
      "objects": [
        {
          "object_addr": "module.common_resources_staging.module.gcp_oneoff.module.terraform_state_backend_gcp_oneoff.module.dynamodb_table_label.var.context",
          "status": "unknown"
        }
      ]
    },
    {
      "object_kind": "var",
      "config_addr": "module.common_resources_staging.module.msteams.module.terraform_state_backend_msteams_shared.module.dynamodb_table_label.var.id_length_limit",
      "status": "pass",
      "objects": [
        {
          "object_addr": "module.common_resources_staging.module.msteams.module.terraform_state_backend_msteams_shared.module.dynamodb_table_label.var.id_length_limit",
          "status": "pass"
        }
      ]
    },
    {
      "object_kind": "var",
      "config_addr": "module.common_resources_staging.module.webapp.module.terraform_state_backend_webapp.module.dynamodb_table_label.var.label_key_case",
      "status": "unknown",
      "objects": [
        {
          "object_addr": "module.common_resources_staging.module.webapp.module.terraform_state_backend_webapp.module.dynamodb_table_label.var.label_key_case",
          "status": "unknown"
        }
      ]
    },
    {
      "object_kind": "var",
      "config_addr": "module.common_resources_staging.module.customer.module.terraform_state_backend_customer_shared.var.context",
      "status": "unknown",
      "objects": [
        {
          "object_addr": "module.common_resources_staging.module.customer.module.terraform_state_backend_customer_shared.var.context",
          "status": "unknown"
        }
      ]
    },
    {
      "object_kind": "var",
      "config_addr": "module.common_resources_staging.module.webapp.module.terraform_state_backend_webapp_shared.module.bucket_label.var.label_value_case",
      "status": "pass",
      "objects": [
        {
          "object_addr": "module.common_resources_staging.module.webapp.module.terraform_state_backend_webapp_shared.module.bucket_label.var.label_value_case",
          "status": "pass"
        }
      ]
    },
    {
      "object_kind": "var",
      "config_addr": "module.common_resources_staging.module.team.module.terraform_state_backend_team_shared.module.dynamodb_table_label.var.context",
      "status": "unknown",
      "objects": [
        {
          "object_addr": "module.common_resources_staging.module.team.module.terraform_state_backend_team_shared.module.dynamodb_table_label.var.context",
          "status": "unknown"
        }
      ]
    },
    {
      "object_kind": "var",
      "config_addr": "module.common_resources_staging.module.webapp.module.terraform_state_backend_webapp_eventcatalog.module.bucket_label.var.label_key_case",
      "status": "pass",
      "objects": [
        {
          "object_addr": "module.common_resources_staging.module.webapp.module.terraform_state_backend_webapp_eventcatalog.module.bucket_label.var.label_key_case",
          "status": "pass"
        }
      ]
    },
    {
      "object_kind": "var",
      "config_addr": "module.common_resources_staging.module.webapp.module.terraform_state_backend_webapp.module.this.var.context",
      "status": "unknown",
      "objects": [
        {
          "object_addr": "module.common_resources_staging.module.webapp.module.terraform_state_backend_webapp.module.this.var.context",
          "status": "unknown"
        }
      ]
    },
    {
      "object_kind": "var",
      "config_addr": "module.common_resources_staging.module.location.module.terraform_state_backend_location_shared.module.this.var.context",
      "status": "unknown",
      "objects": [
        {
          "object_addr": "module.common_resources_staging.module.location.module.terraform_state_backend_location_shared.module.this.var.context",
          "status": "unknown"
        }
      ]
    },
    {
      "object_kind": "var",
      "config_addr": "module.common_resources_staging.module.gcp_oneoff.module.terraform_state_backend_gcp_oneoff.module.bucket_label.var.label_key_case",
      "status": "unknown",
      "objects": [
        {
          "object_addr": "module.common_resources_staging.module.gcp_oneoff.module.terraform_state_backend_gcp_oneoff.module.bucket_label.var.label_key_case",
          "status": "unknown"
        }
      ]
    },
    {
      "object_kind": "var",
      "config_addr": "module.common_resources_staging.module.location.module.terraform_state_backend_location_shared.var.label_key_case",
      "status": "unknown",
      "objects": [
        {
          "object_addr": "module.common_resources_staging.module.location.module.terraform_state_backend_location_shared.var.label_key_case",
          "status": "unknown"
        }
      ]
    },
    {
      "object_kind": "var",
      "config_addr": "module.common_resources_staging.module.webapp.module.terraform_state_backend_webapp_eventcatalog.module.bucket_label.var.id_length_limit",
      "status": "pass",
      "objects": [
        {
          "object_addr": "module.common_resources_staging.module.webapp.module.terraform_state_backend_webapp_eventcatalog.module.bucket_label.var.id_length_limit",
          "status": "pass"
        }
      ]
    },
    {
      "object_kind": "var",
      "config_addr": "module.common_resources_staging.module.shared.module.terraform_state_backend_shared.module.this.var.context",
      "status": "unknown",
      "objects": [
        {
          "object_addr": "module.common_resources_staging.module.shared.module.terraform_state_backend_shared.module.this.var.context",
          "status": "unknown"
        }
      ]
    },
    {
      "object_kind": "var",
      "config_addr": "module.common_resources_staging.module.webapp.module.terraform_state_backend_webapp_shared.module.replication_label.var.label_value_case",
      "status": "unknown",
      "objects": [
        {
          "object_addr": "module.common_resources_staging.module.webapp.module.terraform_state_backend_webapp_shared.module.replication_label.var.label_value_case",
          "status": "unknown"
        }
      ]
    },
    {
      "object_kind": "var",
      "config_addr": "module.common_resources_staging.module.webapp.module.terraform_state_backend_webapp_msteams.module.bucket_label.var.context",
      "status": "pass",
      "objects": [
        {
          "object_addr": "module.common_resources_staging.module.webapp.module.terraform_state_backend_webapp_msteams.module.bucket_label.var.context",
          "status": "pass"
        }
      ]
    },
    {
      "object_kind": "var",
      "config_addr": "module.common_resources_staging.module.aws_oneoff.module.terraform_state_backend_aws_oneoff.module.this.var.label_key_case",
      "status": "unknown",
      "objects": [
        {
          "object_addr": "module.common_resources_staging.module.aws_oneoff.module.terraform_state_backend_aws_oneoff.module.this.var.label_key_case",
          "status": "unknown"
        }
      ]
    },
    {
      "object_kind": "var",
      "config_addr": "module.common_resources_staging.module.webapp.module.terraform_state_backend_webapp.var.context",
      "status": "unknown",
      "objects": [
        {
          "object_addr": "module.common_resources_staging.module.webapp.module.terraform_state_backend_webapp.var.context",
          "status": "unknown"
        }
      ]
    },
    {
      "object_kind": "var",
      "config_addr": "module.common_resources_staging.module.organization.module.terraform_state_backend_organization_shared.module.replication_label.var.id_length_limit",
      "status": "unknown",
      "objects": [
        {
          "object_addr": "module.common_resources_staging.module.organization.module.terraform_state_backend_organization_shared.module.replication_label.var.id_length_limit",
          "status": "unknown"
        }
      ]
    },
    {
      "object_kind": "var",
      "config_addr": "module.common_resources_staging.module.webapp.module.terraform_state_backend_webapp_shared.module.this.var.label_key_case",
      "status": "pass",
      "objects": [
        {
          "object_addr": "module.common_resources_staging.module.webapp.module.terraform_state_backend_webapp_shared.module.this.var.label_key_case",
          "status": "pass"
        }
      ]
    },
    {
      "object_kind": "var",
      "config_addr": "module.common_resources_staging.module.azure_oneoff.module.terraform_state_backend_azure_oneoff.var.label_key_case",
      "status": "unknown",
      "objects": [
        {
          "object_addr": "module.common_resources_staging.module.azure_oneoff.module.terraform_state_backend_azure_oneoff.var.label_key_case",
          "status": "unknown"
        }
      ]
    },
    {
      "object_kind": "var",
      "config_addr": "module.common_resources_staging.module.location.module.terraform_state_backend_location_shared.module.replication_label.var.label_key_case",
      "status": "unknown",
      "objects": [
        {
          "object_addr": "module.common_resources_staging.module.location.module.terraform_state_backend_location_shared.module.replication_label.var.label_key_case",
          "status": "unknown"
        }
      ]
    },
    {
      "object_kind": "var",
      "config_addr": "module.common_resources_staging.module.azure_oneoff.module.terraform_state_backend_azure_oneoff.module.this.var.context",
      "status": "unknown",
      "objects": [
        {
          "object_addr": "module.common_resources_staging.module.azure_oneoff.module.terraform_state_backend_azure_oneoff.module.this.var.context",
          "status": "unknown"
        }
      ]
    },
    {
      "object_kind": "var",
      "config_addr": "module.common_resources_staging.module.notification.module.terraform_state_backend_notification_processor.var.id_length_limit",
      "status": "unknown",
      "objects": [
        {
          "object_addr": "module.common_resources_staging.module.notification.module.terraform_state_backend_notification_processor.var.id_length_limit",
          "status": "unknown"
        }
      ]
    },
    {
      "object_kind": "var",
      "config_addr": "module.common_resources_staging.module.shared.module.terraform_state_backend_shared.var.label_value_case",
      "status": "unknown",
      "objects": [
        {
          "object_addr": "module.common_resources_staging.module.shared.module.terraform_state_backend_shared.var.label_value_case",
          "status": "unknown"
        }
      ]
    },
    {
      "object_kind": "var",
      "config_addr": "module.common_resources_staging.module.webapp.module.terraform_state_backend_webapp_eventcatalog.module.dynamodb_table_label.var.label_key_case",
      "status": "pass",
      "objects": [
        {
          "object_addr": "module.common_resources_staging.module.webapp.module.terraform_state_backend_webapp_eventcatalog.module.dynamodb_table_label.var.label_key_case",
          "status": "pass"
        }
      ]
    },
    {
      "object_kind": "var",
      "config_addr": "module.common_resources_staging.module.azure_oneoff.module.terraform_state_backend_azure_oneoff.module.bucket_label.var.label_value_case",
      "status": "unknown",
      "objects": [
        {
          "object_addr": "module.common_resources_staging.module.azure_oneoff.module.terraform_state_backend_azure_oneoff.module.bucket_label.var.label_value_case",
          "status": "unknown"
        }
      ]
    },
    {
      "object_kind": "var",
      "config_addr": "module.common_resources_staging.module.shared.module.terraform_state_backend_shared.module.dynamodb_table_label.var.id_length_limit",
      "status": "unknown",
      "objects": [
        {
          "object_addr": "module.common_resources_staging.module.shared.module.terraform_state_backend_shared.module.dynamodb_table_label.var.id_length_limit",
          "status": "unknown"
        }
      ]
    },
    {
      "object_kind": "var",
      "config_addr": "module.common_resources_staging.module.slack.module.terraform_state_backend_slack_shared.module.this.var.label_value_case",
      "status": "unknown",
      "objects": [
        {
          "object_addr": "module.common_resources_staging.module.slack.module.terraform_state_backend_slack_shared.module.this.var.label_value_case",
          "status": "unknown"
        }
      ]
    },
    {
      "object_kind": "var",
      "config_addr": "module.common_resources_staging.module.team.module.terraform_state_backend_team_shared.var.label_value_case",
      "status": "unknown",
      "objects": [
        {
          "object_addr": "module.common_resources_staging.module.team.module.terraform_state_backend_team_shared.var.label_value_case",
          "status": "unknown"
        }
      ]
    },
    {
      "object_kind": "var",
      "config_addr": "module.common_resources_staging.module.shared.module.terraform_state_backend_shared.module.this.var.label_key_case",
      "status": "unknown",
      "objects": [
        {
          "object_addr": "module.common_resources_staging.module.shared.module.terraform_state_backend_shared.module.this.var.label_key_case",
          "status": "unknown"
        }
      ]
    },
    {
      "object_kind": "var",
      "config_addr": "module.common_resources_staging.module.webapp.module.terraform_state_backend_webapp_eventcatalog.module.this.var.id_length_limit",
      "status": "pass",
      "objects": [
        {
          "object_addr": "module.common_resources_staging.module.webapp.module.terraform_state_backend_webapp_eventcatalog.module.this.var.id_length_limit",
          "status": "pass"
        }
      ]
    },
    {
      "object_kind": "var",
      "config_addr": "module.common_resources_staging.module.notification.module.terraform_state_backend_notification_processor.module.replication_label.var.label_value_case",
      "status": "unknown",
      "objects": [
        {
          "object_addr": "module.common_resources_staging.module.notification.module.terraform_state_backend_notification_processor.module.replication_label.var.label_value_case",
          "status": "unknown"
        }
      ]
    },
    {
      "object_kind": "var",
      "config_addr": "module.common_resources_staging.module.webapp.module.terraform_state_backend_webapp_eventcatalog.var.logging",
      "status": "unknown",
      "objects": [
        {
          "object_addr": "module.common_resources_staging.module.webapp.module.terraform_state_backend_webapp_eventcatalog.var.logging",
          "status": "unknown"
        }
      ]
    },
    {
      "object_kind": "var",
      "config_addr": "module.common_resources_staging.module.aws_oneoff.module.terraform_state_backend_aws_oneoff.var.s3_bucket_name",
      "status": "unknown",
      "objects": [
        {
          "object_addr": "module.common_resources_staging.module.aws_oneoff.module.terraform_state_backend_aws_oneoff.var.s3_bucket_name",
          "status": "unknown"
        }
      ]
    },
    {
      "object_kind": "var",
      "config_addr": "module.common_resources_staging.module.shared.module.terraform_state_backend_shared.module.bucket_label.var.label_value_case",
      "status": "unknown",
      "objects": [
        {
          "object_addr": "module.common_resources_staging.module.shared.module.terraform_state_backend_shared.module.bucket_label.var.label_value_case",
          "status": "unknown"
        }
      ]
    },
    {
      "object_kind": "var",
      "config_addr": "module.common_resources_staging.module.team.module.terraform_state_backend_team_shared.module.dynamodb_table_label.var.label_value_case",
      "status": "unknown",
      "objects": [
        {
          "object_addr": "module.common_resources_staging.module.team.module.terraform_state_backend_team_shared.module.dynamodb_table_label.var.label_value_case",
          "status": "unknown"
        }
      ]
    },
    {
      "object_kind": "var",
      "config_addr": "module.common_resources_staging.module.webapp.module.terraform_state_backend_webapp_shared.var.s3_bucket_name",
      "status": "pass",
      "objects": [
        {
          "object_addr": "module.common_resources_staging.module.webapp.module.terraform_state_backend_webapp_shared.var.s3_bucket_name",
          "status": "pass"
        }
      ]
    },
    {
      "object_kind": "var",
      "config_addr": "module.common_resources_staging.module.gcp_oneoff.module.terraform_state_backend_gcp_oneoff.module.replication_label.var.label_key_case",
      "status": "unknown",
      "objects": [
        {
          "object_addr": "module.common_resources_staging.module.gcp_oneoff.module.terraform_state_backend_gcp_oneoff.module.replication_label.var.label_key_case",
          "status": "unknown"
        }
      ]
    },
    {
      "object_kind": "var",
      "config_addr": "module.common_resources_staging.module.webapp.module.terraform_state_backend_webapp.module.dynamodb_table_label.var.id_length_limit",
      "status": "unknown",
      "objects": [
        {
          "object_addr": "module.common_resources_staging.module.webapp.module.terraform_state_backend_webapp.module.dynamodb_table_label.var.id_length_limit",
          "status": "unknown"
        }
      ]
    },
    {
      "object_kind": "var",
      "config_addr": "module.common_resources_staging.module.team.module.terraform_state_backend_team_shared.module.dynamodb_table_label.var.label_key_case",
      "status": "unknown",
      "objects": [
        {
          "object_addr": "module.common_resources_staging.module.team.module.terraform_state_backend_team_shared.module.dynamodb_table_label.var.label_key_case",
          "status": "unknown"
        }
      ]
    },
    {
      "object_kind": "var",
      "config_addr": "module.common_resources_staging.module.gcp_oneoff.module.terraform_state_backend_gcp_oneoff.module.dynamodb_table_label.var.label_value_case",
      "status": "unknown",
      "objects": [
        {
          "object_addr": "module.common_resources_staging.module.gcp_oneoff.module.terraform_state_backend_gcp_oneoff.module.dynamodb_table_label.var.label_value_case",
          "status": "unknown"
        }
      ]
    },
    {
      "object_kind": "var",
      "config_addr": "module.common_resources_staging.module.slack.module.terraform_state_backend_slack_shared.module.bucket_label.var.id_length_limit",
      "status": "unknown",
      "objects": [
        {
          "object_addr": "module.common_resources_staging.module.slack.module.terraform_state_backend_slack_shared.module.bucket_label.var.id_length_limit",
          "status": "unknown"
        }
      ]
    },
    {
      "object_kind": "var",
      "config_addr": "module.common_resources_staging.module.aws_oneoff.module.terraform_state_backend_aws_oneoff.module.dynamodb_table_label.var.label_value_case",
      "status": "unknown",
      "objects": [
        {
          "object_addr": "module.common_resources_staging.module.aws_oneoff.module.terraform_state_backend_aws_oneoff.module.dynamodb_table_label.var.label_value_case",
          "status": "unknown"
        }
      ]
    },
    {
      "object_kind": "var",
      "config_addr": "module.common_resources_staging.module.azure_oneoff.module.terraform_state_backend_azure_oneoff.var.id_length_limit",
      "status": "unknown",
      "objects": [
        {
          "object_addr": "module.common_resources_staging.module.azure_oneoff.module.terraform_state_backend_azure_oneoff.var.id_length_limit",
          "status": "unknown"
        }
      ]
    },
    {
      "object_kind": "var",
      "config_addr": "module.common_resources_staging.module.msteams.module.terraform_state_backend_msteams_shared.module.dynamodb_table_label.var.context",
      "status": "pass",
      "objects": [
        {
          "object_addr": "module.common_resources_staging.module.msteams.module.terraform_state_backend_msteams_shared.module.dynamodb_table_label.var.context",
          "status": "pass"
        }
      ]
    },
    {
      "object_kind": "var",
      "config_addr": "module.common_resources_staging.module.aws_oneoff.module.terraform_state_backend_aws_oneoff.var.id_length_limit",
      "status": "unknown",
      "objects": [
        {
          "object_addr": "module.common_resources_staging.module.aws_oneoff.module.terraform_state_backend_aws_oneoff.var.id_length_limit",
          "status": "unknown"
        }
      ]
    },
    {
      "object_kind": "var",
      "config_addr": "module.common_resources_staging.module.webapp.module.terraform_state_backend_webapp_shared.var.label_key_case",
      "status": "pass",
      "objects": [
        {
          "object_addr": "module.common_resources_staging.module.webapp.module.terraform_state_backend_webapp_shared.var.label_key_case",
          "status": "pass"
        }
      ]
    },
    {
      "object_kind": "var",
      "config_addr": "module.common_resources_staging.module.location.module.terraform_state_backend_location_shared.module.bucket_label.var.context",
      "status": "unknown",
      "objects": [
        {
          "object_addr": "module.common_resources_staging.module.location.module.terraform_state_backend_location_shared.module.bucket_label.var.context",
          "status": "unknown"
        }
      ]
    },
    {
      "object_kind": "var",
      "config_addr": "module.common_resources_staging.module.aws_oneoff.module.terraform_state_backend_aws_oneoff.var.label_key_case",
      "status": "unknown",
      "objects": [
        {
          "object_addr": "module.common_resources_staging.module.aws_oneoff.module.terraform_state_backend_aws_oneoff.var.label_key_case",
          "status": "unknown"
        }
      ]
    },
    {
      "object_kind": "var",
      "config_addr": "module.common_resources_staging.module.notification.module.terraform_state_backend_notification_processor.module.dynamodb_table_label.var.id_length_limit",
      "status": "unknown",
      "objects": [
        {
          "object_addr": "module.common_resources_staging.module.notification.module.terraform_state_backend_notification_processor.module.dynamodb_table_label.var.id_length_limit",
          "status": "unknown"
        }
      ]
    },
    {
      "object_kind": "var",
      "config_addr": "module.common_resources_staging.module.customer.module.terraform_state_backend_customer_shared.module.dynamodb_table_label.var.id_length_limit",
      "status": "unknown",
      "objects": [
        {
          "object_addr": "module.common_resources_staging.module.customer.module.terraform_state_backend_customer_shared.module.dynamodb_table_label.var.id_length_limit",
          "status": "unknown"
        }
      ]
    },
    {
      "object_kind": "var",
      "config_addr": "module.common_resources_staging.module.location.module.terraform_state_backend_location_shared.module.bucket_label.var.label_key_case",
      "status": "unknown",
      "objects": [
        {
          "object_addr": "module.common_resources_staging.module.location.module.terraform_state_backend_location_shared.module.bucket_label.var.label_key_case",
          "status": "unknown"
        }
      ]
    },
    {
      "object_kind": "var",
      "config_addr": "module.common_resources_staging.module.webapp.module.terraform_state_backend_webapp.var.id_length_limit",
      "status": "unknown",
      "objects": [
        {
          "object_addr": "module.common_resources_staging.module.webapp.module.terraform_state_backend_webapp.var.id_length_limit",
          "status": "unknown"
        }
      ]
    },
    {
      "object_kind": "var",
      "config_addr": "module.common_resources_staging.module.customer.module.terraform_state_backend_customer_shared.module.replication_label.var.id_length_limit",
      "status": "unknown",
      "objects": [
        {
          "object_addr": "module.common_resources_staging.module.customer.module.terraform_state_backend_customer_shared.module.replication_label.var.id_length_limit",
          "status": "unknown"
        }
      ]
    },
    {
      "object_kind": "var",
      "config_addr": "module.common_resources_staging.module.webapp.module.terraform_state_backend_webapp_shared.var.id_length_limit",
      "status": "pass",
      "objects": [
        {
          "object_addr": "module.common_resources_staging.module.webapp.module.terraform_state_backend_webapp_shared.var.id_length_limit",
          "status": "pass"
        }
      ]
    },
    {
      "object_kind": "var",
      "config_addr": "module.common_resources_staging.module.location.module.terraform_state_backend_location_shared.module.dynamodb_table_label.var.label_value_case",
      "status": "unknown",
      "objects": [
        {
          "object_addr": "module.common_resources_staging.module.location.module.terraform_state_backend_location_shared.module.dynamodb_table_label.var.label_value_case",
          "status": "unknown"
        }
      ]
    },
    {
      "object_kind": "var",
      "config_addr": "module.common_resources_staging.module.location.module.terraform_state_backend_location_shared.module.dynamodb_table_label.var.context",
      "status": "unknown",
      "objects": [
        {
          "object_addr": "module.common_resources_staging.module.location.module.terraform_state_backend_location_shared.module.dynamodb_table_label.var.context",
          "status": "unknown"
        }
      ]
    },
    {
      "object_kind": "var",
      "config_addr": "module.common_resources_staging.module.team.module.terraform_state_backend_team_shared.module.replication_label.var.id_length_limit",
      "status": "unknown",
      "objects": [
        {
          "object_addr": "module.common_resources_staging.module.team.module.terraform_state_backend_team_shared.module.replication_label.var.id_length_limit",
          "status": "unknown"
        }
      ]
    },
    {
      "object_kind": "var",
      "config_addr": "module.common_resources_staging.module.gcp_oneoff.module.terraform_state_backend_gcp_oneoff.module.bucket_label.var.label_value_case",
      "status": "unknown",
      "objects": [
        {
          "object_addr": "module.common_resources_staging.module.gcp_oneoff.module.terraform_state_backend_gcp_oneoff.module.bucket_label.var.label_value_case",
          "status": "unknown"
        }
      ]
    },
    {
      "object_kind": "var",
      "config_addr": "module.common_resources_staging.module.organization.module.terraform_state_backend_organization_shared.var.logging",
      "status": "unknown",
      "objects": [
        {
          "object_addr": "module.common_resources_staging.module.organization.module.terraform_state_backend_organization_shared.var.logging",
          "status": "unknown"
        }
      ]
    },
    {
      "object_kind": "var",
      "config_addr": "module.common_resources_staging.module.webapp.module.terraform_state_backend_webapp_shared.module.replication_label.var.context",
      "status": "unknown",
      "objects": [
        {
          "object_addr": "module.common_resources_staging.module.webapp.module.terraform_state_backend_webapp_shared.module.replication_label.var.context",
          "status": "unknown"
        }
      ]
    },
    {
      "object_kind": "var",
      "config_addr": "module.common_resources_staging.module.slack.module.terraform_state_backend_slack_shared.module.replication_label.var.label_value_case",
      "status": "unknown",
      "objects": [
        {
          "object_addr": "module.common_resources_staging.module.slack.module.terraform_state_backend_slack_shared.module.replication_label.var.label_value_case",
          "status": "unknown"
        }
      ]
    },
    {
      "object_kind": "var",
      "config_addr": "module.common_resources_staging.module.team.module.terraform_state_backend_team_shared.module.this.var.label_key_case",
      "status": "unknown",
      "objects": [
        {
          "object_addr": "module.common_resources_staging.module.team.module.terraform_state_backend_team_shared.module.this.var.label_key_case",
          "status": "unknown"
        }
      ]
    },
    {
      "object_kind": "var",
      "config_addr": "module.common_resources_staging.module.azure_oneoff.module.terraform_state_backend_azure_oneoff.module.replication_label.var.context",
      "status": "unknown",
      "objects": [
        {
          "object_addr": "module.common_resources_staging.module.azure_oneoff.module.terraform_state_backend_azure_oneoff.module.replication_label.var.context",
          "status": "unknown"
        }
      ]
    }
  ]
}
