lockfileVersion: '9.0'

settings:
  autoInstallPeers: true
  excludeLinksFromLockfile: false

importers:

  .:
    dependencies:
      '@skedular/shared':
        specifier: workspace:*
        version: link:../../packages/shared
      '@skedular/ui':
        specifier: workspace:*
        version: link:../../packages/ui
    devDependencies:
      '@next/bundle-analyzer':
        specifier: ^16.2.7
        version: 16.2.7

packages:

  '@discoveryjs/json-ext@0.5.7':
    resolution: {integrity: sha512-dBVuXR082gk3jsFp7Rd/JI4kytwGHecnCoTtXFb7DB6CNHp4rg5k1bhg0nWdLGLnOV71lmDzGQaLMy8iPLY0pw==}
    engines: {node: '>=10.0.0'}

  '@next/bundle-analyzer@16.2.7':
    resolution: {integrity: sha512-Lh52e3gpnJQ8ZwBNsp54g/Czg1oqbx7bdZ9mEqHfI0VbtNMHCpneYNzKj6C+oW1JIeyjpmRSRGnhGOmi0SdNow==}

  '@polka/url@1.0.0-next.29':
    resolution: {integrity: sha512-wwQAWhWSuHaag8c4q/KN/vCoeOJYshAIvMQwD4GpSb3OiZklFfvAgmj0VCBBImRpuF/aFgIRzllXlVX93Jevww==}

  acorn-walk@8.3.5:
    resolution: {integrity: sha512-HEHNfbars9v4pgpW6SO1KSPkfoS0xVOM/9UzkJltjlsHZmJasxg8aXkuZa7SMf8vKGIBhpUsPluQSqhJFCqebw==}
    engines: {node: '>=0.4.0'}

  acorn@8.16.0:
    resolution: {integrity: sha512-UVJyE9MttOsBQIDKw1skb9nAwQuR5wuGD3+82K6JgJlm/Y+KI92oNsMNGZCYdDsVtRHSak0pcV5Dno5+4jh9sw==}
    engines: {node: '>=0.4.0'}
    hasBin: true

  commander@7.2.0:
    resolution: {integrity: sha512-QrWXB+ZQSVPmIWIhtEO9H+gwHaMGYiF5ChvoJ+K9ZGHG/sVsa6yiesAD1GC/x46sET00Xlwo1u49RVVVzvcSkw==}
    engines: {node: '>= 10'}

  debounce@1.2.1:
    resolution: {integrity: sha512-XRRe6Glud4rd/ZGQfiV1ruXSfbvfJedlV9Y6zOlP+2K04vBYiJEte6stfFkCP03aMnY5tsipamumUjL14fofug==}

  duplexer@0.1.2:
    resolution: {integrity: sha512-jtD6YG370ZCIi/9GTaJKQxWTZD045+4R4hTk/x1UyoqadyJ9x9CgSi1RlVDQF8U2sxLLSnFkCaMihqljHIWgMg==}

  escape-string-regexp@4.0.0:
    resolution: {integrity: sha512-TtpcNJ3XAzx3Gq8sWRzJaVajRs0uVxA2YAkdb1jm2YkPz4G6egUFAyA3n5vtEIZefPk5Wa4UXbKuS5fKkJWdgA==}
    engines: {node: '>=10'}

  gzip-size@6.0.0:
    resolution: {integrity: sha512-ax7ZYomf6jqPTQ4+XCpUGyXKHk5WweS+e05MBO4/y3WJ5RkmPXNKvX+bx1behVILVwr6JSQvZAku021CHPXG3Q==}
    engines: {node: '>=10'}

  html-escaper@2.0.2:
    resolution: {integrity: sha512-H2iMtd0I4Mt5eYiapRdIDjp+XzelXQ0tFE4JS7YFwFevXXMmOp9myNrUvCg0D6ws8iqkRPBfKHgbwig1SmlLfg==}

  is-plain-object@5.0.0:
    resolution: {integrity: sha512-VRSzKkbMm5jMDoKLbltAkFQ5Qr7VDiTFGXxYFXXowVj387GeGNOCsOH6Msy00SGZ3Fp84b1Naa1psqgcCIEP5Q==}
    engines: {node: '>=0.10.0'}

  mrmime@2.0.1:
    resolution: {integrity: sha512-Y3wQdFg2Va6etvQ5I82yUhGdsKrcYox6p7FfL1LbK2J4V01F9TGlepTIhnK24t7koZibmg82KGglhA1XK5IsLQ==}
    engines: {node: '>=10'}

  opener@1.5.2:
    resolution: {integrity: sha512-ur5UIdyw5Y7yEj9wLzhqXiy6GZ3Mwx0yGI+5sMn2r0N0v3cKJvUmFH5yPP+WXh9e0xfyzyJX95D8l088DNFj7A==}
    hasBin: true

  picocolors@1.1.1:
    resolution: {integrity: sha512-xceH2snhtb5M9liqDsmEw56le376mTZkEX/jEb/RxNFyegNul7eNslCXP9FDj/Lcu0X8KEyMceP2ntpaHrDEVA==}

  sirv@2.0.4:
    resolution: {integrity: sha512-94Bdh3cC2PKrbgSOUqTiGPWVZeSiXfKOVZNJniWoqrWrRkB1CJzBU3NEbiTsPcYy1lDsANA/THzS+9WBiy5nfQ==}
    engines: {node: '>= 10'}

  totalist@3.0.1:
    resolution: {integrity: sha512-sf4i37nQ2LBx4m3wB74y+ubopq6W/dIzXg0FDGjsYnZHVa1Da8FH853wlL2gtUhg+xJXjfk3kUZS3BRoQeoQBQ==}
    engines: {node: '>=6'}

  webpack-bundle-analyzer@4.10.1:
    resolution: {integrity: sha512-s3P7pgexgT/HTUSYgxJyn28A+99mmLq4HsJepMPzu0R8ImJc52QNqaFYW1Z2z2uIb1/J3eYgaAWVpaC+v/1aAQ==}
    engines: {node: '>= 10.13.0'}
    hasBin: true

  ws@7.5.11:
    resolution: {integrity: sha512-zS54Oen9bITtp7kp2XM3AydrCIq1D+HwJOuH+c+e4LfpL/lotP5osijd+UoMnxwAam1GN8R4KtLAyIrIcBNpiA==}
    engines: {node: '>=8.3.0'}
    peerDependencies:
      bufferutil: ^4.0.1
      utf-8-validate: ^5.0.2
    peerDependenciesMeta:
      bufferutil:
        optional: true
      utf-8-validate:
        optional: true

snapshots:

  '@discoveryjs/json-ext@0.5.7': {}

  '@next/bundle-analyzer@16.2.7':
    dependencies:
      webpack-bundle-analyzer: 4.10.1
    transitivePeerDependencies:
      - bufferutil
      - utf-8-validate

  '@polka/url@1.0.0-next.29': {}

  acorn-walk@8.3.5:
    dependencies:
      acorn: 8.16.0

  acorn@8.16.0: {}

  commander@7.2.0: {}

  debounce@1.2.1: {}

  duplexer@0.1.2: {}

  escape-string-regexp@4.0.0: {}

  gzip-size@6.0.0:
    dependencies:
      duplexer: 0.1.2

  html-escaper@2.0.2: {}

  is-plain-object@5.0.0: {}

  mrmime@2.0.1: {}

  opener@1.5.2: {}

  picocolors@1.1.1: {}

  sirv@2.0.4:
    dependencies:
      '@polka/url': 1.0.0-next.29
      mrmime: 2.0.1
      totalist: 3.0.1

  totalist@3.0.1: {}

  webpack-bundle-analyzer@4.10.1:
    dependencies:
      '@discoveryjs/json-ext': 0.5.7
      acorn: 8.16.0
      acorn-walk: 8.3.5
      commander: 7.2.0
      debounce: 1.2.1
      escape-string-regexp: 4.0.0
      gzip-size: 6.0.0
      html-escaper: 2.0.2
      is-plain-object: 5.0.0
      opener: 1.5.2
      picocolors: 1.1.1
      sirv: 2.0.4
      ws: 7.5.11
    transitivePeerDependencies:
      - bufferutil
      - utf-8-validate

  ws@7.5.11: {}
