{
  "version": 4,
  "terraform_version": "1.14.8",
  "serial": 2482,
  "lineage": "d72a9e2e-f76c-eded-5542-7cc5d6040d28",
  "outputs": {},
  "resources": [
    {
      "module": "module.common_resources_staging.module.aws_oneoff.module.terraform_state_backend_aws_oneoff",
      "mode": "data",
      "type": "aws_iam_policy_document",
      "name": "prevent_unencrypted_uploads",
      "provider": "provider[\"registry.terraform.io/hashicorp/aws\"]",
      "instances": [
        {
          "index_key": 0,
          "schema_version": 0,
          "attributes": {
            "id": "3220300648",
            "json": "{\n  \"Version\": \"2012-10-17\",\n  \"Statement\": [\n    {\n      \"Sid\": \"DenyIncorrectEncryptionHeader\",\n      \"Effect\": \"Deny\",\n      \"Action\": \"s3:PutObject\",\n      \"Resource\": \"arn:aws:s3:::unityhub-staging-aws-oneoff-terraform-state/*\",\n      \"Principal\": {\n        \"AWS\": \"*\"\n      },\n      \"Condition\": {\n        \"StringNotEquals\": {\n          \"s3:x-amz-server-side-encryption\": [\n            \"AES256\",\n            \"aws:kms\"\n          ]\n        }\n      }\n    },\n    {\n      \"Sid\": \"DenyUnEncryptedObjectUploads\",\n      \"Effect\": \"Deny\",\n      \"Action\": \"s3:PutObject\",\n      \"Resource\": \"arn:aws:s3:::unityhub-staging-aws-oneoff-terraform-state/*\",\n      \"Principal\": {\n        \"AWS\": \"*\"\n      },\n      \"Condition\": {\n        \"Null\": {\n          \"s3:x-amz-server-side-encryption\": \"true\"\n        }\n      }\n    },\n    {\n      \"Sid\": \"EnforceTlsRequestsOnly\",\n      \"Effect\": \"Deny\",\n      \"Action\": \"s3:*\",\n      \"Resource\": [\n        \"arn:aws:s3:::unityhub-staging-aws-oneoff-terraform-state/*\",\n        \"arn:aws:s3:::unityhub-staging-aws-oneoff-terraform-state\"\n      ],\n      \"Principal\": {\n        \"AWS\": \"*\"\n      },\n      \"Condition\": {\n        \"Bool\": {\n          \"aws:SecureTransport\": \"false\"\n        }\n      }\n    }\n  ]\n}",
            "minified_json": "{\"Version\":\"2012-10-17\",\"Statement\":[{\"Sid\":\"DenyIncorrectEncryptionHeader\",\"Effect\":\"Deny\",\"Action\":\"s3:PutObject\",\"Resource\":\"arn:aws:s3:::unityhub-staging-aws-oneoff-terraform-state/*\",\"Principal\":{\"AWS\":\"*\"},\"Condition\":{\"StringNotEquals\":{\"s3:x-amz-server-side-encryption\":[\"AES256\",\"aws:kms\"]}}},{\"Sid\":\"DenyUnEncryptedObjectUploads\",\"Effect\":\"Deny\",\"Action\":\"s3:PutObject\",\"Resource\":\"arn:aws:s3:::unityhub-staging-aws-oneoff-terraform-state/*\",\"Principal\":{\"AWS\":\"*\"},\"Condition\":{\"Null\":{\"s3:x-amz-server-side-encryption\":\"true\"}}},{\"Sid\":\"EnforceTlsRequestsOnly\",\"Effect\":\"Deny\",\"Action\":\"s3:*\",\"Resource\":[\"arn:aws:s3:::unityhub-staging-aws-oneoff-terraform-state/*\",\"arn:aws:s3:::unityhub-staging-aws-oneoff-terraform-state\"],\"Principal\":{\"AWS\":\"*\"},\"Condition\":{\"Bool\":{\"aws:SecureTransport\":\"false\"}}}]}",
            "override_json": null,
            "override_policy_documents": null,
            "policy_id": null,
            "source_json": null,
            "source_policy_documents": null,
            "statement": [
              {
                "actions": [
                  "s3:PutObject"
                ],
                "condition": [
                  {
                    "test": "StringNotEquals",
                    "values": [
                      "AES256",
                      "aws:kms"
                    ],
                    "variable": "s3:x-amz-server-side-encryption"
                  }
                ],
                "effect": "Deny",
                "not_actions": [],
                "not_principals": [],
                "not_resources": [],
                "principals": [
                  {
                    "identifiers": [
                      "*"
                    ],
                    "type": "AWS"
                  }
                ],
                "resources": [
                  "arn:aws:s3:::unityhub-staging-aws-oneoff-terraform-state/*"
                ],
                "sid": "DenyIncorrectEncryptionHeader"
              },
              {
                "actions": [
                  "s3:PutObject"
                ],
                "condition": [
                  {
                    "test": "Null",
                    "values": [
                      "true"
                    ],
                    "variable": "s3:x-amz-server-side-encryption"
                  }
                ],
                "effect": "Deny",
                "not_actions": [],
                "not_principals": [],
                "not_resources": [],
                "principals": [
                  {
                    "identifiers": [
                      "*"
                    ],
                    "type": "AWS"
                  }
                ],
                "resources": [
                  "arn:aws:s3:::unityhub-staging-aws-oneoff-terraform-state/*"
                ],
                "sid": "DenyUnEncryptedObjectUploads"
              },
              {
                "actions": [
                  "s3:*"
                ],
                "condition": [
                  {
                    "test": "Bool",
                    "values": [
                      "false"
                    ],
                    "variable": "aws:SecureTransport"
                  }
                ],
                "effect": "Deny",
                "not_actions": [],
                "not_principals": [],
                "not_resources": [],
                "principals": [
                  {
                    "identifiers": [
                      "*"
                    ],
                    "type": "AWS"
                  }
                ],
                "resources": [
                  "arn:aws:s3:::unityhub-staging-aws-oneoff-terraform-state",
                  "arn:aws:s3:::unityhub-staging-aws-oneoff-terraform-state/*"
                ],
                "sid": "EnforceTlsRequestsOnly"
              }
            ],
            "version": "2012-10-17"
          },
          "sensitive_attributes": [],
          "identity_schema_version": 0
        }
      ]
    },
    {
      "module": "module.common_resources_staging.module.aws_oneoff.module.terraform_state_backend_aws_oneoff",
      "mode": "data",
      "type": "aws_region",
      "name": "current",
      "provider": "provider[\"registry.terraform.io/hashicorp/aws\"]",
      "instances": [
        {
          "schema_version": 0,
          "attributes": {
            "description": "US East (N. Virginia)",
            "endpoint": "ec2.us-east-1.amazonaws.com",
            "id": "us-east-1",
            "name": "us-east-1",
            "region": "us-east-1"
          },
          "sensitive_attributes": [],
          "identity_schema_version": 0
        }
      ]
    },
    {
      "module": "module.common_resources_staging.module.aws_oneoff.module.terraform_state_backend_aws_oneoff",
      "mode": "managed",
      "type": "aws_dynamodb_table",
      "name": "with_server_side_encryption",
      "provider": "provider[\"registry.terraform.io/hashicorp/aws\"]",
      "instances": [
        {
          "index_key": 0,
          "schema_version": 1,
          "attributes": {
            "arn": "arn:aws:dynamodb:us-east-1:887311683230:table/unityhub-staging-aws-oneoff-terraform-state-lock",
            "attribute": [
              {
                "name": "LockID",
                "type": "S"
              }
            ],
            "billing_mode": "PAY_PER_REQUEST",
            "deletion_protection_enabled": false,
            "global_secondary_index": [],
            "global_table_witness": [],
            "hash_key": "LockID",
            "id": "unityhub-staging-aws-oneoff-terraform-state-lock",
            "import_table": [],
            "local_secondary_index": [],
            "name": "unityhub-staging-aws-oneoff-terraform-state-lock",
            "on_demand_throughput": [],
            "point_in_time_recovery": [
              {
                "enabled": true,
                "recovery_period_in_days": 35
              }
            ],
            "range_key": null,
            "read_capacity": 0,
            "region": "us-east-1",
            "replica": [],
            "restore_backup_arn": null,
            "restore_date_time": null,
            "restore_source_name": null,
            "restore_source_table_arn": null,
            "restore_to_latest_time": null,
            "server_side_encryption": [
              {
                "enabled": true,
                "kms_key_arn": ""
              }
            ],
            "stream_arn": "",
            "stream_enabled": false,
            "stream_label": "",
            "stream_view_type": "",
            "table_class": "STANDARD",
            "tags": {
              "Attributes": "terraform-state-lock",
              "Name": "unityhub-staging-aws-oneoff-terraform-state-lock",
              "Namespace": "unityhub",
              "Stage": "staging"
            },
            "tags_all": {
              "Attributes": "terraform-state-lock",
              "Name": "unityhub-staging-aws-oneoff-terraform-state-lock",
              "Namespace": "unityhub",
              "Stage": "staging"
            },
            "timeouts": null,
            "ttl": [
              {
                "attribute_name": "",
                "enabled": false
              }
            ],
            "warm_throughput": [],
            "write_capacity": 0
          },
          "sensitive_attributes": [],
          "identity_schema_version": 0,
          "identity": {
            "account_id": "887311683230",
            "name": "unityhub-staging-aws-oneoff-terraform-state-lock",
            "region": "us-east-1"
          },
          "private": "eyJlMmJmYjczMC1lY2FhLTExZTYtOGY4OC0zNDM2M2JjN2M0YzAiOnsiY3JlYXRlIjoxODAwMDAwMDAwMDAwLCJkZWxldGUiOjYwMDAwMDAwMDAwMCwidXBkYXRlIjozNjAwMDAwMDAwMDAwfSwic2NoZW1hX3ZlcnNpb24iOiIxIn0="
        }
      ]
    },
    {
      "module": "module.common_resources_staging.module.aws_oneoff.module.terraform_state_backend_aws_oneoff",
      "mode": "managed",
      "type": "aws_s3_bucket",
      "name": "default",
      "provider": "provider[\"registry.terraform.io/hashicorp/aws\"]",
      "instances": [
        {
          "index_key": 0,
          "schema_version": 0,
          "attributes": {
            "acceleration_status": "",
            "acl": null,
            "arn": "arn:aws:s3:::unityhub-staging-aws-oneoff-terraform-state",
            "bucket": "unityhub-staging-aws-oneoff-terraform-state",
            "bucket_domain_name": "unityhub-staging-aws-oneoff-terraform-state.s3.amazonaws.com",
            "bucket_namespace": "global",
            "bucket_prefix": "",
            "bucket_region": "us-east-1",
            "bucket_regional_domain_name": "unityhub-staging-aws-oneoff-terraform-state.s3.us-east-1.amazonaws.com",
            "cors_rule": [],
            "force_destroy": true,
            "grant": [
              {
                "id": "1e705be12a968dd63fd96aa2d89b9898fdbac29cae9cebb1a3874a1b02621739",
                "permissions": [
                  "FULL_CONTROL"
                ],
                "type": "CanonicalUser",
                "uri": ""
              }
            ],
            "hosted_zone_id": "Z3AQBSTGFYJSTF",
            "id": "unityhub-staging-aws-oneoff-terraform-state",
            "lifecycle_rule": [],
            "logging": [],
            "object_lock_configuration": [],
            "object_lock_enabled": false,
            "policy": "{\"Statement\":[{\"Action\":\"s3:PutObject\",\"Condition\":{\"StringNotEquals\":{\"s3:x-amz-server-side-encryption\":[\"AES256\",\"aws:kms\"]}},\"Effect\":\"Deny\",\"Principal\":{\"AWS\":\"*\"},\"Resource\":\"arn:aws:s3:::unityhub-staging-aws-oneoff-terraform-state/*\",\"Sid\":\"DenyIncorrectEncryptionHeader\"},{\"Action\":\"s3:PutObject\",\"Condition\":{\"Null\":{\"s3:x-amz-server-side-encryption\":\"true\"}},\"Effect\":\"Deny\",\"Principal\":{\"AWS\":\"*\"},\"Resource\":\"arn:aws:s3:::unityhub-staging-aws-oneoff-terraform-state/*\",\"Sid\":\"DenyUnEncryptedObjectUploads\"},{\"Action\":\"s3:*\",\"Condition\":{\"Bool\":{\"aws:SecureTransport\":\"false\"}},\"Effect\":\"Deny\",\"Principal\":{\"AWS\":\"*\"},\"Resource\":[\"arn:aws:s3:::unityhub-staging-aws-oneoff-terraform-state/*\",\"arn:aws:s3:::unityhub-staging-aws-oneoff-terraform-state\"],\"Sid\":\"EnforceTlsRequestsOnly\"}],\"Version\":\"2012-10-17\"}",
            "region": "us-east-1",
            "replication_configuration": [],
            "request_payer": "BucketOwner",
            "server_side_encryption_configuration": [
              {
                "rule": [
                  {
                    "apply_server_side_encryption_by_default": [
                      {
                        "kms_master_key_id": "",
                        "sse_algorithm": "AES256"
                      }
                    ],
                    "bucket_key_enabled": false
                  }
                ]
              }
            ],
            "tags": {
              "Attributes": "terraform-state",
              "Name": "unityhub-staging-aws-oneoff-terraform-state",
              "Namespace": "unityhub",
              "Stage": "staging"
            },
            "tags_all": {
              "Attributes": "terraform-state",
              "Name": "unityhub-staging-aws-oneoff-terraform-state",
              "Namespace": "unityhub",
              "Stage": "staging"
            },
            "timeouts": null,
            "versioning": [
              {
                "enabled": true,
                "mfa_delete": false
              }
            ],
            "website": [],
            "website_domain": null,
            "website_endpoint": null
          },
          "sensitive_attributes": [],
          "identity_schema_version": 0,
          "identity": {
            "account_id": "887311683230",
            "bucket": "unityhub-staging-aws-oneoff-terraform-state",
            "region": "us-east-1"
          },
          "private": "eyJlMmJmYjczMC1lY2FhLTExZTYtOGY4OC0zNDM2M2JjN2M0YzAiOnsiY3JlYXRlIjoxMjAwMDAwMDAwMDAwLCJkZWxldGUiOjM2MDAwMDAwMDAwMDAsInJlYWQiOjEyMDAwMDAwMDAwMDAsInVwZGF0ZSI6MTIwMDAwMDAwMDAwMH19"
        }
      ]
    },
    {
      "module": "module.common_resources_staging.module.aws_oneoff.module.terraform_state_backend_aws_oneoff",
      "mode": "managed",
      "type": "aws_s3_bucket_ownership_controls",
      "name": "default",
      "provider": "provider[\"registry.terraform.io/hashicorp/aws\"]",
      "instances": [
        {
          "index_key": 0,
          "schema_version": 0,
          "attributes": {
            "bucket": "unityhub-staging-aws-oneoff-terraform-state",
            "id": "unityhub-staging-aws-oneoff-terraform-state",
            "region": "us-east-1",
            "rule": [
              {
                "object_ownership": "BucketOwnerEnforced"
              }
            ]
          },
          "sensitive_attributes": [],
          "identity_schema_version": 0,
          "identity": {
            "account_id": "887311683230",
            "bucket": "unityhub-staging-aws-oneoff-terraform-state",
            "region": "us-east-1"
          },
          "private": "bnVsbA==",
          "dependencies": [
            "module.common_resources_staging.module.aws_oneoff.module.terraform_state_backend_aws_oneoff.aws_s3_bucket.default"
          ]
        }
      ]
    },
    {
      "module": "module.common_resources_staging.module.aws_oneoff.module.terraform_state_backend_aws_oneoff",
      "mode": "managed",
      "type": "aws_s3_bucket_policy",
      "name": "default",
      "provider": "provider[\"registry.terraform.io/hashicorp/aws\"]",
      "instances": [
        {
          "index_key": 0,
          "schema_version": 0,
          "attributes": {
            "bucket": "unityhub-staging-aws-oneoff-terraform-state",
            "id": "unityhub-staging-aws-oneoff-terraform-state",
            "policy": "{\"Statement\":[{\"Action\":\"s3:PutObject\",\"Condition\":{\"StringNotEquals\":{\"s3:x-amz-server-side-encryption\":[\"AES256\",\"aws:kms\"]}},\"Effect\":\"Deny\",\"Principal\":{\"AWS\":\"*\"},\"Resource\":\"arn:aws:s3:::unityhub-staging-aws-oneoff-terraform-state/*\",\"Sid\":\"DenyIncorrectEncryptionHeader\"},{\"Action\":\"s3:PutObject\",\"Condition\":{\"Null\":{\"s3:x-amz-server-side-encryption\":\"true\"}},\"Effect\":\"Deny\",\"Principal\":{\"AWS\":\"*\"},\"Resource\":\"arn:aws:s3:::unityhub-staging-aws-oneoff-terraform-state/*\",\"Sid\":\"DenyUnEncryptedObjectUploads\"},{\"Action\":\"s3:*\",\"Condition\":{\"Bool\":{\"aws:SecureTransport\":\"false\"}},\"Effect\":\"Deny\",\"Principal\":{\"AWS\":\"*\"},\"Resource\":[\"arn:aws:s3:::unityhub-staging-aws-oneoff-terraform-state/*\",\"arn:aws:s3:::unityhub-staging-aws-oneoff-terraform-state\"],\"Sid\":\"EnforceTlsRequestsOnly\"}],\"Version\":\"2012-10-17\"}",
            "region": "us-east-1"
          },
          "sensitive_attributes": [],
          "identity_schema_version": 0,
          "identity": {
            "account_id": "887311683230",
            "bucket": "unityhub-staging-aws-oneoff-terraform-state",
            "region": "us-east-1"
          },
          "private": "bnVsbA==",
          "dependencies": [
            "module.common_resources_staging.module.aws_oneoff.module.terraform_state_backend_aws_oneoff.aws_s3_bucket.default",
            "module.common_resources_staging.module.aws_oneoff.module.terraform_state_backend_aws_oneoff.data.aws_iam_policy_document.prevent_unencrypted_uploads"
          ]
        }
      ]
    },
    {
      "module": "module.common_resources_staging.module.aws_oneoff.module.terraform_state_backend_aws_oneoff",
      "mode": "managed",
      "type": "aws_s3_bucket_public_access_block",
      "name": "default",
      "provider": "provider[\"registry.terraform.io/hashicorp/aws\"]",
      "instances": [
        {
          "index_key": 0,
          "schema_version": 0,
          "attributes": {
            "block_public_acls": true,
            "block_public_policy": true,
            "bucket": "unityhub-staging-aws-oneoff-terraform-state",
            "id": "unityhub-staging-aws-oneoff-terraform-state",
            "ignore_public_acls": true,
            "region": "us-east-1",
            "restrict_public_buckets": true,
            "skip_destroy": null
          },
          "sensitive_attributes": [],
          "identity_schema_version": 0,
          "identity": {
            "account_id": "887311683230",
            "bucket": "unityhub-staging-aws-oneoff-terraform-state",
            "region": "us-east-1"
          },
          "private": "bnVsbA==",
          "dependencies": [
            "module.common_resources_staging.module.aws_oneoff.module.terraform_state_backend_aws_oneoff.aws_s3_bucket.default"
          ]
        }
      ]
    },
    {
      "module": "module.common_resources_staging.module.aws_oneoff.module.terraform_state_backend_aws_oneoff",
      "mode": "managed",
      "type": "aws_s3_bucket_server_side_encryption_configuration",
      "name": "default",
      "provider": "provider[\"registry.terraform.io/hashicorp/aws\"]",
      "instances": [
        {
          "index_key": 0,
          "schema_version": 0,
          "attributes": {
            "bucket": "unityhub-staging-aws-oneoff-terraform-state",
            "expected_bucket_owner": "",
            "id": "unityhub-staging-aws-oneoff-terraform-state",
            "region": "us-east-1",
            "rule": [
              {
                "apply_server_side_encryption_by_default": [
                  {
                    "kms_master_key_id": "",
                    "sse_algorithm": "AES256"
                  }
                ],
                "blocked_encryption_types": [
                  "NONE"
                ],
                "bucket_key_enabled": false
              }
            ]
          },
          "sensitive_attributes": [],
          "identity_schema_version": 1,
          "identity": {
            "account_id": "887311683230",
            "bucket": "unityhub-staging-aws-oneoff-terraform-state",
            "region": "us-east-1"
          },
          "private": "bnVsbA==",
          "dependencies": [
            "module.common_resources_staging.module.aws_oneoff.module.terraform_state_backend_aws_oneoff.aws_s3_bucket.default"
          ]
        }
      ]
    },
    {
      "module": "module.common_resources_staging.module.aws_oneoff.module.terraform_state_backend_aws_oneoff",
      "mode": "managed",
      "type": "aws_s3_bucket_versioning",
      "name": "default",
      "provider": "provider[\"registry.terraform.io/hashicorp/aws\"]",
      "instances": [
        {
          "index_key": 0,
          "schema_version": 0,
          "attributes": {
            "bucket": "unityhub-staging-aws-oneoff-terraform-state",
            "expected_bucket_owner": "",
            "id": "unityhub-staging-aws-oneoff-terraform-state",
            "mfa": null,
            "region": "us-east-1",
            "versioning_configuration": [
              {
                "mfa_delete": "Disabled",
                "status": "Enabled"
              }
            ]
          },
          "sensitive_attributes": [],
          "identity_schema_version": 1,
          "identity": {
            "account_id": "887311683230",
            "bucket": "unityhub-staging-aws-oneoff-terraform-state",
            "region": "us-east-1"
          },
          "private": "bnVsbA==",
          "dependencies": [
            "module.common_resources_staging.module.aws_oneoff.module.terraform_state_backend_aws_oneoff.aws_s3_bucket.default"
          ]
        }
      ]
    },
    {
      "module": "module.common_resources_staging.module.aws_oneoff.module.terraform_state_backend_aws_oneoff",
      "mode": "managed",
      "type": "local_file",
      "name": "terraform_backend_config",
      "provider": "provider[\"registry.terraform.io/hashicorp/local\"]",
      "instances": [
        {
          "index_key": 0,
          "schema_version": 0,
          "attributes": {
            "content": "terraform {\n  required_version = \"\u003e= 1.0.0\"\n\n  backend \"s3\" {\n    region         = \"us-east-1\"\n    bucket         = \"unityhub-staging-aws-oneoff-terraform-state\"\n    key            = \"terraform.tfstate\"\n    dynamodb_table = \"unityhub-staging-aws-oneoff-terraform-state-lock\"\n    profile        = \"\"\n    role_arn       = \"\"\n    encrypt        = \"true\"\n  }\n}\n",
            "content_base64": null,
            "content_base64sha256": "Ww4+d2ssluESI2LYf3YhTPyvT7dOlahtswG7xPDt6SA=",
            "content_base64sha512": "AU4kJNOqlHBOXKOHR5N0w1vh5HXi57TpuJ0i3xba8z6JhgI0cTeX/DrONZyMhi/XlzsfiWM2HlkxW05id7zsuQ==",
            "content_md5": "8e5dc307762409d9d606738588466d71",
            "content_sha1": "fc16442343492bee81ccc1b0ad252b77cb97827e",
            "content_sha256": "5b0e3e776b2c96e1122362d87f76214cfcaf4fb74e95a86db301bbc4f0ede920",
            "content_sha512": "014e2424d3aa94704e5ca387479374c35be1e475e2e7b4e9b89d22df16daf33e89860234713797fc3ace359c8c862fd7973b1f8963361e59315b4e6277bcecb9",
            "directory_permission": "0777",
            "file_permission": "0644",
            "filename": "./backend/backend_aws_oneoff.tf",
            "id": "fc16442343492bee81ccc1b0ad252b77cb97827e",
            "sensitive_content": null,
            "source": null
          },
          "sensitive_attributes": [
            [
              {
                "type": "get_attr",
                "value": "sensitive_content"
              }
            ]
          ],
          "identity_schema_version": 0,
          "dependencies": [
            "module.common_resources_staging.module.aws_oneoff.module.terraform_state_backend_aws_oneoff.aws_dynamodb_table.with_server_side_encryption",
            "module.common_resources_staging.module.aws_oneoff.module.terraform_state_backend_aws_oneoff.aws_s3_bucket.default",
            "module.common_resources_staging.module.aws_oneoff.module.terraform_state_backend_aws_oneoff.data.aws_region.current"
          ]
        }
      ]
    },
    {
      "module": "module.common_resources_staging.module.azure_oneoff.module.terraform_state_backend_azure_oneoff",
      "mode": "data",
      "type": "aws_iam_policy_document",
      "name": "prevent_unencrypted_uploads",
      "provider": "provider[\"registry.terraform.io/hashicorp/aws\"]",
      "instances": [
        {
          "index_key": 0,
          "schema_version": 0,
          "attributes": {
            "id": "3119875539",
            "json": "{\n  \"Version\": \"2012-10-17\",\n  \"Statement\": [\n    {\n      \"Sid\": \"DenyIncorrectEncryptionHeader\",\n      \"Effect\": \"Deny\",\n      \"Action\": \"s3:PutObject\",\n      \"Resource\": \"arn:aws:s3:::unityhub-staging-azure-oneoff-terraform-state/*\",\n      \"Principal\": {\n        \"AWS\": \"*\"\n      },\n      \"Condition\": {\n        \"StringNotEquals\": {\n          \"s3:x-amz-server-side-encryption\": [\n            \"AES256\",\n            \"aws:kms\"\n          ]\n        }\n      }\n    },\n    {\n      \"Sid\": \"DenyUnEncryptedObjectUploads\",\n      \"Effect\": \"Deny\",\n      \"Action\": \"s3:PutObject\",\n      \"Resource\": \"arn:aws:s3:::unityhub-staging-azure-oneoff-terraform-state/*\",\n      \"Principal\": {\n        \"AWS\": \"*\"\n      },\n      \"Condition\": {\n        \"Null\": {\n          \"s3:x-amz-server-side-encryption\": \"true\"\n        }\n      }\n    },\n    {\n      \"Sid\": \"EnforceTlsRequestsOnly\",\n      \"Effect\": \"Deny\",\n      \"Action\": \"s3:*\",\n      \"Resource\": [\n        \"arn:aws:s3:::unityhub-staging-azure-oneoff-terraform-state/*\",\n        \"arn:aws:s3:::unityhub-staging-azure-oneoff-terraform-state\"\n      ],\n      \"Principal\": {\n        \"AWS\": \"*\"\n      },\n      \"Condition\": {\n        \"Bool\": {\n          \"aws:SecureTransport\": \"false\"\n        }\n      }\n    }\n  ]\n}",
            "minified_json": "{\"Version\":\"2012-10-17\",\"Statement\":[{\"Sid\":\"DenyIncorrectEncryptionHeader\",\"Effect\":\"Deny\",\"Action\":\"s3:PutObject\",\"Resource\":\"arn:aws:s3:::unityhub-staging-azure-oneoff-terraform-state/*\",\"Principal\":{\"AWS\":\"*\"},\"Condition\":{\"StringNotEquals\":{\"s3:x-amz-server-side-encryption\":[\"AES256\",\"aws:kms\"]}}},{\"Sid\":\"DenyUnEncryptedObjectUploads\",\"Effect\":\"Deny\",\"Action\":\"s3:PutObject\",\"Resource\":\"arn:aws:s3:::unityhub-staging-azure-oneoff-terraform-state/*\",\"Principal\":{\"AWS\":\"*\"},\"Condition\":{\"Null\":{\"s3:x-amz-server-side-encryption\":\"true\"}}},{\"Sid\":\"EnforceTlsRequestsOnly\",\"Effect\":\"Deny\",\"Action\":\"s3:*\",\"Resource\":[\"arn:aws:s3:::unityhub-staging-azure-oneoff-terraform-state/*\",\"arn:aws:s3:::unityhub-staging-azure-oneoff-terraform-state\"],\"Principal\":{\"AWS\":\"*\"},\"Condition\":{\"Bool\":{\"aws:SecureTransport\":\"false\"}}}]}",
            "override_json": null,
            "override_policy_documents": null,
            "policy_id": null,
            "source_json": null,
            "source_policy_documents": null,
            "statement": [
              {
                "actions": [
                  "s3:PutObject"
                ],
                "condition": [
                  {
                    "test": "StringNotEquals",
                    "values": [
                      "AES256",
                      "aws:kms"
                    ],
                    "variable": "s3:x-amz-server-side-encryption"
                  }
                ],
                "effect": "Deny",
                "not_actions": [],
                "not_principals": [],
                "not_resources": [],
                "principals": [
                  {
                    "identifiers": [
                      "*"
                    ],
                    "type": "AWS"
                  }
                ],
                "resources": [
                  "arn:aws:s3:::unityhub-staging-azure-oneoff-terraform-state/*"
                ],
                "sid": "DenyIncorrectEncryptionHeader"
              },
              {
                "actions": [
                  "s3:PutObject"
                ],
                "condition": [
                  {
                    "test": "Null",
                    "values": [
                      "true"
                    ],
                    "variable": "s3:x-amz-server-side-encryption"
                  }
                ],
                "effect": "Deny",
                "not_actions": [],
                "not_principals": [],
                "not_resources": [],
                "principals": [
                  {
                    "identifiers": [
                      "*"
                    ],
                    "type": "AWS"
                  }
                ],
                "resources": [
                  "arn:aws:s3:::unityhub-staging-azure-oneoff-terraform-state/*"
                ],
                "sid": "DenyUnEncryptedObjectUploads"
              },
              {
                "actions": [
                  "s3:*"
                ],
                "condition": [
                  {
                    "test": "Bool",
                    "values": [
                      "false"
                    ],
                    "variable": "aws:SecureTransport"
                  }
                ],
                "effect": "Deny",
                "not_actions": [],
                "not_principals": [],
                "not_resources": [],
                "principals": [
                  {
                    "identifiers": [
                      "*"
                    ],
                    "type": "AWS"
                  }
                ],
                "resources": [
                  "arn:aws:s3:::unityhub-staging-azure-oneoff-terraform-state",
                  "arn:aws:s3:::unityhub-staging-azure-oneoff-terraform-state/*"
                ],
                "sid": "EnforceTlsRequestsOnly"
              }
            ],
            "version": "2012-10-17"
          },
          "sensitive_attributes": [],
          "identity_schema_version": 0
        }
      ]
    },
    {
      "module": "module.common_resources_staging.module.azure_oneoff.module.terraform_state_backend_azure_oneoff",
      "mode": "data",
      "type": "aws_region",
      "name": "current",
      "provider": "provider[\"registry.terraform.io/hashicorp/aws\"]",
      "instances": [
        {
          "schema_version": 0,
          "attributes": {
            "description": "US East (N. Virginia)",
            "endpoint": "ec2.us-east-1.amazonaws.com",
            "id": "us-east-1",
            "name": "us-east-1",
            "region": "us-east-1"
          },
          "sensitive_attributes": [],
          "identity_schema_version": 0
        }
      ]
    },
    {
      "module": "module.common_resources_staging.module.azure_oneoff.module.terraform_state_backend_azure_oneoff",
      "mode": "managed",
      "type": "aws_dynamodb_table",
      "name": "with_server_side_encryption",
      "provider": "provider[\"registry.terraform.io/hashicorp/aws\"]",
      "instances": [
        {
          "index_key": 0,
          "schema_version": 1,
          "attributes": {
            "arn": "arn:aws:dynamodb:us-east-1:887311683230:table/unityhub-staging-azure-oneoff-terraform-state-lock",
            "attribute": [
              {
                "name": "LockID",
                "type": "S"
              }
            ],
            "billing_mode": "PAY_PER_REQUEST",
            "deletion_protection_enabled": false,
            "global_secondary_index": [],
            "global_table_witness": [],
            "hash_key": "LockID",
            "id": "unityhub-staging-azure-oneoff-terraform-state-lock",
            "import_table": [],
            "local_secondary_index": [],
            "name": "unityhub-staging-azure-oneoff-terraform-state-lock",
            "on_demand_throughput": [],
            "point_in_time_recovery": [
              {
                "enabled": true,
                "recovery_period_in_days": 35
              }
            ],
            "range_key": null,
            "read_capacity": 0,
            "region": "us-east-1",
            "replica": [],
            "restore_backup_arn": null,
            "restore_date_time": null,
            "restore_source_name": null,
            "restore_source_table_arn": null,
            "restore_to_latest_time": null,
            "server_side_encryption": [
              {
                "enabled": true,
                "kms_key_arn": ""
              }
            ],
            "stream_arn": "",
            "stream_enabled": false,
            "stream_label": "",
            "stream_view_type": "",
            "table_class": "STANDARD",
            "tags": {
              "Attributes": "terraform-state-lock",
              "Name": "unityhub-staging-azure-oneoff-terraform-state-lock",
              "Namespace": "unityhub",
              "Stage": "staging"
            },
            "tags_all": {
              "Attributes": "terraform-state-lock",
              "Name": "unityhub-staging-azure-oneoff-terraform-state-lock",
              "Namespace": "unityhub",
              "Stage": "staging"
            },
            "timeouts": null,
            "ttl": [
              {
                "attribute_name": "",
                "enabled": false
              }
            ],
            "warm_throughput": [],
            "write_capacity": 0
          },
          "sensitive_attributes": [],
          "identity_schema_version": 0,
          "identity": {
            "account_id": "887311683230",
            "name": "unityhub-staging-azure-oneoff-terraform-state-lock",
            "region": "us-east-1"
          },
          "private": "eyJlMmJmYjczMC1lY2FhLTExZTYtOGY4OC0zNDM2M2JjN2M0YzAiOnsiY3JlYXRlIjoxODAwMDAwMDAwMDAwLCJkZWxldGUiOjYwMDAwMDAwMDAwMCwidXBkYXRlIjozNjAwMDAwMDAwMDAwfSwic2NoZW1hX3ZlcnNpb24iOiIxIn0="
        }
      ]
    },
    {
      "module": "module.common_resources_staging.module.azure_oneoff.module.terraform_state_backend_azure_oneoff",
      "mode": "managed",
      "type": "aws_s3_bucket",
      "name": "default",
      "provider": "provider[\"registry.terraform.io/hashicorp/aws\"]",
      "instances": [
        {
          "index_key": 0,
          "schema_version": 0,
          "attributes": {
            "acceleration_status": "",
            "acl": null,
            "arn": "arn:aws:s3:::unityhub-staging-azure-oneoff-terraform-state",
            "bucket": "unityhub-staging-azure-oneoff-terraform-state",
            "bucket_domain_name": "unityhub-staging-azure-oneoff-terraform-state.s3.amazonaws.com",
            "bucket_namespace": "global",
            "bucket_prefix": "",
            "bucket_region": "us-east-1",
            "bucket_regional_domain_name": "unityhub-staging-azure-oneoff-terraform-state.s3.us-east-1.amazonaws.com",
            "cors_rule": [],
            "force_destroy": true,
            "grant": [
              {
                "id": "1e705be12a968dd63fd96aa2d89b9898fdbac29cae9cebb1a3874a1b02621739",
                "permissions": [
                  "FULL_CONTROL"
                ],
                "type": "CanonicalUser",
                "uri": ""
              }
            ],
            "hosted_zone_id": "Z3AQBSTGFYJSTF",
            "id": "unityhub-staging-azure-oneoff-terraform-state",
            "lifecycle_rule": [],
            "logging": [],
            "object_lock_configuration": [],
            "object_lock_enabled": false,
            "policy": "{\"Statement\":[{\"Action\":\"s3:PutObject\",\"Condition\":{\"StringNotEquals\":{\"s3:x-amz-server-side-encryption\":[\"AES256\",\"aws:kms\"]}},\"Effect\":\"Deny\",\"Principal\":{\"AWS\":\"*\"},\"Resource\":\"arn:aws:s3:::unityhub-staging-azure-oneoff-terraform-state/*\",\"Sid\":\"DenyIncorrectEncryptionHeader\"},{\"Action\":\"s3:PutObject\",\"Condition\":{\"Null\":{\"s3:x-amz-server-side-encryption\":\"true\"}},\"Effect\":\"Deny\",\"Principal\":{\"AWS\":\"*\"},\"Resource\":\"arn:aws:s3:::unityhub-staging-azure-oneoff-terraform-state/*\",\"Sid\":\"DenyUnEncryptedObjectUploads\"},{\"Action\":\"s3:*\",\"Condition\":{\"Bool\":{\"aws:SecureTransport\":\"false\"}},\"Effect\":\"Deny\",\"Principal\":{\"AWS\":\"*\"},\"Resource\":[\"arn:aws:s3:::unityhub-staging-azure-oneoff-terraform-state/*\",\"arn:aws:s3:::unityhub-staging-azure-oneoff-terraform-state\"],\"Sid\":\"EnforceTlsRequestsOnly\"}],\"Version\":\"2012-10-17\"}",
            "region": "us-east-1",
            "replication_configuration": [],
            "request_payer": "BucketOwner",
            "server_side_encryption_configuration": [
              {
                "rule": [
                  {
                    "apply_server_side_encryption_by_default": [
                      {
                        "kms_master_key_id": "",
                        "sse_algorithm": "AES256"
                      }
                    ],
                    "bucket_key_enabled": false
                  }
                ]
              }
            ],
            "tags": {
              "Attributes": "terraform-state",
              "Name": "unityhub-staging-azure-oneoff-terraform-state",
              "Namespace": "unityhub",
              "Stage": "staging"
            },
            "tags_all": {
              "Attributes": "terraform-state",
              "Name": "unityhub-staging-azure-oneoff-terraform-state",
              "Namespace": "unityhub",
              "Stage": "staging"
            },
            "timeouts": null,
            "versioning": [
              {
                "enabled": true,
                "mfa_delete": false
              }
            ],
            "website": [],
            "website_domain": null,
            "website_endpoint": null
          },
          "sensitive_attributes": [],
          "identity_schema_version": 0,
          "identity": {
            "account_id": "887311683230",
            "bucket": "unityhub-staging-azure-oneoff-terraform-state",
            "region": "us-east-1"
          },
          "private": "eyJlMmJmYjczMC1lY2FhLTExZTYtOGY4OC0zNDM2M2JjN2M0YzAiOnsiY3JlYXRlIjoxMjAwMDAwMDAwMDAwLCJkZWxldGUiOjM2MDAwMDAwMDAwMDAsInJlYWQiOjEyMDAwMDAwMDAwMDAsInVwZGF0ZSI6MTIwMDAwMDAwMDAwMH19"
        }
      ]
    },
    {
      "module": "module.common_resources_staging.module.azure_oneoff.module.terraform_state_backend_azure_oneoff",
      "mode": "managed",
      "type": "aws_s3_bucket_ownership_controls",
      "name": "default",
      "provider": "provider[\"registry.terraform.io/hashicorp/aws\"]",
      "instances": [
        {
          "index_key": 0,
          "schema_version": 0,
          "attributes": {
            "bucket": "unityhub-staging-azure-oneoff-terraform-state",
            "id": "unityhub-staging-azure-oneoff-terraform-state",
            "region": "us-east-1",
            "rule": [
              {
                "object_ownership": "BucketOwnerEnforced"
              }
            ]
          },
          "sensitive_attributes": [],
          "identity_schema_version": 0,
          "identity": {
            "account_id": "887311683230",
            "bucket": "unityhub-staging-azure-oneoff-terraform-state",
            "region": "us-east-1"
          },
          "private": "bnVsbA==",
          "dependencies": [
            "module.common_resources_staging.module.azure_oneoff.module.terraform_state_backend_azure_oneoff.aws_s3_bucket.default"
          ]
        }
      ]
    },
    {
      "module": "module.common_resources_staging.module.azure_oneoff.module.terraform_state_backend_azure_oneoff",
      "mode": "managed",
      "type": "aws_s3_bucket_policy",
      "name": "default",
      "provider": "provider[\"registry.terraform.io/hashicorp/aws\"]",
      "instances": [
        {
          "index_key": 0,
          "schema_version": 0,
          "attributes": {
            "bucket": "unityhub-staging-azure-oneoff-terraform-state",
            "id": "unityhub-staging-azure-oneoff-terraform-state",
            "policy": "{\"Statement\":[{\"Action\":\"s3:PutObject\",\"Condition\":{\"StringNotEquals\":{\"s3:x-amz-server-side-encryption\":[\"AES256\",\"aws:kms\"]}},\"Effect\":\"Deny\",\"Principal\":{\"AWS\":\"*\"},\"Resource\":\"arn:aws:s3:::unityhub-staging-azure-oneoff-terraform-state/*\",\"Sid\":\"DenyIncorrectEncryptionHeader\"},{\"Action\":\"s3:PutObject\",\"Condition\":{\"Null\":{\"s3:x-amz-server-side-encryption\":\"true\"}},\"Effect\":\"Deny\",\"Principal\":{\"AWS\":\"*\"},\"Resource\":\"arn:aws:s3:::unityhub-staging-azure-oneoff-terraform-state/*\",\"Sid\":\"DenyUnEncryptedObjectUploads\"},{\"Action\":\"s3:*\",\"Condition\":{\"Bool\":{\"aws:SecureTransport\":\"false\"}},\"Effect\":\"Deny\",\"Principal\":{\"AWS\":\"*\"},\"Resource\":[\"arn:aws:s3:::unityhub-staging-azure-oneoff-terraform-state/*\",\"arn:aws:s3:::unityhub-staging-azure-oneoff-terraform-state\"],\"Sid\":\"EnforceTlsRequestsOnly\"}],\"Version\":\"2012-10-17\"}",
            "region": "us-east-1"
          },
          "sensitive_attributes": [],
          "identity_schema_version": 0,
          "identity": {
            "account_id": "887311683230",
            "bucket": "unityhub-staging-azure-oneoff-terraform-state",
            "region": "us-east-1"
          },
          "private": "bnVsbA==",
          "dependencies": [
            "module.common_resources_staging.module.azure_oneoff.module.terraform_state_backend_azure_oneoff.aws_s3_bucket.default",
            "module.common_resources_staging.module.azure_oneoff.module.terraform_state_backend_azure_oneoff.data.aws_iam_policy_document.prevent_unencrypted_uploads"
          ]
        }
      ]
    },
    {
      "module": "module.common_resources_staging.module.azure_oneoff.module.terraform_state_backend_azure_oneoff",
      "mode": "managed",
      "type": "aws_s3_bucket_public_access_block",
      "name": "default",
      "provider": "provider[\"registry.terraform.io/hashicorp/aws\"]",
      "instances": [
        {
          "index_key": 0,
          "schema_version": 0,
          "attributes": {
            "block_public_acls": true,
            "block_public_policy": true,
            "bucket": "unityhub-staging-azure-oneoff-terraform-state",
            "id": "unityhub-staging-azure-oneoff-terraform-state",
            "ignore_public_acls": true,
            "region": "us-east-1",
            "restrict_public_buckets": true,
            "skip_destroy": null
          },
          "sensitive_attributes": [],
          "identity_schema_version": 0,
          "identity": {
            "account_id": "887311683230",
            "bucket": "unityhub-staging-azure-oneoff-terraform-state",
            "region": "us-east-1"
          },
          "private": "bnVsbA==",
          "dependencies": [
            "module.common_resources_staging.module.azure_oneoff.module.terraform_state_backend_azure_oneoff.aws_s3_bucket.default"
          ]
        }
      ]
    },
    {
      "module": "module.common_resources_staging.module.azure_oneoff.module.terraform_state_backend_azure_oneoff",
      "mode": "managed",
      "type": "aws_s3_bucket_server_side_encryption_configuration",
      "name": "default",
      "provider": "provider[\"registry.terraform.io/hashicorp/aws\"]",
      "instances": [
        {
          "index_key": 0,
          "schema_version": 0,
          "attributes": {
            "bucket": "unityhub-staging-azure-oneoff-terraform-state",
            "expected_bucket_owner": "",
            "id": "unityhub-staging-azure-oneoff-terraform-state",
            "region": "us-east-1",
            "rule": [
              {
                "apply_server_side_encryption_by_default": [
                  {
                    "kms_master_key_id": "",
                    "sse_algorithm": "AES256"
                  }
                ],
                "blocked_encryption_types": [
                  "NONE"
                ],
                "bucket_key_enabled": false
              }
            ]
          },
          "sensitive_attributes": [],
          "identity_schema_version": 1,
          "identity": {
            "account_id": "887311683230",
            "bucket": "unityhub-staging-azure-oneoff-terraform-state",
            "region": "us-east-1"
          },
          "private": "bnVsbA==",
          "dependencies": [
            "module.common_resources_staging.module.azure_oneoff.module.terraform_state_backend_azure_oneoff.aws_s3_bucket.default"
          ]
        }
      ]
    },
    {
      "module": "module.common_resources_staging.module.azure_oneoff.module.terraform_state_backend_azure_oneoff",
      "mode": "managed",
      "type": "aws_s3_bucket_versioning",
      "name": "default",
      "provider": "provider[\"registry.terraform.io/hashicorp/aws\"]",
      "instances": [
        {
          "index_key": 0,
          "schema_version": 0,
          "attributes": {
            "bucket": "unityhub-staging-azure-oneoff-terraform-state",
            "expected_bucket_owner": "",
            "id": "unityhub-staging-azure-oneoff-terraform-state",
            "mfa": null,
            "region": "us-east-1",
            "versioning_configuration": [
              {
                "mfa_delete": "Disabled",
                "status": "Enabled"
              }
            ]
          },
          "sensitive_attributes": [],
          "identity_schema_version": 1,
          "identity": {
            "account_id": "887311683230",
            "bucket": "unityhub-staging-azure-oneoff-terraform-state",
            "region": "us-east-1"
          },
          "private": "bnVsbA==",
          "dependencies": [
            "module.common_resources_staging.module.azure_oneoff.module.terraform_state_backend_azure_oneoff.aws_s3_bucket.default"
          ]
        }
      ]
    },
    {
      "module": "module.common_resources_staging.module.azure_oneoff.module.terraform_state_backend_azure_oneoff",
      "mode": "managed",
      "type": "local_file",
      "name": "terraform_backend_config",
      "provider": "provider[\"registry.terraform.io/hashicorp/local\"]",
      "instances": [
        {
          "index_key": 0,
          "schema_version": 0,
          "attributes": {
            "content": "terraform {\n  required_version = \"\u003e= 1.0.0\"\n\n  backend \"s3\" {\n    region         = \"us-east-1\"\n    bucket         = \"unityhub-staging-azure-oneoff-terraform-state\"\n    key            = \"terraform.tfstate\"\n    dynamodb_table = \"unityhub-staging-azure-oneoff-terraform-state-lock\"\n    profile        = \"\"\n    role_arn       = \"\"\n    encrypt        = \"true\"\n  }\n}\n",
            "content_base64": null,
            "content_base64sha256": "TOUhjPAqK3h0FXDY14CMP5o+z5kk+xWECuIsJO3TnwU=",
            "content_base64sha512": "QW5jOT8hoztWKZWmyub1cu/TA26t0V0370cdSj2b9O6ahIuHqbuzD00cxZm826BC8/WddP1IYDMAGz2FkUifLQ==",
            "content_md5": "9decee1f1639514f43363d74eedbc47b",
            "content_sha1": "e58ec598f597e5a7f582f42d941a7186dacf46bf",
            "content_sha256": "4ce5218cf02a2b78741570d8d7808c3f9a3ecf9924fb15840ae22c24edd39f05",
            "content_sha512": "416e63393f21a33b562995a6cae6f572efd3036eadd15d37ef471d4a3d9bf4ee9a848b87a9bbb30f4d1cc599bcdba042f3f59d74fd486033001b3d8591489f2d",
            "directory_permission": "0777",
            "file_permission": "0644",
            "filename": "./backend/backend_azure_oneoff.tf",
            "id": "e58ec598f597e5a7f582f42d941a7186dacf46bf",
            "sensitive_content": null,
            "source": null
          },
          "sensitive_attributes": [
            [
              {
                "type": "get_attr",
                "value": "sensitive_content"
              }
            ]
          ],
          "identity_schema_version": 0,
          "dependencies": [
            "module.common_resources_staging.module.azure_oneoff.module.terraform_state_backend_azure_oneoff.aws_dynamodb_table.with_server_side_encryption",
            "module.common_resources_staging.module.azure_oneoff.module.terraform_state_backend_azure_oneoff.aws_s3_bucket.default",
            "module.common_resources_staging.module.azure_oneoff.module.terraform_state_backend_azure_oneoff.data.aws_region.current"
          ]
        }
      ]
    },
    {
      "module": "module.common_resources_staging.module.booking.module.terraform_state_backend_booking_shared",
      "mode": "data",
      "type": "aws_iam_policy_document",
      "name": "prevent_unencrypted_uploads",
      "provider": "provider[\"registry.terraform.io/hashicorp/aws\"]",
      "instances": [
        {
          "index_key": 0,
          "schema_version": 0,
          "attributes": {
            "id": "4136759025",
            "json": "{\n  \"Version\": \"2012-10-17\",\n  \"Statement\": [\n    {\n      \"Sid\": \"DenyIncorrectEncryptionHeader\",\n      \"Effect\": \"Deny\",\n      \"Action\": \"s3:PutObject\",\n      \"Resource\": \"arn:aws:s3:::unityhub-staging-booking-shared-terraform-state/*\",\n      \"Principal\": {\n        \"AWS\": \"*\"\n      },\n      \"Condition\": {\n        \"StringNotEquals\": {\n          \"s3:x-amz-server-side-encryption\": [\n            \"AES256\",\n            \"aws:kms\"\n          ]\n        }\n      }\n    },\n    {\n      \"Sid\": \"DenyUnEncryptedObjectUploads\",\n      \"Effect\": \"Deny\",\n      \"Action\": \"s3:PutObject\",\n      \"Resource\": \"arn:aws:s3:::unityhub-staging-booking-shared-terraform-state/*\",\n      \"Principal\": {\n        \"AWS\": \"*\"\n      },\n      \"Condition\": {\n        \"Null\": {\n          \"s3:x-amz-server-side-encryption\": \"true\"\n        }\n      }\n    },\n    {\n      \"Sid\": \"EnforceTlsRequestsOnly\",\n      \"Effect\": \"Deny\",\n      \"Action\": \"s3:*\",\n      \"Resource\": [\n        \"arn:aws:s3:::unityhub-staging-booking-shared-terraform-state/*\",\n        \"arn:aws:s3:::unityhub-staging-booking-shared-terraform-state\"\n      ],\n      \"Principal\": {\n        \"AWS\": \"*\"\n      },\n      \"Condition\": {\n        \"Bool\": {\n          \"aws:SecureTransport\": \"false\"\n        }\n      }\n    }\n  ]\n}",
            "minified_json": "{\"Version\":\"2012-10-17\",\"Statement\":[{\"Sid\":\"DenyIncorrectEncryptionHeader\",\"Effect\":\"Deny\",\"Action\":\"s3:PutObject\",\"Resource\":\"arn:aws:s3:::unityhub-staging-booking-shared-terraform-state/*\",\"Principal\":{\"AWS\":\"*\"},\"Condition\":{\"StringNotEquals\":{\"s3:x-amz-server-side-encryption\":[\"AES256\",\"aws:kms\"]}}},{\"Sid\":\"DenyUnEncryptedObjectUploads\",\"Effect\":\"Deny\",\"Action\":\"s3:PutObject\",\"Resource\":\"arn:aws:s3:::unityhub-staging-booking-shared-terraform-state/*\",\"Principal\":{\"AWS\":\"*\"},\"Condition\":{\"Null\":{\"s3:x-amz-server-side-encryption\":\"true\"}}},{\"Sid\":\"EnforceTlsRequestsOnly\",\"Effect\":\"Deny\",\"Action\":\"s3:*\",\"Resource\":[\"arn:aws:s3:::unityhub-staging-booking-shared-terraform-state/*\",\"arn:aws:s3:::unityhub-staging-booking-shared-terraform-state\"],\"Principal\":{\"AWS\":\"*\"},\"Condition\":{\"Bool\":{\"aws:SecureTransport\":\"false\"}}}]}",
            "override_json": null,
            "override_policy_documents": null,
            "policy_id": null,
            "source_json": null,
            "source_policy_documents": null,
            "statement": [
              {
                "actions": [
                  "s3:PutObject"
                ],
                "condition": [
                  {
                    "test": "StringNotEquals",
                    "values": [
                      "AES256",
                      "aws:kms"
                    ],
                    "variable": "s3:x-amz-server-side-encryption"
                  }
                ],
                "effect": "Deny",
                "not_actions": [],
                "not_principals": [],
                "not_resources": [],
                "principals": [
                  {
                    "identifiers": [
                      "*"
                    ],
                    "type": "AWS"
                  }
                ],
                "resources": [
                  "arn:aws:s3:::unityhub-staging-booking-shared-terraform-state/*"
                ],
                "sid": "DenyIncorrectEncryptionHeader"
              },
              {
                "actions": [
                  "s3:PutObject"
                ],
                "condition": [
                  {
                    "test": "Null",
                    "values": [
                      "true"
                    ],
                    "variable": "s3:x-amz-server-side-encryption"
                  }
                ],
                "effect": "Deny",
                "not_actions": [],
                "not_principals": [],
                "not_resources": [],
                "principals": [
                  {
                    "identifiers": [
                      "*"
                    ],
                    "type": "AWS"
                  }
                ],
                "resources": [
                  "arn:aws:s3:::unityhub-staging-booking-shared-terraform-state/*"
                ],
                "sid": "DenyUnEncryptedObjectUploads"
              },
              {
                "actions": [
                  "s3:*"
                ],
                "condition": [
                  {
                    "test": "Bool",
                    "values": [
                      "false"
                    ],
                    "variable": "aws:SecureTransport"
                  }
                ],
                "effect": "Deny",
                "not_actions": [],
                "not_principals": [],
                "not_resources": [],
                "principals": [
                  {
                    "identifiers": [
                      "*"
                    ],
                    "type": "AWS"
                  }
                ],
                "resources": [
                  "arn:aws:s3:::unityhub-staging-booking-shared-terraform-state",
                  "arn:aws:s3:::unityhub-staging-booking-shared-terraform-state/*"
                ],
                "sid": "EnforceTlsRequestsOnly"
              }
            ],
            "version": "2012-10-17"
          },
          "sensitive_attributes": [],
          "identity_schema_version": 0
        }
      ]
    },
    {
      "module": "module.common_resources_staging.module.booking.module.terraform_state_backend_booking_shared",
      "mode": "data",
      "type": "aws_region",
      "name": "current",
      "provider": "provider[\"registry.terraform.io/hashicorp/aws\"]",
      "instances": [
        {
          "schema_version": 0,
          "attributes": {
            "description": "US East (N. Virginia)",
            "endpoint": "ec2.us-east-1.amazonaws.com",
            "id": "us-east-1",
            "name": "us-east-1",
            "region": "us-east-1"
          },
          "sensitive_attributes": [],
          "identity_schema_version": 0
        }
      ]
    },
    {
      "module": "module.common_resources_staging.module.booking.module.terraform_state_backend_booking_shared",
      "mode": "managed",
      "type": "aws_dynamodb_table",
      "name": "with_server_side_encryption",
      "provider": "provider[\"registry.terraform.io/hashicorp/aws\"]",
      "instances": [
        {
          "index_key": 0,
          "schema_version": 1,
          "attributes": {
            "arn": "arn:aws:dynamodb:us-east-1:887311683230:table/unityhub-staging-booking-shared-terraform-state-lock",
            "attribute": [
              {
                "name": "LockID",
                "type": "S"
              }
            ],
            "billing_mode": "PAY_PER_REQUEST",
            "deletion_protection_enabled": false,
            "global_secondary_index": [],
            "global_table_witness": [],
            "hash_key": "LockID",
            "id": "unityhub-staging-booking-shared-terraform-state-lock",
            "import_table": [],
            "local_secondary_index": [],
            "name": "unityhub-staging-booking-shared-terraform-state-lock",
            "on_demand_throughput": [],
            "point_in_time_recovery": [
              {
                "enabled": true,
                "recovery_period_in_days": 35
              }
            ],
            "range_key": null,
            "read_capacity": 0,
            "region": "us-east-1",
            "replica": [],
            "restore_backup_arn": null,
            "restore_date_time": null,
            "restore_source_name": null,
            "restore_source_table_arn": null,
            "restore_to_latest_time": null,
            "server_side_encryption": [
              {
                "enabled": true,
                "kms_key_arn": ""
              }
            ],
            "stream_arn": "",
            "stream_enabled": false,
            "stream_label": "",
            "stream_view_type": "",
            "table_class": "STANDARD",
            "tags": {
              "Attributes": "terraform-state-lock",
              "Name": "unityhub-staging-booking-shared-terraform-state-lock",
              "Namespace": "unityhub",
              "Stage": "staging"
            },
            "tags_all": {
              "Attributes": "terraform-state-lock",
              "Name": "unityhub-staging-booking-shared-terraform-state-lock",
              "Namespace": "unityhub",
              "Stage": "staging"
            },
            "timeouts": null,
            "ttl": [
              {
                "attribute_name": "",
                "enabled": false
              }
            ],
            "warm_throughput": [],
            "write_capacity": 0
          },
          "sensitive_attributes": [],
          "identity_schema_version": 0,
          "identity": {
            "account_id": "887311683230",
            "name": "unityhub-staging-booking-shared-terraform-state-lock",
            "region": "us-east-1"
          },
          "private": "eyJlMmJmYjczMC1lY2FhLTExZTYtOGY4OC0zNDM2M2JjN2M0YzAiOnsiY3JlYXRlIjoxODAwMDAwMDAwMDAwLCJkZWxldGUiOjYwMDAwMDAwMDAwMCwidXBkYXRlIjozNjAwMDAwMDAwMDAwfSwic2NoZW1hX3ZlcnNpb24iOiIxIn0="
        }
      ]
    },
    {
      "module": "module.common_resources_staging.module.booking.module.terraform_state_backend_booking_shared",
      "mode": "managed",
      "type": "aws_s3_bucket",
      "name": "default",
      "provider": "provider[\"registry.terraform.io/hashicorp/aws\"]",
      "instances": [
        {
          "index_key": 0,
          "schema_version": 0,
          "attributes": {
            "acceleration_status": "",
            "acl": null,
            "arn": "arn:aws:s3:::unityhub-staging-booking-shared-terraform-state",
            "bucket": "unityhub-staging-booking-shared-terraform-state",
            "bucket_domain_name": "unityhub-staging-booking-shared-terraform-state.s3.amazonaws.com",
            "bucket_namespace": "global",
            "bucket_prefix": "",
            "bucket_region": "us-east-1",
            "bucket_regional_domain_name": "unityhub-staging-booking-shared-terraform-state.s3.us-east-1.amazonaws.com",
            "cors_rule": [],
            "force_destroy": true,
            "grant": [
              {
                "id": "1e705be12a968dd63fd96aa2d89b9898fdbac29cae9cebb1a3874a1b02621739",
                "permissions": [
                  "FULL_CONTROL"
                ],
                "type": "CanonicalUser",
                "uri": ""
              }
            ],
            "hosted_zone_id": "Z3AQBSTGFYJSTF",
            "id": "unityhub-staging-booking-shared-terraform-state",
            "lifecycle_rule": [],
            "logging": [],
            "object_lock_configuration": [],
            "object_lock_enabled": false,
            "policy": "{\"Statement\":[{\"Action\":\"s3:PutObject\",\"Condition\":{\"StringNotEquals\":{\"s3:x-amz-server-side-encryption\":[\"AES256\",\"aws:kms\"]}},\"Effect\":\"Deny\",\"Principal\":{\"AWS\":\"*\"},\"Resource\":\"arn:aws:s3:::unityhub-staging-booking-shared-terraform-state/*\",\"Sid\":\"DenyIncorrectEncryptionHeader\"},{\"Action\":\"s3:PutObject\",\"Condition\":{\"Null\":{\"s3:x-amz-server-side-encryption\":\"true\"}},\"Effect\":\"Deny\",\"Principal\":{\"AWS\":\"*\"},\"Resource\":\"arn:aws:s3:::unityhub-staging-booking-shared-terraform-state/*\",\"Sid\":\"DenyUnEncryptedObjectUploads\"},{\"Action\":\"s3:*\",\"Condition\":{\"Bool\":{\"aws:SecureTransport\":\"false\"}},\"Effect\":\"Deny\",\"Principal\":{\"AWS\":\"*\"},\"Resource\":[\"arn:aws:s3:::unityhub-staging-booking-shared-terraform-state/*\",\"arn:aws:s3:::unityhub-staging-booking-shared-terraform-state\"],\"Sid\":\"EnforceTlsRequestsOnly\"}],\"Version\":\"2012-10-17\"}",
            "region": "us-east-1",
            "replication_configuration": [],
            "request_payer": "BucketOwner",
            "server_side_encryption_configuration": [
              {
                "rule": [
                  {
                    "apply_server_side_encryption_by_default": [
                      {
                        "kms_master_key_id": "",
                        "sse_algorithm": "AES256"
                      }
                    ],
                    "bucket_key_enabled": false
                  }
                ]
              }
            ],
            "tags": {
              "Attributes": "terraform-state",
              "Name": "unityhub-staging-booking-shared-terraform-state",
              "Namespace": "unityhub",
              "Stage": "staging"
            },
            "tags_all": {
              "Attributes": "terraform-state",
              "Name": "unityhub-staging-booking-shared-terraform-state",
              "Namespace": "unityhub",
              "Stage": "staging"
            },
            "timeouts": null,
            "versioning": [
              {
                "enabled": true,
                "mfa_delete": false
              }
            ],
            "website": [],
            "website_domain": null,
            "website_endpoint": null
          },
          "sensitive_attributes": [],
          "identity_schema_version": 0,
          "identity": {
            "account_id": "887311683230",
            "bucket": "unityhub-staging-booking-shared-terraform-state",
            "region": "us-east-1"
          },
          "private": "eyJlMmJmYjczMC1lY2FhLTExZTYtOGY4OC0zNDM2M2JjN2M0YzAiOnsiY3JlYXRlIjoxMjAwMDAwMDAwMDAwLCJkZWxldGUiOjM2MDAwMDAwMDAwMDAsInJlYWQiOjEyMDAwMDAwMDAwMDAsInVwZGF0ZSI6MTIwMDAwMDAwMDAwMH19"
        }
      ]
    },
    {
      "module": "module.common_resources_staging.module.booking.module.terraform_state_backend_booking_shared",
      "mode": "managed",
      "type": "aws_s3_bucket_ownership_controls",
      "name": "default",
      "provider": "provider[\"registry.terraform.io/hashicorp/aws\"]",
      "instances": [
        {
          "index_key": 0,
          "schema_version": 0,
          "attributes": {
            "bucket": "unityhub-staging-booking-shared-terraform-state",
            "id": "unityhub-staging-booking-shared-terraform-state",
            "region": "us-east-1",
            "rule": [
              {
                "object_ownership": "BucketOwnerEnforced"
              }
            ]
          },
          "sensitive_attributes": [],
          "identity_schema_version": 0,
          "identity": {
            "account_id": "887311683230",
            "bucket": "unityhub-staging-booking-shared-terraform-state",
            "region": "us-east-1"
          },
          "private": "bnVsbA==",
          "dependencies": [
            "module.common_resources_staging.module.booking.module.terraform_state_backend_booking_shared.aws_s3_bucket.default"
          ]
        }
      ]
    },
    {
      "module": "module.common_resources_staging.module.booking.module.terraform_state_backend_booking_shared",
      "mode": "managed",
      "type": "aws_s3_bucket_policy",
      "name": "default",
      "provider": "provider[\"registry.terraform.io/hashicorp/aws\"]",
      "instances": [
        {
          "index_key": 0,
          "schema_version": 0,
          "attributes": {
            "bucket": "unityhub-staging-booking-shared-terraform-state",
            "id": "unityhub-staging-booking-shared-terraform-state",
            "policy": "{\"Statement\":[{\"Action\":\"s3:PutObject\",\"Condition\":{\"StringNotEquals\":{\"s3:x-amz-server-side-encryption\":[\"AES256\",\"aws:kms\"]}},\"Effect\":\"Deny\",\"Principal\":{\"AWS\":\"*\"},\"Resource\":\"arn:aws:s3:::unityhub-staging-booking-shared-terraform-state/*\",\"Sid\":\"DenyIncorrectEncryptionHeader\"},{\"Action\":\"s3:PutObject\",\"Condition\":{\"Null\":{\"s3:x-amz-server-side-encryption\":\"true\"}},\"Effect\":\"Deny\",\"Principal\":{\"AWS\":\"*\"},\"Resource\":\"arn:aws:s3:::unityhub-staging-booking-shared-terraform-state/*\",\"Sid\":\"DenyUnEncryptedObjectUploads\"},{\"Action\":\"s3:*\",\"Condition\":{\"Bool\":{\"aws:SecureTransport\":\"false\"}},\"Effect\":\"Deny\",\"Principal\":{\"AWS\":\"*\"},\"Resource\":[\"arn:aws:s3:::unityhub-staging-booking-shared-terraform-state/*\",\"arn:aws:s3:::unityhub-staging-booking-shared-terraform-state\"],\"Sid\":\"EnforceTlsRequestsOnly\"}],\"Version\":\"2012-10-17\"}",
            "region": "us-east-1"
          },
          "sensitive_attributes": [],
          "identity_schema_version": 0,
          "identity": {
            "account_id": "887311683230",
            "bucket": "unityhub-staging-booking-shared-terraform-state",
            "region": "us-east-1"
          },
          "private": "bnVsbA==",
          "dependencies": [
            "module.common_resources_staging.module.booking.module.terraform_state_backend_booking_shared.aws_s3_bucket.default",
            "module.common_resources_staging.module.booking.module.terraform_state_backend_booking_shared.data.aws_iam_policy_document.prevent_unencrypted_uploads"
          ]
        }
      ]
    },
    {
      "module": "module.common_resources_staging.module.booking.module.terraform_state_backend_booking_shared",
      "mode": "managed",
      "type": "aws_s3_bucket_public_access_block",
      "name": "default",
      "provider": "provider[\"registry.terraform.io/hashicorp/aws\"]",
      "instances": [
        {
          "index_key": 0,
          "schema_version": 0,
          "attributes": {
            "block_public_acls": true,
            "block_public_policy": true,
            "bucket": "unityhub-staging-booking-shared-terraform-state",
            "id": "unityhub-staging-booking-shared-terraform-state",
            "ignore_public_acls": true,
            "region": "us-east-1",
            "restrict_public_buckets": true,
            "skip_destroy": null
          },
          "sensitive_attributes": [],
          "identity_schema_version": 0,
          "identity": {
            "account_id": "887311683230",
            "bucket": "unityhub-staging-booking-shared-terraform-state",
            "region": "us-east-1"
          },
          "private": "bnVsbA==",
          "dependencies": [
            "module.common_resources_staging.module.booking.module.terraform_state_backend_booking_shared.aws_s3_bucket.default"
          ]
        }
      ]
    },
    {
      "module": "module.common_resources_staging.module.booking.module.terraform_state_backend_booking_shared",
      "mode": "managed",
      "type": "aws_s3_bucket_server_side_encryption_configuration",
      "name": "default",
      "provider": "provider[\"registry.terraform.io/hashicorp/aws\"]",
      "instances": [
        {
          "index_key": 0,
          "schema_version": 0,
          "attributes": {
            "bucket": "unityhub-staging-booking-shared-terraform-state",
            "expected_bucket_owner": "",
            "id": "unityhub-staging-booking-shared-terraform-state",
            "region": "us-east-1",
            "rule": [
              {
                "apply_server_side_encryption_by_default": [
                  {
                    "kms_master_key_id": "",
                    "sse_algorithm": "AES256"
                  }
                ],
                "blocked_encryption_types": [
                  "NONE"
                ],
                "bucket_key_enabled": false
              }
            ]
          },
          "sensitive_attributes": [],
          "identity_schema_version": 1,
          "identity": {
            "account_id": "887311683230",
            "bucket": "unityhub-staging-booking-shared-terraform-state",
            "region": "us-east-1"
          },
          "private": "bnVsbA==",
          "dependencies": [
            "module.common_resources_staging.module.booking.module.terraform_state_backend_booking_shared.aws_s3_bucket.default"
          ]
        }
      ]
    },
    {
      "module": "module.common_resources_staging.module.booking.module.terraform_state_backend_booking_shared",
      "mode": "managed",
      "type": "aws_s3_bucket_versioning",
      "name": "default",
      "provider": "provider[\"registry.terraform.io/hashicorp/aws\"]",
      "instances": [
        {
          "index_key": 0,
          "schema_version": 0,
          "attributes": {
            "bucket": "unityhub-staging-booking-shared-terraform-state",
            "expected_bucket_owner": "",
            "id": "unityhub-staging-booking-shared-terraform-state",
            "mfa": null,
            "region": "us-east-1",
            "versioning_configuration": [
              {
                "mfa_delete": "Disabled",
                "status": "Enabled"
              }
            ]
          },
          "sensitive_attributes": [],
          "identity_schema_version": 1,
          "identity": {
            "account_id": "887311683230",
            "bucket": "unityhub-staging-booking-shared-terraform-state",
            "region": "us-east-1"
          },
          "private": "bnVsbA==",
          "dependencies": [
            "module.common_resources_staging.module.booking.module.terraform_state_backend_booking_shared.aws_s3_bucket.default"
          ]
        }
      ]
    },
    {
      "module": "module.common_resources_staging.module.booking.module.terraform_state_backend_booking_shared",
      "mode": "managed",
      "type": "local_file",
      "name": "terraform_backend_config",
      "provider": "provider[\"registry.terraform.io/hashicorp/local\"]",
      "instances": [
        {
          "index_key": 0,
          "schema_version": 0,
          "attributes": {
            "content": "terraform {\n  required_version = \"\u003e= 1.0.0\"\n\n  backend \"s3\" {\n    region         = \"us-east-1\"\n    bucket         = \"unityhub-staging-booking-shared-terraform-state\"\n    key            = \"terraform.tfstate\"\n    dynamodb_table = \"unityhub-staging-booking-shared-terraform-state-lock\"\n    profile        = \"\"\n    role_arn       = \"\"\n    encrypt        = \"true\"\n  }\n}\n",
            "content_base64": null,
            "content_base64sha256": "qdaMrHmuJW3XW7R95o9CZrYjF0yGE4zAv4rC8d0qxC8=",
            "content_base64sha512": "Cs3CWbdItqFxVV8Wkqupf1M+VfUb84E62EGR2veaR5sjopyR6tlIz/rt3aO/yPonddTJTLVwcnm+lF+OPj8lZA==",
            "content_md5": "e2092c46425e1ec707bd877268a17d24",
            "content_sha1": "2264f3540227095588a4b521d4714c44693c5b4b",
            "content_sha256": "a9d68cac79ae256dd75bb47de68f4266b623174c86138cc0bf8ac2f1dd2ac42f",
            "content_sha512": "0acdc259b748b6a171555f1692aba97f533e55f51bf3813ad84191daf79a479b23a29c91ead948cffaeddda3bfc8fa2775d4c94cb5707279be945f8e3e3f2564",
            "directory_permission": "0777",
            "file_permission": "0644",
            "filename": "./backend/backend_booking_shared.tf",
            "id": "2264f3540227095588a4b521d4714c44693c5b4b",
            "sensitive_content": null,
            "source": null
          },
          "sensitive_attributes": [
            [
              {
                "type": "get_attr",
                "value": "sensitive_content"
              }
            ]
          ],
          "identity_schema_version": 0,
          "dependencies": [
            "module.common_resources_staging.module.booking.module.terraform_state_backend_booking_shared.aws_dynamodb_table.with_server_side_encryption",
            "module.common_resources_staging.module.booking.module.terraform_state_backend_booking_shared.aws_s3_bucket.default",
            "module.common_resources_staging.module.booking.module.terraform_state_backend_booking_shared.data.aws_region.current"
          ]
        }
      ]
    },
    {
      "module": "module.common_resources_staging.module.core.module.terraform_state_backend_core_shared",
      "mode": "data",
      "type": "aws_iam_policy_document",
      "name": "prevent_unencrypted_uploads",
      "provider": "provider[\"registry.terraform.io/hashicorp/aws\"]",
      "instances": [
        {
          "index_key": 0,
          "schema_version": 0,
          "attributes": {
            "id": "3826482187",
            "json": "{\n  \"Version\": \"2012-10-17\",\n  \"Statement\": [\n    {\n      \"Sid\": \"DenyIncorrectEncryptionHeader\",\n      \"Effect\": \"Deny\",\n      \"Action\": \"s3:PutObject\",\n      \"Resource\": \"arn:aws:s3:::unityhub-staging-core-shared-terraform-state/*\",\n      \"Principal\": {\n        \"AWS\": \"*\"\n      },\n      \"Condition\": {\n        \"StringNotEquals\": {\n          \"s3:x-amz-server-side-encryption\": [\n            \"AES256\",\n            \"aws:kms\"\n          ]\n        }\n      }\n    },\n    {\n      \"Sid\": \"DenyUnEncryptedObjectUploads\",\n      \"Effect\": \"Deny\",\n      \"Action\": \"s3:PutObject\",\n      \"Resource\": \"arn:aws:s3:::unityhub-staging-core-shared-terraform-state/*\",\n      \"Principal\": {\n        \"AWS\": \"*\"\n      },\n      \"Condition\": {\n        \"Null\": {\n          \"s3:x-amz-server-side-encryption\": \"true\"\n        }\n      }\n    },\n    {\n      \"Sid\": \"EnforceTlsRequestsOnly\",\n      \"Effect\": \"Deny\",\n      \"Action\": \"s3:*\",\n      \"Resource\": [\n        \"arn:aws:s3:::unityhub-staging-core-shared-terraform-state/*\",\n        \"arn:aws:s3:::unityhub-staging-core-shared-terraform-state\"\n      ],\n      \"Principal\": {\n        \"AWS\": \"*\"\n      },\n      \"Condition\": {\n        \"Bool\": {\n          \"aws:SecureTransport\": \"false\"\n        }\n      }\n    }\n  ]\n}",
            "minified_json": "{\"Version\":\"2012-10-17\",\"Statement\":[{\"Sid\":\"DenyIncorrectEncryptionHeader\",\"Effect\":\"Deny\",\"Action\":\"s3:PutObject\",\"Resource\":\"arn:aws:s3:::unityhub-staging-core-shared-terraform-state/*\",\"Principal\":{\"AWS\":\"*\"},\"Condition\":{\"StringNotEquals\":{\"s3:x-amz-server-side-encryption\":[\"AES256\",\"aws:kms\"]}}},{\"Sid\":\"DenyUnEncryptedObjectUploads\",\"Effect\":\"Deny\",\"Action\":\"s3:PutObject\",\"Resource\":\"arn:aws:s3:::unityhub-staging-core-shared-terraform-state/*\",\"Principal\":{\"AWS\":\"*\"},\"Condition\":{\"Null\":{\"s3:x-amz-server-side-encryption\":\"true\"}}},{\"Sid\":\"EnforceTlsRequestsOnly\",\"Effect\":\"Deny\",\"Action\":\"s3:*\",\"Resource\":[\"arn:aws:s3:::unityhub-staging-core-shared-terraform-state/*\",\"arn:aws:s3:::unityhub-staging-core-shared-terraform-state\"],\"Principal\":{\"AWS\":\"*\"},\"Condition\":{\"Bool\":{\"aws:SecureTransport\":\"false\"}}}]}",
            "override_json": null,
            "override_policy_documents": null,
            "policy_id": null,
            "source_json": null,
            "source_policy_documents": null,
            "statement": [
              {
                "actions": [
                  "s3:PutObject"
                ],
                "condition": [
                  {
                    "test": "StringNotEquals",
                    "values": [
                      "AES256",
                      "aws:kms"
                    ],
                    "variable": "s3:x-amz-server-side-encryption"
                  }
                ],
                "effect": "Deny",
                "not_actions": [],
                "not_principals": [],
                "not_resources": [],
                "principals": [
                  {
                    "identifiers": [
                      "*"
                    ],
                    "type": "AWS"
                  }
                ],
                "resources": [
                  "arn:aws:s3:::unityhub-staging-core-shared-terraform-state/*"
                ],
                "sid": "DenyIncorrectEncryptionHeader"
              },
              {
                "actions": [
                  "s3:PutObject"
                ],
                "condition": [
                  {
                    "test": "Null",
                    "values": [
                      "true"
                    ],
                    "variable": "s3:x-amz-server-side-encryption"
                  }
                ],
                "effect": "Deny",
                "not_actions": [],
                "not_principals": [],
                "not_resources": [],
                "principals": [
                  {
                    "identifiers": [
                      "*"
                    ],
                    "type": "AWS"
                  }
                ],
                "resources": [
                  "arn:aws:s3:::unityhub-staging-core-shared-terraform-state/*"
                ],
                "sid": "DenyUnEncryptedObjectUploads"
              },
              {
                "actions": [
                  "s3:*"
                ],
                "condition": [
                  {
                    "test": "Bool",
                    "values": [
                      "false"
                    ],
                    "variable": "aws:SecureTransport"
                  }
                ],
                "effect": "Deny",
                "not_actions": [],
                "not_principals": [],
                "not_resources": [],
                "principals": [
                  {
                    "identifiers": [
                      "*"
                    ],
                    "type": "AWS"
                  }
                ],
                "resources": [
                  "arn:aws:s3:::unityhub-staging-core-shared-terraform-state",
                  "arn:aws:s3:::unityhub-staging-core-shared-terraform-state/*"
                ],
                "sid": "EnforceTlsRequestsOnly"
              }
            ],
            "version": "2012-10-17"
          },
          "sensitive_attributes": [],
          "identity_schema_version": 0
        }
      ]
    },
    {
      "module": "module.common_resources_staging.module.core.module.terraform_state_backend_core_shared",
      "mode": "data",
      "type": "aws_region",
      "name": "current",
      "provider": "provider[\"registry.terraform.io/hashicorp/aws\"]",
      "instances": [
        {
          "schema_version": 0,
          "attributes": {
            "description": "US East (N. Virginia)",
            "endpoint": "ec2.us-east-1.amazonaws.com",
            "id": "us-east-1",
            "name": "us-east-1",
            "region": "us-east-1"
          },
          "sensitive_attributes": [],
          "identity_schema_version": 0
        }
      ]
    },
    {
      "module": "module.common_resources_staging.module.core.module.terraform_state_backend_core_shared",
      "mode": "managed",
      "type": "aws_dynamodb_table",
      "name": "with_server_side_encryption",
      "provider": "provider[\"registry.terraform.io/hashicorp/aws\"]",
      "instances": [
        {
          "index_key": 0,
          "schema_version": 1,
          "attributes": {
            "arn": "arn:aws:dynamodb:us-east-1:887311683230:table/unityhub-staging-core-shared-terraform-state-lock",
            "attribute": [
              {
                "name": "LockID",
                "type": "S"
              }
            ],
            "billing_mode": "PAY_PER_REQUEST",
            "deletion_protection_enabled": false,
            "global_secondary_index": [],
            "global_table_witness": [],
            "hash_key": "LockID",
            "id": "unityhub-staging-core-shared-terraform-state-lock",
            "import_table": [],
            "local_secondary_index": [],
            "name": "unityhub-staging-core-shared-terraform-state-lock",
            "on_demand_throughput": [],
            "point_in_time_recovery": [
              {
                "enabled": true,
                "recovery_period_in_days": 35
              }
            ],
            "range_key": null,
            "read_capacity": 0,
            "region": "us-east-1",
            "replica": [],
            "restore_backup_arn": null,
            "restore_date_time": null,
            "restore_source_name": null,
            "restore_source_table_arn": null,
            "restore_to_latest_time": null,
            "server_side_encryption": [
              {
                "enabled": true,
                "kms_key_arn": ""
              }
            ],
            "stream_arn": "",
            "stream_enabled": false,
            "stream_label": "",
            "stream_view_type": "",
            "table_class": "STANDARD",
            "tags": {
              "Attributes": "terraform-state-lock",
              "Name": "unityhub-staging-core-shared-terraform-state-lock",
              "Namespace": "unityhub",
              "Stage": "staging"
            },
            "tags_all": {
              "Attributes": "terraform-state-lock",
              "Name": "unityhub-staging-core-shared-terraform-state-lock",
              "Namespace": "unityhub",
              "Stage": "staging"
            },
            "timeouts": null,
            "ttl": [
              {
                "attribute_name": "",
                "enabled": false
              }
            ],
            "warm_throughput": [],
            "write_capacity": 0
          },
          "sensitive_attributes": [],
          "identity_schema_version": 0,
          "identity": {
            "account_id": "887311683230",
            "name": "unityhub-staging-core-shared-terraform-state-lock",
            "region": "us-east-1"
          },
          "private": "eyJlMmJmYjczMC1lY2FhLTExZTYtOGY4OC0zNDM2M2JjN2M0YzAiOnsiY3JlYXRlIjoxODAwMDAwMDAwMDAwLCJkZWxldGUiOjYwMDAwMDAwMDAwMCwidXBkYXRlIjozNjAwMDAwMDAwMDAwfSwic2NoZW1hX3ZlcnNpb24iOiIxIn0="
        }
      ]
    },
    {
      "module": "module.common_resources_staging.module.core.module.terraform_state_backend_core_shared",
      "mode": "managed",
      "type": "aws_s3_bucket",
      "name": "default",
      "provider": "provider[\"registry.terraform.io/hashicorp/aws\"]",
      "instances": [
        {
          "index_key": 0,
          "schema_version": 0,
          "attributes": {
            "acceleration_status": "",
            "acl": null,
            "arn": "arn:aws:s3:::unityhub-staging-core-shared-terraform-state",
            "bucket": "unityhub-staging-core-shared-terraform-state",
            "bucket_domain_name": "unityhub-staging-core-shared-terraform-state.s3.amazonaws.com",
            "bucket_namespace": "global",
            "bucket_prefix": "",
            "bucket_region": "us-east-1",
            "bucket_regional_domain_name": "unityhub-staging-core-shared-terraform-state.s3.us-east-1.amazonaws.com",
            "cors_rule": [],
            "force_destroy": true,
            "grant": [
              {
                "id": "1e705be12a968dd63fd96aa2d89b9898fdbac29cae9cebb1a3874a1b02621739",
                "permissions": [
                  "FULL_CONTROL"
                ],
                "type": "CanonicalUser",
                "uri": ""
              }
            ],
            "hosted_zone_id": "Z3AQBSTGFYJSTF",
            "id": "unityhub-staging-core-shared-terraform-state",
            "lifecycle_rule": [],
            "logging": [],
            "object_lock_configuration": [],
            "object_lock_enabled": false,
            "policy": "{\"Statement\":[{\"Action\":\"s3:PutObject\",\"Condition\":{\"StringNotEquals\":{\"s3:x-amz-server-side-encryption\":[\"AES256\",\"aws:kms\"]}},\"Effect\":\"Deny\",\"Principal\":{\"AWS\":\"*\"},\"Resource\":\"arn:aws:s3:::unityhub-staging-core-shared-terraform-state/*\",\"Sid\":\"DenyIncorrectEncryptionHeader\"},{\"Action\":\"s3:PutObject\",\"Condition\":{\"Null\":{\"s3:x-amz-server-side-encryption\":\"true\"}},\"Effect\":\"Deny\",\"Principal\":{\"AWS\":\"*\"},\"Resource\":\"arn:aws:s3:::unityhub-staging-core-shared-terraform-state/*\",\"Sid\":\"DenyUnEncryptedObjectUploads\"},{\"Action\":\"s3:*\",\"Condition\":{\"Bool\":{\"aws:SecureTransport\":\"false\"}},\"Effect\":\"Deny\",\"Principal\":{\"AWS\":\"*\"},\"Resource\":[\"arn:aws:s3:::unityhub-staging-core-shared-terraform-state/*\",\"arn:aws:s3:::unityhub-staging-core-shared-terraform-state\"],\"Sid\":\"EnforceTlsRequestsOnly\"}],\"Version\":\"2012-10-17\"}",
            "region": "us-east-1",
            "replication_configuration": [],
            "request_payer": "BucketOwner",
            "server_side_encryption_configuration": [
              {
                "rule": [
                  {
                    "apply_server_side_encryption_by_default": [
                      {
                        "kms_master_key_id": "",
                        "sse_algorithm": "AES256"
                      }
                    ],
                    "bucket_key_enabled": false
                  }
                ]
              }
            ],
            "tags": {
              "Attributes": "terraform-state",
              "Name": "unityhub-staging-core-shared-terraform-state",
              "Namespace": "unityhub",
              "Stage": "staging"
            },
            "tags_all": {
              "Attributes": "terraform-state",
              "Name": "unityhub-staging-core-shared-terraform-state",
              "Namespace": "unityhub",
              "Stage": "staging"
            },
            "timeouts": null,
            "versioning": [
              {
                "enabled": true,
                "mfa_delete": false
              }
            ],
            "website": [],
            "website_domain": null,
            "website_endpoint": null
          },
          "sensitive_attributes": [],
          "identity_schema_version": 0,
          "identity": {
            "account_id": "887311683230",
            "bucket": "unityhub-staging-core-shared-terraform-state",
            "region": "us-east-1"
          },
          "private": "eyJlMmJmYjczMC1lY2FhLTExZTYtOGY4OC0zNDM2M2JjN2M0YzAiOnsiY3JlYXRlIjoxMjAwMDAwMDAwMDAwLCJkZWxldGUiOjM2MDAwMDAwMDAwMDAsInJlYWQiOjEyMDAwMDAwMDAwMDAsInVwZGF0ZSI6MTIwMDAwMDAwMDAwMH19"
        }
      ]
    },
    {
      "module": "module.common_resources_staging.module.core.module.terraform_state_backend_core_shared",
      "mode": "managed",
      "type": "aws_s3_bucket_ownership_controls",
      "name": "default",
      "provider": "provider[\"registry.terraform.io/hashicorp/aws\"]",
      "instances": [
        {
          "index_key": 0,
          "schema_version": 0,
          "attributes": {
            "bucket": "unityhub-staging-core-shared-terraform-state",
            "id": "unityhub-staging-core-shared-terraform-state",
            "region": "us-east-1",
            "rule": [
              {
                "object_ownership": "BucketOwnerEnforced"
              }
            ]
          },
          "sensitive_attributes": [],
          "identity_schema_version": 0,
          "identity": {
            "account_id": "887311683230",
            "bucket": "unityhub-staging-core-shared-terraform-state",
            "region": "us-east-1"
          },
          "private": "bnVsbA==",
          "dependencies": [
            "module.common_resources_staging.module.core.module.terraform_state_backend_core_shared.aws_s3_bucket.default"
          ]
        }
      ]
    },
    {
      "module": "module.common_resources_staging.module.core.module.terraform_state_backend_core_shared",
      "mode": "managed",
      "type": "aws_s3_bucket_policy",
      "name": "default",
      "provider": "provider[\"registry.terraform.io/hashicorp/aws\"]",
      "instances": [
        {
          "index_key": 0,
          "schema_version": 0,
          "attributes": {
            "bucket": "unityhub-staging-core-shared-terraform-state",
            "id": "unityhub-staging-core-shared-terraform-state",
            "policy": "{\"Statement\":[{\"Action\":\"s3:PutObject\",\"Condition\":{\"StringNotEquals\":{\"s3:x-amz-server-side-encryption\":[\"AES256\",\"aws:kms\"]}},\"Effect\":\"Deny\",\"Principal\":{\"AWS\":\"*\"},\"Resource\":\"arn:aws:s3:::unityhub-staging-core-shared-terraform-state/*\",\"Sid\":\"DenyIncorrectEncryptionHeader\"},{\"Action\":\"s3:PutObject\",\"Condition\":{\"Null\":{\"s3:x-amz-server-side-encryption\":\"true\"}},\"Effect\":\"Deny\",\"Principal\":{\"AWS\":\"*\"},\"Resource\":\"arn:aws:s3:::unityhub-staging-core-shared-terraform-state/*\",\"Sid\":\"DenyUnEncryptedObjectUploads\"},{\"Action\":\"s3:*\",\"Condition\":{\"Bool\":{\"aws:SecureTransport\":\"false\"}},\"Effect\":\"Deny\",\"Principal\":{\"AWS\":\"*\"},\"Resource\":[\"arn:aws:s3:::unityhub-staging-core-shared-terraform-state/*\",\"arn:aws:s3:::unityhub-staging-core-shared-terraform-state\"],\"Sid\":\"EnforceTlsRequestsOnly\"}],\"Version\":\"2012-10-17\"}",
            "region": "us-east-1"
          },
          "sensitive_attributes": [],
          "identity_schema_version": 0,
          "identity": {
            "account_id": "887311683230",
            "bucket": "unityhub-staging-core-shared-terraform-state",
            "region": "us-east-1"
          },
          "private": "bnVsbA==",
          "dependencies": [
            "module.common_resources_staging.module.core.module.terraform_state_backend_core_shared.aws_s3_bucket.default",
            "module.common_resources_staging.module.core.module.terraform_state_backend_core_shared.data.aws_iam_policy_document.prevent_unencrypted_uploads"
          ]
        }
      ]
    },
    {
      "module": "module.common_resources_staging.module.core.module.terraform_state_backend_core_shared",
      "mode": "managed",
      "type": "aws_s3_bucket_public_access_block",
      "name": "default",
      "provider": "provider[\"registry.terraform.io/hashicorp/aws\"]",
      "instances": [
        {
          "index_key": 0,
          "schema_version": 0,
          "attributes": {
            "block_public_acls": true,
            "block_public_policy": true,
            "bucket": "unityhub-staging-core-shared-terraform-state",
            "id": "unityhub-staging-core-shared-terraform-state",
            "ignore_public_acls": true,
            "region": "us-east-1",
            "restrict_public_buckets": true,
            "skip_destroy": null
          },
          "sensitive_attributes": [],
          "identity_schema_version": 0,
          "identity": {
            "account_id": "887311683230",
            "bucket": "unityhub-staging-core-shared-terraform-state",
            "region": "us-east-1"
          },
          "private": "bnVsbA==",
          "dependencies": [
            "module.common_resources_staging.module.core.module.terraform_state_backend_core_shared.aws_s3_bucket.default"
          ]
        }
      ]
    },
    {
      "module": "module.common_resources_staging.module.core.module.terraform_state_backend_core_shared",
      "mode": "managed",
      "type": "aws_s3_bucket_server_side_encryption_configuration",
      "name": "default",
      "provider": "provider[\"registry.terraform.io/hashicorp/aws\"]",
      "instances": [
        {
          "index_key": 0,
          "schema_version": 0,
          "attributes": {
            "bucket": "unityhub-staging-core-shared-terraform-state",
            "expected_bucket_owner": "",
            "id": "unityhub-staging-core-shared-terraform-state",
            "region": "us-east-1",
            "rule": [
              {
                "apply_server_side_encryption_by_default": [
                  {
                    "kms_master_key_id": "",
                    "sse_algorithm": "AES256"
                  }
                ],
                "blocked_encryption_types": [
                  "NONE"
                ],
                "bucket_key_enabled": false
              }
            ]
          },
          "sensitive_attributes": [],
          "identity_schema_version": 1,
          "identity": {
            "account_id": "887311683230",
            "bucket": "unityhub-staging-core-shared-terraform-state",
            "region": "us-east-1"
          },
          "private": "bnVsbA==",
          "dependencies": [
            "module.common_resources_staging.module.core.module.terraform_state_backend_core_shared.aws_s3_bucket.default"
          ]
        }
      ]
    },
    {
      "module": "module.common_resources_staging.module.core.module.terraform_state_backend_core_shared",
      "mode": "managed",
      "type": "aws_s3_bucket_versioning",
      "name": "default",
      "provider": "provider[\"registry.terraform.io/hashicorp/aws\"]",
      "instances": [
        {
          "index_key": 0,
          "schema_version": 0,
          "attributes": {
            "bucket": "unityhub-staging-core-shared-terraform-state",
            "expected_bucket_owner": "",
            "id": "unityhub-staging-core-shared-terraform-state",
            "mfa": null,
            "region": "us-east-1",
            "versioning_configuration": [
              {
                "mfa_delete": "Disabled",
                "status": "Enabled"
              }
            ]
          },
          "sensitive_attributes": [],
          "identity_schema_version": 1,
          "identity": {
            "account_id": "887311683230",
            "bucket": "unityhub-staging-core-shared-terraform-state",
            "region": "us-east-1"
          },
          "private": "bnVsbA==",
          "dependencies": [
            "module.common_resources_staging.module.core.module.terraform_state_backend_core_shared.aws_s3_bucket.default"
          ]
        }
      ]
    },
    {
      "module": "module.common_resources_staging.module.core.module.terraform_state_backend_core_shared",
      "mode": "managed",
      "type": "local_file",
      "name": "terraform_backend_config",
      "provider": "provider[\"registry.terraform.io/hashicorp/local\"]",
      "instances": [
        {
          "index_key": 0,
          "schema_version": 0,
          "attributes": {
            "content": "terraform {\n  required_version = \"\u003e= 1.0.0\"\n\n  backend \"s3\" {\n    region         = \"us-east-1\"\n    bucket         = \"unityhub-staging-core-shared-terraform-state\"\n    key            = \"terraform.tfstate\"\n    dynamodb_table = \"unityhub-staging-core-shared-terraform-state-lock\"\n    profile        = \"\"\n    role_arn       = \"\"\n    encrypt        = \"true\"\n  }\n}\n",
            "content_base64": null,
            "content_base64sha256": "TVZQiL3yJIuQhNW3wnVUqxN2cNlxAY9hSAckoVaU7Gw=",
            "content_base64sha512": "p80R0Ll4rOo9AVUkIxGcABW4ExdNRSsSCH3jMp6fk/0zCYwBfXSvCOX9e45RchiIA05myhmuEfii3a5yGfU0/A==",
            "content_md5": "cd8cbf1b02cd41e342efdf3fa979f0cc",
            "content_sha1": "c96e34c7c3d6e2399666978bab1924b49cadc27b",
            "content_sha256": "4d565088bdf2248b9084d5b7c27554ab137670d971018f61480724a15694ec6c",
            "content_sha512": "a7cd11d0b978acea3d01552423119c0015b813174d452b12087de3329e9f93fd33098c017d74af08e5fd7b8e51721888034e66ca19ae11f8a2ddae7219f534fc",
            "directory_permission": "0777",
            "file_permission": "0644",
            "filename": "./backend/backend_core_shared.tf",
            "id": "c96e34c7c3d6e2399666978bab1924b49cadc27b",
            "sensitive_content": null,
            "source": null
          },
          "sensitive_attributes": [
            [
              {
                "type": "get_attr",
                "value": "sensitive_content"
              }
            ]
          ],
          "identity_schema_version": 0,
          "dependencies": [
            "module.common_resources_staging.module.core.module.terraform_state_backend_core_shared.aws_dynamodb_table.with_server_side_encryption",
            "module.common_resources_staging.module.core.module.terraform_state_backend_core_shared.aws_s3_bucket.default",
            "module.common_resources_staging.module.core.module.terraform_state_backend_core_shared.data.aws_region.current"
          ]
        }
      ]
    },
    {
      "module": "module.common_resources_staging.module.customer.module.terraform_state_backend_customer_shared",
      "mode": "data",
      "type": "aws_iam_policy_document",
      "name": "prevent_unencrypted_uploads",
      "provider": "provider[\"registry.terraform.io/hashicorp/aws\"]",
      "instances": [
        {
          "index_key": 0,
          "schema_version": 0,
          "attributes": {
            "id": "1671811504",
            "json": "{\n  \"Version\": \"2012-10-17\",\n  \"Statement\": [\n    {\n      \"Sid\": \"DenyIncorrectEncryptionHeader\",\n      \"Effect\": \"Deny\",\n      \"Action\": \"s3:PutObject\",\n      \"Resource\": \"arn:aws:s3:::unityhub-staging-customer-shared-terraform-state/*\",\n      \"Principal\": {\n        \"AWS\": \"*\"\n      },\n      \"Condition\": {\n        \"StringNotEquals\": {\n          \"s3:x-amz-server-side-encryption\": [\n            \"AES256\",\n            \"aws:kms\"\n          ]\n        }\n      }\n    },\n    {\n      \"Sid\": \"DenyUnEncryptedObjectUploads\",\n      \"Effect\": \"Deny\",\n      \"Action\": \"s3:PutObject\",\n      \"Resource\": \"arn:aws:s3:::unityhub-staging-customer-shared-terraform-state/*\",\n      \"Principal\": {\n        \"AWS\": \"*\"\n      },\n      \"Condition\": {\n        \"Null\": {\n          \"s3:x-amz-server-side-encryption\": \"true\"\n        }\n      }\n    },\n    {\n      \"Sid\": \"EnforceTlsRequestsOnly\",\n      \"Effect\": \"Deny\",\n      \"Action\": \"s3:*\",\n      \"Resource\": [\n        \"arn:aws:s3:::unityhub-staging-customer-shared-terraform-state/*\",\n        \"arn:aws:s3:::unityhub-staging-customer-shared-terraform-state\"\n      ],\n      \"Principal\": {\n        \"AWS\": \"*\"\n      },\n      \"Condition\": {\n        \"Bool\": {\n          \"aws:SecureTransport\": \"false\"\n        }\n      }\n    }\n  ]\n}",
            "minified_json": "{\"Version\":\"2012-10-17\",\"Statement\":[{\"Sid\":\"DenyIncorrectEncryptionHeader\",\"Effect\":\"Deny\",\"Action\":\"s3:PutObject\",\"Resource\":\"arn:aws:s3:::unityhub-staging-customer-shared-terraform-state/*\",\"Principal\":{\"AWS\":\"*\"},\"Condition\":{\"StringNotEquals\":{\"s3:x-amz-server-side-encryption\":[\"AES256\",\"aws:kms\"]}}},{\"Sid\":\"DenyUnEncryptedObjectUploads\",\"Effect\":\"Deny\",\"Action\":\"s3:PutObject\",\"Resource\":\"arn:aws:s3:::unityhub-staging-customer-shared-terraform-state/*\",\"Principal\":{\"AWS\":\"*\"},\"Condition\":{\"Null\":{\"s3:x-amz-server-side-encryption\":\"true\"}}},{\"Sid\":\"EnforceTlsRequestsOnly\",\"Effect\":\"Deny\",\"Action\":\"s3:*\",\"Resource\":[\"arn:aws:s3:::unityhub-staging-customer-shared-terraform-state/*\",\"arn:aws:s3:::unityhub-staging-customer-shared-terraform-state\"],\"Principal\":{\"AWS\":\"*\"},\"Condition\":{\"Bool\":{\"aws:SecureTransport\":\"false\"}}}]}",
            "override_json": null,
            "override_policy_documents": null,
            "policy_id": null,
            "source_json": null,
            "source_policy_documents": null,
            "statement": [
              {
                "actions": [
                  "s3:PutObject"
                ],
                "condition": [
                  {
                    "test": "StringNotEquals",
                    "values": [
                      "AES256",
                      "aws:kms"
                    ],
                    "variable": "s3:x-amz-server-side-encryption"
                  }
                ],
                "effect": "Deny",
                "not_actions": [],
                "not_principals": [],
                "not_resources": [],
                "principals": [
                  {
                    "identifiers": [
                      "*"
                    ],
                    "type": "AWS"
                  }
                ],
                "resources": [
                  "arn:aws:s3:::unityhub-staging-customer-shared-terraform-state/*"
                ],
                "sid": "DenyIncorrectEncryptionHeader"
              },
              {
                "actions": [
                  "s3:PutObject"
                ],
                "condition": [
                  {
                    "test": "Null",
                    "values": [
                      "true"
                    ],
                    "variable": "s3:x-amz-server-side-encryption"
                  }
                ],
                "effect": "Deny",
                "not_actions": [],
                "not_principals": [],
                "not_resources": [],
                "principals": [
                  {
                    "identifiers": [
                      "*"
                    ],
                    "type": "AWS"
                  }
                ],
                "resources": [
                  "arn:aws:s3:::unityhub-staging-customer-shared-terraform-state/*"
                ],
                "sid": "DenyUnEncryptedObjectUploads"
              },
              {
                "actions": [
                  "s3:*"
                ],
                "condition": [
                  {
                    "test": "Bool",
                    "values": [
                      "false"
                    ],
                    "variable": "aws:SecureTransport"
                  }
                ],
                "effect": "Deny",
                "not_actions": [],
                "not_principals": [],
                "not_resources": [],
                "principals": [
                  {
                    "identifiers": [
                      "*"
                    ],
                    "type": "AWS"
                  }
                ],
                "resources": [
                  "arn:aws:s3:::unityhub-staging-customer-shared-terraform-state",
                  "arn:aws:s3:::unityhub-staging-customer-shared-terraform-state/*"
                ],
                "sid": "EnforceTlsRequestsOnly"
              }
            ],
            "version": "2012-10-17"
          },
          "sensitive_attributes": [],
          "identity_schema_version": 0
        }
      ]
    },
    {
      "module": "module.common_resources_staging.module.customer.module.terraform_state_backend_customer_shared",
      "mode": "data",
      "type": "aws_region",
      "name": "current",
      "provider": "provider[\"registry.terraform.io/hashicorp/aws\"]",
      "instances": [
        {
          "schema_version": 0,
          "attributes": {
            "description": "US East (N. Virginia)",
            "endpoint": "ec2.us-east-1.amazonaws.com",
            "id": "us-east-1",
            "name": "us-east-1",
            "region": "us-east-1"
          },
          "sensitive_attributes": [],
          "identity_schema_version": 0
        }
      ]
    },
    {
      "module": "module.common_resources_staging.module.customer.module.terraform_state_backend_customer_shared",
      "mode": "managed",
      "type": "aws_dynamodb_table",
      "name": "with_server_side_encryption",
      "provider": "provider[\"registry.terraform.io/hashicorp/aws\"]",
      "instances": [
        {
          "index_key": 0,
          "schema_version": 1,
          "attributes": {
            "arn": "arn:aws:dynamodb:us-east-1:887311683230:table/unityhub-staging-customer-shared-terraform-state-lock",
            "attribute": [
              {
                "name": "LockID",
                "type": "S"
              }
            ],
            "billing_mode": "PAY_PER_REQUEST",
            "deletion_protection_enabled": false,
            "global_secondary_index": [],
            "global_table_witness": [],
            "hash_key": "LockID",
            "id": "unityhub-staging-customer-shared-terraform-state-lock",
            "import_table": [],
            "local_secondary_index": [],
            "name": "unityhub-staging-customer-shared-terraform-state-lock",
            "on_demand_throughput": [],
            "point_in_time_recovery": [
              {
                "enabled": true,
                "recovery_period_in_days": 35
              }
            ],
            "range_key": null,
            "read_capacity": 0,
            "region": "us-east-1",
            "replica": [],
            "restore_backup_arn": null,
            "restore_date_time": null,
            "restore_source_name": null,
            "restore_source_table_arn": null,
            "restore_to_latest_time": null,
            "server_side_encryption": [
              {
                "enabled": true,
                "kms_key_arn": ""
              }
            ],
            "stream_arn": "",
            "stream_enabled": false,
            "stream_label": "",
            "stream_view_type": "",
            "table_class": "STANDARD",
            "tags": {
              "Attributes": "terraform-state-lock",
              "Name": "unityhub-staging-customer-shared-terraform-state-lock",
              "Namespace": "unityhub",
              "Stage": "staging"
            },
            "tags_all": {
              "Attributes": "terraform-state-lock",
              "Name": "unityhub-staging-customer-shared-terraform-state-lock",
              "Namespace": "unityhub",
              "Stage": "staging"
            },
            "timeouts": null,
            "ttl": [
              {
                "attribute_name": "",
                "enabled": false
              }
            ],
            "warm_throughput": [],
            "write_capacity": 0
          },
          "sensitive_attributes": [],
          "identity_schema_version": 0,
          "identity": {
            "account_id": "887311683230",
            "name": "unityhub-staging-customer-shared-terraform-state-lock",
            "region": "us-east-1"
          },
          "private": "eyJlMmJmYjczMC1lY2FhLTExZTYtOGY4OC0zNDM2M2JjN2M0YzAiOnsiY3JlYXRlIjoxODAwMDAwMDAwMDAwLCJkZWxldGUiOjYwMDAwMDAwMDAwMCwidXBkYXRlIjozNjAwMDAwMDAwMDAwfSwic2NoZW1hX3ZlcnNpb24iOiIxIn0="
        }
      ]
    },
    {
      "module": "module.common_resources_staging.module.customer.module.terraform_state_backend_customer_shared",
      "mode": "managed",
      "type": "aws_s3_bucket",
      "name": "default",
      "provider": "provider[\"registry.terraform.io/hashicorp/aws\"]",
      "instances": [
        {
          "index_key": 0,
          "schema_version": 0,
          "attributes": {
            "acceleration_status": "",
            "acl": null,
            "arn": "arn:aws:s3:::unityhub-staging-customer-shared-terraform-state",
            "bucket": "unityhub-staging-customer-shared-terraform-state",
            "bucket_domain_name": "unityhub-staging-customer-shared-terraform-state.s3.amazonaws.com",
            "bucket_namespace": "global",
            "bucket_prefix": "",
            "bucket_region": "us-east-1",
            "bucket_regional_domain_name": "unityhub-staging-customer-shared-terraform-state.s3.us-east-1.amazonaws.com",
            "cors_rule": [],
            "force_destroy": true,
            "grant": [
              {
                "id": "1e705be12a968dd63fd96aa2d89b9898fdbac29cae9cebb1a3874a1b02621739",
                "permissions": [
                  "FULL_CONTROL"
                ],
                "type": "CanonicalUser",
                "uri": ""
              }
            ],
            "hosted_zone_id": "Z3AQBSTGFYJSTF",
            "id": "unityhub-staging-customer-shared-terraform-state",
            "lifecycle_rule": [],
            "logging": [],
            "object_lock_configuration": [],
            "object_lock_enabled": false,
            "policy": "{\"Statement\":[{\"Action\":\"s3:PutObject\",\"Condition\":{\"StringNotEquals\":{\"s3:x-amz-server-side-encryption\":[\"AES256\",\"aws:kms\"]}},\"Effect\":\"Deny\",\"Principal\":{\"AWS\":\"*\"},\"Resource\":\"arn:aws:s3:::unityhub-staging-customer-shared-terraform-state/*\",\"Sid\":\"DenyIncorrectEncryptionHeader\"},{\"Action\":\"s3:PutObject\",\"Condition\":{\"Null\":{\"s3:x-amz-server-side-encryption\":\"true\"}},\"Effect\":\"Deny\",\"Principal\":{\"AWS\":\"*\"},\"Resource\":\"arn:aws:s3:::unityhub-staging-customer-shared-terraform-state/*\",\"Sid\":\"DenyUnEncryptedObjectUploads\"},{\"Action\":\"s3:*\",\"Condition\":{\"Bool\":{\"aws:SecureTransport\":\"false\"}},\"Effect\":\"Deny\",\"Principal\":{\"AWS\":\"*\"},\"Resource\":[\"arn:aws:s3:::unityhub-staging-customer-shared-terraform-state/*\",\"arn:aws:s3:::unityhub-staging-customer-shared-terraform-state\"],\"Sid\":\"EnforceTlsRequestsOnly\"}],\"Version\":\"2012-10-17\"}",
            "region": "us-east-1",
            "replication_configuration": [],
            "request_payer": "BucketOwner",
            "server_side_encryption_configuration": [
              {
                "rule": [
                  {
                    "apply_server_side_encryption_by_default": [
                      {
                        "kms_master_key_id": "",
                        "sse_algorithm": "AES256"
                      }
                    ],
                    "bucket_key_enabled": false
                  }
                ]
              }
            ],
            "tags": {
              "Attributes": "terraform-state",
              "Name": "unityhub-staging-customer-shared-terraform-state",
              "Namespace": "unityhub",
              "Stage": "staging"
            },
            "tags_all": {
              "Attributes": "terraform-state",
              "Name": "unityhub-staging-customer-shared-terraform-state",
              "Namespace": "unityhub",
              "Stage": "staging"
            },
            "timeouts": null,
            "versioning": [
              {
                "enabled": true,
                "mfa_delete": false
              }
            ],
            "website": [],
            "website_domain": null,
            "website_endpoint": null
          },
          "sensitive_attributes": [],
          "identity_schema_version": 0,
          "identity": {
            "account_id": "887311683230",
            "bucket": "unityhub-staging-customer-shared-terraform-state",
            "region": "us-east-1"
          },
          "private": "eyJlMmJmYjczMC1lY2FhLTExZTYtOGY4OC0zNDM2M2JjN2M0YzAiOnsiY3JlYXRlIjoxMjAwMDAwMDAwMDAwLCJkZWxldGUiOjM2MDAwMDAwMDAwMDAsInJlYWQiOjEyMDAwMDAwMDAwMDAsInVwZGF0ZSI6MTIwMDAwMDAwMDAwMH19"
        }
      ]
    },
    {
      "module": "module.common_resources_staging.module.customer.module.terraform_state_backend_customer_shared",
      "mode": "managed",
      "type": "aws_s3_bucket_ownership_controls",
      "name": "default",
      "provider": "provider[\"registry.terraform.io/hashicorp/aws\"]",
      "instances": [
        {
          "index_key": 0,
          "schema_version": 0,
          "attributes": {
            "bucket": "unityhub-staging-customer-shared-terraform-state",
            "id": "unityhub-staging-customer-shared-terraform-state",
            "region": "us-east-1",
            "rule": [
              {
                "object_ownership": "BucketOwnerEnforced"
              }
            ]
          },
          "sensitive_attributes": [],
          "identity_schema_version": 0,
          "identity": {
            "account_id": "887311683230",
            "bucket": "unityhub-staging-customer-shared-terraform-state",
            "region": "us-east-1"
          },
          "private": "bnVsbA==",
          "dependencies": [
            "module.common_resources_staging.module.customer.module.terraform_state_backend_customer_shared.aws_s3_bucket.default"
          ]
        }
      ]
    },
    {
      "module": "module.common_resources_staging.module.customer.module.terraform_state_backend_customer_shared",
      "mode": "managed",
      "type": "aws_s3_bucket_policy",
      "name": "default",
      "provider": "provider[\"registry.terraform.io/hashicorp/aws\"]",
      "instances": [
        {
          "index_key": 0,
          "schema_version": 0,
          "attributes": {
            "bucket": "unityhub-staging-customer-shared-terraform-state",
            "id": "unityhub-staging-customer-shared-terraform-state",
            "policy": "{\"Statement\":[{\"Action\":\"s3:PutObject\",\"Condition\":{\"StringNotEquals\":{\"s3:x-amz-server-side-encryption\":[\"AES256\",\"aws:kms\"]}},\"Effect\":\"Deny\",\"Principal\":{\"AWS\":\"*\"},\"Resource\":\"arn:aws:s3:::unityhub-staging-customer-shared-terraform-state/*\",\"Sid\":\"DenyIncorrectEncryptionHeader\"},{\"Action\":\"s3:PutObject\",\"Condition\":{\"Null\":{\"s3:x-amz-server-side-encryption\":\"true\"}},\"Effect\":\"Deny\",\"Principal\":{\"AWS\":\"*\"},\"Resource\":\"arn:aws:s3:::unityhub-staging-customer-shared-terraform-state/*\",\"Sid\":\"DenyUnEncryptedObjectUploads\"},{\"Action\":\"s3:*\",\"Condition\":{\"Bool\":{\"aws:SecureTransport\":\"false\"}},\"Effect\":\"Deny\",\"Principal\":{\"AWS\":\"*\"},\"Resource\":[\"arn:aws:s3:::unityhub-staging-customer-shared-terraform-state/*\",\"arn:aws:s3:::unityhub-staging-customer-shared-terraform-state\"],\"Sid\":\"EnforceTlsRequestsOnly\"}],\"Version\":\"2012-10-17\"}",
            "region": "us-east-1"
          },
          "sensitive_attributes": [],
          "identity_schema_version": 0,
          "identity": {
            "account_id": "887311683230",
            "bucket": "unityhub-staging-customer-shared-terraform-state",
            "region": "us-east-1"
          },
          "private": "bnVsbA==",
          "dependencies": [
            "module.common_resources_staging.module.customer.module.terraform_state_backend_customer_shared.aws_s3_bucket.default",
            "module.common_resources_staging.module.customer.module.terraform_state_backend_customer_shared.data.aws_iam_policy_document.prevent_unencrypted_uploads"
          ]
        }
      ]
    },
    {
      "module": "module.common_resources_staging.module.customer.module.terraform_state_backend_customer_shared",
      "mode": "managed",
      "type": "aws_s3_bucket_public_access_block",
      "name": "default",
      "provider": "provider[\"registry.terraform.io/hashicorp/aws\"]",
      "instances": [
        {
          "index_key": 0,
          "schema_version": 0,
          "attributes": {
            "block_public_acls": true,
            "block_public_policy": true,
            "bucket": "unityhub-staging-customer-shared-terraform-state",
            "id": "unityhub-staging-customer-shared-terraform-state",
            "ignore_public_acls": true,
            "region": "us-east-1",
            "restrict_public_buckets": true,
            "skip_destroy": null
          },
          "sensitive_attributes": [],
          "identity_schema_version": 0,
          "identity": {
            "account_id": "887311683230",
            "bucket": "unityhub-staging-customer-shared-terraform-state",
            "region": "us-east-1"
          },
          "private": "bnVsbA==",
          "dependencies": [
            "module.common_resources_staging.module.customer.module.terraform_state_backend_customer_shared.aws_s3_bucket.default"
          ]
        }
      ]
    },
    {
      "module": "module.common_resources_staging.module.customer.module.terraform_state_backend_customer_shared",
      "mode": "managed",
      "type": "aws_s3_bucket_server_side_encryption_configuration",
      "name": "default",
      "provider": "provider[\"registry.terraform.io/hashicorp/aws\"]",
      "instances": [
        {
          "index_key": 0,
          "schema_version": 0,
          "attributes": {
            "bucket": "unityhub-staging-customer-shared-terraform-state",
            "expected_bucket_owner": "",
            "id": "unityhub-staging-customer-shared-terraform-state",
            "region": "us-east-1",
            "rule": [
              {
                "apply_server_side_encryption_by_default": [
                  {
                    "kms_master_key_id": "",
                    "sse_algorithm": "AES256"
                  }
                ],
                "blocked_encryption_types": [
                  "NONE"
                ],
                "bucket_key_enabled": false
              }
            ]
          },
          "sensitive_attributes": [],
          "identity_schema_version": 1,
          "identity": {
            "account_id": "887311683230",
            "bucket": "unityhub-staging-customer-shared-terraform-state",
            "region": "us-east-1"
          },
          "private": "bnVsbA==",
          "dependencies": [
            "module.common_resources_staging.module.customer.module.terraform_state_backend_customer_shared.aws_s3_bucket.default"
          ]
        }
      ]
    },
    {
      "module": "module.common_resources_staging.module.customer.module.terraform_state_backend_customer_shared",
      "mode": "managed",
      "type": "aws_s3_bucket_versioning",
      "name": "default",
      "provider": "provider[\"registry.terraform.io/hashicorp/aws\"]",
      "instances": [
        {
          "index_key": 0,
          "schema_version": 0,
          "attributes": {
            "bucket": "unityhub-staging-customer-shared-terraform-state",
            "expected_bucket_owner": "",
            "id": "unityhub-staging-customer-shared-terraform-state",
            "mfa": null,
            "region": "us-east-1",
            "versioning_configuration": [
              {
                "mfa_delete": "Disabled",
                "status": "Enabled"
              }
            ]
          },
          "sensitive_attributes": [],
          "identity_schema_version": 1,
          "identity": {
            "account_id": "887311683230",
            "bucket": "unityhub-staging-customer-shared-terraform-state",
            "region": "us-east-1"
          },
          "private": "bnVsbA==",
          "dependencies": [
            "module.common_resources_staging.module.customer.module.terraform_state_backend_customer_shared.aws_s3_bucket.default"
          ]
        }
      ]
    },
    {
      "module": "module.common_resources_staging.module.customer.module.terraform_state_backend_customer_shared",
      "mode": "managed",
      "type": "local_file",
      "name": "terraform_backend_config",
      "provider": "provider[\"registry.terraform.io/hashicorp/local\"]",
      "instances": [
        {
          "index_key": 0,
          "schema_version": 0,
          "attributes": {
            "content": "terraform {\n  required_version = \"\u003e= 1.0.0\"\n\n  backend \"s3\" {\n    region         = \"us-east-1\"\n    bucket         = \"unityhub-staging-customer-shared-terraform-state\"\n    key            = \"terraform.tfstate\"\n    dynamodb_table = \"unityhub-staging-customer-shared-terraform-state-lock\"\n    profile        = \"\"\n    role_arn       = \"\"\n    encrypt        = \"true\"\n  }\n}\n",
            "content_base64": null,
            "content_base64sha256": "qKDdfBwAh+SdANSa8tltiWxcUcP7n+fk2ZTyPwxhj7Y=",
            "content_base64sha512": "rcgp5I4SXfOBjPc36KVjzQDwT8Xob4mSzM4OhyBeSejvCFNPB88f4nHMPSaPZiG6syq6+UTyaRcIdJCrRWCwHQ==",
            "content_md5": "e48b087f59507a5c27ddaeb6ac296a7b",
            "content_sha1": "cc6c803fea2783e2fe9c8894b90f3596d7bda094",
            "content_sha256": "a8a0dd7c1c0087e49d00d49af2d96d896c5c51c3fb9fe7e4d994f23f0c618fb6",
            "content_sha512": "adc829e48e125df3818cf737e8a563cd00f04fc5e86f8992ccce0e87205e49e8ef08534f07cf1fe271cc3d268f6621bab32abaf944f26917087490ab4560b01d",
            "directory_permission": "0777",
            "file_permission": "0644",
            "filename": "./backend/backend_customer_shared.tf",
            "id": "cc6c803fea2783e2fe9c8894b90f3596d7bda094",
            "sensitive_content": null,
            "source": null
          },
          "sensitive_attributes": [
            [
              {
                "type": "get_attr",
                "value": "sensitive_content"
              }
            ]
          ],
          "identity_schema_version": 0,
          "dependencies": [
            "module.common_resources_staging.module.customer.module.terraform_state_backend_customer_shared.aws_dynamodb_table.with_server_side_encryption",
            "module.common_resources_staging.module.customer.module.terraform_state_backend_customer_shared.aws_s3_bucket.default",
            "module.common_resources_staging.module.customer.module.terraform_state_backend_customer_shared.data.aws_region.current"
          ]
        }
      ]
    },
    {
      "module": "module.common_resources_staging.module.gcp_oneoff.module.terraform_state_backend_gcp_oneoff",
      "mode": "data",
      "type": "aws_iam_policy_document",
      "name": "prevent_unencrypted_uploads",
      "provider": "provider[\"registry.terraform.io/hashicorp/aws\"]",
      "instances": [
        {
          "index_key": 0,
          "schema_version": 0,
          "attributes": {
            "id": "807409902",
            "json": "{\n  \"Version\": \"2012-10-17\",\n  \"Statement\": [\n    {\n      \"Sid\": \"DenyIncorrectEncryptionHeader\",\n      \"Effect\": \"Deny\",\n      \"Action\": \"s3:PutObject\",\n      \"Resource\": \"arn:aws:s3:::unityhub-staging-gcp-oneoff-terraform-state/*\",\n      \"Principal\": {\n        \"AWS\": \"*\"\n      },\n      \"Condition\": {\n        \"StringNotEquals\": {\n          \"s3:x-amz-server-side-encryption\": [\n            \"AES256\",\n            \"aws:kms\"\n          ]\n        }\n      }\n    },\n    {\n      \"Sid\": \"DenyUnEncryptedObjectUploads\",\n      \"Effect\": \"Deny\",\n      \"Action\": \"s3:PutObject\",\n      \"Resource\": \"arn:aws:s3:::unityhub-staging-gcp-oneoff-terraform-state/*\",\n      \"Principal\": {\n        \"AWS\": \"*\"\n      },\n      \"Condition\": {\n        \"Null\": {\n          \"s3:x-amz-server-side-encryption\": \"true\"\n        }\n      }\n    },\n    {\n      \"Sid\": \"EnforceTlsRequestsOnly\",\n      \"Effect\": \"Deny\",\n      \"Action\": \"s3:*\",\n      \"Resource\": [\n        \"arn:aws:s3:::unityhub-staging-gcp-oneoff-terraform-state/*\",\n        \"arn:aws:s3:::unityhub-staging-gcp-oneoff-terraform-state\"\n      ],\n      \"Principal\": {\n        \"AWS\": \"*\"\n      },\n      \"Condition\": {\n        \"Bool\": {\n          \"aws:SecureTransport\": \"false\"\n        }\n      }\n    }\n  ]\n}",
            "minified_json": "{\"Version\":\"2012-10-17\",\"Statement\":[{\"Sid\":\"DenyIncorrectEncryptionHeader\",\"Effect\":\"Deny\",\"Action\":\"s3:PutObject\",\"Resource\":\"arn:aws:s3:::unityhub-staging-gcp-oneoff-terraform-state/*\",\"Principal\":{\"AWS\":\"*\"},\"Condition\":{\"StringNotEquals\":{\"s3:x-amz-server-side-encryption\":[\"AES256\",\"aws:kms\"]}}},{\"Sid\":\"DenyUnEncryptedObjectUploads\",\"Effect\":\"Deny\",\"Action\":\"s3:PutObject\",\"Resource\":\"arn:aws:s3:::unityhub-staging-gcp-oneoff-terraform-state/*\",\"Principal\":{\"AWS\":\"*\"},\"Condition\":{\"Null\":{\"s3:x-amz-server-side-encryption\":\"true\"}}},{\"Sid\":\"EnforceTlsRequestsOnly\",\"Effect\":\"Deny\",\"Action\":\"s3:*\",\"Resource\":[\"arn:aws:s3:::unityhub-staging-gcp-oneoff-terraform-state/*\",\"arn:aws:s3:::unityhub-staging-gcp-oneoff-terraform-state\"],\"Principal\":{\"AWS\":\"*\"},\"Condition\":{\"Bool\":{\"aws:SecureTransport\":\"false\"}}}]}",
            "override_json": null,
            "override_policy_documents": null,
            "policy_id": null,
            "source_json": null,
            "source_policy_documents": null,
            "statement": [
              {
                "actions": [
                  "s3:PutObject"
                ],
                "condition": [
                  {
                    "test": "StringNotEquals",
                    "values": [
                      "AES256",
                      "aws:kms"
                    ],
                    "variable": "s3:x-amz-server-side-encryption"
                  }
                ],
                "effect": "Deny",
                "not_actions": [],
                "not_principals": [],
                "not_resources": [],
                "principals": [
                  {
                    "identifiers": [
                      "*"
                    ],
                    "type": "AWS"
                  }
                ],
                "resources": [
                  "arn:aws:s3:::unityhub-staging-gcp-oneoff-terraform-state/*"
                ],
                "sid": "DenyIncorrectEncryptionHeader"
              },
              {
                "actions": [
                  "s3:PutObject"
                ],
                "condition": [
                  {
                    "test": "Null",
                    "values": [
                      "true"
                    ],
                    "variable": "s3:x-amz-server-side-encryption"
                  }
                ],
                "effect": "Deny",
                "not_actions": [],
                "not_principals": [],
                "not_resources": [],
                "principals": [
                  {
                    "identifiers": [
                      "*"
                    ],
                    "type": "AWS"
                  }
                ],
                "resources": [
                  "arn:aws:s3:::unityhub-staging-gcp-oneoff-terraform-state/*"
                ],
                "sid": "DenyUnEncryptedObjectUploads"
              },
              {
                "actions": [
                  "s3:*"
                ],
                "condition": [
                  {
                    "test": "Bool",
                    "values": [
                      "false"
                    ],
                    "variable": "aws:SecureTransport"
                  }
                ],
                "effect": "Deny",
                "not_actions": [],
                "not_principals": [],
                "not_resources": [],
                "principals": [
                  {
                    "identifiers": [
                      "*"
                    ],
                    "type": "AWS"
                  }
                ],
                "resources": [
                  "arn:aws:s3:::unityhub-staging-gcp-oneoff-terraform-state",
                  "arn:aws:s3:::unityhub-staging-gcp-oneoff-terraform-state/*"
                ],
                "sid": "EnforceTlsRequestsOnly"
              }
            ],
            "version": "2012-10-17"
          },
          "sensitive_attributes": [],
          "identity_schema_version": 0
        }
      ]
    },
    {
      "module": "module.common_resources_staging.module.gcp_oneoff.module.terraform_state_backend_gcp_oneoff",
      "mode": "data",
      "type": "aws_region",
      "name": "current",
      "provider": "provider[\"registry.terraform.io/hashicorp/aws\"]",
      "instances": [
        {
          "schema_version": 0,
          "attributes": {
            "description": "US East (N. Virginia)",
            "endpoint": "ec2.us-east-1.amazonaws.com",
            "id": "us-east-1",
            "name": "us-east-1",
            "region": "us-east-1"
          },
          "sensitive_attributes": [],
          "identity_schema_version": 0
        }
      ]
    },
    {
      "module": "module.common_resources_staging.module.gcp_oneoff.module.terraform_state_backend_gcp_oneoff",
      "mode": "managed",
      "type": "aws_dynamodb_table",
      "name": "with_server_side_encryption",
      "provider": "provider[\"registry.terraform.io/hashicorp/aws\"]",
      "instances": [
        {
          "index_key": 0,
          "schema_version": 1,
          "attributes": {
            "arn": "arn:aws:dynamodb:us-east-1:887311683230:table/unityhub-staging-gcp-oneoff-terraform-state-lock",
            "attribute": [
              {
                "name": "LockID",
                "type": "S"
              }
            ],
            "billing_mode": "PAY_PER_REQUEST",
            "deletion_protection_enabled": false,
            "global_secondary_index": [],
            "global_table_witness": [],
            "hash_key": "LockID",
            "id": "unityhub-staging-gcp-oneoff-terraform-state-lock",
            "import_table": [],
            "local_secondary_index": [],
            "name": "unityhub-staging-gcp-oneoff-terraform-state-lock",
            "on_demand_throughput": [],
            "point_in_time_recovery": [
              {
                "enabled": true,
                "recovery_period_in_days": 35
              }
            ],
            "range_key": null,
            "read_capacity": 0,
            "region": "us-east-1",
            "replica": [],
            "restore_backup_arn": null,
            "restore_date_time": null,
            "restore_source_name": null,
            "restore_source_table_arn": null,
            "restore_to_latest_time": null,
            "server_side_encryption": [
              {
                "enabled": true,
                "kms_key_arn": ""
              }
            ],
            "stream_arn": "",
            "stream_enabled": false,
            "stream_label": "",
            "stream_view_type": "",
            "table_class": "STANDARD",
            "tags": {
              "Attributes": "terraform-state-lock",
              "Name": "unityhub-staging-gcp-oneoff-terraform-state-lock",
              "Namespace": "unityhub",
              "Stage": "staging"
            },
            "tags_all": {
              "Attributes": "terraform-state-lock",
              "Name": "unityhub-staging-gcp-oneoff-terraform-state-lock",
              "Namespace": "unityhub",
              "Stage": "staging"
            },
            "timeouts": null,
            "ttl": [
              {
                "attribute_name": "",
                "enabled": false
              }
            ],
            "warm_throughput": [],
            "write_capacity": 0
          },
          "sensitive_attributes": [],
          "identity_schema_version": 0,
          "identity": {
            "account_id": "887311683230",
            "name": "unityhub-staging-gcp-oneoff-terraform-state-lock",
            "region": "us-east-1"
          },
          "private": "eyJlMmJmYjczMC1lY2FhLTExZTYtOGY4OC0zNDM2M2JjN2M0YzAiOnsiY3JlYXRlIjoxODAwMDAwMDAwMDAwLCJkZWxldGUiOjYwMDAwMDAwMDAwMCwidXBkYXRlIjozNjAwMDAwMDAwMDAwfSwic2NoZW1hX3ZlcnNpb24iOiIxIn0="
        }
      ]
    },
    {
      "module": "module.common_resources_staging.module.gcp_oneoff.module.terraform_state_backend_gcp_oneoff",
      "mode": "managed",
      "type": "aws_s3_bucket",
      "name": "default",
      "provider": "provider[\"registry.terraform.io/hashicorp/aws\"]",
      "instances": [
        {
          "index_key": 0,
          "schema_version": 0,
          "attributes": {
            "acceleration_status": "",
            "acl": null,
            "arn": "arn:aws:s3:::unityhub-staging-gcp-oneoff-terraform-state",
            "bucket": "unityhub-staging-gcp-oneoff-terraform-state",
            "bucket_domain_name": "unityhub-staging-gcp-oneoff-terraform-state.s3.amazonaws.com",
            "bucket_namespace": "global",
            "bucket_prefix": "",
            "bucket_region": "us-east-1",
            "bucket_regional_domain_name": "unityhub-staging-gcp-oneoff-terraform-state.s3.us-east-1.amazonaws.com",
            "cors_rule": [],
            "force_destroy": true,
            "grant": [
              {
                "id": "1e705be12a968dd63fd96aa2d89b9898fdbac29cae9cebb1a3874a1b02621739",
                "permissions": [
                  "FULL_CONTROL"
                ],
                "type": "CanonicalUser",
                "uri": ""
              }
            ],
            "hosted_zone_id": "Z3AQBSTGFYJSTF",
            "id": "unityhub-staging-gcp-oneoff-terraform-state",
            "lifecycle_rule": [],
            "logging": [],
            "object_lock_configuration": [],
            "object_lock_enabled": false,
            "policy": "{\"Statement\":[{\"Action\":\"s3:PutObject\",\"Condition\":{\"StringNotEquals\":{\"s3:x-amz-server-side-encryption\":[\"AES256\",\"aws:kms\"]}},\"Effect\":\"Deny\",\"Principal\":{\"AWS\":\"*\"},\"Resource\":\"arn:aws:s3:::unityhub-staging-gcp-oneoff-terraform-state/*\",\"Sid\":\"DenyIncorrectEncryptionHeader\"},{\"Action\":\"s3:PutObject\",\"Condition\":{\"Null\":{\"s3:x-amz-server-side-encryption\":\"true\"}},\"Effect\":\"Deny\",\"Principal\":{\"AWS\":\"*\"},\"Resource\":\"arn:aws:s3:::unityhub-staging-gcp-oneoff-terraform-state/*\",\"Sid\":\"DenyUnEncryptedObjectUploads\"},{\"Action\":\"s3:*\",\"Condition\":{\"Bool\":{\"aws:SecureTransport\":\"false\"}},\"Effect\":\"Deny\",\"Principal\":{\"AWS\":\"*\"},\"Resource\":[\"arn:aws:s3:::unityhub-staging-gcp-oneoff-terraform-state/*\",\"arn:aws:s3:::unityhub-staging-gcp-oneoff-terraform-state\"],\"Sid\":\"EnforceTlsRequestsOnly\"}],\"Version\":\"2012-10-17\"}",
            "region": "us-east-1",
            "replication_configuration": [],
            "request_payer": "BucketOwner",
            "server_side_encryption_configuration": [
              {
                "rule": [
                  {
                    "apply_server_side_encryption_by_default": [
                      {
                        "kms_master_key_id": "",
                        "sse_algorithm": "AES256"
                      }
                    ],
                    "bucket_key_enabled": false
                  }
                ]
              }
            ],
            "tags": {
              "Attributes": "terraform-state",
              "Name": "unityhub-staging-gcp-oneoff-terraform-state",
              "Namespace": "unityhub",
              "Stage": "staging"
            },
            "tags_all": {
              "Attributes": "terraform-state",
              "Name": "unityhub-staging-gcp-oneoff-terraform-state",
              "Namespace": "unityhub",
              "Stage": "staging"
            },
            "timeouts": null,
            "versioning": [
              {
                "enabled": true,
                "mfa_delete": false
              }
            ],
            "website": [],
            "website_domain": null,
            "website_endpoint": null
          },
          "sensitive_attributes": [],
          "identity_schema_version": 0,
          "identity": {
            "account_id": "887311683230",
            "bucket": "unityhub-staging-gcp-oneoff-terraform-state",
            "region": "us-east-1"
          },
          "private": "eyJlMmJmYjczMC1lY2FhLTExZTYtOGY4OC0zNDM2M2JjN2M0YzAiOnsiY3JlYXRlIjoxMjAwMDAwMDAwMDAwLCJkZWxldGUiOjM2MDAwMDAwMDAwMDAsInJlYWQiOjEyMDAwMDAwMDAwMDAsInVwZGF0ZSI6MTIwMDAwMDAwMDAwMH19"
        }
      ]
    },
    {
      "module": "module.common_resources_staging.module.gcp_oneoff.module.terraform_state_backend_gcp_oneoff",
      "mode": "managed",
      "type": "aws_s3_bucket_ownership_controls",
      "name": "default",
      "provider": "provider[\"registry.terraform.io/hashicorp/aws\"]",
      "instances": [
        {
          "index_key": 0,
          "schema_version": 0,
          "attributes": {
            "bucket": "unityhub-staging-gcp-oneoff-terraform-state",
            "id": "unityhub-staging-gcp-oneoff-terraform-state",
            "region": "us-east-1",
            "rule": [
              {
                "object_ownership": "BucketOwnerEnforced"
              }
            ]
          },
          "sensitive_attributes": [],
          "identity_schema_version": 0,
          "identity": {
            "account_id": "887311683230",
            "bucket": "unityhub-staging-gcp-oneoff-terraform-state",
            "region": "us-east-1"
          },
          "private": "bnVsbA==",
          "dependencies": [
            "module.common_resources_staging.module.gcp_oneoff.module.terraform_state_backend_gcp_oneoff.aws_s3_bucket.default"
          ]
        }
      ]
    },
    {
      "module": "module.common_resources_staging.module.gcp_oneoff.module.terraform_state_backend_gcp_oneoff",
      "mode": "managed",
      "type": "aws_s3_bucket_policy",
      "name": "default",
      "provider": "provider[\"registry.terraform.io/hashicorp/aws\"]",
      "instances": [
        {
          "index_key": 0,
          "schema_version": 0,
          "attributes": {
            "bucket": "unityhub-staging-gcp-oneoff-terraform-state",
            "id": "unityhub-staging-gcp-oneoff-terraform-state",
            "policy": "{\"Statement\":[{\"Action\":\"s3:PutObject\",\"Condition\":{\"StringNotEquals\":{\"s3:x-amz-server-side-encryption\":[\"AES256\",\"aws:kms\"]}},\"Effect\":\"Deny\",\"Principal\":{\"AWS\":\"*\"},\"Resource\":\"arn:aws:s3:::unityhub-staging-gcp-oneoff-terraform-state/*\",\"Sid\":\"DenyIncorrectEncryptionHeader\"},{\"Action\":\"s3:PutObject\",\"Condition\":{\"Null\":{\"s3:x-amz-server-side-encryption\":\"true\"}},\"Effect\":\"Deny\",\"Principal\":{\"AWS\":\"*\"},\"Resource\":\"arn:aws:s3:::unityhub-staging-gcp-oneoff-terraform-state/*\",\"Sid\":\"DenyUnEncryptedObjectUploads\"},{\"Action\":\"s3:*\",\"Condition\":{\"Bool\":{\"aws:SecureTransport\":\"false\"}},\"Effect\":\"Deny\",\"Principal\":{\"AWS\":\"*\"},\"Resource\":[\"arn:aws:s3:::unityhub-staging-gcp-oneoff-terraform-state/*\",\"arn:aws:s3:::unityhub-staging-gcp-oneoff-terraform-state\"],\"Sid\":\"EnforceTlsRequestsOnly\"}],\"Version\":\"2012-10-17\"}",
            "region": "us-east-1"
          },
          "sensitive_attributes": [],
          "identity_schema_version": 0,
          "identity": {
            "account_id": "887311683230",
            "bucket": "unityhub-staging-gcp-oneoff-terraform-state",
            "region": "us-east-1"
          },
          "private": "bnVsbA==",
          "dependencies": [
            "module.common_resources_staging.module.gcp_oneoff.module.terraform_state_backend_gcp_oneoff.aws_s3_bucket.default",
            "module.common_resources_staging.module.gcp_oneoff.module.terraform_state_backend_gcp_oneoff.data.aws_iam_policy_document.prevent_unencrypted_uploads"
          ]
        }
      ]
    },
    {
      "module": "module.common_resources_staging.module.gcp_oneoff.module.terraform_state_backend_gcp_oneoff",
      "mode": "managed",
      "type": "aws_s3_bucket_public_access_block",
      "name": "default",
      "provider": "provider[\"registry.terraform.io/hashicorp/aws\"]",
      "instances": [
        {
          "index_key": 0,
          "schema_version": 0,
          "attributes": {
            "block_public_acls": true,
            "block_public_policy": true,
            "bucket": "unityhub-staging-gcp-oneoff-terraform-state",
            "id": "unityhub-staging-gcp-oneoff-terraform-state",
            "ignore_public_acls": true,
            "region": "us-east-1",
            "restrict_public_buckets": true,
            "skip_destroy": null
          },
          "sensitive_attributes": [],
          "identity_schema_version": 0,
          "identity": {
            "account_id": "887311683230",
            "bucket": "unityhub-staging-gcp-oneoff-terraform-state",
            "region": "us-east-1"
          },
          "private": "bnVsbA==",
          "dependencies": [
            "module.common_resources_staging.module.gcp_oneoff.module.terraform_state_backend_gcp_oneoff.aws_s3_bucket.default"
          ]
        }
      ]
    },
    {
      "module": "module.common_resources_staging.module.gcp_oneoff.module.terraform_state_backend_gcp_oneoff",
      "mode": "managed",
      "type": "aws_s3_bucket_server_side_encryption_configuration",
      "name": "default",
      "provider": "provider[\"registry.terraform.io/hashicorp/aws\"]",
      "instances": [
        {
          "index_key": 0,
          "schema_version": 0,
          "attributes": {
            "bucket": "unityhub-staging-gcp-oneoff-terraform-state",
            "expected_bucket_owner": "",
            "id": "unityhub-staging-gcp-oneoff-terraform-state",
            "region": "us-east-1",
            "rule": [
              {
                "apply_server_side_encryption_by_default": [
                  {
                    "kms_master_key_id": "",
                    "sse_algorithm": "AES256"
                  }
                ],
                "blocked_encryption_types": [
                  "NONE"
                ],
                "bucket_key_enabled": false
              }
            ]
          },
          "sensitive_attributes": [],
          "identity_schema_version": 1,
          "identity": {
            "account_id": "887311683230",
            "bucket": "unityhub-staging-gcp-oneoff-terraform-state",
            "region": "us-east-1"
          },
          "private": "bnVsbA==",
          "dependencies": [
            "module.common_resources_staging.module.gcp_oneoff.module.terraform_state_backend_gcp_oneoff.aws_s3_bucket.default"
          ]
        }
      ]
    },
    {
      "module": "module.common_resources_staging.module.gcp_oneoff.module.terraform_state_backend_gcp_oneoff",
      "mode": "managed",
      "type": "aws_s3_bucket_versioning",
      "name": "default",
      "provider": "provider[\"registry.terraform.io/hashicorp/aws\"]",
      "instances": [
        {
          "index_key": 0,
          "schema_version": 0,
          "attributes": {
            "bucket": "unityhub-staging-gcp-oneoff-terraform-state",
            "expected_bucket_owner": "",
            "id": "unityhub-staging-gcp-oneoff-terraform-state",
            "mfa": null,
            "region": "us-east-1",
            "versioning_configuration": [
              {
                "mfa_delete": "Disabled",
                "status": "Enabled"
              }
            ]
          },
          "sensitive_attributes": [],
          "identity_schema_version": 1,
          "identity": {
            "account_id": "887311683230",
            "bucket": "unityhub-staging-gcp-oneoff-terraform-state",
            "region": "us-east-1"
          },
          "private": "bnVsbA==",
          "dependencies": [
            "module.common_resources_staging.module.gcp_oneoff.module.terraform_state_backend_gcp_oneoff.aws_s3_bucket.default"
          ]
        }
      ]
    },
    {
      "module": "module.common_resources_staging.module.gcp_oneoff.module.terraform_state_backend_gcp_oneoff",
      "mode": "managed",
      "type": "local_file",
      "name": "terraform_backend_config",
      "provider": "provider[\"registry.terraform.io/hashicorp/local\"]",
      "instances": [
        {
          "index_key": 0,
          "schema_version": 0,
          "attributes": {
            "content": "terraform {\n  required_version = \"\u003e= 1.0.0\"\n\n  backend \"s3\" {\n    region         = \"us-east-1\"\n    bucket         = \"unityhub-staging-gcp-oneoff-terraform-state\"\n    key            = \"terraform.tfstate\"\n    dynamodb_table = \"unityhub-staging-gcp-oneoff-terraform-state-lock\"\n    profile        = \"\"\n    role_arn       = \"\"\n    encrypt        = \"true\"\n  }\n}\n",
            "content_base64": null,
            "content_base64sha256": "1eVZUajKZoAynglhD/fuvJ3Z16KHHVFJ1Tvdc/Ju2jk=",
            "content_base64sha512": "C3Zakh30jOPIjwdHdXFYZ14vBP9j5zJ8n92ngqekNp/4pMKo1/wtF9X2Sn72YNdsnxurrgfjDszW0MRoOKNVSg==",
            "content_md5": "625f3512a2e8c75dc1406449d99a8b45",
            "content_sha1": "dbd6f51f6937304fb3901cddcb593e2394953c4d",
            "content_sha256": "d5e55951a8ca6680329e09610ff7eebc9dd9d7a2871d5149d53bdd73f26eda39",
            "content_sha512": "0b765a921df48ce3c88f0747757158675e2f04ff63e7327c9fdda782a7a4369ff8a4c2a8d7fc2d17d5f64a7ef660d76c9f1babae07e30eccd6d0c46838a3554a",
            "directory_permission": "0777",
            "file_permission": "0644",
            "filename": "./backend/backend_gcp_oneoff.tf",
            "id": "dbd6f51f6937304fb3901cddcb593e2394953c4d",
            "sensitive_content": null,
            "source": null
          },
          "sensitive_attributes": [
            [
              {
                "type": "get_attr",
                "value": "sensitive_content"
              }
            ]
          ],
          "identity_schema_version": 0,
          "dependencies": [
            "module.common_resources_staging.module.gcp_oneoff.module.terraform_state_backend_gcp_oneoff.aws_dynamodb_table.with_server_side_encryption",
            "module.common_resources_staging.module.gcp_oneoff.module.terraform_state_backend_gcp_oneoff.aws_s3_bucket.default",
            "module.common_resources_staging.module.gcp_oneoff.module.terraform_state_backend_gcp_oneoff.data.aws_region.current"
          ]
        }
      ]
    },
    {
      "module": "module.common_resources_staging.module.location.module.terraform_state_backend_location_shared",
      "mode": "data",
      "type": "aws_iam_policy_document",
      "name": "prevent_unencrypted_uploads",
      "provider": "provider[\"registry.terraform.io/hashicorp/aws\"]",
      "instances": [
        {
          "index_key": 0,
          "schema_version": 0,
          "attributes": {
            "id": "1481131141",
            "json": "{\n  \"Version\": \"2012-10-17\",\n  \"Statement\": [\n    {\n      \"Sid\": \"DenyIncorrectEncryptionHeader\",\n      \"Effect\": \"Deny\",\n      \"Action\": \"s3:PutObject\",\n      \"Resource\": \"arn:aws:s3:::unityhub-staging-location-shared-terraform-state/*\",\n      \"Principal\": {\n        \"AWS\": \"*\"\n      },\n      \"Condition\": {\n        \"StringNotEquals\": {\n          \"s3:x-amz-server-side-encryption\": [\n            \"AES256\",\n            \"aws:kms\"\n          ]\n        }\n      }\n    },\n    {\n      \"Sid\": \"DenyUnEncryptedObjectUploads\",\n      \"Effect\": \"Deny\",\n      \"Action\": \"s3:PutObject\",\n      \"Resource\": \"arn:aws:s3:::unityhub-staging-location-shared-terraform-state/*\",\n      \"Principal\": {\n        \"AWS\": \"*\"\n      },\n      \"Condition\": {\n        \"Null\": {\n          \"s3:x-amz-server-side-encryption\": \"true\"\n        }\n      }\n    },\n    {\n      \"Sid\": \"EnforceTlsRequestsOnly\",\n      \"Effect\": \"Deny\",\n      \"Action\": \"s3:*\",\n      \"Resource\": [\n        \"arn:aws:s3:::unityhub-staging-location-shared-terraform-state/*\",\n        \"arn:aws:s3:::unityhub-staging-location-shared-terraform-state\"\n      ],\n      \"Principal\": {\n        \"AWS\": \"*\"\n      },\n      \"Condition\": {\n        \"Bool\": {\n          \"aws:SecureTransport\": \"false\"\n        }\n      }\n    }\n  ]\n}",
            "minified_json": "{\"Version\":\"2012-10-17\",\"Statement\":[{\"Sid\":\"DenyIncorrectEncryptionHeader\",\"Effect\":\"Deny\",\"Action\":\"s3:PutObject\",\"Resource\":\"arn:aws:s3:::unityhub-staging-location-shared-terraform-state/*\",\"Principal\":{\"AWS\":\"*\"},\"Condition\":{\"StringNotEquals\":{\"s3:x-amz-server-side-encryption\":[\"AES256\",\"aws:kms\"]}}},{\"Sid\":\"DenyUnEncryptedObjectUploads\",\"Effect\":\"Deny\",\"Action\":\"s3:PutObject\",\"Resource\":\"arn:aws:s3:::unityhub-staging-location-shared-terraform-state/*\",\"Principal\":{\"AWS\":\"*\"},\"Condition\":{\"Null\":{\"s3:x-amz-server-side-encryption\":\"true\"}}},{\"Sid\":\"EnforceTlsRequestsOnly\",\"Effect\":\"Deny\",\"Action\":\"s3:*\",\"Resource\":[\"arn:aws:s3:::unityhub-staging-location-shared-terraform-state/*\",\"arn:aws:s3:::unityhub-staging-location-shared-terraform-state\"],\"Principal\":{\"AWS\":\"*\"},\"Condition\":{\"Bool\":{\"aws:SecureTransport\":\"false\"}}}]}",
            "override_json": null,
            "override_policy_documents": null,
            "policy_id": null,
            "source_json": null,
            "source_policy_documents": null,
            "statement": [
              {
                "actions": [
                  "s3:PutObject"
                ],
                "condition": [
                  {
                    "test": "StringNotEquals",
                    "values": [
                      "AES256",
                      "aws:kms"
                    ],
                    "variable": "s3:x-amz-server-side-encryption"
                  }
                ],
                "effect": "Deny",
                "not_actions": [],
                "not_principals": [],
                "not_resources": [],
                "principals": [
                  {
                    "identifiers": [
                      "*"
                    ],
                    "type": "AWS"
                  }
                ],
                "resources": [
                  "arn:aws:s3:::unityhub-staging-location-shared-terraform-state/*"
                ],
                "sid": "DenyIncorrectEncryptionHeader"
              },
              {
                "actions": [
                  "s3:PutObject"
                ],
                "condition": [
                  {
                    "test": "Null",
                    "values": [
                      "true"
                    ],
                    "variable": "s3:x-amz-server-side-encryption"
                  }
                ],
                "effect": "Deny",
                "not_actions": [],
                "not_principals": [],
                "not_resources": [],
                "principals": [
                  {
                    "identifiers": [
                      "*"
                    ],
                    "type": "AWS"
                  }
                ],
                "resources": [
                  "arn:aws:s3:::unityhub-staging-location-shared-terraform-state/*"
                ],
                "sid": "DenyUnEncryptedObjectUploads"
              },
              {
                "actions": [
                  "s3:*"
                ],
                "condition": [
                  {
                    "test": "Bool",
                    "values": [
                      "false"
                    ],
                    "variable": "aws:SecureTransport"
                  }
                ],
                "effect": "Deny",
                "not_actions": [],
                "not_principals": [],
                "not_resources": [],
                "principals": [
                  {
                    "identifiers": [
                      "*"
                    ],
                    "type": "AWS"
                  }
                ],
                "resources": [
                  "arn:aws:s3:::unityhub-staging-location-shared-terraform-state",
                  "arn:aws:s3:::unityhub-staging-location-shared-terraform-state/*"
                ],
                "sid": "EnforceTlsRequestsOnly"
              }
            ],
            "version": "2012-10-17"
          },
          "sensitive_attributes": [],
          "identity_schema_version": 0
        }
      ]
    },
    {
      "module": "module.common_resources_staging.module.location.module.terraform_state_backend_location_shared",
      "mode": "data",
      "type": "aws_region",
      "name": "current",
      "provider": "provider[\"registry.terraform.io/hashicorp/aws\"]",
      "instances": [
        {
          "schema_version": 0,
          "attributes": {
            "description": "US East (N. Virginia)",
            "endpoint": "ec2.us-east-1.amazonaws.com",
            "id": "us-east-1",
            "name": "us-east-1",
            "region": "us-east-1"
          },
          "sensitive_attributes": [],
          "identity_schema_version": 0
        }
      ]
    },
    {
      "module": "module.common_resources_staging.module.location.module.terraform_state_backend_location_shared",
      "mode": "managed",
      "type": "aws_dynamodb_table",
      "name": "with_server_side_encryption",
      "provider": "provider[\"registry.terraform.io/hashicorp/aws\"]",
      "instances": [
        {
          "index_key": 0,
          "schema_version": 1,
          "attributes": {
            "arn": "arn:aws:dynamodb:us-east-1:887311683230:table/unityhub-staging-location-shared-terraform-state-lock",
            "attribute": [
              {
                "name": "LockID",
                "type": "S"
              }
            ],
            "billing_mode": "PAY_PER_REQUEST",
            "deletion_protection_enabled": false,
            "global_secondary_index": [],
            "global_table_witness": [],
            "hash_key": "LockID",
            "id": "unityhub-staging-location-shared-terraform-state-lock",
            "import_table": [],
            "local_secondary_index": [],
            "name": "unityhub-staging-location-shared-terraform-state-lock",
            "on_demand_throughput": [],
            "point_in_time_recovery": [
              {
                "enabled": true,
                "recovery_period_in_days": 35
              }
            ],
            "range_key": null,
            "read_capacity": 0,
            "region": "us-east-1",
            "replica": [],
            "restore_backup_arn": null,
            "restore_date_time": null,
            "restore_source_name": null,
            "restore_source_table_arn": null,
            "restore_to_latest_time": null,
            "server_side_encryption": [
              {
                "enabled": true,
                "kms_key_arn": ""
              }
            ],
            "stream_arn": "",
            "stream_enabled": false,
            "stream_label": "",
            "stream_view_type": "",
            "table_class": "STANDARD",
            "tags": {
              "Attributes": "terraform-state-lock",
              "Name": "unityhub-staging-location-shared-terraform-state-lock",
              "Namespace": "unityhub",
              "Stage": "staging"
            },
            "tags_all": {
              "Attributes": "terraform-state-lock",
              "Name": "unityhub-staging-location-shared-terraform-state-lock",
              "Namespace": "unityhub",
              "Stage": "staging"
            },
            "timeouts": null,
            "ttl": [
              {
                "attribute_name": "",
                "enabled": false
              }
            ],
            "warm_throughput": [],
            "write_capacity": 0
          },
          "sensitive_attributes": [],
          "identity_schema_version": 0,
          "identity": {
            "account_id": "887311683230",
            "name": "unityhub-staging-location-shared-terraform-state-lock",
            "region": "us-east-1"
          },
          "private": "eyJlMmJmYjczMC1lY2FhLTExZTYtOGY4OC0zNDM2M2JjN2M0YzAiOnsiY3JlYXRlIjoxODAwMDAwMDAwMDAwLCJkZWxldGUiOjYwMDAwMDAwMDAwMCwidXBkYXRlIjozNjAwMDAwMDAwMDAwfSwic2NoZW1hX3ZlcnNpb24iOiIxIn0="
        }
      ]
    },
    {
      "module": "module.common_resources_staging.module.location.module.terraform_state_backend_location_shared",
      "mode": "managed",
      "type": "aws_s3_bucket",
      "name": "default",
      "provider": "provider[\"registry.terraform.io/hashicorp/aws\"]",
      "instances": [
        {
          "index_key": 0,
          "schema_version": 0,
          "attributes": {
            "acceleration_status": "",
            "acl": null,
            "arn": "arn:aws:s3:::unityhub-staging-location-shared-terraform-state",
            "bucket": "unityhub-staging-location-shared-terraform-state",
            "bucket_domain_name": "unityhub-staging-location-shared-terraform-state.s3.amazonaws.com",
            "bucket_namespace": "global",
            "bucket_prefix": "",
            "bucket_region": "us-east-1",
            "bucket_regional_domain_name": "unityhub-staging-location-shared-terraform-state.s3.us-east-1.amazonaws.com",
            "cors_rule": [],
            "force_destroy": true,
            "grant": [
              {
                "id": "1e705be12a968dd63fd96aa2d89b9898fdbac29cae9cebb1a3874a1b02621739",
                "permissions": [
                  "FULL_CONTROL"
                ],
                "type": "CanonicalUser",
                "uri": ""
              }
            ],
            "hosted_zone_id": "Z3AQBSTGFYJSTF",
            "id": "unityhub-staging-location-shared-terraform-state",
            "lifecycle_rule": [],
            "logging": [],
            "object_lock_configuration": [],
            "object_lock_enabled": false,
            "policy": "{\"Statement\":[{\"Action\":\"s3:PutObject\",\"Condition\":{\"StringNotEquals\":{\"s3:x-amz-server-side-encryption\":[\"AES256\",\"aws:kms\"]}},\"Effect\":\"Deny\",\"Principal\":{\"AWS\":\"*\"},\"Resource\":\"arn:aws:s3:::unityhub-staging-location-shared-terraform-state/*\",\"Sid\":\"DenyIncorrectEncryptionHeader\"},{\"Action\":\"s3:PutObject\",\"Condition\":{\"Null\":{\"s3:x-amz-server-side-encryption\":\"true\"}},\"Effect\":\"Deny\",\"Principal\":{\"AWS\":\"*\"},\"Resource\":\"arn:aws:s3:::unityhub-staging-location-shared-terraform-state/*\",\"Sid\":\"DenyUnEncryptedObjectUploads\"},{\"Action\":\"s3:*\",\"Condition\":{\"Bool\":{\"aws:SecureTransport\":\"false\"}},\"Effect\":\"Deny\",\"Principal\":{\"AWS\":\"*\"},\"Resource\":[\"arn:aws:s3:::unityhub-staging-location-shared-terraform-state/*\",\"arn:aws:s3:::unityhub-staging-location-shared-terraform-state\"],\"Sid\":\"EnforceTlsRequestsOnly\"}],\"Version\":\"2012-10-17\"}",
            "region": "us-east-1",
            "replication_configuration": [],
            "request_payer": "BucketOwner",
            "server_side_encryption_configuration": [
              {
                "rule": [
                  {
                    "apply_server_side_encryption_by_default": [
                      {
                        "kms_master_key_id": "",
                        "sse_algorithm": "AES256"
                      }
                    ],
                    "bucket_key_enabled": false
                  }
                ]
              }
            ],
            "tags": {
              "Attributes": "terraform-state",
              "Name": "unityhub-staging-location-shared-terraform-state",
              "Namespace": "unityhub",
              "Stage": "staging"
            },
            "tags_all": {
              "Attributes": "terraform-state",
              "Name": "unityhub-staging-location-shared-terraform-state",
              "Namespace": "unityhub",
              "Stage": "staging"
            },
            "timeouts": null,
            "versioning": [
              {
                "enabled": true,
                "mfa_delete": false
              }
            ],
            "website": [],
            "website_domain": null,
            "website_endpoint": null
          },
          "sensitive_attributes": [],
          "identity_schema_version": 0,
          "identity": {
            "account_id": "887311683230",
            "bucket": "unityhub-staging-location-shared-terraform-state",
            "region": "us-east-1"
          },
          "private": "eyJlMmJmYjczMC1lY2FhLTExZTYtOGY4OC0zNDM2M2JjN2M0YzAiOnsiY3JlYXRlIjoxMjAwMDAwMDAwMDAwLCJkZWxldGUiOjM2MDAwMDAwMDAwMDAsInJlYWQiOjEyMDAwMDAwMDAwMDAsInVwZGF0ZSI6MTIwMDAwMDAwMDAwMH19"
        }
      ]
    },
    {
      "module": "module.common_resources_staging.module.location.module.terraform_state_backend_location_shared",
      "mode": "managed",
      "type": "aws_s3_bucket_ownership_controls",
      "name": "default",
      "provider": "provider[\"registry.terraform.io/hashicorp/aws\"]",
      "instances": [
        {
          "index_key": 0,
          "schema_version": 0,
          "attributes": {
            "bucket": "unityhub-staging-location-shared-terraform-state",
            "id": "unityhub-staging-location-shared-terraform-state",
            "region": "us-east-1",
            "rule": [
              {
                "object_ownership": "BucketOwnerEnforced"
              }
            ]
          },
          "sensitive_attributes": [],
          "identity_schema_version": 0,
          "identity": {
            "account_id": "887311683230",
            "bucket": "unityhub-staging-location-shared-terraform-state",
            "region": "us-east-1"
          },
          "private": "bnVsbA==",
          "dependencies": [
            "module.common_resources_staging.module.location.module.terraform_state_backend_location_shared.aws_s3_bucket.default"
          ]
        }
      ]
    },
    {
      "module": "module.common_resources_staging.module.location.module.terraform_state_backend_location_shared",
      "mode": "managed",
      "type": "aws_s3_bucket_policy",
      "name": "default",
      "provider": "provider[\"registry.terraform.io/hashicorp/aws\"]",
      "instances": [
        {
          "index_key": 0,
          "schema_version": 0,
          "attributes": {
            "bucket": "unityhub-staging-location-shared-terraform-state",
            "id": "unityhub-staging-location-shared-terraform-state",
            "policy": "{\"Statement\":[{\"Action\":\"s3:PutObject\",\"Condition\":{\"StringNotEquals\":{\"s3:x-amz-server-side-encryption\":[\"AES256\",\"aws:kms\"]}},\"Effect\":\"Deny\",\"Principal\":{\"AWS\":\"*\"},\"Resource\":\"arn:aws:s3:::unityhub-staging-location-shared-terraform-state/*\",\"Sid\":\"DenyIncorrectEncryptionHeader\"},{\"Action\":\"s3:PutObject\",\"Condition\":{\"Null\":{\"s3:x-amz-server-side-encryption\":\"true\"}},\"Effect\":\"Deny\",\"Principal\":{\"AWS\":\"*\"},\"Resource\":\"arn:aws:s3:::unityhub-staging-location-shared-terraform-state/*\",\"Sid\":\"DenyUnEncryptedObjectUploads\"},{\"Action\":\"s3:*\",\"Condition\":{\"Bool\":{\"aws:SecureTransport\":\"false\"}},\"Effect\":\"Deny\",\"Principal\":{\"AWS\":\"*\"},\"Resource\":[\"arn:aws:s3:::unityhub-staging-location-shared-terraform-state/*\",\"arn:aws:s3:::unityhub-staging-location-shared-terraform-state\"],\"Sid\":\"EnforceTlsRequestsOnly\"}],\"Version\":\"2012-10-17\"}",
            "region": "us-east-1"
          },
          "sensitive_attributes": [],
          "identity_schema_version": 0,
          "identity": {
            "account_id": "887311683230",
            "bucket": "unityhub-staging-location-shared-terraform-state",
            "region": "us-east-1"
          },
          "private": "bnVsbA==",
          "dependencies": [
            "module.common_resources_staging.module.location.module.terraform_state_backend_location_shared.aws_s3_bucket.default",
            "module.common_resources_staging.module.location.module.terraform_state_backend_location_shared.data.aws_iam_policy_document.prevent_unencrypted_uploads"
          ]
        }
      ]
    },
    {
      "module": "module.common_resources_staging.module.location.module.terraform_state_backend_location_shared",
      "mode": "managed",
      "type": "aws_s3_bucket_public_access_block",
      "name": "default",
      "provider": "provider[\"registry.terraform.io/hashicorp/aws\"]",
      "instances": [
        {
          "index_key": 0,
          "schema_version": 0,
          "attributes": {
            "block_public_acls": true,
            "block_public_policy": true,
            "bucket": "unityhub-staging-location-shared-terraform-state",
            "id": "unityhub-staging-location-shared-terraform-state",
            "ignore_public_acls": true,
            "region": "us-east-1",
            "restrict_public_buckets": true,
            "skip_destroy": null
          },
          "sensitive_attributes": [],
          "identity_schema_version": 0,
          "identity": {
            "account_id": "887311683230",
            "bucket": "unityhub-staging-location-shared-terraform-state",
            "region": "us-east-1"
          },
          "private": "bnVsbA==",
          "dependencies": [
            "module.common_resources_staging.module.location.module.terraform_state_backend_location_shared.aws_s3_bucket.default"
          ]
        }
      ]
    },
    {
      "module": "module.common_resources_staging.module.location.module.terraform_state_backend_location_shared",
      "mode": "managed",
      "type": "aws_s3_bucket_server_side_encryption_configuration",
      "name": "default",
      "provider": "provider[\"registry.terraform.io/hashicorp/aws\"]",
      "instances": [
        {
          "index_key": 0,
          "schema_version": 0,
          "attributes": {
            "bucket": "unityhub-staging-location-shared-terraform-state",
            "expected_bucket_owner": "",
            "id": "unityhub-staging-location-shared-terraform-state",
            "region": "us-east-1",
            "rule": [
              {
                "apply_server_side_encryption_by_default": [
                  {
                    "kms_master_key_id": "",
                    "sse_algorithm": "AES256"
                  }
                ],
                "blocked_encryption_types": [
                  "NONE"
                ],
                "bucket_key_enabled": false
              }
            ]
          },
          "sensitive_attributes": [],
          "identity_schema_version": 1,
          "identity": {
            "account_id": "887311683230",
            "bucket": "unityhub-staging-location-shared-terraform-state",
            "region": "us-east-1"
          },
          "private": "bnVsbA==",
          "dependencies": [
            "module.common_resources_staging.module.location.module.terraform_state_backend_location_shared.aws_s3_bucket.default"
          ]
        }
      ]
    },
    {
      "module": "module.common_resources_staging.module.location.module.terraform_state_backend_location_shared",
      "mode": "managed",
      "type": "aws_s3_bucket_versioning",
      "name": "default",
      "provider": "provider[\"registry.terraform.io/hashicorp/aws\"]",
      "instances": [
        {
          "index_key": 0,
          "schema_version": 0,
          "attributes": {
            "bucket": "unityhub-staging-location-shared-terraform-state",
            "expected_bucket_owner": "",
            "id": "unityhub-staging-location-shared-terraform-state",
            "mfa": null,
            "region": "us-east-1",
            "versioning_configuration": [
              {
                "mfa_delete": "Disabled",
                "status": "Enabled"
              }
            ]
          },
          "sensitive_attributes": [],
          "identity_schema_version": 1,
          "identity": {
            "account_id": "887311683230",
            "bucket": "unityhub-staging-location-shared-terraform-state",
            "region": "us-east-1"
          },
          "private": "bnVsbA==",
          "dependencies": [
            "module.common_resources_staging.module.location.module.terraform_state_backend_location_shared.aws_s3_bucket.default"
          ]
        }
      ]
    },
    {
      "module": "module.common_resources_staging.module.location.module.terraform_state_backend_location_shared",
      "mode": "managed",
      "type": "local_file",
      "name": "terraform_backend_config",
      "provider": "provider[\"registry.terraform.io/hashicorp/local\"]",
      "instances": [
        {
          "index_key": 0,
          "schema_version": 0,
          "attributes": {
            "content": "terraform {\n  required_version = \"\u003e= 1.0.0\"\n\n  backend \"s3\" {\n    region         = \"us-east-1\"\n    bucket         = \"unityhub-staging-location-shared-terraform-state\"\n    key            = \"terraform.tfstate\"\n    dynamodb_table = \"unityhub-staging-location-shared-terraform-state-lock\"\n    profile        = \"\"\n    role_arn       = \"\"\n    encrypt        = \"true\"\n  }\n}\n",
            "content_base64": null,
            "content_base64sha256": "AOZh7N1ct302Ers3w5d41K6TPKI9146sM4Lg0cavvlw=",
            "content_base64sha512": "1CZaoQPyMyK4G+RNg/wC2IUOi/kGuCTeIgeMqgyI3mC6KaI4TatcMIv8SWcRBlAMma5iwKqEbXXxJSYfne5tww==",
            "content_md5": "944d45a5858d8bc66915aabe55fc3b12",
            "content_sha1": "c27a75a78c650e0ba8e4d6995f17032ba4716b84",
            "content_sha256": "00e661ecdd5cb77d3612bb37c39778d4ae933ca23dd78eac3382e0d1c6afbe5c",
            "content_sha512": "d4265aa103f23322b81be44d83fc02d8850e8bf906b824de22078caa0c88de60ba29a2384dab5c308bfc49671106500c99ae62c0aa846d75f125261f9dee6dc3",
            "directory_permission": "0777",
            "file_permission": "0644",
            "filename": "./backend/backend_location_shared.tf",
            "id": "c27a75a78c650e0ba8e4d6995f17032ba4716b84",
            "sensitive_content": null,
            "source": null
          },
          "sensitive_attributes": [
            [
              {
                "type": "get_attr",
                "value": "sensitive_content"
              }
            ]
          ],
          "identity_schema_version": 0,
          "dependencies": [
            "module.common_resources_staging.module.location.module.terraform_state_backend_location_shared.aws_dynamodb_table.with_server_side_encryption",
            "module.common_resources_staging.module.location.module.terraform_state_backend_location_shared.aws_s3_bucket.default",
            "module.common_resources_staging.module.location.module.terraform_state_backend_location_shared.data.aws_region.current"
          ]
        }
      ]
    },
    {
      "module": "module.common_resources_staging.module.marketplace.module.terraform_state_backend_marketplace_shared",
      "mode": "data",
      "type": "aws_iam_policy_document",
      "name": "prevent_unencrypted_uploads",
      "provider": "provider[\"registry.terraform.io/hashicorp/aws\"]",
      "instances": [
        {
          "index_key": 0,
          "schema_version": 0,
          "attributes": {
            "id": "3902143887",
            "json": "{\n  \"Version\": \"2012-10-17\",\n  \"Statement\": [\n    {\n      \"Sid\": \"DenyIncorrectEncryptionHeader\",\n      \"Effect\": \"Deny\",\n      \"Action\": \"s3:PutObject\",\n      \"Resource\": \"arn:aws:s3:::unityhub-staging-marketplace-shared-terraform-state/*\",\n      \"Principal\": {\n        \"AWS\": \"*\"\n      },\n      \"Condition\": {\n        \"StringNotEquals\": {\n          \"s3:x-amz-server-side-encryption\": [\n            \"AES256\",\n            \"aws:kms\"\n          ]\n        }\n      }\n    },\n    {\n      \"Sid\": \"DenyUnEncryptedObjectUploads\",\n      \"Effect\": \"Deny\",\n      \"Action\": \"s3:PutObject\",\n      \"Resource\": \"arn:aws:s3:::unityhub-staging-marketplace-shared-terraform-state/*\",\n      \"Principal\": {\n        \"AWS\": \"*\"\n      },\n      \"Condition\": {\n        \"Null\": {\n          \"s3:x-amz-server-side-encryption\": \"true\"\n        }\n      }\n    },\n    {\n      \"Sid\": \"EnforceTlsRequestsOnly\",\n      \"Effect\": \"Deny\",\n      \"Action\": \"s3:*\",\n      \"Resource\": [\n        \"arn:aws:s3:::unityhub-staging-marketplace-shared-terraform-state/*\",\n        \"arn:aws:s3:::unityhub-staging-marketplace-shared-terraform-state\"\n      ],\n      \"Principal\": {\n        \"AWS\": \"*\"\n      },\n      \"Condition\": {\n        \"Bool\": {\n          \"aws:SecureTransport\": \"false\"\n        }\n      }\n    }\n  ]\n}",
            "minified_json": "{\"Version\":\"2012-10-17\",\"Statement\":[{\"Sid\":\"DenyIncorrectEncryptionHeader\",\"Effect\":\"Deny\",\"Action\":\"s3:PutObject\",\"Resource\":\"arn:aws:s3:::unityhub-staging-marketplace-shared-terraform-state/*\",\"Principal\":{\"AWS\":\"*\"},\"Condition\":{\"StringNotEquals\":{\"s3:x-amz-server-side-encryption\":[\"AES256\",\"aws:kms\"]}}},{\"Sid\":\"DenyUnEncryptedObjectUploads\",\"Effect\":\"Deny\",\"Action\":\"s3:PutObject\",\"Resource\":\"arn:aws:s3:::unityhub-staging-marketplace-shared-terraform-state/*\",\"Principal\":{\"AWS\":\"*\"},\"Condition\":{\"Null\":{\"s3:x-amz-server-side-encryption\":\"true\"}}},{\"Sid\":\"EnforceTlsRequestsOnly\",\"Effect\":\"Deny\",\"Action\":\"s3:*\",\"Resource\":[\"arn:aws:s3:::unityhub-staging-marketplace-shared-terraform-state/*\",\"arn:aws:s3:::unityhub-staging-marketplace-shared-terraform-state\"],\"Principal\":{\"AWS\":\"*\"},\"Condition\":{\"Bool\":{\"aws:SecureTransport\":\"false\"}}}]}",
            "override_json": null,
            "override_policy_documents": null,
            "policy_id": null,
            "source_json": null,
            "source_policy_documents": null,
            "statement": [
              {
                "actions": [
                  "s3:PutObject"
                ],
                "condition": [
                  {
                    "test": "StringNotEquals",
                    "values": [
                      "AES256",
                      "aws:kms"
                    ],
                    "variable": "s3:x-amz-server-side-encryption"
                  }
                ],
                "effect": "Deny",
                "not_actions": [],
                "not_principals": [],
                "not_resources": [],
                "principals": [
                  {
                    "identifiers": [
                      "*"
                    ],
                    "type": "AWS"
                  }
                ],
                "resources": [
                  "arn:aws:s3:::unityhub-staging-marketplace-shared-terraform-state/*"
                ],
                "sid": "DenyIncorrectEncryptionHeader"
              },
              {
                "actions": [
                  "s3:PutObject"
                ],
                "condition": [
                  {
                    "test": "Null",
                    "values": [
                      "true"
                    ],
                    "variable": "s3:x-amz-server-side-encryption"
                  }
                ],
                "effect": "Deny",
                "not_actions": [],
                "not_principals": [],
                "not_resources": [],
                "principals": [
                  {
                    "identifiers": [
                      "*"
                    ],
                    "type": "AWS"
                  }
                ],
                "resources": [
                  "arn:aws:s3:::unityhub-staging-marketplace-shared-terraform-state/*"
                ],
                "sid": "DenyUnEncryptedObjectUploads"
              },
              {
                "actions": [
                  "s3:*"
                ],
                "condition": [
                  {
                    "test": "Bool",
                    "values": [
                      "false"
                    ],
                    "variable": "aws:SecureTransport"
                  }
                ],
                "effect": "Deny",
                "not_actions": [],
                "not_principals": [],
                "not_resources": [],
                "principals": [
                  {
                    "identifiers": [
                      "*"
                    ],
                    "type": "AWS"
                  }
                ],
                "resources": [
                  "arn:aws:s3:::unityhub-staging-marketplace-shared-terraform-state",
                  "arn:aws:s3:::unityhub-staging-marketplace-shared-terraform-state/*"
                ],
                "sid": "EnforceTlsRequestsOnly"
              }
            ],
            "version": "2012-10-17"
          },
          "sensitive_attributes": [],
          "identity_schema_version": 0
        }
      ]
    },
    {
      "module": "module.common_resources_staging.module.marketplace.module.terraform_state_backend_marketplace_shared",
      "mode": "data",
      "type": "aws_region",
      "name": "current",
      "provider": "provider[\"registry.terraform.io/hashicorp/aws\"]",
      "instances": [
        {
          "schema_version": 0,
          "attributes": {
            "description": "US East (N. Virginia)",
            "endpoint": "ec2.us-east-1.amazonaws.com",
            "id": "us-east-1",
            "name": "us-east-1",
            "region": "us-east-1"
          },
          "sensitive_attributes": [],
          "identity_schema_version": 0
        }
      ]
    },
    {
      "module": "module.common_resources_staging.module.marketplace.module.terraform_state_backend_marketplace_shared",
      "mode": "managed",
      "type": "aws_dynamodb_table",
      "name": "with_server_side_encryption",
      "provider": "provider[\"registry.terraform.io/hashicorp/aws\"]",
      "instances": [
        {
          "index_key": 0,
          "schema_version": 1,
          "attributes": {
            "arn": "arn:aws:dynamodb:us-east-1:887311683230:table/unityhub-staging-marketplace-shared-terraform-state-lock",
            "attribute": [
              {
                "name": "LockID",
                "type": "S"
              }
            ],
            "billing_mode": "PAY_PER_REQUEST",
            "deletion_protection_enabled": false,
            "global_secondary_index": [],
            "global_table_witness": [],
            "hash_key": "LockID",
            "id": "unityhub-staging-marketplace-shared-terraform-state-lock",
            "import_table": [],
            "local_secondary_index": [],
            "name": "unityhub-staging-marketplace-shared-terraform-state-lock",
            "on_demand_throughput": [],
            "point_in_time_recovery": [
              {
                "enabled": true,
                "recovery_period_in_days": 35
              }
            ],
            "range_key": null,
            "read_capacity": 0,
            "region": "us-east-1",
            "replica": [],
            "restore_backup_arn": null,
            "restore_date_time": null,
            "restore_source_name": null,
            "restore_source_table_arn": null,
            "restore_to_latest_time": null,
            "server_side_encryption": [
              {
                "enabled": true,
                "kms_key_arn": ""
              }
            ],
            "stream_arn": "",
            "stream_enabled": false,
            "stream_label": "",
            "stream_view_type": "",
            "table_class": "STANDARD",
            "tags": {
              "Attributes": "terraform-state-lock",
              "Name": "unityhub-staging-marketplace-shared-terraform-state-lock",
              "Namespace": "unityhub",
              "Stage": "staging"
            },
            "tags_all": {
              "Attributes": "terraform-state-lock",
              "Name": "unityhub-staging-marketplace-shared-terraform-state-lock",
              "Namespace": "unityhub",
              "Stage": "staging"
            },
            "timeouts": null,
            "ttl": [
              {
                "attribute_name": "",
                "enabled": false
              }
            ],
            "warm_throughput": [],
            "write_capacity": 0
          },
          "sensitive_attributes": [],
          "identity_schema_version": 0,
          "identity": {
            "account_id": "887311683230",
            "name": "unityhub-staging-marketplace-shared-terraform-state-lock",
            "region": "us-east-1"
          },
          "private": "eyJlMmJmYjczMC1lY2FhLTExZTYtOGY4OC0zNDM2M2JjN2M0YzAiOnsiY3JlYXRlIjoxODAwMDAwMDAwMDAwLCJkZWxldGUiOjYwMDAwMDAwMDAwMCwidXBkYXRlIjozNjAwMDAwMDAwMDAwfSwic2NoZW1hX3ZlcnNpb24iOiIxIn0="
        }
      ]
    },
    {
      "module": "module.common_resources_staging.module.marketplace.module.terraform_state_backend_marketplace_shared",
      "mode": "managed",
      "type": "aws_s3_bucket",
      "name": "default",
      "provider": "provider[\"registry.terraform.io/hashicorp/aws\"]",
      "instances": [
        {
          "index_key": 0,
          "schema_version": 0,
          "attributes": {
            "acceleration_status": "",
            "acl": null,
            "arn": "arn:aws:s3:::unityhub-staging-marketplace-shared-terraform-state",
            "bucket": "unityhub-staging-marketplace-shared-terraform-state",
            "bucket_domain_name": "unityhub-staging-marketplace-shared-terraform-state.s3.amazonaws.com",
            "bucket_namespace": "global",
            "bucket_prefix": "",
            "bucket_region": "us-east-1",
            "bucket_regional_domain_name": "unityhub-staging-marketplace-shared-terraform-state.s3.us-east-1.amazonaws.com",
            "cors_rule": [],
            "force_destroy": true,
            "grant": [
              {
                "id": "1e705be12a968dd63fd96aa2d89b9898fdbac29cae9cebb1a3874a1b02621739",
                "permissions": [
                  "FULL_CONTROL"
                ],
                "type": "CanonicalUser",
                "uri": ""
              }
            ],
            "hosted_zone_id": "Z3AQBSTGFYJSTF",
            "id": "unityhub-staging-marketplace-shared-terraform-state",
            "lifecycle_rule": [],
            "logging": [],
            "object_lock_configuration": [],
            "object_lock_enabled": false,
            "policy": "{\"Statement\":[{\"Action\":\"s3:PutObject\",\"Condition\":{\"StringNotEquals\":{\"s3:x-amz-server-side-encryption\":[\"AES256\",\"aws:kms\"]}},\"Effect\":\"Deny\",\"Principal\":{\"AWS\":\"*\"},\"Resource\":\"arn:aws:s3:::unityhub-staging-marketplace-shared-terraform-state/*\",\"Sid\":\"DenyIncorrectEncryptionHeader\"},{\"Action\":\"s3:PutObject\",\"Condition\":{\"Null\":{\"s3:x-amz-server-side-encryption\":\"true\"}},\"Effect\":\"Deny\",\"Principal\":{\"AWS\":\"*\"},\"Resource\":\"arn:aws:s3:::unityhub-staging-marketplace-shared-terraform-state/*\",\"Sid\":\"DenyUnEncryptedObjectUploads\"},{\"Action\":\"s3:*\",\"Condition\":{\"Bool\":{\"aws:SecureTransport\":\"false\"}},\"Effect\":\"Deny\",\"Principal\":{\"AWS\":\"*\"},\"Resource\":[\"arn:aws:s3:::unityhub-staging-marketplace-shared-terraform-state/*\",\"arn:aws:s3:::unityhub-staging-marketplace-shared-terraform-state\"],\"Sid\":\"EnforceTlsRequestsOnly\"}],\"Version\":\"2012-10-17\"}",
            "region": "us-east-1",
            "replication_configuration": [],
            "request_payer": "BucketOwner",
            "server_side_encryption_configuration": [
              {
                "rule": [
                  {
                    "apply_server_side_encryption_by_default": [
                      {
                        "kms_master_key_id": "",
                        "sse_algorithm": "AES256"
                      }
                    ],
                    "bucket_key_enabled": false
                  }
                ]
              }
            ],
            "tags": {
              "Attributes": "terraform-state",
              "Name": "unityhub-staging-marketplace-shared-terraform-state",
              "Namespace": "unityhub",
              "Stage": "staging"
            },
            "tags_all": {
              "Attributes": "terraform-state",
              "Name": "unityhub-staging-marketplace-shared-terraform-state",
              "Namespace": "unityhub",
              "Stage": "staging"
            },
            "timeouts": null,
            "versioning": [
              {
                "enabled": true,
                "mfa_delete": false
              }
            ],
            "website": [],
            "website_domain": null,
            "website_endpoint": null
          },
          "sensitive_attributes": [],
          "identity_schema_version": 0,
          "identity": {
            "account_id": "887311683230",
            "bucket": "unityhub-staging-marketplace-shared-terraform-state",
            "region": "us-east-1"
          },
          "private": "eyJlMmJmYjczMC1lY2FhLTExZTYtOGY4OC0zNDM2M2JjN2M0YzAiOnsiY3JlYXRlIjoxMjAwMDAwMDAwMDAwLCJkZWxldGUiOjM2MDAwMDAwMDAwMDAsInJlYWQiOjEyMDAwMDAwMDAwMDAsInVwZGF0ZSI6MTIwMDAwMDAwMDAwMH19"
        }
      ]
    },
    {
      "module": "module.common_resources_staging.module.marketplace.module.terraform_state_backend_marketplace_shared",
      "mode": "managed",
      "type": "aws_s3_bucket_ownership_controls",
      "name": "default",
      "provider": "provider[\"registry.terraform.io/hashicorp/aws\"]",
      "instances": [
        {
          "index_key": 0,
          "schema_version": 0,
          "attributes": {
            "bucket": "unityhub-staging-marketplace-shared-terraform-state",
            "id": "unityhub-staging-marketplace-shared-terraform-state",
            "region": "us-east-1",
            "rule": [
              {
                "object_ownership": "BucketOwnerEnforced"
              }
            ]
          },
          "sensitive_attributes": [],
          "identity_schema_version": 0,
          "identity": {
            "account_id": "887311683230",
            "bucket": "unityhub-staging-marketplace-shared-terraform-state",
            "region": "us-east-1"
          },
          "private": "bnVsbA==",
          "dependencies": [
            "module.common_resources_staging.module.marketplace.module.terraform_state_backend_marketplace_shared.aws_s3_bucket.default"
          ]
        }
      ]
    },
    {
      "module": "module.common_resources_staging.module.marketplace.module.terraform_state_backend_marketplace_shared",
      "mode": "managed",
      "type": "aws_s3_bucket_policy",
      "name": "default",
      "provider": "provider[\"registry.terraform.io/hashicorp/aws\"]",
      "instances": [
        {
          "index_key": 0,
          "schema_version": 0,
          "attributes": {
            "bucket": "unityhub-staging-marketplace-shared-terraform-state",
            "id": "unityhub-staging-marketplace-shared-terraform-state",
            "policy": "{\"Statement\":[{\"Action\":\"s3:PutObject\",\"Condition\":{\"StringNotEquals\":{\"s3:x-amz-server-side-encryption\":[\"AES256\",\"aws:kms\"]}},\"Effect\":\"Deny\",\"Principal\":{\"AWS\":\"*\"},\"Resource\":\"arn:aws:s3:::unityhub-staging-marketplace-shared-terraform-state/*\",\"Sid\":\"DenyIncorrectEncryptionHeader\"},{\"Action\":\"s3:PutObject\",\"Condition\":{\"Null\":{\"s3:x-amz-server-side-encryption\":\"true\"}},\"Effect\":\"Deny\",\"Principal\":{\"AWS\":\"*\"},\"Resource\":\"arn:aws:s3:::unityhub-staging-marketplace-shared-terraform-state/*\",\"Sid\":\"DenyUnEncryptedObjectUploads\"},{\"Action\":\"s3:*\",\"Condition\":{\"Bool\":{\"aws:SecureTransport\":\"false\"}},\"Effect\":\"Deny\",\"Principal\":{\"AWS\":\"*\"},\"Resource\":[\"arn:aws:s3:::unityhub-staging-marketplace-shared-terraform-state/*\",\"arn:aws:s3:::unityhub-staging-marketplace-shared-terraform-state\"],\"Sid\":\"EnforceTlsRequestsOnly\"}],\"Version\":\"2012-10-17\"}",
            "region": "us-east-1"
          },
          "sensitive_attributes": [],
          "identity_schema_version": 0,
          "identity": {
            "account_id": "887311683230",
            "bucket": "unityhub-staging-marketplace-shared-terraform-state",
            "region": "us-east-1"
          },
          "private": "bnVsbA==",
          "dependencies": [
            "module.common_resources_staging.module.marketplace.module.terraform_state_backend_marketplace_shared.aws_s3_bucket.default",
            "module.common_resources_staging.module.marketplace.module.terraform_state_backend_marketplace_shared.data.aws_iam_policy_document.prevent_unencrypted_uploads"
          ]
        }
      ]
    },
    {
      "module": "module.common_resources_staging.module.marketplace.module.terraform_state_backend_marketplace_shared",
      "mode": "managed",
      "type": "aws_s3_bucket_public_access_block",
      "name": "default",
      "provider": "provider[\"registry.terraform.io/hashicorp/aws\"]",
      "instances": [
        {
          "index_key": 0,
          "schema_version": 0,
          "attributes": {
            "block_public_acls": true,
            "block_public_policy": true,
            "bucket": "unityhub-staging-marketplace-shared-terraform-state",
            "id": "unityhub-staging-marketplace-shared-terraform-state",
            "ignore_public_acls": true,
            "region": "us-east-1",
            "restrict_public_buckets": true,
            "skip_destroy": null
          },
          "sensitive_attributes": [],
          "identity_schema_version": 0,
          "identity": {
            "account_id": "887311683230",
            "bucket": "unityhub-staging-marketplace-shared-terraform-state",
            "region": "us-east-1"
          },
          "private": "bnVsbA==",
          "dependencies": [
            "module.common_resources_staging.module.marketplace.module.terraform_state_backend_marketplace_shared.aws_s3_bucket.default"
          ]
        }
      ]
    },
    {
      "module": "module.common_resources_staging.module.marketplace.module.terraform_state_backend_marketplace_shared",
      "mode": "managed",
      "type": "aws_s3_bucket_server_side_encryption_configuration",
      "name": "default",
      "provider": "provider[\"registry.terraform.io/hashicorp/aws\"]",
      "instances": [
        {
          "index_key": 0,
          "schema_version": 0,
          "attributes": {
            "bucket": "unityhub-staging-marketplace-shared-terraform-state",
            "expected_bucket_owner": "",
            "id": "unityhub-staging-marketplace-shared-terraform-state",
            "region": "us-east-1",
            "rule": [
              {
                "apply_server_side_encryption_by_default": [
                  {
                    "kms_master_key_id": "",
                    "sse_algorithm": "AES256"
                  }
                ],
                "blocked_encryption_types": [
                  "NONE"
                ],
                "bucket_key_enabled": false
              }
            ]
          },
          "sensitive_attributes": [],
          "identity_schema_version": 1,
          "identity": {
            "account_id": "887311683230",
            "bucket": "unityhub-staging-marketplace-shared-terraform-state",
            "region": "us-east-1"
          },
          "private": "bnVsbA==",
          "dependencies": [
            "module.common_resources_staging.module.marketplace.module.terraform_state_backend_marketplace_shared.aws_s3_bucket.default"
          ]
        }
      ]
    },
    {
      "module": "module.common_resources_staging.module.marketplace.module.terraform_state_backend_marketplace_shared",
      "mode": "managed",
      "type": "aws_s3_bucket_versioning",
      "name": "default",
      "provider": "provider[\"registry.terraform.io/hashicorp/aws\"]",
      "instances": [
        {
          "index_key": 0,
          "schema_version": 0,
          "attributes": {
            "bucket": "unityhub-staging-marketplace-shared-terraform-state",
            "expected_bucket_owner": "",
            "id": "unityhub-staging-marketplace-shared-terraform-state",
            "mfa": null,
            "region": "us-east-1",
            "versioning_configuration": [
              {
                "mfa_delete": "Disabled",
                "status": "Enabled"
              }
            ]
          },
          "sensitive_attributes": [],
          "identity_schema_version": 1,
          "identity": {
            "account_id": "887311683230",
            "bucket": "unityhub-staging-marketplace-shared-terraform-state",
            "region": "us-east-1"
          },
          "private": "bnVsbA==",
          "dependencies": [
            "module.common_resources_staging.module.marketplace.module.terraform_state_backend_marketplace_shared.aws_s3_bucket.default"
          ]
        }
      ]
    },
    {
      "module": "module.common_resources_staging.module.marketplace.module.terraform_state_backend_marketplace_shared",
      "mode": "managed",
      "type": "local_file",
      "name": "terraform_backend_config",
      "provider": "provider[\"registry.terraform.io/hashicorp/local\"]",
      "instances": [
        {
          "index_key": 0,
          "schema_version": 0,
          "attributes": {
            "content": "terraform {\n  required_version = \"\u003e= 1.0.0\"\n\n  backend \"s3\" {\n    region         = \"us-east-1\"\n    bucket         = \"unityhub-staging-marketplace-shared-terraform-state\"\n    key            = \"terraform.tfstate\"\n    dynamodb_table = \"unityhub-staging-marketplace-shared-terraform-state-lock\"\n    profile        = \"\"\n    role_arn       = \"\"\n    encrypt        = \"true\"\n  }\n}\n",
            "content_base64": null,
            "content_base64sha256": "/6VeEHciq0Eef/5zNSRqlfsVlJ0vzULUcueK1byl7Mo=",
            "content_base64sha512": "BUwrm+vEmPazYdZAu169U9GAUqJvnZfAkYbuQI+/tlGQpitJ7lMhy6Dxea96fM2btl5J6g8Zaa/zr3Yvpx05lQ==",
            "content_md5": "1b21338a642fc7a8d0474d00e7d8b05b",
            "content_sha1": "97bd82db2ff9dfa98be25cd8741ce5a6d5007f1c",
            "content_sha256": "ffa55e107722ab411e7ffe7335246a95fb15949d2fcd42d472e78ad5bca5ecca",
            "content_sha512": "054c2b9bebc498f6b361d640bb5ebd53d18052a26f9d97c09186ee408fbfb65190a62b49ee5321cba0f179af7a7ccd9bb65e49ea0f1969aff3af762fa71d3995",
            "directory_permission": "0777",
            "file_permission": "0644",
            "filename": "./backend/backend_marketplace_shared.tf",
            "id": "97bd82db2ff9dfa98be25cd8741ce5a6d5007f1c",
            "sensitive_content": null,
            "source": null
          },
          "sensitive_attributes": [
            [
              {
                "type": "get_attr",
                "value": "sensitive_content"
              }
            ]
          ],
          "identity_schema_version": 0,
          "dependencies": [
            "module.common_resources_staging.module.marketplace.module.terraform_state_backend_marketplace_shared.aws_dynamodb_table.with_server_side_encryption",
            "module.common_resources_staging.module.marketplace.module.terraform_state_backend_marketplace_shared.aws_s3_bucket.default",
            "module.common_resources_staging.module.marketplace.module.terraform_state_backend_marketplace_shared.data.aws_region.current"
          ]
        }
      ]
    },
    {
      "module": "module.common_resources_staging.module.msteams.module.terraform_state_backend_msteams_shared",
      "mode": "data",
      "type": "aws_iam_policy_document",
      "name": "prevent_unencrypted_uploads",
      "provider": "provider[\"registry.terraform.io/hashicorp/aws\"]",
      "instances": [
        {
          "index_key": 0,
          "schema_version": 0,
          "attributes": {
            "id": "5009821",
            "json": "{\n  \"Version\": \"2012-10-17\",\n  \"Statement\": [\n    {\n      \"Sid\": \"DenyIncorrectEncryptionHeader\",\n      \"Effect\": \"Deny\",\n      \"Action\": \"s3:PutObject\",\n      \"Resource\": \"arn:aws:s3:::unityhub-staging-msteams-shared-terraform-state/*\",\n      \"Principal\": {\n        \"AWS\": \"*\"\n      },\n      \"Condition\": {\n        \"StringNotEquals\": {\n          \"s3:x-amz-server-side-encryption\": [\n            \"AES256\",\n            \"aws:kms\"\n          ]\n        }\n      }\n    },\n    {\n      \"Sid\": \"DenyUnEncryptedObjectUploads\",\n      \"Effect\": \"Deny\",\n      \"Action\": \"s3:PutObject\",\n      \"Resource\": \"arn:aws:s3:::unityhub-staging-msteams-shared-terraform-state/*\",\n      \"Principal\": {\n        \"AWS\": \"*\"\n      },\n      \"Condition\": {\n        \"Null\": {\n          \"s3:x-amz-server-side-encryption\": \"true\"\n        }\n      }\n    },\n    {\n      \"Sid\": \"EnforceTlsRequestsOnly\",\n      \"Effect\": \"Deny\",\n      \"Action\": \"s3:*\",\n      \"Resource\": [\n        \"arn:aws:s3:::unityhub-staging-msteams-shared-terraform-state/*\",\n        \"arn:aws:s3:::unityhub-staging-msteams-shared-terraform-state\"\n      ],\n      \"Principal\": {\n        \"AWS\": \"*\"\n      },\n      \"Condition\": {\n        \"Bool\": {\n          \"aws:SecureTransport\": \"false\"\n        }\n      }\n    }\n  ]\n}",
            "minified_json": "{\"Version\":\"2012-10-17\",\"Statement\":[{\"Sid\":\"DenyIncorrectEncryptionHeader\",\"Effect\":\"Deny\",\"Action\":\"s3:PutObject\",\"Resource\":\"arn:aws:s3:::unityhub-staging-msteams-shared-terraform-state/*\",\"Principal\":{\"AWS\":\"*\"},\"Condition\":{\"StringNotEquals\":{\"s3:x-amz-server-side-encryption\":[\"AES256\",\"aws:kms\"]}}},{\"Sid\":\"DenyUnEncryptedObjectUploads\",\"Effect\":\"Deny\",\"Action\":\"s3:PutObject\",\"Resource\":\"arn:aws:s3:::unityhub-staging-msteams-shared-terraform-state/*\",\"Principal\":{\"AWS\":\"*\"},\"Condition\":{\"Null\":{\"s3:x-amz-server-side-encryption\":\"true\"}}},{\"Sid\":\"EnforceTlsRequestsOnly\",\"Effect\":\"Deny\",\"Action\":\"s3:*\",\"Resource\":[\"arn:aws:s3:::unityhub-staging-msteams-shared-terraform-state/*\",\"arn:aws:s3:::unityhub-staging-msteams-shared-terraform-state\"],\"Principal\":{\"AWS\":\"*\"},\"Condition\":{\"Bool\":{\"aws:SecureTransport\":\"false\"}}}]}",
            "override_json": null,
            "override_policy_documents": null,
            "policy_id": null,
            "source_json": null,
            "source_policy_documents": null,
            "statement": [
              {
                "actions": [
                  "s3:PutObject"
                ],
                "condition": [
                  {
                    "test": "StringNotEquals",
                    "values": [
                      "AES256",
                      "aws:kms"
                    ],
                    "variable": "s3:x-amz-server-side-encryption"
                  }
                ],
                "effect": "Deny",
                "not_actions": [],
                "not_principals": [],
                "not_resources": [],
                "principals": [
                  {
                    "identifiers": [
                      "*"
                    ],
                    "type": "AWS"
                  }
                ],
                "resources": [
                  "arn:aws:s3:::unityhub-staging-msteams-shared-terraform-state/*"
                ],
                "sid": "DenyIncorrectEncryptionHeader"
              },
              {
                "actions": [
                  "s3:PutObject"
                ],
                "condition": [
                  {
                    "test": "Null",
                    "values": [
                      "true"
                    ],
                    "variable": "s3:x-amz-server-side-encryption"
                  }
                ],
                "effect": "Deny",
                "not_actions": [],
                "not_principals": [],
                "not_resources": [],
                "principals": [
                  {
                    "identifiers": [
                      "*"
                    ],
                    "type": "AWS"
                  }
                ],
                "resources": [
                  "arn:aws:s3:::unityhub-staging-msteams-shared-terraform-state/*"
                ],
                "sid": "DenyUnEncryptedObjectUploads"
              },
              {
                "actions": [
                  "s3:*"
                ],
                "condition": [
                  {
                    "test": "Bool",
                    "values": [
                      "false"
                    ],
                    "variable": "aws:SecureTransport"
                  }
                ],
                "effect": "Deny",
                "not_actions": [],
                "not_principals": [],
                "not_resources": [],
                "principals": [
                  {
                    "identifiers": [
                      "*"
                    ],
                    "type": "AWS"
                  }
                ],
                "resources": [
                  "arn:aws:s3:::unityhub-staging-msteams-shared-terraform-state",
                  "arn:aws:s3:::unityhub-staging-msteams-shared-terraform-state/*"
                ],
                "sid": "EnforceTlsRequestsOnly"
              }
            ],
            "version": "2012-10-17"
          },
          "sensitive_attributes": [],
          "identity_schema_version": 0
        }
      ]
    },
    {
      "module": "module.common_resources_staging.module.msteams.module.terraform_state_backend_msteams_shared",
      "mode": "data",
      "type": "aws_region",
      "name": "current",
      "provider": "provider[\"registry.terraform.io/hashicorp/aws\"]",
      "instances": [
        {
          "schema_version": 0,
          "attributes": {
            "description": "US East (N. Virginia)",
            "endpoint": "ec2.us-east-1.amazonaws.com",
            "id": "us-east-1",
            "name": "us-east-1",
            "region": "us-east-1"
          },
          "sensitive_attributes": [],
          "identity_schema_version": 0
        }
      ]
    },
    {
      "module": "module.common_resources_staging.module.msteams.module.terraform_state_backend_msteams_shared",
      "mode": "managed",
      "type": "aws_dynamodb_table",
      "name": "with_server_side_encryption",
      "provider": "provider[\"registry.terraform.io/hashicorp/aws\"]",
      "instances": [
        {
          "index_key": 0,
          "schema_version": 1,
          "attributes": {
            "arn": "arn:aws:dynamodb:us-east-1:887311683230:table/unityhub-staging-msteams-shared-terraform-state-lock",
            "attribute": [
              {
                "name": "LockID",
                "type": "S"
              }
            ],
            "billing_mode": "PAY_PER_REQUEST",
            "deletion_protection_enabled": false,
            "global_secondary_index": [],
            "global_table_witness": [],
            "hash_key": "LockID",
            "id": "unityhub-staging-msteams-shared-terraform-state-lock",
            "import_table": [],
            "local_secondary_index": [],
            "name": "unityhub-staging-msteams-shared-terraform-state-lock",
            "on_demand_throughput": [],
            "point_in_time_recovery": [
              {
                "enabled": true,
                "recovery_period_in_days": 35
              }
            ],
            "range_key": null,
            "read_capacity": 0,
            "region": "us-east-1",
            "replica": [],
            "restore_backup_arn": null,
            "restore_date_time": null,
            "restore_source_name": null,
            "restore_source_table_arn": null,
            "restore_to_latest_time": null,
            "server_side_encryption": [
              {
                "enabled": true,
                "kms_key_arn": ""
              }
            ],
            "stream_arn": "",
            "stream_enabled": false,
            "stream_label": "",
            "stream_view_type": "",
            "table_class": "STANDARD",
            "tags": {
              "Attributes": "terraform-state-lock",
              "Name": "unityhub-staging-msteams-shared-terraform-state-lock",
              "Namespace": "unityhub",
              "Stage": "staging"
            },
            "tags_all": {
              "Attributes": "terraform-state-lock",
              "Name": "unityhub-staging-msteams-shared-terraform-state-lock",
              "Namespace": "unityhub",
              "Stage": "staging"
            },
            "timeouts": null,
            "ttl": [
              {
                "attribute_name": "",
                "enabled": false
              }
            ],
            "warm_throughput": [],
            "write_capacity": 0
          },
          "sensitive_attributes": [],
          "identity_schema_version": 0,
          "identity": {
            "account_id": "887311683230",
            "name": "unityhub-staging-msteams-shared-terraform-state-lock",
            "region": "us-east-1"
          },
          "private": "eyJlMmJmYjczMC1lY2FhLTExZTYtOGY4OC0zNDM2M2JjN2M0YzAiOnsiY3JlYXRlIjoxODAwMDAwMDAwMDAwLCJkZWxldGUiOjYwMDAwMDAwMDAwMCwidXBkYXRlIjozNjAwMDAwMDAwMDAwfSwic2NoZW1hX3ZlcnNpb24iOiIxIn0="
        }
      ]
    },
    {
      "module": "module.common_resources_staging.module.msteams.module.terraform_state_backend_msteams_shared",
      "mode": "managed",
      "type": "aws_s3_bucket",
      "name": "default",
      "provider": "provider[\"registry.terraform.io/hashicorp/aws\"]",
      "instances": [
        {
          "index_key": 0,
          "schema_version": 0,
          "attributes": {
            "acceleration_status": "",
            "acl": null,
            "arn": "arn:aws:s3:::unityhub-staging-msteams-shared-terraform-state",
            "bucket": "unityhub-staging-msteams-shared-terraform-state",
            "bucket_domain_name": "unityhub-staging-msteams-shared-terraform-state.s3.amazonaws.com",
            "bucket_namespace": "global",
            "bucket_prefix": "",
            "bucket_region": "us-east-1",
            "bucket_regional_domain_name": "unityhub-staging-msteams-shared-terraform-state.s3.us-east-1.amazonaws.com",
            "cors_rule": [],
            "force_destroy": true,
            "grant": [
              {
                "id": "1e705be12a968dd63fd96aa2d89b9898fdbac29cae9cebb1a3874a1b02621739",
                "permissions": [
                  "FULL_CONTROL"
                ],
                "type": "CanonicalUser",
                "uri": ""
              }
            ],
            "hosted_zone_id": "Z3AQBSTGFYJSTF",
            "id": "unityhub-staging-msteams-shared-terraform-state",
            "lifecycle_rule": [],
            "logging": [],
            "object_lock_configuration": [],
            "object_lock_enabled": false,
            "policy": "{\"Statement\":[{\"Action\":\"s3:PutObject\",\"Condition\":{\"StringNotEquals\":{\"s3:x-amz-server-side-encryption\":[\"AES256\",\"aws:kms\"]}},\"Effect\":\"Deny\",\"Principal\":{\"AWS\":\"*\"},\"Resource\":\"arn:aws:s3:::unityhub-staging-msteams-shared-terraform-state/*\",\"Sid\":\"DenyIncorrectEncryptionHeader\"},{\"Action\":\"s3:PutObject\",\"Condition\":{\"Null\":{\"s3:x-amz-server-side-encryption\":\"true\"}},\"Effect\":\"Deny\",\"Principal\":{\"AWS\":\"*\"},\"Resource\":\"arn:aws:s3:::unityhub-staging-msteams-shared-terraform-state/*\",\"Sid\":\"DenyUnEncryptedObjectUploads\"},{\"Action\":\"s3:*\",\"Condition\":{\"Bool\":{\"aws:SecureTransport\":\"false\"}},\"Effect\":\"Deny\",\"Principal\":{\"AWS\":\"*\"},\"Resource\":[\"arn:aws:s3:::unityhub-staging-msteams-shared-terraform-state/*\",\"arn:aws:s3:::unityhub-staging-msteams-shared-terraform-state\"],\"Sid\":\"EnforceTlsRequestsOnly\"}],\"Version\":\"2012-10-17\"}",
            "region": "us-east-1",
            "replication_configuration": [],
            "request_payer": "BucketOwner",
            "server_side_encryption_configuration": [
              {
                "rule": [
                  {
                    "apply_server_side_encryption_by_default": [
                      {
                        "kms_master_key_id": "",
                        "sse_algorithm": "AES256"
                      }
                    ],
                    "bucket_key_enabled": false
                  }
                ]
              }
            ],
            "tags": {
              "Attributes": "terraform-state",
              "Name": "unityhub-staging-msteams-shared-terraform-state",
              "Namespace": "unityhub",
              "Stage": "staging"
            },
            "tags_all": {
              "Attributes": "terraform-state",
              "Name": "unityhub-staging-msteams-shared-terraform-state",
              "Namespace": "unityhub",
              "Stage": "staging"
            },
            "timeouts": null,
            "versioning": [
              {
                "enabled": true,
                "mfa_delete": false
              }
            ],
            "website": [],
            "website_domain": null,
            "website_endpoint": null
          },
          "sensitive_attributes": [],
          "identity_schema_version": 0,
          "identity": {
            "account_id": "887311683230",
            "bucket": "unityhub-staging-msteams-shared-terraform-state",
            "region": "us-east-1"
          },
          "private": "eyJlMmJmYjczMC1lY2FhLTExZTYtOGY4OC0zNDM2M2JjN2M0YzAiOnsiY3JlYXRlIjoxMjAwMDAwMDAwMDAwLCJkZWxldGUiOjM2MDAwMDAwMDAwMDAsInJlYWQiOjEyMDAwMDAwMDAwMDAsInVwZGF0ZSI6MTIwMDAwMDAwMDAwMH19"
        }
      ]
    },
    {
      "module": "module.common_resources_staging.module.msteams.module.terraform_state_backend_msteams_shared",
      "mode": "managed",
      "type": "aws_s3_bucket_ownership_controls",
      "name": "default",
      "provider": "provider[\"registry.terraform.io/hashicorp/aws\"]",
      "instances": [
        {
          "index_key": 0,
          "schema_version": 0,
          "attributes": {
            "bucket": "unityhub-staging-msteams-shared-terraform-state",
            "id": "unityhub-staging-msteams-shared-terraform-state",
            "region": "us-east-1",
            "rule": [
              {
                "object_ownership": "BucketOwnerEnforced"
              }
            ]
          },
          "sensitive_attributes": [],
          "identity_schema_version": 0,
          "identity": {
            "account_id": "887311683230",
            "bucket": "unityhub-staging-msteams-shared-terraform-state",
            "region": "us-east-1"
          },
          "private": "bnVsbA==",
          "dependencies": [
            "module.common_resources_staging.module.msteams.module.terraform_state_backend_msteams_shared.aws_s3_bucket.default"
          ]
        }
      ]
    },
    {
      "module": "module.common_resources_staging.module.msteams.module.terraform_state_backend_msteams_shared",
      "mode": "managed",
      "type": "aws_s3_bucket_policy",
      "name": "default",
      "provider": "provider[\"registry.terraform.io/hashicorp/aws\"]",
      "instances": [
        {
          "index_key": 0,
          "schema_version": 0,
          "attributes": {
            "bucket": "unityhub-staging-msteams-shared-terraform-state",
            "id": "unityhub-staging-msteams-shared-terraform-state",
            "policy": "{\"Statement\":[{\"Action\":\"s3:PutObject\",\"Condition\":{\"StringNotEquals\":{\"s3:x-amz-server-side-encryption\":[\"AES256\",\"aws:kms\"]}},\"Effect\":\"Deny\",\"Principal\":{\"AWS\":\"*\"},\"Resource\":\"arn:aws:s3:::unityhub-staging-msteams-shared-terraform-state/*\",\"Sid\":\"DenyIncorrectEncryptionHeader\"},{\"Action\":\"s3:PutObject\",\"Condition\":{\"Null\":{\"s3:x-amz-server-side-encryption\":\"true\"}},\"Effect\":\"Deny\",\"Principal\":{\"AWS\":\"*\"},\"Resource\":\"arn:aws:s3:::unityhub-staging-msteams-shared-terraform-state/*\",\"Sid\":\"DenyUnEncryptedObjectUploads\"},{\"Action\":\"s3:*\",\"Condition\":{\"Bool\":{\"aws:SecureTransport\":\"false\"}},\"Effect\":\"Deny\",\"Principal\":{\"AWS\":\"*\"},\"Resource\":[\"arn:aws:s3:::unityhub-staging-msteams-shared-terraform-state/*\",\"arn:aws:s3:::unityhub-staging-msteams-shared-terraform-state\"],\"Sid\":\"EnforceTlsRequestsOnly\"}],\"Version\":\"2012-10-17\"}",
            "region": "us-east-1"
          },
          "sensitive_attributes": [],
          "identity_schema_version": 0,
          "identity": {
            "account_id": "887311683230",
            "bucket": "unityhub-staging-msteams-shared-terraform-state",
            "region": "us-east-1"
          },
          "private": "bnVsbA==",
          "dependencies": [
            "module.common_resources_staging.module.msteams.module.terraform_state_backend_msteams_shared.aws_s3_bucket.default",
            "module.common_resources_staging.module.msteams.module.terraform_state_backend_msteams_shared.data.aws_iam_policy_document.prevent_unencrypted_uploads"
          ]
        }
      ]
    },
    {
      "module": "module.common_resources_staging.module.msteams.module.terraform_state_backend_msteams_shared",
      "mode": "managed",
      "type": "aws_s3_bucket_public_access_block",
      "name": "default",
      "provider": "provider[\"registry.terraform.io/hashicorp/aws\"]",
      "instances": [
        {
          "index_key": 0,
          "schema_version": 0,
          "attributes": {
            "block_public_acls": true,
            "block_public_policy": true,
            "bucket": "unityhub-staging-msteams-shared-terraform-state",
            "id": "unityhub-staging-msteams-shared-terraform-state",
            "ignore_public_acls": true,
            "region": "us-east-1",
            "restrict_public_buckets": true,
            "skip_destroy": null
          },
          "sensitive_attributes": [],
          "identity_schema_version": 0,
          "identity": {
            "account_id": "887311683230",
            "bucket": "unityhub-staging-msteams-shared-terraform-state",
            "region": "us-east-1"
          },
          "private": "bnVsbA==",
          "dependencies": [
            "module.common_resources_staging.module.msteams.module.terraform_state_backend_msteams_shared.aws_s3_bucket.default"
          ]
        }
      ]
    },
    {
      "module": "module.common_resources_staging.module.msteams.module.terraform_state_backend_msteams_shared",
      "mode": "managed",
      "type": "aws_s3_bucket_server_side_encryption_configuration",
      "name": "default",
      "provider": "provider[\"registry.terraform.io/hashicorp/aws\"]",
      "instances": [
        {
          "index_key": 0,
          "schema_version": 0,
          "attributes": {
            "bucket": "unityhub-staging-msteams-shared-terraform-state",
            "expected_bucket_owner": "",
            "id": "unityhub-staging-msteams-shared-terraform-state",
            "region": "us-east-1",
            "rule": [
              {
                "apply_server_side_encryption_by_default": [
                  {
                    "kms_master_key_id": "",
                    "sse_algorithm": "AES256"
                  }
                ],
                "blocked_encryption_types": [
                  "NONE"
                ],
                "bucket_key_enabled": false
              }
            ]
          },
          "sensitive_attributes": [],
          "identity_schema_version": 1,
          "identity": {
            "account_id": "887311683230",
            "bucket": "unityhub-staging-msteams-shared-terraform-state",
            "region": "us-east-1"
          },
          "private": "bnVsbA==",
          "dependencies": [
            "module.common_resources_staging.module.msteams.module.terraform_state_backend_msteams_shared.aws_s3_bucket.default"
          ]
        }
      ]
    },
    {
      "module": "module.common_resources_staging.module.msteams.module.terraform_state_backend_msteams_shared",
      "mode": "managed",
      "type": "aws_s3_bucket_versioning",
      "name": "default",
      "provider": "provider[\"registry.terraform.io/hashicorp/aws\"]",
      "instances": [
        {
          "index_key": 0,
          "schema_version": 0,
          "attributes": {
            "bucket": "unityhub-staging-msteams-shared-terraform-state",
            "expected_bucket_owner": "",
            "id": "unityhub-staging-msteams-shared-terraform-state",
            "mfa": null,
            "region": "us-east-1",
            "versioning_configuration": [
              {
                "mfa_delete": "Disabled",
                "status": "Enabled"
              }
            ]
          },
          "sensitive_attributes": [],
          "identity_schema_version": 1,
          "identity": {
            "account_id": "887311683230",
            "bucket": "unityhub-staging-msteams-shared-terraform-state",
            "region": "us-east-1"
          },
          "private": "bnVsbA==",
          "dependencies": [
            "module.common_resources_staging.module.msteams.module.terraform_state_backend_msteams_shared.aws_s3_bucket.default"
          ]
        }
      ]
    },
    {
      "module": "module.common_resources_staging.module.msteams.module.terraform_state_backend_msteams_shared",
      "mode": "managed",
      "type": "local_file",
      "name": "terraform_backend_config",
      "provider": "provider[\"registry.terraform.io/hashicorp/local\"]",
      "instances": [
        {
          "index_key": 0,
          "schema_version": 0,
          "attributes": {
            "content": "terraform {\n  required_version = \"\u003e= 1.0.0\"\n\n  backend \"s3\" {\n    region         = \"us-east-1\"\n    bucket         = \"unityhub-staging-msteams-shared-terraform-state\"\n    key            = \"terraform.tfstate\"\n    dynamodb_table = \"unityhub-staging-msteams-shared-terraform-state-lock\"\n    profile        = \"\"\n    role_arn       = \"\"\n    encrypt        = \"true\"\n  }\n}\n",
            "content_base64": null,
            "content_base64sha256": "ajprq4CYftVJ0XQ0kBMfduPk/vXRVvUipa6RVbmPpWo=",
            "content_base64sha512": "XkoSdcWVcs2sg6d/0ZoLaUlcL1PZmiUnPjH1r6IJ4otnK1O+vOrSdP9/gyjmvHXIgNkQpKLFAcMVlghPxJfTSg==",
            "content_md5": "9f8b93692a2edc0424dd00a31fb76f21",
            "content_sha1": "4ed0e75f1af87acee8555f60a8ffcffc9477705a",
            "content_sha256": "6a3a6bab80987ed549d1743490131f76e3e4fef5d156f522a5ae9155b98fa56a",
            "content_sha512": "5e4a1275c59572cdac83a77fd19a0b69495c2f53d99a25273e31f5afa209e28b672b53bebcead274ff7f8328e6bc75c880d910a4a2c501c31596084fc497d34a",
            "directory_permission": "0777",
            "file_permission": "0644",
            "filename": "./backend/backend_msteams_shared.tf",
            "id": "4ed0e75f1af87acee8555f60a8ffcffc9477705a",
            "sensitive_content": null,
            "source": null
          },
          "sensitive_attributes": [
            [
              {
                "type": "get_attr",
                "value": "sensitive_content"
              }
            ]
          ],
          "identity_schema_version": 0,
          "dependencies": [
            "module.common_resources_staging.module.msteams.module.terraform_state_backend_msteams_shared.aws_dynamodb_table.with_server_side_encryption",
            "module.common_resources_staging.module.msteams.module.terraform_state_backend_msteams_shared.aws_s3_bucket.default",
            "module.common_resources_staging.module.msteams.module.terraform_state_backend_msteams_shared.data.aws_region.current"
          ]
        }
      ]
    },
    {
      "module": "module.common_resources_staging.module.organization.module.terraform_state_backend_organization_shared",
      "mode": "data",
      "type": "aws_iam_policy_document",
      "name": "prevent_unencrypted_uploads",
      "provider": "provider[\"registry.terraform.io/hashicorp/aws\"]",
      "instances": [
        {
          "index_key": 0,
          "schema_version": 0,
          "attributes": {
            "id": "3135204585",
            "json": "{\n  \"Version\": \"2012-10-17\",\n  \"Statement\": [\n    {\n      \"Sid\": \"DenyIncorrectEncryptionHeader\",\n      \"Effect\": \"Deny\",\n      \"Action\": \"s3:PutObject\",\n      \"Resource\": \"arn:aws:s3:::unityhub-staging-organization-shared-terraform-state/*\",\n      \"Principal\": {\n        \"AWS\": \"*\"\n      },\n      \"Condition\": {\n        \"StringNotEquals\": {\n          \"s3:x-amz-server-side-encryption\": [\n            \"AES256\",\n            \"aws:kms\"\n          ]\n        }\n      }\n    },\n    {\n      \"Sid\": \"DenyUnEncryptedObjectUploads\",\n      \"Effect\": \"Deny\",\n      \"Action\": \"s3:PutObject\",\n      \"Resource\": \"arn:aws:s3:::unityhub-staging-organization-shared-terraform-state/*\",\n      \"Principal\": {\n        \"AWS\": \"*\"\n      },\n      \"Condition\": {\n        \"Null\": {\n          \"s3:x-amz-server-side-encryption\": \"true\"\n        }\n      }\n    },\n    {\n      \"Sid\": \"EnforceTlsRequestsOnly\",\n      \"Effect\": \"Deny\",\n      \"Action\": \"s3:*\",\n      \"Resource\": [\n        \"arn:aws:s3:::unityhub-staging-organization-shared-terraform-state/*\",\n        \"arn:aws:s3:::unityhub-staging-organization-shared-terraform-state\"\n      ],\n      \"Principal\": {\n        \"AWS\": \"*\"\n      },\n      \"Condition\": {\n        \"Bool\": {\n          \"aws:SecureTransport\": \"false\"\n        }\n      }\n    }\n  ]\n}",
            "minified_json": "{\"Version\":\"2012-10-17\",\"Statement\":[{\"Sid\":\"DenyIncorrectEncryptionHeader\",\"Effect\":\"Deny\",\"Action\":\"s3:PutObject\",\"Resource\":\"arn:aws:s3:::unityhub-staging-organization-shared-terraform-state/*\",\"Principal\":{\"AWS\":\"*\"},\"Condition\":{\"StringNotEquals\":{\"s3:x-amz-server-side-encryption\":[\"AES256\",\"aws:kms\"]}}},{\"Sid\":\"DenyUnEncryptedObjectUploads\",\"Effect\":\"Deny\",\"Action\":\"s3:PutObject\",\"Resource\":\"arn:aws:s3:::unityhub-staging-organization-shared-terraform-state/*\",\"Principal\":{\"AWS\":\"*\"},\"Condition\":{\"Null\":{\"s3:x-amz-server-side-encryption\":\"true\"}}},{\"Sid\":\"EnforceTlsRequestsOnly\",\"Effect\":\"Deny\",\"Action\":\"s3:*\",\"Resource\":[\"arn:aws:s3:::unityhub-staging-organization-shared-terraform-state/*\",\"arn:aws:s3:::unityhub-staging-organization-shared-terraform-state\"],\"Principal\":{\"AWS\":\"*\"},\"Condition\":{\"Bool\":{\"aws:SecureTransport\":\"false\"}}}]}",
            "override_json": null,
            "override_policy_documents": null,
            "policy_id": null,
            "source_json": null,
            "source_policy_documents": null,
            "statement": [
              {
                "actions": [
                  "s3:PutObject"
                ],
                "condition": [
                  {
                    "test": "StringNotEquals",
                    "values": [
                      "AES256",
                      "aws:kms"
                    ],
                    "variable": "s3:x-amz-server-side-encryption"
                  }
                ],
                "effect": "Deny",
                "not_actions": [],
                "not_principals": [],
                "not_resources": [],
                "principals": [
                  {
                    "identifiers": [
                      "*"
                    ],
                    "type": "AWS"
                  }
                ],
                "resources": [
                  "arn:aws:s3:::unityhub-staging-organization-shared-terraform-state/*"
                ],
                "sid": "DenyIncorrectEncryptionHeader"
              },
              {
                "actions": [
                  "s3:PutObject"
                ],
                "condition": [
                  {
                    "test": "Null",
                    "values": [
                      "true"
                    ],
                    "variable": "s3:x-amz-server-side-encryption"
                  }
                ],
                "effect": "Deny",
                "not_actions": [],
                "not_principals": [],
                "not_resources": [],
                "principals": [
                  {
                    "identifiers": [
                      "*"
                    ],
                    "type": "AWS"
                  }
                ],
                "resources": [
                  "arn:aws:s3:::unityhub-staging-organization-shared-terraform-state/*"
                ],
                "sid": "DenyUnEncryptedObjectUploads"
              },
              {
                "actions": [
                  "s3:*"
                ],
                "condition": [
                  {
                    "test": "Bool",
                    "values": [
                      "false"
                    ],
                    "variable": "aws:SecureTransport"
                  }
                ],
                "effect": "Deny",
                "not_actions": [],
                "not_principals": [],
                "not_resources": [],
                "principals": [
                  {
                    "identifiers": [
                      "*"
                    ],
                    "type": "AWS"
                  }
                ],
                "resources": [
                  "arn:aws:s3:::unityhub-staging-organization-shared-terraform-state",
                  "arn:aws:s3:::unityhub-staging-organization-shared-terraform-state/*"
                ],
                "sid": "EnforceTlsRequestsOnly"
              }
            ],
            "version": "2012-10-17"
          },
          "sensitive_attributes": [],
          "identity_schema_version": 0
        }
      ]
    },
    {
      "module": "module.common_resources_staging.module.organization.module.terraform_state_backend_organization_shared",
      "mode": "data",
      "type": "aws_region",
      "name": "current",
      "provider": "provider[\"registry.terraform.io/hashicorp/aws\"]",
      "instances": [
        {
          "schema_version": 0,
          "attributes": {
            "description": "US East (N. Virginia)",
            "endpoint": "ec2.us-east-1.amazonaws.com",
            "id": "us-east-1",
            "name": "us-east-1",
            "region": "us-east-1"
          },
          "sensitive_attributes": [],
          "identity_schema_version": 0
        }
      ]
    },
    {
      "module": "module.common_resources_staging.module.organization.module.terraform_state_backend_organization_shared",
      "mode": "managed",
      "type": "aws_dynamodb_table",
      "name": "with_server_side_encryption",
      "provider": "provider[\"registry.terraform.io/hashicorp/aws\"]",
      "instances": [
        {
          "index_key": 0,
          "schema_version": 1,
          "attributes": {
            "arn": "arn:aws:dynamodb:us-east-1:887311683230:table/unityhub-staging-organization-shared-terraform-state-lock",
            "attribute": [
              {
                "name": "LockID",
                "type": "S"
              }
            ],
            "billing_mode": "PAY_PER_REQUEST",
            "deletion_protection_enabled": false,
            "global_secondary_index": [],
            "global_table_witness": [],
            "hash_key": "LockID",
            "id": "unityhub-staging-organization-shared-terraform-state-lock",
            "import_table": [],
            "local_secondary_index": [],
            "name": "unityhub-staging-organization-shared-terraform-state-lock",
            "on_demand_throughput": [],
            "point_in_time_recovery": [
              {
                "enabled": true,
                "recovery_period_in_days": 35
              }
            ],
            "range_key": null,
            "read_capacity": 0,
            "region": "us-east-1",
            "replica": [],
            "restore_backup_arn": null,
            "restore_date_time": null,
            "restore_source_name": null,
            "restore_source_table_arn": null,
            "restore_to_latest_time": null,
            "server_side_encryption": [
              {
                "enabled": true,
                "kms_key_arn": ""
              }
            ],
            "stream_arn": "",
            "stream_enabled": false,
            "stream_label": "",
            "stream_view_type": "",
            "table_class": "STANDARD",
            "tags": {
              "Attributes": "terraform-state-lock",
              "Name": "unityhub-staging-organization-shared-terraform-state-lock",
              "Namespace": "unityhub",
              "Stage": "staging"
            },
            "tags_all": {
              "Attributes": "terraform-state-lock",
              "Name": "unityhub-staging-organization-shared-terraform-state-lock",
              "Namespace": "unityhub",
              "Stage": "staging"
            },
            "timeouts": null,
            "ttl": [
              {
                "attribute_name": "",
                "enabled": false
              }
            ],
            "warm_throughput": [],
            "write_capacity": 0
          },
          "sensitive_attributes": [],
          "identity_schema_version": 0,
          "identity": {
            "account_id": "887311683230",
            "name": "unityhub-staging-organization-shared-terraform-state-lock",
            "region": "us-east-1"
          },
          "private": "eyJlMmJmYjczMC1lY2FhLTExZTYtOGY4OC0zNDM2M2JjN2M0YzAiOnsiY3JlYXRlIjoxODAwMDAwMDAwMDAwLCJkZWxldGUiOjYwMDAwMDAwMDAwMCwidXBkYXRlIjozNjAwMDAwMDAwMDAwfSwic2NoZW1hX3ZlcnNpb24iOiIxIn0="
        }
      ]
    },
    {
      "module": "module.common_resources_staging.module.organization.module.terraform_state_backend_organization_shared",
      "mode": "managed",
      "type": "aws_s3_bucket",
      "name": "default",
      "provider": "provider[\"registry.terraform.io/hashicorp/aws\"]",
      "instances": [
        {
          "index_key": 0,
          "schema_version": 0,
          "attributes": {
            "acceleration_status": "",
            "acl": null,
            "arn": "arn:aws:s3:::unityhub-staging-organization-shared-terraform-state",
            "bucket": "unityhub-staging-organization-shared-terraform-state",
            "bucket_domain_name": "unityhub-staging-organization-shared-terraform-state.s3.amazonaws.com",
            "bucket_namespace": "global",
            "bucket_prefix": "",
            "bucket_region": "us-east-1",
            "bucket_regional_domain_name": "unityhub-staging-organization-shared-terraform-state.s3.us-east-1.amazonaws.com",
            "cors_rule": [],
            "force_destroy": true,
            "grant": [
              {
                "id": "1e705be12a968dd63fd96aa2d89b9898fdbac29cae9cebb1a3874a1b02621739",
                "permissions": [
                  "FULL_CONTROL"
                ],
                "type": "CanonicalUser",
                "uri": ""
              }
            ],
            "hosted_zone_id": "Z3AQBSTGFYJSTF",
            "id": "unityhub-staging-organization-shared-terraform-state",
            "lifecycle_rule": [],
            "logging": [],
            "object_lock_configuration": [],
            "object_lock_enabled": false,
            "policy": "{\"Statement\":[{\"Action\":\"s3:PutObject\",\"Condition\":{\"StringNotEquals\":{\"s3:x-amz-server-side-encryption\":[\"AES256\",\"aws:kms\"]}},\"Effect\":\"Deny\",\"Principal\":{\"AWS\":\"*\"},\"Resource\":\"arn:aws:s3:::unityhub-staging-organization-shared-terraform-state/*\",\"Sid\":\"DenyIncorrectEncryptionHeader\"},{\"Action\":\"s3:PutObject\",\"Condition\":{\"Null\":{\"s3:x-amz-server-side-encryption\":\"true\"}},\"Effect\":\"Deny\",\"Principal\":{\"AWS\":\"*\"},\"Resource\":\"arn:aws:s3:::unityhub-staging-organization-shared-terraform-state/*\",\"Sid\":\"DenyUnEncryptedObjectUploads\"},{\"Action\":\"s3:*\",\"Condition\":{\"Bool\":{\"aws:SecureTransport\":\"false\"}},\"Effect\":\"Deny\",\"Principal\":{\"AWS\":\"*\"},\"Resource\":[\"arn:aws:s3:::unityhub-staging-organization-shared-terraform-state/*\",\"arn:aws:s3:::unityhub-staging-organization-shared-terraform-state\"],\"Sid\":\"EnforceTlsRequestsOnly\"}],\"Version\":\"2012-10-17\"}",
            "region": "us-east-1",
            "replication_configuration": [],
            "request_payer": "BucketOwner",
            "server_side_encryption_configuration": [
              {
                "rule": [
                  {
                    "apply_server_side_encryption_by_default": [
                      {
                        "kms_master_key_id": "",
                        "sse_algorithm": "AES256"
                      }
                    ],
                    "bucket_key_enabled": false
                  }
                ]
              }
            ],
            "tags": {
              "Attributes": "terraform-state",
              "Name": "unityhub-staging-organization-shared-terraform-state",
              "Namespace": "unityhub",
              "Stage": "staging"
            },
            "tags_all": {
              "Attributes": "terraform-state",
              "Name": "unityhub-staging-organization-shared-terraform-state",
              "Namespace": "unityhub",
              "Stage": "staging"
            },
            "timeouts": null,
            "versioning": [
              {
                "enabled": true,
                "mfa_delete": false
              }
            ],
            "website": [],
            "website_domain": null,
            "website_endpoint": null
          },
          "sensitive_attributes": [],
          "identity_schema_version": 0,
          "identity": {
            "account_id": "887311683230",
            "bucket": "unityhub-staging-organization-shared-terraform-state",
            "region": "us-east-1"
          },
          "private": "eyJlMmJmYjczMC1lY2FhLTExZTYtOGY4OC0zNDM2M2JjN2M0YzAiOnsiY3JlYXRlIjoxMjAwMDAwMDAwMDAwLCJkZWxldGUiOjM2MDAwMDAwMDAwMDAsInJlYWQiOjEyMDAwMDAwMDAwMDAsInVwZGF0ZSI6MTIwMDAwMDAwMDAwMH19"
        }
      ]
    },
    {
      "module": "module.common_resources_staging.module.organization.module.terraform_state_backend_organization_shared",
      "mode": "managed",
      "type": "aws_s3_bucket_ownership_controls",
      "name": "default",
      "provider": "provider[\"registry.terraform.io/hashicorp/aws\"]",
      "instances": [
        {
          "index_key": 0,
          "schema_version": 0,
          "attributes": {
            "bucket": "unityhub-staging-organization-shared-terraform-state",
            "id": "unityhub-staging-organization-shared-terraform-state",
            "region": "us-east-1",
            "rule": [
              {
                "object_ownership": "BucketOwnerEnforced"
              }
            ]
          },
          "sensitive_attributes": [],
          "identity_schema_version": 0,
          "identity": {
            "account_id": "887311683230",
            "bucket": "unityhub-staging-organization-shared-terraform-state",
            "region": "us-east-1"
          },
          "private": "bnVsbA==",
          "dependencies": [
            "module.common_resources_staging.module.organization.module.terraform_state_backend_organization_shared.aws_s3_bucket.default"
          ]
        }
      ]
    },
    {
      "module": "module.common_resources_staging.module.organization.module.terraform_state_backend_organization_shared",
      "mode": "managed",
      "type": "aws_s3_bucket_policy",
      "name": "default",
      "provider": "provider[\"registry.terraform.io/hashicorp/aws\"]",
      "instances": [
        {
          "index_key": 0,
          "schema_version": 0,
          "attributes": {
            "bucket": "unityhub-staging-organization-shared-terraform-state",
            "id": "unityhub-staging-organization-shared-terraform-state",
            "policy": "{\"Statement\":[{\"Action\":\"s3:PutObject\",\"Condition\":{\"StringNotEquals\":{\"s3:x-amz-server-side-encryption\":[\"AES256\",\"aws:kms\"]}},\"Effect\":\"Deny\",\"Principal\":{\"AWS\":\"*\"},\"Resource\":\"arn:aws:s3:::unityhub-staging-organization-shared-terraform-state/*\",\"Sid\":\"DenyIncorrectEncryptionHeader\"},{\"Action\":\"s3:PutObject\",\"Condition\":{\"Null\":{\"s3:x-amz-server-side-encryption\":\"true\"}},\"Effect\":\"Deny\",\"Principal\":{\"AWS\":\"*\"},\"Resource\":\"arn:aws:s3:::unityhub-staging-organization-shared-terraform-state/*\",\"Sid\":\"DenyUnEncryptedObjectUploads\"},{\"Action\":\"s3:*\",\"Condition\":{\"Bool\":{\"aws:SecureTransport\":\"false\"}},\"Effect\":\"Deny\",\"Principal\":{\"AWS\":\"*\"},\"Resource\":[\"arn:aws:s3:::unityhub-staging-organization-shared-terraform-state/*\",\"arn:aws:s3:::unityhub-staging-organization-shared-terraform-state\"],\"Sid\":\"EnforceTlsRequestsOnly\"}],\"Version\":\"2012-10-17\"}",
            "region": "us-east-1"
          },
          "sensitive_attributes": [],
          "identity_schema_version": 0,
          "identity": {
            "account_id": "887311683230",
            "bucket": "unityhub-staging-organization-shared-terraform-state",
            "region": "us-east-1"
          },
          "private": "bnVsbA==",
          "dependencies": [
            "module.common_resources_staging.module.organization.module.terraform_state_backend_organization_shared.aws_s3_bucket.default",
            "module.common_resources_staging.module.organization.module.terraform_state_backend_organization_shared.data.aws_iam_policy_document.prevent_unencrypted_uploads"
          ]
        }
      ]
    },
    {
      "module": "module.common_resources_staging.module.organization.module.terraform_state_backend_organization_shared",
      "mode": "managed",
      "type": "aws_s3_bucket_public_access_block",
      "name": "default",
      "provider": "provider[\"registry.terraform.io/hashicorp/aws\"]",
      "instances": [
        {
          "index_key": 0,
          "schema_version": 0,
          "attributes": {
            "block_public_acls": true,
            "block_public_policy": true,
            "bucket": "unityhub-staging-organization-shared-terraform-state",
            "id": "unityhub-staging-organization-shared-terraform-state",
            "ignore_public_acls": true,
            "region": "us-east-1",
            "restrict_public_buckets": true,
            "skip_destroy": null
          },
          "sensitive_attributes": [],
          "identity_schema_version": 0,
          "identity": {
            "account_id": "887311683230",
            "bucket": "unityhub-staging-organization-shared-terraform-state",
            "region": "us-east-1"
          },
          "private": "bnVsbA==",
          "dependencies": [
            "module.common_resources_staging.module.organization.module.terraform_state_backend_organization_shared.aws_s3_bucket.default"
          ]
        }
      ]
    },
    {
      "module": "module.common_resources_staging.module.organization.module.terraform_state_backend_organization_shared",
      "mode": "managed",
      "type": "aws_s3_bucket_server_side_encryption_configuration",
      "name": "default",
      "provider": "provider[\"registry.terraform.io/hashicorp/aws\"]",
      "instances": [
        {
          "index_key": 0,
          "schema_version": 0,
          "attributes": {
            "bucket": "unityhub-staging-organization-shared-terraform-state",
            "expected_bucket_owner": "",
            "id": "unityhub-staging-organization-shared-terraform-state",
            "region": "us-east-1",
            "rule": [
              {
                "apply_server_side_encryption_by_default": [
                  {
                    "kms_master_key_id": "",
                    "sse_algorithm": "AES256"
                  }
                ],
                "blocked_encryption_types": [
                  "NONE"
                ],
                "bucket_key_enabled": false
              }
            ]
          },
          "sensitive_attributes": [],
          "identity_schema_version": 1,
          "identity": {
            "account_id": "887311683230",
            "bucket": "unityhub-staging-organization-shared-terraform-state",
            "region": "us-east-1"
          },
          "private": "bnVsbA==",
          "dependencies": [
            "module.common_resources_staging.module.organization.module.terraform_state_backend_organization_shared.aws_s3_bucket.default"
          ]
        }
      ]
    },
    {
      "module": "module.common_resources_staging.module.organization.module.terraform_state_backend_organization_shared",
      "mode": "managed",
      "type": "aws_s3_bucket_versioning",
      "name": "default",
      "provider": "provider[\"registry.terraform.io/hashicorp/aws\"]",
      "instances": [
        {
          "index_key": 0,
          "schema_version": 0,
          "attributes": {
            "bucket": "unityhub-staging-organization-shared-terraform-state",
            "expected_bucket_owner": "",
            "id": "unityhub-staging-organization-shared-terraform-state",
            "mfa": null,
            "region": "us-east-1",
            "versioning_configuration": [
              {
                "mfa_delete": "Disabled",
                "status": "Enabled"
              }
            ]
          },
          "sensitive_attributes": [],
          "identity_schema_version": 1,
          "identity": {
            "account_id": "887311683230",
            "bucket": "unityhub-staging-organization-shared-terraform-state",
            "region": "us-east-1"
          },
          "private": "bnVsbA==",
          "dependencies": [
            "module.common_resources_staging.module.organization.module.terraform_state_backend_organization_shared.aws_s3_bucket.default"
          ]
        }
      ]
    },
    {
      "module": "module.common_resources_staging.module.organization.module.terraform_state_backend_organization_shared",
      "mode": "managed",
      "type": "local_file",
      "name": "terraform_backend_config",
      "provider": "provider[\"registry.terraform.io/hashicorp/local\"]",
      "instances": [
        {
          "index_key": 0,
          "schema_version": 0,
          "attributes": {
            "content": "terraform {\n  required_version = \"\u003e= 1.0.0\"\n\n  backend \"s3\" {\n    region         = \"us-east-1\"\n    bucket         = \"unityhub-staging-organization-shared-terraform-state\"\n    key            = \"terraform.tfstate\"\n    dynamodb_table = \"unityhub-staging-organization-shared-terraform-state-lock\"\n    profile        = \"\"\n    role_arn       = \"\"\n    encrypt        = \"true\"\n  }\n}\n",
            "content_base64": null,
            "content_base64sha256": "QNxGvXXh7ayNB3yyc1/VRx6mvA58CmDvzZ5BOMOYmgg=",
            "content_base64sha512": "qHKk4pub85hIsRP6yjie8qvlw0fltToGtFdFBfUIuGIp5l1A8sSPP4guiSbexiA2CvLcwmEa2hmU/1g1ySSdNA==",
            "content_md5": "b92eb9ef0b09b85a1580a150a5074ea7",
            "content_sha1": "b679c16ecbaf0bc7b1f81bcc1527875aced70e80",
            "content_sha256": "40dc46bd75e1edac8d077cb2735fd5471ea6bc0e7c0a60efcd9e4138c3989a08",
            "content_sha512": "a872a4e29b9bf39848b113faca389ef2abe5c347e5b53a06b4574505f508b86229e65d40f2c48f3f882e8926dec620360af2dcc2611ada1994ff5835c9249d34",
            "directory_permission": "0777",
            "file_permission": "0644",
            "filename": "./backend/backend_organization_shared.tf",
            "id": "b679c16ecbaf0bc7b1f81bcc1527875aced70e80",
            "sensitive_content": null,
            "source": null
          },
          "sensitive_attributes": [
            [
              {
                "type": "get_attr",
                "value": "sensitive_content"
              }
            ]
          ],
          "identity_schema_version": 0,
          "dependencies": [
            "module.common_resources_staging.module.organization.module.terraform_state_backend_organization_shared.aws_dynamodb_table.with_server_side_encryption",
            "module.common_resources_staging.module.organization.module.terraform_state_backend_organization_shared.aws_s3_bucket.default",
            "module.common_resources_staging.module.organization.module.terraform_state_backend_organization_shared.data.aws_region.current"
          ]
        }
      ]
    },
    {
      "module": "module.common_resources_staging.module.shared.module.terraform_state_backend_shared",
      "mode": "data",
      "type": "aws_iam_policy_document",
      "name": "prevent_unencrypted_uploads",
      "provider": "provider[\"registry.terraform.io/hashicorp/aws\"]",
      "instances": [
        {
          "index_key": 0,
          "schema_version": 0,
          "attributes": {
            "id": "2762231919",
            "json": "{\n  \"Version\": \"2012-10-17\",\n  \"Statement\": [\n    {\n      \"Sid\": \"DenyIncorrectEncryptionHeader\",\n      \"Effect\": \"Deny\",\n      \"Action\": \"s3:PutObject\",\n      \"Resource\": \"arn:aws:s3:::unityhub-staging-shared-terraform-state/*\",\n      \"Principal\": {\n        \"AWS\": \"*\"\n      },\n      \"Condition\": {\n        \"StringNotEquals\": {\n          \"s3:x-amz-server-side-encryption\": [\n            \"AES256\",\n            \"aws:kms\"\n          ]\n        }\n      }\n    },\n    {\n      \"Sid\": \"DenyUnEncryptedObjectUploads\",\n      \"Effect\": \"Deny\",\n      \"Action\": \"s3:PutObject\",\n      \"Resource\": \"arn:aws:s3:::unityhub-staging-shared-terraform-state/*\",\n      \"Principal\": {\n        \"AWS\": \"*\"\n      },\n      \"Condition\": {\n        \"Null\": {\n          \"s3:x-amz-server-side-encryption\": \"true\"\n        }\n      }\n    },\n    {\n      \"Sid\": \"EnforceTlsRequestsOnly\",\n      \"Effect\": \"Deny\",\n      \"Action\": \"s3:*\",\n      \"Resource\": [\n        \"arn:aws:s3:::unityhub-staging-shared-terraform-state/*\",\n        \"arn:aws:s3:::unityhub-staging-shared-terraform-state\"\n      ],\n      \"Principal\": {\n        \"AWS\": \"*\"\n      },\n      \"Condition\": {\n        \"Bool\": {\n          \"aws:SecureTransport\": \"false\"\n        }\n      }\n    }\n  ]\n}",
            "minified_json": "{\"Version\":\"2012-10-17\",\"Statement\":[{\"Sid\":\"DenyIncorrectEncryptionHeader\",\"Effect\":\"Deny\",\"Action\":\"s3:PutObject\",\"Resource\":\"arn:aws:s3:::unityhub-staging-shared-terraform-state/*\",\"Principal\":{\"AWS\":\"*\"},\"Condition\":{\"StringNotEquals\":{\"s3:x-amz-server-side-encryption\":[\"AES256\",\"aws:kms\"]}}},{\"Sid\":\"DenyUnEncryptedObjectUploads\",\"Effect\":\"Deny\",\"Action\":\"s3:PutObject\",\"Resource\":\"arn:aws:s3:::unityhub-staging-shared-terraform-state/*\",\"Principal\":{\"AWS\":\"*\"},\"Condition\":{\"Null\":{\"s3:x-amz-server-side-encryption\":\"true\"}}},{\"Sid\":\"EnforceTlsRequestsOnly\",\"Effect\":\"Deny\",\"Action\":\"s3:*\",\"Resource\":[\"arn:aws:s3:::unityhub-staging-shared-terraform-state/*\",\"arn:aws:s3:::unityhub-staging-shared-terraform-state\"],\"Principal\":{\"AWS\":\"*\"},\"Condition\":{\"Bool\":{\"aws:SecureTransport\":\"false\"}}}]}",
            "override_json": null,
            "override_policy_documents": null,
            "policy_id": null,
            "source_json": null,
            "source_policy_documents": null,
            "statement": [
              {
                "actions": [
                  "s3:PutObject"
                ],
                "condition": [
                  {
                    "test": "StringNotEquals",
                    "values": [
                      "AES256",
                      "aws:kms"
                    ],
                    "variable": "s3:x-amz-server-side-encryption"
                  }
                ],
                "effect": "Deny",
                "not_actions": [],
                "not_principals": [],
                "not_resources": [],
                "principals": [
                  {
                    "identifiers": [
                      "*"
                    ],
                    "type": "AWS"
                  }
                ],
                "resources": [
                  "arn:aws:s3:::unityhub-staging-shared-terraform-state/*"
                ],
                "sid": "DenyIncorrectEncryptionHeader"
              },
              {
                "actions": [
                  "s3:PutObject"
                ],
                "condition": [
                  {
                    "test": "Null",
                    "values": [
                      "true"
                    ],
                    "variable": "s3:x-amz-server-side-encryption"
                  }
                ],
                "effect": "Deny",
                "not_actions": [],
                "not_principals": [],
                "not_resources": [],
                "principals": [
                  {
                    "identifiers": [
                      "*"
                    ],
                    "type": "AWS"
                  }
                ],
                "resources": [
                  "arn:aws:s3:::unityhub-staging-shared-terraform-state/*"
                ],
                "sid": "DenyUnEncryptedObjectUploads"
              },
              {
                "actions": [
                  "s3:*"
                ],
                "condition": [
                  {
                    "test": "Bool",
                    "values": [
                      "false"
                    ],
                    "variable": "aws:SecureTransport"
                  }
                ],
                "effect": "Deny",
                "not_actions": [],
                "not_principals": [],
                "not_resources": [],
                "principals": [
                  {
                    "identifiers": [
                      "*"
                    ],
                    "type": "AWS"
                  }
                ],
                "resources": [
                  "arn:aws:s3:::unityhub-staging-shared-terraform-state",
                  "arn:aws:s3:::unityhub-staging-shared-terraform-state/*"
                ],
                "sid": "EnforceTlsRequestsOnly"
              }
            ],
            "version": "2012-10-17"
          },
          "sensitive_attributes": [],
          "identity_schema_version": 0
        }
      ]
    },
    {
      "module": "module.common_resources_staging.module.shared.module.terraform_state_backend_shared",
      "mode": "data",
      "type": "aws_region",
      "name": "current",
      "provider": "provider[\"registry.terraform.io/hashicorp/aws\"]",
      "instances": [
        {
          "schema_version": 0,
          "attributes": {
            "description": "US East (N. Virginia)",
            "endpoint": "ec2.us-east-1.amazonaws.com",
            "id": "us-east-1",
            "name": "us-east-1",
            "region": "us-east-1"
          },
          "sensitive_attributes": [],
          "identity_schema_version": 0
        }
      ]
    },
    {
      "module": "module.common_resources_staging.module.shared.module.terraform_state_backend_shared",
      "mode": "managed",
      "type": "aws_dynamodb_table",
      "name": "with_server_side_encryption",
      "provider": "provider[\"registry.terraform.io/hashicorp/aws\"]",
      "instances": [
        {
          "index_key": 0,
          "schema_version": 1,
          "attributes": {
            "arn": "arn:aws:dynamodb:us-east-1:887311683230:table/unityhub-staging-shared-terraform-state-lock",
            "attribute": [
              {
                "name": "LockID",
                "type": "S"
              }
            ],
            "billing_mode": "PAY_PER_REQUEST",
            "deletion_protection_enabled": false,
            "global_secondary_index": [],
            "global_table_witness": [],
            "hash_key": "LockID",
            "id": "unityhub-staging-shared-terraform-state-lock",
            "import_table": [],
            "local_secondary_index": [],
            "name": "unityhub-staging-shared-terraform-state-lock",
            "on_demand_throughput": [],
            "point_in_time_recovery": [
              {
                "enabled": true,
                "recovery_period_in_days": 35
              }
            ],
            "range_key": null,
            "read_capacity": 0,
            "region": "us-east-1",
            "replica": [],
            "restore_backup_arn": null,
            "restore_date_time": null,
            "restore_source_name": null,
            "restore_source_table_arn": null,
            "restore_to_latest_time": null,
            "server_side_encryption": [
              {
                "enabled": true,
                "kms_key_arn": ""
              }
            ],
            "stream_arn": "",
            "stream_enabled": false,
            "stream_label": "",
            "stream_view_type": "",
            "table_class": "STANDARD",
            "tags": {
              "Attributes": "terraform-state-lock",
              "Name": "unityhub-staging-shared-terraform-state-lock",
              "Namespace": "unityhub",
              "Stage": "staging"
            },
            "tags_all": {
              "Attributes": "terraform-state-lock",
              "Name": "unityhub-staging-shared-terraform-state-lock",
              "Namespace": "unityhub",
              "Stage": "staging"
            },
            "timeouts": null,
            "ttl": [
              {
                "attribute_name": "",
                "enabled": false
              }
            ],
            "warm_throughput": [],
            "write_capacity": 0
          },
          "sensitive_attributes": [],
          "identity_schema_version": 0,
          "identity": {
            "account_id": "887311683230",
            "name": "unityhub-staging-shared-terraform-state-lock",
            "region": "us-east-1"
          },
          "private": "eyJlMmJmYjczMC1lY2FhLTExZTYtOGY4OC0zNDM2M2JjN2M0YzAiOnsiY3JlYXRlIjoxODAwMDAwMDAwMDAwLCJkZWxldGUiOjYwMDAwMDAwMDAwMCwidXBkYXRlIjozNjAwMDAwMDAwMDAwfSwic2NoZW1hX3ZlcnNpb24iOiIxIn0="
        }
      ]
    },
    {
      "module": "module.common_resources_staging.module.shared.module.terraform_state_backend_shared",
      "mode": "managed",
      "type": "aws_s3_bucket",
      "name": "default",
      "provider": "provider[\"registry.terraform.io/hashicorp/aws\"]",
      "instances": [
        {
          "index_key": 0,
          "schema_version": 0,
          "attributes": {
            "acceleration_status": "",
            "acl": null,
            "arn": "arn:aws:s3:::unityhub-staging-shared-terraform-state",
            "bucket": "unityhub-staging-shared-terraform-state",
            "bucket_domain_name": "unityhub-staging-shared-terraform-state.s3.amazonaws.com",
            "bucket_namespace": "global",
            "bucket_prefix": "",
            "bucket_region": "us-east-1",
            "bucket_regional_domain_name": "unityhub-staging-shared-terraform-state.s3.us-east-1.amazonaws.com",
            "cors_rule": [],
            "force_destroy": true,
            "grant": [
              {
                "id": "1e705be12a968dd63fd96aa2d89b9898fdbac29cae9cebb1a3874a1b02621739",
                "permissions": [
                  "FULL_CONTROL"
                ],
                "type": "CanonicalUser",
                "uri": ""
              }
            ],
            "hosted_zone_id": "Z3AQBSTGFYJSTF",
            "id": "unityhub-staging-shared-terraform-state",
            "lifecycle_rule": [],
            "logging": [],
            "object_lock_configuration": [],
            "object_lock_enabled": false,
            "policy": "{\"Statement\":[{\"Action\":\"s3:PutObject\",\"Condition\":{\"StringNotEquals\":{\"s3:x-amz-server-side-encryption\":[\"AES256\",\"aws:kms\"]}},\"Effect\":\"Deny\",\"Principal\":{\"AWS\":\"*\"},\"Resource\":\"arn:aws:s3:::unityhub-staging-shared-terraform-state/*\",\"Sid\":\"DenyIncorrectEncryptionHeader\"},{\"Action\":\"s3:PutObject\",\"Condition\":{\"Null\":{\"s3:x-amz-server-side-encryption\":\"true\"}},\"Effect\":\"Deny\",\"Principal\":{\"AWS\":\"*\"},\"Resource\":\"arn:aws:s3:::unityhub-staging-shared-terraform-state/*\",\"Sid\":\"DenyUnEncryptedObjectUploads\"},{\"Action\":\"s3:*\",\"Condition\":{\"Bool\":{\"aws:SecureTransport\":\"false\"}},\"Effect\":\"Deny\",\"Principal\":{\"AWS\":\"*\"},\"Resource\":[\"arn:aws:s3:::unityhub-staging-shared-terraform-state/*\",\"arn:aws:s3:::unityhub-staging-shared-terraform-state\"],\"Sid\":\"EnforceTlsRequestsOnly\"}],\"Version\":\"2012-10-17\"}",
            "region": "us-east-1",
            "replication_configuration": [],
            "request_payer": "BucketOwner",
            "server_side_encryption_configuration": [
              {
                "rule": [
                  {
                    "apply_server_side_encryption_by_default": [
                      {
                        "kms_master_key_id": "",
                        "sse_algorithm": "AES256"
                      }
                    ],
                    "bucket_key_enabled": false
                  }
                ]
              }
            ],
            "tags": {
              "Attributes": "terraform-state",
              "Name": "unityhub-staging-shared-terraform-state",
              "Namespace": "unityhub",
              "Stage": "staging"
            },
            "tags_all": {
              "Attributes": "terraform-state",
              "Name": "unityhub-staging-shared-terraform-state",
              "Namespace": "unityhub",
              "Stage": "staging"
            },
            "timeouts": null,
            "versioning": [
              {
                "enabled": true,
                "mfa_delete": false
              }
            ],
            "website": [],
            "website_domain": null,
            "website_endpoint": null
          },
          "sensitive_attributes": [],
          "identity_schema_version": 0,
          "identity": {
            "account_id": "887311683230",
            "bucket": "unityhub-staging-shared-terraform-state",
            "region": "us-east-1"
          },
          "private": "eyJlMmJmYjczMC1lY2FhLTExZTYtOGY4OC0zNDM2M2JjN2M0YzAiOnsiY3JlYXRlIjoxMjAwMDAwMDAwMDAwLCJkZWxldGUiOjM2MDAwMDAwMDAwMDAsInJlYWQiOjEyMDAwMDAwMDAwMDAsInVwZGF0ZSI6MTIwMDAwMDAwMDAwMH19"
        }
      ]
    },
    {
      "module": "module.common_resources_staging.module.shared.module.terraform_state_backend_shared",
      "mode": "managed",
      "type": "aws_s3_bucket_ownership_controls",
      "name": "default",
      "provider": "provider[\"registry.terraform.io/hashicorp/aws\"]",
      "instances": [
        {
          "index_key": 0,
          "schema_version": 0,
          "attributes": {
            "bucket": "unityhub-staging-shared-terraform-state",
            "id": "unityhub-staging-shared-terraform-state",
            "region": "us-east-1",
            "rule": [
              {
                "object_ownership": "BucketOwnerEnforced"
              }
            ]
          },
          "sensitive_attributes": [],
          "identity_schema_version": 0,
          "identity": {
            "account_id": "887311683230",
            "bucket": "unityhub-staging-shared-terraform-state",
            "region": "us-east-1"
          },
          "private": "bnVsbA==",
          "dependencies": [
            "module.common_resources_staging.module.shared.module.terraform_state_backend_shared.aws_s3_bucket.default"
          ]
        }
      ]
    },
    {
      "module": "module.common_resources_staging.module.shared.module.terraform_state_backend_shared",
      "mode": "managed",
      "type": "aws_s3_bucket_policy",
      "name": "default",
      "provider": "provider[\"registry.terraform.io/hashicorp/aws\"]",
      "instances": [
        {
          "index_key": 0,
          "schema_version": 0,
          "attributes": {
            "bucket": "unityhub-staging-shared-terraform-state",
            "id": "unityhub-staging-shared-terraform-state",
            "policy": "{\"Statement\":[{\"Action\":\"s3:PutObject\",\"Condition\":{\"StringNotEquals\":{\"s3:x-amz-server-side-encryption\":[\"AES256\",\"aws:kms\"]}},\"Effect\":\"Deny\",\"Principal\":{\"AWS\":\"*\"},\"Resource\":\"arn:aws:s3:::unityhub-staging-shared-terraform-state/*\",\"Sid\":\"DenyIncorrectEncryptionHeader\"},{\"Action\":\"s3:PutObject\",\"Condition\":{\"Null\":{\"s3:x-amz-server-side-encryption\":\"true\"}},\"Effect\":\"Deny\",\"Principal\":{\"AWS\":\"*\"},\"Resource\":\"arn:aws:s3:::unityhub-staging-shared-terraform-state/*\",\"Sid\":\"DenyUnEncryptedObjectUploads\"},{\"Action\":\"s3:*\",\"Condition\":{\"Bool\":{\"aws:SecureTransport\":\"false\"}},\"Effect\":\"Deny\",\"Principal\":{\"AWS\":\"*\"},\"Resource\":[\"arn:aws:s3:::unityhub-staging-shared-terraform-state/*\",\"arn:aws:s3:::unityhub-staging-shared-terraform-state\"],\"Sid\":\"EnforceTlsRequestsOnly\"}],\"Version\":\"2012-10-17\"}",
            "region": "us-east-1"
          },
          "sensitive_attributes": [],
          "identity_schema_version": 0,
          "identity": {
            "account_id": "887311683230",
            "bucket": "unityhub-staging-shared-terraform-state",
            "region": "us-east-1"
          },
          "private": "bnVsbA==",
          "dependencies": [
            "module.common_resources_staging.module.shared.module.terraform_state_backend_shared.aws_s3_bucket.default",
            "module.common_resources_staging.module.shared.module.terraform_state_backend_shared.data.aws_iam_policy_document.prevent_unencrypted_uploads"
          ]
        }
      ]
    },
    {
      "module": "module.common_resources_staging.module.shared.module.terraform_state_backend_shared",
      "mode": "managed",
      "type": "aws_s3_bucket_public_access_block",
      "name": "default",
      "provider": "provider[\"registry.terraform.io/hashicorp/aws\"]",
      "instances": [
        {
          "index_key": 0,
          "schema_version": 0,
          "attributes": {
            "block_public_acls": true,
            "block_public_policy": true,
            "bucket": "unityhub-staging-shared-terraform-state",
            "id": "unityhub-staging-shared-terraform-state",
            "ignore_public_acls": true,
            "region": "us-east-1",
            "restrict_public_buckets": true,
            "skip_destroy": null
          },
          "sensitive_attributes": [],
          "identity_schema_version": 0,
          "identity": {
            "account_id": "887311683230",
            "bucket": "unityhub-staging-shared-terraform-state",
            "region": "us-east-1"
          },
          "private": "bnVsbA==",
          "dependencies": [
            "module.common_resources_staging.module.shared.module.terraform_state_backend_shared.aws_s3_bucket.default"
          ]
        }
      ]
    },
    {
      "module": "module.common_resources_staging.module.shared.module.terraform_state_backend_shared",
      "mode": "managed",
      "type": "aws_s3_bucket_server_side_encryption_configuration",
      "name": "default",
      "provider": "provider[\"registry.terraform.io/hashicorp/aws\"]",
      "instances": [
        {
          "index_key": 0,
          "schema_version": 0,
          "attributes": {
            "bucket": "unityhub-staging-shared-terraform-state",
            "expected_bucket_owner": "",
            "id": "unityhub-staging-shared-terraform-state",
            "region": "us-east-1",
            "rule": [
              {
                "apply_server_side_encryption_by_default": [
                  {
                    "kms_master_key_id": "",
                    "sse_algorithm": "AES256"
                  }
                ],
                "blocked_encryption_types": [
                  "NONE"
                ],
                "bucket_key_enabled": false
              }
            ]
          },
          "sensitive_attributes": [],
          "identity_schema_version": 1,
          "identity": {
            "account_id": "887311683230",
            "bucket": "unityhub-staging-shared-terraform-state",
            "region": "us-east-1"
          },
          "private": "bnVsbA==",
          "dependencies": [
            "module.common_resources_staging.module.shared.module.terraform_state_backend_shared.aws_s3_bucket.default"
          ]
        }
      ]
    },
    {
      "module": "module.common_resources_staging.module.shared.module.terraform_state_backend_shared",
      "mode": "managed",
      "type": "aws_s3_bucket_versioning",
      "name": "default",
      "provider": "provider[\"registry.terraform.io/hashicorp/aws\"]",
      "instances": [
        {
          "index_key": 0,
          "schema_version": 0,
          "attributes": {
            "bucket": "unityhub-staging-shared-terraform-state",
            "expected_bucket_owner": "",
            "id": "unityhub-staging-shared-terraform-state",
            "mfa": null,
            "region": "us-east-1",
            "versioning_configuration": [
              {
                "mfa_delete": "Disabled",
                "status": "Enabled"
              }
            ]
          },
          "sensitive_attributes": [],
          "identity_schema_version": 1,
          "identity": {
            "account_id": "887311683230",
            "bucket": "unityhub-staging-shared-terraform-state",
            "region": "us-east-1"
          },
          "private": "bnVsbA==",
          "dependencies": [
            "module.common_resources_staging.module.shared.module.terraform_state_backend_shared.aws_s3_bucket.default"
          ]
        }
      ]
    },
    {
      "module": "module.common_resources_staging.module.shared.module.terraform_state_backend_shared",
      "mode": "managed",
      "type": "local_file",
      "name": "terraform_backend_config",
      "provider": "provider[\"registry.terraform.io/hashicorp/local\"]",
      "instances": [
        {
          "index_key": 0,
          "schema_version": 0,
          "attributes": {
            "content": "terraform {\n  required_version = \"\u003e= 1.0.0\"\n\n  backend \"s3\" {\n    region         = \"us-east-1\"\n    bucket         = \"unityhub-staging-shared-terraform-state\"\n    key            = \"terraform.tfstate\"\n    dynamodb_table = \"unityhub-staging-shared-terraform-state-lock\"\n    profile        = \"\"\n    role_arn       = \"\"\n    encrypt        = \"true\"\n  }\n}\n",
            "content_base64": null,
            "content_base64sha256": "W9PfIcitXgnwEZl8SnvyGyjwBXrFqaoeC3CMAtJencs=",
            "content_base64sha512": "973AEDRDLo8h44OO3vvquSH3+BNte8nqtPCZQS4vgJkyoLYrSbGTPKinwQ1phxTxNkx/njJq+gbTgJ5k5YnmRA==",
            "content_md5": "ef1e3d57e8a485ca93f7d3c002629681",
            "content_sha1": "39f990599f2424e3985fc6294d810fb7d5046c3f",
            "content_sha256": "5bd3df21c8ad5e09f011997c4a7bf21b28f0057ac5a9aa1e0b708c02d25e9dcb",
            "content_sha512": "f7bdc01034432e8f21e3838edefbeab921f7f8136d7bc9eab4f099412e2f809932a0b62b49b1933ca8a7c10d698714f1364c7f9e326afa06d3809e64e589e644",
            "directory_permission": "0777",
            "file_permission": "0644",
            "filename": "./backend/backend_shared.tf",
            "id": "39f990599f2424e3985fc6294d810fb7d5046c3f",
            "sensitive_content": null,
            "source": null
          },
          "sensitive_attributes": [
            [
              {
                "type": "get_attr",
                "value": "sensitive_content"
              }
            ]
          ],
          "identity_schema_version": 0,
          "dependencies": [
            "module.common_resources_staging.module.shared.module.terraform_state_backend_shared.aws_dynamodb_table.with_server_side_encryption",
            "module.common_resources_staging.module.shared.module.terraform_state_backend_shared.aws_s3_bucket.default",
            "module.common_resources_staging.module.shared.module.terraform_state_backend_shared.data.aws_region.current"
          ]
        }
      ]
    },
    {
      "module": "module.common_resources_staging.module.shared.module.terraform_state_backend_shared_azure_entra",
      "mode": "data",
      "type": "aws_iam_policy_document",
      "name": "prevent_unencrypted_uploads",
      "provider": "provider[\"registry.terraform.io/hashicorp/aws\"]",
      "instances": [
        {
          "index_key": 0,
          "schema_version": 0,
          "attributes": {
            "id": "39684554",
            "json": "{\n  \"Version\": \"2012-10-17\",\n  \"Statement\": [\n    {\n      \"Sid\": \"DenyIncorrectEncryptionHeader\",\n      \"Effect\": \"Deny\",\n      \"Action\": \"s3:PutObject\",\n      \"Resource\": \"arn:aws:s3:::unityhub-staging-sharedazureentra-terraform-state/*\",\n      \"Principal\": {\n        \"AWS\": \"*\"\n      },\n      \"Condition\": {\n        \"StringNotEquals\": {\n          \"s3:x-amz-server-side-encryption\": [\n            \"AES256\",\n            \"aws:kms\"\n          ]\n        }\n      }\n    },\n    {\n      \"Sid\": \"DenyUnEncryptedObjectUploads\",\n      \"Effect\": \"Deny\",\n      \"Action\": \"s3:PutObject\",\n      \"Resource\": \"arn:aws:s3:::unityhub-staging-sharedazureentra-terraform-state/*\",\n      \"Principal\": {\n        \"AWS\": \"*\"\n      },\n      \"Condition\": {\n        \"Null\": {\n          \"s3:x-amz-server-side-encryption\": \"true\"\n        }\n      }\n    },\n    {\n      \"Sid\": \"EnforceTlsRequestsOnly\",\n      \"Effect\": \"Deny\",\n      \"Action\": \"s3:*\",\n      \"Resource\": [\n        \"arn:aws:s3:::unityhub-staging-sharedazureentra-terraform-state/*\",\n        \"arn:aws:s3:::unityhub-staging-sharedazureentra-terraform-state\"\n      ],\n      \"Principal\": {\n        \"AWS\": \"*\"\n      },\n      \"Condition\": {\n        \"Bool\": {\n          \"aws:SecureTransport\": \"false\"\n        }\n      }\n    }\n  ]\n}",
            "minified_json": "{\"Version\":\"2012-10-17\",\"Statement\":[{\"Sid\":\"DenyIncorrectEncryptionHeader\",\"Effect\":\"Deny\",\"Action\":\"s3:PutObject\",\"Resource\":\"arn:aws:s3:::unityhub-staging-sharedazureentra-terraform-state/*\",\"Principal\":{\"AWS\":\"*\"},\"Condition\":{\"StringNotEquals\":{\"s3:x-amz-server-side-encryption\":[\"AES256\",\"aws:kms\"]}}},{\"Sid\":\"DenyUnEncryptedObjectUploads\",\"Effect\":\"Deny\",\"Action\":\"s3:PutObject\",\"Resource\":\"arn:aws:s3:::unityhub-staging-sharedazureentra-terraform-state/*\",\"Principal\":{\"AWS\":\"*\"},\"Condition\":{\"Null\":{\"s3:x-amz-server-side-encryption\":\"true\"}}},{\"Sid\":\"EnforceTlsRequestsOnly\",\"Effect\":\"Deny\",\"Action\":\"s3:*\",\"Resource\":[\"arn:aws:s3:::unityhub-staging-sharedazureentra-terraform-state/*\",\"arn:aws:s3:::unityhub-staging-sharedazureentra-terraform-state\"],\"Principal\":{\"AWS\":\"*\"},\"Condition\":{\"Bool\":{\"aws:SecureTransport\":\"false\"}}}]}",
            "override_json": null,
            "override_policy_documents": null,
            "policy_id": null,
            "source_json": null,
            "source_policy_documents": null,
            "statement": [
              {
                "actions": [
                  "s3:PutObject"
                ],
                "condition": [
                  {
                    "test": "StringNotEquals",
                    "values": [
                      "AES256",
                      "aws:kms"
                    ],
                    "variable": "s3:x-amz-server-side-encryption"
                  }
                ],
                "effect": "Deny",
                "not_actions": [],
                "not_principals": [],
                "not_resources": [],
                "principals": [
                  {
                    "identifiers": [
                      "*"
                    ],
                    "type": "AWS"
                  }
                ],
                "resources": [
                  "arn:aws:s3:::unityhub-staging-sharedazureentra-terraform-state/*"
                ],
                "sid": "DenyIncorrectEncryptionHeader"
              },
              {
                "actions": [
                  "s3:PutObject"
                ],
                "condition": [
                  {
                    "test": "Null",
                    "values": [
                      "true"
                    ],
                    "variable": "s3:x-amz-server-side-encryption"
                  }
                ],
                "effect": "Deny",
                "not_actions": [],
                "not_principals": [],
                "not_resources": [],
                "principals": [
                  {
                    "identifiers": [
                      "*"
                    ],
                    "type": "AWS"
                  }
                ],
                "resources": [
                  "arn:aws:s3:::unityhub-staging-sharedazureentra-terraform-state/*"
                ],
                "sid": "DenyUnEncryptedObjectUploads"
              },
              {
                "actions": [
                  "s3:*"
                ],
                "condition": [
                  {
                    "test": "Bool",
                    "values": [
                      "false"
                    ],
                    "variable": "aws:SecureTransport"
                  }
                ],
                "effect": "Deny",
                "not_actions": [],
                "not_principals": [],
                "not_resources": [],
                "principals": [
                  {
                    "identifiers": [
                      "*"
                    ],
                    "type": "AWS"
                  }
                ],
                "resources": [
                  "arn:aws:s3:::unityhub-staging-sharedazureentra-terraform-state",
                  "arn:aws:s3:::unityhub-staging-sharedazureentra-terraform-state/*"
                ],
                "sid": "EnforceTlsRequestsOnly"
              }
            ],
            "version": "2012-10-17"
          },
          "sensitive_attributes": [],
          "identity_schema_version": 0
        }
      ]
    },
    {
      "module": "module.common_resources_staging.module.shared.module.terraform_state_backend_shared_azure_entra",
      "mode": "data",
      "type": "aws_region",
      "name": "current",
      "provider": "provider[\"registry.terraform.io/hashicorp/aws\"]",
      "instances": [
        {
          "schema_version": 0,
          "attributes": {
            "description": "US East (N. Virginia)",
            "endpoint": "ec2.us-east-1.amazonaws.com",
            "id": "us-east-1",
            "name": "us-east-1",
            "region": "us-east-1"
          },
          "sensitive_attributes": [],
          "identity_schema_version": 0
        }
      ]
    },
    {
      "module": "module.common_resources_staging.module.shared.module.terraform_state_backend_shared_azure_entra",
      "mode": "managed",
      "type": "aws_dynamodb_table",
      "name": "with_server_side_encryption",
      "provider": "provider[\"registry.terraform.io/hashicorp/aws\"]",
      "instances": [
        {
          "index_key": 0,
          "schema_version": 1,
          "attributes": {
            "arn": "arn:aws:dynamodb:us-east-1:887311683230:table/unityhub-staging-sharedazureentra-terraform-state-lock",
            "attribute": [
              {
                "name": "LockID",
                "type": "S"
              }
            ],
            "billing_mode": "PAY_PER_REQUEST",
            "deletion_protection_enabled": false,
            "global_secondary_index": [],
            "global_table_witness": [],
            "hash_key": "LockID",
            "id": "unityhub-staging-sharedazureentra-terraform-state-lock",
            "import_table": [],
            "local_secondary_index": [],
            "name": "unityhub-staging-sharedazureentra-terraform-state-lock",
            "on_demand_throughput": [],
            "point_in_time_recovery": [
              {
                "enabled": true,
                "recovery_period_in_days": 35
              }
            ],
            "range_key": null,
            "read_capacity": 0,
            "region": "us-east-1",
            "replica": [],
            "restore_backup_arn": null,
            "restore_date_time": null,
            "restore_source_name": null,
            "restore_source_table_arn": null,
            "restore_to_latest_time": null,
            "server_side_encryption": [
              {
                "enabled": true,
                "kms_key_arn": ""
              }
            ],
            "stream_arn": "",
            "stream_enabled": false,
            "stream_label": "",
            "stream_view_type": "",
            "table_class": "STANDARD",
            "tags": {
              "Attributes": "terraform-state-lock",
              "Name": "unityhub-staging-sharedazureentra-terraform-state-lock",
              "Namespace": "unityhub",
              "Stage": "staging"
            },
            "tags_all": {
              "Attributes": "terraform-state-lock",
              "Name": "unityhub-staging-sharedazureentra-terraform-state-lock",
              "Namespace": "unityhub",
              "Stage": "staging"
            },
            "timeouts": null,
            "ttl": [
              {
                "attribute_name": "",
                "enabled": false
              }
            ],
            "warm_throughput": [],
            "write_capacity": 0
          },
          "sensitive_attributes": [],
          "identity_schema_version": 0,
          "identity": {
            "account_id": "887311683230",
            "name": "unityhub-staging-sharedazureentra-terraform-state-lock",
            "region": "us-east-1"
          },
          "private": "eyJlMmJmYjczMC1lY2FhLTExZTYtOGY4OC0zNDM2M2JjN2M0YzAiOnsiY3JlYXRlIjoxODAwMDAwMDAwMDAwLCJkZWxldGUiOjYwMDAwMDAwMDAwMCwidXBkYXRlIjozNjAwMDAwMDAwMDAwfSwic2NoZW1hX3ZlcnNpb24iOiIxIn0="
        }
      ]
    },
    {
      "module": "module.common_resources_staging.module.shared.module.terraform_state_backend_shared_azure_entra",
      "mode": "managed",
      "type": "aws_s3_bucket",
      "name": "default",
      "provider": "provider[\"registry.terraform.io/hashicorp/aws\"]",
      "instances": [
        {
          "index_key": 0,
          "schema_version": 0,
          "attributes": {
            "acceleration_status": "",
            "acl": null,
            "arn": "arn:aws:s3:::unityhub-staging-sharedazureentra-terraform-state",
            "bucket": "unityhub-staging-sharedazureentra-terraform-state",
            "bucket_domain_name": "unityhub-staging-sharedazureentra-terraform-state.s3.amazonaws.com",
            "bucket_namespace": "global",
            "bucket_prefix": "",
            "bucket_region": "us-east-1",
            "bucket_regional_domain_name": "unityhub-staging-sharedazureentra-terraform-state.s3.us-east-1.amazonaws.com",
            "cors_rule": [],
            "force_destroy": true,
            "grant": [
              {
                "id": "1e705be12a968dd63fd96aa2d89b9898fdbac29cae9cebb1a3874a1b02621739",
                "permissions": [
                  "FULL_CONTROL"
                ],
                "type": "CanonicalUser",
                "uri": ""
              }
            ],
            "hosted_zone_id": "Z3AQBSTGFYJSTF",
            "id": "unityhub-staging-sharedazureentra-terraform-state",
            "lifecycle_rule": [],
            "logging": [],
            "object_lock_configuration": [],
            "object_lock_enabled": false,
            "policy": "{\"Statement\":[{\"Action\":\"s3:PutObject\",\"Condition\":{\"StringNotEquals\":{\"s3:x-amz-server-side-encryption\":[\"AES256\",\"aws:kms\"]}},\"Effect\":\"Deny\",\"Principal\":{\"AWS\":\"*\"},\"Resource\":\"arn:aws:s3:::unityhub-staging-sharedazureentra-terraform-state/*\",\"Sid\":\"DenyIncorrectEncryptionHeader\"},{\"Action\":\"s3:PutObject\",\"Condition\":{\"Null\":{\"s3:x-amz-server-side-encryption\":\"true\"}},\"Effect\":\"Deny\",\"Principal\":{\"AWS\":\"*\"},\"Resource\":\"arn:aws:s3:::unityhub-staging-sharedazureentra-terraform-state/*\",\"Sid\":\"DenyUnEncryptedObjectUploads\"},{\"Action\":\"s3:*\",\"Condition\":{\"Bool\":{\"aws:SecureTransport\":\"false\"}},\"Effect\":\"Deny\",\"Principal\":{\"AWS\":\"*\"},\"Resource\":[\"arn:aws:s3:::unityhub-staging-sharedazureentra-terraform-state/*\",\"arn:aws:s3:::unityhub-staging-sharedazureentra-terraform-state\"],\"Sid\":\"EnforceTlsRequestsOnly\"}],\"Version\":\"2012-10-17\"}",
            "region": "us-east-1",
            "replication_configuration": [],
            "request_payer": "BucketOwner",
            "server_side_encryption_configuration": [
              {
                "rule": [
                  {
                    "apply_server_side_encryption_by_default": [
                      {
                        "kms_master_key_id": "",
                        "sse_algorithm": "AES256"
                      }
                    ],
                    "bucket_key_enabled": false
                  }
                ]
              }
            ],
            "tags": {
              "Attributes": "terraform-state",
              "Name": "unityhub-staging-sharedazureentra-terraform-state",
              "Namespace": "unityhub",
              "Stage": "staging"
            },
            "tags_all": {
              "Attributes": "terraform-state",
              "Name": "unityhub-staging-sharedazureentra-terraform-state",
              "Namespace": "unityhub",
              "Stage": "staging"
            },
            "timeouts": null,
            "versioning": [
              {
                "enabled": true,
                "mfa_delete": false
              }
            ],
            "website": [],
            "website_domain": null,
            "website_endpoint": null
          },
          "sensitive_attributes": [],
          "identity_schema_version": 0,
          "identity": {
            "account_id": "887311683230",
            "bucket": "unityhub-staging-sharedazureentra-terraform-state",
            "region": "us-east-1"
          },
          "private": "eyJlMmJmYjczMC1lY2FhLTExZTYtOGY4OC0zNDM2M2JjN2M0YzAiOnsiY3JlYXRlIjoxMjAwMDAwMDAwMDAwLCJkZWxldGUiOjM2MDAwMDAwMDAwMDAsInJlYWQiOjEyMDAwMDAwMDAwMDAsInVwZGF0ZSI6MTIwMDAwMDAwMDAwMH19"
        }
      ]
    },
    {
      "module": "module.common_resources_staging.module.shared.module.terraform_state_backend_shared_azure_entra",
      "mode": "managed",
      "type": "aws_s3_bucket_ownership_controls",
      "name": "default",
      "provider": "provider[\"registry.terraform.io/hashicorp/aws\"]",
      "instances": [
        {
          "index_key": 0,
          "schema_version": 0,
          "attributes": {
            "bucket": "unityhub-staging-sharedazureentra-terraform-state",
            "id": "unityhub-staging-sharedazureentra-terraform-state",
            "region": "us-east-1",
            "rule": [
              {
                "object_ownership": "BucketOwnerEnforced"
              }
            ]
          },
          "sensitive_attributes": [],
          "identity_schema_version": 0,
          "identity": {
            "account_id": "887311683230",
            "bucket": "unityhub-staging-sharedazureentra-terraform-state",
            "region": "us-east-1"
          },
          "private": "bnVsbA==",
          "dependencies": [
            "module.common_resources_staging.module.shared.module.terraform_state_backend_shared_azure_entra.aws_s3_bucket.default"
          ]
        }
      ]
    },
    {
      "module": "module.common_resources_staging.module.shared.module.terraform_state_backend_shared_azure_entra",
      "mode": "managed",
      "type": "aws_s3_bucket_policy",
      "name": "default",
      "provider": "provider[\"registry.terraform.io/hashicorp/aws\"]",
      "instances": [
        {
          "index_key": 0,
          "schema_version": 0,
          "attributes": {
            "bucket": "unityhub-staging-sharedazureentra-terraform-state",
            "id": "unityhub-staging-sharedazureentra-terraform-state",
            "policy": "{\"Statement\":[{\"Action\":\"s3:PutObject\",\"Condition\":{\"StringNotEquals\":{\"s3:x-amz-server-side-encryption\":[\"AES256\",\"aws:kms\"]}},\"Effect\":\"Deny\",\"Principal\":{\"AWS\":\"*\"},\"Resource\":\"arn:aws:s3:::unityhub-staging-sharedazureentra-terraform-state/*\",\"Sid\":\"DenyIncorrectEncryptionHeader\"},{\"Action\":\"s3:PutObject\",\"Condition\":{\"Null\":{\"s3:x-amz-server-side-encryption\":\"true\"}},\"Effect\":\"Deny\",\"Principal\":{\"AWS\":\"*\"},\"Resource\":\"arn:aws:s3:::unityhub-staging-sharedazureentra-terraform-state/*\",\"Sid\":\"DenyUnEncryptedObjectUploads\"},{\"Action\":\"s3:*\",\"Condition\":{\"Bool\":{\"aws:SecureTransport\":\"false\"}},\"Effect\":\"Deny\",\"Principal\":{\"AWS\":\"*\"},\"Resource\":[\"arn:aws:s3:::unityhub-staging-sharedazureentra-terraform-state/*\",\"arn:aws:s3:::unityhub-staging-sharedazureentra-terraform-state\"],\"Sid\":\"EnforceTlsRequestsOnly\"}],\"Version\":\"2012-10-17\"}",
            "region": "us-east-1"
          },
          "sensitive_attributes": [],
          "identity_schema_version": 0,
          "identity": {
            "account_id": "887311683230",
            "bucket": "unityhub-staging-sharedazureentra-terraform-state",
            "region": "us-east-1"
          },
          "private": "bnVsbA==",
          "dependencies": [
            "module.common_resources_staging.module.shared.module.terraform_state_backend_shared_azure_entra.aws_s3_bucket.default",
            "module.common_resources_staging.module.shared.module.terraform_state_backend_shared_azure_entra.data.aws_iam_policy_document.prevent_unencrypted_uploads"
          ]
        }
      ]
    },
    {
      "module": "module.common_resources_staging.module.shared.module.terraform_state_backend_shared_azure_entra",
      "mode": "managed",
      "type": "aws_s3_bucket_public_access_block",
      "name": "default",
      "provider": "provider[\"registry.terraform.io/hashicorp/aws\"]",
      "instances": [
        {
          "index_key": 0,
          "schema_version": 0,
          "attributes": {
            "block_public_acls": true,
            "block_public_policy": true,
            "bucket": "unityhub-staging-sharedazureentra-terraform-state",
            "id": "unityhub-staging-sharedazureentra-terraform-state",
            "ignore_public_acls": true,
            "region": "us-east-1",
            "restrict_public_buckets": true,
            "skip_destroy": null
          },
          "sensitive_attributes": [],
          "identity_schema_version": 0,
          "identity": {
            "account_id": "887311683230",
            "bucket": "unityhub-staging-sharedazureentra-terraform-state",
            "region": "us-east-1"
          },
          "private": "bnVsbA==",
          "dependencies": [
            "module.common_resources_staging.module.shared.module.terraform_state_backend_shared_azure_entra.aws_s3_bucket.default"
          ]
        }
      ]
    },
    {
      "module": "module.common_resources_staging.module.shared.module.terraform_state_backend_shared_azure_entra",
      "mode": "managed",
      "type": "aws_s3_bucket_server_side_encryption_configuration",
      "name": "default",
      "provider": "provider[\"registry.terraform.io/hashicorp/aws\"]",
      "instances": [
        {
          "index_key": 0,
          "schema_version": 0,
          "attributes": {
            "bucket": "unityhub-staging-sharedazureentra-terraform-state",
            "expected_bucket_owner": "",
            "id": "unityhub-staging-sharedazureentra-terraform-state",
            "region": "us-east-1",
            "rule": [
              {
                "apply_server_side_encryption_by_default": [
                  {
                    "kms_master_key_id": "",
                    "sse_algorithm": "AES256"
                  }
                ],
                "blocked_encryption_types": [
                  "NONE"
                ],
                "bucket_key_enabled": false
              }
            ]
          },
          "sensitive_attributes": [],
          "identity_schema_version": 1,
          "identity": {
            "account_id": "887311683230",
            "bucket": "unityhub-staging-sharedazureentra-terraform-state",
            "region": "us-east-1"
          },
          "private": "bnVsbA==",
          "dependencies": [
            "module.common_resources_staging.module.shared.module.terraform_state_backend_shared_azure_entra.aws_s3_bucket.default"
          ]
        }
      ]
    },
    {
      "module": "module.common_resources_staging.module.shared.module.terraform_state_backend_shared_azure_entra",
      "mode": "managed",
      "type": "aws_s3_bucket_versioning",
      "name": "default",
      "provider": "provider[\"registry.terraform.io/hashicorp/aws\"]",
      "instances": [
        {
          "index_key": 0,
          "schema_version": 0,
          "attributes": {
            "bucket": "unityhub-staging-sharedazureentra-terraform-state",
            "expected_bucket_owner": "",
            "id": "unityhub-staging-sharedazureentra-terraform-state",
            "mfa": null,
            "region": "us-east-1",
            "versioning_configuration": [
              {
                "mfa_delete": "Disabled",
                "status": "Enabled"
              }
            ]
          },
          "sensitive_attributes": [],
          "identity_schema_version": 1,
          "identity": {
            "account_id": "887311683230",
            "bucket": "unityhub-staging-sharedazureentra-terraform-state",
            "region": "us-east-1"
          },
          "private": "bnVsbA==",
          "dependencies": [
            "module.common_resources_staging.module.shared.module.terraform_state_backend_shared_azure_entra.aws_s3_bucket.default"
          ]
        }
      ]
    },
    {
      "module": "module.common_resources_staging.module.shared.module.terraform_state_backend_shared_azure_entra",
      "mode": "managed",
      "type": "local_file",
      "name": "terraform_backend_config",
      "provider": "provider[\"registry.terraform.io/hashicorp/local\"]",
      "instances": [
        {
          "index_key": 0,
          "schema_version": 0,
          "attributes": {
            "content": "terraform {\n  required_version = \"\u003e= 1.0.0\"\n\n  backend \"s3\" {\n    region         = \"us-east-1\"\n    bucket         = \"unityhub-staging-sharedazureentra-terraform-state\"\n    key            = \"terraform.tfstate\"\n    dynamodb_table = \"unityhub-staging-sharedazureentra-terraform-state-lock\"\n    profile        = \"\"\n    role_arn       = \"\"\n    encrypt        = \"true\"\n  }\n}\n",
            "content_base64": null,
            "content_base64sha256": "IRZpXJz+Ys3HvwH10AUb1ZcJOT+GZAAR+eXywgT2+aM=",
            "content_base64sha512": "KGphNXF28QY7ooNIWUNglqMqFBoCWl7EZApq0+ArqTxi/Mhx7EGj/eViJ38uXeZWnRKrdycERra3L7lQJ9xIrA==",
            "content_md5": "fc63e5c78d0ea69d790b2cd26222c64b",
            "content_sha1": "74b23b2ec26d67e5a0b95bd0c2b8f1309d585513",
            "content_sha256": "2116695c9cfe62cdc7bf01f5d0051bd59709393f86640011f9e5f2c204f6f9a3",
            "content_sha512": "286a61357176f1063ba2834859436096a32a141a025a5ec4640a6ad3e02ba93c62fcc871ec41a3fde562277f2e5de6569d12ab77270446b6b72fb95027dc48ac",
            "directory_permission": "0777",
            "file_permission": "0644",
            "filename": "./backend/backend_shared_azure_entra.tf",
            "id": "74b23b2ec26d67e5a0b95bd0c2b8f1309d585513",
            "sensitive_content": null,
            "source": null
          },
          "sensitive_attributes": [
            [
              {
                "type": "get_attr",
                "value": "sensitive_content"
              }
            ]
          ],
          "identity_schema_version": 0,
          "dependencies": [
            "module.common_resources_staging.module.shared.module.terraform_state_backend_shared_azure_entra.aws_dynamodb_table.with_server_side_encryption",
            "module.common_resources_staging.module.shared.module.terraform_state_backend_shared_azure_entra.aws_s3_bucket.default",
            "module.common_resources_staging.module.shared.module.terraform_state_backend_shared_azure_entra.data.aws_region.current"
          ]
        }
      ]
    },
    {
      "module": "module.common_resources_staging.module.slack.module.terraform_state_backend_slack_shared",
      "mode": "data",
      "type": "aws_iam_policy_document",
      "name": "prevent_unencrypted_uploads",
      "provider": "provider[\"registry.terraform.io/hashicorp/aws\"]",
      "instances": [
        {
          "index_key": 0,
          "schema_version": 0,
          "attributes": {
            "id": "1946191103",
            "json": "{\n  \"Version\": \"2012-10-17\",\n  \"Statement\": [\n    {\n      \"Sid\": \"DenyIncorrectEncryptionHeader\",\n      \"Effect\": \"Deny\",\n      \"Action\": \"s3:PutObject\",\n      \"Resource\": \"arn:aws:s3:::unityhub-staging-slack-shared-terraform-state/*\",\n      \"Principal\": {\n        \"AWS\": \"*\"\n      },\n      \"Condition\": {\n        \"StringNotEquals\": {\n          \"s3:x-amz-server-side-encryption\": [\n            \"AES256\",\n            \"aws:kms\"\n          ]\n        }\n      }\n    },\n    {\n      \"Sid\": \"DenyUnEncryptedObjectUploads\",\n      \"Effect\": \"Deny\",\n      \"Action\": \"s3:PutObject\",\n      \"Resource\": \"arn:aws:s3:::unityhub-staging-slack-shared-terraform-state/*\",\n      \"Principal\": {\n        \"AWS\": \"*\"\n      },\n      \"Condition\": {\n        \"Null\": {\n          \"s3:x-amz-server-side-encryption\": \"true\"\n        }\n      }\n    },\n    {\n      \"Sid\": \"EnforceTlsRequestsOnly\",\n      \"Effect\": \"Deny\",\n      \"Action\": \"s3:*\",\n      \"Resource\": [\n        \"arn:aws:s3:::unityhub-staging-slack-shared-terraform-state/*\",\n        \"arn:aws:s3:::unityhub-staging-slack-shared-terraform-state\"\n      ],\n      \"Principal\": {\n        \"AWS\": \"*\"\n      },\n      \"Condition\": {\n        \"Bool\": {\n          \"aws:SecureTransport\": \"false\"\n        }\n      }\n    }\n  ]\n}",
            "minified_json": "{\"Version\":\"2012-10-17\",\"Statement\":[{\"Sid\":\"DenyIncorrectEncryptionHeader\",\"Effect\":\"Deny\",\"Action\":\"s3:PutObject\",\"Resource\":\"arn:aws:s3:::unityhub-staging-slack-shared-terraform-state/*\",\"Principal\":{\"AWS\":\"*\"},\"Condition\":{\"StringNotEquals\":{\"s3:x-amz-server-side-encryption\":[\"AES256\",\"aws:kms\"]}}},{\"Sid\":\"DenyUnEncryptedObjectUploads\",\"Effect\":\"Deny\",\"Action\":\"s3:PutObject\",\"Resource\":\"arn:aws:s3:::unityhub-staging-slack-shared-terraform-state/*\",\"Principal\":{\"AWS\":\"*\"},\"Condition\":{\"Null\":{\"s3:x-amz-server-side-encryption\":\"true\"}}},{\"Sid\":\"EnforceTlsRequestsOnly\",\"Effect\":\"Deny\",\"Action\":\"s3:*\",\"Resource\":[\"arn:aws:s3:::unityhub-staging-slack-shared-terraform-state/*\",\"arn:aws:s3:::unityhub-staging-slack-shared-terraform-state\"],\"Principal\":{\"AWS\":\"*\"},\"Condition\":{\"Bool\":{\"aws:SecureTransport\":\"false\"}}}]}",
            "override_json": null,
            "override_policy_documents": null,
            "policy_id": null,
            "source_json": null,
            "source_policy_documents": null,
            "statement": [
              {
                "actions": [
                  "s3:PutObject"
                ],
                "condition": [
                  {
                    "test": "StringNotEquals",
                    "values": [
                      "AES256",
                      "aws:kms"
                    ],
                    "variable": "s3:x-amz-server-side-encryption"
                  }
                ],
                "effect": "Deny",
                "not_actions": [],
                "not_principals": [],
                "not_resources": [],
                "principals": [
                  {
                    "identifiers": [
                      "*"
                    ],
                    "type": "AWS"
                  }
                ],
                "resources": [
                  "arn:aws:s3:::unityhub-staging-slack-shared-terraform-state/*"
                ],
                "sid": "DenyIncorrectEncryptionHeader"
              },
              {
                "actions": [
                  "s3:PutObject"
                ],
                "condition": [
                  {
                    "test": "Null",
                    "values": [
                      "true"
                    ],
                    "variable": "s3:x-amz-server-side-encryption"
                  }
                ],
                "effect": "Deny",
                "not_actions": [],
                "not_principals": [],
                "not_resources": [],
                "principals": [
                  {
                    "identifiers": [
                      "*"
                    ],
                    "type": "AWS"
                  }
                ],
                "resources": [
                  "arn:aws:s3:::unityhub-staging-slack-shared-terraform-state/*"
                ],
                "sid": "DenyUnEncryptedObjectUploads"
              },
              {
                "actions": [
                  "s3:*"
                ],
                "condition": [
                  {
                    "test": "Bool",
                    "values": [
                      "false"
                    ],
                    "variable": "aws:SecureTransport"
                  }
                ],
                "effect": "Deny",
                "not_actions": [],
                "not_principals": [],
                "not_resources": [],
                "principals": [
                  {
                    "identifiers": [
                      "*"
                    ],
                    "type": "AWS"
                  }
                ],
                "resources": [
                  "arn:aws:s3:::unityhub-staging-slack-shared-terraform-state",
                  "arn:aws:s3:::unityhub-staging-slack-shared-terraform-state/*"
                ],
                "sid": "EnforceTlsRequestsOnly"
              }
            ],
            "version": "2012-10-17"
          },
          "sensitive_attributes": [],
          "identity_schema_version": 0
        }
      ]
    },
    {
      "module": "module.common_resources_staging.module.slack.module.terraform_state_backend_slack_shared",
      "mode": "data",
      "type": "aws_region",
      "name": "current",
      "provider": "provider[\"registry.terraform.io/hashicorp/aws\"]",
      "instances": [
        {
          "schema_version": 0,
          "attributes": {
            "description": "US East (N. Virginia)",
            "endpoint": "ec2.us-east-1.amazonaws.com",
            "id": "us-east-1",
            "name": "us-east-1",
            "region": "us-east-1"
          },
          "sensitive_attributes": [],
          "identity_schema_version": 0
        }
      ]
    },
    {
      "module": "module.common_resources_staging.module.slack.module.terraform_state_backend_slack_shared",
      "mode": "managed",
      "type": "aws_dynamodb_table",
      "name": "with_server_side_encryption",
      "provider": "provider[\"registry.terraform.io/hashicorp/aws\"]",
      "instances": [
        {
          "index_key": 0,
          "schema_version": 1,
          "attributes": {
            "arn": "arn:aws:dynamodb:us-east-1:887311683230:table/unityhub-staging-slack-shared-terraform-state-lock",
            "attribute": [
              {
                "name": "LockID",
                "type": "S"
              }
            ],
            "billing_mode": "PAY_PER_REQUEST",
            "deletion_protection_enabled": false,
            "global_secondary_index": [],
            "global_table_witness": [],
            "hash_key": "LockID",
            "id": "unityhub-staging-slack-shared-terraform-state-lock",
            "import_table": [],
            "local_secondary_index": [],
            "name": "unityhub-staging-slack-shared-terraform-state-lock",
            "on_demand_throughput": [],
            "point_in_time_recovery": [
              {
                "enabled": true,
                "recovery_period_in_days": 35
              }
            ],
            "range_key": null,
            "read_capacity": 0,
            "region": "us-east-1",
            "replica": [],
            "restore_backup_arn": null,
            "restore_date_time": null,
            "restore_source_name": null,
            "restore_source_table_arn": null,
            "restore_to_latest_time": null,
            "server_side_encryption": [
              {
                "enabled": true,
                "kms_key_arn": ""
              }
            ],
            "stream_arn": "",
            "stream_enabled": false,
            "stream_label": "",
            "stream_view_type": "",
            "table_class": "STANDARD",
            "tags": {
              "Attributes": "terraform-state-lock",
              "Name": "unityhub-staging-slack-shared-terraform-state-lock",
              "Namespace": "unityhub",
              "Stage": "staging"
            },
            "tags_all": {
              "Attributes": "terraform-state-lock",
              "Name": "unityhub-staging-slack-shared-terraform-state-lock",
              "Namespace": "unityhub",
              "Stage": "staging"
            },
            "timeouts": null,
            "ttl": [
              {
                "attribute_name": "",
                "enabled": false
              }
            ],
            "warm_throughput": [],
            "write_capacity": 0
          },
          "sensitive_attributes": [],
          "identity_schema_version": 0,
          "identity": {
            "account_id": "887311683230",
            "name": "unityhub-staging-slack-shared-terraform-state-lock",
            "region": "us-east-1"
          },
          "private": "eyJlMmJmYjczMC1lY2FhLTExZTYtOGY4OC0zNDM2M2JjN2M0YzAiOnsiY3JlYXRlIjoxODAwMDAwMDAwMDAwLCJkZWxldGUiOjYwMDAwMDAwMDAwMCwidXBkYXRlIjozNjAwMDAwMDAwMDAwfSwic2NoZW1hX3ZlcnNpb24iOiIxIn0="
        }
      ]
    },
    {
      "module": "module.common_resources_staging.module.slack.module.terraform_state_backend_slack_shared",
      "mode": "managed",
      "type": "aws_s3_bucket",
      "name": "default",
      "provider": "provider[\"registry.terraform.io/hashicorp/aws\"]",
      "instances": [
        {
          "index_key": 0,
          "schema_version": 0,
          "attributes": {
            "acceleration_status": "",
            "acl": null,
            "arn": "arn:aws:s3:::unityhub-staging-slack-shared-terraform-state",
            "bucket": "unityhub-staging-slack-shared-terraform-state",
            "bucket_domain_name": "unityhub-staging-slack-shared-terraform-state.s3.amazonaws.com",
            "bucket_namespace": "global",
            "bucket_prefix": "",
            "bucket_region": "us-east-1",
            "bucket_regional_domain_name": "unityhub-staging-slack-shared-terraform-state.s3.us-east-1.amazonaws.com",
            "cors_rule": [],
            "force_destroy": true,
            "grant": [
              {
                "id": "1e705be12a968dd63fd96aa2d89b9898fdbac29cae9cebb1a3874a1b02621739",
                "permissions": [
                  "FULL_CONTROL"
                ],
                "type": "CanonicalUser",
                "uri": ""
              }
            ],
            "hosted_zone_id": "Z3AQBSTGFYJSTF",
            "id": "unityhub-staging-slack-shared-terraform-state",
            "lifecycle_rule": [],
            "logging": [],
            "object_lock_configuration": [],
            "object_lock_enabled": false,
            "policy": "{\"Statement\":[{\"Action\":\"s3:PutObject\",\"Condition\":{\"StringNotEquals\":{\"s3:x-amz-server-side-encryption\":[\"AES256\",\"aws:kms\"]}},\"Effect\":\"Deny\",\"Principal\":{\"AWS\":\"*\"},\"Resource\":\"arn:aws:s3:::unityhub-staging-slack-shared-terraform-state/*\",\"Sid\":\"DenyIncorrectEncryptionHeader\"},{\"Action\":\"s3:PutObject\",\"Condition\":{\"Null\":{\"s3:x-amz-server-side-encryption\":\"true\"}},\"Effect\":\"Deny\",\"Principal\":{\"AWS\":\"*\"},\"Resource\":\"arn:aws:s3:::unityhub-staging-slack-shared-terraform-state/*\",\"Sid\":\"DenyUnEncryptedObjectUploads\"},{\"Action\":\"s3:*\",\"Condition\":{\"Bool\":{\"aws:SecureTransport\":\"false\"}},\"Effect\":\"Deny\",\"Principal\":{\"AWS\":\"*\"},\"Resource\":[\"arn:aws:s3:::unityhub-staging-slack-shared-terraform-state/*\",\"arn:aws:s3:::unityhub-staging-slack-shared-terraform-state\"],\"Sid\":\"EnforceTlsRequestsOnly\"}],\"Version\":\"2012-10-17\"}",
            "region": "us-east-1",
            "replication_configuration": [],
            "request_payer": "BucketOwner",
            "server_side_encryption_configuration": [
              {
                "rule": [
                  {
                    "apply_server_side_encryption_by_default": [
                      {
                        "kms_master_key_id": "",
                        "sse_algorithm": "AES256"
                      }
                    ],
                    "bucket_key_enabled": false
                  }
                ]
              }
            ],
            "tags": {
              "Attributes": "terraform-state",
              "Name": "unityhub-staging-slack-shared-terraform-state",
              "Namespace": "unityhub",
              "Stage": "staging"
            },
            "tags_all": {
              "Attributes": "terraform-state",
              "Name": "unityhub-staging-slack-shared-terraform-state",
              "Namespace": "unityhub",
              "Stage": "staging"
            },
            "timeouts": null,
            "versioning": [
              {
                "enabled": true,
                "mfa_delete": false
              }
            ],
            "website": [],
            "website_domain": null,
            "website_endpoint": null
          },
          "sensitive_attributes": [],
          "identity_schema_version": 0,
          "identity": {
            "account_id": "887311683230",
            "bucket": "unityhub-staging-slack-shared-terraform-state",
            "region": "us-east-1"
          },
          "private": "eyJlMmJmYjczMC1lY2FhLTExZTYtOGY4OC0zNDM2M2JjN2M0YzAiOnsiY3JlYXRlIjoxMjAwMDAwMDAwMDAwLCJkZWxldGUiOjM2MDAwMDAwMDAwMDAsInJlYWQiOjEyMDAwMDAwMDAwMDAsInVwZGF0ZSI6MTIwMDAwMDAwMDAwMH19"
        }
      ]
    },
    {
      "module": "module.common_resources_staging.module.slack.module.terraform_state_backend_slack_shared",
      "mode": "managed",
      "type": "aws_s3_bucket_ownership_controls",
      "name": "default",
      "provider": "provider[\"registry.terraform.io/hashicorp/aws\"]",
      "instances": [
        {
          "index_key": 0,
          "schema_version": 0,
          "attributes": {
            "bucket": "unityhub-staging-slack-shared-terraform-state",
            "id": "unityhub-staging-slack-shared-terraform-state",
            "region": "us-east-1",
            "rule": [
              {
                "object_ownership": "BucketOwnerEnforced"
              }
            ]
          },
          "sensitive_attributes": [],
          "identity_schema_version": 0,
          "identity": {
            "account_id": "887311683230",
            "bucket": "unityhub-staging-slack-shared-terraform-state",
            "region": "us-east-1"
          },
          "private": "bnVsbA==",
          "dependencies": [
            "module.common_resources_staging.module.slack.module.terraform_state_backend_slack_shared.aws_s3_bucket.default"
          ]
        }
      ]
    },
    {
      "module": "module.common_resources_staging.module.slack.module.terraform_state_backend_slack_shared",
      "mode": "managed",
      "type": "aws_s3_bucket_policy",
      "name": "default",
      "provider": "provider[\"registry.terraform.io/hashicorp/aws\"]",
      "instances": [
        {
          "index_key": 0,
          "schema_version": 0,
          "attributes": {
            "bucket": "unityhub-staging-slack-shared-terraform-state",
            "id": "unityhub-staging-slack-shared-terraform-state",
            "policy": "{\"Statement\":[{\"Action\":\"s3:PutObject\",\"Condition\":{\"StringNotEquals\":{\"s3:x-amz-server-side-encryption\":[\"AES256\",\"aws:kms\"]}},\"Effect\":\"Deny\",\"Principal\":{\"AWS\":\"*\"},\"Resource\":\"arn:aws:s3:::unityhub-staging-slack-shared-terraform-state/*\",\"Sid\":\"DenyIncorrectEncryptionHeader\"},{\"Action\":\"s3:PutObject\",\"Condition\":{\"Null\":{\"s3:x-amz-server-side-encryption\":\"true\"}},\"Effect\":\"Deny\",\"Principal\":{\"AWS\":\"*\"},\"Resource\":\"arn:aws:s3:::unityhub-staging-slack-shared-terraform-state/*\",\"Sid\":\"DenyUnEncryptedObjectUploads\"},{\"Action\":\"s3:*\",\"Condition\":{\"Bool\":{\"aws:SecureTransport\":\"false\"}},\"Effect\":\"Deny\",\"Principal\":{\"AWS\":\"*\"},\"Resource\":[\"arn:aws:s3:::unityhub-staging-slack-shared-terraform-state/*\",\"arn:aws:s3:::unityhub-staging-slack-shared-terraform-state\"],\"Sid\":\"EnforceTlsRequestsOnly\"}],\"Version\":\"2012-10-17\"}",
            "region": "us-east-1"
          },
          "sensitive_attributes": [],
          "identity_schema_version": 0,
          "identity": {
            "account_id": "887311683230",
            "bucket": "unityhub-staging-slack-shared-terraform-state",
            "region": "us-east-1"
          },
          "private": "bnVsbA==",
          "dependencies": [
            "module.common_resources_staging.module.slack.module.terraform_state_backend_slack_shared.aws_s3_bucket.default",
            "module.common_resources_staging.module.slack.module.terraform_state_backend_slack_shared.data.aws_iam_policy_document.prevent_unencrypted_uploads"
          ]
        }
      ]
    },
    {
      "module": "module.common_resources_staging.module.slack.module.terraform_state_backend_slack_shared",
      "mode": "managed",
      "type": "aws_s3_bucket_public_access_block",
      "name": "default",
      "provider": "provider[\"registry.terraform.io/hashicorp/aws\"]",
      "instances": [
        {
          "index_key": 0,
          "schema_version": 0,
          "attributes": {
            "block_public_acls": true,
            "block_public_policy": true,
            "bucket": "unityhub-staging-slack-shared-terraform-state",
            "id": "unityhub-staging-slack-shared-terraform-state",
            "ignore_public_acls": true,
            "region": "us-east-1",
            "restrict_public_buckets": true,
            "skip_destroy": null
          },
          "sensitive_attributes": [],
          "identity_schema_version": 0,
          "identity": {
            "account_id": "887311683230",
            "bucket": "unityhub-staging-slack-shared-terraform-state",
            "region": "us-east-1"
          },
          "private": "bnVsbA==",
          "dependencies": [
            "module.common_resources_staging.module.slack.module.terraform_state_backend_slack_shared.aws_s3_bucket.default"
          ]
        }
      ]
    },
    {
      "module": "module.common_resources_staging.module.slack.module.terraform_state_backend_slack_shared",
      "mode": "managed",
      "type": "aws_s3_bucket_server_side_encryption_configuration",
      "name": "default",
      "provider": "provider[\"registry.terraform.io/hashicorp/aws\"]",
      "instances": [
        {
          "index_key": 0,
          "schema_version": 0,
          "attributes": {
            "bucket": "unityhub-staging-slack-shared-terraform-state",
            "expected_bucket_owner": "",
            "id": "unityhub-staging-slack-shared-terraform-state",
            "region": "us-east-1",
            "rule": [
              {
                "apply_server_side_encryption_by_default": [
                  {
                    "kms_master_key_id": "",
                    "sse_algorithm": "AES256"
                  }
                ],
                "blocked_encryption_types": [
                  "NONE"
                ],
                "bucket_key_enabled": false
              }
            ]
          },
          "sensitive_attributes": [],
          "identity_schema_version": 1,
          "identity": {
            "account_id": "887311683230",
            "bucket": "unityhub-staging-slack-shared-terraform-state",
            "region": "us-east-1"
          },
          "private": "bnVsbA==",
          "dependencies": [
            "module.common_resources_staging.module.slack.module.terraform_state_backend_slack_shared.aws_s3_bucket.default"
          ]
        }
      ]
    },
    {
      "module": "module.common_resources_staging.module.slack.module.terraform_state_backend_slack_shared",
      "mode": "managed",
      "type": "aws_s3_bucket_versioning",
      "name": "default",
      "provider": "provider[\"registry.terraform.io/hashicorp/aws\"]",
      "instances": [
        {
          "index_key": 0,
          "schema_version": 0,
          "attributes": {
            "bucket": "unityhub-staging-slack-shared-terraform-state",
            "expected_bucket_owner": "",
            "id": "unityhub-staging-slack-shared-terraform-state",
            "mfa": null,
            "region": "us-east-1",
            "versioning_configuration": [
              {
                "mfa_delete": "Disabled",
                "status": "Enabled"
              }
            ]
          },
          "sensitive_attributes": [],
          "identity_schema_version": 1,
          "identity": {
            "account_id": "887311683230",
            "bucket": "unityhub-staging-slack-shared-terraform-state",
            "region": "us-east-1"
          },
          "private": "bnVsbA==",
          "dependencies": [
            "module.common_resources_staging.module.slack.module.terraform_state_backend_slack_shared.aws_s3_bucket.default"
          ]
        }
      ]
    },
    {
      "module": "module.common_resources_staging.module.slack.module.terraform_state_backend_slack_shared",
      "mode": "managed",
      "type": "local_file",
      "name": "terraform_backend_config",
      "provider": "provider[\"registry.terraform.io/hashicorp/local\"]",
      "instances": [
        {
          "index_key": 0,
          "schema_version": 0,
          "attributes": {
            "content": "terraform {\n  required_version = \"\u003e= 1.0.0\"\n\n  backend \"s3\" {\n    region         = \"us-east-1\"\n    bucket         = \"unityhub-staging-slack-shared-terraform-state\"\n    key            = \"terraform.tfstate\"\n    dynamodb_table = \"unityhub-staging-slack-shared-terraform-state-lock\"\n    profile        = \"\"\n    role_arn       = \"\"\n    encrypt        = \"true\"\n  }\n}\n",
            "content_base64": null,
            "content_base64sha256": "N/oZUEmO7QF8I0xIAjJBNrWZ7hSYvGsSygvhYZiHMI4=",
            "content_base64sha512": "Kcz/wO1BSQLDq1kRtT7kc9ewtjW7aiH8PnqEP1OoD1vnMHgy+a7jfpqGO3QuE5Z38wxFNRqGc25H7979Nnuqog==",
            "content_md5": "49429cb0fe4ffc52bc56792a204a99c0",
            "content_sha1": "a466cd63c787ad5fc488a343e8a5303b6fdd3199",
            "content_sha256": "37fa1950498eed017c234c4802324136b599ee1498bc6b12ca0be1619887308e",
            "content_sha512": "29ccffc0ed414902c3ab5911b53ee473d7b0b635bb6a21fc3e7a843f53a80f5be7307832f9aee37e9a863b742e139677f30c45351a86736e47efdefd367baaa2",
            "directory_permission": "0777",
            "file_permission": "0644",
            "filename": "./backend/backend_slack_shared.tf",
            "id": "a466cd63c787ad5fc488a343e8a5303b6fdd3199",
            "sensitive_content": null,
            "source": null
          },
          "sensitive_attributes": [
            [
              {
                "type": "get_attr",
                "value": "sensitive_content"
              }
            ]
          ],
          "identity_schema_version": 0,
          "dependencies": [
            "module.common_resources_staging.module.slack.module.terraform_state_backend_slack_shared.aws_dynamodb_table.with_server_side_encryption",
            "module.common_resources_staging.module.slack.module.terraform_state_backend_slack_shared.aws_s3_bucket.default",
            "module.common_resources_staging.module.slack.module.terraform_state_backend_slack_shared.data.aws_region.current"
          ]
        }
      ]
    },
    {
      "module": "module.common_resources_staging.module.team.module.terraform_state_backend_team_shared",
      "mode": "data",
      "type": "aws_iam_policy_document",
      "name": "prevent_unencrypted_uploads",
      "provider": "provider[\"registry.terraform.io/hashicorp/aws\"]",
      "instances": [
        {
          "index_key": 0,
          "schema_version": 0,
          "attributes": {
            "id": "997777996",
            "json": "{\n  \"Version\": \"2012-10-17\",\n  \"Statement\": [\n    {\n      \"Sid\": \"DenyIncorrectEncryptionHeader\",\n      \"Effect\": \"Deny\",\n      \"Action\": \"s3:PutObject\",\n      \"Resource\": \"arn:aws:s3:::unityhub-staging-team-shared-terraform-state/*\",\n      \"Principal\": {\n        \"AWS\": \"*\"\n      },\n      \"Condition\": {\n        \"StringNotEquals\": {\n          \"s3:x-amz-server-side-encryption\": [\n            \"AES256\",\n            \"aws:kms\"\n          ]\n        }\n      }\n    },\n    {\n      \"Sid\": \"DenyUnEncryptedObjectUploads\",\n      \"Effect\": \"Deny\",\n      \"Action\": \"s3:PutObject\",\n      \"Resource\": \"arn:aws:s3:::unityhub-staging-team-shared-terraform-state/*\",\n      \"Principal\": {\n        \"AWS\": \"*\"\n      },\n      \"Condition\": {\n        \"Null\": {\n          \"s3:x-amz-server-side-encryption\": \"true\"\n        }\n      }\n    },\n    {\n      \"Sid\": \"EnforceTlsRequestsOnly\",\n      \"Effect\": \"Deny\",\n      \"Action\": \"s3:*\",\n      \"Resource\": [\n        \"arn:aws:s3:::unityhub-staging-team-shared-terraform-state/*\",\n        \"arn:aws:s3:::unityhub-staging-team-shared-terraform-state\"\n      ],\n      \"Principal\": {\n        \"AWS\": \"*\"\n      },\n      \"Condition\": {\n        \"Bool\": {\n          \"aws:SecureTransport\": \"false\"\n        }\n      }\n    }\n  ]\n}",
            "minified_json": "{\"Version\":\"2012-10-17\",\"Statement\":[{\"Sid\":\"DenyIncorrectEncryptionHeader\",\"Effect\":\"Deny\",\"Action\":\"s3:PutObject\",\"Resource\":\"arn:aws:s3:::unityhub-staging-team-shared-terraform-state/*\",\"Principal\":{\"AWS\":\"*\"},\"Condition\":{\"StringNotEquals\":{\"s3:x-amz-server-side-encryption\":[\"AES256\",\"aws:kms\"]}}},{\"Sid\":\"DenyUnEncryptedObjectUploads\",\"Effect\":\"Deny\",\"Action\":\"s3:PutObject\",\"Resource\":\"arn:aws:s3:::unityhub-staging-team-shared-terraform-state/*\",\"Principal\":{\"AWS\":\"*\"},\"Condition\":{\"Null\":{\"s3:x-amz-server-side-encryption\":\"true\"}}},{\"Sid\":\"EnforceTlsRequestsOnly\",\"Effect\":\"Deny\",\"Action\":\"s3:*\",\"Resource\":[\"arn:aws:s3:::unityhub-staging-team-shared-terraform-state/*\",\"arn:aws:s3:::unityhub-staging-team-shared-terraform-state\"],\"Principal\":{\"AWS\":\"*\"},\"Condition\":{\"Bool\":{\"aws:SecureTransport\":\"false\"}}}]}",
            "override_json": null,
            "override_policy_documents": null,
            "policy_id": null,
            "source_json": null,
            "source_policy_documents": null,
            "statement": [
              {
                "actions": [
                  "s3:PutObject"
                ],
                "condition": [
                  {
                    "test": "StringNotEquals",
                    "values": [
                      "AES256",
                      "aws:kms"
                    ],
                    "variable": "s3:x-amz-server-side-encryption"
                  }
                ],
                "effect": "Deny",
                "not_actions": [],
                "not_principals": [],
                "not_resources": [],
                "principals": [
                  {
                    "identifiers": [
                      "*"
                    ],
                    "type": "AWS"
                  }
                ],
                "resources": [
                  "arn:aws:s3:::unityhub-staging-team-shared-terraform-state/*"
                ],
                "sid": "DenyIncorrectEncryptionHeader"
              },
              {
                "actions": [
                  "s3:PutObject"
                ],
                "condition": [
                  {
                    "test": "Null",
                    "values": [
                      "true"
                    ],
                    "variable": "s3:x-amz-server-side-encryption"
                  }
                ],
                "effect": "Deny",
                "not_actions": [],
                "not_principals": [],
                "not_resources": [],
                "principals": [
                  {
                    "identifiers": [
                      "*"
                    ],
                    "type": "AWS"
                  }
                ],
                "resources": [
                  "arn:aws:s3:::unityhub-staging-team-shared-terraform-state/*"
                ],
                "sid": "DenyUnEncryptedObjectUploads"
              },
              {
                "actions": [
                  "s3:*"
                ],
                "condition": [
                  {
                    "test": "Bool",
                    "values": [
                      "false"
                    ],
                    "variable": "aws:SecureTransport"
                  }
                ],
                "effect": "Deny",
                "not_actions": [],
                "not_principals": [],
                "not_resources": [],
                "principals": [
                  {
                    "identifiers": [
                      "*"
                    ],
                    "type": "AWS"
                  }
                ],
                "resources": [
                  "arn:aws:s3:::unityhub-staging-team-shared-terraform-state",
                  "arn:aws:s3:::unityhub-staging-team-shared-terraform-state/*"
                ],
                "sid": "EnforceTlsRequestsOnly"
              }
            ],
            "version": "2012-10-17"
          },
          "sensitive_attributes": [],
          "identity_schema_version": 0
        }
      ]
    },
    {
      "module": "module.common_resources_staging.module.team.module.terraform_state_backend_team_shared",
      "mode": "data",
      "type": "aws_region",
      "name": "current",
      "provider": "provider[\"registry.terraform.io/hashicorp/aws\"]",
      "instances": [
        {
          "schema_version": 0,
          "attributes": {
            "description": "US East (N. Virginia)",
            "endpoint": "ec2.us-east-1.amazonaws.com",
            "id": "us-east-1",
            "name": "us-east-1",
            "region": "us-east-1"
          },
          "sensitive_attributes": [],
          "identity_schema_version": 0
        }
      ]
    },
    {
      "module": "module.common_resources_staging.module.team.module.terraform_state_backend_team_shared",
      "mode": "managed",
      "type": "aws_dynamodb_table",
      "name": "with_server_side_encryption",
      "provider": "provider[\"registry.terraform.io/hashicorp/aws\"]",
      "instances": [
        {
          "index_key": 0,
          "schema_version": 1,
          "attributes": {
            "arn": "arn:aws:dynamodb:us-east-1:887311683230:table/unityhub-staging-team-shared-terraform-state-lock",
            "attribute": [
              {
                "name": "LockID",
                "type": "S"
              }
            ],
            "billing_mode": "PAY_PER_REQUEST",
            "deletion_protection_enabled": false,
            "global_secondary_index": [],
            "global_table_witness": [],
            "hash_key": "LockID",
            "id": "unityhub-staging-team-shared-terraform-state-lock",
            "import_table": [],
            "local_secondary_index": [],
            "name": "unityhub-staging-team-shared-terraform-state-lock",
            "on_demand_throughput": [],
            "point_in_time_recovery": [
              {
                "enabled": true,
                "recovery_period_in_days": 35
              }
            ],
            "range_key": null,
            "read_capacity": 0,
            "region": "us-east-1",
            "replica": [],
            "restore_backup_arn": null,
            "restore_date_time": null,
            "restore_source_name": null,
            "restore_source_table_arn": null,
            "restore_to_latest_time": null,
            "server_side_encryption": [
              {
                "enabled": true,
                "kms_key_arn": ""
              }
            ],
            "stream_arn": "",
            "stream_enabled": false,
            "stream_label": "",
            "stream_view_type": "",
            "table_class": "STANDARD",
            "tags": {
              "Attributes": "terraform-state-lock",
              "Name": "unityhub-staging-team-shared-terraform-state-lock",
              "Namespace": "unityhub",
              "Stage": "staging"
            },
            "tags_all": {
              "Attributes": "terraform-state-lock",
              "Name": "unityhub-staging-team-shared-terraform-state-lock",
              "Namespace": "unityhub",
              "Stage": "staging"
            },
            "timeouts": null,
            "ttl": [
              {
                "attribute_name": "",
                "enabled": false
              }
            ],
            "warm_throughput": [],
            "write_capacity": 0
          },
          "sensitive_attributes": [],
          "identity_schema_version": 0,
          "identity": {
            "account_id": "887311683230",
            "name": "unityhub-staging-team-shared-terraform-state-lock",
            "region": "us-east-1"
          },
          "private": "eyJlMmJmYjczMC1lY2FhLTExZTYtOGY4OC0zNDM2M2JjN2M0YzAiOnsiY3JlYXRlIjoxODAwMDAwMDAwMDAwLCJkZWxldGUiOjYwMDAwMDAwMDAwMCwidXBkYXRlIjozNjAwMDAwMDAwMDAwfSwic2NoZW1hX3ZlcnNpb24iOiIxIn0="
        }
      ]
    },
    {
      "module": "module.common_resources_staging.module.team.module.terraform_state_backend_team_shared",
      "mode": "managed",
      "type": "aws_s3_bucket",
      "name": "default",
      "provider": "provider[\"registry.terraform.io/hashicorp/aws\"]",
      "instances": [
        {
          "index_key": 0,
          "schema_version": 0,
          "attributes": {
            "acceleration_status": "",
            "acl": null,
            "arn": "arn:aws:s3:::unityhub-staging-team-shared-terraform-state",
            "bucket": "unityhub-staging-team-shared-terraform-state",
            "bucket_domain_name": "unityhub-staging-team-shared-terraform-state.s3.amazonaws.com",
            "bucket_namespace": "global",
            "bucket_prefix": "",
            "bucket_region": "us-east-1",
            "bucket_regional_domain_name": "unityhub-staging-team-shared-terraform-state.s3.us-east-1.amazonaws.com",
            "cors_rule": [],
            "force_destroy": true,
            "grant": [
              {
                "id": "1e705be12a968dd63fd96aa2d89b9898fdbac29cae9cebb1a3874a1b02621739",
                "permissions": [
                  "FULL_CONTROL"
                ],
                "type": "CanonicalUser",
                "uri": ""
              }
            ],
            "hosted_zone_id": "Z3AQBSTGFYJSTF",
            "id": "unityhub-staging-team-shared-terraform-state",
            "lifecycle_rule": [],
            "logging": [],
            "object_lock_configuration": [],
            "object_lock_enabled": false,
            "policy": "{\"Statement\":[{\"Action\":\"s3:PutObject\",\"Condition\":{\"StringNotEquals\":{\"s3:x-amz-server-side-encryption\":[\"AES256\",\"aws:kms\"]}},\"Effect\":\"Deny\",\"Principal\":{\"AWS\":\"*\"},\"Resource\":\"arn:aws:s3:::unityhub-staging-team-shared-terraform-state/*\",\"Sid\":\"DenyIncorrectEncryptionHeader\"},{\"Action\":\"s3:PutObject\",\"Condition\":{\"Null\":{\"s3:x-amz-server-side-encryption\":\"true\"}},\"Effect\":\"Deny\",\"Principal\":{\"AWS\":\"*\"},\"Resource\":\"arn:aws:s3:::unityhub-staging-team-shared-terraform-state/*\",\"Sid\":\"DenyUnEncryptedObjectUploads\"},{\"Action\":\"s3:*\",\"Condition\":{\"Bool\":{\"aws:SecureTransport\":\"false\"}},\"Effect\":\"Deny\",\"Principal\":{\"AWS\":\"*\"},\"Resource\":[\"arn:aws:s3:::unityhub-staging-team-shared-terraform-state/*\",\"arn:aws:s3:::unityhub-staging-team-shared-terraform-state\"],\"Sid\":\"EnforceTlsRequestsOnly\"}],\"Version\":\"2012-10-17\"}",
            "region": "us-east-1",
            "replication_configuration": [],
            "request_payer": "BucketOwner",
            "server_side_encryption_configuration": [
              {
                "rule": [
                  {
                    "apply_server_side_encryption_by_default": [
                      {
                        "kms_master_key_id": "",
                        "sse_algorithm": "AES256"
                      }
                    ],
                    "bucket_key_enabled": false
                  }
                ]
              }
            ],
            "tags": {
              "Attributes": "terraform-state",
              "Name": "unityhub-staging-team-shared-terraform-state",
              "Namespace": "unityhub",
              "Stage": "staging"
            },
            "tags_all": {
              "Attributes": "terraform-state",
              "Name": "unityhub-staging-team-shared-terraform-state",
              "Namespace": "unityhub",
              "Stage": "staging"
            },
            "timeouts": null,
            "versioning": [
              {
                "enabled": true,
                "mfa_delete": false
              }
            ],
            "website": [],
            "website_domain": null,
            "website_endpoint": null
          },
          "sensitive_attributes": [],
          "identity_schema_version": 0,
          "identity": {
            "account_id": "887311683230",
            "bucket": "unityhub-staging-team-shared-terraform-state",
            "region": "us-east-1"
          },
          "private": "eyJlMmJmYjczMC1lY2FhLTExZTYtOGY4OC0zNDM2M2JjN2M0YzAiOnsiY3JlYXRlIjoxMjAwMDAwMDAwMDAwLCJkZWxldGUiOjM2MDAwMDAwMDAwMDAsInJlYWQiOjEyMDAwMDAwMDAwMDAsInVwZGF0ZSI6MTIwMDAwMDAwMDAwMH19"
        }
      ]
    },
    {
      "module": "module.common_resources_staging.module.team.module.terraform_state_backend_team_shared",
      "mode": "managed",
      "type": "aws_s3_bucket_ownership_controls",
      "name": "default",
      "provider": "provider[\"registry.terraform.io/hashicorp/aws\"]",
      "instances": [
        {
          "index_key": 0,
          "schema_version": 0,
          "attributes": {
            "bucket": "unityhub-staging-team-shared-terraform-state",
            "id": "unityhub-staging-team-shared-terraform-state",
            "region": "us-east-1",
            "rule": [
              {
                "object_ownership": "BucketOwnerEnforced"
              }
            ]
          },
          "sensitive_attributes": [],
          "identity_schema_version": 0,
          "identity": {
            "account_id": "887311683230",
            "bucket": "unityhub-staging-team-shared-terraform-state",
            "region": "us-east-1"
          },
          "private": "bnVsbA==",
          "dependencies": [
            "module.common_resources_staging.module.team.module.terraform_state_backend_team_shared.aws_s3_bucket.default"
          ]
        }
      ]
    },
    {
      "module": "module.common_resources_staging.module.team.module.terraform_state_backend_team_shared",
      "mode": "managed",
      "type": "aws_s3_bucket_policy",
      "name": "default",
      "provider": "provider[\"registry.terraform.io/hashicorp/aws\"]",
      "instances": [
        {
          "index_key": 0,
          "schema_version": 0,
          "attributes": {
            "bucket": "unityhub-staging-team-shared-terraform-state",
            "id": "unityhub-staging-team-shared-terraform-state",
            "policy": "{\"Statement\":[{\"Action\":\"s3:PutObject\",\"Condition\":{\"StringNotEquals\":{\"s3:x-amz-server-side-encryption\":[\"AES256\",\"aws:kms\"]}},\"Effect\":\"Deny\",\"Principal\":{\"AWS\":\"*\"},\"Resource\":\"arn:aws:s3:::unityhub-staging-team-shared-terraform-state/*\",\"Sid\":\"DenyIncorrectEncryptionHeader\"},{\"Action\":\"s3:PutObject\",\"Condition\":{\"Null\":{\"s3:x-amz-server-side-encryption\":\"true\"}},\"Effect\":\"Deny\",\"Principal\":{\"AWS\":\"*\"},\"Resource\":\"arn:aws:s3:::unityhub-staging-team-shared-terraform-state/*\",\"Sid\":\"DenyUnEncryptedObjectUploads\"},{\"Action\":\"s3:*\",\"Condition\":{\"Bool\":{\"aws:SecureTransport\":\"false\"}},\"Effect\":\"Deny\",\"Principal\":{\"AWS\":\"*\"},\"Resource\":[\"arn:aws:s3:::unityhub-staging-team-shared-terraform-state/*\",\"arn:aws:s3:::unityhub-staging-team-shared-terraform-state\"],\"Sid\":\"EnforceTlsRequestsOnly\"}],\"Version\":\"2012-10-17\"}",
            "region": "us-east-1"
          },
          "sensitive_attributes": [],
          "identity_schema_version": 0,
          "identity": {
            "account_id": "887311683230",
            "bucket": "unityhub-staging-team-shared-terraform-state",
            "region": "us-east-1"
          },
          "private": "bnVsbA==",
          "dependencies": [
            "module.common_resources_staging.module.team.module.terraform_state_backend_team_shared.aws_s3_bucket.default",
            "module.common_resources_staging.module.team.module.terraform_state_backend_team_shared.data.aws_iam_policy_document.prevent_unencrypted_uploads"
          ]
        }
      ]
    },
    {
      "module": "module.common_resources_staging.module.team.module.terraform_state_backend_team_shared",
      "mode": "managed",
      "type": "aws_s3_bucket_public_access_block",
      "name": "default",
      "provider": "provider[\"registry.terraform.io/hashicorp/aws\"]",
      "instances": [
        {
          "index_key": 0,
          "schema_version": 0,
          "attributes": {
            "block_public_acls": true,
            "block_public_policy": true,
            "bucket": "unityhub-staging-team-shared-terraform-state",
            "id": "unityhub-staging-team-shared-terraform-state",
            "ignore_public_acls": true,
            "region": "us-east-1",
            "restrict_public_buckets": true,
            "skip_destroy": null
          },
          "sensitive_attributes": [],
          "identity_schema_version": 0,
          "identity": {
            "account_id": "887311683230",
            "bucket": "unityhub-staging-team-shared-terraform-state",
            "region": "us-east-1"
          },
          "private": "bnVsbA==",
          "dependencies": [
            "module.common_resources_staging.module.team.module.terraform_state_backend_team_shared.aws_s3_bucket.default"
          ]
        }
      ]
    },
    {
      "module": "module.common_resources_staging.module.team.module.terraform_state_backend_team_shared",
      "mode": "managed",
      "type": "aws_s3_bucket_server_side_encryption_configuration",
      "name": "default",
      "provider": "provider[\"registry.terraform.io/hashicorp/aws\"]",
      "instances": [
        {
          "index_key": 0,
          "schema_version": 0,
          "attributes": {
            "bucket": "unityhub-staging-team-shared-terraform-state",
            "expected_bucket_owner": "",
            "id": "unityhub-staging-team-shared-terraform-state",
            "region": "us-east-1",
            "rule": [
              {
                "apply_server_side_encryption_by_default": [
                  {
                    "kms_master_key_id": "",
                    "sse_algorithm": "AES256"
                  }
                ],
                "blocked_encryption_types": [
                  "NONE"
                ],
                "bucket_key_enabled": false
              }
            ]
          },
          "sensitive_attributes": [],
          "identity_schema_version": 1,
          "identity": {
            "account_id": "887311683230",
            "bucket": "unityhub-staging-team-shared-terraform-state",
            "region": "us-east-1"
          },
          "private": "bnVsbA==",
          "dependencies": [
            "module.common_resources_staging.module.team.module.terraform_state_backend_team_shared.aws_s3_bucket.default"
          ]
        }
      ]
    },
    {
      "module": "module.common_resources_staging.module.team.module.terraform_state_backend_team_shared",
      "mode": "managed",
      "type": "aws_s3_bucket_versioning",
      "name": "default",
      "provider": "provider[\"registry.terraform.io/hashicorp/aws\"]",
      "instances": [
        {
          "index_key": 0,
          "schema_version": 0,
          "attributes": {
            "bucket": "unityhub-staging-team-shared-terraform-state",
            "expected_bucket_owner": "",
            "id": "unityhub-staging-team-shared-terraform-state",
            "mfa": null,
            "region": "us-east-1",
            "versioning_configuration": [
              {
                "mfa_delete": "Disabled",
                "status": "Enabled"
              }
            ]
          },
          "sensitive_attributes": [],
          "identity_schema_version": 1,
          "identity": {
            "account_id": "887311683230",
            "bucket": "unityhub-staging-team-shared-terraform-state",
            "region": "us-east-1"
          },
          "private": "bnVsbA==",
          "dependencies": [
            "module.common_resources_staging.module.team.module.terraform_state_backend_team_shared.aws_s3_bucket.default"
          ]
        }
      ]
    },
    {
      "module": "module.common_resources_staging.module.team.module.terraform_state_backend_team_shared",
      "mode": "managed",
      "type": "local_file",
      "name": "terraform_backend_config",
      "provider": "provider[\"registry.terraform.io/hashicorp/local\"]",
      "instances": [
        {
          "index_key": 0,
          "schema_version": 0,
          "attributes": {
            "content": "terraform {\n  required_version = \"\u003e= 1.0.0\"\n\n  backend \"s3\" {\n    region         = \"us-east-1\"\n    bucket         = \"unityhub-staging-team-shared-terraform-state\"\n    key            = \"terraform.tfstate\"\n    dynamodb_table = \"unityhub-staging-team-shared-terraform-state-lock\"\n    profile        = \"\"\n    role_arn       = \"\"\n    encrypt        = \"true\"\n  }\n}\n",
            "content_base64": null,
            "content_base64sha256": "+nUUw/cYh85gMBgJmAuikujilOUXc3ntMLdny+MX+/k=",
            "content_base64sha512": "Gicqu9EYcRQttdjwLKVXrF+AL3pqjnN3p9eFTg5scKVNub9EmsMmrmsh03d0egVSFomGuiwWa7c+BMArAvM9Vg==",
            "content_md5": "78225e8c74f276d92a5e437492269386",
            "content_sha1": "d1fa89b8fc543d720c83e38238999a1415670b84",
            "content_sha256": "fa7514c3f71887ce60301809980ba292e8e294e5177379ed30b767cbe317fbf9",
            "content_sha512": "1a272abbd11871142db5d8f02ca557ac5f802f7a6a8e7377a7d7854e0e6c70a54db9bf449ac326ae6b21d377747a0552168986ba2c166bb73e04c02b02f33d56",
            "directory_permission": "0777",
            "file_permission": "0644",
            "filename": "./backend/backend_team_shared.tf",
            "id": "d1fa89b8fc543d720c83e38238999a1415670b84",
            "sensitive_content": null,
            "source": null
          },
          "sensitive_attributes": [
            [
              {
                "type": "get_attr",
                "value": "sensitive_content"
              }
            ]
          ],
          "identity_schema_version": 0,
          "dependencies": [
            "module.common_resources_staging.module.team.module.terraform_state_backend_team_shared.aws_dynamodb_table.with_server_side_encryption",
            "module.common_resources_staging.module.team.module.terraform_state_backend_team_shared.aws_s3_bucket.default",
            "module.common_resources_staging.module.team.module.terraform_state_backend_team_shared.data.aws_region.current"
          ]
        }
      ]
    },
    {
      "module": "module.common_resources_staging.module.webapp.module.terraform_state_backend_webapp",
      "mode": "data",
      "type": "aws_iam_policy_document",
      "name": "prevent_unencrypted_uploads",
      "provider": "provider[\"registry.terraform.io/hashicorp/aws\"]",
      "instances": [
        {
          "index_key": 0,
          "schema_version": 0,
          "attributes": {
            "id": "2000790690",
            "json": "{\n  \"Version\": \"2012-10-17\",\n  \"Statement\": [\n    {\n      \"Sid\": \"DenyIncorrectEncryptionHeader\",\n      \"Effect\": \"Deny\",\n      \"Action\": \"s3:PutObject\",\n      \"Resource\": \"arn:aws:s3:::unityhub-staging-webapp-terraform-state/*\",\n      \"Principal\": {\n        \"AWS\": \"*\"\n      },\n      \"Condition\": {\n        \"StringNotEquals\": {\n          \"s3:x-amz-server-side-encryption\": [\n            \"AES256\",\n            \"aws:kms\"\n          ]\n        }\n      }\n    },\n    {\n      \"Sid\": \"DenyUnEncryptedObjectUploads\",\n      \"Effect\": \"Deny\",\n      \"Action\": \"s3:PutObject\",\n      \"Resource\": \"arn:aws:s3:::unityhub-staging-webapp-terraform-state/*\",\n      \"Principal\": {\n        \"AWS\": \"*\"\n      },\n      \"Condition\": {\n        \"Null\": {\n          \"s3:x-amz-server-side-encryption\": \"true\"\n        }\n      }\n    },\n    {\n      \"Sid\": \"EnforceTlsRequestsOnly\",\n      \"Effect\": \"Deny\",\n      \"Action\": \"s3:*\",\n      \"Resource\": [\n        \"arn:aws:s3:::unityhub-staging-webapp-terraform-state/*\",\n        \"arn:aws:s3:::unityhub-staging-webapp-terraform-state\"\n      ],\n      \"Principal\": {\n        \"AWS\": \"*\"\n      },\n      \"Condition\": {\n        \"Bool\": {\n          \"aws:SecureTransport\": \"false\"\n        }\n      }\n    }\n  ]\n}",
            "minified_json": "{\"Version\":\"2012-10-17\",\"Statement\":[{\"Sid\":\"DenyIncorrectEncryptionHeader\",\"Effect\":\"Deny\",\"Action\":\"s3:PutObject\",\"Resource\":\"arn:aws:s3:::unityhub-staging-webapp-terraform-state/*\",\"Principal\":{\"AWS\":\"*\"},\"Condition\":{\"StringNotEquals\":{\"s3:x-amz-server-side-encryption\":[\"AES256\",\"aws:kms\"]}}},{\"Sid\":\"DenyUnEncryptedObjectUploads\",\"Effect\":\"Deny\",\"Action\":\"s3:PutObject\",\"Resource\":\"arn:aws:s3:::unityhub-staging-webapp-terraform-state/*\",\"Principal\":{\"AWS\":\"*\"},\"Condition\":{\"Null\":{\"s3:x-amz-server-side-encryption\":\"true\"}}},{\"Sid\":\"EnforceTlsRequestsOnly\",\"Effect\":\"Deny\",\"Action\":\"s3:*\",\"Resource\":[\"arn:aws:s3:::unityhub-staging-webapp-terraform-state/*\",\"arn:aws:s3:::unityhub-staging-webapp-terraform-state\"],\"Principal\":{\"AWS\":\"*\"},\"Condition\":{\"Bool\":{\"aws:SecureTransport\":\"false\"}}}]}",
            "override_json": null,
            "override_policy_documents": null,
            "policy_id": null,
            "source_json": null,
            "source_policy_documents": null,
            "statement": [
              {
                "actions": [
                  "s3:PutObject"
                ],
                "condition": [
                  {
                    "test": "StringNotEquals",
                    "values": [
                      "AES256",
                      "aws:kms"
                    ],
                    "variable": "s3:x-amz-server-side-encryption"
                  }
                ],
                "effect": "Deny",
                "not_actions": [],
                "not_principals": [],
                "not_resources": [],
                "principals": [
                  {
                    "identifiers": [
                      "*"
                    ],
                    "type": "AWS"
                  }
                ],
                "resources": [
                  "arn:aws:s3:::unityhub-staging-webapp-terraform-state/*"
                ],
                "sid": "DenyIncorrectEncryptionHeader"
              },
              {
                "actions": [
                  "s3:PutObject"
                ],
                "condition": [
                  {
                    "test": "Null",
                    "values": [
                      "true"
                    ],
                    "variable": "s3:x-amz-server-side-encryption"
                  }
                ],
                "effect": "Deny",
                "not_actions": [],
                "not_principals": [],
                "not_resources": [],
                "principals": [
                  {
                    "identifiers": [
                      "*"
                    ],
                    "type": "AWS"
                  }
                ],
                "resources": [
                  "arn:aws:s3:::unityhub-staging-webapp-terraform-state/*"
                ],
                "sid": "DenyUnEncryptedObjectUploads"
              },
              {
                "actions": [
                  "s3:*"
                ],
                "condition": [
                  {
                    "test": "Bool",
                    "values": [
                      "false"
                    ],
                    "variable": "aws:SecureTransport"
                  }
                ],
                "effect": "Deny",
                "not_actions": [],
                "not_principals": [],
                "not_resources": [],
                "principals": [
                  {
                    "identifiers": [
                      "*"
                    ],
                    "type": "AWS"
                  }
                ],
                "resources": [
                  "arn:aws:s3:::unityhub-staging-webapp-terraform-state",
                  "arn:aws:s3:::unityhub-staging-webapp-terraform-state/*"
                ],
                "sid": "EnforceTlsRequestsOnly"
              }
            ],
            "version": "2012-10-17"
          },
          "sensitive_attributes": [],
          "identity_schema_version": 0
        }
      ]
    },
    {
      "module": "module.common_resources_staging.module.webapp.module.terraform_state_backend_webapp",
      "mode": "data",
      "type": "aws_region",
      "name": "current",
      "provider": "provider[\"registry.terraform.io/hashicorp/aws\"]",
      "instances": [
        {
          "schema_version": 0,
          "attributes": {
            "description": "US East (N. Virginia)",
            "endpoint": "ec2.us-east-1.amazonaws.com",
            "id": "us-east-1",
            "name": "us-east-1",
            "region": "us-east-1"
          },
          "sensitive_attributes": [],
          "identity_schema_version": 0
        }
      ]
    },
    {
      "module": "module.common_resources_staging.module.webapp.module.terraform_state_backend_webapp",
      "mode": "managed",
      "type": "aws_dynamodb_table",
      "name": "with_server_side_encryption",
      "provider": "provider[\"registry.terraform.io/hashicorp/aws\"]",
      "instances": [
        {
          "index_key": 0,
          "schema_version": 1,
          "attributes": {
            "arn": "arn:aws:dynamodb:us-east-1:887311683230:table/unityhub-staging-webapp-terraform-state-lock",
            "attribute": [
              {
                "name": "LockID",
                "type": "S"
              }
            ],
            "billing_mode": "PAY_PER_REQUEST",
            "deletion_protection_enabled": false,
            "global_secondary_index": [],
            "global_table_witness": [],
            "hash_key": "LockID",
            "id": "unityhub-staging-webapp-terraform-state-lock",
            "import_table": [],
            "local_secondary_index": [],
            "name": "unityhub-staging-webapp-terraform-state-lock",
            "on_demand_throughput": [],
            "point_in_time_recovery": [
              {
                "enabled": true,
                "recovery_period_in_days": 35
              }
            ],
            "range_key": null,
            "read_capacity": 0,
            "region": "us-east-1",
            "replica": [],
            "restore_backup_arn": null,
            "restore_date_time": null,
            "restore_source_name": null,
            "restore_source_table_arn": null,
            "restore_to_latest_time": null,
            "server_side_encryption": [
              {
                "enabled": true,
                "kms_key_arn": ""
              }
            ],
            "stream_arn": "",
            "stream_enabled": false,
            "stream_label": "",
            "stream_view_type": "",
            "table_class": "STANDARD",
            "tags": {
              "Attributes": "terraform-state-lock",
              "Name": "unityhub-staging-webapp-terraform-state-lock",
              "Namespace": "unityhub",
              "Stage": "staging"
            },
            "tags_all": {
              "Attributes": "terraform-state-lock",
              "Name": "unityhub-staging-webapp-terraform-state-lock",
              "Namespace": "unityhub",
              "Stage": "staging"
            },
            "timeouts": null,
            "ttl": [
              {
                "attribute_name": "",
                "enabled": false
              }
            ],
            "warm_throughput": [],
            "write_capacity": 0
          },
          "sensitive_attributes": [],
          "identity_schema_version": 0,
          "identity": {
            "account_id": "887311683230",
            "name": "unityhub-staging-webapp-terraform-state-lock",
            "region": "us-east-1"
          },
          "private": "eyJlMmJmYjczMC1lY2FhLTExZTYtOGY4OC0zNDM2M2JjN2M0YzAiOnsiY3JlYXRlIjoxODAwMDAwMDAwMDAwLCJkZWxldGUiOjYwMDAwMDAwMDAwMCwidXBkYXRlIjozNjAwMDAwMDAwMDAwfSwic2NoZW1hX3ZlcnNpb24iOiIxIn0="
        }
      ]
    },
    {
      "module": "module.common_resources_staging.module.webapp.module.terraform_state_backend_webapp",
      "mode": "managed",
      "type": "aws_s3_bucket",
      "name": "default",
      "provider": "provider[\"registry.terraform.io/hashicorp/aws\"]",
      "instances": [
        {
          "index_key": 0,
          "schema_version": 0,
          "attributes": {
            "acceleration_status": "",
            "acl": null,
            "arn": "arn:aws:s3:::unityhub-staging-webapp-terraform-state",
            "bucket": "unityhub-staging-webapp-terraform-state",
            "bucket_domain_name": "unityhub-staging-webapp-terraform-state.s3.amazonaws.com",
            "bucket_namespace": "global",
            "bucket_prefix": "",
            "bucket_region": "us-east-1",
            "bucket_regional_domain_name": "unityhub-staging-webapp-terraform-state.s3.us-east-1.amazonaws.com",
            "cors_rule": [],
            "force_destroy": true,
            "grant": [
              {
                "id": "1e705be12a968dd63fd96aa2d89b9898fdbac29cae9cebb1a3874a1b02621739",
                "permissions": [
                  "FULL_CONTROL"
                ],
                "type": "CanonicalUser",
                "uri": ""
              }
            ],
            "hosted_zone_id": "Z3AQBSTGFYJSTF",
            "id": "unityhub-staging-webapp-terraform-state",
            "lifecycle_rule": [],
            "logging": [],
            "object_lock_configuration": [],
            "object_lock_enabled": false,
            "policy": "{\"Statement\":[{\"Action\":\"s3:PutObject\",\"Condition\":{\"StringNotEquals\":{\"s3:x-amz-server-side-encryption\":[\"AES256\",\"aws:kms\"]}},\"Effect\":\"Deny\",\"Principal\":{\"AWS\":\"*\"},\"Resource\":\"arn:aws:s3:::unityhub-staging-webapp-terraform-state/*\",\"Sid\":\"DenyIncorrectEncryptionHeader\"},{\"Action\":\"s3:PutObject\",\"Condition\":{\"Null\":{\"s3:x-amz-server-side-encryption\":\"true\"}},\"Effect\":\"Deny\",\"Principal\":{\"AWS\":\"*\"},\"Resource\":\"arn:aws:s3:::unityhub-staging-webapp-terraform-state/*\",\"Sid\":\"DenyUnEncryptedObjectUploads\"},{\"Action\":\"s3:*\",\"Condition\":{\"Bool\":{\"aws:SecureTransport\":\"false\"}},\"Effect\":\"Deny\",\"Principal\":{\"AWS\":\"*\"},\"Resource\":[\"arn:aws:s3:::unityhub-staging-webapp-terraform-state/*\",\"arn:aws:s3:::unityhub-staging-webapp-terraform-state\"],\"Sid\":\"EnforceTlsRequestsOnly\"}],\"Version\":\"2012-10-17\"}",
            "region": "us-east-1",
            "replication_configuration": [],
            "request_payer": "BucketOwner",
            "server_side_encryption_configuration": [
              {
                "rule": [
                  {
                    "apply_server_side_encryption_by_default": [
                      {
                        "kms_master_key_id": "",
                        "sse_algorithm": "AES256"
                      }
                    ],
                    "bucket_key_enabled": false
                  }
                ]
              }
            ],
            "tags": {
              "Attributes": "terraform-state",
              "Name": "unityhub-staging-webapp-terraform-state",
              "Namespace": "unityhub",
              "Stage": "staging"
            },
            "tags_all": {
              "Attributes": "terraform-state",
              "Name": "unityhub-staging-webapp-terraform-state",
              "Namespace": "unityhub",
              "Stage": "staging"
            },
            "timeouts": null,
            "versioning": [
              {
                "enabled": true,
                "mfa_delete": false
              }
            ],
            "website": [],
            "website_domain": null,
            "website_endpoint": null
          },
          "sensitive_attributes": [],
          "identity_schema_version": 0,
          "identity": {
            "account_id": "887311683230",
            "bucket": "unityhub-staging-webapp-terraform-state",
            "region": "us-east-1"
          },
          "private": "eyJlMmJmYjczMC1lY2FhLTExZTYtOGY4OC0zNDM2M2JjN2M0YzAiOnsiY3JlYXRlIjoxMjAwMDAwMDAwMDAwLCJkZWxldGUiOjM2MDAwMDAwMDAwMDAsInJlYWQiOjEyMDAwMDAwMDAwMDAsInVwZGF0ZSI6MTIwMDAwMDAwMDAwMH19"
        }
      ]
    },
    {
      "module": "module.common_resources_staging.module.webapp.module.terraform_state_backend_webapp",
      "mode": "managed",
      "type": "aws_s3_bucket_ownership_controls",
      "name": "default",
      "provider": "provider[\"registry.terraform.io/hashicorp/aws\"]",
      "instances": [
        {
          "index_key": 0,
          "schema_version": 0,
          "attributes": {
            "bucket": "unityhub-staging-webapp-terraform-state",
            "id": "unityhub-staging-webapp-terraform-state",
            "region": "us-east-1",
            "rule": [
              {
                "object_ownership": "BucketOwnerEnforced"
              }
            ]
          },
          "sensitive_attributes": [],
          "identity_schema_version": 0,
          "identity": {
            "account_id": "887311683230",
            "bucket": "unityhub-staging-webapp-terraform-state",
            "region": "us-east-1"
          },
          "private": "bnVsbA==",
          "dependencies": [
            "module.common_resources_staging.module.webapp.module.terraform_state_backend_webapp.aws_s3_bucket.default"
          ]
        }
      ]
    },
    {
      "module": "module.common_resources_staging.module.webapp.module.terraform_state_backend_webapp",
      "mode": "managed",
      "type": "aws_s3_bucket_policy",
      "name": "default",
      "provider": "provider[\"registry.terraform.io/hashicorp/aws\"]",
      "instances": [
        {
          "index_key": 0,
          "schema_version": 0,
          "attributes": {
            "bucket": "unityhub-staging-webapp-terraform-state",
            "id": "unityhub-staging-webapp-terraform-state",
            "policy": "{\"Statement\":[{\"Action\":\"s3:PutObject\",\"Condition\":{\"StringNotEquals\":{\"s3:x-amz-server-side-encryption\":[\"AES256\",\"aws:kms\"]}},\"Effect\":\"Deny\",\"Principal\":{\"AWS\":\"*\"},\"Resource\":\"arn:aws:s3:::unityhub-staging-webapp-terraform-state/*\",\"Sid\":\"DenyIncorrectEncryptionHeader\"},{\"Action\":\"s3:PutObject\",\"Condition\":{\"Null\":{\"s3:x-amz-server-side-encryption\":\"true\"}},\"Effect\":\"Deny\",\"Principal\":{\"AWS\":\"*\"},\"Resource\":\"arn:aws:s3:::unityhub-staging-webapp-terraform-state/*\",\"Sid\":\"DenyUnEncryptedObjectUploads\"},{\"Action\":\"s3:*\",\"Condition\":{\"Bool\":{\"aws:SecureTransport\":\"false\"}},\"Effect\":\"Deny\",\"Principal\":{\"AWS\":\"*\"},\"Resource\":[\"arn:aws:s3:::unityhub-staging-webapp-terraform-state/*\",\"arn:aws:s3:::unityhub-staging-webapp-terraform-state\"],\"Sid\":\"EnforceTlsRequestsOnly\"}],\"Version\":\"2012-10-17\"}",
            "region": "us-east-1"
          },
          "sensitive_attributes": [],
          "identity_schema_version": 0,
          "identity": {
            "account_id": "887311683230",
            "bucket": "unityhub-staging-webapp-terraform-state",
            "region": "us-east-1"
          },
          "private": "bnVsbA==",
          "dependencies": [
            "module.common_resources_staging.module.webapp.module.terraform_state_backend_webapp.aws_s3_bucket.default",
            "module.common_resources_staging.module.webapp.module.terraform_state_backend_webapp.data.aws_iam_policy_document.prevent_unencrypted_uploads"
          ]
        }
      ]
    },
    {
      "module": "module.common_resources_staging.module.webapp.module.terraform_state_backend_webapp",
      "mode": "managed",
      "type": "aws_s3_bucket_public_access_block",
      "name": "default",
      "provider": "provider[\"registry.terraform.io/hashicorp/aws\"]",
      "instances": [
        {
          "index_key": 0,
          "schema_version": 0,
          "attributes": {
            "block_public_acls": true,
            "block_public_policy": true,
            "bucket": "unityhub-staging-webapp-terraform-state",
            "id": "unityhub-staging-webapp-terraform-state",
            "ignore_public_acls": true,
            "region": "us-east-1",
            "restrict_public_buckets": true,
            "skip_destroy": null
          },
          "sensitive_attributes": [],
          "identity_schema_version": 0,
          "identity": {
            "account_id": "887311683230",
            "bucket": "unityhub-staging-webapp-terraform-state",
            "region": "us-east-1"
          },
          "private": "bnVsbA==",
          "dependencies": [
            "module.common_resources_staging.module.webapp.module.terraform_state_backend_webapp.aws_s3_bucket.default"
          ]
        }
      ]
    },
    {
      "module": "module.common_resources_staging.module.webapp.module.terraform_state_backend_webapp",
      "mode": "managed",
      "type": "aws_s3_bucket_server_side_encryption_configuration",
      "name": "default",
      "provider": "provider[\"registry.terraform.io/hashicorp/aws\"]",
      "instances": [
        {
          "index_key": 0,
          "schema_version": 0,
          "attributes": {
            "bucket": "unityhub-staging-webapp-terraform-state",
            "expected_bucket_owner": "",
            "id": "unityhub-staging-webapp-terraform-state",
            "region": "us-east-1",
            "rule": [
              {
                "apply_server_side_encryption_by_default": [
                  {
                    "kms_master_key_id": "",
                    "sse_algorithm": "AES256"
                  }
                ],
                "blocked_encryption_types": [
                  "NONE"
                ],
                "bucket_key_enabled": false
              }
            ]
          },
          "sensitive_attributes": [],
          "identity_schema_version": 1,
          "identity": {
            "account_id": "887311683230",
            "bucket": "unityhub-staging-webapp-terraform-state",
            "region": "us-east-1"
          },
          "private": "bnVsbA==",
          "dependencies": [
            "module.common_resources_staging.module.webapp.module.terraform_state_backend_webapp.aws_s3_bucket.default"
          ]
        }
      ]
    },
    {
      "module": "module.common_resources_staging.module.webapp.module.terraform_state_backend_webapp",
      "mode": "managed",
      "type": "aws_s3_bucket_versioning",
      "name": "default",
      "provider": "provider[\"registry.terraform.io/hashicorp/aws\"]",
      "instances": [
        {
          "index_key": 0,
          "schema_version": 0,
          "attributes": {
            "bucket": "unityhub-staging-webapp-terraform-state",
            "expected_bucket_owner": "",
            "id": "unityhub-staging-webapp-terraform-state",
            "mfa": null,
            "region": "us-east-1",
            "versioning_configuration": [
              {
                "mfa_delete": "Disabled",
                "status": "Enabled"
              }
            ]
          },
          "sensitive_attributes": [],
          "identity_schema_version": 1,
          "identity": {
            "account_id": "887311683230",
            "bucket": "unityhub-staging-webapp-terraform-state",
            "region": "us-east-1"
          },
          "private": "bnVsbA==",
          "dependencies": [
            "module.common_resources_staging.module.webapp.module.terraform_state_backend_webapp.aws_s3_bucket.default"
          ]
        }
      ]
    },
    {
      "module": "module.common_resources_staging.module.webapp.module.terraform_state_backend_webapp",
      "mode": "managed",
      "type": "local_file",
      "name": "terraform_backend_config",
      "provider": "provider[\"registry.terraform.io/hashicorp/local\"]",
      "instances": [
        {
          "index_key": 0,
          "schema_version": 0,
          "attributes": {
            "content": "terraform {\n  required_version = \"\u003e= 1.0.0\"\n\n  backend \"s3\" {\n    region         = \"us-east-1\"\n    bucket         = \"unityhub-staging-webapp-terraform-state\"\n    key            = \"terraform.tfstate\"\n    dynamodb_table = \"unityhub-staging-webapp-terraform-state-lock\"\n    profile        = \"\"\n    role_arn       = \"\"\n    encrypt        = \"true\"\n  }\n}\n",
            "content_base64": null,
            "content_base64sha256": "as2pPkRccW9bYPoHJ8YcNSd0kHhCdibtKolcqLNVSKk=",
            "content_base64sha512": "d1wMvvQ5UUQzoEY1gP1fJUkWBvPWAEmMAn24yQG6VBewYc4SX8tpqWHI/UbvXCzr7uwqQ0oStrXHhdQzSOMoLg==",
            "content_md5": "5f346f74b2c6dd3ba5c72cb36a387b72",
            "content_sha1": "5099ca488c3c723b190a424657b0953fc218acdc",
            "content_sha256": "6acda93e445c716f5b60fa0727c61c3527749078427626ed2a895ca8b35548a9",
            "content_sha512": "775c0cbef439514433a0463580fd5f25491606f3d600498c027db8c901ba5417b061ce125fcb69a961c8fd46ef5c2cebeeec2a434a12b6b5c785d43348e3282e",
            "directory_permission": "0777",
            "file_permission": "0644",
            "filename": "./backend/backend_webapp.tf",
            "id": "5099ca488c3c723b190a424657b0953fc218acdc",
            "sensitive_content": null,
            "source": null
          },
          "sensitive_attributes": [
            [
              {
                "type": "get_attr",
                "value": "sensitive_content"
              }
            ]
          ],
          "identity_schema_version": 0,
          "dependencies": [
            "module.common_resources_staging.module.webapp.module.terraform_state_backend_webapp.aws_dynamodb_table.with_server_side_encryption",
            "module.common_resources_staging.module.webapp.module.terraform_state_backend_webapp.aws_s3_bucket.default",
            "module.common_resources_staging.module.webapp.module.terraform_state_backend_webapp.data.aws_region.current"
          ]
        }
      ]
    },
    {
      "module": "module.common_resources_staging.module.webapp.module.terraform_state_backend_webapp_eventcatalog",
      "mode": "data",
      "type": "aws_iam_policy_document",
      "name": "prevent_unencrypted_uploads",
      "provider": "provider[\"registry.terraform.io/hashicorp/aws\"]",
      "instances": [
        {
          "index_key": 0,
          "schema_version": 0,
          "attributes": {
            "id": "1257263929",
            "json": "{\n  \"Version\": \"2012-10-17\",\n  \"Statement\": [\n    {\n      \"Sid\": \"DenyIncorrectEncryptionHeader\",\n      \"Effect\": \"Deny\",\n      \"Action\": \"s3:PutObject\",\n      \"Resource\": \"arn:aws:s3:::unityhub-staging-webapp-eventcatalog-terraform-state/*\",\n      \"Principal\": {\n        \"AWS\": \"*\"\n      },\n      \"Condition\": {\n        \"StringNotEquals\": {\n          \"s3:x-amz-server-side-encryption\": [\n            \"AES256\",\n            \"aws:kms\"\n          ]\n        }\n      }\n    },\n    {\n      \"Sid\": \"DenyUnEncryptedObjectUploads\",\n      \"Effect\": \"Deny\",\n      \"Action\": \"s3:PutObject\",\n      \"Resource\": \"arn:aws:s3:::unityhub-staging-webapp-eventcatalog-terraform-state/*\",\n      \"Principal\": {\n        \"AWS\": \"*\"\n      },\n      \"Condition\": {\n        \"Null\": {\n          \"s3:x-amz-server-side-encryption\": \"true\"\n        }\n      }\n    },\n    {\n      \"Sid\": \"EnforceTlsRequestsOnly\",\n      \"Effect\": \"Deny\",\n      \"Action\": \"s3:*\",\n      \"Resource\": [\n        \"arn:aws:s3:::unityhub-staging-webapp-eventcatalog-terraform-state/*\",\n        \"arn:aws:s3:::unityhub-staging-webapp-eventcatalog-terraform-state\"\n      ],\n      \"Principal\": {\n        \"AWS\": \"*\"\n      },\n      \"Condition\": {\n        \"Bool\": {\n          \"aws:SecureTransport\": \"false\"\n        }\n      }\n    }\n  ]\n}",
            "minified_json": "{\"Version\":\"2012-10-17\",\"Statement\":[{\"Sid\":\"DenyIncorrectEncryptionHeader\",\"Effect\":\"Deny\",\"Action\":\"s3:PutObject\",\"Resource\":\"arn:aws:s3:::unityhub-staging-webapp-eventcatalog-terraform-state/*\",\"Principal\":{\"AWS\":\"*\"},\"Condition\":{\"StringNotEquals\":{\"s3:x-amz-server-side-encryption\":[\"AES256\",\"aws:kms\"]}}},{\"Sid\":\"DenyUnEncryptedObjectUploads\",\"Effect\":\"Deny\",\"Action\":\"s3:PutObject\",\"Resource\":\"arn:aws:s3:::unityhub-staging-webapp-eventcatalog-terraform-state/*\",\"Principal\":{\"AWS\":\"*\"},\"Condition\":{\"Null\":{\"s3:x-amz-server-side-encryption\":\"true\"}}},{\"Sid\":\"EnforceTlsRequestsOnly\",\"Effect\":\"Deny\",\"Action\":\"s3:*\",\"Resource\":[\"arn:aws:s3:::unityhub-staging-webapp-eventcatalog-terraform-state/*\",\"arn:aws:s3:::unityhub-staging-webapp-eventcatalog-terraform-state\"],\"Principal\":{\"AWS\":\"*\"},\"Condition\":{\"Bool\":{\"aws:SecureTransport\":\"false\"}}}]}",
            "override_json": null,
            "override_policy_documents": null,
            "policy_id": null,
            "source_json": null,
            "source_policy_documents": null,
            "statement": [
              {
                "actions": [
                  "s3:PutObject"
                ],
                "condition": [
                  {
                    "test": "StringNotEquals",
                    "values": [
                      "AES256",
                      "aws:kms"
                    ],
                    "variable": "s3:x-amz-server-side-encryption"
                  }
                ],
                "effect": "Deny",
                "not_actions": [],
                "not_principals": [],
                "not_resources": [],
                "principals": [
                  {
                    "identifiers": [
                      "*"
                    ],
                    "type": "AWS"
                  }
                ],
                "resources": [
                  "arn:aws:s3:::unityhub-staging-webapp-eventcatalog-terraform-state/*"
                ],
                "sid": "DenyIncorrectEncryptionHeader"
              },
              {
                "actions": [
                  "s3:PutObject"
                ],
                "condition": [
                  {
                    "test": "Null",
                    "values": [
                      "true"
                    ],
                    "variable": "s3:x-amz-server-side-encryption"
                  }
                ],
                "effect": "Deny",
                "not_actions": [],
                "not_principals": [],
                "not_resources": [],
                "principals": [
                  {
                    "identifiers": [
                      "*"
                    ],
                    "type": "AWS"
                  }
                ],
                "resources": [
                  "arn:aws:s3:::unityhub-staging-webapp-eventcatalog-terraform-state/*"
                ],
                "sid": "DenyUnEncryptedObjectUploads"
              },
              {
                "actions": [
                  "s3:*"
                ],
                "condition": [
                  {
                    "test": "Bool",
                    "values": [
                      "false"
                    ],
                    "variable": "aws:SecureTransport"
                  }
                ],
                "effect": "Deny",
                "not_actions": [],
                "not_principals": [],
                "not_resources": [],
                "principals": [
                  {
                    "identifiers": [
                      "*"
                    ],
                    "type": "AWS"
                  }
                ],
                "resources": [
                  "arn:aws:s3:::unityhub-staging-webapp-eventcatalog-terraform-state",
                  "arn:aws:s3:::unityhub-staging-webapp-eventcatalog-terraform-state/*"
                ],
                "sid": "EnforceTlsRequestsOnly"
              }
            ],
            "version": "2012-10-17"
          },
          "sensitive_attributes": [],
          "identity_schema_version": 0
        }
      ]
    },
    {
      "module": "module.common_resources_staging.module.webapp.module.terraform_state_backend_webapp_eventcatalog",
      "mode": "data",
      "type": "aws_region",
      "name": "current",
      "provider": "provider[\"registry.terraform.io/hashicorp/aws\"]",
      "instances": [
        {
          "schema_version": 0,
          "attributes": {
            "description": "US East (N. Virginia)",
            "endpoint": "ec2.us-east-1.amazonaws.com",
            "id": "us-east-1",
            "name": "us-east-1",
            "region": "us-east-1"
          },
          "sensitive_attributes": [],
          "identity_schema_version": 0
        }
      ]
    },
    {
      "module": "module.common_resources_staging.module.webapp.module.terraform_state_backend_webapp_eventcatalog",
      "mode": "managed",
      "type": "aws_dynamodb_table",
      "name": "with_server_side_encryption",
      "provider": "provider[\"registry.terraform.io/hashicorp/aws\"]",
      "instances": [
        {
          "index_key": 0,
          "schema_version": 1,
          "attributes": {
            "arn": "arn:aws:dynamodb:us-east-1:887311683230:table/unityhub-staging-webapp-eventcatalog-terraform-state-lock",
            "attribute": [
              {
                "name": "LockID",
                "type": "S"
              }
            ],
            "billing_mode": "PAY_PER_REQUEST",
            "deletion_protection_enabled": false,
            "global_secondary_index": [],
            "global_table_witness": [],
            "hash_key": "LockID",
            "id": "unityhub-staging-webapp-eventcatalog-terraform-state-lock",
            "import_table": [],
            "local_secondary_index": [],
            "name": "unityhub-staging-webapp-eventcatalog-terraform-state-lock",
            "on_demand_throughput": [],
            "point_in_time_recovery": [
              {
                "enabled": true,
                "recovery_period_in_days": 35
              }
            ],
            "range_key": null,
            "read_capacity": 0,
            "region": "us-east-1",
            "replica": [],
            "restore_backup_arn": null,
            "restore_date_time": null,
            "restore_source_name": null,
            "restore_source_table_arn": null,
            "restore_to_latest_time": null,
            "server_side_encryption": [
              {
                "enabled": true,
                "kms_key_arn": ""
              }
            ],
            "stream_arn": "",
            "stream_enabled": false,
            "stream_label": "",
            "stream_view_type": "",
            "table_class": "STANDARD",
            "tags": {
              "Attributes": "terraform-state-lock",
              "Name": "unityhub-staging-webapp-eventcatalog-terraform-state-lock",
              "Namespace": "unityhub",
              "Stage": "staging"
            },
            "tags_all": {
              "Attributes": "terraform-state-lock",
              "Name": "unityhub-staging-webapp-eventcatalog-terraform-state-lock",
              "Namespace": "unityhub",
              "Stage": "staging"
            },
            "timeouts": null,
            "ttl": [
              {
                "attribute_name": "",
                "enabled": false
              }
            ],
            "warm_throughput": [],
            "write_capacity": 0
          },
          "sensitive_attributes": [],
          "identity_schema_version": 0,
          "identity": {
            "account_id": "887311683230",
            "name": "unityhub-staging-webapp-eventcatalog-terraform-state-lock",
            "region": "us-east-1"
          },
          "private": "eyJlMmJmYjczMC1lY2FhLTExZTYtOGY4OC0zNDM2M2JjN2M0YzAiOnsiY3JlYXRlIjoxODAwMDAwMDAwMDAwLCJkZWxldGUiOjYwMDAwMDAwMDAwMCwidXBkYXRlIjozNjAwMDAwMDAwMDAwfSwic2NoZW1hX3ZlcnNpb24iOiIxIn0="
        }
      ]
    },
    {
      "module": "module.common_resources_staging.module.webapp.module.terraform_state_backend_webapp_eventcatalog",
      "mode": "managed",
      "type": "aws_s3_bucket",
      "name": "default",
      "provider": "provider[\"registry.terraform.io/hashicorp/aws\"]",
      "instances": [
        {
          "index_key": 0,
          "schema_version": 0,
          "attributes": {
            "acceleration_status": "",
            "acl": null,
            "arn": "arn:aws:s3:::unityhub-staging-webapp-eventcatalog-terraform-state",
            "bucket": "unityhub-staging-webapp-eventcatalog-terraform-state",
            "bucket_domain_name": "unityhub-staging-webapp-eventcatalog-terraform-state.s3.amazonaws.com",
            "bucket_namespace": "global",
            "bucket_prefix": "",
            "bucket_region": "us-east-1",
            "bucket_regional_domain_name": "unityhub-staging-webapp-eventcatalog-terraform-state.s3.us-east-1.amazonaws.com",
            "cors_rule": [],
            "force_destroy": true,
            "grant": [
              {
                "id": "1e705be12a968dd63fd96aa2d89b9898fdbac29cae9cebb1a3874a1b02621739",
                "permissions": [
                  "FULL_CONTROL"
                ],
                "type": "CanonicalUser",
                "uri": ""
              }
            ],
            "hosted_zone_id": "Z3AQBSTGFYJSTF",
            "id": "unityhub-staging-webapp-eventcatalog-terraform-state",
            "lifecycle_rule": [],
            "logging": [],
            "object_lock_configuration": [],
            "object_lock_enabled": false,
            "policy": "{\"Statement\":[{\"Action\":\"s3:PutObject\",\"Condition\":{\"StringNotEquals\":{\"s3:x-amz-server-side-encryption\":[\"AES256\",\"aws:kms\"]}},\"Effect\":\"Deny\",\"Principal\":{\"AWS\":\"*\"},\"Resource\":\"arn:aws:s3:::unityhub-staging-webapp-eventcatalog-terraform-state/*\",\"Sid\":\"DenyIncorrectEncryptionHeader\"},{\"Action\":\"s3:PutObject\",\"Condition\":{\"Null\":{\"s3:x-amz-server-side-encryption\":\"true\"}},\"Effect\":\"Deny\",\"Principal\":{\"AWS\":\"*\"},\"Resource\":\"arn:aws:s3:::unityhub-staging-webapp-eventcatalog-terraform-state/*\",\"Sid\":\"DenyUnEncryptedObjectUploads\"},{\"Action\":\"s3:*\",\"Condition\":{\"Bool\":{\"aws:SecureTransport\":\"false\"}},\"Effect\":\"Deny\",\"Principal\":{\"AWS\":\"*\"},\"Resource\":[\"arn:aws:s3:::unityhub-staging-webapp-eventcatalog-terraform-state/*\",\"arn:aws:s3:::unityhub-staging-webapp-eventcatalog-terraform-state\"],\"Sid\":\"EnforceTlsRequestsOnly\"}],\"Version\":\"2012-10-17\"}",
            "region": "us-east-1",
            "replication_configuration": [],
            "request_payer": "BucketOwner",
            "server_side_encryption_configuration": [
              {
                "rule": [
                  {
                    "apply_server_side_encryption_by_default": [
                      {
                        "kms_master_key_id": "",
                        "sse_algorithm": "AES256"
                      }
                    ],
                    "bucket_key_enabled": false
                  }
                ]
              }
            ],
            "tags": {
              "Attributes": "terraform-state",
              "Name": "unityhub-staging-webapp-eventcatalog-terraform-state",
              "Namespace": "unityhub",
              "Stage": "staging"
            },
            "tags_all": {
              "Attributes": "terraform-state",
              "Name": "unityhub-staging-webapp-eventcatalog-terraform-state",
              "Namespace": "unityhub",
              "Stage": "staging"
            },
            "timeouts": null,
            "versioning": [
              {
                "enabled": true,
                "mfa_delete": false
              }
            ],
            "website": [],
            "website_domain": null,
            "website_endpoint": null
          },
          "sensitive_attributes": [],
          "identity_schema_version": 0,
          "identity": {
            "account_id": "887311683230",
            "bucket": "unityhub-staging-webapp-eventcatalog-terraform-state",
            "region": "us-east-1"
          },
          "private": "eyJlMmJmYjczMC1lY2FhLTExZTYtOGY4OC0zNDM2M2JjN2M0YzAiOnsiY3JlYXRlIjoxMjAwMDAwMDAwMDAwLCJkZWxldGUiOjM2MDAwMDAwMDAwMDAsInJlYWQiOjEyMDAwMDAwMDAwMDAsInVwZGF0ZSI6MTIwMDAwMDAwMDAwMH19"
        }
      ]
    },
    {
      "module": "module.common_resources_staging.module.webapp.module.terraform_state_backend_webapp_eventcatalog",
      "mode": "managed",
      "type": "aws_s3_bucket_ownership_controls",
      "name": "default",
      "provider": "provider[\"registry.terraform.io/hashicorp/aws\"]",
      "instances": [
        {
          "index_key": 0,
          "schema_version": 0,
          "attributes": {
            "bucket": "unityhub-staging-webapp-eventcatalog-terraform-state",
            "id": "unityhub-staging-webapp-eventcatalog-terraform-state",
            "region": "us-east-1",
            "rule": [
              {
                "object_ownership": "BucketOwnerEnforced"
              }
            ]
          },
          "sensitive_attributes": [],
          "identity_schema_version": 0,
          "identity": {
            "account_id": "887311683230",
            "bucket": "unityhub-staging-webapp-eventcatalog-terraform-state",
            "region": "us-east-1"
          },
          "private": "bnVsbA==",
          "dependencies": [
            "module.common_resources_staging.module.webapp.module.terraform_state_backend_webapp_eventcatalog.aws_s3_bucket.default"
          ]
        }
      ]
    },
    {
      "module": "module.common_resources_staging.module.webapp.module.terraform_state_backend_webapp_eventcatalog",
      "mode": "managed",
      "type": "aws_s3_bucket_policy",
      "name": "default",
      "provider": "provider[\"registry.terraform.io/hashicorp/aws\"]",
      "instances": [
        {
          "index_key": 0,
          "schema_version": 0,
          "attributes": {
            "bucket": "unityhub-staging-webapp-eventcatalog-terraform-state",
            "id": "unityhub-staging-webapp-eventcatalog-terraform-state",
            "policy": "{\"Statement\":[{\"Action\":\"s3:PutObject\",\"Condition\":{\"StringNotEquals\":{\"s3:x-amz-server-side-encryption\":[\"AES256\",\"aws:kms\"]}},\"Effect\":\"Deny\",\"Principal\":{\"AWS\":\"*\"},\"Resource\":\"arn:aws:s3:::unityhub-staging-webapp-eventcatalog-terraform-state/*\",\"Sid\":\"DenyIncorrectEncryptionHeader\"},{\"Action\":\"s3:PutObject\",\"Condition\":{\"Null\":{\"s3:x-amz-server-side-encryption\":\"true\"}},\"Effect\":\"Deny\",\"Principal\":{\"AWS\":\"*\"},\"Resource\":\"arn:aws:s3:::unityhub-staging-webapp-eventcatalog-terraform-state/*\",\"Sid\":\"DenyUnEncryptedObjectUploads\"},{\"Action\":\"s3:*\",\"Condition\":{\"Bool\":{\"aws:SecureTransport\":\"false\"}},\"Effect\":\"Deny\",\"Principal\":{\"AWS\":\"*\"},\"Resource\":[\"arn:aws:s3:::unityhub-staging-webapp-eventcatalog-terraform-state/*\",\"arn:aws:s3:::unityhub-staging-webapp-eventcatalog-terraform-state\"],\"Sid\":\"EnforceTlsRequestsOnly\"}],\"Version\":\"2012-10-17\"}",
            "region": "us-east-1"
          },
          "sensitive_attributes": [],
          "identity_schema_version": 0,
          "identity": {
            "account_id": "887311683230",
            "bucket": "unityhub-staging-webapp-eventcatalog-terraform-state",
            "region": "us-east-1"
          },
          "private": "bnVsbA==",
          "dependencies": [
            "module.common_resources_staging.module.webapp.module.terraform_state_backend_webapp_eventcatalog.aws_s3_bucket.default",
            "module.common_resources_staging.module.webapp.module.terraform_state_backend_webapp_eventcatalog.data.aws_iam_policy_document.prevent_unencrypted_uploads"
          ]
        }
      ]
    },
    {
      "module": "module.common_resources_staging.module.webapp.module.terraform_state_backend_webapp_eventcatalog",
      "mode": "managed",
      "type": "aws_s3_bucket_public_access_block",
      "name": "default",
      "provider": "provider[\"registry.terraform.io/hashicorp/aws\"]",
      "instances": [
        {
          "index_key": 0,
          "schema_version": 0,
          "attributes": {
            "block_public_acls": true,
            "block_public_policy": true,
            "bucket": "unityhub-staging-webapp-eventcatalog-terraform-state",
            "id": "unityhub-staging-webapp-eventcatalog-terraform-state",
            "ignore_public_acls": true,
            "region": "us-east-1",
            "restrict_public_buckets": true,
            "skip_destroy": null
          },
          "sensitive_attributes": [],
          "identity_schema_version": 0,
          "identity": {
            "account_id": "887311683230",
            "bucket": "unityhub-staging-webapp-eventcatalog-terraform-state",
            "region": "us-east-1"
          },
          "private": "bnVsbA==",
          "dependencies": [
            "module.common_resources_staging.module.webapp.module.terraform_state_backend_webapp_eventcatalog.aws_s3_bucket.default"
          ]
        }
      ]
    },
    {
      "module": "module.common_resources_staging.module.webapp.module.terraform_state_backend_webapp_eventcatalog",
      "mode": "managed",
      "type": "aws_s3_bucket_server_side_encryption_configuration",
      "name": "default",
      "provider": "provider[\"registry.terraform.io/hashicorp/aws\"]",
      "instances": [
        {
          "index_key": 0,
          "schema_version": 0,
          "attributes": {
            "bucket": "unityhub-staging-webapp-eventcatalog-terraform-state",
            "expected_bucket_owner": "",
            "id": "unityhub-staging-webapp-eventcatalog-terraform-state",
            "region": "us-east-1",
            "rule": [
              {
                "apply_server_side_encryption_by_default": [
                  {
                    "kms_master_key_id": "",
                    "sse_algorithm": "AES256"
                  }
                ],
                "blocked_encryption_types": [
                  "NONE"
                ],
                "bucket_key_enabled": false
              }
            ]
          },
          "sensitive_attributes": [],
          "identity_schema_version": 1,
          "identity": {
            "account_id": "887311683230",
            "bucket": "unityhub-staging-webapp-eventcatalog-terraform-state",
            "region": "us-east-1"
          },
          "private": "bnVsbA==",
          "dependencies": [
            "module.common_resources_staging.module.webapp.module.terraform_state_backend_webapp_eventcatalog.aws_s3_bucket.default"
          ]
        }
      ]
    },
    {
      "module": "module.common_resources_staging.module.webapp.module.terraform_state_backend_webapp_eventcatalog",
      "mode": "managed",
      "type": "aws_s3_bucket_versioning",
      "name": "default",
      "provider": "provider[\"registry.terraform.io/hashicorp/aws\"]",
      "instances": [
        {
          "index_key": 0,
          "schema_version": 0,
          "attributes": {
            "bucket": "unityhub-staging-webapp-eventcatalog-terraform-state",
            "expected_bucket_owner": "",
            "id": "unityhub-staging-webapp-eventcatalog-terraform-state",
            "mfa": null,
            "region": "us-east-1",
            "versioning_configuration": [
              {
                "mfa_delete": "Disabled",
                "status": "Enabled"
              }
            ]
          },
          "sensitive_attributes": [],
          "identity_schema_version": 1,
          "identity": {
            "account_id": "887311683230",
            "bucket": "unityhub-staging-webapp-eventcatalog-terraform-state",
            "region": "us-east-1"
          },
          "private": "bnVsbA==",
          "dependencies": [
            "module.common_resources_staging.module.webapp.module.terraform_state_backend_webapp_eventcatalog.aws_s3_bucket.default"
          ]
        }
      ]
    },
    {
      "module": "module.common_resources_staging.module.webapp.module.terraform_state_backend_webapp_eventcatalog",
      "mode": "managed",
      "type": "local_file",
      "name": "terraform_backend_config",
      "provider": "provider[\"registry.terraform.io/hashicorp/local\"]",
      "instances": [
        {
          "index_key": 0,
          "schema_version": 0,
          "attributes": {
            "content": "terraform {\n  required_version = \"\u003e= 1.0.0\"\n\n  backend \"s3\" {\n    region         = \"us-east-1\"\n    bucket         = \"unityhub-staging-webapp-eventcatalog-terraform-state\"\n    key            = \"terraform.tfstate\"\n    dynamodb_table = \"unityhub-staging-webapp-eventcatalog-terraform-state-lock\"\n    profile        = \"\"\n    role_arn       = \"\"\n    encrypt        = \"true\"\n  }\n}\n",
            "content_base64": null,
            "content_base64sha256": "pSXaxu+NiG0iQVapJWOapEzxkybS9ocRCWiiAu1atd8=",
            "content_base64sha512": "Y0kLlCWSUjxDkYUCxzr5YNGCxpqzgSRkEG3OlM3Hkw0sdXIeyLoPWMcrHVQ97XGmd2cMpvkXnBjoyRnWXK2keQ==",
            "content_md5": "69b3aa6052f19f4c9f04176099f9ff4a",
            "content_sha1": "e0cccc7c3d5759a3486577f39ce12930bbf95b6c",
            "content_sha256": "a525dac6ef8d886d224156a925639aa44cf19326d2f687110968a202ed5ab5df",
            "content_sha512": "63490b942592523c43918502c73af960d182c69ab3812464106dce94cdc7930d2c75721ec8ba0f58c72b1d543ded71a677670ca6f9179c18e8c919d65cada479",
            "directory_permission": "0777",
            "file_permission": "0644",
            "filename": "./backend/backend_webapp_eventcatalog.tf",
            "id": "e0cccc7c3d5759a3486577f39ce12930bbf95b6c",
            "sensitive_content": null,
            "source": null
          },
          "sensitive_attributes": [
            [
              {
                "type": "get_attr",
                "value": "sensitive_content"
              }
            ]
          ],
          "identity_schema_version": 0,
          "dependencies": [
            "module.common_resources_staging.module.webapp.module.terraform_state_backend_webapp_eventcatalog.aws_dynamodb_table.with_server_side_encryption",
            "module.common_resources_staging.module.webapp.module.terraform_state_backend_webapp_eventcatalog.aws_s3_bucket.default",
            "module.common_resources_staging.module.webapp.module.terraform_state_backend_webapp_eventcatalog.data.aws_region.current"
          ]
        }
      ]
    },
    {
      "module": "module.common_resources_staging.module.webapp.module.terraform_state_backend_webapp_help",
      "mode": "data",
      "type": "aws_iam_policy_document",
      "name": "prevent_unencrypted_uploads",
      "provider": "provider[\"registry.terraform.io/hashicorp/aws\"]",
      "instances": [
        {
          "index_key": 0,
          "schema_version": 0,
          "attributes": {
            "id": "3294194773",
            "json": "{\n  \"Version\": \"2012-10-17\",\n  \"Statement\": [\n    {\n      \"Sid\": \"DenyIncorrectEncryptionHeader\",\n      \"Effect\": \"Deny\",\n      \"Action\": \"s3:PutObject\",\n      \"Resource\": \"arn:aws:s3:::unityhub-staging-webapp-help-terraform-state/*\",\n      \"Principal\": {\n        \"AWS\": \"*\"\n      },\n      \"Condition\": {\n        \"StringNotEquals\": {\n          \"s3:x-amz-server-side-encryption\": [\n            \"AES256\",\n            \"aws:kms\"\n          ]\n        }\n      }\n    },\n    {\n      \"Sid\": \"DenyUnEncryptedObjectUploads\",\n      \"Effect\": \"Deny\",\n      \"Action\": \"s3:PutObject\",\n      \"Resource\": \"arn:aws:s3:::unityhub-staging-webapp-help-terraform-state/*\",\n      \"Principal\": {\n        \"AWS\": \"*\"\n      },\n      \"Condition\": {\n        \"Null\": {\n          \"s3:x-amz-server-side-encryption\": \"true\"\n        }\n      }\n    },\n    {\n      \"Sid\": \"EnforceTlsRequestsOnly\",\n      \"Effect\": \"Deny\",\n      \"Action\": \"s3:*\",\n      \"Resource\": [\n        \"arn:aws:s3:::unityhub-staging-webapp-help-terraform-state/*\",\n        \"arn:aws:s3:::unityhub-staging-webapp-help-terraform-state\"\n      ],\n      \"Principal\": {\n        \"AWS\": \"*\"\n      },\n      \"Condition\": {\n        \"Bool\": {\n          \"aws:SecureTransport\": \"false\"\n        }\n      }\n    }\n  ]\n}",
            "minified_json": "{\"Version\":\"2012-10-17\",\"Statement\":[{\"Sid\":\"DenyIncorrectEncryptionHeader\",\"Effect\":\"Deny\",\"Action\":\"s3:PutObject\",\"Resource\":\"arn:aws:s3:::unityhub-staging-webapp-help-terraform-state/*\",\"Principal\":{\"AWS\":\"*\"},\"Condition\":{\"StringNotEquals\":{\"s3:x-amz-server-side-encryption\":[\"AES256\",\"aws:kms\"]}}},{\"Sid\":\"DenyUnEncryptedObjectUploads\",\"Effect\":\"Deny\",\"Action\":\"s3:PutObject\",\"Resource\":\"arn:aws:s3:::unityhub-staging-webapp-help-terraform-state/*\",\"Principal\":{\"AWS\":\"*\"},\"Condition\":{\"Null\":{\"s3:x-amz-server-side-encryption\":\"true\"}}},{\"Sid\":\"EnforceTlsRequestsOnly\",\"Effect\":\"Deny\",\"Action\":\"s3:*\",\"Resource\":[\"arn:aws:s3:::unityhub-staging-webapp-help-terraform-state/*\",\"arn:aws:s3:::unityhub-staging-webapp-help-terraform-state\"],\"Principal\":{\"AWS\":\"*\"},\"Condition\":{\"Bool\":{\"aws:SecureTransport\":\"false\"}}}]}",
            "override_json": null,
            "override_policy_documents": null,
            "policy_id": null,
            "source_json": null,
            "source_policy_documents": null,
            "statement": [
              {
                "actions": [
                  "s3:PutObject"
                ],
                "condition": [
                  {
                    "test": "StringNotEquals",
                    "values": [
                      "AES256",
                      "aws:kms"
                    ],
                    "variable": "s3:x-amz-server-side-encryption"
                  }
                ],
                "effect": "Deny",
                "not_actions": [],
                "not_principals": [],
                "not_resources": [],
                "principals": [
                  {
                    "identifiers": [
                      "*"
                    ],
                    "type": "AWS"
                  }
                ],
                "resources": [
                  "arn:aws:s3:::unityhub-staging-webapp-help-terraform-state/*"
                ],
                "sid": "DenyIncorrectEncryptionHeader"
              },
              {
                "actions": [
                  "s3:PutObject"
                ],
                "condition": [
                  {
                    "test": "Null",
                    "values": [
                      "true"
                    ],
                    "variable": "s3:x-amz-server-side-encryption"
                  }
                ],
                "effect": "Deny",
                "not_actions": [],
                "not_principals": [],
                "not_resources": [],
                "principals": [
                  {
                    "identifiers": [
                      "*"
                    ],
                    "type": "AWS"
                  }
                ],
                "resources": [
                  "arn:aws:s3:::unityhub-staging-webapp-help-terraform-state/*"
                ],
                "sid": "DenyUnEncryptedObjectUploads"
              },
              {
                "actions": [
                  "s3:*"
                ],
                "condition": [
                  {
                    "test": "Bool",
                    "values": [
                      "false"
                    ],
                    "variable": "aws:SecureTransport"
                  }
                ],
                "effect": "Deny",
                "not_actions": [],
                "not_principals": [],
                "not_resources": [],
                "principals": [
                  {
                    "identifiers": [
                      "*"
                    ],
                    "type": "AWS"
                  }
                ],
                "resources": [
                  "arn:aws:s3:::unityhub-staging-webapp-help-terraform-state",
                  "arn:aws:s3:::unityhub-staging-webapp-help-terraform-state/*"
                ],
                "sid": "EnforceTlsRequestsOnly"
              }
            ],
            "version": "2012-10-17"
          },
          "sensitive_attributes": [],
          "identity_schema_version": 0
        }
      ]
    },
    {
      "module": "module.common_resources_staging.module.webapp.module.terraform_state_backend_webapp_help",
      "mode": "data",
      "type": "aws_region",
      "name": "current",
      "provider": "provider[\"registry.terraform.io/hashicorp/aws\"]",
      "instances": [
        {
          "schema_version": 0,
          "attributes": {
            "description": "US East (N. Virginia)",
            "endpoint": "ec2.us-east-1.amazonaws.com",
            "id": "us-east-1",
            "name": "us-east-1",
            "region": "us-east-1"
          },
          "sensitive_attributes": [],
          "identity_schema_version": 0
        }
      ]
    },
    {
      "module": "module.common_resources_staging.module.webapp.module.terraform_state_backend_webapp_help",
      "mode": "managed",
      "type": "aws_dynamodb_table",
      "name": "with_server_side_encryption",
      "provider": "provider[\"registry.terraform.io/hashicorp/aws\"]",
      "instances": [
        {
          "index_key": 0,
          "schema_version": 1,
          "attributes": {
            "arn": "arn:aws:dynamodb:us-east-1:887311683230:table/unityhub-staging-webapp-help-terraform-state-lock",
            "attribute": [
              {
                "name": "LockID",
                "type": "S"
              }
            ],
            "billing_mode": "PAY_PER_REQUEST",
            "deletion_protection_enabled": false,
            "global_secondary_index": [],
            "global_table_witness": [],
            "hash_key": "LockID",
            "id": "unityhub-staging-webapp-help-terraform-state-lock",
            "import_table": [],
            "local_secondary_index": [],
            "name": "unityhub-staging-webapp-help-terraform-state-lock",
            "on_demand_throughput": [],
            "point_in_time_recovery": [
              {
                "enabled": true,
                "recovery_period_in_days": 35
              }
            ],
            "range_key": null,
            "read_capacity": 0,
            "region": "us-east-1",
            "replica": [],
            "restore_backup_arn": null,
            "restore_date_time": null,
            "restore_source_name": null,
            "restore_source_table_arn": null,
            "restore_to_latest_time": null,
            "server_side_encryption": [
              {
                "enabled": true,
                "kms_key_arn": ""
              }
            ],
            "stream_arn": "",
            "stream_enabled": false,
            "stream_label": "",
            "stream_view_type": "",
            "table_class": "STANDARD",
            "tags": {
              "Attributes": "terraform-state-lock",
              "Name": "unityhub-staging-webapp-help-terraform-state-lock",
              "Namespace": "unityhub",
              "Stage": "staging"
            },
            "tags_all": {
              "Attributes": "terraform-state-lock",
              "Name": "unityhub-staging-webapp-help-terraform-state-lock",
              "Namespace": "unityhub",
              "Stage": "staging"
            },
            "timeouts": null,
            "ttl": [
              {
                "attribute_name": "",
                "enabled": false
              }
            ],
            "warm_throughput": [],
            "write_capacity": 0
          },
          "sensitive_attributes": [],
          "identity_schema_version": 0,
          "identity": {
            "account_id": "887311683230",
            "name": "unityhub-staging-webapp-help-terraform-state-lock",
            "region": "us-east-1"
          },
          "private": "eyJlMmJmYjczMC1lY2FhLTExZTYtOGY4OC0zNDM2M2JjN2M0YzAiOnsiY3JlYXRlIjoxODAwMDAwMDAwMDAwLCJkZWxldGUiOjYwMDAwMDAwMDAwMCwidXBkYXRlIjozNjAwMDAwMDAwMDAwfSwic2NoZW1hX3ZlcnNpb24iOiIxIn0="
        }
      ]
    },
    {
      "module": "module.common_resources_staging.module.webapp.module.terraform_state_backend_webapp_help",
      "mode": "managed",
      "type": "aws_s3_bucket",
      "name": "default",
      "provider": "provider[\"registry.terraform.io/hashicorp/aws\"]",
      "instances": [
        {
          "index_key": 0,
          "schema_version": 0,
          "attributes": {
            "acceleration_status": "",
            "acl": null,
            "arn": "arn:aws:s3:::unityhub-staging-webapp-help-terraform-state",
            "bucket": "unityhub-staging-webapp-help-terraform-state",
            "bucket_domain_name": "unityhub-staging-webapp-help-terraform-state.s3.amazonaws.com",
            "bucket_namespace": "global",
            "bucket_prefix": "",
            "bucket_region": "us-east-1",
            "bucket_regional_domain_name": "unityhub-staging-webapp-help-terraform-state.s3.us-east-1.amazonaws.com",
            "cors_rule": [],
            "force_destroy": true,
            "grant": [
              {
                "id": "1e705be12a968dd63fd96aa2d89b9898fdbac29cae9cebb1a3874a1b02621739",
                "permissions": [
                  "FULL_CONTROL"
                ],
                "type": "CanonicalUser",
                "uri": ""
              }
            ],
            "hosted_zone_id": "Z3AQBSTGFYJSTF",
            "id": "unityhub-staging-webapp-help-terraform-state",
            "lifecycle_rule": [],
            "logging": [],
            "object_lock_configuration": [],
            "object_lock_enabled": false,
            "policy": "{\"Statement\":[{\"Action\":\"s3:PutObject\",\"Condition\":{\"StringNotEquals\":{\"s3:x-amz-server-side-encryption\":[\"AES256\",\"aws:kms\"]}},\"Effect\":\"Deny\",\"Principal\":{\"AWS\":\"*\"},\"Resource\":\"arn:aws:s3:::unityhub-staging-webapp-help-terraform-state/*\",\"Sid\":\"DenyIncorrectEncryptionHeader\"},{\"Action\":\"s3:PutObject\",\"Condition\":{\"Null\":{\"s3:x-amz-server-side-encryption\":\"true\"}},\"Effect\":\"Deny\",\"Principal\":{\"AWS\":\"*\"},\"Resource\":\"arn:aws:s3:::unityhub-staging-webapp-help-terraform-state/*\",\"Sid\":\"DenyUnEncryptedObjectUploads\"},{\"Action\":\"s3:*\",\"Condition\":{\"Bool\":{\"aws:SecureTransport\":\"false\"}},\"Effect\":\"Deny\",\"Principal\":{\"AWS\":\"*\"},\"Resource\":[\"arn:aws:s3:::unityhub-staging-webapp-help-terraform-state/*\",\"arn:aws:s3:::unityhub-staging-webapp-help-terraform-state\"],\"Sid\":\"EnforceTlsRequestsOnly\"}],\"Version\":\"2012-10-17\"}",
            "region": "us-east-1",
            "replication_configuration": [],
            "request_payer": "BucketOwner",
            "server_side_encryption_configuration": [
              {
                "rule": [
                  {
                    "apply_server_side_encryption_by_default": [
                      {
                        "kms_master_key_id": "",
                        "sse_algorithm": "AES256"
                      }
                    ],
                    "bucket_key_enabled": false
                  }
                ]
              }
            ],
            "tags": {
              "Attributes": "terraform-state",
              "Name": "unityhub-staging-webapp-help-terraform-state",
              "Namespace": "unityhub",
              "Stage": "staging"
            },
            "tags_all": {
              "Attributes": "terraform-state",
              "Name": "unityhub-staging-webapp-help-terraform-state",
              "Namespace": "unityhub",
              "Stage": "staging"
            },
            "timeouts": null,
            "versioning": [
              {
                "enabled": true,
                "mfa_delete": false
              }
            ],
            "website": [],
            "website_domain": null,
            "website_endpoint": null
          },
          "sensitive_attributes": [],
          "identity_schema_version": 0,
          "identity": {
            "account_id": "887311683230",
            "bucket": "unityhub-staging-webapp-help-terraform-state",
            "region": "us-east-1"
          },
          "private": "eyJlMmJmYjczMC1lY2FhLTExZTYtOGY4OC0zNDM2M2JjN2M0YzAiOnsiY3JlYXRlIjoxMjAwMDAwMDAwMDAwLCJkZWxldGUiOjM2MDAwMDAwMDAwMDAsInJlYWQiOjEyMDAwMDAwMDAwMDAsInVwZGF0ZSI6MTIwMDAwMDAwMDAwMH19"
        }
      ]
    },
    {
      "module": "module.common_resources_staging.module.webapp.module.terraform_state_backend_webapp_help",
      "mode": "managed",
      "type": "aws_s3_bucket_ownership_controls",
      "name": "default",
      "provider": "provider[\"registry.terraform.io/hashicorp/aws\"]",
      "instances": [
        {
          "index_key": 0,
          "schema_version": 0,
          "attributes": {
            "bucket": "unityhub-staging-webapp-help-terraform-state",
            "id": "unityhub-staging-webapp-help-terraform-state",
            "region": "us-east-1",
            "rule": [
              {
                "object_ownership": "BucketOwnerEnforced"
              }
            ]
          },
          "sensitive_attributes": [],
          "identity_schema_version": 0,
          "identity": {
            "account_id": "887311683230",
            "bucket": "unityhub-staging-webapp-help-terraform-state",
            "region": "us-east-1"
          },
          "private": "bnVsbA==",
          "dependencies": [
            "module.common_resources_staging.module.webapp.module.terraform_state_backend_webapp_help.aws_s3_bucket.default"
          ]
        }
      ]
    },
    {
      "module": "module.common_resources_staging.module.webapp.module.terraform_state_backend_webapp_help",
      "mode": "managed",
      "type": "aws_s3_bucket_policy",
      "name": "default",
      "provider": "provider[\"registry.terraform.io/hashicorp/aws\"]",
      "instances": [
        {
          "index_key": 0,
          "schema_version": 0,
          "attributes": {
            "bucket": "unityhub-staging-webapp-help-terraform-state",
            "id": "unityhub-staging-webapp-help-terraform-state",
            "policy": "{\"Statement\":[{\"Action\":\"s3:PutObject\",\"Condition\":{\"StringNotEquals\":{\"s3:x-amz-server-side-encryption\":[\"AES256\",\"aws:kms\"]}},\"Effect\":\"Deny\",\"Principal\":{\"AWS\":\"*\"},\"Resource\":\"arn:aws:s3:::unityhub-staging-webapp-help-terraform-state/*\",\"Sid\":\"DenyIncorrectEncryptionHeader\"},{\"Action\":\"s3:PutObject\",\"Condition\":{\"Null\":{\"s3:x-amz-server-side-encryption\":\"true\"}},\"Effect\":\"Deny\",\"Principal\":{\"AWS\":\"*\"},\"Resource\":\"arn:aws:s3:::unityhub-staging-webapp-help-terraform-state/*\",\"Sid\":\"DenyUnEncryptedObjectUploads\"},{\"Action\":\"s3:*\",\"Condition\":{\"Bool\":{\"aws:SecureTransport\":\"false\"}},\"Effect\":\"Deny\",\"Principal\":{\"AWS\":\"*\"},\"Resource\":[\"arn:aws:s3:::unityhub-staging-webapp-help-terraform-state/*\",\"arn:aws:s3:::unityhub-staging-webapp-help-terraform-state\"],\"Sid\":\"EnforceTlsRequestsOnly\"}],\"Version\":\"2012-10-17\"}",
            "region": "us-east-1"
          },
          "sensitive_attributes": [],
          "identity_schema_version": 0,
          "identity": {
            "account_id": "887311683230",
            "bucket": "unityhub-staging-webapp-help-terraform-state",
            "region": "us-east-1"
          },
          "private": "bnVsbA==",
          "dependencies": [
            "module.common_resources_staging.module.webapp.module.terraform_state_backend_webapp_help.aws_s3_bucket.default",
            "module.common_resources_staging.module.webapp.module.terraform_state_backend_webapp_help.data.aws_iam_policy_document.prevent_unencrypted_uploads"
          ]
        }
      ]
    },
    {
      "module": "module.common_resources_staging.module.webapp.module.terraform_state_backend_webapp_help",
      "mode": "managed",
      "type": "aws_s3_bucket_public_access_block",
      "name": "default",
      "provider": "provider[\"registry.terraform.io/hashicorp/aws\"]",
      "instances": [
        {
          "index_key": 0,
          "schema_version": 0,
          "attributes": {
            "block_public_acls": true,
            "block_public_policy": true,
            "bucket": "unityhub-staging-webapp-help-terraform-state",
            "id": "unityhub-staging-webapp-help-terraform-state",
            "ignore_public_acls": true,
            "region": "us-east-1",
            "restrict_public_buckets": true,
            "skip_destroy": null
          },
          "sensitive_attributes": [],
          "identity_schema_version": 0,
          "identity": {
            "account_id": "887311683230",
            "bucket": "unityhub-staging-webapp-help-terraform-state",
            "region": "us-east-1"
          },
          "private": "bnVsbA==",
          "dependencies": [
            "module.common_resources_staging.module.webapp.module.terraform_state_backend_webapp_help.aws_s3_bucket.default"
          ]
        }
      ]
    },
    {
      "module": "module.common_resources_staging.module.webapp.module.terraform_state_backend_webapp_help",
      "mode": "managed",
      "type": "aws_s3_bucket_server_side_encryption_configuration",
      "name": "default",
      "provider": "provider[\"registry.terraform.io/hashicorp/aws\"]",
      "instances": [
        {
          "index_key": 0,
          "schema_version": 0,
          "attributes": {
            "bucket": "unityhub-staging-webapp-help-terraform-state",
            "expected_bucket_owner": "",
            "id": "unityhub-staging-webapp-help-terraform-state",
            "region": "us-east-1",
            "rule": [
              {
                "apply_server_side_encryption_by_default": [
                  {
                    "kms_master_key_id": "",
                    "sse_algorithm": "AES256"
                  }
                ],
                "blocked_encryption_types": [
                  "NONE"
                ],
                "bucket_key_enabled": false
              }
            ]
          },
          "sensitive_attributes": [],
          "identity_schema_version": 1,
          "identity": {
            "account_id": "887311683230",
            "bucket": "unityhub-staging-webapp-help-terraform-state",
            "region": "us-east-1"
          },
          "private": "bnVsbA==",
          "dependencies": [
            "module.common_resources_staging.module.webapp.module.terraform_state_backend_webapp_help.aws_s3_bucket.default"
          ]
        }
      ]
    },
    {
      "module": "module.common_resources_staging.module.webapp.module.terraform_state_backend_webapp_help",
      "mode": "managed",
      "type": "aws_s3_bucket_versioning",
      "name": "default",
      "provider": "provider[\"registry.terraform.io/hashicorp/aws\"]",
      "instances": [
        {
          "index_key": 0,
          "schema_version": 0,
          "attributes": {
            "bucket": "unityhub-staging-webapp-help-terraform-state",
            "expected_bucket_owner": "",
            "id": "unityhub-staging-webapp-help-terraform-state",
            "mfa": null,
            "region": "us-east-1",
            "versioning_configuration": [
              {
                "mfa_delete": "Disabled",
                "status": "Enabled"
              }
            ]
          },
          "sensitive_attributes": [],
          "identity_schema_version": 1,
          "identity": {
            "account_id": "887311683230",
            "bucket": "unityhub-staging-webapp-help-terraform-state",
            "region": "us-east-1"
          },
          "private": "bnVsbA==",
          "dependencies": [
            "module.common_resources_staging.module.webapp.module.terraform_state_backend_webapp_help.aws_s3_bucket.default"
          ]
        }
      ]
    },
    {
      "module": "module.common_resources_staging.module.webapp.module.terraform_state_backend_webapp_help",
      "mode": "managed",
      "type": "local_file",
      "name": "terraform_backend_config",
      "provider": "provider[\"registry.terraform.io/hashicorp/local\"]",
      "instances": [
        {
          "index_key": 0,
          "schema_version": 0,
          "attributes": {
            "content": "terraform {\n  required_version = \"\u003e= 1.0.0\"\n\n  backend \"s3\" {\n    region         = \"us-east-1\"\n    bucket         = \"unityhub-staging-webapp-help-terraform-state\"\n    key            = \"terraform.tfstate\"\n    dynamodb_table = \"unityhub-staging-webapp-help-terraform-state-lock\"\n    profile        = \"\"\n    role_arn       = \"\"\n    encrypt        = \"true\"\n  }\n}\n",
            "content_base64": null,
            "content_base64sha256": "8NhAuEOBI63AaaqXg+u/JmgkbMhW1UkdCdKRvoCq+uA=",
            "content_base64sha512": "hOiJPMaMo6MOzjl0OPaCQSDkthfYWjn2WiwRAo+jhtfphWUl0DZTmpV4N33F9b30TFSZzxLVVB1SxvMghbsEyg==",
            "content_md5": "fc38078f478e239e93c432ff04c5b414",
            "content_sha1": "72a7c96c0fbcc33712c525a1e192618c195df853",
            "content_sha256": "f0d840b8438123adc069aa9783ebbf2668246cc856d5491d09d291be80aafae0",
            "content_sha512": "84e8893cc68ca3a30ece397438f6824120e4b617d85a39f65a2c11028fa386d7e9856525d036539a9578377dc5f5bdf44c5499cf12d5541d52c6f32085bb04ca",
            "directory_permission": "0777",
            "file_permission": "0644",
            "filename": "./backend/backend_webapp_help.tf",
            "id": "72a7c96c0fbcc33712c525a1e192618c195df853",
            "sensitive_content": null,
            "source": null
          },
          "sensitive_attributes": [
            [
              {
                "type": "get_attr",
                "value": "sensitive_content"
              }
            ]
          ],
          "identity_schema_version": 0,
          "dependencies": [
            "module.common_resources_staging.module.webapp.module.terraform_state_backend_webapp_help.aws_dynamodb_table.with_server_side_encryption",
            "module.common_resources_staging.module.webapp.module.terraform_state_backend_webapp_help.aws_s3_bucket.default",
            "module.common_resources_staging.module.webapp.module.terraform_state_backend_webapp_help.data.aws_region.current"
          ]
        }
      ]
    },
    {
      "module": "module.common_resources_staging.module.webapp.module.terraform_state_backend_webapp_msteams",
      "mode": "data",
      "type": "aws_iam_policy_document",
      "name": "prevent_unencrypted_uploads",
      "provider": "provider[\"registry.terraform.io/hashicorp/aws\"]",
      "instances": [
        {
          "index_key": 0,
          "schema_version": 0,
          "attributes": {
            "id": "2550935229",
            "json": "{\n  \"Version\": \"2012-10-17\",\n  \"Statement\": [\n    {\n      \"Sid\": \"DenyIncorrectEncryptionHeader\",\n      \"Effect\": \"Deny\",\n      \"Action\": \"s3:PutObject\",\n      \"Resource\": \"arn:aws:s3:::unityhub-staging-webapp-msteams-terraform-state/*\",\n      \"Principal\": {\n        \"AWS\": \"*\"\n      },\n      \"Condition\": {\n        \"StringNotEquals\": {\n          \"s3:x-amz-server-side-encryption\": [\n            \"AES256\",\n            \"aws:kms\"\n          ]\n        }\n      }\n    },\n    {\n      \"Sid\": \"DenyUnEncryptedObjectUploads\",\n      \"Effect\": \"Deny\",\n      \"Action\": \"s3:PutObject\",\n      \"Resource\": \"arn:aws:s3:::unityhub-staging-webapp-msteams-terraform-state/*\",\n      \"Principal\": {\n        \"AWS\": \"*\"\n      },\n      \"Condition\": {\n        \"Null\": {\n          \"s3:x-amz-server-side-encryption\": \"true\"\n        }\n      }\n    },\n    {\n      \"Sid\": \"EnforceTlsRequestsOnly\",\n      \"Effect\": \"Deny\",\n      \"Action\": \"s3:*\",\n      \"Resource\": [\n        \"arn:aws:s3:::unityhub-staging-webapp-msteams-terraform-state/*\",\n        \"arn:aws:s3:::unityhub-staging-webapp-msteams-terraform-state\"\n      ],\n      \"Principal\": {\n        \"AWS\": \"*\"\n      },\n      \"Condition\": {\n        \"Bool\": {\n          \"aws:SecureTransport\": \"false\"\n        }\n      }\n    }\n  ]\n}",
            "minified_json": "{\"Version\":\"2012-10-17\",\"Statement\":[{\"Sid\":\"DenyIncorrectEncryptionHeader\",\"Effect\":\"Deny\",\"Action\":\"s3:PutObject\",\"Resource\":\"arn:aws:s3:::unityhub-staging-webapp-msteams-terraform-state/*\",\"Principal\":{\"AWS\":\"*\"},\"Condition\":{\"StringNotEquals\":{\"s3:x-amz-server-side-encryption\":[\"AES256\",\"aws:kms\"]}}},{\"Sid\":\"DenyUnEncryptedObjectUploads\",\"Effect\":\"Deny\",\"Action\":\"s3:PutObject\",\"Resource\":\"arn:aws:s3:::unityhub-staging-webapp-msteams-terraform-state/*\",\"Principal\":{\"AWS\":\"*\"},\"Condition\":{\"Null\":{\"s3:x-amz-server-side-encryption\":\"true\"}}},{\"Sid\":\"EnforceTlsRequestsOnly\",\"Effect\":\"Deny\",\"Action\":\"s3:*\",\"Resource\":[\"arn:aws:s3:::unityhub-staging-webapp-msteams-terraform-state/*\",\"arn:aws:s3:::unityhub-staging-webapp-msteams-terraform-state\"],\"Principal\":{\"AWS\":\"*\"},\"Condition\":{\"Bool\":{\"aws:SecureTransport\":\"false\"}}}]}",
            "override_json": null,
            "override_policy_documents": null,
            "policy_id": null,
            "source_json": null,
            "source_policy_documents": null,
            "statement": [
              {
                "actions": [
                  "s3:PutObject"
                ],
                "condition": [
                  {
                    "test": "StringNotEquals",
                    "values": [
                      "AES256",
                      "aws:kms"
                    ],
                    "variable": "s3:x-amz-server-side-encryption"
                  }
                ],
                "effect": "Deny",
                "not_actions": [],
                "not_principals": [],
                "not_resources": [],
                "principals": [
                  {
                    "identifiers": [
                      "*"
                    ],
                    "type": "AWS"
                  }
                ],
                "resources": [
                  "arn:aws:s3:::unityhub-staging-webapp-msteams-terraform-state/*"
                ],
                "sid": "DenyIncorrectEncryptionHeader"
              },
              {
                "actions": [
                  "s3:PutObject"
                ],
                "condition": [
                  {
                    "test": "Null",
                    "values": [
                      "true"
                    ],
                    "variable": "s3:x-amz-server-side-encryption"
                  }
                ],
                "effect": "Deny",
                "not_actions": [],
                "not_principals": [],
                "not_resources": [],
                "principals": [
                  {
                    "identifiers": [
                      "*"
                    ],
                    "type": "AWS"
                  }
                ],
                "resources": [
                  "arn:aws:s3:::unityhub-staging-webapp-msteams-terraform-state/*"
                ],
                "sid": "DenyUnEncryptedObjectUploads"
              },
              {
                "actions": [
                  "s3:*"
                ],
                "condition": [
                  {
                    "test": "Bool",
                    "values": [
                      "false"
                    ],
                    "variable": "aws:SecureTransport"
                  }
                ],
                "effect": "Deny",
                "not_actions": [],
                "not_principals": [],
                "not_resources": [],
                "principals": [
                  {
                    "identifiers": [
                      "*"
                    ],
                    "type": "AWS"
                  }
                ],
                "resources": [
                  "arn:aws:s3:::unityhub-staging-webapp-msteams-terraform-state",
                  "arn:aws:s3:::unityhub-staging-webapp-msteams-terraform-state/*"
                ],
                "sid": "EnforceTlsRequestsOnly"
              }
            ],
            "version": "2012-10-17"
          },
          "sensitive_attributes": [],
          "identity_schema_version": 0
        }
      ]
    },
    {
      "module": "module.common_resources_staging.module.webapp.module.terraform_state_backend_webapp_msteams",
      "mode": "data",
      "type": "aws_region",
      "name": "current",
      "provider": "provider[\"registry.terraform.io/hashicorp/aws\"]",
      "instances": [
        {
          "schema_version": 0,
          "attributes": {
            "description": "US East (N. Virginia)",
            "endpoint": "ec2.us-east-1.amazonaws.com",
            "id": "us-east-1",
            "name": "us-east-1",
            "region": "us-east-1"
          },
          "sensitive_attributes": [],
          "identity_schema_version": 0
        }
      ]
    },
    {
      "module": "module.common_resources_staging.module.webapp.module.terraform_state_backend_webapp_msteams",
      "mode": "managed",
      "type": "aws_dynamodb_table",
      "name": "with_server_side_encryption",
      "provider": "provider[\"registry.terraform.io/hashicorp/aws\"]",
      "instances": [
        {
          "index_key": 0,
          "schema_version": 1,
          "attributes": {
            "arn": "arn:aws:dynamodb:us-east-1:887311683230:table/unityhub-staging-webapp-msteams-terraform-state-lock",
            "attribute": [
              {
                "name": "LockID",
                "type": "S"
              }
            ],
            "billing_mode": "PAY_PER_REQUEST",
            "deletion_protection_enabled": false,
            "global_secondary_index": [],
            "global_table_witness": [],
            "hash_key": "LockID",
            "id": "unityhub-staging-webapp-msteams-terraform-state-lock",
            "import_table": [],
            "local_secondary_index": [],
            "name": "unityhub-staging-webapp-msteams-terraform-state-lock",
            "on_demand_throughput": [],
            "point_in_time_recovery": [
              {
                "enabled": true,
                "recovery_period_in_days": 35
              }
            ],
            "range_key": null,
            "read_capacity": 0,
            "region": "us-east-1",
            "replica": [],
            "restore_backup_arn": null,
            "restore_date_time": null,
            "restore_source_name": null,
            "restore_source_table_arn": null,
            "restore_to_latest_time": null,
            "server_side_encryption": [
              {
                "enabled": true,
                "kms_key_arn": ""
              }
            ],
            "stream_arn": "",
            "stream_enabled": false,
            "stream_label": "",
            "stream_view_type": "",
            "table_class": "STANDARD",
            "tags": {
              "Attributes": "terraform-state-lock",
              "Name": "unityhub-staging-webapp-msteams-terraform-state-lock",
              "Namespace": "unityhub",
              "Stage": "staging"
            },
            "tags_all": {
              "Attributes": "terraform-state-lock",
              "Name": "unityhub-staging-webapp-msteams-terraform-state-lock",
              "Namespace": "unityhub",
              "Stage": "staging"
            },
            "timeouts": null,
            "ttl": [
              {
                "attribute_name": "",
                "enabled": false
              }
            ],
            "warm_throughput": [],
            "write_capacity": 0
          },
          "sensitive_attributes": [],
          "identity_schema_version": 0,
          "identity": {
            "account_id": "887311683230",
            "name": "unityhub-staging-webapp-msteams-terraform-state-lock",
            "region": "us-east-1"
          },
          "private": "eyJlMmJmYjczMC1lY2FhLTExZTYtOGY4OC0zNDM2M2JjN2M0YzAiOnsiY3JlYXRlIjoxODAwMDAwMDAwMDAwLCJkZWxldGUiOjYwMDAwMDAwMDAwMCwidXBkYXRlIjozNjAwMDAwMDAwMDAwfSwic2NoZW1hX3ZlcnNpb24iOiIxIn0="
        }
      ]
    },
    {
      "module": "module.common_resources_staging.module.webapp.module.terraform_state_backend_webapp_msteams",
      "mode": "managed",
      "type": "aws_s3_bucket",
      "name": "default",
      "provider": "provider[\"registry.terraform.io/hashicorp/aws\"]",
      "instances": [
        {
          "index_key": 0,
          "schema_version": 0,
          "attributes": {
            "acceleration_status": "",
            "acl": null,
            "arn": "arn:aws:s3:::unityhub-staging-webapp-msteams-terraform-state",
            "bucket": "unityhub-staging-webapp-msteams-terraform-state",
            "bucket_domain_name": "unityhub-staging-webapp-msteams-terraform-state.s3.amazonaws.com",
            "bucket_namespace": "global",
            "bucket_prefix": "",
            "bucket_region": "us-east-1",
            "bucket_regional_domain_name": "unityhub-staging-webapp-msteams-terraform-state.s3.us-east-1.amazonaws.com",
            "cors_rule": [],
            "force_destroy": true,
            "grant": [
              {
                "id": "1e705be12a968dd63fd96aa2d89b9898fdbac29cae9cebb1a3874a1b02621739",
                "permissions": [
                  "FULL_CONTROL"
                ],
                "type": "CanonicalUser",
                "uri": ""
              }
            ],
            "hosted_zone_id": "Z3AQBSTGFYJSTF",
            "id": "unityhub-staging-webapp-msteams-terraform-state",
            "lifecycle_rule": [],
            "logging": [],
            "object_lock_configuration": [],
            "object_lock_enabled": false,
            "policy": "{\"Statement\":[{\"Action\":\"s3:PutObject\",\"Condition\":{\"StringNotEquals\":{\"s3:x-amz-server-side-encryption\":[\"AES256\",\"aws:kms\"]}},\"Effect\":\"Deny\",\"Principal\":{\"AWS\":\"*\"},\"Resource\":\"arn:aws:s3:::unityhub-staging-webapp-msteams-terraform-state/*\",\"Sid\":\"DenyIncorrectEncryptionHeader\"},{\"Action\":\"s3:PutObject\",\"Condition\":{\"Null\":{\"s3:x-amz-server-side-encryption\":\"true\"}},\"Effect\":\"Deny\",\"Principal\":{\"AWS\":\"*\"},\"Resource\":\"arn:aws:s3:::unityhub-staging-webapp-msteams-terraform-state/*\",\"Sid\":\"DenyUnEncryptedObjectUploads\"},{\"Action\":\"s3:*\",\"Condition\":{\"Bool\":{\"aws:SecureTransport\":\"false\"}},\"Effect\":\"Deny\",\"Principal\":{\"AWS\":\"*\"},\"Resource\":[\"arn:aws:s3:::unityhub-staging-webapp-msteams-terraform-state/*\",\"arn:aws:s3:::unityhub-staging-webapp-msteams-terraform-state\"],\"Sid\":\"EnforceTlsRequestsOnly\"}],\"Version\":\"2012-10-17\"}",
            "region": "us-east-1",
            "replication_configuration": [],
            "request_payer": "BucketOwner",
            "server_side_encryption_configuration": [
              {
                "rule": [
                  {
                    "apply_server_side_encryption_by_default": [
                      {
                        "kms_master_key_id": "",
                        "sse_algorithm": "AES256"
                      }
                    ],
                    "bucket_key_enabled": false
                  }
                ]
              }
            ],
            "tags": {
              "Attributes": "terraform-state",
              "Name": "unityhub-staging-webapp-msteams-terraform-state",
              "Namespace": "unityhub",
              "Stage": "staging"
            },
            "tags_all": {
              "Attributes": "terraform-state",
              "Name": "unityhub-staging-webapp-msteams-terraform-state",
              "Namespace": "unityhub",
              "Stage": "staging"
            },
            "timeouts": null,
            "versioning": [
              {
                "enabled": true,
                "mfa_delete": false
              }
            ],
            "website": [],
            "website_domain": null,
            "website_endpoint": null
          },
          "sensitive_attributes": [],
          "identity_schema_version": 0,
          "identity": {
            "account_id": "887311683230",
            "bucket": "unityhub-staging-webapp-msteams-terraform-state",
            "region": "us-east-1"
          },
          "private": "eyJlMmJmYjczMC1lY2FhLTExZTYtOGY4OC0zNDM2M2JjN2M0YzAiOnsiY3JlYXRlIjoxMjAwMDAwMDAwMDAwLCJkZWxldGUiOjM2MDAwMDAwMDAwMDAsInJlYWQiOjEyMDAwMDAwMDAwMDAsInVwZGF0ZSI6MTIwMDAwMDAwMDAwMH19"
        }
      ]
    },
    {
      "module": "module.common_resources_staging.module.webapp.module.terraform_state_backend_webapp_msteams",
      "mode": "managed",
      "type": "aws_s3_bucket_ownership_controls",
      "name": "default",
      "provider": "provider[\"registry.terraform.io/hashicorp/aws\"]",
      "instances": [
        {
          "index_key": 0,
          "schema_version": 0,
          "attributes": {
            "bucket": "unityhub-staging-webapp-msteams-terraform-state",
            "id": "unityhub-staging-webapp-msteams-terraform-state",
            "region": "us-east-1",
            "rule": [
              {
                "object_ownership": "BucketOwnerEnforced"
              }
            ]
          },
          "sensitive_attributes": [],
          "identity_schema_version": 0,
          "identity": {
            "account_id": "887311683230",
            "bucket": "unityhub-staging-webapp-msteams-terraform-state",
            "region": "us-east-1"
          },
          "private": "bnVsbA==",
          "dependencies": [
            "module.common_resources_staging.module.webapp.module.terraform_state_backend_webapp_msteams.aws_s3_bucket.default"
          ]
        }
      ]
    },
    {
      "module": "module.common_resources_staging.module.webapp.module.terraform_state_backend_webapp_msteams",
      "mode": "managed",
      "type": "aws_s3_bucket_policy",
      "name": "default",
      "provider": "provider[\"registry.terraform.io/hashicorp/aws\"]",
      "instances": [
        {
          "index_key": 0,
          "schema_version": 0,
          "attributes": {
            "bucket": "unityhub-staging-webapp-msteams-terraform-state",
            "id": "unityhub-staging-webapp-msteams-terraform-state",
            "policy": "{\"Statement\":[{\"Action\":\"s3:PutObject\",\"Condition\":{\"StringNotEquals\":{\"s3:x-amz-server-side-encryption\":[\"AES256\",\"aws:kms\"]}},\"Effect\":\"Deny\",\"Principal\":{\"AWS\":\"*\"},\"Resource\":\"arn:aws:s3:::unityhub-staging-webapp-msteams-terraform-state/*\",\"Sid\":\"DenyIncorrectEncryptionHeader\"},{\"Action\":\"s3:PutObject\",\"Condition\":{\"Null\":{\"s3:x-amz-server-side-encryption\":\"true\"}},\"Effect\":\"Deny\",\"Principal\":{\"AWS\":\"*\"},\"Resource\":\"arn:aws:s3:::unityhub-staging-webapp-msteams-terraform-state/*\",\"Sid\":\"DenyUnEncryptedObjectUploads\"},{\"Action\":\"s3:*\",\"Condition\":{\"Bool\":{\"aws:SecureTransport\":\"false\"}},\"Effect\":\"Deny\",\"Principal\":{\"AWS\":\"*\"},\"Resource\":[\"arn:aws:s3:::unityhub-staging-webapp-msteams-terraform-state/*\",\"arn:aws:s3:::unityhub-staging-webapp-msteams-terraform-state\"],\"Sid\":\"EnforceTlsRequestsOnly\"}],\"Version\":\"2012-10-17\"}",
            "region": "us-east-1"
          },
          "sensitive_attributes": [],
          "identity_schema_version": 0,
          "identity": {
            "account_id": "887311683230",
            "bucket": "unityhub-staging-webapp-msteams-terraform-state",
            "region": "us-east-1"
          },
          "private": "bnVsbA==",
          "dependencies": [
            "module.common_resources_staging.module.webapp.module.terraform_state_backend_webapp_msteams.aws_s3_bucket.default",
            "module.common_resources_staging.module.webapp.module.terraform_state_backend_webapp_msteams.data.aws_iam_policy_document.prevent_unencrypted_uploads"
          ]
        }
      ]
    },
    {
      "module": "module.common_resources_staging.module.webapp.module.terraform_state_backend_webapp_msteams",
      "mode": "managed",
      "type": "aws_s3_bucket_public_access_block",
      "name": "default",
      "provider": "provider[\"registry.terraform.io/hashicorp/aws\"]",
      "instances": [
        {
          "index_key": 0,
          "schema_version": 0,
          "attributes": {
            "block_public_acls": true,
            "block_public_policy": true,
            "bucket": "unityhub-staging-webapp-msteams-terraform-state",
            "id": "unityhub-staging-webapp-msteams-terraform-state",
            "ignore_public_acls": true,
            "region": "us-east-1",
            "restrict_public_buckets": true,
            "skip_destroy": null
          },
          "sensitive_attributes": [],
          "identity_schema_version": 0,
          "identity": {
            "account_id": "887311683230",
            "bucket": "unityhub-staging-webapp-msteams-terraform-state",
            "region": "us-east-1"
          },
          "private": "bnVsbA==",
          "dependencies": [
            "module.common_resources_staging.module.webapp.module.terraform_state_backend_webapp_msteams.aws_s3_bucket.default"
          ]
        }
      ]
    },
    {
      "module": "module.common_resources_staging.module.webapp.module.terraform_state_backend_webapp_msteams",
      "mode": "managed",
      "type": "aws_s3_bucket_server_side_encryption_configuration",
      "name": "default",
      "provider": "provider[\"registry.terraform.io/hashicorp/aws\"]",
      "instances": [
        {
          "index_key": 0,
          "schema_version": 0,
          "attributes": {
            "bucket": "unityhub-staging-webapp-msteams-terraform-state",
            "expected_bucket_owner": "",
            "id": "unityhub-staging-webapp-msteams-terraform-state",
            "region": "us-east-1",
            "rule": [
              {
                "apply_server_side_encryption_by_default": [
                  {
                    "kms_master_key_id": "",
                    "sse_algorithm": "AES256"
                  }
                ],
                "blocked_encryption_types": [
                  "NONE"
                ],
                "bucket_key_enabled": false
              }
            ]
          },
          "sensitive_attributes": [],
          "identity_schema_version": 1,
          "identity": {
            "account_id": "887311683230",
            "bucket": "unityhub-staging-webapp-msteams-terraform-state",
            "region": "us-east-1"
          },
          "private": "bnVsbA==",
          "dependencies": [
            "module.common_resources_staging.module.webapp.module.terraform_state_backend_webapp_msteams.aws_s3_bucket.default"
          ]
        }
      ]
    },
    {
      "module": "module.common_resources_staging.module.webapp.module.terraform_state_backend_webapp_msteams",
      "mode": "managed",
      "type": "aws_s3_bucket_versioning",
      "name": "default",
      "provider": "provider[\"registry.terraform.io/hashicorp/aws\"]",
      "instances": [
        {
          "index_key": 0,
          "schema_version": 0,
          "attributes": {
            "bucket": "unityhub-staging-webapp-msteams-terraform-state",
            "expected_bucket_owner": "",
            "id": "unityhub-staging-webapp-msteams-terraform-state",
            "mfa": null,
            "region": "us-east-1",
            "versioning_configuration": [
              {
                "mfa_delete": "Disabled",
                "status": "Enabled"
              }
            ]
          },
          "sensitive_attributes": [],
          "identity_schema_version": 1,
          "identity": {
            "account_id": "887311683230",
            "bucket": "unityhub-staging-webapp-msteams-terraform-state",
            "region": "us-east-1"
          },
          "private": "bnVsbA==",
          "dependencies": [
            "module.common_resources_staging.module.webapp.module.terraform_state_backend_webapp_msteams.aws_s3_bucket.default"
          ]
        }
      ]
    },
    {
      "module": "module.common_resources_staging.module.webapp.module.terraform_state_backend_webapp_msteams",
      "mode": "managed",
      "type": "local_file",
      "name": "terraform_backend_config",
      "provider": "provider[\"registry.terraform.io/hashicorp/local\"]",
      "instances": [
        {
          "index_key": 0,
          "schema_version": 0,
          "attributes": {
            "content": "terraform {\n  required_version = \"\u003e= 1.0.0\"\n\n  backend \"s3\" {\n    region         = \"us-east-1\"\n    bucket         = \"unityhub-staging-webapp-msteams-terraform-state\"\n    key            = \"terraform.tfstate\"\n    dynamodb_table = \"unityhub-staging-webapp-msteams-terraform-state-lock\"\n    profile        = \"\"\n    role_arn       = \"\"\n    encrypt        = \"true\"\n  }\n}\n",
            "content_base64": null,
            "content_base64sha256": "x7mIklAqYAwYjSdddDa+kemsMAsLRDkWWJyh4loFx4M=",
            "content_base64sha512": "lRPE1RIx4w1p7AkGt7wAsruf/I0Oz12SLpoxfCC9iWX/IKhvzSjXHd6dQksQa+VkDFAApAU9jWXxHdmaq54dIw==",
            "content_md5": "509636d42c125270981823507cb88b03",
            "content_sha1": "3e789d6c03c7d7f5d0cf50c0ae1787b7773ed907",
            "content_sha256": "c7b98892502a600c188d275d7436be91e9ac300b0b443916589ca1e25a05c783",
            "content_sha512": "9513c4d51231e30d69ec0906b7bc00b2bb9ffc8d0ecf5d922e9a317c20bd8965ff20a86fcd28d71dde9d424b106be5640c5000a4053d8d65f11dd99aab9e1d23",
            "directory_permission": "0777",
            "file_permission": "0644",
            "filename": "./backend/backend_webapp_msteams.tf",
            "id": "3e789d6c03c7d7f5d0cf50c0ae1787b7773ed907",
            "sensitive_content": null,
            "source": null
          },
          "sensitive_attributes": [
            [
              {
                "type": "get_attr",
                "value": "sensitive_content"
              }
            ]
          ],
          "identity_schema_version": 0,
          "dependencies": [
            "module.common_resources_staging.module.webapp.module.terraform_state_backend_webapp_msteams.aws_dynamodb_table.with_server_side_encryption",
            "module.common_resources_staging.module.webapp.module.terraform_state_backend_webapp_msteams.aws_s3_bucket.default",
            "module.common_resources_staging.module.webapp.module.terraform_state_backend_webapp_msteams.data.aws_region.current"
          ]
        }
      ]
    },
    {
      "module": "module.common_resources_staging.module.webapp.module.terraform_state_backend_webapp_shared",
      "mode": "data",
      "type": "aws_iam_policy_document",
      "name": "prevent_unencrypted_uploads",
      "provider": "provider[\"registry.terraform.io/hashicorp/aws\"]",
      "instances": [
        {
          "index_key": 0,
          "schema_version": 0,
          "attributes": {
            "id": "2539259062",
            "json": "{\n  \"Version\": \"2012-10-17\",\n  \"Statement\": [\n    {\n      \"Sid\": \"DenyIncorrectEncryptionHeader\",\n      \"Effect\": \"Deny\",\n      \"Action\": \"s3:PutObject\",\n      \"Resource\": \"arn:aws:s3:::unityhub-staging-webapp-shared-terraform-state/*\",\n      \"Principal\": {\n        \"AWS\": \"*\"\n      },\n      \"Condition\": {\n        \"StringNotEquals\": {\n          \"s3:x-amz-server-side-encryption\": [\n            \"AES256\",\n            \"aws:kms\"\n          ]\n        }\n      }\n    },\n    {\n      \"Sid\": \"DenyUnEncryptedObjectUploads\",\n      \"Effect\": \"Deny\",\n      \"Action\": \"s3:PutObject\",\n      \"Resource\": \"arn:aws:s3:::unityhub-staging-webapp-shared-terraform-state/*\",\n      \"Principal\": {\n        \"AWS\": \"*\"\n      },\n      \"Condition\": {\n        \"Null\": {\n          \"s3:x-amz-server-side-encryption\": \"true\"\n        }\n      }\n    },\n    {\n      \"Sid\": \"EnforceTlsRequestsOnly\",\n      \"Effect\": \"Deny\",\n      \"Action\": \"s3:*\",\n      \"Resource\": [\n        \"arn:aws:s3:::unityhub-staging-webapp-shared-terraform-state/*\",\n        \"arn:aws:s3:::unityhub-staging-webapp-shared-terraform-state\"\n      ],\n      \"Principal\": {\n        \"AWS\": \"*\"\n      },\n      \"Condition\": {\n        \"Bool\": {\n          \"aws:SecureTransport\": \"false\"\n        }\n      }\n    }\n  ]\n}",
            "minified_json": "{\"Version\":\"2012-10-17\",\"Statement\":[{\"Sid\":\"DenyIncorrectEncryptionHeader\",\"Effect\":\"Deny\",\"Action\":\"s3:PutObject\",\"Resource\":\"arn:aws:s3:::unityhub-staging-webapp-shared-terraform-state/*\",\"Principal\":{\"AWS\":\"*\"},\"Condition\":{\"StringNotEquals\":{\"s3:x-amz-server-side-encryption\":[\"AES256\",\"aws:kms\"]}}},{\"Sid\":\"DenyUnEncryptedObjectUploads\",\"Effect\":\"Deny\",\"Action\":\"s3:PutObject\",\"Resource\":\"arn:aws:s3:::unityhub-staging-webapp-shared-terraform-state/*\",\"Principal\":{\"AWS\":\"*\"},\"Condition\":{\"Null\":{\"s3:x-amz-server-side-encryption\":\"true\"}}},{\"Sid\":\"EnforceTlsRequestsOnly\",\"Effect\":\"Deny\",\"Action\":\"s3:*\",\"Resource\":[\"arn:aws:s3:::unityhub-staging-webapp-shared-terraform-state/*\",\"arn:aws:s3:::unityhub-staging-webapp-shared-terraform-state\"],\"Principal\":{\"AWS\":\"*\"},\"Condition\":{\"Bool\":{\"aws:SecureTransport\":\"false\"}}}]}",
            "override_json": null,
            "override_policy_documents": null,
            "policy_id": null,
            "source_json": null,
            "source_policy_documents": null,
            "statement": [
              {
                "actions": [
                  "s3:PutObject"
                ],
                "condition": [
                  {
                    "test": "StringNotEquals",
                    "values": [
                      "AES256",
                      "aws:kms"
                    ],
                    "variable": "s3:x-amz-server-side-encryption"
                  }
                ],
                "effect": "Deny",
                "not_actions": [],
                "not_principals": [],
                "not_resources": [],
                "principals": [
                  {
                    "identifiers": [
                      "*"
                    ],
                    "type": "AWS"
                  }
                ],
                "resources": [
                  "arn:aws:s3:::unityhub-staging-webapp-shared-terraform-state/*"
                ],
                "sid": "DenyIncorrectEncryptionHeader"
              },
              {
                "actions": [
                  "s3:PutObject"
                ],
                "condition": [
                  {
                    "test": "Null",
                    "values": [
                      "true"
                    ],
                    "variable": "s3:x-amz-server-side-encryption"
                  }
                ],
                "effect": "Deny",
                "not_actions": [],
                "not_principals": [],
                "not_resources": [],
                "principals": [
                  {
                    "identifiers": [
                      "*"
                    ],
                    "type": "AWS"
                  }
                ],
                "resources": [
                  "arn:aws:s3:::unityhub-staging-webapp-shared-terraform-state/*"
                ],
                "sid": "DenyUnEncryptedObjectUploads"
              },
              {
                "actions": [
                  "s3:*"
                ],
                "condition": [
                  {
                    "test": "Bool",
                    "values": [
                      "false"
                    ],
                    "variable": "aws:SecureTransport"
                  }
                ],
                "effect": "Deny",
                "not_actions": [],
                "not_principals": [],
                "not_resources": [],
                "principals": [
                  {
                    "identifiers": [
                      "*"
                    ],
                    "type": "AWS"
                  }
                ],
                "resources": [
                  "arn:aws:s3:::unityhub-staging-webapp-shared-terraform-state",
                  "arn:aws:s3:::unityhub-staging-webapp-shared-terraform-state/*"
                ],
                "sid": "EnforceTlsRequestsOnly"
              }
            ],
            "version": "2012-10-17"
          },
          "sensitive_attributes": [],
          "identity_schema_version": 0
        }
      ]
    },
    {
      "module": "module.common_resources_staging.module.webapp.module.terraform_state_backend_webapp_shared",
      "mode": "data",
      "type": "aws_region",
      "name": "current",
      "provider": "provider[\"registry.terraform.io/hashicorp/aws\"]",
      "instances": [
        {
          "schema_version": 0,
          "attributes": {
            "description": "US East (N. Virginia)",
            "endpoint": "ec2.us-east-1.amazonaws.com",
            "id": "us-east-1",
            "name": "us-east-1",
            "region": "us-east-1"
          },
          "sensitive_attributes": [],
          "identity_schema_version": 0
        }
      ]
    },
    {
      "module": "module.common_resources_staging.module.webapp.module.terraform_state_backend_webapp_shared",
      "mode": "managed",
      "type": "aws_dynamodb_table",
      "name": "with_server_side_encryption",
      "provider": "provider[\"registry.terraform.io/hashicorp/aws\"]",
      "instances": [
        {
          "index_key": 0,
          "schema_version": 1,
          "attributes": {
            "arn": "arn:aws:dynamodb:us-east-1:887311683230:table/unityhub-staging-webapp-shared-terraform-state-lock",
            "attribute": [
              {
                "name": "LockID",
                "type": "S"
              }
            ],
            "billing_mode": "PAY_PER_REQUEST",
            "deletion_protection_enabled": false,
            "global_secondary_index": [],
            "global_table_witness": [],
            "hash_key": "LockID",
            "id": "unityhub-staging-webapp-shared-terraform-state-lock",
            "import_table": [],
            "local_secondary_index": [],
            "name": "unityhub-staging-webapp-shared-terraform-state-lock",
            "on_demand_throughput": [],
            "point_in_time_recovery": [
              {
                "enabled": true,
                "recovery_period_in_days": 35
              }
            ],
            "range_key": null,
            "read_capacity": 0,
            "region": "us-east-1",
            "replica": [],
            "restore_backup_arn": null,
            "restore_date_time": null,
            "restore_source_name": null,
            "restore_source_table_arn": null,
            "restore_to_latest_time": null,
            "server_side_encryption": [
              {
                "enabled": true,
                "kms_key_arn": ""
              }
            ],
            "stream_arn": "",
            "stream_enabled": false,
            "stream_label": "",
            "stream_view_type": "",
            "table_class": "STANDARD",
            "tags": {
              "Attributes": "terraform-state-lock",
              "Name": "unityhub-staging-webapp-shared-terraform-state-lock",
              "Namespace": "unityhub",
              "Stage": "staging"
            },
            "tags_all": {
              "Attributes": "terraform-state-lock",
              "Name": "unityhub-staging-webapp-shared-terraform-state-lock",
              "Namespace": "unityhub",
              "Stage": "staging"
            },
            "timeouts": null,
            "ttl": [
              {
                "attribute_name": "",
                "enabled": false
              }
            ],
            "warm_throughput": [],
            "write_capacity": 0
          },
          "sensitive_attributes": [],
          "identity_schema_version": 0,
          "identity": {
            "account_id": "887311683230",
            "name": "unityhub-staging-webapp-shared-terraform-state-lock",
            "region": "us-east-1"
          },
          "private": "eyJlMmJmYjczMC1lY2FhLTExZTYtOGY4OC0zNDM2M2JjN2M0YzAiOnsiY3JlYXRlIjoxODAwMDAwMDAwMDAwLCJkZWxldGUiOjYwMDAwMDAwMDAwMCwidXBkYXRlIjozNjAwMDAwMDAwMDAwfSwic2NoZW1hX3ZlcnNpb24iOiIxIn0="
        }
      ]
    },
    {
      "module": "module.common_resources_staging.module.webapp.module.terraform_state_backend_webapp_shared",
      "mode": "managed",
      "type": "aws_s3_bucket",
      "name": "default",
      "provider": "provider[\"registry.terraform.io/hashicorp/aws\"]",
      "instances": [
        {
          "index_key": 0,
          "schema_version": 0,
          "attributes": {
            "acceleration_status": "",
            "acl": null,
            "arn": "arn:aws:s3:::unityhub-staging-webapp-shared-terraform-state",
            "bucket": "unityhub-staging-webapp-shared-terraform-state",
            "bucket_domain_name": "unityhub-staging-webapp-shared-terraform-state.s3.amazonaws.com",
            "bucket_namespace": "global",
            "bucket_prefix": "",
            "bucket_region": "us-east-1",
            "bucket_regional_domain_name": "unityhub-staging-webapp-shared-terraform-state.s3.us-east-1.amazonaws.com",
            "cors_rule": [],
            "force_destroy": true,
            "grant": [
              {
                "id": "1e705be12a968dd63fd96aa2d89b9898fdbac29cae9cebb1a3874a1b02621739",
                "permissions": [
                  "FULL_CONTROL"
                ],
                "type": "CanonicalUser",
                "uri": ""
              }
            ],
            "hosted_zone_id": "Z3AQBSTGFYJSTF",
            "id": "unityhub-staging-webapp-shared-terraform-state",
            "lifecycle_rule": [],
            "logging": [],
            "object_lock_configuration": [],
            "object_lock_enabled": false,
            "policy": "{\"Statement\":[{\"Action\":\"s3:PutObject\",\"Condition\":{\"StringNotEquals\":{\"s3:x-amz-server-side-encryption\":[\"AES256\",\"aws:kms\"]}},\"Effect\":\"Deny\",\"Principal\":{\"AWS\":\"*\"},\"Resource\":\"arn:aws:s3:::unityhub-staging-webapp-shared-terraform-state/*\",\"Sid\":\"DenyIncorrectEncryptionHeader\"},{\"Action\":\"s3:PutObject\",\"Condition\":{\"Null\":{\"s3:x-amz-server-side-encryption\":\"true\"}},\"Effect\":\"Deny\",\"Principal\":{\"AWS\":\"*\"},\"Resource\":\"arn:aws:s3:::unityhub-staging-webapp-shared-terraform-state/*\",\"Sid\":\"DenyUnEncryptedObjectUploads\"},{\"Action\":\"s3:*\",\"Condition\":{\"Bool\":{\"aws:SecureTransport\":\"false\"}},\"Effect\":\"Deny\",\"Principal\":{\"AWS\":\"*\"},\"Resource\":[\"arn:aws:s3:::unityhub-staging-webapp-shared-terraform-state/*\",\"arn:aws:s3:::unityhub-staging-webapp-shared-terraform-state\"],\"Sid\":\"EnforceTlsRequestsOnly\"}],\"Version\":\"2012-10-17\"}",
            "region": "us-east-1",
            "replication_configuration": [],
            "request_payer": "BucketOwner",
            "server_side_encryption_configuration": [
              {
                "rule": [
                  {
                    "apply_server_side_encryption_by_default": [
                      {
                        "kms_master_key_id": "",
                        "sse_algorithm": "AES256"
                      }
                    ],
                    "bucket_key_enabled": false
                  }
                ]
              }
            ],
            "tags": {
              "Attributes": "terraform-state",
              "Name": "unityhub-staging-webapp-shared-terraform-state",
              "Namespace": "unityhub",
              "Stage": "staging"
            },
            "tags_all": {
              "Attributes": "terraform-state",
              "Name": "unityhub-staging-webapp-shared-terraform-state",
              "Namespace": "unityhub",
              "Stage": "staging"
            },
            "timeouts": null,
            "versioning": [
              {
                "enabled": true,
                "mfa_delete": false
              }
            ],
            "website": [],
            "website_domain": null,
            "website_endpoint": null
          },
          "sensitive_attributes": [],
          "identity_schema_version": 0,
          "identity": {
            "account_id": "887311683230",
            "bucket": "unityhub-staging-webapp-shared-terraform-state",
            "region": "us-east-1"
          },
          "private": "eyJlMmJmYjczMC1lY2FhLTExZTYtOGY4OC0zNDM2M2JjN2M0YzAiOnsiY3JlYXRlIjoxMjAwMDAwMDAwMDAwLCJkZWxldGUiOjM2MDAwMDAwMDAwMDAsInJlYWQiOjEyMDAwMDAwMDAwMDAsInVwZGF0ZSI6MTIwMDAwMDAwMDAwMH19"
        }
      ]
    },
    {
      "module": "module.common_resources_staging.module.webapp.module.terraform_state_backend_webapp_shared",
      "mode": "managed",
      "type": "aws_s3_bucket_ownership_controls",
      "name": "default",
      "provider": "provider[\"registry.terraform.io/hashicorp/aws\"]",
      "instances": [
        {
          "index_key": 0,
          "schema_version": 0,
          "attributes": {
            "bucket": "unityhub-staging-webapp-shared-terraform-state",
            "id": "unityhub-staging-webapp-shared-terraform-state",
            "region": "us-east-1",
            "rule": [
              {
                "object_ownership": "BucketOwnerEnforced"
              }
            ]
          },
          "sensitive_attributes": [],
          "identity_schema_version": 0,
          "identity": {
            "account_id": "887311683230",
            "bucket": "unityhub-staging-webapp-shared-terraform-state",
            "region": "us-east-1"
          },
          "private": "bnVsbA==",
          "dependencies": [
            "module.common_resources_staging.module.webapp.module.terraform_state_backend_webapp_shared.aws_s3_bucket.default"
          ]
        }
      ]
    },
    {
      "module": "module.common_resources_staging.module.webapp.module.terraform_state_backend_webapp_shared",
      "mode": "managed",
      "type": "aws_s3_bucket_policy",
      "name": "default",
      "provider": "provider[\"registry.terraform.io/hashicorp/aws\"]",
      "instances": [
        {
          "index_key": 0,
          "schema_version": 0,
          "attributes": {
            "bucket": "unityhub-staging-webapp-shared-terraform-state",
            "id": "unityhub-staging-webapp-shared-terraform-state",
            "policy": "{\"Statement\":[{\"Action\":\"s3:PutObject\",\"Condition\":{\"StringNotEquals\":{\"s3:x-amz-server-side-encryption\":[\"AES256\",\"aws:kms\"]}},\"Effect\":\"Deny\",\"Principal\":{\"AWS\":\"*\"},\"Resource\":\"arn:aws:s3:::unityhub-staging-webapp-shared-terraform-state/*\",\"Sid\":\"DenyIncorrectEncryptionHeader\"},{\"Action\":\"s3:PutObject\",\"Condition\":{\"Null\":{\"s3:x-amz-server-side-encryption\":\"true\"}},\"Effect\":\"Deny\",\"Principal\":{\"AWS\":\"*\"},\"Resource\":\"arn:aws:s3:::unityhub-staging-webapp-shared-terraform-state/*\",\"Sid\":\"DenyUnEncryptedObjectUploads\"},{\"Action\":\"s3:*\",\"Condition\":{\"Bool\":{\"aws:SecureTransport\":\"false\"}},\"Effect\":\"Deny\",\"Principal\":{\"AWS\":\"*\"},\"Resource\":[\"arn:aws:s3:::unityhub-staging-webapp-shared-terraform-state/*\",\"arn:aws:s3:::unityhub-staging-webapp-shared-terraform-state\"],\"Sid\":\"EnforceTlsRequestsOnly\"}],\"Version\":\"2012-10-17\"}",
            "region": "us-east-1"
          },
          "sensitive_attributes": [],
          "identity_schema_version": 0,
          "identity": {
            "account_id": "887311683230",
            "bucket": "unityhub-staging-webapp-shared-terraform-state",
            "region": "us-east-1"
          },
          "private": "bnVsbA==",
          "dependencies": [
            "module.common_resources_staging.module.webapp.module.terraform_state_backend_webapp_shared.aws_s3_bucket.default",
            "module.common_resources_staging.module.webapp.module.terraform_state_backend_webapp_shared.data.aws_iam_policy_document.prevent_unencrypted_uploads"
          ]
        }
      ]
    },
    {
      "module": "module.common_resources_staging.module.webapp.module.terraform_state_backend_webapp_shared",
      "mode": "managed",
      "type": "aws_s3_bucket_public_access_block",
      "name": "default",
      "provider": "provider[\"registry.terraform.io/hashicorp/aws\"]",
      "instances": [
        {
          "index_key": 0,
          "schema_version": 0,
          "attributes": {
            "block_public_acls": true,
            "block_public_policy": true,
            "bucket": "unityhub-staging-webapp-shared-terraform-state",
            "id": "unityhub-staging-webapp-shared-terraform-state",
            "ignore_public_acls": true,
            "region": "us-east-1",
            "restrict_public_buckets": true,
            "skip_destroy": null
          },
          "sensitive_attributes": [],
          "identity_schema_version": 0,
          "identity": {
            "account_id": "887311683230",
            "bucket": "unityhub-staging-webapp-shared-terraform-state",
            "region": "us-east-1"
          },
          "private": "bnVsbA==",
          "dependencies": [
            "module.common_resources_staging.module.webapp.module.terraform_state_backend_webapp_shared.aws_s3_bucket.default"
          ]
        }
      ]
    },
    {
      "module": "module.common_resources_staging.module.webapp.module.terraform_state_backend_webapp_shared",
      "mode": "managed",
      "type": "aws_s3_bucket_server_side_encryption_configuration",
      "name": "default",
      "provider": "provider[\"registry.terraform.io/hashicorp/aws\"]",
      "instances": [
        {
          "index_key": 0,
          "schema_version": 0,
          "attributes": {
            "bucket": "unityhub-staging-webapp-shared-terraform-state",
            "expected_bucket_owner": "",
            "id": "unityhub-staging-webapp-shared-terraform-state",
            "region": "us-east-1",
            "rule": [
              {
                "apply_server_side_encryption_by_default": [
                  {
                    "kms_master_key_id": "",
                    "sse_algorithm": "AES256"
                  }
                ],
                "blocked_encryption_types": [
                  "NONE"
                ],
                "bucket_key_enabled": false
              }
            ]
          },
          "sensitive_attributes": [],
          "identity_schema_version": 1,
          "identity": {
            "account_id": "887311683230",
            "bucket": "unityhub-staging-webapp-shared-terraform-state",
            "region": "us-east-1"
          },
          "private": "bnVsbA==",
          "dependencies": [
            "module.common_resources_staging.module.webapp.module.terraform_state_backend_webapp_shared.aws_s3_bucket.default"
          ]
        }
      ]
    },
    {
      "module": "module.common_resources_staging.module.webapp.module.terraform_state_backend_webapp_shared",
      "mode": "managed",
      "type": "aws_s3_bucket_versioning",
      "name": "default",
      "provider": "provider[\"registry.terraform.io/hashicorp/aws\"]",
      "instances": [
        {
          "index_key": 0,
          "schema_version": 0,
          "attributes": {
            "bucket": "unityhub-staging-webapp-shared-terraform-state",
            "expected_bucket_owner": "",
            "id": "unityhub-staging-webapp-shared-terraform-state",
            "mfa": null,
            "region": "us-east-1",
            "versioning_configuration": [
              {
                "mfa_delete": "Disabled",
                "status": "Enabled"
              }
            ]
          },
          "sensitive_attributes": [],
          "identity_schema_version": 1,
          "identity": {
            "account_id": "887311683230",
            "bucket": "unityhub-staging-webapp-shared-terraform-state",
            "region": "us-east-1"
          },
          "private": "bnVsbA==",
          "dependencies": [
            "module.common_resources_staging.module.webapp.module.terraform_state_backend_webapp_shared.aws_s3_bucket.default"
          ]
        }
      ]
    },
    {
      "module": "module.common_resources_staging.module.webapp.module.terraform_state_backend_webapp_shared",
      "mode": "managed",
      "type": "local_file",
      "name": "terraform_backend_config",
      "provider": "provider[\"registry.terraform.io/hashicorp/local\"]",
      "instances": [
        {
          "index_key": 0,
          "schema_version": 0,
          "attributes": {
            "content": "terraform {\n  required_version = \"\u003e= 1.0.0\"\n\n  backend \"s3\" {\n    region         = \"us-east-1\"\n    bucket         = \"unityhub-staging-webapp-shared-terraform-state\"\n    key            = \"terraform.tfstate\"\n    dynamodb_table = \"unityhub-staging-webapp-shared-terraform-state-lock\"\n    profile        = \"\"\n    role_arn       = \"\"\n    encrypt        = \"true\"\n  }\n}\n",
            "content_base64": null,
            "content_base64sha256": "Sy2K/DifWL8rqeB4Y3DpT0kcqRHtSecFJgrzdgY3sWQ=",
            "content_base64sha512": "6bQ46SQtuZg7FiljLm8jD9WQCpGSEspgfLbzC8cIK62J7qJTAcIgQwzSSG6cHXm+Gp7Q7JiyELSnbzTEwDgQmA==",
            "content_md5": "c9f1cfdfff4612b2cc254a354924ae1d",
            "content_sha1": "e37c6e7a626ea8569a3a8e624cb0b2e0384f9d5d",
            "content_sha256": "4b2d8afc389f58bf2ba9e0786370e94f491ca911ed49e705260af3760637b164",
            "content_sha512": "e9b438e9242db9983b1629632e6f230fd5900a919212ca607cb6f30bc7082bad89eea25301c220430cd2486e9c1d79be1a9ed0ec98b210b4a76f34c4c0381098",
            "directory_permission": "0777",
            "file_permission": "0644",
            "filename": "./backend/backend_webapp_shared.tf",
            "id": "e37c6e7a626ea8569a3a8e624cb0b2e0384f9d5d",
            "sensitive_content": null,
            "source": null
          },
          "sensitive_attributes": [
            [
              {
                "type": "get_attr",
                "value": "sensitive_content"
              }
            ]
          ],
          "identity_schema_version": 0,
          "dependencies": [
            "module.common_resources_staging.module.webapp.module.terraform_state_backend_webapp_shared.aws_dynamodb_table.with_server_side_encryption",
            "module.common_resources_staging.module.webapp.module.terraform_state_backend_webapp_shared.aws_s3_bucket.default",
            "module.common_resources_staging.module.webapp.module.terraform_state_backend_webapp_shared.data.aws_region.current"
          ]
        }
      ]
    },
    {
      "module": "module.common_resources_staging.module.webapp_spaces.module.terraform_state_backend_webapp_spaces",
      "mode": "data",
      "type": "aws_iam_policy_document",
      "name": "prevent_unencrypted_uploads",
      "provider": "provider[\"registry.terraform.io/hashicorp/aws\"]",
      "instances": [
        {
          "index_key": 0,
          "schema_version": 0,
          "attributes": {
            "id": "1669027468",
            "json": "{\n  \"Version\": \"2012-10-17\",\n  \"Statement\": [\n    {\n      \"Sid\": \"DenyIncorrectEncryptionHeader\",\n      \"Effect\": \"Deny\",\n      \"Action\": \"s3:PutObject\",\n      \"Resource\": \"arn:aws:s3:::unityhub-staging-webappspaces-terraform-state/*\",\n      \"Principal\": {\n        \"AWS\": \"*\"\n      },\n      \"Condition\": {\n        \"StringNotEquals\": {\n          \"s3:x-amz-server-side-encryption\": [\n            \"AES256\",\n            \"aws:kms\"\n          ]\n        }\n      }\n    },\n    {\n      \"Sid\": \"DenyUnEncryptedObjectUploads\",\n      \"Effect\": \"Deny\",\n      \"Action\": \"s3:PutObject\",\n      \"Resource\": \"arn:aws:s3:::unityhub-staging-webappspaces-terraform-state/*\",\n      \"Principal\": {\n        \"AWS\": \"*\"\n      },\n      \"Condition\": {\n        \"Null\": {\n          \"s3:x-amz-server-side-encryption\": \"true\"\n        }\n      }\n    },\n    {\n      \"Sid\": \"EnforceTlsRequestsOnly\",\n      \"Effect\": \"Deny\",\n      \"Action\": \"s3:*\",\n      \"Resource\": [\n        \"arn:aws:s3:::unityhub-staging-webappspaces-terraform-state/*\",\n        \"arn:aws:s3:::unityhub-staging-webappspaces-terraform-state\"\n      ],\n      \"Principal\": {\n        \"AWS\": \"*\"\n      },\n      \"Condition\": {\n        \"Bool\": {\n          \"aws:SecureTransport\": \"false\"\n        }\n      }\n    }\n  ]\n}",
            "minified_json": "{\"Version\":\"2012-10-17\",\"Statement\":[{\"Sid\":\"DenyIncorrectEncryptionHeader\",\"Effect\":\"Deny\",\"Action\":\"s3:PutObject\",\"Resource\":\"arn:aws:s3:::unityhub-staging-webappspaces-terraform-state/*\",\"Principal\":{\"AWS\":\"*\"},\"Condition\":{\"StringNotEquals\":{\"s3:x-amz-server-side-encryption\":[\"AES256\",\"aws:kms\"]}}},{\"Sid\":\"DenyUnEncryptedObjectUploads\",\"Effect\":\"Deny\",\"Action\":\"s3:PutObject\",\"Resource\":\"arn:aws:s3:::unityhub-staging-webappspaces-terraform-state/*\",\"Principal\":{\"AWS\":\"*\"},\"Condition\":{\"Null\":{\"s3:x-amz-server-side-encryption\":\"true\"}}},{\"Sid\":\"EnforceTlsRequestsOnly\",\"Effect\":\"Deny\",\"Action\":\"s3:*\",\"Resource\":[\"arn:aws:s3:::unityhub-staging-webappspaces-terraform-state/*\",\"arn:aws:s3:::unityhub-staging-webappspaces-terraform-state\"],\"Principal\":{\"AWS\":\"*\"},\"Condition\":{\"Bool\":{\"aws:SecureTransport\":\"false\"}}}]}",
            "override_json": null,
            "override_policy_documents": null,
            "policy_id": null,
            "source_json": null,
            "source_policy_documents": null,
            "statement": [
              {
                "actions": [
                  "s3:PutObject"
                ],
                "condition": [
                  {
                    "test": "StringNotEquals",
                    "values": [
                      "AES256",
                      "aws:kms"
                    ],
                    "variable": "s3:x-amz-server-side-encryption"
                  }
                ],
                "effect": "Deny",
                "not_actions": [],
                "not_principals": [],
                "not_resources": [],
                "principals": [
                  {
                    "identifiers": [
                      "*"
                    ],
                    "type": "AWS"
                  }
                ],
                "resources": [
                  "arn:aws:s3:::unityhub-staging-webappspaces-terraform-state/*"
                ],
                "sid": "DenyIncorrectEncryptionHeader"
              },
              {
                "actions": [
                  "s3:PutObject"
                ],
                "condition": [
                  {
                    "test": "Null",
                    "values": [
                      "true"
                    ],
                    "variable": "s3:x-amz-server-side-encryption"
                  }
                ],
                "effect": "Deny",
                "not_actions": [],
                "not_principals": [],
                "not_resources": [],
                "principals": [
                  {
                    "identifiers": [
                      "*"
                    ],
                    "type": "AWS"
                  }
                ],
                "resources": [
                  "arn:aws:s3:::unityhub-staging-webappspaces-terraform-state/*"
                ],
                "sid": "DenyUnEncryptedObjectUploads"
              },
              {
                "actions": [
                  "s3:*"
                ],
                "condition": [
                  {
                    "test": "Bool",
                    "values": [
                      "false"
                    ],
                    "variable": "aws:SecureTransport"
                  }
                ],
                "effect": "Deny",
                "not_actions": [],
                "not_principals": [],
                "not_resources": [],
                "principals": [
                  {
                    "identifiers": [
                      "*"
                    ],
                    "type": "AWS"
                  }
                ],
                "resources": [
                  "arn:aws:s3:::unityhub-staging-webappspaces-terraform-state",
                  "arn:aws:s3:::unityhub-staging-webappspaces-terraform-state/*"
                ],
                "sid": "EnforceTlsRequestsOnly"
              }
            ],
            "version": "2012-10-17"
          },
          "sensitive_attributes": [],
          "identity_schema_version": 0
        }
      ]
    },
    {
      "module": "module.common_resources_staging.module.webapp_spaces.module.terraform_state_backend_webapp_spaces",
      "mode": "data",
      "type": "aws_region",
      "name": "current",
      "provider": "provider[\"registry.terraform.io/hashicorp/aws\"]",
      "instances": [
        {
          "schema_version": 0,
          "attributes": {
            "description": "US East (N. Virginia)",
            "endpoint": "ec2.us-east-1.amazonaws.com",
            "id": "us-east-1",
            "name": "us-east-1",
            "region": "us-east-1"
          },
          "sensitive_attributes": [],
          "identity_schema_version": 0
        }
      ]
    },
    {
      "module": "module.common_resources_staging.module.webapp_spaces.module.terraform_state_backend_webapp_spaces",
      "mode": "managed",
      "type": "aws_dynamodb_table",
      "name": "with_server_side_encryption",
      "provider": "provider[\"registry.terraform.io/hashicorp/aws\"]",
      "instances": [
        {
          "index_key": 0,
          "schema_version": 1,
          "attributes": {
            "arn": "arn:aws:dynamodb:us-east-1:887311683230:table/unityhub-staging-webappspaces-terraform-state-lock",
            "attribute": [
              {
                "name": "LockID",
                "type": "S"
              }
            ],
            "billing_mode": "PAY_PER_REQUEST",
            "deletion_protection_enabled": false,
            "global_secondary_index": [],
            "global_table_witness": [],
            "hash_key": "LockID",
            "id": "unityhub-staging-webappspaces-terraform-state-lock",
            "import_table": [],
            "local_secondary_index": [],
            "name": "unityhub-staging-webappspaces-terraform-state-lock",
            "on_demand_throughput": [],
            "point_in_time_recovery": [
              {
                "enabled": true,
                "recovery_period_in_days": 35
              }
            ],
            "range_key": null,
            "read_capacity": 0,
            "region": "us-east-1",
            "replica": [],
            "restore_backup_arn": null,
            "restore_date_time": null,
            "restore_source_name": null,
            "restore_source_table_arn": null,
            "restore_to_latest_time": null,
            "server_side_encryption": [
              {
                "enabled": true,
                "kms_key_arn": ""
              }
            ],
            "stream_arn": "",
            "stream_enabled": false,
            "stream_label": "",
            "stream_view_type": "",
            "table_class": "STANDARD",
            "tags": {
              "Attributes": "terraform-state-lock",
              "Name": "unityhub-staging-webappspaces-terraform-state-lock",
              "Namespace": "unityhub",
              "Stage": "staging"
            },
            "tags_all": {
              "Attributes": "terraform-state-lock",
              "Name": "unityhub-staging-webappspaces-terraform-state-lock",
              "Namespace": "unityhub",
              "Stage": "staging"
            },
            "timeouts": null,
            "ttl": [
              {
                "attribute_name": "",
                "enabled": false
              }
            ],
            "warm_throughput": [],
            "write_capacity": 0
          },
          "sensitive_attributes": [],
          "identity_schema_version": 0,
          "identity": {
            "account_id": "887311683230",
            "name": "unityhub-staging-webappspaces-terraform-state-lock",
            "region": "us-east-1"
          },
          "private": "eyJlMmJmYjczMC1lY2FhLTExZTYtOGY4OC0zNDM2M2JjN2M0YzAiOnsiY3JlYXRlIjoxODAwMDAwMDAwMDAwLCJkZWxldGUiOjYwMDAwMDAwMDAwMCwidXBkYXRlIjozNjAwMDAwMDAwMDAwfSwic2NoZW1hX3ZlcnNpb24iOiIxIn0="
        }
      ]
    },
    {
      "module": "module.common_resources_staging.module.webapp_spaces.module.terraform_state_backend_webapp_spaces",
      "mode": "managed",
      "type": "aws_s3_bucket",
      "name": "default",
      "provider": "provider[\"registry.terraform.io/hashicorp/aws\"]",
      "instances": [
        {
          "index_key": 0,
          "schema_version": 0,
          "attributes": {
            "acceleration_status": "",
            "acl": null,
            "arn": "arn:aws:s3:::unityhub-staging-webappspaces-terraform-state",
            "bucket": "unityhub-staging-webappspaces-terraform-state",
            "bucket_domain_name": "unityhub-staging-webappspaces-terraform-state.s3.amazonaws.com",
            "bucket_namespace": "global",
            "bucket_prefix": "",
            "bucket_region": "us-east-1",
            "bucket_regional_domain_name": "unityhub-staging-webappspaces-terraform-state.s3.us-east-1.amazonaws.com",
            "cors_rule": [],
            "force_destroy": true,
            "grant": [
              {
                "id": "1e705be12a968dd63fd96aa2d89b9898fdbac29cae9cebb1a3874a1b02621739",
                "permissions": [
                  "FULL_CONTROL"
                ],
                "type": "CanonicalUser",
                "uri": ""
              }
            ],
            "hosted_zone_id": "Z3AQBSTGFYJSTF",
            "id": "unityhub-staging-webappspaces-terraform-state",
            "lifecycle_rule": [],
            "logging": [],
            "object_lock_configuration": [],
            "object_lock_enabled": false,
            "policy": "",
            "region": "us-east-1",
            "replication_configuration": [],
            "request_payer": "BucketOwner",
            "server_side_encryption_configuration": [
              {
                "rule": [
                  {
                    "apply_server_side_encryption_by_default": [
                      {
                        "kms_master_key_id": "",
                        "sse_algorithm": "AES256"
                      }
                    ],
                    "bucket_key_enabled": false
                  }
                ]
              }
            ],
            "tags": {
              "Attributes": "terraform-state",
              "Name": "unityhub-staging-webappspaces-terraform-state",
              "Namespace": "unityhub",
              "Stage": "staging"
            },
            "tags_all": {
              "Attributes": "terraform-state",
              "Name": "unityhub-staging-webappspaces-terraform-state",
              "Namespace": "unityhub",
              "Stage": "staging"
            },
            "timeouts": null,
            "versioning": [
              {
                "enabled": false,
                "mfa_delete": false
              }
            ],
            "website": [],
            "website_domain": null,
            "website_endpoint": null
          },
          "sensitive_attributes": [],
          "identity_schema_version": 0,
          "identity": {
            "account_id": "887311683230",
            "bucket": "unityhub-staging-webappspaces-terraform-state",
            "region": "us-east-1"
          },
          "private": "eyJlMmJmYjczMC1lY2FhLTExZTYtOGY4OC0zNDM2M2JjN2M0YzAiOnsiY3JlYXRlIjoxMjAwMDAwMDAwMDAwLCJkZWxldGUiOjM2MDAwMDAwMDAwMDAsInJlYWQiOjEyMDAwMDAwMDAwMDAsInVwZGF0ZSI6MTIwMDAwMDAwMDAwMH19"
        }
      ]
    },
    {
      "module": "module.common_resources_staging.module.webapp_spaces.module.terraform_state_backend_webapp_spaces",
      "mode": "managed",
      "type": "aws_s3_bucket_ownership_controls",
      "name": "default",
      "provider": "provider[\"registry.terraform.io/hashicorp/aws\"]",
      "instances": [
        {
          "index_key": 0,
          "schema_version": 0,
          "attributes": {
            "bucket": "unityhub-staging-webappspaces-terraform-state",
            "id": "unityhub-staging-webappspaces-terraform-state",
            "region": "us-east-1",
            "rule": [
              {
                "object_ownership": "BucketOwnerEnforced"
              }
            ]
          },
          "sensitive_attributes": [],
          "identity_schema_version": 0,
          "identity": {
            "account_id": "887311683230",
            "bucket": "unityhub-staging-webappspaces-terraform-state",
            "region": "us-east-1"
          },
          "private": "bnVsbA==",
          "dependencies": [
            "module.common_resources_staging.module.webapp_spaces.module.terraform_state_backend_webapp_spaces.aws_s3_bucket.default"
          ]
        }
      ]
    },
    {
      "module": "module.common_resources_staging.module.webapp_spaces.module.terraform_state_backend_webapp_spaces",
      "mode": "managed",
      "type": "aws_s3_bucket_policy",
      "name": "default",
      "provider": "provider[\"registry.terraform.io/hashicorp/aws\"]",
      "instances": [
        {
          "index_key": 0,
          "schema_version": 0,
          "attributes": {
            "bucket": "unityhub-staging-webappspaces-terraform-state",
            "id": "unityhub-staging-webappspaces-terraform-state",
            "policy": "{\"Statement\":[{\"Action\":\"s3:PutObject\",\"Condition\":{\"StringNotEquals\":{\"s3:x-amz-server-side-encryption\":[\"AES256\",\"aws:kms\"]}},\"Effect\":\"Deny\",\"Principal\":{\"AWS\":\"*\"},\"Resource\":\"arn:aws:s3:::unityhub-staging-webappspaces-terraform-state/*\",\"Sid\":\"DenyIncorrectEncryptionHeader\"},{\"Action\":\"s3:PutObject\",\"Condition\":{\"Null\":{\"s3:x-amz-server-side-encryption\":\"true\"}},\"Effect\":\"Deny\",\"Principal\":{\"AWS\":\"*\"},\"Resource\":\"arn:aws:s3:::unityhub-staging-webappspaces-terraform-state/*\",\"Sid\":\"DenyUnEncryptedObjectUploads\"},{\"Action\":\"s3:*\",\"Condition\":{\"Bool\":{\"aws:SecureTransport\":\"false\"}},\"Effect\":\"Deny\",\"Principal\":{\"AWS\":\"*\"},\"Resource\":[\"arn:aws:s3:::unityhub-staging-webappspaces-terraform-state/*\",\"arn:aws:s3:::unityhub-staging-webappspaces-terraform-state\"],\"Sid\":\"EnforceTlsRequestsOnly\"}],\"Version\":\"2012-10-17\"}",
            "region": "us-east-1"
          },
          "sensitive_attributes": [],
          "identity_schema_version": 0,
          "identity": {
            "account_id": "887311683230",
            "bucket": "unityhub-staging-webappspaces-terraform-state",
            "region": "us-east-1"
          },
          "private": "bnVsbA==",
          "dependencies": [
            "module.common_resources_staging.module.webapp_spaces.module.terraform_state_backend_webapp_spaces.aws_s3_bucket.default",
            "module.common_resources_staging.module.webapp_spaces.module.terraform_state_backend_webapp_spaces.data.aws_iam_policy_document.prevent_unencrypted_uploads"
          ]
        }
      ]
    },
    {
      "module": "module.common_resources_staging.module.webapp_spaces.module.terraform_state_backend_webapp_spaces",
      "mode": "managed",
      "type": "aws_s3_bucket_public_access_block",
      "name": "default",
      "provider": "provider[\"registry.terraform.io/hashicorp/aws\"]",
      "instances": [
        {
          "index_key": 0,
          "schema_version": 0,
          "attributes": {
            "block_public_acls": true,
            "block_public_policy": true,
            "bucket": "unityhub-staging-webappspaces-terraform-state",
            "id": "unityhub-staging-webappspaces-terraform-state",
            "ignore_public_acls": true,
            "region": "us-east-1",
            "restrict_public_buckets": true,
            "skip_destroy": null
          },
          "sensitive_attributes": [],
          "identity_schema_version": 0,
          "identity": {
            "account_id": "887311683230",
            "bucket": "unityhub-staging-webappspaces-terraform-state",
            "region": "us-east-1"
          },
          "private": "bnVsbA==",
          "dependencies": [
            "module.common_resources_staging.module.webapp_spaces.module.terraform_state_backend_webapp_spaces.aws_s3_bucket.default"
          ]
        }
      ]
    },
    {
      "module": "module.common_resources_staging.module.webapp_spaces.module.terraform_state_backend_webapp_spaces",
      "mode": "managed",
      "type": "aws_s3_bucket_server_side_encryption_configuration",
      "name": "default",
      "provider": "provider[\"registry.terraform.io/hashicorp/aws\"]",
      "instances": [
        {
          "index_key": 0,
          "schema_version": 0,
          "attributes": {
            "bucket": "unityhub-staging-webappspaces-terraform-state",
            "expected_bucket_owner": "",
            "id": "unityhub-staging-webappspaces-terraform-state",
            "region": "us-east-1",
            "rule": [
              {
                "apply_server_side_encryption_by_default": [
                  {
                    "kms_master_key_id": "",
                    "sse_algorithm": "AES256"
                  }
                ],
                "blocked_encryption_types": [
                  "SSE-C"
                ],
                "bucket_key_enabled": false
              }
            ]
          },
          "sensitive_attributes": [],
          "identity_schema_version": 1,
          "identity": {
            "account_id": "887311683230",
            "bucket": "unityhub-staging-webappspaces-terraform-state",
            "region": "us-east-1"
          },
          "private": "bnVsbA==",
          "dependencies": [
            "module.common_resources_staging.module.webapp_spaces.module.terraform_state_backend_webapp_spaces.aws_s3_bucket.default"
          ]
        }
      ]
    },
    {
      "module": "module.common_resources_staging.module.webapp_spaces.module.terraform_state_backend_webapp_spaces",
      "mode": "managed",
      "type": "aws_s3_bucket_versioning",
      "name": "default",
      "provider": "provider[\"registry.terraform.io/hashicorp/aws\"]",
      "instances": [
        {
          "index_key": 0,
          "schema_version": 0,
          "attributes": {
            "bucket": "unityhub-staging-webappspaces-terraform-state",
            "expected_bucket_owner": "",
            "id": "unityhub-staging-webappspaces-terraform-state",
            "mfa": null,
            "region": "us-east-1",
            "versioning_configuration": [
              {
                "mfa_delete": "Disabled",
                "status": "Enabled"
              }
            ]
          },
          "sensitive_attributes": [],
          "identity_schema_version": 1,
          "identity": {
            "account_id": "887311683230",
            "bucket": "unityhub-staging-webappspaces-terraform-state",
            "region": "us-east-1"
          },
          "private": "bnVsbA==",
          "dependencies": [
            "module.common_resources_staging.module.webapp_spaces.module.terraform_state_backend_webapp_spaces.aws_s3_bucket.default"
          ]
        }
      ]
    },
    {
      "module": "module.common_resources_staging.module.webapp_spaces.module.terraform_state_backend_webapp_spaces",
      "mode": "managed",
      "type": "local_file",
      "name": "terraform_backend_config",
      "provider": "provider[\"registry.terraform.io/hashicorp/local\"]",
      "instances": [
        {
          "index_key": 0,
          "schema_version": 0,
          "attributes": {
            "content": "terraform {\n  required_version = \"\u003e= 1.0.0\"\n\n  backend \"s3\" {\n    region         = \"us-east-1\"\n    bucket         = \"unityhub-staging-webappspaces-terraform-state\"\n    key            = \"terraform.tfstate\"\n    dynamodb_table = \"unityhub-staging-webappspaces-terraform-state-lock\"\n    profile        = \"\"\n    role_arn       = \"\"\n    encrypt        = \"true\"\n  }\n}\n",
            "content_base64": null,
            "content_base64sha256": "LLhC+XcbBtoyOM8sjXfo087856PUMosVl1Jbu6qEHJY=",
            "content_base64sha512": "GlS/hDzyD8LMpgtLVFIc46L8ujz8O23EJHFpCy2fRwWlefZ8GLZ2aozS0veXNSsfDHLKKzj7ix0gwWpDjHLqEw==",
            "content_md5": "ba8ffc794e4782f0c6423ee00021edf5",
            "content_sha1": "012d369438e0d210b477e2eab5224c0f3370ef51",
            "content_sha256": "2cb842f9771b06da3238cf2c8d77e8d3cefce7a3d4328b1597525bbbaa841c96",
            "content_sha512": "1a54bf843cf20fc2cca60b4b54521ce3a2fcba3cfc3b6dc42471690b2d9f4705a579f67c18b6766a8cd2d2f797352b1f0c72ca2b38fb8b1d20c16a438c72ea13",
            "directory_permission": "0777",
            "file_permission": "0644",
            "filename": "./backend/backend_webapp_spaces.tf",
            "id": "012d369438e0d210b477e2eab5224c0f3370ef51",
            "sensitive_content": null,
            "source": null
          },
          "sensitive_attributes": [
            [
              {
                "type": "get_attr",
                "value": "sensitive_content"
              }
            ]
          ],
          "identity_schema_version": 0,
          "dependencies": [
            "module.common_resources_staging.module.webapp_spaces.module.terraform_state_backend_webapp_spaces.aws_dynamodb_table.with_server_side_encryption",
            "module.common_resources_staging.module.webapp_spaces.module.terraform_state_backend_webapp_spaces.aws_s3_bucket.default",
            "module.common_resources_staging.module.webapp_spaces.module.terraform_state_backend_webapp_spaces.data.aws_region.current"
          ]
        }
      ]
    },
    {
      "module": "module.common_resources_staging.module.webapp_spaces.module.terraform_state_backend_webapp_spaces_help",
      "mode": "data",
      "type": "aws_iam_policy_document",
      "name": "prevent_unencrypted_uploads",
      "provider": "provider[\"registry.terraform.io/hashicorp/aws\"]",
      "instances": [
        {
          "index_key": 0,
          "schema_version": 0,
          "attributes": {
            "id": "3348657694",
            "json": "{\n  \"Version\": \"2012-10-17\",\n  \"Statement\": [\n    {\n      \"Sid\": \"DenyIncorrectEncryptionHeader\",\n      \"Effect\": \"Deny\",\n      \"Action\": \"s3:PutObject\",\n      \"Resource\": \"arn:aws:s3:::unityhub-staging-webappspaces-help-terraform-state/*\",\n      \"Principal\": {\n        \"AWS\": \"*\"\n      },\n      \"Condition\": {\n        \"StringNotEquals\": {\n          \"s3:x-amz-server-side-encryption\": [\n            \"AES256\",\n            \"aws:kms\"\n          ]\n        }\n      }\n    },\n    {\n      \"Sid\": \"DenyUnEncryptedObjectUploads\",\n      \"Effect\": \"Deny\",\n      \"Action\": \"s3:PutObject\",\n      \"Resource\": \"arn:aws:s3:::unityhub-staging-webappspaces-help-terraform-state/*\",\n      \"Principal\": {\n        \"AWS\": \"*\"\n      },\n      \"Condition\": {\n        \"Null\": {\n          \"s3:x-amz-server-side-encryption\": \"true\"\n        }\n      }\n    },\n    {\n      \"Sid\": \"EnforceTlsRequestsOnly\",\n      \"Effect\": \"Deny\",\n      \"Action\": \"s3:*\",\n      \"Resource\": [\n        \"arn:aws:s3:::unityhub-staging-webappspaces-help-terraform-state/*\",\n        \"arn:aws:s3:::unityhub-staging-webappspaces-help-terraform-state\"\n      ],\n      \"Principal\": {\n        \"AWS\": \"*\"\n      },\n      \"Condition\": {\n        \"Bool\": {\n          \"aws:SecureTransport\": \"false\"\n        }\n      }\n    }\n  ]\n}",
            "minified_json": "{\"Version\":\"2012-10-17\",\"Statement\":[{\"Sid\":\"DenyIncorrectEncryptionHeader\",\"Effect\":\"Deny\",\"Action\":\"s3:PutObject\",\"Resource\":\"arn:aws:s3:::unityhub-staging-webappspaces-help-terraform-state/*\",\"Principal\":{\"AWS\":\"*\"},\"Condition\":{\"StringNotEquals\":{\"s3:x-amz-server-side-encryption\":[\"AES256\",\"aws:kms\"]}}},{\"Sid\":\"DenyUnEncryptedObjectUploads\",\"Effect\":\"Deny\",\"Action\":\"s3:PutObject\",\"Resource\":\"arn:aws:s3:::unityhub-staging-webappspaces-help-terraform-state/*\",\"Principal\":{\"AWS\":\"*\"},\"Condition\":{\"Null\":{\"s3:x-amz-server-side-encryption\":\"true\"}}},{\"Sid\":\"EnforceTlsRequestsOnly\",\"Effect\":\"Deny\",\"Action\":\"s3:*\",\"Resource\":[\"arn:aws:s3:::unityhub-staging-webappspaces-help-terraform-state/*\",\"arn:aws:s3:::unityhub-staging-webappspaces-help-terraform-state\"],\"Principal\":{\"AWS\":\"*\"},\"Condition\":{\"Bool\":{\"aws:SecureTransport\":\"false\"}}}]}",
            "override_json": null,
            "override_policy_documents": null,
            "policy_id": null,
            "source_json": null,
            "source_policy_documents": null,
            "statement": [
              {
                "actions": [
                  "s3:PutObject"
                ],
                "condition": [
                  {
                    "test": "StringNotEquals",
                    "values": [
                      "AES256",
                      "aws:kms"
                    ],
                    "variable": "s3:x-amz-server-side-encryption"
                  }
                ],
                "effect": "Deny",
                "not_actions": [],
                "not_principals": [],
                "not_resources": [],
                "principals": [
                  {
                    "identifiers": [
                      "*"
                    ],
                    "type": "AWS"
                  }
                ],
                "resources": [
                  "arn:aws:s3:::unityhub-staging-webappspaces-help-terraform-state/*"
                ],
                "sid": "DenyIncorrectEncryptionHeader"
              },
              {
                "actions": [
                  "s3:PutObject"
                ],
                "condition": [
                  {
                    "test": "Null",
                    "values": [
                      "true"
                    ],
                    "variable": "s3:x-amz-server-side-encryption"
                  }
                ],
                "effect": "Deny",
                "not_actions": [],
                "not_principals": [],
                "not_resources": [],
                "principals": [
                  {
                    "identifiers": [
                      "*"
                    ],
                    "type": "AWS"
                  }
                ],
                "resources": [
                  "arn:aws:s3:::unityhub-staging-webappspaces-help-terraform-state/*"
                ],
                "sid": "DenyUnEncryptedObjectUploads"
              },
              {
                "actions": [
                  "s3:*"
                ],
                "condition": [
                  {
                    "test": "Bool",
                    "values": [
                      "false"
                    ],
                    "variable": "aws:SecureTransport"
                  }
                ],
                "effect": "Deny",
                "not_actions": [],
                "not_principals": [],
                "not_resources": [],
                "principals": [
                  {
                    "identifiers": [
                      "*"
                    ],
                    "type": "AWS"
                  }
                ],
                "resources": [
                  "arn:aws:s3:::unityhub-staging-webappspaces-help-terraform-state",
                  "arn:aws:s3:::unityhub-staging-webappspaces-help-terraform-state/*"
                ],
                "sid": "EnforceTlsRequestsOnly"
              }
            ],
            "version": "2012-10-17"
          },
          "sensitive_attributes": [],
          "identity_schema_version": 0
        }
      ]
    },
    {
      "module": "module.common_resources_staging.module.webapp_spaces.module.terraform_state_backend_webapp_spaces_help",
      "mode": "data",
      "type": "aws_region",
      "name": "current",
      "provider": "provider[\"registry.terraform.io/hashicorp/aws\"]",
      "instances": [
        {
          "schema_version": 0,
          "attributes": {
            "description": "US East (N. Virginia)",
            "endpoint": "ec2.us-east-1.amazonaws.com",
            "id": "us-east-1",
            "name": "us-east-1",
            "region": "us-east-1"
          },
          "sensitive_attributes": [],
          "identity_schema_version": 0
        }
      ]
    },
    {
      "module": "module.common_resources_staging.module.webapp_spaces.module.terraform_state_backend_webapp_spaces_help",
      "mode": "managed",
      "type": "aws_dynamodb_table",
      "name": "with_server_side_encryption",
      "provider": "provider[\"registry.terraform.io/hashicorp/aws\"]",
      "instances": [
        {
          "index_key": 0,
          "schema_version": 1,
          "attributes": {
            "arn": "arn:aws:dynamodb:us-east-1:887311683230:table/unityhub-staging-webappspaces-help-terraform-state-lock",
            "attribute": [
              {
                "name": "LockID",
                "type": "S"
              }
            ],
            "billing_mode": "PAY_PER_REQUEST",
            "deletion_protection_enabled": false,
            "global_secondary_index": [],
            "global_table_witness": [],
            "hash_key": "LockID",
            "id": "unityhub-staging-webappspaces-help-terraform-state-lock",
            "import_table": [],
            "local_secondary_index": [],
            "name": "unityhub-staging-webappspaces-help-terraform-state-lock",
            "on_demand_throughput": [],
            "point_in_time_recovery": [
              {
                "enabled": true,
                "recovery_period_in_days": 35
              }
            ],
            "range_key": null,
            "read_capacity": 0,
            "region": "us-east-1",
            "replica": [],
            "restore_backup_arn": null,
            "restore_date_time": null,
            "restore_source_name": null,
            "restore_source_table_arn": null,
            "restore_to_latest_time": null,
            "server_side_encryption": [
              {
                "enabled": true,
                "kms_key_arn": ""
              }
            ],
            "stream_arn": "",
            "stream_enabled": false,
            "stream_label": "",
            "stream_view_type": "",
            "table_class": "STANDARD",
            "tags": {
              "Attributes": "terraform-state-lock",
              "Name": "unityhub-staging-webappspaces-help-terraform-state-lock",
              "Namespace": "unityhub",
              "Stage": "staging"
            },
            "tags_all": {
              "Attributes": "terraform-state-lock",
              "Name": "unityhub-staging-webappspaces-help-terraform-state-lock",
              "Namespace": "unityhub",
              "Stage": "staging"
            },
            "timeouts": null,
            "ttl": [
              {
                "attribute_name": "",
                "enabled": false
              }
            ],
            "warm_throughput": [],
            "write_capacity": 0
          },
          "sensitive_attributes": [],
          "identity_schema_version": 0,
          "identity": {
            "account_id": "887311683230",
            "name": "unityhub-staging-webappspaces-help-terraform-state-lock",
            "region": "us-east-1"
          },
          "private": "eyJlMmJmYjczMC1lY2FhLTExZTYtOGY4OC0zNDM2M2JjN2M0YzAiOnsiY3JlYXRlIjoxODAwMDAwMDAwMDAwLCJkZWxldGUiOjYwMDAwMDAwMDAwMCwidXBkYXRlIjozNjAwMDAwMDAwMDAwfSwic2NoZW1hX3ZlcnNpb24iOiIxIn0="
        }
      ]
    },
    {
      "module": "module.common_resources_staging.module.webapp_spaces.module.terraform_state_backend_webapp_spaces_help",
      "mode": "managed",
      "type": "aws_s3_bucket",
      "name": "default",
      "provider": "provider[\"registry.terraform.io/hashicorp/aws\"]",
      "instances": [
        {
          "index_key": 0,
          "schema_version": 0,
          "attributes": {
            "acceleration_status": "",
            "acl": null,
            "arn": "arn:aws:s3:::unityhub-staging-webappspaces-help-terraform-state",
            "bucket": "unityhub-staging-webappspaces-help-terraform-state",
            "bucket_domain_name": "unityhub-staging-webappspaces-help-terraform-state.s3.amazonaws.com",
            "bucket_namespace": "global",
            "bucket_prefix": "",
            "bucket_region": "us-east-1",
            "bucket_regional_domain_name": "unityhub-staging-webappspaces-help-terraform-state.s3.us-east-1.amazonaws.com",
            "cors_rule": [],
            "force_destroy": true,
            "grant": [
              {
                "id": "1e705be12a968dd63fd96aa2d89b9898fdbac29cae9cebb1a3874a1b02621739",
                "permissions": [
                  "FULL_CONTROL"
                ],
                "type": "CanonicalUser",
                "uri": ""
              }
            ],
            "hosted_zone_id": "Z3AQBSTGFYJSTF",
            "id": "unityhub-staging-webappspaces-help-terraform-state",
            "lifecycle_rule": [],
            "logging": [],
            "object_lock_configuration": [],
            "object_lock_enabled": false,
            "policy": "",
            "region": "us-east-1",
            "replication_configuration": [],
            "request_payer": "BucketOwner",
            "server_side_encryption_configuration": [
              {
                "rule": [
                  {
                    "apply_server_side_encryption_by_default": [
                      {
                        "kms_master_key_id": "",
                        "sse_algorithm": "AES256"
                      }
                    ],
                    "bucket_key_enabled": false
                  }
                ]
              }
            ],
            "tags": {
              "Attributes": "terraform-state",
              "Name": "unityhub-staging-webappspaces-help-terraform-state",
              "Namespace": "unityhub",
              "Stage": "staging"
            },
            "tags_all": {
              "Attributes": "terraform-state",
              "Name": "unityhub-staging-webappspaces-help-terraform-state",
              "Namespace": "unityhub",
              "Stage": "staging"
            },
            "timeouts": null,
            "versioning": [
              {
                "enabled": false,
                "mfa_delete": false
              }
            ],
            "website": [],
            "website_domain": null,
            "website_endpoint": null
          },
          "sensitive_attributes": [],
          "identity_schema_version": 0,
          "identity": {
            "account_id": "887311683230",
            "bucket": "unityhub-staging-webappspaces-help-terraform-state",
            "region": "us-east-1"
          },
          "private": "eyJlMmJmYjczMC1lY2FhLTExZTYtOGY4OC0zNDM2M2JjN2M0YzAiOnsiY3JlYXRlIjoxMjAwMDAwMDAwMDAwLCJkZWxldGUiOjM2MDAwMDAwMDAwMDAsInJlYWQiOjEyMDAwMDAwMDAwMDAsInVwZGF0ZSI6MTIwMDAwMDAwMDAwMH19"
        }
      ]
    },
    {
      "module": "module.common_resources_staging.module.webapp_spaces.module.terraform_state_backend_webapp_spaces_help",
      "mode": "managed",
      "type": "aws_s3_bucket_ownership_controls",
      "name": "default",
      "provider": "provider[\"registry.terraform.io/hashicorp/aws\"]",
      "instances": [
        {
          "index_key": 0,
          "schema_version": 0,
          "attributes": {
            "bucket": "unityhub-staging-webappspaces-help-terraform-state",
            "id": "unityhub-staging-webappspaces-help-terraform-state",
            "region": "us-east-1",
            "rule": [
              {
                "object_ownership": "BucketOwnerEnforced"
              }
            ]
          },
          "sensitive_attributes": [],
          "identity_schema_version": 0,
          "identity": {
            "account_id": "887311683230",
            "bucket": "unityhub-staging-webappspaces-help-terraform-state",
            "region": "us-east-1"
          },
          "private": "bnVsbA==",
          "dependencies": [
            "module.common_resources_staging.module.webapp_spaces.module.terraform_state_backend_webapp_spaces_help.aws_s3_bucket.default"
          ]
        }
      ]
    },
    {
      "module": "module.common_resources_staging.module.webapp_spaces.module.terraform_state_backend_webapp_spaces_help",
      "mode": "managed",
      "type": "aws_s3_bucket_policy",
      "name": "default",
      "provider": "provider[\"registry.terraform.io/hashicorp/aws\"]",
      "instances": [
        {
          "index_key": 0,
          "schema_version": 0,
          "attributes": {
            "bucket": "unityhub-staging-webappspaces-help-terraform-state",
            "id": "unityhub-staging-webappspaces-help-terraform-state",
            "policy": "{\"Statement\":[{\"Action\":\"s3:PutObject\",\"Condition\":{\"StringNotEquals\":{\"s3:x-amz-server-side-encryption\":[\"AES256\",\"aws:kms\"]}},\"Effect\":\"Deny\",\"Principal\":{\"AWS\":\"*\"},\"Resource\":\"arn:aws:s3:::unityhub-staging-webappspaces-help-terraform-state/*\",\"Sid\":\"DenyIncorrectEncryptionHeader\"},{\"Action\":\"s3:PutObject\",\"Condition\":{\"Null\":{\"s3:x-amz-server-side-encryption\":\"true\"}},\"Effect\":\"Deny\",\"Principal\":{\"AWS\":\"*\"},\"Resource\":\"arn:aws:s3:::unityhub-staging-webappspaces-help-terraform-state/*\",\"Sid\":\"DenyUnEncryptedObjectUploads\"},{\"Action\":\"s3:*\",\"Condition\":{\"Bool\":{\"aws:SecureTransport\":\"false\"}},\"Effect\":\"Deny\",\"Principal\":{\"AWS\":\"*\"},\"Resource\":[\"arn:aws:s3:::unityhub-staging-webappspaces-help-terraform-state/*\",\"arn:aws:s3:::unityhub-staging-webappspaces-help-terraform-state\"],\"Sid\":\"EnforceTlsRequestsOnly\"}],\"Version\":\"2012-10-17\"}",
            "region": "us-east-1"
          },
          "sensitive_attributes": [],
          "identity_schema_version": 0,
          "identity": {
            "account_id": "887311683230",
            "bucket": "unityhub-staging-webappspaces-help-terraform-state",
            "region": "us-east-1"
          },
          "private": "bnVsbA==",
          "dependencies": [
            "module.common_resources_staging.module.webapp_spaces.module.terraform_state_backend_webapp_spaces_help.aws_s3_bucket.default",
            "module.common_resources_staging.module.webapp_spaces.module.terraform_state_backend_webapp_spaces_help.data.aws_iam_policy_document.prevent_unencrypted_uploads"
          ]
        }
      ]
    },
    {
      "module": "module.common_resources_staging.module.webapp_spaces.module.terraform_state_backend_webapp_spaces_help",
      "mode": "managed",
      "type": "aws_s3_bucket_public_access_block",
      "name": "default",
      "provider": "provider[\"registry.terraform.io/hashicorp/aws\"]",
      "instances": [
        {
          "index_key": 0,
          "schema_version": 0,
          "attributes": {
            "block_public_acls": true,
            "block_public_policy": true,
            "bucket": "unityhub-staging-webappspaces-help-terraform-state",
            "id": "unityhub-staging-webappspaces-help-terraform-state",
            "ignore_public_acls": true,
            "region": "us-east-1",
            "restrict_public_buckets": true,
            "skip_destroy": null
          },
          "sensitive_attributes": [],
          "identity_schema_version": 0,
          "identity": {
            "account_id": "887311683230",
            "bucket": "unityhub-staging-webappspaces-help-terraform-state",
            "region": "us-east-1"
          },
          "private": "bnVsbA==",
          "dependencies": [
            "module.common_resources_staging.module.webapp_spaces.module.terraform_state_backend_webapp_spaces_help.aws_s3_bucket.default"
          ]
        }
      ]
    },
    {
      "module": "module.common_resources_staging.module.webapp_spaces.module.terraform_state_backend_webapp_spaces_help",
      "mode": "managed",
      "type": "aws_s3_bucket_server_side_encryption_configuration",
      "name": "default",
      "provider": "provider[\"registry.terraform.io/hashicorp/aws\"]",
      "instances": [
        {
          "index_key": 0,
          "schema_version": 0,
          "attributes": {
            "bucket": "unityhub-staging-webappspaces-help-terraform-state",
            "expected_bucket_owner": "",
            "id": "unityhub-staging-webappspaces-help-terraform-state",
            "region": "us-east-1",
            "rule": [
              {
                "apply_server_side_encryption_by_default": [
                  {
                    "kms_master_key_id": "",
                    "sse_algorithm": "AES256"
                  }
                ],
                "blocked_encryption_types": [
                  "SSE-C"
                ],
                "bucket_key_enabled": false
              }
            ]
          },
          "sensitive_attributes": [],
          "identity_schema_version": 1,
          "identity": {
            "account_id": "887311683230",
            "bucket": "unityhub-staging-webappspaces-help-terraform-state",
            "region": "us-east-1"
          },
          "private": "bnVsbA==",
          "dependencies": [
            "module.common_resources_staging.module.webapp_spaces.module.terraform_state_backend_webapp_spaces_help.aws_s3_bucket.default"
          ]
        }
      ]
    },
    {
      "module": "module.common_resources_staging.module.webapp_spaces.module.terraform_state_backend_webapp_spaces_help",
      "mode": "managed",
      "type": "aws_s3_bucket_versioning",
      "name": "default",
      "provider": "provider[\"registry.terraform.io/hashicorp/aws\"]",
      "instances": [
        {
          "index_key": 0,
          "schema_version": 0,
          "attributes": {
            "bucket": "unityhub-staging-webappspaces-help-terraform-state",
            "expected_bucket_owner": "",
            "id": "unityhub-staging-webappspaces-help-terraform-state",
            "mfa": null,
            "region": "us-east-1",
            "versioning_configuration": [
              {
                "mfa_delete": "Disabled",
                "status": "Enabled"
              }
            ]
          },
          "sensitive_attributes": [],
          "identity_schema_version": 1,
          "identity": {
            "account_id": "887311683230",
            "bucket": "unityhub-staging-webappspaces-help-terraform-state",
            "region": "us-east-1"
          },
          "private": "bnVsbA==",
          "dependencies": [
            "module.common_resources_staging.module.webapp_spaces.module.terraform_state_backend_webapp_spaces_help.aws_s3_bucket.default"
          ]
        }
      ]
    },
    {
      "module": "module.common_resources_staging.module.webapp_spaces.module.terraform_state_backend_webapp_spaces_help",
      "mode": "managed",
      "type": "local_file",
      "name": "terraform_backend_config",
      "provider": "provider[\"registry.terraform.io/hashicorp/local\"]",
      "instances": [
        {
          "index_key": 0,
          "schema_version": 0,
          "attributes": {
            "content": "terraform {\n  required_version = \"\u003e= 1.0.0\"\n\n  backend \"s3\" {\n    region         = \"us-east-1\"\n    bucket         = \"unityhub-staging-webappspaces-help-terraform-state\"\n    key            = \"terraform.tfstate\"\n    dynamodb_table = \"unityhub-staging-webappspaces-help-terraform-state-lock\"\n    profile        = \"\"\n    role_arn       = \"\"\n    encrypt        = \"true\"\n  }\n}\n",
            "content_base64": null,
            "content_base64sha256": "/jCSMyuiWiG7H56M1BLlmQqS3/atFX8ZGiqNjdVRBJY=",
            "content_base64sha512": "aM7ZlhiCVy17o6PUXCOhU3mcVbM2FVxqpX7e5uiMvitgGW3DQ1y+hFoZwOFCvP+X572Lzrs1Qku5DNNqH4uyyg==",
            "content_md5": "719d37ad5a1ff5e2f19df2ce279bd350",
            "content_sha1": "76be1ad11d7d27ae9d77183101ae6d6831f8d272",
            "content_sha256": "fe3092332ba25a21bb1f9e8cd412e5990a92dff6ad157f191a2a8d8dd5510496",
            "content_sha512": "68ced9961882572d7ba3a3d45c23a153799c55b336155c6aa57edee6e88cbe2b60196dc3435cbe845a19c0e142bcff97e7bd8bcebb35424bb90cd36a1f8bb2ca",
            "directory_permission": "0777",
            "file_permission": "0644",
            "filename": "./backend/backend_webapp_spaces_help.tf",
            "id": "76be1ad11d7d27ae9d77183101ae6d6831f8d272",
            "sensitive_content": null,
            "source": null
          },
          "sensitive_attributes": [
            [
              {
                "type": "get_attr",
                "value": "sensitive_content"
              }
            ]
          ],
          "identity_schema_version": 0,
          "dependencies": [
            "module.common_resources_staging.module.webapp_spaces.module.terraform_state_backend_webapp_spaces_help.aws_dynamodb_table.with_server_side_encryption",
            "module.common_resources_staging.module.webapp_spaces.module.terraform_state_backend_webapp_spaces_help.aws_s3_bucket.default",
            "module.common_resources_staging.module.webapp_spaces.module.terraform_state_backend_webapp_spaces_help.data.aws_region.current"
          ]
        }
      ]
    },
    {
      "module": "module.common_resources_staging.module.webapp_teams.module.terraform_state_backend_webapp_teams",
      "mode": "data",
      "type": "aws_iam_policy_document",
      "name": "prevent_unencrypted_uploads",
      "provider": "provider[\"registry.terraform.io/hashicorp/aws\"]",
      "instances": [
        {
          "index_key": 0,
          "schema_version": 0,
          "attributes": {
            "id": "2463362823",
            "json": "{\n  \"Version\": \"2012-10-17\",\n  \"Statement\": [\n    {\n      \"Sid\": \"DenyIncorrectEncryptionHeader\",\n      \"Effect\": \"Deny\",\n      \"Action\": \"s3:PutObject\",\n      \"Resource\": \"arn:aws:s3:::unityhub-staging-webappteams-terraform-state/*\",\n      \"Principal\": {\n        \"AWS\": \"*\"\n      },\n      \"Condition\": {\n        \"StringNotEquals\": {\n          \"s3:x-amz-server-side-encryption\": [\n            \"AES256\",\n            \"aws:kms\"\n          ]\n        }\n      }\n    },\n    {\n      \"Sid\": \"DenyUnEncryptedObjectUploads\",\n      \"Effect\": \"Deny\",\n      \"Action\": \"s3:PutObject\",\n      \"Resource\": \"arn:aws:s3:::unityhub-staging-webappteams-terraform-state/*\",\n      \"Principal\": {\n        \"AWS\": \"*\"\n      },\n      \"Condition\": {\n        \"Null\": {\n          \"s3:x-amz-server-side-encryption\": \"true\"\n        }\n      }\n    },\n    {\n      \"Sid\": \"EnforceTlsRequestsOnly\",\n      \"Effect\": \"Deny\",\n      \"Action\": \"s3:*\",\n      \"Resource\": [\n        \"arn:aws:s3:::unityhub-staging-webappteams-terraform-state/*\",\n        \"arn:aws:s3:::unityhub-staging-webappteams-terraform-state\"\n      ],\n      \"Principal\": {\n        \"AWS\": \"*\"\n      },\n      \"Condition\": {\n        \"Bool\": {\n          \"aws:SecureTransport\": \"false\"\n        }\n      }\n    }\n  ]\n}",
            "minified_json": "{\"Version\":\"2012-10-17\",\"Statement\":[{\"Sid\":\"DenyIncorrectEncryptionHeader\",\"Effect\":\"Deny\",\"Action\":\"s3:PutObject\",\"Resource\":\"arn:aws:s3:::unityhub-staging-webappteams-terraform-state/*\",\"Principal\":{\"AWS\":\"*\"},\"Condition\":{\"StringNotEquals\":{\"s3:x-amz-server-side-encryption\":[\"AES256\",\"aws:kms\"]}}},{\"Sid\":\"DenyUnEncryptedObjectUploads\",\"Effect\":\"Deny\",\"Action\":\"s3:PutObject\",\"Resource\":\"arn:aws:s3:::unityhub-staging-webappteams-terraform-state/*\",\"Principal\":{\"AWS\":\"*\"},\"Condition\":{\"Null\":{\"s3:x-amz-server-side-encryption\":\"true\"}}},{\"Sid\":\"EnforceTlsRequestsOnly\",\"Effect\":\"Deny\",\"Action\":\"s3:*\",\"Resource\":[\"arn:aws:s3:::unityhub-staging-webappteams-terraform-state/*\",\"arn:aws:s3:::unityhub-staging-webappteams-terraform-state\"],\"Principal\":{\"AWS\":\"*\"},\"Condition\":{\"Bool\":{\"aws:SecureTransport\":\"false\"}}}]}",
            "override_json": null,
            "override_policy_documents": null,
            "policy_id": null,
            "source_json": null,
            "source_policy_documents": null,
            "statement": [
              {
                "actions": [
                  "s3:PutObject"
                ],
                "condition": [
                  {
                    "test": "StringNotEquals",
                    "values": [
                      "AES256",
                      "aws:kms"
                    ],
                    "variable": "s3:x-amz-server-side-encryption"
                  }
                ],
                "effect": "Deny",
                "not_actions": [],
                "not_principals": [],
                "not_resources": [],
                "principals": [
                  {
                    "identifiers": [
                      "*"
                    ],
                    "type": "AWS"
                  }
                ],
                "resources": [
                  "arn:aws:s3:::unityhub-staging-webappteams-terraform-state/*"
                ],
                "sid": "DenyIncorrectEncryptionHeader"
              },
              {
                "actions": [
                  "s3:PutObject"
                ],
                "condition": [
                  {
                    "test": "Null",
                    "values": [
                      "true"
                    ],
                    "variable": "s3:x-amz-server-side-encryption"
                  }
                ],
                "effect": "Deny",
                "not_actions": [],
                "not_principals": [],
                "not_resources": [],
                "principals": [
                  {
                    "identifiers": [
                      "*"
                    ],
                    "type": "AWS"
                  }
                ],
                "resources": [
                  "arn:aws:s3:::unityhub-staging-webappteams-terraform-state/*"
                ],
                "sid": "DenyUnEncryptedObjectUploads"
              },
              {
                "actions": [
                  "s3:*"
                ],
                "condition": [
                  {
                    "test": "Bool",
                    "values": [
                      "false"
                    ],
                    "variable": "aws:SecureTransport"
                  }
                ],
                "effect": "Deny",
                "not_actions": [],
                "not_principals": [],
                "not_resources": [],
                "principals": [
                  {
                    "identifiers": [
                      "*"
                    ],
                    "type": "AWS"
                  }
                ],
                "resources": [
                  "arn:aws:s3:::unityhub-staging-webappteams-terraform-state",
                  "arn:aws:s3:::unityhub-staging-webappteams-terraform-state/*"
                ],
                "sid": "EnforceTlsRequestsOnly"
              }
            ],
            "version": "2012-10-17"
          },
          "sensitive_attributes": [],
          "identity_schema_version": 0
        }
      ]
    },
    {
      "module": "module.common_resources_staging.module.webapp_teams.module.terraform_state_backend_webapp_teams",
      "mode": "data",
      "type": "aws_region",
      "name": "current",
      "provider": "provider[\"registry.terraform.io/hashicorp/aws\"]",
      "instances": [
        {
          "schema_version": 0,
          "attributes": {
            "description": "US East (N. Virginia)",
            "endpoint": "ec2.us-east-1.amazonaws.com",
            "id": "us-east-1",
            "name": "us-east-1",
            "region": "us-east-1"
          },
          "sensitive_attributes": [],
          "identity_schema_version": 0
        }
      ]
    },
    {
      "module": "module.common_resources_staging.module.webapp_teams.module.terraform_state_backend_webapp_teams",
      "mode": "managed",
      "type": "aws_dynamodb_table",
      "name": "with_server_side_encryption",
      "provider": "provider[\"registry.terraform.io/hashicorp/aws\"]",
      "instances": [
        {
          "index_key": 0,
          "schema_version": 1,
          "attributes": {
            "arn": "arn:aws:dynamodb:us-east-1:887311683230:table/unityhub-staging-webappteams-terraform-state-lock",
            "attribute": [
              {
                "name": "LockID",
                "type": "S"
              }
            ],
            "billing_mode": "PAY_PER_REQUEST",
            "deletion_protection_enabled": false,
            "global_secondary_index": [],
            "global_table_witness": [],
            "hash_key": "LockID",
            "id": "unityhub-staging-webappteams-terraform-state-lock",
            "import_table": [],
            "local_secondary_index": [],
            "name": "unityhub-staging-webappteams-terraform-state-lock",
            "on_demand_throughput": [],
            "point_in_time_recovery": [
              {
                "enabled": true,
                "recovery_period_in_days": 35
              }
            ],
            "range_key": null,
            "read_capacity": 0,
            "region": "us-east-1",
            "replica": [],
            "restore_backup_arn": null,
            "restore_date_time": null,
            "restore_source_name": null,
            "restore_source_table_arn": null,
            "restore_to_latest_time": null,
            "server_side_encryption": [
              {
                "enabled": true,
                "kms_key_arn": ""
              }
            ],
            "stream_arn": "",
            "stream_enabled": false,
            "stream_label": "",
            "stream_view_type": "",
            "table_class": "STANDARD",
            "tags": {
              "Attributes": "terraform-state-lock",
              "Name": "unityhub-staging-webappteams-terraform-state-lock",
              "Namespace": "unityhub",
              "Stage": "staging"
            },
            "tags_all": {
              "Attributes": "terraform-state-lock",
              "Name": "unityhub-staging-webappteams-terraform-state-lock",
              "Namespace": "unityhub",
              "Stage": "staging"
            },
            "timeouts": null,
            "ttl": [
              {
                "attribute_name": "",
                "enabled": false
              }
            ],
            "warm_throughput": [],
            "write_capacity": 0
          },
          "sensitive_attributes": [],
          "identity_schema_version": 0,
          "identity": {
            "account_id": "887311683230",
            "name": "unityhub-staging-webappteams-terraform-state-lock",
            "region": "us-east-1"
          },
          "private": "eyJlMmJmYjczMC1lY2FhLTExZTYtOGY4OC0zNDM2M2JjN2M0YzAiOnsiY3JlYXRlIjoxODAwMDAwMDAwMDAwLCJkZWxldGUiOjYwMDAwMDAwMDAwMCwidXBkYXRlIjozNjAwMDAwMDAwMDAwfSwic2NoZW1hX3ZlcnNpb24iOiIxIn0="
        }
      ]
    },
    {
      "module": "module.common_resources_staging.module.webapp_teams.module.terraform_state_backend_webapp_teams",
      "mode": "managed",
      "type": "aws_s3_bucket",
      "name": "default",
      "provider": "provider[\"registry.terraform.io/hashicorp/aws\"]",
      "instances": [
        {
          "index_key": 0,
          "schema_version": 0,
          "attributes": {
            "acceleration_status": "",
            "acl": null,
            "arn": "arn:aws:s3:::unityhub-staging-webappteams-terraform-state",
            "bucket": "unityhub-staging-webappteams-terraform-state",
            "bucket_domain_name": "unityhub-staging-webappteams-terraform-state.s3.amazonaws.com",
            "bucket_namespace": "global",
            "bucket_prefix": "",
            "bucket_region": "us-east-1",
            "bucket_regional_domain_name": "unityhub-staging-webappteams-terraform-state.s3.us-east-1.amazonaws.com",
            "cors_rule": [],
            "force_destroy": true,
            "grant": [
              {
                "id": "1e705be12a968dd63fd96aa2d89b9898fdbac29cae9cebb1a3874a1b02621739",
                "permissions": [
                  "FULL_CONTROL"
                ],
                "type": "CanonicalUser",
                "uri": ""
              }
            ],
            "hosted_zone_id": "Z3AQBSTGFYJSTF",
            "id": "unityhub-staging-webappteams-terraform-state",
            "lifecycle_rule": [],
            "logging": [],
            "object_lock_configuration": [],
            "object_lock_enabled": false,
            "policy": "",
            "region": "us-east-1",
            "replication_configuration": [],
            "request_payer": "BucketOwner",
            "server_side_encryption_configuration": [
              {
                "rule": [
                  {
                    "apply_server_side_encryption_by_default": [
                      {
                        "kms_master_key_id": "",
                        "sse_algorithm": "AES256"
                      }
                    ],
                    "bucket_key_enabled": false
                  }
                ]
              }
            ],
            "tags": {
              "Attributes": "terraform-state",
              "Name": "unityhub-staging-webappteams-terraform-state",
              "Namespace": "unityhub",
              "Stage": "staging"
            },
            "tags_all": {
              "Attributes": "terraform-state",
              "Name": "unityhub-staging-webappteams-terraform-state",
              "Namespace": "unityhub",
              "Stage": "staging"
            },
            "timeouts": null,
            "versioning": [
              {
                "enabled": false,
                "mfa_delete": false
              }
            ],
            "website": [],
            "website_domain": null,
            "website_endpoint": null
          },
          "sensitive_attributes": [],
          "identity_schema_version": 0,
          "identity": {
            "account_id": "887311683230",
            "bucket": "unityhub-staging-webappteams-terraform-state",
            "region": "us-east-1"
          },
          "private": "eyJlMmJmYjczMC1lY2FhLTExZTYtOGY4OC0zNDM2M2JjN2M0YzAiOnsiY3JlYXRlIjoxMjAwMDAwMDAwMDAwLCJkZWxldGUiOjM2MDAwMDAwMDAwMDAsInJlYWQiOjEyMDAwMDAwMDAwMDAsInVwZGF0ZSI6MTIwMDAwMDAwMDAwMH19"
        }
      ]
    },
    {
      "module": "module.common_resources_staging.module.webapp_teams.module.terraform_state_backend_webapp_teams",
      "mode": "managed",
      "type": "aws_s3_bucket_ownership_controls",
      "name": "default",
      "provider": "provider[\"registry.terraform.io/hashicorp/aws\"]",
      "instances": [
        {
          "index_key": 0,
          "schema_version": 0,
          "attributes": {
            "bucket": "unityhub-staging-webappteams-terraform-state",
            "id": "unityhub-staging-webappteams-terraform-state",
            "region": "us-east-1",
            "rule": [
              {
                "object_ownership": "BucketOwnerEnforced"
              }
            ]
          },
          "sensitive_attributes": [],
          "identity_schema_version": 0,
          "identity": {
            "account_id": "887311683230",
            "bucket": "unityhub-staging-webappteams-terraform-state",
            "region": "us-east-1"
          },
          "private": "bnVsbA==",
          "dependencies": [
            "module.common_resources_staging.module.webapp_teams.module.terraform_state_backend_webapp_teams.aws_s3_bucket.default"
          ]
        }
      ]
    },
    {
      "module": "module.common_resources_staging.module.webapp_teams.module.terraform_state_backend_webapp_teams",
      "mode": "managed",
      "type": "aws_s3_bucket_policy",
      "name": "default",
      "provider": "provider[\"registry.terraform.io/hashicorp/aws\"]",
      "instances": [
        {
          "index_key": 0,
          "schema_version": 0,
          "attributes": {
            "bucket": "unityhub-staging-webappteams-terraform-state",
            "id": "unityhub-staging-webappteams-terraform-state",
            "policy": "{\"Statement\":[{\"Action\":\"s3:PutObject\",\"Condition\":{\"StringNotEquals\":{\"s3:x-amz-server-side-encryption\":[\"AES256\",\"aws:kms\"]}},\"Effect\":\"Deny\",\"Principal\":{\"AWS\":\"*\"},\"Resource\":\"arn:aws:s3:::unityhub-staging-webappteams-terraform-state/*\",\"Sid\":\"DenyIncorrectEncryptionHeader\"},{\"Action\":\"s3:PutObject\",\"Condition\":{\"Null\":{\"s3:x-amz-server-side-encryption\":\"true\"}},\"Effect\":\"Deny\",\"Principal\":{\"AWS\":\"*\"},\"Resource\":\"arn:aws:s3:::unityhub-staging-webappteams-terraform-state/*\",\"Sid\":\"DenyUnEncryptedObjectUploads\"},{\"Action\":\"s3:*\",\"Condition\":{\"Bool\":{\"aws:SecureTransport\":\"false\"}},\"Effect\":\"Deny\",\"Principal\":{\"AWS\":\"*\"},\"Resource\":[\"arn:aws:s3:::unityhub-staging-webappteams-terraform-state/*\",\"arn:aws:s3:::unityhub-staging-webappteams-terraform-state\"],\"Sid\":\"EnforceTlsRequestsOnly\"}],\"Version\":\"2012-10-17\"}",
            "region": "us-east-1"
          },
          "sensitive_attributes": [],
          "identity_schema_version": 0,
          "identity": {
            "account_id": "887311683230",
            "bucket": "unityhub-staging-webappteams-terraform-state",
            "region": "us-east-1"
          },
          "private": "bnVsbA==",
          "dependencies": [
            "module.common_resources_staging.module.webapp_teams.module.terraform_state_backend_webapp_teams.aws_s3_bucket.default",
            "module.common_resources_staging.module.webapp_teams.module.terraform_state_backend_webapp_teams.data.aws_iam_policy_document.prevent_unencrypted_uploads"
          ]
        }
      ]
    },
    {
      "module": "module.common_resources_staging.module.webapp_teams.module.terraform_state_backend_webapp_teams",
      "mode": "managed",
      "type": "aws_s3_bucket_public_access_block",
      "name": "default",
      "provider": "provider[\"registry.terraform.io/hashicorp/aws\"]",
      "instances": [
        {
          "index_key": 0,
          "schema_version": 0,
          "attributes": {
            "block_public_acls": true,
            "block_public_policy": true,
            "bucket": "unityhub-staging-webappteams-terraform-state",
            "id": "unityhub-staging-webappteams-terraform-state",
            "ignore_public_acls": true,
            "region": "us-east-1",
            "restrict_public_buckets": true,
            "skip_destroy": null
          },
          "sensitive_attributes": [],
          "identity_schema_version": 0,
          "identity": {
            "account_id": "887311683230",
            "bucket": "unityhub-staging-webappteams-terraform-state",
            "region": "us-east-1"
          },
          "private": "bnVsbA==",
          "dependencies": [
            "module.common_resources_staging.module.webapp_teams.module.terraform_state_backend_webapp_teams.aws_s3_bucket.default"
          ]
        }
      ]
    },
    {
      "module": "module.common_resources_staging.module.webapp_teams.module.terraform_state_backend_webapp_teams",
      "mode": "managed",
      "type": "aws_s3_bucket_server_side_encryption_configuration",
      "name": "default",
      "provider": "provider[\"registry.terraform.io/hashicorp/aws\"]",
      "instances": [
        {
          "index_key": 0,
          "schema_version": 0,
          "attributes": {
            "bucket": "unityhub-staging-webappteams-terraform-state",
            "expected_bucket_owner": "",
            "id": "unityhub-staging-webappteams-terraform-state",
            "region": "us-east-1",
            "rule": [
              {
                "apply_server_side_encryption_by_default": [
                  {
                    "kms_master_key_id": "",
                    "sse_algorithm": "AES256"
                  }
                ],
                "blocked_encryption_types": [
                  "SSE-C"
                ],
                "bucket_key_enabled": false
              }
            ]
          },
          "sensitive_attributes": [],
          "identity_schema_version": 1,
          "identity": {
            "account_id": "887311683230",
            "bucket": "unityhub-staging-webappteams-terraform-state",
            "region": "us-east-1"
          },
          "private": "bnVsbA==",
          "dependencies": [
            "module.common_resources_staging.module.webapp_teams.module.terraform_state_backend_webapp_teams.aws_s3_bucket.default"
          ]
        }
      ]
    },
    {
      "module": "module.common_resources_staging.module.webapp_teams.module.terraform_state_backend_webapp_teams",
      "mode": "managed",
      "type": "aws_s3_bucket_versioning",
      "name": "default",
      "provider": "provider[\"registry.terraform.io/hashicorp/aws\"]",
      "instances": [
        {
          "index_key": 0,
          "schema_version": 0,
          "attributes": {
            "bucket": "unityhub-staging-webappteams-terraform-state",
            "expected_bucket_owner": "",
            "id": "unityhub-staging-webappteams-terraform-state",
            "mfa": null,
            "region": "us-east-1",
            "versioning_configuration": [
              {
                "mfa_delete": "Disabled",
                "status": "Enabled"
              }
            ]
          },
          "sensitive_attributes": [],
          "identity_schema_version": 1,
          "identity": {
            "account_id": "887311683230",
            "bucket": "unityhub-staging-webappteams-terraform-state",
            "region": "us-east-1"
          },
          "private": "bnVsbA==",
          "dependencies": [
            "module.common_resources_staging.module.webapp_teams.module.terraform_state_backend_webapp_teams.aws_s3_bucket.default"
          ]
        }
      ]
    },
    {
      "module": "module.common_resources_staging.module.webapp_teams.module.terraform_state_backend_webapp_teams",
      "mode": "managed",
      "type": "local_file",
      "name": "terraform_backend_config",
      "provider": "provider[\"registry.terraform.io/hashicorp/local\"]",
      "instances": [
        {
          "index_key": 0,
          "schema_version": 0,
          "attributes": {
            "content": "terraform {\n  required_version = \"\u003e= 1.0.0\"\n\n  backend \"s3\" {\n    region         = \"us-east-1\"\n    bucket         = \"unityhub-staging-webappteams-terraform-state\"\n    key            = \"terraform.tfstate\"\n    dynamodb_table = \"unityhub-staging-webappteams-terraform-state-lock\"\n    profile        = \"\"\n    role_arn       = \"\"\n    encrypt        = \"true\"\n  }\n}\n",
            "content_base64": null,
            "content_base64sha256": "UTMympQHBu6It60sn/pQxDJJZsLZf0iiu7WAJQGGGAw=",
            "content_base64sha512": "STH63zQ8YazZAzAbpfW9u7V5uU6x2Qzpkqrlw26kPh8T0FTNuj+FHOYO81YqpHt0hswiW7Zk2jaUto3Nva6tUg==",
            "content_md5": "72282d5761fa26acb90ad232e7cc4951",
            "content_sha1": "5ed57d33252649530b75dcc1306c2ace822c8702",
            "content_sha256": "5133329a940706ee88b7ad2c9ffa50c4324966c2d97f48a2bbb580250186180c",
            "content_sha512": "4931fadf343c61acd903301ba5f5bdbbb579b94eb1d90ce992aae5c36ea43e1f13d054cdba3f851ce60ef3562aa47b7486cc225bb664da3694b68dcdbdaead52",
            "directory_permission": "0777",
            "file_permission": "0644",
            "filename": "./backend/backend_webapp_teams.tf",
            "id": "5ed57d33252649530b75dcc1306c2ace822c8702",
            "sensitive_content": null,
            "source": null
          },
          "sensitive_attributes": [
            [
              {
                "type": "get_attr",
                "value": "sensitive_content"
              }
            ]
          ],
          "identity_schema_version": 0,
          "dependencies": [
            "module.common_resources_staging.module.webapp_teams.module.terraform_state_backend_webapp_teams.aws_dynamodb_table.with_server_side_encryption",
            "module.common_resources_staging.module.webapp_teams.module.terraform_state_backend_webapp_teams.aws_s3_bucket.default",
            "module.common_resources_staging.module.webapp_teams.module.terraform_state_backend_webapp_teams.data.aws_region.current"
          ]
        }
      ]
    },
    {
      "module": "module.common_resources_staging.module.webapp_teams.module.terraform_state_backend_webapp_teams_help",
      "mode": "data",
      "type": "aws_iam_policy_document",
      "name": "prevent_unencrypted_uploads",
      "provider": "provider[\"registry.terraform.io/hashicorp/aws\"]",
      "instances": [
        {
          "index_key": 0,
          "schema_version": 0,
          "attributes": {
            "id": "257161841",
            "json": "{\n  \"Version\": \"2012-10-17\",\n  \"Statement\": [\n    {\n      \"Sid\": \"DenyIncorrectEncryptionHeader\",\n      \"Effect\": \"Deny\",\n      \"Action\": \"s3:PutObject\",\n      \"Resource\": \"arn:aws:s3:::unityhub-staging-webappteams-help-terraform-state/*\",\n      \"Principal\": {\n        \"AWS\": \"*\"\n      },\n      \"Condition\": {\n        \"StringNotEquals\": {\n          \"s3:x-amz-server-side-encryption\": [\n            \"AES256\",\n            \"aws:kms\"\n          ]\n        }\n      }\n    },\n    {\n      \"Sid\": \"DenyUnEncryptedObjectUploads\",\n      \"Effect\": \"Deny\",\n      \"Action\": \"s3:PutObject\",\n      \"Resource\": \"arn:aws:s3:::unityhub-staging-webappteams-help-terraform-state/*\",\n      \"Principal\": {\n        \"AWS\": \"*\"\n      },\n      \"Condition\": {\n        \"Null\": {\n          \"s3:x-amz-server-side-encryption\": \"true\"\n        }\n      }\n    },\n    {\n      \"Sid\": \"EnforceTlsRequestsOnly\",\n      \"Effect\": \"Deny\",\n      \"Action\": \"s3:*\",\n      \"Resource\": [\n        \"arn:aws:s3:::unityhub-staging-webappteams-help-terraform-state/*\",\n        \"arn:aws:s3:::unityhub-staging-webappteams-help-terraform-state\"\n      ],\n      \"Principal\": {\n        \"AWS\": \"*\"\n      },\n      \"Condition\": {\n        \"Bool\": {\n          \"aws:SecureTransport\": \"false\"\n        }\n      }\n    }\n  ]\n}",
            "minified_json": "{\"Version\":\"2012-10-17\",\"Statement\":[{\"Sid\":\"DenyIncorrectEncryptionHeader\",\"Effect\":\"Deny\",\"Action\":\"s3:PutObject\",\"Resource\":\"arn:aws:s3:::unityhub-staging-webappteams-help-terraform-state/*\",\"Principal\":{\"AWS\":\"*\"},\"Condition\":{\"StringNotEquals\":{\"s3:x-amz-server-side-encryption\":[\"AES256\",\"aws:kms\"]}}},{\"Sid\":\"DenyUnEncryptedObjectUploads\",\"Effect\":\"Deny\",\"Action\":\"s3:PutObject\",\"Resource\":\"arn:aws:s3:::unityhub-staging-webappteams-help-terraform-state/*\",\"Principal\":{\"AWS\":\"*\"},\"Condition\":{\"Null\":{\"s3:x-amz-server-side-encryption\":\"true\"}}},{\"Sid\":\"EnforceTlsRequestsOnly\",\"Effect\":\"Deny\",\"Action\":\"s3:*\",\"Resource\":[\"arn:aws:s3:::unityhub-staging-webappteams-help-terraform-state/*\",\"arn:aws:s3:::unityhub-staging-webappteams-help-terraform-state\"],\"Principal\":{\"AWS\":\"*\"},\"Condition\":{\"Bool\":{\"aws:SecureTransport\":\"false\"}}}]}",
            "override_json": null,
            "override_policy_documents": null,
            "policy_id": null,
            "source_json": null,
            "source_policy_documents": null,
            "statement": [
              {
                "actions": [
                  "s3:PutObject"
                ],
                "condition": [
                  {
                    "test": "StringNotEquals",
                    "values": [
                      "AES256",
                      "aws:kms"
                    ],
                    "variable": "s3:x-amz-server-side-encryption"
                  }
                ],
                "effect": "Deny",
                "not_actions": [],
                "not_principals": [],
                "not_resources": [],
                "principals": [
                  {
                    "identifiers": [
                      "*"
                    ],
                    "type": "AWS"
                  }
                ],
                "resources": [
                  "arn:aws:s3:::unityhub-staging-webappteams-help-terraform-state/*"
                ],
                "sid": "DenyIncorrectEncryptionHeader"
              },
              {
                "actions": [
                  "s3:PutObject"
                ],
                "condition": [
                  {
                    "test": "Null",
                    "values": [
                      "true"
                    ],
                    "variable": "s3:x-amz-server-side-encryption"
                  }
                ],
                "effect": "Deny",
                "not_actions": [],
                "not_principals": [],
                "not_resources": [],
                "principals": [
                  {
                    "identifiers": [
                      "*"
                    ],
                    "type": "AWS"
                  }
                ],
                "resources": [
                  "arn:aws:s3:::unityhub-staging-webappteams-help-terraform-state/*"
                ],
                "sid": "DenyUnEncryptedObjectUploads"
              },
              {
                "actions": [
                  "s3:*"
                ],
                "condition": [
                  {
                    "test": "Bool",
                    "values": [
                      "false"
                    ],
                    "variable": "aws:SecureTransport"
                  }
                ],
                "effect": "Deny",
                "not_actions": [],
                "not_principals": [],
                "not_resources": [],
                "principals": [
                  {
                    "identifiers": [
                      "*"
                    ],
                    "type": "AWS"
                  }
                ],
                "resources": [
                  "arn:aws:s3:::unityhub-staging-webappteams-help-terraform-state",
                  "arn:aws:s3:::unityhub-staging-webappteams-help-terraform-state/*"
                ],
                "sid": "EnforceTlsRequestsOnly"
              }
            ],
            "version": "2012-10-17"
          },
          "sensitive_attributes": [],
          "identity_schema_version": 0
        }
      ]
    },
    {
      "module": "module.common_resources_staging.module.webapp_teams.module.terraform_state_backend_webapp_teams_help",
      "mode": "data",
      "type": "aws_region",
      "name": "current",
      "provider": "provider[\"registry.terraform.io/hashicorp/aws\"]",
      "instances": [
        {
          "schema_version": 0,
          "attributes": {
            "description": "US East (N. Virginia)",
            "endpoint": "ec2.us-east-1.amazonaws.com",
            "id": "us-east-1",
            "name": "us-east-1",
            "region": "us-east-1"
          },
          "sensitive_attributes": [],
          "identity_schema_version": 0
        }
      ]
    },
    {
      "module": "module.common_resources_staging.module.webapp_teams.module.terraform_state_backend_webapp_teams_help",
      "mode": "managed",
      "type": "aws_dynamodb_table",
      "name": "with_server_side_encryption",
      "provider": "provider[\"registry.terraform.io/hashicorp/aws\"]",
      "instances": [
        {
          "index_key": 0,
          "schema_version": 1,
          "attributes": {
            "arn": "arn:aws:dynamodb:us-east-1:887311683230:table/unityhub-staging-webappteams-help-terraform-state-lock",
            "attribute": [
              {
                "name": "LockID",
                "type": "S"
              }
            ],
            "billing_mode": "PAY_PER_REQUEST",
            "deletion_protection_enabled": false,
            "global_secondary_index": [],
            "global_table_witness": [],
            "hash_key": "LockID",
            "id": "unityhub-staging-webappteams-help-terraform-state-lock",
            "import_table": [],
            "local_secondary_index": [],
            "name": "unityhub-staging-webappteams-help-terraform-state-lock",
            "on_demand_throughput": [],
            "point_in_time_recovery": [
              {
                "enabled": true,
                "recovery_period_in_days": 35
              }
            ],
            "range_key": null,
            "read_capacity": 0,
            "region": "us-east-1",
            "replica": [],
            "restore_backup_arn": null,
            "restore_date_time": null,
            "restore_source_name": null,
            "restore_source_table_arn": null,
            "restore_to_latest_time": null,
            "server_side_encryption": [
              {
                "enabled": true,
                "kms_key_arn": ""
              }
            ],
            "stream_arn": "",
            "stream_enabled": false,
            "stream_label": "",
            "stream_view_type": "",
            "table_class": "STANDARD",
            "tags": {
              "Attributes": "terraform-state-lock",
              "Name": "unityhub-staging-webappteams-help-terraform-state-lock",
              "Namespace": "unityhub",
              "Stage": "staging"
            },
            "tags_all": {
              "Attributes": "terraform-state-lock",
              "Name": "unityhub-staging-webappteams-help-terraform-state-lock",
              "Namespace": "unityhub",
              "Stage": "staging"
            },
            "timeouts": null,
            "ttl": [
              {
                "attribute_name": "",
                "enabled": false
              }
            ],
            "warm_throughput": [],
            "write_capacity": 0
          },
          "sensitive_attributes": [],
          "identity_schema_version": 0,
          "identity": {
            "account_id": "887311683230",
            "name": "unityhub-staging-webappteams-help-terraform-state-lock",
            "region": "us-east-1"
          },
          "private": "eyJlMmJmYjczMC1lY2FhLTExZTYtOGY4OC0zNDM2M2JjN2M0YzAiOnsiY3JlYXRlIjoxODAwMDAwMDAwMDAwLCJkZWxldGUiOjYwMDAwMDAwMDAwMCwidXBkYXRlIjozNjAwMDAwMDAwMDAwfSwic2NoZW1hX3ZlcnNpb24iOiIxIn0="
        }
      ]
    },
    {
      "module": "module.common_resources_staging.module.webapp_teams.module.terraform_state_backend_webapp_teams_help",
      "mode": "managed",
      "type": "aws_s3_bucket",
      "name": "default",
      "provider": "provider[\"registry.terraform.io/hashicorp/aws\"]",
      "instances": [
        {
          "index_key": 0,
          "schema_version": 0,
          "attributes": {
            "acceleration_status": "",
            "acl": null,
            "arn": "arn:aws:s3:::unityhub-staging-webappteams-help-terraform-state",
            "bucket": "unityhub-staging-webappteams-help-terraform-state",
            "bucket_domain_name": "unityhub-staging-webappteams-help-terraform-state.s3.amazonaws.com",
            "bucket_namespace": "global",
            "bucket_prefix": "",
            "bucket_region": "us-east-1",
            "bucket_regional_domain_name": "unityhub-staging-webappteams-help-terraform-state.s3.us-east-1.amazonaws.com",
            "cors_rule": [],
            "force_destroy": true,
            "grant": [
              {
                "id": "1e705be12a968dd63fd96aa2d89b9898fdbac29cae9cebb1a3874a1b02621739",
                "permissions": [
                  "FULL_CONTROL"
                ],
                "type": "CanonicalUser",
                "uri": ""
              }
            ],
            "hosted_zone_id": "Z3AQBSTGFYJSTF",
            "id": "unityhub-staging-webappteams-help-terraform-state",
            "lifecycle_rule": [],
            "logging": [],
            "object_lock_configuration": [],
            "object_lock_enabled": false,
            "policy": "",
            "region": "us-east-1",
            "replication_configuration": [],
            "request_payer": "BucketOwner",
            "server_side_encryption_configuration": [
              {
                "rule": [
                  {
                    "apply_server_side_encryption_by_default": [
                      {
                        "kms_master_key_id": "",
                        "sse_algorithm": "AES256"
                      }
                    ],
                    "bucket_key_enabled": false
                  }
                ]
              }
            ],
            "tags": {
              "Attributes": "terraform-state",
              "Name": "unityhub-staging-webappteams-help-terraform-state",
              "Namespace": "unityhub",
              "Stage": "staging"
            },
            "tags_all": {
              "Attributes": "terraform-state",
              "Name": "unityhub-staging-webappteams-help-terraform-state",
              "Namespace": "unityhub",
              "Stage": "staging"
            },
            "timeouts": null,
            "versioning": [
              {
                "enabled": false,
                "mfa_delete": false
              }
            ],
            "website": [],
            "website_domain": null,
            "website_endpoint": null
          },
          "sensitive_attributes": [],
          "identity_schema_version": 0,
          "identity": {
            "account_id": "887311683230",
            "bucket": "unityhub-staging-webappteams-help-terraform-state",
            "region": "us-east-1"
          },
          "private": "eyJlMmJmYjczMC1lY2FhLTExZTYtOGY4OC0zNDM2M2JjN2M0YzAiOnsiY3JlYXRlIjoxMjAwMDAwMDAwMDAwLCJkZWxldGUiOjM2MDAwMDAwMDAwMDAsInJlYWQiOjEyMDAwMDAwMDAwMDAsInVwZGF0ZSI6MTIwMDAwMDAwMDAwMH19"
        }
      ]
    },
    {
      "module": "module.common_resources_staging.module.webapp_teams.module.terraform_state_backend_webapp_teams_help",
      "mode": "managed",
      "type": "aws_s3_bucket_ownership_controls",
      "name": "default",
      "provider": "provider[\"registry.terraform.io/hashicorp/aws\"]",
      "instances": [
        {
          "index_key": 0,
          "schema_version": 0,
          "attributes": {
            "bucket": "unityhub-staging-webappteams-help-terraform-state",
            "id": "unityhub-staging-webappteams-help-terraform-state",
            "region": "us-east-1",
            "rule": [
              {
                "object_ownership": "BucketOwnerEnforced"
              }
            ]
          },
          "sensitive_attributes": [],
          "identity_schema_version": 0,
          "identity": {
            "account_id": "887311683230",
            "bucket": "unityhub-staging-webappteams-help-terraform-state",
            "region": "us-east-1"
          },
          "private": "bnVsbA==",
          "dependencies": [
            "module.common_resources_staging.module.webapp_teams.module.terraform_state_backend_webapp_teams_help.aws_s3_bucket.default"
          ]
        }
      ]
    },
    {
      "module": "module.common_resources_staging.module.webapp_teams.module.terraform_state_backend_webapp_teams_help",
      "mode": "managed",
      "type": "aws_s3_bucket_policy",
      "name": "default",
      "provider": "provider[\"registry.terraform.io/hashicorp/aws\"]",
      "instances": [
        {
          "index_key": 0,
          "schema_version": 0,
          "attributes": {
            "bucket": "unityhub-staging-webappteams-help-terraform-state",
            "id": "unityhub-staging-webappteams-help-terraform-state",
            "policy": "{\"Statement\":[{\"Action\":\"s3:PutObject\",\"Condition\":{\"StringNotEquals\":{\"s3:x-amz-server-side-encryption\":[\"AES256\",\"aws:kms\"]}},\"Effect\":\"Deny\",\"Principal\":{\"AWS\":\"*\"},\"Resource\":\"arn:aws:s3:::unityhub-staging-webappteams-help-terraform-state/*\",\"Sid\":\"DenyIncorrectEncryptionHeader\"},{\"Action\":\"s3:PutObject\",\"Condition\":{\"Null\":{\"s3:x-amz-server-side-encryption\":\"true\"}},\"Effect\":\"Deny\",\"Principal\":{\"AWS\":\"*\"},\"Resource\":\"arn:aws:s3:::unityhub-staging-webappteams-help-terraform-state/*\",\"Sid\":\"DenyUnEncryptedObjectUploads\"},{\"Action\":\"s3:*\",\"Condition\":{\"Bool\":{\"aws:SecureTransport\":\"false\"}},\"Effect\":\"Deny\",\"Principal\":{\"AWS\":\"*\"},\"Resource\":[\"arn:aws:s3:::unityhub-staging-webappteams-help-terraform-state/*\",\"arn:aws:s3:::unityhub-staging-webappteams-help-terraform-state\"],\"Sid\":\"EnforceTlsRequestsOnly\"}],\"Version\":\"2012-10-17\"}",
            "region": "us-east-1"
          },
          "sensitive_attributes": [],
          "identity_schema_version": 0,
          "identity": {
            "account_id": "887311683230",
            "bucket": "unityhub-staging-webappteams-help-terraform-state",
            "region": "us-east-1"
          },
          "private": "bnVsbA==",
          "dependencies": [
            "module.common_resources_staging.module.webapp_teams.module.terraform_state_backend_webapp_teams_help.aws_s3_bucket.default",
            "module.common_resources_staging.module.webapp_teams.module.terraform_state_backend_webapp_teams_help.data.aws_iam_policy_document.prevent_unencrypted_uploads"
          ]
        }
      ]
    },
    {
      "module": "module.common_resources_staging.module.webapp_teams.module.terraform_state_backend_webapp_teams_help",
      "mode": "managed",
      "type": "aws_s3_bucket_public_access_block",
      "name": "default",
      "provider": "provider[\"registry.terraform.io/hashicorp/aws\"]",
      "instances": [
        {
          "index_key": 0,
          "schema_version": 0,
          "attributes": {
            "block_public_acls": true,
            "block_public_policy": true,
            "bucket": "unityhub-staging-webappteams-help-terraform-state",
            "id": "unityhub-staging-webappteams-help-terraform-state",
            "ignore_public_acls": true,
            "region": "us-east-1",
            "restrict_public_buckets": true,
            "skip_destroy": null
          },
          "sensitive_attributes": [],
          "identity_schema_version": 0,
          "identity": {
            "account_id": "887311683230",
            "bucket": "unityhub-staging-webappteams-help-terraform-state",
            "region": "us-east-1"
          },
          "private": "bnVsbA==",
          "dependencies": [
            "module.common_resources_staging.module.webapp_teams.module.terraform_state_backend_webapp_teams_help.aws_s3_bucket.default"
          ]
        }
      ]
    },
    {
      "module": "module.common_resources_staging.module.webapp_teams.module.terraform_state_backend_webapp_teams_help",
      "mode": "managed",
      "type": "aws_s3_bucket_server_side_encryption_configuration",
      "name": "default",
      "provider": "provider[\"registry.terraform.io/hashicorp/aws\"]",
      "instances": [
        {
          "index_key": 0,
          "schema_version": 0,
          "attributes": {
            "bucket": "unityhub-staging-webappteams-help-terraform-state",
            "expected_bucket_owner": "",
            "id": "unityhub-staging-webappteams-help-terraform-state",
            "region": "us-east-1",
            "rule": [
              {
                "apply_server_side_encryption_by_default": [
                  {
                    "kms_master_key_id": "",
                    "sse_algorithm": "AES256"
                  }
                ],
                "blocked_encryption_types": [
                  "SSE-C"
                ],
                "bucket_key_enabled": false
              }
            ]
          },
          "sensitive_attributes": [],
          "identity_schema_version": 1,
          "identity": {
            "account_id": "887311683230",
            "bucket": "unityhub-staging-webappteams-help-terraform-state",
            "region": "us-east-1"
          },
          "private": "bnVsbA==",
          "dependencies": [
            "module.common_resources_staging.module.webapp_teams.module.terraform_state_backend_webapp_teams_help.aws_s3_bucket.default"
          ]
        }
      ]
    },
    {
      "module": "module.common_resources_staging.module.webapp_teams.module.terraform_state_backend_webapp_teams_help",
      "mode": "managed",
      "type": "aws_s3_bucket_versioning",
      "name": "default",
      "provider": "provider[\"registry.terraform.io/hashicorp/aws\"]",
      "instances": [
        {
          "index_key": 0,
          "schema_version": 0,
          "attributes": {
            "bucket": "unityhub-staging-webappteams-help-terraform-state",
            "expected_bucket_owner": "",
            "id": "unityhub-staging-webappteams-help-terraform-state",
            "mfa": null,
            "region": "us-east-1",
            "versioning_configuration": [
              {
                "mfa_delete": "Disabled",
                "status": "Enabled"
              }
            ]
          },
          "sensitive_attributes": [],
          "identity_schema_version": 1,
          "identity": {
            "account_id": "887311683230",
            "bucket": "unityhub-staging-webappteams-help-terraform-state",
            "region": "us-east-1"
          },
          "private": "bnVsbA==",
          "dependencies": [
            "module.common_resources_staging.module.webapp_teams.module.terraform_state_backend_webapp_teams_help.aws_s3_bucket.default"
          ]
        }
      ]
    },
    {
      "module": "module.common_resources_staging.module.webapp_teams.module.terraform_state_backend_webapp_teams_help",
      "mode": "managed",
      "type": "local_file",
      "name": "terraform_backend_config",
      "provider": "provider[\"registry.terraform.io/hashicorp/local\"]",
      "instances": [
        {
          "index_key": 0,
          "schema_version": 0,
          "attributes": {
            "content": "terraform {\n  required_version = \"\u003e= 1.0.0\"\n\n  backend \"s3\" {\n    region         = \"us-east-1\"\n    bucket         = \"unityhub-staging-webappteams-help-terraform-state\"\n    key            = \"terraform.tfstate\"\n    dynamodb_table = \"unityhub-staging-webappteams-help-terraform-state-lock\"\n    profile        = \"\"\n    role_arn       = \"\"\n    encrypt        = \"true\"\n  }\n}\n",
            "content_base64": null,
            "content_base64sha256": "8iIQxcC7Cx93D3lLBfl2wRkpMkUUx4MkUWS1nqWtTn0=",
            "content_base64sha512": "6F28VESAPRoYmsdEoucW25bs9+N3bbNOzEoz2wsB+8BjvKukUDhb73odmcCT5hmvfBEVExUW3NAdt5f8x925Eg==",
            "content_md5": "8886cb2775286cfc3c64e6cf38a2f4ac",
            "content_sha1": "67abafbd796abad85395063508551ea55b339ce5",
            "content_sha256": "f22210c5c0bb0b1f770f794b05f976c11929324514c783245164b59ea5ad4e7d",
            "content_sha512": "e85dbc5444803d1a189ac744a2e716db96ecf7e3776db34ecc4a33db0b01fbc063bcaba450385bef7a1d99c093e619af7c1115131516dcd01db797fcc7ddb912",
            "directory_permission": "0777",
            "file_permission": "0644",
            "filename": "./backend/backend_webapp_teams_help.tf",
            "id": "67abafbd796abad85395063508551ea55b339ce5",
            "sensitive_content": null,
            "source": null
          },
          "sensitive_attributes": [
            [
              {
                "type": "get_attr",
                "value": "sensitive_content"
              }
            ]
          ],
          "identity_schema_version": 0,
          "dependencies": [
            "module.common_resources_staging.module.webapp_teams.module.terraform_state_backend_webapp_teams_help.aws_dynamodb_table.with_server_side_encryption",
            "module.common_resources_staging.module.webapp_teams.module.terraform_state_backend_webapp_teams_help.aws_s3_bucket.default",
            "module.common_resources_staging.module.webapp_teams.module.terraform_state_backend_webapp_teams_help.data.aws_region.current"
          ]
        }
      ]
    }
  ],
  "check_results": [
    {
      "object_kind": "var",
      "config_addr": "module.common_resources_staging.module.customer.module.terraform_state_backend_customer_shared.module.dynamodb_table_label.var.label_value_case",
      "status": "pass",
      "objects": [
        {
          "object_addr": "module.common_resources_staging.module.customer.module.terraform_state_backend_customer_shared.module.dynamodb_table_label.var.label_value_case",
          "status": "pass"
        }
      ]
    },
    {
      "object_kind": "var",
      "config_addr": "module.common_resources_staging.module.webapp.module.terraform_state_backend_webapp_help.module.replication_label.var.label_key_case",
      "status": "pass",
      "objects": [
        {
          "object_addr": "module.common_resources_staging.module.webapp.module.terraform_state_backend_webapp_help.module.replication_label.var.label_key_case",
          "status": "pass"
        }
      ]
    },
    {
      "object_kind": "var",
      "config_addr": "module.common_resources_staging.module.webapp.module.terraform_state_backend_webapp_eventcatalog.module.replication_label.var.id_length_limit",
      "status": "pass",
      "objects": [
        {
          "object_addr": "module.common_resources_staging.module.webapp.module.terraform_state_backend_webapp_eventcatalog.module.replication_label.var.id_length_limit",
          "status": "pass"
        }
      ]
    },
    {
      "object_kind": "var",
      "config_addr": "module.common_resources_staging.module.shared.module.terraform_state_backend_shared_azure_entra.var.logging",
      "status": "pass",
      "objects": [
        {
          "object_addr": "module.common_resources_staging.module.shared.module.terraform_state_backend_shared_azure_entra.var.logging",
          "status": "pass"
        }
      ]
    },
    {
      "object_kind": "var",
      "config_addr": "module.common_resources_staging.module.webapp.module.terraform_state_backend_webapp_help.module.dynamodb_table_label.var.label_key_case",
      "status": "pass",
      "objects": [
        {
          "object_addr": "module.common_resources_staging.module.webapp.module.terraform_state_backend_webapp_help.module.dynamodb_table_label.var.label_key_case",
          "status": "pass"
        }
      ]
    },
    {
      "object_kind": "var",
      "config_addr": "module.common_resources_staging.module.shared.module.terraform_state_backend_shared.module.this.var.id_length_limit",
      "status": "pass",
      "objects": [
        {
          "object_addr": "module.common_resources_staging.module.shared.module.terraform_state_backend_shared.module.this.var.id_length_limit",
          "status": "pass"
        }
      ]
    },
    {
      "object_kind": "var",
      "config_addr": "module.common_resources_staging.module.organization.module.terraform_state_backend_organization_shared.var.context",
      "status": "pass",
      "objects": [
        {
          "object_addr": "module.common_resources_staging.module.organization.module.terraform_state_backend_organization_shared.var.context",
          "status": "pass"
        }
      ]
    },
    {
      "object_kind": "var",
      "config_addr": "module.common_resources_staging.module.location.module.terraform_state_backend_location_shared.module.this.var.context",
      "status": "pass",
      "objects": [
        {
          "object_addr": "module.common_resources_staging.module.location.module.terraform_state_backend_location_shared.module.this.var.context",
          "status": "pass"
        }
      ]
    },
    {
      "object_kind": "var",
      "config_addr": "module.common_resources_staging.module.core.module.terraform_state_backend_core_shared.var.label_value_case",
      "status": "pass",
      "objects": [
        {
          "object_addr": "module.common_resources_staging.module.core.module.terraform_state_backend_core_shared.var.label_value_case",
          "status": "pass"
        }
      ]
    },
    {
      "object_kind": "var",
      "config_addr": "module.common_resources_staging.module.webapp_spaces.module.terraform_state_backend_webapp_spaces_help.module.bucket_label.var.label_key_case",
      "status": "pass",
      "objects": [
        {
          "object_addr": "module.common_resources_staging.module.webapp_spaces.module.terraform_state_backend_webapp_spaces_help.module.bucket_label.var.label_key_case",
          "status": "pass"
        }
      ]
    },
    {
      "object_kind": "var",
      "config_addr": "module.common_resources_staging.module.webapp.module.terraform_state_backend_webapp_shared.module.replication_label.var.label_value_case",
      "status": "pass",
      "objects": [
        {
          "object_addr": "module.common_resources_staging.module.webapp.module.terraform_state_backend_webapp_shared.module.replication_label.var.label_value_case",
          "status": "pass"
        }
      ]
    },
    {
      "object_kind": "var",
      "config_addr": "module.common_resources_staging.module.shared.module.terraform_state_backend_shared_azure_entra.module.replication_label.var.label_value_case",
      "status": "pass",
      "objects": [
        {
          "object_addr": "module.common_resources_staging.module.shared.module.terraform_state_backend_shared_azure_entra.module.replication_label.var.label_value_case",
          "status": "pass"
        }
      ]
    },
    {
      "object_kind": "var",
      "config_addr": "module.common_resources_staging.module.gcp_oneoff.module.terraform_state_backend_gcp_oneoff.module.bucket_label.var.label_key_case",
      "status": "pass",
      "objects": [
        {
          "object_addr": "module.common_resources_staging.module.gcp_oneoff.module.terraform_state_backend_gcp_oneoff.module.bucket_label.var.label_key_case",
          "status": "pass"
        }
      ]
    },
    {
      "object_kind": "var",
      "config_addr": "module.common_resources_staging.module.azure_oneoff.module.terraform_state_backend_azure_oneoff.module.dynamodb_table_label.var.label_value_case",
      "status": "pass",
      "objects": [
        {
          "object_addr": "module.common_resources_staging.module.azure_oneoff.module.terraform_state_backend_azure_oneoff.module.dynamodb_table_label.var.label_value_case",
          "status": "pass"
        }
      ]
    },
    {
      "object_kind": "var",
      "config_addr": "module.common_resources_staging.module.location.module.terraform_state_backend_location_shared.module.bucket_label.var.id_length_limit",
      "status": "pass",
      "objects": [
        {
          "object_addr": "module.common_resources_staging.module.location.module.terraform_state_backend_location_shared.module.bucket_label.var.id_length_limit",
          "status": "pass"
        }
      ]
    },
    {
      "object_kind": "var",
      "config_addr": "module.common_resources_staging.module.gcp_oneoff.module.terraform_state_backend_gcp_oneoff.module.replication_label.var.label_key_case",
      "status": "pass",
      "objects": [
        {
          "object_addr": "module.common_resources_staging.module.gcp_oneoff.module.terraform_state_backend_gcp_oneoff.module.replication_label.var.label_key_case",
          "status": "pass"
        }
      ]
    },
    {
      "object_kind": "var",
      "config_addr": "module.common_resources_staging.module.shared.module.terraform_state_backend_shared.module.replication_label.var.id_length_limit",
      "status": "pass",
      "objects": [
        {
          "object_addr": "module.common_resources_staging.module.shared.module.terraform_state_backend_shared.module.replication_label.var.id_length_limit",
          "status": "pass"
        }
      ]
    },
    {
      "object_kind": "var",
      "config_addr": "module.common_resources_staging.module.webapp.module.terraform_state_backend_webapp.module.replication_label.var.label_value_case",
      "status": "pass",
      "objects": [
        {
          "object_addr": "module.common_resources_staging.module.webapp.module.terraform_state_backend_webapp.module.replication_label.var.label_value_case",
          "status": "pass"
        }
      ]
    },
    {
      "object_kind": "var",
      "config_addr": "module.common_resources_staging.module.webapp.module.terraform_state_backend_webapp_msteams.var.logging",
      "status": "pass",
      "objects": [
        {
          "object_addr": "module.common_resources_staging.module.webapp.module.terraform_state_backend_webapp_msteams.var.logging",
          "status": "pass"
        }
      ]
    },
    {
      "object_kind": "var",
      "config_addr": "module.common_resources_staging.module.marketplace.module.terraform_state_backend_marketplace_shared.module.bucket_label.var.id_length_limit",
      "status": "pass",
      "objects": [
        {
          "object_addr": "module.common_resources_staging.module.marketplace.module.terraform_state_backend_marketplace_shared.module.bucket_label.var.id_length_limit",
          "status": "pass"
        }
      ]
    },
    {
      "object_kind": "var",
      "config_addr": "module.common_resources_staging.module.webapp.module.terraform_state_backend_webapp.module.this.var.label_value_case",
      "status": "pass",
      "objects": [
        {
          "object_addr": "module.common_resources_staging.module.webapp.module.terraform_state_backend_webapp.module.this.var.label_value_case",
          "status": "pass"
        }
      ]
    },
    {
      "object_kind": "var",
      "config_addr": "module.common_resources_staging.module.slack.module.terraform_state_backend_slack_shared.module.bucket_label.var.context",
      "status": "pass",
      "objects": [
        {
          "object_addr": "module.common_resources_staging.module.slack.module.terraform_state_backend_slack_shared.module.bucket_label.var.context",
          "status": "pass"
        }
      ]
    },
    {
      "object_kind": "var",
      "config_addr": "module.common_resources_staging.module.shared.module.terraform_state_backend_shared.module.bucket_label.var.label_value_case",
      "status": "pass",
      "objects": [
        {
          "object_addr": "module.common_resources_staging.module.shared.module.terraform_state_backend_shared.module.bucket_label.var.label_value_case",
          "status": "pass"
        }
      ]
    },
    {
      "object_kind": "var",
      "config_addr": "module.common_resources_staging.module.aws_oneoff.module.terraform_state_backend_aws_oneoff.module.this.var.id_length_limit",
      "status": "pass",
      "objects": [
        {
          "object_addr": "module.common_resources_staging.module.aws_oneoff.module.terraform_state_backend_aws_oneoff.module.this.var.id_length_limit",
          "status": "pass"
        }
      ]
    },
    {
      "object_kind": "var",
      "config_addr": "module.common_resources_staging.module.webapp_spaces.module.terraform_state_backend_webapp_spaces_help.module.replication_label.var.context",
      "status": "pass",
      "objects": [
        {
          "object_addr": "module.common_resources_staging.module.webapp_spaces.module.terraform_state_backend_webapp_spaces_help.module.replication_label.var.context",
          "status": "pass"
        }
      ]
    },
    {
      "object_kind": "var",
      "config_addr": "module.common_resources_staging.module.team.module.terraform_state_backend_team_shared.var.context",
      "status": "pass",
      "objects": [
        {
          "object_addr": "module.common_resources_staging.module.team.module.terraform_state_backend_team_shared.var.context",
          "status": "pass"
        }
      ]
    },
    {
      "object_kind": "var",
      "config_addr": "module.common_resources_staging.module.webapp_teams.module.terraform_state_backend_webapp_teams.module.this.var.context",
      "status": "pass",
      "objects": [
        {
          "object_addr": "module.common_resources_staging.module.webapp_teams.module.terraform_state_backend_webapp_teams.module.this.var.context",
          "status": "pass"
        }
      ]
    },
    {
      "object_kind": "var",
      "config_addr": "module.common_resources_staging.module.shared.module.terraform_state_backend_shared_azure_entra.module.dynamodb_table_label.var.id_length_limit",
      "status": "pass",
      "objects": [
        {
          "object_addr": "module.common_resources_staging.module.shared.module.terraform_state_backend_shared_azure_entra.module.dynamodb_table_label.var.id_length_limit",
          "status": "pass"
        }
      ]
    },
    {
      "object_kind": "var",
      "config_addr": "module.common_resources_staging.module.webapp.module.terraform_state_backend_webapp_shared.module.dynamodb_table_label.var.label_key_case",
      "status": "pass",
      "objects": [
        {
          "object_addr": "module.common_resources_staging.module.webapp.module.terraform_state_backend_webapp_shared.module.dynamodb_table_label.var.label_key_case",
          "status": "pass"
        }
      ]
    },
    {
      "object_kind": "var",
      "config_addr": "module.common_resources_staging.module.slack.module.terraform_state_backend_slack_shared.var.id_length_limit",
      "status": "pass",
      "objects": [
        {
          "object_addr": "module.common_resources_staging.module.slack.module.terraform_state_backend_slack_shared.var.id_length_limit",
          "status": "pass"
        }
      ]
    },
    {
      "object_kind": "var",
      "config_addr": "module.common_resources_staging.module.webapp_spaces.module.terraform_state_backend_webapp_spaces_help.module.bucket_label.var.context",
      "status": "pass",
      "objects": [
        {
          "object_addr": "module.common_resources_staging.module.webapp_spaces.module.terraform_state_backend_webapp_spaces_help.module.bucket_label.var.context",
          "status": "pass"
        }
      ]
    },
    {
      "object_kind": "var",
      "config_addr": "module.common_resources_staging.module.webapp_teams.module.terraform_state_backend_webapp_teams_help.module.bucket_label.var.label_key_case",
      "status": "pass",
      "objects": [
        {
          "object_addr": "module.common_resources_staging.module.webapp_teams.module.terraform_state_backend_webapp_teams_help.module.bucket_label.var.label_key_case",
          "status": "pass"
        }
      ]
    },
    {
      "object_kind": "var",
      "config_addr": "module.common_resources_staging.module.marketplace.module.terraform_state_backend_marketplace_shared.module.this.var.label_key_case",
      "status": "pass",
      "objects": [
        {
          "object_addr": "module.common_resources_staging.module.marketplace.module.terraform_state_backend_marketplace_shared.module.this.var.label_key_case",
          "status": "pass"
        }
      ]
    },
    {
      "object_kind": "var",
      "config_addr": "module.common_resources_staging.module.webapp_teams.module.terraform_state_backend_webapp_teams_help.module.this.var.label_key_case",
      "status": "pass",
      "objects": [
        {
          "object_addr": "module.common_resources_staging.module.webapp_teams.module.terraform_state_backend_webapp_teams_help.module.this.var.label_key_case",
          "status": "pass"
        }
      ]
    },
    {
      "object_kind": "var",
      "config_addr": "module.common_resources_staging.module.gcp_oneoff.module.terraform_state_backend_gcp_oneoff.module.dynamodb_table_label.var.id_length_limit",
      "status": "pass",
      "objects": [
        {
          "object_addr": "module.common_resources_staging.module.gcp_oneoff.module.terraform_state_backend_gcp_oneoff.module.dynamodb_table_label.var.id_length_limit",
          "status": "pass"
        }
      ]
    },
    {
      "object_kind": "var",
      "config_addr": "module.common_resources_staging.module.customer.module.terraform_state_backend_customer_shared.module.bucket_label.var.context",
      "status": "pass",
      "objects": [
        {
          "object_addr": "module.common_resources_staging.module.customer.module.terraform_state_backend_customer_shared.module.bucket_label.var.context",
          "status": "pass"
        }
      ]
    },
    {
      "object_kind": "var",
      "config_addr": "module.common_resources_staging.module.location.module.terraform_state_backend_location_shared.var.context",
      "status": "pass",
      "objects": [
        {
          "object_addr": "module.common_resources_staging.module.location.module.terraform_state_backend_location_shared.var.context",
          "status": "pass"
        }
      ]
    },
    {
      "object_kind": "var",
      "config_addr": "module.common_resources_staging.module.msteams.module.terraform_state_backend_msteams_shared.module.replication_label.var.label_key_case",
      "status": "pass",
      "objects": [
        {
          "object_addr": "module.common_resources_staging.module.msteams.module.terraform_state_backend_msteams_shared.module.replication_label.var.label_key_case",
          "status": "pass"
        }
      ]
    },
    {
      "object_kind": "var",
      "config_addr": "module.common_resources_staging.module.slack.module.terraform_state_backend_slack_shared.module.dynamodb_table_label.var.label_value_case",
      "status": "pass",
      "objects": [
        {
          "object_addr": "module.common_resources_staging.module.slack.module.terraform_state_backend_slack_shared.module.dynamodb_table_label.var.label_value_case",
          "status": "pass"
        }
      ]
    },
    {
      "object_kind": "var",
      "config_addr": "module.common_resources_staging.module.team.module.terraform_state_backend_team_shared.module.bucket_label.var.label_value_case",
      "status": "pass",
      "objects": [
        {
          "object_addr": "module.common_resources_staging.module.team.module.terraform_state_backend_team_shared.module.bucket_label.var.label_value_case",
          "status": "pass"
        }
      ]
    },
    {
      "object_kind": "var",
      "config_addr": "module.common_resources_staging.module.webapp.module.terraform_state_backend_webapp_eventcatalog.module.bucket_label.var.context",
      "status": "pass",
      "objects": [
        {
          "object_addr": "module.common_resources_staging.module.webapp.module.terraform_state_backend_webapp_eventcatalog.module.bucket_label.var.context",
          "status": "pass"
        }
      ]
    },
    {
      "object_kind": "var",
      "config_addr": "module.common_resources_staging.module.webapp_spaces.module.terraform_state_backend_webapp_spaces_help.module.bucket_label.var.id_length_limit",
      "status": "pass",
      "objects": [
        {
          "object_addr": "module.common_resources_staging.module.webapp_spaces.module.terraform_state_backend_webapp_spaces_help.module.bucket_label.var.id_length_limit",
          "status": "pass"
        }
      ]
    },
    {
      "object_kind": "var",
      "config_addr": "module.common_resources_staging.module.webapp.module.terraform_state_backend_webapp_shared.module.dynamodb_table_label.var.label_value_case",
      "status": "pass",
      "objects": [
        {
          "object_addr": "module.common_resources_staging.module.webapp.module.terraform_state_backend_webapp_shared.module.dynamodb_table_label.var.label_value_case",
          "status": "pass"
        }
      ]
    },
    {
      "object_kind": "var",
      "config_addr": "module.common_resources_staging.module.webapp.module.terraform_state_backend_webapp_msteams.var.label_key_case",
      "status": "pass",
      "objects": [
        {
          "object_addr": "module.common_resources_staging.module.webapp.module.terraform_state_backend_webapp_msteams.var.label_key_case",
          "status": "pass"
        }
      ]
    },
    {
      "object_kind": "var",
      "config_addr": "module.common_resources_staging.module.organization.module.terraform_state_backend_organization_shared.module.bucket_label.var.id_length_limit",
      "status": "pass",
      "objects": [
        {
          "object_addr": "module.common_resources_staging.module.organization.module.terraform_state_backend_organization_shared.module.bucket_label.var.id_length_limit",
          "status": "pass"
        }
      ]
    },
    {
      "object_kind": "var",
      "config_addr": "module.common_resources_staging.module.booking.module.terraform_state_backend_booking_shared.module.bucket_label.var.id_length_limit",
      "status": "pass",
      "objects": [
        {
          "object_addr": "module.common_resources_staging.module.booking.module.terraform_state_backend_booking_shared.module.bucket_label.var.id_length_limit",
          "status": "pass"
        }
      ]
    },
    {
      "object_kind": "var",
      "config_addr": "module.common_resources_staging.module.aws_oneoff.module.terraform_state_backend_aws_oneoff.module.dynamodb_table_label.var.label_value_case",
      "status": "pass",
      "objects": [
        {
          "object_addr": "module.common_resources_staging.module.aws_oneoff.module.terraform_state_backend_aws_oneoff.module.dynamodb_table_label.var.label_value_case",
          "status": "pass"
        }
      ]
    },
    {
      "object_kind": "var",
      "config_addr": "module.common_resources_staging.module.shared.module.terraform_state_backend_shared_azure_entra.module.bucket_label.var.id_length_limit",
      "status": "pass",
      "objects": [
        {
          "object_addr": "module.common_resources_staging.module.shared.module.terraform_state_backend_shared_azure_entra.module.bucket_label.var.id_length_limit",
          "status": "pass"
        }
      ]
    },
    {
      "object_kind": "var",
      "config_addr": "module.common_resources_staging.module.webapp.module.terraform_state_backend_webapp_shared.module.bucket_label.var.context",
      "status": "pass",
      "objects": [
        {
          "object_addr": "module.common_resources_staging.module.webapp.module.terraform_state_backend_webapp_shared.module.bucket_label.var.context",
          "status": "pass"
        }
      ]
    },
    {
      "object_kind": "var",
      "config_addr": "module.common_resources_staging.module.shared.module.terraform_state_backend_shared.module.this.var.context",
      "status": "pass",
      "objects": [
        {
          "object_addr": "module.common_resources_staging.module.shared.module.terraform_state_backend_shared.module.this.var.context",
          "status": "pass"
        }
      ]
    },
    {
      "object_kind": "var",
      "config_addr": "module.common_resources_staging.module.slack.module.terraform_state_backend_slack_shared.module.dynamodb_table_label.var.id_length_limit",
      "status": "pass",
      "objects": [
        {
          "object_addr": "module.common_resources_staging.module.slack.module.terraform_state_backend_slack_shared.module.dynamodb_table_label.var.id_length_limit",
          "status": "pass"
        }
      ]
    },
    {
      "object_kind": "var",
      "config_addr": "module.common_resources_staging.module.aws_oneoff.module.terraform_state_backend_aws_oneoff.module.dynamodb_table_label.var.label_key_case",
      "status": "pass",
      "objects": [
        {
          "object_addr": "module.common_resources_staging.module.aws_oneoff.module.terraform_state_backend_aws_oneoff.module.dynamodb_table_label.var.label_key_case",
          "status": "pass"
        }
      ]
    },
    {
      "object_kind": "var",
      "config_addr": "module.common_resources_staging.module.marketplace.module.terraform_state_backend_marketplace_shared.var.label_value_case",
      "status": "pass",
      "objects": [
        {
          "object_addr": "module.common_resources_staging.module.marketplace.module.terraform_state_backend_marketplace_shared.var.label_value_case",
          "status": "pass"
        }
      ]
    },
    {
      "object_kind": "var",
      "config_addr": "module.common_resources_staging.module.aws_oneoff.module.terraform_state_backend_aws_oneoff.var.label_value_case",
      "status": "pass",
      "objects": [
        {
          "object_addr": "module.common_resources_staging.module.aws_oneoff.module.terraform_state_backend_aws_oneoff.var.label_value_case",
          "status": "pass"
        }
      ]
    },
    {
      "object_kind": "var",
      "config_addr": "module.common_resources_staging.module.organization.module.terraform_state_backend_organization_shared.var.label_key_case",
      "status": "pass",
      "objects": [
        {
          "object_addr": "module.common_resources_staging.module.organization.module.terraform_state_backend_organization_shared.var.label_key_case",
          "status": "pass"
        }
      ]
    },
    {
      "object_kind": "var",
      "config_addr": "module.common_resources_staging.module.shared.module.terraform_state_backend_shared.module.this.var.label_key_case",
      "status": "pass",
      "objects": [
        {
          "object_addr": "module.common_resources_staging.module.shared.module.terraform_state_backend_shared.module.this.var.label_key_case",
          "status": "pass"
        }
      ]
    },
    {
      "object_kind": "var",
      "config_addr": "module.common_resources_staging.module.organization.module.terraform_state_backend_organization_shared.module.bucket_label.var.label_key_case",
      "status": "pass",
      "objects": [
        {
          "object_addr": "module.common_resources_staging.module.organization.module.terraform_state_backend_organization_shared.module.bucket_label.var.label_key_case",
          "status": "pass"
        }
      ]
    },
    {
      "object_kind": "var",
      "config_addr": "module.common_resources_staging.module.booking.module.terraform_state_backend_booking_shared.module.bucket_label.var.context",
      "status": "pass",
      "objects": [
        {
          "object_addr": "module.common_resources_staging.module.booking.module.terraform_state_backend_booking_shared.module.bucket_label.var.context",
          "status": "pass"
        }
      ]
    },
    {
      "object_kind": "var",
      "config_addr": "module.common_resources_staging.module.webapp.module.terraform_state_backend_webapp_msteams.var.s3_bucket_name",
      "status": "pass",
      "objects": [
        {
          "object_addr": "module.common_resources_staging.module.webapp.module.terraform_state_backend_webapp_msteams.var.s3_bucket_name",
          "status": "pass"
        }
      ]
    },
    {
      "object_kind": "var",
      "config_addr": "module.common_resources_staging.module.webapp_spaces.module.terraform_state_backend_webapp_spaces.module.replication_label.var.context",
      "status": "pass",
      "objects": [
        {
          "object_addr": "module.common_resources_staging.module.webapp_spaces.module.terraform_state_backend_webapp_spaces.module.replication_label.var.context",
          "status": "pass"
        }
      ]
    },
    {
      "object_kind": "var",
      "config_addr": "module.common_resources_staging.module.shared.module.terraform_state_backend_shared.var.logging",
      "status": "pass",
      "objects": [
        {
          "object_addr": "module.common_resources_staging.module.shared.module.terraform_state_backend_shared.var.logging",
          "status": "pass"
        }
      ]
    },
    {
      "object_kind": "var",
      "config_addr": "module.common_resources_staging.module.booking.module.terraform_state_backend_booking_shared.module.bucket_label.var.label_key_case",
      "status": "pass",
      "objects": [
        {
          "object_addr": "module.common_resources_staging.module.booking.module.terraform_state_backend_booking_shared.module.bucket_label.var.label_key_case",
          "status": "pass"
        }
      ]
    },
    {
      "object_kind": "var",
      "config_addr": "module.common_resources_staging.module.webapp.module.terraform_state_backend_webapp_eventcatalog.var.s3_bucket_name",
      "status": "pass",
      "objects": [
        {
          "object_addr": "module.common_resources_staging.module.webapp.module.terraform_state_backend_webapp_eventcatalog.var.s3_bucket_name",
          "status": "pass"
        }
      ]
    },
    {
      "object_kind": "var",
      "config_addr": "module.common_resources_staging.module.webapp.module.terraform_state_backend_webapp_msteams.var.label_value_case",
      "status": "pass",
      "objects": [
        {
          "object_addr": "module.common_resources_staging.module.webapp.module.terraform_state_backend_webapp_msteams.var.label_value_case",
          "status": "pass"
        }
      ]
    },
    {
      "object_kind": "var",
      "config_addr": "module.common_resources_staging.module.webapp_teams.module.terraform_state_backend_webapp_teams_help.module.replication_label.var.context",
      "status": "pass",
      "objects": [
        {
          "object_addr": "module.common_resources_staging.module.webapp_teams.module.terraform_state_backend_webapp_teams_help.module.replication_label.var.context",
          "status": "pass"
        }
      ]
    },
    {
      "object_kind": "var",
      "config_addr": "module.common_resources_staging.module.webapp_teams.module.terraform_state_backend_webapp_teams_help.module.replication_label.var.label_value_case",
      "status": "pass",
      "objects": [
        {
          "object_addr": "module.common_resources_staging.module.webapp_teams.module.terraform_state_backend_webapp_teams_help.module.replication_label.var.label_value_case",
          "status": "pass"
        }
      ]
    },
    {
      "object_kind": "var",
      "config_addr": "module.common_resources_staging.module.shared.module.terraform_state_backend_shared_azure_entra.module.replication_label.var.id_length_limit",
      "status": "pass",
      "objects": [
        {
          "object_addr": "module.common_resources_staging.module.shared.module.terraform_state_backend_shared_azure_entra.module.replication_label.var.id_length_limit",
          "status": "pass"
        }
      ]
    },
    {
      "object_kind": "var",
      "config_addr": "module.common_resources_staging.module.webapp.module.terraform_state_backend_webapp_help.var.label_key_case",
      "status": "pass",
      "objects": [
        {
          "object_addr": "module.common_resources_staging.module.webapp.module.terraform_state_backend_webapp_help.var.label_key_case",
          "status": "pass"
        }
      ]
    },
    {
      "object_kind": "var",
      "config_addr": "module.common_resources_staging.module.customer.module.terraform_state_backend_customer_shared.var.label_value_case",
      "status": "pass",
      "objects": [
        {
          "object_addr": "module.common_resources_staging.module.customer.module.terraform_state_backend_customer_shared.var.label_value_case",
          "status": "pass"
        }
      ]
    },
    {
      "object_kind": "var",
      "config_addr": "module.common_resources_staging.module.webapp_spaces.module.terraform_state_backend_webapp_spaces.module.replication_label.var.label_value_case",
      "status": "pass",
      "objects": [
        {
          "object_addr": "module.common_resources_staging.module.webapp_spaces.module.terraform_state_backend_webapp_spaces.module.replication_label.var.label_value_case",
          "status": "pass"
        }
      ]
    },
    {
      "object_kind": "var",
      "config_addr": "module.common_resources_staging.module.shared.module.terraform_state_backend_shared.module.dynamodb_table_label.var.label_key_case",
      "status": "pass",
      "objects": [
        {
          "object_addr": "module.common_resources_staging.module.shared.module.terraform_state_backend_shared.module.dynamodb_table_label.var.label_key_case",
          "status": "pass"
        }
      ]
    },
    {
      "object_kind": "var",
      "config_addr": "module.common_resources_staging.module.gcp_oneoff.module.terraform_state_backend_gcp_oneoff.var.label_key_case",
      "status": "pass",
      "objects": [
        {
          "object_addr": "module.common_resources_staging.module.gcp_oneoff.module.terraform_state_backend_gcp_oneoff.var.label_key_case",
          "status": "pass"
        }
      ]
    },
    {
      "object_kind": "var",
      "config_addr": "module.common_resources_staging.module.customer.module.terraform_state_backend_customer_shared.var.id_length_limit",
      "status": "pass",
      "objects": [
        {
          "object_addr": "module.common_resources_staging.module.customer.module.terraform_state_backend_customer_shared.var.id_length_limit",
          "status": "pass"
        }
      ]
    },
    {
      "object_kind": "var",
      "config_addr": "module.common_resources_staging.module.gcp_oneoff.module.terraform_state_backend_gcp_oneoff.var.s3_bucket_name",
      "status": "pass",
      "objects": [
        {
          "object_addr": "module.common_resources_staging.module.gcp_oneoff.module.terraform_state_backend_gcp_oneoff.var.s3_bucket_name",
          "status": "pass"
        }
      ]
    },
    {
      "object_kind": "var",
      "config_addr": "module.common_resources_staging.module.location.module.terraform_state_backend_location_shared.var.s3_bucket_name",
      "status": "pass",
      "objects": [
        {
          "object_addr": "module.common_resources_staging.module.location.module.terraform_state_backend_location_shared.var.s3_bucket_name",
          "status": "pass"
        }
      ]
    },
    {
      "object_kind": "var",
      "config_addr": "module.common_resources_staging.module.location.module.terraform_state_backend_location_shared.module.dynamodb_table_label.var.context",
      "status": "pass",
      "objects": [
        {
          "object_addr": "module.common_resources_staging.module.location.module.terraform_state_backend_location_shared.module.dynamodb_table_label.var.context",
          "status": "pass"
        }
      ]
    },
    {
      "object_kind": "var",
      "config_addr": "module.common_resources_staging.module.webapp.module.terraform_state_backend_webapp_msteams.module.this.var.id_length_limit",
      "status": "pass",
      "objects": [
        {
          "object_addr": "module.common_resources_staging.module.webapp.module.terraform_state_backend_webapp_msteams.module.this.var.id_length_limit",
          "status": "pass"
        }
      ]
    },
    {
      "object_kind": "var",
      "config_addr": "module.common_resources_staging.module.location.module.terraform_state_backend_location_shared.var.logging",
      "status": "pass",
      "objects": [
        {
          "object_addr": "module.common_resources_staging.module.location.module.terraform_state_backend_location_shared.var.logging",
          "status": "pass"
        }
      ]
    },
    {
      "object_kind": "var",
      "config_addr": "module.common_resources_staging.module.slack.module.terraform_state_backend_slack_shared.var.s3_bucket_name",
      "status": "pass",
      "objects": [
        {
          "object_addr": "module.common_resources_staging.module.slack.module.terraform_state_backend_slack_shared.var.s3_bucket_name",
          "status": "pass"
        }
      ]
    },
    {
      "object_kind": "var",
      "config_addr": "module.common_resources_staging.module.webapp.module.terraform_state_backend_webapp.module.dynamodb_table_label.var.label_key_case",
      "status": "pass",
      "objects": [
        {
          "object_addr": "module.common_resources_staging.module.webapp.module.terraform_state_backend_webapp.module.dynamodb_table_label.var.label_key_case",
          "status": "pass"
        }
      ]
    },
    {
      "object_kind": "var",
      "config_addr": "module.common_resources_staging.module.shared.module.terraform_state_backend_shared.var.s3_bucket_name",
      "status": "pass",
      "objects": [
        {
          "object_addr": "module.common_resources_staging.module.shared.module.terraform_state_backend_shared.var.s3_bucket_name",
          "status": "pass"
        }
      ]
    },
    {
      "object_kind": "var",
      "config_addr": "module.common_resources_staging.module.customer.module.terraform_state_backend_customer_shared.var.label_key_case",
      "status": "pass",
      "objects": [
        {
          "object_addr": "module.common_resources_staging.module.customer.module.terraform_state_backend_customer_shared.var.label_key_case",
          "status": "pass"
        }
      ]
    },
    {
      "object_kind": "var",
      "config_addr": "module.common_resources_staging.module.webapp_spaces.module.terraform_state_backend_webapp_spaces_help.module.this.var.label_value_case",
      "status": "pass",
      "objects": [
        {
          "object_addr": "module.common_resources_staging.module.webapp_spaces.module.terraform_state_backend_webapp_spaces_help.module.this.var.label_value_case",
          "status": "pass"
        }
      ]
    },
    {
      "object_kind": "var",
      "config_addr": "module.common_resources_staging.module.msteams.module.terraform_state_backend_msteams_shared.var.logging",
      "status": "pass",
      "objects": [
        {
          "object_addr": "module.common_resources_staging.module.msteams.module.terraform_state_backend_msteams_shared.var.logging",
          "status": "pass"
        }
      ]
    },
    {
      "object_kind": "var",
      "config_addr": "module.common_resources_staging.module.webapp.module.terraform_state_backend_webapp.module.dynamodb_table_label.var.id_length_limit",
      "status": "pass",
      "objects": [
        {
          "object_addr": "module.common_resources_staging.module.webapp.module.terraform_state_backend_webapp.module.dynamodb_table_label.var.id_length_limit",
          "status": "pass"
        }
      ]
    },
    {
      "object_kind": "var",
      "config_addr": "module.common_resources_staging.module.webapp_teams.module.terraform_state_backend_webapp_teams.module.this.var.id_length_limit",
      "status": "pass",
      "objects": [
        {
          "object_addr": "module.common_resources_staging.module.webapp_teams.module.terraform_state_backend_webapp_teams.module.this.var.id_length_limit",
          "status": "pass"
        }
      ]
    },
    {
      "object_kind": "var",
      "config_addr": "module.common_resources_staging.module.gcp_oneoff.module.terraform_state_backend_gcp_oneoff.module.this.var.label_value_case",
      "status": "pass",
      "objects": [
        {
          "object_addr": "module.common_resources_staging.module.gcp_oneoff.module.terraform_state_backend_gcp_oneoff.module.this.var.label_value_case",
          "status": "pass"
        }
      ]
    },
    {
      "object_kind": "var",
      "config_addr": "module.common_resources_staging.module.marketplace.module.terraform_state_backend_marketplace_shared.module.bucket_label.var.label_value_case",
      "status": "pass",
      "objects": [
        {
          "object_addr": "module.common_resources_staging.module.marketplace.module.terraform_state_backend_marketplace_shared.module.bucket_label.var.label_value_case",
          "status": "pass"
        }
      ]
    },
    {
      "object_kind": "var",
      "config_addr": "module.common_resources_staging.module.webapp.module.terraform_state_backend_webapp_eventcatalog.module.this.var.label_key_case",
      "status": "pass",
      "objects": [
        {
          "object_addr": "module.common_resources_staging.module.webapp.module.terraform_state_backend_webapp_eventcatalog.module.this.var.label_key_case",
          "status": "pass"
        }
      ]
    },
    {
      "object_kind": "var",
      "config_addr": "module.common_resources_staging.module.msteams.module.terraform_state_backend_msteams_shared.module.replication_label.var.context",
      "status": "pass",
      "objects": [
        {
          "object_addr": "module.common_resources_staging.module.msteams.module.terraform_state_backend_msteams_shared.module.replication_label.var.context",
          "status": "pass"
        }
      ]
    },
    {
      "object_kind": "var",
      "config_addr": "module.common_resources_staging.module.marketplace.module.terraform_state_backend_marketplace_shared.module.dynamodb_table_label.var.context",
      "status": "pass",
      "objects": [
        {
          "object_addr": "module.common_resources_staging.module.marketplace.module.terraform_state_backend_marketplace_shared.module.dynamodb_table_label.var.context",
          "status": "pass"
        }
      ]
    },
    {
      "object_kind": "var",
      "config_addr": "module.common_resources_staging.module.team.module.terraform_state_backend_team_shared.module.replication_label.var.id_length_limit",
      "status": "pass",
      "objects": [
        {
          "object_addr": "module.common_resources_staging.module.team.module.terraform_state_backend_team_shared.module.replication_label.var.id_length_limit",
          "status": "pass"
        }
      ]
    },
    {
      "object_kind": "var",
      "config_addr": "module.common_resources_staging.module.webapp_teams.module.terraform_state_backend_webapp_teams.module.replication_label.var.id_length_limit",
      "status": "pass",
      "objects": [
        {
          "object_addr": "module.common_resources_staging.module.webapp_teams.module.terraform_state_backend_webapp_teams.module.replication_label.var.id_length_limit",
          "status": "pass"
        }
      ]
    },
    {
      "object_kind": "var",
      "config_addr": "module.common_resources_staging.module.webapp.module.terraform_state_backend_webapp.module.bucket_label.var.label_key_case",
      "status": "pass",
      "objects": [
        {
          "object_addr": "module.common_resources_staging.module.webapp.module.terraform_state_backend_webapp.module.bucket_label.var.label_key_case",
          "status": "pass"
        }
      ]
    },
    {
      "object_kind": "var",
      "config_addr": "module.common_resources_staging.module.webapp.module.terraform_state_backend_webapp_eventcatalog.module.replication_label.var.label_value_case",
      "status": "pass",
      "objects": [
        {
          "object_addr": "module.common_resources_staging.module.webapp.module.terraform_state_backend_webapp_eventcatalog.module.replication_label.var.label_value_case",
          "status": "pass"
        }
      ]
    },
    {
      "object_kind": "var",
      "config_addr": "module.common_resources_staging.module.shared.module.terraform_state_backend_shared_azure_entra.module.this.var.label_key_case",
      "status": "pass",
      "objects": [
        {
          "object_addr": "module.common_resources_staging.module.shared.module.terraform_state_backend_shared_azure_entra.module.this.var.label_key_case",
          "status": "pass"
        }
      ]
    },
    {
      "object_kind": "var",
      "config_addr": "module.common_resources_staging.module.webapp_teams.module.terraform_state_backend_webapp_teams.module.dynamodb_table_label.var.context",
      "status": "pass",
      "objects": [
        {
          "object_addr": "module.common_resources_staging.module.webapp_teams.module.terraform_state_backend_webapp_teams.module.dynamodb_table_label.var.context",
          "status": "pass"
        }
      ]
    },
    {
      "object_kind": "var",
      "config_addr": "module.common_resources_staging.module.gcp_oneoff.module.terraform_state_backend_gcp_oneoff.var.label_value_case",
      "status": "pass",
      "objects": [
        {
          "object_addr": "module.common_resources_staging.module.gcp_oneoff.module.terraform_state_backend_gcp_oneoff.var.label_value_case",
          "status": "pass"
        }
      ]
    },
    {
      "object_kind": "var",
      "config_addr": "module.common_resources_staging.module.slack.module.terraform_state_backend_slack_shared.var.label_value_case",
      "status": "pass",
      "objects": [
        {
          "object_addr": "module.common_resources_staging.module.slack.module.terraform_state_backend_slack_shared.var.label_value_case",
          "status": "pass"
        }
      ]
    },
    {
      "object_kind": "var",
      "config_addr": "module.common_resources_staging.module.webapp.module.terraform_state_backend_webapp_help.module.this.var.id_length_limit",
      "status": "pass",
      "objects": [
        {
          "object_addr": "module.common_resources_staging.module.webapp.module.terraform_state_backend_webapp_help.module.this.var.id_length_limit",
          "status": "pass"
        }
      ]
    },
    {
      "object_kind": "var",
      "config_addr": "module.common_resources_staging.module.location.module.terraform_state_backend_location_shared.var.label_value_case",
      "status": "pass",
      "objects": [
        {
          "object_addr": "module.common_resources_staging.module.location.module.terraform_state_backend_location_shared.var.label_value_case",
          "status": "pass"
        }
      ]
    },
    {
      "object_kind": "var",
      "config_addr": "module.common_resources_staging.module.shared.module.terraform_state_backend_shared.var.label_key_case",
      "status": "pass",
      "objects": [
        {
          "object_addr": "module.common_resources_staging.module.shared.module.terraform_state_backend_shared.var.label_key_case",
          "status": "pass"
        }
      ]
    },
    {
      "object_kind": "var",
      "config_addr": "module.common_resources_staging.module.webapp_spaces.module.terraform_state_backend_webapp_spaces_help.module.this.var.id_length_limit",
      "status": "pass",
      "objects": [
        {
          "object_addr": "module.common_resources_staging.module.webapp_spaces.module.terraform_state_backend_webapp_spaces_help.module.this.var.id_length_limit",
          "status": "pass"
        }
      ]
    },
    {
      "object_kind": "var",
      "config_addr": "module.common_resources_staging.module.booking.module.terraform_state_backend_booking_shared.module.this.var.context",
      "status": "pass",
      "objects": [
        {
          "object_addr": "module.common_resources_staging.module.booking.module.terraform_state_backend_booking_shared.module.this.var.context",
          "status": "pass"
        }
      ]
    },
    {
      "object_kind": "var",
      "config_addr": "module.common_resources_staging.module.location.module.terraform_state_backend_location_shared.module.dynamodb_table_label.var.label_value_case",
      "status": "pass",
      "objects": [
        {
          "object_addr": "module.common_resources_staging.module.location.module.terraform_state_backend_location_shared.module.dynamodb_table_label.var.label_value_case",
          "status": "pass"
        }
      ]
    },
    {
      "object_kind": "var",
      "config_addr": "module.common_resources_staging.module.webapp_teams.module.terraform_state_backend_webapp_teams.module.dynamodb_table_label.var.label_key_case",
      "status": "pass",
      "objects": [
        {
          "object_addr": "module.common_resources_staging.module.webapp_teams.module.terraform_state_backend_webapp_teams.module.dynamodb_table_label.var.label_key_case",
          "status": "pass"
        }
      ]
    },
    {
      "object_kind": "var",
      "config_addr": "module.common_resources_staging.module.webapp.module.terraform_state_backend_webapp_msteams.module.bucket_label.var.context",
      "status": "pass",
      "objects": [
        {
          "object_addr": "module.common_resources_staging.module.webapp.module.terraform_state_backend_webapp_msteams.module.bucket_label.var.context",
          "status": "pass"
        }
      ]
    },
    {
      "object_kind": "var",
      "config_addr": "module.common_resources_staging.module.webapp_spaces.module.terraform_state_backend_webapp_spaces_help.module.dynamodb_table_label.var.context",
      "status": "pass",
      "objects": [
        {
          "object_addr": "module.common_resources_staging.module.webapp_spaces.module.terraform_state_backend_webapp_spaces_help.module.dynamodb_table_label.var.context",
          "status": "pass"
        }
      ]
    },
    {
      "object_kind": "var",
      "config_addr": "module.common_resources_staging.module.marketplace.module.terraform_state_backend_marketplace_shared.module.this.var.context",
      "status": "pass",
      "objects": [
        {
          "object_addr": "module.common_resources_staging.module.marketplace.module.terraform_state_backend_marketplace_shared.module.this.var.context",
          "status": "pass"
        }
      ]
    },
    {
      "object_kind": "var",
      "config_addr": "module.common_resources_staging.module.webapp_spaces.module.terraform_state_backend_webapp_spaces.module.dynamodb_table_label.var.label_value_case",
      "status": "pass",
      "objects": [
        {
          "object_addr": "module.common_resources_staging.module.webapp_spaces.module.terraform_state_backend_webapp_spaces.module.dynamodb_table_label.var.label_value_case",
          "status": "pass"
        }
      ]
    },
    {
      "object_kind": "var",
      "config_addr": "module.common_resources_staging.module.webapp.module.terraform_state_backend_webapp_help.var.context",
      "status": "pass",
      "objects": [
        {
          "object_addr": "module.common_resources_staging.module.webapp.module.terraform_state_backend_webapp_help.var.context",
          "status": "pass"
        }
      ]
    },
    {
      "object_kind": "var",
      "config_addr": "module.common_resources_staging.module.marketplace.module.terraform_state_backend_marketplace_shared.module.replication_label.var.id_length_limit",
      "status": "pass",
      "objects": [
        {
          "object_addr": "module.common_resources_staging.module.marketplace.module.terraform_state_backend_marketplace_shared.module.replication_label.var.id_length_limit",
          "status": "pass"
        }
      ]
    },
    {
      "object_kind": "var",
      "config_addr": "module.common_resources_staging.module.customer.module.terraform_state_backend_customer_shared.module.this.var.label_value_case",
      "status": "pass",
      "objects": [
        {
          "object_addr": "module.common_resources_staging.module.customer.module.terraform_state_backend_customer_shared.module.this.var.label_value_case",
          "status": "pass"
        }
      ]
    },
    {
      "object_kind": "var",
      "config_addr": "module.common_resources_staging.module.slack.module.terraform_state_backend_slack_shared.module.this.var.label_key_case",
      "status": "pass",
      "objects": [
        {
          "object_addr": "module.common_resources_staging.module.slack.module.terraform_state_backend_slack_shared.module.this.var.label_key_case",
          "status": "pass"
        }
      ]
    },
    {
      "object_kind": "var",
      "config_addr": "module.common_resources_staging.module.slack.module.terraform_state_backend_slack_shared.module.dynamodb_table_label.var.label_key_case",
      "status": "pass",
      "objects": [
        {
          "object_addr": "module.common_resources_staging.module.slack.module.terraform_state_backend_slack_shared.module.dynamodb_table_label.var.label_key_case",
          "status": "pass"
        }
      ]
    },
    {
      "object_kind": "var",
      "config_addr": "module.common_resources_staging.module.msteams.module.terraform_state_backend_msteams_shared.var.label_value_case",
      "status": "pass",
      "objects": [
        {
          "object_addr": "module.common_resources_staging.module.msteams.module.terraform_state_backend_msteams_shared.var.label_value_case",
          "status": "pass"
        }
      ]
    },
    {
      "object_kind": "var",
      "config_addr": "module.common_resources_staging.module.customer.module.terraform_state_backend_customer_shared.module.dynamodb_table_label.var.label_key_case",
      "status": "pass",
      "objects": [
        {
          "object_addr": "module.common_resources_staging.module.customer.module.terraform_state_backend_customer_shared.module.dynamodb_table_label.var.label_key_case",
          "status": "pass"
        }
      ]
    },
    {
      "object_kind": "var",
      "config_addr": "module.common_resources_staging.module.webapp.module.terraform_state_backend_webapp_help.var.s3_bucket_name",
      "status": "pass",
      "objects": [
        {
          "object_addr": "module.common_resources_staging.module.webapp.module.terraform_state_backend_webapp_help.var.s3_bucket_name",
          "status": "pass"
        }
      ]
    },
    {
      "object_kind": "var",
      "config_addr": "module.common_resources_staging.module.shared.module.terraform_state_backend_shared.module.bucket_label.var.label_key_case",
      "status": "pass",
      "objects": [
        {
          "object_addr": "module.common_resources_staging.module.shared.module.terraform_state_backend_shared.module.bucket_label.var.label_key_case",
          "status": "pass"
        }
      ]
    },
    {
      "object_kind": "var",
      "config_addr": "module.common_resources_staging.module.webapp_teams.module.terraform_state_backend_webapp_teams.module.replication_label.var.context",
      "status": "pass",
      "objects": [
        {
          "object_addr": "module.common_resources_staging.module.webapp_teams.module.terraform_state_backend_webapp_teams.module.replication_label.var.context",
          "status": "pass"
        }
      ]
    },
    {
      "object_kind": "var",
      "config_addr": "module.common_resources_staging.module.webapp.module.terraform_state_backend_webapp_eventcatalog.module.bucket_label.var.label_key_case",
      "status": "pass",
      "objects": [
        {
          "object_addr": "module.common_resources_staging.module.webapp.module.terraform_state_backend_webapp_eventcatalog.module.bucket_label.var.label_key_case",
          "status": "pass"
        }
      ]
    },
    {
      "object_kind": "var",
      "config_addr": "module.common_resources_staging.module.team.module.terraform_state_backend_team_shared.module.this.var.label_key_case",
      "status": "pass",
      "objects": [
        {
          "object_addr": "module.common_resources_staging.module.team.module.terraform_state_backend_team_shared.module.this.var.label_key_case",
          "status": "pass"
        }
      ]
    },
    {
      "object_kind": "var",
      "config_addr": "module.common_resources_staging.module.webapp_spaces.module.terraform_state_backend_webapp_spaces.module.dynamodb_table_label.var.label_key_case",
      "status": "pass",
      "objects": [
        {
          "object_addr": "module.common_resources_staging.module.webapp_spaces.module.terraform_state_backend_webapp_spaces.module.dynamodb_table_label.var.label_key_case",
          "status": "pass"
        }
      ]
    },
    {
      "object_kind": "var",
      "config_addr": "module.common_resources_staging.module.webapp.module.terraform_state_backend_webapp_help.module.this.var.label_key_case",
      "status": "pass",
      "objects": [
        {
          "object_addr": "module.common_resources_staging.module.webapp.module.terraform_state_backend_webapp_help.module.this.var.label_key_case",
          "status": "pass"
        }
      ]
    },
    {
      "object_kind": "var",
      "config_addr": "module.common_resources_staging.module.booking.module.terraform_state_backend_booking_shared.module.dynamodb_table_label.var.label_value_case",
      "status": "pass",
      "objects": [
        {
          "object_addr": "module.common_resources_staging.module.booking.module.terraform_state_backend_booking_shared.module.dynamodb_table_label.var.label_value_case",
          "status": "pass"
        }
      ]
    },
    {
      "object_kind": "var",
      "config_addr": "module.common_resources_staging.module.webapp_spaces.module.terraform_state_backend_webapp_spaces_help.module.replication_label.var.label_key_case",
      "status": "pass",
      "objects": [
        {
          "object_addr": "module.common_resources_staging.module.webapp_spaces.module.terraform_state_backend_webapp_spaces_help.module.replication_label.var.label_key_case",
          "status": "pass"
        }
      ]
    },
    {
      "object_kind": "var",
      "config_addr": "module.common_resources_staging.module.shared.module.terraform_state_backend_shared_azure_entra.var.label_value_case",
      "status": "pass",
      "objects": [
        {
          "object_addr": "module.common_resources_staging.module.shared.module.terraform_state_backend_shared_azure_entra.var.label_value_case",
          "status": "pass"
        }
      ]
    },
    {
      "object_kind": "var",
      "config_addr": "module.common_resources_staging.module.msteams.module.terraform_state_backend_msteams_shared.module.this.var.label_value_case",
      "status": "pass",
      "objects": [
        {
          "object_addr": "module.common_resources_staging.module.msteams.module.terraform_state_backend_msteams_shared.module.this.var.label_value_case",
          "status": "pass"
        }
      ]
    },
    {
      "object_kind": "var",
      "config_addr": "module.common_resources_staging.module.aws_oneoff.module.terraform_state_backend_aws_oneoff.module.dynamodb_table_label.var.context",
      "status": "pass",
      "objects": [
        {
          "object_addr": "module.common_resources_staging.module.aws_oneoff.module.terraform_state_backend_aws_oneoff.module.dynamodb_table_label.var.context",
          "status": "pass"
        }
      ]
    },
    {
      "object_kind": "var",
      "config_addr": "module.common_resources_staging.module.webapp.module.terraform_state_backend_webapp_help.var.logging",
      "status": "pass",
      "objects": [
        {
          "object_addr": "module.common_resources_staging.module.webapp.module.terraform_state_backend_webapp_help.var.logging",
          "status": "pass"
        }
      ]
    },
    {
      "object_kind": "var",
      "config_addr": "module.common_resources_staging.module.shared.module.terraform_state_backend_shared.module.replication_label.var.context",
      "status": "pass",
      "objects": [
        {
          "object_addr": "module.common_resources_staging.module.shared.module.terraform_state_backend_shared.module.replication_label.var.context",
          "status": "pass"
        }
      ]
    },
    {
      "object_kind": "var",
      "config_addr": "module.common_resources_staging.module.customer.module.terraform_state_backend_customer_shared.module.bucket_label.var.label_value_case",
      "status": "pass",
      "objects": [
        {
          "object_addr": "module.common_resources_staging.module.customer.module.terraform_state_backend_customer_shared.module.bucket_label.var.label_value_case",
          "status": "pass"
        }
      ]
    },
    {
      "object_kind": "var",
      "config_addr": "module.common_resources_staging.module.webapp_spaces.module.terraform_state_backend_webapp_spaces_help.var.label_key_case",
      "status": "pass",
      "objects": [
        {
          "object_addr": "module.common_resources_staging.module.webapp_spaces.module.terraform_state_backend_webapp_spaces_help.var.label_key_case",
          "status": "pass"
        }
      ]
    },
    {
      "object_kind": "var",
      "config_addr": "module.common_resources_staging.module.organization.module.terraform_state_backend_organization_shared.var.id_length_limit",
      "status": "pass",
      "objects": [
        {
          "object_addr": "module.common_resources_staging.module.organization.module.terraform_state_backend_organization_shared.var.id_length_limit",
          "status": "pass"
        }
      ]
    },
    {
      "object_kind": "var",
      "config_addr": "module.common_resources_staging.module.azure_oneoff.module.terraform_state_backend_azure_oneoff.module.bucket_label.var.id_length_limit",
      "status": "pass",
      "objects": [
        {
          "object_addr": "module.common_resources_staging.module.azure_oneoff.module.terraform_state_backend_azure_oneoff.module.bucket_label.var.id_length_limit",
          "status": "pass"
        }
      ]
    },
    {
      "object_kind": "var",
      "config_addr": "module.common_resources_staging.module.organization.module.terraform_state_backend_organization_shared.module.this.var.id_length_limit",
      "status": "pass",
      "objects": [
        {
          "object_addr": "module.common_resources_staging.module.organization.module.terraform_state_backend_organization_shared.module.this.var.id_length_limit",
          "status": "pass"
        }
      ]
    },
    {
      "object_kind": "var",
      "config_addr": "module.common_resources_staging.module.booking.module.terraform_state_backend_booking_shared.module.replication_label.var.label_value_case",
      "status": "pass",
      "objects": [
        {
          "object_addr": "module.common_resources_staging.module.booking.module.terraform_state_backend_booking_shared.module.replication_label.var.label_value_case",
          "status": "pass"
        }
      ]
    },
    {
      "object_kind": "var",
      "config_addr": "module.common_resources_staging.module.aws_oneoff.module.terraform_state_backend_aws_oneoff.module.replication_label.var.id_length_limit",
      "status": "pass",
      "objects": [
        {
          "object_addr": "module.common_resources_staging.module.aws_oneoff.module.terraform_state_backend_aws_oneoff.module.replication_label.var.id_length_limit",
          "status": "pass"
        }
      ]
    },
    {
      "object_kind": "var",
      "config_addr": "module.common_resources_staging.module.core.module.terraform_state_backend_core_shared.module.this.var.id_length_limit",
      "status": "pass",
      "objects": [
        {
          "object_addr": "module.common_resources_staging.module.core.module.terraform_state_backend_core_shared.module.this.var.id_length_limit",
          "status": "pass"
        }
      ]
    },
    {
      "object_kind": "var",
      "config_addr": "module.common_resources_staging.module.azure_oneoff.module.terraform_state_backend_azure_oneoff.module.replication_label.var.context",
      "status": "pass",
      "objects": [
        {
          "object_addr": "module.common_resources_staging.module.azure_oneoff.module.terraform_state_backend_azure_oneoff.module.replication_label.var.context",
          "status": "pass"
        }
      ]
    },
    {
      "object_kind": "var",
      "config_addr": "module.common_resources_staging.module.slack.module.terraform_state_backend_slack_shared.var.context",
      "status": "pass",
      "objects": [
        {
          "object_addr": "module.common_resources_staging.module.slack.module.terraform_state_backend_slack_shared.var.context",
          "status": "pass"
        }
      ]
    },
    {
      "object_kind": "var",
      "config_addr": "module.common_resources_staging.module.webapp.module.terraform_state_backend_webapp_shared.var.logging",
      "status": "pass",
      "objects": [
        {
          "object_addr": "module.common_resources_staging.module.webapp.module.terraform_state_backend_webapp_shared.var.logging",
          "status": "pass"
        }
      ]
    },
    {
      "object_kind": "var",
      "config_addr": "module.common_resources_staging.module.organization.module.terraform_state_backend_organization_shared.module.bucket_label.var.label_value_case",
      "status": "pass",
      "objects": [
        {
          "object_addr": "module.common_resources_staging.module.organization.module.terraform_state_backend_organization_shared.module.bucket_label.var.label_value_case",
          "status": "pass"
        }
      ]
    },
    {
      "object_kind": "var",
      "config_addr": "module.common_resources_staging.module.webapp.module.terraform_state_backend_webapp_msteams.module.bucket_label.var.id_length_limit",
      "status": "pass",
      "objects": [
        {
          "object_addr": "module.common_resources_staging.module.webapp.module.terraform_state_backend_webapp_msteams.module.bucket_label.var.id_length_limit",
          "status": "pass"
        }
      ]
    },
    {
      "object_kind": "var",
      "config_addr": "module.common_resources_staging.module.webapp.module.terraform_state_backend_webapp_msteams.module.dynamodb_table_label.var.id_length_limit",
      "status": "pass",
      "objects": [
        {
          "object_addr": "module.common_resources_staging.module.webapp.module.terraform_state_backend_webapp_msteams.module.dynamodb_table_label.var.id_length_limit",
          "status": "pass"
        }
      ]
    },
    {
      "object_kind": "var",
      "config_addr": "module.common_resources_staging.module.organization.module.terraform_state_backend_organization_shared.module.this.var.label_key_case",
      "status": "pass",
      "objects": [
        {
          "object_addr": "module.common_resources_staging.module.organization.module.terraform_state_backend_organization_shared.module.this.var.label_key_case",
          "status": "pass"
        }
      ]
    },
    {
      "object_kind": "var",
      "config_addr": "module.common_resources_staging.module.webapp_teams.module.terraform_state_backend_webapp_teams.module.bucket_label.var.context",
      "status": "pass",
      "objects": [
        {
          "object_addr": "module.common_resources_staging.module.webapp_teams.module.terraform_state_backend_webapp_teams.module.bucket_label.var.context",
          "status": "pass"
        }
      ]
    },
    {
      "object_kind": "var",
      "config_addr": "module.common_resources_staging.module.marketplace.module.terraform_state_backend_marketplace_shared.module.this.var.label_value_case",
      "status": "pass",
      "objects": [
        {
          "object_addr": "module.common_resources_staging.module.marketplace.module.terraform_state_backend_marketplace_shared.module.this.var.label_value_case",
          "status": "pass"
        }
      ]
    },
    {
      "object_kind": "var",
      "config_addr": "module.common_resources_staging.module.slack.module.terraform_state_backend_slack_shared.module.this.var.id_length_limit",
      "status": "pass",
      "objects": [
        {
          "object_addr": "module.common_resources_staging.module.slack.module.terraform_state_backend_slack_shared.module.this.var.id_length_limit",
          "status": "pass"
        }
      ]
    },
    {
      "object_kind": "var",
      "config_addr": "module.common_resources_staging.module.webapp.module.terraform_state_backend_webapp_shared.var.label_key_case",
      "status": "pass",
      "objects": [
        {
          "object_addr": "module.common_resources_staging.module.webapp.module.terraform_state_backend_webapp_shared.var.label_key_case",
          "status": "pass"
        }
      ]
    },
    {
      "object_kind": "var",
      "config_addr": "module.common_resources_staging.module.webapp_spaces.module.terraform_state_backend_webapp_spaces_help.var.s3_bucket_name",
      "status": "pass",
      "objects": [
        {
          "object_addr": "module.common_resources_staging.module.webapp_spaces.module.terraform_state_backend_webapp_spaces_help.var.s3_bucket_name",
          "status": "pass"
        }
      ]
    },
    {
      "object_kind": "var",
      "config_addr": "module.common_resources_staging.module.azure_oneoff.module.terraform_state_backend_azure_oneoff.var.id_length_limit",
      "status": "pass",
      "objects": [
        {
          "object_addr": "module.common_resources_staging.module.azure_oneoff.module.terraform_state_backend_azure_oneoff.var.id_length_limit",
          "status": "pass"
        }
      ]
    },
    {
      "object_kind": "var",
      "config_addr": "module.common_resources_staging.module.team.module.terraform_state_backend_team_shared.var.logging",
      "status": "pass",
      "objects": [
        {
          "object_addr": "module.common_resources_staging.module.team.module.terraform_state_backend_team_shared.var.logging",
          "status": "pass"
        }
      ]
    },
    {
      "object_kind": "var",
      "config_addr": "module.common_resources_staging.module.webapp.module.terraform_state_backend_webapp.module.replication_label.var.id_length_limit",
      "status": "pass",
      "objects": [
        {
          "object_addr": "module.common_resources_staging.module.webapp.module.terraform_state_backend_webapp.module.replication_label.var.id_length_limit",
          "status": "pass"
        }
      ]
    },
    {
      "object_kind": "var",
      "config_addr": "module.common_resources_staging.module.core.module.terraform_state_backend_core_shared.module.replication_label.var.label_key_case",
      "status": "pass",
      "objects": [
        {
          "object_addr": "module.common_resources_staging.module.core.module.terraform_state_backend_core_shared.module.replication_label.var.label_key_case",
          "status": "pass"
        }
      ]
    },
    {
      "object_kind": "var",
      "config_addr": "module.common_resources_staging.module.msteams.module.terraform_state_backend_msteams_shared.var.s3_bucket_name",
      "status": "pass",
      "objects": [
        {
          "object_addr": "module.common_resources_staging.module.msteams.module.terraform_state_backend_msteams_shared.var.s3_bucket_name",
          "status": "pass"
        }
      ]
    },
    {
      "object_kind": "var",
      "config_addr": "module.common_resources_staging.module.customer.module.terraform_state_backend_customer_shared.module.replication_label.var.label_key_case",
      "status": "pass",
      "objects": [
        {
          "object_addr": "module.common_resources_staging.module.customer.module.terraform_state_backend_customer_shared.module.replication_label.var.label_key_case",
          "status": "pass"
        }
      ]
    },
    {
      "object_kind": "var",
      "config_addr": "module.common_resources_staging.module.team.module.terraform_state_backend_team_shared.module.dynamodb_table_label.var.context",
      "status": "pass",
      "objects": [
        {
          "object_addr": "module.common_resources_staging.module.team.module.terraform_state_backend_team_shared.module.dynamodb_table_label.var.context",
          "status": "pass"
        }
      ]
    },
    {
      "object_kind": "var",
      "config_addr": "module.common_resources_staging.module.webapp_teams.module.terraform_state_backend_webapp_teams.module.dynamodb_table_label.var.id_length_limit",
      "status": "pass",
      "objects": [
        {
          "object_addr": "module.common_resources_staging.module.webapp_teams.module.terraform_state_backend_webapp_teams.module.dynamodb_table_label.var.id_length_limit",
          "status": "pass"
        }
      ]
    },
    {
      "object_kind": "var",
      "config_addr": "module.common_resources_staging.module.webapp.module.terraform_state_backend_webapp_shared.module.replication_label.var.context",
      "status": "pass",
      "objects": [
        {
          "object_addr": "module.common_resources_staging.module.webapp.module.terraform_state_backend_webapp_shared.module.replication_label.var.context",
          "status": "pass"
        }
      ]
    },
    {
      "object_kind": "var",
      "config_addr": "module.common_resources_staging.module.webapp_teams.module.terraform_state_backend_webapp_teams.module.bucket_label.var.label_value_case",
      "status": "pass",
      "objects": [
        {
          "object_addr": "module.common_resources_staging.module.webapp_teams.module.terraform_state_backend_webapp_teams.module.bucket_label.var.label_value_case",
          "status": "pass"
        }
      ]
    },
    {
      "object_kind": "var",
      "config_addr": "module.common_resources_staging.module.webapp.module.terraform_state_backend_webapp.module.this.var.id_length_limit",
      "status": "pass",
      "objects": [
        {
          "object_addr": "module.common_resources_staging.module.webapp.module.terraform_state_backend_webapp.module.this.var.id_length_limit",
          "status": "pass"
        }
      ]
    },
    {
      "object_kind": "var",
      "config_addr": "module.common_resources_staging.module.core.module.terraform_state_backend_core_shared.module.bucket_label.var.label_value_case",
      "status": "pass",
      "objects": [
        {
          "object_addr": "module.common_resources_staging.module.core.module.terraform_state_backend_core_shared.module.bucket_label.var.label_value_case",
          "status": "pass"
        }
      ]
    },
    {
      "object_kind": "var",
      "config_addr": "module.common_resources_staging.module.webapp.module.terraform_state_backend_webapp_eventcatalog.var.context",
      "status": "pass",
      "objects": [
        {
          "object_addr": "module.common_resources_staging.module.webapp.module.terraform_state_backend_webapp_eventcatalog.var.context",
          "status": "pass"
        }
      ]
    },
    {
      "object_kind": "var",
      "config_addr": "module.common_resources_staging.module.team.module.terraform_state_backend_team_shared.var.label_key_case",
      "status": "pass",
      "objects": [
        {
          "object_addr": "module.common_resources_staging.module.team.module.terraform_state_backend_team_shared.var.label_key_case",
          "status": "pass"
        }
      ]
    },
    {
      "object_kind": "var",
      "config_addr": "module.common_resources_staging.module.webapp_teams.module.terraform_state_backend_webapp_teams.module.bucket_label.var.id_length_limit",
      "status": "pass",
      "objects": [
        {
          "object_addr": "module.common_resources_staging.module.webapp_teams.module.terraform_state_backend_webapp_teams.module.bucket_label.var.id_length_limit",
          "status": "pass"
        }
      ]
    },
    {
      "object_kind": "var",
      "config_addr": "module.common_resources_staging.module.webapp_spaces.module.terraform_state_backend_webapp_spaces_help.module.replication_label.var.label_value_case",
      "status": "pass",
      "objects": [
        {
          "object_addr": "module.common_resources_staging.module.webapp_spaces.module.terraform_state_backend_webapp_spaces_help.module.replication_label.var.label_value_case",
          "status": "pass"
        }
      ]
    },
    {
      "object_kind": "var",
      "config_addr": "module.common_resources_staging.module.shared.module.terraform_state_backend_shared.module.this.var.label_value_case",
      "status": "pass",
      "objects": [
        {
          "object_addr": "module.common_resources_staging.module.shared.module.terraform_state_backend_shared.module.this.var.label_value_case",
          "status": "pass"
        }
      ]
    },
    {
      "object_kind": "var",
      "config_addr": "module.common_resources_staging.module.slack.module.terraform_state_backend_slack_shared.module.replication_label.var.context",
      "status": "pass",
      "objects": [
        {
          "object_addr": "module.common_resources_staging.module.slack.module.terraform_state_backend_slack_shared.module.replication_label.var.context",
          "status": "pass"
        }
      ]
    },
    {
      "object_kind": "var",
      "config_addr": "module.common_resources_staging.module.core.module.terraform_state_backend_core_shared.module.replication_label.var.label_value_case",
      "status": "pass",
      "objects": [
        {
          "object_addr": "module.common_resources_staging.module.core.module.terraform_state_backend_core_shared.module.replication_label.var.label_value_case",
          "status": "pass"
        }
      ]
    },
    {
      "object_kind": "var",
      "config_addr": "module.common_resources_staging.module.webapp.module.terraform_state_backend_webapp_shared.module.dynamodb_table_label.var.id_length_limit",
      "status": "pass",
      "objects": [
        {
          "object_addr": "module.common_resources_staging.module.webapp.module.terraform_state_backend_webapp_shared.module.dynamodb_table_label.var.id_length_limit",
          "status": "pass"
        }
      ]
    },
    {
      "object_kind": "var",
      "config_addr": "module.common_resources_staging.module.gcp_oneoff.module.terraform_state_backend_gcp_oneoff.module.replication_label.var.id_length_limit",
      "status": "pass",
      "objects": [
        {
          "object_addr": "module.common_resources_staging.module.gcp_oneoff.module.terraform_state_backend_gcp_oneoff.module.replication_label.var.id_length_limit",
          "status": "pass"
        }
      ]
    },
    {
      "object_kind": "var",
      "config_addr": "module.common_resources_staging.module.webapp_spaces.module.terraform_state_backend_webapp_spaces.module.bucket_label.var.label_key_case",
      "status": "pass",
      "objects": [
        {
          "object_addr": "module.common_resources_staging.module.webapp_spaces.module.terraform_state_backend_webapp_spaces.module.bucket_label.var.label_key_case",
          "status": "pass"
        }
      ]
    },
    {
      "object_kind": "var",
      "config_addr": "module.common_resources_staging.module.team.module.terraform_state_backend_team_shared.module.bucket_label.var.id_length_limit",
      "status": "pass",
      "objects": [
        {
          "object_addr": "module.common_resources_staging.module.team.module.terraform_state_backend_team_shared.module.bucket_label.var.id_length_limit",
          "status": "pass"
        }
      ]
    },
    {
      "object_kind": "var",
      "config_addr": "module.common_resources_staging.module.webapp.module.terraform_state_backend_webapp_msteams.module.replication_label.var.context",
      "status": "pass",
      "objects": [
        {
          "object_addr": "module.common_resources_staging.module.webapp.module.terraform_state_backend_webapp_msteams.module.replication_label.var.context",
          "status": "pass"
        }
      ]
    },
    {
      "object_kind": "var",
      "config_addr": "module.common_resources_staging.module.azure_oneoff.module.terraform_state_backend_azure_oneoff.module.bucket_label.var.label_key_case",
      "status": "pass",
      "objects": [
        {
          "object_addr": "module.common_resources_staging.module.azure_oneoff.module.terraform_state_backend_azure_oneoff.module.bucket_label.var.label_key_case",
          "status": "pass"
        }
      ]
    },
    {
      "object_kind": "var",
      "config_addr": "module.common_resources_staging.module.webapp_spaces.module.terraform_state_backend_webapp_spaces_help.var.context",
      "status": "pass",
      "objects": [
        {
          "object_addr": "module.common_resources_staging.module.webapp_spaces.module.terraform_state_backend_webapp_spaces_help.var.context",
          "status": "pass"
        }
      ]
    },
    {
      "object_kind": "var",
      "config_addr": "module.common_resources_staging.module.gcp_oneoff.module.terraform_state_backend_gcp_oneoff.module.replication_label.var.label_value_case",
      "status": "pass",
      "objects": [
        {
          "object_addr": "module.common_resources_staging.module.gcp_oneoff.module.terraform_state_backend_gcp_oneoff.module.replication_label.var.label_value_case",
          "status": "pass"
        }
      ]
    },
    {
      "object_kind": "var",
      "config_addr": "module.common_resources_staging.module.core.module.terraform_state_backend_core_shared.module.this.var.context",
      "status": "pass",
      "objects": [
        {
          "object_addr": "module.common_resources_staging.module.core.module.terraform_state_backend_core_shared.module.this.var.context",
          "status": "pass"
        }
      ]
    },
    {
      "object_kind": "var",
      "config_addr": "module.common_resources_staging.module.webapp.module.terraform_state_backend_webapp_msteams.module.bucket_label.var.label_key_case",
      "status": "pass",
      "objects": [
        {
          "object_addr": "module.common_resources_staging.module.webapp.module.terraform_state_backend_webapp_msteams.module.bucket_label.var.label_key_case",
          "status": "pass"
        }
      ]
    },
    {
      "object_kind": "var",
      "config_addr": "module.common_resources_staging.module.webapp_teams.module.terraform_state_backend_webapp_teams_help.module.this.var.label_value_case",
      "status": "pass",
      "objects": [
        {
          "object_addr": "module.common_resources_staging.module.webapp_teams.module.terraform_state_backend_webapp_teams_help.module.this.var.label_value_case",
          "status": "pass"
        }
      ]
    },
    {
      "object_kind": "var",
      "config_addr": "module.common_resources_staging.module.shared.module.terraform_state_backend_shared_azure_entra.var.id_length_limit",
      "status": "pass",
      "objects": [
        {
          "object_addr": "module.common_resources_staging.module.shared.module.terraform_state_backend_shared_azure_entra.var.id_length_limit",
          "status": "pass"
        }
      ]
    },
    {
      "object_kind": "var",
      "config_addr": "module.common_resources_staging.module.webapp.module.terraform_state_backend_webapp.module.dynamodb_table_label.var.label_value_case",
      "status": "pass",
      "objects": [
        {
          "object_addr": "module.common_resources_staging.module.webapp.module.terraform_state_backend_webapp.module.dynamodb_table_label.var.label_value_case",
          "status": "pass"
        }
      ]
    },
    {
      "object_kind": "var",
      "config_addr": "module.common_resources_staging.module.location.module.terraform_state_backend_location_shared.module.this.var.id_length_limit",
      "status": "pass",
      "objects": [
        {
          "object_addr": "module.common_resources_staging.module.location.module.terraform_state_backend_location_shared.module.this.var.id_length_limit",
          "status": "pass"
        }
      ]
    },
    {
      "object_kind": "var",
      "config_addr": "module.common_resources_staging.module.azure_oneoff.module.terraform_state_backend_azure_oneoff.module.this.var.context",
      "status": "pass",
      "objects": [
        {
          "object_addr": "module.common_resources_staging.module.azure_oneoff.module.terraform_state_backend_azure_oneoff.module.this.var.context",
          "status": "pass"
        }
      ]
    },
    {
      "object_kind": "var",
      "config_addr": "module.common_resources_staging.module.webapp_spaces.module.terraform_state_backend_webapp_spaces.module.this.var.context",
      "status": "pass",
      "objects": [
        {
          "object_addr": "module.common_resources_staging.module.webapp_spaces.module.terraform_state_backend_webapp_spaces.module.this.var.context",
          "status": "pass"
        }
      ]
    },
    {
      "object_kind": "var",
      "config_addr": "module.common_resources_staging.module.team.module.terraform_state_backend_team_shared.module.dynamodb_table_label.var.label_value_case",
      "status": "pass",
      "objects": [
        {
          "object_addr": "module.common_resources_staging.module.team.module.terraform_state_backend_team_shared.module.dynamodb_table_label.var.label_value_case",
          "status": "pass"
        }
      ]
    },
    {
      "object_kind": "var",
      "config_addr": "module.common_resources_staging.module.location.module.terraform_state_backend_location_shared.module.replication_label.var.label_key_case",
      "status": "pass",
      "objects": [
        {
          "object_addr": "module.common_resources_staging.module.location.module.terraform_state_backend_location_shared.module.replication_label.var.label_key_case",
          "status": "pass"
        }
      ]
    },
    {
      "object_kind": "var",
      "config_addr": "module.common_resources_staging.module.booking.module.terraform_state_backend_booking_shared.module.dynamodb_table_label.var.id_length_limit",
      "status": "pass",
      "objects": [
        {
          "object_addr": "module.common_resources_staging.module.booking.module.terraform_state_backend_booking_shared.module.dynamodb_table_label.var.id_length_limit",
          "status": "pass"
        }
      ]
    },
    {
      "object_kind": "var",
      "config_addr": "module.common_resources_staging.module.webapp.module.terraform_state_backend_webapp_shared.module.this.var.context",
      "status": "pass",
      "objects": [
        {
          "object_addr": "module.common_resources_staging.module.webapp.module.terraform_state_backend_webapp_shared.module.this.var.context",
          "status": "pass"
        }
      ]
    },
    {
      "object_kind": "var",
      "config_addr": "module.common_resources_staging.module.aws_oneoff.module.terraform_state_backend_aws_oneoff.module.bucket_label.var.id_length_limit",
      "status": "pass",
      "objects": [
        {
          "object_addr": "module.common_resources_staging.module.aws_oneoff.module.terraform_state_backend_aws_oneoff.module.bucket_label.var.id_length_limit",
          "status": "pass"
        }
      ]
    },
    {
      "object_kind": "var",
      "config_addr": "module.common_resources_staging.module.core.module.terraform_state_backend_core_shared.module.this.var.label_key_case",
      "status": "pass",
      "objects": [
        {
          "object_addr": "module.common_resources_staging.module.core.module.terraform_state_backend_core_shared.module.this.var.label_key_case",
          "status": "pass"
        }
      ]
    },
    {
      "object_kind": "var",
      "config_addr": "module.common_resources_staging.module.team.module.terraform_state_backend_team_shared.module.this.var.label_value_case",
      "status": "pass",
      "objects": [
        {
          "object_addr": "module.common_resources_staging.module.team.module.terraform_state_backend_team_shared.module.this.var.label_value_case",
          "status": "pass"
        }
      ]
    },
    {
      "object_kind": "var",
      "config_addr": "module.common_resources_staging.module.slack.module.terraform_state_backend_slack_shared.module.dynamodb_table_label.var.context",
      "status": "pass",
      "objects": [
        {
          "object_addr": "module.common_resources_staging.module.slack.module.terraform_state_backend_slack_shared.module.dynamodb_table_label.var.context",
          "status": "pass"
        }
      ]
    },
    {
      "object_kind": "var",
      "config_addr": "module.common_resources_staging.module.location.module.terraform_state_backend_location_shared.module.replication_label.var.id_length_limit",
      "status": "pass",
      "objects": [
        {
          "object_addr": "module.common_resources_staging.module.location.module.terraform_state_backend_location_shared.module.replication_label.var.id_length_limit",
          "status": "pass"
        }
      ]
    },
    {
      "object_kind": "var",
      "config_addr": "module.common_resources_staging.module.msteams.module.terraform_state_backend_msteams_shared.var.context",
      "status": "pass",
      "objects": [
        {
          "object_addr": "module.common_resources_staging.module.msteams.module.terraform_state_backend_msteams_shared.var.context",
          "status": "pass"
        }
      ]
    },
    {
      "object_kind": "var",
      "config_addr": "module.common_resources_staging.module.azure_oneoff.module.terraform_state_backend_azure_oneoff.var.label_value_case",
      "status": "pass",
      "objects": [
        {
          "object_addr": "module.common_resources_staging.module.azure_oneoff.module.terraform_state_backend_azure_oneoff.var.label_value_case",
          "status": "pass"
        }
      ]
    },
    {
      "object_kind": "var",
      "config_addr": "module.common_resources_staging.module.webapp_spaces.module.terraform_state_backend_webapp_spaces.var.label_value_case",
      "status": "pass",
      "objects": [
        {
          "object_addr": "module.common_resources_staging.module.webapp_spaces.module.terraform_state_backend_webapp_spaces.var.label_value_case",
          "status": "pass"
        }
      ]
    },
    {
      "object_kind": "var",
      "config_addr": "module.common_resources_staging.module.organization.module.terraform_state_backend_organization_shared.var.s3_bucket_name",
      "status": "pass",
      "objects": [
        {
          "object_addr": "module.common_resources_staging.module.organization.module.terraform_state_backend_organization_shared.var.s3_bucket_name",
          "status": "pass"
        }
      ]
    },
    {
      "object_kind": "var",
      "config_addr": "module.common_resources_staging.module.webapp.module.terraform_state_backend_webapp_shared.module.this.var.label_value_case",
      "status": "pass",
      "objects": [
        {
          "object_addr": "module.common_resources_staging.module.webapp.module.terraform_state_backend_webapp_shared.module.this.var.label_value_case",
          "status": "pass"
        }
      ]
    },
    {
      "object_kind": "var",
      "config_addr": "module.common_resources_staging.module.organization.module.terraform_state_backend_organization_shared.module.this.var.label_value_case",
      "status": "pass",
      "objects": [
        {
          "object_addr": "module.common_resources_staging.module.organization.module.terraform_state_backend_organization_shared.module.this.var.label_value_case",
          "status": "pass"
        }
      ]
    },
    {
      "object_kind": "var",
      "config_addr": "module.common_resources_staging.module.webapp.module.terraform_state_backend_webapp_msteams.module.replication_label.var.label_value_case",
      "status": "pass",
      "objects": [
        {
          "object_addr": "module.common_resources_staging.module.webapp.module.terraform_state_backend_webapp_msteams.module.replication_label.var.label_value_case",
          "status": "pass"
        }
      ]
    },
    {
      "object_kind": "var",
      "config_addr": "module.common_resources_staging.module.gcp_oneoff.module.terraform_state_backend_gcp_oneoff.module.bucket_label.var.id_length_limit",
      "status": "pass",
      "objects": [
        {
          "object_addr": "module.common_resources_staging.module.gcp_oneoff.module.terraform_state_backend_gcp_oneoff.module.bucket_label.var.id_length_limit",
          "status": "pass"
        }
      ]
    },
    {
      "object_kind": "var",
      "config_addr": "module.common_resources_staging.module.location.module.terraform_state_backend_location_shared.module.replication_label.var.context",
      "status": "pass",
      "objects": [
        {
          "object_addr": "module.common_resources_staging.module.location.module.terraform_state_backend_location_shared.module.replication_label.var.context",
          "status": "pass"
        }
      ]
    },
    {
      "object_kind": "var",
      "config_addr": "module.common_resources_staging.module.slack.module.terraform_state_backend_slack_shared.module.bucket_label.var.label_value_case",
      "status": "pass",
      "objects": [
        {
          "object_addr": "module.common_resources_staging.module.slack.module.terraform_state_backend_slack_shared.module.bucket_label.var.label_value_case",
          "status": "pass"
        }
      ]
    },
    {
      "object_kind": "var",
      "config_addr": "module.common_resources_staging.module.webapp.module.terraform_state_backend_webapp.var.label_key_case",
      "status": "pass",
      "objects": [
        {
          "object_addr": "module.common_resources_staging.module.webapp.module.terraform_state_backend_webapp.var.label_key_case",
          "status": "pass"
        }
      ]
    },
    {
      "object_kind": "var",
      "config_addr": "module.common_resources_staging.module.webapp.module.terraform_state_backend_webapp_help.module.dynamodb_table_label.var.context",
      "status": "pass",
      "objects": [
        {
          "object_addr": "module.common_resources_staging.module.webapp.module.terraform_state_backend_webapp_help.module.dynamodb_table_label.var.context",
          "status": "pass"
        }
      ]
    },
    {
      "object_kind": "var",
      "config_addr": "module.common_resources_staging.module.slack.module.terraform_state_backend_slack_shared.module.replication_label.var.label_key_case",
      "status": "pass",
      "objects": [
        {
          "object_addr": "module.common_resources_staging.module.slack.module.terraform_state_backend_slack_shared.module.replication_label.var.label_key_case",
          "status": "pass"
        }
      ]
    },
    {
      "object_kind": "var",
      "config_addr": "module.common_resources_staging.module.marketplace.module.terraform_state_backend_marketplace_shared.module.dynamodb_table_label.var.label_value_case",
      "status": "pass",
      "objects": [
        {
          "object_addr": "module.common_resources_staging.module.marketplace.module.terraform_state_backend_marketplace_shared.module.dynamodb_table_label.var.label_value_case",
          "status": "pass"
        }
      ]
    },
    {
      "object_kind": "var",
      "config_addr": "module.common_resources_staging.module.webapp_spaces.module.terraform_state_backend_webapp_spaces_help.module.dynamodb_table_label.var.label_value_case",
      "status": "pass",
      "objects": [
        {
          "object_addr": "module.common_resources_staging.module.webapp_spaces.module.terraform_state_backend_webapp_spaces_help.module.dynamodb_table_label.var.label_value_case",
          "status": "pass"
        }
      ]
    },
    {
      "object_kind": "var",
      "config_addr": "module.common_resources_staging.module.shared.module.terraform_state_backend_shared.module.dynamodb_table_label.var.label_value_case",
      "status": "pass",
      "objects": [
        {
          "object_addr": "module.common_resources_staging.module.shared.module.terraform_state_backend_shared.module.dynamodb_table_label.var.label_value_case",
          "status": "pass"
        }
      ]
    },
    {
      "object_kind": "var",
      "config_addr": "module.common_resources_staging.module.msteams.module.terraform_state_backend_msteams_shared.module.this.var.id_length_limit",
      "status": "pass",
      "objects": [
        {
          "object_addr": "module.common_resources_staging.module.msteams.module.terraform_state_backend_msteams_shared.module.this.var.id_length_limit",
          "status": "pass"
        }
      ]
    },
    {
      "object_kind": "var",
      "config_addr": "module.common_resources_staging.module.webapp.module.terraform_state_backend_webapp_shared.module.bucket_label.var.label_key_case",
      "status": "pass",
      "objects": [
        {
          "object_addr": "module.common_resources_staging.module.webapp.module.terraform_state_backend_webapp_shared.module.bucket_label.var.label_key_case",
          "status": "pass"
        }
      ]
    },
    {
      "object_kind": "var",
      "config_addr": "module.common_resources_staging.module.webapp.module.terraform_state_backend_webapp_shared.var.label_value_case",
      "status": "pass",
      "objects": [
        {
          "object_addr": "module.common_resources_staging.module.webapp.module.terraform_state_backend_webapp_shared.var.label_value_case",
          "status": "pass"
        }
      ]
    },
    {
      "object_kind": "var",
      "config_addr": "module.common_resources_staging.module.msteams.module.terraform_state_backend_msteams_shared.module.this.var.label_key_case",
      "status": "pass",
      "objects": [
        {
          "object_addr": "module.common_resources_staging.module.msteams.module.terraform_state_backend_msteams_shared.module.this.var.label_key_case",
          "status": "pass"
        }
      ]
    },
    {
      "object_kind": "var",
      "config_addr": "module.common_resources_staging.module.webapp_spaces.module.terraform_state_backend_webapp_spaces.var.label_key_case",
      "status": "pass",
      "objects": [
        {
          "object_addr": "module.common_resources_staging.module.webapp_spaces.module.terraform_state_backend_webapp_spaces.var.label_key_case",
          "status": "pass"
        }
      ]
    },
    {
      "object_kind": "var",
      "config_addr": "module.common_resources_staging.module.shared.module.terraform_state_backend_shared_azure_entra.module.replication_label.var.context",
      "status": "pass",
      "objects": [
        {
          "object_addr": "module.common_resources_staging.module.shared.module.terraform_state_backend_shared_azure_entra.module.replication_label.var.context",
          "status": "pass"
        }
      ]
    },
    {
      "object_kind": "var",
      "config_addr": "module.common_resources_staging.module.organization.module.terraform_state_backend_organization_shared.module.dynamodb_table_label.var.id_length_limit",
      "status": "pass",
      "objects": [
        {
          "object_addr": "module.common_resources_staging.module.organization.module.terraform_state_backend_organization_shared.module.dynamodb_table_label.var.id_length_limit",
          "status": "pass"
        }
      ]
    },
    {
      "object_kind": "var",
      "config_addr": "module.common_resources_staging.module.webapp_teams.module.terraform_state_backend_webapp_teams_help.var.logging",
      "status": "pass",
      "objects": [
        {
          "object_addr": "module.common_resources_staging.module.webapp_teams.module.terraform_state_backend_webapp_teams_help.var.logging",
          "status": "pass"
        }
      ]
    },
    {
      "object_kind": "var",
      "config_addr": "module.common_resources_staging.module.core.module.terraform_state_backend_core_shared.var.s3_bucket_name",
      "status": "pass",
      "objects": [
        {
          "object_addr": "module.common_resources_staging.module.core.module.terraform_state_backend_core_shared.var.s3_bucket_name",
          "status": "pass"
        }
      ]
    },
    {
      "object_kind": "var",
      "config_addr": "module.common_resources_staging.module.location.module.terraform_state_backend_location_shared.module.this.var.label_key_case",
      "status": "pass",
      "objects": [
        {
          "object_addr": "module.common_resources_staging.module.location.module.terraform_state_backend_location_shared.module.this.var.label_key_case",
          "status": "pass"
        }
      ]
    },
    {
      "object_kind": "var",
      "config_addr": "module.common_resources_staging.module.gcp_oneoff.module.terraform_state_backend_gcp_oneoff.module.this.var.context",
      "status": "pass",
      "objects": [
        {
          "object_addr": "module.common_resources_staging.module.gcp_oneoff.module.terraform_state_backend_gcp_oneoff.module.this.var.context",
          "status": "pass"
        }
      ]
    },
    {
      "object_kind": "var",
      "config_addr": "module.common_resources_staging.module.webapp_teams.module.terraform_state_backend_webapp_teams.module.dynamodb_table_label.var.label_value_case",
      "status": "pass",
      "objects": [
        {
          "object_addr": "module.common_resources_staging.module.webapp_teams.module.terraform_state_backend_webapp_teams.module.dynamodb_table_label.var.label_value_case",
          "status": "pass"
        }
      ]
    },
    {
      "object_kind": "var",
      "config_addr": "module.common_resources_staging.module.core.module.terraform_state_backend_core_shared.module.bucket_label.var.id_length_limit",
      "status": "pass",
      "objects": [
        {
          "object_addr": "module.common_resources_staging.module.core.module.terraform_state_backend_core_shared.module.bucket_label.var.id_length_limit",
          "status": "pass"
        }
      ]
    },
    {
      "object_kind": "var",
      "config_addr": "module.common_resources_staging.module.shared.module.terraform_state_backend_shared.module.dynamodb_table_label.var.id_length_limit",
      "status": "pass",
      "objects": [
        {
          "object_addr": "module.common_resources_staging.module.shared.module.terraform_state_backend_shared.module.dynamodb_table_label.var.id_length_limit",
          "status": "pass"
        }
      ]
    },
    {
      "object_kind": "var",
      "config_addr": "module.common_resources_staging.module.azure_oneoff.module.terraform_state_backend_azure_oneoff.module.this.var.id_length_limit",
      "status": "pass",
      "objects": [
        {
          "object_addr": "module.common_resources_staging.module.azure_oneoff.module.terraform_state_backend_azure_oneoff.module.this.var.id_length_limit",
          "status": "pass"
        }
      ]
    },
    {
      "object_kind": "var",
      "config_addr": "module.common_resources_staging.module.slack.module.terraform_state_backend_slack_shared.var.label_key_case",
      "status": "pass",
      "objects": [
        {
          "object_addr": "module.common_resources_staging.module.slack.module.terraform_state_backend_slack_shared.var.label_key_case",
          "status": "pass"
        }
      ]
    },
    {
      "object_kind": "var",
      "config_addr": "module.common_resources_staging.module.msteams.module.terraform_state_backend_msteams_shared.module.dynamodb_table_label.var.label_key_case",
      "status": "pass",
      "objects": [
        {
          "object_addr": "module.common_resources_staging.module.msteams.module.terraform_state_backend_msteams_shared.module.dynamodb_table_label.var.label_key_case",
          "status": "pass"
        }
      ]
    },
    {
      "object_kind": "var",
      "config_addr": "module.common_resources_staging.module.webapp_spaces.module.terraform_state_backend_webapp_spaces.module.dynamodb_table_label.var.context",
      "status": "pass",
      "objects": [
        {
          "object_addr": "module.common_resources_staging.module.webapp_spaces.module.terraform_state_backend_webapp_spaces.module.dynamodb_table_label.var.context",
          "status": "pass"
        }
      ]
    },
    {
      "object_kind": "var",
      "config_addr": "module.common_resources_staging.module.webapp_spaces.module.terraform_state_backend_webapp_spaces.var.context",
      "status": "pass",
      "objects": [
        {
          "object_addr": "module.common_resources_staging.module.webapp_spaces.module.terraform_state_backend_webapp_spaces.var.context",
          "status": "pass"
        }
      ]
    },
    {
      "object_kind": "var",
      "config_addr": "module.common_resources_staging.module.webapp_spaces.module.terraform_state_backend_webapp_spaces_help.var.label_value_case",
      "status": "pass",
      "objects": [
        {
          "object_addr": "module.common_resources_staging.module.webapp_spaces.module.terraform_state_backend_webapp_spaces_help.var.label_value_case",
          "status": "pass"
        }
      ]
    },
    {
      "object_kind": "var",
      "config_addr": "module.common_resources_staging.module.shared.module.terraform_state_backend_shared.module.replication_label.var.label_value_case",
      "status": "pass",
      "objects": [
        {
          "object_addr": "module.common_resources_staging.module.shared.module.terraform_state_backend_shared.module.replication_label.var.label_value_case",
          "status": "pass"
        }
      ]
    },
    {
      "object_kind": "var",
      "config_addr": "module.common_resources_staging.module.shared.module.terraform_state_backend_shared_azure_entra.module.replication_label.var.label_key_case",
      "status": "pass",
      "objects": [
        {
          "object_addr": "module.common_resources_staging.module.shared.module.terraform_state_backend_shared_azure_entra.module.replication_label.var.label_key_case",
          "status": "pass"
        }
      ]
    },
    {
      "object_kind": "var",
      "config_addr": "module.common_resources_staging.module.webapp.module.terraform_state_backend_webapp_msteams.module.this.var.label_key_case",
      "status": "pass",
      "objects": [
        {
          "object_addr": "module.common_resources_staging.module.webapp.module.terraform_state_backend_webapp_msteams.module.this.var.label_key_case",
          "status": "pass"
        }
      ]
    },
    {
      "object_kind": "var",
      "config_addr": "module.common_resources_staging.module.webapp.module.terraform_state_backend_webapp_shared.module.replication_label.var.label_key_case",
      "status": "pass",
      "objects": [
        {
          "object_addr": "module.common_resources_staging.module.webapp.module.terraform_state_backend_webapp_shared.module.replication_label.var.label_key_case",
          "status": "pass"
        }
      ]
    },
    {
      "object_kind": "var",
      "config_addr": "module.common_resources_staging.module.core.module.terraform_state_backend_core_shared.module.replication_label.var.context",
      "status": "pass",
      "objects": [
        {
          "object_addr": "module.common_resources_staging.module.core.module.terraform_state_backend_core_shared.module.replication_label.var.context",
          "status": "pass"
        }
      ]
    },
    {
      "object_kind": "var",
      "config_addr": "module.common_resources_staging.module.booking.module.terraform_state_backend_booking_shared.module.dynamodb_table_label.var.context",
      "status": "pass",
      "objects": [
        {
          "object_addr": "module.common_resources_staging.module.booking.module.terraform_state_backend_booking_shared.module.dynamodb_table_label.var.context",
          "status": "pass"
        }
      ]
    },
    {
      "object_kind": "var",
      "config_addr": "module.common_resources_staging.module.organization.module.terraform_state_backend_organization_shared.module.replication_label.var.label_value_case",
      "status": "pass",
      "objects": [
        {
          "object_addr": "module.common_resources_staging.module.organization.module.terraform_state_backend_organization_shared.module.replication_label.var.label_value_case",
          "status": "pass"
        }
      ]
    },
    {
      "object_kind": "var",
      "config_addr": "module.common_resources_staging.module.webapp_teams.module.terraform_state_backend_webapp_teams_help.module.bucket_label.var.label_value_case",
      "status": "pass",
      "objects": [
        {
          "object_addr": "module.common_resources_staging.module.webapp_teams.module.terraform_state_backend_webapp_teams_help.module.bucket_label.var.label_value_case",
          "status": "pass"
        }
      ]
    },
    {
      "object_kind": "var",
      "config_addr": "module.common_resources_staging.module.azure_oneoff.module.terraform_state_backend_azure_oneoff.module.bucket_label.var.context",
      "status": "pass",
      "objects": [
        {
          "object_addr": "module.common_resources_staging.module.azure_oneoff.module.terraform_state_backend_azure_oneoff.module.bucket_label.var.context",
          "status": "pass"
        }
      ]
    },
    {
      "object_kind": "var",
      "config_addr": "module.common_resources_staging.module.webapp.module.terraform_state_backend_webapp_eventcatalog.module.dynamodb_table_label.var.context",
      "status": "pass",
      "objects": [
        {
          "object_addr": "module.common_resources_staging.module.webapp.module.terraform_state_backend_webapp_eventcatalog.module.dynamodb_table_label.var.context",
          "status": "pass"
        }
      ]
    },
    {
      "object_kind": "var",
      "config_addr": "module.common_resources_staging.module.webapp.module.terraform_state_backend_webapp_help.module.dynamodb_table_label.var.id_length_limit",
      "status": "pass",
      "objects": [
        {
          "object_addr": "module.common_resources_staging.module.webapp.module.terraform_state_backend_webapp_help.module.dynamodb_table_label.var.id_length_limit",
          "status": "pass"
        }
      ]
    },
    {
      "object_kind": "var",
      "config_addr": "module.common_resources_staging.module.customer.module.terraform_state_backend_customer_shared.var.s3_bucket_name",
      "status": "pass",
      "objects": [
        {
          "object_addr": "module.common_resources_staging.module.customer.module.terraform_state_backend_customer_shared.var.s3_bucket_name",
          "status": "pass"
        }
      ]
    },
    {
      "object_kind": "var",
      "config_addr": "module.common_resources_staging.module.webapp.module.terraform_state_backend_webapp.module.dynamodb_table_label.var.context",
      "status": "pass",
      "objects": [
        {
          "object_addr": "module.common_resources_staging.module.webapp.module.terraform_state_backend_webapp.module.dynamodb_table_label.var.context",
          "status": "pass"
        }
      ]
    },
    {
      "object_kind": "var",
      "config_addr": "module.common_resources_staging.module.webapp.module.terraform_state_backend_webapp.module.bucket_label.var.id_length_limit",
      "status": "pass",
      "objects": [
        {
          "object_addr": "module.common_resources_staging.module.webapp.module.terraform_state_backend_webapp.module.bucket_label.var.id_length_limit",
          "status": "pass"
        }
      ]
    },
    {
      "object_kind": "var",
      "config_addr": "module.common_resources_staging.module.organization.module.terraform_state_backend_organization_shared.module.dynamodb_table_label.var.label_value_case",
      "status": "pass",
      "objects": [
        {
          "object_addr": "module.common_resources_staging.module.organization.module.terraform_state_backend_organization_shared.module.dynamodb_table_label.var.label_value_case",
          "status": "pass"
        }
      ]
    },
    {
      "object_kind": "var",
      "config_addr": "module.common_resources_staging.module.organization.module.terraform_state_backend_organization_shared.module.dynamodb_table_label.var.label_key_case",
      "status": "pass",
      "objects": [
        {
          "object_addr": "module.common_resources_staging.module.organization.module.terraform_state_backend_organization_shared.module.dynamodb_table_label.var.label_key_case",
          "status": "pass"
        }
      ]
    },
    {
      "object_kind": "var",
      "config_addr": "module.common_resources_staging.module.webapp_teams.module.terraform_state_backend_webapp_teams_help.var.label_value_case",
      "status": "pass",
      "objects": [
        {
          "object_addr": "module.common_resources_staging.module.webapp_teams.module.terraform_state_backend_webapp_teams_help.var.label_value_case",
          "status": "pass"
        }
      ]
    },
    {
      "object_kind": "var",
      "config_addr": "module.common_resources_staging.module.aws_oneoff.module.terraform_state_backend_aws_oneoff.module.this.var.context",
      "status": "pass",
      "objects": [
        {
          "object_addr": "module.common_resources_staging.module.aws_oneoff.module.terraform_state_backend_aws_oneoff.module.this.var.context",
          "status": "pass"
        }
      ]
    },
    {
      "object_kind": "var",
      "config_addr": "module.common_resources_staging.module.webapp_spaces.module.terraform_state_backend_webapp_spaces.module.this.var.label_value_case",
      "status": "pass",
      "objects": [
        {
          "object_addr": "module.common_resources_staging.module.webapp_spaces.module.terraform_state_backend_webapp_spaces.module.this.var.label_value_case",
          "status": "pass"
        }
      ]
    },
    {
      "object_kind": "var",
      "config_addr": "module.common_resources_staging.module.azure_oneoff.module.terraform_state_backend_azure_oneoff.module.replication_label.var.label_key_case",
      "status": "pass",
      "objects": [
        {
          "object_addr": "module.common_resources_staging.module.azure_oneoff.module.terraform_state_backend_azure_oneoff.module.replication_label.var.label_key_case",
          "status": "pass"
        }
      ]
    },
    {
      "object_kind": "var",
      "config_addr": "module.common_resources_staging.module.webapp.module.terraform_state_backend_webapp_help.module.bucket_label.var.label_value_case",
      "status": "pass",
      "objects": [
        {
          "object_addr": "module.common_resources_staging.module.webapp.module.terraform_state_backend_webapp_help.module.bucket_label.var.label_value_case",
          "status": "pass"
        }
      ]
    },
    {
      "object_kind": "var",
      "config_addr": "module.common_resources_staging.module.webapp_spaces.module.terraform_state_backend_webapp_spaces_help.module.dynamodb_table_label.var.label_key_case",
      "status": "pass",
      "objects": [
        {
          "object_addr": "module.common_resources_staging.module.webapp_spaces.module.terraform_state_backend_webapp_spaces_help.module.dynamodb_table_label.var.label_key_case",
          "status": "pass"
        }
      ]
    },
    {
      "object_kind": "var",
      "config_addr": "module.common_resources_staging.module.webapp.module.terraform_state_backend_webapp_shared.module.dynamodb_table_label.var.context",
      "status": "pass",
      "objects": [
        {
          "object_addr": "module.common_resources_staging.module.webapp.module.terraform_state_backend_webapp_shared.module.dynamodb_table_label.var.context",
          "status": "pass"
        }
      ]
    },
    {
      "object_kind": "var",
      "config_addr": "module.common_resources_staging.module.webapp.module.terraform_state_backend_webapp_shared.module.this.var.id_length_limit",
      "status": "pass",
      "objects": [
        {
          "object_addr": "module.common_resources_staging.module.webapp.module.terraform_state_backend_webapp_shared.module.this.var.id_length_limit",
          "status": "pass"
        }
      ]
    },
    {
      "object_kind": "var",
      "config_addr": "module.common_resources_staging.module.shared.module.terraform_state_backend_shared.module.bucket_label.var.context",
      "status": "pass",
      "objects": [
        {
          "object_addr": "module.common_resources_staging.module.shared.module.terraform_state_backend_shared.module.bucket_label.var.context",
          "status": "pass"
        }
      ]
    },
    {
      "object_kind": "var",
      "config_addr": "module.common_resources_staging.module.webapp_spaces.module.terraform_state_backend_webapp_spaces_help.module.this.var.context",
      "status": "pass",
      "objects": [
        {
          "object_addr": "module.common_resources_staging.module.webapp_spaces.module.terraform_state_backend_webapp_spaces_help.module.this.var.context",
          "status": "pass"
        }
      ]
    },
    {
      "object_kind": "var",
      "config_addr": "module.common_resources_staging.module.webapp.module.terraform_state_backend_webapp_msteams.module.replication_label.var.id_length_limit",
      "status": "pass",
      "objects": [
        {
          "object_addr": "module.common_resources_staging.module.webapp.module.terraform_state_backend_webapp_msteams.module.replication_label.var.id_length_limit",
          "status": "pass"
        }
      ]
    },
    {
      "object_kind": "var",
      "config_addr": "module.common_resources_staging.module.slack.module.terraform_state_backend_slack_shared.module.bucket_label.var.id_length_limit",
      "status": "pass",
      "objects": [
        {
          "object_addr": "module.common_resources_staging.module.slack.module.terraform_state_backend_slack_shared.module.bucket_label.var.id_length_limit",
          "status": "pass"
        }
      ]
    },
    {
      "object_kind": "var",
      "config_addr": "module.common_resources_staging.module.aws_oneoff.module.terraform_state_backend_aws_oneoff.module.dynamodb_table_label.var.id_length_limit",
      "status": "pass",
      "objects": [
        {
          "object_addr": "module.common_resources_staging.module.aws_oneoff.module.terraform_state_backend_aws_oneoff.module.dynamodb_table_label.var.id_length_limit",
          "status": "pass"
        }
      ]
    },
    {
      "object_kind": "var",
      "config_addr": "module.common_resources_staging.module.webapp.module.terraform_state_backend_webapp_eventcatalog.module.dynamodb_table_label.var.id_length_limit",
      "status": "pass",
      "objects": [
        {
          "object_addr": "module.common_resources_staging.module.webapp.module.terraform_state_backend_webapp_eventcatalog.module.dynamodb_table_label.var.id_length_limit",
          "status": "pass"
        }
      ]
    },
    {
      "object_kind": "var",
      "config_addr": "module.common_resources_staging.module.location.module.terraform_state_backend_location_shared.module.dynamodb_table_label.var.label_key_case",
      "status": "pass",
      "objects": [
        {
          "object_addr": "module.common_resources_staging.module.location.module.terraform_state_backend_location_shared.module.dynamodb_table_label.var.label_key_case",
          "status": "pass"
        }
      ]
    },
    {
      "object_kind": "var",
      "config_addr": "module.common_resources_staging.module.webapp.module.terraform_state_backend_webapp_eventcatalog.var.id_length_limit",
      "status": "pass",
      "objects": [
        {
          "object_addr": "module.common_resources_staging.module.webapp.module.terraform_state_backend_webapp_eventcatalog.var.id_length_limit",
          "status": "pass"
        }
      ]
    },
    {
      "object_kind": "var",
      "config_addr": "module.common_resources_staging.module.customer.module.terraform_state_backend_customer_shared.module.this.var.id_length_limit",
      "status": "pass",
      "objects": [
        {
          "object_addr": "module.common_resources_staging.module.customer.module.terraform_state_backend_customer_shared.module.this.var.id_length_limit",
          "status": "pass"
        }
      ]
    },
    {
      "object_kind": "var",
      "config_addr": "module.common_resources_staging.module.marketplace.module.terraform_state_backend_marketplace_shared.module.dynamodb_table_label.var.id_length_limit",
      "status": "pass",
      "objects": [
        {
          "object_addr": "module.common_resources_staging.module.marketplace.module.terraform_state_backend_marketplace_shared.module.dynamodb_table_label.var.id_length_limit",
          "status": "pass"
        }
      ]
    },
    {
      "object_kind": "var",
      "config_addr": "module.common_resources_staging.module.webapp.module.terraform_state_backend_webapp_eventcatalog.module.dynamodb_table_label.var.label_value_case",
      "status": "pass",
      "objects": [
        {
          "object_addr": "module.common_resources_staging.module.webapp.module.terraform_state_backend_webapp_eventcatalog.module.dynamodb_table_label.var.label_value_case",
          "status": "pass"
        }
      ]
    },
    {
      "object_kind": "var",
      "config_addr": "module.common_resources_staging.module.aws_oneoff.module.terraform_state_backend_aws_oneoff.module.bucket_label.var.label_key_case",
      "status": "pass",
      "objects": [
        {
          "object_addr": "module.common_resources_staging.module.aws_oneoff.module.terraform_state_backend_aws_oneoff.module.bucket_label.var.label_key_case",
          "status": "pass"
        }
      ]
    },
    {
      "object_kind": "var",
      "config_addr": "module.common_resources_staging.module.shared.module.terraform_state_backend_shared_azure_entra.var.label_key_case",
      "status": "pass",
      "objects": [
        {
          "object_addr": "module.common_resources_staging.module.shared.module.terraform_state_backend_shared_azure_entra.var.label_key_case",
          "status": "pass"
        }
      ]
    },
    {
      "object_kind": "var",
      "config_addr": "module.common_resources_staging.module.marketplace.module.terraform_state_backend_marketplace_shared.module.this.var.id_length_limit",
      "status": "pass",
      "objects": [
        {
          "object_addr": "module.common_resources_staging.module.marketplace.module.terraform_state_backend_marketplace_shared.module.this.var.id_length_limit",
          "status": "pass"
        }
      ]
    },
    {
      "object_kind": "var",
      "config_addr": "module.common_resources_staging.module.webapp_teams.module.terraform_state_backend_webapp_teams_help.var.s3_bucket_name",
      "status": "pass",
      "objects": [
        {
          "object_addr": "module.common_resources_staging.module.webapp_teams.module.terraform_state_backend_webapp_teams_help.var.s3_bucket_name",
          "status": "pass"
        }
      ]
    },
    {
      "object_kind": "var",
      "config_addr": "module.common_resources_staging.module.gcp_oneoff.module.terraform_state_backend_gcp_oneoff.module.this.var.id_length_limit",
      "status": "pass",
      "objects": [
        {
          "object_addr": "module.common_resources_staging.module.gcp_oneoff.module.terraform_state_backend_gcp_oneoff.module.this.var.id_length_limit",
          "status": "pass"
        }
      ]
    },
    {
      "object_kind": "var",
      "config_addr": "module.common_resources_staging.module.webapp_teams.module.terraform_state_backend_webapp_teams_help.var.id_length_limit",
      "status": "pass",
      "objects": [
        {
          "object_addr": "module.common_resources_staging.module.webapp_teams.module.terraform_state_backend_webapp_teams_help.var.id_length_limit",
          "status": "pass"
        }
      ]
    },
    {
      "object_kind": "var",
      "config_addr": "module.common_resources_staging.module.customer.module.terraform_state_backend_customer_shared.module.replication_label.var.label_value_case",
      "status": "pass",
      "objects": [
        {
          "object_addr": "module.common_resources_staging.module.customer.module.terraform_state_backend_customer_shared.module.replication_label.var.label_value_case",
          "status": "pass"
        }
      ]
    },
    {
      "object_kind": "var",
      "config_addr": "module.common_resources_staging.module.msteams.module.terraform_state_backend_msteams_shared.module.this.var.context",
      "status": "pass",
      "objects": [
        {
          "object_addr": "module.common_resources_staging.module.msteams.module.terraform_state_backend_msteams_shared.module.this.var.context",
          "status": "pass"
        }
      ]
    },
    {
      "object_kind": "var",
      "config_addr": "module.common_resources_staging.module.msteams.module.terraform_state_backend_msteams_shared.module.bucket_label.var.label_key_case",
      "status": "pass",
      "objects": [
        {
          "object_addr": "module.common_resources_staging.module.msteams.module.terraform_state_backend_msteams_shared.module.bucket_label.var.label_key_case",
          "status": "pass"
        }
      ]
    },
    {
      "object_kind": "var",
      "config_addr": "module.common_resources_staging.module.booking.module.terraform_state_backend_booking_shared.module.replication_label.var.id_length_limit",
      "status": "pass",
      "objects": [
        {
          "object_addr": "module.common_resources_staging.module.booking.module.terraform_state_backend_booking_shared.module.replication_label.var.id_length_limit",
          "status": "pass"
        }
      ]
    },
    {
      "object_kind": "var",
      "config_addr": "module.common_resources_staging.module.webapp.module.terraform_state_backend_webapp_help.module.replication_label.var.id_length_limit",
      "status": "pass",
      "objects": [
        {
          "object_addr": "module.common_resources_staging.module.webapp.module.terraform_state_backend_webapp_help.module.replication_label.var.id_length_limit",
          "status": "pass"
        }
      ]
    },
    {
      "object_kind": "var",
      "config_addr": "module.common_resources_staging.module.customer.module.terraform_state_backend_customer_shared.module.replication_label.var.context",
      "status": "pass",
      "objects": [
        {
          "object_addr": "module.common_resources_staging.module.customer.module.terraform_state_backend_customer_shared.module.replication_label.var.context",
          "status": "pass"
        }
      ]
    },
    {
      "object_kind": "var",
      "config_addr": "module.common_resources_staging.module.core.module.terraform_state_backend_core_shared.module.dynamodb_table_label.var.label_value_case",
      "status": "pass",
      "objects": [
        {
          "object_addr": "module.common_resources_staging.module.core.module.terraform_state_backend_core_shared.module.dynamodb_table_label.var.label_value_case",
          "status": "pass"
        }
      ]
    },
    {
      "object_kind": "var",
      "config_addr": "module.common_resources_staging.module.azure_oneoff.module.terraform_state_backend_azure_oneoff.module.dynamodb_table_label.var.context",
      "status": "pass",
      "objects": [
        {
          "object_addr": "module.common_resources_staging.module.azure_oneoff.module.terraform_state_backend_azure_oneoff.module.dynamodb_table_label.var.context",
          "status": "pass"
        }
      ]
    },
    {
      "object_kind": "var",
      "config_addr": "module.common_resources_staging.module.core.module.terraform_state_backend_core_shared.module.dynamodb_table_label.var.label_key_case",
      "status": "pass",
      "objects": [
        {
          "object_addr": "module.common_resources_staging.module.core.module.terraform_state_backend_core_shared.module.dynamodb_table_label.var.label_key_case",
          "status": "pass"
        }
      ]
    },
    {
      "object_kind": "var",
      "config_addr": "module.common_resources_staging.module.location.module.terraform_state_backend_location_shared.module.replication_label.var.label_value_case",
      "status": "pass",
      "objects": [
        {
          "object_addr": "module.common_resources_staging.module.location.module.terraform_state_backend_location_shared.module.replication_label.var.label_value_case",
          "status": "pass"
        }
      ]
    },
    {
      "object_kind": "var",
      "config_addr": "module.common_resources_staging.module.webapp_teams.module.terraform_state_backend_webapp_teams_help.module.bucket_label.var.id_length_limit",
      "status": "pass",
      "objects": [
        {
          "object_addr": "module.common_resources_staging.module.webapp_teams.module.terraform_state_backend_webapp_teams_help.module.bucket_label.var.id_length_limit",
          "status": "pass"
        }
      ]
    },
    {
      "object_kind": "var",
      "config_addr": "module.common_resources_staging.module.shared.module.terraform_state_backend_shared.module.bucket_label.var.id_length_limit",
      "status": "pass",
      "objects": [
        {
          "object_addr": "module.common_resources_staging.module.shared.module.terraform_state_backend_shared.module.bucket_label.var.id_length_limit",
          "status": "pass"
        }
      ]
    },
    {
      "object_kind": "var",
      "config_addr": "module.common_resources_staging.module.slack.module.terraform_state_backend_slack_shared.module.replication_label.var.label_value_case",
      "status": "pass",
      "objects": [
        {
          "object_addr": "module.common_resources_staging.module.slack.module.terraform_state_backend_slack_shared.module.replication_label.var.label_value_case",
          "status": "pass"
        }
      ]
    },
    {
      "object_kind": "var",
      "config_addr": "module.common_resources_staging.module.webapp.module.terraform_state_backend_webapp_help.module.bucket_label.var.id_length_limit",
      "status": "pass",
      "objects": [
        {
          "object_addr": "module.common_resources_staging.module.webapp.module.terraform_state_backend_webapp_help.module.bucket_label.var.id_length_limit",
          "status": "pass"
        }
      ]
    },
    {
      "object_kind": "var",
      "config_addr": "module.common_resources_staging.module.webapp_teams.module.terraform_state_backend_webapp_teams_help.module.this.var.context",
      "status": "pass",
      "objects": [
        {
          "object_addr": "module.common_resources_staging.module.webapp_teams.module.terraform_state_backend_webapp_teams_help.module.this.var.context",
          "status": "pass"
        }
      ]
    },
    {
      "object_kind": "var",
      "config_addr": "module.common_resources_staging.module.webapp_teams.module.terraform_state_backend_webapp_teams_help.module.dynamodb_table_label.var.context",
      "status": "pass",
      "objects": [
        {
          "object_addr": "module.common_resources_staging.module.webapp_teams.module.terraform_state_backend_webapp_teams_help.module.dynamodb_table_label.var.context",
          "status": "pass"
        }
      ]
    },
    {
      "object_kind": "var",
      "config_addr": "module.common_resources_staging.module.aws_oneoff.module.terraform_state_backend_aws_oneoff.var.s3_bucket_name",
      "status": "pass",
      "objects": [
        {
          "object_addr": "module.common_resources_staging.module.aws_oneoff.module.terraform_state_backend_aws_oneoff.var.s3_bucket_name",
          "status": "pass"
        }
      ]
    },
    {
      "object_kind": "var",
      "config_addr": "module.common_resources_staging.module.aws_oneoff.module.terraform_state_backend_aws_oneoff.module.this.var.label_value_case",
      "status": "pass",
      "objects": [
        {
          "object_addr": "module.common_resources_staging.module.aws_oneoff.module.terraform_state_backend_aws_oneoff.module.this.var.label_value_case",
          "status": "pass"
        }
      ]
    },
    {
      "object_kind": "var",
      "config_addr": "module.common_resources_staging.module.webapp.module.terraform_state_backend_webapp_help.var.label_value_case",
      "status": "pass",
      "objects": [
        {
          "object_addr": "module.common_resources_staging.module.webapp.module.terraform_state_backend_webapp_help.var.label_value_case",
          "status": "pass"
        }
      ]
    },
    {
      "object_kind": "var",
      "config_addr": "module.common_resources_staging.module.webapp.module.terraform_state_backend_webapp_shared.var.s3_bucket_name",
      "status": "pass",
      "objects": [
        {
          "object_addr": "module.common_resources_staging.module.webapp.module.terraform_state_backend_webapp_shared.var.s3_bucket_name",
          "status": "pass"
        }
      ]
    },
    {
      "object_kind": "var",
      "config_addr": "module.common_resources_staging.module.team.module.terraform_state_backend_team_shared.module.dynamodb_table_label.var.id_length_limit",
      "status": "pass",
      "objects": [
        {
          "object_addr": "module.common_resources_staging.module.team.module.terraform_state_backend_team_shared.module.dynamodb_table_label.var.id_length_limit",
          "status": "pass"
        }
      ]
    },
    {
      "object_kind": "var",
      "config_addr": "module.common_resources_staging.module.gcp_oneoff.module.terraform_state_backend_gcp_oneoff.module.dynamodb_table_label.var.context",
      "status": "pass",
      "objects": [
        {
          "object_addr": "module.common_resources_staging.module.gcp_oneoff.module.terraform_state_backend_gcp_oneoff.module.dynamodb_table_label.var.context",
          "status": "pass"
        }
      ]
    },
    {
      "object_kind": "var",
      "config_addr": "module.common_resources_staging.module.marketplace.module.terraform_state_backend_marketplace_shared.var.context",
      "status": "pass",
      "objects": [
        {
          "object_addr": "module.common_resources_staging.module.marketplace.module.terraform_state_backend_marketplace_shared.var.context",
          "status": "pass"
        }
      ]
    },
    {
      "object_kind": "var",
      "config_addr": "module.common_resources_staging.module.gcp_oneoff.module.terraform_state_backend_gcp_oneoff.module.bucket_label.var.label_value_case",
      "status": "pass",
      "objects": [
        {
          "object_addr": "module.common_resources_staging.module.gcp_oneoff.module.terraform_state_backend_gcp_oneoff.module.bucket_label.var.label_value_case",
          "status": "pass"
        }
      ]
    },
    {
      "object_kind": "var",
      "config_addr": "module.common_resources_staging.module.msteams.module.terraform_state_backend_msteams_shared.var.id_length_limit",
      "status": "pass",
      "objects": [
        {
          "object_addr": "module.common_resources_staging.module.msteams.module.terraform_state_backend_msteams_shared.var.id_length_limit",
          "status": "pass"
        }
      ]
    },
    {
      "object_kind": "var",
      "config_addr": "module.common_resources_staging.module.webapp_teams.module.terraform_state_backend_webapp_teams.module.bucket_label.var.label_key_case",
      "status": "pass",
      "objects": [
        {
          "object_addr": "module.common_resources_staging.module.webapp_teams.module.terraform_state_backend_webapp_teams.module.bucket_label.var.label_key_case",
          "status": "pass"
        }
      ]
    },
    {
      "object_kind": "var",
      "config_addr": "module.common_resources_staging.module.gcp_oneoff.module.terraform_state_backend_gcp_oneoff.var.context",
      "status": "pass",
      "objects": [
        {
          "object_addr": "module.common_resources_staging.module.gcp_oneoff.module.terraform_state_backend_gcp_oneoff.var.context",
          "status": "pass"
        }
      ]
    },
    {
      "object_kind": "var",
      "config_addr": "module.common_resources_staging.module.webapp_teams.module.terraform_state_backend_webapp_teams_help.var.label_key_case",
      "status": "pass",
      "objects": [
        {
          "object_addr": "module.common_resources_staging.module.webapp_teams.module.terraform_state_backend_webapp_teams_help.var.label_key_case",
          "status": "pass"
        }
      ]
    },
    {
      "object_kind": "var",
      "config_addr": "module.common_resources_staging.module.msteams.module.terraform_state_backend_msteams_shared.module.bucket_label.var.context",
      "status": "pass",
      "objects": [
        {
          "object_addr": "module.common_resources_staging.module.msteams.module.terraform_state_backend_msteams_shared.module.bucket_label.var.context",
          "status": "pass"
        }
      ]
    },
    {
      "object_kind": "var",
      "config_addr": "module.common_resources_staging.module.webapp.module.terraform_state_backend_webapp_help.module.this.var.label_value_case",
      "status": "pass",
      "objects": [
        {
          "object_addr": "module.common_resources_staging.module.webapp.module.terraform_state_backend_webapp_help.module.this.var.label_value_case",
          "status": "pass"
        }
      ]
    },
    {
      "object_kind": "var",
      "config_addr": "module.common_resources_staging.module.azure_oneoff.module.terraform_state_backend_azure_oneoff.var.logging",
      "status": "pass",
      "objects": [
        {
          "object_addr": "module.common_resources_staging.module.azure_oneoff.module.terraform_state_backend_azure_oneoff.var.logging",
          "status": "pass"
        }
      ]
    },
    {
      "object_kind": "var",
      "config_addr": "module.common_resources_staging.module.webapp_teams.module.terraform_state_backend_webapp_teams.module.replication_label.var.label_key_case",
      "status": "pass",
      "objects": [
        {
          "object_addr": "module.common_resources_staging.module.webapp_teams.module.terraform_state_backend_webapp_teams.module.replication_label.var.label_key_case",
          "status": "pass"
        }
      ]
    },
    {
      "object_kind": "var",
      "config_addr": "module.common_resources_staging.module.shared.module.terraform_state_backend_shared.module.replication_label.var.label_key_case",
      "status": "pass",
      "objects": [
        {
          "object_addr": "module.common_resources_staging.module.shared.module.terraform_state_backend_shared.module.replication_label.var.label_key_case",
          "status": "pass"
        }
      ]
    },
    {
      "object_kind": "var",
      "config_addr": "module.common_resources_staging.module.team.module.terraform_state_backend_team_shared.module.bucket_label.var.context",
      "status": "pass",
      "objects": [
        {
          "object_addr": "module.common_resources_staging.module.team.module.terraform_state_backend_team_shared.module.bucket_label.var.context",
          "status": "pass"
        }
      ]
    },
    {
      "object_kind": "var",
      "config_addr": "module.common_resources_staging.module.webapp_teams.module.terraform_state_backend_webapp_teams_help.var.context",
      "status": "pass",
      "objects": [
        {
          "object_addr": "module.common_resources_staging.module.webapp_teams.module.terraform_state_backend_webapp_teams_help.var.context",
          "status": "pass"
        }
      ]
    },
    {
      "object_kind": "var",
      "config_addr": "module.common_resources_staging.module.team.module.terraform_state_backend_team_shared.var.label_value_case",
      "status": "pass",
      "objects": [
        {
          "object_addr": "module.common_resources_staging.module.team.module.terraform_state_backend_team_shared.var.label_value_case",
          "status": "pass"
        }
      ]
    },
    {
      "object_kind": "var",
      "config_addr": "module.common_resources_staging.module.marketplace.module.terraform_state_backend_marketplace_shared.module.bucket_label.var.label_key_case",
      "status": "pass",
      "objects": [
        {
          "object_addr": "module.common_resources_staging.module.marketplace.module.terraform_state_backend_marketplace_shared.module.bucket_label.var.label_key_case",
          "status": "pass"
        }
      ]
    },
    {
      "object_kind": "var",
      "config_addr": "module.common_resources_staging.module.gcp_oneoff.module.terraform_state_backend_gcp_oneoff.module.dynamodb_table_label.var.label_value_case",
      "status": "pass",
      "objects": [
        {
          "object_addr": "module.common_resources_staging.module.gcp_oneoff.module.terraform_state_backend_gcp_oneoff.module.dynamodb_table_label.var.label_value_case",
          "status": "pass"
        }
      ]
    },
    {
      "object_kind": "var",
      "config_addr": "module.common_resources_staging.module.customer.module.terraform_state_backend_customer_shared.module.bucket_label.var.label_key_case",
      "status": "pass",
      "objects": [
        {
          "object_addr": "module.common_resources_staging.module.customer.module.terraform_state_backend_customer_shared.module.bucket_label.var.label_key_case",
          "status": "pass"
        }
      ]
    },
    {
      "object_kind": "var",
      "config_addr": "module.common_resources_staging.module.azure_oneoff.module.terraform_state_backend_azure_oneoff.module.replication_label.var.label_value_case",
      "status": "pass",
      "objects": [
        {
          "object_addr": "module.common_resources_staging.module.azure_oneoff.module.terraform_state_backend_azure_oneoff.module.replication_label.var.label_value_case",
          "status": "pass"
        }
      ]
    },
    {
      "object_kind": "var",
      "config_addr": "module.common_resources_staging.module.webapp_spaces.module.terraform_state_backend_webapp_spaces_help.module.this.var.label_key_case",
      "status": "pass",
      "objects": [
        {
          "object_addr": "module.common_resources_staging.module.webapp_spaces.module.terraform_state_backend_webapp_spaces_help.module.this.var.label_key_case",
          "status": "pass"
        }
      ]
    },
    {
      "object_kind": "var",
      "config_addr": "module.common_resources_staging.module.webapp.module.terraform_state_backend_webapp.var.id_length_limit",
      "status": "pass",
      "objects": [
        {
          "object_addr": "module.common_resources_staging.module.webapp.module.terraform_state_backend_webapp.var.id_length_limit",
          "status": "pass"
        }
      ]
    },
    {
      "object_kind": "var",
      "config_addr": "module.common_resources_staging.module.location.module.terraform_state_backend_location_shared.module.bucket_label.var.label_key_case",
      "status": "pass",
      "objects": [
        {
          "object_addr": "module.common_resources_staging.module.location.module.terraform_state_backend_location_shared.module.bucket_label.var.label_key_case",
          "status": "pass"
        }
      ]
    },
    {
      "object_kind": "var",
      "config_addr": "module.common_resources_staging.module.webapp_teams.module.terraform_state_backend_webapp_teams.var.logging",
      "status": "pass",
      "objects": [
        {
          "object_addr": "module.common_resources_staging.module.webapp_teams.module.terraform_state_backend_webapp_teams.var.logging",
          "status": "pass"
        }
      ]
    },
    {
      "object_kind": "var",
      "config_addr": "module.common_resources_staging.module.marketplace.module.terraform_state_backend_marketplace_shared.var.label_key_case",
      "status": "pass",
      "objects": [
        {
          "object_addr": "module.common_resources_staging.module.marketplace.module.terraform_state_backend_marketplace_shared.var.label_key_case",
          "status": "pass"
        }
      ]
    },
    {
      "object_kind": "var",
      "config_addr": "module.common_resources_staging.module.webapp.module.terraform_state_backend_webapp_shared.module.bucket_label.var.label_value_case",
      "status": "pass",
      "objects": [
        {
          "object_addr": "module.common_resources_staging.module.webapp.module.terraform_state_backend_webapp_shared.module.bucket_label.var.label_value_case",
          "status": "pass"
        }
      ]
    },
    {
      "object_kind": "var",
      "config_addr": "module.common_resources_staging.module.webapp_spaces.module.terraform_state_backend_webapp_spaces.module.bucket_label.var.context",
      "status": "pass",
      "objects": [
        {
          "object_addr": "module.common_resources_staging.module.webapp_spaces.module.terraform_state_backend_webapp_spaces.module.bucket_label.var.context",
          "status": "pass"
        }
      ]
    },
    {
      "object_kind": "var",
      "config_addr": "module.common_resources_staging.module.booking.module.terraform_state_backend_booking_shared.var.context",
      "status": "pass",
      "objects": [
        {
          "object_addr": "module.common_resources_staging.module.booking.module.terraform_state_backend_booking_shared.var.context",
          "status": "pass"
        }
      ]
    },
    {
      "object_kind": "var",
      "config_addr": "module.common_resources_staging.module.webapp_spaces.module.terraform_state_backend_webapp_spaces.module.this.var.id_length_limit",
      "status": "pass",
      "objects": [
        {
          "object_addr": "module.common_resources_staging.module.webapp_spaces.module.terraform_state_backend_webapp_spaces.module.this.var.id_length_limit",
          "status": "pass"
        }
      ]
    },
    {
      "object_kind": "var",
      "config_addr": "module.common_resources_staging.module.shared.module.terraform_state_backend_shared.var.label_value_case",
      "status": "pass",
      "objects": [
        {
          "object_addr": "module.common_resources_staging.module.shared.module.terraform_state_backend_shared.var.label_value_case",
          "status": "pass"
        }
      ]
    },
    {
      "object_kind": "var",
      "config_addr": "module.common_resources_staging.module.azure_oneoff.module.terraform_state_backend_azure_oneoff.var.label_key_case",
      "status": "pass",
      "objects": [
        {
          "object_addr": "module.common_resources_staging.module.azure_oneoff.module.terraform_state_backend_azure_oneoff.var.label_key_case",
          "status": "pass"
        }
      ]
    },
    {
      "object_kind": "var",
      "config_addr": "module.common_resources_staging.module.webapp_spaces.module.terraform_state_backend_webapp_spaces_help.var.logging",
      "status": "pass",
      "objects": [
        {
          "object_addr": "module.common_resources_staging.module.webapp_spaces.module.terraform_state_backend_webapp_spaces_help.var.logging",
          "status": "pass"
        }
      ]
    },
    {
      "object_kind": "var",
      "config_addr": "module.common_resources_staging.module.webapp_teams.module.terraform_state_backend_webapp_teams.var.label_value_case",
      "status": "pass",
      "objects": [
        {
          "object_addr": "module.common_resources_staging.module.webapp_teams.module.terraform_state_backend_webapp_teams.var.label_value_case",
          "status": "pass"
        }
      ]
    },
    {
      "object_kind": "var",
      "config_addr": "module.common_resources_staging.module.webapp.module.terraform_state_backend_webapp_msteams.module.this.var.label_value_case",
      "status": "pass",
      "objects": [
        {
          "object_addr": "module.common_resources_staging.module.webapp.module.terraform_state_backend_webapp_msteams.module.this.var.label_value_case",
          "status": "pass"
        }
      ]
    },
    {
      "object_kind": "var",
      "config_addr": "module.common_resources_staging.module.marketplace.module.terraform_state_backend_marketplace_shared.module.replication_label.var.label_value_case",
      "status": "pass",
      "objects": [
        {
          "object_addr": "module.common_resources_staging.module.marketplace.module.terraform_state_backend_marketplace_shared.module.replication_label.var.label_value_case",
          "status": "pass"
        }
      ]
    },
    {
      "object_kind": "var",
      "config_addr": "module.common_resources_staging.module.webapp.module.terraform_state_backend_webapp_msteams.module.dynamodb_table_label.var.label_key_case",
      "status": "pass",
      "objects": [
        {
          "object_addr": "module.common_resources_staging.module.webapp.module.terraform_state_backend_webapp_msteams.module.dynamodb_table_label.var.label_key_case",
          "status": "pass"
        }
      ]
    },
    {
      "object_kind": "var",
      "config_addr": "module.common_resources_staging.module.organization.module.terraform_state_backend_organization_shared.module.this.var.context",
      "status": "pass",
      "objects": [
        {
          "object_addr": "module.common_resources_staging.module.organization.module.terraform_state_backend_organization_shared.module.this.var.context",
          "status": "pass"
        }
      ]
    },
    {
      "object_kind": "var",
      "config_addr": "module.common_resources_staging.module.booking.module.terraform_state_backend_booking_shared.module.dynamodb_table_label.var.label_key_case",
      "status": "pass",
      "objects": [
        {
          "object_addr": "module.common_resources_staging.module.booking.module.terraform_state_backend_booking_shared.module.dynamodb_table_label.var.label_key_case",
          "status": "pass"
        }
      ]
    },
    {
      "object_kind": "var",
      "config_addr": "module.common_resources_staging.module.webapp_spaces.module.terraform_state_backend_webapp_spaces.module.dynamodb_table_label.var.id_length_limit",
      "status": "pass",
      "objects": [
        {
          "object_addr": "module.common_resources_staging.module.webapp_spaces.module.terraform_state_backend_webapp_spaces.module.dynamodb_table_label.var.id_length_limit",
          "status": "pass"
        }
      ]
    },
    {
      "object_kind": "var",
      "config_addr": "module.common_resources_staging.module.booking.module.terraform_state_backend_booking_shared.var.id_length_limit",
      "status": "pass",
      "objects": [
        {
          "object_addr": "module.common_resources_staging.module.booking.module.terraform_state_backend_booking_shared.var.id_length_limit",
          "status": "pass"
        }
      ]
    },
    {
      "object_kind": "var",
      "config_addr": "module.common_resources_staging.module.webapp.module.terraform_state_backend_webapp_shared.var.id_length_limit",
      "status": "pass",
      "objects": [
        {
          "object_addr": "module.common_resources_staging.module.webapp.module.terraform_state_backend_webapp_shared.var.id_length_limit",
          "status": "pass"
        }
      ]
    },
    {
      "object_kind": "var",
      "config_addr": "module.common_resources_staging.module.webapp_spaces.module.terraform_state_backend_webapp_spaces.module.bucket_label.var.label_value_case",
      "status": "pass",
      "objects": [
        {
          "object_addr": "module.common_resources_staging.module.webapp_spaces.module.terraform_state_backend_webapp_spaces.module.bucket_label.var.label_value_case",
          "status": "pass"
        }
      ]
    },
    {
      "object_kind": "var",
      "config_addr": "module.common_resources_staging.module.organization.module.terraform_state_backend_organization_shared.module.bucket_label.var.context",
      "status": "pass",
      "objects": [
        {
          "object_addr": "module.common_resources_staging.module.organization.module.terraform_state_backend_organization_shared.module.bucket_label.var.context",
          "status": "pass"
        }
      ]
    },
    {
      "object_kind": "var",
      "config_addr": "module.common_resources_staging.module.core.module.terraform_state_backend_core_shared.var.context",
      "status": "pass",
      "objects": [
        {
          "object_addr": "module.common_resources_staging.module.core.module.terraform_state_backend_core_shared.var.context",
          "status": "pass"
        }
      ]
    },
    {
      "object_kind": "var",
      "config_addr": "module.common_resources_staging.module.webapp.module.terraform_state_backend_webapp_eventcatalog.module.bucket_label.var.id_length_limit",
      "status": "pass",
      "objects": [
        {
          "object_addr": "module.common_resources_staging.module.webapp.module.terraform_state_backend_webapp_eventcatalog.module.bucket_label.var.id_length_limit",
          "status": "pass"
        }
      ]
    },
    {
      "object_kind": "var",
      "config_addr": "module.common_resources_staging.module.shared.module.terraform_state_backend_shared_azure_entra.module.this.var.label_value_case",
      "status": "pass",
      "objects": [
        {
          "object_addr": "module.common_resources_staging.module.shared.module.terraform_state_backend_shared_azure_entra.module.this.var.label_value_case",
          "status": "pass"
        }
      ]
    },
    {
      "object_kind": "var",
      "config_addr": "module.common_resources_staging.module.organization.module.terraform_state_backend_organization_shared.var.logging",
      "status": "pass",
      "objects": [
        {
          "object_addr": "module.common_resources_staging.module.organization.module.terraform_state_backend_organization_shared.var.logging",
          "status": "pass"
        }
      ]
    },
    {
      "object_kind": "var",
      "config_addr": "module.common_resources_staging.module.customer.module.terraform_state_backend_customer_shared.module.replication_label.var.id_length_limit",
      "status": "pass",
      "objects": [
        {
          "object_addr": "module.common_resources_staging.module.customer.module.terraform_state_backend_customer_shared.module.replication_label.var.id_length_limit",
          "status": "pass"
        }
      ]
    },
    {
      "object_kind": "var",
      "config_addr": "module.common_resources_staging.module.webapp_teams.module.terraform_state_backend_webapp_teams_help.module.dynamodb_table_label.var.id_length_limit",
      "status": "pass",
      "objects": [
        {
          "object_addr": "module.common_resources_staging.module.webapp_teams.module.terraform_state_backend_webapp_teams_help.module.dynamodb_table_label.var.id_length_limit",
          "status": "pass"
        }
      ]
    },
    {
      "object_kind": "var",
      "config_addr": "module.common_resources_staging.module.azure_oneoff.module.terraform_state_backend_azure_oneoff.module.this.var.label_value_case",
      "status": "pass",
      "objects": [
        {
          "object_addr": "module.common_resources_staging.module.azure_oneoff.module.terraform_state_backend_azure_oneoff.module.this.var.label_value_case",
          "status": "pass"
        }
      ]
    },
    {
      "object_kind": "var",
      "config_addr": "module.common_resources_staging.module.shared.module.terraform_state_backend_shared_azure_entra.module.dynamodb_table_label.var.label_value_case",
      "status": "pass",
      "objects": [
        {
          "object_addr": "module.common_resources_staging.module.shared.module.terraform_state_backend_shared_azure_entra.module.dynamodb_table_label.var.label_value_case",
          "status": "pass"
        }
      ]
    },
    {
      "object_kind": "var",
      "config_addr": "module.common_resources_staging.module.webapp_spaces.module.terraform_state_backend_webapp_spaces_help.module.dynamodb_table_label.var.id_length_limit",
      "status": "pass",
      "objects": [
        {
          "object_addr": "module.common_resources_staging.module.webapp_spaces.module.terraform_state_backend_webapp_spaces_help.module.dynamodb_table_label.var.id_length_limit",
          "status": "pass"
        }
      ]
    },
    {
      "object_kind": "var",
      "config_addr": "module.common_resources_staging.module.webapp.module.terraform_state_backend_webapp_eventcatalog.module.dynamodb_table_label.var.label_key_case",
      "status": "pass",
      "objects": [
        {
          "object_addr": "module.common_resources_staging.module.webapp.module.terraform_state_backend_webapp_eventcatalog.module.dynamodb_table_label.var.label_key_case",
          "status": "pass"
        }
      ]
    },
    {
      "object_kind": "var",
      "config_addr": "module.common_resources_staging.module.webapp.module.terraform_state_backend_webapp_msteams.module.replication_label.var.label_key_case",
      "status": "pass",
      "objects": [
        {
          "object_addr": "module.common_resources_staging.module.webapp.module.terraform_state_backend_webapp_msteams.module.replication_label.var.label_key_case",
          "status": "pass"
        }
      ]
    },
    {
      "object_kind": "var",
      "config_addr": "module.common_resources_staging.module.webapp.module.terraform_state_backend_webapp.module.this.var.context",
      "status": "pass",
      "objects": [
        {
          "object_addr": "module.common_resources_staging.module.webapp.module.terraform_state_backend_webapp.module.this.var.context",
          "status": "pass"
        }
      ]
    },
    {
      "object_kind": "var",
      "config_addr": "module.common_resources_staging.module.customer.module.terraform_state_backend_customer_shared.module.bucket_label.var.id_length_limit",
      "status": "pass",
      "objects": [
        {
          "object_addr": "module.common_resources_staging.module.customer.module.terraform_state_backend_customer_shared.module.bucket_label.var.id_length_limit",
          "status": "pass"
        }
      ]
    },
    {
      "object_kind": "var",
      "config_addr": "module.common_resources_staging.module.shared.module.terraform_state_backend_shared.module.dynamodb_table_label.var.context",
      "status": "pass",
      "objects": [
        {
          "object_addr": "module.common_resources_staging.module.shared.module.terraform_state_backend_shared.module.dynamodb_table_label.var.context",
          "status": "pass"
        }
      ]
    },
    {
      "object_kind": "var",
      "config_addr": "module.common_resources_staging.module.webapp_teams.module.terraform_state_backend_webapp_teams_help.module.dynamodb_table_label.var.label_value_case",
      "status": "pass",
      "objects": [
        {
          "object_addr": "module.common_resources_staging.module.webapp_teams.module.terraform_state_backend_webapp_teams_help.module.dynamodb_table_label.var.label_value_case",
          "status": "pass"
        }
      ]
    },
    {
      "object_kind": "var",
      "config_addr": "module.common_resources_staging.module.msteams.module.terraform_state_backend_msteams_shared.module.dynamodb_table_label.var.label_value_case",
      "status": "pass",
      "objects": [
        {
          "object_addr": "module.common_resources_staging.module.msteams.module.terraform_state_backend_msteams_shared.module.dynamodb_table_label.var.label_value_case",
          "status": "pass"
        }
      ]
    },
    {
      "object_kind": "var",
      "config_addr": "module.common_resources_staging.module.msteams.module.terraform_state_backend_msteams_shared.module.bucket_label.var.id_length_limit",
      "status": "pass",
      "objects": [
        {
          "object_addr": "module.common_resources_staging.module.msteams.module.terraform_state_backend_msteams_shared.module.bucket_label.var.id_length_limit",
          "status": "pass"
        }
      ]
    },
    {
      "object_kind": "var",
      "config_addr": "module.common_resources_staging.module.webapp.module.terraform_state_backend_webapp.module.this.var.label_key_case",
      "status": "pass",
      "objects": [
        {
          "object_addr": "module.common_resources_staging.module.webapp.module.terraform_state_backend_webapp.module.this.var.label_key_case",
          "status": "pass"
        }
      ]
    },
    {
      "object_kind": "var",
      "config_addr": "module.common_resources_staging.module.booking.module.terraform_state_backend_booking_shared.var.logging",
      "status": "pass",
      "objects": [
        {
          "object_addr": "module.common_resources_staging.module.booking.module.terraform_state_backend_booking_shared.var.logging",
          "status": "pass"
        }
      ]
    },
    {
      "object_kind": "var",
      "config_addr": "module.common_resources_staging.module.booking.module.terraform_state_backend_booking_shared.module.replication_label.var.context",
      "status": "pass",
      "objects": [
        {
          "object_addr": "module.common_resources_staging.module.booking.module.terraform_state_backend_booking_shared.module.replication_label.var.context",
          "status": "pass"
        }
      ]
    },
    {
      "object_kind": "var",
      "config_addr": "module.common_resources_staging.module.webapp_teams.module.terraform_state_backend_webapp_teams.var.label_key_case",
      "status": "pass",
      "objects": [
        {
          "object_addr": "module.common_resources_staging.module.webapp_teams.module.terraform_state_backend_webapp_teams.var.label_key_case",
          "status": "pass"
        }
      ]
    },
    {
      "object_kind": "var",
      "config_addr": "module.common_resources_staging.module.core.module.terraform_state_backend_core_shared.module.bucket_label.var.context",
      "status": "pass",
      "objects": [
        {
          "object_addr": "module.common_resources_staging.module.core.module.terraform_state_backend_core_shared.module.bucket_label.var.context",
          "status": "pass"
        }
      ]
    },
    {
      "object_kind": "var",
      "config_addr": "module.common_resources_staging.module.webapp.module.terraform_state_backend_webapp_msteams.module.this.var.context",
      "status": "pass",
      "objects": [
        {
          "object_addr": "module.common_resources_staging.module.webapp.module.terraform_state_backend_webapp_msteams.module.this.var.context",
          "status": "pass"
        }
      ]
    },
    {
      "object_kind": "var",
      "config_addr": "module.common_resources_staging.module.webapp_teams.module.terraform_state_backend_webapp_teams.module.this.var.label_key_case",
      "status": "pass",
      "objects": [
        {
          "object_addr": "module.common_resources_staging.module.webapp_teams.module.terraform_state_backend_webapp_teams.module.this.var.label_key_case",
          "status": "pass"
        }
      ]
    },
    {
      "object_kind": "var",
      "config_addr": "module.common_resources_staging.module.aws_oneoff.module.terraform_state_backend_aws_oneoff.module.this.var.label_key_case",
      "status": "pass",
      "objects": [
        {
          "object_addr": "module.common_resources_staging.module.aws_oneoff.module.terraform_state_backend_aws_oneoff.module.this.var.label_key_case",
          "status": "pass"
        }
      ]
    },
    {
      "object_kind": "var",
      "config_addr": "module.common_resources_staging.module.aws_oneoff.module.terraform_state_backend_aws_oneoff.var.context",
      "status": "pass",
      "objects": [
        {
          "object_addr": "module.common_resources_staging.module.aws_oneoff.module.terraform_state_backend_aws_oneoff.var.context",
          "status": "pass"
        }
      ]
    },
    {
      "object_kind": "var",
      "config_addr": "module.common_resources_staging.module.webapp.module.terraform_state_backend_webapp.var.s3_bucket_name",
      "status": "pass",
      "objects": [
        {
          "object_addr": "module.common_resources_staging.module.webapp.module.terraform_state_backend_webapp.var.s3_bucket_name",
          "status": "pass"
        }
      ]
    },
    {
      "object_kind": "var",
      "config_addr": "module.common_resources_staging.module.webapp.module.terraform_state_backend_webapp_help.module.bucket_label.var.context",
      "status": "pass",
      "objects": [
        {
          "object_addr": "module.common_resources_staging.module.webapp.module.terraform_state_backend_webapp_help.module.bucket_label.var.context",
          "status": "pass"
        }
      ]
    },
    {
      "object_kind": "var",
      "config_addr": "module.common_resources_staging.module.azure_oneoff.module.terraform_state_backend_azure_oneoff.module.dynamodb_table_label.var.label_key_case",
      "status": "pass",
      "objects": [
        {
          "object_addr": "module.common_resources_staging.module.azure_oneoff.module.terraform_state_backend_azure_oneoff.module.dynamodb_table_label.var.label_key_case",
          "status": "pass"
        }
      ]
    },
    {
      "object_kind": "var",
      "config_addr": "module.common_resources_staging.module.booking.module.terraform_state_backend_booking_shared.var.s3_bucket_name",
      "status": "pass",
      "objects": [
        {
          "object_addr": "module.common_resources_staging.module.booking.module.terraform_state_backend_booking_shared.var.s3_bucket_name",
          "status": "pass"
        }
      ]
    },
    {
      "object_kind": "var",
      "config_addr": "module.common_resources_staging.module.customer.module.terraform_state_backend_customer_shared.var.context",
      "status": "pass",
      "objects": [
        {
          "object_addr": "module.common_resources_staging.module.customer.module.terraform_state_backend_customer_shared.var.context",
          "status": "pass"
        }
      ]
    },
    {
      "object_kind": "var",
      "config_addr": "module.common_resources_staging.module.team.module.terraform_state_backend_team_shared.module.replication_label.var.label_key_case",
      "status": "pass",
      "objects": [
        {
          "object_addr": "module.common_resources_staging.module.team.module.terraform_state_backend_team_shared.module.replication_label.var.label_key_case",
          "status": "pass"
        }
      ]
    },
    {
      "object_kind": "var",
      "config_addr": "module.common_resources_staging.module.gcp_oneoff.module.terraform_state_backend_gcp_oneoff.module.replication_label.var.context",
      "status": "pass",
      "objects": [
        {
          "object_addr": "module.common_resources_staging.module.gcp_oneoff.module.terraform_state_backend_gcp_oneoff.module.replication_label.var.context",
          "status": "pass"
        }
      ]
    },
    {
      "object_kind": "var",
      "config_addr": "module.common_resources_staging.module.webapp.module.terraform_state_backend_webapp.module.bucket_label.var.label_value_case",
      "status": "pass",
      "objects": [
        {
          "object_addr": "module.common_resources_staging.module.webapp.module.terraform_state_backend_webapp.module.bucket_label.var.label_value_case",
          "status": "pass"
        }
      ]
    },
    {
      "object_kind": "var",
      "config_addr": "module.common_resources_staging.module.webapp.module.terraform_state_backend_webapp_msteams.module.bucket_label.var.label_value_case",
      "status": "pass",
      "objects": [
        {
          "object_addr": "module.common_resources_staging.module.webapp.module.terraform_state_backend_webapp_msteams.module.bucket_label.var.label_value_case",
          "status": "pass"
        }
      ]
    },
    {
      "object_kind": "var",
      "config_addr": "module.common_resources_staging.module.shared.module.terraform_state_backend_shared.var.id_length_limit",
      "status": "pass",
      "objects": [
        {
          "object_addr": "module.common_resources_staging.module.shared.module.terraform_state_backend_shared.var.id_length_limit",
          "status": "pass"
        }
      ]
    },
    {
      "object_kind": "var",
      "config_addr": "module.common_resources_staging.module.webapp.module.terraform_state_backend_webapp_help.module.this.var.context",
      "status": "pass",
      "objects": [
        {
          "object_addr": "module.common_resources_staging.module.webapp.module.terraform_state_backend_webapp_help.module.this.var.context",
          "status": "pass"
        }
      ]
    },
    {
      "object_kind": "var",
      "config_addr": "module.common_resources_staging.module.webapp.module.terraform_state_backend_webapp_help.module.bucket_label.var.label_key_case",
      "status": "pass",
      "objects": [
        {
          "object_addr": "module.common_resources_staging.module.webapp.module.terraform_state_backend_webapp_help.module.bucket_label.var.label_key_case",
          "status": "pass"
        }
      ]
    },
    {
      "object_kind": "var",
      "config_addr": "module.common_resources_staging.module.location.module.terraform_state_backend_location_shared.module.dynamodb_table_label.var.id_length_limit",
      "status": "pass",
      "objects": [
        {
          "object_addr": "module.common_resources_staging.module.location.module.terraform_state_backend_location_shared.module.dynamodb_table_label.var.id_length_limit",
          "status": "pass"
        }
      ]
    },
    {
      "object_kind": "var",
      "config_addr": "module.common_resources_staging.module.azure_oneoff.module.terraform_state_backend_azure_oneoff.module.replication_label.var.id_length_limit",
      "status": "pass",
      "objects": [
        {
          "object_addr": "module.common_resources_staging.module.azure_oneoff.module.terraform_state_backend_azure_oneoff.module.replication_label.var.id_length_limit",
          "status": "pass"
        }
      ]
    },
    {
      "object_kind": "var",
      "config_addr": "module.common_resources_staging.module.webapp_spaces.module.terraform_state_backend_webapp_spaces_help.var.id_length_limit",
      "status": "pass",
      "objects": [
        {
          "object_addr": "module.common_resources_staging.module.webapp_spaces.module.terraform_state_backend_webapp_spaces_help.var.id_length_limit",
          "status": "pass"
        }
      ]
    },
    {
      "object_kind": "var",
      "config_addr": "module.common_resources_staging.module.booking.module.terraform_state_backend_booking_shared.module.this.var.label_key_case",
      "status": "pass",
      "objects": [
        {
          "object_addr": "module.common_resources_staging.module.booking.module.terraform_state_backend_booking_shared.module.this.var.label_key_case",
          "status": "pass"
        }
      ]
    },
    {
      "object_kind": "var",
      "config_addr": "module.common_resources_staging.module.msteams.module.terraform_state_backend_msteams_shared.module.replication_label.var.label_value_case",
      "status": "pass",
      "objects": [
        {
          "object_addr": "module.common_resources_staging.module.msteams.module.terraform_state_backend_msteams_shared.module.replication_label.var.label_value_case",
          "status": "pass"
        }
      ]
    },
    {
      "object_kind": "var",
      "config_addr": "module.common_resources_staging.module.webapp.module.terraform_state_backend_webapp_eventcatalog.module.this.var.label_value_case",
      "status": "pass",
      "objects": [
        {
          "object_addr": "module.common_resources_staging.module.webapp.module.terraform_state_backend_webapp_eventcatalog.module.this.var.label_value_case",
          "status": "pass"
        }
      ]
    },
    {
      "object_kind": "var",
      "config_addr": "module.common_resources_staging.module.webapp_teams.module.terraform_state_backend_webapp_teams.module.this.var.label_value_case",
      "status": "pass",
      "objects": [
        {
          "object_addr": "module.common_resources_staging.module.webapp_teams.module.terraform_state_backend_webapp_teams.module.this.var.label_value_case",
          "status": "pass"
        }
      ]
    },
    {
      "object_kind": "var",
      "config_addr": "module.common_resources_staging.module.azure_oneoff.module.terraform_state_backend_azure_oneoff.module.this.var.label_key_case",
      "status": "pass",
      "objects": [
        {
          "object_addr": "module.common_resources_staging.module.azure_oneoff.module.terraform_state_backend_azure_oneoff.module.this.var.label_key_case",
          "status": "pass"
        }
      ]
    },
    {
      "object_kind": "var",
      "config_addr": "module.common_resources_staging.module.gcp_oneoff.module.terraform_state_backend_gcp_oneoff.module.this.var.label_key_case",
      "status": "pass",
      "objects": [
        {
          "object_addr": "module.common_resources_staging.module.gcp_oneoff.module.terraform_state_backend_gcp_oneoff.module.this.var.label_key_case",
          "status": "pass"
        }
      ]
    },
    {
      "object_kind": "var",
      "config_addr": "module.common_resources_staging.module.team.module.terraform_state_backend_team_shared.var.s3_bucket_name",
      "status": "pass",
      "objects": [
        {
          "object_addr": "module.common_resources_staging.module.team.module.terraform_state_backend_team_shared.var.s3_bucket_name",
          "status": "pass"
        }
      ]
    },
    {
      "object_kind": "var",
      "config_addr": "module.common_resources_staging.module.shared.module.terraform_state_backend_shared_azure_entra.module.this.var.context",
      "status": "pass",
      "objects": [
        {
          "object_addr": "module.common_resources_staging.module.shared.module.terraform_state_backend_shared_azure_entra.module.this.var.context",
          "status": "pass"
        }
      ]
    },
    {
      "object_kind": "var",
      "config_addr": "module.common_resources_staging.module.aws_oneoff.module.terraform_state_backend_aws_oneoff.module.replication_label.var.label_key_case",
      "status": "pass",
      "objects": [
        {
          "object_addr": "module.common_resources_staging.module.aws_oneoff.module.terraform_state_backend_aws_oneoff.module.replication_label.var.label_key_case",
          "status": "pass"
        }
      ]
    },
    {
      "object_kind": "var",
      "config_addr": "module.common_resources_staging.module.webapp.module.terraform_state_backend_webapp_eventcatalog.module.replication_label.var.label_key_case",
      "status": "pass",
      "objects": [
        {
          "object_addr": "module.common_resources_staging.module.webapp.module.terraform_state_backend_webapp_eventcatalog.module.replication_label.var.label_key_case",
          "status": "pass"
        }
      ]
    },
    {
      "object_kind": "var",
      "config_addr": "module.common_resources_staging.module.webapp.module.terraform_state_backend_webapp_msteams.var.context",
      "status": "pass",
      "objects": [
        {
          "object_addr": "module.common_resources_staging.module.webapp.module.terraform_state_backend_webapp_msteams.var.context",
          "status": "pass"
        }
      ]
    },
    {
      "object_kind": "var",
      "config_addr": "module.common_resources_staging.module.webapp_teams.module.terraform_state_backend_webapp_teams.var.s3_bucket_name",
      "status": "pass",
      "objects": [
        {
          "object_addr": "module.common_resources_staging.module.webapp_teams.module.terraform_state_backend_webapp_teams.var.s3_bucket_name",
          "status": "pass"
        }
      ]
    },
    {
      "object_kind": "var",
      "config_addr": "module.common_resources_staging.module.webapp.module.terraform_state_backend_webapp_help.module.dynamodb_table_label.var.label_value_case",
      "status": "pass",
      "objects": [
        {
          "object_addr": "module.common_resources_staging.module.webapp.module.terraform_state_backend_webapp_help.module.dynamodb_table_label.var.label_value_case",
          "status": "pass"
        }
      ]
    },
    {
      "object_kind": "var",
      "config_addr": "module.common_resources_staging.module.webapp.module.terraform_state_backend_webapp.module.replication_label.var.context",
      "status": "pass",
      "objects": [
        {
          "object_addr": "module.common_resources_staging.module.webapp.module.terraform_state_backend_webapp.module.replication_label.var.context",
          "status": "pass"
        }
      ]
    },
    {
      "object_kind": "var",
      "config_addr": "module.common_resources_staging.module.customer.module.terraform_state_backend_customer_shared.module.this.var.label_key_case",
      "status": "pass",
      "objects": [
        {
          "object_addr": "module.common_resources_staging.module.customer.module.terraform_state_backend_customer_shared.module.this.var.label_key_case",
          "status": "pass"
        }
      ]
    },
    {
      "object_kind": "var",
      "config_addr": "module.common_resources_staging.module.marketplace.module.terraform_state_backend_marketplace_shared.var.logging",
      "status": "pass",
      "objects": [
        {
          "object_addr": "module.common_resources_staging.module.marketplace.module.terraform_state_backend_marketplace_shared.var.logging",
          "status": "pass"
        }
      ]
    },
    {
      "object_kind": "var",
      "config_addr": "module.common_resources_staging.module.azure_oneoff.module.terraform_state_backend_azure_oneoff.module.bucket_label.var.label_value_case",
      "status": "pass",
      "objects": [
        {
          "object_addr": "module.common_resources_staging.module.azure_oneoff.module.terraform_state_backend_azure_oneoff.module.bucket_label.var.label_value_case",
          "status": "pass"
        }
      ]
    },
    {
      "object_kind": "var",
      "config_addr": "module.common_resources_staging.module.organization.module.terraform_state_backend_organization_shared.module.dynamodb_table_label.var.context",
      "status": "pass",
      "objects": [
        {
          "object_addr": "module.common_resources_staging.module.organization.module.terraform_state_backend_organization_shared.module.dynamodb_table_label.var.context",
          "status": "pass"
        }
      ]
    },
    {
      "object_kind": "var",
      "config_addr": "module.common_resources_staging.module.marketplace.module.terraform_state_backend_marketplace_shared.module.dynamodb_table_label.var.label_key_case",
      "status": "pass",
      "objects": [
        {
          "object_addr": "module.common_resources_staging.module.marketplace.module.terraform_state_backend_marketplace_shared.module.dynamodb_table_label.var.label_key_case",
          "status": "pass"
        }
      ]
    },
    {
      "object_kind": "var",
      "config_addr": "module.common_resources_staging.module.webapp.module.terraform_state_backend_webapp_eventcatalog.module.this.var.id_length_limit",
      "status": "pass",
      "objects": [
        {
          "object_addr": "module.common_resources_staging.module.webapp.module.terraform_state_backend_webapp_eventcatalog.module.this.var.id_length_limit",
          "status": "pass"
        }
      ]
    },
    {
      "object_kind": "var",
      "config_addr": "module.common_resources_staging.module.webapp.module.terraform_state_backend_webapp_eventcatalog.var.label_value_case",
      "status": "pass",
      "objects": [
        {
          "object_addr": "module.common_resources_staging.module.webapp.module.terraform_state_backend_webapp_eventcatalog.var.label_value_case",
          "status": "pass"
        }
      ]
    },
    {
      "object_kind": "var",
      "config_addr": "module.common_resources_staging.module.webapp.module.terraform_state_backend_webapp_shared.module.this.var.label_key_case",
      "status": "pass",
      "objects": [
        {
          "object_addr": "module.common_resources_staging.module.webapp.module.terraform_state_backend_webapp_shared.module.this.var.label_key_case",
          "status": "pass"
        }
      ]
    },
    {
      "object_kind": "var",
      "config_addr": "module.common_resources_staging.module.gcp_oneoff.module.terraform_state_backend_gcp_oneoff.var.id_length_limit",
      "status": "pass",
      "objects": [
        {
          "object_addr": "module.common_resources_staging.module.gcp_oneoff.module.terraform_state_backend_gcp_oneoff.var.id_length_limit",
          "status": "pass"
        }
      ]
    },
    {
      "object_kind": "var",
      "config_addr": "module.common_resources_staging.module.aws_oneoff.module.terraform_state_backend_aws_oneoff.var.label_key_case",
      "status": "pass",
      "objects": [
        {
          "object_addr": "module.common_resources_staging.module.aws_oneoff.module.terraform_state_backend_aws_oneoff.var.label_key_case",
          "status": "pass"
        }
      ]
    },
    {
      "object_kind": "var",
      "config_addr": "module.common_resources_staging.module.webapp_teams.module.terraform_state_backend_webapp_teams_help.module.replication_label.var.label_key_case",
      "status": "pass",
      "objects": [
        {
          "object_addr": "module.common_resources_staging.module.webapp_teams.module.terraform_state_backend_webapp_teams_help.module.replication_label.var.label_key_case",
          "status": "pass"
        }
      ]
    },
    {
      "object_kind": "var",
      "config_addr": "module.common_resources_staging.module.slack.module.terraform_state_backend_slack_shared.module.bucket_label.var.label_key_case",
      "status": "pass",
      "objects": [
        {
          "object_addr": "module.common_resources_staging.module.slack.module.terraform_state_backend_slack_shared.module.bucket_label.var.label_key_case",
          "status": "pass"
        }
      ]
    },
    {
      "object_kind": "var",
      "config_addr": "module.common_resources_staging.module.webapp.module.terraform_state_backend_webapp_help.module.replication_label.var.context",
      "status": "pass",
      "objects": [
        {
          "object_addr": "module.common_resources_staging.module.webapp.module.terraform_state_backend_webapp_help.module.replication_label.var.context",
          "status": "pass"
        }
      ]
    },
    {
      "object_kind": "var",
      "config_addr": "module.common_resources_staging.module.shared.module.terraform_state_backend_shared_azure_entra.module.bucket_label.var.label_value_case",
      "status": "pass",
      "objects": [
        {
          "object_addr": "module.common_resources_staging.module.shared.module.terraform_state_backend_shared_azure_entra.module.bucket_label.var.label_value_case",
          "status": "pass"
        }
      ]
    },
    {
      "object_kind": "var",
      "config_addr": "module.common_resources_staging.module.core.module.terraform_state_backend_core_shared.module.dynamodb_table_label.var.context",
      "status": "pass",
      "objects": [
        {
          "object_addr": "module.common_resources_staging.module.core.module.terraform_state_backend_core_shared.module.dynamodb_table_label.var.context",
          "status": "pass"
        }
      ]
    },
    {
      "object_kind": "var",
      "config_addr": "module.common_resources_staging.module.marketplace.module.terraform_state_backend_marketplace_shared.module.bucket_label.var.context",
      "status": "pass",
      "objects": [
        {
          "object_addr": "module.common_resources_staging.module.marketplace.module.terraform_state_backend_marketplace_shared.module.bucket_label.var.context",
          "status": "pass"
        }
      ]
    },
    {
      "object_kind": "var",
      "config_addr": "module.common_resources_staging.module.webapp.module.terraform_state_backend_webapp.var.logging",
      "status": "pass",
      "objects": [
        {
          "object_addr": "module.common_resources_staging.module.webapp.module.terraform_state_backend_webapp.var.logging",
          "status": "pass"
        }
      ]
    },
    {
      "object_kind": "var",
      "config_addr": "module.common_resources_staging.module.webapp_teams.module.terraform_state_backend_webapp_teams_help.module.replication_label.var.id_length_limit",
      "status": "pass",
      "objects": [
        {
          "object_addr": "module.common_resources_staging.module.webapp_teams.module.terraform_state_backend_webapp_teams_help.module.replication_label.var.id_length_limit",
          "status": "pass"
        }
      ]
    },
    {
      "object_kind": "var",
      "config_addr": "module.common_resources_staging.module.aws_oneoff.module.terraform_state_backend_aws_oneoff.module.replication_label.var.label_value_case",
      "status": "pass",
      "objects": [
        {
          "object_addr": "module.common_resources_staging.module.aws_oneoff.module.terraform_state_backend_aws_oneoff.module.replication_label.var.label_value_case",
          "status": "pass"
        }
      ]
    },
    {
      "object_kind": "var",
      "config_addr": "module.common_resources_staging.module.webapp.module.terraform_state_backend_webapp_shared.module.bucket_label.var.id_length_limit",
      "status": "pass",
      "objects": [
        {
          "object_addr": "module.common_resources_staging.module.webapp.module.terraform_state_backend_webapp_shared.module.bucket_label.var.id_length_limit",
          "status": "pass"
        }
      ]
    },
    {
      "object_kind": "var",
      "config_addr": "module.common_resources_staging.module.team.module.terraform_state_backend_team_shared.module.replication_label.var.context",
      "status": "pass",
      "objects": [
        {
          "object_addr": "module.common_resources_staging.module.team.module.terraform_state_backend_team_shared.module.replication_label.var.context",
          "status": "pass"
        }
      ]
    },
    {
      "object_kind": "var",
      "config_addr": "module.common_resources_staging.module.msteams.module.terraform_state_backend_msteams_shared.var.label_key_case",
      "status": "pass",
      "objects": [
        {
          "object_addr": "module.common_resources_staging.module.msteams.module.terraform_state_backend_msteams_shared.var.label_key_case",
          "status": "pass"
        }
      ]
    },
    {
      "object_kind": "var",
      "config_addr": "module.common_resources_staging.module.shared.module.terraform_state_backend_shared.var.context",
      "status": "pass",
      "objects": [
        {
          "object_addr": "module.common_resources_staging.module.shared.module.terraform_state_backend_shared.var.context",
          "status": "pass"
        }
      ]
    },
    {
      "object_kind": "var",
      "config_addr": "module.common_resources_staging.module.location.module.terraform_state_backend_location_shared.var.id_length_limit",
      "status": "pass",
      "objects": [
        {
          "object_addr": "module.common_resources_staging.module.location.module.terraform_state_backend_location_shared.var.id_length_limit",
          "status": "pass"
        }
      ]
    },
    {
      "object_kind": "var",
      "config_addr": "module.common_resources_staging.module.webapp.module.terraform_state_backend_webapp_msteams.module.dynamodb_table_label.var.label_value_case",
      "status": "pass",
      "objects": [
        {
          "object_addr": "module.common_resources_staging.module.webapp.module.terraform_state_backend_webapp_msteams.module.dynamodb_table_label.var.label_value_case",
          "status": "pass"
        }
      ]
    },
    {
      "object_kind": "var",
      "config_addr": "module.common_resources_staging.module.booking.module.terraform_state_backend_booking_shared.module.bucket_label.var.label_value_case",
      "status": "pass",
      "objects": [
        {
          "object_addr": "module.common_resources_staging.module.booking.module.terraform_state_backend_booking_shared.module.bucket_label.var.label_value_case",
          "status": "pass"
        }
      ]
    },
    {
      "object_kind": "var",
      "config_addr": "module.common_resources_staging.module.location.module.terraform_state_backend_location_shared.module.this.var.label_value_case",
      "status": "pass",
      "objects": [
        {
          "object_addr": "module.common_resources_staging.module.location.module.terraform_state_backend_location_shared.module.this.var.label_value_case",
          "status": "pass"
        }
      ]
    },
    {
      "object_kind": "var",
      "config_addr": "module.common_resources_staging.module.webapp.module.terraform_state_backend_webapp_eventcatalog.var.logging",
      "status": "pass",
      "objects": [
        {
          "object_addr": "module.common_resources_staging.module.webapp.module.terraform_state_backend_webapp_eventcatalog.var.logging",
          "status": "pass"
        }
      ]
    },
    {
      "object_kind": "var",
      "config_addr": "module.common_resources_staging.module.webapp.module.terraform_state_backend_webapp_msteams.module.dynamodb_table_label.var.context",
      "status": "pass",
      "objects": [
        {
          "object_addr": "module.common_resources_staging.module.webapp.module.terraform_state_backend_webapp_msteams.module.dynamodb_table_label.var.context",
          "status": "pass"
        }
      ]
    },
    {
      "object_kind": "var",
      "config_addr": "module.common_resources_staging.module.azure_oneoff.module.terraform_state_backend_azure_oneoff.module.dynamodb_table_label.var.id_length_limit",
      "status": "pass",
      "objects": [
        {
          "object_addr": "module.common_resources_staging.module.azure_oneoff.module.terraform_state_backend_azure_oneoff.module.dynamodb_table_label.var.id_length_limit",
          "status": "pass"
        }
      ]
    },
    {
      "object_kind": "var",
      "config_addr": "module.common_resources_staging.module.shared.module.terraform_state_backend_shared_azure_entra.var.context",
      "status": "pass",
      "objects": [
        {
          "object_addr": "module.common_resources_staging.module.shared.module.terraform_state_backend_shared_azure_entra.var.context",
          "status": "pass"
        }
      ]
    },
    {
      "object_kind": "var",
      "config_addr": "module.common_resources_staging.module.organization.module.terraform_state_backend_organization_shared.module.replication_label.var.id_length_limit",
      "status": "pass",
      "objects": [
        {
          "object_addr": "module.common_resources_staging.module.organization.module.terraform_state_backend_organization_shared.module.replication_label.var.id_length_limit",
          "status": "pass"
        }
      ]
    },
    {
      "object_kind": "var",
      "config_addr": "module.common_resources_staging.module.booking.module.terraform_state_backend_booking_shared.var.label_key_case",
      "status": "pass",
      "objects": [
        {
          "object_addr": "module.common_resources_staging.module.booking.module.terraform_state_backend_booking_shared.var.label_key_case",
          "status": "pass"
        }
      ]
    },
    {
      "object_kind": "var",
      "config_addr": "module.common_resources_staging.module.booking.module.terraform_state_backend_booking_shared.module.replication_label.var.label_key_case",
      "status": "pass",
      "objects": [
        {
          "object_addr": "module.common_resources_staging.module.booking.module.terraform_state_backend_booking_shared.module.replication_label.var.label_key_case",
          "status": "pass"
        }
      ]
    },
    {
      "object_kind": "var",
      "config_addr": "module.common_resources_staging.module.marketplace.module.terraform_state_backend_marketplace_shared.var.id_length_limit",
      "status": "pass",
      "objects": [
        {
          "object_addr": "module.common_resources_staging.module.marketplace.module.terraform_state_backend_marketplace_shared.var.id_length_limit",
          "status": "pass"
        }
      ]
    },
    {
      "object_kind": "var",
      "config_addr": "module.common_resources_staging.module.customer.module.terraform_state_backend_customer_shared.module.dynamodb_table_label.var.context",
      "status": "pass",
      "objects": [
        {
          "object_addr": "module.common_resources_staging.module.customer.module.terraform_state_backend_customer_shared.module.dynamodb_table_label.var.context",
          "status": "pass"
        }
      ]
    },
    {
      "object_kind": "var",
      "config_addr": "module.common_resources_staging.module.core.module.terraform_state_backend_core_shared.module.this.var.label_value_case",
      "status": "pass",
      "objects": [
        {
          "object_addr": "module.common_resources_staging.module.core.module.terraform_state_backend_core_shared.module.this.var.label_value_case",
          "status": "pass"
        }
      ]
    },
    {
      "object_kind": "var",
      "config_addr": "module.common_resources_staging.module.aws_oneoff.module.terraform_state_backend_aws_oneoff.module.replication_label.var.context",
      "status": "pass",
      "objects": [
        {
          "object_addr": "module.common_resources_staging.module.aws_oneoff.module.terraform_state_backend_aws_oneoff.module.replication_label.var.context",
          "status": "pass"
        }
      ]
    },
    {
      "object_kind": "var",
      "config_addr": "module.common_resources_staging.module.shared.module.terraform_state_backend_shared_azure_entra.var.s3_bucket_name",
      "status": "pass",
      "objects": [
        {
          "object_addr": "module.common_resources_staging.module.shared.module.terraform_state_backend_shared_azure_entra.var.s3_bucket_name",
          "status": "pass"
        }
      ]
    },
    {
      "object_kind": "var",
      "config_addr": "module.common_resources_staging.module.booking.module.terraform_state_backend_booking_shared.var.label_value_case",
      "status": "pass",
      "objects": [
        {
          "object_addr": "module.common_resources_staging.module.booking.module.terraform_state_backend_booking_shared.var.label_value_case",
          "status": "pass"
        }
      ]
    },
    {
      "object_kind": "var",
      "config_addr": "module.common_resources_staging.module.webapp_spaces.module.terraform_state_backend_webapp_spaces.module.this.var.label_key_case",
      "status": "pass",
      "objects": [
        {
          "object_addr": "module.common_resources_staging.module.webapp_spaces.module.terraform_state_backend_webapp_spaces.module.this.var.label_key_case",
          "status": "pass"
        }
      ]
    },
    {
      "object_kind": "var",
      "config_addr": "module.common_resources_staging.module.location.module.terraform_state_backend_location_shared.module.bucket_label.var.label_value_case",
      "status": "pass",
      "objects": [
        {
          "object_addr": "module.common_resources_staging.module.location.module.terraform_state_backend_location_shared.module.bucket_label.var.label_value_case",
          "status": "pass"
        }
      ]
    },
    {
      "object_kind": "var",
      "config_addr": "module.common_resources_staging.module.customer.module.terraform_state_backend_customer_shared.var.logging",
      "status": "pass",
      "objects": [
        {
          "object_addr": "module.common_resources_staging.module.customer.module.terraform_state_backend_customer_shared.var.logging",
          "status": "pass"
        }
      ]
    },
    {
      "object_kind": "var",
      "config_addr": "module.common_resources_staging.module.webapp_teams.module.terraform_state_backend_webapp_teams.module.replication_label.var.label_value_case",
      "status": "pass",
      "objects": [
        {
          "object_addr": "module.common_resources_staging.module.webapp_teams.module.terraform_state_backend_webapp_teams.module.replication_label.var.label_value_case",
          "status": "pass"
        }
      ]
    },
    {
      "object_kind": "var",
      "config_addr": "module.common_resources_staging.module.team.module.terraform_state_backend_team_shared.module.replication_label.var.label_value_case",
      "status": "pass",
      "objects": [
        {
          "object_addr": "module.common_resources_staging.module.team.module.terraform_state_backend_team_shared.module.replication_label.var.label_value_case",
          "status": "pass"
        }
      ]
    },
    {
      "object_kind": "var",
      "config_addr": "module.common_resources_staging.module.core.module.terraform_state_backend_core_shared.module.replication_label.var.id_length_limit",
      "status": "pass",
      "objects": [
        {
          "object_addr": "module.common_resources_staging.module.core.module.terraform_state_backend_core_shared.module.replication_label.var.id_length_limit",
          "status": "pass"
        }
      ]
    },
    {
      "object_kind": "var",
      "config_addr": "module.common_resources_staging.module.booking.module.terraform_state_backend_booking_shared.module.this.var.label_value_case",
      "status": "pass",
      "objects": [
        {
          "object_addr": "module.common_resources_staging.module.booking.module.terraform_state_backend_booking_shared.module.this.var.label_value_case",
          "status": "pass"
        }
      ]
    },
    {
      "object_kind": "var",
      "config_addr": "module.common_resources_staging.module.marketplace.module.terraform_state_backend_marketplace_shared.var.s3_bucket_name",
      "status": "pass",
      "objects": [
        {
          "object_addr": "module.common_resources_staging.module.marketplace.module.terraform_state_backend_marketplace_shared.var.s3_bucket_name",
          "status": "pass"
        }
      ]
    },
    {
      "object_kind": "var",
      "config_addr": "module.common_resources_staging.module.team.module.terraform_state_backend_team_shared.module.dynamodb_table_label.var.label_key_case",
      "status": "pass",
      "objects": [
        {
          "object_addr": "module.common_resources_staging.module.team.module.terraform_state_backend_team_shared.module.dynamodb_table_label.var.label_key_case",
          "status": "pass"
        }
      ]
    },
    {
      "object_kind": "var",
      "config_addr": "module.common_resources_staging.module.shared.module.terraform_state_backend_shared_azure_entra.module.dynamodb_table_label.var.context",
      "status": "pass",
      "objects": [
        {
          "object_addr": "module.common_resources_staging.module.shared.module.terraform_state_backend_shared_azure_entra.module.dynamodb_table_label.var.context",
          "status": "pass"
        }
      ]
    },
    {
      "object_kind": "var",
      "config_addr": "module.common_resources_staging.module.aws_oneoff.module.terraform_state_backend_aws_oneoff.var.id_length_limit",
      "status": "pass",
      "objects": [
        {
          "object_addr": "module.common_resources_staging.module.aws_oneoff.module.terraform_state_backend_aws_oneoff.var.id_length_limit",
          "status": "pass"
        }
      ]
    },
    {
      "object_kind": "var",
      "config_addr": "module.common_resources_staging.module.webapp.module.terraform_state_backend_webapp.var.context",
      "status": "pass",
      "objects": [
        {
          "object_addr": "module.common_resources_staging.module.webapp.module.terraform_state_backend_webapp.var.context",
          "status": "pass"
        }
      ]
    },
    {
      "object_kind": "var",
      "config_addr": "module.common_resources_staging.module.webapp_spaces.module.terraform_state_backend_webapp_spaces.var.id_length_limit",
      "status": "pass",
      "objects": [
        {
          "object_addr": "module.common_resources_staging.module.webapp_spaces.module.terraform_state_backend_webapp_spaces.var.id_length_limit",
          "status": "pass"
        }
      ]
    },
    {
      "object_kind": "var",
      "config_addr": "module.common_resources_staging.module.webapp.module.terraform_state_backend_webapp_msteams.var.id_length_limit",
      "status": "pass",
      "objects": [
        {
          "object_addr": "module.common_resources_staging.module.webapp.module.terraform_state_backend_webapp_msteams.var.id_length_limit",
          "status": "pass"
        }
      ]
    },
    {
      "object_kind": "var",
      "config_addr": "module.common_resources_staging.module.core.module.terraform_state_backend_core_shared.var.label_key_case",
      "status": "pass",
      "objects": [
        {
          "object_addr": "module.common_resources_staging.module.core.module.terraform_state_backend_core_shared.var.label_key_case",
          "status": "pass"
        }
      ]
    },
    {
      "object_kind": "var",
      "config_addr": "module.common_resources_staging.module.webapp_teams.module.terraform_state_backend_webapp_teams.var.context",
      "status": "pass",
      "objects": [
        {
          "object_addr": "module.common_resources_staging.module.webapp_teams.module.terraform_state_backend_webapp_teams.var.context",
          "status": "pass"
        }
      ]
    },
    {
      "object_kind": "var",
      "config_addr": "module.common_resources_staging.module.msteams.module.terraform_state_backend_msteams_shared.module.dynamodb_table_label.var.context",
      "status": "pass",
      "objects": [
        {
          "object_addr": "module.common_resources_staging.module.msteams.module.terraform_state_backend_msteams_shared.module.dynamodb_table_label.var.context",
          "status": "pass"
        }
      ]
    },
    {
      "object_kind": "var",
      "config_addr": "module.common_resources_staging.module.webapp.module.terraform_state_backend_webapp_eventcatalog.module.replication_label.var.context",
      "status": "pass",
      "objects": [
        {
          "object_addr": "module.common_resources_staging.module.webapp.module.terraform_state_backend_webapp_eventcatalog.module.replication_label.var.context",
          "status": "pass"
        }
      ]
    },
    {
      "object_kind": "var",
      "config_addr": "module.common_resources_staging.module.webapp.module.terraform_state_backend_webapp_help.module.replication_label.var.label_value_case",
      "status": "pass",
      "objects": [
        {
          "object_addr": "module.common_resources_staging.module.webapp.module.terraform_state_backend_webapp_help.module.replication_label.var.label_value_case",
          "status": "pass"
        }
      ]
    },
    {
      "object_kind": "var",
      "config_addr": "module.common_resources_staging.module.marketplace.module.terraform_state_backend_marketplace_shared.module.replication_label.var.label_key_case",
      "status": "pass",
      "objects": [
        {
          "object_addr": "module.common_resources_staging.module.marketplace.module.terraform_state_backend_marketplace_shared.module.replication_label.var.label_key_case",
          "status": "pass"
        }
      ]
    },
    {
      "object_kind": "var",
      "config_addr": "module.common_resources_staging.module.webapp_spaces.module.terraform_state_backend_webapp_spaces.module.replication_label.var.label_key_case",
      "status": "pass",
      "objects": [
        {
          "object_addr": "module.common_resources_staging.module.webapp_spaces.module.terraform_state_backend_webapp_spaces.module.replication_label.var.label_key_case",
          "status": "pass"
        }
      ]
    },
    {
      "object_kind": "var",
      "config_addr": "module.common_resources_staging.module.organization.module.terraform_state_backend_organization_shared.module.replication_label.var.context",
      "status": "pass",
      "objects": [
        {
          "object_addr": "module.common_resources_staging.module.organization.module.terraform_state_backend_organization_shared.module.replication_label.var.context",
          "status": "pass"
        }
      ]
    },
    {
      "object_kind": "var",
      "config_addr": "module.common_resources_staging.module.customer.module.terraform_state_backend_customer_shared.module.dynamodb_table_label.var.id_length_limit",
      "status": "pass",
      "objects": [
        {
          "object_addr": "module.common_resources_staging.module.customer.module.terraform_state_backend_customer_shared.module.dynamodb_table_label.var.id_length_limit",
          "status": "pass"
        }
      ]
    },
    {
      "object_kind": "var",
      "config_addr": "module.common_resources_staging.module.slack.module.terraform_state_backend_slack_shared.module.this.var.context",
      "status": "pass",
      "objects": [
        {
          "object_addr": "module.common_resources_staging.module.slack.module.terraform_state_backend_slack_shared.module.this.var.context",
          "status": "pass"
        }
      ]
    },
    {
      "object_kind": "var",
      "config_addr": "module.common_resources_staging.module.azure_oneoff.module.terraform_state_backend_azure_oneoff.var.context",
      "status": "pass",
      "objects": [
        {
          "object_addr": "module.common_resources_staging.module.azure_oneoff.module.terraform_state_backend_azure_oneoff.var.context",
          "status": "pass"
        }
      ]
    },
    {
      "object_kind": "var",
      "config_addr": "module.common_resources_staging.module.team.module.terraform_state_backend_team_shared.module.this.var.context",
      "status": "pass",
      "objects": [
        {
          "object_addr": "module.common_resources_staging.module.team.module.terraform_state_backend_team_shared.module.this.var.context",
          "status": "pass"
        }
      ]
    },
    {
      "object_kind": "var",
      "config_addr": "module.common_resources_staging.module.booking.module.terraform_state_backend_booking_shared.module.this.var.id_length_limit",
      "status": "pass",
      "objects": [
        {
          "object_addr": "module.common_resources_staging.module.booking.module.terraform_state_backend_booking_shared.module.this.var.id_length_limit",
          "status": "pass"
        }
      ]
    },
    {
      "object_kind": "var",
      "config_addr": "module.common_resources_staging.module.core.module.terraform_state_backend_core_shared.var.logging",
      "status": "pass",
      "objects": [
        {
          "object_addr": "module.common_resources_staging.module.core.module.terraform_state_backend_core_shared.var.logging",
          "status": "pass"
        }
      ]
    },
    {
      "object_kind": "var",
      "config_addr": "module.common_resources_staging.module.webapp.module.terraform_state_backend_webapp_shared.var.context",
      "status": "pass",
      "objects": [
        {
          "object_addr": "module.common_resources_staging.module.webapp.module.terraform_state_backend_webapp_shared.var.context",
          "status": "pass"
        }
      ]
    },
    {
      "object_kind": "var",
      "config_addr": "module.common_resources_staging.module.webapp_teams.module.terraform_state_backend_webapp_teams_help.module.bucket_label.var.context",
      "status": "pass",
      "objects": [
        {
          "object_addr": "module.common_resources_staging.module.webapp_teams.module.terraform_state_backend_webapp_teams_help.module.bucket_label.var.context",
          "status": "pass"
        }
      ]
    },
    {
      "object_kind": "var",
      "config_addr": "module.common_resources_staging.module.aws_oneoff.module.terraform_state_backend_aws_oneoff.module.bucket_label.var.label_value_case",
      "status": "pass",
      "objects": [
        {
          "object_addr": "module.common_resources_staging.module.aws_oneoff.module.terraform_state_backend_aws_oneoff.module.bucket_label.var.label_value_case",
          "status": "pass"
        }
      ]
    },
    {
      "object_kind": "var",
      "config_addr": "module.common_resources_staging.module.team.module.terraform_state_backend_team_shared.var.id_length_limit",
      "status": "pass",
      "objects": [
        {
          "object_addr": "module.common_resources_staging.module.team.module.terraform_state_backend_team_shared.var.id_length_limit",
          "status": "pass"
        }
      ]
    },
    {
      "object_kind": "var",
      "config_addr": "module.common_resources_staging.module.webapp.module.terraform_state_backend_webapp.module.replication_label.var.label_key_case",
      "status": "pass",
      "objects": [
        {
          "object_addr": "module.common_resources_staging.module.webapp.module.terraform_state_backend_webapp.module.replication_label.var.label_key_case",
          "status": "pass"
        }
      ]
    },
    {
      "object_kind": "var",
      "config_addr": "module.common_resources_staging.module.core.module.terraform_state_backend_core_shared.module.bucket_label.var.label_key_case",
      "status": "pass",
      "objects": [
        {
          "object_addr": "module.common_resources_staging.module.core.module.terraform_state_backend_core_shared.module.bucket_label.var.label_key_case",
          "status": "pass"
        }
      ]
    },
    {
      "object_kind": "var",
      "config_addr": "module.common_resources_staging.module.location.module.terraform_state_backend_location_shared.var.label_key_case",
      "status": "pass",
      "objects": [
        {
          "object_addr": "module.common_resources_staging.module.location.module.terraform_state_backend_location_shared.var.label_key_case",
          "status": "pass"
        }
      ]
    },
    {
      "object_kind": "var",
      "config_addr": "module.common_resources_staging.module.aws_oneoff.module.terraform_state_backend_aws_oneoff.module.bucket_label.var.context",
      "status": "pass",
      "objects": [
        {
          "object_addr": "module.common_resources_staging.module.aws_oneoff.module.terraform_state_backend_aws_oneoff.module.bucket_label.var.context",
          "status": "pass"
        }
      ]
    },
    {
      "object_kind": "var",
      "config_addr": "module.common_resources_staging.module.webapp_spaces.module.terraform_state_backend_webapp_spaces.module.replication_label.var.id_length_limit",
      "status": "pass",
      "objects": [
        {
          "object_addr": "module.common_resources_staging.module.webapp_spaces.module.terraform_state_backend_webapp_spaces.module.replication_label.var.id_length_limit",
          "status": "pass"
        }
      ]
    },
    {
      "object_kind": "var",
      "config_addr": "module.common_resources_staging.module.webapp_spaces.module.terraform_state_backend_webapp_spaces.module.bucket_label.var.id_length_limit",
      "status": "pass",
      "objects": [
        {
          "object_addr": "module.common_resources_staging.module.webapp_spaces.module.terraform_state_backend_webapp_spaces.module.bucket_label.var.id_length_limit",
          "status": "pass"
        }
      ]
    },
    {
      "object_kind": "var",
      "config_addr": "module.common_resources_staging.module.organization.module.terraform_state_backend_organization_shared.var.label_value_case",
      "status": "pass",
      "objects": [
        {
          "object_addr": "module.common_resources_staging.module.organization.module.terraform_state_backend_organization_shared.var.label_value_case",
          "status": "pass"
        }
      ]
    },
    {
      "object_kind": "var",
      "config_addr": "module.common_resources_staging.module.msteams.module.terraform_state_backend_msteams_shared.module.bucket_label.var.label_value_case",
      "status": "pass",
      "objects": [
        {
          "object_addr": "module.common_resources_staging.module.msteams.module.terraform_state_backend_msteams_shared.module.bucket_label.var.label_value_case",
          "status": "pass"
        }
      ]
    },
    {
      "object_kind": "var",
      "config_addr": "module.common_resources_staging.module.gcp_oneoff.module.terraform_state_backend_gcp_oneoff.module.bucket_label.var.context",
      "status": "pass",
      "objects": [
        {
          "object_addr": "module.common_resources_staging.module.gcp_oneoff.module.terraform_state_backend_gcp_oneoff.module.bucket_label.var.context",
          "status": "pass"
        }
      ]
    },
    {
      "object_kind": "var",
      "config_addr": "module.common_resources_staging.module.slack.module.terraform_state_backend_slack_shared.module.replication_label.var.id_length_limit",
      "status": "pass",
      "objects": [
        {
          "object_addr": "module.common_resources_staging.module.slack.module.terraform_state_backend_slack_shared.module.replication_label.var.id_length_limit",
          "status": "pass"
        }
      ]
    },
    {
      "object_kind": "var",
      "config_addr": "module.common_resources_staging.module.shared.module.terraform_state_backend_shared_azure_entra.module.dynamodb_table_label.var.label_key_case",
      "status": "pass",
      "objects": [
        {
          "object_addr": "module.common_resources_staging.module.shared.module.terraform_state_backend_shared_azure_entra.module.dynamodb_table_label.var.label_key_case",
          "status": "pass"
        }
      ]
    },
    {
      "object_kind": "var",
      "config_addr": "module.common_resources_staging.module.webapp_spaces.module.terraform_state_backend_webapp_spaces_help.module.replication_label.var.id_length_limit",
      "status": "pass",
      "objects": [
        {
          "object_addr": "module.common_resources_staging.module.webapp_spaces.module.terraform_state_backend_webapp_spaces_help.module.replication_label.var.id_length_limit",
          "status": "pass"
        }
      ]
    },
    {
      "object_kind": "var",
      "config_addr": "module.common_resources_staging.module.webapp.module.terraform_state_backend_webapp_eventcatalog.module.this.var.context",
      "status": "pass",
      "objects": [
        {
          "object_addr": "module.common_resources_staging.module.webapp.module.terraform_state_backend_webapp_eventcatalog.module.this.var.context",
          "status": "pass"
        }
      ]
    },
    {
      "object_kind": "var",
      "config_addr": "module.common_resources_staging.module.webapp.module.terraform_state_backend_webapp_shared.module.replication_label.var.id_length_limit",
      "status": "pass",
      "objects": [
        {
          "object_addr": "module.common_resources_staging.module.webapp.module.terraform_state_backend_webapp_shared.module.replication_label.var.id_length_limit",
          "status": "pass"
        }
      ]
    },
    {
      "object_kind": "var",
      "config_addr": "module.common_resources_staging.module.marketplace.module.terraform_state_backend_marketplace_shared.module.replication_label.var.context",
      "status": "pass",
      "objects": [
        {
          "object_addr": "module.common_resources_staging.module.marketplace.module.terraform_state_backend_marketplace_shared.module.replication_label.var.context",
          "status": "pass"
        }
      ]
    },
    {
      "object_kind": "var",
      "config_addr": "module.common_resources_staging.module.webapp_teams.module.terraform_state_backend_webapp_teams_help.module.this.var.id_length_limit",
      "status": "pass",
      "objects": [
        {
          "object_addr": "module.common_resources_staging.module.webapp_teams.module.terraform_state_backend_webapp_teams_help.module.this.var.id_length_limit",
          "status": "pass"
        }
      ]
    },
    {
      "object_kind": "var",
      "config_addr": "module.common_resources_staging.module.core.module.terraform_state_backend_core_shared.module.dynamodb_table_label.var.id_length_limit",
      "status": "pass",
      "objects": [
        {
          "object_addr": "module.common_resources_staging.module.core.module.terraform_state_backend_core_shared.module.dynamodb_table_label.var.id_length_limit",
          "status": "pass"
        }
      ]
    },
    {
      "object_kind": "var",
      "config_addr": "module.common_resources_staging.module.customer.module.terraform_state_backend_customer_shared.module.this.var.context",
      "status": "pass",
      "objects": [
        {
          "object_addr": "module.common_resources_staging.module.customer.module.terraform_state_backend_customer_shared.module.this.var.context",
          "status": "pass"
        }
      ]
    },
    {
      "object_kind": "var",
      "config_addr": "module.common_resources_staging.module.webapp_teams.module.terraform_state_backend_webapp_teams.var.id_length_limit",
      "status": "pass",
      "objects": [
        {
          "object_addr": "module.common_resources_staging.module.webapp_teams.module.terraform_state_backend_webapp_teams.var.id_length_limit",
          "status": "pass"
        }
      ]
    },
    {
      "object_kind": "var",
      "config_addr": "module.common_resources_staging.module.azure_oneoff.module.terraform_state_backend_azure_oneoff.var.s3_bucket_name",
      "status": "pass",
      "objects": [
        {
          "object_addr": "module.common_resources_staging.module.azure_oneoff.module.terraform_state_backend_azure_oneoff.var.s3_bucket_name",
          "status": "pass"
        }
      ]
    },
    {
      "object_kind": "var",
      "config_addr": "module.common_resources_staging.module.location.module.terraform_state_backend_location_shared.module.bucket_label.var.context",
      "status": "pass",
      "objects": [
        {
          "object_addr": "module.common_resources_staging.module.location.module.terraform_state_backend_location_shared.module.bucket_label.var.context",
          "status": "pass"
        }
      ]
    },
    {
      "object_kind": "var",
      "config_addr": "module.common_resources_staging.module.gcp_oneoff.module.terraform_state_backend_gcp_oneoff.var.logging",
      "status": "pass",
      "objects": [
        {
          "object_addr": "module.common_resources_staging.module.gcp_oneoff.module.terraform_state_backend_gcp_oneoff.var.logging",
          "status": "pass"
        }
      ]
    },
    {
      "object_kind": "var",
      "config_addr": "module.common_resources_staging.module.msteams.module.terraform_state_backend_msteams_shared.module.replication_label.var.id_length_limit",
      "status": "pass",
      "objects": [
        {
          "object_addr": "module.common_resources_staging.module.msteams.module.terraform_state_backend_msteams_shared.module.replication_label.var.id_length_limit",
          "status": "pass"
        }
      ]
    },
    {
      "object_kind": "var",
      "config_addr": "module.common_resources_staging.module.msteams.module.terraform_state_backend_msteams_shared.module.dynamodb_table_label.var.id_length_limit",
      "status": "pass",
      "objects": [
        {
          "object_addr": "module.common_resources_staging.module.msteams.module.terraform_state_backend_msteams_shared.module.dynamodb_table_label.var.id_length_limit",
          "status": "pass"
        }
      ]
    },
    {
      "object_kind": "var",
      "config_addr": "module.common_resources_staging.module.webapp_spaces.module.terraform_state_backend_webapp_spaces.var.s3_bucket_name",
      "status": "pass",
      "objects": [
        {
          "object_addr": "module.common_resources_staging.module.webapp_spaces.module.terraform_state_backend_webapp_spaces.var.s3_bucket_name",
          "status": "pass"
        }
      ]
    },
    {
      "object_kind": "var",
      "config_addr": "module.common_resources_staging.module.webapp_spaces.module.terraform_state_backend_webapp_spaces.var.logging",
      "status": "pass",
      "objects": [
        {
          "object_addr": "module.common_resources_staging.module.webapp_spaces.module.terraform_state_backend_webapp_spaces.var.logging",
          "status": "pass"
        }
      ]
    },
    {
      "object_kind": "var",
      "config_addr": "module.common_resources_staging.module.webapp_spaces.module.terraform_state_backend_webapp_spaces_help.module.bucket_label.var.label_value_case",
      "status": "pass",
      "objects": [
        {
          "object_addr": "module.common_resources_staging.module.webapp_spaces.module.terraform_state_backend_webapp_spaces_help.module.bucket_label.var.label_value_case",
          "status": "pass"
        }
      ]
    },
    {
      "object_kind": "var",
      "config_addr": "module.common_resources_staging.module.webapp.module.terraform_state_backend_webapp_eventcatalog.var.label_key_case",
      "status": "pass",
      "objects": [
        {
          "object_addr": "module.common_resources_staging.module.webapp.module.terraform_state_backend_webapp_eventcatalog.var.label_key_case",
          "status": "pass"
        }
      ]
    },
    {
      "object_kind": "var",
      "config_addr": "module.common_resources_staging.module.core.module.terraform_state_backend_core_shared.var.id_length_limit",
      "status": "pass",
      "objects": [
        {
          "object_addr": "module.common_resources_staging.module.core.module.terraform_state_backend_core_shared.var.id_length_limit",
          "status": "pass"
        }
      ]
    },
    {
      "object_kind": "var",
      "config_addr": "module.common_resources_staging.module.webapp.module.terraform_state_backend_webapp_eventcatalog.module.bucket_label.var.label_value_case",
      "status": "pass",
      "objects": [
        {
          "object_addr": "module.common_resources_staging.module.webapp.module.terraform_state_backend_webapp_eventcatalog.module.bucket_label.var.label_value_case",
          "status": "pass"
        }
      ]
    },
    {
      "object_kind": "var",
      "config_addr": "module.common_resources_staging.module.webapp.module.terraform_state_backend_webapp.module.bucket_label.var.context",
      "status": "pass",
      "objects": [
        {
          "object_addr": "module.common_resources_staging.module.webapp.module.terraform_state_backend_webapp.module.bucket_label.var.context",
          "status": "pass"
        }
      ]
    },
    {
      "object_kind": "var",
      "config_addr": "module.common_resources_staging.module.gcp_oneoff.module.terraform_state_backend_gcp_oneoff.module.dynamodb_table_label.var.label_key_case",
      "status": "pass",
      "objects": [
        {
          "object_addr": "module.common_resources_staging.module.gcp_oneoff.module.terraform_state_backend_gcp_oneoff.module.dynamodb_table_label.var.label_key_case",
          "status": "pass"
        }
      ]
    },
    {
      "object_kind": "var",
      "config_addr": "module.common_resources_staging.module.team.module.terraform_state_backend_team_shared.module.this.var.id_length_limit",
      "status": "pass",
      "objects": [
        {
          "object_addr": "module.common_resources_staging.module.team.module.terraform_state_backend_team_shared.module.this.var.id_length_limit",
          "status": "pass"
        }
      ]
    },
    {
      "object_kind": "var",
      "config_addr": "module.common_resources_staging.module.shared.module.terraform_state_backend_shared_azure_entra.module.this.var.id_length_limit",
      "status": "pass",
      "objects": [
        {
          "object_addr": "module.common_resources_staging.module.shared.module.terraform_state_backend_shared_azure_entra.module.this.var.id_length_limit",
          "status": "pass"
        }
      ]
    },
    {
      "object_kind": "var",
      "config_addr": "module.common_resources_staging.module.organization.module.terraform_state_backend_organization_shared.module.replication_label.var.label_key_case",
      "status": "pass",
      "objects": [
        {
          "object_addr": "module.common_resources_staging.module.organization.module.terraform_state_backend_organization_shared.module.replication_label.var.label_key_case",
          "status": "pass"
        }
      ]
    },
    {
      "object_kind": "var",
      "config_addr": "module.common_resources_staging.module.aws_oneoff.module.terraform_state_backend_aws_oneoff.var.logging",
      "status": "pass",
      "objects": [
        {
          "object_addr": "module.common_resources_staging.module.aws_oneoff.module.terraform_state_backend_aws_oneoff.var.logging",
          "status": "pass"
        }
      ]
    },
    {
      "object_kind": "var",
      "config_addr": "module.common_resources_staging.module.slack.module.terraform_state_backend_slack_shared.var.logging",
      "status": "pass",
      "objects": [
        {
          "object_addr": "module.common_resources_staging.module.slack.module.terraform_state_backend_slack_shared.var.logging",
          "status": "pass"
        }
      ]
    },
    {
      "object_kind": "var",
      "config_addr": "module.common_resources_staging.module.shared.module.terraform_state_backend_shared_azure_entra.module.bucket_label.var.context",
      "status": "pass",
      "objects": [
        {
          "object_addr": "module.common_resources_staging.module.shared.module.terraform_state_backend_shared_azure_entra.module.bucket_label.var.context",
          "status": "pass"
        }
      ]
    },
    {
      "object_kind": "var",
      "config_addr": "module.common_resources_staging.module.webapp.module.terraform_state_backend_webapp.var.label_value_case",
      "status": "pass",
      "objects": [
        {
          "object_addr": "module.common_resources_staging.module.webapp.module.terraform_state_backend_webapp.var.label_value_case",
          "status": "pass"
        }
      ]
    },
    {
      "object_kind": "var",
      "config_addr": "module.common_resources_staging.module.shared.module.terraform_state_backend_shared_azure_entra.module.bucket_label.var.label_key_case",
      "status": "pass",
      "objects": [
        {
          "object_addr": "module.common_resources_staging.module.shared.module.terraform_state_backend_shared_azure_entra.module.bucket_label.var.label_key_case",
          "status": "pass"
        }
      ]
    },
    {
      "object_kind": "var",
      "config_addr": "module.common_resources_staging.module.slack.module.terraform_state_backend_slack_shared.module.this.var.label_value_case",
      "status": "pass",
      "objects": [
        {
          "object_addr": "module.common_resources_staging.module.slack.module.terraform_state_backend_slack_shared.module.this.var.label_value_case",
          "status": "pass"
        }
      ]
    },
    {
      "object_kind": "var",
      "config_addr": "module.common_resources_staging.module.webapp_teams.module.terraform_state_backend_webapp_teams_help.module.dynamodb_table_label.var.label_key_case",
      "status": "pass",
      "objects": [
        {
          "object_addr": "module.common_resources_staging.module.webapp_teams.module.terraform_state_backend_webapp_teams_help.module.dynamodb_table_label.var.label_key_case",
          "status": "pass"
        }
      ]
    },
    {
      "object_kind": "var",
      "config_addr": "module.common_resources_staging.module.webapp.module.terraform_state_backend_webapp_help.var.id_length_limit",
      "status": "pass",
      "objects": [
        {
          "object_addr": "module.common_resources_staging.module.webapp.module.terraform_state_backend_webapp_help.var.id_length_limit",
          "status": "pass"
        }
      ]
    },
    {
      "object_kind": "var",
      "config_addr": "module.common_resources_staging.module.team.module.terraform_state_backend_team_shared.module.bucket_label.var.label_key_case",
      "status": "pass",
      "objects": [
        {
          "object_addr": "module.common_resources_staging.module.team.module.terraform_state_backend_team_shared.module.bucket_label.var.label_key_case",
          "status": "pass"
        }
      ]
    }
  ]
}
