<Solution>
    <Project Path="booking/apis/Booking.Api.UnitTests/Booking.Api.UnitTests.csproj"/>
    <Project Path="booking/jobs/Booking.Jobs.UnitTests/Booking.Jobs.UnitTests.csproj"/>
    <Project Path="booking/processors/Booking.Processors.UnitTests/Booking.Processors.UnitTests.csproj"/>
    <Project Path="booking/shared/Booking.Shared.UnitTests/Booking.Shared.UnitTests.csproj"/>
    <Project Path="core/apis/Core.Api.UnitTests/Core.Api.UnitTests.csproj"/>
    <Project Path="core/jobs/Core.Jobs.UnitTests/Core.Jobs.UnitTests.csproj"/>
    <Project Path="core/processors/Core.Processors.UnitTests/Core.Processors.UnitTests.csproj"/>
    <Project Path="core/shared/Core.Shared.UnitTests/Core.Shared.UnitTests.csproj"/>
    <Project Path="customer/apis/Customer.Api.UnitTests/Customer.Api.UnitTests.csproj"/>
    <Project Path="customer/jobs/Customer.Jobs.UnitTests/Customer.Jobs.UnitTests.csproj"/>
    <Project Path="customer/processors/Customer.Processors.UnitTests/Customer.Processors.UnitTests.csproj"/>
    <Project Path="customer/shared/Customer.Shared.UnitTests/Customer.Shared.UnitTests.csproj"/>
    <Project Path="location/apis/Location.Api.UnitTests/Location.Api.UnitTests.csproj"/>
    <Project Path="location/jobs/Location.Jobs.UnitTests/Location.Jobs.UnitTests.csproj"/>
    <Project Path="location/processors/Location.Processors.UnitTests/Location.Processors.UnitTests.csproj"/>
    <Project Path="location/shared/Location.Shared.UnitTests/Location.Shared.UnitTests.csproj"/>
    <Project Path="marketplace/apis/Marketplace.Api.UnitTests/Marketplace.Api.UnitTests.csproj"/>
    <Project Path="marketplace/jobs/Marketplace.Jobs.UnitTests/Marketplace.Jobs.UnitTests.csproj"/>
    <Project Path="marketplace/processors/Marketplace.Processors.UnitTests/Marketplace.Processors.UnitTests.csproj"/>
    <Project Path="marketplace/shared/Marketplace.Shared.UnitTests/Marketplace.Shared.UnitTests.csproj"/>
    <Project Path="msteams/apis/MsTeams.Api.UnitTests/MsTeams.Api.UnitTests.csproj"/>
    <Project Path="msteams/jobs/MsTeams.Jobs.UnitTests/MsTeams.Jobs.UnitTests.csproj"/>
    <Project Path="msteams/processors/MsTeams.Processors.UnitTests/MsTeams.Processors.UnitTests.csproj"/>
    <Project Path="msteams/shared/MsTeams.Shared.UnitTests/MsTeams.Shared.UnitTests.csproj"/>
    <Project Path="organization/apis/Organization.Api.UnitTests/Organization.Api.UnitTests.csproj"/>
    <Project Path="organization/jobs/Organization.Jobs.UnitTests/Organization.Jobs.UnitTests.csproj"/>
    <Project Path="organization/processors/Organization.Processors.UnitTests/Organization.Processors.UnitTests.csproj"/>
    <Project Path="organization/shared/Organization.Shared.UnitTests/Organization.Shared.UnitTests.csproj"/>
    <Project Path="shared/Api.Shared.Clients.UnitTests/Api.Shared.Clients.UnitTests.csproj"/>
    <Project Path="shared/Api.Shared.Services.UnitTests/Api.Shared.Services.UnitTests.csproj"/>
    <Project Path="shared/Api.Shared.UnitTests/Api.Shared.UnitTests.csproj"/>
    <Project Path="shared/Enterprise.Shared.UnitTests/Enterprise.Shared.UnitTests.csproj"/>
    <Project Path="slack/apis/Slack.Api.UnitTests/Slack.Api.UnitTests.csproj"/>
    <Project Path="slack/jobs/Slack.Jobs.UnitTests/Slack.Jobs.UnitTests.csproj"/>
    <Project Path="slack/processors/Slack.Processors.UnitTests/Slack.Processors.UnitTests.csproj"/>
    <Project Path="slack/shared/Slack.Shared.UnitTests/Slack.Shared.UnitTests.csproj"/>
    <Project Path="team/apis/Team.Api.UnitTests/Team.Api.UnitTests.csproj"/>
    <Project Path="team/jobs/Team.Jobs.UnitTests/Team.Jobs.UnitTests.csproj"/>
    <Project Path="team/processors/Team.Processors.UnitTests/Team.Processors.UnitTests.csproj"/>
    <Project Path="team/shared/Team.Shared.UnitTests/Team.Shared.UnitTests.csproj"/>
</Solution>
