{
  "version": 4,
  "terraform_version": "1.15.5",
  "serial": 2404,
  "lineage": "fd0ad230-8329-c31e-12d6-896fb200c6aa",
  "outputs": {},
  "resources": [
    {
      "module": "module.common_resources_staging.module.aws_oneoff.module.terraform_state_backend_aws_oneoff",
      "mode": "data",
      "type": "aws_iam_policy_document",
      "name": "prevent_unencrypted_uploads",
      "provider": "provider[\"registry.terraform.io/hashicorp/aws\"]",
      "instances": [
        {
          "index_key": 0,
          "schema_version": 0,
          "attributes": {
            "id": "3806585079",
            "json": "{\n  \"Version\": \"2012-10-17\",\n  \"Statement\": [\n    {\n      \"Sid\": \"DenyIncorrectEncryptionHeader\",\n      \"Effect\": \"Deny\",\n      \"Action\": \"s3:PutObject\",\n      \"Resource\": \"arn:aws:s3:::unityhub-production-aws-oneoff-terraform-state/*\",\n      \"Principal\": {\n        \"AWS\": \"*\"\n      },\n      \"Condition\": {\n        \"StringNotEquals\": {\n          \"s3:x-amz-server-side-encryption\": [\n            \"AES256\",\n            \"aws:kms\"\n          ]\n        }\n      }\n    },\n    {\n      \"Sid\": \"DenyUnEncryptedObjectUploads\",\n      \"Effect\": \"Deny\",\n      \"Action\": \"s3:PutObject\",\n      \"Resource\": \"arn:aws:s3:::unityhub-production-aws-oneoff-terraform-state/*\",\n      \"Principal\": {\n        \"AWS\": \"*\"\n      },\n      \"Condition\": {\n        \"Null\": {\n          \"s3:x-amz-server-side-encryption\": \"true\"\n        }\n      }\n    },\n    {\n      \"Sid\": \"EnforceTlsRequestsOnly\",\n      \"Effect\": \"Deny\",\n      \"Action\": \"s3:*\",\n      \"Resource\": [\n        \"arn:aws:s3:::unityhub-production-aws-oneoff-terraform-state/*\",\n        \"arn:aws:s3:::unityhub-production-aws-oneoff-terraform-state\"\n      ],\n      \"Principal\": {\n        \"AWS\": \"*\"\n      },\n      \"Condition\": {\n        \"Bool\": {\n          \"aws:SecureTransport\": \"false\"\n        }\n      }\n    }\n  ]\n}",
            "minified_json": "{\"Version\":\"2012-10-17\",\"Statement\":[{\"Sid\":\"DenyIncorrectEncryptionHeader\",\"Effect\":\"Deny\",\"Action\":\"s3:PutObject\",\"Resource\":\"arn:aws:s3:::unityhub-production-aws-oneoff-terraform-state/*\",\"Principal\":{\"AWS\":\"*\"},\"Condition\":{\"StringNotEquals\":{\"s3:x-amz-server-side-encryption\":[\"AES256\",\"aws:kms\"]}}},{\"Sid\":\"DenyUnEncryptedObjectUploads\",\"Effect\":\"Deny\",\"Action\":\"s3:PutObject\",\"Resource\":\"arn:aws:s3:::unityhub-production-aws-oneoff-terraform-state/*\",\"Principal\":{\"AWS\":\"*\"},\"Condition\":{\"Null\":{\"s3:x-amz-server-side-encryption\":\"true\"}}},{\"Sid\":\"EnforceTlsRequestsOnly\",\"Effect\":\"Deny\",\"Action\":\"s3:*\",\"Resource\":[\"arn:aws:s3:::unityhub-production-aws-oneoff-terraform-state/*\",\"arn:aws:s3:::unityhub-production-aws-oneoff-terraform-state\"],\"Principal\":{\"AWS\":\"*\"},\"Condition\":{\"Bool\":{\"aws:SecureTransport\":\"false\"}}}]}",
            "override_json": null,
            "override_policy_documents": null,
            "policy_id": null,
            "source_json": null,
            "source_policy_documents": null,
            "statement": [
              {
                "actions": [
                  "s3:PutObject"
                ],
                "condition": [
                  {
                    "test": "StringNotEquals",
                    "values": [
                      "AES256",
                      "aws:kms"
                    ],
                    "variable": "s3:x-amz-server-side-encryption"
                  }
                ],
                "effect": "Deny",
                "not_actions": [],
                "not_principals": [],
                "not_resources": [],
                "principals": [
                  {
                    "identifiers": [
                      "*"
                    ],
                    "type": "AWS"
                  }
                ],
                "resources": [
                  "arn:aws:s3:::unityhub-production-aws-oneoff-terraform-state/*"
                ],
                "sid": "DenyIncorrectEncryptionHeader"
              },
              {
                "actions": [
                  "s3:PutObject"
                ],
                "condition": [
                  {
                    "test": "Null",
                    "values": [
                      "true"
                    ],
                    "variable": "s3:x-amz-server-side-encryption"
                  }
                ],
                "effect": "Deny",
                "not_actions": [],
                "not_principals": [],
                "not_resources": [],
                "principals": [
                  {
                    "identifiers": [
                      "*"
                    ],
                    "type": "AWS"
                  }
                ],
                "resources": [
                  "arn:aws:s3:::unityhub-production-aws-oneoff-terraform-state/*"
                ],
                "sid": "DenyUnEncryptedObjectUploads"
              },
              {
                "actions": [
                  "s3:*"
                ],
                "condition": [
                  {
                    "test": "Bool",
                    "values": [
                      "false"
                    ],
                    "variable": "aws:SecureTransport"
                  }
                ],
                "effect": "Deny",
                "not_actions": [],
                "not_principals": [],
                "not_resources": [],
                "principals": [
                  {
                    "identifiers": [
                      "*"
                    ],
                    "type": "AWS"
                  }
                ],
                "resources": [
                  "arn:aws:s3:::unityhub-production-aws-oneoff-terraform-state",
                  "arn:aws:s3:::unityhub-production-aws-oneoff-terraform-state/*"
                ],
                "sid": "EnforceTlsRequestsOnly"
              }
            ],
            "version": "2012-10-17"
          },
          "sensitive_attributes": [],
          "identity_schema_version": 0
        }
      ]
    },
    {
      "module": "module.common_resources_staging.module.aws_oneoff.module.terraform_state_backend_aws_oneoff",
      "mode": "data",
      "type": "aws_region",
      "name": "current",
      "provider": "provider[\"registry.terraform.io/hashicorp/aws\"]",
      "instances": [
        {
          "schema_version": 0,
          "attributes": {
            "description": "US East (N. Virginia)",
            "endpoint": "ec2.us-east-1.amazonaws.com",
            "id": "us-east-1",
            "name": "us-east-1",
            "region": "us-east-1"
          },
          "sensitive_attributes": [],
          "identity_schema_version": 0
        }
      ]
    },
    {
      "module": "module.common_resources_staging.module.aws_oneoff.module.terraform_state_backend_aws_oneoff",
      "mode": "managed",
      "type": "aws_dynamodb_table",
      "name": "with_server_side_encryption",
      "provider": "provider[\"registry.terraform.io/hashicorp/aws\"]",
      "instances": [
        {
          "index_key": 0,
          "schema_version": 1,
          "attributes": {
            "arn": "arn:aws:dynamodb:us-east-1:514472330244:table/unityhub-production-aws-oneoff-terraform-state-lock",
            "attribute": [
              {
                "name": "LockID",
                "type": "S"
              }
            ],
            "billing_mode": "PAY_PER_REQUEST",
            "deletion_protection_enabled": false,
            "global_secondary_index": [],
            "global_table_witness": [],
            "hash_key": "LockID",
            "id": "unityhub-production-aws-oneoff-terraform-state-lock",
            "import_table": [],
            "local_secondary_index": [],
            "name": "unityhub-production-aws-oneoff-terraform-state-lock",
            "on_demand_throughput": [],
            "point_in_time_recovery": [
              {
                "enabled": true,
                "recovery_period_in_days": 35
              }
            ],
            "range_key": null,
            "read_capacity": 0,
            "region": "us-east-1",
            "replica": [],
            "restore_backup_arn": null,
            "restore_date_time": null,
            "restore_source_name": null,
            "restore_source_table_arn": null,
            "restore_to_latest_time": null,
            "server_side_encryption": [
              {
                "enabled": true,
                "kms_key_arn": ""
              }
            ],
            "stream_arn": "",
            "stream_enabled": false,
            "stream_label": "",
            "stream_view_type": "",
            "table_class": "STANDARD",
            "tags": {
              "Attributes": "terraform-state-lock",
              "Name": "unityhub-production-aws-oneoff-terraform-state-lock",
              "Namespace": "unityhub",
              "Stage": "production"
            },
            "tags_all": {
              "Attributes": "terraform-state-lock",
              "Name": "unityhub-production-aws-oneoff-terraform-state-lock",
              "Namespace": "unityhub",
              "Stage": "production"
            },
            "timeouts": null,
            "ttl": [
              {
                "attribute_name": "",
                "enabled": false
              }
            ],
            "warm_throughput": [],
            "write_capacity": 0
          },
          "sensitive_attributes": [],
          "identity_schema_version": 0,
          "identity": {
            "account_id": "514472330244",
            "name": "unityhub-production-aws-oneoff-terraform-state-lock",
            "region": "us-east-1"
          },
          "private": "eyJlMmJmYjczMC1lY2FhLTExZTYtOGY4OC0zNDM2M2JjN2M0YzAiOnsiY3JlYXRlIjoxODAwMDAwMDAwMDAwLCJkZWxldGUiOjYwMDAwMDAwMDAwMCwidXBkYXRlIjozNjAwMDAwMDAwMDAwfSwic2NoZW1hX3ZlcnNpb24iOiIxIn0="
        }
      ]
    },
    {
      "module": "module.common_resources_staging.module.aws_oneoff.module.terraform_state_backend_aws_oneoff",
      "mode": "managed",
      "type": "aws_s3_bucket",
      "name": "default",
      "provider": "provider[\"registry.terraform.io/hashicorp/aws\"]",
      "instances": [
        {
          "index_key": 0,
          "schema_version": 0,
          "attributes": {
            "acceleration_status": "",
            "acl": null,
            "arn": "arn:aws:s3:::unityhub-production-aws-oneoff-terraform-state",
            "bucket": "unityhub-production-aws-oneoff-terraform-state",
            "bucket_domain_name": "unityhub-production-aws-oneoff-terraform-state.s3.amazonaws.com",
            "bucket_namespace": "global",
            "bucket_prefix": "",
            "bucket_region": "us-east-1",
            "bucket_regional_domain_name": "unityhub-production-aws-oneoff-terraform-state.s3.us-east-1.amazonaws.com",
            "cors_rule": [],
            "force_destroy": true,
            "grant": [
              {
                "id": "bea86176a486e69a83b4227063efa3be9eb4b243551739d81a6a4b41ec8b3461",
                "permissions": [
                  "FULL_CONTROL"
                ],
                "type": "CanonicalUser",
                "uri": ""
              }
            ],
            "hosted_zone_id": "Z3AQBSTGFYJSTF",
            "id": "unityhub-production-aws-oneoff-terraform-state",
            "lifecycle_rule": [],
            "logging": [],
            "object_lock_configuration": [],
            "object_lock_enabled": false,
            "policy": "{\"Statement\":[{\"Action\":\"s3:PutObject\",\"Condition\":{\"StringNotEquals\":{\"s3:x-amz-server-side-encryption\":[\"AES256\",\"aws:kms\"]}},\"Effect\":\"Deny\",\"Principal\":{\"AWS\":\"*\"},\"Resource\":\"arn:aws:s3:::unityhub-production-aws-oneoff-terraform-state/*\",\"Sid\":\"DenyIncorrectEncryptionHeader\"},{\"Action\":\"s3:PutObject\",\"Condition\":{\"Null\":{\"s3:x-amz-server-side-encryption\":\"true\"}},\"Effect\":\"Deny\",\"Principal\":{\"AWS\":\"*\"},\"Resource\":\"arn:aws:s3:::unityhub-production-aws-oneoff-terraform-state/*\",\"Sid\":\"DenyUnEncryptedObjectUploads\"},{\"Action\":\"s3:*\",\"Condition\":{\"Bool\":{\"aws:SecureTransport\":\"false\"}},\"Effect\":\"Deny\",\"Principal\":{\"AWS\":\"*\"},\"Resource\":[\"arn:aws:s3:::unityhub-production-aws-oneoff-terraform-state/*\",\"arn:aws:s3:::unityhub-production-aws-oneoff-terraform-state\"],\"Sid\":\"EnforceTlsRequestsOnly\"}],\"Version\":\"2012-10-17\"}",
            "region": "us-east-1",
            "replication_configuration": [],
            "request_payer": "BucketOwner",
            "server_side_encryption_configuration": [
              {
                "rule": [
                  {
                    "apply_server_side_encryption_by_default": [
                      {
                        "kms_master_key_id": "",
                        "sse_algorithm": "AES256"
                      }
                    ],
                    "bucket_key_enabled": false
                  }
                ]
              }
            ],
            "tags": {
              "Attributes": "terraform-state",
              "Name": "unityhub-production-aws-oneoff-terraform-state",
              "Namespace": "unityhub",
              "Stage": "production"
            },
            "tags_all": {
              "Attributes": "terraform-state",
              "Name": "unityhub-production-aws-oneoff-terraform-state",
              "Namespace": "unityhub",
              "Stage": "production"
            },
            "timeouts": null,
            "versioning": [
              {
                "enabled": true,
                "mfa_delete": false
              }
            ],
            "website": [],
            "website_domain": null,
            "website_endpoint": null
          },
          "sensitive_attributes": [],
          "identity_schema_version": 0,
          "identity": {
            "account_id": "514472330244",
            "bucket": "unityhub-production-aws-oneoff-terraform-state",
            "region": "us-east-1"
          },
          "private": "eyJlMmJmYjczMC1lY2FhLTExZTYtOGY4OC0zNDM2M2JjN2M0YzAiOnsiY3JlYXRlIjoxMjAwMDAwMDAwMDAwLCJkZWxldGUiOjM2MDAwMDAwMDAwMDAsInJlYWQiOjEyMDAwMDAwMDAwMDAsInVwZGF0ZSI6MTIwMDAwMDAwMDAwMH19"
        }
      ]
    },
    {
      "module": "module.common_resources_staging.module.aws_oneoff.module.terraform_state_backend_aws_oneoff",
      "mode": "managed",
      "type": "aws_s3_bucket_ownership_controls",
      "name": "default",
      "provider": "provider[\"registry.terraform.io/hashicorp/aws\"]",
      "instances": [
        {
          "index_key": 0,
          "schema_version": 0,
          "attributes": {
            "bucket": "unityhub-production-aws-oneoff-terraform-state",
            "id": "unityhub-production-aws-oneoff-terraform-state",
            "region": "us-east-1",
            "rule": [
              {
                "object_ownership": "BucketOwnerEnforced"
              }
            ]
          },
          "sensitive_attributes": [],
          "identity_schema_version": 0,
          "identity": {
            "account_id": "514472330244",
            "bucket": "unityhub-production-aws-oneoff-terraform-state",
            "region": "us-east-1"
          },
          "private": "bnVsbA==",
          "dependencies": [
            "module.common_resources_staging.module.aws_oneoff.module.terraform_state_backend_aws_oneoff.aws_s3_bucket.default"
          ]
        }
      ]
    },
    {
      "module": "module.common_resources_staging.module.aws_oneoff.module.terraform_state_backend_aws_oneoff",
      "mode": "managed",
      "type": "aws_s3_bucket_policy",
      "name": "default",
      "provider": "provider[\"registry.terraform.io/hashicorp/aws\"]",
      "instances": [
        {
          "index_key": 0,
          "schema_version": 0,
          "attributes": {
            "bucket": "unityhub-production-aws-oneoff-terraform-state",
            "id": "unityhub-production-aws-oneoff-terraform-state",
            "policy": "{\"Statement\":[{\"Action\":\"s3:PutObject\",\"Condition\":{\"StringNotEquals\":{\"s3:x-amz-server-side-encryption\":[\"AES256\",\"aws:kms\"]}},\"Effect\":\"Deny\",\"Principal\":{\"AWS\":\"*\"},\"Resource\":\"arn:aws:s3:::unityhub-production-aws-oneoff-terraform-state/*\",\"Sid\":\"DenyIncorrectEncryptionHeader\"},{\"Action\":\"s3:PutObject\",\"Condition\":{\"Null\":{\"s3:x-amz-server-side-encryption\":\"true\"}},\"Effect\":\"Deny\",\"Principal\":{\"AWS\":\"*\"},\"Resource\":\"arn:aws:s3:::unityhub-production-aws-oneoff-terraform-state/*\",\"Sid\":\"DenyUnEncryptedObjectUploads\"},{\"Action\":\"s3:*\",\"Condition\":{\"Bool\":{\"aws:SecureTransport\":\"false\"}},\"Effect\":\"Deny\",\"Principal\":{\"AWS\":\"*\"},\"Resource\":[\"arn:aws:s3:::unityhub-production-aws-oneoff-terraform-state/*\",\"arn:aws:s3:::unityhub-production-aws-oneoff-terraform-state\"],\"Sid\":\"EnforceTlsRequestsOnly\"}],\"Version\":\"2012-10-17\"}",
            "region": "us-east-1"
          },
          "sensitive_attributes": [],
          "identity_schema_version": 0,
          "identity": {
            "account_id": "514472330244",
            "bucket": "unityhub-production-aws-oneoff-terraform-state",
            "region": "us-east-1"
          },
          "private": "bnVsbA==",
          "dependencies": [
            "module.common_resources_staging.module.aws_oneoff.module.terraform_state_backend_aws_oneoff.aws_s3_bucket.default",
            "module.common_resources_staging.module.aws_oneoff.module.terraform_state_backend_aws_oneoff.data.aws_iam_policy_document.prevent_unencrypted_uploads"
          ]
        }
      ]
    },
    {
      "module": "module.common_resources_staging.module.aws_oneoff.module.terraform_state_backend_aws_oneoff",
      "mode": "managed",
      "type": "aws_s3_bucket_public_access_block",
      "name": "default",
      "provider": "provider[\"registry.terraform.io/hashicorp/aws\"]",
      "instances": [
        {
          "index_key": 0,
          "schema_version": 0,
          "attributes": {
            "block_public_acls": true,
            "block_public_policy": true,
            "bucket": "unityhub-production-aws-oneoff-terraform-state",
            "id": "unityhub-production-aws-oneoff-terraform-state",
            "ignore_public_acls": true,
            "region": "us-east-1",
            "restrict_public_buckets": true,
            "skip_destroy": null
          },
          "sensitive_attributes": [],
          "identity_schema_version": 0,
          "identity": {
            "account_id": "514472330244",
            "bucket": "unityhub-production-aws-oneoff-terraform-state",
            "region": "us-east-1"
          },
          "private": "bnVsbA==",
          "dependencies": [
            "module.common_resources_staging.module.aws_oneoff.module.terraform_state_backend_aws_oneoff.aws_s3_bucket.default"
          ]
        }
      ]
    },
    {
      "module": "module.common_resources_staging.module.aws_oneoff.module.terraform_state_backend_aws_oneoff",
      "mode": "managed",
      "type": "aws_s3_bucket_server_side_encryption_configuration",
      "name": "default",
      "provider": "provider[\"registry.terraform.io/hashicorp/aws\"]",
      "instances": [
        {
          "index_key": 0,
          "schema_version": 0,
          "attributes": {
            "bucket": "unityhub-production-aws-oneoff-terraform-state",
            "expected_bucket_owner": "",
            "id": "unityhub-production-aws-oneoff-terraform-state",
            "region": "us-east-1",
            "rule": [
              {
                "apply_server_side_encryption_by_default": [
                  {
                    "kms_master_key_id": "",
                    "sse_algorithm": "AES256"
                  }
                ],
                "blocked_encryption_types": [
                  "SSE-C"
                ],
                "bucket_key_enabled": false
              }
            ]
          },
          "sensitive_attributes": [],
          "identity_schema_version": 1,
          "identity": {
            "account_id": "514472330244",
            "bucket": "unityhub-production-aws-oneoff-terraform-state",
            "region": "us-east-1"
          },
          "private": "bnVsbA==",
          "dependencies": [
            "module.common_resources_staging.module.aws_oneoff.module.terraform_state_backend_aws_oneoff.aws_s3_bucket.default"
          ]
        }
      ]
    },
    {
      "module": "module.common_resources_staging.module.aws_oneoff.module.terraform_state_backend_aws_oneoff",
      "mode": "managed",
      "type": "aws_s3_bucket_versioning",
      "name": "default",
      "provider": "provider[\"registry.terraform.io/hashicorp/aws\"]",
      "instances": [
        {
          "index_key": 0,
          "schema_version": 0,
          "attributes": {
            "bucket": "unityhub-production-aws-oneoff-terraform-state",
            "expected_bucket_owner": "",
            "id": "unityhub-production-aws-oneoff-terraform-state",
            "mfa": null,
            "region": "us-east-1",
            "versioning_configuration": [
              {
                "mfa_delete": "Disabled",
                "status": "Enabled"
              }
            ]
          },
          "sensitive_attributes": [],
          "identity_schema_version": 1,
          "identity": {
            "account_id": "514472330244",
            "bucket": "unityhub-production-aws-oneoff-terraform-state",
            "region": "us-east-1"
          },
          "private": "bnVsbA==",
          "dependencies": [
            "module.common_resources_staging.module.aws_oneoff.module.terraform_state_backend_aws_oneoff.aws_s3_bucket.default"
          ]
        }
      ]
    },
    {
      "module": "module.common_resources_staging.module.aws_oneoff.module.terraform_state_backend_aws_oneoff",
      "mode": "managed",
      "type": "local_file",
      "name": "terraform_backend_config",
      "provider": "provider[\"registry.terraform.io/hashicorp/local\"]",
      "instances": [
        {
          "index_key": 0,
          "schema_version": 0,
          "attributes": {
            "content": "terraform {\n  required_version = \"\u003e= 1.0.0\"\n\n  backend \"s3\" {\n    region         = \"us-east-1\"\n    bucket         = \"unityhub-production-aws-oneoff-terraform-state\"\n    key            = \"terraform.tfstate\"\n    dynamodb_table = \"unityhub-production-aws-oneoff-terraform-state-lock\"\n    profile        = \"\"\n    role_arn       = \"\"\n    encrypt        = \"true\"\n  }\n}\n",
            "content_base64": null,
            "content_base64sha256": "vHZwAtRMj1+nYIQJZBtFjTyy0HpH4nXLnR2PKNcwj5o=",
            "content_base64sha512": "A2st93bT4Fg0sr7DsDBowEYs2AGE4ZdWt+ez9PW/SRFlamJ79q7n1E+vMI9IRr/OwiCKTIrIqHYN655TR/DYgA==",
            "content_md5": "6cfecaf2442ef77ddae4e91fabb49b6b",
            "content_sha1": "f6eb17de861c6f3353d61fd9266f65c7c5aca89d",
            "content_sha256": "bc767002d44c8f5fa7608409641b458d3cb2d07a47e275cb9d1d8f28d7308f9a",
            "content_sha512": "036b2df776d3e05834b2bec3b03068c0462cd80184e19756b7e7b3f4f5bf4911656a627bf6aee7d44faf308f4846bfcec2208a4c8ac8a8760deb9e5347f0d880",
            "directory_permission": "0777",
            "file_permission": "0644",
            "filename": "./backend/backend_aws_oneoff.tf",
            "id": "f6eb17de861c6f3353d61fd9266f65c7c5aca89d",
            "sensitive_content": null,
            "source": null
          },
          "sensitive_attributes": [
            [
              {
                "type": "get_attr",
                "value": "sensitive_content"
              }
            ]
          ],
          "identity_schema_version": 0,
          "dependencies": [
            "module.common_resources_staging.module.aws_oneoff.module.terraform_state_backend_aws_oneoff.aws_dynamodb_table.with_server_side_encryption",
            "module.common_resources_staging.module.aws_oneoff.module.terraform_state_backend_aws_oneoff.aws_s3_bucket.default",
            "module.common_resources_staging.module.aws_oneoff.module.terraform_state_backend_aws_oneoff.data.aws_region.current"
          ]
        }
      ]
    },
    {
      "module": "module.common_resources_staging.module.azure_oneoff.module.terraform_state_backend_azure_oneoff",
      "mode": "data",
      "type": "aws_iam_policy_document",
      "name": "prevent_unencrypted_uploads",
      "provider": "provider[\"registry.terraform.io/hashicorp/aws\"]",
      "instances": [
        {
          "index_key": 0,
          "schema_version": 0,
          "attributes": {
            "id": "553286163",
            "json": "{\n  \"Version\": \"2012-10-17\",\n  \"Statement\": [\n    {\n      \"Sid\": \"DenyIncorrectEncryptionHeader\",\n      \"Effect\": \"Deny\",\n      \"Action\": \"s3:PutObject\",\n      \"Resource\": \"arn:aws:s3:::unityhub-production-azure-oneoff-terraform-state/*\",\n      \"Principal\": {\n        \"AWS\": \"*\"\n      },\n      \"Condition\": {\n        \"StringNotEquals\": {\n          \"s3:x-amz-server-side-encryption\": [\n            \"AES256\",\n            \"aws:kms\"\n          ]\n        }\n      }\n    },\n    {\n      \"Sid\": \"DenyUnEncryptedObjectUploads\",\n      \"Effect\": \"Deny\",\n      \"Action\": \"s3:PutObject\",\n      \"Resource\": \"arn:aws:s3:::unityhub-production-azure-oneoff-terraform-state/*\",\n      \"Principal\": {\n        \"AWS\": \"*\"\n      },\n      \"Condition\": {\n        \"Null\": {\n          \"s3:x-amz-server-side-encryption\": \"true\"\n        }\n      }\n    },\n    {\n      \"Sid\": \"EnforceTlsRequestsOnly\",\n      \"Effect\": \"Deny\",\n      \"Action\": \"s3:*\",\n      \"Resource\": [\n        \"arn:aws:s3:::unityhub-production-azure-oneoff-terraform-state/*\",\n        \"arn:aws:s3:::unityhub-production-azure-oneoff-terraform-state\"\n      ],\n      \"Principal\": {\n        \"AWS\": \"*\"\n      },\n      \"Condition\": {\n        \"Bool\": {\n          \"aws:SecureTransport\": \"false\"\n        }\n      }\n    }\n  ]\n}",
            "minified_json": "{\"Version\":\"2012-10-17\",\"Statement\":[{\"Sid\":\"DenyIncorrectEncryptionHeader\",\"Effect\":\"Deny\",\"Action\":\"s3:PutObject\",\"Resource\":\"arn:aws:s3:::unityhub-production-azure-oneoff-terraform-state/*\",\"Principal\":{\"AWS\":\"*\"},\"Condition\":{\"StringNotEquals\":{\"s3:x-amz-server-side-encryption\":[\"AES256\",\"aws:kms\"]}}},{\"Sid\":\"DenyUnEncryptedObjectUploads\",\"Effect\":\"Deny\",\"Action\":\"s3:PutObject\",\"Resource\":\"arn:aws:s3:::unityhub-production-azure-oneoff-terraform-state/*\",\"Principal\":{\"AWS\":\"*\"},\"Condition\":{\"Null\":{\"s3:x-amz-server-side-encryption\":\"true\"}}},{\"Sid\":\"EnforceTlsRequestsOnly\",\"Effect\":\"Deny\",\"Action\":\"s3:*\",\"Resource\":[\"arn:aws:s3:::unityhub-production-azure-oneoff-terraform-state/*\",\"arn:aws:s3:::unityhub-production-azure-oneoff-terraform-state\"],\"Principal\":{\"AWS\":\"*\"},\"Condition\":{\"Bool\":{\"aws:SecureTransport\":\"false\"}}}]}",
            "override_json": null,
            "override_policy_documents": null,
            "policy_id": null,
            "source_json": null,
            "source_policy_documents": null,
            "statement": [
              {
                "actions": [
                  "s3:PutObject"
                ],
                "condition": [
                  {
                    "test": "StringNotEquals",
                    "values": [
                      "AES256",
                      "aws:kms"
                    ],
                    "variable": "s3:x-amz-server-side-encryption"
                  }
                ],
                "effect": "Deny",
                "not_actions": [],
                "not_principals": [],
                "not_resources": [],
                "principals": [
                  {
                    "identifiers": [
                      "*"
                    ],
                    "type": "AWS"
                  }
                ],
                "resources": [
                  "arn:aws:s3:::unityhub-production-azure-oneoff-terraform-state/*"
                ],
                "sid": "DenyIncorrectEncryptionHeader"
              },
              {
                "actions": [
                  "s3:PutObject"
                ],
                "condition": [
                  {
                    "test": "Null",
                    "values": [
                      "true"
                    ],
                    "variable": "s3:x-amz-server-side-encryption"
                  }
                ],
                "effect": "Deny",
                "not_actions": [],
                "not_principals": [],
                "not_resources": [],
                "principals": [
                  {
                    "identifiers": [
                      "*"
                    ],
                    "type": "AWS"
                  }
                ],
                "resources": [
                  "arn:aws:s3:::unityhub-production-azure-oneoff-terraform-state/*"
                ],
                "sid": "DenyUnEncryptedObjectUploads"
              },
              {
                "actions": [
                  "s3:*"
                ],
                "condition": [
                  {
                    "test": "Bool",
                    "values": [
                      "false"
                    ],
                    "variable": "aws:SecureTransport"
                  }
                ],
                "effect": "Deny",
                "not_actions": [],
                "not_principals": [],
                "not_resources": [],
                "principals": [
                  {
                    "identifiers": [
                      "*"
                    ],
                    "type": "AWS"
                  }
                ],
                "resources": [
                  "arn:aws:s3:::unityhub-production-azure-oneoff-terraform-state",
                  "arn:aws:s3:::unityhub-production-azure-oneoff-terraform-state/*"
                ],
                "sid": "EnforceTlsRequestsOnly"
              }
            ],
            "version": "2012-10-17"
          },
          "sensitive_attributes": [],
          "identity_schema_version": 0
        }
      ]
    },
    {
      "module": "module.common_resources_staging.module.azure_oneoff.module.terraform_state_backend_azure_oneoff",
      "mode": "data",
      "type": "aws_region",
      "name": "current",
      "provider": "provider[\"registry.terraform.io/hashicorp/aws\"]",
      "instances": [
        {
          "schema_version": 0,
          "attributes": {
            "description": "US East (N. Virginia)",
            "endpoint": "ec2.us-east-1.amazonaws.com",
            "id": "us-east-1",
            "name": "us-east-1",
            "region": "us-east-1"
          },
          "sensitive_attributes": [],
          "identity_schema_version": 0
        }
      ]
    },
    {
      "module": "module.common_resources_staging.module.azure_oneoff.module.terraform_state_backend_azure_oneoff",
      "mode": "managed",
      "type": "aws_dynamodb_table",
      "name": "with_server_side_encryption",
      "provider": "provider[\"registry.terraform.io/hashicorp/aws\"]",
      "instances": [
        {
          "index_key": 0,
          "schema_version": 1,
          "attributes": {
            "arn": "arn:aws:dynamodb:us-east-1:514472330244:table/unityhub-production-azure-oneoff-terraform-state-lock",
            "attribute": [
              {
                "name": "LockID",
                "type": "S"
              }
            ],
            "billing_mode": "PAY_PER_REQUEST",
            "deletion_protection_enabled": false,
            "global_secondary_index": [],
            "global_table_witness": [],
            "hash_key": "LockID",
            "id": "unityhub-production-azure-oneoff-terraform-state-lock",
            "import_table": [],
            "local_secondary_index": [],
            "name": "unityhub-production-azure-oneoff-terraform-state-lock",
            "on_demand_throughput": [],
            "point_in_time_recovery": [
              {
                "enabled": true,
                "recovery_period_in_days": 35
              }
            ],
            "range_key": null,
            "read_capacity": 0,
            "region": "us-east-1",
            "replica": [],
            "restore_backup_arn": null,
            "restore_date_time": null,
            "restore_source_name": null,
            "restore_source_table_arn": null,
            "restore_to_latest_time": null,
            "server_side_encryption": [
              {
                "enabled": true,
                "kms_key_arn": ""
              }
            ],
            "stream_arn": "",
            "stream_enabled": false,
            "stream_label": "",
            "stream_view_type": "",
            "table_class": "STANDARD",
            "tags": {
              "Attributes": "terraform-state-lock",
              "Name": "unityhub-production-azure-oneoff-terraform-state-lock",
              "Namespace": "unityhub",
              "Stage": "production"
            },
            "tags_all": {
              "Attributes": "terraform-state-lock",
              "Name": "unityhub-production-azure-oneoff-terraform-state-lock",
              "Namespace": "unityhub",
              "Stage": "production"
            },
            "timeouts": null,
            "ttl": [
              {
                "attribute_name": "",
                "enabled": false
              }
            ],
            "warm_throughput": [],
            "write_capacity": 0
          },
          "sensitive_attributes": [],
          "identity_schema_version": 0,
          "identity": {
            "account_id": "514472330244",
            "name": "unityhub-production-azure-oneoff-terraform-state-lock",
            "region": "us-east-1"
          },
          "private": "eyJlMmJmYjczMC1lY2FhLTExZTYtOGY4OC0zNDM2M2JjN2M0YzAiOnsiY3JlYXRlIjoxODAwMDAwMDAwMDAwLCJkZWxldGUiOjYwMDAwMDAwMDAwMCwidXBkYXRlIjozNjAwMDAwMDAwMDAwfSwic2NoZW1hX3ZlcnNpb24iOiIxIn0="
        }
      ]
    },
    {
      "module": "module.common_resources_staging.module.azure_oneoff.module.terraform_state_backend_azure_oneoff",
      "mode": "managed",
      "type": "aws_s3_bucket",
      "name": "default",
      "provider": "provider[\"registry.terraform.io/hashicorp/aws\"]",
      "instances": [
        {
          "index_key": 0,
          "schema_version": 0,
          "attributes": {
            "acceleration_status": "",
            "acl": null,
            "arn": "arn:aws:s3:::unityhub-production-azure-oneoff-terraform-state",
            "bucket": "unityhub-production-azure-oneoff-terraform-state",
            "bucket_domain_name": "unityhub-production-azure-oneoff-terraform-state.s3.amazonaws.com",
            "bucket_namespace": "global",
            "bucket_prefix": "",
            "bucket_region": "us-east-1",
            "bucket_regional_domain_name": "unityhub-production-azure-oneoff-terraform-state.s3.us-east-1.amazonaws.com",
            "cors_rule": [],
            "force_destroy": true,
            "grant": [
              {
                "id": "bea86176a486e69a83b4227063efa3be9eb4b243551739d81a6a4b41ec8b3461",
                "permissions": [
                  "FULL_CONTROL"
                ],
                "type": "CanonicalUser",
                "uri": ""
              }
            ],
            "hosted_zone_id": "Z3AQBSTGFYJSTF",
            "id": "unityhub-production-azure-oneoff-terraform-state",
            "lifecycle_rule": [],
            "logging": [],
            "object_lock_configuration": [],
            "object_lock_enabled": false,
            "policy": "{\"Statement\":[{\"Action\":\"s3:PutObject\",\"Condition\":{\"StringNotEquals\":{\"s3:x-amz-server-side-encryption\":[\"AES256\",\"aws:kms\"]}},\"Effect\":\"Deny\",\"Principal\":{\"AWS\":\"*\"},\"Resource\":\"arn:aws:s3:::unityhub-production-azure-oneoff-terraform-state/*\",\"Sid\":\"DenyIncorrectEncryptionHeader\"},{\"Action\":\"s3:PutObject\",\"Condition\":{\"Null\":{\"s3:x-amz-server-side-encryption\":\"true\"}},\"Effect\":\"Deny\",\"Principal\":{\"AWS\":\"*\"},\"Resource\":\"arn:aws:s3:::unityhub-production-azure-oneoff-terraform-state/*\",\"Sid\":\"DenyUnEncryptedObjectUploads\"},{\"Action\":\"s3:*\",\"Condition\":{\"Bool\":{\"aws:SecureTransport\":\"false\"}},\"Effect\":\"Deny\",\"Principal\":{\"AWS\":\"*\"},\"Resource\":[\"arn:aws:s3:::unityhub-production-azure-oneoff-terraform-state/*\",\"arn:aws:s3:::unityhub-production-azure-oneoff-terraform-state\"],\"Sid\":\"EnforceTlsRequestsOnly\"}],\"Version\":\"2012-10-17\"}",
            "region": "us-east-1",
            "replication_configuration": [],
            "request_payer": "BucketOwner",
            "server_side_encryption_configuration": [
              {
                "rule": [
                  {
                    "apply_server_side_encryption_by_default": [
                      {
                        "kms_master_key_id": "",
                        "sse_algorithm": "AES256"
                      }
                    ],
                    "bucket_key_enabled": false
                  }
                ]
              }
            ],
            "tags": {
              "Attributes": "terraform-state",
              "Name": "unityhub-production-azure-oneoff-terraform-state",
              "Namespace": "unityhub",
              "Stage": "production"
            },
            "tags_all": {
              "Attributes": "terraform-state",
              "Name": "unityhub-production-azure-oneoff-terraform-state",
              "Namespace": "unityhub",
              "Stage": "production"
            },
            "timeouts": null,
            "versioning": [
              {
                "enabled": true,
                "mfa_delete": false
              }
            ],
            "website": [],
            "website_domain": null,
            "website_endpoint": null
          },
          "sensitive_attributes": [],
          "identity_schema_version": 0,
          "identity": {
            "account_id": "514472330244",
            "bucket": "unityhub-production-azure-oneoff-terraform-state",
            "region": "us-east-1"
          },
          "private": "eyJlMmJmYjczMC1lY2FhLTExZTYtOGY4OC0zNDM2M2JjN2M0YzAiOnsiY3JlYXRlIjoxMjAwMDAwMDAwMDAwLCJkZWxldGUiOjM2MDAwMDAwMDAwMDAsInJlYWQiOjEyMDAwMDAwMDAwMDAsInVwZGF0ZSI6MTIwMDAwMDAwMDAwMH19"
        }
      ]
    },
    {
      "module": "module.common_resources_staging.module.azure_oneoff.module.terraform_state_backend_azure_oneoff",
      "mode": "managed",
      "type": "aws_s3_bucket_ownership_controls",
      "name": "default",
      "provider": "provider[\"registry.terraform.io/hashicorp/aws\"]",
      "instances": [
        {
          "index_key": 0,
          "schema_version": 0,
          "attributes": {
            "bucket": "unityhub-production-azure-oneoff-terraform-state",
            "id": "unityhub-production-azure-oneoff-terraform-state",
            "region": "us-east-1",
            "rule": [
              {
                "object_ownership": "BucketOwnerEnforced"
              }
            ]
          },
          "sensitive_attributes": [],
          "identity_schema_version": 0,
          "identity": {
            "account_id": "514472330244",
            "bucket": "unityhub-production-azure-oneoff-terraform-state",
            "region": "us-east-1"
          },
          "private": "bnVsbA==",
          "dependencies": [
            "module.common_resources_staging.module.azure_oneoff.module.terraform_state_backend_azure_oneoff.aws_s3_bucket.default"
          ]
        }
      ]
    },
    {
      "module": "module.common_resources_staging.module.azure_oneoff.module.terraform_state_backend_azure_oneoff",
      "mode": "managed",
      "type": "aws_s3_bucket_policy",
      "name": "default",
      "provider": "provider[\"registry.terraform.io/hashicorp/aws\"]",
      "instances": [
        {
          "index_key": 0,
          "schema_version": 0,
          "attributes": {
            "bucket": "unityhub-production-azure-oneoff-terraform-state",
            "id": "unityhub-production-azure-oneoff-terraform-state",
            "policy": "{\"Statement\":[{\"Action\":\"s3:PutObject\",\"Condition\":{\"StringNotEquals\":{\"s3:x-amz-server-side-encryption\":[\"AES256\",\"aws:kms\"]}},\"Effect\":\"Deny\",\"Principal\":{\"AWS\":\"*\"},\"Resource\":\"arn:aws:s3:::unityhub-production-azure-oneoff-terraform-state/*\",\"Sid\":\"DenyIncorrectEncryptionHeader\"},{\"Action\":\"s3:PutObject\",\"Condition\":{\"Null\":{\"s3:x-amz-server-side-encryption\":\"true\"}},\"Effect\":\"Deny\",\"Principal\":{\"AWS\":\"*\"},\"Resource\":\"arn:aws:s3:::unityhub-production-azure-oneoff-terraform-state/*\",\"Sid\":\"DenyUnEncryptedObjectUploads\"},{\"Action\":\"s3:*\",\"Condition\":{\"Bool\":{\"aws:SecureTransport\":\"false\"}},\"Effect\":\"Deny\",\"Principal\":{\"AWS\":\"*\"},\"Resource\":[\"arn:aws:s3:::unityhub-production-azure-oneoff-terraform-state/*\",\"arn:aws:s3:::unityhub-production-azure-oneoff-terraform-state\"],\"Sid\":\"EnforceTlsRequestsOnly\"}],\"Version\":\"2012-10-17\"}",
            "region": "us-east-1"
          },
          "sensitive_attributes": [],
          "identity_schema_version": 0,
          "identity": {
            "account_id": "514472330244",
            "bucket": "unityhub-production-azure-oneoff-terraform-state",
            "region": "us-east-1"
          },
          "private": "bnVsbA==",
          "dependencies": [
            "module.common_resources_staging.module.azure_oneoff.module.terraform_state_backend_azure_oneoff.aws_s3_bucket.default",
            "module.common_resources_staging.module.azure_oneoff.module.terraform_state_backend_azure_oneoff.data.aws_iam_policy_document.prevent_unencrypted_uploads"
          ]
        }
      ]
    },
    {
      "module": "module.common_resources_staging.module.azure_oneoff.module.terraform_state_backend_azure_oneoff",
      "mode": "managed",
      "type": "aws_s3_bucket_public_access_block",
      "name": "default",
      "provider": "provider[\"registry.terraform.io/hashicorp/aws\"]",
      "instances": [
        {
          "index_key": 0,
          "schema_version": 0,
          "attributes": {
            "block_public_acls": true,
            "block_public_policy": true,
            "bucket": "unityhub-production-azure-oneoff-terraform-state",
            "id": "unityhub-production-azure-oneoff-terraform-state",
            "ignore_public_acls": true,
            "region": "us-east-1",
            "restrict_public_buckets": true,
            "skip_destroy": null
          },
          "sensitive_attributes": [],
          "identity_schema_version": 0,
          "identity": {
            "account_id": "514472330244",
            "bucket": "unityhub-production-azure-oneoff-terraform-state",
            "region": "us-east-1"
          },
          "private": "bnVsbA==",
          "dependencies": [
            "module.common_resources_staging.module.azure_oneoff.module.terraform_state_backend_azure_oneoff.aws_s3_bucket.default"
          ]
        }
      ]
    },
    {
      "module": "module.common_resources_staging.module.azure_oneoff.module.terraform_state_backend_azure_oneoff",
      "mode": "managed",
      "type": "aws_s3_bucket_server_side_encryption_configuration",
      "name": "default",
      "provider": "provider[\"registry.terraform.io/hashicorp/aws\"]",
      "instances": [
        {
          "index_key": 0,
          "schema_version": 0,
          "attributes": {
            "bucket": "unityhub-production-azure-oneoff-terraform-state",
            "expected_bucket_owner": "",
            "id": "unityhub-production-azure-oneoff-terraform-state",
            "region": "us-east-1",
            "rule": [
              {
                "apply_server_side_encryption_by_default": [
                  {
                    "kms_master_key_id": "",
                    "sse_algorithm": "AES256"
                  }
                ],
                "blocked_encryption_types": [
                  "SSE-C"
                ],
                "bucket_key_enabled": false
              }
            ]
          },
          "sensitive_attributes": [],
          "identity_schema_version": 1,
          "identity": {
            "account_id": "514472330244",
            "bucket": "unityhub-production-azure-oneoff-terraform-state",
            "region": "us-east-1"
          },
          "private": "bnVsbA==",
          "dependencies": [
            "module.common_resources_staging.module.azure_oneoff.module.terraform_state_backend_azure_oneoff.aws_s3_bucket.default"
          ]
        }
      ]
    },
    {
      "module": "module.common_resources_staging.module.azure_oneoff.module.terraform_state_backend_azure_oneoff",
      "mode": "managed",
      "type": "aws_s3_bucket_versioning",
      "name": "default",
      "provider": "provider[\"registry.terraform.io/hashicorp/aws\"]",
      "instances": [
        {
          "index_key": 0,
          "schema_version": 0,
          "attributes": {
            "bucket": "unityhub-production-azure-oneoff-terraform-state",
            "expected_bucket_owner": "",
            "id": "unityhub-production-azure-oneoff-terraform-state",
            "mfa": null,
            "region": "us-east-1",
            "versioning_configuration": [
              {
                "mfa_delete": "Disabled",
                "status": "Enabled"
              }
            ]
          },
          "sensitive_attributes": [],
          "identity_schema_version": 1,
          "identity": {
            "account_id": "514472330244",
            "bucket": "unityhub-production-azure-oneoff-terraform-state",
            "region": "us-east-1"
          },
          "private": "bnVsbA==",
          "dependencies": [
            "module.common_resources_staging.module.azure_oneoff.module.terraform_state_backend_azure_oneoff.aws_s3_bucket.default"
          ]
        }
      ]
    },
    {
      "module": "module.common_resources_staging.module.azure_oneoff.module.terraform_state_backend_azure_oneoff",
      "mode": "managed",
      "type": "local_file",
      "name": "terraform_backend_config",
      "provider": "provider[\"registry.terraform.io/hashicorp/local\"]",
      "instances": [
        {
          "index_key": 0,
          "schema_version": 0,
          "attributes": {
            "content": "terraform {\n  required_version = \"\u003e= 1.0.0\"\n\n  backend \"s3\" {\n    region         = \"us-east-1\"\n    bucket         = \"unityhub-production-azure-oneoff-terraform-state\"\n    key            = \"terraform.tfstate\"\n    dynamodb_table = \"unityhub-production-azure-oneoff-terraform-state-lock\"\n    profile        = \"\"\n    role_arn       = \"\"\n    encrypt        = \"true\"\n  }\n}\n",
            "content_base64": null,
            "content_base64sha256": "Xsyxj+UkSgomq9w0jxuKYKv++RAIUEB2jAKAgZetQcQ=",
            "content_base64sha512": "E+MHHQwHavsegXYK/ZscJbNzBJWH92eh7GebxGLDfTJPXm607n9QxHuRdxSeerNGhh0lq6TBc8rQOzI4AubbMQ==",
            "content_md5": "d041c94c0216017da4646b0190bfd7f6",
            "content_sha1": "90b3940049c0a1585b4d9166d7d63a2b3655cef4",
            "content_sha256": "5eccb18fe5244a0a26abdc348f1b8a60abfef910085040768c02808197ad41c4",
            "content_sha512": "13e3071d0c076afb1e81760afd9b1c25b373049587f767a1ec679bc462c37d324f5e6eb4ee7f50c47b9177149e7ab346861d25aba4c173cad03b323802e6db31",
            "directory_permission": "0777",
            "file_permission": "0644",
            "filename": "./backend/backend_azure_oneoff.tf",
            "id": "90b3940049c0a1585b4d9166d7d63a2b3655cef4",
            "sensitive_content": null,
            "source": null
          },
          "sensitive_attributes": [
            [
              {
                "type": "get_attr",
                "value": "sensitive_content"
              }
            ]
          ],
          "identity_schema_version": 0,
          "dependencies": [
            "module.common_resources_staging.module.azure_oneoff.module.terraform_state_backend_azure_oneoff.aws_dynamodb_table.with_server_side_encryption",
            "module.common_resources_staging.module.azure_oneoff.module.terraform_state_backend_azure_oneoff.aws_s3_bucket.default",
            "module.common_resources_staging.module.azure_oneoff.module.terraform_state_backend_azure_oneoff.data.aws_region.current"
          ]
        }
      ]
    },
    {
      "module": "module.common_resources_staging.module.booking.module.terraform_state_backend_booking_shared",
      "mode": "data",
      "type": "aws_iam_policy_document",
      "name": "prevent_unencrypted_uploads",
      "provider": "provider[\"registry.terraform.io/hashicorp/aws\"]",
      "instances": [
        {
          "index_key": 0,
          "schema_version": 0,
          "attributes": {
            "id": "2314636550",
            "json": "{\n  \"Version\": \"2012-10-17\",\n  \"Statement\": [\n    {\n      \"Sid\": \"DenyIncorrectEncryptionHeader\",\n      \"Effect\": \"Deny\",\n      \"Action\": \"s3:PutObject\",\n      \"Resource\": \"arn:aws:s3:::unityhub-production-booking-shared-terraform-state/*\",\n      \"Principal\": {\n        \"AWS\": \"*\"\n      },\n      \"Condition\": {\n        \"StringNotEquals\": {\n          \"s3:x-amz-server-side-encryption\": [\n            \"AES256\",\n            \"aws:kms\"\n          ]\n        }\n      }\n    },\n    {\n      \"Sid\": \"DenyUnEncryptedObjectUploads\",\n      \"Effect\": \"Deny\",\n      \"Action\": \"s3:PutObject\",\n      \"Resource\": \"arn:aws:s3:::unityhub-production-booking-shared-terraform-state/*\",\n      \"Principal\": {\n        \"AWS\": \"*\"\n      },\n      \"Condition\": {\n        \"Null\": {\n          \"s3:x-amz-server-side-encryption\": \"true\"\n        }\n      }\n    },\n    {\n      \"Sid\": \"EnforceTlsRequestsOnly\",\n      \"Effect\": \"Deny\",\n      \"Action\": \"s3:*\",\n      \"Resource\": [\n        \"arn:aws:s3:::unityhub-production-booking-shared-terraform-state/*\",\n        \"arn:aws:s3:::unityhub-production-booking-shared-terraform-state\"\n      ],\n      \"Principal\": {\n        \"AWS\": \"*\"\n      },\n      \"Condition\": {\n        \"Bool\": {\n          \"aws:SecureTransport\": \"false\"\n        }\n      }\n    }\n  ]\n}",
            "minified_json": "{\"Version\":\"2012-10-17\",\"Statement\":[{\"Sid\":\"DenyIncorrectEncryptionHeader\",\"Effect\":\"Deny\",\"Action\":\"s3:PutObject\",\"Resource\":\"arn:aws:s3:::unityhub-production-booking-shared-terraform-state/*\",\"Principal\":{\"AWS\":\"*\"},\"Condition\":{\"StringNotEquals\":{\"s3:x-amz-server-side-encryption\":[\"AES256\",\"aws:kms\"]}}},{\"Sid\":\"DenyUnEncryptedObjectUploads\",\"Effect\":\"Deny\",\"Action\":\"s3:PutObject\",\"Resource\":\"arn:aws:s3:::unityhub-production-booking-shared-terraform-state/*\",\"Principal\":{\"AWS\":\"*\"},\"Condition\":{\"Null\":{\"s3:x-amz-server-side-encryption\":\"true\"}}},{\"Sid\":\"EnforceTlsRequestsOnly\",\"Effect\":\"Deny\",\"Action\":\"s3:*\",\"Resource\":[\"arn:aws:s3:::unityhub-production-booking-shared-terraform-state/*\",\"arn:aws:s3:::unityhub-production-booking-shared-terraform-state\"],\"Principal\":{\"AWS\":\"*\"},\"Condition\":{\"Bool\":{\"aws:SecureTransport\":\"false\"}}}]}",
            "override_json": null,
            "override_policy_documents": null,
            "policy_id": null,
            "source_json": null,
            "source_policy_documents": null,
            "statement": [
              {
                "actions": [
                  "s3:PutObject"
                ],
                "condition": [
                  {
                    "test": "StringNotEquals",
                    "values": [
                      "AES256",
                      "aws:kms"
                    ],
                    "variable": "s3:x-amz-server-side-encryption"
                  }
                ],
                "effect": "Deny",
                "not_actions": [],
                "not_principals": [],
                "not_resources": [],
                "principals": [
                  {
                    "identifiers": [
                      "*"
                    ],
                    "type": "AWS"
                  }
                ],
                "resources": [
                  "arn:aws:s3:::unityhub-production-booking-shared-terraform-state/*"
                ],
                "sid": "DenyIncorrectEncryptionHeader"
              },
              {
                "actions": [
                  "s3:PutObject"
                ],
                "condition": [
                  {
                    "test": "Null",
                    "values": [
                      "true"
                    ],
                    "variable": "s3:x-amz-server-side-encryption"
                  }
                ],
                "effect": "Deny",
                "not_actions": [],
                "not_principals": [],
                "not_resources": [],
                "principals": [
                  {
                    "identifiers": [
                      "*"
                    ],
                    "type": "AWS"
                  }
                ],
                "resources": [
                  "arn:aws:s3:::unityhub-production-booking-shared-terraform-state/*"
                ],
                "sid": "DenyUnEncryptedObjectUploads"
              },
              {
                "actions": [
                  "s3:*"
                ],
                "condition": [
                  {
                    "test": "Bool",
                    "values": [
                      "false"
                    ],
                    "variable": "aws:SecureTransport"
                  }
                ],
                "effect": "Deny",
                "not_actions": [],
                "not_principals": [],
                "not_resources": [],
                "principals": [
                  {
                    "identifiers": [
                      "*"
                    ],
                    "type": "AWS"
                  }
                ],
                "resources": [
                  "arn:aws:s3:::unityhub-production-booking-shared-terraform-state",
                  "arn:aws:s3:::unityhub-production-booking-shared-terraform-state/*"
                ],
                "sid": "EnforceTlsRequestsOnly"
              }
            ],
            "version": "2012-10-17"
          },
          "sensitive_attributes": [],
          "identity_schema_version": 0
        }
      ]
    },
    {
      "module": "module.common_resources_staging.module.booking.module.terraform_state_backend_booking_shared",
      "mode": "data",
      "type": "aws_region",
      "name": "current",
      "provider": "provider[\"registry.terraform.io/hashicorp/aws\"]",
      "instances": [
        {
          "schema_version": 0,
          "attributes": {
            "description": "US East (N. Virginia)",
            "endpoint": "ec2.us-east-1.amazonaws.com",
            "id": "us-east-1",
            "name": "us-east-1",
            "region": "us-east-1"
          },
          "sensitive_attributes": [],
          "identity_schema_version": 0
        }
      ]
    },
    {
      "module": "module.common_resources_staging.module.booking.module.terraform_state_backend_booking_shared",
      "mode": "managed",
      "type": "aws_dynamodb_table",
      "name": "with_server_side_encryption",
      "provider": "provider[\"registry.terraform.io/hashicorp/aws\"]",
      "instances": [
        {
          "index_key": 0,
          "schema_version": 1,
          "attributes": {
            "arn": "arn:aws:dynamodb:us-east-1:514472330244:table/unityhub-production-booking-shared-terraform-state-lock",
            "attribute": [
              {
                "name": "LockID",
                "type": "S"
              }
            ],
            "billing_mode": "PAY_PER_REQUEST",
            "deletion_protection_enabled": false,
            "global_secondary_index": [],
            "global_table_witness": [],
            "hash_key": "LockID",
            "id": "unityhub-production-booking-shared-terraform-state-lock",
            "import_table": [],
            "local_secondary_index": [],
            "name": "unityhub-production-booking-shared-terraform-state-lock",
            "on_demand_throughput": [],
            "point_in_time_recovery": [
              {
                "enabled": true,
                "recovery_period_in_days": 35
              }
            ],
            "range_key": null,
            "read_capacity": 0,
            "region": "us-east-1",
            "replica": [],
            "restore_backup_arn": null,
            "restore_date_time": null,
            "restore_source_name": null,
            "restore_source_table_arn": null,
            "restore_to_latest_time": null,
            "server_side_encryption": [
              {
                "enabled": true,
                "kms_key_arn": ""
              }
            ],
            "stream_arn": "",
            "stream_enabled": false,
            "stream_label": "",
            "stream_view_type": "",
            "table_class": "STANDARD",
            "tags": {
              "Attributes": "terraform-state-lock",
              "Name": "unityhub-production-booking-shared-terraform-state-lock",
              "Namespace": "unityhub",
              "Stage": "production"
            },
            "tags_all": {
              "Attributes": "terraform-state-lock",
              "Name": "unityhub-production-booking-shared-terraform-state-lock",
              "Namespace": "unityhub",
              "Stage": "production"
            },
            "timeouts": null,
            "ttl": [
              {
                "attribute_name": "",
                "enabled": false
              }
            ],
            "warm_throughput": [],
            "write_capacity": 0
          },
          "sensitive_attributes": [],
          "identity_schema_version": 0,
          "identity": {
            "account_id": "514472330244",
            "name": "unityhub-production-booking-shared-terraform-state-lock",
            "region": "us-east-1"
          },
          "private": "eyJlMmJmYjczMC1lY2FhLTExZTYtOGY4OC0zNDM2M2JjN2M0YzAiOnsiY3JlYXRlIjoxODAwMDAwMDAwMDAwLCJkZWxldGUiOjYwMDAwMDAwMDAwMCwidXBkYXRlIjozNjAwMDAwMDAwMDAwfSwic2NoZW1hX3ZlcnNpb24iOiIxIn0="
        }
      ]
    },
    {
      "module": "module.common_resources_staging.module.booking.module.terraform_state_backend_booking_shared",
      "mode": "managed",
      "type": "aws_s3_bucket",
      "name": "default",
      "provider": "provider[\"registry.terraform.io/hashicorp/aws\"]",
      "instances": [
        {
          "index_key": 0,
          "schema_version": 0,
          "attributes": {
            "acceleration_status": "",
            "acl": null,
            "arn": "arn:aws:s3:::unityhub-production-booking-shared-terraform-state",
            "bucket": "unityhub-production-booking-shared-terraform-state",
            "bucket_domain_name": "unityhub-production-booking-shared-terraform-state.s3.amazonaws.com",
            "bucket_namespace": "global",
            "bucket_prefix": "",
            "bucket_region": "us-east-1",
            "bucket_regional_domain_name": "unityhub-production-booking-shared-terraform-state.s3.us-east-1.amazonaws.com",
            "cors_rule": [],
            "force_destroy": true,
            "grant": [
              {
                "id": "bea86176a486e69a83b4227063efa3be9eb4b243551739d81a6a4b41ec8b3461",
                "permissions": [
                  "FULL_CONTROL"
                ],
                "type": "CanonicalUser",
                "uri": ""
              }
            ],
            "hosted_zone_id": "Z3AQBSTGFYJSTF",
            "id": "unityhub-production-booking-shared-terraform-state",
            "lifecycle_rule": [],
            "logging": [],
            "object_lock_configuration": [],
            "object_lock_enabled": false,
            "policy": "{\"Statement\":[{\"Action\":\"s3:PutObject\",\"Condition\":{\"StringNotEquals\":{\"s3:x-amz-server-side-encryption\":[\"AES256\",\"aws:kms\"]}},\"Effect\":\"Deny\",\"Principal\":{\"AWS\":\"*\"},\"Resource\":\"arn:aws:s3:::unityhub-production-booking-shared-terraform-state/*\",\"Sid\":\"DenyIncorrectEncryptionHeader\"},{\"Action\":\"s3:PutObject\",\"Condition\":{\"Null\":{\"s3:x-amz-server-side-encryption\":\"true\"}},\"Effect\":\"Deny\",\"Principal\":{\"AWS\":\"*\"},\"Resource\":\"arn:aws:s3:::unityhub-production-booking-shared-terraform-state/*\",\"Sid\":\"DenyUnEncryptedObjectUploads\"},{\"Action\":\"s3:*\",\"Condition\":{\"Bool\":{\"aws:SecureTransport\":\"false\"}},\"Effect\":\"Deny\",\"Principal\":{\"AWS\":\"*\"},\"Resource\":[\"arn:aws:s3:::unityhub-production-booking-shared-terraform-state/*\",\"arn:aws:s3:::unityhub-production-booking-shared-terraform-state\"],\"Sid\":\"EnforceTlsRequestsOnly\"}],\"Version\":\"2012-10-17\"}",
            "region": "us-east-1",
            "replication_configuration": [],
            "request_payer": "BucketOwner",
            "server_side_encryption_configuration": [
              {
                "rule": [
                  {
                    "apply_server_side_encryption_by_default": [
                      {
                        "kms_master_key_id": "",
                        "sse_algorithm": "AES256"
                      }
                    ],
                    "bucket_key_enabled": false
                  }
                ]
              }
            ],
            "tags": {
              "Attributes": "terraform-state",
              "Name": "unityhub-production-booking-shared-terraform-state",
              "Namespace": "unityhub",
              "Stage": "production"
            },
            "tags_all": {
              "Attributes": "terraform-state",
              "Name": "unityhub-production-booking-shared-terraform-state",
              "Namespace": "unityhub",
              "Stage": "production"
            },
            "timeouts": null,
            "versioning": [
              {
                "enabled": true,
                "mfa_delete": false
              }
            ],
            "website": [],
            "website_domain": null,
            "website_endpoint": null
          },
          "sensitive_attributes": [],
          "identity_schema_version": 0,
          "identity": {
            "account_id": "514472330244",
            "bucket": "unityhub-production-booking-shared-terraform-state",
            "region": "us-east-1"
          },
          "private": "eyJlMmJmYjczMC1lY2FhLTExZTYtOGY4OC0zNDM2M2JjN2M0YzAiOnsiY3JlYXRlIjoxMjAwMDAwMDAwMDAwLCJkZWxldGUiOjM2MDAwMDAwMDAwMDAsInJlYWQiOjEyMDAwMDAwMDAwMDAsInVwZGF0ZSI6MTIwMDAwMDAwMDAwMH19"
        }
      ]
    },
    {
      "module": "module.common_resources_staging.module.booking.module.terraform_state_backend_booking_shared",
      "mode": "managed",
      "type": "aws_s3_bucket_ownership_controls",
      "name": "default",
      "provider": "provider[\"registry.terraform.io/hashicorp/aws\"]",
      "instances": [
        {
          "index_key": 0,
          "schema_version": 0,
          "attributes": {
            "bucket": "unityhub-production-booking-shared-terraform-state",
            "id": "unityhub-production-booking-shared-terraform-state",
            "region": "us-east-1",
            "rule": [
              {
                "object_ownership": "BucketOwnerEnforced"
              }
            ]
          },
          "sensitive_attributes": [],
          "identity_schema_version": 0,
          "identity": {
            "account_id": "514472330244",
            "bucket": "unityhub-production-booking-shared-terraform-state",
            "region": "us-east-1"
          },
          "private": "bnVsbA==",
          "dependencies": [
            "module.common_resources_staging.module.booking.module.terraform_state_backend_booking_shared.aws_s3_bucket.default"
          ]
        }
      ]
    },
    {
      "module": "module.common_resources_staging.module.booking.module.terraform_state_backend_booking_shared",
      "mode": "managed",
      "type": "aws_s3_bucket_policy",
      "name": "default",
      "provider": "provider[\"registry.terraform.io/hashicorp/aws\"]",
      "instances": [
        {
          "index_key": 0,
          "schema_version": 0,
          "attributes": {
            "bucket": "unityhub-production-booking-shared-terraform-state",
            "id": "unityhub-production-booking-shared-terraform-state",
            "policy": "{\"Statement\":[{\"Action\":\"s3:PutObject\",\"Condition\":{\"StringNotEquals\":{\"s3:x-amz-server-side-encryption\":[\"AES256\",\"aws:kms\"]}},\"Effect\":\"Deny\",\"Principal\":{\"AWS\":\"*\"},\"Resource\":\"arn:aws:s3:::unityhub-production-booking-shared-terraform-state/*\",\"Sid\":\"DenyIncorrectEncryptionHeader\"},{\"Action\":\"s3:PutObject\",\"Condition\":{\"Null\":{\"s3:x-amz-server-side-encryption\":\"true\"}},\"Effect\":\"Deny\",\"Principal\":{\"AWS\":\"*\"},\"Resource\":\"arn:aws:s3:::unityhub-production-booking-shared-terraform-state/*\",\"Sid\":\"DenyUnEncryptedObjectUploads\"},{\"Action\":\"s3:*\",\"Condition\":{\"Bool\":{\"aws:SecureTransport\":\"false\"}},\"Effect\":\"Deny\",\"Principal\":{\"AWS\":\"*\"},\"Resource\":[\"arn:aws:s3:::unityhub-production-booking-shared-terraform-state/*\",\"arn:aws:s3:::unityhub-production-booking-shared-terraform-state\"],\"Sid\":\"EnforceTlsRequestsOnly\"}],\"Version\":\"2012-10-17\"}",
            "region": "us-east-1"
          },
          "sensitive_attributes": [],
          "identity_schema_version": 0,
          "identity": {
            "account_id": "514472330244",
            "bucket": "unityhub-production-booking-shared-terraform-state",
            "region": "us-east-1"
          },
          "private": "bnVsbA==",
          "dependencies": [
            "module.common_resources_staging.module.booking.module.terraform_state_backend_booking_shared.aws_s3_bucket.default",
            "module.common_resources_staging.module.booking.module.terraform_state_backend_booking_shared.data.aws_iam_policy_document.prevent_unencrypted_uploads"
          ]
        }
      ]
    },
    {
      "module": "module.common_resources_staging.module.booking.module.terraform_state_backend_booking_shared",
      "mode": "managed",
      "type": "aws_s3_bucket_public_access_block",
      "name": "default",
      "provider": "provider[\"registry.terraform.io/hashicorp/aws\"]",
      "instances": [
        {
          "index_key": 0,
          "schema_version": 0,
          "attributes": {
            "block_public_acls": true,
            "block_public_policy": true,
            "bucket": "unityhub-production-booking-shared-terraform-state",
            "id": "unityhub-production-booking-shared-terraform-state",
            "ignore_public_acls": true,
            "region": "us-east-1",
            "restrict_public_buckets": true,
            "skip_destroy": null
          },
          "sensitive_attributes": [],
          "identity_schema_version": 0,
          "identity": {
            "account_id": "514472330244",
            "bucket": "unityhub-production-booking-shared-terraform-state",
            "region": "us-east-1"
          },
          "private": "bnVsbA==",
          "dependencies": [
            "module.common_resources_staging.module.booking.module.terraform_state_backend_booking_shared.aws_s3_bucket.default"
          ]
        }
      ]
    },
    {
      "module": "module.common_resources_staging.module.booking.module.terraform_state_backend_booking_shared",
      "mode": "managed",
      "type": "aws_s3_bucket_server_side_encryption_configuration",
      "name": "default",
      "provider": "provider[\"registry.terraform.io/hashicorp/aws\"]",
      "instances": [
        {
          "index_key": 0,
          "schema_version": 0,
          "attributes": {
            "bucket": "unityhub-production-booking-shared-terraform-state",
            "expected_bucket_owner": "",
            "id": "unityhub-production-booking-shared-terraform-state",
            "region": "us-east-1",
            "rule": [
              {
                "apply_server_side_encryption_by_default": [
                  {
                    "kms_master_key_id": "",
                    "sse_algorithm": "AES256"
                  }
                ],
                "blocked_encryption_types": [
                  "SSE-C"
                ],
                "bucket_key_enabled": false
              }
            ]
          },
          "sensitive_attributes": [],
          "identity_schema_version": 1,
          "identity": {
            "account_id": "514472330244",
            "bucket": "unityhub-production-booking-shared-terraform-state",
            "region": "us-east-1"
          },
          "private": "bnVsbA==",
          "dependencies": [
            "module.common_resources_staging.module.booking.module.terraform_state_backend_booking_shared.aws_s3_bucket.default"
          ]
        }
      ]
    },
    {
      "module": "module.common_resources_staging.module.booking.module.terraform_state_backend_booking_shared",
      "mode": "managed",
      "type": "aws_s3_bucket_versioning",
      "name": "default",
      "provider": "provider[\"registry.terraform.io/hashicorp/aws\"]",
      "instances": [
        {
          "index_key": 0,
          "schema_version": 0,
          "attributes": {
            "bucket": "unityhub-production-booking-shared-terraform-state",
            "expected_bucket_owner": "",
            "id": "unityhub-production-booking-shared-terraform-state",
            "mfa": null,
            "region": "us-east-1",
            "versioning_configuration": [
              {
                "mfa_delete": "Disabled",
                "status": "Enabled"
              }
            ]
          },
          "sensitive_attributes": [],
          "identity_schema_version": 1,
          "identity": {
            "account_id": "514472330244",
            "bucket": "unityhub-production-booking-shared-terraform-state",
            "region": "us-east-1"
          },
          "private": "bnVsbA==",
          "dependencies": [
            "module.common_resources_staging.module.booking.module.terraform_state_backend_booking_shared.aws_s3_bucket.default"
          ]
        }
      ]
    },
    {
      "module": "module.common_resources_staging.module.booking.module.terraform_state_backend_booking_shared",
      "mode": "managed",
      "type": "local_file",
      "name": "terraform_backend_config",
      "provider": "provider[\"registry.terraform.io/hashicorp/local\"]",
      "instances": [
        {
          "index_key": 0,
          "schema_version": 0,
          "attributes": {
            "content": "terraform {\n  required_version = \"\u003e= 1.0.0\"\n\n  backend \"s3\" {\n    region         = \"us-east-1\"\n    bucket         = \"unityhub-production-booking-shared-terraform-state\"\n    key            = \"terraform.tfstate\"\n    dynamodb_table = \"unityhub-production-booking-shared-terraform-state-lock\"\n    profile        = \"\"\n    role_arn       = \"\"\n    encrypt        = \"true\"\n  }\n}\n",
            "content_base64": null,
            "content_base64sha256": "KKLqT8xjv9t6ynjzXF+aaUYhrYM6+bwkvVy/3mEl7L0=",
            "content_base64sha512": "tV+VVoQXAQVFvXCiSunJuAL6xrhEqQOBeVjcDkIJv7gZsVSuXIYJq4XXphmWoARsHD9BAWnznTZO0xbg9qKFFA==",
            "content_md5": "98eccb5375c9b36988c27f2c34cdd56d",
            "content_sha1": "b8bc804eabd075e8eadc5ec38c45b7eb30ba3744",
            "content_sha256": "28a2ea4fcc63bfdb7aca78f35c5f9a694621ad833af9bc24bd5cbfde6125ecbd",
            "content_sha512": "b55f95568417010545bd70a24ae9c9b802fac6b844a903817958dc0e4209bfb819b154ae5c8609ab85d7a61996a0046c1c3f410169f39d364ed316e0f6a28514",
            "directory_permission": "0777",
            "file_permission": "0644",
            "filename": "./backend/backend_booking_shared.tf",
            "id": "b8bc804eabd075e8eadc5ec38c45b7eb30ba3744",
            "sensitive_content": null,
            "source": null
          },
          "sensitive_attributes": [
            [
              {
                "type": "get_attr",
                "value": "sensitive_content"
              }
            ]
          ],
          "identity_schema_version": 0,
          "dependencies": [
            "module.common_resources_staging.module.booking.module.terraform_state_backend_booking_shared.aws_dynamodb_table.with_server_side_encryption",
            "module.common_resources_staging.module.booking.module.terraform_state_backend_booking_shared.aws_s3_bucket.default",
            "module.common_resources_staging.module.booking.module.terraform_state_backend_booking_shared.data.aws_region.current"
          ]
        }
      ]
    },
    {
      "module": "module.common_resources_staging.module.core.module.terraform_state_backend_core_shared",
      "mode": "data",
      "type": "aws_iam_policy_document",
      "name": "prevent_unencrypted_uploads",
      "provider": "provider[\"registry.terraform.io/hashicorp/aws\"]",
      "instances": [
        {
          "index_key": 0,
          "schema_version": 0,
          "attributes": {
            "id": "2947662628",
            "json": "{\n  \"Version\": \"2012-10-17\",\n  \"Statement\": [\n    {\n      \"Sid\": \"DenyIncorrectEncryptionHeader\",\n      \"Effect\": \"Deny\",\n      \"Action\": \"s3:PutObject\",\n      \"Resource\": \"arn:aws:s3:::unityhub-production-core-shared-terraform-state/*\",\n      \"Principal\": {\n        \"AWS\": \"*\"\n      },\n      \"Condition\": {\n        \"StringNotEquals\": {\n          \"s3:x-amz-server-side-encryption\": [\n            \"AES256\",\n            \"aws:kms\"\n          ]\n        }\n      }\n    },\n    {\n      \"Sid\": \"DenyUnEncryptedObjectUploads\",\n      \"Effect\": \"Deny\",\n      \"Action\": \"s3:PutObject\",\n      \"Resource\": \"arn:aws:s3:::unityhub-production-core-shared-terraform-state/*\",\n      \"Principal\": {\n        \"AWS\": \"*\"\n      },\n      \"Condition\": {\n        \"Null\": {\n          \"s3:x-amz-server-side-encryption\": \"true\"\n        }\n      }\n    },\n    {\n      \"Sid\": \"EnforceTlsRequestsOnly\",\n      \"Effect\": \"Deny\",\n      \"Action\": \"s3:*\",\n      \"Resource\": [\n        \"arn:aws:s3:::unityhub-production-core-shared-terraform-state/*\",\n        \"arn:aws:s3:::unityhub-production-core-shared-terraform-state\"\n      ],\n      \"Principal\": {\n        \"AWS\": \"*\"\n      },\n      \"Condition\": {\n        \"Bool\": {\n          \"aws:SecureTransport\": \"false\"\n        }\n      }\n    }\n  ]\n}",
            "minified_json": "{\"Version\":\"2012-10-17\",\"Statement\":[{\"Sid\":\"DenyIncorrectEncryptionHeader\",\"Effect\":\"Deny\",\"Action\":\"s3:PutObject\",\"Resource\":\"arn:aws:s3:::unityhub-production-core-shared-terraform-state/*\",\"Principal\":{\"AWS\":\"*\"},\"Condition\":{\"StringNotEquals\":{\"s3:x-amz-server-side-encryption\":[\"AES256\",\"aws:kms\"]}}},{\"Sid\":\"DenyUnEncryptedObjectUploads\",\"Effect\":\"Deny\",\"Action\":\"s3:PutObject\",\"Resource\":\"arn:aws:s3:::unityhub-production-core-shared-terraform-state/*\",\"Principal\":{\"AWS\":\"*\"},\"Condition\":{\"Null\":{\"s3:x-amz-server-side-encryption\":\"true\"}}},{\"Sid\":\"EnforceTlsRequestsOnly\",\"Effect\":\"Deny\",\"Action\":\"s3:*\",\"Resource\":[\"arn:aws:s3:::unityhub-production-core-shared-terraform-state/*\",\"arn:aws:s3:::unityhub-production-core-shared-terraform-state\"],\"Principal\":{\"AWS\":\"*\"},\"Condition\":{\"Bool\":{\"aws:SecureTransport\":\"false\"}}}]}",
            "override_json": null,
            "override_policy_documents": null,
            "policy_id": null,
            "source_json": null,
            "source_policy_documents": null,
            "statement": [
              {
                "actions": [
                  "s3:PutObject"
                ],
                "condition": [
                  {
                    "test": "StringNotEquals",
                    "values": [
                      "AES256",
                      "aws:kms"
                    ],
                    "variable": "s3:x-amz-server-side-encryption"
                  }
                ],
                "effect": "Deny",
                "not_actions": [],
                "not_principals": [],
                "not_resources": [],
                "principals": [
                  {
                    "identifiers": [
                      "*"
                    ],
                    "type": "AWS"
                  }
                ],
                "resources": [
                  "arn:aws:s3:::unityhub-production-core-shared-terraform-state/*"
                ],
                "sid": "DenyIncorrectEncryptionHeader"
              },
              {
                "actions": [
                  "s3:PutObject"
                ],
                "condition": [
                  {
                    "test": "Null",
                    "values": [
                      "true"
                    ],
                    "variable": "s3:x-amz-server-side-encryption"
                  }
                ],
                "effect": "Deny",
                "not_actions": [],
                "not_principals": [],
                "not_resources": [],
                "principals": [
                  {
                    "identifiers": [
                      "*"
                    ],
                    "type": "AWS"
                  }
                ],
                "resources": [
                  "arn:aws:s3:::unityhub-production-core-shared-terraform-state/*"
                ],
                "sid": "DenyUnEncryptedObjectUploads"
              },
              {
                "actions": [
                  "s3:*"
                ],
                "condition": [
                  {
                    "test": "Bool",
                    "values": [
                      "false"
                    ],
                    "variable": "aws:SecureTransport"
                  }
                ],
                "effect": "Deny",
                "not_actions": [],
                "not_principals": [],
                "not_resources": [],
                "principals": [
                  {
                    "identifiers": [
                      "*"
                    ],
                    "type": "AWS"
                  }
                ],
                "resources": [
                  "arn:aws:s3:::unityhub-production-core-shared-terraform-state",
                  "arn:aws:s3:::unityhub-production-core-shared-terraform-state/*"
                ],
                "sid": "EnforceTlsRequestsOnly"
              }
            ],
            "version": "2012-10-17"
          },
          "sensitive_attributes": [],
          "identity_schema_version": 0
        }
      ]
    },
    {
      "module": "module.common_resources_staging.module.core.module.terraform_state_backend_core_shared",
      "mode": "data",
      "type": "aws_region",
      "name": "current",
      "provider": "provider[\"registry.terraform.io/hashicorp/aws\"]",
      "instances": [
        {
          "schema_version": 0,
          "attributes": {
            "description": "US East (N. Virginia)",
            "endpoint": "ec2.us-east-1.amazonaws.com",
            "id": "us-east-1",
            "name": "us-east-1",
            "region": "us-east-1"
          },
          "sensitive_attributes": [],
          "identity_schema_version": 0
        }
      ]
    },
    {
      "module": "module.common_resources_staging.module.core.module.terraform_state_backend_core_shared",
      "mode": "managed",
      "type": "aws_dynamodb_table",
      "name": "with_server_side_encryption",
      "provider": "provider[\"registry.terraform.io/hashicorp/aws\"]",
      "instances": [
        {
          "index_key": 0,
          "schema_version": 1,
          "attributes": {
            "arn": "arn:aws:dynamodb:us-east-1:514472330244:table/unityhub-production-core-shared-terraform-state-lock",
            "attribute": [
              {
                "name": "LockID",
                "type": "S"
              }
            ],
            "billing_mode": "PAY_PER_REQUEST",
            "deletion_protection_enabled": false,
            "global_secondary_index": [],
            "global_table_witness": [],
            "hash_key": "LockID",
            "id": "unityhub-production-core-shared-terraform-state-lock",
            "import_table": [],
            "local_secondary_index": [],
            "name": "unityhub-production-core-shared-terraform-state-lock",
            "on_demand_throughput": [],
            "point_in_time_recovery": [
              {
                "enabled": true,
                "recovery_period_in_days": 35
              }
            ],
            "range_key": null,
            "read_capacity": 0,
            "region": "us-east-1",
            "replica": [],
            "restore_backup_arn": null,
            "restore_date_time": null,
            "restore_source_name": null,
            "restore_source_table_arn": null,
            "restore_to_latest_time": null,
            "server_side_encryption": [
              {
                "enabled": true,
                "kms_key_arn": ""
              }
            ],
            "stream_arn": "",
            "stream_enabled": false,
            "stream_label": "",
            "stream_view_type": "",
            "table_class": "STANDARD",
            "tags": {
              "Attributes": "terraform-state-lock",
              "Name": "unityhub-production-core-shared-terraform-state-lock",
              "Namespace": "unityhub",
              "Stage": "production"
            },
            "tags_all": {
              "Attributes": "terraform-state-lock",
              "Name": "unityhub-production-core-shared-terraform-state-lock",
              "Namespace": "unityhub",
              "Stage": "production"
            },
            "timeouts": null,
            "ttl": [
              {
                "attribute_name": "",
                "enabled": false
              }
            ],
            "warm_throughput": [],
            "write_capacity": 0
          },
          "sensitive_attributes": [],
          "identity_schema_version": 0,
          "identity": {
            "account_id": "514472330244",
            "name": "unityhub-production-core-shared-terraform-state-lock",
            "region": "us-east-1"
          },
          "private": "eyJlMmJmYjczMC1lY2FhLTExZTYtOGY4OC0zNDM2M2JjN2M0YzAiOnsiY3JlYXRlIjoxODAwMDAwMDAwMDAwLCJkZWxldGUiOjYwMDAwMDAwMDAwMCwidXBkYXRlIjozNjAwMDAwMDAwMDAwfSwic2NoZW1hX3ZlcnNpb24iOiIxIn0="
        }
      ]
    },
    {
      "module": "module.common_resources_staging.module.core.module.terraform_state_backend_core_shared",
      "mode": "managed",
      "type": "aws_s3_bucket",
      "name": "default",
      "provider": "provider[\"registry.terraform.io/hashicorp/aws\"]",
      "instances": [
        {
          "index_key": 0,
          "schema_version": 0,
          "attributes": {
            "acceleration_status": "",
            "acl": null,
            "arn": "arn:aws:s3:::unityhub-production-core-shared-terraform-state",
            "bucket": "unityhub-production-core-shared-terraform-state",
            "bucket_domain_name": "unityhub-production-core-shared-terraform-state.s3.amazonaws.com",
            "bucket_namespace": "global",
            "bucket_prefix": "",
            "bucket_region": "us-east-1",
            "bucket_regional_domain_name": "unityhub-production-core-shared-terraform-state.s3.us-east-1.amazonaws.com",
            "cors_rule": [],
            "force_destroy": true,
            "grant": [
              {
                "id": "bea86176a486e69a83b4227063efa3be9eb4b243551739d81a6a4b41ec8b3461",
                "permissions": [
                  "FULL_CONTROL"
                ],
                "type": "CanonicalUser",
                "uri": ""
              }
            ],
            "hosted_zone_id": "Z3AQBSTGFYJSTF",
            "id": "unityhub-production-core-shared-terraform-state",
            "lifecycle_rule": [],
            "logging": [],
            "object_lock_configuration": [],
            "object_lock_enabled": false,
            "policy": "{\"Statement\":[{\"Action\":\"s3:PutObject\",\"Condition\":{\"StringNotEquals\":{\"s3:x-amz-server-side-encryption\":[\"AES256\",\"aws:kms\"]}},\"Effect\":\"Deny\",\"Principal\":{\"AWS\":\"*\"},\"Resource\":\"arn:aws:s3:::unityhub-production-core-shared-terraform-state/*\",\"Sid\":\"DenyIncorrectEncryptionHeader\"},{\"Action\":\"s3:PutObject\",\"Condition\":{\"Null\":{\"s3:x-amz-server-side-encryption\":\"true\"}},\"Effect\":\"Deny\",\"Principal\":{\"AWS\":\"*\"},\"Resource\":\"arn:aws:s3:::unityhub-production-core-shared-terraform-state/*\",\"Sid\":\"DenyUnEncryptedObjectUploads\"},{\"Action\":\"s3:*\",\"Condition\":{\"Bool\":{\"aws:SecureTransport\":\"false\"}},\"Effect\":\"Deny\",\"Principal\":{\"AWS\":\"*\"},\"Resource\":[\"arn:aws:s3:::unityhub-production-core-shared-terraform-state/*\",\"arn:aws:s3:::unityhub-production-core-shared-terraform-state\"],\"Sid\":\"EnforceTlsRequestsOnly\"}],\"Version\":\"2012-10-17\"}",
            "region": "us-east-1",
            "replication_configuration": [],
            "request_payer": "BucketOwner",
            "server_side_encryption_configuration": [
              {
                "rule": [
                  {
                    "apply_server_side_encryption_by_default": [
                      {
                        "kms_master_key_id": "",
                        "sse_algorithm": "AES256"
                      }
                    ],
                    "bucket_key_enabled": false
                  }
                ]
              }
            ],
            "tags": {
              "Attributes": "terraform-state",
              "Name": "unityhub-production-core-shared-terraform-state",
              "Namespace": "unityhub",
              "Stage": "production"
            },
            "tags_all": {
              "Attributes": "terraform-state",
              "Name": "unityhub-production-core-shared-terraform-state",
              "Namespace": "unityhub",
              "Stage": "production"
            },
            "timeouts": null,
            "versioning": [
              {
                "enabled": true,
                "mfa_delete": false
              }
            ],
            "website": [],
            "website_domain": null,
            "website_endpoint": null
          },
          "sensitive_attributes": [],
          "identity_schema_version": 0,
          "identity": {
            "account_id": "514472330244",
            "bucket": "unityhub-production-core-shared-terraform-state",
            "region": "us-east-1"
          },
          "private": "eyJlMmJmYjczMC1lY2FhLTExZTYtOGY4OC0zNDM2M2JjN2M0YzAiOnsiY3JlYXRlIjoxMjAwMDAwMDAwMDAwLCJkZWxldGUiOjM2MDAwMDAwMDAwMDAsInJlYWQiOjEyMDAwMDAwMDAwMDAsInVwZGF0ZSI6MTIwMDAwMDAwMDAwMH19"
        }
      ]
    },
    {
      "module": "module.common_resources_staging.module.core.module.terraform_state_backend_core_shared",
      "mode": "managed",
      "type": "aws_s3_bucket_ownership_controls",
      "name": "default",
      "provider": "provider[\"registry.terraform.io/hashicorp/aws\"]",
      "instances": [
        {
          "index_key": 0,
          "schema_version": 0,
          "attributes": {
            "bucket": "unityhub-production-core-shared-terraform-state",
            "id": "unityhub-production-core-shared-terraform-state",
            "region": "us-east-1",
            "rule": [
              {
                "object_ownership": "BucketOwnerEnforced"
              }
            ]
          },
          "sensitive_attributes": [],
          "identity_schema_version": 0,
          "identity": {
            "account_id": "514472330244",
            "bucket": "unityhub-production-core-shared-terraform-state",
            "region": "us-east-1"
          },
          "private": "bnVsbA==",
          "dependencies": [
            "module.common_resources_staging.module.core.module.terraform_state_backend_core_shared.aws_s3_bucket.default"
          ]
        }
      ]
    },
    {
      "module": "module.common_resources_staging.module.core.module.terraform_state_backend_core_shared",
      "mode": "managed",
      "type": "aws_s3_bucket_policy",
      "name": "default",
      "provider": "provider[\"registry.terraform.io/hashicorp/aws\"]",
      "instances": [
        {
          "index_key": 0,
          "schema_version": 0,
          "attributes": {
            "bucket": "unityhub-production-core-shared-terraform-state",
            "id": "unityhub-production-core-shared-terraform-state",
            "policy": "{\"Statement\":[{\"Action\":\"s3:PutObject\",\"Condition\":{\"StringNotEquals\":{\"s3:x-amz-server-side-encryption\":[\"AES256\",\"aws:kms\"]}},\"Effect\":\"Deny\",\"Principal\":{\"AWS\":\"*\"},\"Resource\":\"arn:aws:s3:::unityhub-production-core-shared-terraform-state/*\",\"Sid\":\"DenyIncorrectEncryptionHeader\"},{\"Action\":\"s3:PutObject\",\"Condition\":{\"Null\":{\"s3:x-amz-server-side-encryption\":\"true\"}},\"Effect\":\"Deny\",\"Principal\":{\"AWS\":\"*\"},\"Resource\":\"arn:aws:s3:::unityhub-production-core-shared-terraform-state/*\",\"Sid\":\"DenyUnEncryptedObjectUploads\"},{\"Action\":\"s3:*\",\"Condition\":{\"Bool\":{\"aws:SecureTransport\":\"false\"}},\"Effect\":\"Deny\",\"Principal\":{\"AWS\":\"*\"},\"Resource\":[\"arn:aws:s3:::unityhub-production-core-shared-terraform-state/*\",\"arn:aws:s3:::unityhub-production-core-shared-terraform-state\"],\"Sid\":\"EnforceTlsRequestsOnly\"}],\"Version\":\"2012-10-17\"}",
            "region": "us-east-1"
          },
          "sensitive_attributes": [],
          "identity_schema_version": 0,
          "identity": {
            "account_id": "514472330244",
            "bucket": "unityhub-production-core-shared-terraform-state",
            "region": "us-east-1"
          },
          "private": "bnVsbA==",
          "dependencies": [
            "module.common_resources_staging.module.core.module.terraform_state_backend_core_shared.aws_s3_bucket.default",
            "module.common_resources_staging.module.core.module.terraform_state_backend_core_shared.data.aws_iam_policy_document.prevent_unencrypted_uploads"
          ]
        }
      ]
    },
    {
      "module": "module.common_resources_staging.module.core.module.terraform_state_backend_core_shared",
      "mode": "managed",
      "type": "aws_s3_bucket_public_access_block",
      "name": "default",
      "provider": "provider[\"registry.terraform.io/hashicorp/aws\"]",
      "instances": [
        {
          "index_key": 0,
          "schema_version": 0,
          "attributes": {
            "block_public_acls": true,
            "block_public_policy": true,
            "bucket": "unityhub-production-core-shared-terraform-state",
            "id": "unityhub-production-core-shared-terraform-state",
            "ignore_public_acls": true,
            "region": "us-east-1",
            "restrict_public_buckets": true,
            "skip_destroy": null
          },
          "sensitive_attributes": [],
          "identity_schema_version": 0,
          "identity": {
            "account_id": "514472330244",
            "bucket": "unityhub-production-core-shared-terraform-state",
            "region": "us-east-1"
          },
          "private": "bnVsbA==",
          "dependencies": [
            "module.common_resources_staging.module.core.module.terraform_state_backend_core_shared.aws_s3_bucket.default"
          ]
        }
      ]
    },
    {
      "module": "module.common_resources_staging.module.core.module.terraform_state_backend_core_shared",
      "mode": "managed",
      "type": "aws_s3_bucket_server_side_encryption_configuration",
      "name": "default",
      "provider": "provider[\"registry.terraform.io/hashicorp/aws\"]",
      "instances": [
        {
          "index_key": 0,
          "schema_version": 0,
          "attributes": {
            "bucket": "unityhub-production-core-shared-terraform-state",
            "expected_bucket_owner": "",
            "id": "unityhub-production-core-shared-terraform-state",
            "region": "us-east-1",
            "rule": [
              {
                "apply_server_side_encryption_by_default": [
                  {
                    "kms_master_key_id": "",
                    "sse_algorithm": "AES256"
                  }
                ],
                "blocked_encryption_types": [
                  "SSE-C"
                ],
                "bucket_key_enabled": false
              }
            ]
          },
          "sensitive_attributes": [],
          "identity_schema_version": 1,
          "identity": {
            "account_id": "514472330244",
            "bucket": "unityhub-production-core-shared-terraform-state",
            "region": "us-east-1"
          },
          "private": "bnVsbA==",
          "dependencies": [
            "module.common_resources_staging.module.core.module.terraform_state_backend_core_shared.aws_s3_bucket.default"
          ]
        }
      ]
    },
    {
      "module": "module.common_resources_staging.module.core.module.terraform_state_backend_core_shared",
      "mode": "managed",
      "type": "aws_s3_bucket_versioning",
      "name": "default",
      "provider": "provider[\"registry.terraform.io/hashicorp/aws\"]",
      "instances": [
        {
          "index_key": 0,
          "schema_version": 0,
          "attributes": {
            "bucket": "unityhub-production-core-shared-terraform-state",
            "expected_bucket_owner": "",
            "id": "unityhub-production-core-shared-terraform-state",
            "mfa": null,
            "region": "us-east-1",
            "versioning_configuration": [
              {
                "mfa_delete": "Disabled",
                "status": "Enabled"
              }
            ]
          },
          "sensitive_attributes": [],
          "identity_schema_version": 1,
          "identity": {
            "account_id": "514472330244",
            "bucket": "unityhub-production-core-shared-terraform-state",
            "region": "us-east-1"
          },
          "private": "bnVsbA==",
          "dependencies": [
            "module.common_resources_staging.module.core.module.terraform_state_backend_core_shared.aws_s3_bucket.default"
          ]
        }
      ]
    },
    {
      "module": "module.common_resources_staging.module.core.module.terraform_state_backend_core_shared",
      "mode": "managed",
      "type": "local_file",
      "name": "terraform_backend_config",
      "provider": "provider[\"registry.terraform.io/hashicorp/local\"]",
      "instances": [
        {
          "index_key": 0,
          "schema_version": 0,
          "attributes": {
            "content": "terraform {\n  required_version = \"\u003e= 1.0.0\"\n\n  backend \"s3\" {\n    region         = \"us-east-1\"\n    bucket         = \"unityhub-production-core-shared-terraform-state\"\n    key            = \"terraform.tfstate\"\n    dynamodb_table = \"unityhub-production-core-shared-terraform-state-lock\"\n    profile        = \"\"\n    role_arn       = \"\"\n    encrypt        = \"true\"\n  }\n}\n",
            "content_base64": null,
            "content_base64sha256": "UxbLlyGQRzqyXmXzakAmD7e4lJb5J7DX7pKBwByChis=",
            "content_base64sha512": "oIYtdN+Ieh5C9b6J97D0j78kem1dhLM8Zx6x5lkPQTC6oqw6mAGRqneT1xdrjcTw070uMnZhPuW/TWPbRnI7kw==",
            "content_md5": "52e83c9eca6ba3d2f485366cd9dfaa65",
            "content_sha1": "bbb2ad48d98f124f637e2af464dc318ef9e85e0f",
            "content_sha256": "5316cb972190473ab25e65f36a40260fb7b89496f927b0d7ee9281c01c82862b",
            "content_sha512": "a0862d74df887a1e42f5be89f7b0f48fbf247a6d5d84b33c671eb1e6590f4130baa2ac3a980191aa7793d7176b8dc4f0d3bd2e3276613ee5bf4d63db46723b93",
            "directory_permission": "0777",
            "file_permission": "0644",
            "filename": "./backend/backend_core_shared.tf",
            "id": "bbb2ad48d98f124f637e2af464dc318ef9e85e0f",
            "sensitive_content": null,
            "source": null
          },
          "sensitive_attributes": [
            [
              {
                "type": "get_attr",
                "value": "sensitive_content"
              }
            ]
          ],
          "identity_schema_version": 0,
          "dependencies": [
            "module.common_resources_staging.module.core.module.terraform_state_backend_core_shared.aws_dynamodb_table.with_server_side_encryption",
            "module.common_resources_staging.module.core.module.terraform_state_backend_core_shared.aws_s3_bucket.default",
            "module.common_resources_staging.module.core.module.terraform_state_backend_core_shared.data.aws_region.current"
          ]
        }
      ]
    },
    {
      "module": "module.common_resources_staging.module.customer.module.terraform_state_backend_customer_shared",
      "mode": "data",
      "type": "aws_iam_policy_document",
      "name": "prevent_unencrypted_uploads",
      "provider": "provider[\"registry.terraform.io/hashicorp/aws\"]",
      "instances": [
        {
          "index_key": 0,
          "schema_version": 0,
          "attributes": {
            "id": "2604591788",
            "json": "{\n  \"Version\": \"2012-10-17\",\n  \"Statement\": [\n    {\n      \"Sid\": \"DenyIncorrectEncryptionHeader\",\n      \"Effect\": \"Deny\",\n      \"Action\": \"s3:PutObject\",\n      \"Resource\": \"arn:aws:s3:::unityhub-production-customer-shared-terraform-state/*\",\n      \"Principal\": {\n        \"AWS\": \"*\"\n      },\n      \"Condition\": {\n        \"StringNotEquals\": {\n          \"s3:x-amz-server-side-encryption\": [\n            \"AES256\",\n            \"aws:kms\"\n          ]\n        }\n      }\n    },\n    {\n      \"Sid\": \"DenyUnEncryptedObjectUploads\",\n      \"Effect\": \"Deny\",\n      \"Action\": \"s3:PutObject\",\n      \"Resource\": \"arn:aws:s3:::unityhub-production-customer-shared-terraform-state/*\",\n      \"Principal\": {\n        \"AWS\": \"*\"\n      },\n      \"Condition\": {\n        \"Null\": {\n          \"s3:x-amz-server-side-encryption\": \"true\"\n        }\n      }\n    },\n    {\n      \"Sid\": \"EnforceTlsRequestsOnly\",\n      \"Effect\": \"Deny\",\n      \"Action\": \"s3:*\",\n      \"Resource\": [\n        \"arn:aws:s3:::unityhub-production-customer-shared-terraform-state/*\",\n        \"arn:aws:s3:::unityhub-production-customer-shared-terraform-state\"\n      ],\n      \"Principal\": {\n        \"AWS\": \"*\"\n      },\n      \"Condition\": {\n        \"Bool\": {\n          \"aws:SecureTransport\": \"false\"\n        }\n      }\n    }\n  ]\n}",
            "minified_json": "{\"Version\":\"2012-10-17\",\"Statement\":[{\"Sid\":\"DenyIncorrectEncryptionHeader\",\"Effect\":\"Deny\",\"Action\":\"s3:PutObject\",\"Resource\":\"arn:aws:s3:::unityhub-production-customer-shared-terraform-state/*\",\"Principal\":{\"AWS\":\"*\"},\"Condition\":{\"StringNotEquals\":{\"s3:x-amz-server-side-encryption\":[\"AES256\",\"aws:kms\"]}}},{\"Sid\":\"DenyUnEncryptedObjectUploads\",\"Effect\":\"Deny\",\"Action\":\"s3:PutObject\",\"Resource\":\"arn:aws:s3:::unityhub-production-customer-shared-terraform-state/*\",\"Principal\":{\"AWS\":\"*\"},\"Condition\":{\"Null\":{\"s3:x-amz-server-side-encryption\":\"true\"}}},{\"Sid\":\"EnforceTlsRequestsOnly\",\"Effect\":\"Deny\",\"Action\":\"s3:*\",\"Resource\":[\"arn:aws:s3:::unityhub-production-customer-shared-terraform-state/*\",\"arn:aws:s3:::unityhub-production-customer-shared-terraform-state\"],\"Principal\":{\"AWS\":\"*\"},\"Condition\":{\"Bool\":{\"aws:SecureTransport\":\"false\"}}}]}",
            "override_json": null,
            "override_policy_documents": null,
            "policy_id": null,
            "source_json": null,
            "source_policy_documents": null,
            "statement": [
              {
                "actions": [
                  "s3:PutObject"
                ],
                "condition": [
                  {
                    "test": "StringNotEquals",
                    "values": [
                      "AES256",
                      "aws:kms"
                    ],
                    "variable": "s3:x-amz-server-side-encryption"
                  }
                ],
                "effect": "Deny",
                "not_actions": [],
                "not_principals": [],
                "not_resources": [],
                "principals": [
                  {
                    "identifiers": [
                      "*"
                    ],
                    "type": "AWS"
                  }
                ],
                "resources": [
                  "arn:aws:s3:::unityhub-production-customer-shared-terraform-state/*"
                ],
                "sid": "DenyIncorrectEncryptionHeader"
              },
              {
                "actions": [
                  "s3:PutObject"
                ],
                "condition": [
                  {
                    "test": "Null",
                    "values": [
                      "true"
                    ],
                    "variable": "s3:x-amz-server-side-encryption"
                  }
                ],
                "effect": "Deny",
                "not_actions": [],
                "not_principals": [],
                "not_resources": [],
                "principals": [
                  {
                    "identifiers": [
                      "*"
                    ],
                    "type": "AWS"
                  }
                ],
                "resources": [
                  "arn:aws:s3:::unityhub-production-customer-shared-terraform-state/*"
                ],
                "sid": "DenyUnEncryptedObjectUploads"
              },
              {
                "actions": [
                  "s3:*"
                ],
                "condition": [
                  {
                    "test": "Bool",
                    "values": [
                      "false"
                    ],
                    "variable": "aws:SecureTransport"
                  }
                ],
                "effect": "Deny",
                "not_actions": [],
                "not_principals": [],
                "not_resources": [],
                "principals": [
                  {
                    "identifiers": [
                      "*"
                    ],
                    "type": "AWS"
                  }
                ],
                "resources": [
                  "arn:aws:s3:::unityhub-production-customer-shared-terraform-state",
                  "arn:aws:s3:::unityhub-production-customer-shared-terraform-state/*"
                ],
                "sid": "EnforceTlsRequestsOnly"
              }
            ],
            "version": "2012-10-17"
          },
          "sensitive_attributes": [],
          "identity_schema_version": 0
        }
      ]
    },
    {
      "module": "module.common_resources_staging.module.customer.module.terraform_state_backend_customer_shared",
      "mode": "data",
      "type": "aws_region",
      "name": "current",
      "provider": "provider[\"registry.terraform.io/hashicorp/aws\"]",
      "instances": [
        {
          "schema_version": 0,
          "attributes": {
            "description": "US East (N. Virginia)",
            "endpoint": "ec2.us-east-1.amazonaws.com",
            "id": "us-east-1",
            "name": "us-east-1",
            "region": "us-east-1"
          },
          "sensitive_attributes": [],
          "identity_schema_version": 0
        }
      ]
    },
    {
      "module": "module.common_resources_staging.module.customer.module.terraform_state_backend_customer_shared",
      "mode": "managed",
      "type": "aws_dynamodb_table",
      "name": "with_server_side_encryption",
      "provider": "provider[\"registry.terraform.io/hashicorp/aws\"]",
      "instances": [
        {
          "index_key": 0,
          "schema_version": 1,
          "attributes": {
            "arn": "arn:aws:dynamodb:us-east-1:514472330244:table/unityhub-production-customer-shared-terraform-state-lock",
            "attribute": [
              {
                "name": "LockID",
                "type": "S"
              }
            ],
            "billing_mode": "PAY_PER_REQUEST",
            "deletion_protection_enabled": false,
            "global_secondary_index": [],
            "global_table_witness": [],
            "hash_key": "LockID",
            "id": "unityhub-production-customer-shared-terraform-state-lock",
            "import_table": [],
            "local_secondary_index": [],
            "name": "unityhub-production-customer-shared-terraform-state-lock",
            "on_demand_throughput": [],
            "point_in_time_recovery": [
              {
                "enabled": true,
                "recovery_period_in_days": 35
              }
            ],
            "range_key": null,
            "read_capacity": 0,
            "region": "us-east-1",
            "replica": [],
            "restore_backup_arn": null,
            "restore_date_time": null,
            "restore_source_name": null,
            "restore_source_table_arn": null,
            "restore_to_latest_time": null,
            "server_side_encryption": [
              {
                "enabled": true,
                "kms_key_arn": ""
              }
            ],
            "stream_arn": "",
            "stream_enabled": false,
            "stream_label": "",
            "stream_view_type": "",
            "table_class": "STANDARD",
            "tags": {
              "Attributes": "terraform-state-lock",
              "Name": "unityhub-production-customer-shared-terraform-state-lock",
              "Namespace": "unityhub",
              "Stage": "production"
            },
            "tags_all": {
              "Attributes": "terraform-state-lock",
              "Name": "unityhub-production-customer-shared-terraform-state-lock",
              "Namespace": "unityhub",
              "Stage": "production"
            },
            "timeouts": null,
            "ttl": [
              {
                "attribute_name": "",
                "enabled": false
              }
            ],
            "warm_throughput": [],
            "write_capacity": 0
          },
          "sensitive_attributes": [],
          "identity_schema_version": 0,
          "identity": {
            "account_id": "514472330244",
            "name": "unityhub-production-customer-shared-terraform-state-lock",
            "region": "us-east-1"
          },
          "private": "eyJlMmJmYjczMC1lY2FhLTExZTYtOGY4OC0zNDM2M2JjN2M0YzAiOnsiY3JlYXRlIjoxODAwMDAwMDAwMDAwLCJkZWxldGUiOjYwMDAwMDAwMDAwMCwidXBkYXRlIjozNjAwMDAwMDAwMDAwfSwic2NoZW1hX3ZlcnNpb24iOiIxIn0="
        }
      ]
    },
    {
      "module": "module.common_resources_staging.module.customer.module.terraform_state_backend_customer_shared",
      "mode": "managed",
      "type": "aws_s3_bucket",
      "name": "default",
      "provider": "provider[\"registry.terraform.io/hashicorp/aws\"]",
      "instances": [
        {
          "index_key": 0,
          "schema_version": 0,
          "attributes": {
            "acceleration_status": "",
            "acl": null,
            "arn": "arn:aws:s3:::unityhub-production-customer-shared-terraform-state",
            "bucket": "unityhub-production-customer-shared-terraform-state",
            "bucket_domain_name": "unityhub-production-customer-shared-terraform-state.s3.amazonaws.com",
            "bucket_namespace": "global",
            "bucket_prefix": "",
            "bucket_region": "us-east-1",
            "bucket_regional_domain_name": "unityhub-production-customer-shared-terraform-state.s3.us-east-1.amazonaws.com",
            "cors_rule": [],
            "force_destroy": true,
            "grant": [
              {
                "id": "bea86176a486e69a83b4227063efa3be9eb4b243551739d81a6a4b41ec8b3461",
                "permissions": [
                  "FULL_CONTROL"
                ],
                "type": "CanonicalUser",
                "uri": ""
              }
            ],
            "hosted_zone_id": "Z3AQBSTGFYJSTF",
            "id": "unityhub-production-customer-shared-terraform-state",
            "lifecycle_rule": [],
            "logging": [],
            "object_lock_configuration": [],
            "object_lock_enabled": false,
            "policy": "{\"Statement\":[{\"Action\":\"s3:PutObject\",\"Condition\":{\"StringNotEquals\":{\"s3:x-amz-server-side-encryption\":[\"AES256\",\"aws:kms\"]}},\"Effect\":\"Deny\",\"Principal\":{\"AWS\":\"*\"},\"Resource\":\"arn:aws:s3:::unityhub-production-customer-shared-terraform-state/*\",\"Sid\":\"DenyIncorrectEncryptionHeader\"},{\"Action\":\"s3:PutObject\",\"Condition\":{\"Null\":{\"s3:x-amz-server-side-encryption\":\"true\"}},\"Effect\":\"Deny\",\"Principal\":{\"AWS\":\"*\"},\"Resource\":\"arn:aws:s3:::unityhub-production-customer-shared-terraform-state/*\",\"Sid\":\"DenyUnEncryptedObjectUploads\"},{\"Action\":\"s3:*\",\"Condition\":{\"Bool\":{\"aws:SecureTransport\":\"false\"}},\"Effect\":\"Deny\",\"Principal\":{\"AWS\":\"*\"},\"Resource\":[\"arn:aws:s3:::unityhub-production-customer-shared-terraform-state/*\",\"arn:aws:s3:::unityhub-production-customer-shared-terraform-state\"],\"Sid\":\"EnforceTlsRequestsOnly\"}],\"Version\":\"2012-10-17\"}",
            "region": "us-east-1",
            "replication_configuration": [],
            "request_payer": "BucketOwner",
            "server_side_encryption_configuration": [
              {
                "rule": [
                  {
                    "apply_server_side_encryption_by_default": [
                      {
                        "kms_master_key_id": "",
                        "sse_algorithm": "AES256"
                      }
                    ],
                    "bucket_key_enabled": false
                  }
                ]
              }
            ],
            "tags": {
              "Attributes": "terraform-state",
              "Name": "unityhub-production-customer-shared-terraform-state",
              "Namespace": "unityhub",
              "Stage": "production"
            },
            "tags_all": {
              "Attributes": "terraform-state",
              "Name": "unityhub-production-customer-shared-terraform-state",
              "Namespace": "unityhub",
              "Stage": "production"
            },
            "timeouts": null,
            "versioning": [
              {
                "enabled": true,
                "mfa_delete": false
              }
            ],
            "website": [],
            "website_domain": null,
            "website_endpoint": null
          },
          "sensitive_attributes": [],
          "identity_schema_version": 0,
          "identity": {
            "account_id": "514472330244",
            "bucket": "unityhub-production-customer-shared-terraform-state",
            "region": "us-east-1"
          },
          "private": "eyJlMmJmYjczMC1lY2FhLTExZTYtOGY4OC0zNDM2M2JjN2M0YzAiOnsiY3JlYXRlIjoxMjAwMDAwMDAwMDAwLCJkZWxldGUiOjM2MDAwMDAwMDAwMDAsInJlYWQiOjEyMDAwMDAwMDAwMDAsInVwZGF0ZSI6MTIwMDAwMDAwMDAwMH19"
        }
      ]
    },
    {
      "module": "module.common_resources_staging.module.customer.module.terraform_state_backend_customer_shared",
      "mode": "managed",
      "type": "aws_s3_bucket_ownership_controls",
      "name": "default",
      "provider": "provider[\"registry.terraform.io/hashicorp/aws\"]",
      "instances": [
        {
          "index_key": 0,
          "schema_version": 0,
          "attributes": {
            "bucket": "unityhub-production-customer-shared-terraform-state",
            "id": "unityhub-production-customer-shared-terraform-state",
            "region": "us-east-1",
            "rule": [
              {
                "object_ownership": "BucketOwnerEnforced"
              }
            ]
          },
          "sensitive_attributes": [],
          "identity_schema_version": 0,
          "identity": {
            "account_id": "514472330244",
            "bucket": "unityhub-production-customer-shared-terraform-state",
            "region": "us-east-1"
          },
          "private": "bnVsbA==",
          "dependencies": [
            "module.common_resources_staging.module.customer.module.terraform_state_backend_customer_shared.aws_s3_bucket.default"
          ]
        }
      ]
    },
    {
      "module": "module.common_resources_staging.module.customer.module.terraform_state_backend_customer_shared",
      "mode": "managed",
      "type": "aws_s3_bucket_policy",
      "name": "default",
      "provider": "provider[\"registry.terraform.io/hashicorp/aws\"]",
      "instances": [
        {
          "index_key": 0,
          "schema_version": 0,
          "attributes": {
            "bucket": "unityhub-production-customer-shared-terraform-state",
            "id": "unityhub-production-customer-shared-terraform-state",
            "policy": "{\"Statement\":[{\"Action\":\"s3:PutObject\",\"Condition\":{\"StringNotEquals\":{\"s3:x-amz-server-side-encryption\":[\"AES256\",\"aws:kms\"]}},\"Effect\":\"Deny\",\"Principal\":{\"AWS\":\"*\"},\"Resource\":\"arn:aws:s3:::unityhub-production-customer-shared-terraform-state/*\",\"Sid\":\"DenyIncorrectEncryptionHeader\"},{\"Action\":\"s3:PutObject\",\"Condition\":{\"Null\":{\"s3:x-amz-server-side-encryption\":\"true\"}},\"Effect\":\"Deny\",\"Principal\":{\"AWS\":\"*\"},\"Resource\":\"arn:aws:s3:::unityhub-production-customer-shared-terraform-state/*\",\"Sid\":\"DenyUnEncryptedObjectUploads\"},{\"Action\":\"s3:*\",\"Condition\":{\"Bool\":{\"aws:SecureTransport\":\"false\"}},\"Effect\":\"Deny\",\"Principal\":{\"AWS\":\"*\"},\"Resource\":[\"arn:aws:s3:::unityhub-production-customer-shared-terraform-state/*\",\"arn:aws:s3:::unityhub-production-customer-shared-terraform-state\"],\"Sid\":\"EnforceTlsRequestsOnly\"}],\"Version\":\"2012-10-17\"}",
            "region": "us-east-1"
          },
          "sensitive_attributes": [],
          "identity_schema_version": 0,
          "identity": {
            "account_id": "514472330244",
            "bucket": "unityhub-production-customer-shared-terraform-state",
            "region": "us-east-1"
          },
          "private": "bnVsbA==",
          "dependencies": [
            "module.common_resources_staging.module.customer.module.terraform_state_backend_customer_shared.aws_s3_bucket.default",
            "module.common_resources_staging.module.customer.module.terraform_state_backend_customer_shared.data.aws_iam_policy_document.prevent_unencrypted_uploads"
          ]
        }
      ]
    },
    {
      "module": "module.common_resources_staging.module.customer.module.terraform_state_backend_customer_shared",
      "mode": "managed",
      "type": "aws_s3_bucket_public_access_block",
      "name": "default",
      "provider": "provider[\"registry.terraform.io/hashicorp/aws\"]",
      "instances": [
        {
          "index_key": 0,
          "schema_version": 0,
          "attributes": {
            "block_public_acls": true,
            "block_public_policy": true,
            "bucket": "unityhub-production-customer-shared-terraform-state",
            "id": "unityhub-production-customer-shared-terraform-state",
            "ignore_public_acls": true,
            "region": "us-east-1",
            "restrict_public_buckets": true,
            "skip_destroy": null
          },
          "sensitive_attributes": [],
          "identity_schema_version": 0,
          "identity": {
            "account_id": "514472330244",
            "bucket": "unityhub-production-customer-shared-terraform-state",
            "region": "us-east-1"
          },
          "private": "bnVsbA==",
          "dependencies": [
            "module.common_resources_staging.module.customer.module.terraform_state_backend_customer_shared.aws_s3_bucket.default"
          ]
        }
      ]
    },
    {
      "module": "module.common_resources_staging.module.customer.module.terraform_state_backend_customer_shared",
      "mode": "managed",
      "type": "aws_s3_bucket_server_side_encryption_configuration",
      "name": "default",
      "provider": "provider[\"registry.terraform.io/hashicorp/aws\"]",
      "instances": [
        {
          "index_key": 0,
          "schema_version": 0,
          "attributes": {
            "bucket": "unityhub-production-customer-shared-terraform-state",
            "expected_bucket_owner": "",
            "id": "unityhub-production-customer-shared-terraform-state",
            "region": "us-east-1",
            "rule": [
              {
                "apply_server_side_encryption_by_default": [
                  {
                    "kms_master_key_id": "",
                    "sse_algorithm": "AES256"
                  }
                ],
                "blocked_encryption_types": [
                  "SSE-C"
                ],
                "bucket_key_enabled": false
              }
            ]
          },
          "sensitive_attributes": [],
          "identity_schema_version": 1,
          "identity": {
            "account_id": "514472330244",
            "bucket": "unityhub-production-customer-shared-terraform-state",
            "region": "us-east-1"
          },
          "private": "bnVsbA==",
          "dependencies": [
            "module.common_resources_staging.module.customer.module.terraform_state_backend_customer_shared.aws_s3_bucket.default"
          ]
        }
      ]
    },
    {
      "module": "module.common_resources_staging.module.customer.module.terraform_state_backend_customer_shared",
      "mode": "managed",
      "type": "aws_s3_bucket_versioning",
      "name": "default",
      "provider": "provider[\"registry.terraform.io/hashicorp/aws\"]",
      "instances": [
        {
          "index_key": 0,
          "schema_version": 0,
          "attributes": {
            "bucket": "unityhub-production-customer-shared-terraform-state",
            "expected_bucket_owner": "",
            "id": "unityhub-production-customer-shared-terraform-state",
            "mfa": null,
            "region": "us-east-1",
            "versioning_configuration": [
              {
                "mfa_delete": "Disabled",
                "status": "Enabled"
              }
            ]
          },
          "sensitive_attributes": [],
          "identity_schema_version": 1,
          "identity": {
            "account_id": "514472330244",
            "bucket": "unityhub-production-customer-shared-terraform-state",
            "region": "us-east-1"
          },
          "private": "bnVsbA==",
          "dependencies": [
            "module.common_resources_staging.module.customer.module.terraform_state_backend_customer_shared.aws_s3_bucket.default"
          ]
        }
      ]
    },
    {
      "module": "module.common_resources_staging.module.customer.module.terraform_state_backend_customer_shared",
      "mode": "managed",
      "type": "local_file",
      "name": "terraform_backend_config",
      "provider": "provider[\"registry.terraform.io/hashicorp/local\"]",
      "instances": [
        {
          "index_key": 0,
          "schema_version": 0,
          "attributes": {
            "content": "terraform {\n  required_version = \"\u003e= 1.0.0\"\n\n  backend \"s3\" {\n    region         = \"us-east-1\"\n    bucket         = \"unityhub-production-customer-shared-terraform-state\"\n    key            = \"terraform.tfstate\"\n    dynamodb_table = \"unityhub-production-customer-shared-terraform-state-lock\"\n    profile        = \"\"\n    role_arn       = \"\"\n    encrypt        = \"true\"\n  }\n}\n",
            "content_base64": null,
            "content_base64sha256": "Qick+FmPqa9fpTjZK7pRs1kD4hqwQ76NCL2yHXW7IOk=",
            "content_base64sha512": "mLr/ABEjMNERfTI8k7KfaTFKONC1jI+SvLkT0lI+Wy7kt4gypkEXxVfWPSyP1dgfhEIZZ3ObnstYB2w7Mg7jxA==",
            "content_md5": "3558eeb319027003d774525cc2a61e12",
            "content_sha1": "eb800e220e5fd85f0345d17fa8726b1bd3a228b6",
            "content_sha256": "422724f8598fa9af5fa538d92bba51b35903e21ab043be8d08bdb21d75bb20e9",
            "content_sha512": "98baff00112330d1117d323c93b29f69314a38d0b58c8f92bcb913d2523e5b2ee4b78832a64117c557d63d2c8fd5d81f84421967739b9ecb58076c3b320ee3c4",
            "directory_permission": "0777",
            "file_permission": "0644",
            "filename": "./backend/backend_customer_shared.tf",
            "id": "eb800e220e5fd85f0345d17fa8726b1bd3a228b6",
            "sensitive_content": null,
            "source": null
          },
          "sensitive_attributes": [
            [
              {
                "type": "get_attr",
                "value": "sensitive_content"
              }
            ]
          ],
          "identity_schema_version": 0,
          "dependencies": [
            "module.common_resources_staging.module.customer.module.terraform_state_backend_customer_shared.aws_dynamodb_table.with_server_side_encryption",
            "module.common_resources_staging.module.customer.module.terraform_state_backend_customer_shared.aws_s3_bucket.default",
            "module.common_resources_staging.module.customer.module.terraform_state_backend_customer_shared.data.aws_region.current"
          ]
        }
      ]
    },
    {
      "module": "module.common_resources_staging.module.gcp_oneoff.module.terraform_state_backend_gcp_oneoff",
      "mode": "data",
      "type": "aws_iam_policy_document",
      "name": "prevent_unencrypted_uploads",
      "provider": "provider[\"registry.terraform.io/hashicorp/aws\"]",
      "instances": [
        {
          "index_key": 0,
          "schema_version": 0,
          "attributes": {
            "id": "1822776819",
            "json": "{\n  \"Version\": \"2012-10-17\",\n  \"Statement\": [\n    {\n      \"Sid\": \"DenyIncorrectEncryptionHeader\",\n      \"Effect\": \"Deny\",\n      \"Action\": \"s3:PutObject\",\n      \"Resource\": \"arn:aws:s3:::unityhub-production-gcp-oneoff-terraform-state/*\",\n      \"Principal\": {\n        \"AWS\": \"*\"\n      },\n      \"Condition\": {\n        \"StringNotEquals\": {\n          \"s3:x-amz-server-side-encryption\": [\n            \"AES256\",\n            \"aws:kms\"\n          ]\n        }\n      }\n    },\n    {\n      \"Sid\": \"DenyUnEncryptedObjectUploads\",\n      \"Effect\": \"Deny\",\n      \"Action\": \"s3:PutObject\",\n      \"Resource\": \"arn:aws:s3:::unityhub-production-gcp-oneoff-terraform-state/*\",\n      \"Principal\": {\n        \"AWS\": \"*\"\n      },\n      \"Condition\": {\n        \"Null\": {\n          \"s3:x-amz-server-side-encryption\": \"true\"\n        }\n      }\n    },\n    {\n      \"Sid\": \"EnforceTlsRequestsOnly\",\n      \"Effect\": \"Deny\",\n      \"Action\": \"s3:*\",\n      \"Resource\": [\n        \"arn:aws:s3:::unityhub-production-gcp-oneoff-terraform-state/*\",\n        \"arn:aws:s3:::unityhub-production-gcp-oneoff-terraform-state\"\n      ],\n      \"Principal\": {\n        \"AWS\": \"*\"\n      },\n      \"Condition\": {\n        \"Bool\": {\n          \"aws:SecureTransport\": \"false\"\n        }\n      }\n    }\n  ]\n}",
            "minified_json": "{\"Version\":\"2012-10-17\",\"Statement\":[{\"Sid\":\"DenyIncorrectEncryptionHeader\",\"Effect\":\"Deny\",\"Action\":\"s3:PutObject\",\"Resource\":\"arn:aws:s3:::unityhub-production-gcp-oneoff-terraform-state/*\",\"Principal\":{\"AWS\":\"*\"},\"Condition\":{\"StringNotEquals\":{\"s3:x-amz-server-side-encryption\":[\"AES256\",\"aws:kms\"]}}},{\"Sid\":\"DenyUnEncryptedObjectUploads\",\"Effect\":\"Deny\",\"Action\":\"s3:PutObject\",\"Resource\":\"arn:aws:s3:::unityhub-production-gcp-oneoff-terraform-state/*\",\"Principal\":{\"AWS\":\"*\"},\"Condition\":{\"Null\":{\"s3:x-amz-server-side-encryption\":\"true\"}}},{\"Sid\":\"EnforceTlsRequestsOnly\",\"Effect\":\"Deny\",\"Action\":\"s3:*\",\"Resource\":[\"arn:aws:s3:::unityhub-production-gcp-oneoff-terraform-state/*\",\"arn:aws:s3:::unityhub-production-gcp-oneoff-terraform-state\"],\"Principal\":{\"AWS\":\"*\"},\"Condition\":{\"Bool\":{\"aws:SecureTransport\":\"false\"}}}]}",
            "override_json": null,
            "override_policy_documents": null,
            "policy_id": null,
            "source_json": null,
            "source_policy_documents": null,
            "statement": [
              {
                "actions": [
                  "s3:PutObject"
                ],
                "condition": [
                  {
                    "test": "StringNotEquals",
                    "values": [
                      "AES256",
                      "aws:kms"
                    ],
                    "variable": "s3:x-amz-server-side-encryption"
                  }
                ],
                "effect": "Deny",
                "not_actions": [],
                "not_principals": [],
                "not_resources": [],
                "principals": [
                  {
                    "identifiers": [
                      "*"
                    ],
                    "type": "AWS"
                  }
                ],
                "resources": [
                  "arn:aws:s3:::unityhub-production-gcp-oneoff-terraform-state/*"
                ],
                "sid": "DenyIncorrectEncryptionHeader"
              },
              {
                "actions": [
                  "s3:PutObject"
                ],
                "condition": [
                  {
                    "test": "Null",
                    "values": [
                      "true"
                    ],
                    "variable": "s3:x-amz-server-side-encryption"
                  }
                ],
                "effect": "Deny",
                "not_actions": [],
                "not_principals": [],
                "not_resources": [],
                "principals": [
                  {
                    "identifiers": [
                      "*"
                    ],
                    "type": "AWS"
                  }
                ],
                "resources": [
                  "arn:aws:s3:::unityhub-production-gcp-oneoff-terraform-state/*"
                ],
                "sid": "DenyUnEncryptedObjectUploads"
              },
              {
                "actions": [
                  "s3:*"
                ],
                "condition": [
                  {
                    "test": "Bool",
                    "values": [
                      "false"
                    ],
                    "variable": "aws:SecureTransport"
                  }
                ],
                "effect": "Deny",
                "not_actions": [],
                "not_principals": [],
                "not_resources": [],
                "principals": [
                  {
                    "identifiers": [
                      "*"
                    ],
                    "type": "AWS"
                  }
                ],
                "resources": [
                  "arn:aws:s3:::unityhub-production-gcp-oneoff-terraform-state",
                  "arn:aws:s3:::unityhub-production-gcp-oneoff-terraform-state/*"
                ],
                "sid": "EnforceTlsRequestsOnly"
              }
            ],
            "version": "2012-10-17"
          },
          "sensitive_attributes": [],
          "identity_schema_version": 0
        }
      ]
    },
    {
      "module": "module.common_resources_staging.module.gcp_oneoff.module.terraform_state_backend_gcp_oneoff",
      "mode": "data",
      "type": "aws_region",
      "name": "current",
      "provider": "provider[\"registry.terraform.io/hashicorp/aws\"]",
      "instances": [
        {
          "schema_version": 0,
          "attributes": {
            "description": "US East (N. Virginia)",
            "endpoint": "ec2.us-east-1.amazonaws.com",
            "id": "us-east-1",
            "name": "us-east-1",
            "region": "us-east-1"
          },
          "sensitive_attributes": [],
          "identity_schema_version": 0
        }
      ]
    },
    {
      "module": "module.common_resources_staging.module.gcp_oneoff.module.terraform_state_backend_gcp_oneoff",
      "mode": "managed",
      "type": "aws_dynamodb_table",
      "name": "with_server_side_encryption",
      "provider": "provider[\"registry.terraform.io/hashicorp/aws\"]",
      "instances": [
        {
          "index_key": 0,
          "schema_version": 1,
          "attributes": {
            "arn": "arn:aws:dynamodb:us-east-1:514472330244:table/unityhub-production-gcp-oneoff-terraform-state-lock",
            "attribute": [
              {
                "name": "LockID",
                "type": "S"
              }
            ],
            "billing_mode": "PAY_PER_REQUEST",
            "deletion_protection_enabled": false,
            "global_secondary_index": [],
            "global_table_witness": [],
            "hash_key": "LockID",
            "id": "unityhub-production-gcp-oneoff-terraform-state-lock",
            "import_table": [],
            "local_secondary_index": [],
            "name": "unityhub-production-gcp-oneoff-terraform-state-lock",
            "on_demand_throughput": [],
            "point_in_time_recovery": [
              {
                "enabled": true,
                "recovery_period_in_days": 35
              }
            ],
            "range_key": null,
            "read_capacity": 0,
            "region": "us-east-1",
            "replica": [],
            "restore_backup_arn": null,
            "restore_date_time": null,
            "restore_source_name": null,
            "restore_source_table_arn": null,
            "restore_to_latest_time": null,
            "server_side_encryption": [
              {
                "enabled": true,
                "kms_key_arn": ""
              }
            ],
            "stream_arn": "",
            "stream_enabled": false,
            "stream_label": "",
            "stream_view_type": "",
            "table_class": "STANDARD",
            "tags": {
              "Attributes": "terraform-state-lock",
              "Name": "unityhub-production-gcp-oneoff-terraform-state-lock",
              "Namespace": "unityhub",
              "Stage": "production"
            },
            "tags_all": {
              "Attributes": "terraform-state-lock",
              "Name": "unityhub-production-gcp-oneoff-terraform-state-lock",
              "Namespace": "unityhub",
              "Stage": "production"
            },
            "timeouts": null,
            "ttl": [
              {
                "attribute_name": "",
                "enabled": false
              }
            ],
            "warm_throughput": [],
            "write_capacity": 0
          },
          "sensitive_attributes": [],
          "identity_schema_version": 0,
          "identity": {
            "account_id": "514472330244",
            "name": "unityhub-production-gcp-oneoff-terraform-state-lock",
            "region": "us-east-1"
          },
          "private": "eyJlMmJmYjczMC1lY2FhLTExZTYtOGY4OC0zNDM2M2JjN2M0YzAiOnsiY3JlYXRlIjoxODAwMDAwMDAwMDAwLCJkZWxldGUiOjYwMDAwMDAwMDAwMCwidXBkYXRlIjozNjAwMDAwMDAwMDAwfSwic2NoZW1hX3ZlcnNpb24iOiIxIn0="
        }
      ]
    },
    {
      "module": "module.common_resources_staging.module.gcp_oneoff.module.terraform_state_backend_gcp_oneoff",
      "mode": "managed",
      "type": "aws_s3_bucket",
      "name": "default",
      "provider": "provider[\"registry.terraform.io/hashicorp/aws\"]",
      "instances": [
        {
          "index_key": 0,
          "schema_version": 0,
          "attributes": {
            "acceleration_status": "",
            "acl": null,
            "arn": "arn:aws:s3:::unityhub-production-gcp-oneoff-terraform-state",
            "bucket": "unityhub-production-gcp-oneoff-terraform-state",
            "bucket_domain_name": "unityhub-production-gcp-oneoff-terraform-state.s3.amazonaws.com",
            "bucket_namespace": "global",
            "bucket_prefix": "",
            "bucket_region": "us-east-1",
            "bucket_regional_domain_name": "unityhub-production-gcp-oneoff-terraform-state.s3.us-east-1.amazonaws.com",
            "cors_rule": [],
            "force_destroy": true,
            "grant": [
              {
                "id": "bea86176a486e69a83b4227063efa3be9eb4b243551739d81a6a4b41ec8b3461",
                "permissions": [
                  "FULL_CONTROL"
                ],
                "type": "CanonicalUser",
                "uri": ""
              }
            ],
            "hosted_zone_id": "Z3AQBSTGFYJSTF",
            "id": "unityhub-production-gcp-oneoff-terraform-state",
            "lifecycle_rule": [],
            "logging": [],
            "object_lock_configuration": [],
            "object_lock_enabled": false,
            "policy": "{\"Statement\":[{\"Action\":\"s3:PutObject\",\"Condition\":{\"StringNotEquals\":{\"s3:x-amz-server-side-encryption\":[\"AES256\",\"aws:kms\"]}},\"Effect\":\"Deny\",\"Principal\":{\"AWS\":\"*\"},\"Resource\":\"arn:aws:s3:::unityhub-production-gcp-oneoff-terraform-state/*\",\"Sid\":\"DenyIncorrectEncryptionHeader\"},{\"Action\":\"s3:PutObject\",\"Condition\":{\"Null\":{\"s3:x-amz-server-side-encryption\":\"true\"}},\"Effect\":\"Deny\",\"Principal\":{\"AWS\":\"*\"},\"Resource\":\"arn:aws:s3:::unityhub-production-gcp-oneoff-terraform-state/*\",\"Sid\":\"DenyUnEncryptedObjectUploads\"},{\"Action\":\"s3:*\",\"Condition\":{\"Bool\":{\"aws:SecureTransport\":\"false\"}},\"Effect\":\"Deny\",\"Principal\":{\"AWS\":\"*\"},\"Resource\":[\"arn:aws:s3:::unityhub-production-gcp-oneoff-terraform-state/*\",\"arn:aws:s3:::unityhub-production-gcp-oneoff-terraform-state\"],\"Sid\":\"EnforceTlsRequestsOnly\"}],\"Version\":\"2012-10-17\"}",
            "region": "us-east-1",
            "replication_configuration": [],
            "request_payer": "BucketOwner",
            "server_side_encryption_configuration": [
              {
                "rule": [
                  {
                    "apply_server_side_encryption_by_default": [
                      {
                        "kms_master_key_id": "",
                        "sse_algorithm": "AES256"
                      }
                    ],
                    "bucket_key_enabled": false
                  }
                ]
              }
            ],
            "tags": {
              "Attributes": "terraform-state",
              "Name": "unityhub-production-gcp-oneoff-terraform-state",
              "Namespace": "unityhub",
              "Stage": "production"
            },
            "tags_all": {
              "Attributes": "terraform-state",
              "Name": "unityhub-production-gcp-oneoff-terraform-state",
              "Namespace": "unityhub",
              "Stage": "production"
            },
            "timeouts": null,
            "versioning": [
              {
                "enabled": true,
                "mfa_delete": false
              }
            ],
            "website": [],
            "website_domain": null,
            "website_endpoint": null
          },
          "sensitive_attributes": [],
          "identity_schema_version": 0,
          "identity": {
            "account_id": "514472330244",
            "bucket": "unityhub-production-gcp-oneoff-terraform-state",
            "region": "us-east-1"
          },
          "private": "eyJlMmJmYjczMC1lY2FhLTExZTYtOGY4OC0zNDM2M2JjN2M0YzAiOnsiY3JlYXRlIjoxMjAwMDAwMDAwMDAwLCJkZWxldGUiOjM2MDAwMDAwMDAwMDAsInJlYWQiOjEyMDAwMDAwMDAwMDAsInVwZGF0ZSI6MTIwMDAwMDAwMDAwMH19"
        }
      ]
    },
    {
      "module": "module.common_resources_staging.module.gcp_oneoff.module.terraform_state_backend_gcp_oneoff",
      "mode": "managed",
      "type": "aws_s3_bucket_ownership_controls",
      "name": "default",
      "provider": "provider[\"registry.terraform.io/hashicorp/aws\"]",
      "instances": [
        {
          "index_key": 0,
          "schema_version": 0,
          "attributes": {
            "bucket": "unityhub-production-gcp-oneoff-terraform-state",
            "id": "unityhub-production-gcp-oneoff-terraform-state",
            "region": "us-east-1",
            "rule": [
              {
                "object_ownership": "BucketOwnerEnforced"
              }
            ]
          },
          "sensitive_attributes": [],
          "identity_schema_version": 0,
          "identity": {
            "account_id": "514472330244",
            "bucket": "unityhub-production-gcp-oneoff-terraform-state",
            "region": "us-east-1"
          },
          "private": "bnVsbA==",
          "dependencies": [
            "module.common_resources_staging.module.gcp_oneoff.module.terraform_state_backend_gcp_oneoff.aws_s3_bucket.default"
          ]
        }
      ]
    },
    {
      "module": "module.common_resources_staging.module.gcp_oneoff.module.terraform_state_backend_gcp_oneoff",
      "mode": "managed",
      "type": "aws_s3_bucket_policy",
      "name": "default",
      "provider": "provider[\"registry.terraform.io/hashicorp/aws\"]",
      "instances": [
        {
          "index_key": 0,
          "schema_version": 0,
          "attributes": {
            "bucket": "unityhub-production-gcp-oneoff-terraform-state",
            "id": "unityhub-production-gcp-oneoff-terraform-state",
            "policy": "{\"Statement\":[{\"Action\":\"s3:PutObject\",\"Condition\":{\"StringNotEquals\":{\"s3:x-amz-server-side-encryption\":[\"AES256\",\"aws:kms\"]}},\"Effect\":\"Deny\",\"Principal\":{\"AWS\":\"*\"},\"Resource\":\"arn:aws:s3:::unityhub-production-gcp-oneoff-terraform-state/*\",\"Sid\":\"DenyIncorrectEncryptionHeader\"},{\"Action\":\"s3:PutObject\",\"Condition\":{\"Null\":{\"s3:x-amz-server-side-encryption\":\"true\"}},\"Effect\":\"Deny\",\"Principal\":{\"AWS\":\"*\"},\"Resource\":\"arn:aws:s3:::unityhub-production-gcp-oneoff-terraform-state/*\",\"Sid\":\"DenyUnEncryptedObjectUploads\"},{\"Action\":\"s3:*\",\"Condition\":{\"Bool\":{\"aws:SecureTransport\":\"false\"}},\"Effect\":\"Deny\",\"Principal\":{\"AWS\":\"*\"},\"Resource\":[\"arn:aws:s3:::unityhub-production-gcp-oneoff-terraform-state/*\",\"arn:aws:s3:::unityhub-production-gcp-oneoff-terraform-state\"],\"Sid\":\"EnforceTlsRequestsOnly\"}],\"Version\":\"2012-10-17\"}",
            "region": "us-east-1"
          },
          "sensitive_attributes": [],
          "identity_schema_version": 0,
          "identity": {
            "account_id": "514472330244",
            "bucket": "unityhub-production-gcp-oneoff-terraform-state",
            "region": "us-east-1"
          },
          "private": "bnVsbA==",
          "dependencies": [
            "module.common_resources_staging.module.gcp_oneoff.module.terraform_state_backend_gcp_oneoff.aws_s3_bucket.default",
            "module.common_resources_staging.module.gcp_oneoff.module.terraform_state_backend_gcp_oneoff.data.aws_iam_policy_document.prevent_unencrypted_uploads"
          ]
        }
      ]
    },
    {
      "module": "module.common_resources_staging.module.gcp_oneoff.module.terraform_state_backend_gcp_oneoff",
      "mode": "managed",
      "type": "aws_s3_bucket_public_access_block",
      "name": "default",
      "provider": "provider[\"registry.terraform.io/hashicorp/aws\"]",
      "instances": [
        {
          "index_key": 0,
          "schema_version": 0,
          "attributes": {
            "block_public_acls": true,
            "block_public_policy": true,
            "bucket": "unityhub-production-gcp-oneoff-terraform-state",
            "id": "unityhub-production-gcp-oneoff-terraform-state",
            "ignore_public_acls": true,
            "region": "us-east-1",
            "restrict_public_buckets": true,
            "skip_destroy": null
          },
          "sensitive_attributes": [],
          "identity_schema_version": 0,
          "identity": {
            "account_id": "514472330244",
            "bucket": "unityhub-production-gcp-oneoff-terraform-state",
            "region": "us-east-1"
          },
          "private": "bnVsbA==",
          "dependencies": [
            "module.common_resources_staging.module.gcp_oneoff.module.terraform_state_backend_gcp_oneoff.aws_s3_bucket.default"
          ]
        }
      ]
    },
    {
      "module": "module.common_resources_staging.module.gcp_oneoff.module.terraform_state_backend_gcp_oneoff",
      "mode": "managed",
      "type": "aws_s3_bucket_server_side_encryption_configuration",
      "name": "default",
      "provider": "provider[\"registry.terraform.io/hashicorp/aws\"]",
      "instances": [
        {
          "index_key": 0,
          "schema_version": 0,
          "attributes": {
            "bucket": "unityhub-production-gcp-oneoff-terraform-state",
            "expected_bucket_owner": "",
            "id": "unityhub-production-gcp-oneoff-terraform-state",
            "region": "us-east-1",
            "rule": [
              {
                "apply_server_side_encryption_by_default": [
                  {
                    "kms_master_key_id": "",
                    "sse_algorithm": "AES256"
                  }
                ],
                "blocked_encryption_types": [
                  "SSE-C"
                ],
                "bucket_key_enabled": false
              }
            ]
          },
          "sensitive_attributes": [],
          "identity_schema_version": 1,
          "identity": {
            "account_id": "514472330244",
            "bucket": "unityhub-production-gcp-oneoff-terraform-state",
            "region": "us-east-1"
          },
          "private": "bnVsbA==",
          "dependencies": [
            "module.common_resources_staging.module.gcp_oneoff.module.terraform_state_backend_gcp_oneoff.aws_s3_bucket.default"
          ]
        }
      ]
    },
    {
      "module": "module.common_resources_staging.module.gcp_oneoff.module.terraform_state_backend_gcp_oneoff",
      "mode": "managed",
      "type": "aws_s3_bucket_versioning",
      "name": "default",
      "provider": "provider[\"registry.terraform.io/hashicorp/aws\"]",
      "instances": [
        {
          "index_key": 0,
          "schema_version": 0,
          "attributes": {
            "bucket": "unityhub-production-gcp-oneoff-terraform-state",
            "expected_bucket_owner": "",
            "id": "unityhub-production-gcp-oneoff-terraform-state",
            "mfa": null,
            "region": "us-east-1",
            "versioning_configuration": [
              {
                "mfa_delete": "Disabled",
                "status": "Enabled"
              }
            ]
          },
          "sensitive_attributes": [],
          "identity_schema_version": 1,
          "identity": {
            "account_id": "514472330244",
            "bucket": "unityhub-production-gcp-oneoff-terraform-state",
            "region": "us-east-1"
          },
          "private": "bnVsbA==",
          "dependencies": [
            "module.common_resources_staging.module.gcp_oneoff.module.terraform_state_backend_gcp_oneoff.aws_s3_bucket.default"
          ]
        }
      ]
    },
    {
      "module": "module.common_resources_staging.module.gcp_oneoff.module.terraform_state_backend_gcp_oneoff",
      "mode": "managed",
      "type": "local_file",
      "name": "terraform_backend_config",
      "provider": "provider[\"registry.terraform.io/hashicorp/local\"]",
      "instances": [
        {
          "index_key": 0,
          "schema_version": 0,
          "attributes": {
            "content": "terraform {\n  required_version = \"\u003e= 1.0.0\"\n\n  backend \"s3\" {\n    region         = \"us-east-1\"\n    bucket         = \"unityhub-production-gcp-oneoff-terraform-state\"\n    key            = \"terraform.tfstate\"\n    dynamodb_table = \"unityhub-production-gcp-oneoff-terraform-state-lock\"\n    profile        = \"\"\n    role_arn       = \"\"\n    encrypt        = \"true\"\n  }\n}\n",
            "content_base64": null,
            "content_base64sha256": "uMx9egcN4NYLm+9gSePZQYdWLk/STax1RsNOwdtMiQQ=",
            "content_base64sha512": "WkWoAgvEW6+tt20WgpSCk6oHAxAcaZmvodIJdOUVR3bHqMoSdhhXCX0DNGIp8E7Vl/CtNbTzMYKeBeLGtWpRmA==",
            "content_md5": "88ad1e3ad106fc0e2b3083b4df8fb33f",
            "content_sha1": "cac2eb5a426e40d38f53967c24ba7cad62ba8601",
            "content_sha256": "b8cc7d7a070de0d60b9bef6049e3d94187562e4fd24dac7546c34ec1db4c8904",
            "content_sha512": "5a45a8020bc45bafadb76d1682948293aa0703101c6999afa1d20974e5154776c7a8ca12761857097d03346229f04ed597f0ad35b4f331829e05e2c6b56a5198",
            "directory_permission": "0777",
            "file_permission": "0644",
            "filename": "./backend/backend_gcp_oneoff.tf",
            "id": "cac2eb5a426e40d38f53967c24ba7cad62ba8601",
            "sensitive_content": null,
            "source": null
          },
          "sensitive_attributes": [
            [
              {
                "type": "get_attr",
                "value": "sensitive_content"
              }
            ]
          ],
          "identity_schema_version": 0,
          "dependencies": [
            "module.common_resources_staging.module.gcp_oneoff.module.terraform_state_backend_gcp_oneoff.aws_dynamodb_table.with_server_side_encryption",
            "module.common_resources_staging.module.gcp_oneoff.module.terraform_state_backend_gcp_oneoff.aws_s3_bucket.default",
            "module.common_resources_staging.module.gcp_oneoff.module.terraform_state_backend_gcp_oneoff.data.aws_region.current"
          ]
        }
      ]
    },
    {
      "module": "module.common_resources_staging.module.location.module.terraform_state_backend_location_shared",
      "mode": "data",
      "type": "aws_iam_policy_document",
      "name": "prevent_unencrypted_uploads",
      "provider": "provider[\"registry.terraform.io/hashicorp/aws\"]",
      "instances": [
        {
          "index_key": 0,
          "schema_version": 0,
          "attributes": {
            "id": "2421815740",
            "json": "{\n  \"Version\": \"2012-10-17\",\n  \"Statement\": [\n    {\n      \"Sid\": \"DenyIncorrectEncryptionHeader\",\n      \"Effect\": \"Deny\",\n      \"Action\": \"s3:PutObject\",\n      \"Resource\": \"arn:aws:s3:::unityhub-production-location-shared-terraform-state/*\",\n      \"Principal\": {\n        \"AWS\": \"*\"\n      },\n      \"Condition\": {\n        \"StringNotEquals\": {\n          \"s3:x-amz-server-side-encryption\": [\n            \"AES256\",\n            \"aws:kms\"\n          ]\n        }\n      }\n    },\n    {\n      \"Sid\": \"DenyUnEncryptedObjectUploads\",\n      \"Effect\": \"Deny\",\n      \"Action\": \"s3:PutObject\",\n      \"Resource\": \"arn:aws:s3:::unityhub-production-location-shared-terraform-state/*\",\n      \"Principal\": {\n        \"AWS\": \"*\"\n      },\n      \"Condition\": {\n        \"Null\": {\n          \"s3:x-amz-server-side-encryption\": \"true\"\n        }\n      }\n    },\n    {\n      \"Sid\": \"EnforceTlsRequestsOnly\",\n      \"Effect\": \"Deny\",\n      \"Action\": \"s3:*\",\n      \"Resource\": [\n        \"arn:aws:s3:::unityhub-production-location-shared-terraform-state/*\",\n        \"arn:aws:s3:::unityhub-production-location-shared-terraform-state\"\n      ],\n      \"Principal\": {\n        \"AWS\": \"*\"\n      },\n      \"Condition\": {\n        \"Bool\": {\n          \"aws:SecureTransport\": \"false\"\n        }\n      }\n    }\n  ]\n}",
            "minified_json": "{\"Version\":\"2012-10-17\",\"Statement\":[{\"Sid\":\"DenyIncorrectEncryptionHeader\",\"Effect\":\"Deny\",\"Action\":\"s3:PutObject\",\"Resource\":\"arn:aws:s3:::unityhub-production-location-shared-terraform-state/*\",\"Principal\":{\"AWS\":\"*\"},\"Condition\":{\"StringNotEquals\":{\"s3:x-amz-server-side-encryption\":[\"AES256\",\"aws:kms\"]}}},{\"Sid\":\"DenyUnEncryptedObjectUploads\",\"Effect\":\"Deny\",\"Action\":\"s3:PutObject\",\"Resource\":\"arn:aws:s3:::unityhub-production-location-shared-terraform-state/*\",\"Principal\":{\"AWS\":\"*\"},\"Condition\":{\"Null\":{\"s3:x-amz-server-side-encryption\":\"true\"}}},{\"Sid\":\"EnforceTlsRequestsOnly\",\"Effect\":\"Deny\",\"Action\":\"s3:*\",\"Resource\":[\"arn:aws:s3:::unityhub-production-location-shared-terraform-state/*\",\"arn:aws:s3:::unityhub-production-location-shared-terraform-state\"],\"Principal\":{\"AWS\":\"*\"},\"Condition\":{\"Bool\":{\"aws:SecureTransport\":\"false\"}}}]}",
            "override_json": null,
            "override_policy_documents": null,
            "policy_id": null,
            "source_json": null,
            "source_policy_documents": null,
            "statement": [
              {
                "actions": [
                  "s3:PutObject"
                ],
                "condition": [
                  {
                    "test": "StringNotEquals",
                    "values": [
                      "AES256",
                      "aws:kms"
                    ],
                    "variable": "s3:x-amz-server-side-encryption"
                  }
                ],
                "effect": "Deny",
                "not_actions": [],
                "not_principals": [],
                "not_resources": [],
                "principals": [
                  {
                    "identifiers": [
                      "*"
                    ],
                    "type": "AWS"
                  }
                ],
                "resources": [
                  "arn:aws:s3:::unityhub-production-location-shared-terraform-state/*"
                ],
                "sid": "DenyIncorrectEncryptionHeader"
              },
              {
                "actions": [
                  "s3:PutObject"
                ],
                "condition": [
                  {
                    "test": "Null",
                    "values": [
                      "true"
                    ],
                    "variable": "s3:x-amz-server-side-encryption"
                  }
                ],
                "effect": "Deny",
                "not_actions": [],
                "not_principals": [],
                "not_resources": [],
                "principals": [
                  {
                    "identifiers": [
                      "*"
                    ],
                    "type": "AWS"
                  }
                ],
                "resources": [
                  "arn:aws:s3:::unityhub-production-location-shared-terraform-state/*"
                ],
                "sid": "DenyUnEncryptedObjectUploads"
              },
              {
                "actions": [
                  "s3:*"
                ],
                "condition": [
                  {
                    "test": "Bool",
                    "values": [
                      "false"
                    ],
                    "variable": "aws:SecureTransport"
                  }
                ],
                "effect": "Deny",
                "not_actions": [],
                "not_principals": [],
                "not_resources": [],
                "principals": [
                  {
                    "identifiers": [
                      "*"
                    ],
                    "type": "AWS"
                  }
                ],
                "resources": [
                  "arn:aws:s3:::unityhub-production-location-shared-terraform-state",
                  "arn:aws:s3:::unityhub-production-location-shared-terraform-state/*"
                ],
                "sid": "EnforceTlsRequestsOnly"
              }
            ],
            "version": "2012-10-17"
          },
          "sensitive_attributes": [],
          "identity_schema_version": 0
        }
      ]
    },
    {
      "module": "module.common_resources_staging.module.location.module.terraform_state_backend_location_shared",
      "mode": "data",
      "type": "aws_region",
      "name": "current",
      "provider": "provider[\"registry.terraform.io/hashicorp/aws\"]",
      "instances": [
        {
          "schema_version": 0,
          "attributes": {
            "description": "US East (N. Virginia)",
            "endpoint": "ec2.us-east-1.amazonaws.com",
            "id": "us-east-1",
            "name": "us-east-1",
            "region": "us-east-1"
          },
          "sensitive_attributes": [],
          "identity_schema_version": 0
        }
      ]
    },
    {
      "module": "module.common_resources_staging.module.location.module.terraform_state_backend_location_shared",
      "mode": "managed",
      "type": "aws_dynamodb_table",
      "name": "with_server_side_encryption",
      "provider": "provider[\"registry.terraform.io/hashicorp/aws\"]",
      "instances": [
        {
          "index_key": 0,
          "schema_version": 1,
          "attributes": {
            "arn": "arn:aws:dynamodb:us-east-1:514472330244:table/unityhub-production-location-shared-terraform-state-lock",
            "attribute": [
              {
                "name": "LockID",
                "type": "S"
              }
            ],
            "billing_mode": "PAY_PER_REQUEST",
            "deletion_protection_enabled": false,
            "global_secondary_index": [],
            "global_table_witness": [],
            "hash_key": "LockID",
            "id": "unityhub-production-location-shared-terraform-state-lock",
            "import_table": [],
            "local_secondary_index": [],
            "name": "unityhub-production-location-shared-terraform-state-lock",
            "on_demand_throughput": [],
            "point_in_time_recovery": [
              {
                "enabled": true,
                "recovery_period_in_days": 35
              }
            ],
            "range_key": null,
            "read_capacity": 0,
            "region": "us-east-1",
            "replica": [],
            "restore_backup_arn": null,
            "restore_date_time": null,
            "restore_source_name": null,
            "restore_source_table_arn": null,
            "restore_to_latest_time": null,
            "server_side_encryption": [
              {
                "enabled": true,
                "kms_key_arn": ""
              }
            ],
            "stream_arn": "",
            "stream_enabled": false,
            "stream_label": "",
            "stream_view_type": "",
            "table_class": "STANDARD",
            "tags": {
              "Attributes": "terraform-state-lock",
              "Name": "unityhub-production-location-shared-terraform-state-lock",
              "Namespace": "unityhub",
              "Stage": "production"
            },
            "tags_all": {
              "Attributes": "terraform-state-lock",
              "Name": "unityhub-production-location-shared-terraform-state-lock",
              "Namespace": "unityhub",
              "Stage": "production"
            },
            "timeouts": null,
            "ttl": [
              {
                "attribute_name": "",
                "enabled": false
              }
            ],
            "warm_throughput": [],
            "write_capacity": 0
          },
          "sensitive_attributes": [],
          "identity_schema_version": 0,
          "identity": {
            "account_id": "514472330244",
            "name": "unityhub-production-location-shared-terraform-state-lock",
            "region": "us-east-1"
          },
          "private": "eyJlMmJmYjczMC1lY2FhLTExZTYtOGY4OC0zNDM2M2JjN2M0YzAiOnsiY3JlYXRlIjoxODAwMDAwMDAwMDAwLCJkZWxldGUiOjYwMDAwMDAwMDAwMCwidXBkYXRlIjozNjAwMDAwMDAwMDAwfSwic2NoZW1hX3ZlcnNpb24iOiIxIn0="
        }
      ]
    },
    {
      "module": "module.common_resources_staging.module.location.module.terraform_state_backend_location_shared",
      "mode": "managed",
      "type": "aws_s3_bucket",
      "name": "default",
      "provider": "provider[\"registry.terraform.io/hashicorp/aws\"]",
      "instances": [
        {
          "index_key": 0,
          "schema_version": 0,
          "attributes": {
            "acceleration_status": "",
            "acl": null,
            "arn": "arn:aws:s3:::unityhub-production-location-shared-terraform-state",
            "bucket": "unityhub-production-location-shared-terraform-state",
            "bucket_domain_name": "unityhub-production-location-shared-terraform-state.s3.amazonaws.com",
            "bucket_namespace": "global",
            "bucket_prefix": "",
            "bucket_region": "us-east-1",
            "bucket_regional_domain_name": "unityhub-production-location-shared-terraform-state.s3.us-east-1.amazonaws.com",
            "cors_rule": [],
            "force_destroy": true,
            "grant": [
              {
                "id": "bea86176a486e69a83b4227063efa3be9eb4b243551739d81a6a4b41ec8b3461",
                "permissions": [
                  "FULL_CONTROL"
                ],
                "type": "CanonicalUser",
                "uri": ""
              }
            ],
            "hosted_zone_id": "Z3AQBSTGFYJSTF",
            "id": "unityhub-production-location-shared-terraform-state",
            "lifecycle_rule": [],
            "logging": [],
            "object_lock_configuration": [],
            "object_lock_enabled": false,
            "policy": "{\"Statement\":[{\"Action\":\"s3:PutObject\",\"Condition\":{\"StringNotEquals\":{\"s3:x-amz-server-side-encryption\":[\"AES256\",\"aws:kms\"]}},\"Effect\":\"Deny\",\"Principal\":{\"AWS\":\"*\"},\"Resource\":\"arn:aws:s3:::unityhub-production-location-shared-terraform-state/*\",\"Sid\":\"DenyIncorrectEncryptionHeader\"},{\"Action\":\"s3:PutObject\",\"Condition\":{\"Null\":{\"s3:x-amz-server-side-encryption\":\"true\"}},\"Effect\":\"Deny\",\"Principal\":{\"AWS\":\"*\"},\"Resource\":\"arn:aws:s3:::unityhub-production-location-shared-terraform-state/*\",\"Sid\":\"DenyUnEncryptedObjectUploads\"},{\"Action\":\"s3:*\",\"Condition\":{\"Bool\":{\"aws:SecureTransport\":\"false\"}},\"Effect\":\"Deny\",\"Principal\":{\"AWS\":\"*\"},\"Resource\":[\"arn:aws:s3:::unityhub-production-location-shared-terraform-state/*\",\"arn:aws:s3:::unityhub-production-location-shared-terraform-state\"],\"Sid\":\"EnforceTlsRequestsOnly\"}],\"Version\":\"2012-10-17\"}",
            "region": "us-east-1",
            "replication_configuration": [],
            "request_payer": "BucketOwner",
            "server_side_encryption_configuration": [
              {
                "rule": [
                  {
                    "apply_server_side_encryption_by_default": [
                      {
                        "kms_master_key_id": "",
                        "sse_algorithm": "AES256"
                      }
                    ],
                    "bucket_key_enabled": false
                  }
                ]
              }
            ],
            "tags": {
              "Attributes": "terraform-state",
              "Name": "unityhub-production-location-shared-terraform-state",
              "Namespace": "unityhub",
              "Stage": "production"
            },
            "tags_all": {
              "Attributes": "terraform-state",
              "Name": "unityhub-production-location-shared-terraform-state",
              "Namespace": "unityhub",
              "Stage": "production"
            },
            "timeouts": null,
            "versioning": [
              {
                "enabled": true,
                "mfa_delete": false
              }
            ],
            "website": [],
            "website_domain": null,
            "website_endpoint": null
          },
          "sensitive_attributes": [],
          "identity_schema_version": 0,
          "identity": {
            "account_id": "514472330244",
            "bucket": "unityhub-production-location-shared-terraform-state",
            "region": "us-east-1"
          },
          "private": "eyJlMmJmYjczMC1lY2FhLTExZTYtOGY4OC0zNDM2M2JjN2M0YzAiOnsiY3JlYXRlIjoxMjAwMDAwMDAwMDAwLCJkZWxldGUiOjM2MDAwMDAwMDAwMDAsInJlYWQiOjEyMDAwMDAwMDAwMDAsInVwZGF0ZSI6MTIwMDAwMDAwMDAwMH19"
        }
      ]
    },
    {
      "module": "module.common_resources_staging.module.location.module.terraform_state_backend_location_shared",
      "mode": "managed",
      "type": "aws_s3_bucket_ownership_controls",
      "name": "default",
      "provider": "provider[\"registry.terraform.io/hashicorp/aws\"]",
      "instances": [
        {
          "index_key": 0,
          "schema_version": 0,
          "attributes": {
            "bucket": "unityhub-production-location-shared-terraform-state",
            "id": "unityhub-production-location-shared-terraform-state",
            "region": "us-east-1",
            "rule": [
              {
                "object_ownership": "BucketOwnerEnforced"
              }
            ]
          },
          "sensitive_attributes": [],
          "identity_schema_version": 0,
          "identity": {
            "account_id": "514472330244",
            "bucket": "unityhub-production-location-shared-terraform-state",
            "region": "us-east-1"
          },
          "private": "bnVsbA==",
          "dependencies": [
            "module.common_resources_staging.module.location.module.terraform_state_backend_location_shared.aws_s3_bucket.default"
          ]
        }
      ]
    },
    {
      "module": "module.common_resources_staging.module.location.module.terraform_state_backend_location_shared",
      "mode": "managed",
      "type": "aws_s3_bucket_policy",
      "name": "default",
      "provider": "provider[\"registry.terraform.io/hashicorp/aws\"]",
      "instances": [
        {
          "index_key": 0,
          "schema_version": 0,
          "attributes": {
            "bucket": "unityhub-production-location-shared-terraform-state",
            "id": "unityhub-production-location-shared-terraform-state",
            "policy": "{\"Statement\":[{\"Action\":\"s3:PutObject\",\"Condition\":{\"StringNotEquals\":{\"s3:x-amz-server-side-encryption\":[\"AES256\",\"aws:kms\"]}},\"Effect\":\"Deny\",\"Principal\":{\"AWS\":\"*\"},\"Resource\":\"arn:aws:s3:::unityhub-production-location-shared-terraform-state/*\",\"Sid\":\"DenyIncorrectEncryptionHeader\"},{\"Action\":\"s3:PutObject\",\"Condition\":{\"Null\":{\"s3:x-amz-server-side-encryption\":\"true\"}},\"Effect\":\"Deny\",\"Principal\":{\"AWS\":\"*\"},\"Resource\":\"arn:aws:s3:::unityhub-production-location-shared-terraform-state/*\",\"Sid\":\"DenyUnEncryptedObjectUploads\"},{\"Action\":\"s3:*\",\"Condition\":{\"Bool\":{\"aws:SecureTransport\":\"false\"}},\"Effect\":\"Deny\",\"Principal\":{\"AWS\":\"*\"},\"Resource\":[\"arn:aws:s3:::unityhub-production-location-shared-terraform-state/*\",\"arn:aws:s3:::unityhub-production-location-shared-terraform-state\"],\"Sid\":\"EnforceTlsRequestsOnly\"}],\"Version\":\"2012-10-17\"}",
            "region": "us-east-1"
          },
          "sensitive_attributes": [],
          "identity_schema_version": 0,
          "identity": {
            "account_id": "514472330244",
            "bucket": "unityhub-production-location-shared-terraform-state",
            "region": "us-east-1"
          },
          "private": "bnVsbA==",
          "dependencies": [
            "module.common_resources_staging.module.location.module.terraform_state_backend_location_shared.aws_s3_bucket.default",
            "module.common_resources_staging.module.location.module.terraform_state_backend_location_shared.data.aws_iam_policy_document.prevent_unencrypted_uploads"
          ]
        }
      ]
    },
    {
      "module": "module.common_resources_staging.module.location.module.terraform_state_backend_location_shared",
      "mode": "managed",
      "type": "aws_s3_bucket_public_access_block",
      "name": "default",
      "provider": "provider[\"registry.terraform.io/hashicorp/aws\"]",
      "instances": [
        {
          "index_key": 0,
          "schema_version": 0,
          "attributes": {
            "block_public_acls": true,
            "block_public_policy": true,
            "bucket": "unityhub-production-location-shared-terraform-state",
            "id": "unityhub-production-location-shared-terraform-state",
            "ignore_public_acls": true,
            "region": "us-east-1",
            "restrict_public_buckets": true,
            "skip_destroy": null
          },
          "sensitive_attributes": [],
          "identity_schema_version": 0,
          "identity": {
            "account_id": "514472330244",
            "bucket": "unityhub-production-location-shared-terraform-state",
            "region": "us-east-1"
          },
          "private": "bnVsbA==",
          "dependencies": [
            "module.common_resources_staging.module.location.module.terraform_state_backend_location_shared.aws_s3_bucket.default"
          ]
        }
      ]
    },
    {
      "module": "module.common_resources_staging.module.location.module.terraform_state_backend_location_shared",
      "mode": "managed",
      "type": "aws_s3_bucket_server_side_encryption_configuration",
      "name": "default",
      "provider": "provider[\"registry.terraform.io/hashicorp/aws\"]",
      "instances": [
        {
          "index_key": 0,
          "schema_version": 0,
          "attributes": {
            "bucket": "unityhub-production-location-shared-terraform-state",
            "expected_bucket_owner": "",
            "id": "unityhub-production-location-shared-terraform-state",
            "region": "us-east-1",
            "rule": [
              {
                "apply_server_side_encryption_by_default": [
                  {
                    "kms_master_key_id": "",
                    "sse_algorithm": "AES256"
                  }
                ],
                "blocked_encryption_types": [
                  "SSE-C"
                ],
                "bucket_key_enabled": false
              }
            ]
          },
          "sensitive_attributes": [],
          "identity_schema_version": 1,
          "identity": {
            "account_id": "514472330244",
            "bucket": "unityhub-production-location-shared-terraform-state",
            "region": "us-east-1"
          },
          "private": "bnVsbA==",
          "dependencies": [
            "module.common_resources_staging.module.location.module.terraform_state_backend_location_shared.aws_s3_bucket.default"
          ]
        }
      ]
    },
    {
      "module": "module.common_resources_staging.module.location.module.terraform_state_backend_location_shared",
      "mode": "managed",
      "type": "aws_s3_bucket_versioning",
      "name": "default",
      "provider": "provider[\"registry.terraform.io/hashicorp/aws\"]",
      "instances": [
        {
          "index_key": 0,
          "schema_version": 0,
          "attributes": {
            "bucket": "unityhub-production-location-shared-terraform-state",
            "expected_bucket_owner": "",
            "id": "unityhub-production-location-shared-terraform-state",
            "mfa": null,
            "region": "us-east-1",
            "versioning_configuration": [
              {
                "mfa_delete": "Disabled",
                "status": "Enabled"
              }
            ]
          },
          "sensitive_attributes": [],
          "identity_schema_version": 1,
          "identity": {
            "account_id": "514472330244",
            "bucket": "unityhub-production-location-shared-terraform-state",
            "region": "us-east-1"
          },
          "private": "bnVsbA==",
          "dependencies": [
            "module.common_resources_staging.module.location.module.terraform_state_backend_location_shared.aws_s3_bucket.default"
          ]
        }
      ]
    },
    {
      "module": "module.common_resources_staging.module.location.module.terraform_state_backend_location_shared",
      "mode": "managed",
      "type": "local_file",
      "name": "terraform_backend_config",
      "provider": "provider[\"registry.terraform.io/hashicorp/local\"]",
      "instances": [
        {
          "index_key": 0,
          "schema_version": 0,
          "attributes": {
            "content": "terraform {\n  required_version = \"\u003e= 1.0.0\"\n\n  backend \"s3\" {\n    region         = \"us-east-1\"\n    bucket         = \"unityhub-production-location-shared-terraform-state\"\n    key            = \"terraform.tfstate\"\n    dynamodb_table = \"unityhub-production-location-shared-terraform-state-lock\"\n    profile        = \"\"\n    role_arn       = \"\"\n    encrypt        = \"true\"\n  }\n}\n",
            "content_base64": null,
            "content_base64sha256": "EpZVSg4AZVhT+BQgYgC3s8b+yt1mHfqBlToa5BJy8TI=",
            "content_base64sha512": "41xPHoLngCE22CBFS1UAAaEM5m9JI5jWJ3QidwO6ko6Lo02tmKg8yOcsIFbzK6bS0l4CDyll9c5CWBV3OPtmGg==",
            "content_md5": "4cf2abe108dc1a51c15d04fe72416f88",
            "content_sha1": "61acb3a0f4f48f5b233f29441871aac665cb5a7c",
            "content_sha256": "1296554a0e00655853f814206200b7b3c6fecadd661dfa81953a1ae41272f132",
            "content_sha512": "e35c4f1e82e7802136d820454b550001a10ce66f492398d62774227703ba928e8ba34dad98a83cc8e72c2056f32ba6d2d25e020f2965f5ce4258157738fb661a",
            "directory_permission": "0777",
            "file_permission": "0644",
            "filename": "./backend/backend_location_shared.tf",
            "id": "61acb3a0f4f48f5b233f29441871aac665cb5a7c",
            "sensitive_content": null,
            "source": null
          },
          "sensitive_attributes": [
            [
              {
                "type": "get_attr",
                "value": "sensitive_content"
              }
            ]
          ],
          "identity_schema_version": 0,
          "dependencies": [
            "module.common_resources_staging.module.location.module.terraform_state_backend_location_shared.aws_dynamodb_table.with_server_side_encryption",
            "module.common_resources_staging.module.location.module.terraform_state_backend_location_shared.aws_s3_bucket.default",
            "module.common_resources_staging.module.location.module.terraform_state_backend_location_shared.data.aws_region.current"
          ]
        }
      ]
    },
    {
      "module": "module.common_resources_staging.module.marketplace.module.terraform_state_backend_marketplace_shared",
      "mode": "data",
      "type": "aws_iam_policy_document",
      "name": "prevent_unencrypted_uploads",
      "provider": "provider[\"registry.terraform.io/hashicorp/aws\"]",
      "instances": [
        {
          "index_key": 0,
          "schema_version": 0,
          "attributes": {
            "id": "3461691611",
            "json": "{\n  \"Version\": \"2012-10-17\",\n  \"Statement\": [\n    {\n      \"Sid\": \"DenyIncorrectEncryptionHeader\",\n      \"Effect\": \"Deny\",\n      \"Action\": \"s3:PutObject\",\n      \"Resource\": \"arn:aws:s3:::unityhub-production-marketplace-shared-terraform-state/*\",\n      \"Principal\": {\n        \"AWS\": \"*\"\n      },\n      \"Condition\": {\n        \"StringNotEquals\": {\n          \"s3:x-amz-server-side-encryption\": [\n            \"AES256\",\n            \"aws:kms\"\n          ]\n        }\n      }\n    },\n    {\n      \"Sid\": \"DenyUnEncryptedObjectUploads\",\n      \"Effect\": \"Deny\",\n      \"Action\": \"s3:PutObject\",\n      \"Resource\": \"arn:aws:s3:::unityhub-production-marketplace-shared-terraform-state/*\",\n      \"Principal\": {\n        \"AWS\": \"*\"\n      },\n      \"Condition\": {\n        \"Null\": {\n          \"s3:x-amz-server-side-encryption\": \"true\"\n        }\n      }\n    },\n    {\n      \"Sid\": \"EnforceTlsRequestsOnly\",\n      \"Effect\": \"Deny\",\n      \"Action\": \"s3:*\",\n      \"Resource\": [\n        \"arn:aws:s3:::unityhub-production-marketplace-shared-terraform-state/*\",\n        \"arn:aws:s3:::unityhub-production-marketplace-shared-terraform-state\"\n      ],\n      \"Principal\": {\n        \"AWS\": \"*\"\n      },\n      \"Condition\": {\n        \"Bool\": {\n          \"aws:SecureTransport\": \"false\"\n        }\n      }\n    }\n  ]\n}",
            "minified_json": "{\"Version\":\"2012-10-17\",\"Statement\":[{\"Sid\":\"DenyIncorrectEncryptionHeader\",\"Effect\":\"Deny\",\"Action\":\"s3:PutObject\",\"Resource\":\"arn:aws:s3:::unityhub-production-marketplace-shared-terraform-state/*\",\"Principal\":{\"AWS\":\"*\"},\"Condition\":{\"StringNotEquals\":{\"s3:x-amz-server-side-encryption\":[\"AES256\",\"aws:kms\"]}}},{\"Sid\":\"DenyUnEncryptedObjectUploads\",\"Effect\":\"Deny\",\"Action\":\"s3:PutObject\",\"Resource\":\"arn:aws:s3:::unityhub-production-marketplace-shared-terraform-state/*\",\"Principal\":{\"AWS\":\"*\"},\"Condition\":{\"Null\":{\"s3:x-amz-server-side-encryption\":\"true\"}}},{\"Sid\":\"EnforceTlsRequestsOnly\",\"Effect\":\"Deny\",\"Action\":\"s3:*\",\"Resource\":[\"arn:aws:s3:::unityhub-production-marketplace-shared-terraform-state/*\",\"arn:aws:s3:::unityhub-production-marketplace-shared-terraform-state\"],\"Principal\":{\"AWS\":\"*\"},\"Condition\":{\"Bool\":{\"aws:SecureTransport\":\"false\"}}}]}",
            "override_json": null,
            "override_policy_documents": null,
            "policy_id": null,
            "source_json": null,
            "source_policy_documents": null,
            "statement": [
              {
                "actions": [
                  "s3:PutObject"
                ],
                "condition": [
                  {
                    "test": "StringNotEquals",
                    "values": [
                      "AES256",
                      "aws:kms"
                    ],
                    "variable": "s3:x-amz-server-side-encryption"
                  }
                ],
                "effect": "Deny",
                "not_actions": [],
                "not_principals": [],
                "not_resources": [],
                "principals": [
                  {
                    "identifiers": [
                      "*"
                    ],
                    "type": "AWS"
                  }
                ],
                "resources": [
                  "arn:aws:s3:::unityhub-production-marketplace-shared-terraform-state/*"
                ],
                "sid": "DenyIncorrectEncryptionHeader"
              },
              {
                "actions": [
                  "s3:PutObject"
                ],
                "condition": [
                  {
                    "test": "Null",
                    "values": [
                      "true"
                    ],
                    "variable": "s3:x-amz-server-side-encryption"
                  }
                ],
                "effect": "Deny",
                "not_actions": [],
                "not_principals": [],
                "not_resources": [],
                "principals": [
                  {
                    "identifiers": [
                      "*"
                    ],
                    "type": "AWS"
                  }
                ],
                "resources": [
                  "arn:aws:s3:::unityhub-production-marketplace-shared-terraform-state/*"
                ],
                "sid": "DenyUnEncryptedObjectUploads"
              },
              {
                "actions": [
                  "s3:*"
                ],
                "condition": [
                  {
                    "test": "Bool",
                    "values": [
                      "false"
                    ],
                    "variable": "aws:SecureTransport"
                  }
                ],
                "effect": "Deny",
                "not_actions": [],
                "not_principals": [],
                "not_resources": [],
                "principals": [
                  {
                    "identifiers": [
                      "*"
                    ],
                    "type": "AWS"
                  }
                ],
                "resources": [
                  "arn:aws:s3:::unityhub-production-marketplace-shared-terraform-state",
                  "arn:aws:s3:::unityhub-production-marketplace-shared-terraform-state/*"
                ],
                "sid": "EnforceTlsRequestsOnly"
              }
            ],
            "version": "2012-10-17"
          },
          "sensitive_attributes": [],
          "identity_schema_version": 0
        }
      ]
    },
    {
      "module": "module.common_resources_staging.module.marketplace.module.terraform_state_backend_marketplace_shared",
      "mode": "data",
      "type": "aws_region",
      "name": "current",
      "provider": "provider[\"registry.terraform.io/hashicorp/aws\"]",
      "instances": [
        {
          "schema_version": 0,
          "attributes": {
            "description": "US East (N. Virginia)",
            "endpoint": "ec2.us-east-1.amazonaws.com",
            "id": "us-east-1",
            "name": "us-east-1",
            "region": "us-east-1"
          },
          "sensitive_attributes": [],
          "identity_schema_version": 0
        }
      ]
    },
    {
      "module": "module.common_resources_staging.module.marketplace.module.terraform_state_backend_marketplace_shared",
      "mode": "managed",
      "type": "aws_dynamodb_table",
      "name": "with_server_side_encryption",
      "provider": "provider[\"registry.terraform.io/hashicorp/aws\"]",
      "instances": [
        {
          "index_key": 0,
          "schema_version": 1,
          "attributes": {
            "arn": "arn:aws:dynamodb:us-east-1:514472330244:table/unityhub-production-marketplace-shared-terraform-state-lock",
            "attribute": [
              {
                "name": "LockID",
                "type": "S"
              }
            ],
            "billing_mode": "PAY_PER_REQUEST",
            "deletion_protection_enabled": false,
            "global_secondary_index": [],
            "global_table_witness": [],
            "hash_key": "LockID",
            "id": "unityhub-production-marketplace-shared-terraform-state-lock",
            "import_table": [],
            "local_secondary_index": [],
            "name": "unityhub-production-marketplace-shared-terraform-state-lock",
            "on_demand_throughput": [],
            "point_in_time_recovery": [
              {
                "enabled": true,
                "recovery_period_in_days": 35
              }
            ],
            "range_key": null,
            "read_capacity": 0,
            "region": "us-east-1",
            "replica": [],
            "restore_backup_arn": null,
            "restore_date_time": null,
            "restore_source_name": null,
            "restore_source_table_arn": null,
            "restore_to_latest_time": null,
            "server_side_encryption": [
              {
                "enabled": true,
                "kms_key_arn": ""
              }
            ],
            "stream_arn": "",
            "stream_enabled": false,
            "stream_label": "",
            "stream_view_type": "",
            "table_class": "STANDARD",
            "tags": {
              "Attributes": "terraform-state-lock",
              "Name": "unityhub-production-marketplace-shared-terraform-state-lock",
              "Namespace": "unityhub",
              "Stage": "production"
            },
            "tags_all": {
              "Attributes": "terraform-state-lock",
              "Name": "unityhub-production-marketplace-shared-terraform-state-lock",
              "Namespace": "unityhub",
              "Stage": "production"
            },
            "timeouts": null,
            "ttl": [
              {
                "attribute_name": "",
                "enabled": false
              }
            ],
            "warm_throughput": [],
            "write_capacity": 0
          },
          "sensitive_attributes": [],
          "identity_schema_version": 0,
          "identity": {
            "account_id": "514472330244",
            "name": "unityhub-production-marketplace-shared-terraform-state-lock",
            "region": "us-east-1"
          },
          "private": "eyJlMmJmYjczMC1lY2FhLTExZTYtOGY4OC0zNDM2M2JjN2M0YzAiOnsiY3JlYXRlIjoxODAwMDAwMDAwMDAwLCJkZWxldGUiOjYwMDAwMDAwMDAwMCwidXBkYXRlIjozNjAwMDAwMDAwMDAwfSwic2NoZW1hX3ZlcnNpb24iOiIxIn0="
        }
      ]
    },
    {
      "module": "module.common_resources_staging.module.marketplace.module.terraform_state_backend_marketplace_shared",
      "mode": "managed",
      "type": "aws_s3_bucket",
      "name": "default",
      "provider": "provider[\"registry.terraform.io/hashicorp/aws\"]",
      "instances": [
        {
          "index_key": 0,
          "schema_version": 0,
          "attributes": {
            "acceleration_status": "",
            "acl": null,
            "arn": "arn:aws:s3:::unityhub-production-marketplace-shared-terraform-state",
            "bucket": "unityhub-production-marketplace-shared-terraform-state",
            "bucket_domain_name": "unityhub-production-marketplace-shared-terraform-state.s3.amazonaws.com",
            "bucket_namespace": "global",
            "bucket_prefix": "",
            "bucket_region": "us-east-1",
            "bucket_regional_domain_name": "unityhub-production-marketplace-shared-terraform-state.s3.us-east-1.amazonaws.com",
            "cors_rule": [],
            "force_destroy": true,
            "grant": [
              {
                "id": "bea86176a486e69a83b4227063efa3be9eb4b243551739d81a6a4b41ec8b3461",
                "permissions": [
                  "FULL_CONTROL"
                ],
                "type": "CanonicalUser",
                "uri": ""
              }
            ],
            "hosted_zone_id": "Z3AQBSTGFYJSTF",
            "id": "unityhub-production-marketplace-shared-terraform-state",
            "lifecycle_rule": [],
            "logging": [],
            "object_lock_configuration": [],
            "object_lock_enabled": false,
            "policy": "{\"Statement\":[{\"Action\":\"s3:PutObject\",\"Condition\":{\"StringNotEquals\":{\"s3:x-amz-server-side-encryption\":[\"AES256\",\"aws:kms\"]}},\"Effect\":\"Deny\",\"Principal\":{\"AWS\":\"*\"},\"Resource\":\"arn:aws:s3:::unityhub-production-marketplace-shared-terraform-state/*\",\"Sid\":\"DenyIncorrectEncryptionHeader\"},{\"Action\":\"s3:PutObject\",\"Condition\":{\"Null\":{\"s3:x-amz-server-side-encryption\":\"true\"}},\"Effect\":\"Deny\",\"Principal\":{\"AWS\":\"*\"},\"Resource\":\"arn:aws:s3:::unityhub-production-marketplace-shared-terraform-state/*\",\"Sid\":\"DenyUnEncryptedObjectUploads\"},{\"Action\":\"s3:*\",\"Condition\":{\"Bool\":{\"aws:SecureTransport\":\"false\"}},\"Effect\":\"Deny\",\"Principal\":{\"AWS\":\"*\"},\"Resource\":[\"arn:aws:s3:::unityhub-production-marketplace-shared-terraform-state/*\",\"arn:aws:s3:::unityhub-production-marketplace-shared-terraform-state\"],\"Sid\":\"EnforceTlsRequestsOnly\"}],\"Version\":\"2012-10-17\"}",
            "region": "us-east-1",
            "replication_configuration": [],
            "request_payer": "BucketOwner",
            "server_side_encryption_configuration": [
              {
                "rule": [
                  {
                    "apply_server_side_encryption_by_default": [
                      {
                        "kms_master_key_id": "",
                        "sse_algorithm": "AES256"
                      }
                    ],
                    "bucket_key_enabled": false
                  }
                ]
              }
            ],
            "tags": {
              "Attributes": "terraform-state",
              "Name": "unityhub-production-marketplace-shared-terraform-state",
              "Namespace": "unityhub",
              "Stage": "production"
            },
            "tags_all": {
              "Attributes": "terraform-state",
              "Name": "unityhub-production-marketplace-shared-terraform-state",
              "Namespace": "unityhub",
              "Stage": "production"
            },
            "timeouts": null,
            "versioning": [
              {
                "enabled": true,
                "mfa_delete": false
              }
            ],
            "website": [],
            "website_domain": null,
            "website_endpoint": null
          },
          "sensitive_attributes": [],
          "identity_schema_version": 0,
          "identity": {
            "account_id": "514472330244",
            "bucket": "unityhub-production-marketplace-shared-terraform-state",
            "region": "us-east-1"
          },
          "private": "eyJlMmJmYjczMC1lY2FhLTExZTYtOGY4OC0zNDM2M2JjN2M0YzAiOnsiY3JlYXRlIjoxMjAwMDAwMDAwMDAwLCJkZWxldGUiOjM2MDAwMDAwMDAwMDAsInJlYWQiOjEyMDAwMDAwMDAwMDAsInVwZGF0ZSI6MTIwMDAwMDAwMDAwMH19"
        }
      ]
    },
    {
      "module": "module.common_resources_staging.module.marketplace.module.terraform_state_backend_marketplace_shared",
      "mode": "managed",
      "type": "aws_s3_bucket_ownership_controls",
      "name": "default",
      "provider": "provider[\"registry.terraform.io/hashicorp/aws\"]",
      "instances": [
        {
          "index_key": 0,
          "schema_version": 0,
          "attributes": {
            "bucket": "unityhub-production-marketplace-shared-terraform-state",
            "id": "unityhub-production-marketplace-shared-terraform-state",
            "region": "us-east-1",
            "rule": [
              {
                "object_ownership": "BucketOwnerEnforced"
              }
            ]
          },
          "sensitive_attributes": [],
          "identity_schema_version": 0,
          "identity": {
            "account_id": "514472330244",
            "bucket": "unityhub-production-marketplace-shared-terraform-state",
            "region": "us-east-1"
          },
          "private": "bnVsbA==",
          "dependencies": [
            "module.common_resources_staging.module.marketplace.module.terraform_state_backend_marketplace_shared.aws_s3_bucket.default"
          ]
        }
      ]
    },
    {
      "module": "module.common_resources_staging.module.marketplace.module.terraform_state_backend_marketplace_shared",
      "mode": "managed",
      "type": "aws_s3_bucket_policy",
      "name": "default",
      "provider": "provider[\"registry.terraform.io/hashicorp/aws\"]",
      "instances": [
        {
          "index_key": 0,
          "schema_version": 0,
          "attributes": {
            "bucket": "unityhub-production-marketplace-shared-terraform-state",
            "id": "unityhub-production-marketplace-shared-terraform-state",
            "policy": "{\"Statement\":[{\"Action\":\"s3:PutObject\",\"Condition\":{\"StringNotEquals\":{\"s3:x-amz-server-side-encryption\":[\"AES256\",\"aws:kms\"]}},\"Effect\":\"Deny\",\"Principal\":{\"AWS\":\"*\"},\"Resource\":\"arn:aws:s3:::unityhub-production-marketplace-shared-terraform-state/*\",\"Sid\":\"DenyIncorrectEncryptionHeader\"},{\"Action\":\"s3:PutObject\",\"Condition\":{\"Null\":{\"s3:x-amz-server-side-encryption\":\"true\"}},\"Effect\":\"Deny\",\"Principal\":{\"AWS\":\"*\"},\"Resource\":\"arn:aws:s3:::unityhub-production-marketplace-shared-terraform-state/*\",\"Sid\":\"DenyUnEncryptedObjectUploads\"},{\"Action\":\"s3:*\",\"Condition\":{\"Bool\":{\"aws:SecureTransport\":\"false\"}},\"Effect\":\"Deny\",\"Principal\":{\"AWS\":\"*\"},\"Resource\":[\"arn:aws:s3:::unityhub-production-marketplace-shared-terraform-state/*\",\"arn:aws:s3:::unityhub-production-marketplace-shared-terraform-state\"],\"Sid\":\"EnforceTlsRequestsOnly\"}],\"Version\":\"2012-10-17\"}",
            "region": "us-east-1"
          },
          "sensitive_attributes": [],
          "identity_schema_version": 0,
          "identity": {
            "account_id": "514472330244",
            "bucket": "unityhub-production-marketplace-shared-terraform-state",
            "region": "us-east-1"
          },
          "private": "bnVsbA==",
          "dependencies": [
            "module.common_resources_staging.module.marketplace.module.terraform_state_backend_marketplace_shared.aws_s3_bucket.default",
            "module.common_resources_staging.module.marketplace.module.terraform_state_backend_marketplace_shared.data.aws_iam_policy_document.prevent_unencrypted_uploads"
          ]
        }
      ]
    },
    {
      "module": "module.common_resources_staging.module.marketplace.module.terraform_state_backend_marketplace_shared",
      "mode": "managed",
      "type": "aws_s3_bucket_public_access_block",
      "name": "default",
      "provider": "provider[\"registry.terraform.io/hashicorp/aws\"]",
      "instances": [
        {
          "index_key": 0,
          "schema_version": 0,
          "attributes": {
            "block_public_acls": true,
            "block_public_policy": true,
            "bucket": "unityhub-production-marketplace-shared-terraform-state",
            "id": "unityhub-production-marketplace-shared-terraform-state",
            "ignore_public_acls": true,
            "region": "us-east-1",
            "restrict_public_buckets": true,
            "skip_destroy": null
          },
          "sensitive_attributes": [],
          "identity_schema_version": 0,
          "identity": {
            "account_id": "514472330244",
            "bucket": "unityhub-production-marketplace-shared-terraform-state",
            "region": "us-east-1"
          },
          "private": "bnVsbA==",
          "dependencies": [
            "module.common_resources_staging.module.marketplace.module.terraform_state_backend_marketplace_shared.aws_s3_bucket.default"
          ]
        }
      ]
    },
    {
      "module": "module.common_resources_staging.module.marketplace.module.terraform_state_backend_marketplace_shared",
      "mode": "managed",
      "type": "aws_s3_bucket_server_side_encryption_configuration",
      "name": "default",
      "provider": "provider[\"registry.terraform.io/hashicorp/aws\"]",
      "instances": [
        {
          "index_key": 0,
          "schema_version": 0,
          "attributes": {
            "bucket": "unityhub-production-marketplace-shared-terraform-state",
            "expected_bucket_owner": "",
            "id": "unityhub-production-marketplace-shared-terraform-state",
            "region": "us-east-1",
            "rule": [
              {
                "apply_server_side_encryption_by_default": [
                  {
                    "kms_master_key_id": "",
                    "sse_algorithm": "AES256"
                  }
                ],
                "blocked_encryption_types": [
                  "SSE-C"
                ],
                "bucket_key_enabled": false
              }
            ]
          },
          "sensitive_attributes": [],
          "identity_schema_version": 1,
          "identity": {
            "account_id": "514472330244",
            "bucket": "unityhub-production-marketplace-shared-terraform-state",
            "region": "us-east-1"
          },
          "private": "bnVsbA==",
          "dependencies": [
            "module.common_resources_staging.module.marketplace.module.terraform_state_backend_marketplace_shared.aws_s3_bucket.default"
          ]
        }
      ]
    },
    {
      "module": "module.common_resources_staging.module.marketplace.module.terraform_state_backend_marketplace_shared",
      "mode": "managed",
      "type": "aws_s3_bucket_versioning",
      "name": "default",
      "provider": "provider[\"registry.terraform.io/hashicorp/aws\"]",
      "instances": [
        {
          "index_key": 0,
          "schema_version": 0,
          "attributes": {
            "bucket": "unityhub-production-marketplace-shared-terraform-state",
            "expected_bucket_owner": "",
            "id": "unityhub-production-marketplace-shared-terraform-state",
            "mfa": null,
            "region": "us-east-1",
            "versioning_configuration": [
              {
                "mfa_delete": "Disabled",
                "status": "Enabled"
              }
            ]
          },
          "sensitive_attributes": [],
          "identity_schema_version": 1,
          "identity": {
            "account_id": "514472330244",
            "bucket": "unityhub-production-marketplace-shared-terraform-state",
            "region": "us-east-1"
          },
          "private": "bnVsbA==",
          "dependencies": [
            "module.common_resources_staging.module.marketplace.module.terraform_state_backend_marketplace_shared.aws_s3_bucket.default"
          ]
        }
      ]
    },
    {
      "module": "module.common_resources_staging.module.marketplace.module.terraform_state_backend_marketplace_shared",
      "mode": "managed",
      "type": "local_file",
      "name": "terraform_backend_config",
      "provider": "provider[\"registry.terraform.io/hashicorp/local\"]",
      "instances": [
        {
          "index_key": 0,
          "schema_version": 0,
          "attributes": {
            "content": "terraform {\n  required_version = \"\u003e= 1.0.0\"\n\n  backend \"s3\" {\n    region         = \"us-east-1\"\n    bucket         = \"unityhub-production-marketplace-shared-terraform-state\"\n    key            = \"terraform.tfstate\"\n    dynamodb_table = \"unityhub-production-marketplace-shared-terraform-state-lock\"\n    profile        = \"\"\n    role_arn       = \"\"\n    encrypt        = \"true\"\n  }\n}\n",
            "content_base64": null,
            "content_base64sha256": "Dozs9NYA8ut8T1vBaCL+4CZ0jm7s5LqeDw2OI3V0Qe4=",
            "content_base64sha512": "LPec0FMRqSTDGVhGKFpv5IdG0Bh0KjjSz5RgZ6zhAUeLsq/Y728cqFYOPPJOj5MmbGfNEPK028q1XaqkniciSQ==",
            "content_md5": "9cc3b9223fbbf8506ac01e2d25b78c83",
            "content_sha1": "5187d49ce67f8a249ec112eb74e6a2d05e4c0b4c",
            "content_sha256": "0e8cecf4d600f2eb7c4f5bc16822fee026748e6eece4ba9e0f0d8e23757441ee",
            "content_sha512": "2cf79cd05311a924c3195846285a6fe48746d018742a38d2cf946067ace101478bb2afd8ef6f1ca8560e3cf24e8f93266c67cd10f2b4dbcab55daaa49e272249",
            "directory_permission": "0777",
            "file_permission": "0644",
            "filename": "./backend/backend_marketplace_shared.tf",
            "id": "5187d49ce67f8a249ec112eb74e6a2d05e4c0b4c",
            "sensitive_content": null,
            "source": null
          },
          "sensitive_attributes": [
            [
              {
                "type": "get_attr",
                "value": "sensitive_content"
              }
            ]
          ],
          "identity_schema_version": 0,
          "dependencies": [
            "module.common_resources_staging.module.marketplace.module.terraform_state_backend_marketplace_shared.aws_dynamodb_table.with_server_side_encryption",
            "module.common_resources_staging.module.marketplace.module.terraform_state_backend_marketplace_shared.aws_s3_bucket.default",
            "module.common_resources_staging.module.marketplace.module.terraform_state_backend_marketplace_shared.data.aws_region.current"
          ]
        }
      ]
    },
    {
      "module": "module.common_resources_staging.module.msteams.module.terraform_state_backend_msteams_shared",
      "mode": "data",
      "type": "aws_iam_policy_document",
      "name": "prevent_unencrypted_uploads",
      "provider": "provider[\"registry.terraform.io/hashicorp/aws\"]",
      "instances": [
        {
          "index_key": 0,
          "schema_version": 0,
          "attributes": {
            "id": "3857247047",
            "json": "{\n  \"Version\": \"2012-10-17\",\n  \"Statement\": [\n    {\n      \"Sid\": \"DenyIncorrectEncryptionHeader\",\n      \"Effect\": \"Deny\",\n      \"Action\": \"s3:PutObject\",\n      \"Resource\": \"arn:aws:s3:::unityhub-production-msteams-shared-terraform-state/*\",\n      \"Principal\": {\n        \"AWS\": \"*\"\n      },\n      \"Condition\": {\n        \"StringNotEquals\": {\n          \"s3:x-amz-server-side-encryption\": [\n            \"AES256\",\n            \"aws:kms\"\n          ]\n        }\n      }\n    },\n    {\n      \"Sid\": \"DenyUnEncryptedObjectUploads\",\n      \"Effect\": \"Deny\",\n      \"Action\": \"s3:PutObject\",\n      \"Resource\": \"arn:aws:s3:::unityhub-production-msteams-shared-terraform-state/*\",\n      \"Principal\": {\n        \"AWS\": \"*\"\n      },\n      \"Condition\": {\n        \"Null\": {\n          \"s3:x-amz-server-side-encryption\": \"true\"\n        }\n      }\n    },\n    {\n      \"Sid\": \"EnforceTlsRequestsOnly\",\n      \"Effect\": \"Deny\",\n      \"Action\": \"s3:*\",\n      \"Resource\": [\n        \"arn:aws:s3:::unityhub-production-msteams-shared-terraform-state/*\",\n        \"arn:aws:s3:::unityhub-production-msteams-shared-terraform-state\"\n      ],\n      \"Principal\": {\n        \"AWS\": \"*\"\n      },\n      \"Condition\": {\n        \"Bool\": {\n          \"aws:SecureTransport\": \"false\"\n        }\n      }\n    }\n  ]\n}",
            "minified_json": "{\"Version\":\"2012-10-17\",\"Statement\":[{\"Sid\":\"DenyIncorrectEncryptionHeader\",\"Effect\":\"Deny\",\"Action\":\"s3:PutObject\",\"Resource\":\"arn:aws:s3:::unityhub-production-msteams-shared-terraform-state/*\",\"Principal\":{\"AWS\":\"*\"},\"Condition\":{\"StringNotEquals\":{\"s3:x-amz-server-side-encryption\":[\"AES256\",\"aws:kms\"]}}},{\"Sid\":\"DenyUnEncryptedObjectUploads\",\"Effect\":\"Deny\",\"Action\":\"s3:PutObject\",\"Resource\":\"arn:aws:s3:::unityhub-production-msteams-shared-terraform-state/*\",\"Principal\":{\"AWS\":\"*\"},\"Condition\":{\"Null\":{\"s3:x-amz-server-side-encryption\":\"true\"}}},{\"Sid\":\"EnforceTlsRequestsOnly\",\"Effect\":\"Deny\",\"Action\":\"s3:*\",\"Resource\":[\"arn:aws:s3:::unityhub-production-msteams-shared-terraform-state/*\",\"arn:aws:s3:::unityhub-production-msteams-shared-terraform-state\"],\"Principal\":{\"AWS\":\"*\"},\"Condition\":{\"Bool\":{\"aws:SecureTransport\":\"false\"}}}]}",
            "override_json": null,
            "override_policy_documents": null,
            "policy_id": null,
            "source_json": null,
            "source_policy_documents": null,
            "statement": [
              {
                "actions": [
                  "s3:PutObject"
                ],
                "condition": [
                  {
                    "test": "StringNotEquals",
                    "values": [
                      "AES256",
                      "aws:kms"
                    ],
                    "variable": "s3:x-amz-server-side-encryption"
                  }
                ],
                "effect": "Deny",
                "not_actions": [],
                "not_principals": [],
                "not_resources": [],
                "principals": [
                  {
                    "identifiers": [
                      "*"
                    ],
                    "type": "AWS"
                  }
                ],
                "resources": [
                  "arn:aws:s3:::unityhub-production-msteams-shared-terraform-state/*"
                ],
                "sid": "DenyIncorrectEncryptionHeader"
              },
              {
                "actions": [
                  "s3:PutObject"
                ],
                "condition": [
                  {
                    "test": "Null",
                    "values": [
                      "true"
                    ],
                    "variable": "s3:x-amz-server-side-encryption"
                  }
                ],
                "effect": "Deny",
                "not_actions": [],
                "not_principals": [],
                "not_resources": [],
                "principals": [
                  {
                    "identifiers": [
                      "*"
                    ],
                    "type": "AWS"
                  }
                ],
                "resources": [
                  "arn:aws:s3:::unityhub-production-msteams-shared-terraform-state/*"
                ],
                "sid": "DenyUnEncryptedObjectUploads"
              },
              {
                "actions": [
                  "s3:*"
                ],
                "condition": [
                  {
                    "test": "Bool",
                    "values": [
                      "false"
                    ],
                    "variable": "aws:SecureTransport"
                  }
                ],
                "effect": "Deny",
                "not_actions": [],
                "not_principals": [],
                "not_resources": [],
                "principals": [
                  {
                    "identifiers": [
                      "*"
                    ],
                    "type": "AWS"
                  }
                ],
                "resources": [
                  "arn:aws:s3:::unityhub-production-msteams-shared-terraform-state",
                  "arn:aws:s3:::unityhub-production-msteams-shared-terraform-state/*"
                ],
                "sid": "EnforceTlsRequestsOnly"
              }
            ],
            "version": "2012-10-17"
          },
          "sensitive_attributes": [],
          "identity_schema_version": 0
        }
      ]
    },
    {
      "module": "module.common_resources_staging.module.msteams.module.terraform_state_backend_msteams_shared",
      "mode": "data",
      "type": "aws_region",
      "name": "current",
      "provider": "provider[\"registry.terraform.io/hashicorp/aws\"]",
      "instances": [
        {
          "schema_version": 0,
          "attributes": {
            "description": "US East (N. Virginia)",
            "endpoint": "ec2.us-east-1.amazonaws.com",
            "id": "us-east-1",
            "name": "us-east-1",
            "region": "us-east-1"
          },
          "sensitive_attributes": [],
          "identity_schema_version": 0
        }
      ]
    },
    {
      "module": "module.common_resources_staging.module.msteams.module.terraform_state_backend_msteams_shared",
      "mode": "managed",
      "type": "aws_dynamodb_table",
      "name": "with_server_side_encryption",
      "provider": "provider[\"registry.terraform.io/hashicorp/aws\"]",
      "instances": [
        {
          "index_key": 0,
          "schema_version": 1,
          "attributes": {
            "arn": "arn:aws:dynamodb:us-east-1:514472330244:table/unityhub-production-msteams-shared-terraform-state-lock",
            "attribute": [
              {
                "name": "LockID",
                "type": "S"
              }
            ],
            "billing_mode": "PAY_PER_REQUEST",
            "deletion_protection_enabled": false,
            "global_secondary_index": [],
            "global_table_witness": [],
            "hash_key": "LockID",
            "id": "unityhub-production-msteams-shared-terraform-state-lock",
            "import_table": [],
            "local_secondary_index": [],
            "name": "unityhub-production-msteams-shared-terraform-state-lock",
            "on_demand_throughput": [],
            "point_in_time_recovery": [
              {
                "enabled": true,
                "recovery_period_in_days": 35
              }
            ],
            "range_key": null,
            "read_capacity": 0,
            "region": "us-east-1",
            "replica": [],
            "restore_backup_arn": null,
            "restore_date_time": null,
            "restore_source_name": null,
            "restore_source_table_arn": null,
            "restore_to_latest_time": null,
            "server_side_encryption": [
              {
                "enabled": true,
                "kms_key_arn": ""
              }
            ],
            "stream_arn": "",
            "stream_enabled": false,
            "stream_label": "",
            "stream_view_type": "",
            "table_class": "STANDARD",
            "tags": {
              "Attributes": "terraform-state-lock",
              "Name": "unityhub-production-msteams-shared-terraform-state-lock",
              "Namespace": "unityhub",
              "Stage": "production"
            },
            "tags_all": {
              "Attributes": "terraform-state-lock",
              "Name": "unityhub-production-msteams-shared-terraform-state-lock",
              "Namespace": "unityhub",
              "Stage": "production"
            },
            "timeouts": null,
            "ttl": [
              {
                "attribute_name": "",
                "enabled": false
              }
            ],
            "warm_throughput": [],
            "write_capacity": 0
          },
          "sensitive_attributes": [],
          "identity_schema_version": 0,
          "identity": {
            "account_id": "514472330244",
            "name": "unityhub-production-msteams-shared-terraform-state-lock",
            "region": "us-east-1"
          },
          "private": "eyJlMmJmYjczMC1lY2FhLTExZTYtOGY4OC0zNDM2M2JjN2M0YzAiOnsiY3JlYXRlIjoxODAwMDAwMDAwMDAwLCJkZWxldGUiOjYwMDAwMDAwMDAwMCwidXBkYXRlIjozNjAwMDAwMDAwMDAwfSwic2NoZW1hX3ZlcnNpb24iOiIxIn0="
        }
      ]
    },
    {
      "module": "module.common_resources_staging.module.msteams.module.terraform_state_backend_msteams_shared",
      "mode": "managed",
      "type": "aws_s3_bucket",
      "name": "default",
      "provider": "provider[\"registry.terraform.io/hashicorp/aws\"]",
      "instances": [
        {
          "index_key": 0,
          "schema_version": 0,
          "attributes": {
            "acceleration_status": "",
            "acl": null,
            "arn": "arn:aws:s3:::unityhub-production-msteams-shared-terraform-state",
            "bucket": "unityhub-production-msteams-shared-terraform-state",
            "bucket_domain_name": "unityhub-production-msteams-shared-terraform-state.s3.amazonaws.com",
            "bucket_namespace": "global",
            "bucket_prefix": "",
            "bucket_region": "us-east-1",
            "bucket_regional_domain_name": "unityhub-production-msteams-shared-terraform-state.s3.us-east-1.amazonaws.com",
            "cors_rule": [],
            "force_destroy": true,
            "grant": [
              {
                "id": "bea86176a486e69a83b4227063efa3be9eb4b243551739d81a6a4b41ec8b3461",
                "permissions": [
                  "FULL_CONTROL"
                ],
                "type": "CanonicalUser",
                "uri": ""
              }
            ],
            "hosted_zone_id": "Z3AQBSTGFYJSTF",
            "id": "unityhub-production-msteams-shared-terraform-state",
            "lifecycle_rule": [],
            "logging": [],
            "object_lock_configuration": [],
            "object_lock_enabled": false,
            "policy": "{\"Statement\":[{\"Action\":\"s3:PutObject\",\"Condition\":{\"StringNotEquals\":{\"s3:x-amz-server-side-encryption\":[\"AES256\",\"aws:kms\"]}},\"Effect\":\"Deny\",\"Principal\":{\"AWS\":\"*\"},\"Resource\":\"arn:aws:s3:::unityhub-production-msteams-shared-terraform-state/*\",\"Sid\":\"DenyIncorrectEncryptionHeader\"},{\"Action\":\"s3:PutObject\",\"Condition\":{\"Null\":{\"s3:x-amz-server-side-encryption\":\"true\"}},\"Effect\":\"Deny\",\"Principal\":{\"AWS\":\"*\"},\"Resource\":\"arn:aws:s3:::unityhub-production-msteams-shared-terraform-state/*\",\"Sid\":\"DenyUnEncryptedObjectUploads\"},{\"Action\":\"s3:*\",\"Condition\":{\"Bool\":{\"aws:SecureTransport\":\"false\"}},\"Effect\":\"Deny\",\"Principal\":{\"AWS\":\"*\"},\"Resource\":[\"arn:aws:s3:::unityhub-production-msteams-shared-terraform-state/*\",\"arn:aws:s3:::unityhub-production-msteams-shared-terraform-state\"],\"Sid\":\"EnforceTlsRequestsOnly\"}],\"Version\":\"2012-10-17\"}",
            "region": "us-east-1",
            "replication_configuration": [],
            "request_payer": "BucketOwner",
            "server_side_encryption_configuration": [
              {
                "rule": [
                  {
                    "apply_server_side_encryption_by_default": [
                      {
                        "kms_master_key_id": "",
                        "sse_algorithm": "AES256"
                      }
                    ],
                    "bucket_key_enabled": false
                  }
                ]
              }
            ],
            "tags": {
              "Attributes": "terraform-state",
              "Name": "unityhub-production-msteams-shared-terraform-state",
              "Namespace": "unityhub",
              "Stage": "production"
            },
            "tags_all": {
              "Attributes": "terraform-state",
              "Name": "unityhub-production-msteams-shared-terraform-state",
              "Namespace": "unityhub",
              "Stage": "production"
            },
            "timeouts": null,
            "versioning": [
              {
                "enabled": true,
                "mfa_delete": false
              }
            ],
            "website": [],
            "website_domain": null,
            "website_endpoint": null
          },
          "sensitive_attributes": [],
          "identity_schema_version": 0,
          "identity": {
            "account_id": "514472330244",
            "bucket": "unityhub-production-msteams-shared-terraform-state",
            "region": "us-east-1"
          },
          "private": "eyJlMmJmYjczMC1lY2FhLTExZTYtOGY4OC0zNDM2M2JjN2M0YzAiOnsiY3JlYXRlIjoxMjAwMDAwMDAwMDAwLCJkZWxldGUiOjM2MDAwMDAwMDAwMDAsInJlYWQiOjEyMDAwMDAwMDAwMDAsInVwZGF0ZSI6MTIwMDAwMDAwMDAwMH19"
        }
      ]
    },
    {
      "module": "module.common_resources_staging.module.msteams.module.terraform_state_backend_msteams_shared",
      "mode": "managed",
      "type": "aws_s3_bucket_ownership_controls",
      "name": "default",
      "provider": "provider[\"registry.terraform.io/hashicorp/aws\"]",
      "instances": [
        {
          "index_key": 0,
          "schema_version": 0,
          "attributes": {
            "bucket": "unityhub-production-msteams-shared-terraform-state",
            "id": "unityhub-production-msteams-shared-terraform-state",
            "region": "us-east-1",
            "rule": [
              {
                "object_ownership": "BucketOwnerEnforced"
              }
            ]
          },
          "sensitive_attributes": [],
          "identity_schema_version": 0,
          "identity": {
            "account_id": "514472330244",
            "bucket": "unityhub-production-msteams-shared-terraform-state",
            "region": "us-east-1"
          },
          "private": "bnVsbA==",
          "dependencies": [
            "module.common_resources_staging.module.msteams.module.terraform_state_backend_msteams_shared.aws_s3_bucket.default"
          ]
        }
      ]
    },
    {
      "module": "module.common_resources_staging.module.msteams.module.terraform_state_backend_msteams_shared",
      "mode": "managed",
      "type": "aws_s3_bucket_policy",
      "name": "default",
      "provider": "provider[\"registry.terraform.io/hashicorp/aws\"]",
      "instances": [
        {
          "index_key": 0,
          "schema_version": 0,
          "attributes": {
            "bucket": "unityhub-production-msteams-shared-terraform-state",
            "id": "unityhub-production-msteams-shared-terraform-state",
            "policy": "{\"Statement\":[{\"Action\":\"s3:PutObject\",\"Condition\":{\"StringNotEquals\":{\"s3:x-amz-server-side-encryption\":[\"AES256\",\"aws:kms\"]}},\"Effect\":\"Deny\",\"Principal\":{\"AWS\":\"*\"},\"Resource\":\"arn:aws:s3:::unityhub-production-msteams-shared-terraform-state/*\",\"Sid\":\"DenyIncorrectEncryptionHeader\"},{\"Action\":\"s3:PutObject\",\"Condition\":{\"Null\":{\"s3:x-amz-server-side-encryption\":\"true\"}},\"Effect\":\"Deny\",\"Principal\":{\"AWS\":\"*\"},\"Resource\":\"arn:aws:s3:::unityhub-production-msteams-shared-terraform-state/*\",\"Sid\":\"DenyUnEncryptedObjectUploads\"},{\"Action\":\"s3:*\",\"Condition\":{\"Bool\":{\"aws:SecureTransport\":\"false\"}},\"Effect\":\"Deny\",\"Principal\":{\"AWS\":\"*\"},\"Resource\":[\"arn:aws:s3:::unityhub-production-msteams-shared-terraform-state/*\",\"arn:aws:s3:::unityhub-production-msteams-shared-terraform-state\"],\"Sid\":\"EnforceTlsRequestsOnly\"}],\"Version\":\"2012-10-17\"}",
            "region": "us-east-1"
          },
          "sensitive_attributes": [],
          "identity_schema_version": 0,
          "identity": {
            "account_id": "514472330244",
            "bucket": "unityhub-production-msteams-shared-terraform-state",
            "region": "us-east-1"
          },
          "private": "bnVsbA==",
          "dependencies": [
            "module.common_resources_staging.module.msteams.module.terraform_state_backend_msteams_shared.aws_s3_bucket.default",
            "module.common_resources_staging.module.msteams.module.terraform_state_backend_msteams_shared.data.aws_iam_policy_document.prevent_unencrypted_uploads"
          ]
        }
      ]
    },
    {
      "module": "module.common_resources_staging.module.msteams.module.terraform_state_backend_msteams_shared",
      "mode": "managed",
      "type": "aws_s3_bucket_public_access_block",
      "name": "default",
      "provider": "provider[\"registry.terraform.io/hashicorp/aws\"]",
      "instances": [
        {
          "index_key": 0,
          "schema_version": 0,
          "attributes": {
            "block_public_acls": true,
            "block_public_policy": true,
            "bucket": "unityhub-production-msteams-shared-terraform-state",
            "id": "unityhub-production-msteams-shared-terraform-state",
            "ignore_public_acls": true,
            "region": "us-east-1",
            "restrict_public_buckets": true,
            "skip_destroy": null
          },
          "sensitive_attributes": [],
          "identity_schema_version": 0,
          "identity": {
            "account_id": "514472330244",
            "bucket": "unityhub-production-msteams-shared-terraform-state",
            "region": "us-east-1"
          },
          "private": "bnVsbA==",
          "dependencies": [
            "module.common_resources_staging.module.msteams.module.terraform_state_backend_msteams_shared.aws_s3_bucket.default"
          ]
        }
      ]
    },
    {
      "module": "module.common_resources_staging.module.msteams.module.terraform_state_backend_msteams_shared",
      "mode": "managed",
      "type": "aws_s3_bucket_server_side_encryption_configuration",
      "name": "default",
      "provider": "provider[\"registry.terraform.io/hashicorp/aws\"]",
      "instances": [
        {
          "index_key": 0,
          "schema_version": 0,
          "attributes": {
            "bucket": "unityhub-production-msteams-shared-terraform-state",
            "expected_bucket_owner": "",
            "id": "unityhub-production-msteams-shared-terraform-state",
            "region": "us-east-1",
            "rule": [
              {
                "apply_server_side_encryption_by_default": [
                  {
                    "kms_master_key_id": "",
                    "sse_algorithm": "AES256"
                  }
                ],
                "blocked_encryption_types": [
                  "SSE-C"
                ],
                "bucket_key_enabled": false
              }
            ]
          },
          "sensitive_attributes": [],
          "identity_schema_version": 1,
          "identity": {
            "account_id": "514472330244",
            "bucket": "unityhub-production-msteams-shared-terraform-state",
            "region": "us-east-1"
          },
          "private": "bnVsbA==",
          "dependencies": [
            "module.common_resources_staging.module.msteams.module.terraform_state_backend_msteams_shared.aws_s3_bucket.default"
          ]
        }
      ]
    },
    {
      "module": "module.common_resources_staging.module.msteams.module.terraform_state_backend_msteams_shared",
      "mode": "managed",
      "type": "aws_s3_bucket_versioning",
      "name": "default",
      "provider": "provider[\"registry.terraform.io/hashicorp/aws\"]",
      "instances": [
        {
          "index_key": 0,
          "schema_version": 0,
          "attributes": {
            "bucket": "unityhub-production-msteams-shared-terraform-state",
            "expected_bucket_owner": "",
            "id": "unityhub-production-msteams-shared-terraform-state",
            "mfa": null,
            "region": "us-east-1",
            "versioning_configuration": [
              {
                "mfa_delete": "Disabled",
                "status": "Enabled"
              }
            ]
          },
          "sensitive_attributes": [],
          "identity_schema_version": 1,
          "identity": {
            "account_id": "514472330244",
            "bucket": "unityhub-production-msteams-shared-terraform-state",
            "region": "us-east-1"
          },
          "private": "bnVsbA==",
          "dependencies": [
            "module.common_resources_staging.module.msteams.module.terraform_state_backend_msteams_shared.aws_s3_bucket.default"
          ]
        }
      ]
    },
    {
      "module": "module.common_resources_staging.module.msteams.module.terraform_state_backend_msteams_shared",
      "mode": "managed",
      "type": "local_file",
      "name": "terraform_backend_config",
      "provider": "provider[\"registry.terraform.io/hashicorp/local\"]",
      "instances": [
        {
          "index_key": 0,
          "schema_version": 0,
          "attributes": {
            "content": "terraform {\n  required_version = \"\u003e= 1.0.0\"\n\n  backend \"s3\" {\n    region         = \"us-east-1\"\n    bucket         = \"unityhub-production-msteams-shared-terraform-state\"\n    key            = \"terraform.tfstate\"\n    dynamodb_table = \"unityhub-production-msteams-shared-terraform-state-lock\"\n    profile        = \"\"\n    role_arn       = \"\"\n    encrypt        = \"true\"\n  }\n}\n",
            "content_base64": null,
            "content_base64sha256": "7yXCKXlpRbfzEY/VwAXe5XUbVWN3Xx0Go6vzQdZH7n4=",
            "content_base64sha512": "MNeAtYnKaCo/HCV/l/L16MyHEODXXsL8iSToXnWSsLl/QRuUNHVBds2F4CVFACBOJ7z6Kbq4Oo8QcTK384wpwQ==",
            "content_md5": "eb390116d4df800dccc0ff9319b2450b",
            "content_sha1": "f4d0abcb2a4ab9dfb4c8a84c70c88a6231c5eca0",
            "content_sha256": "ef25c229796945b7f3118fd5c005dee5751b5563775f1d06a3abf341d647ee7e",
            "content_sha512": "30d780b589ca682a3f1c257f97f2f5e8cc8710e0d75ec2fc8924e85e7592b0b97f411b9434754176cd85e0254500204e27bcfa29bab83a8f107132b7f38c29c1",
            "directory_permission": "0777",
            "file_permission": "0644",
            "filename": "./backend/backend_msteams_shared.tf",
            "id": "f4d0abcb2a4ab9dfb4c8a84c70c88a6231c5eca0",
            "sensitive_content": null,
            "source": null
          },
          "sensitive_attributes": [
            [
              {
                "type": "get_attr",
                "value": "sensitive_content"
              }
            ]
          ],
          "identity_schema_version": 0,
          "dependencies": [
            "module.common_resources_staging.module.msteams.module.terraform_state_backend_msteams_shared.aws_dynamodb_table.with_server_side_encryption",
            "module.common_resources_staging.module.msteams.module.terraform_state_backend_msteams_shared.aws_s3_bucket.default",
            "module.common_resources_staging.module.msteams.module.terraform_state_backend_msteams_shared.data.aws_region.current"
          ]
        }
      ]
    },
    {
      "module": "module.common_resources_staging.module.organization.module.terraform_state_backend_organization_shared",
      "mode": "data",
      "type": "aws_iam_policy_document",
      "name": "prevent_unencrypted_uploads",
      "provider": "provider[\"registry.terraform.io/hashicorp/aws\"]",
      "instances": [
        {
          "index_key": 0,
          "schema_version": 0,
          "attributes": {
            "id": "1532799100",
            "json": "{\n  \"Version\": \"2012-10-17\",\n  \"Statement\": [\n    {\n      \"Sid\": \"DenyIncorrectEncryptionHeader\",\n      \"Effect\": \"Deny\",\n      \"Action\": \"s3:PutObject\",\n      \"Resource\": \"arn:aws:s3:::unityhub-production-organization-shared-terraform-state/*\",\n      \"Principal\": {\n        \"AWS\": \"*\"\n      },\n      \"Condition\": {\n        \"StringNotEquals\": {\n          \"s3:x-amz-server-side-encryption\": [\n            \"AES256\",\n            \"aws:kms\"\n          ]\n        }\n      }\n    },\n    {\n      \"Sid\": \"DenyUnEncryptedObjectUploads\",\n      \"Effect\": \"Deny\",\n      \"Action\": \"s3:PutObject\",\n      \"Resource\": \"arn:aws:s3:::unityhub-production-organization-shared-terraform-state/*\",\n      \"Principal\": {\n        \"AWS\": \"*\"\n      },\n      \"Condition\": {\n        \"Null\": {\n          \"s3:x-amz-server-side-encryption\": \"true\"\n        }\n      }\n    },\n    {\n      \"Sid\": \"EnforceTlsRequestsOnly\",\n      \"Effect\": \"Deny\",\n      \"Action\": \"s3:*\",\n      \"Resource\": [\n        \"arn:aws:s3:::unityhub-production-organization-shared-terraform-state/*\",\n        \"arn:aws:s3:::unityhub-production-organization-shared-terraform-state\"\n      ],\n      \"Principal\": {\n        \"AWS\": \"*\"\n      },\n      \"Condition\": {\n        \"Bool\": {\n          \"aws:SecureTransport\": \"false\"\n        }\n      }\n    }\n  ]\n}",
            "minified_json": "{\"Version\":\"2012-10-17\",\"Statement\":[{\"Sid\":\"DenyIncorrectEncryptionHeader\",\"Effect\":\"Deny\",\"Action\":\"s3:PutObject\",\"Resource\":\"arn:aws:s3:::unityhub-production-organization-shared-terraform-state/*\",\"Principal\":{\"AWS\":\"*\"},\"Condition\":{\"StringNotEquals\":{\"s3:x-amz-server-side-encryption\":[\"AES256\",\"aws:kms\"]}}},{\"Sid\":\"DenyUnEncryptedObjectUploads\",\"Effect\":\"Deny\",\"Action\":\"s3:PutObject\",\"Resource\":\"arn:aws:s3:::unityhub-production-organization-shared-terraform-state/*\",\"Principal\":{\"AWS\":\"*\"},\"Condition\":{\"Null\":{\"s3:x-amz-server-side-encryption\":\"true\"}}},{\"Sid\":\"EnforceTlsRequestsOnly\",\"Effect\":\"Deny\",\"Action\":\"s3:*\",\"Resource\":[\"arn:aws:s3:::unityhub-production-organization-shared-terraform-state/*\",\"arn:aws:s3:::unityhub-production-organization-shared-terraform-state\"],\"Principal\":{\"AWS\":\"*\"},\"Condition\":{\"Bool\":{\"aws:SecureTransport\":\"false\"}}}]}",
            "override_json": null,
            "override_policy_documents": null,
            "policy_id": null,
            "source_json": null,
            "source_policy_documents": null,
            "statement": [
              {
                "actions": [
                  "s3:PutObject"
                ],
                "condition": [
                  {
                    "test": "StringNotEquals",
                    "values": [
                      "AES256",
                      "aws:kms"
                    ],
                    "variable": "s3:x-amz-server-side-encryption"
                  }
                ],
                "effect": "Deny",
                "not_actions": [],
                "not_principals": [],
                "not_resources": [],
                "principals": [
                  {
                    "identifiers": [
                      "*"
                    ],
                    "type": "AWS"
                  }
                ],
                "resources": [
                  "arn:aws:s3:::unityhub-production-organization-shared-terraform-state/*"
                ],
                "sid": "DenyIncorrectEncryptionHeader"
              },
              {
                "actions": [
                  "s3:PutObject"
                ],
                "condition": [
                  {
                    "test": "Null",
                    "values": [
                      "true"
                    ],
                    "variable": "s3:x-amz-server-side-encryption"
                  }
                ],
                "effect": "Deny",
                "not_actions": [],
                "not_principals": [],
                "not_resources": [],
                "principals": [
                  {
                    "identifiers": [
                      "*"
                    ],
                    "type": "AWS"
                  }
                ],
                "resources": [
                  "arn:aws:s3:::unityhub-production-organization-shared-terraform-state/*"
                ],
                "sid": "DenyUnEncryptedObjectUploads"
              },
              {
                "actions": [
                  "s3:*"
                ],
                "condition": [
                  {
                    "test": "Bool",
                    "values": [
                      "false"
                    ],
                    "variable": "aws:SecureTransport"
                  }
                ],
                "effect": "Deny",
                "not_actions": [],
                "not_principals": [],
                "not_resources": [],
                "principals": [
                  {
                    "identifiers": [
                      "*"
                    ],
                    "type": "AWS"
                  }
                ],
                "resources": [
                  "arn:aws:s3:::unityhub-production-organization-shared-terraform-state",
                  "arn:aws:s3:::unityhub-production-organization-shared-terraform-state/*"
                ],
                "sid": "EnforceTlsRequestsOnly"
              }
            ],
            "version": "2012-10-17"
          },
          "sensitive_attributes": [],
          "identity_schema_version": 0
        }
      ]
    },
    {
      "module": "module.common_resources_staging.module.organization.module.terraform_state_backend_organization_shared",
      "mode": "data",
      "type": "aws_region",
      "name": "current",
      "provider": "provider[\"registry.terraform.io/hashicorp/aws\"]",
      "instances": [
        {
          "schema_version": 0,
          "attributes": {
            "description": "US East (N. Virginia)",
            "endpoint": "ec2.us-east-1.amazonaws.com",
            "id": "us-east-1",
            "name": "us-east-1",
            "region": "us-east-1"
          },
          "sensitive_attributes": [],
          "identity_schema_version": 0
        }
      ]
    },
    {
      "module": "module.common_resources_staging.module.organization.module.terraform_state_backend_organization_shared",
      "mode": "managed",
      "type": "aws_dynamodb_table",
      "name": "with_server_side_encryption",
      "provider": "provider[\"registry.terraform.io/hashicorp/aws\"]",
      "instances": [
        {
          "index_key": 0,
          "schema_version": 1,
          "attributes": {
            "arn": "arn:aws:dynamodb:us-east-1:514472330244:table/unityhub-production-organization-shared-terraform-state-lock",
            "attribute": [
              {
                "name": "LockID",
                "type": "S"
              }
            ],
            "billing_mode": "PAY_PER_REQUEST",
            "deletion_protection_enabled": false,
            "global_secondary_index": [],
            "global_table_witness": [],
            "hash_key": "LockID",
            "id": "unityhub-production-organization-shared-terraform-state-lock",
            "import_table": [],
            "local_secondary_index": [],
            "name": "unityhub-production-organization-shared-terraform-state-lock",
            "on_demand_throughput": [],
            "point_in_time_recovery": [
              {
                "enabled": true,
                "recovery_period_in_days": 35
              }
            ],
            "range_key": null,
            "read_capacity": 0,
            "region": "us-east-1",
            "replica": [],
            "restore_backup_arn": null,
            "restore_date_time": null,
            "restore_source_name": null,
            "restore_source_table_arn": null,
            "restore_to_latest_time": null,
            "server_side_encryption": [
              {
                "enabled": true,
                "kms_key_arn": ""
              }
            ],
            "stream_arn": "",
            "stream_enabled": false,
            "stream_label": "",
            "stream_view_type": "",
            "table_class": "STANDARD",
            "tags": {
              "Attributes": "terraform-state-lock",
              "Name": "unityhub-production-organization-shared-terraform-state-lock",
              "Namespace": "unityhub",
              "Stage": "production"
            },
            "tags_all": {
              "Attributes": "terraform-state-lock",
              "Name": "unityhub-production-organization-shared-terraform-state-lock",
              "Namespace": "unityhub",
              "Stage": "production"
            },
            "timeouts": null,
            "ttl": [
              {
                "attribute_name": "",
                "enabled": false
              }
            ],
            "warm_throughput": [],
            "write_capacity": 0
          },
          "sensitive_attributes": [],
          "identity_schema_version": 0,
          "identity": {
            "account_id": "514472330244",
            "name": "unityhub-production-organization-shared-terraform-state-lock",
            "region": "us-east-1"
          },
          "private": "eyJlMmJmYjczMC1lY2FhLTExZTYtOGY4OC0zNDM2M2JjN2M0YzAiOnsiY3JlYXRlIjoxODAwMDAwMDAwMDAwLCJkZWxldGUiOjYwMDAwMDAwMDAwMCwidXBkYXRlIjozNjAwMDAwMDAwMDAwfSwic2NoZW1hX3ZlcnNpb24iOiIxIn0="
        }
      ]
    },
    {
      "module": "module.common_resources_staging.module.organization.module.terraform_state_backend_organization_shared",
      "mode": "managed",
      "type": "aws_s3_bucket",
      "name": "default",
      "provider": "provider[\"registry.terraform.io/hashicorp/aws\"]",
      "instances": [
        {
          "index_key": 0,
          "schema_version": 0,
          "attributes": {
            "acceleration_status": "",
            "acl": null,
            "arn": "arn:aws:s3:::unityhub-production-organization-shared-terraform-state",
            "bucket": "unityhub-production-organization-shared-terraform-state",
            "bucket_domain_name": "unityhub-production-organization-shared-terraform-state.s3.amazonaws.com",
            "bucket_namespace": "global",
            "bucket_prefix": "",
            "bucket_region": "us-east-1",
            "bucket_regional_domain_name": "unityhub-production-organization-shared-terraform-state.s3.us-east-1.amazonaws.com",
            "cors_rule": [],
            "force_destroy": true,
            "grant": [
              {
                "id": "bea86176a486e69a83b4227063efa3be9eb4b243551739d81a6a4b41ec8b3461",
                "permissions": [
                  "FULL_CONTROL"
                ],
                "type": "CanonicalUser",
                "uri": ""
              }
            ],
            "hosted_zone_id": "Z3AQBSTGFYJSTF",
            "id": "unityhub-production-organization-shared-terraform-state",
            "lifecycle_rule": [],
            "logging": [],
            "object_lock_configuration": [],
            "object_lock_enabled": false,
            "policy": "{\"Statement\":[{\"Action\":\"s3:PutObject\",\"Condition\":{\"StringNotEquals\":{\"s3:x-amz-server-side-encryption\":[\"AES256\",\"aws:kms\"]}},\"Effect\":\"Deny\",\"Principal\":{\"AWS\":\"*\"},\"Resource\":\"arn:aws:s3:::unityhub-production-organization-shared-terraform-state/*\",\"Sid\":\"DenyIncorrectEncryptionHeader\"},{\"Action\":\"s3:PutObject\",\"Condition\":{\"Null\":{\"s3:x-amz-server-side-encryption\":\"true\"}},\"Effect\":\"Deny\",\"Principal\":{\"AWS\":\"*\"},\"Resource\":\"arn:aws:s3:::unityhub-production-organization-shared-terraform-state/*\",\"Sid\":\"DenyUnEncryptedObjectUploads\"},{\"Action\":\"s3:*\",\"Condition\":{\"Bool\":{\"aws:SecureTransport\":\"false\"}},\"Effect\":\"Deny\",\"Principal\":{\"AWS\":\"*\"},\"Resource\":[\"arn:aws:s3:::unityhub-production-organization-shared-terraform-state/*\",\"arn:aws:s3:::unityhub-production-organization-shared-terraform-state\"],\"Sid\":\"EnforceTlsRequestsOnly\"}],\"Version\":\"2012-10-17\"}",
            "region": "us-east-1",
            "replication_configuration": [],
            "request_payer": "BucketOwner",
            "server_side_encryption_configuration": [
              {
                "rule": [
                  {
                    "apply_server_side_encryption_by_default": [
                      {
                        "kms_master_key_id": "",
                        "sse_algorithm": "AES256"
                      }
                    ],
                    "bucket_key_enabled": false
                  }
                ]
              }
            ],
            "tags": {
              "Attributes": "terraform-state",
              "Name": "unityhub-production-organization-shared-terraform-state",
              "Namespace": "unityhub",
              "Stage": "production"
            },
            "tags_all": {
              "Attributes": "terraform-state",
              "Name": "unityhub-production-organization-shared-terraform-state",
              "Namespace": "unityhub",
              "Stage": "production"
            },
            "timeouts": null,
            "versioning": [
              {
                "enabled": true,
                "mfa_delete": false
              }
            ],
            "website": [],
            "website_domain": null,
            "website_endpoint": null
          },
          "sensitive_attributes": [],
          "identity_schema_version": 0,
          "identity": {
            "account_id": "514472330244",
            "bucket": "unityhub-production-organization-shared-terraform-state",
            "region": "us-east-1"
          },
          "private": "eyJlMmJmYjczMC1lY2FhLTExZTYtOGY4OC0zNDM2M2JjN2M0YzAiOnsiY3JlYXRlIjoxMjAwMDAwMDAwMDAwLCJkZWxldGUiOjM2MDAwMDAwMDAwMDAsInJlYWQiOjEyMDAwMDAwMDAwMDAsInVwZGF0ZSI6MTIwMDAwMDAwMDAwMH19"
        }
      ]
    },
    {
      "module": "module.common_resources_staging.module.organization.module.terraform_state_backend_organization_shared",
      "mode": "managed",
      "type": "aws_s3_bucket_ownership_controls",
      "name": "default",
      "provider": "provider[\"registry.terraform.io/hashicorp/aws\"]",
      "instances": [
        {
          "index_key": 0,
          "schema_version": 0,
          "attributes": {
            "bucket": "unityhub-production-organization-shared-terraform-state",
            "id": "unityhub-production-organization-shared-terraform-state",
            "region": "us-east-1",
            "rule": [
              {
                "object_ownership": "BucketOwnerEnforced"
              }
            ]
          },
          "sensitive_attributes": [],
          "identity_schema_version": 0,
          "identity": {
            "account_id": "514472330244",
            "bucket": "unityhub-production-organization-shared-terraform-state",
            "region": "us-east-1"
          },
          "private": "bnVsbA==",
          "dependencies": [
            "module.common_resources_staging.module.organization.module.terraform_state_backend_organization_shared.aws_s3_bucket.default"
          ]
        }
      ]
    },
    {
      "module": "module.common_resources_staging.module.organization.module.terraform_state_backend_organization_shared",
      "mode": "managed",
      "type": "aws_s3_bucket_policy",
      "name": "default",
      "provider": "provider[\"registry.terraform.io/hashicorp/aws\"]",
      "instances": [
        {
          "index_key": 0,
          "schema_version": 0,
          "attributes": {
            "bucket": "unityhub-production-organization-shared-terraform-state",
            "id": "unityhub-production-organization-shared-terraform-state",
            "policy": "{\"Statement\":[{\"Action\":\"s3:PutObject\",\"Condition\":{\"StringNotEquals\":{\"s3:x-amz-server-side-encryption\":[\"AES256\",\"aws:kms\"]}},\"Effect\":\"Deny\",\"Principal\":{\"AWS\":\"*\"},\"Resource\":\"arn:aws:s3:::unityhub-production-organization-shared-terraform-state/*\",\"Sid\":\"DenyIncorrectEncryptionHeader\"},{\"Action\":\"s3:PutObject\",\"Condition\":{\"Null\":{\"s3:x-amz-server-side-encryption\":\"true\"}},\"Effect\":\"Deny\",\"Principal\":{\"AWS\":\"*\"},\"Resource\":\"arn:aws:s3:::unityhub-production-organization-shared-terraform-state/*\",\"Sid\":\"DenyUnEncryptedObjectUploads\"},{\"Action\":\"s3:*\",\"Condition\":{\"Bool\":{\"aws:SecureTransport\":\"false\"}},\"Effect\":\"Deny\",\"Principal\":{\"AWS\":\"*\"},\"Resource\":[\"arn:aws:s3:::unityhub-production-organization-shared-terraform-state/*\",\"arn:aws:s3:::unityhub-production-organization-shared-terraform-state\"],\"Sid\":\"EnforceTlsRequestsOnly\"}],\"Version\":\"2012-10-17\"}",
            "region": "us-east-1"
          },
          "sensitive_attributes": [],
          "identity_schema_version": 0,
          "identity": {
            "account_id": "514472330244",
            "bucket": "unityhub-production-organization-shared-terraform-state",
            "region": "us-east-1"
          },
          "private": "bnVsbA==",
          "dependencies": [
            "module.common_resources_staging.module.organization.module.terraform_state_backend_organization_shared.aws_s3_bucket.default",
            "module.common_resources_staging.module.organization.module.terraform_state_backend_organization_shared.data.aws_iam_policy_document.prevent_unencrypted_uploads"
          ]
        }
      ]
    },
    {
      "module": "module.common_resources_staging.module.organization.module.terraform_state_backend_organization_shared",
      "mode": "managed",
      "type": "aws_s3_bucket_public_access_block",
      "name": "default",
      "provider": "provider[\"registry.terraform.io/hashicorp/aws\"]",
      "instances": [
        {
          "index_key": 0,
          "schema_version": 0,
          "attributes": {
            "block_public_acls": true,
            "block_public_policy": true,
            "bucket": "unityhub-production-organization-shared-terraform-state",
            "id": "unityhub-production-organization-shared-terraform-state",
            "ignore_public_acls": true,
            "region": "us-east-1",
            "restrict_public_buckets": true,
            "skip_destroy": null
          },
          "sensitive_attributes": [],
          "identity_schema_version": 0,
          "identity": {
            "account_id": "514472330244",
            "bucket": "unityhub-production-organization-shared-terraform-state",
            "region": "us-east-1"
          },
          "private": "bnVsbA==",
          "dependencies": [
            "module.common_resources_staging.module.organization.module.terraform_state_backend_organization_shared.aws_s3_bucket.default"
          ]
        }
      ]
    },
    {
      "module": "module.common_resources_staging.module.organization.module.terraform_state_backend_organization_shared",
      "mode": "managed",
      "type": "aws_s3_bucket_server_side_encryption_configuration",
      "name": "default",
      "provider": "provider[\"registry.terraform.io/hashicorp/aws\"]",
      "instances": [
        {
          "index_key": 0,
          "schema_version": 0,
          "attributes": {
            "bucket": "unityhub-production-organization-shared-terraform-state",
            "expected_bucket_owner": "",
            "id": "unityhub-production-organization-shared-terraform-state",
            "region": "us-east-1",
            "rule": [
              {
                "apply_server_side_encryption_by_default": [
                  {
                    "kms_master_key_id": "",
                    "sse_algorithm": "AES256"
                  }
                ],
                "blocked_encryption_types": [
                  "SSE-C"
                ],
                "bucket_key_enabled": false
              }
            ]
          },
          "sensitive_attributes": [],
          "identity_schema_version": 1,
          "identity": {
            "account_id": "514472330244",
            "bucket": "unityhub-production-organization-shared-terraform-state",
            "region": "us-east-1"
          },
          "private": "bnVsbA==",
          "dependencies": [
            "module.common_resources_staging.module.organization.module.terraform_state_backend_organization_shared.aws_s3_bucket.default"
          ]
        }
      ]
    },
    {
      "module": "module.common_resources_staging.module.organization.module.terraform_state_backend_organization_shared",
      "mode": "managed",
      "type": "aws_s3_bucket_versioning",
      "name": "default",
      "provider": "provider[\"registry.terraform.io/hashicorp/aws\"]",
      "instances": [
        {
          "index_key": 0,
          "schema_version": 0,
          "attributes": {
            "bucket": "unityhub-production-organization-shared-terraform-state",
            "expected_bucket_owner": "",
            "id": "unityhub-production-organization-shared-terraform-state",
            "mfa": null,
            "region": "us-east-1",
            "versioning_configuration": [
              {
                "mfa_delete": "Disabled",
                "status": "Enabled"
              }
            ]
          },
          "sensitive_attributes": [],
          "identity_schema_version": 1,
          "identity": {
            "account_id": "514472330244",
            "bucket": "unityhub-production-organization-shared-terraform-state",
            "region": "us-east-1"
          },
          "private": "bnVsbA==",
          "dependencies": [
            "module.common_resources_staging.module.organization.module.terraform_state_backend_organization_shared.aws_s3_bucket.default"
          ]
        }
      ]
    },
    {
      "module": "module.common_resources_staging.module.organization.module.terraform_state_backend_organization_shared",
      "mode": "managed",
      "type": "local_file",
      "name": "terraform_backend_config",
      "provider": "provider[\"registry.terraform.io/hashicorp/local\"]",
      "instances": [
        {
          "index_key": 0,
          "schema_version": 0,
          "attributes": {
            "content": "terraform {\n  required_version = \"\u003e= 1.0.0\"\n\n  backend \"s3\" {\n    region         = \"us-east-1\"\n    bucket         = \"unityhub-production-organization-shared-terraform-state\"\n    key            = \"terraform.tfstate\"\n    dynamodb_table = \"unityhub-production-organization-shared-terraform-state-lock\"\n    profile        = \"\"\n    role_arn       = \"\"\n    encrypt        = \"true\"\n  }\n}\n",
            "content_base64": null,
            "content_base64sha256": "g+n7DnaLN/1dudbUlQaZPMVloL8CpLzvZdRZdaMqviQ=",
            "content_base64sha512": "DFU9QRfH4CpVuTxp9uY7IgEb/bmKvkw9C++2o3zHrDqVhoOLoe0XOzQ0qULoVRe5FH3RCrz32friVoAtQMSJdw==",
            "content_md5": "f314622c0221a93298a82f4036e04567",
            "content_sha1": "4c2584cb1e4ce86e590c01818b8ee8cf977d5b73",
            "content_sha256": "83e9fb0e768b37fd5db9d6d49506993cc565a0bf02a4bcef65d45975a32abe24",
            "content_sha512": "0c553d4117c7e02a55b93c69f6e63b22011bfdb98abe4c3d0befb6a37cc7ac3a9586838ba1ed173b3434a942e85517b9147dd10abcf7d9fae256802d40c48977",
            "directory_permission": "0777",
            "file_permission": "0644",
            "filename": "./backend/backend_organization_shared.tf",
            "id": "4c2584cb1e4ce86e590c01818b8ee8cf977d5b73",
            "sensitive_content": null,
            "source": null
          },
          "sensitive_attributes": [
            [
              {
                "type": "get_attr",
                "value": "sensitive_content"
              }
            ]
          ],
          "identity_schema_version": 0,
          "dependencies": [
            "module.common_resources_staging.module.organization.module.terraform_state_backend_organization_shared.aws_dynamodb_table.with_server_side_encryption",
            "module.common_resources_staging.module.organization.module.terraform_state_backend_organization_shared.aws_s3_bucket.default",
            "module.common_resources_staging.module.organization.module.terraform_state_backend_organization_shared.data.aws_region.current"
          ]
        }
      ]
    },
    {
      "module": "module.common_resources_staging.module.publicweb.module.terraform_state_backend_public_web",
      "mode": "data",
      "type": "aws_iam_policy_document",
      "name": "prevent_unencrypted_uploads",
      "provider": "provider[\"registry.terraform.io/hashicorp/aws\"]",
      "instances": [
        {
          "index_key": 0,
          "schema_version": 0,
          "attributes": {
            "id": "2315899542",
            "json": "{\n  \"Version\": \"2012-10-17\",\n  \"Statement\": [\n    {\n      \"Sid\": \"DenyIncorrectEncryptionHeader\",\n      \"Effect\": \"Deny\",\n      \"Action\": \"s3:PutObject\",\n      \"Resource\": \"arn:aws:s3:::unityhub-production-publicweb-terraform-state/*\",\n      \"Principal\": {\n        \"AWS\": \"*\"\n      },\n      \"Condition\": {\n        \"StringNotEquals\": {\n          \"s3:x-amz-server-side-encryption\": [\n            \"AES256\",\n            \"aws:kms\"\n          ]\n        }\n      }\n    },\n    {\n      \"Sid\": \"DenyUnEncryptedObjectUploads\",\n      \"Effect\": \"Deny\",\n      \"Action\": \"s3:PutObject\",\n      \"Resource\": \"arn:aws:s3:::unityhub-production-publicweb-terraform-state/*\",\n      \"Principal\": {\n        \"AWS\": \"*\"\n      },\n      \"Condition\": {\n        \"Null\": {\n          \"s3:x-amz-server-side-encryption\": \"true\"\n        }\n      }\n    },\n    {\n      \"Sid\": \"EnforceTlsRequestsOnly\",\n      \"Effect\": \"Deny\",\n      \"Action\": \"s3:*\",\n      \"Resource\": [\n        \"arn:aws:s3:::unityhub-production-publicweb-terraform-state/*\",\n        \"arn:aws:s3:::unityhub-production-publicweb-terraform-state\"\n      ],\n      \"Principal\": {\n        \"AWS\": \"*\"\n      },\n      \"Condition\": {\n        \"Bool\": {\n          \"aws:SecureTransport\": \"false\"\n        }\n      }\n    }\n  ]\n}",
            "minified_json": "{\"Version\":\"2012-10-17\",\"Statement\":[{\"Sid\":\"DenyIncorrectEncryptionHeader\",\"Effect\":\"Deny\",\"Action\":\"s3:PutObject\",\"Resource\":\"arn:aws:s3:::unityhub-production-publicweb-terraform-state/*\",\"Principal\":{\"AWS\":\"*\"},\"Condition\":{\"StringNotEquals\":{\"s3:x-amz-server-side-encryption\":[\"AES256\",\"aws:kms\"]}}},{\"Sid\":\"DenyUnEncryptedObjectUploads\",\"Effect\":\"Deny\",\"Action\":\"s3:PutObject\",\"Resource\":\"arn:aws:s3:::unityhub-production-publicweb-terraform-state/*\",\"Principal\":{\"AWS\":\"*\"},\"Condition\":{\"Null\":{\"s3:x-amz-server-side-encryption\":\"true\"}}},{\"Sid\":\"EnforceTlsRequestsOnly\",\"Effect\":\"Deny\",\"Action\":\"s3:*\",\"Resource\":[\"arn:aws:s3:::unityhub-production-publicweb-terraform-state/*\",\"arn:aws:s3:::unityhub-production-publicweb-terraform-state\"],\"Principal\":{\"AWS\":\"*\"},\"Condition\":{\"Bool\":{\"aws:SecureTransport\":\"false\"}}}]}",
            "override_json": null,
            "override_policy_documents": null,
            "policy_id": null,
            "source_json": null,
            "source_policy_documents": null,
            "statement": [
              {
                "actions": [
                  "s3:PutObject"
                ],
                "condition": [
                  {
                    "test": "StringNotEquals",
                    "values": [
                      "AES256",
                      "aws:kms"
                    ],
                    "variable": "s3:x-amz-server-side-encryption"
                  }
                ],
                "effect": "Deny",
                "not_actions": [],
                "not_principals": [],
                "not_resources": [],
                "principals": [
                  {
                    "identifiers": [
                      "*"
                    ],
                    "type": "AWS"
                  }
                ],
                "resources": [
                  "arn:aws:s3:::unityhub-production-publicweb-terraform-state/*"
                ],
                "sid": "DenyIncorrectEncryptionHeader"
              },
              {
                "actions": [
                  "s3:PutObject"
                ],
                "condition": [
                  {
                    "test": "Null",
                    "values": [
                      "true"
                    ],
                    "variable": "s3:x-amz-server-side-encryption"
                  }
                ],
                "effect": "Deny",
                "not_actions": [],
                "not_principals": [],
                "not_resources": [],
                "principals": [
                  {
                    "identifiers": [
                      "*"
                    ],
                    "type": "AWS"
                  }
                ],
                "resources": [
                  "arn:aws:s3:::unityhub-production-publicweb-terraform-state/*"
                ],
                "sid": "DenyUnEncryptedObjectUploads"
              },
              {
                "actions": [
                  "s3:*"
                ],
                "condition": [
                  {
                    "test": "Bool",
                    "values": [
                      "false"
                    ],
                    "variable": "aws:SecureTransport"
                  }
                ],
                "effect": "Deny",
                "not_actions": [],
                "not_principals": [],
                "not_resources": [],
                "principals": [
                  {
                    "identifiers": [
                      "*"
                    ],
                    "type": "AWS"
                  }
                ],
                "resources": [
                  "arn:aws:s3:::unityhub-production-publicweb-terraform-state",
                  "arn:aws:s3:::unityhub-production-publicweb-terraform-state/*"
                ],
                "sid": "EnforceTlsRequestsOnly"
              }
            ],
            "version": "2012-10-17"
          },
          "sensitive_attributes": [],
          "identity_schema_version": 0
        }
      ]
    },
    {
      "module": "module.common_resources_staging.module.publicweb.module.terraform_state_backend_public_web",
      "mode": "data",
      "type": "aws_region",
      "name": "current",
      "provider": "provider[\"registry.terraform.io/hashicorp/aws\"]",
      "instances": [
        {
          "schema_version": 0,
          "attributes": {
            "description": "US East (N. Virginia)",
            "endpoint": "ec2.us-east-1.amazonaws.com",
            "id": "us-east-1",
            "name": "us-east-1",
            "region": "us-east-1"
          },
          "sensitive_attributes": [],
          "identity_schema_version": 0
        }
      ]
    },
    {
      "module": "module.common_resources_staging.module.publicweb.module.terraform_state_backend_public_web",
      "mode": "managed",
      "type": "aws_dynamodb_table",
      "name": "with_server_side_encryption",
      "provider": "provider[\"registry.terraform.io/hashicorp/aws\"]",
      "instances": [
        {
          "index_key": 0,
          "schema_version": 1,
          "attributes": {
            "arn": "arn:aws:dynamodb:us-east-1:514472330244:table/unityhub-production-publicweb-terraform-state-lock",
            "attribute": [
              {
                "name": "LockID",
                "type": "S"
              }
            ],
            "billing_mode": "PAY_PER_REQUEST",
            "deletion_protection_enabled": false,
            "global_secondary_index": [],
            "global_table_witness": [],
            "hash_key": "LockID",
            "id": "unityhub-production-publicweb-terraform-state-lock",
            "import_table": [],
            "local_secondary_index": [],
            "name": "unityhub-production-publicweb-terraform-state-lock",
            "on_demand_throughput": [],
            "point_in_time_recovery": [
              {
                "enabled": true,
                "recovery_period_in_days": 35
              }
            ],
            "range_key": null,
            "read_capacity": 0,
            "region": "us-east-1",
            "replica": [],
            "restore_backup_arn": null,
            "restore_date_time": null,
            "restore_source_name": null,
            "restore_source_table_arn": null,
            "restore_to_latest_time": null,
            "server_side_encryption": [
              {
                "enabled": true,
                "kms_key_arn": ""
              }
            ],
            "stream_arn": "",
            "stream_enabled": false,
            "stream_label": "",
            "stream_view_type": "",
            "table_class": "STANDARD",
            "tags": {
              "Attributes": "terraform-state-lock",
              "Name": "unityhub-production-publicweb-terraform-state-lock",
              "Namespace": "unityhub",
              "Stage": "production"
            },
            "tags_all": {
              "Attributes": "terraform-state-lock",
              "Name": "unityhub-production-publicweb-terraform-state-lock",
              "Namespace": "unityhub",
              "Stage": "production"
            },
            "timeouts": null,
            "ttl": [
              {
                "attribute_name": "",
                "enabled": false
              }
            ],
            "warm_throughput": [],
            "write_capacity": 0
          },
          "sensitive_attributes": [],
          "identity_schema_version": 0,
          "identity": {
            "account_id": "514472330244",
            "name": "unityhub-production-publicweb-terraform-state-lock",
            "region": "us-east-1"
          },
          "private": "eyJlMmJmYjczMC1lY2FhLTExZTYtOGY4OC0zNDM2M2JjN2M0YzAiOnsiY3JlYXRlIjoxODAwMDAwMDAwMDAwLCJkZWxldGUiOjYwMDAwMDAwMDAwMCwidXBkYXRlIjozNjAwMDAwMDAwMDAwfSwic2NoZW1hX3ZlcnNpb24iOiIxIn0="
        }
      ]
    },
    {
      "module": "module.common_resources_staging.module.publicweb.module.terraform_state_backend_public_web",
      "mode": "managed",
      "type": "aws_s3_bucket",
      "name": "default",
      "provider": "provider[\"registry.terraform.io/hashicorp/aws\"]",
      "instances": [
        {
          "index_key": 0,
          "schema_version": 0,
          "attributes": {
            "acceleration_status": "",
            "acl": null,
            "arn": "arn:aws:s3:::unityhub-production-publicweb-terraform-state",
            "bucket": "unityhub-production-publicweb-terraform-state",
            "bucket_domain_name": "unityhub-production-publicweb-terraform-state.s3.amazonaws.com",
            "bucket_namespace": "global",
            "bucket_prefix": "",
            "bucket_region": "us-east-1",
            "bucket_regional_domain_name": "unityhub-production-publicweb-terraform-state.s3.us-east-1.amazonaws.com",
            "cors_rule": [],
            "force_destroy": true,
            "grant": [
              {
                "id": "bea86176a486e69a83b4227063efa3be9eb4b243551739d81a6a4b41ec8b3461",
                "permissions": [
                  "FULL_CONTROL"
                ],
                "type": "CanonicalUser",
                "uri": ""
              }
            ],
            "hosted_zone_id": "Z3AQBSTGFYJSTF",
            "id": "unityhub-production-publicweb-terraform-state",
            "lifecycle_rule": [],
            "logging": [],
            "object_lock_configuration": [],
            "object_lock_enabled": false,
            "policy": "{\"Statement\":[{\"Action\":\"s3:PutObject\",\"Condition\":{\"StringNotEquals\":{\"s3:x-amz-server-side-encryption\":[\"AES256\",\"aws:kms\"]}},\"Effect\":\"Deny\",\"Principal\":{\"AWS\":\"*\"},\"Resource\":\"arn:aws:s3:::unityhub-production-publicweb-terraform-state/*\",\"Sid\":\"DenyIncorrectEncryptionHeader\"},{\"Action\":\"s3:PutObject\",\"Condition\":{\"Null\":{\"s3:x-amz-server-side-encryption\":\"true\"}},\"Effect\":\"Deny\",\"Principal\":{\"AWS\":\"*\"},\"Resource\":\"arn:aws:s3:::unityhub-production-publicweb-terraform-state/*\",\"Sid\":\"DenyUnEncryptedObjectUploads\"},{\"Action\":\"s3:*\",\"Condition\":{\"Bool\":{\"aws:SecureTransport\":\"false\"}},\"Effect\":\"Deny\",\"Principal\":{\"AWS\":\"*\"},\"Resource\":[\"arn:aws:s3:::unityhub-production-publicweb-terraform-state/*\",\"arn:aws:s3:::unityhub-production-publicweb-terraform-state\"],\"Sid\":\"EnforceTlsRequestsOnly\"}],\"Version\":\"2012-10-17\"}",
            "region": "us-east-1",
            "replication_configuration": [],
            "request_payer": "BucketOwner",
            "server_side_encryption_configuration": [
              {
                "rule": [
                  {
                    "apply_server_side_encryption_by_default": [
                      {
                        "kms_master_key_id": "",
                        "sse_algorithm": "AES256"
                      }
                    ],
                    "bucket_key_enabled": false
                  }
                ]
              }
            ],
            "tags": {
              "Attributes": "terraform-state",
              "Name": "unityhub-production-publicweb-terraform-state",
              "Namespace": "unityhub",
              "Stage": "production"
            },
            "tags_all": {
              "Attributes": "terraform-state",
              "Name": "unityhub-production-publicweb-terraform-state",
              "Namespace": "unityhub",
              "Stage": "production"
            },
            "timeouts": null,
            "versioning": [
              {
                "enabled": true,
                "mfa_delete": false
              }
            ],
            "website": [],
            "website_domain": null,
            "website_endpoint": null
          },
          "sensitive_attributes": [],
          "identity_schema_version": 0,
          "identity": {
            "account_id": "514472330244",
            "bucket": "unityhub-production-publicweb-terraform-state",
            "region": "us-east-1"
          },
          "private": "eyJlMmJmYjczMC1lY2FhLTExZTYtOGY4OC0zNDM2M2JjN2M0YzAiOnsiY3JlYXRlIjoxMjAwMDAwMDAwMDAwLCJkZWxldGUiOjM2MDAwMDAwMDAwMDAsInJlYWQiOjEyMDAwMDAwMDAwMDAsInVwZGF0ZSI6MTIwMDAwMDAwMDAwMH19"
        }
      ]
    },
    {
      "module": "module.common_resources_staging.module.publicweb.module.terraform_state_backend_public_web",
      "mode": "managed",
      "type": "aws_s3_bucket_ownership_controls",
      "name": "default",
      "provider": "provider[\"registry.terraform.io/hashicorp/aws\"]",
      "instances": [
        {
          "index_key": 0,
          "schema_version": 0,
          "attributes": {
            "bucket": "unityhub-production-publicweb-terraform-state",
            "id": "unityhub-production-publicweb-terraform-state",
            "region": "us-east-1",
            "rule": [
              {
                "object_ownership": "BucketOwnerEnforced"
              }
            ]
          },
          "sensitive_attributes": [],
          "identity_schema_version": 0,
          "identity": {
            "account_id": "514472330244",
            "bucket": "unityhub-production-publicweb-terraform-state",
            "region": "us-east-1"
          },
          "private": "bnVsbA==",
          "dependencies": [
            "module.common_resources_staging.module.publicweb.module.terraform_state_backend_public_web.aws_s3_bucket.default"
          ]
        }
      ]
    },
    {
      "module": "module.common_resources_staging.module.publicweb.module.terraform_state_backend_public_web",
      "mode": "managed",
      "type": "aws_s3_bucket_policy",
      "name": "default",
      "provider": "provider[\"registry.terraform.io/hashicorp/aws\"]",
      "instances": [
        {
          "index_key": 0,
          "schema_version": 0,
          "attributes": {
            "bucket": "unityhub-production-publicweb-terraform-state",
            "id": "unityhub-production-publicweb-terraform-state",
            "policy": "{\"Statement\":[{\"Action\":\"s3:PutObject\",\"Condition\":{\"StringNotEquals\":{\"s3:x-amz-server-side-encryption\":[\"AES256\",\"aws:kms\"]}},\"Effect\":\"Deny\",\"Principal\":{\"AWS\":\"*\"},\"Resource\":\"arn:aws:s3:::unityhub-production-publicweb-terraform-state/*\",\"Sid\":\"DenyIncorrectEncryptionHeader\"},{\"Action\":\"s3:PutObject\",\"Condition\":{\"Null\":{\"s3:x-amz-server-side-encryption\":\"true\"}},\"Effect\":\"Deny\",\"Principal\":{\"AWS\":\"*\"},\"Resource\":\"arn:aws:s3:::unityhub-production-publicweb-terraform-state/*\",\"Sid\":\"DenyUnEncryptedObjectUploads\"},{\"Action\":\"s3:*\",\"Condition\":{\"Bool\":{\"aws:SecureTransport\":\"false\"}},\"Effect\":\"Deny\",\"Principal\":{\"AWS\":\"*\"},\"Resource\":[\"arn:aws:s3:::unityhub-production-publicweb-terraform-state/*\",\"arn:aws:s3:::unityhub-production-publicweb-terraform-state\"],\"Sid\":\"EnforceTlsRequestsOnly\"}],\"Version\":\"2012-10-17\"}",
            "region": "us-east-1"
          },
          "sensitive_attributes": [],
          "identity_schema_version": 0,
          "identity": {
            "account_id": "514472330244",
            "bucket": "unityhub-production-publicweb-terraform-state",
            "region": "us-east-1"
          },
          "private": "bnVsbA==",
          "dependencies": [
            "module.common_resources_staging.module.publicweb.module.terraform_state_backend_public_web.aws_s3_bucket.default",
            "module.common_resources_staging.module.publicweb.module.terraform_state_backend_public_web.data.aws_iam_policy_document.prevent_unencrypted_uploads"
          ]
        }
      ]
    },
    {
      "module": "module.common_resources_staging.module.publicweb.module.terraform_state_backend_public_web",
      "mode": "managed",
      "type": "aws_s3_bucket_public_access_block",
      "name": "default",
      "provider": "provider[\"registry.terraform.io/hashicorp/aws\"]",
      "instances": [
        {
          "index_key": 0,
          "schema_version": 0,
          "attributes": {
            "block_public_acls": true,
            "block_public_policy": true,
            "bucket": "unityhub-production-publicweb-terraform-state",
            "id": "unityhub-production-publicweb-terraform-state",
            "ignore_public_acls": true,
            "region": "us-east-1",
            "restrict_public_buckets": true,
            "skip_destroy": null
          },
          "sensitive_attributes": [],
          "identity_schema_version": 0,
          "identity": {
            "account_id": "514472330244",
            "bucket": "unityhub-production-publicweb-terraform-state",
            "region": "us-east-1"
          },
          "private": "bnVsbA==",
          "dependencies": [
            "module.common_resources_staging.module.publicweb.module.terraform_state_backend_public_web.aws_s3_bucket.default"
          ]
        }
      ]
    },
    {
      "module": "module.common_resources_staging.module.publicweb.module.terraform_state_backend_public_web",
      "mode": "managed",
      "type": "aws_s3_bucket_server_side_encryption_configuration",
      "name": "default",
      "provider": "provider[\"registry.terraform.io/hashicorp/aws\"]",
      "instances": [
        {
          "index_key": 0,
          "schema_version": 0,
          "attributes": {
            "bucket": "unityhub-production-publicweb-terraform-state",
            "expected_bucket_owner": "",
            "id": "unityhub-production-publicweb-terraform-state",
            "region": "us-east-1",
            "rule": [
              {
                "apply_server_side_encryption_by_default": [
                  {
                    "kms_master_key_id": "",
                    "sse_algorithm": "AES256"
                  }
                ],
                "blocked_encryption_types": [
                  "SSE-C"
                ],
                "bucket_key_enabled": false
              }
            ]
          },
          "sensitive_attributes": [],
          "identity_schema_version": 1,
          "identity": {
            "account_id": "514472330244",
            "bucket": "unityhub-production-publicweb-terraform-state",
            "region": "us-east-1"
          },
          "private": "bnVsbA==",
          "dependencies": [
            "module.common_resources_staging.module.publicweb.module.terraform_state_backend_public_web.aws_s3_bucket.default"
          ]
        }
      ]
    },
    {
      "module": "module.common_resources_staging.module.publicweb.module.terraform_state_backend_public_web",
      "mode": "managed",
      "type": "aws_s3_bucket_versioning",
      "name": "default",
      "provider": "provider[\"registry.terraform.io/hashicorp/aws\"]",
      "instances": [
        {
          "index_key": 0,
          "schema_version": 0,
          "attributes": {
            "bucket": "unityhub-production-publicweb-terraform-state",
            "expected_bucket_owner": "",
            "id": "unityhub-production-publicweb-terraform-state",
            "mfa": null,
            "region": "us-east-1",
            "versioning_configuration": [
              {
                "mfa_delete": "Disabled",
                "status": "Enabled"
              }
            ]
          },
          "sensitive_attributes": [],
          "identity_schema_version": 1,
          "identity": {
            "account_id": "514472330244",
            "bucket": "unityhub-production-publicweb-terraform-state",
            "region": "us-east-1"
          },
          "private": "bnVsbA==",
          "dependencies": [
            "module.common_resources_staging.module.publicweb.module.terraform_state_backend_public_web.aws_s3_bucket.default"
          ]
        }
      ]
    },
    {
      "module": "module.common_resources_staging.module.publicweb.module.terraform_state_backend_public_web",
      "mode": "managed",
      "type": "local_file",
      "name": "terraform_backend_config",
      "provider": "provider[\"registry.terraform.io/hashicorp/local\"]",
      "instances": [
        {
          "index_key": 0,
          "schema_version": 0,
          "attributes": {
            "content": "terraform {\n  required_version = \"\u003e= 1.0.0\"\n\n  backend \"s3\" {\n    region         = \"us-east-1\"\n    bucket         = \"unityhub-production-publicweb-terraform-state\"\n    key            = \"terraform.tfstate\"\n    dynamodb_table = \"unityhub-production-publicweb-terraform-state-lock\"\n    profile        = \"\"\n    role_arn       = \"\"\n    encrypt        = \"true\"\n  }\n}\n",
            "content_base64": null,
            "content_base64sha256": "ncMvlQXWEewmq4tjDL96aY+1Huj5H/EG+Q/HOjPq4Go=",
            "content_base64sha512": "bdVKJ/F2s0h24b1rFqzVLyY8to+nsvh+tMWJdLHHTZtgoVasgvDGc9HO+sv+9jUjSqD+m/Z8/U+Tr3xUuiYreg==",
            "content_md5": "c3d2562a67b1b7ad3b5d48eb14cbb907",
            "content_sha1": "fb9ab2322b9573d83a86bb5d78ec0436fe412ee8",
            "content_sha256": "9dc32f9505d611ec26ab8b630cbf7a698fb51ee8f91ff106f90fc73a33eae06a",
            "content_sha512": "6dd54a27f176b34876e1bd6b16acd52f263cb68fa7b2f87eb4c58974b1c74d9b60a156ac82f0c673d1cefacbfef635234aa0fe9bf67cfd4f93af7c54ba262b7a",
            "directory_permission": "0777",
            "file_permission": "0644",
            "filename": "./backend/backend_public_web.tf",
            "id": "fb9ab2322b9573d83a86bb5d78ec0436fe412ee8",
            "sensitive_content": null,
            "source": null
          },
          "sensitive_attributes": [
            [
              {
                "type": "get_attr",
                "value": "sensitive_content"
              }
            ]
          ],
          "identity_schema_version": 0,
          "dependencies": [
            "module.common_resources_staging.module.publicweb.module.terraform_state_backend_public_web.aws_dynamodb_table.with_server_side_encryption",
            "module.common_resources_staging.module.publicweb.module.terraform_state_backend_public_web.aws_s3_bucket.default",
            "module.common_resources_staging.module.publicweb.module.terraform_state_backend_public_web.data.aws_region.current"
          ]
        }
      ]
    },
    {
      "module": "module.common_resources_staging.module.shared.module.terraform_state_backend_shared",
      "mode": "data",
      "type": "aws_iam_policy_document",
      "name": "prevent_unencrypted_uploads",
      "provider": "provider[\"registry.terraform.io/hashicorp/aws\"]",
      "instances": [
        {
          "index_key": 0,
          "schema_version": 0,
          "attributes": {
            "id": "4181396135",
            "json": "{\n  \"Version\": \"2012-10-17\",\n  \"Statement\": [\n    {\n      \"Sid\": \"DenyIncorrectEncryptionHeader\",\n      \"Effect\": \"Deny\",\n      \"Action\": \"s3:PutObject\",\n      \"Resource\": \"arn:aws:s3:::unityhub-production-shared-terraform-state/*\",\n      \"Principal\": {\n        \"AWS\": \"*\"\n      },\n      \"Condition\": {\n        \"StringNotEquals\": {\n          \"s3:x-amz-server-side-encryption\": [\n            \"AES256\",\n            \"aws:kms\"\n          ]\n        }\n      }\n    },\n    {\n      \"Sid\": \"DenyUnEncryptedObjectUploads\",\n      \"Effect\": \"Deny\",\n      \"Action\": \"s3:PutObject\",\n      \"Resource\": \"arn:aws:s3:::unityhub-production-shared-terraform-state/*\",\n      \"Principal\": {\n        \"AWS\": \"*\"\n      },\n      \"Condition\": {\n        \"Null\": {\n          \"s3:x-amz-server-side-encryption\": \"true\"\n        }\n      }\n    },\n    {\n      \"Sid\": \"EnforceTlsRequestsOnly\",\n      \"Effect\": \"Deny\",\n      \"Action\": \"s3:*\",\n      \"Resource\": [\n        \"arn:aws:s3:::unityhub-production-shared-terraform-state/*\",\n        \"arn:aws:s3:::unityhub-production-shared-terraform-state\"\n      ],\n      \"Principal\": {\n        \"AWS\": \"*\"\n      },\n      \"Condition\": {\n        \"Bool\": {\n          \"aws:SecureTransport\": \"false\"\n        }\n      }\n    }\n  ]\n}",
            "minified_json": "{\"Version\":\"2012-10-17\",\"Statement\":[{\"Sid\":\"DenyIncorrectEncryptionHeader\",\"Effect\":\"Deny\",\"Action\":\"s3:PutObject\",\"Resource\":\"arn:aws:s3:::unityhub-production-shared-terraform-state/*\",\"Principal\":{\"AWS\":\"*\"},\"Condition\":{\"StringNotEquals\":{\"s3:x-amz-server-side-encryption\":[\"AES256\",\"aws:kms\"]}}},{\"Sid\":\"DenyUnEncryptedObjectUploads\",\"Effect\":\"Deny\",\"Action\":\"s3:PutObject\",\"Resource\":\"arn:aws:s3:::unityhub-production-shared-terraform-state/*\",\"Principal\":{\"AWS\":\"*\"},\"Condition\":{\"Null\":{\"s3:x-amz-server-side-encryption\":\"true\"}}},{\"Sid\":\"EnforceTlsRequestsOnly\",\"Effect\":\"Deny\",\"Action\":\"s3:*\",\"Resource\":[\"arn:aws:s3:::unityhub-production-shared-terraform-state/*\",\"arn:aws:s3:::unityhub-production-shared-terraform-state\"],\"Principal\":{\"AWS\":\"*\"},\"Condition\":{\"Bool\":{\"aws:SecureTransport\":\"false\"}}}]}",
            "override_json": null,
            "override_policy_documents": null,
            "policy_id": null,
            "source_json": null,
            "source_policy_documents": null,
            "statement": [
              {
                "actions": [
                  "s3:PutObject"
                ],
                "condition": [
                  {
                    "test": "StringNotEquals",
                    "values": [
                      "AES256",
                      "aws:kms"
                    ],
                    "variable": "s3:x-amz-server-side-encryption"
                  }
                ],
                "effect": "Deny",
                "not_actions": [],
                "not_principals": [],
                "not_resources": [],
                "principals": [
                  {
                    "identifiers": [
                      "*"
                    ],
                    "type": "AWS"
                  }
                ],
                "resources": [
                  "arn:aws:s3:::unityhub-production-shared-terraform-state/*"
                ],
                "sid": "DenyIncorrectEncryptionHeader"
              },
              {
                "actions": [
                  "s3:PutObject"
                ],
                "condition": [
                  {
                    "test": "Null",
                    "values": [
                      "true"
                    ],
                    "variable": "s3:x-amz-server-side-encryption"
                  }
                ],
                "effect": "Deny",
                "not_actions": [],
                "not_principals": [],
                "not_resources": [],
                "principals": [
                  {
                    "identifiers": [
                      "*"
                    ],
                    "type": "AWS"
                  }
                ],
                "resources": [
                  "arn:aws:s3:::unityhub-production-shared-terraform-state/*"
                ],
                "sid": "DenyUnEncryptedObjectUploads"
              },
              {
                "actions": [
                  "s3:*"
                ],
                "condition": [
                  {
                    "test": "Bool",
                    "values": [
                      "false"
                    ],
                    "variable": "aws:SecureTransport"
                  }
                ],
                "effect": "Deny",
                "not_actions": [],
                "not_principals": [],
                "not_resources": [],
                "principals": [
                  {
                    "identifiers": [
                      "*"
                    ],
                    "type": "AWS"
                  }
                ],
                "resources": [
                  "arn:aws:s3:::unityhub-production-shared-terraform-state",
                  "arn:aws:s3:::unityhub-production-shared-terraform-state/*"
                ],
                "sid": "EnforceTlsRequestsOnly"
              }
            ],
            "version": "2012-10-17"
          },
          "sensitive_attributes": [],
          "identity_schema_version": 0
        }
      ]
    },
    {
      "module": "module.common_resources_staging.module.shared.module.terraform_state_backend_shared",
      "mode": "data",
      "type": "aws_region",
      "name": "current",
      "provider": "provider[\"registry.terraform.io/hashicorp/aws\"]",
      "instances": [
        {
          "schema_version": 0,
          "attributes": {
            "description": "US East (N. Virginia)",
            "endpoint": "ec2.us-east-1.amazonaws.com",
            "id": "us-east-1",
            "name": "us-east-1",
            "region": "us-east-1"
          },
          "sensitive_attributes": [],
          "identity_schema_version": 0
        }
      ]
    },
    {
      "module": "module.common_resources_staging.module.shared.module.terraform_state_backend_shared",
      "mode": "managed",
      "type": "aws_dynamodb_table",
      "name": "with_server_side_encryption",
      "provider": "provider[\"registry.terraform.io/hashicorp/aws\"]",
      "instances": [
        {
          "index_key": 0,
          "schema_version": 1,
          "attributes": {
            "arn": "arn:aws:dynamodb:us-east-1:514472330244:table/unityhub-production-shared-terraform-state-lock",
            "attribute": [
              {
                "name": "LockID",
                "type": "S"
              }
            ],
            "billing_mode": "PAY_PER_REQUEST",
            "deletion_protection_enabled": false,
            "global_secondary_index": [],
            "global_table_witness": [],
            "hash_key": "LockID",
            "id": "unityhub-production-shared-terraform-state-lock",
            "import_table": [],
            "local_secondary_index": [],
            "name": "unityhub-production-shared-terraform-state-lock",
            "on_demand_throughput": [],
            "point_in_time_recovery": [
              {
                "enabled": true,
                "recovery_period_in_days": 35
              }
            ],
            "range_key": null,
            "read_capacity": 0,
            "region": "us-east-1",
            "replica": [],
            "restore_backup_arn": null,
            "restore_date_time": null,
            "restore_source_name": null,
            "restore_source_table_arn": null,
            "restore_to_latest_time": null,
            "server_side_encryption": [
              {
                "enabled": true,
                "kms_key_arn": ""
              }
            ],
            "stream_arn": "",
            "stream_enabled": false,
            "stream_label": "",
            "stream_view_type": "",
            "table_class": "STANDARD",
            "tags": {
              "Attributes": "terraform-state-lock",
              "Name": "unityhub-production-shared-terraform-state-lock",
              "Namespace": "unityhub",
              "Stage": "production"
            },
            "tags_all": {
              "Attributes": "terraform-state-lock",
              "Name": "unityhub-production-shared-terraform-state-lock",
              "Namespace": "unityhub",
              "Stage": "production"
            },
            "timeouts": null,
            "ttl": [
              {
                "attribute_name": "",
                "enabled": false
              }
            ],
            "warm_throughput": [],
            "write_capacity": 0
          },
          "sensitive_attributes": [],
          "identity_schema_version": 0,
          "identity": {
            "account_id": "514472330244",
            "name": "unityhub-production-shared-terraform-state-lock",
            "region": "us-east-1"
          },
          "private": "eyJlMmJmYjczMC1lY2FhLTExZTYtOGY4OC0zNDM2M2JjN2M0YzAiOnsiY3JlYXRlIjoxODAwMDAwMDAwMDAwLCJkZWxldGUiOjYwMDAwMDAwMDAwMCwidXBkYXRlIjozNjAwMDAwMDAwMDAwfSwic2NoZW1hX3ZlcnNpb24iOiIxIn0="
        }
      ]
    },
    {
      "module": "module.common_resources_staging.module.shared.module.terraform_state_backend_shared",
      "mode": "managed",
      "type": "aws_s3_bucket",
      "name": "default",
      "provider": "provider[\"registry.terraform.io/hashicorp/aws\"]",
      "instances": [
        {
          "index_key": 0,
          "schema_version": 0,
          "attributes": {
            "acceleration_status": "",
            "acl": null,
            "arn": "arn:aws:s3:::unityhub-production-shared-terraform-state",
            "bucket": "unityhub-production-shared-terraform-state",
            "bucket_domain_name": "unityhub-production-shared-terraform-state.s3.amazonaws.com",
            "bucket_namespace": "global",
            "bucket_prefix": "",
            "bucket_region": "us-east-1",
            "bucket_regional_domain_name": "unityhub-production-shared-terraform-state.s3.us-east-1.amazonaws.com",
            "cors_rule": [],
            "force_destroy": true,
            "grant": [
              {
                "id": "bea86176a486e69a83b4227063efa3be9eb4b243551739d81a6a4b41ec8b3461",
                "permissions": [
                  "FULL_CONTROL"
                ],
                "type": "CanonicalUser",
                "uri": ""
              }
            ],
            "hosted_zone_id": "Z3AQBSTGFYJSTF",
            "id": "unityhub-production-shared-terraform-state",
            "lifecycle_rule": [],
            "logging": [],
            "object_lock_configuration": [],
            "object_lock_enabled": false,
            "policy": "{\"Statement\":[{\"Action\":\"s3:PutObject\",\"Condition\":{\"StringNotEquals\":{\"s3:x-amz-server-side-encryption\":[\"AES256\",\"aws:kms\"]}},\"Effect\":\"Deny\",\"Principal\":{\"AWS\":\"*\"},\"Resource\":\"arn:aws:s3:::unityhub-production-shared-terraform-state/*\",\"Sid\":\"DenyIncorrectEncryptionHeader\"},{\"Action\":\"s3:PutObject\",\"Condition\":{\"Null\":{\"s3:x-amz-server-side-encryption\":\"true\"}},\"Effect\":\"Deny\",\"Principal\":{\"AWS\":\"*\"},\"Resource\":\"arn:aws:s3:::unityhub-production-shared-terraform-state/*\",\"Sid\":\"DenyUnEncryptedObjectUploads\"},{\"Action\":\"s3:*\",\"Condition\":{\"Bool\":{\"aws:SecureTransport\":\"false\"}},\"Effect\":\"Deny\",\"Principal\":{\"AWS\":\"*\"},\"Resource\":[\"arn:aws:s3:::unityhub-production-shared-terraform-state/*\",\"arn:aws:s3:::unityhub-production-shared-terraform-state\"],\"Sid\":\"EnforceTlsRequestsOnly\"}],\"Version\":\"2012-10-17\"}",
            "region": "us-east-1",
            "replication_configuration": [],
            "request_payer": "BucketOwner",
            "server_side_encryption_configuration": [
              {
                "rule": [
                  {
                    "apply_server_side_encryption_by_default": [
                      {
                        "kms_master_key_id": "",
                        "sse_algorithm": "AES256"
                      }
                    ],
                    "bucket_key_enabled": false
                  }
                ]
              }
            ],
            "tags": {
              "Attributes": "terraform-state",
              "Name": "unityhub-production-shared-terraform-state",
              "Namespace": "unityhub",
              "Stage": "production"
            },
            "tags_all": {
              "Attributes": "terraform-state",
              "Name": "unityhub-production-shared-terraform-state",
              "Namespace": "unityhub",
              "Stage": "production"
            },
            "timeouts": null,
            "versioning": [
              {
                "enabled": true,
                "mfa_delete": false
              }
            ],
            "website": [],
            "website_domain": null,
            "website_endpoint": null
          },
          "sensitive_attributes": [],
          "identity_schema_version": 0,
          "identity": {
            "account_id": "514472330244",
            "bucket": "unityhub-production-shared-terraform-state",
            "region": "us-east-1"
          },
          "private": "eyJlMmJmYjczMC1lY2FhLTExZTYtOGY4OC0zNDM2M2JjN2M0YzAiOnsiY3JlYXRlIjoxMjAwMDAwMDAwMDAwLCJkZWxldGUiOjM2MDAwMDAwMDAwMDAsInJlYWQiOjEyMDAwMDAwMDAwMDAsInVwZGF0ZSI6MTIwMDAwMDAwMDAwMH19"
        }
      ]
    },
    {
      "module": "module.common_resources_staging.module.shared.module.terraform_state_backend_shared",
      "mode": "managed",
      "type": "aws_s3_bucket_ownership_controls",
      "name": "default",
      "provider": "provider[\"registry.terraform.io/hashicorp/aws\"]",
      "instances": [
        {
          "index_key": 0,
          "schema_version": 0,
          "attributes": {
            "bucket": "unityhub-production-shared-terraform-state",
            "id": "unityhub-production-shared-terraform-state",
            "region": "us-east-1",
            "rule": [
              {
                "object_ownership": "BucketOwnerEnforced"
              }
            ]
          },
          "sensitive_attributes": [],
          "identity_schema_version": 0,
          "identity": {
            "account_id": "514472330244",
            "bucket": "unityhub-production-shared-terraform-state",
            "region": "us-east-1"
          },
          "private": "bnVsbA==",
          "dependencies": [
            "module.common_resources_staging.module.shared.module.terraform_state_backend_shared.aws_s3_bucket.default"
          ]
        }
      ]
    },
    {
      "module": "module.common_resources_staging.module.shared.module.terraform_state_backend_shared",
      "mode": "managed",
      "type": "aws_s3_bucket_policy",
      "name": "default",
      "provider": "provider[\"registry.terraform.io/hashicorp/aws\"]",
      "instances": [
        {
          "index_key": 0,
          "schema_version": 0,
          "attributes": {
            "bucket": "unityhub-production-shared-terraform-state",
            "id": "unityhub-production-shared-terraform-state",
            "policy": "{\"Statement\":[{\"Action\":\"s3:PutObject\",\"Condition\":{\"StringNotEquals\":{\"s3:x-amz-server-side-encryption\":[\"AES256\",\"aws:kms\"]}},\"Effect\":\"Deny\",\"Principal\":{\"AWS\":\"*\"},\"Resource\":\"arn:aws:s3:::unityhub-production-shared-terraform-state/*\",\"Sid\":\"DenyIncorrectEncryptionHeader\"},{\"Action\":\"s3:PutObject\",\"Condition\":{\"Null\":{\"s3:x-amz-server-side-encryption\":\"true\"}},\"Effect\":\"Deny\",\"Principal\":{\"AWS\":\"*\"},\"Resource\":\"arn:aws:s3:::unityhub-production-shared-terraform-state/*\",\"Sid\":\"DenyUnEncryptedObjectUploads\"},{\"Action\":\"s3:*\",\"Condition\":{\"Bool\":{\"aws:SecureTransport\":\"false\"}},\"Effect\":\"Deny\",\"Principal\":{\"AWS\":\"*\"},\"Resource\":[\"arn:aws:s3:::unityhub-production-shared-terraform-state/*\",\"arn:aws:s3:::unityhub-production-shared-terraform-state\"],\"Sid\":\"EnforceTlsRequestsOnly\"}],\"Version\":\"2012-10-17\"}",
            "region": "us-east-1"
          },
          "sensitive_attributes": [],
          "identity_schema_version": 0,
          "identity": {
            "account_id": "514472330244",
            "bucket": "unityhub-production-shared-terraform-state",
            "region": "us-east-1"
          },
          "private": "bnVsbA==",
          "dependencies": [
            "module.common_resources_staging.module.shared.module.terraform_state_backend_shared.aws_s3_bucket.default",
            "module.common_resources_staging.module.shared.module.terraform_state_backend_shared.data.aws_iam_policy_document.prevent_unencrypted_uploads"
          ]
        }
      ]
    },
    {
      "module": "module.common_resources_staging.module.shared.module.terraform_state_backend_shared",
      "mode": "managed",
      "type": "aws_s3_bucket_public_access_block",
      "name": "default",
      "provider": "provider[\"registry.terraform.io/hashicorp/aws\"]",
      "instances": [
        {
          "index_key": 0,
          "schema_version": 0,
          "attributes": {
            "block_public_acls": true,
            "block_public_policy": true,
            "bucket": "unityhub-production-shared-terraform-state",
            "id": "unityhub-production-shared-terraform-state",
            "ignore_public_acls": true,
            "region": "us-east-1",
            "restrict_public_buckets": true,
            "skip_destroy": null
          },
          "sensitive_attributes": [],
          "identity_schema_version": 0,
          "identity": {
            "account_id": "514472330244",
            "bucket": "unityhub-production-shared-terraform-state",
            "region": "us-east-1"
          },
          "private": "bnVsbA==",
          "dependencies": [
            "module.common_resources_staging.module.shared.module.terraform_state_backend_shared.aws_s3_bucket.default"
          ]
        }
      ]
    },
    {
      "module": "module.common_resources_staging.module.shared.module.terraform_state_backend_shared",
      "mode": "managed",
      "type": "aws_s3_bucket_server_side_encryption_configuration",
      "name": "default",
      "provider": "provider[\"registry.terraform.io/hashicorp/aws\"]",
      "instances": [
        {
          "index_key": 0,
          "schema_version": 0,
          "attributes": {
            "bucket": "unityhub-production-shared-terraform-state",
            "expected_bucket_owner": "",
            "id": "unityhub-production-shared-terraform-state",
            "region": "us-east-1",
            "rule": [
              {
                "apply_server_side_encryption_by_default": [
                  {
                    "kms_master_key_id": "",
                    "sse_algorithm": "AES256"
                  }
                ],
                "blocked_encryption_types": [
                  "SSE-C"
                ],
                "bucket_key_enabled": false
              }
            ]
          },
          "sensitive_attributes": [],
          "identity_schema_version": 1,
          "identity": {
            "account_id": "514472330244",
            "bucket": "unityhub-production-shared-terraform-state",
            "region": "us-east-1"
          },
          "private": "bnVsbA==",
          "dependencies": [
            "module.common_resources_staging.module.shared.module.terraform_state_backend_shared.aws_s3_bucket.default"
          ]
        }
      ]
    },
    {
      "module": "module.common_resources_staging.module.shared.module.terraform_state_backend_shared",
      "mode": "managed",
      "type": "aws_s3_bucket_versioning",
      "name": "default",
      "provider": "provider[\"registry.terraform.io/hashicorp/aws\"]",
      "instances": [
        {
          "index_key": 0,
          "schema_version": 0,
          "attributes": {
            "bucket": "unityhub-production-shared-terraform-state",
            "expected_bucket_owner": "",
            "id": "unityhub-production-shared-terraform-state",
            "mfa": null,
            "region": "us-east-1",
            "versioning_configuration": [
              {
                "mfa_delete": "Disabled",
                "status": "Enabled"
              }
            ]
          },
          "sensitive_attributes": [],
          "identity_schema_version": 1,
          "identity": {
            "account_id": "514472330244",
            "bucket": "unityhub-production-shared-terraform-state",
            "region": "us-east-1"
          },
          "private": "bnVsbA==",
          "dependencies": [
            "module.common_resources_staging.module.shared.module.terraform_state_backend_shared.aws_s3_bucket.default"
          ]
        }
      ]
    },
    {
      "module": "module.common_resources_staging.module.shared.module.terraform_state_backend_shared",
      "mode": "managed",
      "type": "local_file",
      "name": "terraform_backend_config",
      "provider": "provider[\"registry.terraform.io/hashicorp/local\"]",
      "instances": [
        {
          "index_key": 0,
          "schema_version": 0,
          "attributes": {
            "content": "terraform {\n  required_version = \"\u003e= 1.0.0\"\n\n  backend \"s3\" {\n    region         = \"us-east-1\"\n    bucket         = \"unityhub-production-shared-terraform-state\"\n    key            = \"terraform.tfstate\"\n    dynamodb_table = \"unityhub-production-shared-terraform-state-lock\"\n    profile        = \"\"\n    role_arn       = \"\"\n    encrypt        = \"true\"\n  }\n}\n",
            "content_base64": null,
            "content_base64sha256": "plvnApNKREWIyohu1sSV9cqajDOrWEG5RaQd06U2TfM=",
            "content_base64sha512": "qCkpc8Qpik9iLiATm2EUgcYXMiu+8qEvd2wgFyNPJM/AL3d6qEFSpkWbOn1tWX7tq7NKNoWvXpBtMsVgfdZzMA==",
            "content_md5": "97353ad035332268a530e956cdcb02e6",
            "content_sha1": "cd5ed598c9752a31c732ef8fd5ee25079b3a4354",
            "content_sha256": "a65be702934a444588ca886ed6c495f5ca9a8c33ab5841b945a41dd3a5364df3",
            "content_sha512": "a8292973c4298a4f622e20139b611481c617322bbef2a12f776c2017234f24cfc02f777aa84152a6459b3a7d6d597eedabb34a3685af5e906d32c5607dd67330",
            "directory_permission": "0777",
            "file_permission": "0644",
            "filename": "./backend/backend_shared.tf",
            "id": "cd5ed598c9752a31c732ef8fd5ee25079b3a4354",
            "sensitive_content": null,
            "source": null
          },
          "sensitive_attributes": [
            [
              {
                "type": "get_attr",
                "value": "sensitive_content"
              }
            ]
          ],
          "identity_schema_version": 0,
          "dependencies": [
            "module.common_resources_staging.module.shared.module.terraform_state_backend_shared.aws_dynamodb_table.with_server_side_encryption",
            "module.common_resources_staging.module.shared.module.terraform_state_backend_shared.aws_s3_bucket.default",
            "module.common_resources_staging.module.shared.module.terraform_state_backend_shared.data.aws_region.current"
          ]
        }
      ]
    },
    {
      "module": "module.common_resources_staging.module.shared.module.terraform_state_backend_shared_azure_entra",
      "mode": "data",
      "type": "aws_iam_policy_document",
      "name": "prevent_unencrypted_uploads",
      "provider": "provider[\"registry.terraform.io/hashicorp/aws\"]",
      "instances": [
        {
          "index_key": 0,
          "schema_version": 0,
          "attributes": {
            "id": "4183642458",
            "json": "{\n  \"Version\": \"2012-10-17\",\n  \"Statement\": [\n    {\n      \"Sid\": \"DenyIncorrectEncryptionHeader\",\n      \"Effect\": \"Deny\",\n      \"Action\": \"s3:PutObject\",\n      \"Resource\": \"arn:aws:s3:::unityhub-production-sharedazureentra-terraform-state/*\",\n      \"Principal\": {\n        \"AWS\": \"*\"\n      },\n      \"Condition\": {\n        \"StringNotEquals\": {\n          \"s3:x-amz-server-side-encryption\": [\n            \"AES256\",\n            \"aws:kms\"\n          ]\n        }\n      }\n    },\n    {\n      \"Sid\": \"DenyUnEncryptedObjectUploads\",\n      \"Effect\": \"Deny\",\n      \"Action\": \"s3:PutObject\",\n      \"Resource\": \"arn:aws:s3:::unityhub-production-sharedazureentra-terraform-state/*\",\n      \"Principal\": {\n        \"AWS\": \"*\"\n      },\n      \"Condition\": {\n        \"Null\": {\n          \"s3:x-amz-server-side-encryption\": \"true\"\n        }\n      }\n    },\n    {\n      \"Sid\": \"EnforceTlsRequestsOnly\",\n      \"Effect\": \"Deny\",\n      \"Action\": \"s3:*\",\n      \"Resource\": [\n        \"arn:aws:s3:::unityhub-production-sharedazureentra-terraform-state/*\",\n        \"arn:aws:s3:::unityhub-production-sharedazureentra-terraform-state\"\n      ],\n      \"Principal\": {\n        \"AWS\": \"*\"\n      },\n      \"Condition\": {\n        \"Bool\": {\n          \"aws:SecureTransport\": \"false\"\n        }\n      }\n    }\n  ]\n}",
            "minified_json": "{\"Version\":\"2012-10-17\",\"Statement\":[{\"Sid\":\"DenyIncorrectEncryptionHeader\",\"Effect\":\"Deny\",\"Action\":\"s3:PutObject\",\"Resource\":\"arn:aws:s3:::unityhub-production-sharedazureentra-terraform-state/*\",\"Principal\":{\"AWS\":\"*\"},\"Condition\":{\"StringNotEquals\":{\"s3:x-amz-server-side-encryption\":[\"AES256\",\"aws:kms\"]}}},{\"Sid\":\"DenyUnEncryptedObjectUploads\",\"Effect\":\"Deny\",\"Action\":\"s3:PutObject\",\"Resource\":\"arn:aws:s3:::unityhub-production-sharedazureentra-terraform-state/*\",\"Principal\":{\"AWS\":\"*\"},\"Condition\":{\"Null\":{\"s3:x-amz-server-side-encryption\":\"true\"}}},{\"Sid\":\"EnforceTlsRequestsOnly\",\"Effect\":\"Deny\",\"Action\":\"s3:*\",\"Resource\":[\"arn:aws:s3:::unityhub-production-sharedazureentra-terraform-state/*\",\"arn:aws:s3:::unityhub-production-sharedazureentra-terraform-state\"],\"Principal\":{\"AWS\":\"*\"},\"Condition\":{\"Bool\":{\"aws:SecureTransport\":\"false\"}}}]}",
            "override_json": null,
            "override_policy_documents": null,
            "policy_id": null,
            "source_json": null,
            "source_policy_documents": null,
            "statement": [
              {
                "actions": [
                  "s3:PutObject"
                ],
                "condition": [
                  {
                    "test": "StringNotEquals",
                    "values": [
                      "AES256",
                      "aws:kms"
                    ],
                    "variable": "s3:x-amz-server-side-encryption"
                  }
                ],
                "effect": "Deny",
                "not_actions": [],
                "not_principals": [],
                "not_resources": [],
                "principals": [
                  {
                    "identifiers": [
                      "*"
                    ],
                    "type": "AWS"
                  }
                ],
                "resources": [
                  "arn:aws:s3:::unityhub-production-sharedazureentra-terraform-state/*"
                ],
                "sid": "DenyIncorrectEncryptionHeader"
              },
              {
                "actions": [
                  "s3:PutObject"
                ],
                "condition": [
                  {
                    "test": "Null",
                    "values": [
                      "true"
                    ],
                    "variable": "s3:x-amz-server-side-encryption"
                  }
                ],
                "effect": "Deny",
                "not_actions": [],
                "not_principals": [],
                "not_resources": [],
                "principals": [
                  {
                    "identifiers": [
                      "*"
                    ],
                    "type": "AWS"
                  }
                ],
                "resources": [
                  "arn:aws:s3:::unityhub-production-sharedazureentra-terraform-state/*"
                ],
                "sid": "DenyUnEncryptedObjectUploads"
              },
              {
                "actions": [
                  "s3:*"
                ],
                "condition": [
                  {
                    "test": "Bool",
                    "values": [
                      "false"
                    ],
                    "variable": "aws:SecureTransport"
                  }
                ],
                "effect": "Deny",
                "not_actions": [],
                "not_principals": [],
                "not_resources": [],
                "principals": [
                  {
                    "identifiers": [
                      "*"
                    ],
                    "type": "AWS"
                  }
                ],
                "resources": [
                  "arn:aws:s3:::unityhub-production-sharedazureentra-terraform-state",
                  "arn:aws:s3:::unityhub-production-sharedazureentra-terraform-state/*"
                ],
                "sid": "EnforceTlsRequestsOnly"
              }
            ],
            "version": "2012-10-17"
          },
          "sensitive_attributes": [],
          "identity_schema_version": 0
        }
      ]
    },
    {
      "module": "module.common_resources_staging.module.shared.module.terraform_state_backend_shared_azure_entra",
      "mode": "data",
      "type": "aws_region",
      "name": "current",
      "provider": "provider[\"registry.terraform.io/hashicorp/aws\"]",
      "instances": [
        {
          "schema_version": 0,
          "attributes": {
            "description": "US East (N. Virginia)",
            "endpoint": "ec2.us-east-1.amazonaws.com",
            "id": "us-east-1",
            "name": "us-east-1",
            "region": "us-east-1"
          },
          "sensitive_attributes": [],
          "identity_schema_version": 0
        }
      ]
    },
    {
      "module": "module.common_resources_staging.module.shared.module.terraform_state_backend_shared_azure_entra",
      "mode": "managed",
      "type": "aws_dynamodb_table",
      "name": "with_server_side_encryption",
      "provider": "provider[\"registry.terraform.io/hashicorp/aws\"]",
      "instances": [
        {
          "index_key": 0,
          "schema_version": 1,
          "attributes": {
            "arn": "arn:aws:dynamodb:us-east-1:514472330244:table/unityhub-production-sharedazureentra-terraform-state-lock",
            "attribute": [
              {
                "name": "LockID",
                "type": "S"
              }
            ],
            "billing_mode": "PAY_PER_REQUEST",
            "deletion_protection_enabled": false,
            "global_secondary_index": [],
            "global_table_witness": [],
            "hash_key": "LockID",
            "id": "unityhub-production-sharedazureentra-terraform-state-lock",
            "import_table": [],
            "local_secondary_index": [],
            "name": "unityhub-production-sharedazureentra-terraform-state-lock",
            "on_demand_throughput": [],
            "point_in_time_recovery": [
              {
                "enabled": true,
                "recovery_period_in_days": 35
              }
            ],
            "range_key": null,
            "read_capacity": 0,
            "region": "us-east-1",
            "replica": [],
            "restore_backup_arn": null,
            "restore_date_time": null,
            "restore_source_name": null,
            "restore_source_table_arn": null,
            "restore_to_latest_time": null,
            "server_side_encryption": [
              {
                "enabled": true,
                "kms_key_arn": ""
              }
            ],
            "stream_arn": "",
            "stream_enabled": false,
            "stream_label": "",
            "stream_view_type": "",
            "table_class": "STANDARD",
            "tags": {
              "Attributes": "terraform-state-lock",
              "Name": "unityhub-production-sharedazureentra-terraform-state-lock",
              "Namespace": "unityhub",
              "Stage": "production"
            },
            "tags_all": {
              "Attributes": "terraform-state-lock",
              "Name": "unityhub-production-sharedazureentra-terraform-state-lock",
              "Namespace": "unityhub",
              "Stage": "production"
            },
            "timeouts": null,
            "ttl": [
              {
                "attribute_name": "",
                "enabled": false
              }
            ],
            "warm_throughput": [],
            "write_capacity": 0
          },
          "sensitive_attributes": [],
          "identity_schema_version": 0,
          "identity": {
            "account_id": "514472330244",
            "name": "unityhub-production-sharedazureentra-terraform-state-lock",
            "region": "us-east-1"
          },
          "private": "eyJlMmJmYjczMC1lY2FhLTExZTYtOGY4OC0zNDM2M2JjN2M0YzAiOnsiY3JlYXRlIjoxODAwMDAwMDAwMDAwLCJkZWxldGUiOjYwMDAwMDAwMDAwMCwidXBkYXRlIjozNjAwMDAwMDAwMDAwfSwic2NoZW1hX3ZlcnNpb24iOiIxIn0="
        }
      ]
    },
    {
      "module": "module.common_resources_staging.module.shared.module.terraform_state_backend_shared_azure_entra",
      "mode": "managed",
      "type": "aws_s3_bucket",
      "name": "default",
      "provider": "provider[\"registry.terraform.io/hashicorp/aws\"]",
      "instances": [
        {
          "index_key": 0,
          "schema_version": 0,
          "attributes": {
            "acceleration_status": "",
            "acl": null,
            "arn": "arn:aws:s3:::unityhub-production-sharedazureentra-terraform-state",
            "bucket": "unityhub-production-sharedazureentra-terraform-state",
            "bucket_domain_name": "unityhub-production-sharedazureentra-terraform-state.s3.amazonaws.com",
            "bucket_namespace": "global",
            "bucket_prefix": "",
            "bucket_region": "us-east-1",
            "bucket_regional_domain_name": "unityhub-production-sharedazureentra-terraform-state.s3.us-east-1.amazonaws.com",
            "cors_rule": [],
            "force_destroy": true,
            "grant": [
              {
                "id": "bea86176a486e69a83b4227063efa3be9eb4b243551739d81a6a4b41ec8b3461",
                "permissions": [
                  "FULL_CONTROL"
                ],
                "type": "CanonicalUser",
                "uri": ""
              }
            ],
            "hosted_zone_id": "Z3AQBSTGFYJSTF",
            "id": "unityhub-production-sharedazureentra-terraform-state",
            "lifecycle_rule": [],
            "logging": [],
            "object_lock_configuration": [],
            "object_lock_enabled": false,
            "policy": "{\"Statement\":[{\"Action\":\"s3:PutObject\",\"Condition\":{\"StringNotEquals\":{\"s3:x-amz-server-side-encryption\":[\"AES256\",\"aws:kms\"]}},\"Effect\":\"Deny\",\"Principal\":{\"AWS\":\"*\"},\"Resource\":\"arn:aws:s3:::unityhub-production-sharedazureentra-terraform-state/*\",\"Sid\":\"DenyIncorrectEncryptionHeader\"},{\"Action\":\"s3:PutObject\",\"Condition\":{\"Null\":{\"s3:x-amz-server-side-encryption\":\"true\"}},\"Effect\":\"Deny\",\"Principal\":{\"AWS\":\"*\"},\"Resource\":\"arn:aws:s3:::unityhub-production-sharedazureentra-terraform-state/*\",\"Sid\":\"DenyUnEncryptedObjectUploads\"},{\"Action\":\"s3:*\",\"Condition\":{\"Bool\":{\"aws:SecureTransport\":\"false\"}},\"Effect\":\"Deny\",\"Principal\":{\"AWS\":\"*\"},\"Resource\":[\"arn:aws:s3:::unityhub-production-sharedazureentra-terraform-state/*\",\"arn:aws:s3:::unityhub-production-sharedazureentra-terraform-state\"],\"Sid\":\"EnforceTlsRequestsOnly\"}],\"Version\":\"2012-10-17\"}",
            "region": "us-east-1",
            "replication_configuration": [],
            "request_payer": "BucketOwner",
            "server_side_encryption_configuration": [
              {
                "rule": [
                  {
                    "apply_server_side_encryption_by_default": [
                      {
                        "kms_master_key_id": "",
                        "sse_algorithm": "AES256"
                      }
                    ],
                    "bucket_key_enabled": false
                  }
                ]
              }
            ],
            "tags": {
              "Attributes": "terraform-state",
              "Name": "unityhub-production-sharedazureentra-terraform-state",
              "Namespace": "unityhub",
              "Stage": "production"
            },
            "tags_all": {
              "Attributes": "terraform-state",
              "Name": "unityhub-production-sharedazureentra-terraform-state",
              "Namespace": "unityhub",
              "Stage": "production"
            },
            "timeouts": null,
            "versioning": [
              {
                "enabled": true,
                "mfa_delete": false
              }
            ],
            "website": [],
            "website_domain": null,
            "website_endpoint": null
          },
          "sensitive_attributes": [],
          "identity_schema_version": 0,
          "identity": {
            "account_id": "514472330244",
            "bucket": "unityhub-production-sharedazureentra-terraform-state",
            "region": "us-east-1"
          },
          "private": "eyJlMmJmYjczMC1lY2FhLTExZTYtOGY4OC0zNDM2M2JjN2M0YzAiOnsiY3JlYXRlIjoxMjAwMDAwMDAwMDAwLCJkZWxldGUiOjM2MDAwMDAwMDAwMDAsInJlYWQiOjEyMDAwMDAwMDAwMDAsInVwZGF0ZSI6MTIwMDAwMDAwMDAwMH19"
        }
      ]
    },
    {
      "module": "module.common_resources_staging.module.shared.module.terraform_state_backend_shared_azure_entra",
      "mode": "managed",
      "type": "aws_s3_bucket_ownership_controls",
      "name": "default",
      "provider": "provider[\"registry.terraform.io/hashicorp/aws\"]",
      "instances": [
        {
          "index_key": 0,
          "schema_version": 0,
          "attributes": {
            "bucket": "unityhub-production-sharedazureentra-terraform-state",
            "id": "unityhub-production-sharedazureentra-terraform-state",
            "region": "us-east-1",
            "rule": [
              {
                "object_ownership": "BucketOwnerEnforced"
              }
            ]
          },
          "sensitive_attributes": [],
          "identity_schema_version": 0,
          "identity": {
            "account_id": "514472330244",
            "bucket": "unityhub-production-sharedazureentra-terraform-state",
            "region": "us-east-1"
          },
          "private": "bnVsbA==",
          "dependencies": [
            "module.common_resources_staging.module.shared.module.terraform_state_backend_shared_azure_entra.aws_s3_bucket.default"
          ]
        }
      ]
    },
    {
      "module": "module.common_resources_staging.module.shared.module.terraform_state_backend_shared_azure_entra",
      "mode": "managed",
      "type": "aws_s3_bucket_policy",
      "name": "default",
      "provider": "provider[\"registry.terraform.io/hashicorp/aws\"]",
      "instances": [
        {
          "index_key": 0,
          "schema_version": 0,
          "attributes": {
            "bucket": "unityhub-production-sharedazureentra-terraform-state",
            "id": "unityhub-production-sharedazureentra-terraform-state",
            "policy": "{\"Statement\":[{\"Action\":\"s3:PutObject\",\"Condition\":{\"StringNotEquals\":{\"s3:x-amz-server-side-encryption\":[\"AES256\",\"aws:kms\"]}},\"Effect\":\"Deny\",\"Principal\":{\"AWS\":\"*\"},\"Resource\":\"arn:aws:s3:::unityhub-production-sharedazureentra-terraform-state/*\",\"Sid\":\"DenyIncorrectEncryptionHeader\"},{\"Action\":\"s3:PutObject\",\"Condition\":{\"Null\":{\"s3:x-amz-server-side-encryption\":\"true\"}},\"Effect\":\"Deny\",\"Principal\":{\"AWS\":\"*\"},\"Resource\":\"arn:aws:s3:::unityhub-production-sharedazureentra-terraform-state/*\",\"Sid\":\"DenyUnEncryptedObjectUploads\"},{\"Action\":\"s3:*\",\"Condition\":{\"Bool\":{\"aws:SecureTransport\":\"false\"}},\"Effect\":\"Deny\",\"Principal\":{\"AWS\":\"*\"},\"Resource\":[\"arn:aws:s3:::unityhub-production-sharedazureentra-terraform-state/*\",\"arn:aws:s3:::unityhub-production-sharedazureentra-terraform-state\"],\"Sid\":\"EnforceTlsRequestsOnly\"}],\"Version\":\"2012-10-17\"}",
            "region": "us-east-1"
          },
          "sensitive_attributes": [],
          "identity_schema_version": 0,
          "identity": {
            "account_id": "514472330244",
            "bucket": "unityhub-production-sharedazureentra-terraform-state",
            "region": "us-east-1"
          },
          "private": "bnVsbA==",
          "dependencies": [
            "module.common_resources_staging.module.shared.module.terraform_state_backend_shared_azure_entra.aws_s3_bucket.default",
            "module.common_resources_staging.module.shared.module.terraform_state_backend_shared_azure_entra.data.aws_iam_policy_document.prevent_unencrypted_uploads"
          ]
        }
      ]
    },
    {
      "module": "module.common_resources_staging.module.shared.module.terraform_state_backend_shared_azure_entra",
      "mode": "managed",
      "type": "aws_s3_bucket_public_access_block",
      "name": "default",
      "provider": "provider[\"registry.terraform.io/hashicorp/aws\"]",
      "instances": [
        {
          "index_key": 0,
          "schema_version": 0,
          "attributes": {
            "block_public_acls": true,
            "block_public_policy": true,
            "bucket": "unityhub-production-sharedazureentra-terraform-state",
            "id": "unityhub-production-sharedazureentra-terraform-state",
            "ignore_public_acls": true,
            "region": "us-east-1",
            "restrict_public_buckets": true,
            "skip_destroy": null
          },
          "sensitive_attributes": [],
          "identity_schema_version": 0,
          "identity": {
            "account_id": "514472330244",
            "bucket": "unityhub-production-sharedazureentra-terraform-state",
            "region": "us-east-1"
          },
          "private": "bnVsbA==",
          "dependencies": [
            "module.common_resources_staging.module.shared.module.terraform_state_backend_shared_azure_entra.aws_s3_bucket.default"
          ]
        }
      ]
    },
    {
      "module": "module.common_resources_staging.module.shared.module.terraform_state_backend_shared_azure_entra",
      "mode": "managed",
      "type": "aws_s3_bucket_server_side_encryption_configuration",
      "name": "default",
      "provider": "provider[\"registry.terraform.io/hashicorp/aws\"]",
      "instances": [
        {
          "index_key": 0,
          "schema_version": 0,
          "attributes": {
            "bucket": "unityhub-production-sharedazureentra-terraform-state",
            "expected_bucket_owner": "",
            "id": "unityhub-production-sharedazureentra-terraform-state",
            "region": "us-east-1",
            "rule": [
              {
                "apply_server_side_encryption_by_default": [
                  {
                    "kms_master_key_id": "",
                    "sse_algorithm": "AES256"
                  }
                ],
                "blocked_encryption_types": [
                  "SSE-C"
                ],
                "bucket_key_enabled": false
              }
            ]
          },
          "sensitive_attributes": [],
          "identity_schema_version": 1,
          "identity": {
            "account_id": "514472330244",
            "bucket": "unityhub-production-sharedazureentra-terraform-state",
            "region": "us-east-1"
          },
          "private": "bnVsbA==",
          "dependencies": [
            "module.common_resources_staging.module.shared.module.terraform_state_backend_shared_azure_entra.aws_s3_bucket.default"
          ]
        }
      ]
    },
    {
      "module": "module.common_resources_staging.module.shared.module.terraform_state_backend_shared_azure_entra",
      "mode": "managed",
      "type": "aws_s3_bucket_versioning",
      "name": "default",
      "provider": "provider[\"registry.terraform.io/hashicorp/aws\"]",
      "instances": [
        {
          "index_key": 0,
          "schema_version": 0,
          "attributes": {
            "bucket": "unityhub-production-sharedazureentra-terraform-state",
            "expected_bucket_owner": "",
            "id": "unityhub-production-sharedazureentra-terraform-state",
            "mfa": null,
            "region": "us-east-1",
            "versioning_configuration": [
              {
                "mfa_delete": "Disabled",
                "status": "Enabled"
              }
            ]
          },
          "sensitive_attributes": [],
          "identity_schema_version": 1,
          "identity": {
            "account_id": "514472330244",
            "bucket": "unityhub-production-sharedazureentra-terraform-state",
            "region": "us-east-1"
          },
          "private": "bnVsbA==",
          "dependencies": [
            "module.common_resources_staging.module.shared.module.terraform_state_backend_shared_azure_entra.aws_s3_bucket.default"
          ]
        }
      ]
    },
    {
      "module": "module.common_resources_staging.module.shared.module.terraform_state_backend_shared_azure_entra",
      "mode": "managed",
      "type": "local_file",
      "name": "terraform_backend_config",
      "provider": "provider[\"registry.terraform.io/hashicorp/local\"]",
      "instances": [
        {
          "index_key": 0,
          "schema_version": 0,
          "attributes": {
            "content": "terraform {\n  required_version = \"\u003e= 1.0.0\"\n\n  backend \"s3\" {\n    region         = \"us-east-1\"\n    bucket         = \"unityhub-production-sharedazureentra-terraform-state\"\n    key            = \"terraform.tfstate\"\n    dynamodb_table = \"unityhub-production-sharedazureentra-terraform-state-lock\"\n    profile        = \"\"\n    role_arn       = \"\"\n    encrypt        = \"true\"\n  }\n}\n",
            "content_base64": null,
            "content_base64sha256": "2N0hDn6ZZ53DgkJECkeClH9RxMrco5hrVGeSau7QX/Q=",
            "content_base64sha512": "Stm3LBJYmb8A5JnMiA8SH+Y5dGIcn7HsDK6ZGIioME6pSMpI0fuIGrvnVIL97n5ahSm36jOmzzzJLyq3gKlFxQ==",
            "content_md5": "529b80909d0579947bf3894c2900d967",
            "content_sha1": "be9d9653772186a9a904bcd1f7ea0f77e8741bf0",
            "content_sha256": "d8dd210e7e99679dc38242440a4782947f51c4cadca3986b5467926aeed05ff4",
            "content_sha512": "4ad9b72c125899bf00e499cc880f121fe63974621c9fb1ec0cae991888a8304ea948ca48d1fb881abbe75482fdee7e5a8529b7ea33a6cf3cc92f2ab780a945c5",
            "directory_permission": "0777",
            "file_permission": "0644",
            "filename": "./backend/backend_shared_azure_entra.tf",
            "id": "be9d9653772186a9a904bcd1f7ea0f77e8741bf0",
            "sensitive_content": null,
            "source": null
          },
          "sensitive_attributes": [
            [
              {
                "type": "get_attr",
                "value": "sensitive_content"
              }
            ]
          ],
          "identity_schema_version": 0,
          "dependencies": [
            "module.common_resources_staging.module.shared.module.terraform_state_backend_shared_azure_entra.aws_dynamodb_table.with_server_side_encryption",
            "module.common_resources_staging.module.shared.module.terraform_state_backend_shared_azure_entra.aws_s3_bucket.default",
            "module.common_resources_staging.module.shared.module.terraform_state_backend_shared_azure_entra.data.aws_region.current"
          ]
        }
      ]
    },
    {
      "module": "module.common_resources_staging.module.slack.module.terraform_state_backend_slack_shared",
      "mode": "data",
      "type": "aws_iam_policy_document",
      "name": "prevent_unencrypted_uploads",
      "provider": "provider[\"registry.terraform.io/hashicorp/aws\"]",
      "instances": [
        {
          "index_key": 0,
          "schema_version": 0,
          "attributes": {
            "id": "463642869",
            "json": "{\n  \"Version\": \"2012-10-17\",\n  \"Statement\": [\n    {\n      \"Sid\": \"DenyIncorrectEncryptionHeader\",\n      \"Effect\": \"Deny\",\n      \"Action\": \"s3:PutObject\",\n      \"Resource\": \"arn:aws:s3:::unityhub-production-slack-shared-terraform-state/*\",\n      \"Principal\": {\n        \"AWS\": \"*\"\n      },\n      \"Condition\": {\n        \"StringNotEquals\": {\n          \"s3:x-amz-server-side-encryption\": [\n            \"AES256\",\n            \"aws:kms\"\n          ]\n        }\n      }\n    },\n    {\n      \"Sid\": \"DenyUnEncryptedObjectUploads\",\n      \"Effect\": \"Deny\",\n      \"Action\": \"s3:PutObject\",\n      \"Resource\": \"arn:aws:s3:::unityhub-production-slack-shared-terraform-state/*\",\n      \"Principal\": {\n        \"AWS\": \"*\"\n      },\n      \"Condition\": {\n        \"Null\": {\n          \"s3:x-amz-server-side-encryption\": \"true\"\n        }\n      }\n    },\n    {\n      \"Sid\": \"EnforceTlsRequestsOnly\",\n      \"Effect\": \"Deny\",\n      \"Action\": \"s3:*\",\n      \"Resource\": [\n        \"arn:aws:s3:::unityhub-production-slack-shared-terraform-state/*\",\n        \"arn:aws:s3:::unityhub-production-slack-shared-terraform-state\"\n      ],\n      \"Principal\": {\n        \"AWS\": \"*\"\n      },\n      \"Condition\": {\n        \"Bool\": {\n          \"aws:SecureTransport\": \"false\"\n        }\n      }\n    }\n  ]\n}",
            "minified_json": "{\"Version\":\"2012-10-17\",\"Statement\":[{\"Sid\":\"DenyIncorrectEncryptionHeader\",\"Effect\":\"Deny\",\"Action\":\"s3:PutObject\",\"Resource\":\"arn:aws:s3:::unityhub-production-slack-shared-terraform-state/*\",\"Principal\":{\"AWS\":\"*\"},\"Condition\":{\"StringNotEquals\":{\"s3:x-amz-server-side-encryption\":[\"AES256\",\"aws:kms\"]}}},{\"Sid\":\"DenyUnEncryptedObjectUploads\",\"Effect\":\"Deny\",\"Action\":\"s3:PutObject\",\"Resource\":\"arn:aws:s3:::unityhub-production-slack-shared-terraform-state/*\",\"Principal\":{\"AWS\":\"*\"},\"Condition\":{\"Null\":{\"s3:x-amz-server-side-encryption\":\"true\"}}},{\"Sid\":\"EnforceTlsRequestsOnly\",\"Effect\":\"Deny\",\"Action\":\"s3:*\",\"Resource\":[\"arn:aws:s3:::unityhub-production-slack-shared-terraform-state/*\",\"arn:aws:s3:::unityhub-production-slack-shared-terraform-state\"],\"Principal\":{\"AWS\":\"*\"},\"Condition\":{\"Bool\":{\"aws:SecureTransport\":\"false\"}}}]}",
            "override_json": null,
            "override_policy_documents": null,
            "policy_id": null,
            "source_json": null,
            "source_policy_documents": null,
            "statement": [
              {
                "actions": [
                  "s3:PutObject"
                ],
                "condition": [
                  {
                    "test": "StringNotEquals",
                    "values": [
                      "AES256",
                      "aws:kms"
                    ],
                    "variable": "s3:x-amz-server-side-encryption"
                  }
                ],
                "effect": "Deny",
                "not_actions": [],
                "not_principals": [],
                "not_resources": [],
                "principals": [
                  {
                    "identifiers": [
                      "*"
                    ],
                    "type": "AWS"
                  }
                ],
                "resources": [
                  "arn:aws:s3:::unityhub-production-slack-shared-terraform-state/*"
                ],
                "sid": "DenyIncorrectEncryptionHeader"
              },
              {
                "actions": [
                  "s3:PutObject"
                ],
                "condition": [
                  {
                    "test": "Null",
                    "values": [
                      "true"
                    ],
                    "variable": "s3:x-amz-server-side-encryption"
                  }
                ],
                "effect": "Deny",
                "not_actions": [],
                "not_principals": [],
                "not_resources": [],
                "principals": [
                  {
                    "identifiers": [
                      "*"
                    ],
                    "type": "AWS"
                  }
                ],
                "resources": [
                  "arn:aws:s3:::unityhub-production-slack-shared-terraform-state/*"
                ],
                "sid": "DenyUnEncryptedObjectUploads"
              },
              {
                "actions": [
                  "s3:*"
                ],
                "condition": [
                  {
                    "test": "Bool",
                    "values": [
                      "false"
                    ],
                    "variable": "aws:SecureTransport"
                  }
                ],
                "effect": "Deny",
                "not_actions": [],
                "not_principals": [],
                "not_resources": [],
                "principals": [
                  {
                    "identifiers": [
                      "*"
                    ],
                    "type": "AWS"
                  }
                ],
                "resources": [
                  "arn:aws:s3:::unityhub-production-slack-shared-terraform-state",
                  "arn:aws:s3:::unityhub-production-slack-shared-terraform-state/*"
                ],
                "sid": "EnforceTlsRequestsOnly"
              }
            ],
            "version": "2012-10-17"
          },
          "sensitive_attributes": [],
          "identity_schema_version": 0
        }
      ]
    },
    {
      "module": "module.common_resources_staging.module.slack.module.terraform_state_backend_slack_shared",
      "mode": "data",
      "type": "aws_region",
      "name": "current",
      "provider": "provider[\"registry.terraform.io/hashicorp/aws\"]",
      "instances": [
        {
          "schema_version": 0,
          "attributes": {
            "description": "US East (N. Virginia)",
            "endpoint": "ec2.us-east-1.amazonaws.com",
            "id": "us-east-1",
            "name": "us-east-1",
            "region": "us-east-1"
          },
          "sensitive_attributes": [],
          "identity_schema_version": 0
        }
      ]
    },
    {
      "module": "module.common_resources_staging.module.slack.module.terraform_state_backend_slack_shared",
      "mode": "managed",
      "type": "aws_dynamodb_table",
      "name": "with_server_side_encryption",
      "provider": "provider[\"registry.terraform.io/hashicorp/aws\"]",
      "instances": [
        {
          "index_key": 0,
          "schema_version": 1,
          "attributes": {
            "arn": "arn:aws:dynamodb:us-east-1:514472330244:table/unityhub-production-slack-shared-terraform-state-lock",
            "attribute": [
              {
                "name": "LockID",
                "type": "S"
              }
            ],
            "billing_mode": "PAY_PER_REQUEST",
            "deletion_protection_enabled": false,
            "global_secondary_index": [],
            "global_table_witness": [],
            "hash_key": "LockID",
            "id": "unityhub-production-slack-shared-terraform-state-lock",
            "import_table": [],
            "local_secondary_index": [],
            "name": "unityhub-production-slack-shared-terraform-state-lock",
            "on_demand_throughput": [],
            "point_in_time_recovery": [
              {
                "enabled": true,
                "recovery_period_in_days": 35
              }
            ],
            "range_key": null,
            "read_capacity": 0,
            "region": "us-east-1",
            "replica": [],
            "restore_backup_arn": null,
            "restore_date_time": null,
            "restore_source_name": null,
            "restore_source_table_arn": null,
            "restore_to_latest_time": null,
            "server_side_encryption": [
              {
                "enabled": true,
                "kms_key_arn": ""
              }
            ],
            "stream_arn": "",
            "stream_enabled": false,
            "stream_label": "",
            "stream_view_type": "",
            "table_class": "STANDARD",
            "tags": {
              "Attributes": "terraform-state-lock",
              "Name": "unityhub-production-slack-shared-terraform-state-lock",
              "Namespace": "unityhub",
              "Stage": "production"
            },
            "tags_all": {
              "Attributes": "terraform-state-lock",
              "Name": "unityhub-production-slack-shared-terraform-state-lock",
              "Namespace": "unityhub",
              "Stage": "production"
            },
            "timeouts": null,
            "ttl": [
              {
                "attribute_name": "",
                "enabled": false
              }
            ],
            "warm_throughput": [],
            "write_capacity": 0
          },
          "sensitive_attributes": [],
          "identity_schema_version": 0,
          "identity": {
            "account_id": "514472330244",
            "name": "unityhub-production-slack-shared-terraform-state-lock",
            "region": "us-east-1"
          },
          "private": "eyJlMmJmYjczMC1lY2FhLTExZTYtOGY4OC0zNDM2M2JjN2M0YzAiOnsiY3JlYXRlIjoxODAwMDAwMDAwMDAwLCJkZWxldGUiOjYwMDAwMDAwMDAwMCwidXBkYXRlIjozNjAwMDAwMDAwMDAwfSwic2NoZW1hX3ZlcnNpb24iOiIxIn0="
        }
      ]
    },
    {
      "module": "module.common_resources_staging.module.slack.module.terraform_state_backend_slack_shared",
      "mode": "managed",
      "type": "aws_s3_bucket",
      "name": "default",
      "provider": "provider[\"registry.terraform.io/hashicorp/aws\"]",
      "instances": [
        {
          "index_key": 0,
          "schema_version": 0,
          "attributes": {
            "acceleration_status": "",
            "acl": null,
            "arn": "arn:aws:s3:::unityhub-production-slack-shared-terraform-state",
            "bucket": "unityhub-production-slack-shared-terraform-state",
            "bucket_domain_name": "unityhub-production-slack-shared-terraform-state.s3.amazonaws.com",
            "bucket_namespace": "global",
            "bucket_prefix": "",
            "bucket_region": "us-east-1",
            "bucket_regional_domain_name": "unityhub-production-slack-shared-terraform-state.s3.us-east-1.amazonaws.com",
            "cors_rule": [],
            "force_destroy": true,
            "grant": [
              {
                "id": "bea86176a486e69a83b4227063efa3be9eb4b243551739d81a6a4b41ec8b3461",
                "permissions": [
                  "FULL_CONTROL"
                ],
                "type": "CanonicalUser",
                "uri": ""
              }
            ],
            "hosted_zone_id": "Z3AQBSTGFYJSTF",
            "id": "unityhub-production-slack-shared-terraform-state",
            "lifecycle_rule": [],
            "logging": [],
            "object_lock_configuration": [],
            "object_lock_enabled": false,
            "policy": "{\"Statement\":[{\"Action\":\"s3:PutObject\",\"Condition\":{\"StringNotEquals\":{\"s3:x-amz-server-side-encryption\":[\"AES256\",\"aws:kms\"]}},\"Effect\":\"Deny\",\"Principal\":{\"AWS\":\"*\"},\"Resource\":\"arn:aws:s3:::unityhub-production-slack-shared-terraform-state/*\",\"Sid\":\"DenyIncorrectEncryptionHeader\"},{\"Action\":\"s3:PutObject\",\"Condition\":{\"Null\":{\"s3:x-amz-server-side-encryption\":\"true\"}},\"Effect\":\"Deny\",\"Principal\":{\"AWS\":\"*\"},\"Resource\":\"arn:aws:s3:::unityhub-production-slack-shared-terraform-state/*\",\"Sid\":\"DenyUnEncryptedObjectUploads\"},{\"Action\":\"s3:*\",\"Condition\":{\"Bool\":{\"aws:SecureTransport\":\"false\"}},\"Effect\":\"Deny\",\"Principal\":{\"AWS\":\"*\"},\"Resource\":[\"arn:aws:s3:::unityhub-production-slack-shared-terraform-state/*\",\"arn:aws:s3:::unityhub-production-slack-shared-terraform-state\"],\"Sid\":\"EnforceTlsRequestsOnly\"}],\"Version\":\"2012-10-17\"}",
            "region": "us-east-1",
            "replication_configuration": [],
            "request_payer": "BucketOwner",
            "server_side_encryption_configuration": [
              {
                "rule": [
                  {
                    "apply_server_side_encryption_by_default": [
                      {
                        "kms_master_key_id": "",
                        "sse_algorithm": "AES256"
                      }
                    ],
                    "bucket_key_enabled": false
                  }
                ]
              }
            ],
            "tags": {
              "Attributes": "terraform-state",
              "Name": "unityhub-production-slack-shared-terraform-state",
              "Namespace": "unityhub",
              "Stage": "production"
            },
            "tags_all": {
              "Attributes": "terraform-state",
              "Name": "unityhub-production-slack-shared-terraform-state",
              "Namespace": "unityhub",
              "Stage": "production"
            },
            "timeouts": null,
            "versioning": [
              {
                "enabled": true,
                "mfa_delete": false
              }
            ],
            "website": [],
            "website_domain": null,
            "website_endpoint": null
          },
          "sensitive_attributes": [],
          "identity_schema_version": 0,
          "identity": {
            "account_id": "514472330244",
            "bucket": "unityhub-production-slack-shared-terraform-state",
            "region": "us-east-1"
          },
          "private": "eyJlMmJmYjczMC1lY2FhLTExZTYtOGY4OC0zNDM2M2JjN2M0YzAiOnsiY3JlYXRlIjoxMjAwMDAwMDAwMDAwLCJkZWxldGUiOjM2MDAwMDAwMDAwMDAsInJlYWQiOjEyMDAwMDAwMDAwMDAsInVwZGF0ZSI6MTIwMDAwMDAwMDAwMH19"
        }
      ]
    },
    {
      "module": "module.common_resources_staging.module.slack.module.terraform_state_backend_slack_shared",
      "mode": "managed",
      "type": "aws_s3_bucket_ownership_controls",
      "name": "default",
      "provider": "provider[\"registry.terraform.io/hashicorp/aws\"]",
      "instances": [
        {
          "index_key": 0,
          "schema_version": 0,
          "attributes": {
            "bucket": "unityhub-production-slack-shared-terraform-state",
            "id": "unityhub-production-slack-shared-terraform-state",
            "region": "us-east-1",
            "rule": [
              {
                "object_ownership": "BucketOwnerEnforced"
              }
            ]
          },
          "sensitive_attributes": [],
          "identity_schema_version": 0,
          "identity": {
            "account_id": "514472330244",
            "bucket": "unityhub-production-slack-shared-terraform-state",
            "region": "us-east-1"
          },
          "private": "bnVsbA==",
          "dependencies": [
            "module.common_resources_staging.module.slack.module.terraform_state_backend_slack_shared.aws_s3_bucket.default"
          ]
        }
      ]
    },
    {
      "module": "module.common_resources_staging.module.slack.module.terraform_state_backend_slack_shared",
      "mode": "managed",
      "type": "aws_s3_bucket_policy",
      "name": "default",
      "provider": "provider[\"registry.terraform.io/hashicorp/aws\"]",
      "instances": [
        {
          "index_key": 0,
          "schema_version": 0,
          "attributes": {
            "bucket": "unityhub-production-slack-shared-terraform-state",
            "id": "unityhub-production-slack-shared-terraform-state",
            "policy": "{\"Statement\":[{\"Action\":\"s3:PutObject\",\"Condition\":{\"StringNotEquals\":{\"s3:x-amz-server-side-encryption\":[\"AES256\",\"aws:kms\"]}},\"Effect\":\"Deny\",\"Principal\":{\"AWS\":\"*\"},\"Resource\":\"arn:aws:s3:::unityhub-production-slack-shared-terraform-state/*\",\"Sid\":\"DenyIncorrectEncryptionHeader\"},{\"Action\":\"s3:PutObject\",\"Condition\":{\"Null\":{\"s3:x-amz-server-side-encryption\":\"true\"}},\"Effect\":\"Deny\",\"Principal\":{\"AWS\":\"*\"},\"Resource\":\"arn:aws:s3:::unityhub-production-slack-shared-terraform-state/*\",\"Sid\":\"DenyUnEncryptedObjectUploads\"},{\"Action\":\"s3:*\",\"Condition\":{\"Bool\":{\"aws:SecureTransport\":\"false\"}},\"Effect\":\"Deny\",\"Principal\":{\"AWS\":\"*\"},\"Resource\":[\"arn:aws:s3:::unityhub-production-slack-shared-terraform-state/*\",\"arn:aws:s3:::unityhub-production-slack-shared-terraform-state\"],\"Sid\":\"EnforceTlsRequestsOnly\"}],\"Version\":\"2012-10-17\"}",
            "region": "us-east-1"
          },
          "sensitive_attributes": [],
          "identity_schema_version": 0,
          "identity": {
            "account_id": "514472330244",
            "bucket": "unityhub-production-slack-shared-terraform-state",
            "region": "us-east-1"
          },
          "private": "bnVsbA==",
          "dependencies": [
            "module.common_resources_staging.module.slack.module.terraform_state_backend_slack_shared.aws_s3_bucket.default",
            "module.common_resources_staging.module.slack.module.terraform_state_backend_slack_shared.data.aws_iam_policy_document.prevent_unencrypted_uploads"
          ]
        }
      ]
    },
    {
      "module": "module.common_resources_staging.module.slack.module.terraform_state_backend_slack_shared",
      "mode": "managed",
      "type": "aws_s3_bucket_public_access_block",
      "name": "default",
      "provider": "provider[\"registry.terraform.io/hashicorp/aws\"]",
      "instances": [
        {
          "index_key": 0,
          "schema_version": 0,
          "attributes": {
            "block_public_acls": true,
            "block_public_policy": true,
            "bucket": "unityhub-production-slack-shared-terraform-state",
            "id": "unityhub-production-slack-shared-terraform-state",
            "ignore_public_acls": true,
            "region": "us-east-1",
            "restrict_public_buckets": true,
            "skip_destroy": null
          },
          "sensitive_attributes": [],
          "identity_schema_version": 0,
          "identity": {
            "account_id": "514472330244",
            "bucket": "unityhub-production-slack-shared-terraform-state",
            "region": "us-east-1"
          },
          "private": "bnVsbA==",
          "dependencies": [
            "module.common_resources_staging.module.slack.module.terraform_state_backend_slack_shared.aws_s3_bucket.default"
          ]
        }
      ]
    },
    {
      "module": "module.common_resources_staging.module.slack.module.terraform_state_backend_slack_shared",
      "mode": "managed",
      "type": "aws_s3_bucket_server_side_encryption_configuration",
      "name": "default",
      "provider": "provider[\"registry.terraform.io/hashicorp/aws\"]",
      "instances": [
        {
          "index_key": 0,
          "schema_version": 0,
          "attributes": {
            "bucket": "unityhub-production-slack-shared-terraform-state",
            "expected_bucket_owner": "",
            "id": "unityhub-production-slack-shared-terraform-state",
            "region": "us-east-1",
            "rule": [
              {
                "apply_server_side_encryption_by_default": [
                  {
                    "kms_master_key_id": "",
                    "sse_algorithm": "AES256"
                  }
                ],
                "blocked_encryption_types": [
                  "SSE-C"
                ],
                "bucket_key_enabled": false
              }
            ]
          },
          "sensitive_attributes": [],
          "identity_schema_version": 1,
          "identity": {
            "account_id": "514472330244",
            "bucket": "unityhub-production-slack-shared-terraform-state",
            "region": "us-east-1"
          },
          "private": "bnVsbA==",
          "dependencies": [
            "module.common_resources_staging.module.slack.module.terraform_state_backend_slack_shared.aws_s3_bucket.default"
          ]
        }
      ]
    },
    {
      "module": "module.common_resources_staging.module.slack.module.terraform_state_backend_slack_shared",
      "mode": "managed",
      "type": "aws_s3_bucket_versioning",
      "name": "default",
      "provider": "provider[\"registry.terraform.io/hashicorp/aws\"]",
      "instances": [
        {
          "index_key": 0,
          "schema_version": 0,
          "attributes": {
            "bucket": "unityhub-production-slack-shared-terraform-state",
            "expected_bucket_owner": "",
            "id": "unityhub-production-slack-shared-terraform-state",
            "mfa": null,
            "region": "us-east-1",
            "versioning_configuration": [
              {
                "mfa_delete": "Disabled",
                "status": "Enabled"
              }
            ]
          },
          "sensitive_attributes": [],
          "identity_schema_version": 1,
          "identity": {
            "account_id": "514472330244",
            "bucket": "unityhub-production-slack-shared-terraform-state",
            "region": "us-east-1"
          },
          "private": "bnVsbA==",
          "dependencies": [
            "module.common_resources_staging.module.slack.module.terraform_state_backend_slack_shared.aws_s3_bucket.default"
          ]
        }
      ]
    },
    {
      "module": "module.common_resources_staging.module.slack.module.terraform_state_backend_slack_shared",
      "mode": "managed",
      "type": "local_file",
      "name": "terraform_backend_config",
      "provider": "provider[\"registry.terraform.io/hashicorp/local\"]",
      "instances": [
        {
          "index_key": 0,
          "schema_version": 0,
          "attributes": {
            "content": "terraform {\n  required_version = \"\u003e= 1.0.0\"\n\n  backend \"s3\" {\n    region         = \"us-east-1\"\n    bucket         = \"unityhub-production-slack-shared-terraform-state\"\n    key            = \"terraform.tfstate\"\n    dynamodb_table = \"unityhub-production-slack-shared-terraform-state-lock\"\n    profile        = \"\"\n    role_arn       = \"\"\n    encrypt        = \"true\"\n  }\n}\n",
            "content_base64": null,
            "content_base64sha256": "xWcG29GYpPFf1Q83ghJfrhM84xS+W1KCM44yFLUwM6s=",
            "content_base64sha512": "yPM3CZdG0vgBI9Hcb/v2m4ZxcQNyYTdI71wfMW5Kpd1tbIl5pDCzvifxwWe6QaH1F8QeEbAhRgHQ2qlqcvvRgQ==",
            "content_md5": "e65a9b58cd3fb95a9575a096b25837f9",
            "content_sha1": "4e6d8c1dd83d7e6f9abe89c6496ab89e47116f25",
            "content_sha256": "c56706dbd198a4f15fd50f3782125fae133ce314be5b5282338e3214b53033ab",
            "content_sha512": "c8f337099746d2f80123d1dc6ffbf69b8671710372613748ef5c1f316e4aa5dd6d6c8979a430b3be27f1c167ba41a1f517c41e11b0214601d0daa96a72fbd181",
            "directory_permission": "0777",
            "file_permission": "0644",
            "filename": "./backend/backend_slack_shared.tf",
            "id": "4e6d8c1dd83d7e6f9abe89c6496ab89e47116f25",
            "sensitive_content": null,
            "source": null
          },
          "sensitive_attributes": [
            [
              {
                "type": "get_attr",
                "value": "sensitive_content"
              }
            ]
          ],
          "identity_schema_version": 0,
          "dependencies": [
            "module.common_resources_staging.module.slack.module.terraform_state_backend_slack_shared.aws_dynamodb_table.with_server_side_encryption",
            "module.common_resources_staging.module.slack.module.terraform_state_backend_slack_shared.aws_s3_bucket.default",
            "module.common_resources_staging.module.slack.module.terraform_state_backend_slack_shared.data.aws_region.current"
          ]
        }
      ]
    },
    {
      "module": "module.common_resources_staging.module.team.module.terraform_state_backend_team_shared",
      "mode": "data",
      "type": "aws_iam_policy_document",
      "name": "prevent_unencrypted_uploads",
      "provider": "provider[\"registry.terraform.io/hashicorp/aws\"]",
      "instances": [
        {
          "index_key": 0,
          "schema_version": 0,
          "attributes": {
            "id": "3933970038",
            "json": "{\n  \"Version\": \"2012-10-17\",\n  \"Statement\": [\n    {\n      \"Sid\": \"DenyIncorrectEncryptionHeader\",\n      \"Effect\": \"Deny\",\n      \"Action\": \"s3:PutObject\",\n      \"Resource\": \"arn:aws:s3:::unityhub-production-team-shared-terraform-state/*\",\n      \"Principal\": {\n        \"AWS\": \"*\"\n      },\n      \"Condition\": {\n        \"StringNotEquals\": {\n          \"s3:x-amz-server-side-encryption\": [\n            \"AES256\",\n            \"aws:kms\"\n          ]\n        }\n      }\n    },\n    {\n      \"Sid\": \"DenyUnEncryptedObjectUploads\",\n      \"Effect\": \"Deny\",\n      \"Action\": \"s3:PutObject\",\n      \"Resource\": \"arn:aws:s3:::unityhub-production-team-shared-terraform-state/*\",\n      \"Principal\": {\n        \"AWS\": \"*\"\n      },\n      \"Condition\": {\n        \"Null\": {\n          \"s3:x-amz-server-side-encryption\": \"true\"\n        }\n      }\n    },\n    {\n      \"Sid\": \"EnforceTlsRequestsOnly\",\n      \"Effect\": \"Deny\",\n      \"Action\": \"s3:*\",\n      \"Resource\": [\n        \"arn:aws:s3:::unityhub-production-team-shared-terraform-state/*\",\n        \"arn:aws:s3:::unityhub-production-team-shared-terraform-state\"\n      ],\n      \"Principal\": {\n        \"AWS\": \"*\"\n      },\n      \"Condition\": {\n        \"Bool\": {\n          \"aws:SecureTransport\": \"false\"\n        }\n      }\n    }\n  ]\n}",
            "minified_json": "{\"Version\":\"2012-10-17\",\"Statement\":[{\"Sid\":\"DenyIncorrectEncryptionHeader\",\"Effect\":\"Deny\",\"Action\":\"s3:PutObject\",\"Resource\":\"arn:aws:s3:::unityhub-production-team-shared-terraform-state/*\",\"Principal\":{\"AWS\":\"*\"},\"Condition\":{\"StringNotEquals\":{\"s3:x-amz-server-side-encryption\":[\"AES256\",\"aws:kms\"]}}},{\"Sid\":\"DenyUnEncryptedObjectUploads\",\"Effect\":\"Deny\",\"Action\":\"s3:PutObject\",\"Resource\":\"arn:aws:s3:::unityhub-production-team-shared-terraform-state/*\",\"Principal\":{\"AWS\":\"*\"},\"Condition\":{\"Null\":{\"s3:x-amz-server-side-encryption\":\"true\"}}},{\"Sid\":\"EnforceTlsRequestsOnly\",\"Effect\":\"Deny\",\"Action\":\"s3:*\",\"Resource\":[\"arn:aws:s3:::unityhub-production-team-shared-terraform-state/*\",\"arn:aws:s3:::unityhub-production-team-shared-terraform-state\"],\"Principal\":{\"AWS\":\"*\"},\"Condition\":{\"Bool\":{\"aws:SecureTransport\":\"false\"}}}]}",
            "override_json": null,
            "override_policy_documents": null,
            "policy_id": null,
            "source_json": null,
            "source_policy_documents": null,
            "statement": [
              {
                "actions": [
                  "s3:PutObject"
                ],
                "condition": [
                  {
                    "test": "StringNotEquals",
                    "values": [
                      "AES256",
                      "aws:kms"
                    ],
                    "variable": "s3:x-amz-server-side-encryption"
                  }
                ],
                "effect": "Deny",
                "not_actions": [],
                "not_principals": [],
                "not_resources": [],
                "principals": [
                  {
                    "identifiers": [
                      "*"
                    ],
                    "type": "AWS"
                  }
                ],
                "resources": [
                  "arn:aws:s3:::unityhub-production-team-shared-terraform-state/*"
                ],
                "sid": "DenyIncorrectEncryptionHeader"
              },
              {
                "actions": [
                  "s3:PutObject"
                ],
                "condition": [
                  {
                    "test": "Null",
                    "values": [
                      "true"
                    ],
                    "variable": "s3:x-amz-server-side-encryption"
                  }
                ],
                "effect": "Deny",
                "not_actions": [],
                "not_principals": [],
                "not_resources": [],
                "principals": [
                  {
                    "identifiers": [
                      "*"
                    ],
                    "type": "AWS"
                  }
                ],
                "resources": [
                  "arn:aws:s3:::unityhub-production-team-shared-terraform-state/*"
                ],
                "sid": "DenyUnEncryptedObjectUploads"
              },
              {
                "actions": [
                  "s3:*"
                ],
                "condition": [
                  {
                    "test": "Bool",
                    "values": [
                      "false"
                    ],
                    "variable": "aws:SecureTransport"
                  }
                ],
                "effect": "Deny",
                "not_actions": [],
                "not_principals": [],
                "not_resources": [],
                "principals": [
                  {
                    "identifiers": [
                      "*"
                    ],
                    "type": "AWS"
                  }
                ],
                "resources": [
                  "arn:aws:s3:::unityhub-production-team-shared-terraform-state",
                  "arn:aws:s3:::unityhub-production-team-shared-terraform-state/*"
                ],
                "sid": "EnforceTlsRequestsOnly"
              }
            ],
            "version": "2012-10-17"
          },
          "sensitive_attributes": [],
          "identity_schema_version": 0
        }
      ]
    },
    {
      "module": "module.common_resources_staging.module.team.module.terraform_state_backend_team_shared",
      "mode": "data",
      "type": "aws_region",
      "name": "current",
      "provider": "provider[\"registry.terraform.io/hashicorp/aws\"]",
      "instances": [
        {
          "schema_version": 0,
          "attributes": {
            "description": "US East (N. Virginia)",
            "endpoint": "ec2.us-east-1.amazonaws.com",
            "id": "us-east-1",
            "name": "us-east-1",
            "region": "us-east-1"
          },
          "sensitive_attributes": [],
          "identity_schema_version": 0
        }
      ]
    },
    {
      "module": "module.common_resources_staging.module.team.module.terraform_state_backend_team_shared",
      "mode": "managed",
      "type": "aws_dynamodb_table",
      "name": "with_server_side_encryption",
      "provider": "provider[\"registry.terraform.io/hashicorp/aws\"]",
      "instances": [
        {
          "index_key": 0,
          "schema_version": 1,
          "attributes": {
            "arn": "arn:aws:dynamodb:us-east-1:514472330244:table/unityhub-production-team-shared-terraform-state-lock",
            "attribute": [
              {
                "name": "LockID",
                "type": "S"
              }
            ],
            "billing_mode": "PAY_PER_REQUEST",
            "deletion_protection_enabled": false,
            "global_secondary_index": [],
            "global_table_witness": [],
            "hash_key": "LockID",
            "id": "unityhub-production-team-shared-terraform-state-lock",
            "import_table": [],
            "local_secondary_index": [],
            "name": "unityhub-production-team-shared-terraform-state-lock",
            "on_demand_throughput": [],
            "point_in_time_recovery": [
              {
                "enabled": true,
                "recovery_period_in_days": 35
              }
            ],
            "range_key": null,
            "read_capacity": 0,
            "region": "us-east-1",
            "replica": [],
            "restore_backup_arn": null,
            "restore_date_time": null,
            "restore_source_name": null,
            "restore_source_table_arn": null,
            "restore_to_latest_time": null,
            "server_side_encryption": [
              {
                "enabled": true,
                "kms_key_arn": ""
              }
            ],
            "stream_arn": "",
            "stream_enabled": false,
            "stream_label": "",
            "stream_view_type": "",
            "table_class": "STANDARD",
            "tags": {
              "Attributes": "terraform-state-lock",
              "Name": "unityhub-production-team-shared-terraform-state-lock",
              "Namespace": "unityhub",
              "Stage": "production"
            },
            "tags_all": {
              "Attributes": "terraform-state-lock",
              "Name": "unityhub-production-team-shared-terraform-state-lock",
              "Namespace": "unityhub",
              "Stage": "production"
            },
            "timeouts": null,
            "ttl": [
              {
                "attribute_name": "",
                "enabled": false
              }
            ],
            "warm_throughput": [],
            "write_capacity": 0
          },
          "sensitive_attributes": [],
          "identity_schema_version": 0,
          "identity": {
            "account_id": "514472330244",
            "name": "unityhub-production-team-shared-terraform-state-lock",
            "region": "us-east-1"
          },
          "private": "eyJlMmJmYjczMC1lY2FhLTExZTYtOGY4OC0zNDM2M2JjN2M0YzAiOnsiY3JlYXRlIjoxODAwMDAwMDAwMDAwLCJkZWxldGUiOjYwMDAwMDAwMDAwMCwidXBkYXRlIjozNjAwMDAwMDAwMDAwfSwic2NoZW1hX3ZlcnNpb24iOiIxIn0="
        }
      ]
    },
    {
      "module": "module.common_resources_staging.module.team.module.terraform_state_backend_team_shared",
      "mode": "managed",
      "type": "aws_s3_bucket",
      "name": "default",
      "provider": "provider[\"registry.terraform.io/hashicorp/aws\"]",
      "instances": [
        {
          "index_key": 0,
          "schema_version": 0,
          "attributes": {
            "acceleration_status": "",
            "acl": null,
            "arn": "arn:aws:s3:::unityhub-production-team-shared-terraform-state",
            "bucket": "unityhub-production-team-shared-terraform-state",
            "bucket_domain_name": "unityhub-production-team-shared-terraform-state.s3.amazonaws.com",
            "bucket_namespace": "global",
            "bucket_prefix": "",
            "bucket_region": "us-east-1",
            "bucket_regional_domain_name": "unityhub-production-team-shared-terraform-state.s3.us-east-1.amazonaws.com",
            "cors_rule": [],
            "force_destroy": true,
            "grant": [
              {
                "id": "bea86176a486e69a83b4227063efa3be9eb4b243551739d81a6a4b41ec8b3461",
                "permissions": [
                  "FULL_CONTROL"
                ],
                "type": "CanonicalUser",
                "uri": ""
              }
            ],
            "hosted_zone_id": "Z3AQBSTGFYJSTF",
            "id": "unityhub-production-team-shared-terraform-state",
            "lifecycle_rule": [],
            "logging": [],
            "object_lock_configuration": [],
            "object_lock_enabled": false,
            "policy": "{\"Statement\":[{\"Action\":\"s3:PutObject\",\"Condition\":{\"StringNotEquals\":{\"s3:x-amz-server-side-encryption\":[\"AES256\",\"aws:kms\"]}},\"Effect\":\"Deny\",\"Principal\":{\"AWS\":\"*\"},\"Resource\":\"arn:aws:s3:::unityhub-production-team-shared-terraform-state/*\",\"Sid\":\"DenyIncorrectEncryptionHeader\"},{\"Action\":\"s3:PutObject\",\"Condition\":{\"Null\":{\"s3:x-amz-server-side-encryption\":\"true\"}},\"Effect\":\"Deny\",\"Principal\":{\"AWS\":\"*\"},\"Resource\":\"arn:aws:s3:::unityhub-production-team-shared-terraform-state/*\",\"Sid\":\"DenyUnEncryptedObjectUploads\"},{\"Action\":\"s3:*\",\"Condition\":{\"Bool\":{\"aws:SecureTransport\":\"false\"}},\"Effect\":\"Deny\",\"Principal\":{\"AWS\":\"*\"},\"Resource\":[\"arn:aws:s3:::unityhub-production-team-shared-terraform-state/*\",\"arn:aws:s3:::unityhub-production-team-shared-terraform-state\"],\"Sid\":\"EnforceTlsRequestsOnly\"}],\"Version\":\"2012-10-17\"}",
            "region": "us-east-1",
            "replication_configuration": [],
            "request_payer": "BucketOwner",
            "server_side_encryption_configuration": [
              {
                "rule": [
                  {
                    "apply_server_side_encryption_by_default": [
                      {
                        "kms_master_key_id": "",
                        "sse_algorithm": "AES256"
                      }
                    ],
                    "bucket_key_enabled": false
                  }
                ]
              }
            ],
            "tags": {
              "Attributes": "terraform-state",
              "Name": "unityhub-production-team-shared-terraform-state",
              "Namespace": "unityhub",
              "Stage": "production"
            },
            "tags_all": {
              "Attributes": "terraform-state",
              "Name": "unityhub-production-team-shared-terraform-state",
              "Namespace": "unityhub",
              "Stage": "production"
            },
            "timeouts": null,
            "versioning": [
              {
                "enabled": true,
                "mfa_delete": false
              }
            ],
            "website": [],
            "website_domain": null,
            "website_endpoint": null
          },
          "sensitive_attributes": [],
          "identity_schema_version": 0,
          "identity": {
            "account_id": "514472330244",
            "bucket": "unityhub-production-team-shared-terraform-state",
            "region": "us-east-1"
          },
          "private": "eyJlMmJmYjczMC1lY2FhLTExZTYtOGY4OC0zNDM2M2JjN2M0YzAiOnsiY3JlYXRlIjoxMjAwMDAwMDAwMDAwLCJkZWxldGUiOjM2MDAwMDAwMDAwMDAsInJlYWQiOjEyMDAwMDAwMDAwMDAsInVwZGF0ZSI6MTIwMDAwMDAwMDAwMH19"
        }
      ]
    },
    {
      "module": "module.common_resources_staging.module.team.module.terraform_state_backend_team_shared",
      "mode": "managed",
      "type": "aws_s3_bucket_ownership_controls",
      "name": "default",
      "provider": "provider[\"registry.terraform.io/hashicorp/aws\"]",
      "instances": [
        {
          "index_key": 0,
          "schema_version": 0,
          "attributes": {
            "bucket": "unityhub-production-team-shared-terraform-state",
            "id": "unityhub-production-team-shared-terraform-state",
            "region": "us-east-1",
            "rule": [
              {
                "object_ownership": "BucketOwnerEnforced"
              }
            ]
          },
          "sensitive_attributes": [],
          "identity_schema_version": 0,
          "identity": {
            "account_id": "514472330244",
            "bucket": "unityhub-production-team-shared-terraform-state",
            "region": "us-east-1"
          },
          "private": "bnVsbA==",
          "dependencies": [
            "module.common_resources_staging.module.team.module.terraform_state_backend_team_shared.aws_s3_bucket.default"
          ]
        }
      ]
    },
    {
      "module": "module.common_resources_staging.module.team.module.terraform_state_backend_team_shared",
      "mode": "managed",
      "type": "aws_s3_bucket_policy",
      "name": "default",
      "provider": "provider[\"registry.terraform.io/hashicorp/aws\"]",
      "instances": [
        {
          "index_key": 0,
          "schema_version": 0,
          "attributes": {
            "bucket": "unityhub-production-team-shared-terraform-state",
            "id": "unityhub-production-team-shared-terraform-state",
            "policy": "{\"Statement\":[{\"Action\":\"s3:PutObject\",\"Condition\":{\"StringNotEquals\":{\"s3:x-amz-server-side-encryption\":[\"AES256\",\"aws:kms\"]}},\"Effect\":\"Deny\",\"Principal\":{\"AWS\":\"*\"},\"Resource\":\"arn:aws:s3:::unityhub-production-team-shared-terraform-state/*\",\"Sid\":\"DenyIncorrectEncryptionHeader\"},{\"Action\":\"s3:PutObject\",\"Condition\":{\"Null\":{\"s3:x-amz-server-side-encryption\":\"true\"}},\"Effect\":\"Deny\",\"Principal\":{\"AWS\":\"*\"},\"Resource\":\"arn:aws:s3:::unityhub-production-team-shared-terraform-state/*\",\"Sid\":\"DenyUnEncryptedObjectUploads\"},{\"Action\":\"s3:*\",\"Condition\":{\"Bool\":{\"aws:SecureTransport\":\"false\"}},\"Effect\":\"Deny\",\"Principal\":{\"AWS\":\"*\"},\"Resource\":[\"arn:aws:s3:::unityhub-production-team-shared-terraform-state/*\",\"arn:aws:s3:::unityhub-production-team-shared-terraform-state\"],\"Sid\":\"EnforceTlsRequestsOnly\"}],\"Version\":\"2012-10-17\"}",
            "region": "us-east-1"
          },
          "sensitive_attributes": [],
          "identity_schema_version": 0,
          "identity": {
            "account_id": "514472330244",
            "bucket": "unityhub-production-team-shared-terraform-state",
            "region": "us-east-1"
          },
          "private": "bnVsbA==",
          "dependencies": [
            "module.common_resources_staging.module.team.module.terraform_state_backend_team_shared.aws_s3_bucket.default",
            "module.common_resources_staging.module.team.module.terraform_state_backend_team_shared.data.aws_iam_policy_document.prevent_unencrypted_uploads"
          ]
        }
      ]
    },
    {
      "module": "module.common_resources_staging.module.team.module.terraform_state_backend_team_shared",
      "mode": "managed",
      "type": "aws_s3_bucket_public_access_block",
      "name": "default",
      "provider": "provider[\"registry.terraform.io/hashicorp/aws\"]",
      "instances": [
        {
          "index_key": 0,
          "schema_version": 0,
          "attributes": {
            "block_public_acls": true,
            "block_public_policy": true,
            "bucket": "unityhub-production-team-shared-terraform-state",
            "id": "unityhub-production-team-shared-terraform-state",
            "ignore_public_acls": true,
            "region": "us-east-1",
            "restrict_public_buckets": true,
            "skip_destroy": null
          },
          "sensitive_attributes": [],
          "identity_schema_version": 0,
          "identity": {
            "account_id": "514472330244",
            "bucket": "unityhub-production-team-shared-terraform-state",
            "region": "us-east-1"
          },
          "private": "bnVsbA==",
          "dependencies": [
            "module.common_resources_staging.module.team.module.terraform_state_backend_team_shared.aws_s3_bucket.default"
          ]
        }
      ]
    },
    {
      "module": "module.common_resources_staging.module.team.module.terraform_state_backend_team_shared",
      "mode": "managed",
      "type": "aws_s3_bucket_server_side_encryption_configuration",
      "name": "default",
      "provider": "provider[\"registry.terraform.io/hashicorp/aws\"]",
      "instances": [
        {
          "index_key": 0,
          "schema_version": 0,
          "attributes": {
            "bucket": "unityhub-production-team-shared-terraform-state",
            "expected_bucket_owner": "",
            "id": "unityhub-production-team-shared-terraform-state",
            "region": "us-east-1",
            "rule": [
              {
                "apply_server_side_encryption_by_default": [
                  {
                    "kms_master_key_id": "",
                    "sse_algorithm": "AES256"
                  }
                ],
                "blocked_encryption_types": [
                  "SSE-C"
                ],
                "bucket_key_enabled": false
              }
            ]
          },
          "sensitive_attributes": [],
          "identity_schema_version": 1,
          "identity": {
            "account_id": "514472330244",
            "bucket": "unityhub-production-team-shared-terraform-state",
            "region": "us-east-1"
          },
          "private": "bnVsbA==",
          "dependencies": [
            "module.common_resources_staging.module.team.module.terraform_state_backend_team_shared.aws_s3_bucket.default"
          ]
        }
      ]
    },
    {
      "module": "module.common_resources_staging.module.team.module.terraform_state_backend_team_shared",
      "mode": "managed",
      "type": "aws_s3_bucket_versioning",
      "name": "default",
      "provider": "provider[\"registry.terraform.io/hashicorp/aws\"]",
      "instances": [
        {
          "index_key": 0,
          "schema_version": 0,
          "attributes": {
            "bucket": "unityhub-production-team-shared-terraform-state",
            "expected_bucket_owner": "",
            "id": "unityhub-production-team-shared-terraform-state",
            "mfa": null,
            "region": "us-east-1",
            "versioning_configuration": [
              {
                "mfa_delete": "Disabled",
                "status": "Enabled"
              }
            ]
          },
          "sensitive_attributes": [],
          "identity_schema_version": 1,
          "identity": {
            "account_id": "514472330244",
            "bucket": "unityhub-production-team-shared-terraform-state",
            "region": "us-east-1"
          },
          "private": "bnVsbA==",
          "dependencies": [
            "module.common_resources_staging.module.team.module.terraform_state_backend_team_shared.aws_s3_bucket.default"
          ]
        }
      ]
    },
    {
      "module": "module.common_resources_staging.module.team.module.terraform_state_backend_team_shared",
      "mode": "managed",
      "type": "local_file",
      "name": "terraform_backend_config",
      "provider": "provider[\"registry.terraform.io/hashicorp/local\"]",
      "instances": [
        {
          "index_key": 0,
          "schema_version": 0,
          "attributes": {
            "content": "terraform {\n  required_version = \"\u003e= 1.0.0\"\n\n  backend \"s3\" {\n    region         = \"us-east-1\"\n    bucket         = \"unityhub-production-team-shared-terraform-state\"\n    key            = \"terraform.tfstate\"\n    dynamodb_table = \"unityhub-production-team-shared-terraform-state-lock\"\n    profile        = \"\"\n    role_arn       = \"\"\n    encrypt        = \"true\"\n  }\n}\n",
            "content_base64": null,
            "content_base64sha256": "bL+YOqOCbL4xdRUFCWOlan8oFL46Ia0Ubf93aT8pBiQ=",
            "content_base64sha512": "A5hCc5TGl3ySQZyhyXKDgvhs1wiaFgVcGok42hh/IRaqDwacqC6tHCQpDrku1mtwsGpmCkXPtv0TVghB9p9ujA==",
            "content_md5": "ef6d2c17d48314a7dfe972d586528d6b",
            "content_sha1": "0ab579eca431e542453394058a163bf28bcd4c7a",
            "content_sha256": "6cbf983aa3826cbe317515050963a56a7f2814be3a21ad146dff77693f290624",
            "content_sha512": "0398427394c6977c92419ca1c9728382f86cd7089a16055c1a8938da187f2116aa0f069ca82ead1c24290eb92ed66b70b06a660a45cfb6fd13560841f69f6e8c",
            "directory_permission": "0777",
            "file_permission": "0644",
            "filename": "./backend/backend_team_shared.tf",
            "id": "0ab579eca431e542453394058a163bf28bcd4c7a",
            "sensitive_content": null,
            "source": null
          },
          "sensitive_attributes": [
            [
              {
                "type": "get_attr",
                "value": "sensitive_content"
              }
            ]
          ],
          "identity_schema_version": 0,
          "dependencies": [
            "module.common_resources_staging.module.team.module.terraform_state_backend_team_shared.aws_dynamodb_table.with_server_side_encryption",
            "module.common_resources_staging.module.team.module.terraform_state_backend_team_shared.aws_s3_bucket.default",
            "module.common_resources_staging.module.team.module.terraform_state_backend_team_shared.data.aws_region.current"
          ]
        }
      ]
    },
    {
      "module": "module.common_resources_staging.module.webapp.module.terraform_state_backend_webapp",
      "mode": "data",
      "type": "aws_iam_policy_document",
      "name": "prevent_unencrypted_uploads",
      "provider": "provider[\"registry.terraform.io/hashicorp/aws\"]",
      "instances": [
        {
          "index_key": 0,
          "schema_version": 0,
          "attributes": {
            "id": "928482668",
            "json": "{\n  \"Version\": \"2012-10-17\",\n  \"Statement\": [\n    {\n      \"Sid\": \"DenyIncorrectEncryptionHeader\",\n      \"Effect\": \"Deny\",\n      \"Action\": \"s3:PutObject\",\n      \"Resource\": \"arn:aws:s3:::unityhub-production-webapp-terraform-state/*\",\n      \"Principal\": {\n        \"AWS\": \"*\"\n      },\n      \"Condition\": {\n        \"StringNotEquals\": {\n          \"s3:x-amz-server-side-encryption\": [\n            \"AES256\",\n            \"aws:kms\"\n          ]\n        }\n      }\n    },\n    {\n      \"Sid\": \"DenyUnEncryptedObjectUploads\",\n      \"Effect\": \"Deny\",\n      \"Action\": \"s3:PutObject\",\n      \"Resource\": \"arn:aws:s3:::unityhub-production-webapp-terraform-state/*\",\n      \"Principal\": {\n        \"AWS\": \"*\"\n      },\n      \"Condition\": {\n        \"Null\": {\n          \"s3:x-amz-server-side-encryption\": \"true\"\n        }\n      }\n    },\n    {\n      \"Sid\": \"EnforceTlsRequestsOnly\",\n      \"Effect\": \"Deny\",\n      \"Action\": \"s3:*\",\n      \"Resource\": [\n        \"arn:aws:s3:::unityhub-production-webapp-terraform-state/*\",\n        \"arn:aws:s3:::unityhub-production-webapp-terraform-state\"\n      ],\n      \"Principal\": {\n        \"AWS\": \"*\"\n      },\n      \"Condition\": {\n        \"Bool\": {\n          \"aws:SecureTransport\": \"false\"\n        }\n      }\n    }\n  ]\n}",
            "minified_json": "{\"Version\":\"2012-10-17\",\"Statement\":[{\"Sid\":\"DenyIncorrectEncryptionHeader\",\"Effect\":\"Deny\",\"Action\":\"s3:PutObject\",\"Resource\":\"arn:aws:s3:::unityhub-production-webapp-terraform-state/*\",\"Principal\":{\"AWS\":\"*\"},\"Condition\":{\"StringNotEquals\":{\"s3:x-amz-server-side-encryption\":[\"AES256\",\"aws:kms\"]}}},{\"Sid\":\"DenyUnEncryptedObjectUploads\",\"Effect\":\"Deny\",\"Action\":\"s3:PutObject\",\"Resource\":\"arn:aws:s3:::unityhub-production-webapp-terraform-state/*\",\"Principal\":{\"AWS\":\"*\"},\"Condition\":{\"Null\":{\"s3:x-amz-server-side-encryption\":\"true\"}}},{\"Sid\":\"EnforceTlsRequestsOnly\",\"Effect\":\"Deny\",\"Action\":\"s3:*\",\"Resource\":[\"arn:aws:s3:::unityhub-production-webapp-terraform-state/*\",\"arn:aws:s3:::unityhub-production-webapp-terraform-state\"],\"Principal\":{\"AWS\":\"*\"},\"Condition\":{\"Bool\":{\"aws:SecureTransport\":\"false\"}}}]}",
            "override_json": null,
            "override_policy_documents": null,
            "policy_id": null,
            "source_json": null,
            "source_policy_documents": null,
            "statement": [
              {
                "actions": [
                  "s3:PutObject"
                ],
                "condition": [
                  {
                    "test": "StringNotEquals",
                    "values": [
                      "AES256",
                      "aws:kms"
                    ],
                    "variable": "s3:x-amz-server-side-encryption"
                  }
                ],
                "effect": "Deny",
                "not_actions": [],
                "not_principals": [],
                "not_resources": [],
                "principals": [
                  {
                    "identifiers": [
                      "*"
                    ],
                    "type": "AWS"
                  }
                ],
                "resources": [
                  "arn:aws:s3:::unityhub-production-webapp-terraform-state/*"
                ],
                "sid": "DenyIncorrectEncryptionHeader"
              },
              {
                "actions": [
                  "s3:PutObject"
                ],
                "condition": [
                  {
                    "test": "Null",
                    "values": [
                      "true"
                    ],
                    "variable": "s3:x-amz-server-side-encryption"
                  }
                ],
                "effect": "Deny",
                "not_actions": [],
                "not_principals": [],
                "not_resources": [],
                "principals": [
                  {
                    "identifiers": [
                      "*"
                    ],
                    "type": "AWS"
                  }
                ],
                "resources": [
                  "arn:aws:s3:::unityhub-production-webapp-terraform-state/*"
                ],
                "sid": "DenyUnEncryptedObjectUploads"
              },
              {
                "actions": [
                  "s3:*"
                ],
                "condition": [
                  {
                    "test": "Bool",
                    "values": [
                      "false"
                    ],
                    "variable": "aws:SecureTransport"
                  }
                ],
                "effect": "Deny",
                "not_actions": [],
                "not_principals": [],
                "not_resources": [],
                "principals": [
                  {
                    "identifiers": [
                      "*"
                    ],
                    "type": "AWS"
                  }
                ],
                "resources": [
                  "arn:aws:s3:::unityhub-production-webapp-terraform-state",
                  "arn:aws:s3:::unityhub-production-webapp-terraform-state/*"
                ],
                "sid": "EnforceTlsRequestsOnly"
              }
            ],
            "version": "2012-10-17"
          },
          "sensitive_attributes": [],
          "identity_schema_version": 0
        }
      ]
    },
    {
      "module": "module.common_resources_staging.module.webapp.module.terraform_state_backend_webapp",
      "mode": "data",
      "type": "aws_region",
      "name": "current",
      "provider": "provider[\"registry.terraform.io/hashicorp/aws\"]",
      "instances": [
        {
          "schema_version": 0,
          "attributes": {
            "description": "US East (N. Virginia)",
            "endpoint": "ec2.us-east-1.amazonaws.com",
            "id": "us-east-1",
            "name": "us-east-1",
            "region": "us-east-1"
          },
          "sensitive_attributes": [],
          "identity_schema_version": 0
        }
      ]
    },
    {
      "module": "module.common_resources_staging.module.webapp.module.terraform_state_backend_webapp",
      "mode": "managed",
      "type": "aws_dynamodb_table",
      "name": "with_server_side_encryption",
      "provider": "provider[\"registry.terraform.io/hashicorp/aws\"]",
      "instances": [
        {
          "index_key": 0,
          "schema_version": 1,
          "attributes": {
            "arn": "arn:aws:dynamodb:us-east-1:514472330244:table/unityhub-production-webapp-terraform-state-lock",
            "attribute": [
              {
                "name": "LockID",
                "type": "S"
              }
            ],
            "billing_mode": "PAY_PER_REQUEST",
            "deletion_protection_enabled": false,
            "global_secondary_index": [],
            "global_table_witness": [],
            "hash_key": "LockID",
            "id": "unityhub-production-webapp-terraform-state-lock",
            "import_table": [],
            "local_secondary_index": [],
            "name": "unityhub-production-webapp-terraform-state-lock",
            "on_demand_throughput": [],
            "point_in_time_recovery": [
              {
                "enabled": true,
                "recovery_period_in_days": 35
              }
            ],
            "range_key": null,
            "read_capacity": 0,
            "region": "us-east-1",
            "replica": [],
            "restore_backup_arn": null,
            "restore_date_time": null,
            "restore_source_name": null,
            "restore_source_table_arn": null,
            "restore_to_latest_time": null,
            "server_side_encryption": [
              {
                "enabled": true,
                "kms_key_arn": ""
              }
            ],
            "stream_arn": "",
            "stream_enabled": false,
            "stream_label": "",
            "stream_view_type": "",
            "table_class": "STANDARD",
            "tags": {
              "Attributes": "terraform-state-lock",
              "Name": "unityhub-production-webapp-terraform-state-lock",
              "Namespace": "unityhub",
              "Stage": "production"
            },
            "tags_all": {
              "Attributes": "terraform-state-lock",
              "Name": "unityhub-production-webapp-terraform-state-lock",
              "Namespace": "unityhub",
              "Stage": "production"
            },
            "timeouts": null,
            "ttl": [
              {
                "attribute_name": "",
                "enabled": false
              }
            ],
            "warm_throughput": [],
            "write_capacity": 0
          },
          "sensitive_attributes": [],
          "identity_schema_version": 0,
          "identity": {
            "account_id": "514472330244",
            "name": "unityhub-production-webapp-terraform-state-lock",
            "region": "us-east-1"
          },
          "private": "eyJlMmJmYjczMC1lY2FhLTExZTYtOGY4OC0zNDM2M2JjN2M0YzAiOnsiY3JlYXRlIjoxODAwMDAwMDAwMDAwLCJkZWxldGUiOjYwMDAwMDAwMDAwMCwidXBkYXRlIjozNjAwMDAwMDAwMDAwfSwic2NoZW1hX3ZlcnNpb24iOiIxIn0="
        }
      ]
    },
    {
      "module": "module.common_resources_staging.module.webapp.module.terraform_state_backend_webapp",
      "mode": "managed",
      "type": "aws_s3_bucket",
      "name": "default",
      "provider": "provider[\"registry.terraform.io/hashicorp/aws\"]",
      "instances": [
        {
          "index_key": 0,
          "schema_version": 0,
          "attributes": {
            "acceleration_status": "",
            "acl": null,
            "arn": "arn:aws:s3:::unityhub-production-webapp-terraform-state",
            "bucket": "unityhub-production-webapp-terraform-state",
            "bucket_domain_name": "unityhub-production-webapp-terraform-state.s3.amazonaws.com",
            "bucket_namespace": "global",
            "bucket_prefix": "",
            "bucket_region": "us-east-1",
            "bucket_regional_domain_name": "unityhub-production-webapp-terraform-state.s3.us-east-1.amazonaws.com",
            "cors_rule": [],
            "force_destroy": true,
            "grant": [
              {
                "id": "bea86176a486e69a83b4227063efa3be9eb4b243551739d81a6a4b41ec8b3461",
                "permissions": [
                  "FULL_CONTROL"
                ],
                "type": "CanonicalUser",
                "uri": ""
              }
            ],
            "hosted_zone_id": "Z3AQBSTGFYJSTF",
            "id": "unityhub-production-webapp-terraform-state",
            "lifecycle_rule": [],
            "logging": [],
            "object_lock_configuration": [],
            "object_lock_enabled": false,
            "policy": "{\"Statement\":[{\"Action\":\"s3:PutObject\",\"Condition\":{\"StringNotEquals\":{\"s3:x-amz-server-side-encryption\":[\"AES256\",\"aws:kms\"]}},\"Effect\":\"Deny\",\"Principal\":{\"AWS\":\"*\"},\"Resource\":\"arn:aws:s3:::unityhub-production-webapp-terraform-state/*\",\"Sid\":\"DenyIncorrectEncryptionHeader\"},{\"Action\":\"s3:PutObject\",\"Condition\":{\"Null\":{\"s3:x-amz-server-side-encryption\":\"true\"}},\"Effect\":\"Deny\",\"Principal\":{\"AWS\":\"*\"},\"Resource\":\"arn:aws:s3:::unityhub-production-webapp-terraform-state/*\",\"Sid\":\"DenyUnEncryptedObjectUploads\"},{\"Action\":\"s3:*\",\"Condition\":{\"Bool\":{\"aws:SecureTransport\":\"false\"}},\"Effect\":\"Deny\",\"Principal\":{\"AWS\":\"*\"},\"Resource\":[\"arn:aws:s3:::unityhub-production-webapp-terraform-state/*\",\"arn:aws:s3:::unityhub-production-webapp-terraform-state\"],\"Sid\":\"EnforceTlsRequestsOnly\"}],\"Version\":\"2012-10-17\"}",
            "region": "us-east-1",
            "replication_configuration": [],
            "request_payer": "BucketOwner",
            "server_side_encryption_configuration": [
              {
                "rule": [
                  {
                    "apply_server_side_encryption_by_default": [
                      {
                        "kms_master_key_id": "",
                        "sse_algorithm": "AES256"
                      }
                    ],
                    "bucket_key_enabled": false
                  }
                ]
              }
            ],
            "tags": {
              "Attributes": "terraform-state",
              "Name": "unityhub-production-webapp-terraform-state",
              "Namespace": "unityhub",
              "Stage": "production"
            },
            "tags_all": {
              "Attributes": "terraform-state",
              "Name": "unityhub-production-webapp-terraform-state",
              "Namespace": "unityhub",
              "Stage": "production"
            },
            "timeouts": null,
            "versioning": [
              {
                "enabled": true,
                "mfa_delete": false
              }
            ],
            "website": [],
            "website_domain": null,
            "website_endpoint": null
          },
          "sensitive_attributes": [],
          "identity_schema_version": 0,
          "identity": {
            "account_id": "514472330244",
            "bucket": "unityhub-production-webapp-terraform-state",
            "region": "us-east-1"
          },
          "private": "eyJlMmJmYjczMC1lY2FhLTExZTYtOGY4OC0zNDM2M2JjN2M0YzAiOnsiY3JlYXRlIjoxMjAwMDAwMDAwMDAwLCJkZWxldGUiOjM2MDAwMDAwMDAwMDAsInJlYWQiOjEyMDAwMDAwMDAwMDAsInVwZGF0ZSI6MTIwMDAwMDAwMDAwMH19"
        }
      ]
    },
    {
      "module": "module.common_resources_staging.module.webapp.module.terraform_state_backend_webapp",
      "mode": "managed",
      "type": "aws_s3_bucket_ownership_controls",
      "name": "default",
      "provider": "provider[\"registry.terraform.io/hashicorp/aws\"]",
      "instances": [
        {
          "index_key": 0,
          "schema_version": 0,
          "attributes": {
            "bucket": "unityhub-production-webapp-terraform-state",
            "id": "unityhub-production-webapp-terraform-state",
            "region": "us-east-1",
            "rule": [
              {
                "object_ownership": "BucketOwnerEnforced"
              }
            ]
          },
          "sensitive_attributes": [],
          "identity_schema_version": 0,
          "identity": {
            "account_id": "514472330244",
            "bucket": "unityhub-production-webapp-terraform-state",
            "region": "us-east-1"
          },
          "private": "bnVsbA==",
          "dependencies": [
            "module.common_resources_staging.module.webapp.module.terraform_state_backend_webapp.aws_s3_bucket.default"
          ]
        }
      ]
    },
    {
      "module": "module.common_resources_staging.module.webapp.module.terraform_state_backend_webapp",
      "mode": "managed",
      "type": "aws_s3_bucket_policy",
      "name": "default",
      "provider": "provider[\"registry.terraform.io/hashicorp/aws\"]",
      "instances": [
        {
          "index_key": 0,
          "schema_version": 0,
          "attributes": {
            "bucket": "unityhub-production-webapp-terraform-state",
            "id": "unityhub-production-webapp-terraform-state",
            "policy": "{\"Statement\":[{\"Action\":\"s3:PutObject\",\"Condition\":{\"StringNotEquals\":{\"s3:x-amz-server-side-encryption\":[\"AES256\",\"aws:kms\"]}},\"Effect\":\"Deny\",\"Principal\":{\"AWS\":\"*\"},\"Resource\":\"arn:aws:s3:::unityhub-production-webapp-terraform-state/*\",\"Sid\":\"DenyIncorrectEncryptionHeader\"},{\"Action\":\"s3:PutObject\",\"Condition\":{\"Null\":{\"s3:x-amz-server-side-encryption\":\"true\"}},\"Effect\":\"Deny\",\"Principal\":{\"AWS\":\"*\"},\"Resource\":\"arn:aws:s3:::unityhub-production-webapp-terraform-state/*\",\"Sid\":\"DenyUnEncryptedObjectUploads\"},{\"Action\":\"s3:*\",\"Condition\":{\"Bool\":{\"aws:SecureTransport\":\"false\"}},\"Effect\":\"Deny\",\"Principal\":{\"AWS\":\"*\"},\"Resource\":[\"arn:aws:s3:::unityhub-production-webapp-terraform-state/*\",\"arn:aws:s3:::unityhub-production-webapp-terraform-state\"],\"Sid\":\"EnforceTlsRequestsOnly\"}],\"Version\":\"2012-10-17\"}",
            "region": "us-east-1"
          },
          "sensitive_attributes": [],
          "identity_schema_version": 0,
          "identity": {
            "account_id": "514472330244",
            "bucket": "unityhub-production-webapp-terraform-state",
            "region": "us-east-1"
          },
          "private": "bnVsbA==",
          "dependencies": [
            "module.common_resources_staging.module.webapp.module.terraform_state_backend_webapp.aws_s3_bucket.default",
            "module.common_resources_staging.module.webapp.module.terraform_state_backend_webapp.data.aws_iam_policy_document.prevent_unencrypted_uploads"
          ]
        }
      ]
    },
    {
      "module": "module.common_resources_staging.module.webapp.module.terraform_state_backend_webapp",
      "mode": "managed",
      "type": "aws_s3_bucket_public_access_block",
      "name": "default",
      "provider": "provider[\"registry.terraform.io/hashicorp/aws\"]",
      "instances": [
        {
          "index_key": 0,
          "schema_version": 0,
          "attributes": {
            "block_public_acls": true,
            "block_public_policy": true,
            "bucket": "unityhub-production-webapp-terraform-state",
            "id": "unityhub-production-webapp-terraform-state",
            "ignore_public_acls": true,
            "region": "us-east-1",
            "restrict_public_buckets": true,
            "skip_destroy": null
          },
          "sensitive_attributes": [],
          "identity_schema_version": 0,
          "identity": {
            "account_id": "514472330244",
            "bucket": "unityhub-production-webapp-terraform-state",
            "region": "us-east-1"
          },
          "private": "bnVsbA==",
          "dependencies": [
            "module.common_resources_staging.module.webapp.module.terraform_state_backend_webapp.aws_s3_bucket.default"
          ]
        }
      ]
    },
    {
      "module": "module.common_resources_staging.module.webapp.module.terraform_state_backend_webapp",
      "mode": "managed",
      "type": "aws_s3_bucket_server_side_encryption_configuration",
      "name": "default",
      "provider": "provider[\"registry.terraform.io/hashicorp/aws\"]",
      "instances": [
        {
          "index_key": 0,
          "schema_version": 0,
          "attributes": {
            "bucket": "unityhub-production-webapp-terraform-state",
            "expected_bucket_owner": "",
            "id": "unityhub-production-webapp-terraform-state",
            "region": "us-east-1",
            "rule": [
              {
                "apply_server_side_encryption_by_default": [
                  {
                    "kms_master_key_id": "",
                    "sse_algorithm": "AES256"
                  }
                ],
                "blocked_encryption_types": [
                  "SSE-C"
                ],
                "bucket_key_enabled": false
              }
            ]
          },
          "sensitive_attributes": [],
          "identity_schema_version": 1,
          "identity": {
            "account_id": "514472330244",
            "bucket": "unityhub-production-webapp-terraform-state",
            "region": "us-east-1"
          },
          "private": "bnVsbA==",
          "dependencies": [
            "module.common_resources_staging.module.webapp.module.terraform_state_backend_webapp.aws_s3_bucket.default"
          ]
        }
      ]
    },
    {
      "module": "module.common_resources_staging.module.webapp.module.terraform_state_backend_webapp",
      "mode": "managed",
      "type": "aws_s3_bucket_versioning",
      "name": "default",
      "provider": "provider[\"registry.terraform.io/hashicorp/aws\"]",
      "instances": [
        {
          "index_key": 0,
          "schema_version": 0,
          "attributes": {
            "bucket": "unityhub-production-webapp-terraform-state",
            "expected_bucket_owner": "",
            "id": "unityhub-production-webapp-terraform-state",
            "mfa": null,
            "region": "us-east-1",
            "versioning_configuration": [
              {
                "mfa_delete": "Disabled",
                "status": "Enabled"
              }
            ]
          },
          "sensitive_attributes": [],
          "identity_schema_version": 1,
          "identity": {
            "account_id": "514472330244",
            "bucket": "unityhub-production-webapp-terraform-state",
            "region": "us-east-1"
          },
          "private": "bnVsbA==",
          "dependencies": [
            "module.common_resources_staging.module.webapp.module.terraform_state_backend_webapp.aws_s3_bucket.default"
          ]
        }
      ]
    },
    {
      "module": "module.common_resources_staging.module.webapp.module.terraform_state_backend_webapp",
      "mode": "managed",
      "type": "local_file",
      "name": "terraform_backend_config",
      "provider": "provider[\"registry.terraform.io/hashicorp/local\"]",
      "instances": [
        {
          "index_key": 0,
          "schema_version": 0,
          "attributes": {
            "content": "terraform {\n  required_version = \"\u003e= 1.0.0\"\n\n  backend \"s3\" {\n    region         = \"us-east-1\"\n    bucket         = \"unityhub-production-webapp-terraform-state\"\n    key            = \"terraform.tfstate\"\n    dynamodb_table = \"unityhub-production-webapp-terraform-state-lock\"\n    profile        = \"\"\n    role_arn       = \"\"\n    encrypt        = \"true\"\n  }\n}\n",
            "content_base64": null,
            "content_base64sha256": "MTYu0Wiszn3zTunlz/sQeHM2O8LlxfmLpW+KvZR1nhQ=",
            "content_base64sha512": "RhJCbVMSHFCA5b5thK11x7wHGX/x3fq6hApSpYRI9lPhSkNfLQkzX868FepPDqGqI/C0dCoFyQ7QExt+Y+CMZw==",
            "content_md5": "9c62020ab794c65189a83c7900a29ad3",
            "content_sha1": "5f9a07602f81f614d73d0b35e6640bdd4d9fd9f1",
            "content_sha256": "31362ed168acce7df34ee9e5cffb107873363bc2e5c5f98ba56f8abd94759e14",
            "content_sha512": "4612426d53121c5080e5be6d84ad75c7bc07197ff1ddfaba840a52a58448f653e14a435f2d09335fcebc15ea4f0ea1aa23f0b4742a05c90ed0131b7e63e08c67",
            "directory_permission": "0777",
            "file_permission": "0644",
            "filename": "./backend/backend_webapp.tf",
            "id": "5f9a07602f81f614d73d0b35e6640bdd4d9fd9f1",
            "sensitive_content": null,
            "source": null
          },
          "sensitive_attributes": [
            [
              {
                "type": "get_attr",
                "value": "sensitive_content"
              }
            ]
          ],
          "identity_schema_version": 0,
          "dependencies": [
            "module.common_resources_staging.module.webapp.module.terraform_state_backend_webapp.aws_dynamodb_table.with_server_side_encryption",
            "module.common_resources_staging.module.webapp.module.terraform_state_backend_webapp.aws_s3_bucket.default",
            "module.common_resources_staging.module.webapp.module.terraform_state_backend_webapp.data.aws_region.current"
          ]
        }
      ]
    },
    {
      "module": "module.common_resources_staging.module.webapp.module.terraform_state_backend_webapp_eventcatalog",
      "mode": "data",
      "type": "aws_iam_policy_document",
      "name": "prevent_unencrypted_uploads",
      "provider": "provider[\"registry.terraform.io/hashicorp/aws\"]",
      "instances": [
        {
          "index_key": 0,
          "schema_version": 0,
          "attributes": {
            "id": "3375992315",
            "json": "{\n  \"Version\": \"2012-10-17\",\n  \"Statement\": [\n    {\n      \"Sid\": \"DenyIncorrectEncryptionHeader\",\n      \"Effect\": \"Deny\",\n      \"Action\": \"s3:PutObject\",\n      \"Resource\": \"arn:aws:s3:::unityhub-production-webapp-eventcatalog-terraform-state/*\",\n      \"Principal\": {\n        \"AWS\": \"*\"\n      },\n      \"Condition\": {\n        \"StringNotEquals\": {\n          \"s3:x-amz-server-side-encryption\": [\n            \"AES256\",\n            \"aws:kms\"\n          ]\n        }\n      }\n    },\n    {\n      \"Sid\": \"DenyUnEncryptedObjectUploads\",\n      \"Effect\": \"Deny\",\n      \"Action\": \"s3:PutObject\",\n      \"Resource\": \"arn:aws:s3:::unityhub-production-webapp-eventcatalog-terraform-state/*\",\n      \"Principal\": {\n        \"AWS\": \"*\"\n      },\n      \"Condition\": {\n        \"Null\": {\n          \"s3:x-amz-server-side-encryption\": \"true\"\n        }\n      }\n    },\n    {\n      \"Sid\": \"EnforceTlsRequestsOnly\",\n      \"Effect\": \"Deny\",\n      \"Action\": \"s3:*\",\n      \"Resource\": [\n        \"arn:aws:s3:::unityhub-production-webapp-eventcatalog-terraform-state/*\",\n        \"arn:aws:s3:::unityhub-production-webapp-eventcatalog-terraform-state\"\n      ],\n      \"Principal\": {\n        \"AWS\": \"*\"\n      },\n      \"Condition\": {\n        \"Bool\": {\n          \"aws:SecureTransport\": \"false\"\n        }\n      }\n    }\n  ]\n}",
            "minified_json": "{\"Version\":\"2012-10-17\",\"Statement\":[{\"Sid\":\"DenyIncorrectEncryptionHeader\",\"Effect\":\"Deny\",\"Action\":\"s3:PutObject\",\"Resource\":\"arn:aws:s3:::unityhub-production-webapp-eventcatalog-terraform-state/*\",\"Principal\":{\"AWS\":\"*\"},\"Condition\":{\"StringNotEquals\":{\"s3:x-amz-server-side-encryption\":[\"AES256\",\"aws:kms\"]}}},{\"Sid\":\"DenyUnEncryptedObjectUploads\",\"Effect\":\"Deny\",\"Action\":\"s3:PutObject\",\"Resource\":\"arn:aws:s3:::unityhub-production-webapp-eventcatalog-terraform-state/*\",\"Principal\":{\"AWS\":\"*\"},\"Condition\":{\"Null\":{\"s3:x-amz-server-side-encryption\":\"true\"}}},{\"Sid\":\"EnforceTlsRequestsOnly\",\"Effect\":\"Deny\",\"Action\":\"s3:*\",\"Resource\":[\"arn:aws:s3:::unityhub-production-webapp-eventcatalog-terraform-state/*\",\"arn:aws:s3:::unityhub-production-webapp-eventcatalog-terraform-state\"],\"Principal\":{\"AWS\":\"*\"},\"Condition\":{\"Bool\":{\"aws:SecureTransport\":\"false\"}}}]}",
            "override_json": null,
            "override_policy_documents": null,
            "policy_id": null,
            "source_json": null,
            "source_policy_documents": null,
            "statement": [
              {
                "actions": [
                  "s3:PutObject"
                ],
                "condition": [
                  {
                    "test": "StringNotEquals",
                    "values": [
                      "AES256",
                      "aws:kms"
                    ],
                    "variable": "s3:x-amz-server-side-encryption"
                  }
                ],
                "effect": "Deny",
                "not_actions": [],
                "not_principals": [],
                "not_resources": [],
                "principals": [
                  {
                    "identifiers": [
                      "*"
                    ],
                    "type": "AWS"
                  }
                ],
                "resources": [
                  "arn:aws:s3:::unityhub-production-webapp-eventcatalog-terraform-state/*"
                ],
                "sid": "DenyIncorrectEncryptionHeader"
              },
              {
                "actions": [
                  "s3:PutObject"
                ],
                "condition": [
                  {
                    "test": "Null",
                    "values": [
                      "true"
                    ],
                    "variable": "s3:x-amz-server-side-encryption"
                  }
                ],
                "effect": "Deny",
                "not_actions": [],
                "not_principals": [],
                "not_resources": [],
                "principals": [
                  {
                    "identifiers": [
                      "*"
                    ],
                    "type": "AWS"
                  }
                ],
                "resources": [
                  "arn:aws:s3:::unityhub-production-webapp-eventcatalog-terraform-state/*"
                ],
                "sid": "DenyUnEncryptedObjectUploads"
              },
              {
                "actions": [
                  "s3:*"
                ],
                "condition": [
                  {
                    "test": "Bool",
                    "values": [
                      "false"
                    ],
                    "variable": "aws:SecureTransport"
                  }
                ],
                "effect": "Deny",
                "not_actions": [],
                "not_principals": [],
                "not_resources": [],
                "principals": [
                  {
                    "identifiers": [
                      "*"
                    ],
                    "type": "AWS"
                  }
                ],
                "resources": [
                  "arn:aws:s3:::unityhub-production-webapp-eventcatalog-terraform-state",
                  "arn:aws:s3:::unityhub-production-webapp-eventcatalog-terraform-state/*"
                ],
                "sid": "EnforceTlsRequestsOnly"
              }
            ],
            "version": "2012-10-17"
          },
          "sensitive_attributes": [],
          "identity_schema_version": 0
        }
      ]
    },
    {
      "module": "module.common_resources_staging.module.webapp.module.terraform_state_backend_webapp_eventcatalog",
      "mode": "data",
      "type": "aws_region",
      "name": "current",
      "provider": "provider[\"registry.terraform.io/hashicorp/aws\"]",
      "instances": [
        {
          "schema_version": 0,
          "attributes": {
            "description": "US East (N. Virginia)",
            "endpoint": "ec2.us-east-1.amazonaws.com",
            "id": "us-east-1",
            "name": "us-east-1",
            "region": "us-east-1"
          },
          "sensitive_attributes": [],
          "identity_schema_version": 0
        }
      ]
    },
    {
      "module": "module.common_resources_staging.module.webapp.module.terraform_state_backend_webapp_eventcatalog",
      "mode": "managed",
      "type": "aws_dynamodb_table",
      "name": "with_server_side_encryption",
      "provider": "provider[\"registry.terraform.io/hashicorp/aws\"]",
      "instances": [
        {
          "index_key": 0,
          "schema_version": 1,
          "attributes": {
            "arn": "arn:aws:dynamodb:us-east-1:514472330244:table/unityhub-production-webapp-eventcatalog-terraform-state-lock",
            "attribute": [
              {
                "name": "LockID",
                "type": "S"
              }
            ],
            "billing_mode": "PAY_PER_REQUEST",
            "deletion_protection_enabled": false,
            "global_secondary_index": [],
            "global_table_witness": [],
            "hash_key": "LockID",
            "id": "unityhub-production-webapp-eventcatalog-terraform-state-lock",
            "import_table": [],
            "local_secondary_index": [],
            "name": "unityhub-production-webapp-eventcatalog-terraform-state-lock",
            "on_demand_throughput": [],
            "point_in_time_recovery": [
              {
                "enabled": true,
                "recovery_period_in_days": 35
              }
            ],
            "range_key": null,
            "read_capacity": 0,
            "region": "us-east-1",
            "replica": [],
            "restore_backup_arn": null,
            "restore_date_time": null,
            "restore_source_name": null,
            "restore_source_table_arn": null,
            "restore_to_latest_time": null,
            "server_side_encryption": [
              {
                "enabled": true,
                "kms_key_arn": ""
              }
            ],
            "stream_arn": "",
            "stream_enabled": false,
            "stream_label": "",
            "stream_view_type": "",
            "table_class": "STANDARD",
            "tags": {
              "Attributes": "terraform-state-lock",
              "Name": "unityhub-production-webapp-eventcatalog-terraform-state-lock",
              "Namespace": "unityhub",
              "Stage": "production"
            },
            "tags_all": {
              "Attributes": "terraform-state-lock",
              "Name": "unityhub-production-webapp-eventcatalog-terraform-state-lock",
              "Namespace": "unityhub",
              "Stage": "production"
            },
            "timeouts": null,
            "ttl": [
              {
                "attribute_name": "",
                "enabled": false
              }
            ],
            "warm_throughput": [],
            "write_capacity": 0
          },
          "sensitive_attributes": [],
          "identity_schema_version": 0,
          "identity": {
            "account_id": "514472330244",
            "name": "unityhub-production-webapp-eventcatalog-terraform-state-lock",
            "region": "us-east-1"
          },
          "private": "eyJlMmJmYjczMC1lY2FhLTExZTYtOGY4OC0zNDM2M2JjN2M0YzAiOnsiY3JlYXRlIjoxODAwMDAwMDAwMDAwLCJkZWxldGUiOjYwMDAwMDAwMDAwMCwidXBkYXRlIjozNjAwMDAwMDAwMDAwfSwic2NoZW1hX3ZlcnNpb24iOiIxIn0="
        }
      ]
    },
    {
      "module": "module.common_resources_staging.module.webapp.module.terraform_state_backend_webapp_eventcatalog",
      "mode": "managed",
      "type": "aws_s3_bucket",
      "name": "default",
      "provider": "provider[\"registry.terraform.io/hashicorp/aws\"]",
      "instances": [
        {
          "index_key": 0,
          "schema_version": 0,
          "attributes": {
            "acceleration_status": "",
            "acl": null,
            "arn": "arn:aws:s3:::unityhub-production-webapp-eventcatalog-terraform-state",
            "bucket": "unityhub-production-webapp-eventcatalog-terraform-state",
            "bucket_domain_name": "unityhub-production-webapp-eventcatalog-terraform-state.s3.amazonaws.com",
            "bucket_namespace": "global",
            "bucket_prefix": "",
            "bucket_region": "us-east-1",
            "bucket_regional_domain_name": "unityhub-production-webapp-eventcatalog-terraform-state.s3.us-east-1.amazonaws.com",
            "cors_rule": [],
            "force_destroy": true,
            "grant": [
              {
                "id": "bea86176a486e69a83b4227063efa3be9eb4b243551739d81a6a4b41ec8b3461",
                "permissions": [
                  "FULL_CONTROL"
                ],
                "type": "CanonicalUser",
                "uri": ""
              }
            ],
            "hosted_zone_id": "Z3AQBSTGFYJSTF",
            "id": "unityhub-production-webapp-eventcatalog-terraform-state",
            "lifecycle_rule": [],
            "logging": [],
            "object_lock_configuration": [],
            "object_lock_enabled": false,
            "policy": "{\"Statement\":[{\"Action\":\"s3:PutObject\",\"Condition\":{\"StringNotEquals\":{\"s3:x-amz-server-side-encryption\":[\"AES256\",\"aws:kms\"]}},\"Effect\":\"Deny\",\"Principal\":{\"AWS\":\"*\"},\"Resource\":\"arn:aws:s3:::unityhub-production-webapp-eventcatalog-terraform-state/*\",\"Sid\":\"DenyIncorrectEncryptionHeader\"},{\"Action\":\"s3:PutObject\",\"Condition\":{\"Null\":{\"s3:x-amz-server-side-encryption\":\"true\"}},\"Effect\":\"Deny\",\"Principal\":{\"AWS\":\"*\"},\"Resource\":\"arn:aws:s3:::unityhub-production-webapp-eventcatalog-terraform-state/*\",\"Sid\":\"DenyUnEncryptedObjectUploads\"},{\"Action\":\"s3:*\",\"Condition\":{\"Bool\":{\"aws:SecureTransport\":\"false\"}},\"Effect\":\"Deny\",\"Principal\":{\"AWS\":\"*\"},\"Resource\":[\"arn:aws:s3:::unityhub-production-webapp-eventcatalog-terraform-state/*\",\"arn:aws:s3:::unityhub-production-webapp-eventcatalog-terraform-state\"],\"Sid\":\"EnforceTlsRequestsOnly\"}],\"Version\":\"2012-10-17\"}",
            "region": "us-east-1",
            "replication_configuration": [],
            "request_payer": "BucketOwner",
            "server_side_encryption_configuration": [
              {
                "rule": [
                  {
                    "apply_server_side_encryption_by_default": [
                      {
                        "kms_master_key_id": "",
                        "sse_algorithm": "AES256"
                      }
                    ],
                    "bucket_key_enabled": false
                  }
                ]
              }
            ],
            "tags": {
              "Attributes": "terraform-state",
              "Name": "unityhub-production-webapp-eventcatalog-terraform-state",
              "Namespace": "unityhub",
              "Stage": "production"
            },
            "tags_all": {
              "Attributes": "terraform-state",
              "Name": "unityhub-production-webapp-eventcatalog-terraform-state",
              "Namespace": "unityhub",
              "Stage": "production"
            },
            "timeouts": null,
            "versioning": [
              {
                "enabled": true,
                "mfa_delete": false
              }
            ],
            "website": [],
            "website_domain": null,
            "website_endpoint": null
          },
          "sensitive_attributes": [],
          "identity_schema_version": 0,
          "identity": {
            "account_id": "514472330244",
            "bucket": "unityhub-production-webapp-eventcatalog-terraform-state",
            "region": "us-east-1"
          },
          "private": "eyJlMmJmYjczMC1lY2FhLTExZTYtOGY4OC0zNDM2M2JjN2M0YzAiOnsiY3JlYXRlIjoxMjAwMDAwMDAwMDAwLCJkZWxldGUiOjM2MDAwMDAwMDAwMDAsInJlYWQiOjEyMDAwMDAwMDAwMDAsInVwZGF0ZSI6MTIwMDAwMDAwMDAwMH19"
        }
      ]
    },
    {
      "module": "module.common_resources_staging.module.webapp.module.terraform_state_backend_webapp_eventcatalog",
      "mode": "managed",
      "type": "aws_s3_bucket_ownership_controls",
      "name": "default",
      "provider": "provider[\"registry.terraform.io/hashicorp/aws\"]",
      "instances": [
        {
          "index_key": 0,
          "schema_version": 0,
          "attributes": {
            "bucket": "unityhub-production-webapp-eventcatalog-terraform-state",
            "id": "unityhub-production-webapp-eventcatalog-terraform-state",
            "region": "us-east-1",
            "rule": [
              {
                "object_ownership": "BucketOwnerEnforced"
              }
            ]
          },
          "sensitive_attributes": [],
          "identity_schema_version": 0,
          "identity": {
            "account_id": "514472330244",
            "bucket": "unityhub-production-webapp-eventcatalog-terraform-state",
            "region": "us-east-1"
          },
          "private": "bnVsbA==",
          "dependencies": [
            "module.common_resources_staging.module.webapp.module.terraform_state_backend_webapp_eventcatalog.aws_s3_bucket.default"
          ]
        }
      ]
    },
    {
      "module": "module.common_resources_staging.module.webapp.module.terraform_state_backend_webapp_eventcatalog",
      "mode": "managed",
      "type": "aws_s3_bucket_policy",
      "name": "default",
      "provider": "provider[\"registry.terraform.io/hashicorp/aws\"]",
      "instances": [
        {
          "index_key": 0,
          "schema_version": 0,
          "attributes": {
            "bucket": "unityhub-production-webapp-eventcatalog-terraform-state",
            "id": "unityhub-production-webapp-eventcatalog-terraform-state",
            "policy": "{\"Statement\":[{\"Action\":\"s3:PutObject\",\"Condition\":{\"StringNotEquals\":{\"s3:x-amz-server-side-encryption\":[\"AES256\",\"aws:kms\"]}},\"Effect\":\"Deny\",\"Principal\":{\"AWS\":\"*\"},\"Resource\":\"arn:aws:s3:::unityhub-production-webapp-eventcatalog-terraform-state/*\",\"Sid\":\"DenyIncorrectEncryptionHeader\"},{\"Action\":\"s3:PutObject\",\"Condition\":{\"Null\":{\"s3:x-amz-server-side-encryption\":\"true\"}},\"Effect\":\"Deny\",\"Principal\":{\"AWS\":\"*\"},\"Resource\":\"arn:aws:s3:::unityhub-production-webapp-eventcatalog-terraform-state/*\",\"Sid\":\"DenyUnEncryptedObjectUploads\"},{\"Action\":\"s3:*\",\"Condition\":{\"Bool\":{\"aws:SecureTransport\":\"false\"}},\"Effect\":\"Deny\",\"Principal\":{\"AWS\":\"*\"},\"Resource\":[\"arn:aws:s3:::unityhub-production-webapp-eventcatalog-terraform-state/*\",\"arn:aws:s3:::unityhub-production-webapp-eventcatalog-terraform-state\"],\"Sid\":\"EnforceTlsRequestsOnly\"}],\"Version\":\"2012-10-17\"}",
            "region": "us-east-1"
          },
          "sensitive_attributes": [],
          "identity_schema_version": 0,
          "identity": {
            "account_id": "514472330244",
            "bucket": "unityhub-production-webapp-eventcatalog-terraform-state",
            "region": "us-east-1"
          },
          "private": "bnVsbA==",
          "dependencies": [
            "module.common_resources_staging.module.webapp.module.terraform_state_backend_webapp_eventcatalog.aws_s3_bucket.default",
            "module.common_resources_staging.module.webapp.module.terraform_state_backend_webapp_eventcatalog.data.aws_iam_policy_document.prevent_unencrypted_uploads"
          ]
        }
      ]
    },
    {
      "module": "module.common_resources_staging.module.webapp.module.terraform_state_backend_webapp_eventcatalog",
      "mode": "managed",
      "type": "aws_s3_bucket_public_access_block",
      "name": "default",
      "provider": "provider[\"registry.terraform.io/hashicorp/aws\"]",
      "instances": [
        {
          "index_key": 0,
          "schema_version": 0,
          "attributes": {
            "block_public_acls": true,
            "block_public_policy": true,
            "bucket": "unityhub-production-webapp-eventcatalog-terraform-state",
            "id": "unityhub-production-webapp-eventcatalog-terraform-state",
            "ignore_public_acls": true,
            "region": "us-east-1",
            "restrict_public_buckets": true,
            "skip_destroy": null
          },
          "sensitive_attributes": [],
          "identity_schema_version": 0,
          "identity": {
            "account_id": "514472330244",
            "bucket": "unityhub-production-webapp-eventcatalog-terraform-state",
            "region": "us-east-1"
          },
          "private": "bnVsbA==",
          "dependencies": [
            "module.common_resources_staging.module.webapp.module.terraform_state_backend_webapp_eventcatalog.aws_s3_bucket.default"
          ]
        }
      ]
    },
    {
      "module": "module.common_resources_staging.module.webapp.module.terraform_state_backend_webapp_eventcatalog",
      "mode": "managed",
      "type": "aws_s3_bucket_server_side_encryption_configuration",
      "name": "default",
      "provider": "provider[\"registry.terraform.io/hashicorp/aws\"]",
      "instances": [
        {
          "index_key": 0,
          "schema_version": 0,
          "attributes": {
            "bucket": "unityhub-production-webapp-eventcatalog-terraform-state",
            "expected_bucket_owner": "",
            "id": "unityhub-production-webapp-eventcatalog-terraform-state",
            "region": "us-east-1",
            "rule": [
              {
                "apply_server_side_encryption_by_default": [
                  {
                    "kms_master_key_id": "",
                    "sse_algorithm": "AES256"
                  }
                ],
                "blocked_encryption_types": [
                  "SSE-C"
                ],
                "bucket_key_enabled": false
              }
            ]
          },
          "sensitive_attributes": [],
          "identity_schema_version": 1,
          "identity": {
            "account_id": "514472330244",
            "bucket": "unityhub-production-webapp-eventcatalog-terraform-state",
            "region": "us-east-1"
          },
          "private": "bnVsbA==",
          "dependencies": [
            "module.common_resources_staging.module.webapp.module.terraform_state_backend_webapp_eventcatalog.aws_s3_bucket.default"
          ]
        }
      ]
    },
    {
      "module": "module.common_resources_staging.module.webapp.module.terraform_state_backend_webapp_eventcatalog",
      "mode": "managed",
      "type": "aws_s3_bucket_versioning",
      "name": "default",
      "provider": "provider[\"registry.terraform.io/hashicorp/aws\"]",
      "instances": [
        {
          "index_key": 0,
          "schema_version": 0,
          "attributes": {
            "bucket": "unityhub-production-webapp-eventcatalog-terraform-state",
            "expected_bucket_owner": "",
            "id": "unityhub-production-webapp-eventcatalog-terraform-state",
            "mfa": null,
            "region": "us-east-1",
            "versioning_configuration": [
              {
                "mfa_delete": "Disabled",
                "status": "Enabled"
              }
            ]
          },
          "sensitive_attributes": [],
          "identity_schema_version": 1,
          "identity": {
            "account_id": "514472330244",
            "bucket": "unityhub-production-webapp-eventcatalog-terraform-state",
            "region": "us-east-1"
          },
          "private": "bnVsbA==",
          "dependencies": [
            "module.common_resources_staging.module.webapp.module.terraform_state_backend_webapp_eventcatalog.aws_s3_bucket.default"
          ]
        }
      ]
    },
    {
      "module": "module.common_resources_staging.module.webapp.module.terraform_state_backend_webapp_eventcatalog",
      "mode": "managed",
      "type": "local_file",
      "name": "terraform_backend_config",
      "provider": "provider[\"registry.terraform.io/hashicorp/local\"]",
      "instances": [
        {
          "index_key": 0,
          "schema_version": 0,
          "attributes": {
            "content": "terraform {\n  required_version = \"\u003e= 1.0.0\"\n\n  backend \"s3\" {\n    region         = \"us-east-1\"\n    bucket         = \"unityhub-production-webapp-eventcatalog-terraform-state\"\n    key            = \"terraform.tfstate\"\n    dynamodb_table = \"unityhub-production-webapp-eventcatalog-terraform-state-lock\"\n    profile        = \"\"\n    role_arn       = \"\"\n    encrypt        = \"true\"\n  }\n}\n",
            "content_base64": null,
            "content_base64sha256": "P/vGJAahyx2vZIeX/WjAYOcdJthQTkRsCgJqeP1wEb4=",
            "content_base64sha512": "sy/BZYCrnO00MgahoPrxDJof9l30+7yjUYLmlEcUjszi501+5CLTRGAgRwNielTqv7Rv6Fuwe1OvXPfSDHd4Ag==",
            "content_md5": "e86fda88a013950fdf9c76dbf2a4a8a1",
            "content_sha1": "ed59aa01f268f6bc7177b3a6acfb8170f6944550",
            "content_sha256": "3ffbc62406a1cb1daf648797fd68c060e71d26d8504e446c0a026a78fd7011be",
            "content_sha512": "b32fc16580ab9ced343206a1a0faf10c9a1ff65df4fbbca35182e69447148ecce2e74d7ee422d34460204703627a54eabfb46fe85bb07b53af5cf7d20c777802",
            "directory_permission": "0777",
            "file_permission": "0644",
            "filename": "./backend/backend_webapp_eventcatalog.tf",
            "id": "ed59aa01f268f6bc7177b3a6acfb8170f6944550",
            "sensitive_content": null,
            "source": null
          },
          "sensitive_attributes": [
            [
              {
                "type": "get_attr",
                "value": "sensitive_content"
              }
            ]
          ],
          "identity_schema_version": 0,
          "dependencies": [
            "module.common_resources_staging.module.webapp.module.terraform_state_backend_webapp_eventcatalog.aws_dynamodb_table.with_server_side_encryption",
            "module.common_resources_staging.module.webapp.module.terraform_state_backend_webapp_eventcatalog.aws_s3_bucket.default",
            "module.common_resources_staging.module.webapp.module.terraform_state_backend_webapp_eventcatalog.data.aws_region.current"
          ]
        }
      ]
    },
    {
      "module": "module.common_resources_staging.module.webapp.module.terraform_state_backend_webapp_help",
      "mode": "data",
      "type": "aws_iam_policy_document",
      "name": "prevent_unencrypted_uploads",
      "provider": "provider[\"registry.terraform.io/hashicorp/aws\"]",
      "instances": [
        {
          "index_key": 0,
          "schema_version": 0,
          "attributes": {
            "id": "2868221618",
            "json": "{\n  \"Version\": \"2012-10-17\",\n  \"Statement\": [\n    {\n      \"Sid\": \"DenyIncorrectEncryptionHeader\",\n      \"Effect\": \"Deny\",\n      \"Action\": \"s3:PutObject\",\n      \"Resource\": \"arn:aws:s3:::unityhub-production-webapp-help-terraform-state/*\",\n      \"Principal\": {\n        \"AWS\": \"*\"\n      },\n      \"Condition\": {\n        \"StringNotEquals\": {\n          \"s3:x-amz-server-side-encryption\": [\n            \"AES256\",\n            \"aws:kms\"\n          ]\n        }\n      }\n    },\n    {\n      \"Sid\": \"DenyUnEncryptedObjectUploads\",\n      \"Effect\": \"Deny\",\n      \"Action\": \"s3:PutObject\",\n      \"Resource\": \"arn:aws:s3:::unityhub-production-webapp-help-terraform-state/*\",\n      \"Principal\": {\n        \"AWS\": \"*\"\n      },\n      \"Condition\": {\n        \"Null\": {\n          \"s3:x-amz-server-side-encryption\": \"true\"\n        }\n      }\n    },\n    {\n      \"Sid\": \"EnforceTlsRequestsOnly\",\n      \"Effect\": \"Deny\",\n      \"Action\": \"s3:*\",\n      \"Resource\": [\n        \"arn:aws:s3:::unityhub-production-webapp-help-terraform-state/*\",\n        \"arn:aws:s3:::unityhub-production-webapp-help-terraform-state\"\n      ],\n      \"Principal\": {\n        \"AWS\": \"*\"\n      },\n      \"Condition\": {\n        \"Bool\": {\n          \"aws:SecureTransport\": \"false\"\n        }\n      }\n    }\n  ]\n}",
            "minified_json": "{\"Version\":\"2012-10-17\",\"Statement\":[{\"Sid\":\"DenyIncorrectEncryptionHeader\",\"Effect\":\"Deny\",\"Action\":\"s3:PutObject\",\"Resource\":\"arn:aws:s3:::unityhub-production-webapp-help-terraform-state/*\",\"Principal\":{\"AWS\":\"*\"},\"Condition\":{\"StringNotEquals\":{\"s3:x-amz-server-side-encryption\":[\"AES256\",\"aws:kms\"]}}},{\"Sid\":\"DenyUnEncryptedObjectUploads\",\"Effect\":\"Deny\",\"Action\":\"s3:PutObject\",\"Resource\":\"arn:aws:s3:::unityhub-production-webapp-help-terraform-state/*\",\"Principal\":{\"AWS\":\"*\"},\"Condition\":{\"Null\":{\"s3:x-amz-server-side-encryption\":\"true\"}}},{\"Sid\":\"EnforceTlsRequestsOnly\",\"Effect\":\"Deny\",\"Action\":\"s3:*\",\"Resource\":[\"arn:aws:s3:::unityhub-production-webapp-help-terraform-state/*\",\"arn:aws:s3:::unityhub-production-webapp-help-terraform-state\"],\"Principal\":{\"AWS\":\"*\"},\"Condition\":{\"Bool\":{\"aws:SecureTransport\":\"false\"}}}]}",
            "override_json": null,
            "override_policy_documents": null,
            "policy_id": null,
            "source_json": null,
            "source_policy_documents": null,
            "statement": [
              {
                "actions": [
                  "s3:PutObject"
                ],
                "condition": [
                  {
                    "test": "StringNotEquals",
                    "values": [
                      "AES256",
                      "aws:kms"
                    ],
                    "variable": "s3:x-amz-server-side-encryption"
                  }
                ],
                "effect": "Deny",
                "not_actions": [],
                "not_principals": [],
                "not_resources": [],
                "principals": [
                  {
                    "identifiers": [
                      "*"
                    ],
                    "type": "AWS"
                  }
                ],
                "resources": [
                  "arn:aws:s3:::unityhub-production-webapp-help-terraform-state/*"
                ],
                "sid": "DenyIncorrectEncryptionHeader"
              },
              {
                "actions": [
                  "s3:PutObject"
                ],
                "condition": [
                  {
                    "test": "Null",
                    "values": [
                      "true"
                    ],
                    "variable": "s3:x-amz-server-side-encryption"
                  }
                ],
                "effect": "Deny",
                "not_actions": [],
                "not_principals": [],
                "not_resources": [],
                "principals": [
                  {
                    "identifiers": [
                      "*"
                    ],
                    "type": "AWS"
                  }
                ],
                "resources": [
                  "arn:aws:s3:::unityhub-production-webapp-help-terraform-state/*"
                ],
                "sid": "DenyUnEncryptedObjectUploads"
              },
              {
                "actions": [
                  "s3:*"
                ],
                "condition": [
                  {
                    "test": "Bool",
                    "values": [
                      "false"
                    ],
                    "variable": "aws:SecureTransport"
                  }
                ],
                "effect": "Deny",
                "not_actions": [],
                "not_principals": [],
                "not_resources": [],
                "principals": [
                  {
                    "identifiers": [
                      "*"
                    ],
                    "type": "AWS"
                  }
                ],
                "resources": [
                  "arn:aws:s3:::unityhub-production-webapp-help-terraform-state",
                  "arn:aws:s3:::unityhub-production-webapp-help-terraform-state/*"
                ],
                "sid": "EnforceTlsRequestsOnly"
              }
            ],
            "version": "2012-10-17"
          },
          "sensitive_attributes": [],
          "identity_schema_version": 0
        }
      ]
    },
    {
      "module": "module.common_resources_staging.module.webapp.module.terraform_state_backend_webapp_help",
      "mode": "data",
      "type": "aws_region",
      "name": "current",
      "provider": "provider[\"registry.terraform.io/hashicorp/aws\"]",
      "instances": [
        {
          "schema_version": 0,
          "attributes": {
            "description": "US East (N. Virginia)",
            "endpoint": "ec2.us-east-1.amazonaws.com",
            "id": "us-east-1",
            "name": "us-east-1",
            "region": "us-east-1"
          },
          "sensitive_attributes": [],
          "identity_schema_version": 0
        }
      ]
    },
    {
      "module": "module.common_resources_staging.module.webapp.module.terraform_state_backend_webapp_help",
      "mode": "managed",
      "type": "aws_dynamodb_table",
      "name": "with_server_side_encryption",
      "provider": "provider[\"registry.terraform.io/hashicorp/aws\"]",
      "instances": [
        {
          "index_key": 0,
          "schema_version": 1,
          "attributes": {
            "arn": "arn:aws:dynamodb:us-east-1:514472330244:table/unityhub-production-webapp-help-terraform-state-lock",
            "attribute": [
              {
                "name": "LockID",
                "type": "S"
              }
            ],
            "billing_mode": "PAY_PER_REQUEST",
            "deletion_protection_enabled": false,
            "global_secondary_index": [],
            "global_table_witness": [],
            "hash_key": "LockID",
            "id": "unityhub-production-webapp-help-terraform-state-lock",
            "import_table": [],
            "local_secondary_index": [],
            "name": "unityhub-production-webapp-help-terraform-state-lock",
            "on_demand_throughput": [],
            "point_in_time_recovery": [
              {
                "enabled": true,
                "recovery_period_in_days": 35
              }
            ],
            "range_key": null,
            "read_capacity": 0,
            "region": "us-east-1",
            "replica": [],
            "restore_backup_arn": null,
            "restore_date_time": null,
            "restore_source_name": null,
            "restore_source_table_arn": null,
            "restore_to_latest_time": null,
            "server_side_encryption": [
              {
                "enabled": true,
                "kms_key_arn": ""
              }
            ],
            "stream_arn": "",
            "stream_enabled": false,
            "stream_label": "",
            "stream_view_type": "",
            "table_class": "STANDARD",
            "tags": {
              "Attributes": "terraform-state-lock",
              "Name": "unityhub-production-webapp-help-terraform-state-lock",
              "Namespace": "unityhub",
              "Stage": "production"
            },
            "tags_all": {
              "Attributes": "terraform-state-lock",
              "Name": "unityhub-production-webapp-help-terraform-state-lock",
              "Namespace": "unityhub",
              "Stage": "production"
            },
            "timeouts": null,
            "ttl": [
              {
                "attribute_name": "",
                "enabled": false
              }
            ],
            "warm_throughput": [],
            "write_capacity": 0
          },
          "sensitive_attributes": [],
          "identity_schema_version": 0,
          "identity": {
            "account_id": "514472330244",
            "name": "unityhub-production-webapp-help-terraform-state-lock",
            "region": "us-east-1"
          },
          "private": "eyJlMmJmYjczMC1lY2FhLTExZTYtOGY4OC0zNDM2M2JjN2M0YzAiOnsiY3JlYXRlIjoxODAwMDAwMDAwMDAwLCJkZWxldGUiOjYwMDAwMDAwMDAwMCwidXBkYXRlIjozNjAwMDAwMDAwMDAwfSwic2NoZW1hX3ZlcnNpb24iOiIxIn0="
        }
      ]
    },
    {
      "module": "module.common_resources_staging.module.webapp.module.terraform_state_backend_webapp_help",
      "mode": "managed",
      "type": "aws_s3_bucket",
      "name": "default",
      "provider": "provider[\"registry.terraform.io/hashicorp/aws\"]",
      "instances": [
        {
          "index_key": 0,
          "schema_version": 0,
          "attributes": {
            "acceleration_status": "",
            "acl": null,
            "arn": "arn:aws:s3:::unityhub-production-webapp-help-terraform-state",
            "bucket": "unityhub-production-webapp-help-terraform-state",
            "bucket_domain_name": "unityhub-production-webapp-help-terraform-state.s3.amazonaws.com",
            "bucket_namespace": "global",
            "bucket_prefix": "",
            "bucket_region": "us-east-1",
            "bucket_regional_domain_name": "unityhub-production-webapp-help-terraform-state.s3.us-east-1.amazonaws.com",
            "cors_rule": [],
            "force_destroy": true,
            "grant": [
              {
                "id": "bea86176a486e69a83b4227063efa3be9eb4b243551739d81a6a4b41ec8b3461",
                "permissions": [
                  "FULL_CONTROL"
                ],
                "type": "CanonicalUser",
                "uri": ""
              }
            ],
            "hosted_zone_id": "Z3AQBSTGFYJSTF",
            "id": "unityhub-production-webapp-help-terraform-state",
            "lifecycle_rule": [],
            "logging": [],
            "object_lock_configuration": [],
            "object_lock_enabled": false,
            "policy": "{\"Statement\":[{\"Action\":\"s3:PutObject\",\"Condition\":{\"StringNotEquals\":{\"s3:x-amz-server-side-encryption\":[\"AES256\",\"aws:kms\"]}},\"Effect\":\"Deny\",\"Principal\":{\"AWS\":\"*\"},\"Resource\":\"arn:aws:s3:::unityhub-production-webapp-help-terraform-state/*\",\"Sid\":\"DenyIncorrectEncryptionHeader\"},{\"Action\":\"s3:PutObject\",\"Condition\":{\"Null\":{\"s3:x-amz-server-side-encryption\":\"true\"}},\"Effect\":\"Deny\",\"Principal\":{\"AWS\":\"*\"},\"Resource\":\"arn:aws:s3:::unityhub-production-webapp-help-terraform-state/*\",\"Sid\":\"DenyUnEncryptedObjectUploads\"},{\"Action\":\"s3:*\",\"Condition\":{\"Bool\":{\"aws:SecureTransport\":\"false\"}},\"Effect\":\"Deny\",\"Principal\":{\"AWS\":\"*\"},\"Resource\":[\"arn:aws:s3:::unityhub-production-webapp-help-terraform-state/*\",\"arn:aws:s3:::unityhub-production-webapp-help-terraform-state\"],\"Sid\":\"EnforceTlsRequestsOnly\"}],\"Version\":\"2012-10-17\"}",
            "region": "us-east-1",
            "replication_configuration": [],
            "request_payer": "BucketOwner",
            "server_side_encryption_configuration": [
              {
                "rule": [
                  {
                    "apply_server_side_encryption_by_default": [
                      {
                        "kms_master_key_id": "",
                        "sse_algorithm": "AES256"
                      }
                    ],
                    "bucket_key_enabled": false
                  }
                ]
              }
            ],
            "tags": {
              "Attributes": "terraform-state",
              "Name": "unityhub-production-webapp-help-terraform-state",
              "Namespace": "unityhub",
              "Stage": "production"
            },
            "tags_all": {
              "Attributes": "terraform-state",
              "Name": "unityhub-production-webapp-help-terraform-state",
              "Namespace": "unityhub",
              "Stage": "production"
            },
            "timeouts": null,
            "versioning": [
              {
                "enabled": true,
                "mfa_delete": false
              }
            ],
            "website": [],
            "website_domain": null,
            "website_endpoint": null
          },
          "sensitive_attributes": [],
          "identity_schema_version": 0,
          "identity": {
            "account_id": "514472330244",
            "bucket": "unityhub-production-webapp-help-terraform-state",
            "region": "us-east-1"
          },
          "private": "eyJlMmJmYjczMC1lY2FhLTExZTYtOGY4OC0zNDM2M2JjN2M0YzAiOnsiY3JlYXRlIjoxMjAwMDAwMDAwMDAwLCJkZWxldGUiOjM2MDAwMDAwMDAwMDAsInJlYWQiOjEyMDAwMDAwMDAwMDAsInVwZGF0ZSI6MTIwMDAwMDAwMDAwMH19"
        }
      ]
    },
    {
      "module": "module.common_resources_staging.module.webapp.module.terraform_state_backend_webapp_help",
      "mode": "managed",
      "type": "aws_s3_bucket_ownership_controls",
      "name": "default",
      "provider": "provider[\"registry.terraform.io/hashicorp/aws\"]",
      "instances": [
        {
          "index_key": 0,
          "schema_version": 0,
          "attributes": {
            "bucket": "unityhub-production-webapp-help-terraform-state",
            "id": "unityhub-production-webapp-help-terraform-state",
            "region": "us-east-1",
            "rule": [
              {
                "object_ownership": "BucketOwnerEnforced"
              }
            ]
          },
          "sensitive_attributes": [],
          "identity_schema_version": 0,
          "identity": {
            "account_id": "514472330244",
            "bucket": "unityhub-production-webapp-help-terraform-state",
            "region": "us-east-1"
          },
          "private": "bnVsbA==",
          "dependencies": [
            "module.common_resources_staging.module.webapp.module.terraform_state_backend_webapp_help.aws_s3_bucket.default"
          ]
        }
      ]
    },
    {
      "module": "module.common_resources_staging.module.webapp.module.terraform_state_backend_webapp_help",
      "mode": "managed",
      "type": "aws_s3_bucket_policy",
      "name": "default",
      "provider": "provider[\"registry.terraform.io/hashicorp/aws\"]",
      "instances": [
        {
          "index_key": 0,
          "schema_version": 0,
          "attributes": {
            "bucket": "unityhub-production-webapp-help-terraform-state",
            "id": "unityhub-production-webapp-help-terraform-state",
            "policy": "{\"Statement\":[{\"Action\":\"s3:PutObject\",\"Condition\":{\"StringNotEquals\":{\"s3:x-amz-server-side-encryption\":[\"AES256\",\"aws:kms\"]}},\"Effect\":\"Deny\",\"Principal\":{\"AWS\":\"*\"},\"Resource\":\"arn:aws:s3:::unityhub-production-webapp-help-terraform-state/*\",\"Sid\":\"DenyIncorrectEncryptionHeader\"},{\"Action\":\"s3:PutObject\",\"Condition\":{\"Null\":{\"s3:x-amz-server-side-encryption\":\"true\"}},\"Effect\":\"Deny\",\"Principal\":{\"AWS\":\"*\"},\"Resource\":\"arn:aws:s3:::unityhub-production-webapp-help-terraform-state/*\",\"Sid\":\"DenyUnEncryptedObjectUploads\"},{\"Action\":\"s3:*\",\"Condition\":{\"Bool\":{\"aws:SecureTransport\":\"false\"}},\"Effect\":\"Deny\",\"Principal\":{\"AWS\":\"*\"},\"Resource\":[\"arn:aws:s3:::unityhub-production-webapp-help-terraform-state/*\",\"arn:aws:s3:::unityhub-production-webapp-help-terraform-state\"],\"Sid\":\"EnforceTlsRequestsOnly\"}],\"Version\":\"2012-10-17\"}",
            "region": "us-east-1"
          },
          "sensitive_attributes": [],
          "identity_schema_version": 0,
          "identity": {
            "account_id": "514472330244",
            "bucket": "unityhub-production-webapp-help-terraform-state",
            "region": "us-east-1"
          },
          "private": "bnVsbA==",
          "dependencies": [
            "module.common_resources_staging.module.webapp.module.terraform_state_backend_webapp_help.aws_s3_bucket.default",
            "module.common_resources_staging.module.webapp.module.terraform_state_backend_webapp_help.data.aws_iam_policy_document.prevent_unencrypted_uploads"
          ]
        }
      ]
    },
    {
      "module": "module.common_resources_staging.module.webapp.module.terraform_state_backend_webapp_help",
      "mode": "managed",
      "type": "aws_s3_bucket_public_access_block",
      "name": "default",
      "provider": "provider[\"registry.terraform.io/hashicorp/aws\"]",
      "instances": [
        {
          "index_key": 0,
          "schema_version": 0,
          "attributes": {
            "block_public_acls": true,
            "block_public_policy": true,
            "bucket": "unityhub-production-webapp-help-terraform-state",
            "id": "unityhub-production-webapp-help-terraform-state",
            "ignore_public_acls": true,
            "region": "us-east-1",
            "restrict_public_buckets": true,
            "skip_destroy": null
          },
          "sensitive_attributes": [],
          "identity_schema_version": 0,
          "identity": {
            "account_id": "514472330244",
            "bucket": "unityhub-production-webapp-help-terraform-state",
            "region": "us-east-1"
          },
          "private": "bnVsbA==",
          "dependencies": [
            "module.common_resources_staging.module.webapp.module.terraform_state_backend_webapp_help.aws_s3_bucket.default"
          ]
        }
      ]
    },
    {
      "module": "module.common_resources_staging.module.webapp.module.terraform_state_backend_webapp_help",
      "mode": "managed",
      "type": "aws_s3_bucket_server_side_encryption_configuration",
      "name": "default",
      "provider": "provider[\"registry.terraform.io/hashicorp/aws\"]",
      "instances": [
        {
          "index_key": 0,
          "schema_version": 0,
          "attributes": {
            "bucket": "unityhub-production-webapp-help-terraform-state",
            "expected_bucket_owner": "",
            "id": "unityhub-production-webapp-help-terraform-state",
            "region": "us-east-1",
            "rule": [
              {
                "apply_server_side_encryption_by_default": [
                  {
                    "kms_master_key_id": "",
                    "sse_algorithm": "AES256"
                  }
                ],
                "blocked_encryption_types": [
                  "SSE-C"
                ],
                "bucket_key_enabled": false
              }
            ]
          },
          "sensitive_attributes": [],
          "identity_schema_version": 1,
          "identity": {
            "account_id": "514472330244",
            "bucket": "unityhub-production-webapp-help-terraform-state",
            "region": "us-east-1"
          },
          "private": "bnVsbA==",
          "dependencies": [
            "module.common_resources_staging.module.webapp.module.terraform_state_backend_webapp_help.aws_s3_bucket.default"
          ]
        }
      ]
    },
    {
      "module": "module.common_resources_staging.module.webapp.module.terraform_state_backend_webapp_help",
      "mode": "managed",
      "type": "aws_s3_bucket_versioning",
      "name": "default",
      "provider": "provider[\"registry.terraform.io/hashicorp/aws\"]",
      "instances": [
        {
          "index_key": 0,
          "schema_version": 0,
          "attributes": {
            "bucket": "unityhub-production-webapp-help-terraform-state",
            "expected_bucket_owner": "",
            "id": "unityhub-production-webapp-help-terraform-state",
            "mfa": null,
            "region": "us-east-1",
            "versioning_configuration": [
              {
                "mfa_delete": "Disabled",
                "status": "Enabled"
              }
            ]
          },
          "sensitive_attributes": [],
          "identity_schema_version": 1,
          "identity": {
            "account_id": "514472330244",
            "bucket": "unityhub-production-webapp-help-terraform-state",
            "region": "us-east-1"
          },
          "private": "bnVsbA==",
          "dependencies": [
            "module.common_resources_staging.module.webapp.module.terraform_state_backend_webapp_help.aws_s3_bucket.default"
          ]
        }
      ]
    },
    {
      "module": "module.common_resources_staging.module.webapp.module.terraform_state_backend_webapp_help",
      "mode": "managed",
      "type": "local_file",
      "name": "terraform_backend_config",
      "provider": "provider[\"registry.terraform.io/hashicorp/local\"]",
      "instances": [
        {
          "index_key": 0,
          "schema_version": 0,
          "attributes": {
            "content": "terraform {\n  required_version = \"\u003e= 1.0.0\"\n\n  backend \"s3\" {\n    region         = \"us-east-1\"\n    bucket         = \"unityhub-production-webapp-help-terraform-state\"\n    key            = \"terraform.tfstate\"\n    dynamodb_table = \"unityhub-production-webapp-help-terraform-state-lock\"\n    profile        = \"\"\n    role_arn       = \"\"\n    encrypt        = \"true\"\n  }\n}\n",
            "content_base64": null,
            "content_base64sha256": "bz8prK68KLZ5BvjQN1VSEi6A9e+4dA8JodEADcG5l+w=",
            "content_base64sha512": "eDSk2fohyBDHKSJ+Lf8V1Cfg8MZQ7MFXouPtas/Mli/ovLkB49xS3jUFwsBr75p0ubor0vJAFjwIRXDcHfqf1Q==",
            "content_md5": "9bd30cc5f01bf645a1ff71b778c9cc49",
            "content_sha1": "a0a6f84276dd1aece73544697d63fd38f90e4837",
            "content_sha256": "6f3f29acaebc28b67906f8d0375552122e80f5efb8740f09a1d1000dc1b997ec",
            "content_sha512": "7834a4d9fa21c810c729227e2dff15d427e0f0c650ecc157a2e3ed6acfcc962fe8bcb901e3dc52de3505c2c06bef9a74b9ba2bd2f240163c084570dc1dfa9fd5",
            "directory_permission": "0777",
            "file_permission": "0644",
            "filename": "./backend/backend_webapp_help.tf",
            "id": "a0a6f84276dd1aece73544697d63fd38f90e4837",
            "sensitive_content": null,
            "source": null
          },
          "sensitive_attributes": [
            [
              {
                "type": "get_attr",
                "value": "sensitive_content"
              }
            ]
          ],
          "identity_schema_version": 0,
          "dependencies": [
            "module.common_resources_staging.module.webapp.module.terraform_state_backend_webapp_help.aws_dynamodb_table.with_server_side_encryption",
            "module.common_resources_staging.module.webapp.module.terraform_state_backend_webapp_help.aws_s3_bucket.default",
            "module.common_resources_staging.module.webapp.module.terraform_state_backend_webapp_help.data.aws_region.current"
          ]
        }
      ]
    },
    {
      "module": "module.common_resources_staging.module.webapp.module.terraform_state_backend_webapp_shared",
      "mode": "data",
      "type": "aws_iam_policy_document",
      "name": "prevent_unencrypted_uploads",
      "provider": "provider[\"registry.terraform.io/hashicorp/aws\"]",
      "instances": [
        {
          "index_key": 0,
          "schema_version": 0,
          "attributes": {
            "id": "3089283394",
            "json": "{\n  \"Version\": \"2012-10-17\",\n  \"Statement\": [\n    {\n      \"Sid\": \"DenyIncorrectEncryptionHeader\",\n      \"Effect\": \"Deny\",\n      \"Action\": \"s3:PutObject\",\n      \"Resource\": \"arn:aws:s3:::unityhub-production-webapp-shared-terraform-state/*\",\n      \"Principal\": {\n        \"AWS\": \"*\"\n      },\n      \"Condition\": {\n        \"StringNotEquals\": {\n          \"s3:x-amz-server-side-encryption\": [\n            \"AES256\",\n            \"aws:kms\"\n          ]\n        }\n      }\n    },\n    {\n      \"Sid\": \"DenyUnEncryptedObjectUploads\",\n      \"Effect\": \"Deny\",\n      \"Action\": \"s3:PutObject\",\n      \"Resource\": \"arn:aws:s3:::unityhub-production-webapp-shared-terraform-state/*\",\n      \"Principal\": {\n        \"AWS\": \"*\"\n      },\n      \"Condition\": {\n        \"Null\": {\n          \"s3:x-amz-server-side-encryption\": \"true\"\n        }\n      }\n    },\n    {\n      \"Sid\": \"EnforceTlsRequestsOnly\",\n      \"Effect\": \"Deny\",\n      \"Action\": \"s3:*\",\n      \"Resource\": [\n        \"arn:aws:s3:::unityhub-production-webapp-shared-terraform-state/*\",\n        \"arn:aws:s3:::unityhub-production-webapp-shared-terraform-state\"\n      ],\n      \"Principal\": {\n        \"AWS\": \"*\"\n      },\n      \"Condition\": {\n        \"Bool\": {\n          \"aws:SecureTransport\": \"false\"\n        }\n      }\n    }\n  ]\n}",
            "minified_json": "{\"Version\":\"2012-10-17\",\"Statement\":[{\"Sid\":\"DenyIncorrectEncryptionHeader\",\"Effect\":\"Deny\",\"Action\":\"s3:PutObject\",\"Resource\":\"arn:aws:s3:::unityhub-production-webapp-shared-terraform-state/*\",\"Principal\":{\"AWS\":\"*\"},\"Condition\":{\"StringNotEquals\":{\"s3:x-amz-server-side-encryption\":[\"AES256\",\"aws:kms\"]}}},{\"Sid\":\"DenyUnEncryptedObjectUploads\",\"Effect\":\"Deny\",\"Action\":\"s3:PutObject\",\"Resource\":\"arn:aws:s3:::unityhub-production-webapp-shared-terraform-state/*\",\"Principal\":{\"AWS\":\"*\"},\"Condition\":{\"Null\":{\"s3:x-amz-server-side-encryption\":\"true\"}}},{\"Sid\":\"EnforceTlsRequestsOnly\",\"Effect\":\"Deny\",\"Action\":\"s3:*\",\"Resource\":[\"arn:aws:s3:::unityhub-production-webapp-shared-terraform-state/*\",\"arn:aws:s3:::unityhub-production-webapp-shared-terraform-state\"],\"Principal\":{\"AWS\":\"*\"},\"Condition\":{\"Bool\":{\"aws:SecureTransport\":\"false\"}}}]}",
            "override_json": null,
            "override_policy_documents": null,
            "policy_id": null,
            "source_json": null,
            "source_policy_documents": null,
            "statement": [
              {
                "actions": [
                  "s3:PutObject"
                ],
                "condition": [
                  {
                    "test": "StringNotEquals",
                    "values": [
                      "AES256",
                      "aws:kms"
                    ],
                    "variable": "s3:x-amz-server-side-encryption"
                  }
                ],
                "effect": "Deny",
                "not_actions": [],
                "not_principals": [],
                "not_resources": [],
                "principals": [
                  {
                    "identifiers": [
                      "*"
                    ],
                    "type": "AWS"
                  }
                ],
                "resources": [
                  "arn:aws:s3:::unityhub-production-webapp-shared-terraform-state/*"
                ],
                "sid": "DenyIncorrectEncryptionHeader"
              },
              {
                "actions": [
                  "s3:PutObject"
                ],
                "condition": [
                  {
                    "test": "Null",
                    "values": [
                      "true"
                    ],
                    "variable": "s3:x-amz-server-side-encryption"
                  }
                ],
                "effect": "Deny",
                "not_actions": [],
                "not_principals": [],
                "not_resources": [],
                "principals": [
                  {
                    "identifiers": [
                      "*"
                    ],
                    "type": "AWS"
                  }
                ],
                "resources": [
                  "arn:aws:s3:::unityhub-production-webapp-shared-terraform-state/*"
                ],
                "sid": "DenyUnEncryptedObjectUploads"
              },
              {
                "actions": [
                  "s3:*"
                ],
                "condition": [
                  {
                    "test": "Bool",
                    "values": [
                      "false"
                    ],
                    "variable": "aws:SecureTransport"
                  }
                ],
                "effect": "Deny",
                "not_actions": [],
                "not_principals": [],
                "not_resources": [],
                "principals": [
                  {
                    "identifiers": [
                      "*"
                    ],
                    "type": "AWS"
                  }
                ],
                "resources": [
                  "arn:aws:s3:::unityhub-production-webapp-shared-terraform-state",
                  "arn:aws:s3:::unityhub-production-webapp-shared-terraform-state/*"
                ],
                "sid": "EnforceTlsRequestsOnly"
              }
            ],
            "version": "2012-10-17"
          },
          "sensitive_attributes": [],
          "identity_schema_version": 0
        }
      ]
    },
    {
      "module": "module.common_resources_staging.module.webapp.module.terraform_state_backend_webapp_shared",
      "mode": "data",
      "type": "aws_region",
      "name": "current",
      "provider": "provider[\"registry.terraform.io/hashicorp/aws\"]",
      "instances": [
        {
          "schema_version": 0,
          "attributes": {
            "description": "US East (N. Virginia)",
            "endpoint": "ec2.us-east-1.amazonaws.com",
            "id": "us-east-1",
            "name": "us-east-1",
            "region": "us-east-1"
          },
          "sensitive_attributes": [],
          "identity_schema_version": 0
        }
      ]
    },
    {
      "module": "module.common_resources_staging.module.webapp.module.terraform_state_backend_webapp_shared",
      "mode": "managed",
      "type": "aws_dynamodb_table",
      "name": "with_server_side_encryption",
      "provider": "provider[\"registry.terraform.io/hashicorp/aws\"]",
      "instances": [
        {
          "index_key": 0,
          "schema_version": 1,
          "attributes": {
            "arn": "arn:aws:dynamodb:us-east-1:514472330244:table/unityhub-production-webapp-shared-terraform-state-lock",
            "attribute": [
              {
                "name": "LockID",
                "type": "S"
              }
            ],
            "billing_mode": "PAY_PER_REQUEST",
            "deletion_protection_enabled": false,
            "global_secondary_index": [],
            "global_table_witness": [],
            "hash_key": "LockID",
            "id": "unityhub-production-webapp-shared-terraform-state-lock",
            "import_table": [],
            "local_secondary_index": [],
            "name": "unityhub-production-webapp-shared-terraform-state-lock",
            "on_demand_throughput": [],
            "point_in_time_recovery": [
              {
                "enabled": true,
                "recovery_period_in_days": 35
              }
            ],
            "range_key": null,
            "read_capacity": 0,
            "region": "us-east-1",
            "replica": [],
            "restore_backup_arn": null,
            "restore_date_time": null,
            "restore_source_name": null,
            "restore_source_table_arn": null,
            "restore_to_latest_time": null,
            "server_side_encryption": [
              {
                "enabled": true,
                "kms_key_arn": ""
              }
            ],
            "stream_arn": "",
            "stream_enabled": false,
            "stream_label": "",
            "stream_view_type": "",
            "table_class": "STANDARD",
            "tags": {
              "Attributes": "terraform-state-lock",
              "Name": "unityhub-production-webapp-shared-terraform-state-lock",
              "Namespace": "unityhub",
              "Stage": "production"
            },
            "tags_all": {
              "Attributes": "terraform-state-lock",
              "Name": "unityhub-production-webapp-shared-terraform-state-lock",
              "Namespace": "unityhub",
              "Stage": "production"
            },
            "timeouts": null,
            "ttl": [
              {
                "attribute_name": "",
                "enabled": false
              }
            ],
            "warm_throughput": [],
            "write_capacity": 0
          },
          "sensitive_attributes": [],
          "identity_schema_version": 0,
          "identity": {
            "account_id": "514472330244",
            "name": "unityhub-production-webapp-shared-terraform-state-lock",
            "region": "us-east-1"
          },
          "private": "eyJlMmJmYjczMC1lY2FhLTExZTYtOGY4OC0zNDM2M2JjN2M0YzAiOnsiY3JlYXRlIjoxODAwMDAwMDAwMDAwLCJkZWxldGUiOjYwMDAwMDAwMDAwMCwidXBkYXRlIjozNjAwMDAwMDAwMDAwfSwic2NoZW1hX3ZlcnNpb24iOiIxIn0="
        }
      ]
    },
    {
      "module": "module.common_resources_staging.module.webapp.module.terraform_state_backend_webapp_shared",
      "mode": "managed",
      "type": "aws_s3_bucket",
      "name": "default",
      "provider": "provider[\"registry.terraform.io/hashicorp/aws\"]",
      "instances": [
        {
          "index_key": 0,
          "schema_version": 0,
          "attributes": {
            "acceleration_status": "",
            "acl": null,
            "arn": "arn:aws:s3:::unityhub-production-webapp-shared-terraform-state",
            "bucket": "unityhub-production-webapp-shared-terraform-state",
            "bucket_domain_name": "unityhub-production-webapp-shared-terraform-state.s3.amazonaws.com",
            "bucket_namespace": "global",
            "bucket_prefix": "",
            "bucket_region": "us-east-1",
            "bucket_regional_domain_name": "unityhub-production-webapp-shared-terraform-state.s3.us-east-1.amazonaws.com",
            "cors_rule": [],
            "force_destroy": true,
            "grant": [
              {
                "id": "bea86176a486e69a83b4227063efa3be9eb4b243551739d81a6a4b41ec8b3461",
                "permissions": [
                  "FULL_CONTROL"
                ],
                "type": "CanonicalUser",
                "uri": ""
              }
            ],
            "hosted_zone_id": "Z3AQBSTGFYJSTF",
            "id": "unityhub-production-webapp-shared-terraform-state",
            "lifecycle_rule": [],
            "logging": [],
            "object_lock_configuration": [],
            "object_lock_enabled": false,
            "policy": "{\"Statement\":[{\"Action\":\"s3:PutObject\",\"Condition\":{\"StringNotEquals\":{\"s3:x-amz-server-side-encryption\":[\"AES256\",\"aws:kms\"]}},\"Effect\":\"Deny\",\"Principal\":{\"AWS\":\"*\"},\"Resource\":\"arn:aws:s3:::unityhub-production-webapp-shared-terraform-state/*\",\"Sid\":\"DenyIncorrectEncryptionHeader\"},{\"Action\":\"s3:PutObject\",\"Condition\":{\"Null\":{\"s3:x-amz-server-side-encryption\":\"true\"}},\"Effect\":\"Deny\",\"Principal\":{\"AWS\":\"*\"},\"Resource\":\"arn:aws:s3:::unityhub-production-webapp-shared-terraform-state/*\",\"Sid\":\"DenyUnEncryptedObjectUploads\"},{\"Action\":\"s3:*\",\"Condition\":{\"Bool\":{\"aws:SecureTransport\":\"false\"}},\"Effect\":\"Deny\",\"Principal\":{\"AWS\":\"*\"},\"Resource\":[\"arn:aws:s3:::unityhub-production-webapp-shared-terraform-state/*\",\"arn:aws:s3:::unityhub-production-webapp-shared-terraform-state\"],\"Sid\":\"EnforceTlsRequestsOnly\"}],\"Version\":\"2012-10-17\"}",
            "region": "us-east-1",
            "replication_configuration": [],
            "request_payer": "BucketOwner",
            "server_side_encryption_configuration": [
              {
                "rule": [
                  {
                    "apply_server_side_encryption_by_default": [
                      {
                        "kms_master_key_id": "",
                        "sse_algorithm": "AES256"
                      }
                    ],
                    "bucket_key_enabled": false
                  }
                ]
              }
            ],
            "tags": {
              "Attributes": "terraform-state",
              "Name": "unityhub-production-webapp-shared-terraform-state",
              "Namespace": "unityhub",
              "Stage": "production"
            },
            "tags_all": {
              "Attributes": "terraform-state",
              "Name": "unityhub-production-webapp-shared-terraform-state",
              "Namespace": "unityhub",
              "Stage": "production"
            },
            "timeouts": null,
            "versioning": [
              {
                "enabled": true,
                "mfa_delete": false
              }
            ],
            "website": [],
            "website_domain": null,
            "website_endpoint": null
          },
          "sensitive_attributes": [],
          "identity_schema_version": 0,
          "identity": {
            "account_id": "514472330244",
            "bucket": "unityhub-production-webapp-shared-terraform-state",
            "region": "us-east-1"
          },
          "private": "eyJlMmJmYjczMC1lY2FhLTExZTYtOGY4OC0zNDM2M2JjN2M0YzAiOnsiY3JlYXRlIjoxMjAwMDAwMDAwMDAwLCJkZWxldGUiOjM2MDAwMDAwMDAwMDAsInJlYWQiOjEyMDAwMDAwMDAwMDAsInVwZGF0ZSI6MTIwMDAwMDAwMDAwMH19"
        }
      ]
    },
    {
      "module": "module.common_resources_staging.module.webapp.module.terraform_state_backend_webapp_shared",
      "mode": "managed",
      "type": "aws_s3_bucket_ownership_controls",
      "name": "default",
      "provider": "provider[\"registry.terraform.io/hashicorp/aws\"]",
      "instances": [
        {
          "index_key": 0,
          "schema_version": 0,
          "attributes": {
            "bucket": "unityhub-production-webapp-shared-terraform-state",
            "id": "unityhub-production-webapp-shared-terraform-state",
            "region": "us-east-1",
            "rule": [
              {
                "object_ownership": "BucketOwnerEnforced"
              }
            ]
          },
          "sensitive_attributes": [],
          "identity_schema_version": 0,
          "identity": {
            "account_id": "514472330244",
            "bucket": "unityhub-production-webapp-shared-terraform-state",
            "region": "us-east-1"
          },
          "private": "bnVsbA==",
          "dependencies": [
            "module.common_resources_staging.module.webapp.module.terraform_state_backend_webapp_shared.aws_s3_bucket.default"
          ]
        }
      ]
    },
    {
      "module": "module.common_resources_staging.module.webapp.module.terraform_state_backend_webapp_shared",
      "mode": "managed",
      "type": "aws_s3_bucket_policy",
      "name": "default",
      "provider": "provider[\"registry.terraform.io/hashicorp/aws\"]",
      "instances": [
        {
          "index_key": 0,
          "schema_version": 0,
          "attributes": {
            "bucket": "unityhub-production-webapp-shared-terraform-state",
            "id": "unityhub-production-webapp-shared-terraform-state",
            "policy": "{\"Statement\":[{\"Action\":\"s3:PutObject\",\"Condition\":{\"StringNotEquals\":{\"s3:x-amz-server-side-encryption\":[\"AES256\",\"aws:kms\"]}},\"Effect\":\"Deny\",\"Principal\":{\"AWS\":\"*\"},\"Resource\":\"arn:aws:s3:::unityhub-production-webapp-shared-terraform-state/*\",\"Sid\":\"DenyIncorrectEncryptionHeader\"},{\"Action\":\"s3:PutObject\",\"Condition\":{\"Null\":{\"s3:x-amz-server-side-encryption\":\"true\"}},\"Effect\":\"Deny\",\"Principal\":{\"AWS\":\"*\"},\"Resource\":\"arn:aws:s3:::unityhub-production-webapp-shared-terraform-state/*\",\"Sid\":\"DenyUnEncryptedObjectUploads\"},{\"Action\":\"s3:*\",\"Condition\":{\"Bool\":{\"aws:SecureTransport\":\"false\"}},\"Effect\":\"Deny\",\"Principal\":{\"AWS\":\"*\"},\"Resource\":[\"arn:aws:s3:::unityhub-production-webapp-shared-terraform-state/*\",\"arn:aws:s3:::unityhub-production-webapp-shared-terraform-state\"],\"Sid\":\"EnforceTlsRequestsOnly\"}],\"Version\":\"2012-10-17\"}",
            "region": "us-east-1"
          },
          "sensitive_attributes": [],
          "identity_schema_version": 0,
          "identity": {
            "account_id": "514472330244",
            "bucket": "unityhub-production-webapp-shared-terraform-state",
            "region": "us-east-1"
          },
          "private": "bnVsbA==",
          "dependencies": [
            "module.common_resources_staging.module.webapp.module.terraform_state_backend_webapp_shared.aws_s3_bucket.default",
            "module.common_resources_staging.module.webapp.module.terraform_state_backend_webapp_shared.data.aws_iam_policy_document.prevent_unencrypted_uploads"
          ]
        }
      ]
    },
    {
      "module": "module.common_resources_staging.module.webapp.module.terraform_state_backend_webapp_shared",
      "mode": "managed",
      "type": "aws_s3_bucket_public_access_block",
      "name": "default",
      "provider": "provider[\"registry.terraform.io/hashicorp/aws\"]",
      "instances": [
        {
          "index_key": 0,
          "schema_version": 0,
          "attributes": {
            "block_public_acls": true,
            "block_public_policy": true,
            "bucket": "unityhub-production-webapp-shared-terraform-state",
            "id": "unityhub-production-webapp-shared-terraform-state",
            "ignore_public_acls": true,
            "region": "us-east-1",
            "restrict_public_buckets": true,
            "skip_destroy": null
          },
          "sensitive_attributes": [],
          "identity_schema_version": 0,
          "identity": {
            "account_id": "514472330244",
            "bucket": "unityhub-production-webapp-shared-terraform-state",
            "region": "us-east-1"
          },
          "private": "bnVsbA==",
          "dependencies": [
            "module.common_resources_staging.module.webapp.module.terraform_state_backend_webapp_shared.aws_s3_bucket.default"
          ]
        }
      ]
    },
    {
      "module": "module.common_resources_staging.module.webapp.module.terraform_state_backend_webapp_shared",
      "mode": "managed",
      "type": "aws_s3_bucket_server_side_encryption_configuration",
      "name": "default",
      "provider": "provider[\"registry.terraform.io/hashicorp/aws\"]",
      "instances": [
        {
          "index_key": 0,
          "schema_version": 0,
          "attributes": {
            "bucket": "unityhub-production-webapp-shared-terraform-state",
            "expected_bucket_owner": "",
            "id": "unityhub-production-webapp-shared-terraform-state",
            "region": "us-east-1",
            "rule": [
              {
                "apply_server_side_encryption_by_default": [
                  {
                    "kms_master_key_id": "",
                    "sse_algorithm": "AES256"
                  }
                ],
                "blocked_encryption_types": [
                  "SSE-C"
                ],
                "bucket_key_enabled": false
              }
            ]
          },
          "sensitive_attributes": [],
          "identity_schema_version": 1,
          "identity": {
            "account_id": "514472330244",
            "bucket": "unityhub-production-webapp-shared-terraform-state",
            "region": "us-east-1"
          },
          "private": "bnVsbA==",
          "dependencies": [
            "module.common_resources_staging.module.webapp.module.terraform_state_backend_webapp_shared.aws_s3_bucket.default"
          ]
        }
      ]
    },
    {
      "module": "module.common_resources_staging.module.webapp.module.terraform_state_backend_webapp_shared",
      "mode": "managed",
      "type": "aws_s3_bucket_versioning",
      "name": "default",
      "provider": "provider[\"registry.terraform.io/hashicorp/aws\"]",
      "instances": [
        {
          "index_key": 0,
          "schema_version": 0,
          "attributes": {
            "bucket": "unityhub-production-webapp-shared-terraform-state",
            "expected_bucket_owner": "",
            "id": "unityhub-production-webapp-shared-terraform-state",
            "mfa": null,
            "region": "us-east-1",
            "versioning_configuration": [
              {
                "mfa_delete": "Disabled",
                "status": "Enabled"
              }
            ]
          },
          "sensitive_attributes": [],
          "identity_schema_version": 1,
          "identity": {
            "account_id": "514472330244",
            "bucket": "unityhub-production-webapp-shared-terraform-state",
            "region": "us-east-1"
          },
          "private": "bnVsbA==",
          "dependencies": [
            "module.common_resources_staging.module.webapp.module.terraform_state_backend_webapp_shared.aws_s3_bucket.default"
          ]
        }
      ]
    },
    {
      "module": "module.common_resources_staging.module.webapp.module.terraform_state_backend_webapp_shared",
      "mode": "managed",
      "type": "local_file",
      "name": "terraform_backend_config",
      "provider": "provider[\"registry.terraform.io/hashicorp/local\"]",
      "instances": [
        {
          "index_key": 0,
          "schema_version": 0,
          "attributes": {
            "content": "terraform {\n  required_version = \"\u003e= 1.0.0\"\n\n  backend \"s3\" {\n    region         = \"us-east-1\"\n    bucket         = \"unityhub-production-webapp-shared-terraform-state\"\n    key            = \"terraform.tfstate\"\n    dynamodb_table = \"unityhub-production-webapp-shared-terraform-state-lock\"\n    profile        = \"\"\n    role_arn       = \"\"\n    encrypt        = \"true\"\n  }\n}\n",
            "content_base64": null,
            "content_base64sha256": "3JPbJPPru/+5U7vqu7ZkM7Ry7vw3NPLgkE+BLHcwgqg=",
            "content_base64sha512": "mY0zJBW1JjV2kCFKYoPD9ysPpj/fg2sUJUPI6v5v5K2f7OUNSGt0+X6OIaiCignjKnMjXqel11GWao16tMdV5w==",
            "content_md5": "ec0d56573c2b4089dad9ff27cbc79124",
            "content_sha1": "55158d89fb5aa2b320a27f025f44d30bc9dd72fa",
            "content_sha256": "dc93db24f3ebbbffb953bbeabbb66433b472eefc3734f2e0904f812c773082a8",
            "content_sha512": "998d332415b526357690214a6283c3f72b0fa63fdf836b142543c8eafe6fe4ad9fece50d486b74f97e8e21a8828a09e32a73235ea7a5d751966a8d7ab4c755e7",
            "directory_permission": "0777",
            "file_permission": "0644",
            "filename": "./backend/backend_webapp_shared.tf",
            "id": "55158d89fb5aa2b320a27f025f44d30bc9dd72fa",
            "sensitive_content": null,
            "source": null
          },
          "sensitive_attributes": [
            [
              {
                "type": "get_attr",
                "value": "sensitive_content"
              }
            ]
          ],
          "identity_schema_version": 0,
          "dependencies": [
            "module.common_resources_staging.module.webapp.module.terraform_state_backend_webapp_shared.aws_dynamodb_table.with_server_side_encryption",
            "module.common_resources_staging.module.webapp.module.terraform_state_backend_webapp_shared.aws_s3_bucket.default",
            "module.common_resources_staging.module.webapp.module.terraform_state_backend_webapp_shared.data.aws_region.current"
          ]
        }
      ]
    },
    {
      "module": "module.common_resources_staging.module.webapp_host.module.terraform_state_backend_webapp_host",
      "mode": "data",
      "type": "aws_iam_policy_document",
      "name": "prevent_unencrypted_uploads",
      "provider": "provider[\"registry.terraform.io/hashicorp/aws\"]",
      "instances": [
        {
          "index_key": 0,
          "schema_version": 0,
          "attributes": {
            "id": "1528881109",
            "json": "{\n  \"Version\": \"2012-10-17\",\n  \"Statement\": [\n    {\n      \"Sid\": \"DenyIncorrectEncryptionHeader\",\n      \"Effect\": \"Deny\",\n      \"Action\": \"s3:PutObject\",\n      \"Resource\": \"arn:aws:s3:::unityhub-production-webapphost-terraform-state/*\",\n      \"Principal\": {\n        \"AWS\": \"*\"\n      },\n      \"Condition\": {\n        \"StringNotEquals\": {\n          \"s3:x-amz-server-side-encryption\": [\n            \"AES256\",\n            \"aws:kms\"\n          ]\n        }\n      }\n    },\n    {\n      \"Sid\": \"DenyUnEncryptedObjectUploads\",\n      \"Effect\": \"Deny\",\n      \"Action\": \"s3:PutObject\",\n      \"Resource\": \"arn:aws:s3:::unityhub-production-webapphost-terraform-state/*\",\n      \"Principal\": {\n        \"AWS\": \"*\"\n      },\n      \"Condition\": {\n        \"Null\": {\n          \"s3:x-amz-server-side-encryption\": \"true\"\n        }\n      }\n    },\n    {\n      \"Sid\": \"EnforceTlsRequestsOnly\",\n      \"Effect\": \"Deny\",\n      \"Action\": \"s3:*\",\n      \"Resource\": [\n        \"arn:aws:s3:::unityhub-production-webapphost-terraform-state/*\",\n        \"arn:aws:s3:::unityhub-production-webapphost-terraform-state\"\n      ],\n      \"Principal\": {\n        \"AWS\": \"*\"\n      },\n      \"Condition\": {\n        \"Bool\": {\n          \"aws:SecureTransport\": \"false\"\n        }\n      }\n    }\n  ]\n}",
            "minified_json": "{\"Version\":\"2012-10-17\",\"Statement\":[{\"Sid\":\"DenyIncorrectEncryptionHeader\",\"Effect\":\"Deny\",\"Action\":\"s3:PutObject\",\"Resource\":\"arn:aws:s3:::unityhub-production-webapphost-terraform-state/*\",\"Principal\":{\"AWS\":\"*\"},\"Condition\":{\"StringNotEquals\":{\"s3:x-amz-server-side-encryption\":[\"AES256\",\"aws:kms\"]}}},{\"Sid\":\"DenyUnEncryptedObjectUploads\",\"Effect\":\"Deny\",\"Action\":\"s3:PutObject\",\"Resource\":\"arn:aws:s3:::unityhub-production-webapphost-terraform-state/*\",\"Principal\":{\"AWS\":\"*\"},\"Condition\":{\"Null\":{\"s3:x-amz-server-side-encryption\":\"true\"}}},{\"Sid\":\"EnforceTlsRequestsOnly\",\"Effect\":\"Deny\",\"Action\":\"s3:*\",\"Resource\":[\"arn:aws:s3:::unityhub-production-webapphost-terraform-state/*\",\"arn:aws:s3:::unityhub-production-webapphost-terraform-state\"],\"Principal\":{\"AWS\":\"*\"},\"Condition\":{\"Bool\":{\"aws:SecureTransport\":\"false\"}}}]}",
            "override_json": null,
            "override_policy_documents": null,
            "policy_id": null,
            "source_json": null,
            "source_policy_documents": null,
            "statement": [
              {
                "actions": [
                  "s3:PutObject"
                ],
                "condition": [
                  {
                    "test": "StringNotEquals",
                    "values": [
                      "AES256",
                      "aws:kms"
                    ],
                    "variable": "s3:x-amz-server-side-encryption"
                  }
                ],
                "effect": "Deny",
                "not_actions": [],
                "not_principals": [],
                "not_resources": [],
                "principals": [
                  {
                    "identifiers": [
                      "*"
                    ],
                    "type": "AWS"
                  }
                ],
                "resources": [
                  "arn:aws:s3:::unityhub-production-webapphost-terraform-state/*"
                ],
                "sid": "DenyIncorrectEncryptionHeader"
              },
              {
                "actions": [
                  "s3:PutObject"
                ],
                "condition": [
                  {
                    "test": "Null",
                    "values": [
                      "true"
                    ],
                    "variable": "s3:x-amz-server-side-encryption"
                  }
                ],
                "effect": "Deny",
                "not_actions": [],
                "not_principals": [],
                "not_resources": [],
                "principals": [
                  {
                    "identifiers": [
                      "*"
                    ],
                    "type": "AWS"
                  }
                ],
                "resources": [
                  "arn:aws:s3:::unityhub-production-webapphost-terraform-state/*"
                ],
                "sid": "DenyUnEncryptedObjectUploads"
              },
              {
                "actions": [
                  "s3:*"
                ],
                "condition": [
                  {
                    "test": "Bool",
                    "values": [
                      "false"
                    ],
                    "variable": "aws:SecureTransport"
                  }
                ],
                "effect": "Deny",
                "not_actions": [],
                "not_principals": [],
                "not_resources": [],
                "principals": [
                  {
                    "identifiers": [
                      "*"
                    ],
                    "type": "AWS"
                  }
                ],
                "resources": [
                  "arn:aws:s3:::unityhub-production-webapphost-terraform-state",
                  "arn:aws:s3:::unityhub-production-webapphost-terraform-state/*"
                ],
                "sid": "EnforceTlsRequestsOnly"
              }
            ],
            "version": "2012-10-17"
          },
          "sensitive_attributes": [],
          "identity_schema_version": 0
        }
      ]
    },
    {
      "module": "module.common_resources_staging.module.webapp_host.module.terraform_state_backend_webapp_host",
      "mode": "data",
      "type": "aws_region",
      "name": "current",
      "provider": "provider[\"registry.terraform.io/hashicorp/aws\"]",
      "instances": [
        {
          "schema_version": 0,
          "attributes": {
            "description": "US East (N. Virginia)",
            "endpoint": "ec2.us-east-1.amazonaws.com",
            "id": "us-east-1",
            "name": "us-east-1",
            "region": "us-east-1"
          },
          "sensitive_attributes": [],
          "identity_schema_version": 0
        }
      ]
    },
    {
      "module": "module.common_resources_staging.module.webapp_host.module.terraform_state_backend_webapp_host",
      "mode": "managed",
      "type": "aws_dynamodb_table",
      "name": "with_server_side_encryption",
      "provider": "provider[\"registry.terraform.io/hashicorp/aws\"]",
      "instances": [
        {
          "index_key": 0,
          "schema_version": 1,
          "attributes": {
            "arn": "arn:aws:dynamodb:us-east-1:514472330244:table/unityhub-production-webapphost-terraform-state-lock",
            "attribute": [
              {
                "name": "LockID",
                "type": "S"
              }
            ],
            "billing_mode": "PAY_PER_REQUEST",
            "deletion_protection_enabled": false,
            "global_secondary_index": [],
            "global_table_witness": [],
            "hash_key": "LockID",
            "id": "unityhub-production-webapphost-terraform-state-lock",
            "import_table": [],
            "local_secondary_index": [],
            "name": "unityhub-production-webapphost-terraform-state-lock",
            "on_demand_throughput": [],
            "point_in_time_recovery": [
              {
                "enabled": true,
                "recovery_period_in_days": 35
              }
            ],
            "range_key": null,
            "read_capacity": 0,
            "region": "us-east-1",
            "replica": [],
            "restore_backup_arn": null,
            "restore_date_time": null,
            "restore_source_name": null,
            "restore_source_table_arn": null,
            "restore_to_latest_time": null,
            "server_side_encryption": [
              {
                "enabled": true,
                "kms_key_arn": ""
              }
            ],
            "stream_arn": "",
            "stream_enabled": false,
            "stream_label": "",
            "stream_view_type": "",
            "table_class": "STANDARD",
            "tags": {
              "Attributes": "terraform-state-lock",
              "Name": "unityhub-production-webapphost-terraform-state-lock",
              "Namespace": "unityhub",
              "Stage": "production"
            },
            "tags_all": {
              "Attributes": "terraform-state-lock",
              "Name": "unityhub-production-webapphost-terraform-state-lock",
              "Namespace": "unityhub",
              "Stage": "production"
            },
            "timeouts": null,
            "ttl": [
              {
                "attribute_name": "",
                "enabled": false
              }
            ],
            "warm_throughput": [],
            "write_capacity": 0
          },
          "sensitive_attributes": [],
          "identity_schema_version": 0,
          "identity": {
            "account_id": "514472330244",
            "name": "unityhub-production-webapphost-terraform-state-lock",
            "region": "us-east-1"
          },
          "private": "eyJlMmJmYjczMC1lY2FhLTExZTYtOGY4OC0zNDM2M2JjN2M0YzAiOnsiY3JlYXRlIjoxODAwMDAwMDAwMDAwLCJkZWxldGUiOjYwMDAwMDAwMDAwMCwidXBkYXRlIjozNjAwMDAwMDAwMDAwfSwic2NoZW1hX3ZlcnNpb24iOiIxIn0="
        }
      ]
    },
    {
      "module": "module.common_resources_staging.module.webapp_host.module.terraform_state_backend_webapp_host",
      "mode": "managed",
      "type": "aws_s3_bucket",
      "name": "default",
      "provider": "provider[\"registry.terraform.io/hashicorp/aws\"]",
      "instances": [
        {
          "index_key": 0,
          "schema_version": 0,
          "attributes": {
            "acceleration_status": "",
            "acl": null,
            "arn": "arn:aws:s3:::unityhub-production-webapphost-terraform-state",
            "bucket": "unityhub-production-webapphost-terraform-state",
            "bucket_domain_name": "unityhub-production-webapphost-terraform-state.s3.amazonaws.com",
            "bucket_namespace": "global",
            "bucket_prefix": "",
            "bucket_region": "us-east-1",
            "bucket_regional_domain_name": "unityhub-production-webapphost-terraform-state.s3.us-east-1.amazonaws.com",
            "cors_rule": [],
            "force_destroy": true,
            "grant": [
              {
                "id": "bea86176a486e69a83b4227063efa3be9eb4b243551739d81a6a4b41ec8b3461",
                "permissions": [
                  "FULL_CONTROL"
                ],
                "type": "CanonicalUser",
                "uri": ""
              }
            ],
            "hosted_zone_id": "Z3AQBSTGFYJSTF",
            "id": "unityhub-production-webapphost-terraform-state",
            "lifecycle_rule": [],
            "logging": [],
            "object_lock_configuration": [],
            "object_lock_enabled": false,
            "policy": "",
            "region": "us-east-1",
            "replication_configuration": [],
            "request_payer": "BucketOwner",
            "server_side_encryption_configuration": [
              {
                "rule": [
                  {
                    "apply_server_side_encryption_by_default": [
                      {
                        "kms_master_key_id": "",
                        "sse_algorithm": "AES256"
                      }
                    ],
                    "bucket_key_enabled": false
                  }
                ]
              }
            ],
            "tags": {
              "Attributes": "terraform-state",
              "Name": "unityhub-production-webapphost-terraform-state",
              "Namespace": "unityhub",
              "Stage": "production"
            },
            "tags_all": {
              "Attributes": "terraform-state",
              "Name": "unityhub-production-webapphost-terraform-state",
              "Namespace": "unityhub",
              "Stage": "production"
            },
            "timeouts": null,
            "versioning": [
              {
                "enabled": false,
                "mfa_delete": false
              }
            ],
            "website": [],
            "website_domain": null,
            "website_endpoint": null
          },
          "sensitive_attributes": [],
          "identity_schema_version": 0,
          "identity": {
            "account_id": "514472330244",
            "bucket": "unityhub-production-webapphost-terraform-state",
            "region": "us-east-1"
          },
          "private": "eyJlMmJmYjczMC1lY2FhLTExZTYtOGY4OC0zNDM2M2JjN2M0YzAiOnsiY3JlYXRlIjoxMjAwMDAwMDAwMDAwLCJkZWxldGUiOjM2MDAwMDAwMDAwMDAsInJlYWQiOjEyMDAwMDAwMDAwMDAsInVwZGF0ZSI6MTIwMDAwMDAwMDAwMH19"
        }
      ]
    },
    {
      "module": "module.common_resources_staging.module.webapp_host.module.terraform_state_backend_webapp_host",
      "mode": "managed",
      "type": "aws_s3_bucket_ownership_controls",
      "name": "default",
      "provider": "provider[\"registry.terraform.io/hashicorp/aws\"]",
      "instances": [
        {
          "index_key": 0,
          "schema_version": 0,
          "attributes": {
            "bucket": "unityhub-production-webapphost-terraform-state",
            "id": "unityhub-production-webapphost-terraform-state",
            "region": "us-east-1",
            "rule": [
              {
                "object_ownership": "BucketOwnerEnforced"
              }
            ]
          },
          "sensitive_attributes": [],
          "identity_schema_version": 0,
          "identity": {
            "account_id": "514472330244",
            "bucket": "unityhub-production-webapphost-terraform-state",
            "region": "us-east-1"
          },
          "private": "bnVsbA==",
          "dependencies": [
            "module.common_resources_staging.module.webapp_host.module.terraform_state_backend_webapp_host.aws_s3_bucket.default"
          ]
        }
      ]
    },
    {
      "module": "module.common_resources_staging.module.webapp_host.module.terraform_state_backend_webapp_host",
      "mode": "managed",
      "type": "aws_s3_bucket_policy",
      "name": "default",
      "provider": "provider[\"registry.terraform.io/hashicorp/aws\"]",
      "instances": [
        {
          "index_key": 0,
          "schema_version": 0,
          "attributes": {
            "bucket": "unityhub-production-webapphost-terraform-state",
            "id": "unityhub-production-webapphost-terraform-state",
            "policy": "{\"Statement\":[{\"Action\":\"s3:PutObject\",\"Condition\":{\"StringNotEquals\":{\"s3:x-amz-server-side-encryption\":[\"AES256\",\"aws:kms\"]}},\"Effect\":\"Deny\",\"Principal\":{\"AWS\":\"*\"},\"Resource\":\"arn:aws:s3:::unityhub-production-webapphost-terraform-state/*\",\"Sid\":\"DenyIncorrectEncryptionHeader\"},{\"Action\":\"s3:PutObject\",\"Condition\":{\"Null\":{\"s3:x-amz-server-side-encryption\":\"true\"}},\"Effect\":\"Deny\",\"Principal\":{\"AWS\":\"*\"},\"Resource\":\"arn:aws:s3:::unityhub-production-webapphost-terraform-state/*\",\"Sid\":\"DenyUnEncryptedObjectUploads\"},{\"Action\":\"s3:*\",\"Condition\":{\"Bool\":{\"aws:SecureTransport\":\"false\"}},\"Effect\":\"Deny\",\"Principal\":{\"AWS\":\"*\"},\"Resource\":[\"arn:aws:s3:::unityhub-production-webapphost-terraform-state/*\",\"arn:aws:s3:::unityhub-production-webapphost-terraform-state\"],\"Sid\":\"EnforceTlsRequestsOnly\"}],\"Version\":\"2012-10-17\"}",
            "region": "us-east-1"
          },
          "sensitive_attributes": [],
          "identity_schema_version": 0,
          "identity": {
            "account_id": "514472330244",
            "bucket": "unityhub-production-webapphost-terraform-state",
            "region": "us-east-1"
          },
          "private": "bnVsbA==",
          "dependencies": [
            "module.common_resources_staging.module.webapp_host.module.terraform_state_backend_webapp_host.aws_s3_bucket.default",
            "module.common_resources_staging.module.webapp_host.module.terraform_state_backend_webapp_host.data.aws_iam_policy_document.prevent_unencrypted_uploads"
          ]
        }
      ]
    },
    {
      "module": "module.common_resources_staging.module.webapp_host.module.terraform_state_backend_webapp_host",
      "mode": "managed",
      "type": "aws_s3_bucket_public_access_block",
      "name": "default",
      "provider": "provider[\"registry.terraform.io/hashicorp/aws\"]",
      "instances": [
        {
          "index_key": 0,
          "schema_version": 0,
          "attributes": {
            "block_public_acls": true,
            "block_public_policy": true,
            "bucket": "unityhub-production-webapphost-terraform-state",
            "id": "unityhub-production-webapphost-terraform-state",
            "ignore_public_acls": true,
            "region": "us-east-1",
            "restrict_public_buckets": true,
            "skip_destroy": null
          },
          "sensitive_attributes": [],
          "identity_schema_version": 0,
          "identity": {
            "account_id": "514472330244",
            "bucket": "unityhub-production-webapphost-terraform-state",
            "region": "us-east-1"
          },
          "private": "bnVsbA==",
          "dependencies": [
            "module.common_resources_staging.module.webapp_host.module.terraform_state_backend_webapp_host.aws_s3_bucket.default"
          ]
        }
      ]
    },
    {
      "module": "module.common_resources_staging.module.webapp_host.module.terraform_state_backend_webapp_host",
      "mode": "managed",
      "type": "aws_s3_bucket_server_side_encryption_configuration",
      "name": "default",
      "provider": "provider[\"registry.terraform.io/hashicorp/aws\"]",
      "instances": [
        {
          "index_key": 0,
          "schema_version": 0,
          "attributes": {
            "bucket": "unityhub-production-webapphost-terraform-state",
            "expected_bucket_owner": "",
            "id": "unityhub-production-webapphost-terraform-state",
            "region": "us-east-1",
            "rule": [
              {
                "apply_server_side_encryption_by_default": [
                  {
                    "kms_master_key_id": "",
                    "sse_algorithm": "AES256"
                  }
                ],
                "blocked_encryption_types": [
                  "SSE-C"
                ],
                "bucket_key_enabled": false
              }
            ]
          },
          "sensitive_attributes": [],
          "identity_schema_version": 1,
          "identity": {
            "account_id": "514472330244",
            "bucket": "unityhub-production-webapphost-terraform-state",
            "region": "us-east-1"
          },
          "private": "bnVsbA==",
          "dependencies": [
            "module.common_resources_staging.module.webapp_host.module.terraform_state_backend_webapp_host.aws_s3_bucket.default"
          ]
        }
      ]
    },
    {
      "module": "module.common_resources_staging.module.webapp_host.module.terraform_state_backend_webapp_host",
      "mode": "managed",
      "type": "aws_s3_bucket_versioning",
      "name": "default",
      "provider": "provider[\"registry.terraform.io/hashicorp/aws\"]",
      "instances": [
        {
          "index_key": 0,
          "schema_version": 0,
          "attributes": {
            "bucket": "unityhub-production-webapphost-terraform-state",
            "expected_bucket_owner": "",
            "id": "unityhub-production-webapphost-terraform-state",
            "mfa": null,
            "region": "us-east-1",
            "versioning_configuration": [
              {
                "mfa_delete": "Disabled",
                "status": "Enabled"
              }
            ]
          },
          "sensitive_attributes": [],
          "identity_schema_version": 1,
          "identity": {
            "account_id": "514472330244",
            "bucket": "unityhub-production-webapphost-terraform-state",
            "region": "us-east-1"
          },
          "private": "bnVsbA==",
          "dependencies": [
            "module.common_resources_staging.module.webapp_host.module.terraform_state_backend_webapp_host.aws_s3_bucket.default"
          ]
        }
      ]
    },
    {
      "module": "module.common_resources_staging.module.webapp_host.module.terraform_state_backend_webapp_host",
      "mode": "managed",
      "type": "local_file",
      "name": "terraform_backend_config",
      "provider": "provider[\"registry.terraform.io/hashicorp/local\"]",
      "instances": [
        {
          "index_key": 0,
          "schema_version": 0,
          "attributes": {
            "content": "terraform {\n  required_version = \"\u003e= 1.0.0\"\n\n  backend \"s3\" {\n    region         = \"us-east-1\"\n    bucket         = \"unityhub-production-webapphost-terraform-state\"\n    key            = \"terraform.tfstate\"\n    dynamodb_table = \"unityhub-production-webapphost-terraform-state-lock\"\n    profile        = \"\"\n    role_arn       = \"\"\n    encrypt        = \"true\"\n  }\n}\n",
            "content_base64": null,
            "content_base64sha256": "ouG/LlsBNlzI/cG1LN60jP2FJgVkwGpGXPukxBdHN2M=",
            "content_base64sha512": "fvNu3A/6fGNnkKkpP/bhMMv7AJW4073b5yOI4TkZSPqsYGKeofwGnXUpeQgH+Zpka28Ipaqs9lhM1dAGF8ndlw==",
            "content_md5": "93202f1556169f311cd181bb6946d9d9",
            "content_sha1": "054b31c501b4c8bf6c696b0de67d79edff8befb9",
            "content_sha256": "a2e1bf2e5b01365cc8fdc1b52cdeb48cfd85260564c06a465cfba4c417473763",
            "content_sha512": "7ef36edc0ffa7c636790a9293ff6e130cbfb0095b8d3bddbe72388e1391948faac60629ea1fc069d7529790807f99a646b6f08a5aaacf6584cd5d00617c9dd97",
            "directory_permission": "0777",
            "file_permission": "0644",
            "filename": "./backend/backend_webapp_host.tf",
            "id": "054b31c501b4c8bf6c696b0de67d79edff8befb9",
            "sensitive_content": null,
            "source": null
          },
          "sensitive_attributes": [
            [
              {
                "type": "get_attr",
                "value": "sensitive_content"
              }
            ]
          ],
          "identity_schema_version": 0,
          "dependencies": [
            "module.common_resources_staging.module.webapp_host.module.terraform_state_backend_webapp_host.aws_dynamodb_table.with_server_side_encryption",
            "module.common_resources_staging.module.webapp_host.module.terraform_state_backend_webapp_host.aws_s3_bucket.default",
            "module.common_resources_staging.module.webapp_host.module.terraform_state_backend_webapp_host.data.aws_region.current"
          ]
        }
      ]
    },
    {
      "module": "module.common_resources_staging.module.webapp_host.module.terraform_state_backend_webapp_host_help",
      "mode": "data",
      "type": "aws_iam_policy_document",
      "name": "prevent_unencrypted_uploads",
      "provider": "provider[\"registry.terraform.io/hashicorp/aws\"]",
      "instances": [
        {
          "index_key": 0,
          "schema_version": 0,
          "attributes": {
            "id": "3785469244",
            "json": "{\n  \"Version\": \"2012-10-17\",\n  \"Statement\": [\n    {\n      \"Sid\": \"DenyIncorrectEncryptionHeader\",\n      \"Effect\": \"Deny\",\n      \"Action\": \"s3:PutObject\",\n      \"Resource\": \"arn:aws:s3:::unityhub-production-webapphost-help-terraform-state/*\",\n      \"Principal\": {\n        \"AWS\": \"*\"\n      },\n      \"Condition\": {\n        \"StringNotEquals\": {\n          \"s3:x-amz-server-side-encryption\": [\n            \"AES256\",\n            \"aws:kms\"\n          ]\n        }\n      }\n    },\n    {\n      \"Sid\": \"DenyUnEncryptedObjectUploads\",\n      \"Effect\": \"Deny\",\n      \"Action\": \"s3:PutObject\",\n      \"Resource\": \"arn:aws:s3:::unityhub-production-webapphost-help-terraform-state/*\",\n      \"Principal\": {\n        \"AWS\": \"*\"\n      },\n      \"Condition\": {\n        \"Null\": {\n          \"s3:x-amz-server-side-encryption\": \"true\"\n        }\n      }\n    },\n    {\n      \"Sid\": \"EnforceTlsRequestsOnly\",\n      \"Effect\": \"Deny\",\n      \"Action\": \"s3:*\",\n      \"Resource\": [\n        \"arn:aws:s3:::unityhub-production-webapphost-help-terraform-state/*\",\n        \"arn:aws:s3:::unityhub-production-webapphost-help-terraform-state\"\n      ],\n      \"Principal\": {\n        \"AWS\": \"*\"\n      },\n      \"Condition\": {\n        \"Bool\": {\n          \"aws:SecureTransport\": \"false\"\n        }\n      }\n    }\n  ]\n}",
            "minified_json": "{\"Version\":\"2012-10-17\",\"Statement\":[{\"Sid\":\"DenyIncorrectEncryptionHeader\",\"Effect\":\"Deny\",\"Action\":\"s3:PutObject\",\"Resource\":\"arn:aws:s3:::unityhub-production-webapphost-help-terraform-state/*\",\"Principal\":{\"AWS\":\"*\"},\"Condition\":{\"StringNotEquals\":{\"s3:x-amz-server-side-encryption\":[\"AES256\",\"aws:kms\"]}}},{\"Sid\":\"DenyUnEncryptedObjectUploads\",\"Effect\":\"Deny\",\"Action\":\"s3:PutObject\",\"Resource\":\"arn:aws:s3:::unityhub-production-webapphost-help-terraform-state/*\",\"Principal\":{\"AWS\":\"*\"},\"Condition\":{\"Null\":{\"s3:x-amz-server-side-encryption\":\"true\"}}},{\"Sid\":\"EnforceTlsRequestsOnly\",\"Effect\":\"Deny\",\"Action\":\"s3:*\",\"Resource\":[\"arn:aws:s3:::unityhub-production-webapphost-help-terraform-state/*\",\"arn:aws:s3:::unityhub-production-webapphost-help-terraform-state\"],\"Principal\":{\"AWS\":\"*\"},\"Condition\":{\"Bool\":{\"aws:SecureTransport\":\"false\"}}}]}",
            "override_json": null,
            "override_policy_documents": null,
            "policy_id": null,
            "source_json": null,
            "source_policy_documents": null,
            "statement": [
              {
                "actions": [
                  "s3:PutObject"
                ],
                "condition": [
                  {
                    "test": "StringNotEquals",
                    "values": [
                      "AES256",
                      "aws:kms"
                    ],
                    "variable": "s3:x-amz-server-side-encryption"
                  }
                ],
                "effect": "Deny",
                "not_actions": [],
                "not_principals": [],
                "not_resources": [],
                "principals": [
                  {
                    "identifiers": [
                      "*"
                    ],
                    "type": "AWS"
                  }
                ],
                "resources": [
                  "arn:aws:s3:::unityhub-production-webapphost-help-terraform-state/*"
                ],
                "sid": "DenyIncorrectEncryptionHeader"
              },
              {
                "actions": [
                  "s3:PutObject"
                ],
                "condition": [
                  {
                    "test": "Null",
                    "values": [
                      "true"
                    ],
                    "variable": "s3:x-amz-server-side-encryption"
                  }
                ],
                "effect": "Deny",
                "not_actions": [],
                "not_principals": [],
                "not_resources": [],
                "principals": [
                  {
                    "identifiers": [
                      "*"
                    ],
                    "type": "AWS"
                  }
                ],
                "resources": [
                  "arn:aws:s3:::unityhub-production-webapphost-help-terraform-state/*"
                ],
                "sid": "DenyUnEncryptedObjectUploads"
              },
              {
                "actions": [
                  "s3:*"
                ],
                "condition": [
                  {
                    "test": "Bool",
                    "values": [
                      "false"
                    ],
                    "variable": "aws:SecureTransport"
                  }
                ],
                "effect": "Deny",
                "not_actions": [],
                "not_principals": [],
                "not_resources": [],
                "principals": [
                  {
                    "identifiers": [
                      "*"
                    ],
                    "type": "AWS"
                  }
                ],
                "resources": [
                  "arn:aws:s3:::unityhub-production-webapphost-help-terraform-state",
                  "arn:aws:s3:::unityhub-production-webapphost-help-terraform-state/*"
                ],
                "sid": "EnforceTlsRequestsOnly"
              }
            ],
            "version": "2012-10-17"
          },
          "sensitive_attributes": [],
          "identity_schema_version": 0
        }
      ]
    },
    {
      "module": "module.common_resources_staging.module.webapp_host.module.terraform_state_backend_webapp_host_help",
      "mode": "data",
      "type": "aws_region",
      "name": "current",
      "provider": "provider[\"registry.terraform.io/hashicorp/aws\"]",
      "instances": [
        {
          "schema_version": 0,
          "attributes": {
            "description": "US East (N. Virginia)",
            "endpoint": "ec2.us-east-1.amazonaws.com",
            "id": "us-east-1",
            "name": "us-east-1",
            "region": "us-east-1"
          },
          "sensitive_attributes": [],
          "identity_schema_version": 0
        }
      ]
    },
    {
      "module": "module.common_resources_staging.module.webapp_host.module.terraform_state_backend_webapp_host_help",
      "mode": "managed",
      "type": "aws_dynamodb_table",
      "name": "with_server_side_encryption",
      "provider": "provider[\"registry.terraform.io/hashicorp/aws\"]",
      "instances": [
        {
          "index_key": 0,
          "schema_version": 1,
          "attributes": {
            "arn": "arn:aws:dynamodb:us-east-1:514472330244:table/unityhub-production-webapphost-help-terraform-state-lock",
            "attribute": [
              {
                "name": "LockID",
                "type": "S"
              }
            ],
            "billing_mode": "PAY_PER_REQUEST",
            "deletion_protection_enabled": false,
            "global_secondary_index": [],
            "global_table_witness": [],
            "hash_key": "LockID",
            "id": "unityhub-production-webapphost-help-terraform-state-lock",
            "import_table": [],
            "local_secondary_index": [],
            "name": "unityhub-production-webapphost-help-terraform-state-lock",
            "on_demand_throughput": [],
            "point_in_time_recovery": [
              {
                "enabled": true,
                "recovery_period_in_days": 35
              }
            ],
            "range_key": null,
            "read_capacity": 0,
            "region": "us-east-1",
            "replica": [],
            "restore_backup_arn": null,
            "restore_date_time": null,
            "restore_source_name": null,
            "restore_source_table_arn": null,
            "restore_to_latest_time": null,
            "server_side_encryption": [
              {
                "enabled": true,
                "kms_key_arn": ""
              }
            ],
            "stream_arn": "",
            "stream_enabled": false,
            "stream_label": "",
            "stream_view_type": "",
            "table_class": "STANDARD",
            "tags": {
              "Attributes": "terraform-state-lock",
              "Name": "unityhub-production-webapphost-help-terraform-state-lock",
              "Namespace": "unityhub",
              "Stage": "production"
            },
            "tags_all": {
              "Attributes": "terraform-state-lock",
              "Name": "unityhub-production-webapphost-help-terraform-state-lock",
              "Namespace": "unityhub",
              "Stage": "production"
            },
            "timeouts": null,
            "ttl": [
              {
                "attribute_name": "",
                "enabled": false
              }
            ],
            "warm_throughput": [],
            "write_capacity": 0
          },
          "sensitive_attributes": [],
          "identity_schema_version": 0,
          "identity": {
            "account_id": "514472330244",
            "name": "unityhub-production-webapphost-help-terraform-state-lock",
            "region": "us-east-1"
          },
          "private": "eyJlMmJmYjczMC1lY2FhLTExZTYtOGY4OC0zNDM2M2JjN2M0YzAiOnsiY3JlYXRlIjoxODAwMDAwMDAwMDAwLCJkZWxldGUiOjYwMDAwMDAwMDAwMCwidXBkYXRlIjozNjAwMDAwMDAwMDAwfSwic2NoZW1hX3ZlcnNpb24iOiIxIn0="
        }
      ]
    },
    {
      "module": "module.common_resources_staging.module.webapp_host.module.terraform_state_backend_webapp_host_help",
      "mode": "managed",
      "type": "aws_s3_bucket",
      "name": "default",
      "provider": "provider[\"registry.terraform.io/hashicorp/aws\"]",
      "instances": [
        {
          "index_key": 0,
          "schema_version": 0,
          "attributes": {
            "acceleration_status": "",
            "acl": null,
            "arn": "arn:aws:s3:::unityhub-production-webapphost-help-terraform-state",
            "bucket": "unityhub-production-webapphost-help-terraform-state",
            "bucket_domain_name": "unityhub-production-webapphost-help-terraform-state.s3.amazonaws.com",
            "bucket_namespace": "global",
            "bucket_prefix": "",
            "bucket_region": "us-east-1",
            "bucket_regional_domain_name": "unityhub-production-webapphost-help-terraform-state.s3.us-east-1.amazonaws.com",
            "cors_rule": [],
            "force_destroy": true,
            "grant": [
              {
                "id": "bea86176a486e69a83b4227063efa3be9eb4b243551739d81a6a4b41ec8b3461",
                "permissions": [
                  "FULL_CONTROL"
                ],
                "type": "CanonicalUser",
                "uri": ""
              }
            ],
            "hosted_zone_id": "Z3AQBSTGFYJSTF",
            "id": "unityhub-production-webapphost-help-terraform-state",
            "lifecycle_rule": [],
            "logging": [],
            "object_lock_configuration": [],
            "object_lock_enabled": false,
            "policy": "",
            "region": "us-east-1",
            "replication_configuration": [],
            "request_payer": "BucketOwner",
            "server_side_encryption_configuration": [
              {
                "rule": [
                  {
                    "apply_server_side_encryption_by_default": [
                      {
                        "kms_master_key_id": "",
                        "sse_algorithm": "AES256"
                      }
                    ],
                    "bucket_key_enabled": false
                  }
                ]
              }
            ],
            "tags": {
              "Attributes": "terraform-state",
              "Name": "unityhub-production-webapphost-help-terraform-state",
              "Namespace": "unityhub",
              "Stage": "production"
            },
            "tags_all": {
              "Attributes": "terraform-state",
              "Name": "unityhub-production-webapphost-help-terraform-state",
              "Namespace": "unityhub",
              "Stage": "production"
            },
            "timeouts": null,
            "versioning": [
              {
                "enabled": false,
                "mfa_delete": false
              }
            ],
            "website": [],
            "website_domain": null,
            "website_endpoint": null
          },
          "sensitive_attributes": [],
          "identity_schema_version": 0,
          "identity": {
            "account_id": "514472330244",
            "bucket": "unityhub-production-webapphost-help-terraform-state",
            "region": "us-east-1"
          },
          "private": "eyJlMmJmYjczMC1lY2FhLTExZTYtOGY4OC0zNDM2M2JjN2M0YzAiOnsiY3JlYXRlIjoxMjAwMDAwMDAwMDAwLCJkZWxldGUiOjM2MDAwMDAwMDAwMDAsInJlYWQiOjEyMDAwMDAwMDAwMDAsInVwZGF0ZSI6MTIwMDAwMDAwMDAwMH19"
        }
      ]
    },
    {
      "module": "module.common_resources_staging.module.webapp_host.module.terraform_state_backend_webapp_host_help",
      "mode": "managed",
      "type": "aws_s3_bucket_ownership_controls",
      "name": "default",
      "provider": "provider[\"registry.terraform.io/hashicorp/aws\"]",
      "instances": [
        {
          "index_key": 0,
          "schema_version": 0,
          "attributes": {
            "bucket": "unityhub-production-webapphost-help-terraform-state",
            "id": "unityhub-production-webapphost-help-terraform-state",
            "region": "us-east-1",
            "rule": [
              {
                "object_ownership": "BucketOwnerEnforced"
              }
            ]
          },
          "sensitive_attributes": [],
          "identity_schema_version": 0,
          "identity": {
            "account_id": "514472330244",
            "bucket": "unityhub-production-webapphost-help-terraform-state",
            "region": "us-east-1"
          },
          "private": "bnVsbA==",
          "dependencies": [
            "module.common_resources_staging.module.webapp_host.module.terraform_state_backend_webapp_host_help.aws_s3_bucket.default"
          ]
        }
      ]
    },
    {
      "module": "module.common_resources_staging.module.webapp_host.module.terraform_state_backend_webapp_host_help",
      "mode": "managed",
      "type": "aws_s3_bucket_policy",
      "name": "default",
      "provider": "provider[\"registry.terraform.io/hashicorp/aws\"]",
      "instances": [
        {
          "index_key": 0,
          "schema_version": 0,
          "attributes": {
            "bucket": "unityhub-production-webapphost-help-terraform-state",
            "id": "unityhub-production-webapphost-help-terraform-state",
            "policy": "{\"Statement\":[{\"Action\":\"s3:PutObject\",\"Condition\":{\"StringNotEquals\":{\"s3:x-amz-server-side-encryption\":[\"AES256\",\"aws:kms\"]}},\"Effect\":\"Deny\",\"Principal\":{\"AWS\":\"*\"},\"Resource\":\"arn:aws:s3:::unityhub-production-webapphost-help-terraform-state/*\",\"Sid\":\"DenyIncorrectEncryptionHeader\"},{\"Action\":\"s3:PutObject\",\"Condition\":{\"Null\":{\"s3:x-amz-server-side-encryption\":\"true\"}},\"Effect\":\"Deny\",\"Principal\":{\"AWS\":\"*\"},\"Resource\":\"arn:aws:s3:::unityhub-production-webapphost-help-terraform-state/*\",\"Sid\":\"DenyUnEncryptedObjectUploads\"},{\"Action\":\"s3:*\",\"Condition\":{\"Bool\":{\"aws:SecureTransport\":\"false\"}},\"Effect\":\"Deny\",\"Principal\":{\"AWS\":\"*\"},\"Resource\":[\"arn:aws:s3:::unityhub-production-webapphost-help-terraform-state/*\",\"arn:aws:s3:::unityhub-production-webapphost-help-terraform-state\"],\"Sid\":\"EnforceTlsRequestsOnly\"}],\"Version\":\"2012-10-17\"}",
            "region": "us-east-1"
          },
          "sensitive_attributes": [],
          "identity_schema_version": 0,
          "identity": {
            "account_id": "514472330244",
            "bucket": "unityhub-production-webapphost-help-terraform-state",
            "region": "us-east-1"
          },
          "private": "bnVsbA==",
          "dependencies": [
            "module.common_resources_staging.module.webapp_host.module.terraform_state_backend_webapp_host_help.aws_s3_bucket.default",
            "module.common_resources_staging.module.webapp_host.module.terraform_state_backend_webapp_host_help.data.aws_iam_policy_document.prevent_unencrypted_uploads"
          ]
        }
      ]
    },
    {
      "module": "module.common_resources_staging.module.webapp_host.module.terraform_state_backend_webapp_host_help",
      "mode": "managed",
      "type": "aws_s3_bucket_public_access_block",
      "name": "default",
      "provider": "provider[\"registry.terraform.io/hashicorp/aws\"]",
      "instances": [
        {
          "index_key": 0,
          "schema_version": 0,
          "attributes": {
            "block_public_acls": true,
            "block_public_policy": true,
            "bucket": "unityhub-production-webapphost-help-terraform-state",
            "id": "unityhub-production-webapphost-help-terraform-state",
            "ignore_public_acls": true,
            "region": "us-east-1",
            "restrict_public_buckets": true,
            "skip_destroy": null
          },
          "sensitive_attributes": [],
          "identity_schema_version": 0,
          "identity": {
            "account_id": "514472330244",
            "bucket": "unityhub-production-webapphost-help-terraform-state",
            "region": "us-east-1"
          },
          "private": "bnVsbA==",
          "dependencies": [
            "module.common_resources_staging.module.webapp_host.module.terraform_state_backend_webapp_host_help.aws_s3_bucket.default"
          ]
        }
      ]
    },
    {
      "module": "module.common_resources_staging.module.webapp_host.module.terraform_state_backend_webapp_host_help",
      "mode": "managed",
      "type": "aws_s3_bucket_server_side_encryption_configuration",
      "name": "default",
      "provider": "provider[\"registry.terraform.io/hashicorp/aws\"]",
      "instances": [
        {
          "index_key": 0,
          "schema_version": 0,
          "attributes": {
            "bucket": "unityhub-production-webapphost-help-terraform-state",
            "expected_bucket_owner": "",
            "id": "unityhub-production-webapphost-help-terraform-state",
            "region": "us-east-1",
            "rule": [
              {
                "apply_server_side_encryption_by_default": [
                  {
                    "kms_master_key_id": "",
                    "sse_algorithm": "AES256"
                  }
                ],
                "blocked_encryption_types": [
                  "SSE-C"
                ],
                "bucket_key_enabled": false
              }
            ]
          },
          "sensitive_attributes": [],
          "identity_schema_version": 1,
          "identity": {
            "account_id": "514472330244",
            "bucket": "unityhub-production-webapphost-help-terraform-state",
            "region": "us-east-1"
          },
          "private": "bnVsbA==",
          "dependencies": [
            "module.common_resources_staging.module.webapp_host.module.terraform_state_backend_webapp_host_help.aws_s3_bucket.default"
          ]
        }
      ]
    },
    {
      "module": "module.common_resources_staging.module.webapp_host.module.terraform_state_backend_webapp_host_help",
      "mode": "managed",
      "type": "aws_s3_bucket_versioning",
      "name": "default",
      "provider": "provider[\"registry.terraform.io/hashicorp/aws\"]",
      "instances": [
        {
          "index_key": 0,
          "schema_version": 0,
          "attributes": {
            "bucket": "unityhub-production-webapphost-help-terraform-state",
            "expected_bucket_owner": "",
            "id": "unityhub-production-webapphost-help-terraform-state",
            "mfa": null,
            "region": "us-east-1",
            "versioning_configuration": [
              {
                "mfa_delete": "Disabled",
                "status": "Enabled"
              }
            ]
          },
          "sensitive_attributes": [],
          "identity_schema_version": 1,
          "identity": {
            "account_id": "514472330244",
            "bucket": "unityhub-production-webapphost-help-terraform-state",
            "region": "us-east-1"
          },
          "private": "bnVsbA==",
          "dependencies": [
            "module.common_resources_staging.module.webapp_host.module.terraform_state_backend_webapp_host_help.aws_s3_bucket.default"
          ]
        }
      ]
    },
    {
      "module": "module.common_resources_staging.module.webapp_host.module.terraform_state_backend_webapp_host_help",
      "mode": "managed",
      "type": "local_file",
      "name": "terraform_backend_config",
      "provider": "provider[\"registry.terraform.io/hashicorp/local\"]",
      "instances": [
        {
          "index_key": 0,
          "schema_version": 0,
          "attributes": {
            "content": "terraform {\n  required_version = \"\u003e= 1.0.0\"\n\n  backend \"s3\" {\n    region         = \"us-east-1\"\n    bucket         = \"unityhub-production-webapphost-help-terraform-state\"\n    key            = \"terraform.tfstate\"\n    dynamodb_table = \"unityhub-production-webapphost-help-terraform-state-lock\"\n    profile        = \"\"\n    role_arn       = \"\"\n    encrypt        = \"true\"\n  }\n}\n",
            "content_base64": null,
            "content_base64sha256": "R4gOjicmFHmKMAeXJTppUB0ezx5FD/+ovbftS5hXyws=",
            "content_base64sha512": "iKROmnlKH8cAzp04vdTQ/FMRvl2cBS8kccVMmljm3Do8t0Z/qWgRV57YQTMyiMDRh9+q7vMWsN7ZLR4LRxgYKg==",
            "content_md5": "e6d4320205f269a1362d49455340e28f",
            "content_sha1": "48a52a3c6daa54f4e735061e200c6ab6a6382bf8",
            "content_sha256": "47880e8e272614798a300797253a69501d1ecf1e450fffa8bdb7ed4b9857cb0b",
            "content_sha512": "88a44e9a794a1fc700ce9d38bdd4d0fc5311be5d9c052f2471c54c9a58e6dc3a3cb7467fa96811579ed841333288c0d187dfaaeef316b0ded92d1e0b4718182a",
            "directory_permission": "0777",
            "file_permission": "0644",
            "filename": "./backend/backend_webapp_host_help.tf",
            "id": "48a52a3c6daa54f4e735061e200c6ab6a6382bf8",
            "sensitive_content": null,
            "source": null
          },
          "sensitive_attributes": [
            [
              {
                "type": "get_attr",
                "value": "sensitive_content"
              }
            ]
          ],
          "identity_schema_version": 0,
          "dependencies": [
            "module.common_resources_staging.module.webapp_host.module.terraform_state_backend_webapp_host_help.aws_dynamodb_table.with_server_side_encryption",
            "module.common_resources_staging.module.webapp_host.module.terraform_state_backend_webapp_host_help.aws_s3_bucket.default",
            "module.common_resources_staging.module.webapp_host.module.terraform_state_backend_webapp_host_help.data.aws_region.current"
          ]
        }
      ]
    },
    {
      "module": "module.common_resources_staging.module.webapp_spaces.module.terraform_state_backend_webapp_spaces",
      "mode": "data",
      "type": "aws_iam_policy_document",
      "name": "prevent_unencrypted_uploads",
      "provider": "provider[\"registry.terraform.io/hashicorp/aws\"]",
      "instances": [
        {
          "index_key": 0,
          "schema_version": 0,
          "attributes": {
            "id": "3948643506",
            "json": "{\n  \"Version\": \"2012-10-17\",\n  \"Statement\": [\n    {\n      \"Sid\": \"DenyIncorrectEncryptionHeader\",\n      \"Effect\": \"Deny\",\n      \"Action\": \"s3:PutObject\",\n      \"Resource\": \"arn:aws:s3:::unityhub-production-webappspaces-terraform-state/*\",\n      \"Principal\": {\n        \"AWS\": \"*\"\n      },\n      \"Condition\": {\n        \"StringNotEquals\": {\n          \"s3:x-amz-server-side-encryption\": [\n            \"AES256\",\n            \"aws:kms\"\n          ]\n        }\n      }\n    },\n    {\n      \"Sid\": \"DenyUnEncryptedObjectUploads\",\n      \"Effect\": \"Deny\",\n      \"Action\": \"s3:PutObject\",\n      \"Resource\": \"arn:aws:s3:::unityhub-production-webappspaces-terraform-state/*\",\n      \"Principal\": {\n        \"AWS\": \"*\"\n      },\n      \"Condition\": {\n        \"Null\": {\n          \"s3:x-amz-server-side-encryption\": \"true\"\n        }\n      }\n    },\n    {\n      \"Sid\": \"EnforceTlsRequestsOnly\",\n      \"Effect\": \"Deny\",\n      \"Action\": \"s3:*\",\n      \"Resource\": [\n        \"arn:aws:s3:::unityhub-production-webappspaces-terraform-state/*\",\n        \"arn:aws:s3:::unityhub-production-webappspaces-terraform-state\"\n      ],\n      \"Principal\": {\n        \"AWS\": \"*\"\n      },\n      \"Condition\": {\n        \"Bool\": {\n          \"aws:SecureTransport\": \"false\"\n        }\n      }\n    }\n  ]\n}",
            "minified_json": "{\"Version\":\"2012-10-17\",\"Statement\":[{\"Sid\":\"DenyIncorrectEncryptionHeader\",\"Effect\":\"Deny\",\"Action\":\"s3:PutObject\",\"Resource\":\"arn:aws:s3:::unityhub-production-webappspaces-terraform-state/*\",\"Principal\":{\"AWS\":\"*\"},\"Condition\":{\"StringNotEquals\":{\"s3:x-amz-server-side-encryption\":[\"AES256\",\"aws:kms\"]}}},{\"Sid\":\"DenyUnEncryptedObjectUploads\",\"Effect\":\"Deny\",\"Action\":\"s3:PutObject\",\"Resource\":\"arn:aws:s3:::unityhub-production-webappspaces-terraform-state/*\",\"Principal\":{\"AWS\":\"*\"},\"Condition\":{\"Null\":{\"s3:x-amz-server-side-encryption\":\"true\"}}},{\"Sid\":\"EnforceTlsRequestsOnly\",\"Effect\":\"Deny\",\"Action\":\"s3:*\",\"Resource\":[\"arn:aws:s3:::unityhub-production-webappspaces-terraform-state/*\",\"arn:aws:s3:::unityhub-production-webappspaces-terraform-state\"],\"Principal\":{\"AWS\":\"*\"},\"Condition\":{\"Bool\":{\"aws:SecureTransport\":\"false\"}}}]}",
            "override_json": null,
            "override_policy_documents": null,
            "policy_id": null,
            "source_json": null,
            "source_policy_documents": null,
            "statement": [
              {
                "actions": [
                  "s3:PutObject"
                ],
                "condition": [
                  {
                    "test": "StringNotEquals",
                    "values": [
                      "AES256",
                      "aws:kms"
                    ],
                    "variable": "s3:x-amz-server-side-encryption"
                  }
                ],
                "effect": "Deny",
                "not_actions": [],
                "not_principals": [],
                "not_resources": [],
                "principals": [
                  {
                    "identifiers": [
                      "*"
                    ],
                    "type": "AWS"
                  }
                ],
                "resources": [
                  "arn:aws:s3:::unityhub-production-webappspaces-terraform-state/*"
                ],
                "sid": "DenyIncorrectEncryptionHeader"
              },
              {
                "actions": [
                  "s3:PutObject"
                ],
                "condition": [
                  {
                    "test": "Null",
                    "values": [
                      "true"
                    ],
                    "variable": "s3:x-amz-server-side-encryption"
                  }
                ],
                "effect": "Deny",
                "not_actions": [],
                "not_principals": [],
                "not_resources": [],
                "principals": [
                  {
                    "identifiers": [
                      "*"
                    ],
                    "type": "AWS"
                  }
                ],
                "resources": [
                  "arn:aws:s3:::unityhub-production-webappspaces-terraform-state/*"
                ],
                "sid": "DenyUnEncryptedObjectUploads"
              },
              {
                "actions": [
                  "s3:*"
                ],
                "condition": [
                  {
                    "test": "Bool",
                    "values": [
                      "false"
                    ],
                    "variable": "aws:SecureTransport"
                  }
                ],
                "effect": "Deny",
                "not_actions": [],
                "not_principals": [],
                "not_resources": [],
                "principals": [
                  {
                    "identifiers": [
                      "*"
                    ],
                    "type": "AWS"
                  }
                ],
                "resources": [
                  "arn:aws:s3:::unityhub-production-webappspaces-terraform-state",
                  "arn:aws:s3:::unityhub-production-webappspaces-terraform-state/*"
                ],
                "sid": "EnforceTlsRequestsOnly"
              }
            ],
            "version": "2012-10-17"
          },
          "sensitive_attributes": [],
          "identity_schema_version": 0
        }
      ]
    },
    {
      "module": "module.common_resources_staging.module.webapp_spaces.module.terraform_state_backend_webapp_spaces",
      "mode": "data",
      "type": "aws_region",
      "name": "current",
      "provider": "provider[\"registry.terraform.io/hashicorp/aws\"]",
      "instances": [
        {
          "schema_version": 0,
          "attributes": {
            "description": "US East (N. Virginia)",
            "endpoint": "ec2.us-east-1.amazonaws.com",
            "id": "us-east-1",
            "name": "us-east-1",
            "region": "us-east-1"
          },
          "sensitive_attributes": [],
          "identity_schema_version": 0
        }
      ]
    },
    {
      "module": "module.common_resources_staging.module.webapp_spaces.module.terraform_state_backend_webapp_spaces",
      "mode": "managed",
      "type": "aws_dynamodb_table",
      "name": "with_server_side_encryption",
      "provider": "provider[\"registry.terraform.io/hashicorp/aws\"]",
      "instances": [
        {
          "index_key": 0,
          "schema_version": 1,
          "attributes": {
            "arn": "arn:aws:dynamodb:us-east-1:514472330244:table/unityhub-production-webappspaces-terraform-state-lock",
            "attribute": [
              {
                "name": "LockID",
                "type": "S"
              }
            ],
            "billing_mode": "PAY_PER_REQUEST",
            "deletion_protection_enabled": false,
            "global_secondary_index": [],
            "global_table_witness": [],
            "hash_key": "LockID",
            "id": "unityhub-production-webappspaces-terraform-state-lock",
            "import_table": [],
            "local_secondary_index": [],
            "name": "unityhub-production-webappspaces-terraform-state-lock",
            "on_demand_throughput": [],
            "point_in_time_recovery": [
              {
                "enabled": true,
                "recovery_period_in_days": 35
              }
            ],
            "range_key": null,
            "read_capacity": 0,
            "region": "us-east-1",
            "replica": [],
            "restore_backup_arn": null,
            "restore_date_time": null,
            "restore_source_name": null,
            "restore_source_table_arn": null,
            "restore_to_latest_time": null,
            "server_side_encryption": [
              {
                "enabled": true,
                "kms_key_arn": ""
              }
            ],
            "stream_arn": "",
            "stream_enabled": false,
            "stream_label": "",
            "stream_view_type": "",
            "table_class": "STANDARD",
            "tags": {
              "Attributes": "terraform-state-lock",
              "Name": "unityhub-production-webappspaces-terraform-state-lock",
              "Namespace": "unityhub",
              "Stage": "production"
            },
            "tags_all": {
              "Attributes": "terraform-state-lock",
              "Name": "unityhub-production-webappspaces-terraform-state-lock",
              "Namespace": "unityhub",
              "Stage": "production"
            },
            "timeouts": null,
            "ttl": [
              {
                "attribute_name": "",
                "enabled": false
              }
            ],
            "warm_throughput": [],
            "write_capacity": 0
          },
          "sensitive_attributes": [],
          "identity_schema_version": 0,
          "identity": {
            "account_id": "514472330244",
            "name": "unityhub-production-webappspaces-terraform-state-lock",
            "region": "us-east-1"
          },
          "private": "eyJlMmJmYjczMC1lY2FhLTExZTYtOGY4OC0zNDM2M2JjN2M0YzAiOnsiY3JlYXRlIjoxODAwMDAwMDAwMDAwLCJkZWxldGUiOjYwMDAwMDAwMDAwMCwidXBkYXRlIjozNjAwMDAwMDAwMDAwfSwic2NoZW1hX3ZlcnNpb24iOiIxIn0="
        }
      ]
    },
    {
      "module": "module.common_resources_staging.module.webapp_spaces.module.terraform_state_backend_webapp_spaces",
      "mode": "managed",
      "type": "aws_s3_bucket",
      "name": "default",
      "provider": "provider[\"registry.terraform.io/hashicorp/aws\"]",
      "instances": [
        {
          "index_key": 0,
          "schema_version": 0,
          "attributes": {
            "acceleration_status": "",
            "acl": null,
            "arn": "arn:aws:s3:::unityhub-production-webappspaces-terraform-state",
            "bucket": "unityhub-production-webappspaces-terraform-state",
            "bucket_domain_name": "unityhub-production-webappspaces-terraform-state.s3.amazonaws.com",
            "bucket_namespace": "global",
            "bucket_prefix": "",
            "bucket_region": "us-east-1",
            "bucket_regional_domain_name": "unityhub-production-webappspaces-terraform-state.s3.us-east-1.amazonaws.com",
            "cors_rule": [],
            "force_destroy": true,
            "grant": [
              {
                "id": "bea86176a486e69a83b4227063efa3be9eb4b243551739d81a6a4b41ec8b3461",
                "permissions": [
                  "FULL_CONTROL"
                ],
                "type": "CanonicalUser",
                "uri": ""
              }
            ],
            "hosted_zone_id": "Z3AQBSTGFYJSTF",
            "id": "unityhub-production-webappspaces-terraform-state",
            "lifecycle_rule": [],
            "logging": [],
            "object_lock_configuration": [],
            "object_lock_enabled": false,
            "policy": "{\"Statement\":[{\"Action\":\"s3:PutObject\",\"Condition\":{\"StringNotEquals\":{\"s3:x-amz-server-side-encryption\":[\"AES256\",\"aws:kms\"]}},\"Effect\":\"Deny\",\"Principal\":{\"AWS\":\"*\"},\"Resource\":\"arn:aws:s3:::unityhub-production-webappspaces-terraform-state/*\",\"Sid\":\"DenyIncorrectEncryptionHeader\"},{\"Action\":\"s3:PutObject\",\"Condition\":{\"Null\":{\"s3:x-amz-server-side-encryption\":\"true\"}},\"Effect\":\"Deny\",\"Principal\":{\"AWS\":\"*\"},\"Resource\":\"arn:aws:s3:::unityhub-production-webappspaces-terraform-state/*\",\"Sid\":\"DenyUnEncryptedObjectUploads\"},{\"Action\":\"s3:*\",\"Condition\":{\"Bool\":{\"aws:SecureTransport\":\"false\"}},\"Effect\":\"Deny\",\"Principal\":{\"AWS\":\"*\"},\"Resource\":[\"arn:aws:s3:::unityhub-production-webappspaces-terraform-state/*\",\"arn:aws:s3:::unityhub-production-webappspaces-terraform-state\"],\"Sid\":\"EnforceTlsRequestsOnly\"}],\"Version\":\"2012-10-17\"}",
            "region": "us-east-1",
            "replication_configuration": [],
            "request_payer": "BucketOwner",
            "server_side_encryption_configuration": [
              {
                "rule": [
                  {
                    "apply_server_side_encryption_by_default": [
                      {
                        "kms_master_key_id": "",
                        "sse_algorithm": "AES256"
                      }
                    ],
                    "bucket_key_enabled": false
                  }
                ]
              }
            ],
            "tags": {
              "Attributes": "terraform-state",
              "Name": "unityhub-production-webappspaces-terraform-state",
              "Namespace": "unityhub",
              "Stage": "production"
            },
            "tags_all": {
              "Attributes": "terraform-state",
              "Name": "unityhub-production-webappspaces-terraform-state",
              "Namespace": "unityhub",
              "Stage": "production"
            },
            "timeouts": null,
            "versioning": [
              {
                "enabled": true,
                "mfa_delete": false
              }
            ],
            "website": [],
            "website_domain": null,
            "website_endpoint": null
          },
          "sensitive_attributes": [],
          "identity_schema_version": 0,
          "identity": {
            "account_id": "514472330244",
            "bucket": "unityhub-production-webappspaces-terraform-state",
            "region": "us-east-1"
          },
          "private": "eyJlMmJmYjczMC1lY2FhLTExZTYtOGY4OC0zNDM2M2JjN2M0YzAiOnsiY3JlYXRlIjoxMjAwMDAwMDAwMDAwLCJkZWxldGUiOjM2MDAwMDAwMDAwMDAsInJlYWQiOjEyMDAwMDAwMDAwMDAsInVwZGF0ZSI6MTIwMDAwMDAwMDAwMH19"
        }
      ]
    },
    {
      "module": "module.common_resources_staging.module.webapp_spaces.module.terraform_state_backend_webapp_spaces",
      "mode": "managed",
      "type": "aws_s3_bucket_ownership_controls",
      "name": "default",
      "provider": "provider[\"registry.terraform.io/hashicorp/aws\"]",
      "instances": [
        {
          "index_key": 0,
          "schema_version": 0,
          "attributes": {
            "bucket": "unityhub-production-webappspaces-terraform-state",
            "id": "unityhub-production-webappspaces-terraform-state",
            "region": "us-east-1",
            "rule": [
              {
                "object_ownership": "BucketOwnerEnforced"
              }
            ]
          },
          "sensitive_attributes": [],
          "identity_schema_version": 0,
          "identity": {
            "account_id": "514472330244",
            "bucket": "unityhub-production-webappspaces-terraform-state",
            "region": "us-east-1"
          },
          "private": "bnVsbA==",
          "dependencies": [
            "module.common_resources_staging.module.webapp_spaces.module.terraform_state_backend_webapp_spaces.aws_s3_bucket.default"
          ]
        }
      ]
    },
    {
      "module": "module.common_resources_staging.module.webapp_spaces.module.terraform_state_backend_webapp_spaces",
      "mode": "managed",
      "type": "aws_s3_bucket_policy",
      "name": "default",
      "provider": "provider[\"registry.terraform.io/hashicorp/aws\"]",
      "instances": [
        {
          "index_key": 0,
          "schema_version": 0,
          "attributes": {
            "bucket": "unityhub-production-webappspaces-terraform-state",
            "id": "unityhub-production-webappspaces-terraform-state",
            "policy": "{\"Statement\":[{\"Action\":\"s3:PutObject\",\"Condition\":{\"StringNotEquals\":{\"s3:x-amz-server-side-encryption\":[\"AES256\",\"aws:kms\"]}},\"Effect\":\"Deny\",\"Principal\":{\"AWS\":\"*\"},\"Resource\":\"arn:aws:s3:::unityhub-production-webappspaces-terraform-state/*\",\"Sid\":\"DenyIncorrectEncryptionHeader\"},{\"Action\":\"s3:PutObject\",\"Condition\":{\"Null\":{\"s3:x-amz-server-side-encryption\":\"true\"}},\"Effect\":\"Deny\",\"Principal\":{\"AWS\":\"*\"},\"Resource\":\"arn:aws:s3:::unityhub-production-webappspaces-terraform-state/*\",\"Sid\":\"DenyUnEncryptedObjectUploads\"},{\"Action\":\"s3:*\",\"Condition\":{\"Bool\":{\"aws:SecureTransport\":\"false\"}},\"Effect\":\"Deny\",\"Principal\":{\"AWS\":\"*\"},\"Resource\":[\"arn:aws:s3:::unityhub-production-webappspaces-terraform-state/*\",\"arn:aws:s3:::unityhub-production-webappspaces-terraform-state\"],\"Sid\":\"EnforceTlsRequestsOnly\"}],\"Version\":\"2012-10-17\"}",
            "region": "us-east-1"
          },
          "sensitive_attributes": [],
          "identity_schema_version": 0,
          "identity": {
            "account_id": "514472330244",
            "bucket": "unityhub-production-webappspaces-terraform-state",
            "region": "us-east-1"
          },
          "private": "bnVsbA==",
          "dependencies": [
            "module.common_resources_staging.module.webapp_spaces.module.terraform_state_backend_webapp_spaces.aws_s3_bucket.default",
            "module.common_resources_staging.module.webapp_spaces.module.terraform_state_backend_webapp_spaces.data.aws_iam_policy_document.prevent_unencrypted_uploads"
          ]
        }
      ]
    },
    {
      "module": "module.common_resources_staging.module.webapp_spaces.module.terraform_state_backend_webapp_spaces",
      "mode": "managed",
      "type": "aws_s3_bucket_public_access_block",
      "name": "default",
      "provider": "provider[\"registry.terraform.io/hashicorp/aws\"]",
      "instances": [
        {
          "index_key": 0,
          "schema_version": 0,
          "attributes": {
            "block_public_acls": true,
            "block_public_policy": true,
            "bucket": "unityhub-production-webappspaces-terraform-state",
            "id": "unityhub-production-webappspaces-terraform-state",
            "ignore_public_acls": true,
            "region": "us-east-1",
            "restrict_public_buckets": true,
            "skip_destroy": null
          },
          "sensitive_attributes": [],
          "identity_schema_version": 0,
          "identity": {
            "account_id": "514472330244",
            "bucket": "unityhub-production-webappspaces-terraform-state",
            "region": "us-east-1"
          },
          "private": "bnVsbA==",
          "dependencies": [
            "module.common_resources_staging.module.webapp_spaces.module.terraform_state_backend_webapp_spaces.aws_s3_bucket.default"
          ]
        }
      ]
    },
    {
      "module": "module.common_resources_staging.module.webapp_spaces.module.terraform_state_backend_webapp_spaces",
      "mode": "managed",
      "type": "aws_s3_bucket_server_side_encryption_configuration",
      "name": "default",
      "provider": "provider[\"registry.terraform.io/hashicorp/aws\"]",
      "instances": [
        {
          "index_key": 0,
          "schema_version": 0,
          "attributes": {
            "bucket": "unityhub-production-webappspaces-terraform-state",
            "expected_bucket_owner": "",
            "id": "unityhub-production-webappspaces-terraform-state",
            "region": "us-east-1",
            "rule": [
              {
                "apply_server_side_encryption_by_default": [
                  {
                    "kms_master_key_id": "",
                    "sse_algorithm": "AES256"
                  }
                ],
                "blocked_encryption_types": [
                  "SSE-C"
                ],
                "bucket_key_enabled": false
              }
            ]
          },
          "sensitive_attributes": [],
          "identity_schema_version": 1,
          "identity": {
            "account_id": "514472330244",
            "bucket": "unityhub-production-webappspaces-terraform-state",
            "region": "us-east-1"
          },
          "private": "bnVsbA==",
          "dependencies": [
            "module.common_resources_staging.module.webapp_spaces.module.terraform_state_backend_webapp_spaces.aws_s3_bucket.default"
          ]
        }
      ]
    },
    {
      "module": "module.common_resources_staging.module.webapp_spaces.module.terraform_state_backend_webapp_spaces",
      "mode": "managed",
      "type": "aws_s3_bucket_versioning",
      "name": "default",
      "provider": "provider[\"registry.terraform.io/hashicorp/aws\"]",
      "instances": [
        {
          "index_key": 0,
          "schema_version": 0,
          "attributes": {
            "bucket": "unityhub-production-webappspaces-terraform-state",
            "expected_bucket_owner": "",
            "id": "unityhub-production-webappspaces-terraform-state",
            "mfa": null,
            "region": "us-east-1",
            "versioning_configuration": [
              {
                "mfa_delete": "Disabled",
                "status": "Enabled"
              }
            ]
          },
          "sensitive_attributes": [],
          "identity_schema_version": 1,
          "identity": {
            "account_id": "514472330244",
            "bucket": "unityhub-production-webappspaces-terraform-state",
            "region": "us-east-1"
          },
          "private": "bnVsbA==",
          "dependencies": [
            "module.common_resources_staging.module.webapp_spaces.module.terraform_state_backend_webapp_spaces.aws_s3_bucket.default"
          ]
        }
      ]
    },
    {
      "module": "module.common_resources_staging.module.webapp_spaces.module.terraform_state_backend_webapp_spaces",
      "mode": "managed",
      "type": "local_file",
      "name": "terraform_backend_config",
      "provider": "provider[\"registry.terraform.io/hashicorp/local\"]",
      "instances": [
        {
          "index_key": 0,
          "schema_version": 0,
          "attributes": {
            "content": "terraform {\n  required_version = \"\u003e= 1.0.0\"\n\n  backend \"s3\" {\n    region         = \"us-east-1\"\n    bucket         = \"unityhub-production-webappspaces-terraform-state\"\n    key            = \"terraform.tfstate\"\n    dynamodb_table = \"unityhub-production-webappspaces-terraform-state-lock\"\n    profile        = \"\"\n    role_arn       = \"\"\n    encrypt        = \"true\"\n  }\n}\n",
            "content_base64": null,
            "content_base64sha256": "hwu//CRx42fY+JuP4UrCq3haaWC0HqDFgJASllOmcXg=",
            "content_base64sha512": "kfcysvZe4WXRqh+2C8kUnpZmhAg6Uz75B7batOhM91pugL/o91tC6BzJ62PatpEv1d2+BQx0Y8jEeutpQtNxPw==",
            "content_md5": "9a21608e3fb3dc78424ac03daea7787e",
            "content_sha1": "44eef96d73710b15ad8d43ae19b48a8f23b242c8",
            "content_sha256": "870bbffc2471e367d8f89b8fe14ac2ab785a6960b41ea0c58090129653a67178",
            "content_sha512": "91f732b2f65ee165d1aa1fb60bc9149e966684083a533ef907b6dab4e84cf75a6e80bfe8f75b42e81cc9eb63dab6912fd5ddbe050c7463c8c47aeb6942d3713f",
            "directory_permission": "0777",
            "file_permission": "0644",
            "filename": "./backend/backend_webapp_spaces.tf",
            "id": "44eef96d73710b15ad8d43ae19b48a8f23b242c8",
            "sensitive_content": null,
            "source": null
          },
          "sensitive_attributes": [
            [
              {
                "type": "get_attr",
                "value": "sensitive_content"
              }
            ]
          ],
          "identity_schema_version": 0,
          "dependencies": [
            "module.common_resources_staging.module.webapp_spaces.module.terraform_state_backend_webapp_spaces.aws_dynamodb_table.with_server_side_encryption",
            "module.common_resources_staging.module.webapp_spaces.module.terraform_state_backend_webapp_spaces.aws_s3_bucket.default",
            "module.common_resources_staging.module.webapp_spaces.module.terraform_state_backend_webapp_spaces.data.aws_region.current"
          ]
        }
      ]
    },
    {
      "module": "module.common_resources_staging.module.webapp_spaces.module.terraform_state_backend_webapp_spaces_help",
      "mode": "data",
      "type": "aws_iam_policy_document",
      "name": "prevent_unencrypted_uploads",
      "provider": "provider[\"registry.terraform.io/hashicorp/aws\"]",
      "instances": [
        {
          "index_key": 0,
          "schema_version": 0,
          "attributes": {
            "id": "2711216630",
            "json": "{\n  \"Version\": \"2012-10-17\",\n  \"Statement\": [\n    {\n      \"Sid\": \"DenyIncorrectEncryptionHeader\",\n      \"Effect\": \"Deny\",\n      \"Action\": \"s3:PutObject\",\n      \"Resource\": \"arn:aws:s3:::unityhub-production-webappspaces-help-terraform-state/*\",\n      \"Principal\": {\n        \"AWS\": \"*\"\n      },\n      \"Condition\": {\n        \"StringNotEquals\": {\n          \"s3:x-amz-server-side-encryption\": [\n            \"AES256\",\n            \"aws:kms\"\n          ]\n        }\n      }\n    },\n    {\n      \"Sid\": \"DenyUnEncryptedObjectUploads\",\n      \"Effect\": \"Deny\",\n      \"Action\": \"s3:PutObject\",\n      \"Resource\": \"arn:aws:s3:::unityhub-production-webappspaces-help-terraform-state/*\",\n      \"Principal\": {\n        \"AWS\": \"*\"\n      },\n      \"Condition\": {\n        \"Null\": {\n          \"s3:x-amz-server-side-encryption\": \"true\"\n        }\n      }\n    },\n    {\n      \"Sid\": \"EnforceTlsRequestsOnly\",\n      \"Effect\": \"Deny\",\n      \"Action\": \"s3:*\",\n      \"Resource\": [\n        \"arn:aws:s3:::unityhub-production-webappspaces-help-terraform-state/*\",\n        \"arn:aws:s3:::unityhub-production-webappspaces-help-terraform-state\"\n      ],\n      \"Principal\": {\n        \"AWS\": \"*\"\n      },\n      \"Condition\": {\n        \"Bool\": {\n          \"aws:SecureTransport\": \"false\"\n        }\n      }\n    }\n  ]\n}",
            "minified_json": "{\"Version\":\"2012-10-17\",\"Statement\":[{\"Sid\":\"DenyIncorrectEncryptionHeader\",\"Effect\":\"Deny\",\"Action\":\"s3:PutObject\",\"Resource\":\"arn:aws:s3:::unityhub-production-webappspaces-help-terraform-state/*\",\"Principal\":{\"AWS\":\"*\"},\"Condition\":{\"StringNotEquals\":{\"s3:x-amz-server-side-encryption\":[\"AES256\",\"aws:kms\"]}}},{\"Sid\":\"DenyUnEncryptedObjectUploads\",\"Effect\":\"Deny\",\"Action\":\"s3:PutObject\",\"Resource\":\"arn:aws:s3:::unityhub-production-webappspaces-help-terraform-state/*\",\"Principal\":{\"AWS\":\"*\"},\"Condition\":{\"Null\":{\"s3:x-amz-server-side-encryption\":\"true\"}}},{\"Sid\":\"EnforceTlsRequestsOnly\",\"Effect\":\"Deny\",\"Action\":\"s3:*\",\"Resource\":[\"arn:aws:s3:::unityhub-production-webappspaces-help-terraform-state/*\",\"arn:aws:s3:::unityhub-production-webappspaces-help-terraform-state\"],\"Principal\":{\"AWS\":\"*\"},\"Condition\":{\"Bool\":{\"aws:SecureTransport\":\"false\"}}}]}",
            "override_json": null,
            "override_policy_documents": null,
            "policy_id": null,
            "source_json": null,
            "source_policy_documents": null,
            "statement": [
              {
                "actions": [
                  "s3:PutObject"
                ],
                "condition": [
                  {
                    "test": "StringNotEquals",
                    "values": [
                      "AES256",
                      "aws:kms"
                    ],
                    "variable": "s3:x-amz-server-side-encryption"
                  }
                ],
                "effect": "Deny",
                "not_actions": [],
                "not_principals": [],
                "not_resources": [],
                "principals": [
                  {
                    "identifiers": [
                      "*"
                    ],
                    "type": "AWS"
                  }
                ],
                "resources": [
                  "arn:aws:s3:::unityhub-production-webappspaces-help-terraform-state/*"
                ],
                "sid": "DenyIncorrectEncryptionHeader"
              },
              {
                "actions": [
                  "s3:PutObject"
                ],
                "condition": [
                  {
                    "test": "Null",
                    "values": [
                      "true"
                    ],
                    "variable": "s3:x-amz-server-side-encryption"
                  }
                ],
                "effect": "Deny",
                "not_actions": [],
                "not_principals": [],
                "not_resources": [],
                "principals": [
                  {
                    "identifiers": [
                      "*"
                    ],
                    "type": "AWS"
                  }
                ],
                "resources": [
                  "arn:aws:s3:::unityhub-production-webappspaces-help-terraform-state/*"
                ],
                "sid": "DenyUnEncryptedObjectUploads"
              },
              {
                "actions": [
                  "s3:*"
                ],
                "condition": [
                  {
                    "test": "Bool",
                    "values": [
                      "false"
                    ],
                    "variable": "aws:SecureTransport"
                  }
                ],
                "effect": "Deny",
                "not_actions": [],
                "not_principals": [],
                "not_resources": [],
                "principals": [
                  {
                    "identifiers": [
                      "*"
                    ],
                    "type": "AWS"
                  }
                ],
                "resources": [
                  "arn:aws:s3:::unityhub-production-webappspaces-help-terraform-state",
                  "arn:aws:s3:::unityhub-production-webappspaces-help-terraform-state/*"
                ],
                "sid": "EnforceTlsRequestsOnly"
              }
            ],
            "version": "2012-10-17"
          },
          "sensitive_attributes": [],
          "identity_schema_version": 0
        }
      ]
    },
    {
      "module": "module.common_resources_staging.module.webapp_spaces.module.terraform_state_backend_webapp_spaces_help",
      "mode": "data",
      "type": "aws_region",
      "name": "current",
      "provider": "provider[\"registry.terraform.io/hashicorp/aws\"]",
      "instances": [
        {
          "schema_version": 0,
          "attributes": {
            "description": "US East (N. Virginia)",
            "endpoint": "ec2.us-east-1.amazonaws.com",
            "id": "us-east-1",
            "name": "us-east-1",
            "region": "us-east-1"
          },
          "sensitive_attributes": [],
          "identity_schema_version": 0
        }
      ]
    },
    {
      "module": "module.common_resources_staging.module.webapp_spaces.module.terraform_state_backend_webapp_spaces_help",
      "mode": "managed",
      "type": "aws_dynamodb_table",
      "name": "with_server_side_encryption",
      "provider": "provider[\"registry.terraform.io/hashicorp/aws\"]",
      "instances": [
        {
          "index_key": 0,
          "schema_version": 1,
          "attributes": {
            "arn": "arn:aws:dynamodb:us-east-1:514472330244:table/unityhub-production-webappspaces-help-terraform-state-lock",
            "attribute": [
              {
                "name": "LockID",
                "type": "S"
              }
            ],
            "billing_mode": "PAY_PER_REQUEST",
            "deletion_protection_enabled": false,
            "global_secondary_index": [],
            "global_table_witness": [],
            "hash_key": "LockID",
            "id": "unityhub-production-webappspaces-help-terraform-state-lock",
            "import_table": [],
            "local_secondary_index": [],
            "name": "unityhub-production-webappspaces-help-terraform-state-lock",
            "on_demand_throughput": [],
            "point_in_time_recovery": [
              {
                "enabled": true,
                "recovery_period_in_days": 35
              }
            ],
            "range_key": null,
            "read_capacity": 0,
            "region": "us-east-1",
            "replica": [],
            "restore_backup_arn": null,
            "restore_date_time": null,
            "restore_source_name": null,
            "restore_source_table_arn": null,
            "restore_to_latest_time": null,
            "server_side_encryption": [
              {
                "enabled": true,
                "kms_key_arn": ""
              }
            ],
            "stream_arn": "",
            "stream_enabled": false,
            "stream_label": "",
            "stream_view_type": "",
            "table_class": "STANDARD",
            "tags": {
              "Attributes": "terraform-state-lock",
              "Name": "unityhub-production-webappspaces-help-terraform-state-lock",
              "Namespace": "unityhub",
              "Stage": "production"
            },
            "tags_all": {
              "Attributes": "terraform-state-lock",
              "Name": "unityhub-production-webappspaces-help-terraform-state-lock",
              "Namespace": "unityhub",
              "Stage": "production"
            },
            "timeouts": null,
            "ttl": [
              {
                "attribute_name": "",
                "enabled": false
              }
            ],
            "warm_throughput": [],
            "write_capacity": 0
          },
          "sensitive_attributes": [],
          "identity_schema_version": 0,
          "identity": {
            "account_id": "514472330244",
            "name": "unityhub-production-webappspaces-help-terraform-state-lock",
            "region": "us-east-1"
          },
          "private": "eyJlMmJmYjczMC1lY2FhLTExZTYtOGY4OC0zNDM2M2JjN2M0YzAiOnsiY3JlYXRlIjoxODAwMDAwMDAwMDAwLCJkZWxldGUiOjYwMDAwMDAwMDAwMCwidXBkYXRlIjozNjAwMDAwMDAwMDAwfSwic2NoZW1hX3ZlcnNpb24iOiIxIn0="
        }
      ]
    },
    {
      "module": "module.common_resources_staging.module.webapp_spaces.module.terraform_state_backend_webapp_spaces_help",
      "mode": "managed",
      "type": "aws_s3_bucket",
      "name": "default",
      "provider": "provider[\"registry.terraform.io/hashicorp/aws\"]",
      "instances": [
        {
          "index_key": 0,
          "schema_version": 0,
          "attributes": {
            "acceleration_status": "",
            "acl": null,
            "arn": "arn:aws:s3:::unityhub-production-webappspaces-help-terraform-state",
            "bucket": "unityhub-production-webappspaces-help-terraform-state",
            "bucket_domain_name": "unityhub-production-webappspaces-help-terraform-state.s3.amazonaws.com",
            "bucket_namespace": "global",
            "bucket_prefix": "",
            "bucket_region": "us-east-1",
            "bucket_regional_domain_name": "unityhub-production-webappspaces-help-terraform-state.s3.us-east-1.amazonaws.com",
            "cors_rule": [],
            "force_destroy": true,
            "grant": [
              {
                "id": "bea86176a486e69a83b4227063efa3be9eb4b243551739d81a6a4b41ec8b3461",
                "permissions": [
                  "FULL_CONTROL"
                ],
                "type": "CanonicalUser",
                "uri": ""
              }
            ],
            "hosted_zone_id": "Z3AQBSTGFYJSTF",
            "id": "unityhub-production-webappspaces-help-terraform-state",
            "lifecycle_rule": [],
            "logging": [],
            "object_lock_configuration": [],
            "object_lock_enabled": false,
            "policy": "{\"Statement\":[{\"Action\":\"s3:PutObject\",\"Condition\":{\"StringNotEquals\":{\"s3:x-amz-server-side-encryption\":[\"AES256\",\"aws:kms\"]}},\"Effect\":\"Deny\",\"Principal\":{\"AWS\":\"*\"},\"Resource\":\"arn:aws:s3:::unityhub-production-webappspaces-help-terraform-state/*\",\"Sid\":\"DenyIncorrectEncryptionHeader\"},{\"Action\":\"s3:PutObject\",\"Condition\":{\"Null\":{\"s3:x-amz-server-side-encryption\":\"true\"}},\"Effect\":\"Deny\",\"Principal\":{\"AWS\":\"*\"},\"Resource\":\"arn:aws:s3:::unityhub-production-webappspaces-help-terraform-state/*\",\"Sid\":\"DenyUnEncryptedObjectUploads\"},{\"Action\":\"s3:*\",\"Condition\":{\"Bool\":{\"aws:SecureTransport\":\"false\"}},\"Effect\":\"Deny\",\"Principal\":{\"AWS\":\"*\"},\"Resource\":[\"arn:aws:s3:::unityhub-production-webappspaces-help-terraform-state/*\",\"arn:aws:s3:::unityhub-production-webappspaces-help-terraform-state\"],\"Sid\":\"EnforceTlsRequestsOnly\"}],\"Version\":\"2012-10-17\"}",
            "region": "us-east-1",
            "replication_configuration": [],
            "request_payer": "BucketOwner",
            "server_side_encryption_configuration": [
              {
                "rule": [
                  {
                    "apply_server_side_encryption_by_default": [
                      {
                        "kms_master_key_id": "",
                        "sse_algorithm": "AES256"
                      }
                    ],
                    "bucket_key_enabled": false
                  }
                ]
              }
            ],
            "tags": {
              "Attributes": "terraform-state",
              "Name": "unityhub-production-webappspaces-help-terraform-state",
              "Namespace": "unityhub",
              "Stage": "production"
            },
            "tags_all": {
              "Attributes": "terraform-state",
              "Name": "unityhub-production-webappspaces-help-terraform-state",
              "Namespace": "unityhub",
              "Stage": "production"
            },
            "timeouts": null,
            "versioning": [
              {
                "enabled": true,
                "mfa_delete": false
              }
            ],
            "website": [],
            "website_domain": null,
            "website_endpoint": null
          },
          "sensitive_attributes": [],
          "identity_schema_version": 0,
          "identity": {
            "account_id": "514472330244",
            "bucket": "unityhub-production-webappspaces-help-terraform-state",
            "region": "us-east-1"
          },
          "private": "eyJlMmJmYjczMC1lY2FhLTExZTYtOGY4OC0zNDM2M2JjN2M0YzAiOnsiY3JlYXRlIjoxMjAwMDAwMDAwMDAwLCJkZWxldGUiOjM2MDAwMDAwMDAwMDAsInJlYWQiOjEyMDAwMDAwMDAwMDAsInVwZGF0ZSI6MTIwMDAwMDAwMDAwMH19"
        }
      ]
    },
    {
      "module": "module.common_resources_staging.module.webapp_spaces.module.terraform_state_backend_webapp_spaces_help",
      "mode": "managed",
      "type": "aws_s3_bucket_ownership_controls",
      "name": "default",
      "provider": "provider[\"registry.terraform.io/hashicorp/aws\"]",
      "instances": [
        {
          "index_key": 0,
          "schema_version": 0,
          "attributes": {
            "bucket": "unityhub-production-webappspaces-help-terraform-state",
            "id": "unityhub-production-webappspaces-help-terraform-state",
            "region": "us-east-1",
            "rule": [
              {
                "object_ownership": "BucketOwnerEnforced"
              }
            ]
          },
          "sensitive_attributes": [],
          "identity_schema_version": 0,
          "identity": {
            "account_id": "514472330244",
            "bucket": "unityhub-production-webappspaces-help-terraform-state",
            "region": "us-east-1"
          },
          "private": "bnVsbA==",
          "dependencies": [
            "module.common_resources_staging.module.webapp_spaces.module.terraform_state_backend_webapp_spaces_help.aws_s3_bucket.default"
          ]
        }
      ]
    },
    {
      "module": "module.common_resources_staging.module.webapp_spaces.module.terraform_state_backend_webapp_spaces_help",
      "mode": "managed",
      "type": "aws_s3_bucket_policy",
      "name": "default",
      "provider": "provider[\"registry.terraform.io/hashicorp/aws\"]",
      "instances": [
        {
          "index_key": 0,
          "schema_version": 0,
          "attributes": {
            "bucket": "unityhub-production-webappspaces-help-terraform-state",
            "id": "unityhub-production-webappspaces-help-terraform-state",
            "policy": "{\"Statement\":[{\"Action\":\"s3:PutObject\",\"Condition\":{\"StringNotEquals\":{\"s3:x-amz-server-side-encryption\":[\"AES256\",\"aws:kms\"]}},\"Effect\":\"Deny\",\"Principal\":{\"AWS\":\"*\"},\"Resource\":\"arn:aws:s3:::unityhub-production-webappspaces-help-terraform-state/*\",\"Sid\":\"DenyIncorrectEncryptionHeader\"},{\"Action\":\"s3:PutObject\",\"Condition\":{\"Null\":{\"s3:x-amz-server-side-encryption\":\"true\"}},\"Effect\":\"Deny\",\"Principal\":{\"AWS\":\"*\"},\"Resource\":\"arn:aws:s3:::unityhub-production-webappspaces-help-terraform-state/*\",\"Sid\":\"DenyUnEncryptedObjectUploads\"},{\"Action\":\"s3:*\",\"Condition\":{\"Bool\":{\"aws:SecureTransport\":\"false\"}},\"Effect\":\"Deny\",\"Principal\":{\"AWS\":\"*\"},\"Resource\":[\"arn:aws:s3:::unityhub-production-webappspaces-help-terraform-state/*\",\"arn:aws:s3:::unityhub-production-webappspaces-help-terraform-state\"],\"Sid\":\"EnforceTlsRequestsOnly\"}],\"Version\":\"2012-10-17\"}",
            "region": "us-east-1"
          },
          "sensitive_attributes": [],
          "identity_schema_version": 0,
          "identity": {
            "account_id": "514472330244",
            "bucket": "unityhub-production-webappspaces-help-terraform-state",
            "region": "us-east-1"
          },
          "private": "bnVsbA==",
          "dependencies": [
            "module.common_resources_staging.module.webapp_spaces.module.terraform_state_backend_webapp_spaces_help.aws_s3_bucket.default",
            "module.common_resources_staging.module.webapp_spaces.module.terraform_state_backend_webapp_spaces_help.data.aws_iam_policy_document.prevent_unencrypted_uploads"
          ]
        }
      ]
    },
    {
      "module": "module.common_resources_staging.module.webapp_spaces.module.terraform_state_backend_webapp_spaces_help",
      "mode": "managed",
      "type": "aws_s3_bucket_public_access_block",
      "name": "default",
      "provider": "provider[\"registry.terraform.io/hashicorp/aws\"]",
      "instances": [
        {
          "index_key": 0,
          "schema_version": 0,
          "attributes": {
            "block_public_acls": true,
            "block_public_policy": true,
            "bucket": "unityhub-production-webappspaces-help-terraform-state",
            "id": "unityhub-production-webappspaces-help-terraform-state",
            "ignore_public_acls": true,
            "region": "us-east-1",
            "restrict_public_buckets": true,
            "skip_destroy": null
          },
          "sensitive_attributes": [],
          "identity_schema_version": 0,
          "identity": {
            "account_id": "514472330244",
            "bucket": "unityhub-production-webappspaces-help-terraform-state",
            "region": "us-east-1"
          },
          "private": "bnVsbA==",
          "dependencies": [
            "module.common_resources_staging.module.webapp_spaces.module.terraform_state_backend_webapp_spaces_help.aws_s3_bucket.default"
          ]
        }
      ]
    },
    {
      "module": "module.common_resources_staging.module.webapp_spaces.module.terraform_state_backend_webapp_spaces_help",
      "mode": "managed",
      "type": "aws_s3_bucket_server_side_encryption_configuration",
      "name": "default",
      "provider": "provider[\"registry.terraform.io/hashicorp/aws\"]",
      "instances": [
        {
          "index_key": 0,
          "schema_version": 0,
          "attributes": {
            "bucket": "unityhub-production-webappspaces-help-terraform-state",
            "expected_bucket_owner": "",
            "id": "unityhub-production-webappspaces-help-terraform-state",
            "region": "us-east-1",
            "rule": [
              {
                "apply_server_side_encryption_by_default": [
                  {
                    "kms_master_key_id": "",
                    "sse_algorithm": "AES256"
                  }
                ],
                "blocked_encryption_types": [
                  "SSE-C"
                ],
                "bucket_key_enabled": false
              }
            ]
          },
          "sensitive_attributes": [],
          "identity_schema_version": 1,
          "identity": {
            "account_id": "514472330244",
            "bucket": "unityhub-production-webappspaces-help-terraform-state",
            "region": "us-east-1"
          },
          "private": "bnVsbA==",
          "dependencies": [
            "module.common_resources_staging.module.webapp_spaces.module.terraform_state_backend_webapp_spaces_help.aws_s3_bucket.default"
          ]
        }
      ]
    },
    {
      "module": "module.common_resources_staging.module.webapp_spaces.module.terraform_state_backend_webapp_spaces_help",
      "mode": "managed",
      "type": "aws_s3_bucket_versioning",
      "name": "default",
      "provider": "provider[\"registry.terraform.io/hashicorp/aws\"]",
      "instances": [
        {
          "index_key": 0,
          "schema_version": 0,
          "attributes": {
            "bucket": "unityhub-production-webappspaces-help-terraform-state",
            "expected_bucket_owner": "",
            "id": "unityhub-production-webappspaces-help-terraform-state",
            "mfa": null,
            "region": "us-east-1",
            "versioning_configuration": [
              {
                "mfa_delete": "Disabled",
                "status": "Enabled"
              }
            ]
          },
          "sensitive_attributes": [],
          "identity_schema_version": 1,
          "identity": {
            "account_id": "514472330244",
            "bucket": "unityhub-production-webappspaces-help-terraform-state",
            "region": "us-east-1"
          },
          "private": "bnVsbA==",
          "dependencies": [
            "module.common_resources_staging.module.webapp_spaces.module.terraform_state_backend_webapp_spaces_help.aws_s3_bucket.default"
          ]
        }
      ]
    },
    {
      "module": "module.common_resources_staging.module.webapp_spaces.module.terraform_state_backend_webapp_spaces_help",
      "mode": "managed",
      "type": "local_file",
      "name": "terraform_backend_config",
      "provider": "provider[\"registry.terraform.io/hashicorp/local\"]",
      "instances": [
        {
          "index_key": 0,
          "schema_version": 0,
          "attributes": {
            "content": "terraform {\n  required_version = \"\u003e= 1.0.0\"\n\n  backend \"s3\" {\n    region         = \"us-east-1\"\n    bucket         = \"unityhub-production-webappspaces-help-terraform-state\"\n    key            = \"terraform.tfstate\"\n    dynamodb_table = \"unityhub-production-webappspaces-help-terraform-state-lock\"\n    profile        = \"\"\n    role_arn       = \"\"\n    encrypt        = \"true\"\n  }\n}\n",
            "content_base64": null,
            "content_base64sha256": "bhKcw/XwC79XfZ0odGCJ/C7EuNDZYpcIBCjNJOyAH8E=",
            "content_base64sha512": "L7fEn6n0L7ECGEbXxYCzfar3gVcycOQl7StnD8ZDqbBOZV+ja0Wc9xpYJWeJjdpWQ/R0teYkSafcQNbLK47eWw==",
            "content_md5": "d93314453084cf442d965ec449bd76e1",
            "content_sha1": "6df4e515f2a2569edbd54b0e064c7fa87014909d",
            "content_sha256": "6e129cc3f5f00bbf577d9d28746089fc2ec4b8d0d96297080428cd24ec801fc1",
            "content_sha512": "2fb7c49fa9f42fb1021846d7c580b37daaf781573270e425ed2b670fc643a9b04e655fa36b459cf71a582567898dda5643f474b5e62449a7dc40d6cb2b8ede5b",
            "directory_permission": "0777",
            "file_permission": "0644",
            "filename": "./backend/backend_webapp_spaces_help.tf",
            "id": "6df4e515f2a2569edbd54b0e064c7fa87014909d",
            "sensitive_content": null,
            "source": null
          },
          "sensitive_attributes": [
            [
              {
                "type": "get_attr",
                "value": "sensitive_content"
              }
            ]
          ],
          "identity_schema_version": 0,
          "dependencies": [
            "module.common_resources_staging.module.webapp_spaces.module.terraform_state_backend_webapp_spaces_help.aws_dynamodb_table.with_server_side_encryption",
            "module.common_resources_staging.module.webapp_spaces.module.terraform_state_backend_webapp_spaces_help.aws_s3_bucket.default",
            "module.common_resources_staging.module.webapp_spaces.module.terraform_state_backend_webapp_spaces_help.data.aws_region.current"
          ]
        }
      ]
    },
    {
      "module": "module.common_resources_staging.module.webapp_teams.module.terraform_state_backend_webapp_teams",
      "mode": "data",
      "type": "aws_iam_policy_document",
      "name": "prevent_unencrypted_uploads",
      "provider": "provider[\"registry.terraform.io/hashicorp/aws\"]",
      "instances": [
        {
          "index_key": 0,
          "schema_version": 0,
          "attributes": {
            "id": "487868656",
            "json": "{\n  \"Version\": \"2012-10-17\",\n  \"Statement\": [\n    {\n      \"Sid\": \"DenyIncorrectEncryptionHeader\",\n      \"Effect\": \"Deny\",\n      \"Action\": \"s3:PutObject\",\n      \"Resource\": \"arn:aws:s3:::unityhub-production-webappteams-terraform-state/*\",\n      \"Principal\": {\n        \"AWS\": \"*\"\n      },\n      \"Condition\": {\n        \"StringNotEquals\": {\n          \"s3:x-amz-server-side-encryption\": [\n            \"AES256\",\n            \"aws:kms\"\n          ]\n        }\n      }\n    },\n    {\n      \"Sid\": \"DenyUnEncryptedObjectUploads\",\n      \"Effect\": \"Deny\",\n      \"Action\": \"s3:PutObject\",\n      \"Resource\": \"arn:aws:s3:::unityhub-production-webappteams-terraform-state/*\",\n      \"Principal\": {\n        \"AWS\": \"*\"\n      },\n      \"Condition\": {\n        \"Null\": {\n          \"s3:x-amz-server-side-encryption\": \"true\"\n        }\n      }\n    },\n    {\n      \"Sid\": \"EnforceTlsRequestsOnly\",\n      \"Effect\": \"Deny\",\n      \"Action\": \"s3:*\",\n      \"Resource\": [\n        \"arn:aws:s3:::unityhub-production-webappteams-terraform-state/*\",\n        \"arn:aws:s3:::unityhub-production-webappteams-terraform-state\"\n      ],\n      \"Principal\": {\n        \"AWS\": \"*\"\n      },\n      \"Condition\": {\n        \"Bool\": {\n          \"aws:SecureTransport\": \"false\"\n        }\n      }\n    }\n  ]\n}",
            "minified_json": "{\"Version\":\"2012-10-17\",\"Statement\":[{\"Sid\":\"DenyIncorrectEncryptionHeader\",\"Effect\":\"Deny\",\"Action\":\"s3:PutObject\",\"Resource\":\"arn:aws:s3:::unityhub-production-webappteams-terraform-state/*\",\"Principal\":{\"AWS\":\"*\"},\"Condition\":{\"StringNotEquals\":{\"s3:x-amz-server-side-encryption\":[\"AES256\",\"aws:kms\"]}}},{\"Sid\":\"DenyUnEncryptedObjectUploads\",\"Effect\":\"Deny\",\"Action\":\"s3:PutObject\",\"Resource\":\"arn:aws:s3:::unityhub-production-webappteams-terraform-state/*\",\"Principal\":{\"AWS\":\"*\"},\"Condition\":{\"Null\":{\"s3:x-amz-server-side-encryption\":\"true\"}}},{\"Sid\":\"EnforceTlsRequestsOnly\",\"Effect\":\"Deny\",\"Action\":\"s3:*\",\"Resource\":[\"arn:aws:s3:::unityhub-production-webappteams-terraform-state/*\",\"arn:aws:s3:::unityhub-production-webappteams-terraform-state\"],\"Principal\":{\"AWS\":\"*\"},\"Condition\":{\"Bool\":{\"aws:SecureTransport\":\"false\"}}}]}",
            "override_json": null,
            "override_policy_documents": null,
            "policy_id": null,
            "source_json": null,
            "source_policy_documents": null,
            "statement": [
              {
                "actions": [
                  "s3:PutObject"
                ],
                "condition": [
                  {
                    "test": "StringNotEquals",
                    "values": [
                      "AES256",
                      "aws:kms"
                    ],
                    "variable": "s3:x-amz-server-side-encryption"
                  }
                ],
                "effect": "Deny",
                "not_actions": [],
                "not_principals": [],
                "not_resources": [],
                "principals": [
                  {
                    "identifiers": [
                      "*"
                    ],
                    "type": "AWS"
                  }
                ],
                "resources": [
                  "arn:aws:s3:::unityhub-production-webappteams-terraform-state/*"
                ],
                "sid": "DenyIncorrectEncryptionHeader"
              },
              {
                "actions": [
                  "s3:PutObject"
                ],
                "condition": [
                  {
                    "test": "Null",
                    "values": [
                      "true"
                    ],
                    "variable": "s3:x-amz-server-side-encryption"
                  }
                ],
                "effect": "Deny",
                "not_actions": [],
                "not_principals": [],
                "not_resources": [],
                "principals": [
                  {
                    "identifiers": [
                      "*"
                    ],
                    "type": "AWS"
                  }
                ],
                "resources": [
                  "arn:aws:s3:::unityhub-production-webappteams-terraform-state/*"
                ],
                "sid": "DenyUnEncryptedObjectUploads"
              },
              {
                "actions": [
                  "s3:*"
                ],
                "condition": [
                  {
                    "test": "Bool",
                    "values": [
                      "false"
                    ],
                    "variable": "aws:SecureTransport"
                  }
                ],
                "effect": "Deny",
                "not_actions": [],
                "not_principals": [],
                "not_resources": [],
                "principals": [
                  {
                    "identifiers": [
                      "*"
                    ],
                    "type": "AWS"
                  }
                ],
                "resources": [
                  "arn:aws:s3:::unityhub-production-webappteams-terraform-state",
                  "arn:aws:s3:::unityhub-production-webappteams-terraform-state/*"
                ],
                "sid": "EnforceTlsRequestsOnly"
              }
            ],
            "version": "2012-10-17"
          },
          "sensitive_attributes": [],
          "identity_schema_version": 0
        }
      ]
    },
    {
      "module": "module.common_resources_staging.module.webapp_teams.module.terraform_state_backend_webapp_teams",
      "mode": "data",
      "type": "aws_region",
      "name": "current",
      "provider": "provider[\"registry.terraform.io/hashicorp/aws\"]",
      "instances": [
        {
          "schema_version": 0,
          "attributes": {
            "description": "US East (N. Virginia)",
            "endpoint": "ec2.us-east-1.amazonaws.com",
            "id": "us-east-1",
            "name": "us-east-1",
            "region": "us-east-1"
          },
          "sensitive_attributes": [],
          "identity_schema_version": 0
        }
      ]
    },
    {
      "module": "module.common_resources_staging.module.webapp_teams.module.terraform_state_backend_webapp_teams",
      "mode": "managed",
      "type": "aws_dynamodb_table",
      "name": "with_server_side_encryption",
      "provider": "provider[\"registry.terraform.io/hashicorp/aws\"]",
      "instances": [
        {
          "index_key": 0,
          "schema_version": 1,
          "attributes": {
            "arn": "arn:aws:dynamodb:us-east-1:514472330244:table/unityhub-production-webappteams-terraform-state-lock",
            "attribute": [
              {
                "name": "LockID",
                "type": "S"
              }
            ],
            "billing_mode": "PAY_PER_REQUEST",
            "deletion_protection_enabled": false,
            "global_secondary_index": [],
            "global_table_witness": [],
            "hash_key": "LockID",
            "id": "unityhub-production-webappteams-terraform-state-lock",
            "import_table": [],
            "local_secondary_index": [],
            "name": "unityhub-production-webappteams-terraform-state-lock",
            "on_demand_throughput": [],
            "point_in_time_recovery": [
              {
                "enabled": true,
                "recovery_period_in_days": 35
              }
            ],
            "range_key": null,
            "read_capacity": 0,
            "region": "us-east-1",
            "replica": [],
            "restore_backup_arn": null,
            "restore_date_time": null,
            "restore_source_name": null,
            "restore_source_table_arn": null,
            "restore_to_latest_time": null,
            "server_side_encryption": [
              {
                "enabled": true,
                "kms_key_arn": ""
              }
            ],
            "stream_arn": "",
            "stream_enabled": false,
            "stream_label": "",
            "stream_view_type": "",
            "table_class": "STANDARD",
            "tags": {
              "Attributes": "terraform-state-lock",
              "Name": "unityhub-production-webappteams-terraform-state-lock",
              "Namespace": "unityhub",
              "Stage": "production"
            },
            "tags_all": {
              "Attributes": "terraform-state-lock",
              "Name": "unityhub-production-webappteams-terraform-state-lock",
              "Namespace": "unityhub",
              "Stage": "production"
            },
            "timeouts": null,
            "ttl": [
              {
                "attribute_name": "",
                "enabled": false
              }
            ],
            "warm_throughput": [],
            "write_capacity": 0
          },
          "sensitive_attributes": [],
          "identity_schema_version": 0,
          "identity": {
            "account_id": "514472330244",
            "name": "unityhub-production-webappteams-terraform-state-lock",
            "region": "us-east-1"
          },
          "private": "eyJlMmJmYjczMC1lY2FhLTExZTYtOGY4OC0zNDM2M2JjN2M0YzAiOnsiY3JlYXRlIjoxODAwMDAwMDAwMDAwLCJkZWxldGUiOjYwMDAwMDAwMDAwMCwidXBkYXRlIjozNjAwMDAwMDAwMDAwfSwic2NoZW1hX3ZlcnNpb24iOiIxIn0="
        }
      ]
    },
    {
      "module": "module.common_resources_staging.module.webapp_teams.module.terraform_state_backend_webapp_teams",
      "mode": "managed",
      "type": "aws_s3_bucket",
      "name": "default",
      "provider": "provider[\"registry.terraform.io/hashicorp/aws\"]",
      "instances": [
        {
          "index_key": 0,
          "schema_version": 0,
          "attributes": {
            "acceleration_status": "",
            "acl": null,
            "arn": "arn:aws:s3:::unityhub-production-webappteams-terraform-state",
            "bucket": "unityhub-production-webappteams-terraform-state",
            "bucket_domain_name": "unityhub-production-webappteams-terraform-state.s3.amazonaws.com",
            "bucket_namespace": "global",
            "bucket_prefix": "",
            "bucket_region": "us-east-1",
            "bucket_regional_domain_name": "unityhub-production-webappteams-terraform-state.s3.us-east-1.amazonaws.com",
            "cors_rule": [],
            "force_destroy": true,
            "grant": [
              {
                "id": "bea86176a486e69a83b4227063efa3be9eb4b243551739d81a6a4b41ec8b3461",
                "permissions": [
                  "FULL_CONTROL"
                ],
                "type": "CanonicalUser",
                "uri": ""
              }
            ],
            "hosted_zone_id": "Z3AQBSTGFYJSTF",
            "id": "unityhub-production-webappteams-terraform-state",
            "lifecycle_rule": [],
            "logging": [],
            "object_lock_configuration": [],
            "object_lock_enabled": false,
            "policy": "{\"Statement\":[{\"Action\":\"s3:PutObject\",\"Condition\":{\"StringNotEquals\":{\"s3:x-amz-server-side-encryption\":[\"AES256\",\"aws:kms\"]}},\"Effect\":\"Deny\",\"Principal\":{\"AWS\":\"*\"},\"Resource\":\"arn:aws:s3:::unityhub-production-webappteams-terraform-state/*\",\"Sid\":\"DenyIncorrectEncryptionHeader\"},{\"Action\":\"s3:PutObject\",\"Condition\":{\"Null\":{\"s3:x-amz-server-side-encryption\":\"true\"}},\"Effect\":\"Deny\",\"Principal\":{\"AWS\":\"*\"},\"Resource\":\"arn:aws:s3:::unityhub-production-webappteams-terraform-state/*\",\"Sid\":\"DenyUnEncryptedObjectUploads\"},{\"Action\":\"s3:*\",\"Condition\":{\"Bool\":{\"aws:SecureTransport\":\"false\"}},\"Effect\":\"Deny\",\"Principal\":{\"AWS\":\"*\"},\"Resource\":[\"arn:aws:s3:::unityhub-production-webappteams-terraform-state/*\",\"arn:aws:s3:::unityhub-production-webappteams-terraform-state\"],\"Sid\":\"EnforceTlsRequestsOnly\"}],\"Version\":\"2012-10-17\"}",
            "region": "us-east-1",
            "replication_configuration": [],
            "request_payer": "BucketOwner",
            "server_side_encryption_configuration": [
              {
                "rule": [
                  {
                    "apply_server_side_encryption_by_default": [
                      {
                        "kms_master_key_id": "",
                        "sse_algorithm": "AES256"
                      }
                    ],
                    "bucket_key_enabled": false
                  }
                ]
              }
            ],
            "tags": {
              "Attributes": "terraform-state",
              "Name": "unityhub-production-webappteams-terraform-state",
              "Namespace": "unityhub",
              "Stage": "production"
            },
            "tags_all": {
              "Attributes": "terraform-state",
              "Name": "unityhub-production-webappteams-terraform-state",
              "Namespace": "unityhub",
              "Stage": "production"
            },
            "timeouts": null,
            "versioning": [
              {
                "enabled": true,
                "mfa_delete": false
              }
            ],
            "website": [],
            "website_domain": null,
            "website_endpoint": null
          },
          "sensitive_attributes": [],
          "identity_schema_version": 0,
          "identity": {
            "account_id": "514472330244",
            "bucket": "unityhub-production-webappteams-terraform-state",
            "region": "us-east-1"
          },
          "private": "eyJlMmJmYjczMC1lY2FhLTExZTYtOGY4OC0zNDM2M2JjN2M0YzAiOnsiY3JlYXRlIjoxMjAwMDAwMDAwMDAwLCJkZWxldGUiOjM2MDAwMDAwMDAwMDAsInJlYWQiOjEyMDAwMDAwMDAwMDAsInVwZGF0ZSI6MTIwMDAwMDAwMDAwMH19"
        }
      ]
    },
    {
      "module": "module.common_resources_staging.module.webapp_teams.module.terraform_state_backend_webapp_teams",
      "mode": "managed",
      "type": "aws_s3_bucket_ownership_controls",
      "name": "default",
      "provider": "provider[\"registry.terraform.io/hashicorp/aws\"]",
      "instances": [
        {
          "index_key": 0,
          "schema_version": 0,
          "attributes": {
            "bucket": "unityhub-production-webappteams-terraform-state",
            "id": "unityhub-production-webappteams-terraform-state",
            "region": "us-east-1",
            "rule": [
              {
                "object_ownership": "BucketOwnerEnforced"
              }
            ]
          },
          "sensitive_attributes": [],
          "identity_schema_version": 0,
          "identity": {
            "account_id": "514472330244",
            "bucket": "unityhub-production-webappteams-terraform-state",
            "region": "us-east-1"
          },
          "private": "bnVsbA==",
          "dependencies": [
            "module.common_resources_staging.module.webapp_teams.module.terraform_state_backend_webapp_teams.aws_s3_bucket.default"
          ]
        }
      ]
    },
    {
      "module": "module.common_resources_staging.module.webapp_teams.module.terraform_state_backend_webapp_teams",
      "mode": "managed",
      "type": "aws_s3_bucket_policy",
      "name": "default",
      "provider": "provider[\"registry.terraform.io/hashicorp/aws\"]",
      "instances": [
        {
          "index_key": 0,
          "schema_version": 0,
          "attributes": {
            "bucket": "unityhub-production-webappteams-terraform-state",
            "id": "unityhub-production-webappteams-terraform-state",
            "policy": "{\"Statement\":[{\"Action\":\"s3:PutObject\",\"Condition\":{\"StringNotEquals\":{\"s3:x-amz-server-side-encryption\":[\"AES256\",\"aws:kms\"]}},\"Effect\":\"Deny\",\"Principal\":{\"AWS\":\"*\"},\"Resource\":\"arn:aws:s3:::unityhub-production-webappteams-terraform-state/*\",\"Sid\":\"DenyIncorrectEncryptionHeader\"},{\"Action\":\"s3:PutObject\",\"Condition\":{\"Null\":{\"s3:x-amz-server-side-encryption\":\"true\"}},\"Effect\":\"Deny\",\"Principal\":{\"AWS\":\"*\"},\"Resource\":\"arn:aws:s3:::unityhub-production-webappteams-terraform-state/*\",\"Sid\":\"DenyUnEncryptedObjectUploads\"},{\"Action\":\"s3:*\",\"Condition\":{\"Bool\":{\"aws:SecureTransport\":\"false\"}},\"Effect\":\"Deny\",\"Principal\":{\"AWS\":\"*\"},\"Resource\":[\"arn:aws:s3:::unityhub-production-webappteams-terraform-state/*\",\"arn:aws:s3:::unityhub-production-webappteams-terraform-state\"],\"Sid\":\"EnforceTlsRequestsOnly\"}],\"Version\":\"2012-10-17\"}",
            "region": "us-east-1"
          },
          "sensitive_attributes": [],
          "identity_schema_version": 0,
          "identity": {
            "account_id": "514472330244",
            "bucket": "unityhub-production-webappteams-terraform-state",
            "region": "us-east-1"
          },
          "private": "bnVsbA==",
          "dependencies": [
            "module.common_resources_staging.module.webapp_teams.module.terraform_state_backend_webapp_teams.aws_s3_bucket.default",
            "module.common_resources_staging.module.webapp_teams.module.terraform_state_backend_webapp_teams.data.aws_iam_policy_document.prevent_unencrypted_uploads"
          ]
        }
      ]
    },
    {
      "module": "module.common_resources_staging.module.webapp_teams.module.terraform_state_backend_webapp_teams",
      "mode": "managed",
      "type": "aws_s3_bucket_public_access_block",
      "name": "default",
      "provider": "provider[\"registry.terraform.io/hashicorp/aws\"]",
      "instances": [
        {
          "index_key": 0,
          "schema_version": 0,
          "attributes": {
            "block_public_acls": true,
            "block_public_policy": true,
            "bucket": "unityhub-production-webappteams-terraform-state",
            "id": "unityhub-production-webappteams-terraform-state",
            "ignore_public_acls": true,
            "region": "us-east-1",
            "restrict_public_buckets": true,
            "skip_destroy": null
          },
          "sensitive_attributes": [],
          "identity_schema_version": 0,
          "identity": {
            "account_id": "514472330244",
            "bucket": "unityhub-production-webappteams-terraform-state",
            "region": "us-east-1"
          },
          "private": "bnVsbA==",
          "dependencies": [
            "module.common_resources_staging.module.webapp_teams.module.terraform_state_backend_webapp_teams.aws_s3_bucket.default"
          ]
        }
      ]
    },
    {
      "module": "module.common_resources_staging.module.webapp_teams.module.terraform_state_backend_webapp_teams",
      "mode": "managed",
      "type": "aws_s3_bucket_server_side_encryption_configuration",
      "name": "default",
      "provider": "provider[\"registry.terraform.io/hashicorp/aws\"]",
      "instances": [
        {
          "index_key": 0,
          "schema_version": 0,
          "attributes": {
            "bucket": "unityhub-production-webappteams-terraform-state",
            "expected_bucket_owner": "",
            "id": "unityhub-production-webappteams-terraform-state",
            "region": "us-east-1",
            "rule": [
              {
                "apply_server_side_encryption_by_default": [
                  {
                    "kms_master_key_id": "",
                    "sse_algorithm": "AES256"
                  }
                ],
                "blocked_encryption_types": [
                  "SSE-C"
                ],
                "bucket_key_enabled": false
              }
            ]
          },
          "sensitive_attributes": [],
          "identity_schema_version": 1,
          "identity": {
            "account_id": "514472330244",
            "bucket": "unityhub-production-webappteams-terraform-state",
            "region": "us-east-1"
          },
          "private": "bnVsbA==",
          "dependencies": [
            "module.common_resources_staging.module.webapp_teams.module.terraform_state_backend_webapp_teams.aws_s3_bucket.default"
          ]
        }
      ]
    },
    {
      "module": "module.common_resources_staging.module.webapp_teams.module.terraform_state_backend_webapp_teams",
      "mode": "managed",
      "type": "aws_s3_bucket_versioning",
      "name": "default",
      "provider": "provider[\"registry.terraform.io/hashicorp/aws\"]",
      "instances": [
        {
          "index_key": 0,
          "schema_version": 0,
          "attributes": {
            "bucket": "unityhub-production-webappteams-terraform-state",
            "expected_bucket_owner": "",
            "id": "unityhub-production-webappteams-terraform-state",
            "mfa": null,
            "region": "us-east-1",
            "versioning_configuration": [
              {
                "mfa_delete": "Disabled",
                "status": "Enabled"
              }
            ]
          },
          "sensitive_attributes": [],
          "identity_schema_version": 1,
          "identity": {
            "account_id": "514472330244",
            "bucket": "unityhub-production-webappteams-terraform-state",
            "region": "us-east-1"
          },
          "private": "bnVsbA==",
          "dependencies": [
            "module.common_resources_staging.module.webapp_teams.module.terraform_state_backend_webapp_teams.aws_s3_bucket.default"
          ]
        }
      ]
    },
    {
      "module": "module.common_resources_staging.module.webapp_teams.module.terraform_state_backend_webapp_teams",
      "mode": "managed",
      "type": "local_file",
      "name": "terraform_backend_config",
      "provider": "provider[\"registry.terraform.io/hashicorp/local\"]",
      "instances": [
        {
          "index_key": 0,
          "schema_version": 0,
          "attributes": {
            "content": "terraform {\n  required_version = \"\u003e= 1.0.0\"\n\n  backend \"s3\" {\n    region         = \"us-east-1\"\n    bucket         = \"unityhub-production-webappteams-terraform-state\"\n    key            = \"terraform.tfstate\"\n    dynamodb_table = \"unityhub-production-webappteams-terraform-state-lock\"\n    profile        = \"\"\n    role_arn       = \"\"\n    encrypt        = \"true\"\n  }\n}\n",
            "content_base64": null,
            "content_base64sha256": "ZULzpikEZxEnl/pQo0PmFFi5I6fxlIcZ5BpqCPwVqek=",
            "content_base64sha512": "u4/ghRRMRjQtGUqEFpoA3QjZpogCxLtKzhuXG2PHjI/0x7XDFjun2jPPqxEQCaEMn1+6nPmZTImSnCT4bNUbww==",
            "content_md5": "612745bec833f9638d78e845b51a1a41",
            "content_sha1": "bbbabcc3f65bf51519eb312b9eac514840287c7a",
            "content_sha256": "6542f3a6290467112797fa50a343e61458b923a7f1948719e41a6a08fc15a9e9",
            "content_sha512": "bb8fe085144c46342d194a84169a00dd08d9a68802c4bb4ace1b971b63c78c8ff4c7b5c3163ba7da33cfab111009a10c9f5fba9cf9994c89929c24f86cd51bc3",
            "directory_permission": "0777",
            "file_permission": "0644",
            "filename": "./backend/backend_webapp_teams.tf",
            "id": "bbbabcc3f65bf51519eb312b9eac514840287c7a",
            "sensitive_content": null,
            "source": null
          },
          "sensitive_attributes": [
            [
              {
                "type": "get_attr",
                "value": "sensitive_content"
              }
            ]
          ],
          "identity_schema_version": 0,
          "dependencies": [
            "module.common_resources_staging.module.webapp_teams.module.terraform_state_backend_webapp_teams.aws_dynamodb_table.with_server_side_encryption",
            "module.common_resources_staging.module.webapp_teams.module.terraform_state_backend_webapp_teams.aws_s3_bucket.default",
            "module.common_resources_staging.module.webapp_teams.module.terraform_state_backend_webapp_teams.data.aws_region.current"
          ]
        }
      ]
    },
    {
      "module": "module.common_resources_staging.module.webapp_teams.module.terraform_state_backend_webapp_teams_help",
      "mode": "data",
      "type": "aws_iam_policy_document",
      "name": "prevent_unencrypted_uploads",
      "provider": "provider[\"registry.terraform.io/hashicorp/aws\"]",
      "instances": [
        {
          "index_key": 0,
          "schema_version": 0,
          "attributes": {
            "id": "936055526",
            "json": "{\n  \"Version\": \"2012-10-17\",\n  \"Statement\": [\n    {\n      \"Sid\": \"DenyIncorrectEncryptionHeader\",\n      \"Effect\": \"Deny\",\n      \"Action\": \"s3:PutObject\",\n      \"Resource\": \"arn:aws:s3:::unityhub-production-webappteams-help-terraform-state/*\",\n      \"Principal\": {\n        \"AWS\": \"*\"\n      },\n      \"Condition\": {\n        \"StringNotEquals\": {\n          \"s3:x-amz-server-side-encryption\": [\n            \"AES256\",\n            \"aws:kms\"\n          ]\n        }\n      }\n    },\n    {\n      \"Sid\": \"DenyUnEncryptedObjectUploads\",\n      \"Effect\": \"Deny\",\n      \"Action\": \"s3:PutObject\",\n      \"Resource\": \"arn:aws:s3:::unityhub-production-webappteams-help-terraform-state/*\",\n      \"Principal\": {\n        \"AWS\": \"*\"\n      },\n      \"Condition\": {\n        \"Null\": {\n          \"s3:x-amz-server-side-encryption\": \"true\"\n        }\n      }\n    },\n    {\n      \"Sid\": \"EnforceTlsRequestsOnly\",\n      \"Effect\": \"Deny\",\n      \"Action\": \"s3:*\",\n      \"Resource\": [\n        \"arn:aws:s3:::unityhub-production-webappteams-help-terraform-state/*\",\n        \"arn:aws:s3:::unityhub-production-webappteams-help-terraform-state\"\n      ],\n      \"Principal\": {\n        \"AWS\": \"*\"\n      },\n      \"Condition\": {\n        \"Bool\": {\n          \"aws:SecureTransport\": \"false\"\n        }\n      }\n    }\n  ]\n}",
            "minified_json": "{\"Version\":\"2012-10-17\",\"Statement\":[{\"Sid\":\"DenyIncorrectEncryptionHeader\",\"Effect\":\"Deny\",\"Action\":\"s3:PutObject\",\"Resource\":\"arn:aws:s3:::unityhub-production-webappteams-help-terraform-state/*\",\"Principal\":{\"AWS\":\"*\"},\"Condition\":{\"StringNotEquals\":{\"s3:x-amz-server-side-encryption\":[\"AES256\",\"aws:kms\"]}}},{\"Sid\":\"DenyUnEncryptedObjectUploads\",\"Effect\":\"Deny\",\"Action\":\"s3:PutObject\",\"Resource\":\"arn:aws:s3:::unityhub-production-webappteams-help-terraform-state/*\",\"Principal\":{\"AWS\":\"*\"},\"Condition\":{\"Null\":{\"s3:x-amz-server-side-encryption\":\"true\"}}},{\"Sid\":\"EnforceTlsRequestsOnly\",\"Effect\":\"Deny\",\"Action\":\"s3:*\",\"Resource\":[\"arn:aws:s3:::unityhub-production-webappteams-help-terraform-state/*\",\"arn:aws:s3:::unityhub-production-webappteams-help-terraform-state\"],\"Principal\":{\"AWS\":\"*\"},\"Condition\":{\"Bool\":{\"aws:SecureTransport\":\"false\"}}}]}",
            "override_json": null,
            "override_policy_documents": null,
            "policy_id": null,
            "source_json": null,
            "source_policy_documents": null,
            "statement": [
              {
                "actions": [
                  "s3:PutObject"
                ],
                "condition": [
                  {
                    "test": "StringNotEquals",
                    "values": [
                      "AES256",
                      "aws:kms"
                    ],
                    "variable": "s3:x-amz-server-side-encryption"
                  }
                ],
                "effect": "Deny",
                "not_actions": [],
                "not_principals": [],
                "not_resources": [],
                "principals": [
                  {
                    "identifiers": [
                      "*"
                    ],
                    "type": "AWS"
                  }
                ],
                "resources": [
                  "arn:aws:s3:::unityhub-production-webappteams-help-terraform-state/*"
                ],
                "sid": "DenyIncorrectEncryptionHeader"
              },
              {
                "actions": [
                  "s3:PutObject"
                ],
                "condition": [
                  {
                    "test": "Null",
                    "values": [
                      "true"
                    ],
                    "variable": "s3:x-amz-server-side-encryption"
                  }
                ],
                "effect": "Deny",
                "not_actions": [],
                "not_principals": [],
                "not_resources": [],
                "principals": [
                  {
                    "identifiers": [
                      "*"
                    ],
                    "type": "AWS"
                  }
                ],
                "resources": [
                  "arn:aws:s3:::unityhub-production-webappteams-help-terraform-state/*"
                ],
                "sid": "DenyUnEncryptedObjectUploads"
              },
              {
                "actions": [
                  "s3:*"
                ],
                "condition": [
                  {
                    "test": "Bool",
                    "values": [
                      "false"
                    ],
                    "variable": "aws:SecureTransport"
                  }
                ],
                "effect": "Deny",
                "not_actions": [],
                "not_principals": [],
                "not_resources": [],
                "principals": [
                  {
                    "identifiers": [
                      "*"
                    ],
                    "type": "AWS"
                  }
                ],
                "resources": [
                  "arn:aws:s3:::unityhub-production-webappteams-help-terraform-state",
                  "arn:aws:s3:::unityhub-production-webappteams-help-terraform-state/*"
                ],
                "sid": "EnforceTlsRequestsOnly"
              }
            ],
            "version": "2012-10-17"
          },
          "sensitive_attributes": [],
          "identity_schema_version": 0
        }
      ]
    },
    {
      "module": "module.common_resources_staging.module.webapp_teams.module.terraform_state_backend_webapp_teams_help",
      "mode": "data",
      "type": "aws_region",
      "name": "current",
      "provider": "provider[\"registry.terraform.io/hashicorp/aws\"]",
      "instances": [
        {
          "schema_version": 0,
          "attributes": {
            "description": "US East (N. Virginia)",
            "endpoint": "ec2.us-east-1.amazonaws.com",
            "id": "us-east-1",
            "name": "us-east-1",
            "region": "us-east-1"
          },
          "sensitive_attributes": [],
          "identity_schema_version": 0
        }
      ]
    },
    {
      "module": "module.common_resources_staging.module.webapp_teams.module.terraform_state_backend_webapp_teams_help",
      "mode": "managed",
      "type": "aws_dynamodb_table",
      "name": "with_server_side_encryption",
      "provider": "provider[\"registry.terraform.io/hashicorp/aws\"]",
      "instances": [
        {
          "index_key": 0,
          "schema_version": 1,
          "attributes": {
            "arn": "arn:aws:dynamodb:us-east-1:514472330244:table/unityhub-production-webappteams-help-terraform-state-lock",
            "attribute": [
              {
                "name": "LockID",
                "type": "S"
              }
            ],
            "billing_mode": "PAY_PER_REQUEST",
            "deletion_protection_enabled": false,
            "global_secondary_index": [],
            "global_table_witness": [],
            "hash_key": "LockID",
            "id": "unityhub-production-webappteams-help-terraform-state-lock",
            "import_table": [],
            "local_secondary_index": [],
            "name": "unityhub-production-webappteams-help-terraform-state-lock",
            "on_demand_throughput": [],
            "point_in_time_recovery": [
              {
                "enabled": true,
                "recovery_period_in_days": 35
              }
            ],
            "range_key": null,
            "read_capacity": 0,
            "region": "us-east-1",
            "replica": [],
            "restore_backup_arn": null,
            "restore_date_time": null,
            "restore_source_name": null,
            "restore_source_table_arn": null,
            "restore_to_latest_time": null,
            "server_side_encryption": [
              {
                "enabled": true,
                "kms_key_arn": ""
              }
            ],
            "stream_arn": "",
            "stream_enabled": false,
            "stream_label": "",
            "stream_view_type": "",
            "table_class": "STANDARD",
            "tags": {
              "Attributes": "terraform-state-lock",
              "Name": "unityhub-production-webappteams-help-terraform-state-lock",
              "Namespace": "unityhub",
              "Stage": "production"
            },
            "tags_all": {
              "Attributes": "terraform-state-lock",
              "Name": "unityhub-production-webappteams-help-terraform-state-lock",
              "Namespace": "unityhub",
              "Stage": "production"
            },
            "timeouts": null,
            "ttl": [
              {
                "attribute_name": "",
                "enabled": false
              }
            ],
            "warm_throughput": [],
            "write_capacity": 0
          },
          "sensitive_attributes": [],
          "identity_schema_version": 0,
          "identity": {
            "account_id": "514472330244",
            "name": "unityhub-production-webappteams-help-terraform-state-lock",
            "region": "us-east-1"
          },
          "private": "eyJlMmJmYjczMC1lY2FhLTExZTYtOGY4OC0zNDM2M2JjN2M0YzAiOnsiY3JlYXRlIjoxODAwMDAwMDAwMDAwLCJkZWxldGUiOjYwMDAwMDAwMDAwMCwidXBkYXRlIjozNjAwMDAwMDAwMDAwfSwic2NoZW1hX3ZlcnNpb24iOiIxIn0="
        }
      ]
    },
    {
      "module": "module.common_resources_staging.module.webapp_teams.module.terraform_state_backend_webapp_teams_help",
      "mode": "managed",
      "type": "aws_s3_bucket",
      "name": "default",
      "provider": "provider[\"registry.terraform.io/hashicorp/aws\"]",
      "instances": [
        {
          "index_key": 0,
          "schema_version": 0,
          "attributes": {
            "acceleration_status": "",
            "acl": null,
            "arn": "arn:aws:s3:::unityhub-production-webappteams-help-terraform-state",
            "bucket": "unityhub-production-webappteams-help-terraform-state",
            "bucket_domain_name": "unityhub-production-webappteams-help-terraform-state.s3.amazonaws.com",
            "bucket_namespace": "global",
            "bucket_prefix": "",
            "bucket_region": "us-east-1",
            "bucket_regional_domain_name": "unityhub-production-webappteams-help-terraform-state.s3.us-east-1.amazonaws.com",
            "cors_rule": [],
            "force_destroy": true,
            "grant": [
              {
                "id": "bea86176a486e69a83b4227063efa3be9eb4b243551739d81a6a4b41ec8b3461",
                "permissions": [
                  "FULL_CONTROL"
                ],
                "type": "CanonicalUser",
                "uri": ""
              }
            ],
            "hosted_zone_id": "Z3AQBSTGFYJSTF",
            "id": "unityhub-production-webappteams-help-terraform-state",
            "lifecycle_rule": [],
            "logging": [],
            "object_lock_configuration": [],
            "object_lock_enabled": false,
            "policy": "{\"Statement\":[{\"Action\":\"s3:PutObject\",\"Condition\":{\"StringNotEquals\":{\"s3:x-amz-server-side-encryption\":[\"AES256\",\"aws:kms\"]}},\"Effect\":\"Deny\",\"Principal\":{\"AWS\":\"*\"},\"Resource\":\"arn:aws:s3:::unityhub-production-webappteams-help-terraform-state/*\",\"Sid\":\"DenyIncorrectEncryptionHeader\"},{\"Action\":\"s3:PutObject\",\"Condition\":{\"Null\":{\"s3:x-amz-server-side-encryption\":\"true\"}},\"Effect\":\"Deny\",\"Principal\":{\"AWS\":\"*\"},\"Resource\":\"arn:aws:s3:::unityhub-production-webappteams-help-terraform-state/*\",\"Sid\":\"DenyUnEncryptedObjectUploads\"},{\"Action\":\"s3:*\",\"Condition\":{\"Bool\":{\"aws:SecureTransport\":\"false\"}},\"Effect\":\"Deny\",\"Principal\":{\"AWS\":\"*\"},\"Resource\":[\"arn:aws:s3:::unityhub-production-webappteams-help-terraform-state/*\",\"arn:aws:s3:::unityhub-production-webappteams-help-terraform-state\"],\"Sid\":\"EnforceTlsRequestsOnly\"}],\"Version\":\"2012-10-17\"}",
            "region": "us-east-1",
            "replication_configuration": [],
            "request_payer": "BucketOwner",
            "server_side_encryption_configuration": [
              {
                "rule": [
                  {
                    "apply_server_side_encryption_by_default": [
                      {
                        "kms_master_key_id": "",
                        "sse_algorithm": "AES256"
                      }
                    ],
                    "bucket_key_enabled": false
                  }
                ]
              }
            ],
            "tags": {
              "Attributes": "terraform-state",
              "Name": "unityhub-production-webappteams-help-terraform-state",
              "Namespace": "unityhub",
              "Stage": "production"
            },
            "tags_all": {
              "Attributes": "terraform-state",
              "Name": "unityhub-production-webappteams-help-terraform-state",
              "Namespace": "unityhub",
              "Stage": "production"
            },
            "timeouts": null,
            "versioning": [
              {
                "enabled": true,
                "mfa_delete": false
              }
            ],
            "website": [],
            "website_domain": null,
            "website_endpoint": null
          },
          "sensitive_attributes": [],
          "identity_schema_version": 0,
          "identity": {
            "account_id": "514472330244",
            "bucket": "unityhub-production-webappteams-help-terraform-state",
            "region": "us-east-1"
          },
          "private": "eyJlMmJmYjczMC1lY2FhLTExZTYtOGY4OC0zNDM2M2JjN2M0YzAiOnsiY3JlYXRlIjoxMjAwMDAwMDAwMDAwLCJkZWxldGUiOjM2MDAwMDAwMDAwMDAsInJlYWQiOjEyMDAwMDAwMDAwMDAsInVwZGF0ZSI6MTIwMDAwMDAwMDAwMH19"
        }
      ]
    },
    {
      "module": "module.common_resources_staging.module.webapp_teams.module.terraform_state_backend_webapp_teams_help",
      "mode": "managed",
      "type": "aws_s3_bucket_ownership_controls",
      "name": "default",
      "provider": "provider[\"registry.terraform.io/hashicorp/aws\"]",
      "instances": [
        {
          "index_key": 0,
          "schema_version": 0,
          "attributes": {
            "bucket": "unityhub-production-webappteams-help-terraform-state",
            "id": "unityhub-production-webappteams-help-terraform-state",
            "region": "us-east-1",
            "rule": [
              {
                "object_ownership": "BucketOwnerEnforced"
              }
            ]
          },
          "sensitive_attributes": [],
          "identity_schema_version": 0,
          "identity": {
            "account_id": "514472330244",
            "bucket": "unityhub-production-webappteams-help-terraform-state",
            "region": "us-east-1"
          },
          "private": "bnVsbA==",
          "dependencies": [
            "module.common_resources_staging.module.webapp_teams.module.terraform_state_backend_webapp_teams_help.aws_s3_bucket.default"
          ]
        }
      ]
    },
    {
      "module": "module.common_resources_staging.module.webapp_teams.module.terraform_state_backend_webapp_teams_help",
      "mode": "managed",
      "type": "aws_s3_bucket_policy",
      "name": "default",
      "provider": "provider[\"registry.terraform.io/hashicorp/aws\"]",
      "instances": [
        {
          "index_key": 0,
          "schema_version": 0,
          "attributes": {
            "bucket": "unityhub-production-webappteams-help-terraform-state",
            "id": "unityhub-production-webappteams-help-terraform-state",
            "policy": "{\"Statement\":[{\"Action\":\"s3:PutObject\",\"Condition\":{\"StringNotEquals\":{\"s3:x-amz-server-side-encryption\":[\"AES256\",\"aws:kms\"]}},\"Effect\":\"Deny\",\"Principal\":{\"AWS\":\"*\"},\"Resource\":\"arn:aws:s3:::unityhub-production-webappteams-help-terraform-state/*\",\"Sid\":\"DenyIncorrectEncryptionHeader\"},{\"Action\":\"s3:PutObject\",\"Condition\":{\"Null\":{\"s3:x-amz-server-side-encryption\":\"true\"}},\"Effect\":\"Deny\",\"Principal\":{\"AWS\":\"*\"},\"Resource\":\"arn:aws:s3:::unityhub-production-webappteams-help-terraform-state/*\",\"Sid\":\"DenyUnEncryptedObjectUploads\"},{\"Action\":\"s3:*\",\"Condition\":{\"Bool\":{\"aws:SecureTransport\":\"false\"}},\"Effect\":\"Deny\",\"Principal\":{\"AWS\":\"*\"},\"Resource\":[\"arn:aws:s3:::unityhub-production-webappteams-help-terraform-state/*\",\"arn:aws:s3:::unityhub-production-webappteams-help-terraform-state\"],\"Sid\":\"EnforceTlsRequestsOnly\"}],\"Version\":\"2012-10-17\"}",
            "region": "us-east-1"
          },
          "sensitive_attributes": [],
          "identity_schema_version": 0,
          "identity": {
            "account_id": "514472330244",
            "bucket": "unityhub-production-webappteams-help-terraform-state",
            "region": "us-east-1"
          },
          "private": "bnVsbA==",
          "dependencies": [
            "module.common_resources_staging.module.webapp_teams.module.terraform_state_backend_webapp_teams_help.aws_s3_bucket.default",
            "module.common_resources_staging.module.webapp_teams.module.terraform_state_backend_webapp_teams_help.data.aws_iam_policy_document.prevent_unencrypted_uploads"
          ]
        }
      ]
    },
    {
      "module": "module.common_resources_staging.module.webapp_teams.module.terraform_state_backend_webapp_teams_help",
      "mode": "managed",
      "type": "aws_s3_bucket_public_access_block",
      "name": "default",
      "provider": "provider[\"registry.terraform.io/hashicorp/aws\"]",
      "instances": [
        {
          "index_key": 0,
          "schema_version": 0,
          "attributes": {
            "block_public_acls": true,
            "block_public_policy": true,
            "bucket": "unityhub-production-webappteams-help-terraform-state",
            "id": "unityhub-production-webappteams-help-terraform-state",
            "ignore_public_acls": true,
            "region": "us-east-1",
            "restrict_public_buckets": true,
            "skip_destroy": null
          },
          "sensitive_attributes": [],
          "identity_schema_version": 0,
          "identity": {
            "account_id": "514472330244",
            "bucket": "unityhub-production-webappteams-help-terraform-state",
            "region": "us-east-1"
          },
          "private": "bnVsbA==",
          "dependencies": [
            "module.common_resources_staging.module.webapp_teams.module.terraform_state_backend_webapp_teams_help.aws_s3_bucket.default"
          ]
        }
      ]
    },
    {
      "module": "module.common_resources_staging.module.webapp_teams.module.terraform_state_backend_webapp_teams_help",
      "mode": "managed",
      "type": "aws_s3_bucket_server_side_encryption_configuration",
      "name": "default",
      "provider": "provider[\"registry.terraform.io/hashicorp/aws\"]",
      "instances": [
        {
          "index_key": 0,
          "schema_version": 0,
          "attributes": {
            "bucket": "unityhub-production-webappteams-help-terraform-state",
            "expected_bucket_owner": "",
            "id": "unityhub-production-webappteams-help-terraform-state",
            "region": "us-east-1",
            "rule": [
              {
                "apply_server_side_encryption_by_default": [
                  {
                    "kms_master_key_id": "",
                    "sse_algorithm": "AES256"
                  }
                ],
                "blocked_encryption_types": [
                  "SSE-C"
                ],
                "bucket_key_enabled": false
              }
            ]
          },
          "sensitive_attributes": [],
          "identity_schema_version": 1,
          "identity": {
            "account_id": "514472330244",
            "bucket": "unityhub-production-webappteams-help-terraform-state",
            "region": "us-east-1"
          },
          "private": "bnVsbA==",
          "dependencies": [
            "module.common_resources_staging.module.webapp_teams.module.terraform_state_backend_webapp_teams_help.aws_s3_bucket.default"
          ]
        }
      ]
    },
    {
      "module": "module.common_resources_staging.module.webapp_teams.module.terraform_state_backend_webapp_teams_help",
      "mode": "managed",
      "type": "aws_s3_bucket_versioning",
      "name": "default",
      "provider": "provider[\"registry.terraform.io/hashicorp/aws\"]",
      "instances": [
        {
          "index_key": 0,
          "schema_version": 0,
          "attributes": {
            "bucket": "unityhub-production-webappteams-help-terraform-state",
            "expected_bucket_owner": "",
            "id": "unityhub-production-webappteams-help-terraform-state",
            "mfa": null,
            "region": "us-east-1",
            "versioning_configuration": [
              {
                "mfa_delete": "Disabled",
                "status": "Enabled"
              }
            ]
          },
          "sensitive_attributes": [],
          "identity_schema_version": 1,
          "identity": {
            "account_id": "514472330244",
            "bucket": "unityhub-production-webappteams-help-terraform-state",
            "region": "us-east-1"
          },
          "private": "bnVsbA==",
          "dependencies": [
            "module.common_resources_staging.module.webapp_teams.module.terraform_state_backend_webapp_teams_help.aws_s3_bucket.default"
          ]
        }
      ]
    },
    {
      "module": "module.common_resources_staging.module.webapp_teams.module.terraform_state_backend_webapp_teams_help",
      "mode": "managed",
      "type": "local_file",
      "name": "terraform_backend_config",
      "provider": "provider[\"registry.terraform.io/hashicorp/local\"]",
      "instances": [
        {
          "index_key": 0,
          "schema_version": 0,
          "attributes": {
            "content": "terraform {\n  required_version = \"\u003e= 1.0.0\"\n\n  backend \"s3\" {\n    region         = \"us-east-1\"\n    bucket         = \"unityhub-production-webappteams-help-terraform-state\"\n    key            = \"terraform.tfstate\"\n    dynamodb_table = \"unityhub-production-webappteams-help-terraform-state-lock\"\n    profile        = \"\"\n    role_arn       = \"\"\n    encrypt        = \"true\"\n  }\n}\n",
            "content_base64": null,
            "content_base64sha256": "vSJwT560WcG2UPGZx8My/7Vo2OQXQq1mEBAZOSWsd9E=",
            "content_base64sha512": "kHLJs6Uj0fqTI6shMqHUdyDE/nZ0zfrKjG8XSc6FUQ63AfXnbaFHU2hAr97MQkZjj6Y55Fhd3Y4nB6aaG/sc+A==",
            "content_md5": "955f060efeaaa437b7959ccc215989dc",
            "content_sha1": "f9b6fb632f4f55575ddb5f7d126d72bc0da37ca9",
            "content_sha256": "bd22704f9eb459c1b650f199c7c332ffb568d8e41742ad661010193925ac77d1",
            "content_sha512": "9072c9b3a523d1fa9323ab2132a1d47720c4fe7674cdfaca8c6f1749ce85510eb701f5e76da147536840afdecc4246638fa639e4585ddd8e2707a69a1bfb1cf8",
            "directory_permission": "0777",
            "file_permission": "0644",
            "filename": "./backend/backend_webapp_teams_help.tf",
            "id": "f9b6fb632f4f55575ddb5f7d126d72bc0da37ca9",
            "sensitive_content": null,
            "source": null
          },
          "sensitive_attributes": [
            [
              {
                "type": "get_attr",
                "value": "sensitive_content"
              }
            ]
          ],
          "identity_schema_version": 0,
          "dependencies": [
            "module.common_resources_staging.module.webapp_teams.module.terraform_state_backend_webapp_teams_help.aws_dynamodb_table.with_server_side_encryption",
            "module.common_resources_staging.module.webapp_teams.module.terraform_state_backend_webapp_teams_help.aws_s3_bucket.default",
            "module.common_resources_staging.module.webapp_teams.module.terraform_state_backend_webapp_teams_help.data.aws_region.current"
          ]
        }
      ]
    }
  ],
  "check_results": [
    {
      "object_kind": "var",
      "config_addr": "module.common_resources_staging.module.webapp_spaces.module.terraform_state_backend_webapp_spaces.module.this.var.context",
      "status": "pass",
      "objects": [
        {
          "object_addr": "module.common_resources_staging.module.webapp_spaces.module.terraform_state_backend_webapp_spaces.module.this.var.context",
          "status": "pass"
        }
      ]
    },
    {
      "object_kind": "var",
      "config_addr": "module.common_resources_staging.module.webapp_teams.module.terraform_state_backend_webapp_teams.module.this.var.label_key_case",
      "status": "pass",
      "objects": [
        {
          "object_addr": "module.common_resources_staging.module.webapp_teams.module.terraform_state_backend_webapp_teams.module.this.var.label_key_case",
          "status": "pass"
        }
      ]
    },
    {
      "object_kind": "var",
      "config_addr": "module.common_resources_staging.module.organization.module.terraform_state_backend_organization_shared.module.replication_label.var.id_length_limit",
      "status": "pass",
      "objects": [
        {
          "object_addr": "module.common_resources_staging.module.organization.module.terraform_state_backend_organization_shared.module.replication_label.var.id_length_limit",
          "status": "pass"
        }
      ]
    },
    {
      "object_kind": "var",
      "config_addr": "module.common_resources_staging.module.webapp.module.terraform_state_backend_webapp_shared.module.bucket_label.var.label_value_case",
      "status": "pass",
      "objects": [
        {
          "object_addr": "module.common_resources_staging.module.webapp.module.terraform_state_backend_webapp_shared.module.bucket_label.var.label_value_case",
          "status": "pass"
        }
      ]
    },
    {
      "object_kind": "var",
      "config_addr": "module.common_resources_staging.module.team.module.terraform_state_backend_team_shared.module.bucket_label.var.id_length_limit",
      "status": "pass",
      "objects": [
        {
          "object_addr": "module.common_resources_staging.module.team.module.terraform_state_backend_team_shared.module.bucket_label.var.id_length_limit",
          "status": "pass"
        }
      ]
    },
    {
      "object_kind": "var",
      "config_addr": "module.common_resources_staging.module.core.module.terraform_state_backend_core_shared.module.dynamodb_table_label.var.context",
      "status": "pass",
      "objects": [
        {
          "object_addr": "module.common_resources_staging.module.core.module.terraform_state_backend_core_shared.module.dynamodb_table_label.var.context",
          "status": "pass"
        }
      ]
    },
    {
      "object_kind": "var",
      "config_addr": "module.common_resources_staging.module.aws_oneoff.module.terraform_state_backend_aws_oneoff.module.dynamodb_table_label.var.label_value_case",
      "status": "pass",
      "objects": [
        {
          "object_addr": "module.common_resources_staging.module.aws_oneoff.module.terraform_state_backend_aws_oneoff.module.dynamodb_table_label.var.label_value_case",
          "status": "pass"
        }
      ]
    },
    {
      "object_kind": "var",
      "config_addr": "module.common_resources_staging.module.webapp_host.module.terraform_state_backend_webapp_host.module.bucket_label.var.id_length_limit",
      "status": "pass",
      "objects": [
        {
          "object_addr": "module.common_resources_staging.module.webapp_host.module.terraform_state_backend_webapp_host.module.bucket_label.var.id_length_limit",
          "status": "pass"
        }
      ]
    },
    {
      "object_kind": "var",
      "config_addr": "module.common_resources_staging.module.webapp.module.terraform_state_backend_webapp.module.bucket_label.var.id_length_limit",
      "status": "pass",
      "objects": [
        {
          "object_addr": "module.common_resources_staging.module.webapp.module.terraform_state_backend_webapp.module.bucket_label.var.id_length_limit",
          "status": "pass"
        }
      ]
    },
    {
      "object_kind": "var",
      "config_addr": "module.common_resources_staging.module.shared.module.terraform_state_backend_shared_azure_entra.module.bucket_label.var.label_value_case",
      "status": "pass",
      "objects": [
        {
          "object_addr": "module.common_resources_staging.module.shared.module.terraform_state_backend_shared_azure_entra.module.bucket_label.var.label_value_case",
          "status": "pass"
        }
      ]
    },
    {
      "object_kind": "var",
      "config_addr": "module.common_resources_staging.module.webapp_host.module.terraform_state_backend_webapp_host_help.module.replication_label.var.label_value_case",
      "status": "pass",
      "objects": [
        {
          "object_addr": "module.common_resources_staging.module.webapp_host.module.terraform_state_backend_webapp_host_help.module.replication_label.var.label_value_case",
          "status": "pass"
        }
      ]
    },
    {
      "object_kind": "var",
      "config_addr": "module.common_resources_staging.module.webapp_host.module.terraform_state_backend_webapp_host.module.dynamodb_table_label.var.context",
      "status": "pass",
      "objects": [
        {
          "object_addr": "module.common_resources_staging.module.webapp_host.module.terraform_state_backend_webapp_host.module.dynamodb_table_label.var.context",
          "status": "pass"
        }
      ]
    },
    {
      "object_kind": "var",
      "config_addr": "module.common_resources_staging.module.shared.module.terraform_state_backend_shared.module.this.var.id_length_limit",
      "status": "pass",
      "objects": [
        {
          "object_addr": "module.common_resources_staging.module.shared.module.terraform_state_backend_shared.module.this.var.id_length_limit",
          "status": "pass"
        }
      ]
    },
    {
      "object_kind": "var",
      "config_addr": "module.common_resources_staging.module.webapp_spaces.module.terraform_state_backend_webapp_spaces.module.bucket_label.var.label_value_case",
      "status": "pass",
      "objects": [
        {
          "object_addr": "module.common_resources_staging.module.webapp_spaces.module.terraform_state_backend_webapp_spaces.module.bucket_label.var.label_value_case",
          "status": "pass"
        }
      ]
    },
    {
      "object_kind": "var",
      "config_addr": "module.common_resources_staging.module.booking.module.terraform_state_backend_booking_shared.var.id_length_limit",
      "status": "pass",
      "objects": [
        {
          "object_addr": "module.common_resources_staging.module.booking.module.terraform_state_backend_booking_shared.var.id_length_limit",
          "status": "pass"
        }
      ]
    },
    {
      "object_kind": "var",
      "config_addr": "module.common_resources_staging.module.aws_oneoff.module.terraform_state_backend_aws_oneoff.module.replication_label.var.id_length_limit",
      "status": "pass",
      "objects": [
        {
          "object_addr": "module.common_resources_staging.module.aws_oneoff.module.terraform_state_backend_aws_oneoff.module.replication_label.var.id_length_limit",
          "status": "pass"
        }
      ]
    },
    {
      "object_kind": "var",
      "config_addr": "module.common_resources_staging.module.webapp_spaces.module.terraform_state_backend_webapp_spaces.var.s3_bucket_name",
      "status": "pass",
      "objects": [
        {
          "object_addr": "module.common_resources_staging.module.webapp_spaces.module.terraform_state_backend_webapp_spaces.var.s3_bucket_name",
          "status": "pass"
        }
      ]
    },
    {
      "object_kind": "var",
      "config_addr": "module.common_resources_staging.module.msteams.module.terraform_state_backend_msteams_shared.var.s3_bucket_name",
      "status": "pass",
      "objects": [
        {
          "object_addr": "module.common_resources_staging.module.msteams.module.terraform_state_backend_msteams_shared.var.s3_bucket_name",
          "status": "pass"
        }
      ]
    },
    {
      "object_kind": "var",
      "config_addr": "module.common_resources_staging.module.shared.module.terraform_state_backend_shared.module.dynamodb_table_label.var.label_key_case",
      "status": "pass",
      "objects": [
        {
          "object_addr": "module.common_resources_staging.module.shared.module.terraform_state_backend_shared.module.dynamodb_table_label.var.label_key_case",
          "status": "pass"
        }
      ]
    },
    {
      "object_kind": "var",
      "config_addr": "module.common_resources_staging.module.webapp_teams.module.terraform_state_backend_webapp_teams.var.s3_bucket_name",
      "status": "pass",
      "objects": [
        {
          "object_addr": "module.common_resources_staging.module.webapp_teams.module.terraform_state_backend_webapp_teams.var.s3_bucket_name",
          "status": "pass"
        }
      ]
    },
    {
      "object_kind": "var",
      "config_addr": "module.common_resources_staging.module.slack.module.terraform_state_backend_slack_shared.module.bucket_label.var.label_value_case",
      "status": "pass",
      "objects": [
        {
          "object_addr": "module.common_resources_staging.module.slack.module.terraform_state_backend_slack_shared.module.bucket_label.var.label_value_case",
          "status": "pass"
        }
      ]
    },
    {
      "object_kind": "var",
      "config_addr": "module.common_resources_staging.module.booking.module.terraform_state_backend_booking_shared.module.this.var.label_key_case",
      "status": "pass",
      "objects": [
        {
          "object_addr": "module.common_resources_staging.module.booking.module.terraform_state_backend_booking_shared.module.this.var.label_key_case",
          "status": "pass"
        }
      ]
    },
    {
      "object_kind": "var",
      "config_addr": "module.common_resources_staging.module.webapp_teams.module.terraform_state_backend_webapp_teams.module.this.var.id_length_limit",
      "status": "pass",
      "objects": [
        {
          "object_addr": "module.common_resources_staging.module.webapp_teams.module.terraform_state_backend_webapp_teams.module.this.var.id_length_limit",
          "status": "pass"
        }
      ]
    },
    {
      "object_kind": "var",
      "config_addr": "module.common_resources_staging.module.webapp_host.module.terraform_state_backend_webapp_host.module.bucket_label.var.context",
      "status": "pass",
      "objects": [
        {
          "object_addr": "module.common_resources_staging.module.webapp_host.module.terraform_state_backend_webapp_host.module.bucket_label.var.context",
          "status": "pass"
        }
      ]
    },
    {
      "object_kind": "var",
      "config_addr": "module.common_resources_staging.module.webapp.module.terraform_state_backend_webapp_help.module.replication_label.var.label_key_case",
      "status": "pass",
      "objects": [
        {
          "object_addr": "module.common_resources_staging.module.webapp.module.terraform_state_backend_webapp_help.module.replication_label.var.label_key_case",
          "status": "pass"
        }
      ]
    },
    {
      "object_kind": "var",
      "config_addr": "module.common_resources_staging.module.webapp.module.terraform_state_backend_webapp_eventcatalog.module.dynamodb_table_label.var.context",
      "status": "pass",
      "objects": [
        {
          "object_addr": "module.common_resources_staging.module.webapp.module.terraform_state_backend_webapp_eventcatalog.module.dynamodb_table_label.var.context",
          "status": "pass"
        }
      ]
    },
    {
      "object_kind": "var",
      "config_addr": "module.common_resources_staging.module.webapp_teams.module.terraform_state_backend_webapp_teams.module.bucket_label.var.id_length_limit",
      "status": "pass",
      "objects": [
        {
          "object_addr": "module.common_resources_staging.module.webapp_teams.module.terraform_state_backend_webapp_teams.module.bucket_label.var.id_length_limit",
          "status": "pass"
        }
      ]
    },
    {
      "object_kind": "var",
      "config_addr": "module.common_resources_staging.module.webapp_host.module.terraform_state_backend_webapp_host_help.module.bucket_label.var.id_length_limit",
      "status": "pass",
      "objects": [
        {
          "object_addr": "module.common_resources_staging.module.webapp_host.module.terraform_state_backend_webapp_host_help.module.bucket_label.var.id_length_limit",
          "status": "pass"
        }
      ]
    },
    {
      "object_kind": "var",
      "config_addr": "module.common_resources_staging.module.team.module.terraform_state_backend_team_shared.var.logging",
      "status": "pass",
      "objects": [
        {
          "object_addr": "module.common_resources_staging.module.team.module.terraform_state_backend_team_shared.var.logging",
          "status": "pass"
        }
      ]
    },
    {
      "object_kind": "var",
      "config_addr": "module.common_resources_staging.module.webapp_spaces.module.terraform_state_backend_webapp_spaces.var.id_length_limit",
      "status": "pass",
      "objects": [
        {
          "object_addr": "module.common_resources_staging.module.webapp_spaces.module.terraform_state_backend_webapp_spaces.var.id_length_limit",
          "status": "pass"
        }
      ]
    },
    {
      "object_kind": "var",
      "config_addr": "module.common_resources_staging.module.aws_oneoff.module.terraform_state_backend_aws_oneoff.var.label_value_case",
      "status": "pass",
      "objects": [
        {
          "object_addr": "module.common_resources_staging.module.aws_oneoff.module.terraform_state_backend_aws_oneoff.var.label_value_case",
          "status": "pass"
        }
      ]
    },
    {
      "object_kind": "var",
      "config_addr": "module.common_resources_staging.module.webapp_spaces.module.terraform_state_backend_webapp_spaces_help.module.bucket_label.var.label_key_case",
      "status": "pass",
      "objects": [
        {
          "object_addr": "module.common_resources_staging.module.webapp_spaces.module.terraform_state_backend_webapp_spaces_help.module.bucket_label.var.label_key_case",
          "status": "pass"
        }
      ]
    },
    {
      "object_kind": "var",
      "config_addr": "module.common_resources_staging.module.webapp.module.terraform_state_backend_webapp_help.module.this.var.id_length_limit",
      "status": "pass",
      "objects": [
        {
          "object_addr": "module.common_resources_staging.module.webapp.module.terraform_state_backend_webapp_help.module.this.var.id_length_limit",
          "status": "pass"
        }
      ]
    },
    {
      "object_kind": "var",
      "config_addr": "module.common_resources_staging.module.aws_oneoff.module.terraform_state_backend_aws_oneoff.module.this.var.context",
      "status": "pass",
      "objects": [
        {
          "object_addr": "module.common_resources_staging.module.aws_oneoff.module.terraform_state_backend_aws_oneoff.module.this.var.context",
          "status": "pass"
        }
      ]
    },
    {
      "object_kind": "var",
      "config_addr": "module.common_resources_staging.module.organization.module.terraform_state_backend_organization_shared.module.replication_label.var.label_key_case",
      "status": "pass",
      "objects": [
        {
          "object_addr": "module.common_resources_staging.module.organization.module.terraform_state_backend_organization_shared.module.replication_label.var.label_key_case",
          "status": "pass"
        }
      ]
    },
    {
      "object_kind": "var",
      "config_addr": "module.common_resources_staging.module.webapp.module.terraform_state_backend_webapp.module.dynamodb_table_label.var.id_length_limit",
      "status": "pass",
      "objects": [
        {
          "object_addr": "module.common_resources_staging.module.webapp.module.terraform_state_backend_webapp.module.dynamodb_table_label.var.id_length_limit",
          "status": "pass"
        }
      ]
    },
    {
      "object_kind": "var",
      "config_addr": "module.common_resources_staging.module.azure_oneoff.module.terraform_state_backend_azure_oneoff.module.dynamodb_table_label.var.id_length_limit",
      "status": "pass",
      "objects": [
        {
          "object_addr": "module.common_resources_staging.module.azure_oneoff.module.terraform_state_backend_azure_oneoff.module.dynamodb_table_label.var.id_length_limit",
          "status": "pass"
        }
      ]
    },
    {
      "object_kind": "var",
      "config_addr": "module.common_resources_staging.module.customer.module.terraform_state_backend_customer_shared.var.label_key_case",
      "status": "pass",
      "objects": [
        {
          "object_addr": "module.common_resources_staging.module.customer.module.terraform_state_backend_customer_shared.var.label_key_case",
          "status": "pass"
        }
      ]
    },
    {
      "object_kind": "var",
      "config_addr": "module.common_resources_staging.module.webapp.module.terraform_state_backend_webapp.module.replication_label.var.label_key_case",
      "status": "pass",
      "objects": [
        {
          "object_addr": "module.common_resources_staging.module.webapp.module.terraform_state_backend_webapp.module.replication_label.var.label_key_case",
          "status": "pass"
        }
      ]
    },
    {
      "object_kind": "var",
      "config_addr": "module.common_resources_staging.module.webapp.module.terraform_state_backend_webapp_eventcatalog.module.dynamodb_table_label.var.label_key_case",
      "status": "pass",
      "objects": [
        {
          "object_addr": "module.common_resources_staging.module.webapp.module.terraform_state_backend_webapp_eventcatalog.module.dynamodb_table_label.var.label_key_case",
          "status": "pass"
        }
      ]
    },
    {
      "object_kind": "var",
      "config_addr": "module.common_resources_staging.module.webapp_host.module.terraform_state_backend_webapp_host_help.module.bucket_label.var.label_key_case",
      "status": "pass",
      "objects": [
        {
          "object_addr": "module.common_resources_staging.module.webapp_host.module.terraform_state_backend_webapp_host_help.module.bucket_label.var.label_key_case",
          "status": "pass"
        }
      ]
    },
    {
      "object_kind": "var",
      "config_addr": "module.common_resources_staging.module.webapp.module.terraform_state_backend_webapp_shared.module.dynamodb_table_label.var.id_length_limit",
      "status": "pass",
      "objects": [
        {
          "object_addr": "module.common_resources_staging.module.webapp.module.terraform_state_backend_webapp_shared.module.dynamodb_table_label.var.id_length_limit",
          "status": "pass"
        }
      ]
    },
    {
      "object_kind": "var",
      "config_addr": "module.common_resources_staging.module.location.module.terraform_state_backend_location_shared.module.this.var.id_length_limit",
      "status": "pass",
      "objects": [
        {
          "object_addr": "module.common_resources_staging.module.location.module.terraform_state_backend_location_shared.module.this.var.id_length_limit",
          "status": "pass"
        }
      ]
    },
    {
      "object_kind": "var",
      "config_addr": "module.common_resources_staging.module.webapp_host.module.terraform_state_backend_webapp_host.module.dynamodb_table_label.var.label_value_case",
      "status": "pass",
      "objects": [
        {
          "object_addr": "module.common_resources_staging.module.webapp_host.module.terraform_state_backend_webapp_host.module.dynamodb_table_label.var.label_value_case",
          "status": "pass"
        }
      ]
    },
    {
      "object_kind": "var",
      "config_addr": "module.common_resources_staging.module.webapp.module.terraform_state_backend_webapp_help.module.replication_label.var.label_value_case",
      "status": "pass",
      "objects": [
        {
          "object_addr": "module.common_resources_staging.module.webapp.module.terraform_state_backend_webapp_help.module.replication_label.var.label_value_case",
          "status": "pass"
        }
      ]
    },
    {
      "object_kind": "var",
      "config_addr": "module.common_resources_staging.module.webapp_host.module.terraform_state_backend_webapp_host_help.module.bucket_label.var.context",
      "status": "pass",
      "objects": [
        {
          "object_addr": "module.common_resources_staging.module.webapp_host.module.terraform_state_backend_webapp_host_help.module.bucket_label.var.context",
          "status": "pass"
        }
      ]
    },
    {
      "object_kind": "var",
      "config_addr": "module.common_resources_staging.module.core.module.terraform_state_backend_core_shared.var.s3_bucket_name",
      "status": "pass",
      "objects": [
        {
          "object_addr": "module.common_resources_staging.module.core.module.terraform_state_backend_core_shared.var.s3_bucket_name",
          "status": "pass"
        }
      ]
    },
    {
      "object_kind": "var",
      "config_addr": "module.common_resources_staging.module.webapp_teams.module.terraform_state_backend_webapp_teams.var.label_key_case",
      "status": "pass",
      "objects": [
        {
          "object_addr": "module.common_resources_staging.module.webapp_teams.module.terraform_state_backend_webapp_teams.var.label_key_case",
          "status": "pass"
        }
      ]
    },
    {
      "object_kind": "var",
      "config_addr": "module.common_resources_staging.module.webapp_spaces.module.terraform_state_backend_webapp_spaces_help.var.label_key_case",
      "status": "pass",
      "objects": [
        {
          "object_addr": "module.common_resources_staging.module.webapp_spaces.module.terraform_state_backend_webapp_spaces_help.var.label_key_case",
          "status": "pass"
        }
      ]
    },
    {
      "object_kind": "var",
      "config_addr": "module.common_resources_staging.module.slack.module.terraform_state_backend_slack_shared.module.replication_label.var.label_key_case",
      "status": "pass",
      "objects": [
        {
          "object_addr": "module.common_resources_staging.module.slack.module.terraform_state_backend_slack_shared.module.replication_label.var.label_key_case",
          "status": "pass"
        }
      ]
    },
    {
      "object_kind": "var",
      "config_addr": "module.common_resources_staging.module.marketplace.module.terraform_state_backend_marketplace_shared.module.this.var.id_length_limit",
      "status": "pass",
      "objects": [
        {
          "object_addr": "module.common_resources_staging.module.marketplace.module.terraform_state_backend_marketplace_shared.module.this.var.id_length_limit",
          "status": "pass"
        }
      ]
    },
    {
      "object_kind": "var",
      "config_addr": "module.common_resources_staging.module.slack.module.terraform_state_backend_slack_shared.module.bucket_label.var.label_key_case",
      "status": "pass",
      "objects": [
        {
          "object_addr": "module.common_resources_staging.module.slack.module.terraform_state_backend_slack_shared.module.bucket_label.var.label_key_case",
          "status": "pass"
        }
      ]
    },
    {
      "object_kind": "var",
      "config_addr": "module.common_resources_staging.module.booking.module.terraform_state_backend_booking_shared.module.replication_label.var.context",
      "status": "pass",
      "objects": [
        {
          "object_addr": "module.common_resources_staging.module.booking.module.terraform_state_backend_booking_shared.module.replication_label.var.context",
          "status": "pass"
        }
      ]
    },
    {
      "object_kind": "var",
      "config_addr": "module.common_resources_staging.module.azure_oneoff.module.terraform_state_backend_azure_oneoff.module.bucket_label.var.context",
      "status": "pass",
      "objects": [
        {
          "object_addr": "module.common_resources_staging.module.azure_oneoff.module.terraform_state_backend_azure_oneoff.module.bucket_label.var.context",
          "status": "pass"
        }
      ]
    },
    {
      "object_kind": "var",
      "config_addr": "module.common_resources_staging.module.publicweb.module.terraform_state_backend_public_web.module.this.var.label_value_case",
      "status": "pass",
      "objects": [
        {
          "object_addr": "module.common_resources_staging.module.publicweb.module.terraform_state_backend_public_web.module.this.var.label_value_case",
          "status": "pass"
        }
      ]
    },
    {
      "object_kind": "var",
      "config_addr": "module.common_resources_staging.module.location.module.terraform_state_backend_location_shared.module.bucket_label.var.label_key_case",
      "status": "pass",
      "objects": [
        {
          "object_addr": "module.common_resources_staging.module.location.module.terraform_state_backend_location_shared.module.bucket_label.var.label_key_case",
          "status": "pass"
        }
      ]
    },
    {
      "object_kind": "var",
      "config_addr": "module.common_resources_staging.module.aws_oneoff.module.terraform_state_backend_aws_oneoff.module.dynamodb_table_label.var.label_key_case",
      "status": "pass",
      "objects": [
        {
          "object_addr": "module.common_resources_staging.module.aws_oneoff.module.terraform_state_backend_aws_oneoff.module.dynamodb_table_label.var.label_key_case",
          "status": "pass"
        }
      ]
    },
    {
      "object_kind": "var",
      "config_addr": "module.common_resources_staging.module.msteams.module.terraform_state_backend_msteams_shared.var.logging",
      "status": "pass",
      "objects": [
        {
          "object_addr": "module.common_resources_staging.module.msteams.module.terraform_state_backend_msteams_shared.var.logging",
          "status": "pass"
        }
      ]
    },
    {
      "object_kind": "var",
      "config_addr": "module.common_resources_staging.module.core.module.terraform_state_backend_core_shared.var.id_length_limit",
      "status": "pass",
      "objects": [
        {
          "object_addr": "module.common_resources_staging.module.core.module.terraform_state_backend_core_shared.var.id_length_limit",
          "status": "pass"
        }
      ]
    },
    {
      "object_kind": "var",
      "config_addr": "module.common_resources_staging.module.marketplace.module.terraform_state_backend_marketplace_shared.module.replication_label.var.context",
      "status": "pass",
      "objects": [
        {
          "object_addr": "module.common_resources_staging.module.marketplace.module.terraform_state_backend_marketplace_shared.module.replication_label.var.context",
          "status": "pass"
        }
      ]
    },
    {
      "object_kind": "var",
      "config_addr": "module.common_resources_staging.module.booking.module.terraform_state_backend_booking_shared.module.dynamodb_table_label.var.id_length_limit",
      "status": "pass",
      "objects": [
        {
          "object_addr": "module.common_resources_staging.module.booking.module.terraform_state_backend_booking_shared.module.dynamodb_table_label.var.id_length_limit",
          "status": "pass"
        }
      ]
    },
    {
      "object_kind": "var",
      "config_addr": "module.common_resources_staging.module.slack.module.terraform_state_backend_slack_shared.module.this.var.label_key_case",
      "status": "pass",
      "objects": [
        {
          "object_addr": "module.common_resources_staging.module.slack.module.terraform_state_backend_slack_shared.module.this.var.label_key_case",
          "status": "pass"
        }
      ]
    },
    {
      "object_kind": "var",
      "config_addr": "module.common_resources_staging.module.webapp.module.terraform_state_backend_webapp.module.dynamodb_table_label.var.context",
      "status": "pass",
      "objects": [
        {
          "object_addr": "module.common_resources_staging.module.webapp.module.terraform_state_backend_webapp.module.dynamodb_table_label.var.context",
          "status": "pass"
        }
      ]
    },
    {
      "object_kind": "var",
      "config_addr": "module.common_resources_staging.module.shared.module.terraform_state_backend_shared_azure_entra.module.dynamodb_table_label.var.id_length_limit",
      "status": "pass",
      "objects": [
        {
          "object_addr": "module.common_resources_staging.module.shared.module.terraform_state_backend_shared_azure_entra.module.dynamodb_table_label.var.id_length_limit",
          "status": "pass"
        }
      ]
    },
    {
      "object_kind": "var",
      "config_addr": "module.common_resources_staging.module.aws_oneoff.module.terraform_state_backend_aws_oneoff.module.dynamodb_table_label.var.context",
      "status": "pass",
      "objects": [
        {
          "object_addr": "module.common_resources_staging.module.aws_oneoff.module.terraform_state_backend_aws_oneoff.module.dynamodb_table_label.var.context",
          "status": "pass"
        }
      ]
    },
    {
      "object_kind": "var",
      "config_addr": "module.common_resources_staging.module.webapp.module.terraform_state_backend_webapp_shared.module.this.var.context",
      "status": "pass",
      "objects": [
        {
          "object_addr": "module.common_resources_staging.module.webapp.module.terraform_state_backend_webapp_shared.module.this.var.context",
          "status": "pass"
        }
      ]
    },
    {
      "object_kind": "var",
      "config_addr": "module.common_resources_staging.module.publicweb.module.terraform_state_backend_public_web.var.label_key_case",
      "status": "pass",
      "objects": [
        {
          "object_addr": "module.common_resources_staging.module.publicweb.module.terraform_state_backend_public_web.var.label_key_case",
          "status": "pass"
        }
      ]
    },
    {
      "object_kind": "var",
      "config_addr": "module.common_resources_staging.module.gcp_oneoff.module.terraform_state_backend_gcp_oneoff.module.replication_label.var.context",
      "status": "pass",
      "objects": [
        {
          "object_addr": "module.common_resources_staging.module.gcp_oneoff.module.terraform_state_backend_gcp_oneoff.module.replication_label.var.context",
          "status": "pass"
        }
      ]
    },
    {
      "object_kind": "var",
      "config_addr": "module.common_resources_staging.module.webapp_spaces.module.terraform_state_backend_webapp_spaces.var.label_key_case",
      "status": "pass",
      "objects": [
        {
          "object_addr": "module.common_resources_staging.module.webapp_spaces.module.terraform_state_backend_webapp_spaces.var.label_key_case",
          "status": "pass"
        }
      ]
    },
    {
      "object_kind": "var",
      "config_addr": "module.common_resources_staging.module.webapp_teams.module.terraform_state_backend_webapp_teams.module.bucket_label.var.label_key_case",
      "status": "pass",
      "objects": [
        {
          "object_addr": "module.common_resources_staging.module.webapp_teams.module.terraform_state_backend_webapp_teams.module.bucket_label.var.label_key_case",
          "status": "pass"
        }
      ]
    },
    {
      "object_kind": "var",
      "config_addr": "module.common_resources_staging.module.webapp_host.module.terraform_state_backend_webapp_host.var.context",
      "status": "pass",
      "objects": [
        {
          "object_addr": "module.common_resources_staging.module.webapp_host.module.terraform_state_backend_webapp_host.var.context",
          "status": "pass"
        }
      ]
    },
    {
      "object_kind": "var",
      "config_addr": "module.common_resources_staging.module.webapp_spaces.module.terraform_state_backend_webapp_spaces.var.logging",
      "status": "pass",
      "objects": [
        {
          "object_addr": "module.common_resources_staging.module.webapp_spaces.module.terraform_state_backend_webapp_spaces.var.logging",
          "status": "pass"
        }
      ]
    },
    {
      "object_kind": "var",
      "config_addr": "module.common_resources_staging.module.marketplace.module.terraform_state_backend_marketplace_shared.module.dynamodb_table_label.var.label_value_case",
      "status": "pass",
      "objects": [
        {
          "object_addr": "module.common_resources_staging.module.marketplace.module.terraform_state_backend_marketplace_shared.module.dynamodb_table_label.var.label_value_case",
          "status": "pass"
        }
      ]
    },
    {
      "object_kind": "var",
      "config_addr": "module.common_resources_staging.module.booking.module.terraform_state_backend_booking_shared.var.label_key_case",
      "status": "pass",
      "objects": [
        {
          "object_addr": "module.common_resources_staging.module.booking.module.terraform_state_backend_booking_shared.var.label_key_case",
          "status": "pass"
        }
      ]
    },
    {
      "object_kind": "var",
      "config_addr": "module.common_resources_staging.module.webapp.module.terraform_state_backend_webapp_shared.module.dynamodb_table_label.var.context",
      "status": "pass",
      "objects": [
        {
          "object_addr": "module.common_resources_staging.module.webapp.module.terraform_state_backend_webapp_shared.module.dynamodb_table_label.var.context",
          "status": "pass"
        }
      ]
    },
    {
      "object_kind": "var",
      "config_addr": "module.common_resources_staging.module.shared.module.terraform_state_backend_shared.var.id_length_limit",
      "status": "pass",
      "objects": [
        {
          "object_addr": "module.common_resources_staging.module.shared.module.terraform_state_backend_shared.var.id_length_limit",
          "status": "pass"
        }
      ]
    },
    {
      "object_kind": "var",
      "config_addr": "module.common_resources_staging.module.webapp_spaces.module.terraform_state_backend_webapp_spaces_help.module.replication_label.var.id_length_limit",
      "status": "pass",
      "objects": [
        {
          "object_addr": "module.common_resources_staging.module.webapp_spaces.module.terraform_state_backend_webapp_spaces_help.module.replication_label.var.id_length_limit",
          "status": "pass"
        }
      ]
    },
    {
      "object_kind": "var",
      "config_addr": "module.common_resources_staging.module.location.module.terraform_state_backend_location_shared.module.this.var.label_key_case",
      "status": "pass",
      "objects": [
        {
          "object_addr": "module.common_resources_staging.module.location.module.terraform_state_backend_location_shared.module.this.var.label_key_case",
          "status": "pass"
        }
      ]
    },
    {
      "object_kind": "var",
      "config_addr": "module.common_resources_staging.module.webapp_spaces.module.terraform_state_backend_webapp_spaces.module.replication_label.var.context",
      "status": "pass",
      "objects": [
        {
          "object_addr": "module.common_resources_staging.module.webapp_spaces.module.terraform_state_backend_webapp_spaces.module.replication_label.var.context",
          "status": "pass"
        }
      ]
    },
    {
      "object_kind": "var",
      "config_addr": "module.common_resources_staging.module.webapp.module.terraform_state_backend_webapp_eventcatalog.module.replication_label.var.id_length_limit",
      "status": "pass",
      "objects": [
        {
          "object_addr": "module.common_resources_staging.module.webapp.module.terraform_state_backend_webapp_eventcatalog.module.replication_label.var.id_length_limit",
          "status": "pass"
        }
      ]
    },
    {
      "object_kind": "var",
      "config_addr": "module.common_resources_staging.module.shared.module.terraform_state_backend_shared_azure_entra.module.dynamodb_table_label.var.label_key_case",
      "status": "pass",
      "objects": [
        {
          "object_addr": "module.common_resources_staging.module.shared.module.terraform_state_backend_shared_azure_entra.module.dynamodb_table_label.var.label_key_case",
          "status": "pass"
        }
      ]
    },
    {
      "object_kind": "var",
      "config_addr": "module.common_resources_staging.module.slack.module.terraform_state_backend_slack_shared.var.label_key_case",
      "status": "pass",
      "objects": [
        {
          "object_addr": "module.common_resources_staging.module.slack.module.terraform_state_backend_slack_shared.var.label_key_case",
          "status": "pass"
        }
      ]
    },
    {
      "object_kind": "var",
      "config_addr": "module.common_resources_staging.module.booking.module.terraform_state_backend_booking_shared.module.dynamodb_table_label.var.label_key_case",
      "status": "pass",
      "objects": [
        {
          "object_addr": "module.common_resources_staging.module.booking.module.terraform_state_backend_booking_shared.module.dynamodb_table_label.var.label_key_case",
          "status": "pass"
        }
      ]
    },
    {
      "object_kind": "var",
      "config_addr": "module.common_resources_staging.module.booking.module.terraform_state_backend_booking_shared.module.bucket_label.var.context",
      "status": "pass",
      "objects": [
        {
          "object_addr": "module.common_resources_staging.module.booking.module.terraform_state_backend_booking_shared.module.bucket_label.var.context",
          "status": "pass"
        }
      ]
    },
    {
      "object_kind": "var",
      "config_addr": "module.common_resources_staging.module.location.module.terraform_state_backend_location_shared.module.dynamodb_table_label.var.label_key_case",
      "status": "pass",
      "objects": [
        {
          "object_addr": "module.common_resources_staging.module.location.module.terraform_state_backend_location_shared.module.dynamodb_table_label.var.label_key_case",
          "status": "pass"
        }
      ]
    },
    {
      "object_kind": "var",
      "config_addr": "module.common_resources_staging.module.shared.module.terraform_state_backend_shared_azure_entra.module.bucket_label.var.id_length_limit",
      "status": "pass",
      "objects": [
        {
          "object_addr": "module.common_resources_staging.module.shared.module.terraform_state_backend_shared_azure_entra.module.bucket_label.var.id_length_limit",
          "status": "pass"
        }
      ]
    },
    {
      "object_kind": "var",
      "config_addr": "module.common_resources_staging.module.webapp_teams.module.terraform_state_backend_webapp_teams.module.replication_label.var.id_length_limit",
      "status": "pass",
      "objects": [
        {
          "object_addr": "module.common_resources_staging.module.webapp_teams.module.terraform_state_backend_webapp_teams.module.replication_label.var.id_length_limit",
          "status": "pass"
        }
      ]
    },
    {
      "object_kind": "var",
      "config_addr": "module.common_resources_staging.module.shared.module.terraform_state_backend_shared.module.this.var.label_key_case",
      "status": "pass",
      "objects": [
        {
          "object_addr": "module.common_resources_staging.module.shared.module.terraform_state_backend_shared.module.this.var.label_key_case",
          "status": "pass"
        }
      ]
    },
    {
      "object_kind": "var",
      "config_addr": "module.common_resources_staging.module.azure_oneoff.module.terraform_state_backend_azure_oneoff.module.bucket_label.var.label_value_case",
      "status": "pass",
      "objects": [
        {
          "object_addr": "module.common_resources_staging.module.azure_oneoff.module.terraform_state_backend_azure_oneoff.module.bucket_label.var.label_value_case",
          "status": "pass"
        }
      ]
    },
    {
      "object_kind": "var",
      "config_addr": "module.common_resources_staging.module.webapp_host.module.terraform_state_backend_webapp_host.module.this.var.label_value_case",
      "status": "pass",
      "objects": [
        {
          "object_addr": "module.common_resources_staging.module.webapp_host.module.terraform_state_backend_webapp_host.module.this.var.label_value_case",
          "status": "pass"
        }
      ]
    },
    {
      "object_kind": "var",
      "config_addr": "module.common_resources_staging.module.webapp.module.terraform_state_backend_webapp_eventcatalog.var.s3_bucket_name",
      "status": "pass",
      "objects": [
        {
          "object_addr": "module.common_resources_staging.module.webapp.module.terraform_state_backend_webapp_eventcatalog.var.s3_bucket_name",
          "status": "pass"
        }
      ]
    },
    {
      "object_kind": "var",
      "config_addr": "module.common_resources_staging.module.marketplace.module.terraform_state_backend_marketplace_shared.module.replication_label.var.id_length_limit",
      "status": "pass",
      "objects": [
        {
          "object_addr": "module.common_resources_staging.module.marketplace.module.terraform_state_backend_marketplace_shared.module.replication_label.var.id_length_limit",
          "status": "pass"
        }
      ]
    },
    {
      "object_kind": "var",
      "config_addr": "module.common_resources_staging.module.core.module.terraform_state_backend_core_shared.module.this.var.context",
      "status": "pass",
      "objects": [
        {
          "object_addr": "module.common_resources_staging.module.core.module.terraform_state_backend_core_shared.module.this.var.context",
          "status": "pass"
        }
      ]
    },
    {
      "object_kind": "var",
      "config_addr": "module.common_resources_staging.module.webapp_spaces.module.terraform_state_backend_webapp_spaces.module.bucket_label.var.label_key_case",
      "status": "pass",
      "objects": [
        {
          "object_addr": "module.common_resources_staging.module.webapp_spaces.module.terraform_state_backend_webapp_spaces.module.bucket_label.var.label_key_case",
          "status": "pass"
        }
      ]
    },
    {
      "object_kind": "var",
      "config_addr": "module.common_resources_staging.module.shared.module.terraform_state_backend_shared.module.replication_label.var.context",
      "status": "pass",
      "objects": [
        {
          "object_addr": "module.common_resources_staging.module.shared.module.terraform_state_backend_shared.module.replication_label.var.context",
          "status": "pass"
        }
      ]
    },
    {
      "object_kind": "var",
      "config_addr": "module.common_resources_staging.module.shared.module.terraform_state_backend_shared_azure_entra.module.dynamodb_table_label.var.context",
      "status": "pass",
      "objects": [
        {
          "object_addr": "module.common_resources_staging.module.shared.module.terraform_state_backend_shared_azure_entra.module.dynamodb_table_label.var.context",
          "status": "pass"
        }
      ]
    },
    {
      "object_kind": "var",
      "config_addr": "module.common_resources_staging.module.webapp.module.terraform_state_backend_webapp_eventcatalog.module.dynamodb_table_label.var.id_length_limit",
      "status": "pass",
      "objects": [
        {
          "object_addr": "module.common_resources_staging.module.webapp.module.terraform_state_backend_webapp_eventcatalog.module.dynamodb_table_label.var.id_length_limit",
          "status": "pass"
        }
      ]
    },
    {
      "object_kind": "var",
      "config_addr": "module.common_resources_staging.module.slack.module.terraform_state_backend_slack_shared.var.id_length_limit",
      "status": "pass",
      "objects": [
        {
          "object_addr": "module.common_resources_staging.module.slack.module.terraform_state_backend_slack_shared.var.id_length_limit",
          "status": "pass"
        }
      ]
    },
    {
      "object_kind": "var",
      "config_addr": "module.common_resources_staging.module.organization.module.terraform_state_backend_organization_shared.module.replication_label.var.context",
      "status": "pass",
      "objects": [
        {
          "object_addr": "module.common_resources_staging.module.organization.module.terraform_state_backend_organization_shared.module.replication_label.var.context",
          "status": "pass"
        }
      ]
    },
    {
      "object_kind": "var",
      "config_addr": "module.common_resources_staging.module.customer.module.terraform_state_backend_customer_shared.var.context",
      "status": "pass",
      "objects": [
        {
          "object_addr": "module.common_resources_staging.module.customer.module.terraform_state_backend_customer_shared.var.context",
          "status": "pass"
        }
      ]
    },
    {
      "object_kind": "var",
      "config_addr": "module.common_resources_staging.module.webapp.module.terraform_state_backend_webapp_eventcatalog.module.this.var.label_value_case",
      "status": "pass",
      "objects": [
        {
          "object_addr": "module.common_resources_staging.module.webapp.module.terraform_state_backend_webapp_eventcatalog.module.this.var.label_value_case",
          "status": "pass"
        }
      ]
    },
    {
      "object_kind": "var",
      "config_addr": "module.common_resources_staging.module.webapp_spaces.module.terraform_state_backend_webapp_spaces.module.bucket_label.var.id_length_limit",
      "status": "pass",
      "objects": [
        {
          "object_addr": "module.common_resources_staging.module.webapp_spaces.module.terraform_state_backend_webapp_spaces.module.bucket_label.var.id_length_limit",
          "status": "pass"
        }
      ]
    },
    {
      "object_kind": "var",
      "config_addr": "module.common_resources_staging.module.webapp_host.module.terraform_state_backend_webapp_host_help.module.this.var.context",
      "status": "pass",
      "objects": [
        {
          "object_addr": "module.common_resources_staging.module.webapp_host.module.terraform_state_backend_webapp_host_help.module.this.var.context",
          "status": "pass"
        }
      ]
    },
    {
      "object_kind": "var",
      "config_addr": "module.common_resources_staging.module.booking.module.terraform_state_backend_booking_shared.var.logging",
      "status": "pass",
      "objects": [
        {
          "object_addr": "module.common_resources_staging.module.booking.module.terraform_state_backend_booking_shared.var.logging",
          "status": "pass"
        }
      ]
    },
    {
      "object_kind": "var",
      "config_addr": "module.common_resources_staging.module.webapp_teams.module.terraform_state_backend_webapp_teams.module.dynamodb_table_label.var.label_key_case",
      "status": "pass",
      "objects": [
        {
          "object_addr": "module.common_resources_staging.module.webapp_teams.module.terraform_state_backend_webapp_teams.module.dynamodb_table_label.var.label_key_case",
          "status": "pass"
        }
      ]
    },
    {
      "object_kind": "var",
      "config_addr": "module.common_resources_staging.module.webapp_host.module.terraform_state_backend_webapp_host.var.label_value_case",
      "status": "pass",
      "objects": [
        {
          "object_addr": "module.common_resources_staging.module.webapp_host.module.terraform_state_backend_webapp_host.var.label_value_case",
          "status": "pass"
        }
      ]
    },
    {
      "object_kind": "var",
      "config_addr": "module.common_resources_staging.module.location.module.terraform_state_backend_location_shared.module.bucket_label.var.label_value_case",
      "status": "pass",
      "objects": [
        {
          "object_addr": "module.common_resources_staging.module.location.module.terraform_state_backend_location_shared.module.bucket_label.var.label_value_case",
          "status": "pass"
        }
      ]
    },
    {
      "object_kind": "var",
      "config_addr": "module.common_resources_staging.module.shared.module.terraform_state_backend_shared.module.bucket_label.var.context",
      "status": "pass",
      "objects": [
        {
          "object_addr": "module.common_resources_staging.module.shared.module.terraform_state_backend_shared.module.bucket_label.var.context",
          "status": "pass"
        }
      ]
    },
    {
      "object_kind": "var",
      "config_addr": "module.common_resources_staging.module.core.module.terraform_state_backend_core_shared.module.replication_label.var.label_value_case",
      "status": "pass",
      "objects": [
        {
          "object_addr": "module.common_resources_staging.module.core.module.terraform_state_backend_core_shared.module.replication_label.var.label_value_case",
          "status": "pass"
        }
      ]
    },
    {
      "object_kind": "var",
      "config_addr": "module.common_resources_staging.module.location.module.terraform_state_backend_location_shared.module.dynamodb_table_label.var.label_value_case",
      "status": "pass",
      "objects": [
        {
          "object_addr": "module.common_resources_staging.module.location.module.terraform_state_backend_location_shared.module.dynamodb_table_label.var.label_value_case",
          "status": "pass"
        }
      ]
    },
    {
      "object_kind": "var",
      "config_addr": "module.common_resources_staging.module.organization.module.terraform_state_backend_organization_shared.module.dynamodb_table_label.var.label_value_case",
      "status": "pass",
      "objects": [
        {
          "object_addr": "module.common_resources_staging.module.organization.module.terraform_state_backend_organization_shared.module.dynamodb_table_label.var.label_value_case",
          "status": "pass"
        }
      ]
    },
    {
      "object_kind": "var",
      "config_addr": "module.common_resources_staging.module.msteams.module.terraform_state_backend_msteams_shared.module.bucket_label.var.label_value_case",
      "status": "pass",
      "objects": [
        {
          "object_addr": "module.common_resources_staging.module.msteams.module.terraform_state_backend_msteams_shared.module.bucket_label.var.label_value_case",
          "status": "pass"
        }
      ]
    },
    {
      "object_kind": "var",
      "config_addr": "module.common_resources_staging.module.location.module.terraform_state_backend_location_shared.module.dynamodb_table_label.var.id_length_limit",
      "status": "pass",
      "objects": [
        {
          "object_addr": "module.common_resources_staging.module.location.module.terraform_state_backend_location_shared.module.dynamodb_table_label.var.id_length_limit",
          "status": "pass"
        }
      ]
    },
    {
      "object_kind": "var",
      "config_addr": "module.common_resources_staging.module.customer.module.terraform_state_backend_customer_shared.module.dynamodb_table_label.var.label_key_case",
      "status": "pass",
      "objects": [
        {
          "object_addr": "module.common_resources_staging.module.customer.module.terraform_state_backend_customer_shared.module.dynamodb_table_label.var.label_key_case",
          "status": "pass"
        }
      ]
    },
    {
      "object_kind": "var",
      "config_addr": "module.common_resources_staging.module.webapp_teams.module.terraform_state_backend_webapp_teams_help.var.context",
      "status": "pass",
      "objects": [
        {
          "object_addr": "module.common_resources_staging.module.webapp_teams.module.terraform_state_backend_webapp_teams_help.var.context",
          "status": "pass"
        }
      ]
    },
    {
      "object_kind": "var",
      "config_addr": "module.common_resources_staging.module.webapp_host.module.terraform_state_backend_webapp_host_help.var.s3_bucket_name",
      "status": "pass",
      "objects": [
        {
          "object_addr": "module.common_resources_staging.module.webapp_host.module.terraform_state_backend_webapp_host_help.var.s3_bucket_name",
          "status": "pass"
        }
      ]
    },
    {
      "object_kind": "var",
      "config_addr": "module.common_resources_staging.module.location.module.terraform_state_backend_location_shared.var.label_value_case",
      "status": "pass",
      "objects": [
        {
          "object_addr": "module.common_resources_staging.module.location.module.terraform_state_backend_location_shared.var.label_value_case",
          "status": "pass"
        }
      ]
    },
    {
      "object_kind": "var",
      "config_addr": "module.common_resources_staging.module.slack.module.terraform_state_backend_slack_shared.module.dynamodb_table_label.var.context",
      "status": "pass",
      "objects": [
        {
          "object_addr": "module.common_resources_staging.module.slack.module.terraform_state_backend_slack_shared.module.dynamodb_table_label.var.context",
          "status": "pass"
        }
      ]
    },
    {
      "object_kind": "var",
      "config_addr": "module.common_resources_staging.module.webapp.module.terraform_state_backend_webapp.module.this.var.label_value_case",
      "status": "pass",
      "objects": [
        {
          "object_addr": "module.common_resources_staging.module.webapp.module.terraform_state_backend_webapp.module.this.var.label_value_case",
          "status": "pass"
        }
      ]
    },
    {
      "object_kind": "var",
      "config_addr": "module.common_resources_staging.module.webapp.module.terraform_state_backend_webapp_help.module.replication_label.var.context",
      "status": "pass",
      "objects": [
        {
          "object_addr": "module.common_resources_staging.module.webapp.module.terraform_state_backend_webapp_help.module.replication_label.var.context",
          "status": "pass"
        }
      ]
    },
    {
      "object_kind": "var",
      "config_addr": "module.common_resources_staging.module.aws_oneoff.module.terraform_state_backend_aws_oneoff.var.context",
      "status": "pass",
      "objects": [
        {
          "object_addr": "module.common_resources_staging.module.aws_oneoff.module.terraform_state_backend_aws_oneoff.var.context",
          "status": "pass"
        }
      ]
    },
    {
      "object_kind": "var",
      "config_addr": "module.common_resources_staging.module.publicweb.module.terraform_state_backend_public_web.module.bucket_label.var.id_length_limit",
      "status": "pass",
      "objects": [
        {
          "object_addr": "module.common_resources_staging.module.publicweb.module.terraform_state_backend_public_web.module.bucket_label.var.id_length_limit",
          "status": "pass"
        }
      ]
    },
    {
      "object_kind": "var",
      "config_addr": "module.common_resources_staging.module.gcp_oneoff.module.terraform_state_backend_gcp_oneoff.module.this.var.label_key_case",
      "status": "pass",
      "objects": [
        {
          "object_addr": "module.common_resources_staging.module.gcp_oneoff.module.terraform_state_backend_gcp_oneoff.module.this.var.label_key_case",
          "status": "pass"
        }
      ]
    },
    {
      "object_kind": "var",
      "config_addr": "module.common_resources_staging.module.webapp_teams.module.terraform_state_backend_webapp_teams_help.module.bucket_label.var.context",
      "status": "pass",
      "objects": [
        {
          "object_addr": "module.common_resources_staging.module.webapp_teams.module.terraform_state_backend_webapp_teams_help.module.bucket_label.var.context",
          "status": "pass"
        }
      ]
    },
    {
      "object_kind": "var",
      "config_addr": "module.common_resources_staging.module.webapp_host.module.terraform_state_backend_webapp_host_help.module.replication_label.var.id_length_limit",
      "status": "pass",
      "objects": [
        {
          "object_addr": "module.common_resources_staging.module.webapp_host.module.terraform_state_backend_webapp_host_help.module.replication_label.var.id_length_limit",
          "status": "pass"
        }
      ]
    },
    {
      "object_kind": "var",
      "config_addr": "module.common_resources_staging.module.webapp.module.terraform_state_backend_webapp_eventcatalog.var.label_value_case",
      "status": "pass",
      "objects": [
        {
          "object_addr": "module.common_resources_staging.module.webapp.module.terraform_state_backend_webapp_eventcatalog.var.label_value_case",
          "status": "pass"
        }
      ]
    },
    {
      "object_kind": "var",
      "config_addr": "module.common_resources_staging.module.webapp_host.module.terraform_state_backend_webapp_host_help.module.this.var.id_length_limit",
      "status": "pass",
      "objects": [
        {
          "object_addr": "module.common_resources_staging.module.webapp_host.module.terraform_state_backend_webapp_host_help.module.this.var.id_length_limit",
          "status": "pass"
        }
      ]
    },
    {
      "object_kind": "var",
      "config_addr": "module.common_resources_staging.module.azure_oneoff.module.terraform_state_backend_azure_oneoff.var.id_length_limit",
      "status": "pass",
      "objects": [
        {
          "object_addr": "module.common_resources_staging.module.azure_oneoff.module.terraform_state_backend_azure_oneoff.var.id_length_limit",
          "status": "pass"
        }
      ]
    },
    {
      "object_kind": "var",
      "config_addr": "module.common_resources_staging.module.webapp.module.terraform_state_backend_webapp_shared.module.this.var.label_key_case",
      "status": "pass",
      "objects": [
        {
          "object_addr": "module.common_resources_staging.module.webapp.module.terraform_state_backend_webapp_shared.module.this.var.label_key_case",
          "status": "pass"
        }
      ]
    },
    {
      "object_kind": "var",
      "config_addr": "module.common_resources_staging.module.webapp_host.module.terraform_state_backend_webapp_host.module.replication_label.var.label_value_case",
      "status": "pass",
      "objects": [
        {
          "object_addr": "module.common_resources_staging.module.webapp_host.module.terraform_state_backend_webapp_host.module.replication_label.var.label_value_case",
          "status": "pass"
        }
      ]
    },
    {
      "object_kind": "var",
      "config_addr": "module.common_resources_staging.module.customer.module.terraform_state_backend_customer_shared.module.replication_label.var.label_key_case",
      "status": "pass",
      "objects": [
        {
          "object_addr": "module.common_resources_staging.module.customer.module.terraform_state_backend_customer_shared.module.replication_label.var.label_key_case",
          "status": "pass"
        }
      ]
    },
    {
      "object_kind": "var",
      "config_addr": "module.common_resources_staging.module.webapp_teams.module.terraform_state_backend_webapp_teams.module.replication_label.var.context",
      "status": "pass",
      "objects": [
        {
          "object_addr": "module.common_resources_staging.module.webapp_teams.module.terraform_state_backend_webapp_teams.module.replication_label.var.context",
          "status": "pass"
        }
      ]
    },
    {
      "object_kind": "var",
      "config_addr": "module.common_resources_staging.module.webapp_spaces.module.terraform_state_backend_webapp_spaces.module.replication_label.var.id_length_limit",
      "status": "pass",
      "objects": [
        {
          "object_addr": "module.common_resources_staging.module.webapp_spaces.module.terraform_state_backend_webapp_spaces.module.replication_label.var.id_length_limit",
          "status": "pass"
        }
      ]
    },
    {
      "object_kind": "var",
      "config_addr": "module.common_resources_staging.module.shared.module.terraform_state_backend_shared_azure_entra.var.s3_bucket_name",
      "status": "pass",
      "objects": [
        {
          "object_addr": "module.common_resources_staging.module.shared.module.terraform_state_backend_shared_azure_entra.var.s3_bucket_name",
          "status": "pass"
        }
      ]
    },
    {
      "object_kind": "var",
      "config_addr": "module.common_resources_staging.module.slack.module.terraform_state_backend_slack_shared.module.this.var.label_value_case",
      "status": "pass",
      "objects": [
        {
          "object_addr": "module.common_resources_staging.module.slack.module.terraform_state_backend_slack_shared.module.this.var.label_value_case",
          "status": "pass"
        }
      ]
    },
    {
      "object_kind": "var",
      "config_addr": "module.common_resources_staging.module.webapp_teams.module.terraform_state_backend_webapp_teams.var.id_length_limit",
      "status": "pass",
      "objects": [
        {
          "object_addr": "module.common_resources_staging.module.webapp_teams.module.terraform_state_backend_webapp_teams.var.id_length_limit",
          "status": "pass"
        }
      ]
    },
    {
      "object_kind": "var",
      "config_addr": "module.common_resources_staging.module.gcp_oneoff.module.terraform_state_backend_gcp_oneoff.module.bucket_label.var.label_key_case",
      "status": "pass",
      "objects": [
        {
          "object_addr": "module.common_resources_staging.module.gcp_oneoff.module.terraform_state_backend_gcp_oneoff.module.bucket_label.var.label_key_case",
          "status": "pass"
        }
      ]
    },
    {
      "object_kind": "var",
      "config_addr": "module.common_resources_staging.module.webapp_spaces.module.terraform_state_backend_webapp_spaces_help.module.this.var.context",
      "status": "pass",
      "objects": [
        {
          "object_addr": "module.common_resources_staging.module.webapp_spaces.module.terraform_state_backend_webapp_spaces_help.module.this.var.context",
          "status": "pass"
        }
      ]
    },
    {
      "object_kind": "var",
      "config_addr": "module.common_resources_staging.module.webapp.module.terraform_state_backend_webapp_shared.module.replication_label.var.label_key_case",
      "status": "pass",
      "objects": [
        {
          "object_addr": "module.common_resources_staging.module.webapp.module.terraform_state_backend_webapp_shared.module.replication_label.var.label_key_case",
          "status": "pass"
        }
      ]
    },
    {
      "object_kind": "var",
      "config_addr": "module.common_resources_staging.module.webapp_host.module.terraform_state_backend_webapp_host_help.module.this.var.label_value_case",
      "status": "pass",
      "objects": [
        {
          "object_addr": "module.common_resources_staging.module.webapp_host.module.terraform_state_backend_webapp_host_help.module.this.var.label_value_case",
          "status": "pass"
        }
      ]
    },
    {
      "object_kind": "var",
      "config_addr": "module.common_resources_staging.module.publicweb.module.terraform_state_backend_public_web.module.this.var.id_length_limit",
      "status": "pass",
      "objects": [
        {
          "object_addr": "module.common_resources_staging.module.publicweb.module.terraform_state_backend_public_web.module.this.var.id_length_limit",
          "status": "pass"
        }
      ]
    },
    {
      "object_kind": "var",
      "config_addr": "module.common_resources_staging.module.marketplace.module.terraform_state_backend_marketplace_shared.module.dynamodb_table_label.var.context",
      "status": "pass",
      "objects": [
        {
          "object_addr": "module.common_resources_staging.module.marketplace.module.terraform_state_backend_marketplace_shared.module.dynamodb_table_label.var.context",
          "status": "pass"
        }
      ]
    },
    {
      "object_kind": "var",
      "config_addr": "module.common_resources_staging.module.webapp_teams.module.terraform_state_backend_webapp_teams.module.bucket_label.var.label_value_case",
      "status": "pass",
      "objects": [
        {
          "object_addr": "module.common_resources_staging.module.webapp_teams.module.terraform_state_backend_webapp_teams.module.bucket_label.var.label_value_case",
          "status": "pass"
        }
      ]
    },
    {
      "object_kind": "var",
      "config_addr": "module.common_resources_staging.module.webapp_spaces.module.terraform_state_backend_webapp_spaces_help.module.dynamodb_table_label.var.label_key_case",
      "status": "pass",
      "objects": [
        {
          "object_addr": "module.common_resources_staging.module.webapp_spaces.module.terraform_state_backend_webapp_spaces_help.module.dynamodb_table_label.var.label_key_case",
          "status": "pass"
        }
      ]
    },
    {
      "object_kind": "var",
      "config_addr": "module.common_resources_staging.module.webapp.module.terraform_state_backend_webapp.module.this.var.context",
      "status": "pass",
      "objects": [
        {
          "object_addr": "module.common_resources_staging.module.webapp.module.terraform_state_backend_webapp.module.this.var.context",
          "status": "pass"
        }
      ]
    },
    {
      "object_kind": "var",
      "config_addr": "module.common_resources_staging.module.webapp.module.terraform_state_backend_webapp_eventcatalog.var.id_length_limit",
      "status": "pass",
      "objects": [
        {
          "object_addr": "module.common_resources_staging.module.webapp.module.terraform_state_backend_webapp_eventcatalog.var.id_length_limit",
          "status": "pass"
        }
      ]
    },
    {
      "object_kind": "var",
      "config_addr": "module.common_resources_staging.module.marketplace.module.terraform_state_backend_marketplace_shared.module.bucket_label.var.label_key_case",
      "status": "pass",
      "objects": [
        {
          "object_addr": "module.common_resources_staging.module.marketplace.module.terraform_state_backend_marketplace_shared.module.bucket_label.var.label_key_case",
          "status": "pass"
        }
      ]
    },
    {
      "object_kind": "var",
      "config_addr": "module.common_resources_staging.module.webapp.module.terraform_state_backend_webapp_shared.var.label_key_case",
      "status": "pass",
      "objects": [
        {
          "object_addr": "module.common_resources_staging.module.webapp.module.terraform_state_backend_webapp_shared.var.label_key_case",
          "status": "pass"
        }
      ]
    },
    {
      "object_kind": "var",
      "config_addr": "module.common_resources_staging.module.webapp.module.terraform_state_backend_webapp_help.module.this.var.context",
      "status": "pass",
      "objects": [
        {
          "object_addr": "module.common_resources_staging.module.webapp.module.terraform_state_backend_webapp_help.module.this.var.context",
          "status": "pass"
        }
      ]
    },
    {
      "object_kind": "var",
      "config_addr": "module.common_resources_staging.module.webapp_spaces.module.terraform_state_backend_webapp_spaces.module.dynamodb_table_label.var.context",
      "status": "pass",
      "objects": [
        {
          "object_addr": "module.common_resources_staging.module.webapp_spaces.module.terraform_state_backend_webapp_spaces.module.dynamodb_table_label.var.context",
          "status": "pass"
        }
      ]
    },
    {
      "object_kind": "var",
      "config_addr": "module.common_resources_staging.module.customer.module.terraform_state_backend_customer_shared.module.bucket_label.var.label_key_case",
      "status": "pass",
      "objects": [
        {
          "object_addr": "module.common_resources_staging.module.customer.module.terraform_state_backend_customer_shared.module.bucket_label.var.label_key_case",
          "status": "pass"
        }
      ]
    },
    {
      "object_kind": "var",
      "config_addr": "module.common_resources_staging.module.publicweb.module.terraform_state_backend_public_web.module.this.var.context",
      "status": "pass",
      "objects": [
        {
          "object_addr": "module.common_resources_staging.module.publicweb.module.terraform_state_backend_public_web.module.this.var.context",
          "status": "pass"
        }
      ]
    },
    {
      "object_kind": "var",
      "config_addr": "module.common_resources_staging.module.webapp.module.terraform_state_backend_webapp.module.replication_label.var.label_value_case",
      "status": "pass",
      "objects": [
        {
          "object_addr": "module.common_resources_staging.module.webapp.module.terraform_state_backend_webapp.module.replication_label.var.label_value_case",
          "status": "pass"
        }
      ]
    },
    {
      "object_kind": "var",
      "config_addr": "module.common_resources_staging.module.shared.module.terraform_state_backend_shared.module.replication_label.var.label_value_case",
      "status": "pass",
      "objects": [
        {
          "object_addr": "module.common_resources_staging.module.shared.module.terraform_state_backend_shared.module.replication_label.var.label_value_case",
          "status": "pass"
        }
      ]
    },
    {
      "object_kind": "var",
      "config_addr": "module.common_resources_staging.module.webapp_host.module.terraform_state_backend_webapp_host_help.module.this.var.label_key_case",
      "status": "pass",
      "objects": [
        {
          "object_addr": "module.common_resources_staging.module.webapp_host.module.terraform_state_backend_webapp_host_help.module.this.var.label_key_case",
          "status": "pass"
        }
      ]
    },
    {
      "object_kind": "var",
      "config_addr": "module.common_resources_staging.module.azure_oneoff.module.terraform_state_backend_azure_oneoff.module.replication_label.var.id_length_limit",
      "status": "pass",
      "objects": [
        {
          "object_addr": "module.common_resources_staging.module.azure_oneoff.module.terraform_state_backend_azure_oneoff.module.replication_label.var.id_length_limit",
          "status": "pass"
        }
      ]
    },
    {
      "object_kind": "var",
      "config_addr": "module.common_resources_staging.module.shared.module.terraform_state_backend_shared_azure_entra.module.this.var.label_key_case",
      "status": "pass",
      "objects": [
        {
          "object_addr": "module.common_resources_staging.module.shared.module.terraform_state_backend_shared_azure_entra.module.this.var.label_key_case",
          "status": "pass"
        }
      ]
    },
    {
      "object_kind": "var",
      "config_addr": "module.common_resources_staging.module.slack.module.terraform_state_backend_slack_shared.module.replication_label.var.id_length_limit",
      "status": "pass",
      "objects": [
        {
          "object_addr": "module.common_resources_staging.module.slack.module.terraform_state_backend_slack_shared.module.replication_label.var.id_length_limit",
          "status": "pass"
        }
      ]
    },
    {
      "object_kind": "var",
      "config_addr": "module.common_resources_staging.module.webapp_teams.module.terraform_state_backend_webapp_teams_help.module.bucket_label.var.label_key_case",
      "status": "pass",
      "objects": [
        {
          "object_addr": "module.common_resources_staging.module.webapp_teams.module.terraform_state_backend_webapp_teams_help.module.bucket_label.var.label_key_case",
          "status": "pass"
        }
      ]
    },
    {
      "object_kind": "var",
      "config_addr": "module.common_resources_staging.module.webapp_teams.module.terraform_state_backend_webapp_teams_help.module.replication_label.var.label_value_case",
      "status": "pass",
      "objects": [
        {
          "object_addr": "module.common_resources_staging.module.webapp_teams.module.terraform_state_backend_webapp_teams_help.module.replication_label.var.label_value_case",
          "status": "pass"
        }
      ]
    },
    {
      "object_kind": "var",
      "config_addr": "module.common_resources_staging.module.webapp_host.module.terraform_state_backend_webapp_host.var.label_key_case",
      "status": "pass",
      "objects": [
        {
          "object_addr": "module.common_resources_staging.module.webapp_host.module.terraform_state_backend_webapp_host.var.label_key_case",
          "status": "pass"
        }
      ]
    },
    {
      "object_kind": "var",
      "config_addr": "module.common_resources_staging.module.team.module.terraform_state_backend_team_shared.module.dynamodb_table_label.var.label_key_case",
      "status": "pass",
      "objects": [
        {
          "object_addr": "module.common_resources_staging.module.team.module.terraform_state_backend_team_shared.module.dynamodb_table_label.var.label_key_case",
          "status": "pass"
        }
      ]
    },
    {
      "object_kind": "var",
      "config_addr": "module.common_resources_staging.module.webapp.module.terraform_state_backend_webapp_eventcatalog.module.this.var.context",
      "status": "pass",
      "objects": [
        {
          "object_addr": "module.common_resources_staging.module.webapp.module.terraform_state_backend_webapp_eventcatalog.module.this.var.context",
          "status": "pass"
        }
      ]
    },
    {
      "object_kind": "var",
      "config_addr": "module.common_resources_staging.module.customer.module.terraform_state_backend_customer_shared.module.bucket_label.var.label_value_case",
      "status": "pass",
      "objects": [
        {
          "object_addr": "module.common_resources_staging.module.customer.module.terraform_state_backend_customer_shared.module.bucket_label.var.label_value_case",
          "status": "pass"
        }
      ]
    },
    {
      "object_kind": "var",
      "config_addr": "module.common_resources_staging.module.webapp_host.module.terraform_state_backend_webapp_host_help.var.context",
      "status": "pass",
      "objects": [
        {
          "object_addr": "module.common_resources_staging.module.webapp_host.module.terraform_state_backend_webapp_host_help.var.context",
          "status": "pass"
        }
      ]
    },
    {
      "object_kind": "var",
      "config_addr": "module.common_resources_staging.module.webapp.module.terraform_state_backend_webapp_shared.var.label_value_case",
      "status": "pass",
      "objects": [
        {
          "object_addr": "module.common_resources_staging.module.webapp.module.terraform_state_backend_webapp_shared.var.label_value_case",
          "status": "pass"
        }
      ]
    },
    {
      "object_kind": "var",
      "config_addr": "module.common_resources_staging.module.publicweb.module.terraform_state_backend_public_web.var.logging",
      "status": "pass",
      "objects": [
        {
          "object_addr": "module.common_resources_staging.module.publicweb.module.terraform_state_backend_public_web.var.logging",
          "status": "pass"
        }
      ]
    },
    {
      "object_kind": "var",
      "config_addr": "module.common_resources_staging.module.team.module.terraform_state_backend_team_shared.module.replication_label.var.context",
      "status": "pass",
      "objects": [
        {
          "object_addr": "module.common_resources_staging.module.team.module.terraform_state_backend_team_shared.module.replication_label.var.context",
          "status": "pass"
        }
      ]
    },
    {
      "object_kind": "var",
      "config_addr": "module.common_resources_staging.module.webapp_spaces.module.terraform_state_backend_webapp_spaces_help.module.bucket_label.var.label_value_case",
      "status": "pass",
      "objects": [
        {
          "object_addr": "module.common_resources_staging.module.webapp_spaces.module.terraform_state_backend_webapp_spaces_help.module.bucket_label.var.label_value_case",
          "status": "pass"
        }
      ]
    },
    {
      "object_kind": "var",
      "config_addr": "module.common_resources_staging.module.webapp.module.terraform_state_backend_webapp_help.module.bucket_label.var.id_length_limit",
      "status": "pass",
      "objects": [
        {
          "object_addr": "module.common_resources_staging.module.webapp.module.terraform_state_backend_webapp_help.module.bucket_label.var.id_length_limit",
          "status": "pass"
        }
      ]
    },
    {
      "object_kind": "var",
      "config_addr": "module.common_resources_staging.module.webapp.module.terraform_state_backend_webapp_help.var.context",
      "status": "pass",
      "objects": [
        {
          "object_addr": "module.common_resources_staging.module.webapp.module.terraform_state_backend_webapp_help.var.context",
          "status": "pass"
        }
      ]
    },
    {
      "object_kind": "var",
      "config_addr": "module.common_resources_staging.module.gcp_oneoff.module.terraform_state_backend_gcp_oneoff.module.dynamodb_table_label.var.label_value_case",
      "status": "pass",
      "objects": [
        {
          "object_addr": "module.common_resources_staging.module.gcp_oneoff.module.terraform_state_backend_gcp_oneoff.module.dynamodb_table_label.var.label_value_case",
          "status": "pass"
        }
      ]
    },
    {
      "object_kind": "var",
      "config_addr": "module.common_resources_staging.module.publicweb.module.terraform_state_backend_public_web.module.bucket_label.var.label_value_case",
      "status": "pass",
      "objects": [
        {
          "object_addr": "module.common_resources_staging.module.publicweb.module.terraform_state_backend_public_web.module.bucket_label.var.label_value_case",
          "status": "pass"
        }
      ]
    },
    {
      "object_kind": "var",
      "config_addr": "module.common_resources_staging.module.team.module.terraform_state_backend_team_shared.var.s3_bucket_name",
      "status": "pass",
      "objects": [
        {
          "object_addr": "module.common_resources_staging.module.team.module.terraform_state_backend_team_shared.var.s3_bucket_name",
          "status": "pass"
        }
      ]
    },
    {
      "object_kind": "var",
      "config_addr": "module.common_resources_staging.module.webapp_teams.module.terraform_state_backend_webapp_teams_help.var.logging",
      "status": "pass",
      "objects": [
        {
          "object_addr": "module.common_resources_staging.module.webapp_teams.module.terraform_state_backend_webapp_teams_help.var.logging",
          "status": "pass"
        }
      ]
    },
    {
      "object_kind": "var",
      "config_addr": "module.common_resources_staging.module.webapp_host.module.terraform_state_backend_webapp_host_help.module.dynamodb_table_label.var.label_key_case",
      "status": "pass",
      "objects": [
        {
          "object_addr": "module.common_resources_staging.module.webapp_host.module.terraform_state_backend_webapp_host_help.module.dynamodb_table_label.var.label_key_case",
          "status": "pass"
        }
      ]
    },
    {
      "object_kind": "var",
      "config_addr": "module.common_resources_staging.module.team.module.terraform_state_backend_team_shared.module.dynamodb_table_label.var.id_length_limit",
      "status": "pass",
      "objects": [
        {
          "object_addr": "module.common_resources_staging.module.team.module.terraform_state_backend_team_shared.module.dynamodb_table_label.var.id_length_limit",
          "status": "pass"
        }
      ]
    },
    {
      "object_kind": "var",
      "config_addr": "module.common_resources_staging.module.core.module.terraform_state_backend_core_shared.module.replication_label.var.id_length_limit",
      "status": "pass",
      "objects": [
        {
          "object_addr": "module.common_resources_staging.module.core.module.terraform_state_backend_core_shared.module.replication_label.var.id_length_limit",
          "status": "pass"
        }
      ]
    },
    {
      "object_kind": "var",
      "config_addr": "module.common_resources_staging.module.webapp.module.terraform_state_backend_webapp_eventcatalog.module.this.var.label_key_case",
      "status": "pass",
      "objects": [
        {
          "object_addr": "module.common_resources_staging.module.webapp.module.terraform_state_backend_webapp_eventcatalog.module.this.var.label_key_case",
          "status": "pass"
        }
      ]
    },
    {
      "object_kind": "var",
      "config_addr": "module.common_resources_staging.module.webapp.module.terraform_state_backend_webapp_help.module.dynamodb_table_label.var.context",
      "status": "pass",
      "objects": [
        {
          "object_addr": "module.common_resources_staging.module.webapp.module.terraform_state_backend_webapp_help.module.dynamodb_table_label.var.context",
          "status": "pass"
        }
      ]
    },
    {
      "object_kind": "var",
      "config_addr": "module.common_resources_staging.module.core.module.terraform_state_backend_core_shared.module.dynamodb_table_label.var.label_value_case",
      "status": "pass",
      "objects": [
        {
          "object_addr": "module.common_resources_staging.module.core.module.terraform_state_backend_core_shared.module.dynamodb_table_label.var.label_value_case",
          "status": "pass"
        }
      ]
    },
    {
      "object_kind": "var",
      "config_addr": "module.common_resources_staging.module.webapp.module.terraform_state_backend_webapp_shared.module.dynamodb_table_label.var.label_key_case",
      "status": "pass",
      "objects": [
        {
          "object_addr": "module.common_resources_staging.module.webapp.module.terraform_state_backend_webapp_shared.module.dynamodb_table_label.var.label_key_case",
          "status": "pass"
        }
      ]
    },
    {
      "object_kind": "var",
      "config_addr": "module.common_resources_staging.module.azure_oneoff.module.terraform_state_backend_azure_oneoff.module.this.var.context",
      "status": "pass",
      "objects": [
        {
          "object_addr": "module.common_resources_staging.module.azure_oneoff.module.terraform_state_backend_azure_oneoff.module.this.var.context",
          "status": "pass"
        }
      ]
    },
    {
      "object_kind": "var",
      "config_addr": "module.common_resources_staging.module.webapp.module.terraform_state_backend_webapp_help.var.s3_bucket_name",
      "status": "pass",
      "objects": [
        {
          "object_addr": "module.common_resources_staging.module.webapp.module.terraform_state_backend_webapp_help.var.s3_bucket_name",
          "status": "pass"
        }
      ]
    },
    {
      "object_kind": "var",
      "config_addr": "module.common_resources_staging.module.shared.module.terraform_state_backend_shared.module.bucket_label.var.label_key_case",
      "status": "pass",
      "objects": [
        {
          "object_addr": "module.common_resources_staging.module.shared.module.terraform_state_backend_shared.module.bucket_label.var.label_key_case",
          "status": "pass"
        }
      ]
    },
    {
      "object_kind": "var",
      "config_addr": "module.common_resources_staging.module.webapp_teams.module.terraform_state_backend_webapp_teams_help.module.this.var.label_value_case",
      "status": "pass",
      "objects": [
        {
          "object_addr": "module.common_resources_staging.module.webapp_teams.module.terraform_state_backend_webapp_teams_help.module.this.var.label_value_case",
          "status": "pass"
        }
      ]
    },
    {
      "object_kind": "var",
      "config_addr": "module.common_resources_staging.module.gcp_oneoff.module.terraform_state_backend_gcp_oneoff.var.label_key_case",
      "status": "pass",
      "objects": [
        {
          "object_addr": "module.common_resources_staging.module.gcp_oneoff.module.terraform_state_backend_gcp_oneoff.var.label_key_case",
          "status": "pass"
        }
      ]
    },
    {
      "object_kind": "var",
      "config_addr": "module.common_resources_staging.module.booking.module.terraform_state_backend_booking_shared.var.label_value_case",
      "status": "pass",
      "objects": [
        {
          "object_addr": "module.common_resources_staging.module.booking.module.terraform_state_backend_booking_shared.var.label_value_case",
          "status": "pass"
        }
      ]
    },
    {
      "object_kind": "var",
      "config_addr": "module.common_resources_staging.module.azure_oneoff.module.terraform_state_backend_azure_oneoff.var.label_key_case",
      "status": "pass",
      "objects": [
        {
          "object_addr": "module.common_resources_staging.module.azure_oneoff.module.terraform_state_backend_azure_oneoff.var.label_key_case",
          "status": "pass"
        }
      ]
    },
    {
      "object_kind": "var",
      "config_addr": "module.common_resources_staging.module.team.module.terraform_state_backend_team_shared.var.id_length_limit",
      "status": "pass",
      "objects": [
        {
          "object_addr": "module.common_resources_staging.module.team.module.terraform_state_backend_team_shared.var.id_length_limit",
          "status": "pass"
        }
      ]
    },
    {
      "object_kind": "var",
      "config_addr": "module.common_resources_staging.module.slack.module.terraform_state_backend_slack_shared.var.context",
      "status": "pass",
      "objects": [
        {
          "object_addr": "module.common_resources_staging.module.slack.module.terraform_state_backend_slack_shared.var.context",
          "status": "pass"
        }
      ]
    },
    {
      "object_kind": "var",
      "config_addr": "module.common_resources_staging.module.msteams.module.terraform_state_backend_msteams_shared.module.dynamodb_table_label.var.label_value_case",
      "status": "pass",
      "objects": [
        {
          "object_addr": "module.common_resources_staging.module.msteams.module.terraform_state_backend_msteams_shared.module.dynamodb_table_label.var.label_value_case",
          "status": "pass"
        }
      ]
    },
    {
      "object_kind": "var",
      "config_addr": "module.common_resources_staging.module.webapp_teams.module.terraform_state_backend_webapp_teams_help.module.dynamodb_table_label.var.label_value_case",
      "status": "pass",
      "objects": [
        {
          "object_addr": "module.common_resources_staging.module.webapp_teams.module.terraform_state_backend_webapp_teams_help.module.dynamodb_table_label.var.label_value_case",
          "status": "pass"
        }
      ]
    },
    {
      "object_kind": "var",
      "config_addr": "module.common_resources_staging.module.shared.module.terraform_state_backend_shared_azure_entra.module.bucket_label.var.context",
      "status": "pass",
      "objects": [
        {
          "object_addr": "module.common_resources_staging.module.shared.module.terraform_state_backend_shared_azure_entra.module.bucket_label.var.context",
          "status": "pass"
        }
      ]
    },
    {
      "object_kind": "var",
      "config_addr": "module.common_resources_staging.module.webapp_teams.module.terraform_state_backend_webapp_teams_help.module.replication_label.var.context",
      "status": "pass",
      "objects": [
        {
          "object_addr": "module.common_resources_staging.module.webapp_teams.module.terraform_state_backend_webapp_teams_help.module.replication_label.var.context",
          "status": "pass"
        }
      ]
    },
    {
      "object_kind": "var",
      "config_addr": "module.common_resources_staging.module.slack.module.terraform_state_backend_slack_shared.module.replication_label.var.label_value_case",
      "status": "pass",
      "objects": [
        {
          "object_addr": "module.common_resources_staging.module.slack.module.terraform_state_backend_slack_shared.module.replication_label.var.label_value_case",
          "status": "pass"
        }
      ]
    },
    {
      "object_kind": "var",
      "config_addr": "module.common_resources_staging.module.webapp.module.terraform_state_backend_webapp_shared.module.replication_label.var.id_length_limit",
      "status": "pass",
      "objects": [
        {
          "object_addr": "module.common_resources_staging.module.webapp.module.terraform_state_backend_webapp_shared.module.replication_label.var.id_length_limit",
          "status": "pass"
        }
      ]
    },
    {
      "object_kind": "var",
      "config_addr": "module.common_resources_staging.module.team.module.terraform_state_backend_team_shared.var.label_value_case",
      "status": "pass",
      "objects": [
        {
          "object_addr": "module.common_resources_staging.module.team.module.terraform_state_backend_team_shared.var.label_value_case",
          "status": "pass"
        }
      ]
    },
    {
      "object_kind": "var",
      "config_addr": "module.common_resources_staging.module.webapp_spaces.module.terraform_state_backend_webapp_spaces_help.var.s3_bucket_name",
      "status": "pass",
      "objects": [
        {
          "object_addr": "module.common_resources_staging.module.webapp_spaces.module.terraform_state_backend_webapp_spaces_help.var.s3_bucket_name",
          "status": "pass"
        }
      ]
    },
    {
      "object_kind": "var",
      "config_addr": "module.common_resources_staging.module.webapp.module.terraform_state_backend_webapp.module.bucket_label.var.label_value_case",
      "status": "pass",
      "objects": [
        {
          "object_addr": "module.common_resources_staging.module.webapp.module.terraform_state_backend_webapp.module.bucket_label.var.label_value_case",
          "status": "pass"
        }
      ]
    },
    {
      "object_kind": "var",
      "config_addr": "module.common_resources_staging.module.webapp.module.terraform_state_backend_webapp_help.var.logging",
      "status": "pass",
      "objects": [
        {
          "object_addr": "module.common_resources_staging.module.webapp.module.terraform_state_backend_webapp_help.var.logging",
          "status": "pass"
        }
      ]
    },
    {
      "object_kind": "var",
      "config_addr": "module.common_resources_staging.module.webapp_spaces.module.terraform_state_backend_webapp_spaces_help.var.logging",
      "status": "pass",
      "objects": [
        {
          "object_addr": "module.common_resources_staging.module.webapp_spaces.module.terraform_state_backend_webapp_spaces_help.var.logging",
          "status": "pass"
        }
      ]
    },
    {
      "object_kind": "var",
      "config_addr": "module.common_resources_staging.module.gcp_oneoff.module.terraform_state_backend_gcp_oneoff.module.replication_label.var.id_length_limit",
      "status": "pass",
      "objects": [
        {
          "object_addr": "module.common_resources_staging.module.gcp_oneoff.module.terraform_state_backend_gcp_oneoff.module.replication_label.var.id_length_limit",
          "status": "pass"
        }
      ]
    },
    {
      "object_kind": "var",
      "config_addr": "module.common_resources_staging.module.shared.module.terraform_state_backend_shared.var.s3_bucket_name",
      "status": "pass",
      "objects": [
        {
          "object_addr": "module.common_resources_staging.module.shared.module.terraform_state_backend_shared.var.s3_bucket_name",
          "status": "pass"
        }
      ]
    },
    {
      "object_kind": "var",
      "config_addr": "module.common_resources_staging.module.webapp_teams.module.terraform_state_backend_webapp_teams.module.bucket_label.var.context",
      "status": "pass",
      "objects": [
        {
          "object_addr": "module.common_resources_staging.module.webapp_teams.module.terraform_state_backend_webapp_teams.module.bucket_label.var.context",
          "status": "pass"
        }
      ]
    },
    {
      "object_kind": "var",
      "config_addr": "module.common_resources_staging.module.webapp.module.terraform_state_backend_webapp_help.module.replication_label.var.id_length_limit",
      "status": "pass",
      "objects": [
        {
          "object_addr": "module.common_resources_staging.module.webapp.module.terraform_state_backend_webapp_help.module.replication_label.var.id_length_limit",
          "status": "pass"
        }
      ]
    },
    {
      "object_kind": "var",
      "config_addr": "module.common_resources_staging.module.aws_oneoff.module.terraform_state_backend_aws_oneoff.module.bucket_label.var.id_length_limit",
      "status": "pass",
      "objects": [
        {
          "object_addr": "module.common_resources_staging.module.aws_oneoff.module.terraform_state_backend_aws_oneoff.module.bucket_label.var.id_length_limit",
          "status": "pass"
        }
      ]
    },
    {
      "object_kind": "var",
      "config_addr": "module.common_resources_staging.module.location.module.terraform_state_backend_location_shared.var.logging",
      "status": "pass",
      "objects": [
        {
          "object_addr": "module.common_resources_staging.module.location.module.terraform_state_backend_location_shared.var.logging",
          "status": "pass"
        }
      ]
    },
    {
      "object_kind": "var",
      "config_addr": "module.common_resources_staging.module.webapp_spaces.module.terraform_state_backend_webapp_spaces_help.var.id_length_limit",
      "status": "pass",
      "objects": [
        {
          "object_addr": "module.common_resources_staging.module.webapp_spaces.module.terraform_state_backend_webapp_spaces_help.var.id_length_limit",
          "status": "pass"
        }
      ]
    },
    {
      "object_kind": "var",
      "config_addr": "module.common_resources_staging.module.aws_oneoff.module.terraform_state_backend_aws_oneoff.module.this.var.id_length_limit",
      "status": "pass",
      "objects": [
        {
          "object_addr": "module.common_resources_staging.module.aws_oneoff.module.terraform_state_backend_aws_oneoff.module.this.var.id_length_limit",
          "status": "pass"
        }
      ]
    },
    {
      "object_kind": "var",
      "config_addr": "module.common_resources_staging.module.booking.module.terraform_state_backend_booking_shared.module.this.var.context",
      "status": "pass",
      "objects": [
        {
          "object_addr": "module.common_resources_staging.module.booking.module.terraform_state_backend_booking_shared.module.this.var.context",
          "status": "pass"
        }
      ]
    },
    {
      "object_kind": "var",
      "config_addr": "module.common_resources_staging.module.webapp_teams.module.terraform_state_backend_webapp_teams_help.var.label_value_case",
      "status": "pass",
      "objects": [
        {
          "object_addr": "module.common_resources_staging.module.webapp_teams.module.terraform_state_backend_webapp_teams_help.var.label_value_case",
          "status": "pass"
        }
      ]
    },
    {
      "object_kind": "var",
      "config_addr": "module.common_resources_staging.module.webapp_host.module.terraform_state_backend_webapp_host.module.dynamodb_table_label.var.label_key_case",
      "status": "pass",
      "objects": [
        {
          "object_addr": "module.common_resources_staging.module.webapp_host.module.terraform_state_backend_webapp_host.module.dynamodb_table_label.var.label_key_case",
          "status": "pass"
        }
      ]
    },
    {
      "object_kind": "var",
      "config_addr": "module.common_resources_staging.module.marketplace.module.terraform_state_backend_marketplace_shared.module.bucket_label.var.context",
      "status": "pass",
      "objects": [
        {
          "object_addr": "module.common_resources_staging.module.marketplace.module.terraform_state_backend_marketplace_shared.module.bucket_label.var.context",
          "status": "pass"
        }
      ]
    },
    {
      "object_kind": "var",
      "config_addr": "module.common_resources_staging.module.core.module.terraform_state_backend_core_shared.var.label_value_case",
      "status": "pass",
      "objects": [
        {
          "object_addr": "module.common_resources_staging.module.core.module.terraform_state_backend_core_shared.var.label_value_case",
          "status": "pass"
        }
      ]
    },
    {
      "object_kind": "var",
      "config_addr": "module.common_resources_staging.module.webapp.module.terraform_state_backend_webapp.var.id_length_limit",
      "status": "pass",
      "objects": [
        {
          "object_addr": "module.common_resources_staging.module.webapp.module.terraform_state_backend_webapp.var.id_length_limit",
          "status": "pass"
        }
      ]
    },
    {
      "object_kind": "var",
      "config_addr": "module.common_resources_staging.module.publicweb.module.terraform_state_backend_public_web.module.replication_label.var.context",
      "status": "pass",
      "objects": [
        {
          "object_addr": "module.common_resources_staging.module.publicweb.module.terraform_state_backend_public_web.module.replication_label.var.context",
          "status": "pass"
        }
      ]
    },
    {
      "object_kind": "var",
      "config_addr": "module.common_resources_staging.module.webapp.module.terraform_state_backend_webapp.var.s3_bucket_name",
      "status": "pass",
      "objects": [
        {
          "object_addr": "module.common_resources_staging.module.webapp.module.terraform_state_backend_webapp.var.s3_bucket_name",
          "status": "pass"
        }
      ]
    },
    {
      "object_kind": "var",
      "config_addr": "module.common_resources_staging.module.aws_oneoff.module.terraform_state_backend_aws_oneoff.module.bucket_label.var.context",
      "status": "pass",
      "objects": [
        {
          "object_addr": "module.common_resources_staging.module.aws_oneoff.module.terraform_state_backend_aws_oneoff.module.bucket_label.var.context",
          "status": "pass"
        }
      ]
    },
    {
      "object_kind": "var",
      "config_addr": "module.common_resources_staging.module.aws_oneoff.module.terraform_state_backend_aws_oneoff.module.this.var.label_value_case",
      "status": "pass",
      "objects": [
        {
          "object_addr": "module.common_resources_staging.module.aws_oneoff.module.terraform_state_backend_aws_oneoff.module.this.var.label_value_case",
          "status": "pass"
        }
      ]
    },
    {
      "object_kind": "var",
      "config_addr": "module.common_resources_staging.module.webapp_spaces.module.terraform_state_backend_webapp_spaces_help.module.replication_label.var.label_key_case",
      "status": "pass",
      "objects": [
        {
          "object_addr": "module.common_resources_staging.module.webapp_spaces.module.terraform_state_backend_webapp_spaces_help.module.replication_label.var.label_key_case",
          "status": "pass"
        }
      ]
    },
    {
      "object_kind": "var",
      "config_addr": "module.common_resources_staging.module.shared.module.terraform_state_backend_shared.module.replication_label.var.label_key_case",
      "status": "pass",
      "objects": [
        {
          "object_addr": "module.common_resources_staging.module.shared.module.terraform_state_backend_shared.module.replication_label.var.label_key_case",
          "status": "pass"
        }
      ]
    },
    {
      "object_kind": "var",
      "config_addr": "module.common_resources_staging.module.webapp_host.module.terraform_state_backend_webapp_host_help.var.label_value_case",
      "status": "pass",
      "objects": [
        {
          "object_addr": "module.common_resources_staging.module.webapp_host.module.terraform_state_backend_webapp_host_help.var.label_value_case",
          "status": "pass"
        }
      ]
    },
    {
      "object_kind": "var",
      "config_addr": "module.common_resources_staging.module.webapp.module.terraform_state_backend_webapp_eventcatalog.var.logging",
      "status": "pass",
      "objects": [
        {
          "object_addr": "module.common_resources_staging.module.webapp.module.terraform_state_backend_webapp_eventcatalog.var.logging",
          "status": "pass"
        }
      ]
    },
    {
      "object_kind": "var",
      "config_addr": "module.common_resources_staging.module.team.module.terraform_state_backend_team_shared.module.this.var.label_value_case",
      "status": "pass",
      "objects": [
        {
          "object_addr": "module.common_resources_staging.module.team.module.terraform_state_backend_team_shared.module.this.var.label_value_case",
          "status": "pass"
        }
      ]
    },
    {
      "object_kind": "var",
      "config_addr": "module.common_resources_staging.module.azure_oneoff.module.terraform_state_backend_azure_oneoff.module.replication_label.var.label_value_case",
      "status": "pass",
      "objects": [
        {
          "object_addr": "module.common_resources_staging.module.azure_oneoff.module.terraform_state_backend_azure_oneoff.module.replication_label.var.label_value_case",
          "status": "pass"
        }
      ]
    },
    {
      "object_kind": "var",
      "config_addr": "module.common_resources_staging.module.shared.module.terraform_state_backend_shared.var.logging",
      "status": "pass",
      "objects": [
        {
          "object_addr": "module.common_resources_staging.module.shared.module.terraform_state_backend_shared.var.logging",
          "status": "pass"
        }
      ]
    },
    {
      "object_kind": "var",
      "config_addr": "module.common_resources_staging.module.aws_oneoff.module.terraform_state_backend_aws_oneoff.module.this.var.label_key_case",
      "status": "pass",
      "objects": [
        {
          "object_addr": "module.common_resources_staging.module.aws_oneoff.module.terraform_state_backend_aws_oneoff.module.this.var.label_key_case",
          "status": "pass"
        }
      ]
    },
    {
      "object_kind": "var",
      "config_addr": "module.common_resources_staging.module.organization.module.terraform_state_backend_organization_shared.module.dynamodb_table_label.var.context",
      "status": "pass",
      "objects": [
        {
          "object_addr": "module.common_resources_staging.module.organization.module.terraform_state_backend_organization_shared.module.dynamodb_table_label.var.context",
          "status": "pass"
        }
      ]
    },
    {
      "object_kind": "var",
      "config_addr": "module.common_resources_staging.module.webapp.module.terraform_state_backend_webapp.module.replication_label.var.context",
      "status": "pass",
      "objects": [
        {
          "object_addr": "module.common_resources_staging.module.webapp.module.terraform_state_backend_webapp.module.replication_label.var.context",
          "status": "pass"
        }
      ]
    },
    {
      "object_kind": "var",
      "config_addr": "module.common_resources_staging.module.shared.module.terraform_state_backend_shared.var.label_key_case",
      "status": "pass",
      "objects": [
        {
          "object_addr": "module.common_resources_staging.module.shared.module.terraform_state_backend_shared.var.label_key_case",
          "status": "pass"
        }
      ]
    },
    {
      "object_kind": "var",
      "config_addr": "module.common_resources_staging.module.publicweb.module.terraform_state_backend_public_web.var.id_length_limit",
      "status": "pass",
      "objects": [
        {
          "object_addr": "module.common_resources_staging.module.publicweb.module.terraform_state_backend_public_web.var.id_length_limit",
          "status": "pass"
        }
      ]
    },
    {
      "object_kind": "var",
      "config_addr": "module.common_resources_staging.module.shared.module.terraform_state_backend_shared_azure_entra.var.label_value_case",
      "status": "pass",
      "objects": [
        {
          "object_addr": "module.common_resources_staging.module.shared.module.terraform_state_backend_shared_azure_entra.var.label_value_case",
          "status": "pass"
        }
      ]
    },
    {
      "object_kind": "var",
      "config_addr": "module.common_resources_staging.module.aws_oneoff.module.terraform_state_backend_aws_oneoff.var.id_length_limit",
      "status": "pass",
      "objects": [
        {
          "object_addr": "module.common_resources_staging.module.aws_oneoff.module.terraform_state_backend_aws_oneoff.var.id_length_limit",
          "status": "pass"
        }
      ]
    },
    {
      "object_kind": "var",
      "config_addr": "module.common_resources_staging.module.booking.module.terraform_state_backend_booking_shared.module.bucket_label.var.id_length_limit",
      "status": "pass",
      "objects": [
        {
          "object_addr": "module.common_resources_staging.module.booking.module.terraform_state_backend_booking_shared.module.bucket_label.var.id_length_limit",
          "status": "pass"
        }
      ]
    },
    {
      "object_kind": "var",
      "config_addr": "module.common_resources_staging.module.webapp_teams.module.terraform_state_backend_webapp_teams.module.this.var.context",
      "status": "pass",
      "objects": [
        {
          "object_addr": "module.common_resources_staging.module.webapp_teams.module.terraform_state_backend_webapp_teams.module.this.var.context",
          "status": "pass"
        }
      ]
    },
    {
      "object_kind": "var",
      "config_addr": "module.common_resources_staging.module.customer.module.terraform_state_backend_customer_shared.var.id_length_limit",
      "status": "pass",
      "objects": [
        {
          "object_addr": "module.common_resources_staging.module.customer.module.terraform_state_backend_customer_shared.var.id_length_limit",
          "status": "pass"
        }
      ]
    },
    {
      "object_kind": "var",
      "config_addr": "module.common_resources_staging.module.webapp_host.module.terraform_state_backend_webapp_host.var.id_length_limit",
      "status": "pass",
      "objects": [
        {
          "object_addr": "module.common_resources_staging.module.webapp_host.module.terraform_state_backend_webapp_host.var.id_length_limit",
          "status": "pass"
        }
      ]
    },
    {
      "object_kind": "var",
      "config_addr": "module.common_resources_staging.module.core.module.terraform_state_backend_core_shared.module.this.var.label_value_case",
      "status": "pass",
      "objects": [
        {
          "object_addr": "module.common_resources_staging.module.core.module.terraform_state_backend_core_shared.module.this.var.label_value_case",
          "status": "pass"
        }
      ]
    },
    {
      "object_kind": "var",
      "config_addr": "module.common_resources_staging.module.marketplace.module.terraform_state_backend_marketplace_shared.module.bucket_label.var.label_value_case",
      "status": "pass",
      "objects": [
        {
          "object_addr": "module.common_resources_staging.module.marketplace.module.terraform_state_backend_marketplace_shared.module.bucket_label.var.label_value_case",
          "status": "pass"
        }
      ]
    },
    {
      "object_kind": "var",
      "config_addr": "module.common_resources_staging.module.gcp_oneoff.module.terraform_state_backend_gcp_oneoff.module.bucket_label.var.id_length_limit",
      "status": "pass",
      "objects": [
        {
          "object_addr": "module.common_resources_staging.module.gcp_oneoff.module.terraform_state_backend_gcp_oneoff.module.bucket_label.var.id_length_limit",
          "status": "pass"
        }
      ]
    },
    {
      "object_kind": "var",
      "config_addr": "module.common_resources_staging.module.webapp.module.terraform_state_backend_webapp_help.module.this.var.label_key_case",
      "status": "pass",
      "objects": [
        {
          "object_addr": "module.common_resources_staging.module.webapp.module.terraform_state_backend_webapp_help.module.this.var.label_key_case",
          "status": "pass"
        }
      ]
    },
    {
      "object_kind": "var",
      "config_addr": "module.common_resources_staging.module.gcp_oneoff.module.terraform_state_backend_gcp_oneoff.module.dynamodb_table_label.var.context",
      "status": "pass",
      "objects": [
        {
          "object_addr": "module.common_resources_staging.module.gcp_oneoff.module.terraform_state_backend_gcp_oneoff.module.dynamodb_table_label.var.context",
          "status": "pass"
        }
      ]
    },
    {
      "object_kind": "var",
      "config_addr": "module.common_resources_staging.module.team.module.terraform_state_backend_team_shared.var.label_key_case",
      "status": "pass",
      "objects": [
        {
          "object_addr": "module.common_resources_staging.module.team.module.terraform_state_backend_team_shared.var.label_key_case",
          "status": "pass"
        }
      ]
    },
    {
      "object_kind": "var",
      "config_addr": "module.common_resources_staging.module.core.module.terraform_state_backend_core_shared.module.dynamodb_table_label.var.id_length_limit",
      "status": "pass",
      "objects": [
        {
          "object_addr": "module.common_resources_staging.module.core.module.terraform_state_backend_core_shared.module.dynamodb_table_label.var.id_length_limit",
          "status": "pass"
        }
      ]
    },
    {
      "object_kind": "var",
      "config_addr": "module.common_resources_staging.module.shared.module.terraform_state_backend_shared_azure_entra.var.label_key_case",
      "status": "pass",
      "objects": [
        {
          "object_addr": "module.common_resources_staging.module.shared.module.terraform_state_backend_shared_azure_entra.var.label_key_case",
          "status": "pass"
        }
      ]
    },
    {
      "object_kind": "var",
      "config_addr": "module.common_resources_staging.module.slack.module.terraform_state_backend_slack_shared.module.replication_label.var.context",
      "status": "pass",
      "objects": [
        {
          "object_addr": "module.common_resources_staging.module.slack.module.terraform_state_backend_slack_shared.module.replication_label.var.context",
          "status": "pass"
        }
      ]
    },
    {
      "object_kind": "var",
      "config_addr": "module.common_resources_staging.module.slack.module.terraform_state_backend_slack_shared.module.bucket_label.var.context",
      "status": "pass",
      "objects": [
        {
          "object_addr": "module.common_resources_staging.module.slack.module.terraform_state_backend_slack_shared.module.bucket_label.var.context",
          "status": "pass"
        }
      ]
    },
    {
      "object_kind": "var",
      "config_addr": "module.common_resources_staging.module.organization.module.terraform_state_backend_organization_shared.var.logging",
      "status": "pass",
      "objects": [
        {
          "object_addr": "module.common_resources_staging.module.organization.module.terraform_state_backend_organization_shared.var.logging",
          "status": "pass"
        }
      ]
    },
    {
      "object_kind": "var",
      "config_addr": "module.common_resources_staging.module.shared.module.terraform_state_backend_shared.module.this.var.label_value_case",
      "status": "pass",
      "objects": [
        {
          "object_addr": "module.common_resources_staging.module.shared.module.terraform_state_backend_shared.module.this.var.label_value_case",
          "status": "pass"
        }
      ]
    },
    {
      "object_kind": "var",
      "config_addr": "module.common_resources_staging.module.webapp_spaces.module.terraform_state_backend_webapp_spaces.module.this.var.id_length_limit",
      "status": "pass",
      "objects": [
        {
          "object_addr": "module.common_resources_staging.module.webapp_spaces.module.terraform_state_backend_webapp_spaces.module.this.var.id_length_limit",
          "status": "pass"
        }
      ]
    },
    {
      "object_kind": "var",
      "config_addr": "module.common_resources_staging.module.webapp_teams.module.terraform_state_backend_webapp_teams_help.var.label_key_case",
      "status": "pass",
      "objects": [
        {
          "object_addr": "module.common_resources_staging.module.webapp_teams.module.terraform_state_backend_webapp_teams_help.var.label_key_case",
          "status": "pass"
        }
      ]
    },
    {
      "object_kind": "var",
      "config_addr": "module.common_resources_staging.module.shared.module.terraform_state_backend_shared.module.dynamodb_table_label.var.id_length_limit",
      "status": "pass",
      "objects": [
        {
          "object_addr": "module.common_resources_staging.module.shared.module.terraform_state_backend_shared.module.dynamodb_table_label.var.id_length_limit",
          "status": "pass"
        }
      ]
    },
    {
      "object_kind": "var",
      "config_addr": "module.common_resources_staging.module.customer.module.terraform_state_backend_customer_shared.module.replication_label.var.label_value_case",
      "status": "pass",
      "objects": [
        {
          "object_addr": "module.common_resources_staging.module.customer.module.terraform_state_backend_customer_shared.module.replication_label.var.label_value_case",
          "status": "pass"
        }
      ]
    },
    {
      "object_kind": "var",
      "config_addr": "module.common_resources_staging.module.shared.module.terraform_state_backend_shared_azure_entra.module.this.var.context",
      "status": "pass",
      "objects": [
        {
          "object_addr": "module.common_resources_staging.module.shared.module.terraform_state_backend_shared_azure_entra.module.this.var.context",
          "status": "pass"
        }
      ]
    },
    {
      "object_kind": "var",
      "config_addr": "module.common_resources_staging.module.location.module.terraform_state_backend_location_shared.module.bucket_label.var.id_length_limit",
      "status": "pass",
      "objects": [
        {
          "object_addr": "module.common_resources_staging.module.location.module.terraform_state_backend_location_shared.module.bucket_label.var.id_length_limit",
          "status": "pass"
        }
      ]
    },
    {
      "object_kind": "var",
      "config_addr": "module.common_resources_staging.module.webapp.module.terraform_state_backend_webapp_eventcatalog.module.dynamodb_table_label.var.label_value_case",
      "status": "pass",
      "objects": [
        {
          "object_addr": "module.common_resources_staging.module.webapp.module.terraform_state_backend_webapp_eventcatalog.module.dynamodb_table_label.var.label_value_case",
          "status": "pass"
        }
      ]
    },
    {
      "object_kind": "var",
      "config_addr": "module.common_resources_staging.module.organization.module.terraform_state_backend_organization_shared.module.bucket_label.var.id_length_limit",
      "status": "pass",
      "objects": [
        {
          "object_addr": "module.common_resources_staging.module.organization.module.terraform_state_backend_organization_shared.module.bucket_label.var.id_length_limit",
          "status": "pass"
        }
      ]
    },
    {
      "object_kind": "var",
      "config_addr": "module.common_resources_staging.module.customer.module.terraform_state_backend_customer_shared.module.this.var.label_key_case",
      "status": "pass",
      "objects": [
        {
          "object_addr": "module.common_resources_staging.module.customer.module.terraform_state_backend_customer_shared.module.this.var.label_key_case",
          "status": "pass"
        }
      ]
    },
    {
      "object_kind": "var",
      "config_addr": "module.common_resources_staging.module.msteams.module.terraform_state_backend_msteams_shared.module.this.var.label_key_case",
      "status": "pass",
      "objects": [
        {
          "object_addr": "module.common_resources_staging.module.msteams.module.terraform_state_backend_msteams_shared.module.this.var.label_key_case",
          "status": "pass"
        }
      ]
    },
    {
      "object_kind": "var",
      "config_addr": "module.common_resources_staging.module.webapp_teams.module.terraform_state_backend_webapp_teams_help.module.this.var.label_key_case",
      "status": "pass",
      "objects": [
        {
          "object_addr": "module.common_resources_staging.module.webapp_teams.module.terraform_state_backend_webapp_teams_help.module.this.var.label_key_case",
          "status": "pass"
        }
      ]
    },
    {
      "object_kind": "var",
      "config_addr": "module.common_resources_staging.module.customer.module.terraform_state_backend_customer_shared.module.bucket_label.var.context",
      "status": "pass",
      "objects": [
        {
          "object_addr": "module.common_resources_staging.module.customer.module.terraform_state_backend_customer_shared.module.bucket_label.var.context",
          "status": "pass"
        }
      ]
    },
    {
      "object_kind": "var",
      "config_addr": "module.common_resources_staging.module.shared.module.terraform_state_backend_shared_azure_entra.module.dynamodb_table_label.var.label_value_case",
      "status": "pass",
      "objects": [
        {
          "object_addr": "module.common_resources_staging.module.shared.module.terraform_state_backend_shared_azure_entra.module.dynamodb_table_label.var.label_value_case",
          "status": "pass"
        }
      ]
    },
    {
      "object_kind": "var",
      "config_addr": "module.common_resources_staging.module.azure_oneoff.module.terraform_state_backend_azure_oneoff.var.context",
      "status": "pass",
      "objects": [
        {
          "object_addr": "module.common_resources_staging.module.azure_oneoff.module.terraform_state_backend_azure_oneoff.var.context",
          "status": "pass"
        }
      ]
    },
    {
      "object_kind": "var",
      "config_addr": "module.common_resources_staging.module.webapp_teams.module.terraform_state_backend_webapp_teams_help.module.bucket_label.var.id_length_limit",
      "status": "pass",
      "objects": [
        {
          "object_addr": "module.common_resources_staging.module.webapp_teams.module.terraform_state_backend_webapp_teams_help.module.bucket_label.var.id_length_limit",
          "status": "pass"
        }
      ]
    },
    {
      "object_kind": "var",
      "config_addr": "module.common_resources_staging.module.shared.module.terraform_state_backend_shared_azure_entra.var.context",
      "status": "pass",
      "objects": [
        {
          "object_addr": "module.common_resources_staging.module.shared.module.terraform_state_backend_shared_azure_entra.var.context",
          "status": "pass"
        }
      ]
    },
    {
      "object_kind": "var",
      "config_addr": "module.common_resources_staging.module.webapp_host.module.terraform_state_backend_webapp_host.var.s3_bucket_name",
      "status": "pass",
      "objects": [
        {
          "object_addr": "module.common_resources_staging.module.webapp_host.module.terraform_state_backend_webapp_host.var.s3_bucket_name",
          "status": "pass"
        }
      ]
    },
    {
      "object_kind": "var",
      "config_addr": "module.common_resources_staging.module.marketplace.module.terraform_state_backend_marketplace_shared.module.this.var.label_key_case",
      "status": "pass",
      "objects": [
        {
          "object_addr": "module.common_resources_staging.module.marketplace.module.terraform_state_backend_marketplace_shared.module.this.var.label_key_case",
          "status": "pass"
        }
      ]
    },
    {
      "object_kind": "var",
      "config_addr": "module.common_resources_staging.module.azure_oneoff.module.terraform_state_backend_azure_oneoff.var.label_value_case",
      "status": "pass",
      "objects": [
        {
          "object_addr": "module.common_resources_staging.module.azure_oneoff.module.terraform_state_backend_azure_oneoff.var.label_value_case",
          "status": "pass"
        }
      ]
    },
    {
      "object_kind": "var",
      "config_addr": "module.common_resources_staging.module.slack.module.terraform_state_backend_slack_shared.var.label_value_case",
      "status": "pass",
      "objects": [
        {
          "object_addr": "module.common_resources_staging.module.slack.module.terraform_state_backend_slack_shared.var.label_value_case",
          "status": "pass"
        }
      ]
    },
    {
      "object_kind": "var",
      "config_addr": "module.common_resources_staging.module.webapp.module.terraform_state_backend_webapp.module.dynamodb_table_label.var.label_key_case",
      "status": "pass",
      "objects": [
        {
          "object_addr": "module.common_resources_staging.module.webapp.module.terraform_state_backend_webapp.module.dynamodb_table_label.var.label_key_case",
          "status": "pass"
        }
      ]
    },
    {
      "object_kind": "var",
      "config_addr": "module.common_resources_staging.module.webapp_host.module.terraform_state_backend_webapp_host.module.replication_label.var.label_key_case",
      "status": "pass",
      "objects": [
        {
          "object_addr": "module.common_resources_staging.module.webapp_host.module.terraform_state_backend_webapp_host.module.replication_label.var.label_key_case",
          "status": "pass"
        }
      ]
    },
    {
      "object_kind": "var",
      "config_addr": "module.common_resources_staging.module.publicweb.module.terraform_state_backend_public_web.module.replication_label.var.id_length_limit",
      "status": "pass",
      "objects": [
        {
          "object_addr": "module.common_resources_staging.module.publicweb.module.terraform_state_backend_public_web.module.replication_label.var.id_length_limit",
          "status": "pass"
        }
      ]
    },
    {
      "object_kind": "var",
      "config_addr": "module.common_resources_staging.module.webapp.module.terraform_state_backend_webapp.var.label_key_case",
      "status": "pass",
      "objects": [
        {
          "object_addr": "module.common_resources_staging.module.webapp.module.terraform_state_backend_webapp.var.label_key_case",
          "status": "pass"
        }
      ]
    },
    {
      "object_kind": "var",
      "config_addr": "module.common_resources_staging.module.webapp.module.terraform_state_backend_webapp_eventcatalog.module.replication_label.var.label_value_case",
      "status": "pass",
      "objects": [
        {
          "object_addr": "module.common_resources_staging.module.webapp.module.terraform_state_backend_webapp_eventcatalog.module.replication_label.var.label_value_case",
          "status": "pass"
        }
      ]
    },
    {
      "object_kind": "var",
      "config_addr": "module.common_resources_staging.module.marketplace.module.terraform_state_backend_marketplace_shared.module.this.var.context",
      "status": "pass",
      "objects": [
        {
          "object_addr": "module.common_resources_staging.module.marketplace.module.terraform_state_backend_marketplace_shared.module.this.var.context",
          "status": "pass"
        }
      ]
    },
    {
      "object_kind": "var",
      "config_addr": "module.common_resources_staging.module.publicweb.module.terraform_state_backend_public_web.var.context",
      "status": "pass",
      "objects": [
        {
          "object_addr": "module.common_resources_staging.module.publicweb.module.terraform_state_backend_public_web.var.context",
          "status": "pass"
        }
      ]
    },
    {
      "object_kind": "var",
      "config_addr": "module.common_resources_staging.module.team.module.terraform_state_backend_team_shared.module.replication_label.var.label_value_case",
      "status": "pass",
      "objects": [
        {
          "object_addr": "module.common_resources_staging.module.team.module.terraform_state_backend_team_shared.module.replication_label.var.label_value_case",
          "status": "pass"
        }
      ]
    },
    {
      "object_kind": "var",
      "config_addr": "module.common_resources_staging.module.customer.module.terraform_state_backend_customer_shared.var.logging",
      "status": "pass",
      "objects": [
        {
          "object_addr": "module.common_resources_staging.module.customer.module.terraform_state_backend_customer_shared.var.logging",
          "status": "pass"
        }
      ]
    },
    {
      "object_kind": "var",
      "config_addr": "module.common_resources_staging.module.booking.module.terraform_state_backend_booking_shared.module.replication_label.var.id_length_limit",
      "status": "pass",
      "objects": [
        {
          "object_addr": "module.common_resources_staging.module.booking.module.terraform_state_backend_booking_shared.module.replication_label.var.id_length_limit",
          "status": "pass"
        }
      ]
    },
    {
      "object_kind": "var",
      "config_addr": "module.common_resources_staging.module.azure_oneoff.module.terraform_state_backend_azure_oneoff.module.replication_label.var.label_key_case",
      "status": "pass",
      "objects": [
        {
          "object_addr": "module.common_resources_staging.module.azure_oneoff.module.terraform_state_backend_azure_oneoff.module.replication_label.var.label_key_case",
          "status": "pass"
        }
      ]
    },
    {
      "object_kind": "var",
      "config_addr": "module.common_resources_staging.module.webapp.module.terraform_state_backend_webapp.var.context",
      "status": "pass",
      "objects": [
        {
          "object_addr": "module.common_resources_staging.module.webapp.module.terraform_state_backend_webapp.var.context",
          "status": "pass"
        }
      ]
    },
    {
      "object_kind": "var",
      "config_addr": "module.common_resources_staging.module.gcp_oneoff.module.terraform_state_backend_gcp_oneoff.module.replication_label.var.label_key_case",
      "status": "pass",
      "objects": [
        {
          "object_addr": "module.common_resources_staging.module.gcp_oneoff.module.terraform_state_backend_gcp_oneoff.module.replication_label.var.label_key_case",
          "status": "pass"
        }
      ]
    },
    {
      "object_kind": "var",
      "config_addr": "module.common_resources_staging.module.webapp_spaces.module.terraform_state_backend_webapp_spaces_help.var.context",
      "status": "pass",
      "objects": [
        {
          "object_addr": "module.common_resources_staging.module.webapp_spaces.module.terraform_state_backend_webapp_spaces_help.var.context",
          "status": "pass"
        }
      ]
    },
    {
      "object_kind": "var",
      "config_addr": "module.common_resources_staging.module.webapp.module.terraform_state_backend_webapp_shared.module.bucket_label.var.context",
      "status": "pass",
      "objects": [
        {
          "object_addr": "module.common_resources_staging.module.webapp.module.terraform_state_backend_webapp_shared.module.bucket_label.var.context",
          "status": "pass"
        }
      ]
    },
    {
      "object_kind": "var",
      "config_addr": "module.common_resources_staging.module.shared.module.terraform_state_backend_shared_azure_entra.var.id_length_limit",
      "status": "pass",
      "objects": [
        {
          "object_addr": "module.common_resources_staging.module.shared.module.terraform_state_backend_shared_azure_entra.var.id_length_limit",
          "status": "pass"
        }
      ]
    },
    {
      "object_kind": "var",
      "config_addr": "module.common_resources_staging.module.msteams.module.terraform_state_backend_msteams_shared.module.this.var.id_length_limit",
      "status": "pass",
      "objects": [
        {
          "object_addr": "module.common_resources_staging.module.msteams.module.terraform_state_backend_msteams_shared.module.this.var.id_length_limit",
          "status": "pass"
        }
      ]
    },
    {
      "object_kind": "var",
      "config_addr": "module.common_resources_staging.module.organization.module.terraform_state_backend_organization_shared.module.dynamodb_table_label.var.label_key_case",
      "status": "pass",
      "objects": [
        {
          "object_addr": "module.common_resources_staging.module.organization.module.terraform_state_backend_organization_shared.module.dynamodb_table_label.var.label_key_case",
          "status": "pass"
        }
      ]
    },
    {
      "object_kind": "var",
      "config_addr": "module.common_resources_staging.module.azure_oneoff.module.terraform_state_backend_azure_oneoff.var.logging",
      "status": "pass",
      "objects": [
        {
          "object_addr": "module.common_resources_staging.module.azure_oneoff.module.terraform_state_backend_azure_oneoff.var.logging",
          "status": "pass"
        }
      ]
    },
    {
      "object_kind": "var",
      "config_addr": "module.common_resources_staging.module.aws_oneoff.module.terraform_state_backend_aws_oneoff.module.replication_label.var.label_value_case",
      "status": "pass",
      "objects": [
        {
          "object_addr": "module.common_resources_staging.module.aws_oneoff.module.terraform_state_backend_aws_oneoff.module.replication_label.var.label_value_case",
          "status": "pass"
        }
      ]
    },
    {
      "object_kind": "var",
      "config_addr": "module.common_resources_staging.module.msteams.module.terraform_state_backend_msteams_shared.var.context",
      "status": "pass",
      "objects": [
        {
          "object_addr": "module.common_resources_staging.module.msteams.module.terraform_state_backend_msteams_shared.var.context",
          "status": "pass"
        }
      ]
    },
    {
      "object_kind": "var",
      "config_addr": "module.common_resources_staging.module.webapp_host.module.terraform_state_backend_webapp_host_help.module.replication_label.var.label_key_case",
      "status": "pass",
      "objects": [
        {
          "object_addr": "module.common_resources_staging.module.webapp_host.module.terraform_state_backend_webapp_host_help.module.replication_label.var.label_key_case",
          "status": "pass"
        }
      ]
    },
    {
      "object_kind": "var",
      "config_addr": "module.common_resources_staging.module.webapp.module.terraform_state_backend_webapp_shared.var.s3_bucket_name",
      "status": "pass",
      "objects": [
        {
          "object_addr": "module.common_resources_staging.module.webapp.module.terraform_state_backend_webapp_shared.var.s3_bucket_name",
          "status": "pass"
        }
      ]
    },
    {
      "object_kind": "var",
      "config_addr": "module.common_resources_staging.module.marketplace.module.terraform_state_backend_marketplace_shared.var.label_key_case",
      "status": "pass",
      "objects": [
        {
          "object_addr": "module.common_resources_staging.module.marketplace.module.terraform_state_backend_marketplace_shared.var.label_key_case",
          "status": "pass"
        }
      ]
    },
    {
      "object_kind": "var",
      "config_addr": "module.common_resources_staging.module.marketplace.module.terraform_state_backend_marketplace_shared.var.logging",
      "status": "pass",
      "objects": [
        {
          "object_addr": "module.common_resources_staging.module.marketplace.module.terraform_state_backend_marketplace_shared.var.logging",
          "status": "pass"
        }
      ]
    },
    {
      "object_kind": "var",
      "config_addr": "module.common_resources_staging.module.webapp.module.terraform_state_backend_webapp_shared.module.replication_label.var.label_value_case",
      "status": "pass",
      "objects": [
        {
          "object_addr": "module.common_resources_staging.module.webapp.module.terraform_state_backend_webapp_shared.module.replication_label.var.label_value_case",
          "status": "pass"
        }
      ]
    },
    {
      "object_kind": "var",
      "config_addr": "module.common_resources_staging.module.webapp_spaces.module.terraform_state_backend_webapp_spaces_help.module.dynamodb_table_label.var.id_length_limit",
      "status": "pass",
      "objects": [
        {
          "object_addr": "module.common_resources_staging.module.webapp_spaces.module.terraform_state_backend_webapp_spaces_help.module.dynamodb_table_label.var.id_length_limit",
          "status": "pass"
        }
      ]
    },
    {
      "object_kind": "var",
      "config_addr": "module.common_resources_staging.module.location.module.terraform_state_backend_location_shared.var.label_key_case",
      "status": "pass",
      "objects": [
        {
          "object_addr": "module.common_resources_staging.module.location.module.terraform_state_backend_location_shared.var.label_key_case",
          "status": "pass"
        }
      ]
    },
    {
      "object_kind": "var",
      "config_addr": "module.common_resources_staging.module.shared.module.terraform_state_backend_shared_azure_entra.module.replication_label.var.label_value_case",
      "status": "pass",
      "objects": [
        {
          "object_addr": "module.common_resources_staging.module.shared.module.terraform_state_backend_shared_azure_entra.module.replication_label.var.label_value_case",
          "status": "pass"
        }
      ]
    },
    {
      "object_kind": "var",
      "config_addr": "module.common_resources_staging.module.azure_oneoff.module.terraform_state_backend_azure_oneoff.module.dynamodb_table_label.var.label_key_case",
      "status": "pass",
      "objects": [
        {
          "object_addr": "module.common_resources_staging.module.azure_oneoff.module.terraform_state_backend_azure_oneoff.module.dynamodb_table_label.var.label_key_case",
          "status": "pass"
        }
      ]
    },
    {
      "object_kind": "var",
      "config_addr": "module.common_resources_staging.module.location.module.terraform_state_backend_location_shared.module.dynamodb_table_label.var.context",
      "status": "pass",
      "objects": [
        {
          "object_addr": "module.common_resources_staging.module.location.module.terraform_state_backend_location_shared.module.dynamodb_table_label.var.context",
          "status": "pass"
        }
      ]
    },
    {
      "object_kind": "var",
      "config_addr": "module.common_resources_staging.module.slack.module.terraform_state_backend_slack_shared.module.dynamodb_table_label.var.id_length_limit",
      "status": "pass",
      "objects": [
        {
          "object_addr": "module.common_resources_staging.module.slack.module.terraform_state_backend_slack_shared.module.dynamodb_table_label.var.id_length_limit",
          "status": "pass"
        }
      ]
    },
    {
      "object_kind": "var",
      "config_addr": "module.common_resources_staging.module.webapp_host.module.terraform_state_backend_webapp_host_help.var.label_key_case",
      "status": "pass",
      "objects": [
        {
          "object_addr": "module.common_resources_staging.module.webapp_host.module.terraform_state_backend_webapp_host_help.var.label_key_case",
          "status": "pass"
        }
      ]
    },
    {
      "object_kind": "var",
      "config_addr": "module.common_resources_staging.module.webapp.module.terraform_state_backend_webapp_eventcatalog.module.bucket_label.var.context",
      "status": "pass",
      "objects": [
        {
          "object_addr": "module.common_resources_staging.module.webapp.module.terraform_state_backend_webapp_eventcatalog.module.bucket_label.var.context",
          "status": "pass"
        }
      ]
    },
    {
      "object_kind": "var",
      "config_addr": "module.common_resources_staging.module.marketplace.module.terraform_state_backend_marketplace_shared.var.context",
      "status": "pass",
      "objects": [
        {
          "object_addr": "module.common_resources_staging.module.marketplace.module.terraform_state_backend_marketplace_shared.var.context",
          "status": "pass"
        }
      ]
    },
    {
      "object_kind": "var",
      "config_addr": "module.common_resources_staging.module.customer.module.terraform_state_backend_customer_shared.module.replication_label.var.context",
      "status": "pass",
      "objects": [
        {
          "object_addr": "module.common_resources_staging.module.customer.module.terraform_state_backend_customer_shared.module.replication_label.var.context",
          "status": "pass"
        }
      ]
    },
    {
      "object_kind": "var",
      "config_addr": "module.common_resources_staging.module.msteams.module.terraform_state_backend_msteams_shared.module.replication_label.var.label_key_case",
      "status": "pass",
      "objects": [
        {
          "object_addr": "module.common_resources_staging.module.msteams.module.terraform_state_backend_msteams_shared.module.replication_label.var.label_key_case",
          "status": "pass"
        }
      ]
    },
    {
      "object_kind": "var",
      "config_addr": "module.common_resources_staging.module.customer.module.terraform_state_backend_customer_shared.module.bucket_label.var.id_length_limit",
      "status": "pass",
      "objects": [
        {
          "object_addr": "module.common_resources_staging.module.customer.module.terraform_state_backend_customer_shared.module.bucket_label.var.id_length_limit",
          "status": "pass"
        }
      ]
    },
    {
      "object_kind": "var",
      "config_addr": "module.common_resources_staging.module.webapp_host.module.terraform_state_backend_webapp_host_help.var.id_length_limit",
      "status": "pass",
      "objects": [
        {
          "object_addr": "module.common_resources_staging.module.webapp_host.module.terraform_state_backend_webapp_host_help.var.id_length_limit",
          "status": "pass"
        }
      ]
    },
    {
      "object_kind": "var",
      "config_addr": "module.common_resources_staging.module.gcp_oneoff.module.terraform_state_backend_gcp_oneoff.module.this.var.id_length_limit",
      "status": "pass",
      "objects": [
        {
          "object_addr": "module.common_resources_staging.module.gcp_oneoff.module.terraform_state_backend_gcp_oneoff.module.this.var.id_length_limit",
          "status": "pass"
        }
      ]
    },
    {
      "object_kind": "var",
      "config_addr": "module.common_resources_staging.module.publicweb.module.terraform_state_backend_public_web.var.label_value_case",
      "status": "pass",
      "objects": [
        {
          "object_addr": "module.common_resources_staging.module.publicweb.module.terraform_state_backend_public_web.var.label_value_case",
          "status": "pass"
        }
      ]
    },
    {
      "object_kind": "var",
      "config_addr": "module.common_resources_staging.module.webapp_spaces.module.terraform_state_backend_webapp_spaces_help.module.replication_label.var.context",
      "status": "pass",
      "objects": [
        {
          "object_addr": "module.common_resources_staging.module.webapp_spaces.module.terraform_state_backend_webapp_spaces_help.module.replication_label.var.context",
          "status": "pass"
        }
      ]
    },
    {
      "object_kind": "var",
      "config_addr": "module.common_resources_staging.module.publicweb.module.terraform_state_backend_public_web.module.dynamodb_table_label.var.context",
      "status": "pass",
      "objects": [
        {
          "object_addr": "module.common_resources_staging.module.publicweb.module.terraform_state_backend_public_web.module.dynamodb_table_label.var.context",
          "status": "pass"
        }
      ]
    },
    {
      "object_kind": "var",
      "config_addr": "module.common_resources_staging.module.organization.module.terraform_state_backend_organization_shared.var.label_key_case",
      "status": "pass",
      "objects": [
        {
          "object_addr": "module.common_resources_staging.module.organization.module.terraform_state_backend_organization_shared.var.label_key_case",
          "status": "pass"
        }
      ]
    },
    {
      "object_kind": "var",
      "config_addr": "module.common_resources_staging.module.team.module.terraform_state_backend_team_shared.module.this.var.id_length_limit",
      "status": "pass",
      "objects": [
        {
          "object_addr": "module.common_resources_staging.module.team.module.terraform_state_backend_team_shared.module.this.var.id_length_limit",
          "status": "pass"
        }
      ]
    },
    {
      "object_kind": "var",
      "config_addr": "module.common_resources_staging.module.webapp.module.terraform_state_backend_webapp.module.this.var.label_key_case",
      "status": "pass",
      "objects": [
        {
          "object_addr": "module.common_resources_staging.module.webapp.module.terraform_state_backend_webapp.module.this.var.label_key_case",
          "status": "pass"
        }
      ]
    },
    {
      "object_kind": "var",
      "config_addr": "module.common_resources_staging.module.core.module.terraform_state_backend_core_shared.module.bucket_label.var.label_value_case",
      "status": "pass",
      "objects": [
        {
          "object_addr": "module.common_resources_staging.module.core.module.terraform_state_backend_core_shared.module.bucket_label.var.label_value_case",
          "status": "pass"
        }
      ]
    },
    {
      "object_kind": "var",
      "config_addr": "module.common_resources_staging.module.webapp_spaces.module.terraform_state_backend_webapp_spaces_help.var.label_value_case",
      "status": "pass",
      "objects": [
        {
          "object_addr": "module.common_resources_staging.module.webapp_spaces.module.terraform_state_backend_webapp_spaces_help.var.label_value_case",
          "status": "pass"
        }
      ]
    },
    {
      "object_kind": "var",
      "config_addr": "module.common_resources_staging.module.webapp_teams.module.terraform_state_backend_webapp_teams.var.context",
      "status": "pass",
      "objects": [
        {
          "object_addr": "module.common_resources_staging.module.webapp_teams.module.terraform_state_backend_webapp_teams.var.context",
          "status": "pass"
        }
      ]
    },
    {
      "object_kind": "var",
      "config_addr": "module.common_resources_staging.module.azure_oneoff.module.terraform_state_backend_azure_oneoff.module.this.var.id_length_limit",
      "status": "pass",
      "objects": [
        {
          "object_addr": "module.common_resources_staging.module.azure_oneoff.module.terraform_state_backend_azure_oneoff.module.this.var.id_length_limit",
          "status": "pass"
        }
      ]
    },
    {
      "object_kind": "var",
      "config_addr": "module.common_resources_staging.module.booking.module.terraform_state_backend_booking_shared.module.bucket_label.var.label_value_case",
      "status": "pass",
      "objects": [
        {
          "object_addr": "module.common_resources_staging.module.booking.module.terraform_state_backend_booking_shared.module.bucket_label.var.label_value_case",
          "status": "pass"
        }
      ]
    },
    {
      "object_kind": "var",
      "config_addr": "module.common_resources_staging.module.webapp_host.module.terraform_state_backend_webapp_host.module.this.var.context",
      "status": "pass",
      "objects": [
        {
          "object_addr": "module.common_resources_staging.module.webapp_host.module.terraform_state_backend_webapp_host.module.this.var.context",
          "status": "pass"
        }
      ]
    },
    {
      "object_kind": "var",
      "config_addr": "module.common_resources_staging.module.shared.module.terraform_state_backend_shared_azure_entra.var.logging",
      "status": "pass",
      "objects": [
        {
          "object_addr": "module.common_resources_staging.module.shared.module.terraform_state_backend_shared_azure_entra.var.logging",
          "status": "pass"
        }
      ]
    },
    {
      "object_kind": "var",
      "config_addr": "module.common_resources_staging.module.organization.module.terraform_state_backend_organization_shared.module.this.var.label_key_case",
      "status": "pass",
      "objects": [
        {
          "object_addr": "module.common_resources_staging.module.organization.module.terraform_state_backend_organization_shared.module.this.var.label_key_case",
          "status": "pass"
        }
      ]
    },
    {
      "object_kind": "var",
      "config_addr": "module.common_resources_staging.module.webapp_teams.module.terraform_state_backend_webapp_teams.module.dynamodb_table_label.var.label_value_case",
      "status": "pass",
      "objects": [
        {
          "object_addr": "module.common_resources_staging.module.webapp_teams.module.terraform_state_backend_webapp_teams.module.dynamodb_table_label.var.label_value_case",
          "status": "pass"
        }
      ]
    },
    {
      "object_kind": "var",
      "config_addr": "module.common_resources_staging.module.core.module.terraform_state_backend_core_shared.module.bucket_label.var.id_length_limit",
      "status": "pass",
      "objects": [
        {
          "object_addr": "module.common_resources_staging.module.core.module.terraform_state_backend_core_shared.module.bucket_label.var.id_length_limit",
          "status": "pass"
        }
      ]
    },
    {
      "object_kind": "var",
      "config_addr": "module.common_resources_staging.module.location.module.terraform_state_backend_location_shared.module.replication_label.var.label_value_case",
      "status": "pass",
      "objects": [
        {
          "object_addr": "module.common_resources_staging.module.location.module.terraform_state_backend_location_shared.module.replication_label.var.label_value_case",
          "status": "pass"
        }
      ]
    },
    {
      "object_kind": "var",
      "config_addr": "module.common_resources_staging.module.webapp_spaces.module.terraform_state_backend_webapp_spaces.module.dynamodb_table_label.var.id_length_limit",
      "status": "pass",
      "objects": [
        {
          "object_addr": "module.common_resources_staging.module.webapp_spaces.module.terraform_state_backend_webapp_spaces.module.dynamodb_table_label.var.id_length_limit",
          "status": "pass"
        }
      ]
    },
    {
      "object_kind": "var",
      "config_addr": "module.common_resources_staging.module.gcp_oneoff.module.terraform_state_backend_gcp_oneoff.var.context",
      "status": "pass",
      "objects": [
        {
          "object_addr": "module.common_resources_staging.module.gcp_oneoff.module.terraform_state_backend_gcp_oneoff.var.context",
          "status": "pass"
        }
      ]
    },
    {
      "object_kind": "var",
      "config_addr": "module.common_resources_staging.module.webapp_spaces.module.terraform_state_backend_webapp_spaces_help.module.dynamodb_table_label.var.context",
      "status": "pass",
      "objects": [
        {
          "object_addr": "module.common_resources_staging.module.webapp_spaces.module.terraform_state_backend_webapp_spaces_help.module.dynamodb_table_label.var.context",
          "status": "pass"
        }
      ]
    },
    {
      "object_kind": "var",
      "config_addr": "module.common_resources_staging.module.shared.module.terraform_state_backend_shared.module.this.var.context",
      "status": "pass",
      "objects": [
        {
          "object_addr": "module.common_resources_staging.module.shared.module.terraform_state_backend_shared.module.this.var.context",
          "status": "pass"
        }
      ]
    },
    {
      "object_kind": "var",
      "config_addr": "module.common_resources_staging.module.location.module.terraform_state_backend_location_shared.module.this.var.context",
      "status": "pass",
      "objects": [
        {
          "object_addr": "module.common_resources_staging.module.location.module.terraform_state_backend_location_shared.module.this.var.context",
          "status": "pass"
        }
      ]
    },
    {
      "object_kind": "var",
      "config_addr": "module.common_resources_staging.module.marketplace.module.terraform_state_backend_marketplace_shared.module.bucket_label.var.id_length_limit",
      "status": "pass",
      "objects": [
        {
          "object_addr": "module.common_resources_staging.module.marketplace.module.terraform_state_backend_marketplace_shared.module.bucket_label.var.id_length_limit",
          "status": "pass"
        }
      ]
    },
    {
      "object_kind": "var",
      "config_addr": "module.common_resources_staging.module.webapp_teams.module.terraform_state_backend_webapp_teams_help.module.dynamodb_table_label.var.context",
      "status": "pass",
      "objects": [
        {
          "object_addr": "module.common_resources_staging.module.webapp_teams.module.terraform_state_backend_webapp_teams_help.module.dynamodb_table_label.var.context",
          "status": "pass"
        }
      ]
    },
    {
      "object_kind": "var",
      "config_addr": "module.common_resources_staging.module.location.module.terraform_state_backend_location_shared.var.id_length_limit",
      "status": "pass",
      "objects": [
        {
          "object_addr": "module.common_resources_staging.module.location.module.terraform_state_backend_location_shared.var.id_length_limit",
          "status": "pass"
        }
      ]
    },
    {
      "object_kind": "var",
      "config_addr": "module.common_resources_staging.module.webapp_host.module.terraform_state_backend_webapp_host_help.module.replication_label.var.context",
      "status": "pass",
      "objects": [
        {
          "object_addr": "module.common_resources_staging.module.webapp_host.module.terraform_state_backend_webapp_host_help.module.replication_label.var.context",
          "status": "pass"
        }
      ]
    },
    {
      "object_kind": "var",
      "config_addr": "module.common_resources_staging.module.webapp.module.terraform_state_backend_webapp_eventcatalog.var.context",
      "status": "pass",
      "objects": [
        {
          "object_addr": "module.common_resources_staging.module.webapp.module.terraform_state_backend_webapp_eventcatalog.var.context",
          "status": "pass"
        }
      ]
    },
    {
      "object_kind": "var",
      "config_addr": "module.common_resources_staging.module.shared.module.terraform_state_backend_shared.var.label_value_case",
      "status": "pass",
      "objects": [
        {
          "object_addr": "module.common_resources_staging.module.shared.module.terraform_state_backend_shared.var.label_value_case",
          "status": "pass"
        }
      ]
    },
    {
      "object_kind": "var",
      "config_addr": "module.common_resources_staging.module.team.module.terraform_state_backend_team_shared.module.replication_label.var.id_length_limit",
      "status": "pass",
      "objects": [
        {
          "object_addr": "module.common_resources_staging.module.team.module.terraform_state_backend_team_shared.module.replication_label.var.id_length_limit",
          "status": "pass"
        }
      ]
    },
    {
      "object_kind": "var",
      "config_addr": "module.common_resources_staging.module.gcp_oneoff.module.terraform_state_backend_gcp_oneoff.module.dynamodb_table_label.var.id_length_limit",
      "status": "pass",
      "objects": [
        {
          "object_addr": "module.common_resources_staging.module.gcp_oneoff.module.terraform_state_backend_gcp_oneoff.module.dynamodb_table_label.var.id_length_limit",
          "status": "pass"
        }
      ]
    },
    {
      "object_kind": "var",
      "config_addr": "module.common_resources_staging.module.webapp_teams.module.terraform_state_backend_webapp_teams.var.label_value_case",
      "status": "pass",
      "objects": [
        {
          "object_addr": "module.common_resources_staging.module.webapp_teams.module.terraform_state_backend_webapp_teams.var.label_value_case",
          "status": "pass"
        }
      ]
    },
    {
      "object_kind": "var",
      "config_addr": "module.common_resources_staging.module.gcp_oneoff.module.terraform_state_backend_gcp_oneoff.module.bucket_label.var.label_value_case",
      "status": "pass",
      "objects": [
        {
          "object_addr": "module.common_resources_staging.module.gcp_oneoff.module.terraform_state_backend_gcp_oneoff.module.bucket_label.var.label_value_case",
          "status": "pass"
        }
      ]
    },
    {
      "object_kind": "var",
      "config_addr": "module.common_resources_staging.module.marketplace.module.terraform_state_backend_marketplace_shared.var.s3_bucket_name",
      "status": "pass",
      "objects": [
        {
          "object_addr": "module.common_resources_staging.module.marketplace.module.terraform_state_backend_marketplace_shared.var.s3_bucket_name",
          "status": "pass"
        }
      ]
    },
    {
      "object_kind": "var",
      "config_addr": "module.common_resources_staging.module.webapp_teams.module.terraform_state_backend_webapp_teams_help.module.dynamodb_table_label.var.id_length_limit",
      "status": "pass",
      "objects": [
        {
          "object_addr": "module.common_resources_staging.module.webapp_teams.module.terraform_state_backend_webapp_teams_help.module.dynamodb_table_label.var.id_length_limit",
          "status": "pass"
        }
      ]
    },
    {
      "object_kind": "var",
      "config_addr": "module.common_resources_staging.module.gcp_oneoff.module.terraform_state_backend_gcp_oneoff.var.label_value_case",
      "status": "pass",
      "objects": [
        {
          "object_addr": "module.common_resources_staging.module.gcp_oneoff.module.terraform_state_backend_gcp_oneoff.var.label_value_case",
          "status": "pass"
        }
      ]
    },
    {
      "object_kind": "var",
      "config_addr": "module.common_resources_staging.module.webapp.module.terraform_state_backend_webapp_eventcatalog.module.bucket_label.var.label_key_case",
      "status": "pass",
      "objects": [
        {
          "object_addr": "module.common_resources_staging.module.webapp.module.terraform_state_backend_webapp_eventcatalog.module.bucket_label.var.label_key_case",
          "status": "pass"
        }
      ]
    },
    {
      "object_kind": "var",
      "config_addr": "module.common_resources_staging.module.webapp_spaces.module.terraform_state_backend_webapp_spaces_help.module.replication_label.var.label_value_case",
      "status": "pass",
      "objects": [
        {
          "object_addr": "module.common_resources_staging.module.webapp_spaces.module.terraform_state_backend_webapp_spaces_help.module.replication_label.var.label_value_case",
          "status": "pass"
        }
      ]
    },
    {
      "object_kind": "var",
      "config_addr": "module.common_resources_staging.module.webapp_host.module.terraform_state_backend_webapp_host.module.bucket_label.var.label_key_case",
      "status": "pass",
      "objects": [
        {
          "object_addr": "module.common_resources_staging.module.webapp_host.module.terraform_state_backend_webapp_host.module.bucket_label.var.label_key_case",
          "status": "pass"
        }
      ]
    },
    {
      "object_kind": "var",
      "config_addr": "module.common_resources_staging.module.location.module.terraform_state_backend_location_shared.module.this.var.label_value_case",
      "status": "pass",
      "objects": [
        {
          "object_addr": "module.common_resources_staging.module.location.module.terraform_state_backend_location_shared.module.this.var.label_value_case",
          "status": "pass"
        }
      ]
    },
    {
      "object_kind": "var",
      "config_addr": "module.common_resources_staging.module.azure_oneoff.module.terraform_state_backend_azure_oneoff.module.this.var.label_key_case",
      "status": "pass",
      "objects": [
        {
          "object_addr": "module.common_resources_staging.module.azure_oneoff.module.terraform_state_backend_azure_oneoff.module.this.var.label_key_case",
          "status": "pass"
        }
      ]
    },
    {
      "object_kind": "var",
      "config_addr": "module.common_resources_staging.module.location.module.terraform_state_backend_location_shared.var.s3_bucket_name",
      "status": "pass",
      "objects": [
        {
          "object_addr": "module.common_resources_staging.module.location.module.terraform_state_backend_location_shared.var.s3_bucket_name",
          "status": "pass"
        }
      ]
    },
    {
      "object_kind": "var",
      "config_addr": "module.common_resources_staging.module.webapp_spaces.module.terraform_state_backend_webapp_spaces.module.dynamodb_table_label.var.label_key_case",
      "status": "pass",
      "objects": [
        {
          "object_addr": "module.common_resources_staging.module.webapp_spaces.module.terraform_state_backend_webapp_spaces.module.dynamodb_table_label.var.label_key_case",
          "status": "pass"
        }
      ]
    },
    {
      "object_kind": "var",
      "config_addr": "module.common_resources_staging.module.azure_oneoff.module.terraform_state_backend_azure_oneoff.module.this.var.label_value_case",
      "status": "pass",
      "objects": [
        {
          "object_addr": "module.common_resources_staging.module.azure_oneoff.module.terraform_state_backend_azure_oneoff.module.this.var.label_value_case",
          "status": "pass"
        }
      ]
    },
    {
      "object_kind": "var",
      "config_addr": "module.common_resources_staging.module.core.module.terraform_state_backend_core_shared.module.replication_label.var.context",
      "status": "pass",
      "objects": [
        {
          "object_addr": "module.common_resources_staging.module.core.module.terraform_state_backend_core_shared.module.replication_label.var.context",
          "status": "pass"
        }
      ]
    },
    {
      "object_kind": "var",
      "config_addr": "module.common_resources_staging.module.organization.module.terraform_state_backend_organization_shared.module.dynamodb_table_label.var.id_length_limit",
      "status": "pass",
      "objects": [
        {
          "object_addr": "module.common_resources_staging.module.organization.module.terraform_state_backend_organization_shared.module.dynamodb_table_label.var.id_length_limit",
          "status": "pass"
        }
      ]
    },
    {
      "object_kind": "var",
      "config_addr": "module.common_resources_staging.module.webapp.module.terraform_state_backend_webapp_shared.module.bucket_label.var.label_key_case",
      "status": "pass",
      "objects": [
        {
          "object_addr": "module.common_resources_staging.module.webapp.module.terraform_state_backend_webapp_shared.module.bucket_label.var.label_key_case",
          "status": "pass"
        }
      ]
    },
    {
      "object_kind": "var",
      "config_addr": "module.common_resources_staging.module.organization.module.terraform_state_backend_organization_shared.module.bucket_label.var.label_key_case",
      "status": "pass",
      "objects": [
        {
          "object_addr": "module.common_resources_staging.module.organization.module.terraform_state_backend_organization_shared.module.bucket_label.var.label_key_case",
          "status": "pass"
        }
      ]
    },
    {
      "object_kind": "var",
      "config_addr": "module.common_resources_staging.module.webapp_teams.module.terraform_state_backend_webapp_teams_help.module.replication_label.var.id_length_limit",
      "status": "pass",
      "objects": [
        {
          "object_addr": "module.common_resources_staging.module.webapp_teams.module.terraform_state_backend_webapp_teams_help.module.replication_label.var.id_length_limit",
          "status": "pass"
        }
      ]
    },
    {
      "object_kind": "var",
      "config_addr": "module.common_resources_staging.module.webapp_spaces.module.terraform_state_backend_webapp_spaces_help.module.bucket_label.var.id_length_limit",
      "status": "pass",
      "objects": [
        {
          "object_addr": "module.common_resources_staging.module.webapp_spaces.module.terraform_state_backend_webapp_spaces_help.module.bucket_label.var.id_length_limit",
          "status": "pass"
        }
      ]
    },
    {
      "object_kind": "var",
      "config_addr": "module.common_resources_staging.module.webapp.module.terraform_state_backend_webapp_help.var.label_key_case",
      "status": "pass",
      "objects": [
        {
          "object_addr": "module.common_resources_staging.module.webapp.module.terraform_state_backend_webapp_help.var.label_key_case",
          "status": "pass"
        }
      ]
    },
    {
      "object_kind": "var",
      "config_addr": "module.common_resources_staging.module.webapp_spaces.module.terraform_state_backend_webapp_spaces.var.label_value_case",
      "status": "pass",
      "objects": [
        {
          "object_addr": "module.common_resources_staging.module.webapp_spaces.module.terraform_state_backend_webapp_spaces.var.label_value_case",
          "status": "pass"
        }
      ]
    },
    {
      "object_kind": "var",
      "config_addr": "module.common_resources_staging.module.msteams.module.terraform_state_backend_msteams_shared.module.dynamodb_table_label.var.id_length_limit",
      "status": "pass",
      "objects": [
        {
          "object_addr": "module.common_resources_staging.module.msteams.module.terraform_state_backend_msteams_shared.module.dynamodb_table_label.var.id_length_limit",
          "status": "pass"
        }
      ]
    },
    {
      "object_kind": "var",
      "config_addr": "module.common_resources_staging.module.webapp_spaces.module.terraform_state_backend_webapp_spaces.module.replication_label.var.label_key_case",
      "status": "pass",
      "objects": [
        {
          "object_addr": "module.common_resources_staging.module.webapp_spaces.module.terraform_state_backend_webapp_spaces.module.replication_label.var.label_key_case",
          "status": "pass"
        }
      ]
    },
    {
      "object_kind": "var",
      "config_addr": "module.common_resources_staging.module.aws_oneoff.module.terraform_state_backend_aws_oneoff.module.replication_label.var.label_key_case",
      "status": "pass",
      "objects": [
        {
          "object_addr": "module.common_resources_staging.module.aws_oneoff.module.terraform_state_backend_aws_oneoff.module.replication_label.var.label_key_case",
          "status": "pass"
        }
      ]
    },
    {
      "object_kind": "var",
      "config_addr": "module.common_resources_staging.module.aws_oneoff.module.terraform_state_backend_aws_oneoff.var.s3_bucket_name",
      "status": "pass",
      "objects": [
        {
          "object_addr": "module.common_resources_staging.module.aws_oneoff.module.terraform_state_backend_aws_oneoff.var.s3_bucket_name",
          "status": "pass"
        }
      ]
    },
    {
      "object_kind": "var",
      "config_addr": "module.common_resources_staging.module.webapp.module.terraform_state_backend_webapp.module.dynamodb_table_label.var.label_value_case",
      "status": "pass",
      "objects": [
        {
          "object_addr": "module.common_resources_staging.module.webapp.module.terraform_state_backend_webapp.module.dynamodb_table_label.var.label_value_case",
          "status": "pass"
        }
      ]
    },
    {
      "object_kind": "var",
      "config_addr": "module.common_resources_staging.module.webapp_teams.module.terraform_state_backend_webapp_teams.var.logging",
      "status": "pass",
      "objects": [
        {
          "object_addr": "module.common_resources_staging.module.webapp_teams.module.terraform_state_backend_webapp_teams.var.logging",
          "status": "pass"
        }
      ]
    },
    {
      "object_kind": "var",
      "config_addr": "module.common_resources_staging.module.team.module.terraform_state_backend_team_shared.var.context",
      "status": "pass",
      "objects": [
        {
          "object_addr": "module.common_resources_staging.module.team.module.terraform_state_backend_team_shared.var.context",
          "status": "pass"
        }
      ]
    },
    {
      "object_kind": "var",
      "config_addr": "module.common_resources_staging.module.organization.module.terraform_state_backend_organization_shared.module.this.var.context",
      "status": "pass",
      "objects": [
        {
          "object_addr": "module.common_resources_staging.module.organization.module.terraform_state_backend_organization_shared.module.this.var.context",
          "status": "pass"
        }
      ]
    },
    {
      "object_kind": "var",
      "config_addr": "module.common_resources_staging.module.location.module.terraform_state_backend_location_shared.module.replication_label.var.id_length_limit",
      "status": "pass",
      "objects": [
        {
          "object_addr": "module.common_resources_staging.module.location.module.terraform_state_backend_location_shared.module.replication_label.var.id_length_limit",
          "status": "pass"
        }
      ]
    },
    {
      "object_kind": "var",
      "config_addr": "module.common_resources_staging.module.marketplace.module.terraform_state_backend_marketplace_shared.module.dynamodb_table_label.var.label_key_case",
      "status": "pass",
      "objects": [
        {
          "object_addr": "module.common_resources_staging.module.marketplace.module.terraform_state_backend_marketplace_shared.module.dynamodb_table_label.var.label_key_case",
          "status": "pass"
        }
      ]
    },
    {
      "object_kind": "var",
      "config_addr": "module.common_resources_staging.module.webapp.module.terraform_state_backend_webapp_help.module.this.var.label_value_case",
      "status": "pass",
      "objects": [
        {
          "object_addr": "module.common_resources_staging.module.webapp.module.terraform_state_backend_webapp_help.module.this.var.label_value_case",
          "status": "pass"
        }
      ]
    },
    {
      "object_kind": "var",
      "config_addr": "module.common_resources_staging.module.webapp_spaces.module.terraform_state_backend_webapp_spaces_help.module.this.var.label_value_case",
      "status": "pass",
      "objects": [
        {
          "object_addr": "module.common_resources_staging.module.webapp_spaces.module.terraform_state_backend_webapp_spaces_help.module.this.var.label_value_case",
          "status": "pass"
        }
      ]
    },
    {
      "object_kind": "var",
      "config_addr": "module.common_resources_staging.module.msteams.module.terraform_state_backend_msteams_shared.module.bucket_label.var.label_key_case",
      "status": "pass",
      "objects": [
        {
          "object_addr": "module.common_resources_staging.module.msteams.module.terraform_state_backend_msteams_shared.module.bucket_label.var.label_key_case",
          "status": "pass"
        }
      ]
    },
    {
      "object_kind": "var",
      "config_addr": "module.common_resources_staging.module.shared.module.terraform_state_backend_shared_azure_entra.module.replication_label.var.id_length_limit",
      "status": "pass",
      "objects": [
        {
          "object_addr": "module.common_resources_staging.module.shared.module.terraform_state_backend_shared_azure_entra.module.replication_label.var.id_length_limit",
          "status": "pass"
        }
      ]
    },
    {
      "object_kind": "var",
      "config_addr": "module.common_resources_staging.module.webapp_host.module.terraform_state_backend_webapp_host_help.module.bucket_label.var.label_value_case",
      "status": "pass",
      "objects": [
        {
          "object_addr": "module.common_resources_staging.module.webapp_host.module.terraform_state_backend_webapp_host_help.module.bucket_label.var.label_value_case",
          "status": "pass"
        }
      ]
    },
    {
      "object_kind": "var",
      "config_addr": "module.common_resources_staging.module.webapp_spaces.module.terraform_state_backend_webapp_spaces.module.this.var.label_value_case",
      "status": "pass",
      "objects": [
        {
          "object_addr": "module.common_resources_staging.module.webapp_spaces.module.terraform_state_backend_webapp_spaces.module.this.var.label_value_case",
          "status": "pass"
        }
      ]
    },
    {
      "object_kind": "var",
      "config_addr": "module.common_resources_staging.module.aws_oneoff.module.terraform_state_backend_aws_oneoff.module.dynamodb_table_label.var.id_length_limit",
      "status": "pass",
      "objects": [
        {
          "object_addr": "module.common_resources_staging.module.aws_oneoff.module.terraform_state_backend_aws_oneoff.module.dynamodb_table_label.var.id_length_limit",
          "status": "pass"
        }
      ]
    },
    {
      "object_kind": "var",
      "config_addr": "module.common_resources_staging.module.location.module.terraform_state_backend_location_shared.module.replication_label.var.label_key_case",
      "status": "pass",
      "objects": [
        {
          "object_addr": "module.common_resources_staging.module.location.module.terraform_state_backend_location_shared.module.replication_label.var.label_key_case",
          "status": "pass"
        }
      ]
    },
    {
      "object_kind": "var",
      "config_addr": "module.common_resources_staging.module.booking.module.terraform_state_backend_booking_shared.module.dynamodb_table_label.var.context",
      "status": "pass",
      "objects": [
        {
          "object_addr": "module.common_resources_staging.module.booking.module.terraform_state_backend_booking_shared.module.dynamodb_table_label.var.context",
          "status": "pass"
        }
      ]
    },
    {
      "object_kind": "var",
      "config_addr": "module.common_resources_staging.module.webapp.module.terraform_state_backend_webapp_help.module.dynamodb_table_label.var.id_length_limit",
      "status": "pass",
      "objects": [
        {
          "object_addr": "module.common_resources_staging.module.webapp.module.terraform_state_backend_webapp_help.module.dynamodb_table_label.var.id_length_limit",
          "status": "pass"
        }
      ]
    },
    {
      "object_kind": "var",
      "config_addr": "module.common_resources_staging.module.webapp_spaces.module.terraform_state_backend_webapp_spaces.module.replication_label.var.label_value_case",
      "status": "pass",
      "objects": [
        {
          "object_addr": "module.common_resources_staging.module.webapp_spaces.module.terraform_state_backend_webapp_spaces.module.replication_label.var.label_value_case",
          "status": "pass"
        }
      ]
    },
    {
      "object_kind": "var",
      "config_addr": "module.common_resources_staging.module.customer.module.terraform_state_backend_customer_shared.module.dynamodb_table_label.var.id_length_limit",
      "status": "pass",
      "objects": [
        {
          "object_addr": "module.common_resources_staging.module.customer.module.terraform_state_backend_customer_shared.module.dynamodb_table_label.var.id_length_limit",
          "status": "pass"
        }
      ]
    },
    {
      "object_kind": "var",
      "config_addr": "module.common_resources_staging.module.webapp_teams.module.terraform_state_backend_webapp_teams.module.replication_label.var.label_key_case",
      "status": "pass",
      "objects": [
        {
          "object_addr": "module.common_resources_staging.module.webapp_teams.module.terraform_state_backend_webapp_teams.module.replication_label.var.label_key_case",
          "status": "pass"
        }
      ]
    },
    {
      "object_kind": "var",
      "config_addr": "module.common_resources_staging.module.webapp_host.module.terraform_state_backend_webapp_host.module.this.var.label_key_case",
      "status": "pass",
      "objects": [
        {
          "object_addr": "module.common_resources_staging.module.webapp_host.module.terraform_state_backend_webapp_host.module.this.var.label_key_case",
          "status": "pass"
        }
      ]
    },
    {
      "object_kind": "var",
      "config_addr": "module.common_resources_staging.module.gcp_oneoff.module.terraform_state_backend_gcp_oneoff.module.bucket_label.var.context",
      "status": "pass",
      "objects": [
        {
          "object_addr": "module.common_resources_staging.module.gcp_oneoff.module.terraform_state_backend_gcp_oneoff.module.bucket_label.var.context",
          "status": "pass"
        }
      ]
    },
    {
      "object_kind": "var",
      "config_addr": "module.common_resources_staging.module.webapp_teams.module.terraform_state_backend_webapp_teams.module.replication_label.var.label_value_case",
      "status": "pass",
      "objects": [
        {
          "object_addr": "module.common_resources_staging.module.webapp_teams.module.terraform_state_backend_webapp_teams.module.replication_label.var.label_value_case",
          "status": "pass"
        }
      ]
    },
    {
      "object_kind": "var",
      "config_addr": "module.common_resources_staging.module.webapp.module.terraform_state_backend_webapp_shared.module.replication_label.var.context",
      "status": "pass",
      "objects": [
        {
          "object_addr": "module.common_resources_staging.module.webapp.module.terraform_state_backend_webapp_shared.module.replication_label.var.context",
          "status": "pass"
        }
      ]
    },
    {
      "object_kind": "var",
      "config_addr": "module.common_resources_staging.module.webapp.module.terraform_state_backend_webapp_shared.var.logging",
      "status": "pass",
      "objects": [
        {
          "object_addr": "module.common_resources_staging.module.webapp.module.terraform_state_backend_webapp_shared.var.logging",
          "status": "pass"
        }
      ]
    },
    {
      "object_kind": "var",
      "config_addr": "module.common_resources_staging.module.webapp.module.terraform_state_backend_webapp_eventcatalog.module.bucket_label.var.id_length_limit",
      "status": "pass",
      "objects": [
        {
          "object_addr": "module.common_resources_staging.module.webapp.module.terraform_state_backend_webapp_eventcatalog.module.bucket_label.var.id_length_limit",
          "status": "pass"
        }
      ]
    },
    {
      "object_kind": "var",
      "config_addr": "module.common_resources_staging.module.gcp_oneoff.module.terraform_state_backend_gcp_oneoff.module.this.var.label_value_case",
      "status": "pass",
      "objects": [
        {
          "object_addr": "module.common_resources_staging.module.gcp_oneoff.module.terraform_state_backend_gcp_oneoff.module.this.var.label_value_case",
          "status": "pass"
        }
      ]
    },
    {
      "object_kind": "var",
      "config_addr": "module.common_resources_staging.module.team.module.terraform_state_backend_team_shared.module.bucket_label.var.context",
      "status": "pass",
      "objects": [
        {
          "object_addr": "module.common_resources_staging.module.team.module.terraform_state_backend_team_shared.module.bucket_label.var.context",
          "status": "pass"
        }
      ]
    },
    {
      "object_kind": "var",
      "config_addr": "module.common_resources_staging.module.marketplace.module.terraform_state_backend_marketplace_shared.module.this.var.label_value_case",
      "status": "pass",
      "objects": [
        {
          "object_addr": "module.common_resources_staging.module.marketplace.module.terraform_state_backend_marketplace_shared.module.this.var.label_value_case",
          "status": "pass"
        }
      ]
    },
    {
      "object_kind": "var",
      "config_addr": "module.common_resources_staging.module.webapp_host.module.terraform_state_backend_webapp_host_help.module.dynamodb_table_label.var.id_length_limit",
      "status": "pass",
      "objects": [
        {
          "object_addr": "module.common_resources_staging.module.webapp_host.module.terraform_state_backend_webapp_host_help.module.dynamodb_table_label.var.id_length_limit",
          "status": "pass"
        }
      ]
    },
    {
      "object_kind": "var",
      "config_addr": "module.common_resources_staging.module.core.module.terraform_state_backend_core_shared.module.dynamodb_table_label.var.label_key_case",
      "status": "pass",
      "objects": [
        {
          "object_addr": "module.common_resources_staging.module.core.module.terraform_state_backend_core_shared.module.dynamodb_table_label.var.label_key_case",
          "status": "pass"
        }
      ]
    },
    {
      "object_kind": "var",
      "config_addr": "module.common_resources_staging.module.marketplace.module.terraform_state_backend_marketplace_shared.var.id_length_limit",
      "status": "pass",
      "objects": [
        {
          "object_addr": "module.common_resources_staging.module.marketplace.module.terraform_state_backend_marketplace_shared.var.id_length_limit",
          "status": "pass"
        }
      ]
    },
    {
      "object_kind": "var",
      "config_addr": "module.common_resources_staging.module.customer.module.terraform_state_backend_customer_shared.var.s3_bucket_name",
      "status": "pass",
      "objects": [
        {
          "object_addr": "module.common_resources_staging.module.customer.module.terraform_state_backend_customer_shared.var.s3_bucket_name",
          "status": "pass"
        }
      ]
    },
    {
      "object_kind": "var",
      "config_addr": "module.common_resources_staging.module.booking.module.terraform_state_backend_booking_shared.module.replication_label.var.label_key_case",
      "status": "pass",
      "objects": [
        {
          "object_addr": "module.common_resources_staging.module.booking.module.terraform_state_backend_booking_shared.module.replication_label.var.label_key_case",
          "status": "pass"
        }
      ]
    },
    {
      "object_kind": "var",
      "config_addr": "module.common_resources_staging.module.booking.module.terraform_state_backend_booking_shared.module.bucket_label.var.label_key_case",
      "status": "pass",
      "objects": [
        {
          "object_addr": "module.common_resources_staging.module.booking.module.terraform_state_backend_booking_shared.module.bucket_label.var.label_key_case",
          "status": "pass"
        }
      ]
    },
    {
      "object_kind": "var",
      "config_addr": "module.common_resources_staging.module.webapp.module.terraform_state_backend_webapp_eventcatalog.module.bucket_label.var.label_value_case",
      "status": "pass",
      "objects": [
        {
          "object_addr": "module.common_resources_staging.module.webapp.module.terraform_state_backend_webapp_eventcatalog.module.bucket_label.var.label_value_case",
          "status": "pass"
        }
      ]
    },
    {
      "object_kind": "var",
      "config_addr": "module.common_resources_staging.module.azure_oneoff.module.terraform_state_backend_azure_oneoff.module.bucket_label.var.id_length_limit",
      "status": "pass",
      "objects": [
        {
          "object_addr": "module.common_resources_staging.module.azure_oneoff.module.terraform_state_backend_azure_oneoff.module.bucket_label.var.id_length_limit",
          "status": "pass"
        }
      ]
    },
    {
      "object_kind": "var",
      "config_addr": "module.common_resources_staging.module.organization.module.terraform_state_backend_organization_shared.var.context",
      "status": "pass",
      "objects": [
        {
          "object_addr": "module.common_resources_staging.module.organization.module.terraform_state_backend_organization_shared.var.context",
          "status": "pass"
        }
      ]
    },
    {
      "object_kind": "var",
      "config_addr": "module.common_resources_staging.module.organization.module.terraform_state_backend_organization_shared.module.replication_label.var.label_value_case",
      "status": "pass",
      "objects": [
        {
          "object_addr": "module.common_resources_staging.module.organization.module.terraform_state_backend_organization_shared.module.replication_label.var.label_value_case",
          "status": "pass"
        }
      ]
    },
    {
      "object_kind": "var",
      "config_addr": "module.common_resources_staging.module.webapp_teams.module.terraform_state_backend_webapp_teams_help.var.s3_bucket_name",
      "status": "pass",
      "objects": [
        {
          "object_addr": "module.common_resources_staging.module.webapp_teams.module.terraform_state_backend_webapp_teams_help.var.s3_bucket_name",
          "status": "pass"
        }
      ]
    },
    {
      "object_kind": "var",
      "config_addr": "module.common_resources_staging.module.customer.module.terraform_state_backend_customer_shared.module.replication_label.var.id_length_limit",
      "status": "pass",
      "objects": [
        {
          "object_addr": "module.common_resources_staging.module.customer.module.terraform_state_backend_customer_shared.module.replication_label.var.id_length_limit",
          "status": "pass"
        }
      ]
    },
    {
      "object_kind": "var",
      "config_addr": "module.common_resources_staging.module.webapp.module.terraform_state_backend_webapp.module.replication_label.var.id_length_limit",
      "status": "pass",
      "objects": [
        {
          "object_addr": "module.common_resources_staging.module.webapp.module.terraform_state_backend_webapp.module.replication_label.var.id_length_limit",
          "status": "pass"
        }
      ]
    },
    {
      "object_kind": "var",
      "config_addr": "module.common_resources_staging.module.webapp_teams.module.terraform_state_backend_webapp_teams_help.module.replication_label.var.label_key_case",
      "status": "pass",
      "objects": [
        {
          "object_addr": "module.common_resources_staging.module.webapp_teams.module.terraform_state_backend_webapp_teams_help.module.replication_label.var.label_key_case",
          "status": "pass"
        }
      ]
    },
    {
      "object_kind": "var",
      "config_addr": "module.common_resources_staging.module.webapp.module.terraform_state_backend_webapp_eventcatalog.var.label_key_case",
      "status": "pass",
      "objects": [
        {
          "object_addr": "module.common_resources_staging.module.webapp.module.terraform_state_backend_webapp_eventcatalog.var.label_key_case",
          "status": "pass"
        }
      ]
    },
    {
      "object_kind": "var",
      "config_addr": "module.common_resources_staging.module.msteams.module.terraform_state_backend_msteams_shared.module.this.var.label_value_case",
      "status": "pass",
      "objects": [
        {
          "object_addr": "module.common_resources_staging.module.msteams.module.terraform_state_backend_msteams_shared.module.this.var.label_value_case",
          "status": "pass"
        }
      ]
    },
    {
      "object_kind": "var",
      "config_addr": "module.common_resources_staging.module.webapp.module.terraform_state_backend_webapp.module.bucket_label.var.context",
      "status": "pass",
      "objects": [
        {
          "object_addr": "module.common_resources_staging.module.webapp.module.terraform_state_backend_webapp.module.bucket_label.var.context",
          "status": "pass"
        }
      ]
    },
    {
      "object_kind": "var",
      "config_addr": "module.common_resources_staging.module.webapp.module.terraform_state_backend_webapp_shared.module.this.var.label_value_case",
      "status": "pass",
      "objects": [
        {
          "object_addr": "module.common_resources_staging.module.webapp.module.terraform_state_backend_webapp_shared.module.this.var.label_value_case",
          "status": "pass"
        }
      ]
    },
    {
      "object_kind": "var",
      "config_addr": "module.common_resources_staging.module.organization.module.terraform_state_backend_organization_shared.module.this.var.label_value_case",
      "status": "pass",
      "objects": [
        {
          "object_addr": "module.common_resources_staging.module.organization.module.terraform_state_backend_organization_shared.module.this.var.label_value_case",
          "status": "pass"
        }
      ]
    },
    {
      "object_kind": "var",
      "config_addr": "module.common_resources_staging.module.team.module.terraform_state_backend_team_shared.module.bucket_label.var.label_key_case",
      "status": "pass",
      "objects": [
        {
          "object_addr": "module.common_resources_staging.module.team.module.terraform_state_backend_team_shared.module.bucket_label.var.label_key_case",
          "status": "pass"
        }
      ]
    },
    {
      "object_kind": "var",
      "config_addr": "module.common_resources_staging.module.msteams.module.terraform_state_backend_msteams_shared.module.bucket_label.var.id_length_limit",
      "status": "pass",
      "objects": [
        {
          "object_addr": "module.common_resources_staging.module.msteams.module.terraform_state_backend_msteams_shared.module.bucket_label.var.id_length_limit",
          "status": "pass"
        }
      ]
    },
    {
      "object_kind": "var",
      "config_addr": "module.common_resources_staging.module.marketplace.module.terraform_state_backend_marketplace_shared.module.replication_label.var.label_key_case",
      "status": "pass",
      "objects": [
        {
          "object_addr": "module.common_resources_staging.module.marketplace.module.terraform_state_backend_marketplace_shared.module.replication_label.var.label_key_case",
          "status": "pass"
        }
      ]
    },
    {
      "object_kind": "var",
      "config_addr": "module.common_resources_staging.module.shared.module.terraform_state_backend_shared.module.bucket_label.var.id_length_limit",
      "status": "pass",
      "objects": [
        {
          "object_addr": "module.common_resources_staging.module.shared.module.terraform_state_backend_shared.module.bucket_label.var.id_length_limit",
          "status": "pass"
        }
      ]
    },
    {
      "object_kind": "var",
      "config_addr": "module.common_resources_staging.module.location.module.terraform_state_backend_location_shared.module.bucket_label.var.context",
      "status": "pass",
      "objects": [
        {
          "object_addr": "module.common_resources_staging.module.location.module.terraform_state_backend_location_shared.module.bucket_label.var.context",
          "status": "pass"
        }
      ]
    },
    {
      "object_kind": "var",
      "config_addr": "module.common_resources_staging.module.slack.module.terraform_state_backend_slack_shared.module.this.var.id_length_limit",
      "status": "pass",
      "objects": [
        {
          "object_addr": "module.common_resources_staging.module.slack.module.terraform_state_backend_slack_shared.module.this.var.id_length_limit",
          "status": "pass"
        }
      ]
    },
    {
      "object_kind": "var",
      "config_addr": "module.common_resources_staging.module.msteams.module.terraform_state_backend_msteams_shared.module.this.var.context",
      "status": "pass",
      "objects": [
        {
          "object_addr": "module.common_resources_staging.module.msteams.module.terraform_state_backend_msteams_shared.module.this.var.context",
          "status": "pass"
        }
      ]
    },
    {
      "object_kind": "var",
      "config_addr": "module.common_resources_staging.module.customer.module.terraform_state_backend_customer_shared.module.this.var.label_value_case",
      "status": "pass",
      "objects": [
        {
          "object_addr": "module.common_resources_staging.module.customer.module.terraform_state_backend_customer_shared.module.this.var.label_value_case",
          "status": "pass"
        }
      ]
    },
    {
      "object_kind": "var",
      "config_addr": "module.common_resources_staging.module.shared.module.terraform_state_backend_shared.module.bucket_label.var.label_value_case",
      "status": "pass",
      "objects": [
        {
          "object_addr": "module.common_resources_staging.module.shared.module.terraform_state_backend_shared.module.bucket_label.var.label_value_case",
          "status": "pass"
        }
      ]
    },
    {
      "object_kind": "var",
      "config_addr": "module.common_resources_staging.module.gcp_oneoff.module.terraform_state_backend_gcp_oneoff.module.replication_label.var.label_value_case",
      "status": "pass",
      "objects": [
        {
          "object_addr": "module.common_resources_staging.module.gcp_oneoff.module.terraform_state_backend_gcp_oneoff.module.replication_label.var.label_value_case",
          "status": "pass"
        }
      ]
    },
    {
      "object_kind": "var",
      "config_addr": "module.common_resources_staging.module.webapp.module.terraform_state_backend_webapp.var.label_value_case",
      "status": "pass",
      "objects": [
        {
          "object_addr": "module.common_resources_staging.module.webapp.module.terraform_state_backend_webapp.var.label_value_case",
          "status": "pass"
        }
      ]
    },
    {
      "object_kind": "var",
      "config_addr": "module.common_resources_staging.module.slack.module.terraform_state_backend_slack_shared.module.dynamodb_table_label.var.label_key_case",
      "status": "pass",
      "objects": [
        {
          "object_addr": "module.common_resources_staging.module.slack.module.terraform_state_backend_slack_shared.module.dynamodb_table_label.var.label_key_case",
          "status": "pass"
        }
      ]
    },
    {
      "object_kind": "var",
      "config_addr": "module.common_resources_staging.module.slack.module.terraform_state_backend_slack_shared.module.dynamodb_table_label.var.label_value_case",
      "status": "pass",
      "objects": [
        {
          "object_addr": "module.common_resources_staging.module.slack.module.terraform_state_backend_slack_shared.module.dynamodb_table_label.var.label_value_case",
          "status": "pass"
        }
      ]
    },
    {
      "object_kind": "var",
      "config_addr": "module.common_resources_staging.module.webapp.module.terraform_state_backend_webapp_shared.var.id_length_limit",
      "status": "pass",
      "objects": [
        {
          "object_addr": "module.common_resources_staging.module.webapp.module.terraform_state_backend_webapp_shared.var.id_length_limit",
          "status": "pass"
        }
      ]
    },
    {
      "object_kind": "var",
      "config_addr": "module.common_resources_staging.module.team.module.terraform_state_backend_team_shared.module.bucket_label.var.label_value_case",
      "status": "pass",
      "objects": [
        {
          "object_addr": "module.common_resources_staging.module.team.module.terraform_state_backend_team_shared.module.bucket_label.var.label_value_case",
          "status": "pass"
        }
      ]
    },
    {
      "object_kind": "var",
      "config_addr": "module.common_resources_staging.module.webapp.module.terraform_state_backend_webapp_eventcatalog.module.replication_label.var.context",
      "status": "pass",
      "objects": [
        {
          "object_addr": "module.common_resources_staging.module.webapp.module.terraform_state_backend_webapp_eventcatalog.module.replication_label.var.context",
          "status": "pass"
        }
      ]
    },
    {
      "object_kind": "var",
      "config_addr": "module.common_resources_staging.module.aws_oneoff.module.terraform_state_backend_aws_oneoff.module.bucket_label.var.label_key_case",
      "status": "pass",
      "objects": [
        {
          "object_addr": "module.common_resources_staging.module.aws_oneoff.module.terraform_state_backend_aws_oneoff.module.bucket_label.var.label_key_case",
          "status": "pass"
        }
      ]
    },
    {
      "object_kind": "var",
      "config_addr": "module.common_resources_staging.module.booking.module.terraform_state_backend_booking_shared.module.this.var.id_length_limit",
      "status": "pass",
      "objects": [
        {
          "object_addr": "module.common_resources_staging.module.booking.module.terraform_state_backend_booking_shared.module.this.var.id_length_limit",
          "status": "pass"
        }
      ]
    },
    {
      "object_kind": "var",
      "config_addr": "module.common_resources_staging.module.webapp.module.terraform_state_backend_webapp_shared.module.dynamodb_table_label.var.label_value_case",
      "status": "pass",
      "objects": [
        {
          "object_addr": "module.common_resources_staging.module.webapp.module.terraform_state_backend_webapp_shared.module.dynamodb_table_label.var.label_value_case",
          "status": "pass"
        }
      ]
    },
    {
      "object_kind": "var",
      "config_addr": "module.common_resources_staging.module.organization.module.terraform_state_backend_organization_shared.module.this.var.id_length_limit",
      "status": "pass",
      "objects": [
        {
          "object_addr": "module.common_resources_staging.module.organization.module.terraform_state_backend_organization_shared.module.this.var.id_length_limit",
          "status": "pass"
        }
      ]
    },
    {
      "object_kind": "var",
      "config_addr": "module.common_resources_staging.module.webapp.module.terraform_state_backend_webapp_help.module.bucket_label.var.label_key_case",
      "status": "pass",
      "objects": [
        {
          "object_addr": "module.common_resources_staging.module.webapp.module.terraform_state_backend_webapp_help.module.bucket_label.var.label_key_case",
          "status": "pass"
        }
      ]
    },
    {
      "object_kind": "var",
      "config_addr": "module.common_resources_staging.module.customer.module.terraform_state_backend_customer_shared.module.this.var.id_length_limit",
      "status": "pass",
      "objects": [
        {
          "object_addr": "module.common_resources_staging.module.customer.module.terraform_state_backend_customer_shared.module.this.var.id_length_limit",
          "status": "pass"
        }
      ]
    },
    {
      "object_kind": "var",
      "config_addr": "module.common_resources_staging.module.azure_oneoff.module.terraform_state_backend_azure_oneoff.module.dynamodb_table_label.var.label_value_case",
      "status": "pass",
      "objects": [
        {
          "object_addr": "module.common_resources_staging.module.azure_oneoff.module.terraform_state_backend_azure_oneoff.module.dynamodb_table_label.var.label_value_case",
          "status": "pass"
        }
      ]
    },
    {
      "object_kind": "var",
      "config_addr": "module.common_resources_staging.module.booking.module.terraform_state_backend_booking_shared.module.replication_label.var.label_value_case",
      "status": "pass",
      "objects": [
        {
          "object_addr": "module.common_resources_staging.module.booking.module.terraform_state_backend_booking_shared.module.replication_label.var.label_value_case",
          "status": "pass"
        }
      ]
    },
    {
      "object_kind": "var",
      "config_addr": "module.common_resources_staging.module.organization.module.terraform_state_backend_organization_shared.var.s3_bucket_name",
      "status": "pass",
      "objects": [
        {
          "object_addr": "module.common_resources_staging.module.organization.module.terraform_state_backend_organization_shared.var.s3_bucket_name",
          "status": "pass"
        }
      ]
    },
    {
      "object_kind": "var",
      "config_addr": "module.common_resources_staging.module.booking.module.terraform_state_backend_booking_shared.module.this.var.label_value_case",
      "status": "pass",
      "objects": [
        {
          "object_addr": "module.common_resources_staging.module.booking.module.terraform_state_backend_booking_shared.module.this.var.label_value_case",
          "status": "pass"
        }
      ]
    },
    {
      "object_kind": "var",
      "config_addr": "module.common_resources_staging.module.webapp_teams.module.terraform_state_backend_webapp_teams_help.module.this.var.context",
      "status": "pass",
      "objects": [
        {
          "object_addr": "module.common_resources_staging.module.webapp_teams.module.terraform_state_backend_webapp_teams_help.module.this.var.context",
          "status": "pass"
        }
      ]
    },
    {
      "object_kind": "var",
      "config_addr": "module.common_resources_staging.module.organization.module.terraform_state_backend_organization_shared.module.bucket_label.var.label_value_case",
      "status": "pass",
      "objects": [
        {
          "object_addr": "module.common_resources_staging.module.organization.module.terraform_state_backend_organization_shared.module.bucket_label.var.label_value_case",
          "status": "pass"
        }
      ]
    },
    {
      "object_kind": "var",
      "config_addr": "module.common_resources_staging.module.gcp_oneoff.module.terraform_state_backend_gcp_oneoff.var.logging",
      "status": "pass",
      "objects": [
        {
          "object_addr": "module.common_resources_staging.module.gcp_oneoff.module.terraform_state_backend_gcp_oneoff.var.logging",
          "status": "pass"
        }
      ]
    },
    {
      "object_kind": "var",
      "config_addr": "module.common_resources_staging.module.team.module.terraform_state_backend_team_shared.module.this.var.context",
      "status": "pass",
      "objects": [
        {
          "object_addr": "module.common_resources_staging.module.team.module.terraform_state_backend_team_shared.module.this.var.context",
          "status": "pass"
        }
      ]
    },
    {
      "object_kind": "var",
      "config_addr": "module.common_resources_staging.module.msteams.module.terraform_state_backend_msteams_shared.module.replication_label.var.context",
      "status": "pass",
      "objects": [
        {
          "object_addr": "module.common_resources_staging.module.msteams.module.terraform_state_backend_msteams_shared.module.replication_label.var.context",
          "status": "pass"
        }
      ]
    },
    {
      "object_kind": "var",
      "config_addr": "module.common_resources_staging.module.publicweb.module.terraform_state_backend_public_web.module.replication_label.var.label_key_case",
      "status": "pass",
      "objects": [
        {
          "object_addr": "module.common_resources_staging.module.publicweb.module.terraform_state_backend_public_web.module.replication_label.var.label_key_case",
          "status": "pass"
        }
      ]
    },
    {
      "object_kind": "var",
      "config_addr": "module.common_resources_staging.module.webapp.module.terraform_state_backend_webapp_help.var.label_value_case",
      "status": "pass",
      "objects": [
        {
          "object_addr": "module.common_resources_staging.module.webapp.module.terraform_state_backend_webapp_help.var.label_value_case",
          "status": "pass"
        }
      ]
    },
    {
      "object_kind": "var",
      "config_addr": "module.common_resources_staging.module.webapp_teams.module.terraform_state_backend_webapp_teams_help.module.bucket_label.var.label_value_case",
      "status": "pass",
      "objects": [
        {
          "object_addr": "module.common_resources_staging.module.webapp_teams.module.terraform_state_backend_webapp_teams_help.module.bucket_label.var.label_value_case",
          "status": "pass"
        }
      ]
    },
    {
      "object_kind": "var",
      "config_addr": "module.common_resources_staging.module.webapp_teams.module.terraform_state_backend_webapp_teams.module.dynamodb_table_label.var.context",
      "status": "pass",
      "objects": [
        {
          "object_addr": "module.common_resources_staging.module.webapp_teams.module.terraform_state_backend_webapp_teams.module.dynamodb_table_label.var.context",
          "status": "pass"
        }
      ]
    },
    {
      "object_kind": "var",
      "config_addr": "module.common_resources_staging.module.webapp.module.terraform_state_backend_webapp.var.logging",
      "status": "pass",
      "objects": [
        {
          "object_addr": "module.common_resources_staging.module.webapp.module.terraform_state_backend_webapp.var.logging",
          "status": "pass"
        }
      ]
    },
    {
      "object_kind": "var",
      "config_addr": "module.common_resources_staging.module.publicweb.module.terraform_state_backend_public_web.module.bucket_label.var.context",
      "status": "pass",
      "objects": [
        {
          "object_addr": "module.common_resources_staging.module.publicweb.module.terraform_state_backend_public_web.module.bucket_label.var.context",
          "status": "pass"
        }
      ]
    },
    {
      "object_kind": "var",
      "config_addr": "module.common_resources_staging.module.webapp.module.terraform_state_backend_webapp.module.this.var.id_length_limit",
      "status": "pass",
      "objects": [
        {
          "object_addr": "module.common_resources_staging.module.webapp.module.terraform_state_backend_webapp.module.this.var.id_length_limit",
          "status": "pass"
        }
      ]
    },
    {
      "object_kind": "var",
      "config_addr": "module.common_resources_staging.module.webapp_host.module.terraform_state_backend_webapp_host.module.bucket_label.var.label_value_case",
      "status": "pass",
      "objects": [
        {
          "object_addr": "module.common_resources_staging.module.webapp_host.module.terraform_state_backend_webapp_host.module.bucket_label.var.label_value_case",
          "status": "pass"
        }
      ]
    },
    {
      "object_kind": "var",
      "config_addr": "module.common_resources_staging.module.webapp.module.terraform_state_backend_webapp_shared.var.context",
      "status": "pass",
      "objects": [
        {
          "object_addr": "module.common_resources_staging.module.webapp.module.terraform_state_backend_webapp_shared.var.context",
          "status": "pass"
        }
      ]
    },
    {
      "object_kind": "var",
      "config_addr": "module.common_resources_staging.module.core.module.terraform_state_backend_core_shared.module.this.var.id_length_limit",
      "status": "pass",
      "objects": [
        {
          "object_addr": "module.common_resources_staging.module.core.module.terraform_state_backend_core_shared.module.this.var.id_length_limit",
          "status": "pass"
        }
      ]
    },
    {
      "object_kind": "var",
      "config_addr": "module.common_resources_staging.module.webapp_spaces.module.terraform_state_backend_webapp_spaces_help.module.bucket_label.var.context",
      "status": "pass",
      "objects": [
        {
          "object_addr": "module.common_resources_staging.module.webapp_spaces.module.terraform_state_backend_webapp_spaces_help.module.bucket_label.var.context",
          "status": "pass"
        }
      ]
    },
    {
      "object_kind": "var",
      "config_addr": "module.common_resources_staging.module.msteams.module.terraform_state_backend_msteams_shared.var.label_value_case",
      "status": "pass",
      "objects": [
        {
          "object_addr": "module.common_resources_staging.module.msteams.module.terraform_state_backend_msteams_shared.var.label_value_case",
          "status": "pass"
        }
      ]
    },
    {
      "object_kind": "var",
      "config_addr": "module.common_resources_staging.module.webapp_host.module.terraform_state_backend_webapp_host_help.module.dynamodb_table_label.var.context",
      "status": "pass",
      "objects": [
        {
          "object_addr": "module.common_resources_staging.module.webapp_host.module.terraform_state_backend_webapp_host_help.module.dynamodb_table_label.var.context",
          "status": "pass"
        }
      ]
    },
    {
      "object_kind": "var",
      "config_addr": "module.common_resources_staging.module.team.module.terraform_state_backend_team_shared.module.replication_label.var.label_key_case",
      "status": "pass",
      "objects": [
        {
          "object_addr": "module.common_resources_staging.module.team.module.terraform_state_backend_team_shared.module.replication_label.var.label_key_case",
          "status": "pass"
        }
      ]
    },
    {
      "object_kind": "var",
      "config_addr": "module.common_resources_staging.module.shared.module.terraform_state_backend_shared.var.context",
      "status": "pass",
      "objects": [
        {
          "object_addr": "module.common_resources_staging.module.shared.module.terraform_state_backend_shared.var.context",
          "status": "pass"
        }
      ]
    },
    {
      "object_kind": "var",
      "config_addr": "module.common_resources_staging.module.core.module.terraform_state_backend_core_shared.var.context",
      "status": "pass",
      "objects": [
        {
          "object_addr": "module.common_resources_staging.module.core.module.terraform_state_backend_core_shared.var.context",
          "status": "pass"
        }
      ]
    },
    {
      "object_kind": "var",
      "config_addr": "module.common_resources_staging.module.aws_oneoff.module.terraform_state_backend_aws_oneoff.module.bucket_label.var.label_value_case",
      "status": "pass",
      "objects": [
        {
          "object_addr": "module.common_resources_staging.module.aws_oneoff.module.terraform_state_backend_aws_oneoff.module.bucket_label.var.label_value_case",
          "status": "pass"
        }
      ]
    },
    {
      "object_kind": "var",
      "config_addr": "module.common_resources_staging.module.webapp_teams.module.terraform_state_backend_webapp_teams_help.var.id_length_limit",
      "status": "pass",
      "objects": [
        {
          "object_addr": "module.common_resources_staging.module.webapp_teams.module.terraform_state_backend_webapp_teams_help.var.id_length_limit",
          "status": "pass"
        }
      ]
    },
    {
      "object_kind": "var",
      "config_addr": "module.common_resources_staging.module.azure_oneoff.module.terraform_state_backend_azure_oneoff.module.dynamodb_table_label.var.context",
      "status": "pass",
      "objects": [
        {
          "object_addr": "module.common_resources_staging.module.azure_oneoff.module.terraform_state_backend_azure_oneoff.module.dynamodb_table_label.var.context",
          "status": "pass"
        }
      ]
    },
    {
      "object_kind": "var",
      "config_addr": "module.common_resources_staging.module.webapp_spaces.module.terraform_state_backend_webapp_spaces.module.this.var.label_key_case",
      "status": "pass",
      "objects": [
        {
          "object_addr": "module.common_resources_staging.module.webapp_spaces.module.terraform_state_backend_webapp_spaces.module.this.var.label_key_case",
          "status": "pass"
        }
      ]
    },
    {
      "object_kind": "var",
      "config_addr": "module.common_resources_staging.module.organization.module.terraform_state_backend_organization_shared.var.label_value_case",
      "status": "pass",
      "objects": [
        {
          "object_addr": "module.common_resources_staging.module.organization.module.terraform_state_backend_organization_shared.var.label_value_case",
          "status": "pass"
        }
      ]
    },
    {
      "object_kind": "var",
      "config_addr": "module.common_resources_staging.module.azure_oneoff.module.terraform_state_backend_azure_oneoff.module.bucket_label.var.label_key_case",
      "status": "pass",
      "objects": [
        {
          "object_addr": "module.common_resources_staging.module.azure_oneoff.module.terraform_state_backend_azure_oneoff.module.bucket_label.var.label_key_case",
          "status": "pass"
        }
      ]
    },
    {
      "object_kind": "var",
      "config_addr": "module.common_resources_staging.module.gcp_oneoff.module.terraform_state_backend_gcp_oneoff.var.s3_bucket_name",
      "status": "pass",
      "objects": [
        {
          "object_addr": "module.common_resources_staging.module.gcp_oneoff.module.terraform_state_backend_gcp_oneoff.var.s3_bucket_name",
          "status": "pass"
        }
      ]
    },
    {
      "object_kind": "var",
      "config_addr": "module.common_resources_staging.module.booking.module.terraform_state_backend_booking_shared.var.context",
      "status": "pass",
      "objects": [
        {
          "object_addr": "module.common_resources_staging.module.booking.module.terraform_state_backend_booking_shared.var.context",
          "status": "pass"
        }
      ]
    },
    {
      "object_kind": "var",
      "config_addr": "module.common_resources_staging.module.webapp_host.module.terraform_state_backend_webapp_host.module.this.var.id_length_limit",
      "status": "pass",
      "objects": [
        {
          "object_addr": "module.common_resources_staging.module.webapp_host.module.terraform_state_backend_webapp_host.module.this.var.id_length_limit",
          "status": "pass"
        }
      ]
    },
    {
      "object_kind": "var",
      "config_addr": "module.common_resources_staging.module.webapp_spaces.module.terraform_state_backend_webapp_spaces_help.module.this.var.label_key_case",
      "status": "pass",
      "objects": [
        {
          "object_addr": "module.common_resources_staging.module.webapp_spaces.module.terraform_state_backend_webapp_spaces_help.module.this.var.label_key_case",
          "status": "pass"
        }
      ]
    },
    {
      "object_kind": "var",
      "config_addr": "module.common_resources_staging.module.team.module.terraform_state_backend_team_shared.module.dynamodb_table_label.var.context",
      "status": "pass",
      "objects": [
        {
          "object_addr": "module.common_resources_staging.module.team.module.terraform_state_backend_team_shared.module.dynamodb_table_label.var.context",
          "status": "pass"
        }
      ]
    },
    {
      "object_kind": "var",
      "config_addr": "module.common_resources_staging.module.aws_oneoff.module.terraform_state_backend_aws_oneoff.var.logging",
      "status": "pass",
      "objects": [
        {
          "object_addr": "module.common_resources_staging.module.aws_oneoff.module.terraform_state_backend_aws_oneoff.var.logging",
          "status": "pass"
        }
      ]
    },
    {
      "object_kind": "var",
      "config_addr": "module.common_resources_staging.module.msteams.module.terraform_state_backend_msteams_shared.module.dynamodb_table_label.var.context",
      "status": "pass",
      "objects": [
        {
          "object_addr": "module.common_resources_staging.module.msteams.module.terraform_state_backend_msteams_shared.module.dynamodb_table_label.var.context",
          "status": "pass"
        }
      ]
    },
    {
      "object_kind": "var",
      "config_addr": "module.common_resources_staging.module.shared.module.terraform_state_backend_shared_azure_entra.module.this.var.label_value_case",
      "status": "pass",
      "objects": [
        {
          "object_addr": "module.common_resources_staging.module.shared.module.terraform_state_backend_shared_azure_entra.module.this.var.label_value_case",
          "status": "pass"
        }
      ]
    },
    {
      "object_kind": "var",
      "config_addr": "module.common_resources_staging.module.msteams.module.terraform_state_backend_msteams_shared.module.bucket_label.var.context",
      "status": "pass",
      "objects": [
        {
          "object_addr": "module.common_resources_staging.module.msteams.module.terraform_state_backend_msteams_shared.module.bucket_label.var.context",
          "status": "pass"
        }
      ]
    },
    {
      "object_kind": "var",
      "config_addr": "module.common_resources_staging.module.webapp_spaces.module.terraform_state_backend_webapp_spaces_help.module.dynamodb_table_label.var.label_value_case",
      "status": "pass",
      "objects": [
        {
          "object_addr": "module.common_resources_staging.module.webapp_spaces.module.terraform_state_backend_webapp_spaces_help.module.dynamodb_table_label.var.label_value_case",
          "status": "pass"
        }
      ]
    },
    {
      "object_kind": "var",
      "config_addr": "module.common_resources_staging.module.webapp.module.terraform_state_backend_webapp_shared.module.bucket_label.var.id_length_limit",
      "status": "pass",
      "objects": [
        {
          "object_addr": "module.common_resources_staging.module.webapp.module.terraform_state_backend_webapp_shared.module.bucket_label.var.id_length_limit",
          "status": "pass"
        }
      ]
    },
    {
      "object_kind": "var",
      "config_addr": "module.common_resources_staging.module.core.module.terraform_state_backend_core_shared.module.bucket_label.var.label_key_case",
      "status": "pass",
      "objects": [
        {
          "object_addr": "module.common_resources_staging.module.core.module.terraform_state_backend_core_shared.module.bucket_label.var.label_key_case",
          "status": "pass"
        }
      ]
    },
    {
      "object_kind": "var",
      "config_addr": "module.common_resources_staging.module.webapp.module.terraform_state_backend_webapp_eventcatalog.module.this.var.id_length_limit",
      "status": "pass",
      "objects": [
        {
          "object_addr": "module.common_resources_staging.module.webapp.module.terraform_state_backend_webapp_eventcatalog.module.this.var.id_length_limit",
          "status": "pass"
        }
      ]
    },
    {
      "object_kind": "var",
      "config_addr": "module.common_resources_staging.module.core.module.terraform_state_backend_core_shared.module.bucket_label.var.context",
      "status": "pass",
      "objects": [
        {
          "object_addr": "module.common_resources_staging.module.core.module.terraform_state_backend_core_shared.module.bucket_label.var.context",
          "status": "pass"
        }
      ]
    },
    {
      "object_kind": "var",
      "config_addr": "module.common_resources_staging.module.publicweb.module.terraform_state_backend_public_web.module.replication_label.var.label_value_case",
      "status": "pass",
      "objects": [
        {
          "object_addr": "module.common_resources_staging.module.publicweb.module.terraform_state_backend_public_web.module.replication_label.var.label_value_case",
          "status": "pass"
        }
      ]
    },
    {
      "object_kind": "var",
      "config_addr": "module.common_resources_staging.module.msteams.module.terraform_state_backend_msteams_shared.var.label_key_case",
      "status": "pass",
      "objects": [
        {
          "object_addr": "module.common_resources_staging.module.msteams.module.terraform_state_backend_msteams_shared.var.label_key_case",
          "status": "pass"
        }
      ]
    },
    {
      "object_kind": "var",
      "config_addr": "module.common_resources_staging.module.webapp_host.module.terraform_state_backend_webapp_host_help.module.dynamodb_table_label.var.label_value_case",
      "status": "pass",
      "objects": [
        {
          "object_addr": "module.common_resources_staging.module.webapp_host.module.terraform_state_backend_webapp_host_help.module.dynamodb_table_label.var.label_value_case",
          "status": "pass"
        }
      ]
    },
    {
      "object_kind": "var",
      "config_addr": "module.common_resources_staging.module.webapp.module.terraform_state_backend_webapp_help.module.dynamodb_table_label.var.label_value_case",
      "status": "pass",
      "objects": [
        {
          "object_addr": "module.common_resources_staging.module.webapp.module.terraform_state_backend_webapp_help.module.dynamodb_table_label.var.label_value_case",
          "status": "pass"
        }
      ]
    },
    {
      "object_kind": "var",
      "config_addr": "module.common_resources_staging.module.webapp_host.module.terraform_state_backend_webapp_host.module.replication_label.var.context",
      "status": "pass",
      "objects": [
        {
          "object_addr": "module.common_resources_staging.module.webapp_host.module.terraform_state_backend_webapp_host.module.replication_label.var.context",
          "status": "pass"
        }
      ]
    },
    {
      "object_kind": "var",
      "config_addr": "module.common_resources_staging.module.publicweb.module.terraform_state_backend_public_web.module.dynamodb_table_label.var.label_key_case",
      "status": "pass",
      "objects": [
        {
          "object_addr": "module.common_resources_staging.module.publicweb.module.terraform_state_backend_public_web.module.dynamodb_table_label.var.label_key_case",
          "status": "pass"
        }
      ]
    },
    {
      "object_kind": "var",
      "config_addr": "module.common_resources_staging.module.booking.module.terraform_state_backend_booking_shared.module.dynamodb_table_label.var.label_value_case",
      "status": "pass",
      "objects": [
        {
          "object_addr": "module.common_resources_staging.module.booking.module.terraform_state_backend_booking_shared.module.dynamodb_table_label.var.label_value_case",
          "status": "pass"
        }
      ]
    },
    {
      "object_kind": "var",
      "config_addr": "module.common_resources_staging.module.webapp_host.module.terraform_state_backend_webapp_host.module.dynamodb_table_label.var.id_length_limit",
      "status": "pass",
      "objects": [
        {
          "object_addr": "module.common_resources_staging.module.webapp_host.module.terraform_state_backend_webapp_host.module.dynamodb_table_label.var.id_length_limit",
          "status": "pass"
        }
      ]
    },
    {
      "object_kind": "var",
      "config_addr": "module.common_resources_staging.module.webapp_teams.module.terraform_state_backend_webapp_teams_help.module.this.var.id_length_limit",
      "status": "pass",
      "objects": [
        {
          "object_addr": "module.common_resources_staging.module.webapp_teams.module.terraform_state_backend_webapp_teams_help.module.this.var.id_length_limit",
          "status": "pass"
        }
      ]
    },
    {
      "object_kind": "var",
      "config_addr": "module.common_resources_staging.module.marketplace.module.terraform_state_backend_marketplace_shared.module.dynamodb_table_label.var.id_length_limit",
      "status": "pass",
      "objects": [
        {
          "object_addr": "module.common_resources_staging.module.marketplace.module.terraform_state_backend_marketplace_shared.module.dynamodb_table_label.var.id_length_limit",
          "status": "pass"
        }
      ]
    },
    {
      "object_kind": "var",
      "config_addr": "module.common_resources_staging.module.customer.module.terraform_state_backend_customer_shared.module.this.var.context",
      "status": "pass",
      "objects": [
        {
          "object_addr": "module.common_resources_staging.module.customer.module.terraform_state_backend_customer_shared.module.this.var.context",
          "status": "pass"
        }
      ]
    },
    {
      "object_kind": "var",
      "config_addr": "module.common_resources_staging.module.webapp.module.terraform_state_backend_webapp_eventcatalog.module.replication_label.var.label_key_case",
      "status": "pass",
      "objects": [
        {
          "object_addr": "module.common_resources_staging.module.webapp.module.terraform_state_backend_webapp_eventcatalog.module.replication_label.var.label_key_case",
          "status": "pass"
        }
      ]
    },
    {
      "object_kind": "var",
      "config_addr": "module.common_resources_staging.module.webapp.module.terraform_state_backend_webapp_help.module.bucket_label.var.label_value_case",
      "status": "pass",
      "objects": [
        {
          "object_addr": "module.common_resources_staging.module.webapp.module.terraform_state_backend_webapp_help.module.bucket_label.var.label_value_case",
          "status": "pass"
        }
      ]
    },
    {
      "object_kind": "var",
      "config_addr": "module.common_resources_staging.module.gcp_oneoff.module.terraform_state_backend_gcp_oneoff.module.dynamodb_table_label.var.label_key_case",
      "status": "pass",
      "objects": [
        {
          "object_addr": "module.common_resources_staging.module.gcp_oneoff.module.terraform_state_backend_gcp_oneoff.module.dynamodb_table_label.var.label_key_case",
          "status": "pass"
        }
      ]
    },
    {
      "object_kind": "var",
      "config_addr": "module.common_resources_staging.module.webapp.module.terraform_state_backend_webapp_help.module.bucket_label.var.context",
      "status": "pass",
      "objects": [
        {
          "object_addr": "module.common_resources_staging.module.webapp.module.terraform_state_backend_webapp_help.module.bucket_label.var.context",
          "status": "pass"
        }
      ]
    },
    {
      "object_kind": "var",
      "config_addr": "module.common_resources_staging.module.azure_oneoff.module.terraform_state_backend_azure_oneoff.module.replication_label.var.context",
      "status": "pass",
      "objects": [
        {
          "object_addr": "module.common_resources_staging.module.azure_oneoff.module.terraform_state_backend_azure_oneoff.module.replication_label.var.context",
          "status": "pass"
        }
      ]
    },
    {
      "object_kind": "var",
      "config_addr": "module.common_resources_staging.module.location.module.terraform_state_backend_location_shared.var.context",
      "status": "pass",
      "objects": [
        {
          "object_addr": "module.common_resources_staging.module.location.module.terraform_state_backend_location_shared.var.context",
          "status": "pass"
        }
      ]
    },
    {
      "object_kind": "var",
      "config_addr": "module.common_resources_staging.module.customer.module.terraform_state_backend_customer_shared.module.dynamodb_table_label.var.label_value_case",
      "status": "pass",
      "objects": [
        {
          "object_addr": "module.common_resources_staging.module.customer.module.terraform_state_backend_customer_shared.module.dynamodb_table_label.var.label_value_case",
          "status": "pass"
        }
      ]
    },
    {
      "object_kind": "var",
      "config_addr": "module.common_resources_staging.module.marketplace.module.terraform_state_backend_marketplace_shared.var.label_value_case",
      "status": "pass",
      "objects": [
        {
          "object_addr": "module.common_resources_staging.module.marketplace.module.terraform_state_backend_marketplace_shared.var.label_value_case",
          "status": "pass"
        }
      ]
    },
    {
      "object_kind": "var",
      "config_addr": "module.common_resources_staging.module.msteams.module.terraform_state_backend_msteams_shared.module.replication_label.var.label_value_case",
      "status": "pass",
      "objects": [
        {
          "object_addr": "module.common_resources_staging.module.msteams.module.terraform_state_backend_msteams_shared.module.replication_label.var.label_value_case",
          "status": "pass"
        }
      ]
    },
    {
      "object_kind": "var",
      "config_addr": "module.common_resources_staging.module.azure_oneoff.module.terraform_state_backend_azure_oneoff.var.s3_bucket_name",
      "status": "pass",
      "objects": [
        {
          "object_addr": "module.common_resources_staging.module.azure_oneoff.module.terraform_state_backend_azure_oneoff.var.s3_bucket_name",
          "status": "pass"
        }
      ]
    },
    {
      "object_kind": "var",
      "config_addr": "module.common_resources_staging.module.booking.module.terraform_state_backend_booking_shared.var.s3_bucket_name",
      "status": "pass",
      "objects": [
        {
          "object_addr": "module.common_resources_staging.module.booking.module.terraform_state_backend_booking_shared.var.s3_bucket_name",
          "status": "pass"
        }
      ]
    },
    {
      "object_kind": "var",
      "config_addr": "module.common_resources_staging.module.slack.module.terraform_state_backend_slack_shared.var.s3_bucket_name",
      "status": "pass",
      "objects": [
        {
          "object_addr": "module.common_resources_staging.module.slack.module.terraform_state_backend_slack_shared.var.s3_bucket_name",
          "status": "pass"
        }
      ]
    },
    {
      "object_kind": "var",
      "config_addr": "module.common_resources_staging.module.webapp_teams.module.terraform_state_backend_webapp_teams.module.this.var.label_value_case",
      "status": "pass",
      "objects": [
        {
          "object_addr": "module.common_resources_staging.module.webapp_teams.module.terraform_state_backend_webapp_teams.module.this.var.label_value_case",
          "status": "pass"
        }
      ]
    },
    {
      "object_kind": "var",
      "config_addr": "module.common_resources_staging.module.webapp.module.terraform_state_backend_webapp.module.bucket_label.var.label_key_case",
      "status": "pass",
      "objects": [
        {
          "object_addr": "module.common_resources_staging.module.webapp.module.terraform_state_backend_webapp.module.bucket_label.var.label_key_case",
          "status": "pass"
        }
      ]
    },
    {
      "object_kind": "var",
      "config_addr": "module.common_resources_staging.module.webapp_spaces.module.terraform_state_backend_webapp_spaces_help.module.this.var.id_length_limit",
      "status": "pass",
      "objects": [
        {
          "object_addr": "module.common_resources_staging.module.webapp_spaces.module.terraform_state_backend_webapp_spaces_help.module.this.var.id_length_limit",
          "status": "pass"
        }
      ]
    },
    {
      "object_kind": "var",
      "config_addr": "module.common_resources_staging.module.webapp_spaces.module.terraform_state_backend_webapp_spaces.module.bucket_label.var.context",
      "status": "pass",
      "objects": [
        {
          "object_addr": "module.common_resources_staging.module.webapp_spaces.module.terraform_state_backend_webapp_spaces.module.bucket_label.var.context",
          "status": "pass"
        }
      ]
    },
    {
      "object_kind": "var",
      "config_addr": "module.common_resources_staging.module.shared.module.terraform_state_backend_shared.module.dynamodb_table_label.var.context",
      "status": "pass",
      "objects": [
        {
          "object_addr": "module.common_resources_staging.module.shared.module.terraform_state_backend_shared.module.dynamodb_table_label.var.context",
          "status": "pass"
        }
      ]
    },
    {
      "object_kind": "var",
      "config_addr": "module.common_resources_staging.module.core.module.terraform_state_backend_core_shared.var.logging",
      "status": "pass",
      "objects": [
        {
          "object_addr": "module.common_resources_staging.module.core.module.terraform_state_backend_core_shared.var.logging",
          "status": "pass"
        }
      ]
    },
    {
      "object_kind": "var",
      "config_addr": "module.common_resources_staging.module.slack.module.terraform_state_backend_slack_shared.var.logging",
      "status": "pass",
      "objects": [
        {
          "object_addr": "module.common_resources_staging.module.slack.module.terraform_state_backend_slack_shared.var.logging",
          "status": "pass"
        }
      ]
    },
    {
      "object_kind": "var",
      "config_addr": "module.common_resources_staging.module.shared.module.terraform_state_backend_shared_azure_entra.module.this.var.id_length_limit",
      "status": "pass",
      "objects": [
        {
          "object_addr": "module.common_resources_staging.module.shared.module.terraform_state_backend_shared_azure_entra.module.this.var.id_length_limit",
          "status": "pass"
        }
      ]
    },
    {
      "object_kind": "var",
      "config_addr": "module.common_resources_staging.module.customer.module.terraform_state_backend_customer_shared.var.label_value_case",
      "status": "pass",
      "objects": [
        {
          "object_addr": "module.common_resources_staging.module.customer.module.terraform_state_backend_customer_shared.var.label_value_case",
          "status": "pass"
        }
      ]
    },
    {
      "object_kind": "var",
      "config_addr": "module.common_resources_staging.module.organization.module.terraform_state_backend_organization_shared.module.bucket_label.var.context",
      "status": "pass",
      "objects": [
        {
          "object_addr": "module.common_resources_staging.module.organization.module.terraform_state_backend_organization_shared.module.bucket_label.var.context",
          "status": "pass"
        }
      ]
    },
    {
      "object_kind": "var",
      "config_addr": "module.common_resources_staging.module.webapp_host.module.terraform_state_backend_webapp_host.var.logging",
      "status": "pass",
      "objects": [
        {
          "object_addr": "module.common_resources_staging.module.webapp_host.module.terraform_state_backend_webapp_host.var.logging",
          "status": "pass"
        }
      ]
    },
    {
      "object_kind": "var",
      "config_addr": "module.common_resources_staging.module.aws_oneoff.module.terraform_state_backend_aws_oneoff.module.replication_label.var.context",
      "status": "pass",
      "objects": [
        {
          "object_addr": "module.common_resources_staging.module.aws_oneoff.module.terraform_state_backend_aws_oneoff.module.replication_label.var.context",
          "status": "pass"
        }
      ]
    },
    {
      "object_kind": "var",
      "config_addr": "module.common_resources_staging.module.marketplace.module.terraform_state_backend_marketplace_shared.module.replication_label.var.label_value_case",
      "status": "pass",
      "objects": [
        {
          "object_addr": "module.common_resources_staging.module.marketplace.module.terraform_state_backend_marketplace_shared.module.replication_label.var.label_value_case",
          "status": "pass"
        }
      ]
    },
    {
      "object_kind": "var",
      "config_addr": "module.common_resources_staging.module.shared.module.terraform_state_backend_shared.module.dynamodb_table_label.var.label_value_case",
      "status": "pass",
      "objects": [
        {
          "object_addr": "module.common_resources_staging.module.shared.module.terraform_state_backend_shared.module.dynamodb_table_label.var.label_value_case",
          "status": "pass"
        }
      ]
    },
    {
      "object_kind": "var",
      "config_addr": "module.common_resources_staging.module.publicweb.module.terraform_state_backend_public_web.module.dynamodb_table_label.var.id_length_limit",
      "status": "pass",
      "objects": [
        {
          "object_addr": "module.common_resources_staging.module.publicweb.module.terraform_state_backend_public_web.module.dynamodb_table_label.var.id_length_limit",
          "status": "pass"
        }
      ]
    },
    {
      "object_kind": "var",
      "config_addr": "module.common_resources_staging.module.publicweb.module.terraform_state_backend_public_web.var.s3_bucket_name",
      "status": "pass",
      "objects": [
        {
          "object_addr": "module.common_resources_staging.module.publicweb.module.terraform_state_backend_public_web.var.s3_bucket_name",
          "status": "pass"
        }
      ]
    },
    {
      "object_kind": "var",
      "config_addr": "module.common_resources_staging.module.shared.module.terraform_state_backend_shared.module.replication_label.var.id_length_limit",
      "status": "pass",
      "objects": [
        {
          "object_addr": "module.common_resources_staging.module.shared.module.terraform_state_backend_shared.module.replication_label.var.id_length_limit",
          "status": "pass"
        }
      ]
    },
    {
      "object_kind": "var",
      "config_addr": "module.common_resources_staging.module.webapp_teams.module.terraform_state_backend_webapp_teams_help.module.dynamodb_table_label.var.label_key_case",
      "status": "pass",
      "objects": [
        {
          "object_addr": "module.common_resources_staging.module.webapp_teams.module.terraform_state_backend_webapp_teams_help.module.dynamodb_table_label.var.label_key_case",
          "status": "pass"
        }
      ]
    },
    {
      "object_kind": "var",
      "config_addr": "module.common_resources_staging.module.customer.module.terraform_state_backend_customer_shared.module.dynamodb_table_label.var.context",
      "status": "pass",
      "objects": [
        {
          "object_addr": "module.common_resources_staging.module.customer.module.terraform_state_backend_customer_shared.module.dynamodb_table_label.var.context",
          "status": "pass"
        }
      ]
    },
    {
      "object_kind": "var",
      "config_addr": "module.common_resources_staging.module.msteams.module.terraform_state_backend_msteams_shared.var.id_length_limit",
      "status": "pass",
      "objects": [
        {
          "object_addr": "module.common_resources_staging.module.msteams.module.terraform_state_backend_msteams_shared.var.id_length_limit",
          "status": "pass"
        }
      ]
    },
    {
      "object_kind": "var",
      "config_addr": "module.common_resources_staging.module.slack.module.terraform_state_backend_slack_shared.module.this.var.context",
      "status": "pass",
      "objects": [
        {
          "object_addr": "module.common_resources_staging.module.slack.module.terraform_state_backend_slack_shared.module.this.var.context",
          "status": "pass"
        }
      ]
    },
    {
      "object_kind": "var",
      "config_addr": "module.common_resources_staging.module.webapp.module.terraform_state_backend_webapp_help.var.id_length_limit",
      "status": "pass",
      "objects": [
        {
          "object_addr": "module.common_resources_staging.module.webapp.module.terraform_state_backend_webapp_help.var.id_length_limit",
          "status": "pass"
        }
      ]
    },
    {
      "object_kind": "var",
      "config_addr": "module.common_resources_staging.module.webapp_spaces.module.terraform_state_backend_webapp_spaces.var.context",
      "status": "pass",
      "objects": [
        {
          "object_addr": "module.common_resources_staging.module.webapp_spaces.module.terraform_state_backend_webapp_spaces.var.context",
          "status": "pass"
        }
      ]
    },
    {
      "object_kind": "var",
      "config_addr": "module.common_resources_staging.module.core.module.terraform_state_backend_core_shared.module.this.var.label_key_case",
      "status": "pass",
      "objects": [
        {
          "object_addr": "module.common_resources_staging.module.core.module.terraform_state_backend_core_shared.module.this.var.label_key_case",
          "status": "pass"
        }
      ]
    },
    {
      "object_kind": "var",
      "config_addr": "module.common_resources_staging.module.shared.module.terraform_state_backend_shared_azure_entra.module.replication_label.var.context",
      "status": "pass",
      "objects": [
        {
          "object_addr": "module.common_resources_staging.module.shared.module.terraform_state_backend_shared_azure_entra.module.replication_label.var.context",
          "status": "pass"
        }
      ]
    },
    {
      "object_kind": "var",
      "config_addr": "module.common_resources_staging.module.core.module.terraform_state_backend_core_shared.var.label_key_case",
      "status": "pass",
      "objects": [
        {
          "object_addr": "module.common_resources_staging.module.core.module.terraform_state_backend_core_shared.var.label_key_case",
          "status": "pass"
        }
      ]
    },
    {
      "object_kind": "var",
      "config_addr": "module.common_resources_staging.module.publicweb.module.terraform_state_backend_public_web.module.bucket_label.var.label_key_case",
      "status": "pass",
      "objects": [
        {
          "object_addr": "module.common_resources_staging.module.publicweb.module.terraform_state_backend_public_web.module.bucket_label.var.label_key_case",
          "status": "pass"
        }
      ]
    },
    {
      "object_kind": "var",
      "config_addr": "module.common_resources_staging.module.msteams.module.terraform_state_backend_msteams_shared.module.replication_label.var.id_length_limit",
      "status": "pass",
      "objects": [
        {
          "object_addr": "module.common_resources_staging.module.msteams.module.terraform_state_backend_msteams_shared.module.replication_label.var.id_length_limit",
          "status": "pass"
        }
      ]
    },
    {
      "object_kind": "var",
      "config_addr": "module.common_resources_staging.module.webapp_spaces.module.terraform_state_backend_webapp_spaces.module.dynamodb_table_label.var.label_value_case",
      "status": "pass",
      "objects": [
        {
          "object_addr": "module.common_resources_staging.module.webapp_spaces.module.terraform_state_backend_webapp_spaces.module.dynamodb_table_label.var.label_value_case",
          "status": "pass"
        }
      ]
    },
    {
      "object_kind": "var",
      "config_addr": "module.common_resources_staging.module.team.module.terraform_state_backend_team_shared.module.dynamodb_table_label.var.label_value_case",
      "status": "pass",
      "objects": [
        {
          "object_addr": "module.common_resources_staging.module.team.module.terraform_state_backend_team_shared.module.dynamodb_table_label.var.label_value_case",
          "status": "pass"
        }
      ]
    },
    {
      "object_kind": "var",
      "config_addr": "module.common_resources_staging.module.team.module.terraform_state_backend_team_shared.module.this.var.label_key_case",
      "status": "pass",
      "objects": [
        {
          "object_addr": "module.common_resources_staging.module.team.module.terraform_state_backend_team_shared.module.this.var.label_key_case",
          "status": "pass"
        }
      ]
    },
    {
      "object_kind": "var",
      "config_addr": "module.common_resources_staging.module.gcp_oneoff.module.terraform_state_backend_gcp_oneoff.module.this.var.context",
      "status": "pass",
      "objects": [
        {
          "object_addr": "module.common_resources_staging.module.gcp_oneoff.module.terraform_state_backend_gcp_oneoff.module.this.var.context",
          "status": "pass"
        }
      ]
    },
    {
      "object_kind": "var",
      "config_addr": "module.common_resources_staging.module.location.module.terraform_state_backend_location_shared.module.replication_label.var.context",
      "status": "pass",
      "objects": [
        {
          "object_addr": "module.common_resources_staging.module.location.module.terraform_state_backend_location_shared.module.replication_label.var.context",
          "status": "pass"
        }
      ]
    },
    {
      "object_kind": "var",
      "config_addr": "module.common_resources_staging.module.slack.module.terraform_state_backend_slack_shared.module.bucket_label.var.id_length_limit",
      "status": "pass",
      "objects": [
        {
          "object_addr": "module.common_resources_staging.module.slack.module.terraform_state_backend_slack_shared.module.bucket_label.var.id_length_limit",
          "status": "pass"
        }
      ]
    },
    {
      "object_kind": "var",
      "config_addr": "module.common_resources_staging.module.core.module.terraform_state_backend_core_shared.module.replication_label.var.label_key_case",
      "status": "pass",
      "objects": [
        {
          "object_addr": "module.common_resources_staging.module.core.module.terraform_state_backend_core_shared.module.replication_label.var.label_key_case",
          "status": "pass"
        }
      ]
    },
    {
      "object_kind": "var",
      "config_addr": "module.common_resources_staging.module.publicweb.module.terraform_state_backend_public_web.module.this.var.label_key_case",
      "status": "pass",
      "objects": [
        {
          "object_addr": "module.common_resources_staging.module.publicweb.module.terraform_state_backend_public_web.module.this.var.label_key_case",
          "status": "pass"
        }
      ]
    },
    {
      "object_kind": "var",
      "config_addr": "module.common_resources_staging.module.shared.module.terraform_state_backend_shared_azure_entra.module.replication_label.var.label_key_case",
      "status": "pass",
      "objects": [
        {
          "object_addr": "module.common_resources_staging.module.shared.module.terraform_state_backend_shared_azure_entra.module.replication_label.var.label_key_case",
          "status": "pass"
        }
      ]
    },
    {
      "object_kind": "var",
      "config_addr": "module.common_resources_staging.module.gcp_oneoff.module.terraform_state_backend_gcp_oneoff.var.id_length_limit",
      "status": "pass",
      "objects": [
        {
          "object_addr": "module.common_resources_staging.module.gcp_oneoff.module.terraform_state_backend_gcp_oneoff.var.id_length_limit",
          "status": "pass"
        }
      ]
    },
    {
      "object_kind": "var",
      "config_addr": "module.common_resources_staging.module.shared.module.terraform_state_backend_shared_azure_entra.module.bucket_label.var.label_key_case",
      "status": "pass",
      "objects": [
        {
          "object_addr": "module.common_resources_staging.module.shared.module.terraform_state_backend_shared_azure_entra.module.bucket_label.var.label_key_case",
          "status": "pass"
        }
      ]
    },
    {
      "object_kind": "var",
      "config_addr": "module.common_resources_staging.module.webapp_host.module.terraform_state_backend_webapp_host.module.replication_label.var.id_length_limit",
      "status": "pass",
      "objects": [
        {
          "object_addr": "module.common_resources_staging.module.webapp_host.module.terraform_state_backend_webapp_host.module.replication_label.var.id_length_limit",
          "status": "pass"
        }
      ]
    },
    {
      "object_kind": "var",
      "config_addr": "module.common_resources_staging.module.webapp.module.terraform_state_backend_webapp_shared.module.this.var.id_length_limit",
      "status": "pass",
      "objects": [
        {
          "object_addr": "module.common_resources_staging.module.webapp.module.terraform_state_backend_webapp_shared.module.this.var.id_length_limit",
          "status": "pass"
        }
      ]
    },
    {
      "object_kind": "var",
      "config_addr": "module.common_resources_staging.module.webapp_host.module.terraform_state_backend_webapp_host_help.var.logging",
      "status": "pass",
      "objects": [
        {
          "object_addr": "module.common_resources_staging.module.webapp_host.module.terraform_state_backend_webapp_host_help.var.logging",
          "status": "pass"
        }
      ]
    },
    {
      "object_kind": "var",
      "config_addr": "module.common_resources_staging.module.publicweb.module.terraform_state_backend_public_web.module.dynamodb_table_label.var.label_value_case",
      "status": "pass",
      "objects": [
        {
          "object_addr": "module.common_resources_staging.module.publicweb.module.terraform_state_backend_public_web.module.dynamodb_table_label.var.label_value_case",
          "status": "pass"
        }
      ]
    },
    {
      "object_kind": "var",
      "config_addr": "module.common_resources_staging.module.organization.module.terraform_state_backend_organization_shared.var.id_length_limit",
      "status": "pass",
      "objects": [
        {
          "object_addr": "module.common_resources_staging.module.organization.module.terraform_state_backend_organization_shared.var.id_length_limit",
          "status": "pass"
        }
      ]
    },
    {
      "object_kind": "var",
      "config_addr": "module.common_resources_staging.module.aws_oneoff.module.terraform_state_backend_aws_oneoff.var.label_key_case",
      "status": "pass",
      "objects": [
        {
          "object_addr": "module.common_resources_staging.module.aws_oneoff.module.terraform_state_backend_aws_oneoff.var.label_key_case",
          "status": "pass"
        }
      ]
    },
    {
      "object_kind": "var",
      "config_addr": "module.common_resources_staging.module.webapp_teams.module.terraform_state_backend_webapp_teams.module.dynamodb_table_label.var.id_length_limit",
      "status": "pass",
      "objects": [
        {
          "object_addr": "module.common_resources_staging.module.webapp_teams.module.terraform_state_backend_webapp_teams.module.dynamodb_table_label.var.id_length_limit",
          "status": "pass"
        }
      ]
    },
    {
      "object_kind": "var",
      "config_addr": "module.common_resources_staging.module.webapp.module.terraform_state_backend_webapp_help.module.dynamodb_table_label.var.label_key_case",
      "status": "pass",
      "objects": [
        {
          "object_addr": "module.common_resources_staging.module.webapp.module.terraform_state_backend_webapp_help.module.dynamodb_table_label.var.label_key_case",
          "status": "pass"
        }
      ]
    },
    {
      "object_kind": "var",
      "config_addr": "module.common_resources_staging.module.msteams.module.terraform_state_backend_msteams_shared.module.dynamodb_table_label.var.label_key_case",
      "status": "pass",
      "objects": [
        {
          "object_addr": "module.common_resources_staging.module.msteams.module.terraform_state_backend_msteams_shared.module.dynamodb_table_label.var.label_key_case",
          "status": "pass"
        }
      ]
    }
  ]
}
